data.aws_iam_policy_document.ecs_task_execution_assume: Reading...
data.aws_iam_policy_document.codedeploy_assume: Reading...
data.aws_availability_zones.available: Reading...
data.aws_iam_policy_document.ecs_task_execution_assume: Read complete after 0s [id=1077804475]
data.aws_iam_policy_document.codedeploy_assume: Read complete after 0s [id=4250039221]
data.aws_availability_zones.available: Read complete after 0s [id=us-east-1]

Terraform used the selected providers to generate the following execution
plan. Resource actions are indicated with the following symbols:
  + create

Terraform will perform the following actions:

  # aws_appautoscaling_policy.cpu will be created
  + resource "aws_appautoscaling_policy" "cpu" {
      + alarm_arns         = (known after apply)
      + arn                = (known after apply)
      + id                 = (known after apply)
      + name               = "bluegreen-rollout-dev-cpu"
      + policy_type        = "TargetTrackingScaling"
      + resource_id        = "service/bluegreen-rollout-dev-cluster/bluegreen-rollout-dev-svc"
      + scalable_dimension = "ecs:service:DesiredCount"
      + service_namespace  = "ecs"

      + target_tracking_scaling_policy_configuration {
          + disable_scale_in   = false
          + scale_in_cooldown  = 60
          + scale_out_cooldown = 60
          + target_value       = 50

          + predefined_metric_specification {
              + predefined_metric_type = "ECSServiceAverageCPUUtilization"
            }
        }
    }

  # aws_appautoscaling_target.ecs will be created
  + resource "aws_appautoscaling_target" "ecs" {
      + arn                = (known after apply)
      + id                 = (known after apply)
      + max_capacity       = 6
      + min_capacity       = 2
      + resource_id        = "service/bluegreen-rollout-dev-cluster/bluegreen-rollout-dev-svc"
      + role_arn           = (known after apply)
      + scalable_dimension = "ecs:service:DesiredCount"
      + service_namespace  = "ecs"
      + tags_all           = {
          + "Environment" = "dev"
          + "ManagedBy"   = "terraform"
          + "Project"     = "bluegreen-rollout"
        }

      + suspended_state (known after apply)
    }

  # aws_cloudwatch_log_group.app will be created
  + resource "aws_cloudwatch_log_group" "app" {
      + arn               = (known after apply)
      + id                = (known after apply)
      + log_group_class   = (known after apply)
      + name              = "/ecs/bluegreen-rollout-dev/app"
      + name_prefix       = (known after apply)
      + retention_in_days = 14
      + skip_destroy      = false
      + tags_all          = {
          + "Environment" = "dev"
          + "ManagedBy"   = "terraform"
          + "Project"     = "bluegreen-rollout"
        }
    }

  # aws_ecr_lifecycle_policy.app will be created
  + resource "aws_ecr_lifecycle_policy" "app" {
      + id          = (known after apply)
      + policy      = jsonencode(
            {
              + rules = [
                  + {
                      + action       = {
                          + type = "expire"
                        }
                      + description  = "Keep last 30 images"
                      + rulePriority = 1
                      + selection    = {
                          + countNumber = 30
                          + countType   = "imageCountMoreThan"
                          + tagStatus   = "any"
                        }
                    },
                ]
            }
        )
      + registry_id = (known after apply)
      + repository  = "bluegreen-rollout-dev-app"
    }

  # aws_ecr_repository.app will be created
  + resource "aws_ecr_repository" "app" {
      + arn                  = (known after apply)
      + id                   = (known after apply)
      + image_tag_mutability = "MUTABLE"
      + name                 = "bluegreen-rollout-dev-app"
      + registry_id          = (known after apply)
      + repository_url       = (known after apply)
      + tags_all             = {
          + "Environment" = "dev"
          + "ManagedBy"   = "terraform"
          + "Project"     = "bluegreen-rollout"
        }

      + encryption_configuration {
          + encryption_type = "AES256"
          + kms_key         = (known after apply)
        }

      + image_scanning_configuration {
          + scan_on_push = true
        }
    }

  # aws_ecs_cluster.this will be created
  + resource "aws_ecs_cluster" "this" {
      + arn      = (known after apply)
      + id       = (known after apply)
      + name     = "bluegreen-rollout-dev-cluster"
      + tags_all = {
          + "Environment" = "dev"
          + "ManagedBy"   = "terraform"
          + "Project"     = "bluegreen-rollout"
        }

      + setting {
          + name  = "containerInsights"
          + value = "enabled"
        }
    }

  # aws_ecs_service.app will be created
  + resource "aws_ecs_service" "app" {
      + availability_zone_rebalancing      = "DISABLED"
      + cluster                            = (known after apply)
      + deployment_maximum_percent         = 200
      + deployment_minimum_healthy_percent = 50
      + desired_count                      = 2
      + enable_ecs_managed_tags            = false
      + enable_execute_command             = true
      + iam_role                           = (known after apply)
      + id                                 = (known after apply)
      + launch_type                        = "FARGATE"
      + name                               = "bluegreen-rollout-dev-svc"
      + platform_version                   = (known after apply)
      + scheduling_strategy                = "REPLICA"
      + tags_all                           = {
          + "Environment" = "dev"
          + "ManagedBy"   = "terraform"
          + "Project"     = "bluegreen-rollout"
        }
      + task_definition                    = (known after apply)
      + triggers                           = (known after apply)
      + wait_for_steady_state              = false

      + load_balancer {
          + container_name   = "app"
          + container_port   = 3000
          + target_group_arn = (known after apply)
            # (1 unchanged attribute hidden)
        }

      + network_configuration {
          + assign_public_ip = false
          + security_groups  = (known after apply)
          + subnets          = (known after apply)
        }
    }

  # aws_ecs_task_definition.app will be created
  + resource "aws_ecs_task_definition" "app" {
      + arn                      = (known after apply)
      + arn_without_revision     = (known after apply)
      + container_definitions    = (known after apply)
      + cpu                      = "256"
      + enable_fault_injection   = (known after apply)
      + execution_role_arn       = (known after apply)
      + family                   = "bluegreen-rollout-dev-app"
      + id                       = (known after apply)
      + memory                   = "512"
      + network_mode             = "awsvpc"
      + requires_compatibilities = [
          + "FARGATE",
        ]
      + revision                 = (known after apply)
      + skip_destroy             = false
      + tags_all                 = {
          + "Environment" = "dev"
          + "ManagedBy"   = "terraform"
          + "Project"     = "bluegreen-rollout"
        }
      + track_latest             = false
    }

  # aws_eip.nat will be created
  + resource "aws_eip" "nat" {
      + allocation_id        = (known after apply)
      + arn                  = (known after apply)
      + association_id       = (known after apply)
      + carrier_ip           = (known after apply)
      + customer_owned_ip    = (known after apply)
      + domain               = "vpc"
      + id                   = (known after apply)
      + instance             = (known after apply)
      + ipam_pool_id         = (known after apply)
      + network_border_group = (known after apply)
      + network_interface    = (known after apply)
      + private_dns          = (known after apply)
      + private_ip           = (known after apply)
      + ptr_record           = (known after apply)
      + public_dns           = (known after apply)
      + public_ip            = (known after apply)
      + public_ipv4_pool     = (known after apply)
      + tags                 = {
          + "Name" = "bluegreen-rollout-dev-nat-eip"
        }
      + tags_all             = {
          + "Environment" = "dev"
          + "ManagedBy"   = "terraform"
          + "Name"        = "bluegreen-rollout-dev-nat-eip"
          + "Project"     = "bluegreen-rollout"
        }
      + vpc                  = (known after apply)
    }

  # aws_iam_role.ecs_task_execution will be created
  + resource "aws_iam_role" "ecs_task_execution" {
      + arn                   = (known after apply)
      + assume_role_policy    = jsonencode(
            {
              + Statement = [
                  + {
                      + Action    = "sts:AssumeRole"
                      + Effect    = "Allow"
                      + Principal = {
                          + Service = "ecs-tasks.amazonaws.com"
                        }
                    },
                ]
              + Version   = "2012-10-17"
            }
        )
      + create_date           = (known after apply)
      + force_detach_policies = false
      + id                    = (known after apply)
      + managed_policy_arns   = (known after apply)
      + max_session_duration  = 3600
      + name                  = "bluegreen-rollout-dev-ecs-task-exec"
      + name_prefix           = (known after apply)
      + path                  = "/"
      + tags_all              = {
          + "Environment" = "dev"
          + "ManagedBy"   = "terraform"
          + "Project"     = "bluegreen-rollout"
        }
      + unique_id             = (known after apply)

      + inline_policy (known after apply)
    }

  # aws_iam_role_policy_attachment.ecs_task_execution will be created
  + resource "aws_iam_role_policy_attachment" "ecs_task_execution" {
      + id         = (known after apply)
      + policy_arn = "arn:aws:iam::aws:policy/service-role/AmazonECSTaskExecutionRolePolicy"
      + role       = "bluegreen-rollout-dev-ecs-task-exec"
    }

  # aws_internet_gateway.this will be created
  + resource "aws_internet_gateway" "this" {
      + arn      = (known after apply)
      + id       = (known after apply)
      + owner_id = (known after apply)
      + tags     = {
          + "Name" = "bluegreen-rollout-dev-igw"
        }
      + tags_all = {
          + "Environment" = "dev"
          + "ManagedBy"   = "terraform"
          + "Name"        = "bluegreen-rollout-dev-igw"
          + "Project"     = "bluegreen-rollout"
        }
      + vpc_id   = (known after apply)
    }

  # aws_lb.app will be created
  + resource "aws_lb" "app" {
      + arn                                                          = (known after apply)
      + arn_suffix                                                   = (known after apply)
      + client_keep_alive                                            = 3600
      + desync_mitigation_mode                                       = "defensive"
      + dns_name                                                     = (known after apply)
      + drop_invalid_header_fields                                   = true
      + enable_deletion_protection                                   = false
      + enable_http2                                                 = true
      + enable_tls_version_and_cipher_suite_headers                  = false
      + enable_waf_fail_open                                         = false
      + enable_xff_client_port                                       = false
      + enable_zonal_shift                                           = false
      + enforce_security_group_inbound_rules_on_private_link_traffic = (known after apply)
      + id                                                           = (known after apply)
      + idle_timeout                                                 = 60
      + internal                                                     = false
      + ip_address_type                                              = (known after apply)
      + load_balancer_type                                           = "application"
      + name                                                         = "bluegreen-rollout-dev-alb"
      + name_prefix                                                  = (known after apply)
      + preserve_host_header                                         = false
      + security_groups                                              = (known after apply)
      + subnets                                                      = (known after apply)
      + tags                                                         = {
          + "Name" = "bluegreen-rollout-dev-alb"
        }
      + tags_all                                                     = {
          + "Environment" = "dev"
          + "ManagedBy"   = "terraform"
          + "Name"        = "bluegreen-rollout-dev-alb"
          + "Project"     = "bluegreen-rollout"
        }
      + vpc_id                                                       = (known after apply)
      + xff_header_processing_mode                                   = "append"
      + zone_id                                                      = (known after apply)

      + subnet_mapping (known after apply)
    }

  # aws_lb_listener.http will be created
  + resource "aws_lb_listener" "http" {
      + arn                                                                   = (known after apply)
      + id                                                                    = (known after apply)
      + load_balancer_arn                                                     = (known after apply)
      + port                                                                  = 80
      + protocol                                                              = "HTTP"
      + routing_http_request_x_amzn_mtls_clientcert_header_name               = (known after apply)
      + routing_http_request_x_amzn_mtls_clientcert_issuer_header_name        = (known after apply)
      + routing_http_request_x_amzn_mtls_clientcert_leaf_header_name          = (known after apply)
      + routing_http_request_x_amzn_mtls_clientcert_serial_number_header_name = (known after apply)
      + routing_http_request_x_amzn_mtls_clientcert_subject_header_name       = (known after apply)
      + routing_http_request_x_amzn_mtls_clientcert_validity_header_name      = (known after apply)
      + routing_http_request_x_amzn_tls_cipher_suite_header_name              = (known after apply)
      + routing_http_request_x_amzn_tls_version_header_name                   = (known after apply)
      + routing_http_response_access_control_allow_credentials_header_value   = (known after apply)
      + routing_http_response_access_control_allow_headers_header_value       = (known after apply)
      + routing_http_response_access_control_allow_methods_header_value       = (known after apply)
      + routing_http_response_access_control_allow_origin_header_value        = (known after apply)
      + routing_http_response_access_control_expose_headers_header_value      = (known after apply)
      + routing_http_response_access_control_max_age_header_value             = (known after apply)
      + routing_http_response_content_security_policy_header_value            = (known after apply)
      + routing_http_response_server_enabled                                  = (known after apply)
      + routing_http_response_strict_transport_security_header_value          = (known after apply)
      + routing_http_response_x_content_type_options_header_value             = (known after apply)
      + routing_http_response_x_frame_options_header_value                    = (known after apply)
      + ssl_policy                                                            = (known after apply)
      + tags_all                                                              = {
          + "Environment" = "dev"
          + "ManagedBy"   = "terraform"
          + "Project"     = "bluegreen-rollout"
        }
      + tcp_idle_timeout_seconds                                              = (known after apply)

      + default_action {
          + order            = (known after apply)
          + target_group_arn = (known after apply)
          + type             = "forward"
        }

      + mutual_authentication (known after apply)
    }

  # aws_lb_target_group.blue will be created
  + resource "aws_lb_target_group" "blue" {
      + arn                                = (known after apply)
      + arn_suffix                         = (known after apply)
      + connection_termination             = (known after apply)
      + deregistration_delay               = "300"
      + id                                 = (known after apply)
      + ip_address_type                    = (known after apply)
      + lambda_multi_value_headers_enabled = false
      + load_balancer_arns                 = (known after apply)
      + load_balancing_algorithm_type      = (known after apply)
      + load_balancing_anomaly_mitigation  = (known after apply)
      + load_balancing_cross_zone_enabled  = (known after apply)
      + name                               = "bluegreen-rollout-dev-tg-blue"
      + name_prefix                        = (known after apply)
      + port                               = 3000
      + preserve_client_ip                 = (known after apply)
      + protocol                           = "HTTP"
      + protocol_version                   = (known after apply)
      + proxy_protocol_v2                  = false
      + slow_start                         = 0
      + tags_all                           = {
          + "Environment" = "dev"
          + "ManagedBy"   = "terraform"
          + "Project"     = "bluegreen-rollout"
        }
      + target_type                        = "ip"
      + vpc_id                             = (known after apply)

      + health_check {
          + enabled             = true
          + healthy_threshold   = 2
          + interval            = 30
          + matcher             = "200-399"
          + path                = "/"
          + port                = "traffic-port"
          + protocol            = "HTTP"
          + timeout             = 5
          + unhealthy_threshold = 3
        }

      + stickiness (known after apply)

      + target_failover (known after apply)

      + target_group_health (known after apply)

      + target_health_state (known after apply)
    }

  # aws_lb_target_group.green will be created
  + resource "aws_lb_target_group" "green" {
      + arn                                = (known after apply)
      + arn_suffix                         = (known after apply)
      + connection_termination             = (known after apply)
      + deregistration_delay               = "300"
      + id                                 = (known after apply)
      + ip_address_type                    = (known after apply)
      + lambda_multi_value_headers_enabled = false
      + load_balancer_arns                 = (known after apply)
      + load_balancing_algorithm_type      = (known after apply)
      + load_balancing_anomaly_mitigation  = (known after apply)
      + load_balancing_cross_zone_enabled  = (known after apply)
      + name                               = "bluegreen-rollout-dev-tg-green"
      + name_prefix                        = (known after apply)
      + port                               = 3000
      + preserve_client_ip                 = (known after apply)
      + protocol                           = "HTTP"
      + protocol_version                   = (known after apply)
      + proxy_protocol_v2                  = false
      + slow_start                         = 0
      + tags_all                           = {
          + "Environment" = "dev"
          + "ManagedBy"   = "terraform"
          + "Project"     = "bluegreen-rollout"
        }
      + target_type                        = "ip"
      + vpc_id                             = (known after apply)

      + health_check {
          + enabled             = true
          + healthy_threshold   = 2
          + interval            = 30
          + matcher             = "200-399"
          + path                = "/"
          + port                = "traffic-port"
          + protocol            = "HTTP"
          + timeout             = 5
          + unhealthy_threshold = 3
        }

      + stickiness (known after apply)

      + target_failover (known after apply)

      + target_group_health (known after apply)

      + target_health_state (known after apply)
    }

  # aws_nat_gateway.this will be created
  + resource "aws_nat_gateway" "this" {
      + allocation_id                      = (known after apply)
      + association_id                     = (known after apply)
      + connectivity_type                  = "public"
      + id                                 = (known after apply)
      + network_interface_id               = (known after apply)
      + private_ip                         = (known after apply)
      + public_ip                          = (known after apply)
      + secondary_private_ip_address_count = (known after apply)
      + secondary_private_ip_addresses     = (known after apply)
      + subnet_id                          = (known after apply)
      + tags                               = {
          + "Name" = "bluegreen-rollout-dev-nat"
        }
      + tags_all                           = {
          + "Environment" = "dev"
          + "ManagedBy"   = "terraform"
          + "Name"        = "bluegreen-rollout-dev-nat"
          + "Project"     = "bluegreen-rollout"
        }
    }

  # aws_route.private_nat will be created
  + resource "aws_route" "private_nat" {
      + destination_cidr_block = "0.0.0.0/0"
      + id                     = (known after apply)
      + instance_id            = (known after apply)
      + instance_owner_id      = (known after apply)
      + nat_gateway_id         = (known after apply)
      + network_interface_id   = (known after apply)
      + origin                 = (known after apply)
      + route_table_id         = (known after apply)
      + state                  = (known after apply)
    }

  # aws_route.public_internet will be created
  + resource "aws_route" "public_internet" {
      + destination_cidr_block = "0.0.0.0/0"
      + gateway_id             = (known after apply)
      + id                     = (known after apply)
      + instance_id            = (known after apply)
      + instance_owner_id      = (known after apply)
      + network_interface_id   = (known after apply)
      + origin                 = (known after apply)
      + route_table_id         = (known after apply)
      + state                  = (known after apply)
    }

  # aws_route_table.private will be created
  + resource "aws_route_table" "private" {
      + arn              = (known after apply)
      + id               = (known after apply)
      + owner_id         = (known after apply)
      + propagating_vgws = (known after apply)
      + route            = (known after apply)
      + tags             = {
          + "Name" = "bluegreen-rollout-dev-rt-private"
        }
      + tags_all         = {
          + "Environment" = "dev"
          + "ManagedBy"   = "terraform"
          + "Name"        = "bluegreen-rollout-dev-rt-private"
          + "Project"     = "bluegreen-rollout"
        }
      + vpc_id           = (known after apply)
    }

  # aws_route_table.public will be created
  + resource "aws_route_table" "public" {
      + arn              = (known after apply)
      + id               = (known after apply)
      + owner_id         = (known after apply)
      + propagating_vgws = (known after apply)
      + route            = (known after apply)
      + tags             = {
          + "Name" = "bluegreen-rollout-dev-rt-public"
        }
      + tags_all         = {
          + "Environment" = "dev"
          + "ManagedBy"   = "terraform"
          + "Name"        = "bluegreen-rollout-dev-rt-public"
          + "Project"     = "bluegreen-rollout"
        }
      + vpc_id           = (known after apply)
    }

  # aws_route_table_association.private["0"] will be created
  + resource "aws_route_table_association" "private" {
      + id             = (known after apply)
      + route_table_id = (known after apply)
      + subnet_id      = (known after apply)
    }

  # aws_route_table_association.private["1"] will be created
  + resource "aws_route_table_association" "private" {
      + id             = (known after apply)
      + route_table_id = (known after apply)
      + subnet_id      = (known after apply)
    }

  # aws_route_table_association.public["0"] will be created
  + resource "aws_route_table_association" "public" {
      + id             = (known after apply)
      + route_table_id = (known after apply)
      + subnet_id      = (known after apply)
    }

  # aws_route_table_association.public["1"] will be created
  + resource "aws_route_table_association" "public" {
      + id             = (known after apply)
      + route_table_id = (known after apply)
      + subnet_id      = (known after apply)
    }

  # aws_security_group.alb will be created
  + resource "aws_security_group" "alb" {
      + arn                    = (known after apply)
      + description            = "ALB security group"
      + egress                 = [
          + {
              + cidr_blocks      = [
                  + "0.0.0.0/0",
                ]
              + description      = "All egress"
              + from_port        = 0
              + ipv6_cidr_blocks = []
              + prefix_list_ids  = []
              + protocol         = "-1"
              + security_groups  = []
              + self             = false
              + to_port          = 0
            },
        ]
      + id                     = (known after apply)
      + ingress                = [
          + {
              + cidr_blocks      = [
                  + "0.0.0.0/0",
                ]
              + description      = "HTTP"
              + from_port        = 80
              + ipv6_cidr_blocks = []
              + prefix_list_ids  = []
              + protocol         = "tcp"
              + security_groups  = []
              + self             = false
              + to_port          = 80
            },
        ]
      + name                   = "bluegreen-rollout-dev-alb-sg"
      + name_prefix            = (known after apply)
      + owner_id               = (known after apply)
      + revoke_rules_on_delete = false
      + tags                   = {
          + "Name" = "bluegreen-rollout-dev-alb-sg"
        }
      + tags_all               = {
          + "Environment" = "dev"
          + "ManagedBy"   = "terraform"
          + "Name"        = "bluegreen-rollout-dev-alb-sg"
          + "Project"     = "bluegreen-rollout"
        }
      + vpc_id                 = (known after apply)
    }

  # aws_security_group.ecs will be created
  + resource "aws_security_group" "ecs" {
      + arn                    = (known after apply)
      + description            = "ECS tasks security group"
      + egress                 = [
          + {
              + cidr_blocks      = [
                  + "0.0.0.0/0",
                ]
              + description      = "All egress"
              + from_port        = 0
              + ipv6_cidr_blocks = []
              + prefix_list_ids  = []
              + protocol         = "-1"
              + security_groups  = []
              + self             = false
              + to_port          = 0
            },
        ]
      + id                     = (known after apply)
      + ingress                = [
          + {
              + cidr_blocks      = []
              + description      = "From ALB"
              + from_port        = 3000
              + ipv6_cidr_blocks = []
              + prefix_list_ids  = []
              + protocol         = "tcp"
              + security_groups  = (known after apply)
              + self             = false
              + to_port          = 3000
            },
        ]
      + name                   = "bluegreen-rollout-dev-ecs-sg"
      + name_prefix            = (known after apply)
      + owner_id               = (known after apply)
      + revoke_rules_on_delete = false
      + tags                   = {
          + "Name" = "bluegreen-rollout-dev-ecs-sg"
        }
      + tags_all               = {
          + "Environment" = "dev"
          + "ManagedBy"   = "terraform"
          + "Name"        = "bluegreen-rollout-dev-ecs-sg"
          + "Project"     = "bluegreen-rollout"
        }
      + vpc_id                 = (known after apply)
    }

  # aws_subnet.private["0"] will be created
  + resource "aws_subnet" "private" {
      + arn                                            = (known after apply)
      + assign_ipv6_address_on_creation                = false
      + availability_zone                              = "us-east-1a"
      + availability_zone_id                           = (known after apply)
      + cidr_block                                     = "10.0.10.0/24"
      + enable_dns64                                   = false
      + enable_resource_name_dns_a_record_on_launch    = false
      + enable_resource_name_dns_aaaa_record_on_launch = false
      + id                                             = (known after apply)
      + ipv6_cidr_block_association_id                 = (known after apply)
      + ipv6_native                                    = false
      + map_public_ip_on_launch                        = false
      + owner_id                                       = (known after apply)
      + private_dns_hostname_type_on_launch            = (known after apply)
      + tags                                           = {
          + "Name" = "bluegreen-rollout-dev-private-0"
          + "Tier" = "private"
        }
      + tags_all                                       = {
          + "Environment" = "dev"
          + "ManagedBy"   = "terraform"
          + "Name"        = "bluegreen-rollout-dev-private-0"
          + "Project"     = "bluegreen-rollout"
          + "Tier"        = "private"
        }
      + vpc_id                                         = (known after apply)
    }

  # aws_subnet.private["1"] will be created
  + resource "aws_subnet" "private" {
      + arn                                            = (known after apply)
      + assign_ipv6_address_on_creation                = false
      + availability_zone                              = "us-east-1b"
      + availability_zone_id                           = (known after apply)
      + cidr_block                                     = "10.0.11.0/24"
      + enable_dns64                                   = false
      + enable_resource_name_dns_a_record_on_launch    = false
      + enable_resource_name_dns_aaaa_record_on_launch = false
      + id                                             = (known after apply)
      + ipv6_cidr_block_association_id                 = (known after apply)
      + ipv6_native                                    = false
      + map_public_ip_on_launch                        = false
      + owner_id                                       = (known after apply)
      + private_dns_hostname_type_on_launch            = (known after apply)
      + tags                                           = {
          + "Name" = "bluegreen-rollout-dev-private-1"
          + "Tier" = "private"
        }
      + tags_all                                       = {
          + "Environment" = "dev"
          + "ManagedBy"   = "terraform"
          + "Name"        = "bluegreen-rollout-dev-private-1"
          + "Project"     = "bluegreen-rollout"
          + "Tier"        = "private"
        }
      + vpc_id                                         = (known after apply)
    }

  # aws_subnet.public["0"] will be created
  + resource "aws_subnet" "public" {
      + arn                                            = (known after apply)
      + assign_ipv6_address_on_creation                = false
      + availability_zone                              = "us-east-1a"
      + availability_zone_id                           = (known after apply)
      + cidr_block                                     = "10.0.0.0/24"
      + enable_dns64                                   = false
      + enable_resource_name_dns_a_record_on_launch    = false
      + enable_resource_name_dns_aaaa_record_on_launch = false
      + id                                             = (known after apply)
      + ipv6_cidr_block_association_id                 = (known after apply)
      + ipv6_native                                    = false
      + map_public_ip_on_launch                        = true
      + owner_id                                       = (known after apply)
      + private_dns_hostname_type_on_launch            = (known after apply)
      + tags                                           = {
          + "Name" = "bluegreen-rollout-dev-public-0"
          + "Tier" = "public"
        }
      + tags_all                                       = {
          + "Environment" = "dev"
          + "ManagedBy"   = "terraform"
          + "Name"        = "bluegreen-rollout-dev-public-0"
          + "Project"     = "bluegreen-rollout"
          + "Tier"        = "public"
        }
      + vpc_id                                         = (known after apply)
    }

  # aws_subnet.public["1"] will be created
  + resource "aws_subnet" "public" {
      + arn                                            = (known after apply)
      + assign_ipv6_address_on_creation                = false
      + availability_zone                              = "us-east-1b"
      + availability_zone_id                           = (known after apply)
      + cidr_block                                     = "10.0.1.0/24"
      + enable_dns64                                   = false
      + enable_resource_name_dns_a_record_on_launch    = false
      + enable_resource_name_dns_aaaa_record_on_launch = false
      + id                                             = (known after apply)
      + ipv6_cidr_block_association_id                 = (known after apply)
      + ipv6_native                                    = false
      + map_public_ip_on_launch                        = true
      + owner_id                                       = (known after apply)
      + private_dns_hostname_type_on_launch            = (known after apply)
      + tags                                           = {
          + "Name" = "bluegreen-rollout-dev-public-1"
          + "Tier" = "public"
        }
      + tags_all                                       = {
          + "Environment" = "dev"
          + "ManagedBy"   = "terraform"
          + "Name"        = "bluegreen-rollout-dev-public-1"
          + "Project"     = "bluegreen-rollout"
          + "Tier"        = "public"
        }
      + vpc_id                                         = (known after apply)
    }

  # aws_vpc.this will be created
  + resource "aws_vpc" "this" {
      + arn                                  = (known after apply)
      + cidr_block                           = "10.0.0.0/16"
      + default_network_acl_id               = (known after apply)
      + default_route_table_id               = (known after apply)
      + default_security_group_id            = (known after apply)
      + dhcp_options_id                      = (known after apply)
      + enable_dns_hostnames                 = true
      + enable_dns_support                   = true
      + enable_network_address_usage_metrics = (known after apply)
      + id                                   = (known after apply)
      + instance_tenancy                     = "default"
      + ipv6_association_id                  = (known after apply)
      + ipv6_cidr_block                      = (known after apply)
      + ipv6_cidr_block_network_border_group = (known after apply)
      + main_route_table_id                  = (known after apply)
      + owner_id                             = (known after apply)
      + tags                                 = {
          + "Name" = "bluegreen-rollout-dev-vpc"
        }
      + tags_all                             = {
          + "Environment" = "dev"
          + "ManagedBy"   = "terraform"
          + "Name"        = "bluegreen-rollout-dev-vpc"
          + "Project"     = "bluegreen-rollout"
        }
    }

Plan: 32 to add, 0 to change, 0 to destroy.

Changes to Outputs:
  + alb_dns_name       = (known after apply)
  + ecr_repository_url = (known after apply)
  + ecs_cluster_name   = "bluegreen-rollout-dev-cluster"
  + ecs_service_name   = "bluegreen-rollout-dev-svc"
  + vpc_id             = (known after apply)
aws_cloudwatch_log_group.app: Creating...
aws_ecr_repository.app: Creating...
aws_iam_role.ecs_task_execution: Creating...
aws_vpc.this: Creating...
aws_eip.nat: Creating...
aws_ecs_cluster.this: Creating...
aws_eip.nat: Creation complete after 0s [id=eipalloc-785ecc0b5b46b6011]
aws_iam_role.ecs_task_execution: Creation complete after 1s [id=bluegreen-rollout-dev-ecs-task-exec]
aws_iam_role_policy_attachment.ecs_task_execution: Creating...
aws_iam_role_policy_attachment.ecs_task_execution: Creation complete after 0s [id=bluegreen-rollout-dev-ecs-task-exec-20260127054350820200000001]
aws_cloudwatch_log_group.app: Creation complete after 1s [id=/ecs/bluegreen-rollout-dev/app]
aws_ecr_repository.app: Creation complete after 2s [id=bluegreen-rollout-dev-app]
aws_ecr_lifecycle_policy.app: Creating...
aws_ecs_task_definition.app: Creating...
aws_ecr_lifecycle_policy.app: Creation complete after 0s [id=bluegreen-rollout-dev-app]
aws_ecs_task_definition.app: Creation complete after 0s [id=bluegreen-rollout-dev-app]
aws_ecs_cluster.this: Still creating... [00m10s elapsed]
aws_vpc.this: Still creating... [00m10s elapsed]
aws_vpc.this: Creation complete after 11s [id=vpc-e5ba06590d72cb1d8]
aws_internet_gateway.this: Creating...
aws_route_table.private: Creating...
aws_route_table.public: Creating...
aws_subnet.public["0"]: Creating...
aws_subnet.private["0"]: Creating...
aws_subnet.public["1"]: Creating...
aws_lb_target_group.green: Creating...
aws_security_group.alb: Creating...
aws_lb_target_group.blue: Creating...
aws_subnet.private["0"]: Creation complete after 0s [id=subnet-311a29f753ea64ff9]
aws_ecs_cluster.this: Creation complete after 11s [id=arn:aws:ecs:us-east-1:000000000000:cluster/bluegreen-rollout-dev-cluster]
aws_subnet.private["1"]: Creating...
aws_internet_gateway.this: Creation complete after 0s [id=igw-0b4e87885792ee217]
aws_subnet.private["1"]: Creation complete after 0s [id=subnet-ecb7e66a4228aa378]
aws_route_table.public: Creation complete after 0s [id=rtb-c7059538a852d1fa8]
aws_route_table.private: Creation complete after 0s [id=rtb-46b0992371a8c2bc3]
aws_route.public_internet: Creating...
aws_route_table_association.private["1"]: Creating...
aws_route_table_association.private["0"]: Creating...
aws_route_table_association.private["0"]: Creation complete after 0s [id=rtbassoc-8695ba959221c7cc5]
aws_route_table_association.private["1"]: Creation complete after 0s [id=rtbassoc-39b17c4b436738ea2]
aws_lb_target_group.blue: Creation complete after 0s [id=arn:aws:elasticloadbalancing:us-east-1:000000000000:targetgroup/bluegreen-rollout-dev-tg-blue/1876ac6a007224fe]
aws_security_group.alb: Creation complete after 0s [id=sg-b71831f7f135b20cc]
aws_route.public_internet: Creation complete after 0s [id=r-rtb-c7059538a852d1fa81080289494]
aws_security_group.ecs: Creating...
aws_security_group.ecs: Creation complete after 1s [id=sg-825ff3992ceb49423]
aws_lb_target_group.green: Creation complete after 1s [id=arn:aws:elasticloadbalancing:us-east-1:000000000000:targetgroup/bluegreen-rollout-dev-tg-green/1299de90eb1e6233]
aws_subnet.public["1"]: Still creating... [00m10s elapsed]
aws_subnet.public["0"]: Still creating... [00m10s elapsed]
aws_subnet.public["0"]: Creation complete after 10s [id=subnet-a55ad3f1e6fd940da]
aws_subnet.public["1"]: Creation complete after 10s [id=subnet-4c68246c309ba9e90]
aws_route_table_association.public["1"]: Creating...
aws_route_table_association.public["0"]: Creating...
aws_nat_gateway.this: Creating...
aws_lb.app: Creating...
aws_route_table_association.public["1"]: Creation complete after 0s [id=rtbassoc-c1ab51631e443eb05]
aws_route_table_association.public["0"]: Creation complete after 0s [id=rtbassoc-fc8b508c18a48e740]
aws_nat_gateway.this: Creation complete after 0s [id=nat-48dead37971580e7d]
aws_route.private_nat: Creating...
aws_route.private_nat: Creation complete after 0s [id=r-rtb-46b0992371a8c2bc31080289494]
aws_lb.app: Still creating... [00m10s elapsed]
aws_lb.app: Still creating... [00m20s elapsed]
aws_lb.app: Still creating... [00m30s elapsed]
aws_lb.app: Still creating... [00m40s elapsed]
aws_lb.app: Still creating... [00m50s elapsed]
aws_lb.app: Still creating... [01m00s elapsed]
aws_lb.app: Creation complete after 1m1s [id=arn:aws:elasticloadbalancing:us-east-1:000000000000:loadbalancer/app/bluegreen-rollout-dev-alb/0d38ffbee66351de]
aws_lb_listener.http: Creating...
aws_lb_listener.http: Creation complete after 0s [id=arn:aws:elasticloadbalancing:us-east-1:000000000000:listener/app/bluegreen-rollout-dev-alb/0d38ffbee66351de/c7006abdad89c69a]
aws_ecs_service.app: Creating...
aws_ecs_service.app: Still creating... [00m10s elapsed]
aws_ecs_service.app: Still creating... [00m20s elapsed]
aws_ecs_service.app: Still creating... [00m30s elapsed]
aws_ecs_service.app: Still creating... [00m40s elapsed]
aws_ecs_service.app: Creation complete after 42s [id=arn:aws:ecs:us-east-1:000000000000:service/bluegreen-rollout-dev-cluster/bluegreen-rollout-dev-svc]
aws_appautoscaling_target.ecs: Creating...
aws_appautoscaling_target.ecs: Creation complete after 0s [id=service/bluegreen-rollout-dev-cluster/bluegreen-rollout-dev-svc]
aws_appautoscaling_policy.cpu: Creating...
aws_appautoscaling_policy.cpu: Creation complete after 0s [id=bluegreen-rollout-dev-cpu]

Apply complete! Resources: 32 added, 0 changed, 0 destroyed.

Outputs:

alb_dns_name = "bluegreen-rollout-dev-alb.elb.localhost.localstack.cloud"
ecr_repository_url = "000000000000.dkr.ecr.us-east-1.localhost.localstack.cloud:4566/bluegreen-rollout-dev-app"
ecs_cluster_name = "bluegreen-rollout-dev-cluster"
ecs_service_name = "bluegreen-rollout-dev-svc"
vpc_id = "vpc-e5ba06590d72cb1d8"
