{"format_version":"1.2","terraform_version":"1.13.5","variables":{"aws_region":{"value":"us-east-1"},"kms_key_alias":{"value":"alias/ssm-backup-kms-key"},"lambda_function_name":{"value":"ssm-backup-lambda"},"s3_bucket_name":{"value":"ai-tf"}},"planned_values":{"outputs":{"kms_key_arn":{"sensitive":false},"lambda_function_name":{"sensitive":false,"type":"string","value":"ssm-backup-lambda"},"s3_bucket_name":{"sensitive":false}},"root_module":{"resources":[{"address":"aws_cloudwatch_log_group.lambda_log","mode":"managed","type":"aws_cloudwatch_log_group","name":"lambda_log","provider_name":"registry.terraform.io/hashicorp/aws","schema_version":0,"values":{"kms_key_id":null,"name":"/aws/lambda/ssm-backup-lambda","region":"us-east-1","retention_in_days":14,"skip_destroy":false,"tags":null},"sensitive_values":{"tags_all":{}},"identity_schema_version":0,"identity":{"account_id":null,"name":null,"region":null}},{"address":"aws_iam_role.lambda_exec","mode":"managed","type":"aws_iam_role","name":"lambda_exec","provider_name":"registry.terraform.io/hashicorp/aws","schema_version":0,"values":{"assume_role_policy":"{\"Statement\":[{\"Action\":\"sts:AssumeRole\",\"Effect\":\"Allow\",\"Principal\":{\"Service\":\"lambda.amazonaws.com\"}}],\"Version\":\"2012-10-17\"}","description":null,"force_detach_policies":false,"max_session_duration":3600,"name":"ssm-backup-lambda-exec-role","path":"/","permissions_boundary":null,"tags":null},"sensitive_values":{"inline_policy":[],"managed_policy_arns":[],"tags_all":{}},"identity_schema_version":0,"identity":{"account_id":null,"name":null}},{"address":"aws_iam_role_policy.lambda_policy","mode":"managed","type":"aws_iam_role_policy","name":"lambda_policy","provider_name":"registry.terraform.io/hashicorp/aws","schema_version":0,"values":{"name":"ssm-backup-lambda-policy"},"sensitive_values":{},"identity_schema_version":0,"identity":{"account_id":null,"name":null,"role":null}},{"address":"aws_kms_alias.ssm_backup","mode":"managed","type":"aws_kms_alias","name":"ssm_backup","provider_name":"registry.terraform.io/hashicorp/aws","schema_version":0,"values":{"name":"alias/ssm-backup-kms-key","region":"us-east-1"},"sensitive_values":{},"identity_schema_version":0,"identity":{"account_id":null,"name":null,"region":null}},{"address":"aws_kms_key.ssm_backup","mode":"managed","type":"aws_kms_key","name":"ssm_backup","provider_name":"registry.terraform.io/hashicorp/aws","schema_version":0,"values":{"bypass_policy_lockout_safety_check":false,"custom_key_store_id":null,"customer_master_key_spec":"SYMMETRIC_DEFAULT","deletion_window_in_days":7,"description":"KMS key for SSM backup S3 bucket encryption","enable_key_rotation":true,"is_enabled":true,"key_usage":"ENCRYPT_DECRYPT","region":"us-east-1","tags":null,"timeouts":null,"xks_key_id":null},"sensitive_values":{"tags_all":{}},"identity_schema_version":0,"identity":{"account_id":null,"id":null,"region":null}},{"address":"aws_lambda_function.ssm_backup","mode":"managed","type":"aws_lambda_function","name":"ssm_backup","provider_name":"registry.terraform.io/hashicorp/aws","schema_version":0,"values":{"capacity_provider_config":[],"code_signing_config_arn":null,"dead_letter_config":[],"description":null,"durable_config":[],"environment":[{}],"file_system_config":[],"filename":"./.dummy/lambda.zip","function_name":"ssm-backup-lambda","handler":"ssm_backup.lambda_handler","image_config":[],"image_uri":null,"kms_key_arn":null,"layers":null,"memory_size":128,"package_type":"Zip","publish":false,"publish_to":null,"region":"us-east-1","replace_security_groups_on_destroy":null,"replacement_security_group_ids":null,"reserved_concurrent_executions":-1,"runtime":"python3.11","s3_bucket":null,"s3_key":null,"s3_object_version":null,"skip_destroy":false,"snap_start":[],"source_code_hash":"wmbalFzzY/wG3ivChKElOZB3+B4gptmQyIat05p+fU4=","source_kms_key_arn":null,"tags":null,"tenancy_config":[],"timeout":300,"timeouts":null,"vpc_config":[]},"sensitive_values":{"architectures":[],"capacity_provider_config":[],"dead_letter_config":[],"durable_config":[],"environment":[{"variables":{}}],"ephemeral_storage":[],"file_system_config":[],"image_config":[],"logging_config":[],"snap_start":[],"tags_all":{},"tenancy_config":[],"tracing_config":[],"vpc_config":[]},"identity_schema_version":0,"identity":{"account_id":null,"function_name":null,"region":null}},{"address":"aws_s3_bucket.ssm_backup","mode":"managed","type":"aws_s3_bucket","name":"ssm_backup","provider_name":"registry.terraform.io/hashicorp/aws","schema_version":0,"values":{"bucket":"ai-tf","force_destroy":true,"region":"us-east-1","server_side_encryption_configuration":[{"rule":[{"apply_server_side_encryption_by_default":[{"sse_algorithm":"aws:kms"}],"bucket_key_enabled":null}]}],"tags":null,"timeouts":null},"sensitive_values":{"cors_rule":[],"grant":[],"lifecycle_rule":[],"logging":[],"object_lock_configuration":[],"replication_configuration":[],"server_side_encryption_configuration":[{"rule":[{"apply_server_side_encryption_by_default":[{}]}]}],"tags_all":{},"versioning":[],"website":[]},"identity_schema_version":0,"identity":{"account_id":null,"bucket":null,"region":null}},{"address":"aws_s3_bucket_public_access_block.ssm_backup","mode":"managed","type":"aws_s3_bucket_public_access_block","name":"ssm_backup","provider_name":"registry.terraform.io/hashicorp/aws","schema_version":0,"values":{"block_public_acls":true,"block_public_policy":true,"ignore_public_acls":true,"region":"us-east-1","restrict_public_buckets":true,"skip_destroy":null},"sensitive_values":{},"identity_schema_version":0,"identity":{"account_id":null,"bucket":null,"region":null}},{"address":"data.aws_iam_policy_document.lambda_policy","mode":"data","type":"aws_iam_policy_document","name":"lambda_policy","provider_name":"registry.terraform.io/hashicorp/aws","schema_version":0,"values":{"override_json":null,"override_policy_documents":null,"policy_id":null,"source_json":null,"source_policy_documents":null,"statement":[{"actions":["ssm:DescribeParameters","ssm:GetParameter","ssm:GetParameters","ssm:GetParametersByPath"],"condition":[],"effect":null,"not_actions":null,"not_principals":[],"not_resources":null,"principals":[],"resources":["*"],"sid":null},{"actions":["s3:PutObject"],"condition":[],"effect":null,"not_actions":null,"not_principals":[],"not_resources":null,"principals":[],"resources":[null],"sid":null},{"actions":["kms:Decrypt","kms:Encrypt","kms:GenerateDataKey"],"condition":[],"effect":null,"not_actions":null,"not_principals":[],"not_resources":null,"principals":[],"resources":[null],"sid":null},{"actions":["logs:CreateLogGroup","logs:CreateLogStream","logs:PutLogEvents"],"condition":[],"effect":null,"not_actions":null,"not_principals":[],"not_resources":null,"principals":[],"resources":["arn:aws:logs:*:*:*"],"sid":null}],"version":null},"sensitive_values":{"statement":[{"actions":[false,false,false,false],"condition":[],"not_principals":[],"principals":[],"resources":[false]},{"actions":[false],"condition":[],"not_principals":[],"principals":[],"resources":[false]},{"actions":[false,false,false],"condition":[],"not_principals":[],"principals":[],"resources":[false]},{"actions":[false,false,false],"condition":[],"not_principals":[],"principals":[],"resources":[false]}]}}]}},"resource_changes":[{"address":"data.aws_iam_policy_document.lambda_policy","mode":"data","type":"aws_iam_policy_document","name":"lambda_policy","provider_name":"registry.terraform.io/hashicorp/aws","change":{"actions":["read"],"before":null,"after":{"override_json":null,"override_policy_documents":null,"policy_id":null,"source_json":null,"source_policy_documents":null,"statement":[{"actions":["ssm:DescribeParameters","ssm:GetParameter","ssm:GetParameters","ssm:GetParametersByPath"],"condition":[],"effect":null,"not_actions":null,"not_principals":[],"not_resources":null,"principals":[],"resources":["*"],"sid":null},{"actions":["s3:PutObject"],"condition":[],"effect":null,"not_actions":null,"not_principals":[],"not_resources":null,"principals":[],"resources":[null],"sid":null},{"actions":["kms:Decrypt","kms:Encrypt","kms:GenerateDataKey"],"condition":[],"effect":null,"not_actions":null,"not_principals":[],"not_resources":null,"principals":[],"resources":[null],"sid":null},{"actions":["logs:CreateLogGroup","logs:CreateLogStream","logs:PutLogEvents"],"condition":[],"effect":null,"not_actions":null,"not_principals":[],"not_resources":null,"principals":[],"resources":["arn:aws:logs:*:*:*"],"sid":null}],"version":null},"after_unknown":{"id":true,"json":true,"minified_json":true,"statement":[{"actions":[false,false,false,false],"condition":[],"not_principals":[],"principals":[],"resources":[false]},{"actions":[false],"condition":[],"not_principals":[],"principals":[],"resources":[true]},{"actions":[false,false,false],"condition":[],"not_principals":[],"principals":[],"resources":[true]},{"actions":[false,false,false],"condition":[],"not_principals":[],"principals":[],"resources":[false]}]},"before_sensitive":false,"after_sensitive":{"statement":[{"actions":[false,false,false,false],"condition":[],"not_principals":[],"principals":[],"resources":[false]},{"actions":[false],"condition":[],"not_principals":[],"principals":[],"resources":[false]},{"actions":[false,false,false],"condition":[],"not_principals":[],"principals":[],"resources":[false]},{"actions":[false,false,false],"condition":[],"not_principals":[],"principals":[],"resources":[false]}]}},"action_reason":"read_because_config_unknown"},{"address":"aws_cloudwatch_log_group.lambda_log","mode":"managed","type":"aws_cloudwatch_log_group","name":"lambda_log","provider_name":"registry.terraform.io/hashicorp/aws","change":{"actions":["create"],"before":null,"after":{"kms_key_id":null,"name":"/aws/lambda/ssm-backup-lambda","region":"us-east-1","retention_in_days":14,"skip_destroy":false,"tags":null},"after_unknown":{"arn":true,"deletion_protection_enabled":true,"id":true,"log_group_class":true,"name_prefix":true,"tags_all":true},"before_sensitive":false,"after_sensitive":{"tags_all":{}},"after_identity":{"account_id":null,"name":null,"region":null}}},{"address":"aws_iam_role.lambda_exec","mode":"managed","type":"aws_iam_role","name":"lambda_exec","provider_name":"registry.terraform.io/hashicorp/aws","change":{"actions":["create"],"before":null,"after":{"assume_role_policy":"{\"Statement\":[{\"Action\":\"sts:AssumeRole\",\"Effect\":\"Allow\",\"Principal\":{\"Service\":\"lambda.amazonaws.com\"}}],\"Version\":\"2012-10-17\"}","description":null,"force_detach_policies":false,"max_session_duration":3600,"name":"ssm-backup-lambda-exec-role","path":"/","permissions_boundary":null,"tags":null},"after_unknown":{"arn":true,"create_date":true,"id":true,"inline_policy":true,"managed_policy_arns":true,"name_prefix":true,"tags_all":true,"unique_id":true},"before_sensitive":false,"after_sensitive":{"inline_policy":[],"managed_policy_arns":[],"tags_all":{}},"after_identity":{"account_id":null,"name":null}}},{"address":"aws_iam_role_policy.lambda_policy","mode":"managed","type":"aws_iam_role_policy","name":"lambda_policy","provider_name":"registry.terraform.io/hashicorp/aws","change":{"actions":["create"],"before":null,"after":{"name":"ssm-backup-lambda-policy"},"after_unknown":{"id":true,"name_prefix":true,"policy":true,"role":true},"before_sensitive":false,"after_sensitive":{},"after_identity":{"account_id":null,"name":null,"role":null}}},{"address":"aws_kms_alias.ssm_backup","mode":"managed","type":"aws_kms_alias","name":"ssm_backup","provider_name":"registry.terraform.io/hashicorp/aws","change":{"actions":["create"],"before":null,"after":{"name":"alias/ssm-backup-kms-key","region":"us-east-1"},"after_unknown":{"arn":true,"id":true,"name_prefix":true,"target_key_arn":true,"target_key_id":true},"before_sensitive":false,"after_sensitive":{},"after_identity":{"account_id":null,"name":null,"region":null}}},{"address":"aws_kms_key.ssm_backup","mode":"managed","type":"aws_kms_key","name":"ssm_backup","provider_name":"registry.terraform.io/hashicorp/aws","change":{"actions":["create"],"before":null,"after":{"bypass_policy_lockout_safety_check":false,"custom_key_store_id":null,"customer_master_key_spec":"SYMMETRIC_DEFAULT","deletion_window_in_days":7,"description":"KMS key for SSM backup S3 bucket encryption","enable_key_rotation":true,"is_enabled":true,"key_usage":"ENCRYPT_DECRYPT","region":"us-east-1","tags":null,"timeouts":null,"xks_key_id":null},"after_unknown":{"arn":true,"id":true,"key_id":true,"multi_region":true,"policy":true,"rotation_period_in_days":true,"tags_all":true},"before_sensitive":false,"after_sensitive":{"tags_all":{}},"after_identity":{"account_id":null,"id":null,"region":null}}},{"address":"aws_lambda_function.ssm_backup","mode":"managed","type":"aws_lambda_function","name":"ssm_backup","provider_name":"registry.terraform.io/hashicorp/aws","change":{"actions":["create"],"before":null,"after":{"capacity_provider_config":[],"code_signing_config_arn":null,"dead_letter_config":[],"description":null,"durable_config":[],"environment":[{}],"file_system_config":[],"filename":"./.dummy/lambda.zip","function_name":"ssm-backup-lambda","handler":"ssm_backup.lambda_handler","image_config":[],"image_uri":null,"kms_key_arn":null,"layers":null,"memory_size":128,"package_type":"Zip","publish":false,"publish_to":null,"region":"us-east-1","replace_security_groups_on_destroy":null,"replacement_security_group_ids":null,"reserved_concurrent_executions":-1,"runtime":"python3.11","s3_bucket":null,"s3_key":null,"s3_object_version":null,"skip_destroy":false,"snap_start":[],"source_code_hash":"wmbalFzzY/wG3ivChKElOZB3+B4gptmQyIat05p+fU4=","source_kms_key_arn":null,"tags":null,"tenancy_config":[],"timeout":300,"timeouts":null,"vpc_config":[]},"after_unknown":{"architectures":true,"arn":true,"capacity_provider_config":[],"code_sha256":true,"dead_letter_config":[],"durable_config":[],"environment":[{"variables":true}],"ephemeral_storage":true,"file_system_config":[],"id":true,"image_config":[],"invoke_arn":true,"last_modified":true,"logging_config":true,"qualified_arn":true,"qualified_invoke_arn":true,"role":true,"signing_job_arn":true,"signing_profile_version_arn":true,"snap_start":[],"source_code_size":true,"tags_all":true,"tenancy_config":[],"tracing_config":true,"version":true,"vpc_config":[]},"before_sensitive":false,"after_sensitive":{"architectures":[],"capacity_provider_config":[],"dead_letter_config":[],"durable_config":[],"environment":[{"variables":{}}],"ephemeral_storage":[],"file_system_config":[],"image_config":[],"logging_config":[],"snap_start":[],"tags_all":{},"tenancy_config":[],"tracing_config":[],"vpc_config":[]},"after_identity":{"account_id":null,"function_name":null,"region":null}}},{"address":"aws_s3_bucket.ssm_backup","mode":"managed","type":"aws_s3_bucket","name":"ssm_backup","provider_name":"registry.terraform.io/hashicorp/aws","change":{"actions":["create"],"before":null,"after":{"bucket":"ai-tf","force_destroy":true,"region":"us-east-1","server_side_encryption_configuration":[{"rule":[{"apply_server_side_encryption_by_default":[{"sse_algorithm":"aws:kms"}],"bucket_key_enabled":null}]}],"tags":null,"timeouts":null},"after_unknown":{"acceleration_status":true,"acl":true,"arn":true,"bucket_domain_name":true,"bucket_prefix":true,"bucket_region":true,"bucket_regional_domain_name":true,"cors_rule":true,"grant":true,"hosted_zone_id":true,"id":true,"lifecycle_rule":true,"logging":true,"object_lock_configuration":true,"object_lock_enabled":true,"policy":true,"replication_configuration":true,"request_payer":true,"server_side_encryption_configuration":[{"rule":[{"apply_server_side_encryption_by_default":[{"kms_master_key_id":true}]}]}],"tags_all":true,"versioning":true,"website":true,"website_domain":true,"website_endpoint":true},"before_sensitive":false,"after_sensitive":{"cors_rule":[],"grant":[],"lifecycle_rule":[],"logging":[],"object_lock_configuration":[],"replication_configuration":[],"server_side_encryption_configuration":[{"rule":[{"apply_server_side_encryption_by_default":[{}]}]}],"tags_all":{},"versioning":[],"website":[]},"after_identity":{"account_id":null,"bucket":null,"region":null}}},{"address":"aws_s3_bucket_public_access_block.ssm_backup","mode":"managed","type":"aws_s3_bucket_public_access_block","name":"ssm_backup","provider_name":"registry.terraform.io/hashicorp/aws","change":{"actions":["create"],"before":null,"after":{"block_public_acls":true,"block_public_policy":true,"ignore_public_acls":true,"region":"us-east-1","restrict_public_buckets":true,"skip_destroy":null},"after_unknown":{"bucket":true,"id":true},"before_sensitive":false,"after_sensitive":{},"after_identity":{"account_id":null,"bucket":null,"region":null}}}],"output_changes":{"kms_key_arn":{"actions":["create"],"before":null,"after_unknown":true,"before_sensitive":false,"after_sensitive":false},"lambda_function_name":{"actions":["create"],"before":null,"after":"ssm-backup-lambda","after_unknown":false,"before_sensitive":false,"after_sensitive":false},"s3_bucket_name":{"actions":["create"],"before":null,"after_unknown":true,"before_sensitive":false,"after_sensitive":false}},"prior_state":{"format_version":"1.0","terraform_version":"1.13.5","values":{"outputs":{"lambda_function_name":{"sensitive":false,"value":"ssm-backup-lambda","type":"string"}},"root_module":{"resources":[{"address":"data.archive_file.lambda_dummy","mode":"data","type":"archive_file","name":"lambda_dummy","provider_name":"registry.terraform.io/hashicorp/archive","schema_version":0,"values":{"exclude_symlink_directories":null,"excludes":null,"id":"58e93fade67637870be5af38eff8d5aa66c7da49","output_base64sha256":"wmbalFzzY/wG3ivChKElOZB3+B4gptmQyIat05p+fU4=","output_base64sha512":"BQYAg1LwEY4tDmry1VoRx6StX0vjH+7LpfB5KAZLVvfJQjioPbBv1QxI6QF6P2U614fU3h9XKBCb9z5Y1ornqA==","output_file_mode":null,"output_md5":"a0dbd832a6a977d6d5b28ea5c85e30fb","output_path":"./.dummy/lambda.zip","output_sha":"58e93fade67637870be5af38eff8d5aa66c7da49","output_sha256":"c266da945cf363fc06de2bc284a125399077f81e20a6d990c886add39a7e7d4e","output_sha512":"0506008352f0118e2d0e6af2d55a11c7a4ad5f4be31feecba5f07928064b56f7c94238a83db06fd50c48e9017a3f653ad787d4de1f5728109bf73e58d68ae7a8","output_size":246,"source":[{"content":"exports.handler = async (event) =\u003e {\n  console.log(\"Dummy lambda invoked\");\n  return { statusCode: 200, body: \"dummy\" };\n};\n","filename":"index.js"}],"source_content":null,"source_content_filename":null,"source_dir":null,"source_file":null,"type":"zip"},"sensitive_values":{"source":[{}]}},{"address":"data.aws_iam_policy_document.lambda_assume_role_policy","mode":"data","type":"aws_iam_policy_document","name":"lambda_assume_role_policy","provider_name":"registry.terraform.io/hashicorp/aws","schema_version":0,"values":{"id":"2690255455","json":"{\n  \"Version\": \"2012-10-17\",\n  \"Statement\": [\n    {\n      \"Effect\": \"Allow\",\n      \"Action\": \"sts:AssumeRole\",\n      \"Principal\": {\n        \"Service\": \"lambda.amazonaws.com\"\n      }\n    }\n  ]\n}","minified_json":"{\"Version\":\"2012-10-17\",\"Statement\":[{\"Effect\":\"Allow\",\"Action\":\"sts:AssumeRole\",\"Principal\":{\"Service\":\"lambda.amazonaws.com\"}}]}","override_json":null,"override_policy_documents":null,"policy_id":null,"source_json":null,"source_policy_documents":null,"statement":[{"actions":["sts:AssumeRole"],"condition":[],"effect":"Allow","not_actions":[],"not_principals":[],"not_resources":[],"principals":[{"identifiers":["lambda.amazonaws.com"],"type":"Service"}],"resources":[],"sid":""}],"version":"2012-10-17"},"sensitive_values":{"statement":[{"actions":[false],"condition":[],"not_actions":[],"not_principals":[],"not_resources":[],"principals":[{"identifiers":[false]}],"resources":[]}]}}]}}},"configuration":{"provider_config":{"archive":{"name":"archive","full_name":"registry.terraform.io/hashicorp/archive"},"aws":{"name":"aws","full_name":"registry.terraform.io/hashicorp/aws","version_constraint":"~\u003e 6.27.0","expressions":{"region":{"references":["var.aws_region"]}}}},"root_module":{"outputs":{"kms_key_arn":{"expression":{"references":["aws_kms_key.ssm_backup.arn","aws_kms_key.ssm_backup"]},"description":"ARN of the KMS key used for S3 encryption."},"lambda_function_name":{"expression":{"references":["aws_lambda_function.ssm_backup.function_name","aws_lambda_function.ssm_backup"]},"description":"Name of the Lambda function."},"s3_bucket_name":{"expression":{"references":["aws_s3_bucket.ssm_backup.id","aws_s3_bucket.ssm_backup"]},"description":"Name of the S3 bucket used for backups."}},"resources":[{"address":"aws_cloudwatch_log_group.lambda_log","mode":"managed","type":"aws_cloudwatch_log_group","name":"lambda_log","provider_config_key":"aws","expressions":{"name":{"references":["aws_lambda_function.ssm_backup.function_name","aws_lambda_function.ssm_backup"]},"retention_in_days":{"constant_value":14}},"schema_version":0},{"address":"aws_iam_role.lambda_exec","mode":"managed","type":"aws_iam_role","name":"lambda_exec","provider_config_key":"aws","expressions":{"assume_role_policy":{"references":["data.aws_iam_policy_document.lambda_assume_role_policy.json","data.aws_iam_policy_document.lambda_assume_role_policy"]},"name":{"constant_value":"ssm-backup-lambda-exec-role"}},"schema_version":0},{"address":"aws_iam_role_policy.lambda_policy","mode":"managed","type":"aws_iam_role_policy","name":"lambda_policy","provider_config_key":"aws","expressions":{"name":{"constant_value":"ssm-backup-lambda-policy"},"policy":{"references":["data.aws_iam_policy_document.lambda_policy.json","data.aws_iam_policy_document.lambda_policy"]},"role":{"references":["aws_iam_role.lambda_exec.id","aws_iam_role.lambda_exec"]}},"schema_version":0},{"address":"aws_kms_alias.ssm_backup","mode":"managed","type":"aws_kms_alias","name":"ssm_backup","provider_config_key":"aws","expressions":{"name":{"references":["var.kms_key_alias"]},"target_key_id":{"references":["aws_kms_key.ssm_backup.key_id","aws_kms_key.ssm_backup"]}},"schema_version":0},{"address":"aws_kms_key.ssm_backup","mode":"managed","type":"aws_kms_key","name":"ssm_backup","provider_config_key":"aws","expressions":{"deletion_window_in_days":{"constant_value":7},"description":{"constant_value":"KMS key for SSM backup S3 bucket encryption"},"enable_key_rotation":{"constant_value":true}},"schema_version":0},{"address":"aws_lambda_function.ssm_backup","mode":"managed","type":"aws_lambda_function","name":"ssm_backup","provider_config_key":"aws","expressions":{"environment":[{"variables":{"references":["aws_s3_bucket.ssm_backup.id","aws_s3_bucket.ssm_backup","aws_kms_key.ssm_backup.arn","aws_kms_key.ssm_backup"]}}],"filename":{"references":["local.lambda_dummy_zip"]},"function_name":{"references":["var.lambda_function_name"]},"handler":{"constant_value":"ssm_backup.lambda_handler"},"role":{"references":["aws_iam_role.lambda_exec.arn","aws_iam_role.lambda_exec"]},"runtime":{"constant_value":"python3.11"},"source_code_hash":{"references":["data.archive_file.lambda_dummy.output_base64sha256","data.archive_file.lambda_dummy"]},"timeout":{"constant_value":300}},"schema_version":0},{"address":"aws_s3_bucket.ssm_backup","mode":"managed","type":"aws_s3_bucket","name":"ssm_backup","provider_config_key":"aws","expressions":{"bucket":{"references":["var.s3_bucket_name"]},"force_destroy":{"constant_value":true},"server_side_encryption_configuration":[{"rule":[{"apply_server_side_encryption_by_default":[{"kms_master_key_id":{"references":["aws_kms_key.ssm_backup.arn","aws_kms_key.ssm_backup"]},"sse_algorithm":{"constant_value":"aws:kms"}}]}]}]},"schema_version":0},{"address":"aws_s3_bucket_public_access_block.ssm_backup","mode":"managed","type":"aws_s3_bucket_public_access_block","name":"ssm_backup","provider_config_key":"aws","expressions":{"block_public_acls":{"constant_value":true},"block_public_policy":{"constant_value":true},"bucket":{"references":["aws_s3_bucket.ssm_backup.id","aws_s3_bucket.ssm_backup"]},"ignore_public_acls":{"constant_value":true},"restrict_public_buckets":{"constant_value":true}},"schema_version":0},{"address":"data.archive_file.lambda_dummy","mode":"data","type":"archive_file","name":"lambda_dummy","provider_config_key":"archive","expressions":{"output_path":{"references":["local.lambda_dummy_zip"]},"source":[{"content":{"constant_value":"exports.handler = async (event) =\u003e {\n  console.log(\"Dummy lambda invoked\");\n  return { statusCode: 200, body: \"dummy\" };\n};\n"},"filename":{"constant_value":"index.js"}}],"type":{"constant_value":"zip"}},"schema_version":0},{"address":"data.aws_iam_policy_document.lambda_assume_role_policy","mode":"data","type":"aws_iam_policy_document","name":"lambda_assume_role_policy","provider_config_key":"aws","expressions":{"statement":[{"actions":{"constant_value":["sts:AssumeRole"]},"principals":[{"identifiers":{"constant_value":["lambda.amazonaws.com"]},"type":{"constant_value":"Service"}}]}]},"schema_version":0},{"address":"data.aws_iam_policy_document.lambda_policy","mode":"data","type":"aws_iam_policy_document","name":"lambda_policy","provider_config_key":"aws","expressions":{"statement":[{"actions":{"constant_value":["ssm:DescribeParameters","ssm:GetParameters","ssm:GetParameter","ssm:GetParametersByPath"]},"resources":{"constant_value":["*"]}},{"actions":{"constant_value":["s3:PutObject"]},"resources":{"references":["aws_s3_bucket.ssm_backup.arn","aws_s3_bucket.ssm_backup"]}},{"actions":{"constant_value":["kms:Encrypt","kms:Decrypt","kms:GenerateDataKey"]},"resources":{"references":["aws_kms_key.ssm_backup.arn","aws_kms_key.ssm_backup"]}},{"actions":{"constant_value":["logs:CreateLogGroup","logs:CreateLogStream","logs:PutLogEvents"]},"resources":{"constant_value":["arn:aws:logs:*:*:*"]}}]},"schema_version":0}],"variables":{"aws_region":{"description":"AWS region to deploy resources in."},"kms_key_alias":{"default":"alias/ssm-backup-kms-key","description":"Alias for the KMS key used for S3 encryption."},"lambda_function_name":{"default":"ssm-backup-lambda","description":"Name for the Lambda function."},"s3_bucket_name":{"description":"Name for the S3 bucket to store backups."}}}},"relevant_attributes":[{"resource":"aws_kms_key.ssm_backup","attribute":["arn"]},{"resource":"data.aws_iam_policy_document.lambda_policy","attribute":["json"]},{"resource":"aws_s3_bucket.ssm_backup","attribute":["arn"]},{"resource":"data.aws_iam_policy_document.lambda_assume_role_policy","attribute":["json"]},{"resource":"aws_lambda_function.ssm_backup","attribute":["function_name"]},{"resource":"data.archive_file.lambda_dummy","attribute":["output_base64sha256"]},{"resource":"aws_iam_role.lambda_exec","attribute":["id"]},{"resource":"aws_s3_bucket.ssm_backup","attribute":["id"]},{"resource":"aws_iam_role.lambda_exec","attribute":["arn"]},{"resource":"aws_kms_key.ssm_backup","attribute":["key_id"]}],"timestamp":"2025-12-22T17:04:38Z","applyable":true,"complete":true,"errored":false}
