{
  "version": 4,
  "terraform_version": "1.13.5",
  "serial": 1,
  "lineage": "043cd2dd-a739-dd43-e5d5-1063f8b39aa0",
  "outputs": {
    "aws_region": {
      "value": "us-east-1",
      "type": "string"
    }
  },
  "resources": [
    {
      "mode": "managed",
      "type": "random_id",
      "name": "suffix",
      "provider": "provider[\"registry.terraform.io/hashicorp/random\"]",
      "instances": [
        {
          "schema_version": 0,
          "attributes": {
            "b64_std": "odGH4A==",
            "b64_url": "odGH4A",
            "byte_length": 4,
            "dec": "2714863584",
            "hex": "a1d187e0",
            "id": "odGH4A",
            "keepers": null,
            "prefix": null
          },
          "sensitive_attributes": [],
          "identity_schema_version": 0
        }
      ]
    }
  ],
  "check_results": null
}
