{"format_version":"1.2","terraform_version":"1.13.5","variables":{"app_name":{"value":"localstack-project"},"aws_access_key_id":{"value":"devopshobbies"},"aws_region":{"value":"eu-central-1"},"aws_secret_access_key":{"value":"devopshobbies"},"localstack_endpoint":{"value":"http://localhost:4566"}},"planned_values":{"outputs":{"dynamodb_table_name":{"sensitive":false,"type":"string","value":"localstack-project-table"},"localstack_endpoint":{"sensitive":false,"type":"string","value":"http://localhost:4566"},"s3_bucket_name":{"sensitive":false,"type":"string","value":"localstack-project-artifacts"}},"root_module":{"resources":[{"address":"aws_dynamodb_table.app","mode":"managed","type":"aws_dynamodb_table","name":"app","provider_name":"registry.terraform.io/hashicorp/aws","schema_version":1,"values":{"attribute":[{"name":"pk","type":"S"}],"billing_mode":"PAY_PER_REQUEST","deletion_protection_enabled":null,"global_secondary_index":[],"hash_key":"pk","import_table":[],"local_secondary_index":[],"name":"localstack-project-table","on_demand_throughput":[],"range_key":null,"region":"eu-central-1","replica":[],"restore_date_time":null,"restore_source_name":null,"restore_source_table_arn":null,"restore_to_latest_time":null,"stream_enabled":null,"table_class":null,"tags":null,"tags_all":{"Managed":"terraform","Project":"localstack-project"},"timeouts":null},"sensitive_values":{"attribute":[{}],"global_secondary_index":[],"global_table_witness":[],"import_table":[],"local_secondary_index":[],"on_demand_throughput":[],"point_in_time_recovery":[],"replica":[],"server_side_encryption":[],"tags_all":{},"ttl":[],"warm_throughput":[]}},{"address":"aws_s3_bucket.artifacts","mode":"managed","type":"aws_s3_bucket","name":"artifacts","provider_name":"registry.terraform.io/hashicorp/aws","schema_version":0,"values":{"bucket":"localstack-project-artifacts","force_destroy":true,"region":"eu-central-1","tags":null,"tags_all":{"Managed":"terraform","Project":"localstack-project"},"timeouts":null},"sensitive_values":{"cors_rule":[],"grant":[],"lifecycle_rule":[],"logging":[],"object_lock_configuration":[],"replication_configuration":[],"server_side_encryption_configuration":[],"tags_all":{},"versioning":[],"website":[]},"identity_schema_version":0,"identity":{"account_id":null,"bucket":null,"region":null}}]}},"resource_changes":[{"address":"aws_dynamodb_table.app","mode":"managed","type":"aws_dynamodb_table","name":"app","provider_name":"registry.terraform.io/hashicorp/aws","change":{"actions":["create"],"before":null,"after":{"attribute":[{"name":"pk","type":"S"}],"billing_mode":"PAY_PER_REQUEST","deletion_protection_enabled":null,"global_secondary_index":[],"hash_key":"pk","import_table":[],"local_secondary_index":[],"name":"localstack-project-table","on_demand_throughput":[],"range_key":null,"region":"eu-central-1","replica":[],"restore_date_time":null,"restore_source_name":null,"restore_source_table_arn":null,"restore_to_latest_time":null,"stream_enabled":null,"table_class":null,"tags":null,"tags_all":{"Managed":"terraform","Project":"localstack-project"},"timeouts":null},"after_unknown":{"arn":true,"attribute":[{}],"global_secondary_index":[],"global_table_witness":true,"id":true,"import_table":[],"local_secondary_index":[],"on_demand_throughput":[],"point_in_time_recovery":true,"read_capacity":true,"replica":[],"server_side_encryption":true,"stream_arn":true,"stream_label":true,"stream_view_type":true,"tags_all":{},"ttl":true,"warm_throughput":true,"write_capacity":true},"before_sensitive":false,"after_sensitive":{"attribute":[{}],"global_secondary_index":[],"global_table_witness":[],"import_table":[],"local_secondary_index":[],"on_demand_throughput":[],"point_in_time_recovery":[],"replica":[],"server_side_encryption":[],"tags_all":{},"ttl":[],"warm_throughput":[]}}},{"address":"aws_s3_bucket.artifacts","mode":"managed","type":"aws_s3_bucket","name":"artifacts","provider_name":"registry.terraform.io/hashicorp/aws","change":{"actions":["create"],"before":null,"after":{"bucket":"localstack-project-artifacts","force_destroy":true,"region":"eu-central-1","tags":null,"tags_all":{"Managed":"terraform","Project":"localstack-project"},"timeouts":null},"after_unknown":{"acceleration_status":true,"acl":true,"arn":true,"bucket_domain_name":true,"bucket_prefix":true,"bucket_region":true,"bucket_regional_domain_name":true,"cors_rule":true,"grant":true,"hosted_zone_id":true,"id":true,"lifecycle_rule":true,"logging":true,"object_lock_configuration":true,"object_lock_enabled":true,"policy":true,"replication_configuration":true,"request_payer":true,"server_side_encryption_configuration":true,"tags_all":{},"versioning":true,"website":true,"website_domain":true,"website_endpoint":true},"before_sensitive":false,"after_sensitive":{"cors_rule":[],"grant":[],"lifecycle_rule":[],"logging":[],"object_lock_configuration":[],"replication_configuration":[],"server_side_encryption_configuration":[],"tags_all":{},"versioning":[],"website":[]},"after_identity":{"account_id":null,"bucket":null,"region":null}}}],"output_changes":{"dynamodb_table_name":{"actions":["create"],"before":null,"after":"localstack-project-table","after_unknown":false,"before_sensitive":false,"after_sensitive":false},"localstack_endpoint":{"actions":["create"],"before":null,"after":"http://localhost:4566","after_unknown":false,"before_sensitive":false,"after_sensitive":false},"s3_bucket_name":{"actions":["create"],"before":null,"after":"localstack-project-artifacts","after_unknown":false,"before_sensitive":false,"after_sensitive":false}},"prior_state":{"format_version":"1.0","terraform_version":"1.13.5","values":{"outputs":{"dynamodb_table_name":{"sensitive":false,"value":"localstack-project-table","type":"string"},"localstack_endpoint":{"sensitive":false,"value":"http://localhost:4566","type":"string"},"s3_bucket_name":{"sensitive":false,"value":"localstack-project-artifacts","type":"string"}},"root_module":{}}},"configuration":{"provider_config":{"aws":{"name":"aws","full_name":"registry.terraform.io/hashicorp/aws","version_constraint":"~\u003e 6.27.0","expressions":{"access_key":{"references":["var.aws_access_key_id"]},"default_tags":[{"tags":{"references":["var.app_name"]}}],"endpoints":[{"dynamodb":{"references":["var.localstack_endpoint"]},"iam":{"references":["var.localstack_endpoint"]},"s3":{"references":["var.localstack_endpoint"]},"sts":{"references":["var.localstack_endpoint"]}}],"region":{"references":["var.aws_region"]},"secret_key":{"references":["var.aws_secret_access_key"]},"skip_credentials_validation":{"constant_value":true},"skip_metadata_api_check":{"constant_value":true},"skip_requesting_account_id":{"constant_value":true}}}},"root_module":{"outputs":{"dynamodb_table_name":{"expression":{"references":["aws_dynamodb_table.app.name","aws_dynamodb_table.app"]},"description":"DynamoDB table name."},"localstack_endpoint":{"expression":{"references":["var.localstack_endpoint"]},"description":"LocalStack endpoint used by the provider."},"s3_bucket_name":{"expression":{"references":["aws_s3_bucket.artifacts.bucket","aws_s3_bucket.artifacts"]},"description":"Artifacts bucket name."}},"resources":[{"address":"aws_dynamodb_table.app","mode":"managed","type":"aws_dynamodb_table","name":"app","provider_config_key":"aws","expressions":{"attribute":[{"name":{"constant_value":"pk"},"type":{"constant_value":"S"}}],"billing_mode":{"constant_value":"PAY_PER_REQUEST"},"hash_key":{"constant_value":"pk"},"name":{"references":["var.app_name"]}},"schema_version":1},{"address":"aws_s3_bucket.artifacts","mode":"managed","type":"aws_s3_bucket","name":"artifacts","provider_config_key":"aws","expressions":{"bucket":{"references":["var.app_name"]},"force_destroy":{"constant_value":true}},"schema_version":0}],"variables":{"app_name":{"default":"localstack-project","description":"Name prefix for created resources."},"aws_access_key_id":{"default":"devopshobbies","description":"Access key for LocalStack (dummy is fine)."},"aws_region":{"default":"eu-central-1","description":"AWS region (also used by LocalStack)."},"aws_secret_access_key":{"default":"devopshobbies","description":"Secret key for LocalStack (dummy is fine)."},"localstack_endpoint":{"default":"http://localhost:4566","description":"LocalStack edge endpoint."}}}},"relevant_attributes":[{"resource":"aws_dynamodb_table.app","attribute":["name"]},{"resource":"aws_s3_bucket.artifacts","attribute":["bucket"]}],"timestamp":"2026-01-27T08:18:06Z","applyable":true,"complete":true,"errored":false}
