{"format_version":"1.2","terraform_version":"1.13.5","variables":{"name":{"value":"transit-transform"},"vault_license":{"value":"tf"}},"planned_values":{"outputs":{"vault_addr":{"sensitive":false}},"root_module":{"resources":[{"address":"aws_iam_instance_profile.vault","mode":"managed","type":"aws_iam_instance_profile","name":"vault","provider_name":"registry.terraform.io/hashicorp/aws","schema_version":0,"values":{"name":"demo-vault-transit-transform","path":"/","role":"demo-vault-transit-transform","tags":null},"sensitive_values":{"tags_all":{}}},{"address":"aws_iam_role.vault","mode":"managed","type":"aws_iam_role","name":"vault","provider_name":"registry.terraform.io/hashicorp/aws","schema_version":0,"values":{"assume_role_policy":"{\"Statement\":[{\"Action\":\"sts:AssumeRole\",\"Effect\":\"Allow\",\"Principal\":{\"Service\":\"ec2.amazonaws.com\"}}],\"Version\":\"2012-10-17\"}","description":null,"force_detach_policies":false,"max_session_duration":3600,"name":"demo-vault-transit-transform","path":"/","permissions_boundary":null,"tags":null},"sensitive_values":{"inline_policy":[],"managed_policy_arns":[],"tags_all":{}}},{"address":"aws_iam_role_policy_attachment.ssm","mode":"managed","type":"aws_iam_role_policy_attachment","name":"ssm","provider_name":"registry.terraform.io/hashicorp/aws","schema_version":0,"values":{"policy_arn":"arn:aws:iam::aws:policy/AmazonSSMManagedInstanceCore","role":"demo-vault-transit-transform"},"sensitive_values":{}},{"address":"aws_instance.vault","mode":"managed","type":"aws_instance","name":"vault","provider_name":"registry.terraform.io/hashicorp/aws","schema_version":1,"values":{"ami":"ami-0b1dcb5abc47cd8b5","associate_public_ip_address":true,"credit_specification":[],"get_password_data":false,"hibernation":null,"iam_instance_profile":"demo-vault-transit-transform","instance_type":"t3.small","launch_template":[],"source_dest_check":true,"tags":{"Name":"demo-vault-transit-transform"},"tags_all":{"Name":"demo-vault-transit-transform"},"timeouts":null,"user_data":"e77ebef9e9ce2e2b0099c9547555d9910f278aa7","user_data_replace_on_change":false,"volume_tags":null},"sensitive_values":{"capacity_reservation_specification":[],"cpu_options":[],"credit_specification":[],"ebs_block_device":[],"enclave_options":[],"ephemeral_block_device":[],"instance_market_options":[],"ipv6_addresses":[],"launch_template":[],"maintenance_options":[],"metadata_options":[],"network_interface":[],"private_dns_name_options":[],"root_block_device":[],"secondary_private_ips":[],"security_groups":[],"tags":{},"tags_all":{},"user_data":true,"vpc_security_group_ids":[]}},{"address":"aws_security_group.vault","mode":"managed","type":"aws_security_group","name":"vault","provider_name":"registry.terraform.io/hashicorp/aws","schema_version":1,"values":{"description":"Managed by Terraform","egress":[{"cidr_blocks":["0.0.0.0/0"],"description":"","from_port":0,"ipv6_cidr_blocks":[],"prefix_list_ids":[],"protocol":"-1","security_groups":[],"self":false,"to_port":0}],"ingress":[{"cidr_blocks":["0.0.0.0/0"],"description":"","from_port":8200,"ipv6_cidr_blocks":[],"prefix_list_ids":[],"protocol":"tcp","security_groups":[],"self":false,"to_port":8200}],"name":"demo-vault-transit-transform","revoke_rules_on_delete":false,"tags":{"Name":"demo-vault-transit-transform"},"tags_all":{"Name":"demo-vault-transit-transform"},"timeouts":null},"sensitive_values":{"egress":[{"cidr_blocks":[false],"ipv6_cidr_blocks":[],"prefix_list_ids":[],"security_groups":[]}],"ingress":[{"cidr_blocks":[false],"ipv6_cidr_blocks":[],"prefix_list_ids":[],"security_groups":[]}],"tags":{},"tags_all":{}}}]}},"resource_changes":[{"address":"aws_iam_instance_profile.vault","mode":"managed","type":"aws_iam_instance_profile","name":"vault","provider_name":"registry.terraform.io/hashicorp/aws","change":{"actions":["create"],"before":null,"after":{"name":"demo-vault-transit-transform","path":"/","role":"demo-vault-transit-transform","tags":null},"after_unknown":{"arn":true,"create_date":true,"id":true,"name_prefix":true,"tags_all":true,"unique_id":true},"before_sensitive":false,"after_sensitive":{"tags_all":{}}}},{"address":"aws_iam_role.vault","mode":"managed","type":"aws_iam_role","name":"vault","provider_name":"registry.terraform.io/hashicorp/aws","change":{"actions":["create"],"before":null,"after":{"assume_role_policy":"{\"Statement\":[{\"Action\":\"sts:AssumeRole\",\"Effect\":\"Allow\",\"Principal\":{\"Service\":\"ec2.amazonaws.com\"}}],\"Version\":\"2012-10-17\"}","description":null,"force_detach_policies":false,"max_session_duration":3600,"name":"demo-vault-transit-transform","path":"/","permissions_boundary":null,"tags":null},"after_unknown":{"arn":true,"create_date":true,"id":true,"inline_policy":true,"managed_policy_arns":true,"name_prefix":true,"tags_all":true,"unique_id":true},"before_sensitive":false,"after_sensitive":{"inline_policy":[],"managed_policy_arns":[],"tags_all":{}}}},{"address":"aws_iam_role_policy_attachment.ssm","mode":"managed","type":"aws_iam_role_policy_attachment","name":"ssm","provider_name":"registry.terraform.io/hashicorp/aws","change":{"actions":["create"],"before":null,"after":{"policy_arn":"arn:aws:iam::aws:policy/AmazonSSMManagedInstanceCore","role":"demo-vault-transit-transform"},"after_unknown":{"id":true},"before_sensitive":false,"after_sensitive":{}}},{"address":"aws_instance.vault","mode":"managed","type":"aws_instance","name":"vault","provider_name":"registry.terraform.io/hashicorp/aws","change":{"actions":["create"],"before":null,"after":{"ami":"ami-0b1dcb5abc47cd8b5","associate_public_ip_address":true,"credit_specification":[],"get_password_data":false,"hibernation":null,"iam_instance_profile":"demo-vault-transit-transform","instance_type":"t3.small","launch_template":[],"source_dest_check":true,"tags":{"Name":"demo-vault-transit-transform"},"tags_all":{"Name":"demo-vault-transit-transform"},"timeouts":null,"user_data":"e77ebef9e9ce2e2b0099c9547555d9910f278aa7","user_data_replace_on_change":false,"volume_tags":null},"after_unknown":{"arn":true,"availability_zone":true,"capacity_reservation_specification":true,"cpu_core_count":true,"cpu_options":true,"cpu_threads_per_core":true,"credit_specification":[],"disable_api_stop":true,"disable_api_termination":true,"ebs_block_device":true,"ebs_optimized":true,"enclave_options":true,"ephemeral_block_device":true,"host_id":true,"host_resource_group_arn":true,"id":true,"instance_initiated_shutdown_behavior":true,"instance_lifecycle":true,"instance_market_options":true,"instance_state":true,"ipv6_address_count":true,"ipv6_addresses":true,"key_name":true,"launch_template":[],"maintenance_options":true,"metadata_options":true,"monitoring":true,"network_interface":true,"outpost_arn":true,"password_data":true,"placement_group":true,"placement_partition_number":true,"primary_network_interface_id":true,"private_dns":true,"private_dns_name_options":true,"private_ip":true,"public_dns":true,"public_ip":true,"root_block_device":true,"secondary_private_ips":true,"security_groups":true,"spot_instance_request_id":true,"subnet_id":true,"tags":{},"tags_all":{},"tenancy":true,"user_data_base64":true,"vpc_security_group_ids":true},"before_sensitive":false,"after_sensitive":{"capacity_reservation_specification":[],"cpu_options":[],"credit_specification":[],"ebs_block_device":[],"enclave_options":[],"ephemeral_block_device":[],"instance_market_options":[],"ipv6_addresses":[],"launch_template":[],"maintenance_options":[],"metadata_options":[],"network_interface":[],"private_dns_name_options":[],"root_block_device":[],"secondary_private_ips":[],"security_groups":[],"tags":{},"tags_all":{},"user_data":true,"vpc_security_group_ids":[]}}},{"address":"aws_security_group.vault","mode":"managed","type":"aws_security_group","name":"vault","provider_name":"registry.terraform.io/hashicorp/aws","change":{"actions":["create"],"before":null,"after":{"description":"Managed by Terraform","egress":[{"cidr_blocks":["0.0.0.0/0"],"description":"","from_port":0,"ipv6_cidr_blocks":[],"prefix_list_ids":[],"protocol":"-1","security_groups":[],"self":false,"to_port":0}],"ingress":[{"cidr_blocks":["0.0.0.0/0"],"description":"","from_port":8200,"ipv6_cidr_blocks":[],"prefix_list_ids":[],"protocol":"tcp","security_groups":[],"self":false,"to_port":8200}],"name":"demo-vault-transit-transform","revoke_rules_on_delete":false,"tags":{"Name":"demo-vault-transit-transform"},"tags_all":{"Name":"demo-vault-transit-transform"},"timeouts":null},"after_unknown":{"arn":true,"egress":[{"cidr_blocks":[false],"ipv6_cidr_blocks":[],"prefix_list_ids":[],"security_groups":[]}],"id":true,"ingress":[{"cidr_blocks":[false],"ipv6_cidr_blocks":[],"prefix_list_ids":[],"security_groups":[]}],"name_prefix":true,"owner_id":true,"tags":{},"tags_all":{},"vpc_id":true},"before_sensitive":false,"after_sensitive":{"egress":[{"cidr_blocks":[false],"ipv6_cidr_blocks":[],"prefix_list_ids":[],"security_groups":[]}],"ingress":[{"cidr_blocks":[false],"ipv6_cidr_blocks":[],"prefix_list_ids":[],"security_groups":[]}],"tags":{},"tags_all":{}}}}],"output_changes":{"vault_addr":{"actions":["create"],"before":null,"after_unknown":true,"before_sensitive":false,"after_sensitive":false}},"prior_state":{"format_version":"1.0","terraform_version":"1.13.5","values":{"root_module":{"resources":[{"address":"data.aws_ami.al2023","mode":"data","type":"aws_ami","name":"al2023","provider_name":"registry.terraform.io/hashicorp/aws","schema_version":0,"values":{"architecture":"x86_64","arn":"arn:aws:ec2:us-east-2::image/ami-0b1dcb5abc47cd8b5","block_device_mappings":[{"device_name":"/dev/xvda","ebs":{"delete_on_termination":"false","encrypted":"false","iops":"0","snapshot_id":"snap-8021f13da9ad46ecd","throughput":"0","volume_size":"15","volume_type":"standard"},"no_device":"","virtual_name":""}],"boot_mode":"uefi","creation_date":"2026-01-24T07:38:02.000Z","deprecation_time":"","description":"Amazon Linux 2023 AMI 2023.8.20250915.0 x86_64 HVM kernel-6.12","ena_support":false,"executable_users":null,"filter":[{"name":"name","values":["al2023-ami-2023.*-x86_64"]},{"name":"virtualization-type","values":["hvm"]}],"hypervisor":"xen","id":"ami-0b1dcb5abc47cd8b5","image_id":"ami-0b1dcb5abc47cd8b5","image_location":"","image_owner_alias":"amazon","image_type":"machine","imds_support":"","include_deprecated":false,"kernel_id":"","most_recent":true,"name":"al2023-ami-2023.8.20250915.0-kernel-6.12-x86_64","name_regex":null,"owner_id":"137112412989","owners":["amazon"],"platform":"","platform_details":"","product_codes":[],"public":true,"ramdisk_id":"","root_device_name":"/dev/xvda","root_device_type":"ebs","root_snapshot_id":"snap-8021f13da9ad46ecd","sriov_net_support":"","state":"available","state_reason":{"code":"UNSET","message":"UNSET"},"tags":{},"timeouts":null,"tpm_support":"","usage_operation":"","virtualization_type":"hvm"},"sensitive_values":{"block_device_mappings":[{"ebs":{}}],"filter":[{"values":[false]},{"values":[false]}],"owners":[false],"product_codes":[],"state_reason":{},"tags":{}}}]}}},"configuration":{"provider_config":{"aws":{"name":"aws","full_name":"registry.terraform.io/hashicorp/aws","version_constraint":"5.52.0","expressions":{"region":{"constant_value":"us-east-2"}}}},"root_module":{"outputs":{"vault_addr":{"expression":{"references":["aws_instance.vault.public_ip","aws_instance.vault"]}}},"resources":[{"address":"aws_iam_instance_profile.vault","mode":"managed","type":"aws_iam_instance_profile","name":"vault","provider_config_key":"aws","expressions":{"name":{"references":["aws_iam_role.vault.name","aws_iam_role.vault"]},"role":{"references":["aws_iam_role.vault.name","aws_iam_role.vault"]}},"schema_version":0},{"address":"aws_iam_role.vault","mode":"managed","type":"aws_iam_role","name":"vault","provider_config_key":"aws","expressions":{"assume_role_policy":{},"name":{"references":["var.name"]}},"schema_version":0},{"address":"aws_iam_role_policy_attachment.ssm","mode":"managed","type":"aws_iam_role_policy_attachment","name":"ssm","provider_config_key":"aws","expressions":{"policy_arn":{"constant_value":"arn:aws:iam::aws:policy/AmazonSSMManagedInstanceCore"},"role":{"references":["aws_iam_role.vault.name","aws_iam_role.vault"]}},"schema_version":0},{"address":"aws_instance.vault","mode":"managed","type":"aws_instance","name":"vault","provider_config_key":"aws","expressions":{"ami":{"references":["data.aws_ami.al2023.id","data.aws_ami.al2023"]},"associate_public_ip_address":{"constant_value":true},"iam_instance_profile":{"references":["aws_iam_instance_profile.vault.name","aws_iam_instance_profile.vault"]},"instance_type":{"constant_value":"t3.small"},"tags":{"references":["var.name"]},"user_data":{"references":["var.vault_license"]},"vpc_security_group_ids":{"references":["aws_security_group.vault.id","aws_security_group.vault"]}},"schema_version":1},{"address":"aws_security_group.vault","mode":"managed","type":"aws_security_group","name":"vault","provider_config_key":"aws","expressions":{"egress":{"constant_value":[{"cidr_blocks":["0.0.0.0/0"],"description":null,"from_port":0,"ipv6_cidr_blocks":null,"prefix_list_ids":null,"protocol":"-1","security_groups":null,"self":null,"to_port":0}]},"ingress":{"constant_value":[{"cidr_blocks":["0.0.0.0/0"],"description":null,"from_port":8200,"ipv6_cidr_blocks":null,"prefix_list_ids":null,"protocol":"tcp","security_groups":null,"self":null,"to_port":8200}]},"name":{"references":["var.name"]},"tags":{"references":["var.name"]}},"schema_version":1},{"address":"data.aws_ami.al2023","mode":"data","type":"aws_ami","name":"al2023","provider_config_key":"aws","expressions":{"filter":[{"name":{"constant_value":"name"},"values":{"constant_value":["al2023-ami-2023.*-x86_64"]}},{"name":{"constant_value":"virtualization-type"},"values":{"constant_value":["hvm"]}}],"most_recent":{"constant_value":true},"owners":{"constant_value":["amazon"]}},"schema_version":0}],"variables":{"name":{"default":"transit-transform"},"vault_license":{"sensitive":true}}}},"relevant_attributes":[{"resource":"data.aws_ami.al2023","attribute":["id"]},{"resource":"aws_iam_instance_profile.vault","attribute":["name"]},{"resource":"aws_iam_role.vault","attribute":["name"]},{"resource":"aws_instance.vault","attribute":["public_ip"]},{"resource":"aws_security_group.vault","attribute":["id"]}],"timestamp":"2026-01-24T07:37:58Z","applyable":true,"complete":true,"errored":false}
