data.aws_iam_policy_document.ec2_assume_role: Reading...
data.aws_iam_policy_document.ec2_assume_role: Read complete after 0s [id=2851119427]

Terraform used the selected providers to generate the following execution
plan. Resource actions are indicated with the following symbols:
  + create
 <= read (data resources)

Terraform will perform the following actions:

  # data.aws_iam_policy_document.bucket_policy will be read during apply
  # (config refers to values not yet known)
 <= data "aws_iam_policy_document" "bucket_policy" {
      + id            = (known after apply)
      + json          = (known after apply)
      + minified_json = (known after apply)

      + statement {
          + actions   = [
              + "s3:GetObject",
              + "s3:ListBucket",
              + "s3:PutObject",
            ]
          + effect    = "Allow"
          + resources = [
              + (known after apply),
              + (known after apply),
            ]

          + principals {
              + identifiers = [
                  + "*",
                ]
              + type        = "AWS"
            }
        }
    }

  # aws_iam_instance_profile.instance_profile will be created
  + resource "aws_iam_instance_profile" "instance_profile" {
      + arn         = (known after apply)
      + create_date = (known after apply)
      + id          = (known after apply)
      + name        = "instance_profile"
      + name_prefix = (known after apply)
      + path        = "/"
      + role        = "ec2_iam_role"
      + tags_all    = (known after apply)
      + unique_id   = (known after apply)
    }

  # aws_iam_role.ec2_iam_role will be created
  + resource "aws_iam_role" "ec2_iam_role" {
      + arn                   = (known after apply)
      + assume_role_policy    = jsonencode(
            {
              + Statement = [
                  + {
                      + Action    = "sts:AssumeRole"
                      + Effect    = "Allow"
                      + Principal = {
                          + Service = "ec2.amazonaws.com"
                        }
                    },
                ]
              + Version   = "2012-10-17"
            }
        )
      + create_date           = (known after apply)
      + force_detach_policies = false
      + id                    = (known after apply)
      + managed_policy_arns   = (known after apply)
      + max_session_duration  = 3600
      + name                  = "ec2_iam_role"
      + name_prefix           = (known after apply)
      + path                  = "/"
      + tags_all              = (known after apply)
      + unique_id             = (known after apply)

      + inline_policy (known after apply)
    }

  # aws_iam_role.ec2_role will be created
  + resource "aws_iam_role" "ec2_role" {
      + arn                   = (known after apply)
      + assume_role_policy    = jsonencode(
            {
              + Statement = [
                  + {
                      + Action    = "sts:AssumeRole"
                      + Effect    = "Allow"
                      + Principal = {
                          + Service = "ec2.amazonaws.com"
                        }
                      + Sid       = ""
                    },
                ]
              + Version   = "2012-10-17"
            }
        )
      + create_date           = (known after apply)
      + force_detach_policies = false
      + id                    = (known after apply)
      + managed_policy_arns   = (known after apply)
      + max_session_duration  = 3600
      + name                  = "ec2_role_workshop"
      + name_prefix           = (known after apply)
      + path                  = "/"
      + tags_all              = (known after apply)
      + unique_id             = (known after apply)

      + inline_policy (known after apply)
    }

  # aws_instance.ec2_public will be created
  + resource "aws_instance" "ec2_public" {
      + ami                                  = "ami-04a0ae173da5807d3"
      + arn                                  = (known after apply)
      + associate_public_ip_address          = true
      + availability_zone                    = (known after apply)
      + disable_api_stop                     = (known after apply)
      + disable_api_termination              = (known after apply)
      + ebs_optimized                        = (known after apply)
      + enable_primary_ipv6                  = (known after apply)
      + force_destroy                        = false
      + get_password_data                    = false
      + host_id                              = (known after apply)
      + host_resource_group_arn              = (known after apply)
      + iam_instance_profile                 = "instance_profile"
      + id                                   = (known after apply)
      + instance_initiated_shutdown_behavior = (known after apply)
      + instance_lifecycle                   = (known after apply)
      + instance_state                       = (known after apply)
      + instance_type                        = "t2.micro"
      + ipv6_address_count                   = (known after apply)
      + ipv6_addresses                       = (known after apply)
      + key_name                             = "botos3_workshop"
      + monitoring                           = (known after apply)
      + outpost_arn                          = (known after apply)
      + password_data                        = (known after apply)
      + placement_group                      = (known after apply)
      + placement_group_id                   = (known after apply)
      + placement_partition_number           = (known after apply)
      + primary_network_interface_id         = (known after apply)
      + private_dns                          = (known after apply)
      + private_ip                           = (known after apply)
      + public_dns                           = (known after apply)
      + public_ip                            = (known after apply)
      + region                               = "us-east-1"
      + secondary_private_ips                = (known after apply)
      + security_groups                      = (known after apply)
      + source_dest_check                    = true
      + spot_instance_request_id             = (known after apply)
      + subnet_id                            = (known after apply)
      + tags                                 = {
          + "Environment" = "production"
          + "Name"        = "EC2-Public-Workshop"
        }
      + tags_all                             = {
          + "Environment" = "production"
          + "Name"        = "EC2-Public-Workshop"
        }
      + tenancy                              = (known after apply)
      + user_data                            = <<-EOT
            #!/bin/bash
            sudo yum update -y &&
            sudo yum install -y nginx
            sudo systemctl enable nginx
            sudo systemctl start nginx 
            echo "Hello Nginx Demo" > /var/www/html/index.html
        EOT
      + user_data_base64                     = (known after apply)
      + user_data_replace_on_change          = false
      + vpc_security_group_ids               = (known after apply)

      + capacity_reservation_specification (known after apply)

      + cpu_options (known after apply)

      + ebs_block_device (known after apply)

      + enclave_options (known after apply)

      + ephemeral_block_device (known after apply)

      + instance_market_options (known after apply)

      + maintenance_options (known after apply)

      + metadata_options (known after apply)

      + network_interface (known after apply)

      + primary_network_interface (known after apply)

      + private_dns_name_options (known after apply)

      + root_block_device (known after apply)
    }

  # aws_internet_gateway.internet-gateway will be created
  + resource "aws_internet_gateway" "internet-gateway" {
      + arn      = (known after apply)
      + id       = (known after apply)
      + owner_id = (known after apply)
      + region   = "us-east-1"
      + tags     = {
          + "Name" = "internet_gateway-workshop"
        }
      + tags_all = {
          + "Name" = "internet_gateway-workshop"
        }
      + vpc_id   = (known after apply)
    }

  # aws_key_pair.key_pair will be created
  + resource "aws_key_pair" "key_pair" {
      + arn             = (known after apply)
      + fingerprint     = (known after apply)
      + id              = (known after apply)
      + key_name        = "botos3_workshop"
      + key_name_prefix = (known after apply)
      + key_pair_id     = (known after apply)
      + key_type        = (known after apply)
      + public_key      = (known after apply)
      + region          = "us-east-1"
      + tags_all        = (known after apply)
    }

  # aws_kms_alias.kms_s3_key_alias will be created
  + resource "aws_kms_alias" "kms_s3_key_alias" {
      + arn            = (known after apply)
      + id             = (known after apply)
      + name           = "alias/s3-key"
      + name_prefix    = (known after apply)
      + region         = "us-east-1"
      + target_key_arn = (known after apply)
      + target_key_id  = (known after apply)
    }

  # aws_kms_key.kms_s3_key will be created
  + resource "aws_kms_key" "kms_s3_key" {
      + arn                                = (known after apply)
      + bypass_policy_lockout_safety_check = false
      + customer_master_key_spec           = "SYMMETRIC_DEFAULT"
      + deletion_window_in_days            = 7
      + description                        = "Key to protect S3 objects"
      + enable_key_rotation                = false
      + id                                 = (known after apply)
      + is_enabled                         = true
      + key_id                             = (known after apply)
      + key_usage                          = "ENCRYPT_DECRYPT"
      + multi_region                       = (known after apply)
      + policy                             = (known after apply)
      + region                             = "us-east-1"
      + rotation_period_in_days            = (known after apply)
      + tags_all                           = (known after apply)
    }

  # aws_route_table.public-route-table will be created
  + resource "aws_route_table" "public-route-table" {
      + arn              = (known after apply)
      + id               = (known after apply)
      + owner_id         = (known after apply)
      + propagating_vgws = (known after apply)
      + region           = "us-east-1"
      + route            = [
          + {
              + cidr_block                 = "0.0.0.0/0"
              + gateway_id                 = (known after apply)
                # (11 unchanged attributes hidden)
            },
        ]
      + tags             = {
          + "Name" = "Public Route Table-workshop"
        }
      + tags_all         = {
          + "Name" = "Public Route Table-workshop"
        }
      + vpc_id           = (known after apply)
    }

  # aws_route_table_association.public-subnet-1-route-table-association will be created
  + resource "aws_route_table_association" "public-subnet-1-route-table-association" {
      + id             = (known after apply)
      + region         = "us-east-1"
      + route_table_id = (known after apply)
      + subnet_id      = (known after apply)
    }

  # aws_s3_bucket.s3 will be created
  + resource "aws_s3_bucket" "s3" {
      + acceleration_status         = (known after apply)
      + acl                         = (known after apply)
      + arn                         = (known after apply)
      + bucket                      = "s3-bucket-workshop-1001-pyday"
      + bucket_domain_name          = (known after apply)
      + bucket_prefix               = (known after apply)
      + bucket_region               = (known after apply)
      + bucket_regional_domain_name = (known after apply)
      + force_destroy               = false
      + hosted_zone_id              = (known after apply)
      + id                          = (known after apply)
      + object_lock_enabled         = (known after apply)
      + policy                      = (known after apply)
      + region                      = "us-east-1"
      + request_payer               = (known after apply)
      + tags                        = {
          + "Environment" = "production"
          + "Name"        = "workshop-s3"
        }
      + tags_all                    = {
          + "Environment" = "production"
          + "Name"        = "workshop-s3"
        }
      + website_domain              = (known after apply)
      + website_endpoint            = (known after apply)

      + cors_rule (known after apply)

      + grant (known after apply)

      + lifecycle_rule (known after apply)

      + logging (known after apply)

      + object_lock_configuration (known after apply)

      + replication_configuration (known after apply)

      + server_side_encryption_configuration (known after apply)

      + versioning (known after apply)

      + website (known after apply)
    }

  # aws_s3_bucket_acl.s3_protected_bucket_acl will be created
  + resource "aws_s3_bucket_acl" "s3_protected_bucket_acl" {
      + acl    = "private"
      + bucket = (known after apply)
      + id     = (known after apply)
      + region = "us-east-1"

      + access_control_policy (known after apply)
    }

  # aws_s3_bucket_lifecycle_configuration.s3_protected_bucket_lifecycle_rule will be created
  + resource "aws_s3_bucket_lifecycle_configuration" "s3_protected_bucket_lifecycle_rule" {
      + bucket                                 = "s3-bucket-workshop-1001-pyday"
      + expected_bucket_owner                  = (known after apply)
      + id                                     = (known after apply)
      + region                                 = "us-east-1"
      + transition_default_minimum_object_size = "all_storage_classes_128K"

      + rule {
          + id     = "basic_config"
          + status = "Enabled"
            # (1 unchanged attribute hidden)

          + filter {
              + prefix = "config/"
            }

          + noncurrent_version_transition {
              + noncurrent_days = 30
              + storage_class   = "STANDARD_IA"
            }
        }
    }

  # aws_s3_bucket_ownership_controls.s3_bucket_acl_ownership will be created
  + resource "aws_s3_bucket_ownership_controls" "s3_bucket_acl_ownership" {
      + bucket = (known after apply)
      + id     = (known after apply)
      + region = "us-east-1"

      + rule {
          + object_ownership = "ObjectWriter"
        }
    }

  # aws_s3_bucket_policy.allow_access_from_another_account will be created
  + resource "aws_s3_bucket_policy" "allow_access_from_another_account" {
      + bucket = (known after apply)
      + id     = (known after apply)
      + policy = (known after apply)
      + region = "us-east-1"
    }

  # aws_s3_bucket_public_access_block.s3_protected_bucket_access will be created
  + resource "aws_s3_bucket_public_access_block" "s3_protected_bucket_access" {
      + block_public_acls       = false
      + block_public_policy     = false
      + bucket                  = (known after apply)
      + id                      = (known after apply)
      + ignore_public_acls      = false
      + region                  = "us-east-1"
      + restrict_public_buckets = true
    }

  # aws_s3_bucket_server_side_encryption_configuration.s3_protected_bucket_server_side_encryption will be created
  + resource "aws_s3_bucket_server_side_encryption_configuration" "s3_protected_bucket_server_side_encryption" {
      + bucket = "s3-bucket-workshop-1001-pyday"
      + id     = (known after apply)
      + region = "us-east-1"

      + rule {
          + blocked_encryption_types = []

          + apply_server_side_encryption_by_default {
              + kms_master_key_id = (known after apply)
              + sse_algorithm     = "aws:kms"
            }
        }
    }

  # aws_s3_bucket_versioning.s3_protected_bucket_versioning will be created
  + resource "aws_s3_bucket_versioning" "s3_protected_bucket_versioning" {
      + bucket = (known after apply)
      + id     = (known after apply)
      + region = "us-east-1"

      + versioning_configuration {
          + mfa_delete = (known after apply)
          + status     = "Enabled"
        }
    }

  # aws_s3_object.website will be created
  + resource "aws_s3_object" "website" {
      + acl                    = (known after apply)
      + arn                    = (known after apply)
      + bucket                 = (known after apply)
      + bucket_key_enabled     = (known after apply)
      + checksum_crc32         = (known after apply)
      + checksum_crc32c        = (known after apply)
      + checksum_crc64nvme     = (known after apply)
      + checksum_sha1          = (known after apply)
      + checksum_sha256        = (known after apply)
      + content_type           = (known after apply)
      + etag                   = (known after apply)
      + force_destroy          = false
      + id                     = (known after apply)
      + key                    = "imagenes/index.html"
      + kms_key_id             = (known after apply)
      + region                 = "us-east-1"
      + server_side_encryption = (known after apply)
      + source                 = "file/index.html"
      + storage_class          = (known after apply)
      + tags_all               = (known after apply)
      + version_id             = (known after apply)
    }

  # aws_security_group.ssh-security-group will be created
  + resource "aws_security_group" "ssh-security-group" {
      + arn                    = (known after apply)
      + description            = "Enable SSH access on Port 22"
      + egress                 = [
          + {
              + cidr_blocks      = [
                  + "0.0.0.0/0",
                ]
              + from_port        = 0
              + ipv6_cidr_blocks = []
              + prefix_list_ids  = []
              + protocol         = "-1"
              + security_groups  = []
              + self             = false
              + to_port          = 0
                # (1 unchanged attribute hidden)
            },
        ]
      + id                     = (known after apply)
      + ingress                = [
          + {
              + cidr_blocks      = [
                  + "0.0.0.0/0",
                ]
              + description      = "HTTP access"
              + from_port        = 80
              + ipv6_cidr_blocks = []
              + prefix_list_ids  = []
              + protocol         = "tcp"
              + security_groups  = []
              + self             = false
              + to_port          = 80
            },
          + {
              + cidr_blocks      = [
                  + "0.0.0.0/0",
                ]
              + description      = "SSH Access"
              + from_port        = 22
              + ipv6_cidr_blocks = []
              + prefix_list_ids  = []
              + protocol         = "tcp"
              + security_groups  = []
              + self             = false
              + to_port          = 22
            },
        ]
      + name                   = "SSH Security Group"
      + name_prefix            = (known after apply)
      + owner_id               = (known after apply)
      + region                 = "us-east-1"
      + revoke_rules_on_delete = false
      + tags                   = {
          + "Name" = "SSH Security Group"
        }
      + tags_all               = {
          + "Name" = "SSH Security Group"
        }
      + vpc_id                 = (known after apply)
    }

  # aws_subnet.public-subnet-1 will be created
  + resource "aws_subnet" "public-subnet-1" {
      + arn                                            = (known after apply)
      + assign_ipv6_address_on_creation                = false
      + availability_zone                              = "us-east-1a"
      + availability_zone_id                           = (known after apply)
      + cidr_block                                     = "10.0.0.0/24"
      + enable_dns64                                   = false
      + enable_resource_name_dns_a_record_on_launch    = false
      + enable_resource_name_dns_aaaa_record_on_launch = false
      + id                                             = (known after apply)
      + ipv6_cidr_block_association_id                 = (known after apply)
      + ipv6_native                                    = false
      + map_public_ip_on_launch                        = true
      + owner_id                                       = (known after apply)
      + private_dns_hostname_type_on_launch            = (known after apply)
      + region                                         = "us-east-1"
      + tags                                           = {
          + "Name" = "public-subnet-1-workshop"
        }
      + tags_all                                       = {
          + "Name" = "public-subnet-1-workshop"
        }
      + vpc_id                                         = (known after apply)
    }

  # aws_vpc.vpc will be created
  + resource "aws_vpc" "vpc" {
      + arn                                  = (known after apply)
      + cidr_block                           = "10.0.0.0/16"
      + default_network_acl_id               = (known after apply)
      + default_route_table_id               = (known after apply)
      + default_security_group_id            = (known after apply)
      + dhcp_options_id                      = (known after apply)
      + enable_dns_hostnames                 = true
      + enable_dns_support                   = true
      + enable_network_address_usage_metrics = (known after apply)
      + id                                   = (known after apply)
      + instance_tenancy                     = "default"
      + ipv6_association_id                  = (known after apply)
      + ipv6_cidr_block                      = (known after apply)
      + ipv6_cidr_block_network_border_group = (known after apply)
      + main_route_table_id                  = (known after apply)
      + owner_id                             = (known after apply)
      + region                               = "us-east-1"
      + tags                                 = {
          + "Name" = "vpc_workshop"
        }
      + tags_all                             = {
          + "Name" = "vpc_workshop"
        }
    }

  # local_file.ssh_key will be created
  + resource "local_file" "ssh_key" {
      + content              = (sensitive value)
      + content_base64sha256 = (known after apply)
      + content_base64sha512 = (known after apply)
      + content_md5          = (known after apply)
      + content_sha1         = (known after apply)
      + content_sha256       = (known after apply)
      + content_sha512       = (known after apply)
      + directory_permission = "0777"
      + file_permission      = "0600"
      + filename             = "botos3_workshop.pem"
      + id                   = (known after apply)
    }

  # tls_private_key.key will be created
  + resource "tls_private_key" "key" {
      + algorithm                     = "ED25519"
      + ecdsa_curve                   = "P224"
      + id                            = (known after apply)
      + private_key_openssh           = (sensitive value)
      + private_key_pem               = (sensitive value)
      + private_key_pem_pkcs8         = (sensitive value)
      + public_key_fingerprint_md5    = (known after apply)
      + public_key_fingerprint_sha256 = (known after apply)
      + public_key_openssh            = (known after apply)
      + public_key_pem                = (known after apply)
      + rsa_bits                      = 2048
    }

Plan: 24 to add, 0 to change, 0 to destroy.

Changes to Outputs:
  + key_name    = "botos3_workshop"
  + public_ip   = (known after apply)
  + ssh_keypair = (sensitive value)
