
Terraform used the selected providers to generate the following execution
plan. Resource actions are indicated with the following symbols:
  + create
 <= read (data resources)

Terraform will perform the following actions:

  # data.aws_iam_policy_document.app will be read during apply
  # (config refers to values not yet known)
 <= data "aws_iam_policy_document" "app" {
      + id            = (known after apply)
      + json          = (known after apply)
      + minified_json = (known after apply)

      + statement {
          + actions   = [
              + "s3:ListAllMyBuckets",
            ]
          + effect    = "Allow"
          + resources = [
              + "*",
            ]
          + sid       = "ListAllBuckets"
        }
      + statement {
          + actions   = [
              + "s3:ListBucket",
            ]
          + effect    = "Allow"
          + resources = [
              + (known after apply),
            ]
          + sid       = "ListDemoBucket"
        }
    }

  # aws_iam_access_key.app will be created
  + resource "aws_iam_access_key" "app" {
      + create_date                    = (known after apply)
      + encrypted_secret               = (known after apply)
      + encrypted_ses_smtp_password_v4 = (known after apply)
      + id                             = (known after apply)
      + key_fingerprint                = (known after apply)
      + secret                         = (sensitive value)
      + ses_smtp_password_v4           = (sensitive value)
      + status                         = "Active"
      + user                           = (known after apply)
    }

  # aws_iam_user.app will be created
  + resource "aws_iam_user" "app" {
      + arn           = (known after apply)
      + force_destroy = false
      + id            = (known after apply)
      + name          = (known after apply)
      + path          = "/"
      + tags_all      = {
          + "Managed" = "terraform"
          + "Project" = "go-aws-s3-bucket-list"
        }
      + unique_id     = (known after apply)
    }

  # aws_iam_user_policy.app will be created
  + resource "aws_iam_user_policy" "app" {
      + id          = (known after apply)
      + name        = (known after apply)
      + name_prefix = (known after apply)
      + policy      = (known after apply)
      + user        = (known after apply)
    }

  # aws_s3_bucket.demo will be created
  + resource "aws_s3_bucket" "demo" {
      + acceleration_status         = (known after apply)
      + acl                         = (known after apply)
      + arn                         = (known after apply)
      + bucket                      = (known after apply)
      + bucket_domain_name          = (known after apply)
      + bucket_prefix               = (known after apply)
      + bucket_region               = (known after apply)
      + bucket_regional_domain_name = (known after apply)
      + force_destroy               = true
      + hosted_zone_id              = (known after apply)
      + id                          = (known after apply)
      + object_lock_enabled         = (known after apply)
      + policy                      = (known after apply)
      + region                      = "us-east-1"
      + request_payer               = (known after apply)
      + tags_all                    = {
          + "Managed" = "terraform"
          + "Project" = "go-aws-s3-bucket-list"
        }
      + website_domain              = (known after apply)
      + website_endpoint            = (known after apply)

      + cors_rule (known after apply)

      + grant (known after apply)

      + lifecycle_rule (known after apply)

      + logging (known after apply)

      + object_lock_configuration (known after apply)

      + replication_configuration (known after apply)

      + server_side_encryption_configuration (known after apply)

      + versioning (known after apply)

      + website (known after apply)
    }

  # aws_s3_bucket_public_access_block.demo will be created
  + resource "aws_s3_bucket_public_access_block" "demo" {
      + block_public_acls       = true
      + block_public_policy     = true
      + bucket                  = (known after apply)
      + id                      = (known after apply)
      + ignore_public_acls      = true
      + region                  = "us-east-1"
      + restrict_public_buckets = true
    }

  # random_id.suffix will be created
  + resource "random_id" "suffix" {
      + b64_std     = (known after apply)
      + b64_url     = (known after apply)
      + byte_length = 4
      + dec         = (known after apply)
      + hex         = (known after apply)
      + id          = (known after apply)
    }

Plan: 6 to add, 0 to change, 0 to destroy.

Changes to Outputs:
  + aws_access_key_id     = (known after apply)
  + aws_secret_access_key = (sensitive value)
  + demo_bucket_name      = (known after apply)
  + iam_user_name         = (known after apply)
