{"format_version":"1.2","terraform_version":"1.13.5","variables":{"app_name":{"value":"go-aws-s3-bucket-list"},"aws_region":{"value":"us-east-1"}},"planned_values":{"outputs":{"aws_access_key_id":{"sensitive":false},"aws_secret_access_key":{"sensitive":true},"demo_bucket_name":{"sensitive":false},"iam_user_name":{"sensitive":false}},"root_module":{"resources":[{"address":"aws_iam_access_key.app","mode":"managed","type":"aws_iam_access_key","name":"app","provider_name":"registry.terraform.io/hashicorp/aws","schema_version":0,"values":{"pgp_key":null,"status":"Active"},"sensitive_values":{"secret":true,"ses_smtp_password_v4":true}},{"address":"aws_iam_user.app","mode":"managed","type":"aws_iam_user","name":"app","provider_name":"registry.terraform.io/hashicorp/aws","schema_version":0,"values":{"force_destroy":false,"path":"/","permissions_boundary":null,"tags":null,"tags_all":{"Managed":"terraform","Project":"go-aws-s3-bucket-list"}},"sensitive_values":{"tags_all":{}}},{"address":"aws_iam_user_policy.app","mode":"managed","type":"aws_iam_user_policy","name":"app","provider_name":"registry.terraform.io/hashicorp/aws","schema_version":0,"sensitive_values":{}},{"address":"aws_s3_bucket.demo","mode":"managed","type":"aws_s3_bucket","name":"demo","provider_name":"registry.terraform.io/hashicorp/aws","schema_version":0,"values":{"force_destroy":true,"region":"us-east-1","tags":null,"tags_all":{"Managed":"terraform","Project":"go-aws-s3-bucket-list"},"timeouts":null},"sensitive_values":{"cors_rule":[],"grant":[],"lifecycle_rule":[],"logging":[],"object_lock_configuration":[],"replication_configuration":[],"server_side_encryption_configuration":[],"tags_all":{},"versioning":[],"website":[]},"identity_schema_version":0,"identity":{"account_id":null,"bucket":null,"region":null}},{"address":"aws_s3_bucket_public_access_block.demo","mode":"managed","type":"aws_s3_bucket_public_access_block","name":"demo","provider_name":"registry.terraform.io/hashicorp/aws","schema_version":0,"values":{"block_public_acls":true,"block_public_policy":true,"ignore_public_acls":true,"region":"us-east-1","restrict_public_buckets":true,"skip_destroy":null},"sensitive_values":{},"identity_schema_version":0,"identity":{"account_id":null,"bucket":null,"region":null}},{"address":"data.aws_iam_policy_document.app","mode":"data","type":"aws_iam_policy_document","name":"app","provider_name":"registry.terraform.io/hashicorp/aws","schema_version":0,"values":{"override_json":null,"override_policy_documents":null,"policy_id":null,"source_json":null,"source_policy_documents":null,"statement":[{"actions":["s3:ListAllMyBuckets"],"condition":[],"effect":"Allow","not_actions":null,"not_principals":[],"not_resources":null,"principals":[],"resources":["*"],"sid":"ListAllBuckets"},{"actions":["s3:ListBucket"],"condition":[],"effect":"Allow","not_actions":null,"not_principals":[],"not_resources":null,"principals":[],"resources":[null],"sid":"ListDemoBucket"}],"version":null},"sensitive_values":{"statement":[{"actions":[false],"condition":[],"not_principals":[],"principals":[],"resources":[false]},{"actions":[false],"condition":[],"not_principals":[],"principals":[],"resources":[false]}]}},{"address":"random_id.suffix","mode":"managed","type":"random_id","name":"suffix","provider_name":"registry.terraform.io/hashicorp/random","schema_version":0,"values":{"byte_length":4,"keepers":null,"prefix":null},"sensitive_values":{}}]}},"resource_changes":[{"address":"data.aws_iam_policy_document.app","mode":"data","type":"aws_iam_policy_document","name":"app","provider_name":"registry.terraform.io/hashicorp/aws","change":{"actions":["read"],"before":null,"after":{"override_json":null,"override_policy_documents":null,"policy_id":null,"source_json":null,"source_policy_documents":null,"statement":[{"actions":["s3:ListAllMyBuckets"],"condition":[],"effect":"Allow","not_actions":null,"not_principals":[],"not_resources":null,"principals":[],"resources":["*"],"sid":"ListAllBuckets"},{"actions":["s3:ListBucket"],"condition":[],"effect":"Allow","not_actions":null,"not_principals":[],"not_resources":null,"principals":[],"resources":[null],"sid":"ListDemoBucket"}],"version":null},"after_unknown":{"id":true,"json":true,"minified_json":true,"statement":[{"actions":[false],"condition":[],"not_principals":[],"principals":[],"resources":[false]},{"actions":[false],"condition":[],"not_principals":[],"principals":[],"resources":[true]}]},"before_sensitive":false,"after_sensitive":{"statement":[{"actions":[false],"condition":[],"not_principals":[],"principals":[],"resources":[false]},{"actions":[false],"condition":[],"not_principals":[],"principals":[],"resources":[false]}]}},"action_reason":"read_because_config_unknown"},{"address":"aws_iam_access_key.app","mode":"managed","type":"aws_iam_access_key","name":"app","provider_name":"registry.terraform.io/hashicorp/aws","change":{"actions":["create"],"before":null,"after":{"pgp_key":null,"status":"Active"},"after_unknown":{"create_date":true,"encrypted_secret":true,"encrypted_ses_smtp_password_v4":true,"id":true,"key_fingerprint":true,"secret":true,"ses_smtp_password_v4":true,"user":true},"before_sensitive":false,"after_sensitive":{"secret":true,"ses_smtp_password_v4":true}}},{"address":"aws_iam_user.app","mode":"managed","type":"aws_iam_user","name":"app","provider_name":"registry.terraform.io/hashicorp/aws","change":{"actions":["create"],"before":null,"after":{"force_destroy":false,"path":"/","permissions_boundary":null,"tags":null,"tags_all":{"Managed":"terraform","Project":"go-aws-s3-bucket-list"}},"after_unknown":{"arn":true,"id":true,"name":true,"tags_all":{},"unique_id":true},"before_sensitive":false,"after_sensitive":{"tags_all":{}}}},{"address":"aws_iam_user_policy.app","mode":"managed","type":"aws_iam_user_policy","name":"app","provider_name":"registry.terraform.io/hashicorp/aws","change":{"actions":["create"],"before":null,"after":{},"after_unknown":{"id":true,"name":true,"name_prefix":true,"policy":true,"user":true},"before_sensitive":false,"after_sensitive":{}}},{"address":"aws_s3_bucket.demo","mode":"managed","type":"aws_s3_bucket","name":"demo","provider_name":"registry.terraform.io/hashicorp/aws","change":{"actions":["create"],"before":null,"after":{"force_destroy":true,"region":"us-east-1","tags":null,"tags_all":{"Managed":"terraform","Project":"go-aws-s3-bucket-list"},"timeouts":null},"after_unknown":{"acceleration_status":true,"acl":true,"arn":true,"bucket":true,"bucket_domain_name":true,"bucket_prefix":true,"bucket_region":true,"bucket_regional_domain_name":true,"cors_rule":true,"grant":true,"hosted_zone_id":true,"id":true,"lifecycle_rule":true,"logging":true,"object_lock_configuration":true,"object_lock_enabled":true,"policy":true,"replication_configuration":true,"request_payer":true,"server_side_encryption_configuration":true,"tags_all":{},"versioning":true,"website":true,"website_domain":true,"website_endpoint":true},"before_sensitive":false,"after_sensitive":{"cors_rule":[],"grant":[],"lifecycle_rule":[],"logging":[],"object_lock_configuration":[],"replication_configuration":[],"server_side_encryption_configuration":[],"tags_all":{},"versioning":[],"website":[]},"after_identity":{"account_id":null,"bucket":null,"region":null}}},{"address":"aws_s3_bucket_public_access_block.demo","mode":"managed","type":"aws_s3_bucket_public_access_block","name":"demo","provider_name":"registry.terraform.io/hashicorp/aws","change":{"actions":["create"],"before":null,"after":{"block_public_acls":true,"block_public_policy":true,"ignore_public_acls":true,"region":"us-east-1","restrict_public_buckets":true,"skip_destroy":null},"after_unknown":{"bucket":true,"id":true},"before_sensitive":false,"after_sensitive":{},"after_identity":{"account_id":null,"bucket":null,"region":null}}},{"address":"random_id.suffix","mode":"managed","type":"random_id","name":"suffix","provider_name":"registry.terraform.io/hashicorp/random","change":{"actions":["create"],"before":null,"after":{"byte_length":4,"keepers":null,"prefix":null},"after_unknown":{"b64_std":true,"b64_url":true,"dec":true,"hex":true,"id":true},"before_sensitive":false,"after_sensitive":{}}}],"output_changes":{"aws_access_key_id":{"actions":["create"],"before":null,"after_unknown":true,"before_sensitive":false,"after_sensitive":false},"aws_secret_access_key":{"actions":["create"],"before":null,"after_unknown":true,"before_sensitive":true,"after_sensitive":true},"demo_bucket_name":{"actions":["create"],"before":null,"after_unknown":true,"before_sensitive":false,"after_sensitive":false},"iam_user_name":{"actions":["create"],"before":null,"after_unknown":true,"before_sensitive":false,"after_sensitive":false}},"configuration":{"provider_config":{"aws":{"name":"aws","full_name":"registry.terraform.io/hashicorp/aws","version_constraint":"\u003e= 5.0.0","expressions":{"default_tags":[{"tags":{"references":["var.app_name"]}}],"region":{"references":["var.aws_region"]}}},"random":{"name":"random","full_name":"registry.terraform.io/hashicorp/random","version_constraint":"\u003e= 3.5.0"}},"root_module":{"outputs":{"aws_access_key_id":{"expression":{"references":["aws_iam_access_key.app.id","aws_iam_access_key.app"]},"description":"Access key id for the IAM user (use with the secret access key output)."},"aws_secret_access_key":{"sensitive":true,"expression":{"references":["aws_iam_access_key.app.secret","aws_iam_access_key.app"]},"description":"Secret access key for the IAM user."},"demo_bucket_name":{"expression":{"references":["aws_s3_bucket.demo.bucket","aws_s3_bucket.demo"]},"description":"A demo S3 bucket created by Terraform."},"iam_user_name":{"expression":{"references":["aws_iam_user.app.name","aws_iam_user.app"]},"description":"IAM user that can list S3 buckets."}},"resources":[{"address":"aws_iam_access_key.app","mode":"managed","type":"aws_iam_access_key","name":"app","provider_config_key":"aws","expressions":{"user":{"references":["aws_iam_user.app.name","aws_iam_user.app"]}},"schema_version":0},{"address":"aws_iam_user.app","mode":"managed","type":"aws_iam_user","name":"app","provider_config_key":"aws","expressions":{"name":{"references":["var.app_name","random_id.suffix.hex","random_id.suffix"]}},"schema_version":0},{"address":"aws_iam_user_policy.app","mode":"managed","type":"aws_iam_user_policy","name":"app","provider_config_key":"aws","expressions":{"name":{"references":["var.app_name","random_id.suffix.hex","random_id.suffix"]},"policy":{"references":["data.aws_iam_policy_document.app.json","data.aws_iam_policy_document.app"]},"user":{"references":["aws_iam_user.app.name","aws_iam_user.app"]}},"schema_version":0},{"address":"aws_s3_bucket.demo","mode":"managed","type":"aws_s3_bucket","name":"demo","provider_config_key":"aws","expressions":{"bucket":{"references":["var.app_name","random_id.suffix.hex","random_id.suffix"]},"force_destroy":{"constant_value":true}},"schema_version":0},{"address":"aws_s3_bucket_public_access_block.demo","mode":"managed","type":"aws_s3_bucket_public_access_block","name":"demo","provider_config_key":"aws","expressions":{"block_public_acls":{"constant_value":true},"block_public_policy":{"constant_value":true},"bucket":{"references":["aws_s3_bucket.demo.id","aws_s3_bucket.demo"]},"ignore_public_acls":{"constant_value":true},"restrict_public_buckets":{"constant_value":true}},"schema_version":0},{"address":"random_id.suffix","mode":"managed","type":"random_id","name":"suffix","provider_config_key":"random","expressions":{"byte_length":{"constant_value":4}},"schema_version":0},{"address":"data.aws_iam_policy_document.app","mode":"data","type":"aws_iam_policy_document","name":"app","provider_config_key":"aws","expressions":{"statement":[{"actions":{"constant_value":["s3:ListAllMyBuckets"]},"effect":{"constant_value":"Allow"},"resources":{"constant_value":["*"]},"sid":{"constant_value":"ListAllBuckets"}},{"actions":{"constant_value":["s3:ListBucket"]},"effect":{"constant_value":"Allow"},"resources":{"references":["aws_s3_bucket.demo.arn","aws_s3_bucket.demo"]},"sid":{"constant_value":"ListDemoBucket"}}]},"schema_version":0}],"variables":{"app_name":{"default":"go-aws-s3-bucket-list","description":"Application name used for tagging and resource naming."},"aws_region":{"default":"us-east-1","description":"AWS region to deploy into."}}}},"relevant_attributes":[{"resource":"aws_s3_bucket.demo","attribute":["arn"]},{"resource":"random_id.suffix","attribute":["hex"]},{"resource":"aws_iam_access_key.app","attribute":["id"]},{"resource":"aws_s3_bucket.demo","attribute":["id"]},{"resource":"aws_iam_access_key.app","attribute":["secret"]},{"resource":"data.aws_iam_policy_document.app","attribute":["json"]},{"resource":"aws_iam_user.app","attribute":["name"]},{"resource":"aws_s3_bucket.demo","attribute":["bucket"]}],"timestamp":"2026-01-25T21:45:10Z","applyable":true,"complete":true,"errored":false}
