{
  "version": 4,
  "terraform_version": "1.13.5",
  "serial": 1,
  "lineage": "8618db22-72f3-640c-4c5c-f53f0ce30b53",
  "outputs": {},
  "resources": [
    {
      "mode": "managed",
      "type": "random_id",
      "name": "suffix",
      "provider": "provider[\"registry.terraform.io/hashicorp/random\"]",
      "instances": [
        {
          "schema_version": 0,
          "attributes": {
            "b64_std": "Ia8SeQ==",
            "b64_url": "Ia8SeQ",
            "byte_length": 4,
            "dec": "565121657",
            "hex": "21af1279",
            "id": "Ia8SeQ",
            "keepers": null,
            "prefix": null
          },
          "sensitive_attributes": [],
          "identity_schema_version": 0
        }
      ]
    }
  ],
  "check_results": null
}
