{"format_version":"1.2","terraform_version":"1.13.5","variables":{"ACCOUNT_ID":{"value":"680465557"},"AWS_PAGER":{"value":""},"CLOUDTRAIL_NAME":{"value":"680465557"},"ECR_REPO_NAME":{"value":"680465557"},"ECR_REPO_TAG":{"value":"680465557"},"EVENTBRIDGE_NAME":{"value":"680465557"},"GITHUB_REPO":{"value":"680465557"},"GITHUB_TOKEN":{"value":"680465557"},"GITHUB_USERNAME":{"value":"680465557"},"IMAGE":{"value":"680465557"},"LAMBDA_FUNCTION_NAME":{"value":"680465557"},"LAMBDA_TIMEOUT":{"value":120},"POLICY_NAME":{"value":"680465557"},"RANDOM_SUFFIX":{"value":"680465557"},"REGION":{"value":"us-east-1"},"ROLE_NAME":{"value":"680465557"},"S3_BUCKET_NAME":{"value":"680465557"}},"planned_values":{"root_module":{"resources":[{"address":"aws_cloudtrail.cloudtrail","mode":"managed","type":"aws_cloudtrail","name":"cloudtrail","provider_name":"registry.terraform.io/hashicorp/aws","schema_version":1,"values":{"advanced_event_selector":[],"cloud_watch_logs_group_arn":null,"cloud_watch_logs_role_arn":null,"enable_log_file_validation":true,"enable_logging":true,"event_selector":[],"include_global_service_events":true,"insight_selector":[],"is_multi_region_trail":true,"is_organization_trail":false,"kms_key_id":null,"name":"680465557","region":"us-east-1","s3_bucket_name":"680465557","s3_key_prefix":null,"sns_topic_name":null,"tags":null},"sensitive_values":{"advanced_event_selector":[],"event_selector":[],"insight_selector":[],"tags_all":{}},"identity_schema_version":0,"identity":{"arn":null}},{"address":"aws_cloudwatch_event_rule.iam_and_orgs_rule","mode":"managed","type":"aws_cloudwatch_event_rule","name":"iam_and_orgs_rule","provider_name":"registry.terraform.io/hashicorp/aws","schema_version":1,"values":{"description":"Capture events from IAM and Organizations","event_bus_name":"default","event_pattern":"{\"source\":[\"aws.iam\",\"aws.organizations\"]}","force_destroy":false,"is_enabled":null,"name":"680465557","region":"us-east-1","role_arn":null,"schedule_expression":null,"state":null,"tags":null},"sensitive_values":{"tags_all":{}},"identity_schema_version":0,"identity":{"account_id":null,"name":null,"region":null}},{"address":"aws_cloudwatch_event_target.event_target","mode":"managed","type":"aws_cloudwatch_event_target","name":"event_target","provider_name":"registry.terraform.io/hashicorp/aws","schema_version":1,"values":{"appsync_target":[],"batch_target":[],"dead_letter_config":[],"ecs_target":[],"event_bus_name":"default","force_destroy":false,"http_target":[],"input":null,"input_path":null,"input_transformer":[],"kinesis_target":[],"redshift_target":[],"region":"us-east-1","retry_policy":[],"role_arn":null,"rule":"680465557","run_command_targets":[],"sagemaker_pipeline_target":[],"sqs_target":[],"target_id":"LambdaFunction"},"sensitive_values":{"appsync_target":[],"batch_target":[],"dead_letter_config":[],"ecs_target":[],"http_target":[],"input_transformer":[],"kinesis_target":[],"redshift_target":[],"retry_policy":[],"run_command_targets":[],"sagemaker_pipeline_target":[],"sqs_target":[]},"identity_schema_version":0,"identity":{"account_id":null,"event_bus_name":null,"region":null,"rule":null,"target_id":null}},{"address":"aws_cloudwatch_log_group.lambda_log_group","mode":"managed","type":"aws_cloudwatch_log_group","name":"lambda_log_group","provider_name":"registry.terraform.io/hashicorp/aws","schema_version":0,"values":{"kms_key_id":null,"name":"/aws/lambda/680465557","region":"us-east-1","retention_in_days":7,"skip_destroy":false,"tags":null},"sensitive_values":{"tags_all":{}},"identity_schema_version":0,"identity":{"account_id":null,"name":null,"region":null}},{"address":"aws_iam_policy.lambda_policy","mode":"managed","type":"aws_iam_policy","name":"lambda_policy","provider_name":"registry.terraform.io/hashicorp/aws","schema_version":0,"values":{"description":"Policy for Lambda function","name":"680465557","path":"/","policy":"{\"Statement\":[{\"Action\":[\"logs:CreateLogGroup\",\"logs:CreateLogStream\",\"logs:PutLogEvents\"],\"Effect\":\"Allow\",\"Resource\":\"arn:aws:logs:us-east-1:000000000000:log-group:/aws/lambda/680465557:*\"},{\"Action\":[\"iam:ListPolicies\",\"iam:ListRoles\",\"organizations:ListPolicies\",\"organizations:DescribePolicy\"],\"Effect\":\"Allow\",\"Resource\":\"*\"},{\"Action\":\"kms:Decrypt\",\"Effect\":\"Allow\",\"Resource\":\"arn:aws:kms:us-east-1:000000000000:key/*\"}],\"Version\":\"2012-10-17\"}","tags":null},"sensitive_values":{"tags_all":{}},"identity_schema_version":0,"identity":{"arn":null}},{"address":"aws_iam_role.lambda_role","mode":"managed","type":"aws_iam_role","name":"lambda_role","provider_name":"registry.terraform.io/hashicorp/aws","schema_version":0,"values":{"assume_role_policy":"{\"Statement\":[{\"Action\":\"sts:AssumeRole\",\"Effect\":\"Allow\",\"Principal\":{\"Service\":\"lambda.amazonaws.com\"}}],\"Version\":\"2012-10-17\"}","description":null,"force_detach_policies":false,"max_session_duration":3600,"name":"680465557","path":"/","permissions_boundary":null,"tags":null},"sensitive_values":{"inline_policy":[],"managed_policy_arns":[],"tags_all":{}},"identity_schema_version":0,"identity":{"account_id":null,"name":null}},{"address":"aws_iam_role_policy_attachment.lambda_policy_attach","mode":"managed","type":"aws_iam_role_policy_attachment","name":"lambda_policy_attach","provider_name":"registry.terraform.io/hashicorp/aws","schema_version":0,"values":{"role":"680465557"},"sensitive_values":{},"identity_schema_version":0,"identity":{"account_id":null,"policy_arn":null,"role":null}},{"address":"aws_lambda_function.lambda_function","mode":"managed","type":"aws_lambda_function","name":"lambda_function","provider_name":"registry.terraform.io/hashicorp/aws","schema_version":0,"values":{"architectures":["x86_64"],"capacity_provider_config":[],"code_signing_config_arn":null,"dead_letter_config":[],"description":null,"durable_config":[],"environment":[],"file_system_config":[],"filename":null,"function_name":"680465557","handler":null,"image_config":[],"image_uri":"000000000000.dkr.ecr.us-east-1.amazonaws.com/680465557:680465557","kms_key_arn":null,"layers":null,"memory_size":128,"package_type":"Image","publish":false,"publish_to":null,"region":"us-east-1","replace_security_groups_on_destroy":null,"replacement_security_group_ids":null,"reserved_concurrent_executions":-1,"runtime":null,"s3_bucket":null,"s3_key":null,"s3_object_version":null,"skip_destroy":false,"snap_start":[],"source_kms_key_arn":null,"tags":null,"tenancy_config":[],"timeout":120,"timeouts":null,"vpc_config":[]},"sensitive_values":{"architectures":[false],"capacity_provider_config":[],"dead_letter_config":[],"durable_config":[],"environment":[],"ephemeral_storage":[],"file_system_config":[],"image_config":[],"logging_config":[],"snap_start":[],"tags_all":{},"tenancy_config":[],"tracing_config":[],"vpc_config":[]},"identity_schema_version":0,"identity":{"account_id":null,"function_name":null,"region":null}},{"address":"aws_lambda_permission.allow_eventbridge","mode":"managed","type":"aws_lambda_permission","name":"allow_eventbridge","provider_name":"registry.terraform.io/hashicorp/aws","schema_version":0,"values":{"action":"lambda:InvokeFunction","event_source_token":null,"function_name":"680465557","function_url_auth_type":null,"principal":"events.amazonaws.com","principal_org_id":null,"qualifier":null,"region":"us-east-1","source_account":null,"statement_id":"AllowExecutionFromEventBridge"},"sensitive_values":{},"identity_schema_version":0,"identity":{"account_id":null,"function_name":null,"qualifier":null,"region":null,"statement_id":null}},{"address":"aws_s3_bucket.cloudtrail_bucket","mode":"managed","type":"aws_s3_bucket","name":"cloudtrail_bucket","provider_name":"registry.terraform.io/hashicorp/aws","schema_version":0,"values":{"bucket":"680465557","force_destroy":true,"region":"us-east-1","tags":null,"timeouts":null},"sensitive_values":{"cors_rule":[],"grant":[],"lifecycle_rule":[],"logging":[],"object_lock_configuration":[],"replication_configuration":[],"server_side_encryption_configuration":[],"tags_all":{},"versioning":[],"website":[]},"identity_schema_version":0,"identity":{"account_id":null,"bucket":null,"region":null}},{"address":"aws_s3_bucket_policy.cloudtrail_bucket_policy","mode":"managed","type":"aws_s3_bucket_policy","name":"cloudtrail_bucket_policy","provider_name":"registry.terraform.io/hashicorp/aws","schema_version":0,"values":{"region":"us-east-1"},"sensitive_values":{},"identity_schema_version":0,"identity":{"account_id":null,"bucket":null,"region":null}}]}},"resource_changes":[{"address":"aws_cloudtrail.cloudtrail","mode":"managed","type":"aws_cloudtrail","name":"cloudtrail","provider_name":"registry.terraform.io/hashicorp/aws","change":{"actions":["create"],"before":null,"after":{"advanced_event_selector":[],"cloud_watch_logs_group_arn":null,"cloud_watch_logs_role_arn":null,"enable_log_file_validation":true,"enable_logging":true,"event_selector":[],"include_global_service_events":true,"insight_selector":[],"is_multi_region_trail":true,"is_organization_trail":false,"kms_key_id":null,"name":"680465557","region":"us-east-1","s3_bucket_name":"680465557","s3_key_prefix":null,"sns_topic_name":null,"tags":null},"after_unknown":{"advanced_event_selector":[],"arn":true,"event_selector":[],"home_region":true,"id":true,"insight_selector":[],"sns_topic_arn":true,"tags_all":true},"before_sensitive":false,"after_sensitive":{"advanced_event_selector":[],"event_selector":[],"insight_selector":[],"tags_all":{}},"after_identity":{"arn":null}}},{"address":"aws_cloudwatch_event_rule.iam_and_orgs_rule","mode":"managed","type":"aws_cloudwatch_event_rule","name":"iam_and_orgs_rule","provider_name":"registry.terraform.io/hashicorp/aws","change":{"actions":["create"],"before":null,"after":{"description":"Capture events from IAM and Organizations","event_bus_name":"default","event_pattern":"{\"source\":[\"aws.iam\",\"aws.organizations\"]}","force_destroy":false,"is_enabled":null,"name":"680465557","region":"us-east-1","role_arn":null,"schedule_expression":null,"state":null,"tags":null},"after_unknown":{"arn":true,"id":true,"name_prefix":true,"tags_all":true},"before_sensitive":false,"after_sensitive":{"tags_all":{}},"after_identity":{"account_id":null,"name":null,"region":null}}},{"address":"aws_cloudwatch_event_target.event_target","mode":"managed","type":"aws_cloudwatch_event_target","name":"event_target","provider_name":"registry.terraform.io/hashicorp/aws","change":{"actions":["create"],"before":null,"after":{"appsync_target":[],"batch_target":[],"dead_letter_config":[],"ecs_target":[],"event_bus_name":"default","force_destroy":false,"http_target":[],"input":null,"input_path":null,"input_transformer":[],"kinesis_target":[],"redshift_target":[],"region":"us-east-1","retry_policy":[],"role_arn":null,"rule":"680465557","run_command_targets":[],"sagemaker_pipeline_target":[],"sqs_target":[],"target_id":"LambdaFunction"},"after_unknown":{"appsync_target":[],"arn":true,"batch_target":[],"dead_letter_config":[],"ecs_target":[],"http_target":[],"id":true,"input_transformer":[],"kinesis_target":[],"redshift_target":[],"retry_policy":[],"run_command_targets":[],"sagemaker_pipeline_target":[],"sqs_target":[]},"before_sensitive":false,"after_sensitive":{"appsync_target":[],"batch_target":[],"dead_letter_config":[],"ecs_target":[],"http_target":[],"input_transformer":[],"kinesis_target":[],"redshift_target":[],"retry_policy":[],"run_command_targets":[],"sagemaker_pipeline_target":[],"sqs_target":[]},"after_identity":{"account_id":null,"event_bus_name":null,"region":null,"rule":null,"target_id":null}}},{"address":"aws_cloudwatch_log_group.lambda_log_group","mode":"managed","type":"aws_cloudwatch_log_group","name":"lambda_log_group","provider_name":"registry.terraform.io/hashicorp/aws","change":{"actions":["create"],"before":null,"after":{"kms_key_id":null,"name":"/aws/lambda/680465557","region":"us-east-1","retention_in_days":7,"skip_destroy":false,"tags":null},"after_unknown":{"arn":true,"deletion_protection_enabled":true,"id":true,"log_group_class":true,"name_prefix":true,"tags_all":true},"before_sensitive":false,"after_sensitive":{"tags_all":{}},"after_identity":{"account_id":null,"name":null,"region":null}}},{"address":"aws_iam_policy.lambda_policy","mode":"managed","type":"aws_iam_policy","name":"lambda_policy","provider_name":"registry.terraform.io/hashicorp/aws","change":{"actions":["create"],"before":null,"after":{"description":"Policy for Lambda function","name":"680465557","path":"/","policy":"{\"Statement\":[{\"Action\":[\"logs:CreateLogGroup\",\"logs:CreateLogStream\",\"logs:PutLogEvents\"],\"Effect\":\"Allow\",\"Resource\":\"arn:aws:logs:us-east-1:000000000000:log-group:/aws/lambda/680465557:*\"},{\"Action\":[\"iam:ListPolicies\",\"iam:ListRoles\",\"organizations:ListPolicies\",\"organizations:DescribePolicy\"],\"Effect\":\"Allow\",\"Resource\":\"*\"},{\"Action\":\"kms:Decrypt\",\"Effect\":\"Allow\",\"Resource\":\"arn:aws:kms:us-east-1:000000000000:key/*\"}],\"Version\":\"2012-10-17\"}","tags":null},"after_unknown":{"arn":true,"attachment_count":true,"id":true,"name_prefix":true,"policy_id":true,"tags_all":true},"before_sensitive":false,"after_sensitive":{"tags_all":{}},"after_identity":{"arn":null}}},{"address":"aws_iam_role.lambda_role","mode":"managed","type":"aws_iam_role","name":"lambda_role","provider_name":"registry.terraform.io/hashicorp/aws","change":{"actions":["create"],"before":null,"after":{"assume_role_policy":"{\"Statement\":[{\"Action\":\"sts:AssumeRole\",\"Effect\":\"Allow\",\"Principal\":{\"Service\":\"lambda.amazonaws.com\"}}],\"Version\":\"2012-10-17\"}","description":null,"force_detach_policies":false,"max_session_duration":3600,"name":"680465557","path":"/","permissions_boundary":null,"tags":null},"after_unknown":{"arn":true,"create_date":true,"id":true,"inline_policy":true,"managed_policy_arns":true,"name_prefix":true,"tags_all":true,"unique_id":true},"before_sensitive":false,"after_sensitive":{"inline_policy":[],"managed_policy_arns":[],"tags_all":{}},"after_identity":{"account_id":null,"name":null}}},{"address":"aws_iam_role_policy_attachment.lambda_policy_attach","mode":"managed","type":"aws_iam_role_policy_attachment","name":"lambda_policy_attach","provider_name":"registry.terraform.io/hashicorp/aws","change":{"actions":["create"],"before":null,"after":{"role":"680465557"},"after_unknown":{"id":true,"policy_arn":true},"before_sensitive":false,"after_sensitive":{},"after_identity":{"account_id":null,"policy_arn":null,"role":null}}},{"address":"aws_lambda_function.lambda_function","mode":"managed","type":"aws_lambda_function","name":"lambda_function","provider_name":"registry.terraform.io/hashicorp/aws","change":{"actions":["create"],"before":null,"after":{"architectures":["x86_64"],"capacity_provider_config":[],"code_signing_config_arn":null,"dead_letter_config":[],"description":null,"durable_config":[],"environment":[],"file_system_config":[],"filename":null,"function_name":"680465557","handler":null,"image_config":[],"image_uri":"000000000000.dkr.ecr.us-east-1.amazonaws.com/680465557:680465557","kms_key_arn":null,"layers":null,"memory_size":128,"package_type":"Image","publish":false,"publish_to":null,"region":"us-east-1","replace_security_groups_on_destroy":null,"replacement_security_group_ids":null,"reserved_concurrent_executions":-1,"runtime":null,"s3_bucket":null,"s3_key":null,"s3_object_version":null,"skip_destroy":false,"snap_start":[],"source_kms_key_arn":null,"tags":null,"tenancy_config":[],"timeout":120,"timeouts":null,"vpc_config":[]},"after_unknown":{"architectures":[false],"arn":true,"capacity_provider_config":[],"code_sha256":true,"dead_letter_config":[],"durable_config":[],"environment":[],"ephemeral_storage":true,"file_system_config":[],"id":true,"image_config":[],"invoke_arn":true,"last_modified":true,"logging_config":true,"qualified_arn":true,"qualified_invoke_arn":true,"role":true,"signing_job_arn":true,"signing_profile_version_arn":true,"snap_start":[],"source_code_hash":true,"source_code_size":true,"tags_all":true,"tenancy_config":[],"tracing_config":true,"version":true,"vpc_config":[]},"before_sensitive":false,"after_sensitive":{"architectures":[false],"capacity_provider_config":[],"dead_letter_config":[],"durable_config":[],"environment":[],"ephemeral_storage":[],"file_system_config":[],"image_config":[],"logging_config":[],"snap_start":[],"tags_all":{},"tenancy_config":[],"tracing_config":[],"vpc_config":[]},"after_identity":{"account_id":null,"function_name":null,"region":null}}},{"address":"aws_lambda_permission.allow_eventbridge","mode":"managed","type":"aws_lambda_permission","name":"allow_eventbridge","provider_name":"registry.terraform.io/hashicorp/aws","change":{"actions":["create"],"before":null,"after":{"action":"lambda:InvokeFunction","event_source_token":null,"function_name":"680465557","function_url_auth_type":null,"principal":"events.amazonaws.com","principal_org_id":null,"qualifier":null,"region":"us-east-1","source_account":null,"statement_id":"AllowExecutionFromEventBridge"},"after_unknown":{"id":true,"source_arn":true,"statement_id_prefix":true},"before_sensitive":false,"after_sensitive":{},"after_identity":{"account_id":null,"function_name":null,"qualifier":null,"region":null,"statement_id":null}}},{"address":"aws_s3_bucket.cloudtrail_bucket","mode":"managed","type":"aws_s3_bucket","name":"cloudtrail_bucket","provider_name":"registry.terraform.io/hashicorp/aws","change":{"actions":["create"],"before":null,"after":{"bucket":"680465557","force_destroy":true,"region":"us-east-1","tags":null,"timeouts":null},"after_unknown":{"acceleration_status":true,"acl":true,"arn":true,"bucket_domain_name":true,"bucket_prefix":true,"bucket_region":true,"bucket_regional_domain_name":true,"cors_rule":true,"grant":true,"hosted_zone_id":true,"id":true,"lifecycle_rule":true,"logging":true,"object_lock_configuration":true,"object_lock_enabled":true,"policy":true,"replication_configuration":true,"request_payer":true,"server_side_encryption_configuration":true,"tags_all":true,"versioning":true,"website":true,"website_domain":true,"website_endpoint":true},"before_sensitive":false,"after_sensitive":{"cors_rule":[],"grant":[],"lifecycle_rule":[],"logging":[],"object_lock_configuration":[],"replication_configuration":[],"server_side_encryption_configuration":[],"tags_all":{},"versioning":[],"website":[]},"after_identity":{"account_id":null,"bucket":null,"region":null}}},{"address":"aws_s3_bucket_policy.cloudtrail_bucket_policy","mode":"managed","type":"aws_s3_bucket_policy","name":"cloudtrail_bucket_policy","provider_name":"registry.terraform.io/hashicorp/aws","change":{"actions":["create"],"before":null,"after":{"region":"us-east-1"},"after_unknown":{"bucket":true,"id":true,"policy":true},"before_sensitive":false,"after_sensitive":{},"after_identity":{"account_id":null,"bucket":null,"region":null}}}],"prior_state":{"format_version":"1.0","terraform_version":"1.13.5","values":{"root_module":{"resources":[{"address":"data.archive_file.lambda_dummy","mode":"data","type":"archive_file","name":"lambda_dummy","provider_name":"registry.terraform.io/hashicorp/archive","schema_version":0,"values":{"exclude_symlink_directories":null,"excludes":null,"id":"58e93fade67637870be5af38eff8d5aa66c7da49","output_base64sha256":"wmbalFzzY/wG3ivChKElOZB3+B4gptmQyIat05p+fU4=","output_base64sha512":"BQYAg1LwEY4tDmry1VoRx6StX0vjH+7LpfB5KAZLVvfJQjioPbBv1QxI6QF6P2U614fU3h9XKBCb9z5Y1ornqA==","output_file_mode":null,"output_md5":"a0dbd832a6a977d6d5b28ea5c85e30fb","output_path":"./.dummy/lambda.zip","output_sha":"58e93fade67637870be5af38eff8d5aa66c7da49","output_sha256":"c266da945cf363fc06de2bc284a125399077f81e20a6d990c886add39a7e7d4e","output_sha512":"0506008352f0118e2d0e6af2d55a11c7a4ad5f4be31feecba5f07928064b56f7c94238a83db06fd50c48e9017a3f653ad787d4de1f5728109bf73e58d68ae7a8","output_size":246,"source":[{"content":"exports.handler = async (event) =\u003e {\n  console.log(\"Dummy lambda invoked\");\n  return { statusCode: 200, body: \"dummy\" };\n};\n","filename":"index.js"}],"source_content":null,"source_content_filename":null,"source_dir":null,"source_file":null,"type":"zip"},"sensitive_values":{"source":[{}]}},{"address":"data.aws_caller_identity.current","mode":"data","type":"aws_caller_identity","name":"current","provider_name":"registry.terraform.io/hashicorp/aws","schema_version":0,"values":{"account_id":"000000000000","arn":"arn:aws:iam::000000000000:root","id":"000000000000","user_id":"AKIAIOSFODNN7EXAMPLE"},"sensitive_values":{}}]}}},"configuration":{"provider_config":{"archive":{"name":"archive","full_name":"registry.terraform.io/hashicorp/archive","version_constraint":"\u003e= 2.0.0"},"aws":{"name":"aws","full_name":"registry.terraform.io/hashicorp/aws","version_constraint":"~\u003e 6.27.0","expressions":{"region":{"constant_value":"us-east-1"}}}},"root_module":{"resources":[{"address":"aws_cloudtrail.cloudtrail","mode":"managed","type":"aws_cloudtrail","name":"cloudtrail","provider_config_key":"aws","expressions":{"enable_log_file_validation":{"constant_value":true},"enable_logging":{"constant_value":true},"include_global_service_events":{"constant_value":true},"is_multi_region_trail":{"constant_value":true},"name":{"references":["local.cloudtrail_name"]},"s3_bucket_name":{"references":["aws_s3_bucket.cloudtrail_bucket.bucket","aws_s3_bucket.cloudtrail_bucket"]}},"schema_version":1},{"address":"aws_cloudwatch_event_rule.iam_and_orgs_rule","mode":"managed","type":"aws_cloudwatch_event_rule","name":"iam_and_orgs_rule","provider_config_key":"aws","expressions":{"description":{"constant_value":"Capture events from IAM and Organizations"},"event_pattern":{},"name":{"references":["local.eventbridge_name"]}},"schema_version":1},{"address":"aws_cloudwatch_event_target.event_target","mode":"managed","type":"aws_cloudwatch_event_target","name":"event_target","provider_config_key":"aws","expressions":{"arn":{"references":["aws_lambda_function.lambda_function.arn","aws_lambda_function.lambda_function"]},"rule":{"references":["aws_cloudwatch_event_rule.iam_and_orgs_rule.name","aws_cloudwatch_event_rule.iam_and_orgs_rule"]},"target_id":{"constant_value":"LambdaFunction"}},"schema_version":1},{"address":"aws_cloudwatch_log_group.lambda_log_group","mode":"managed","type":"aws_cloudwatch_log_group","name":"lambda_log_group","provider_config_key":"aws","expressions":{"name":{"references":["aws_lambda_function.lambda_function.function_name","aws_lambda_function.lambda_function"]},"retention_in_days":{"constant_value":7}},"schema_version":0},{"address":"aws_iam_policy.lambda_policy","mode":"managed","type":"aws_iam_policy","name":"lambda_policy","provider_config_key":"aws","expressions":{"description":{"constant_value":"Policy for Lambda function"},"name":{"references":["local.policy_name"]},"policy":{"references":["local.region","local.account_id","local.lambda_function_name","local.region","local.account_id"]}},"schema_version":0},{"address":"aws_iam_role.lambda_role","mode":"managed","type":"aws_iam_role","name":"lambda_role","provider_config_key":"aws","expressions":{"assume_role_policy":{},"name":{"references":["local.role_name"]}},"schema_version":0},{"address":"aws_iam_role_policy_attachment.lambda_policy_attach","mode":"managed","type":"aws_iam_role_policy_attachment","name":"lambda_policy_attach","provider_config_key":"aws","expressions":{"policy_arn":{"references":["aws_iam_policy.lambda_policy.arn","aws_iam_policy.lambda_policy"]},"role":{"references":["aws_iam_role.lambda_role.name","aws_iam_role.lambda_role"]}},"schema_version":0},{"address":"aws_lambda_function.lambda_function","mode":"managed","type":"aws_lambda_function","name":"lambda_function","provider_config_key":"aws","expressions":{"architectures":{"constant_value":["x86_64"]},"function_name":{"references":["local.lambda_function_name"]},"image_uri":{"references":["local.account_id","local.region","local.ecr_repo_name","local.ecr_repo_tag"]},"package_type":{"constant_value":"Image"},"role":{"references":["aws_iam_role.lambda_role.arn","aws_iam_role.lambda_role"]},"timeout":{"references":["local.lambda_timeout"]}},"schema_version":0},{"address":"aws_lambda_permission.allow_eventbridge","mode":"managed","type":"aws_lambda_permission","name":"allow_eventbridge","provider_config_key":"aws","expressions":{"action":{"constant_value":"lambda:InvokeFunction"},"function_name":{"references":["aws_lambda_function.lambda_function.function_name","aws_lambda_function.lambda_function"]},"principal":{"constant_value":"events.amazonaws.com"},"source_arn":{"references":["aws_cloudwatch_event_rule.iam_and_orgs_rule.arn","aws_cloudwatch_event_rule.iam_and_orgs_rule"]},"statement_id":{"constant_value":"AllowExecutionFromEventBridge"}},"schema_version":0},{"address":"aws_s3_bucket.cloudtrail_bucket","mode":"managed","type":"aws_s3_bucket","name":"cloudtrail_bucket","provider_config_key":"aws","expressions":{"bucket":{"references":["local.s3_bucket_name"]},"force_destroy":{"constant_value":true}},"schema_version":0},{"address":"aws_s3_bucket_policy.cloudtrail_bucket_policy","mode":"managed","type":"aws_s3_bucket_policy","name":"cloudtrail_bucket_policy","provider_config_key":"aws","expressions":{"bucket":{"references":["aws_s3_bucket.cloudtrail_bucket.id","aws_s3_bucket.cloudtrail_bucket"]},"policy":{"references":["aws_s3_bucket.cloudtrail_bucket.arn","aws_s3_bucket.cloudtrail_bucket","aws_s3_bucket.cloudtrail_bucket.arn","aws_s3_bucket.cloudtrail_bucket"]}},"schema_version":0},{"address":"data.archive_file.lambda_dummy","mode":"data","type":"archive_file","name":"lambda_dummy","provider_config_key":"archive","expressions":{"output_path":{"references":["local.lambda_dummy_zip"]},"source":[{"content":{"constant_value":"exports.handler = async (event) =\u003e {\n  console.log(\"Dummy lambda invoked\");\n  return { statusCode: 200, body: \"dummy\" };\n};\n"},"filename":{"constant_value":"index.js"}}],"type":{"constant_value":"zip"}},"schema_version":0},{"address":"data.aws_caller_identity.current","mode":"data","type":"aws_caller_identity","name":"current","provider_config_key":"aws","schema_version":0}],"variables":{"ACCOUNT_ID":{"description":"AWS Account ID"},"AWS_PAGER":{"default":"","description":"AWS Pager Environment Variable"},"CLOUDTRAIL_NAME":{"description":"Cloudtrail name"},"ECR_REPO_NAME":{"description":"ECR Repository Name"},"ECR_REPO_TAG":{"description":"ECR Repository Tag"},"EVENTBRIDGE_NAME":{"description":"EventBridge name"},"GITHUB_REPO":{"description":"GitHub repository name"},"GITHUB_TOKEN":{"description":"GitHub Personal Access Token","sensitive":true},"GITHUB_USERNAME":{"description":"GitHub username"},"IMAGE":{"description":"Docker Image URI"},"LAMBDA_FUNCTION_NAME":{"description":"Lambda Function Name"},"LAMBDA_TIMEOUT":{"default":120,"description":"Lambda Function Timeout"},"POLICY_NAME":{"description":"IAM Policy Name"},"RANDOM_SUFFIX":{"description":"Random Suffix for Resource Names"},"REGION":{"description":"AWS Region"},"ROLE_NAME":{"description":"IAM Role Name"},"S3_BUCKET_NAME":{"description":"S3 Bucket"}}}},"relevant_attributes":[{"resource":"aws_iam_policy.lambda_policy","attribute":["arn"]},{"resource":"aws_iam_role.lambda_role","attribute":["arn"]},{"resource":"aws_iam_role.lambda_role","attribute":["name"]},{"resource":"aws_lambda_function.lambda_function","attribute":["function_name"]},{"resource":"aws_cloudwatch_event_rule.iam_and_orgs_rule","attribute":["arn"]},{"resource":"aws_s3_bucket.cloudtrail_bucket","attribute":["bucket"]},{"resource":"aws_s3_bucket.cloudtrail_bucket","attribute":["id"]},{"resource":"aws_cloudwatch_event_rule.iam_and_orgs_rule","attribute":["name"]},{"resource":"data.aws_caller_identity.current","attribute":["account_id"]},{"resource":"aws_lambda_function.lambda_function","attribute":["arn"]},{"resource":"aws_s3_bucket.cloudtrail_bucket","attribute":["arn"]}],"timestamp":"2026-01-23T07:59:20Z","applyable":true,"complete":true,"errored":false}
