
Terraform used the selected providers to generate the following execution
plan. Resource actions are indicated with the following symbols:
  + create

Terraform will perform the following actions:

  # aws_dynamodb_table.terraform_locks will be created
  + resource "aws_dynamodb_table" "terraform_locks" {
      + arn              = (known after apply)
      + billing_mode     = "PAY_PER_REQUEST"
      + hash_key         = "LockID"
      + id               = (known after apply)
      + name             = "mehljecs_state_locks"
      + read_capacity    = (known after apply)
      + region           = "us-east-1"
      + stream_arn       = (known after apply)
      + stream_label     = (known after apply)
      + stream_view_type = (known after apply)
      + tags_all         = (known after apply)
      + write_capacity   = (known after apply)

      + attribute {
          + name = "LockID"
          + type = "S"
        }

      + global_table_witness (known after apply)

      + point_in_time_recovery (known after apply)

      + server_side_encryption (known after apply)

      + ttl (known after apply)

      + warm_throughput (known after apply)
    }

  # aws_s3_bucket.mehlj-ecs-tfstate will be created
  + resource "aws_s3_bucket" "mehlj-ecs-tfstate" {
      + acceleration_status         = (known after apply)
      + acl                         = (known after apply)
      + arn                         = (known after apply)
      + bucket                      = "mehlj-ecs-tfstate"
      + bucket_domain_name          = (known after apply)
      + bucket_prefix               = (known after apply)
      + bucket_region               = (known after apply)
      + bucket_regional_domain_name = (known after apply)
      + force_destroy               = false
      + hosted_zone_id              = (known after apply)
      + id                          = (known after apply)
      + object_lock_enabled         = (known after apply)
      + policy                      = (known after apply)
      + region                      = "us-east-1"
      + request_payer               = (known after apply)
      + tags_all                    = (known after apply)
      + website_domain              = (known after apply)
      + website_endpoint            = (known after apply)

      + cors_rule (known after apply)

      + grant (known after apply)

      + lifecycle_rule (known after apply)

      + logging (known after apply)

      + object_lock_configuration (known after apply)

      + replication_configuration (known after apply)

      + server_side_encryption_configuration {
          + rule {
              + apply_server_side_encryption_by_default {
                  + sse_algorithm = "AES256"
                }
            }
        }

      + versioning {
          + enabled    = true
          + mfa_delete = false
        }

      + website (known after apply)
    }

Plan: 2 to add, 0 to change, 0 to destroy.
aws_dynamodb_table.terraform_locks: Creating...
aws_s3_bucket.mehlj-ecs-tfstate: Creating...
aws_dynamodb_table.terraform_locks: Creation complete after 7s [id=mehljecs_state_locks]
aws_s3_bucket.mehlj-ecs-tfstate: Still creating... [00m10s elapsed]
aws_s3_bucket.mehlj-ecs-tfstate: Still creating... [00m20s elapsed]
aws_s3_bucket.mehlj-ecs-tfstate: Still creating... [00m30s elapsed]
aws_s3_bucket.mehlj-ecs-tfstate: Still creating... [00m40s elapsed]
aws_s3_bucket.mehlj-ecs-tfstate: Still creating... [00m50s elapsed]
aws_s3_bucket.mehlj-ecs-tfstate: Still creating... [01m00s elapsed]
aws_s3_bucket.mehlj-ecs-tfstate: Still creating... [01m10s elapsed]
aws_s3_bucket.mehlj-ecs-tfstate: Still creating... [01m20s elapsed]
aws_s3_bucket.mehlj-ecs-tfstate: Still creating... [01m30s elapsed]
aws_s3_bucket.mehlj-ecs-tfstate: Still creating... [01m40s elapsed]
aws_s3_bucket.mehlj-ecs-tfstate: Still creating... [01m50s elapsed]
aws_s3_bucket.mehlj-ecs-tfstate: Still creating... [02m00s elapsed]
aws_s3_bucket.mehlj-ecs-tfstate: Still creating... [02m10s elapsed]
aws_s3_bucket.mehlj-ecs-tfstate: Still creating... [02m20s elapsed]
aws_s3_bucket.mehlj-ecs-tfstate: Still creating... [02m30s elapsed]
aws_s3_bucket.mehlj-ecs-tfstate: Still creating... [02m40s elapsed]
aws_s3_bucket.mehlj-ecs-tfstate: Still creating... [02m50s elapsed]
aws_s3_bucket.mehlj-ecs-tfstate: Still creating... [03m00s elapsed]
aws_s3_bucket.mehlj-ecs-tfstate: Still creating... [03m10s elapsed]
aws_s3_bucket.mehlj-ecs-tfstate: Still creating... [03m20s elapsed]
aws_s3_bucket.mehlj-ecs-tfstate: Still creating... [03m30s elapsed]
aws_s3_bucket.mehlj-ecs-tfstate: Still creating... [03m40s elapsed]
aws_s3_bucket.mehlj-ecs-tfstate: Still creating... [03m50s elapsed]
aws_s3_bucket.mehlj-ecs-tfstate: Still creating... [04m00s elapsed]
aws_s3_bucket.mehlj-ecs-tfstate: Still creating... [04m10s elapsed]
aws_s3_bucket.mehlj-ecs-tfstate: Still creating... [04m20s elapsed]
aws_s3_bucket.mehlj-ecs-tfstate: Still creating... [04m30s elapsed]
aws_s3_bucket.mehlj-ecs-tfstate: Still creating... [04m40s elapsed]
aws_s3_bucket.mehlj-ecs-tfstate: Still creating... [04m50s elapsed]
aws_s3_bucket.mehlj-ecs-tfstate: Still creating... [05m00s elapsed]
aws_s3_bucket.mehlj-ecs-tfstate: Still creating... [05m10s elapsed]
aws_s3_bucket.mehlj-ecs-tfstate: Still creating... [05m20s elapsed]
aws_s3_bucket.mehlj-ecs-tfstate: Still creating... [05m30s elapsed]
aws_s3_bucket.mehlj-ecs-tfstate: Still creating... [05m40s elapsed]
aws_s3_bucket.mehlj-ecs-tfstate: Still creating... [05m50s elapsed]
aws_s3_bucket.mehlj-ecs-tfstate: Still creating... [06m00s elapsed]
aws_s3_bucket.mehlj-ecs-tfstate: Still creating... [06m10s elapsed]
aws_s3_bucket.mehlj-ecs-tfstate: Still creating... [06m20s elapsed]
aws_s3_bucket.mehlj-ecs-tfstate: Still creating... [06m30s elapsed]
aws_s3_bucket.mehlj-ecs-tfstate: Still creating... [06m40s elapsed]
aws_s3_bucket.mehlj-ecs-tfstate: Still creating... [06m50s elapsed]
aws_s3_bucket.mehlj-ecs-tfstate: Still creating... [07m00s elapsed]
aws_s3_bucket.mehlj-ecs-tfstate: Still creating... [07m10s elapsed]
aws_s3_bucket.mehlj-ecs-tfstate: Still creating... [07m20s elapsed]
aws_s3_bucket.mehlj-ecs-tfstate: Still creating... [07m30s elapsed]
aws_s3_bucket.mehlj-ecs-tfstate: Still creating... [07m40s elapsed]
aws_s3_bucket.mehlj-ecs-tfstate: Still creating... [07m50s elapsed]
aws_s3_bucket.mehlj-ecs-tfstate: Still creating... [08m00s elapsed]
aws_s3_bucket.mehlj-ecs-tfstate: Still creating... [08m10s elapsed]
aws_s3_bucket.mehlj-ecs-tfstate: Still creating... [08m20s elapsed]
aws_s3_bucket.mehlj-ecs-tfstate: Still creating... [08m30s elapsed]
aws_s3_bucket.mehlj-ecs-tfstate: Still creating... [08m40s elapsed]
aws_s3_bucket.mehlj-ecs-tfstate: Still creating... [08m50s elapsed]
aws_s3_bucket.mehlj-ecs-tfstate: Still creating... [09m00s elapsed]
aws_s3_bucket.mehlj-ecs-tfstate: Still creating... [09m10s elapsed]
aws_s3_bucket.mehlj-ecs-tfstate: Still creating... [09m20s elapsed]
aws_s3_bucket.mehlj-ecs-tfstate: Still creating... [09m30s elapsed]
aws_s3_bucket.mehlj-ecs-tfstate: Still creating... [09m40s elapsed]
aws_s3_bucket.mehlj-ecs-tfstate: Still creating... [09m50s elapsed]
aws_s3_bucket.mehlj-ecs-tfstate: Still creating... [10m00s elapsed]
aws_s3_bucket.mehlj-ecs-tfstate: Still creating... [10m10s elapsed]
aws_s3_bucket.mehlj-ecs-tfstate: Still creating... [10m20s elapsed]
aws_s3_bucket.mehlj-ecs-tfstate: Still creating... [10m30s elapsed]
aws_s3_bucket.mehlj-ecs-tfstate: Still creating... [10m40s elapsed]
aws_s3_bucket.mehlj-ecs-tfstate: Still creating... [10m50s elapsed]

Warning: Argument is deprecated

  with aws_s3_bucket.mehlj-ecs-tfstate,
  on main.tf line 5, in resource "aws_s3_bucket" "mehlj-ecs-tfstate":
   5: resource "aws_s3_bucket" "mehlj-ecs-tfstate" {

versioning is deprecated. Use the aws_s3_bucket_versioning resource instead.

(and 5 more similar warnings elsewhere)
