{"format_version":"1.2","terraform_version":"1.13.5","variables":{"branch_name":{"value":"master"},"environment":{"value":"dev"},"project_name":{"value":"devops-cicd-aws"},"vpc_id":{"value":"vpc-00000000"}},"planned_values":{"root_module":{"resources":[{"address":"aws_cloudwatch_event_rule.codecommit_event_rule","mode":"managed","type":"aws_cloudwatch_event_rule","name":"codecommit_event_rule","provider_name":"registry.terraform.io/hashicorp/aws","schema_version":1,"values":{"description":"Rule to trigger CodePipeline on CodeCommit events","event_bus_name":"default","event_pattern":"{\"detail\":{\"event\":[\"referenceCreated\",\"referenceUpdated\"],\"referenceName\":[\"master\"],\"referenceType\":[\"branch\"]},\"detail-type\":[\"CodeCommit Repository State Change\"],\"resources\":[\"arn:aws:codecommit:us-east-1:000000000000:dev-devops-cicd-aws-codecommit\"],\"source\":[\"aws.codecommit\"]}","force_destroy":false,"is_enabled":null,"name":"dev-devops-cicd-aws-codecommmit-event-rule","region":"us-east-1","role_arn":null,"schedule_expression":null,"state":null,"tags":null},"sensitive_values":{"tags_all":{}},"identity_schema_version":0,"identity":{"account_id":null,"name":null,"region":null}},{"address":"aws_cloudwatch_event_target.codepipeline_target","mode":"managed","type":"aws_cloudwatch_event_target","name":"codepipeline_target","provider_name":"registry.terraform.io/hashicorp/aws","schema_version":1,"values":{"appsync_target":[],"arn":"arn:aws:codepipeline:us-east-1:000000000000:dev-devops-cicd-aws-codepipeline","batch_target":[],"dead_letter_config":[],"ecs_target":[],"event_bus_name":"default","force_destroy":false,"http_target":[],"input":null,"input_path":null,"input_transformer":[],"kinesis_target":[],"redshift_target":[],"region":"us-east-1","retry_policy":[],"rule":"dev-devops-cicd-aws-codecommmit-event-rule","run_command_targets":[],"sagemaker_pipeline_target":[],"sqs_target":[]},"sensitive_values":{"appsync_target":[],"batch_target":[],"dead_letter_config":[],"ecs_target":[],"http_target":[],"input_transformer":[],"kinesis_target":[],"redshift_target":[],"retry_policy":[],"run_command_targets":[],"sagemaker_pipeline_target":[],"sqs_target":[]},"identity_schema_version":0,"identity":{"account_id":null,"event_bus_name":null,"region":null,"rule":null,"target_id":null}},{"address":"aws_codebuild_project.code_build","mode":"managed","type":"aws_codebuild_project","name":"code_build","provider_name":"registry.terraform.io/hashicorp/aws","schema_version":0,"values":{"artifacts":[{"artifact_identifier":null,"bucket_owner_access":null,"encryption_disabled":false,"location":null,"name":null,"namespace_type":null,"override_artifact_name":false,"packaging":null,"path":null,"type":"NO_ARTIFACTS"}],"badge_enabled":false,"build_batch_config":[],"build_timeout":5,"cache":[{"cache_namespace":null,"location":null,"modes":null,"type":"NO_CACHE"}],"concurrent_build_limit":null,"description":"CodeBuild for the devops-cicd-aws project","environment":[{"certificate":null,"compute_type":"BUILD_GENERAL1_SMALL","docker_server":[],"environment_variable":[{"name":"AWS_ACCOUNT_ID","type":"PLAINTEXT","value":"000000000000"},{"name":"AWS_DEFAULT_REGION","type":"PLAINTEXT","value":"us-east-1"},{"name":"IMAGE_TAG","type":"PLAINTEXT","value":"latest"},{"name":"IMAGE_REPO_NAME","type":"PLAINTEXT","value":"dev-devops-cicd-aws-ecr"},{"name":"CONTAINER_NAME","type":"PLAINTEXT","value":"dev-devops-cicd-aws-container"}],"fleet":[],"image":"aws/codebuild/amazonlinux2-x86_64-standard:5.0","image_pull_credentials_type":"CODEBUILD","privileged_mode":true,"registry_credential":[],"type":"LINUX_CONTAINER"}],"file_system_locations":[],"logs_config":[{"cloudwatch_logs":[{"group_name":"/aws/codebuild/devops-cicd-aws-codebuild","status":"ENABLED","stream_name":"devops-cicd-aws"}],"s3_logs":[]}],"name":"dev-devops-cicd-aws-codebuild","project_visibility":"PRIVATE","queued_timeout":480,"region":"us-east-1","resource_access_role":null,"secondary_artifacts":[],"secondary_source_version":[],"secondary_sources":[],"source":[{"auth":[],"build_status_config":[],"buildspec":"buildspec.yml","git_clone_depth":1,"git_submodules_config":[],"insecure_ssl":null,"location":"dev-devops-cicd-aws-codecommit","report_build_status":null,"type":"CODECOMMIT"}],"source_version":"refs/head/master","tags":{"Environment":"dev","Project":"devops-cicd-aws"},"tags_all":{"Environment":"dev","Project":"devops-cicd-aws"},"vpc_config":[]},"sensitive_values":{"artifacts":[{}],"build_batch_config":[],"cache":[{}],"environment":[{"docker_server":[],"environment_variable":[{},{},{},{},{}],"fleet":[],"registry_credential":[]}],"file_system_locations":[],"logs_config":[{"cloudwatch_logs":[{}],"s3_logs":[]}],"secondary_artifacts":[],"secondary_source_version":[],"secondary_sources":[],"source":[{"auth":[],"build_status_config":[],"git_submodules_config":[]}],"tags":{},"tags_all":{},"vpc_config":[]},"identity_schema_version":0,"identity":{"arn":null}},{"address":"aws_codecommit_repository.repository","mode":"managed","type":"aws_codecommit_repository","name":"repository","provider_name":"registry.terraform.io/hashicorp/aws","schema_version":0,"values":{"default_branch":null,"description":"This is the code commit repository for the devops-cicd-aws project","region":"us-east-1","repository_name":"dev-devops-cicd-aws-codecommit","tags":{"Environment":"dev","Project":"devops-cicd-aws"},"tags_all":{"Environment":"dev","Project":"devops-cicd-aws"}},"sensitive_values":{"tags":{},"tags_all":{}}},{"address":"aws_codepipeline.codepipeline","mode":"managed","type":"aws_codepipeline","name":"codepipeline","provider_name":"registry.terraform.io/hashicorp/aws","schema_version":0,"values":{"artifact_store":[{"encryption_key":[],"location":"dev-devops-cicd-aws-codepipeline-bucket","region":"","type":"S3"}],"execution_mode":"QUEUED","name":"dev-devops-cicd-aws-codepipeline","pipeline_type":"V2","region":"us-east-1","stage":[{"action":[{"category":"Source","configuration":{"BranchName":"master","PollForSourceChanges":"false","RepositoryName":"dev-devops-cicd-aws-codecommit"},"input_artifacts":null,"name":"Source","namespace":null,"output_artifacts":["source_output"],"owner":"AWS","provider":"CodeCommit","role_arn":null,"timeout_in_minutes":null,"version":"1"}],"before_entry":[],"name":"Source","on_failure":[],"on_success":[]},{"action":[{"category":"Build","configuration":{"ProjectName":"dev-devops-cicd-aws-codebuild"},"input_artifacts":["source_output"],"name":"Build","namespace":null,"output_artifacts":["build_output"],"owner":"AWS","provider":"CodeBuild","role_arn":null,"timeout_in_minutes":null,"version":"1"}],"before_entry":[],"name":"Build","on_failure":[],"on_success":[]},{"action":[{"category":"Deploy","configuration":{"ClusterName":"dev-devops-cicd-aws-cluster","FileName":"imagedefinitions.json","ServiceName":"dev-devops-cicd-aws-service"},"input_artifacts":["build_output"],"name":"Deploy","namespace":null,"output_artifacts":null,"owner":"AWS","provider":"ECS","role_arn":null,"timeout_in_minutes":null,"version":"1"}],"before_entry":[],"name":"Deploy","on_failure":[],"on_success":[]}],"tags":{"Environment":"dev","Project":"devops-cicd-aws"},"tags_all":{"Environment":"dev","Project":"devops-cicd-aws"},"trigger":[],"variable":[]},"sensitive_values":{"artifact_store":[{"encryption_key":[]}],"stage":[{"action":[{"configuration":{},"output_artifacts":[false]}],"before_entry":[],"on_failure":[],"on_success":[]},{"action":[{"configuration":{},"input_artifacts":[false],"output_artifacts":[false]}],"before_entry":[],"on_failure":[],"on_success":[]},{"action":[{"configuration":{},"input_artifacts":[false]}],"before_entry":[],"on_failure":[],"on_success":[]}],"tags":{},"tags_all":{},"trigger":[],"trigger_all":[],"variable":[]}},{"address":"aws_ecr_repository.repository","mode":"managed","type":"aws_ecr_repository","name":"repository","provider_name":"registry.terraform.io/hashicorp/aws","schema_version":0,"values":{"encryption_configuration":[],"force_delete":null,"image_scanning_configuration":[{"scan_on_push":true}],"image_tag_mutability":"MUTABLE","image_tag_mutability_exclusion_filter":[],"name":"dev-devops-cicd-aws-ecr","region":"us-east-1","tags":{"Environment":"dev","Project":"devops-cicd-aws"},"tags_all":{"Environment":"dev","Project":"devops-cicd-aws"},"timeouts":null},"sensitive_values":{"encryption_configuration":[],"image_scanning_configuration":[{}],"image_tag_mutability_exclusion_filter":[],"tags":{},"tags_all":{}},"identity_schema_version":0,"identity":{"account_id":null,"name":null,"region":null}},{"address":"aws_ecs_cluster.cluster","mode":"managed","type":"aws_ecs_cluster","name":"cluster","provider_name":"registry.terraform.io/hashicorp/aws","schema_version":0,"values":{"configuration":[],"name":"dev-devops-cicd-aws-cluster","region":"us-east-1","service_connect_defaults":[],"tags":{"Environment":"dev","Project":"devops-cicd-aws"},"tags_all":{"Environment":"dev","Project":"devops-cicd-aws"}},"sensitive_values":{"configuration":[],"service_connect_defaults":[],"setting":[],"tags":{},"tags_all":{}}},{"address":"aws_ecs_service.service","mode":"managed","type":"aws_ecs_service","name":"service","provider_name":"registry.terraform.io/hashicorp/aws","schema_version":1,"values":{"alarms":[],"capacity_provider_strategy":[],"deployment_circuit_breaker":[],"deployment_controller":[],"deployment_maximum_percent":200,"deployment_minimum_healthy_percent":100,"desired_count":2,"enable_ecs_managed_tags":false,"enable_execute_command":false,"force_delete":null,"force_new_deployment":null,"health_check_grace_period_seconds":null,"launch_type":"FARGATE","load_balancer":[{"advanced_configuration":[],"container_name":"dev-devops-cicd-aws-container","container_port":80,"elb_name":""}],"name":"dev-devops-cicd-aws-service","network_configuration":[{"assign_public_ip":true,"subnets":null}],"ordered_placement_strategy":[],"placement_constraints":[],"platform_version":"LATEST","propagate_tags":null,"region":"us-east-1","scheduling_strategy":"REPLICA","service_connect_configuration":[],"service_registries":[],"sigint_rollback":null,"tags":null,"timeouts":null,"volume_configuration":[],"vpc_lattice_configurations":[],"wait_for_steady_state":false},"sensitive_values":{"alarms":[],"capacity_provider_strategy":[],"deployment_circuit_breaker":[],"deployment_configuration":[],"deployment_controller":[],"load_balancer":[{"advanced_configuration":[]}],"network_configuration":[{"security_groups":[]}],"ordered_placement_strategy":[],"placement_constraints":[],"service_connect_configuration":[],"service_registries":[],"tags_all":{},"triggers":{},"volume_configuration":[],"vpc_lattice_configurations":[]}},{"address":"aws_ecs_task_definition.task_definition","mode":"managed","type":"aws_ecs_task_definition","name":"task_definition","provider_name":"registry.terraform.io/hashicorp/aws","schema_version":1,"values":{"container_definitions":"[{\"essential\":true,\"image\":\"000000000000.dkr.ecr.us-east-1.amazonaws.com/dev-devops-cicd-aws-ecr:latest\",\"name\":\"dev-devops-cicd-aws-container\",\"portMappings\":[{\"appProtocol\":\"http\",\"containerPort\":80,\"hostPort\":80,\"name\":\"devops-cicd-aws-80-tcp\",\"protocol\":\"tcp\"}]}]","cpu":"512","ephemeral_storage":[],"execution_role_arn":"arn:aws:iam::000000000000:role/ecsTaskExecutionRole","family":"dev-devops-cicd-aws-task-definition","ipc_mode":null,"memory":"1024","network_mode":"awsvpc","pid_mode":null,"placement_constraints":[],"proxy_configuration":[],"region":"us-east-1","requires_compatibilities":["FARGATE"],"runtime_platform":[{"cpu_architecture":"X86_64","operating_system_family":"LINUX"}],"skip_destroy":false,"tags":null,"task_role_arn":"arn:aws:iam::000000000000:role/ecsTaskExecutionRole","track_latest":false,"volume":[]},"sensitive_values":{"ephemeral_storage":[],"placement_constraints":[],"proxy_configuration":[],"requires_compatibilities":[false],"runtime_platform":[{}],"tags_all":{},"volume":[]}},{"address":"aws_iam_policy.codebuild","mode":"managed","type":"aws_iam_policy","name":"codebuild","provider_name":"registry.terraform.io/hashicorp/aws","schema_version":0,"values":{"description":"Policy used by codebuild for devops-cicd-aws project","name":"dev-devops-cicd-aws-codebuild-policy","path":"/","tags":{"Environment":"dev","Project":"devops-cicd-aws"},"tags_all":{"Environment":"dev","Project":"devops-cicd-aws"}},"sensitive_values":{"tags":{},"tags_all":{}},"identity_schema_version":0,"identity":{"arn":null}},{"address":"aws_iam_policy.codepipeline","mode":"managed","type":"aws_iam_policy","name":"codepipeline","provider_name":"registry.terraform.io/hashicorp/aws","schema_version":0,"values":{"description":"Policy used by codepipeline for devops-cicd-aws project","name":"dev-devops-cicd-aws-codepipeline-policy","path":"/","policy":"{\"Statement\":[{\"Action\":\"iam:PassRole\",\"Condition\":{\"StringEqualsIfExists\":{\"iam:PassedToService\":[\"cloudformation.amazonaws.com\",\"elasticbeanstalk.amazonaws.com\",\"ec2.amazonaws.com\",\"ecs-tasks.amazonaws.com\"]}},\"Effect\":\"Allow\",\"Resource\":\"*\"},{\"Action\":[\"codecommit:UploadArchive\",\"codecommit:GetUploadArchiveStatus\",\"codecommit:GetRepository\",\"codecommit:GetCommit\",\"codecommit:GetBranch\",\"codecommit:CancelUploadArchive\"],\"Effect\":\"Allow\",\"Resource\":\"arn:aws:codecommit:us-east-1:000000000000:dev-devops-cicd-aws-codecommit\"},{\"Action\":[\"s3:*\",\"ecs:*\"],\"Effect\":\"Allow\",\"Resource\":\"*\"},{\"Action\":[\"codebuild:StartBuildBatch\",\"codebuild:StartBuild\",\"codebuild:BatchGetBuilds\",\"codebuild:BatchGetBuildBatches\"],\"Effect\":\"Allow\",\"Resource\":\"arn:aws:codebuild:us-east-1:000000000000:project/dev-devops-cicd-aws-codebuild\"},{\"Action\":\"ecr:DescribeImages\",\"Effect\":\"Allow\",\"Resource\":\"*\"}],\"Version\":\"2012-10-17\"}","tags":{"Environment":"dev","Project":"devops-cicd-aws"},"tags_all":{"Environment":"dev","Project":"devops-cicd-aws"}},"sensitive_values":{"tags":{},"tags_all":{}},"identity_schema_version":0,"identity":{"arn":null}},{"address":"aws_iam_policy.codepipeline_target_policy","mode":"managed","type":"aws_iam_policy","name":"codepipeline_target_policy","provider_name":"registry.terraform.io/hashicorp/aws","schema_version":0,"values":{"description":"Policy used by cloudwatch event target for codepipeline event rule for devops-cicd-aws project","name":"dev-devops-cicd-aws-codepipeline-target-policy","path":"/","policy":"{\"Statement\":[{\"Action\":\"codepipeline:StartPipelineExecution\",\"Effect\":\"Allow\",\"Resource\":\"arn:aws:codepipeline:us-east-1:000000000000:dev-devops-cicd-aws-codepipeline\"}],\"Version\":\"2012-10-17\"}","tags":{"Environment":"dev","Project":"devops-cicd-aws"},"tags_all":{"Environment":"dev","Project":"devops-cicd-aws"}},"sensitive_values":{"tags":{},"tags_all":{}},"identity_schema_version":0,"identity":{"arn":null}},{"address":"aws_iam_role.codebuild","mode":"managed","type":"aws_iam_role","name":"codebuild","provider_name":"registry.terraform.io/hashicorp/aws","schema_version":0,"values":{"assume_role_policy":"{\"Statement\":[{\"Action\":\"sts:AssumeRole\",\"Effect\":\"Allow\",\"Principal\":{\"Service\":\"codebuild.amazonaws.com\"}}],\"Version\":\"2012-10-17\"}","description":null,"force_detach_policies":false,"max_session_duration":3600,"name":"dev-devops-cicd-aws-codebuild-role","path":"/","permissions_boundary":null,"tags":{"Environment":"dev","Project":"devops-cicd-aws"},"tags_all":{"Environment":"dev","Project":"devops-cicd-aws"}},"sensitive_values":{"inline_policy":[],"managed_policy_arns":[],"tags":{},"tags_all":{}},"identity_schema_version":0,"identity":{"account_id":null,"name":null}},{"address":"aws_iam_role.codepipeline","mode":"managed","type":"aws_iam_role","name":"codepipeline","provider_name":"registry.terraform.io/hashicorp/aws","schema_version":0,"values":{"assume_role_policy":"{\"Statement\":[{\"Action\":\"sts:AssumeRole\",\"Effect\":\"Allow\",\"Principal\":{\"Service\":\"codepipeline.amazonaws.com\"}}],\"Version\":\"2012-10-17\"}","description":null,"force_detach_policies":false,"max_session_duration":3600,"name":"dev-devops-cicd-aws-codepipeline-role","path":"/","permissions_boundary":null,"tags":{"Environment":"dev","Project":"devops-cicd-aws"},"tags_all":{"Environment":"dev","Project":"devops-cicd-aws"}},"sensitive_values":{"inline_policy":[],"managed_policy_arns":[],"tags":{},"tags_all":{}},"identity_schema_version":0,"identity":{"account_id":null,"name":null}},{"address":"aws_iam_role.codepipeline_target_rule","mode":"managed","type":"aws_iam_role","name":"codepipeline_target_rule","provider_name":"registry.terraform.io/hashicorp/aws","schema_version":0,"values":{"assume_role_policy":"{\"Statement\":[{\"Action\":\"sts:AssumeRole\",\"Effect\":\"Allow\",\"Principal\":{\"Service\":\"events.amazonaws.com\"}}],\"Version\":\"2012-10-17\"}","description":null,"force_detach_policies":false,"max_session_duration":3600,"name":"dev-devops-cicd-aws-codepipeline-target-role","path":"/","permissions_boundary":null,"tags":{"Environment":"dev","Project":"devops-cicd-aws"},"tags_all":{"Environment":"dev","Project":"devops-cicd-aws"}},"sensitive_values":{"inline_policy":[],"managed_policy_arns":[],"tags":{},"tags_all":{}},"identity_schema_version":0,"identity":{"account_id":null,"name":null}},{"address":"aws_iam_role_policy_attachment.codebuild","mode":"managed","type":"aws_iam_role_policy_attachment","name":"codebuild","provider_name":"registry.terraform.io/hashicorp/aws","schema_version":0,"values":{"role":"dev-devops-cicd-aws-codebuild-role"},"sensitive_values":{},"identity_schema_version":0,"identity":{"account_id":null,"policy_arn":null,"role":null}},{"address":"aws_iam_role_policy_attachment.codepipeline","mode":"managed","type":"aws_iam_role_policy_attachment","name":"codepipeline","provider_name":"registry.terraform.io/hashicorp/aws","schema_version":0,"values":{"role":"dev-devops-cicd-aws-codepipeline-role"},"sensitive_values":{},"identity_schema_version":0,"identity":{"account_id":null,"policy_arn":null,"role":null}},{"address":"aws_iam_role_policy_attachment.codepipeline_target","mode":"managed","type":"aws_iam_role_policy_attachment","name":"codepipeline_target","provider_name":"registry.terraform.io/hashicorp/aws","schema_version":0,"values":{"role":"dev-devops-cicd-aws-codepipeline-target-role"},"sensitive_values":{},"identity_schema_version":0,"identity":{"account_id":null,"policy_arn":null,"role":null}},{"address":"aws_lb.alb","mode":"managed","type":"aws_lb","name":"alb","provider_name":"registry.terraform.io/hashicorp/aws","schema_version":0,"values":{"access_logs":[],"client_keep_alive":3600,"connection_logs":[],"customer_owned_ipv4_pool":null,"desync_mitigation_mode":"defensive","dns_record_client_routing_policy":null,"drop_invalid_header_fields":false,"enable_cross_zone_load_balancing":null,"enable_deletion_protection":false,"enable_http2":true,"enable_tls_version_and_cipher_suite_headers":false,"enable_waf_fail_open":false,"enable_xff_client_port":false,"enable_zonal_shift":false,"health_check_logs":[],"idle_timeout":60,"internal":false,"ip_address_type":"ipv4","ipam_pools":[],"load_balancer_type":"application","minimum_load_balancer_capacity":[],"name":"dev-devops-cicd-aws-alb","preserve_host_header":false,"region":"us-east-1","tags":{"Environment":"dev","Project":"devops-cicd-aws"},"tags_all":{"Environment":"dev","Project":"devops-cicd-aws"},"timeouts":null,"xff_header_processing_mode":"append"},"sensitive_values":{"access_logs":[],"connection_logs":[],"health_check_logs":[],"ipam_pools":[],"minimum_load_balancer_capacity":[],"security_groups":[],"subnet_mapping":[],"subnets":[],"tags":{},"tags_all":{}},"identity_schema_version":0,"identity":{"arn":null}},{"address":"aws_lb_listener.lb_listener","mode":"managed","type":"aws_lb_listener","name":"lb_listener","provider_name":"registry.terraform.io/hashicorp/aws","schema_version":0,"values":{"alpn_policy":null,"certificate_arn":null,"default_action":[{"authenticate_cognito":[],"authenticate_oidc":[],"fixed_response":[],"forward":[],"jwt_validation":[],"redirect":[],"type":"forward"}],"port":80,"protocol":"HTTP","region":"us-east-1","tags":{"Environment":"dev","Project":"devops-cicd-aws"},"tags_all":{"Environment":"dev","Project":"devops-cicd-aws"},"timeouts":null},"sensitive_values":{"default_action":[{"authenticate_cognito":[],"authenticate_oidc":[],"fixed_response":[],"forward":[],"jwt_validation":[],"redirect":[]}],"mutual_authentication":[],"tags":{},"tags_all":{}},"identity_schema_version":0,"identity":{"arn":null}},{"address":"aws_lb_target_group.alb_tg","mode":"managed","type":"aws_lb_target_group","name":"alb_tg","provider_name":"registry.terraform.io/hashicorp/aws","schema_version":0,"values":{"deregistration_delay":"300","ip_address_type":"ipv4","lambda_multi_value_headers_enabled":false,"name":"dev-devops-cicd-aws-alb-tg","port":80,"protocol":"HTTP","protocol_version":"HTTP1","proxy_protocol_v2":false,"region":"us-east-1","slow_start":0,"tags":{"Environment":"dev","Project":"devops-cicd-aws"},"tags_all":{"Environment":"dev","Project":"devops-cicd-aws"},"target_control_port":null,"target_type":"ip","vpc_id":"vpc-00000000"},"sensitive_values":{"health_check":[],"load_balancer_arns":[],"stickiness":[],"tags":{},"tags_all":{},"target_failover":[],"target_group_health":[],"target_health_state":[]},"identity_schema_version":0,"identity":{"arn":null}},{"address":"aws_s3_bucket.codepipeline","mode":"managed","type":"aws_s3_bucket","name":"codepipeline","provider_name":"registry.terraform.io/hashicorp/aws","schema_version":0,"values":{"bucket":"dev-devops-cicd-aws-codepipeline-bucket","force_destroy":false,"region":"us-east-1","tags":{"Environment":"dev","Project":"devops-cicd-aws"},"tags_all":{"Environment":"dev","Project":"devops-cicd-aws"},"timeouts":null},"sensitive_values":{"cors_rule":[],"grant":[],"lifecycle_rule":[],"logging":[],"object_lock_configuration":[],"replication_configuration":[],"server_side_encryption_configuration":[],"tags":{},"tags_all":{},"versioning":[],"website":[]},"identity_schema_version":0,"identity":{"account_id":null,"bucket":null,"region":null}},{"address":"aws_s3_bucket_public_access_block.codepipeline","mode":"managed","type":"aws_s3_bucket_public_access_block","name":"codepipeline","provider_name":"registry.terraform.io/hashicorp/aws","schema_version":0,"values":{"block_public_acls":true,"block_public_policy":true,"ignore_public_acls":true,"region":"us-east-1","restrict_public_buckets":true,"skip_destroy":null},"sensitive_values":{},"identity_schema_version":0,"identity":{"account_id":null,"bucket":null,"region":null}},{"address":"aws_security_group.alb_sg","mode":"managed","type":"aws_security_group","name":"alb_sg","provider_name":"registry.terraform.io/hashicorp/aws","schema_version":1,"values":{"description":"Sg for the ALB","name":"dev-devops-cicd-aws-alb-sg","region":"us-east-1","revoke_rules_on_delete":false,"tags":{"Environment":"dev","Name":"dev-devops-cicd-aws-alb-sg","Project":"devops-cicd-aws"},"tags_all":{"Environment":"dev","Name":"dev-devops-cicd-aws-alb-sg","Project":"devops-cicd-aws"},"timeouts":null,"vpc_id":"vpc-00000000"},"sensitive_values":{"egress":[],"ingress":[],"tags":{},"tags_all":{}},"identity_schema_version":0,"identity":{"account_id":null,"id":null,"region":null}},{"address":"aws_security_group.ecs_service_sg","mode":"managed","type":"aws_security_group","name":"ecs_service_sg","provider_name":"registry.terraform.io/hashicorp/aws","schema_version":1,"values":{"description":"Sg for the ECS Service","name":"dev-devops-cicd-aws-service-sg","region":"us-east-1","revoke_rules_on_delete":false,"tags":{"Environment":"dev","Name":"dev-devops-cicd-aws-alb-sg","Project":"devops-cicd-aws"},"tags_all":{"Environment":"dev","Name":"dev-devops-cicd-aws-alb-sg","Project":"devops-cicd-aws"},"timeouts":null,"vpc_id":"vpc-00000000"},"sensitive_values":{"egress":[],"ingress":[],"tags":{},"tags_all":{}},"identity_schema_version":0,"identity":{"account_id":null,"id":null,"region":null}},{"address":"aws_security_group_rule.alb_inbound","mode":"managed","type":"aws_security_group_rule","name":"alb_inbound","provider_name":"registry.terraform.io/hashicorp/aws","schema_version":2,"values":{"cidr_blocks":["0.0.0.0/0"],"description":null,"from_port":80,"ipv6_cidr_blocks":null,"prefix_list_ids":null,"protocol":"tcp","region":"us-east-1","self":false,"timeouts":null,"to_port":80,"type":"ingress"},"sensitive_values":{"cidr_blocks":[false]}},{"address":"aws_security_group_rule.alb_outbound","mode":"managed","type":"aws_security_group_rule","name":"alb_outbound","provider_name":"registry.terraform.io/hashicorp/aws","schema_version":2,"values":{"cidr_blocks":null,"description":null,"from_port":80,"ipv6_cidr_blocks":null,"prefix_list_ids":null,"protocol":"tcp","region":"us-east-1","self":false,"timeouts":null,"to_port":80,"type":"egress"},"sensitive_values":{}},{"address":"aws_security_group_rule.service_inbound","mode":"managed","type":"aws_security_group_rule","name":"service_inbound","provider_name":"registry.terraform.io/hashicorp/aws","schema_version":2,"values":{"cidr_blocks":null,"description":null,"from_port":80,"ipv6_cidr_blocks":null,"prefix_list_ids":null,"protocol":"tcp","region":"us-east-1","self":false,"timeouts":null,"to_port":80,"type":"ingress"},"sensitive_values":{}},{"address":"aws_security_group_rule.service_outbound_https","mode":"managed","type":"aws_security_group_rule","name":"service_outbound_https","provider_name":"registry.terraform.io/hashicorp/aws","schema_version":2,"values":{"cidr_blocks":["0.0.0.0/0"],"description":null,"from_port":443,"ipv6_cidr_blocks":null,"prefix_list_ids":null,"protocol":"tcp","region":"us-east-1","self":false,"timeouts":null,"to_port":443,"type":"egress"},"sensitive_values":{"cidr_blocks":[false]}},{"address":"data.aws_iam_policy_document.codebuild","mode":"data","type":"aws_iam_policy_document","name":"codebuild","provider_name":"registry.terraform.io/hashicorp/aws","schema_version":0,"values":{"override_json":null,"override_policy_documents":null,"policy_id":null,"source_json":null,"source_policy_documents":null,"statement":[{"actions":["codebuild:BatchPutCodeCoverages","codebuild:BatchPutTestCases","codebuild:CreateReport","codebuild:CreateReportGroup","codebuild:UpdateReport"],"condition":[],"effect":"Allow","not_actions":null,"not_principals":[],"not_resources":null,"principals":[],"resources":["arn:aws:codebuild:us-east-1:000000000000:project/dev-devops-cicd-aws-codebuild"],"sid":null},{"actions":["ecr:BatchCheckLayerAvailability","ecr:CompleteLayerUpload","ecr:InitiateLayerUpload","ecr:PutImage","ecr:UploadLayerPart"],"condition":[],"effect":"Allow","not_actions":null,"not_principals":[],"not_resources":null,"principals":[],"resources":[null],"sid":"AllowECRAccess"},{"actions":["ecr:GetAuthorizationToken"],"condition":[],"effect":"Allow","not_actions":null,"not_principals":[],"not_resources":null,"principals":[],"resources":["*"],"sid":"GetAuthToken"},{"actions":["codecommit:GitPull"],"condition":[],"effect":"Allow","not_actions":null,"not_principals":[],"not_resources":null,"principals":[],"resources":["arn:aws:codecommit:us-east-1:000000000000:dev-devops-cicd-aws-codecommit"],"sid":null},{"actions":["s3:GetBucketAcl","s3:GetBucketLocation","s3:GetObject","s3:GetObjectVersion","s3:PutObject"],"condition":[],"effect":"Allow","not_actions":null,"not_principals":[],"not_resources":null,"principals":[],"resources":["arn:aws:s3:::dev-devops-cicd-aws-codepipeline-bucket*"],"sid":null},{"actions":["logs:CreateLogGroup","logs:CreateLogStream","logs:PutLogEvents"],"condition":[],"effect":"Allow","not_actions":null,"not_principals":[],"not_resources":null,"principals":[],"resources":["arn:aws:logs:us-east-1:000000000000:log-group:/aws/codebuild/devops-cicd-aws-codebuild","arn:aws:logs:us-east-1:000000000000:log-group:/aws/codebuild/devops-cicd-aws-codebuild:*"],"sid":null}],"version":null},"sensitive_values":{"statement":[{"actions":[false,false,false,false,false],"condition":[],"not_principals":[],"principals":[],"resources":[false]},{"actions":[false,false,false,false,false],"condition":[],"not_principals":[],"principals":[],"resources":[false]},{"actions":[false],"condition":[],"not_principals":[],"principals":[],"resources":[false]},{"actions":[false],"condition":[],"not_principals":[],"principals":[],"resources":[false]},{"actions":[false,false,false,false,false],"condition":[],"not_principals":[],"principals":[],"resources":[false]},{"actions":[false,false,false],"condition":[],"not_principals":[],"principals":[],"resources":[false,false]}]}}]}},"resource_changes":[{"address":"data.aws_iam_policy_document.codebuild","mode":"data","type":"aws_iam_policy_document","name":"codebuild","provider_name":"registry.terraform.io/hashicorp/aws","change":{"actions":["read"],"before":null,"after":{"override_json":null,"override_policy_documents":null,"policy_id":null,"source_json":null,"source_policy_documents":null,"statement":[{"actions":["codebuild:BatchPutCodeCoverages","codebuild:BatchPutTestCases","codebuild:CreateReport","codebuild:CreateReportGroup","codebuild:UpdateReport"],"condition":[],"effect":"Allow","not_actions":null,"not_principals":[],"not_resources":null,"principals":[],"resources":["arn:aws:codebuild:us-east-1:000000000000:project/dev-devops-cicd-aws-codebuild"],"sid":null},{"actions":["ecr:BatchCheckLayerAvailability","ecr:CompleteLayerUpload","ecr:InitiateLayerUpload","ecr:PutImage","ecr:UploadLayerPart"],"condition":[],"effect":"Allow","not_actions":null,"not_principals":[],"not_resources":null,"principals":[],"resources":[null],"sid":"AllowECRAccess"},{"actions":["ecr:GetAuthorizationToken"],"condition":[],"effect":"Allow","not_actions":null,"not_principals":[],"not_resources":null,"principals":[],"resources":["*"],"sid":"GetAuthToken"},{"actions":["codecommit:GitPull"],"condition":[],"effect":"Allow","not_actions":null,"not_principals":[],"not_resources":null,"principals":[],"resources":["arn:aws:codecommit:us-east-1:000000000000:dev-devops-cicd-aws-codecommit"],"sid":null},{"actions":["s3:GetBucketAcl","s3:GetBucketLocation","s3:GetObject","s3:GetObjectVersion","s3:PutObject"],"condition":[],"effect":"Allow","not_actions":null,"not_principals":[],"not_resources":null,"principals":[],"resources":["arn:aws:s3:::dev-devops-cicd-aws-codepipeline-bucket*"],"sid":null},{"actions":["logs:CreateLogGroup","logs:CreateLogStream","logs:PutLogEvents"],"condition":[],"effect":"Allow","not_actions":null,"not_principals":[],"not_resources":null,"principals":[],"resources":["arn:aws:logs:us-east-1:000000000000:log-group:/aws/codebuild/devops-cicd-aws-codebuild","arn:aws:logs:us-east-1:000000000000:log-group:/aws/codebuild/devops-cicd-aws-codebuild:*"],"sid":null}],"version":null},"after_unknown":{"id":true,"json":true,"minified_json":true,"statement":[{"actions":[false,false,false,false,false],"condition":[],"not_principals":[],"principals":[],"resources":[false]},{"actions":[false,false,false,false,false],"condition":[],"not_principals":[],"principals":[],"resources":[true]},{"actions":[false],"condition":[],"not_principals":[],"principals":[],"resources":[false]},{"actions":[false],"condition":[],"not_principals":[],"principals":[],"resources":[false]},{"actions":[false,false,false,false,false],"condition":[],"not_principals":[],"principals":[],"resources":[false]},{"actions":[false,false,false],"condition":[],"not_principals":[],"principals":[],"resources":[false,false]}]},"before_sensitive":false,"after_sensitive":{"statement":[{"actions":[false,false,false,false,false],"condition":[],"not_principals":[],"principals":[],"resources":[false]},{"actions":[false,false,false,false,false],"condition":[],"not_principals":[],"principals":[],"resources":[false]},{"actions":[false],"condition":[],"not_principals":[],"principals":[],"resources":[false]},{"actions":[false],"condition":[],"not_principals":[],"principals":[],"resources":[false]},{"actions":[false,false,false,false,false],"condition":[],"not_principals":[],"principals":[],"resources":[false]},{"actions":[false,false,false],"condition":[],"not_principals":[],"principals":[],"resources":[false,false]}]}},"action_reason":"read_because_config_unknown"},{"address":"aws_cloudwatch_event_rule.codecommit_event_rule","mode":"managed","type":"aws_cloudwatch_event_rule","name":"codecommit_event_rule","provider_name":"registry.terraform.io/hashicorp/aws","change":{"actions":["create"],"before":null,"after":{"description":"Rule to trigger CodePipeline on CodeCommit events","event_bus_name":"default","event_pattern":"{\"detail\":{\"event\":[\"referenceCreated\",\"referenceUpdated\"],\"referenceName\":[\"master\"],\"referenceType\":[\"branch\"]},\"detail-type\":[\"CodeCommit Repository State Change\"],\"resources\":[\"arn:aws:codecommit:us-east-1:000000000000:dev-devops-cicd-aws-codecommit\"],\"source\":[\"aws.codecommit\"]}","force_destroy":false,"is_enabled":null,"name":"dev-devops-cicd-aws-codecommmit-event-rule","region":"us-east-1","role_arn":null,"schedule_expression":null,"state":null,"tags":null},"after_unknown":{"arn":true,"id":true,"name_prefix":true,"tags_all":true},"before_sensitive":false,"after_sensitive":{"tags_all":{}},"after_identity":{"account_id":null,"name":null,"region":null}}},{"address":"aws_cloudwatch_event_target.codepipeline_target","mode":"managed","type":"aws_cloudwatch_event_target","name":"codepipeline_target","provider_name":"registry.terraform.io/hashicorp/aws","change":{"actions":["create"],"before":null,"after":{"appsync_target":[],"arn":"arn:aws:codepipeline:us-east-1:000000000000:dev-devops-cicd-aws-codepipeline","batch_target":[],"dead_letter_config":[],"ecs_target":[],"event_bus_name":"default","force_destroy":false,"http_target":[],"input":null,"input_path":null,"input_transformer":[],"kinesis_target":[],"redshift_target":[],"region":"us-east-1","retry_policy":[],"rule":"dev-devops-cicd-aws-codecommmit-event-rule","run_command_targets":[],"sagemaker_pipeline_target":[],"sqs_target":[]},"after_unknown":{"appsync_target":[],"batch_target":[],"dead_letter_config":[],"ecs_target":[],"http_target":[],"id":true,"input_transformer":[],"kinesis_target":[],"redshift_target":[],"retry_policy":[],"role_arn":true,"run_command_targets":[],"sagemaker_pipeline_target":[],"sqs_target":[],"target_id":true},"before_sensitive":false,"after_sensitive":{"appsync_target":[],"batch_target":[],"dead_letter_config":[],"ecs_target":[],"http_target":[],"input_transformer":[],"kinesis_target":[],"redshift_target":[],"retry_policy":[],"run_command_targets":[],"sagemaker_pipeline_target":[],"sqs_target":[]},"after_identity":{"account_id":null,"event_bus_name":null,"region":null,"rule":null,"target_id":null}}},{"address":"aws_codebuild_project.code_build","mode":"managed","type":"aws_codebuild_project","name":"code_build","provider_name":"registry.terraform.io/hashicorp/aws","change":{"actions":["create"],"before":null,"after":{"artifacts":[{"artifact_identifier":null,"bucket_owner_access":null,"encryption_disabled":false,"location":null,"name":null,"namespace_type":null,"override_artifact_name":false,"packaging":null,"path":null,"type":"NO_ARTIFACTS"}],"badge_enabled":false,"build_batch_config":[],"build_timeout":5,"cache":[{"cache_namespace":null,"location":null,"modes":null,"type":"NO_CACHE"}],"concurrent_build_limit":null,"description":"CodeBuild for the devops-cicd-aws project","environment":[{"certificate":null,"compute_type":"BUILD_GENERAL1_SMALL","docker_server":[],"environment_variable":[{"name":"AWS_ACCOUNT_ID","type":"PLAINTEXT","value":"000000000000"},{"name":"AWS_DEFAULT_REGION","type":"PLAINTEXT","value":"us-east-1"},{"name":"IMAGE_TAG","type":"PLAINTEXT","value":"latest"},{"name":"IMAGE_REPO_NAME","type":"PLAINTEXT","value":"dev-devops-cicd-aws-ecr"},{"name":"CONTAINER_NAME","type":"PLAINTEXT","value":"dev-devops-cicd-aws-container"}],"fleet":[],"image":"aws/codebuild/amazonlinux2-x86_64-standard:5.0","image_pull_credentials_type":"CODEBUILD","privileged_mode":true,"registry_credential":[],"type":"LINUX_CONTAINER"}],"file_system_locations":[],"logs_config":[{"cloudwatch_logs":[{"group_name":"/aws/codebuild/devops-cicd-aws-codebuild","status":"ENABLED","stream_name":"devops-cicd-aws"}],"s3_logs":[]}],"name":"dev-devops-cicd-aws-codebuild","project_visibility":"PRIVATE","queued_timeout":480,"region":"us-east-1","resource_access_role":null,"secondary_artifacts":[],"secondary_source_version":[],"secondary_sources":[],"source":[{"auth":[],"build_status_config":[],"buildspec":"buildspec.yml","git_clone_depth":1,"git_submodules_config":[],"insecure_ssl":null,"location":"dev-devops-cicd-aws-codecommit","report_build_status":null,"type":"CODECOMMIT"}],"source_version":"refs/head/master","tags":{"Environment":"dev","Project":"devops-cicd-aws"},"tags_all":{"Environment":"dev","Project":"devops-cicd-aws"},"vpc_config":[]},"after_unknown":{"arn":true,"artifacts":[{}],"auto_retry_limit":true,"badge_url":true,"build_batch_config":[],"cache":[{}],"encryption_key":true,"environment":[{"docker_server":[],"environment_variable":[{},{},{},{},{}],"fleet":[],"registry_credential":[]}],"file_system_locations":[],"id":true,"logs_config":[{"cloudwatch_logs":[{}],"s3_logs":[]}],"public_project_alias":true,"secondary_artifacts":[],"secondary_source_version":[],"secondary_sources":[],"service_role":true,"source":[{"auth":[],"build_status_config":[],"git_submodules_config":[]}],"tags":{},"tags_all":{},"vpc_config":[]},"before_sensitive":false,"after_sensitive":{"artifacts":[{}],"build_batch_config":[],"cache":[{}],"environment":[{"docker_server":[],"environment_variable":[{},{},{},{},{}],"fleet":[],"registry_credential":[]}],"file_system_locations":[],"logs_config":[{"cloudwatch_logs":[{}],"s3_logs":[]}],"secondary_artifacts":[],"secondary_source_version":[],"secondary_sources":[],"source":[{"auth":[],"build_status_config":[],"git_submodules_config":[]}],"tags":{},"tags_all":{},"vpc_config":[]},"after_identity":{"arn":null}}},{"address":"aws_codecommit_repository.repository","mode":"managed","type":"aws_codecommit_repository","name":"repository","provider_name":"registry.terraform.io/hashicorp/aws","change":{"actions":["create"],"before":null,"after":{"default_branch":null,"description":"This is the code commit repository for the devops-cicd-aws project","region":"us-east-1","repository_name":"dev-devops-cicd-aws-codecommit","tags":{"Environment":"dev","Project":"devops-cicd-aws"},"tags_all":{"Environment":"dev","Project":"devops-cicd-aws"}},"after_unknown":{"arn":true,"clone_url_http":true,"clone_url_ssh":true,"id":true,"kms_key_id":true,"repository_id":true,"tags":{},"tags_all":{}},"before_sensitive":false,"after_sensitive":{"tags":{},"tags_all":{}}}},{"address":"aws_codepipeline.codepipeline","mode":"managed","type":"aws_codepipeline","name":"codepipeline","provider_name":"registry.terraform.io/hashicorp/aws","change":{"actions":["create"],"before":null,"after":{"artifact_store":[{"encryption_key":[],"location":"dev-devops-cicd-aws-codepipeline-bucket","region":"","type":"S3"}],"execution_mode":"QUEUED","name":"dev-devops-cicd-aws-codepipeline","pipeline_type":"V2","region":"us-east-1","stage":[{"action":[{"category":"Source","configuration":{"BranchName":"master","PollForSourceChanges":"false","RepositoryName":"dev-devops-cicd-aws-codecommit"},"input_artifacts":null,"name":"Source","namespace":null,"output_artifacts":["source_output"],"owner":"AWS","provider":"CodeCommit","role_arn":null,"timeout_in_minutes":null,"version":"1"}],"before_entry":[],"name":"Source","on_failure":[],"on_success":[]},{"action":[{"category":"Build","configuration":{"ProjectName":"dev-devops-cicd-aws-codebuild"},"input_artifacts":["source_output"],"name":"Build","namespace":null,"output_artifacts":["build_output"],"owner":"AWS","provider":"CodeBuild","role_arn":null,"timeout_in_minutes":null,"version":"1"}],"before_entry":[],"name":"Build","on_failure":[],"on_success":[]},{"action":[{"category":"Deploy","configuration":{"ClusterName":"dev-devops-cicd-aws-cluster","FileName":"imagedefinitions.json","ServiceName":"dev-devops-cicd-aws-service"},"input_artifacts":["build_output"],"name":"Deploy","namespace":null,"output_artifacts":null,"owner":"AWS","provider":"ECS","role_arn":null,"timeout_in_minutes":null,"version":"1"}],"before_entry":[],"name":"Deploy","on_failure":[],"on_success":[]}],"tags":{"Environment":"dev","Project":"devops-cicd-aws"},"tags_all":{"Environment":"dev","Project":"devops-cicd-aws"},"trigger":[],"variable":[]},"after_unknown":{"arn":true,"artifact_store":[{"encryption_key":[]}],"id":true,"role_arn":true,"stage":[{"action":[{"configuration":{},"output_artifacts":[false],"region":true,"run_order":true}],"before_entry":[],"on_failure":[],"on_success":[]},{"action":[{"configuration":{},"input_artifacts":[false],"output_artifacts":[false],"region":true,"run_order":true}],"before_entry":[],"on_failure":[],"on_success":[]},{"action":[{"configuration":{},"input_artifacts":[false],"region":true,"run_order":true}],"before_entry":[],"on_failure":[],"on_success":[]}],"tags":{},"tags_all":{},"trigger":[],"trigger_all":true,"variable":[]},"before_sensitive":false,"after_sensitive":{"artifact_store":[{"encryption_key":[]}],"stage":[{"action":[{"configuration":{},"output_artifacts":[false]}],"before_entry":[],"on_failure":[],"on_success":[]},{"action":[{"configuration":{},"input_artifacts":[false],"output_artifacts":[false]}],"before_entry":[],"on_failure":[],"on_success":[]},{"action":[{"configuration":{},"input_artifacts":[false]}],"before_entry":[],"on_failure":[],"on_success":[]}],"tags":{},"tags_all":{},"trigger":[],"trigger_all":[],"variable":[]}}},{"address":"aws_ecr_repository.repository","mode":"managed","type":"aws_ecr_repository","name":"repository","provider_name":"registry.terraform.io/hashicorp/aws","change":{"actions":["create"],"before":null,"after":{"encryption_configuration":[],"force_delete":null,"image_scanning_configuration":[{"scan_on_push":true}],"image_tag_mutability":"MUTABLE","image_tag_mutability_exclusion_filter":[],"name":"dev-devops-cicd-aws-ecr","region":"us-east-1","tags":{"Environment":"dev","Project":"devops-cicd-aws"},"tags_all":{"Environment":"dev","Project":"devops-cicd-aws"},"timeouts":null},"after_unknown":{"arn":true,"encryption_configuration":[],"id":true,"image_scanning_configuration":[{}],"image_tag_mutability_exclusion_filter":[],"registry_id":true,"repository_url":true,"tags":{},"tags_all":{}},"before_sensitive":false,"after_sensitive":{"encryption_configuration":[],"image_scanning_configuration":[{}],"image_tag_mutability_exclusion_filter":[],"tags":{},"tags_all":{}},"after_identity":{"account_id":null,"name":null,"region":null}}},{"address":"aws_ecs_cluster.cluster","mode":"managed","type":"aws_ecs_cluster","name":"cluster","provider_name":"registry.terraform.io/hashicorp/aws","change":{"actions":["create"],"before":null,"after":{"configuration":[],"name":"dev-devops-cicd-aws-cluster","region":"us-east-1","service_connect_defaults":[],"tags":{"Environment":"dev","Project":"devops-cicd-aws"},"tags_all":{"Environment":"dev","Project":"devops-cicd-aws"}},"after_unknown":{"arn":true,"configuration":[],"id":true,"service_connect_defaults":[],"setting":true,"tags":{},"tags_all":{}},"before_sensitive":false,"after_sensitive":{"configuration":[],"service_connect_defaults":[],"setting":[],"tags":{},"tags_all":{}}}},{"address":"aws_ecs_service.service","mode":"managed","type":"aws_ecs_service","name":"service","provider_name":"registry.terraform.io/hashicorp/aws","change":{"actions":["create"],"before":null,"after":{"alarms":[],"capacity_provider_strategy":[],"deployment_circuit_breaker":[],"deployment_controller":[],"deployment_maximum_percent":200,"deployment_minimum_healthy_percent":100,"desired_count":2,"enable_ecs_managed_tags":false,"enable_execute_command":false,"force_delete":null,"force_new_deployment":null,"health_check_grace_period_seconds":null,"launch_type":"FARGATE","load_balancer":[{"advanced_configuration":[],"container_name":"dev-devops-cicd-aws-container","container_port":80,"elb_name":""}],"name":"dev-devops-cicd-aws-service","network_configuration":[{"assign_public_ip":true,"subnets":null}],"ordered_placement_strategy":[],"placement_constraints":[],"platform_version":"LATEST","propagate_tags":null,"region":"us-east-1","scheduling_strategy":"REPLICA","service_connect_configuration":[],"service_registries":[],"sigint_rollback":null,"tags":null,"timeouts":null,"volume_configuration":[],"vpc_lattice_configurations":[],"wait_for_steady_state":false},"after_unknown":{"alarms":[],"arn":true,"availability_zone_rebalancing":true,"capacity_provider_strategy":[],"cluster":true,"deployment_circuit_breaker":[],"deployment_configuration":true,"deployment_controller":[],"iam_role":true,"id":true,"load_balancer":[{"advanced_configuration":[],"target_group_arn":true}],"network_configuration":[{"security_groups":true}],"ordered_placement_strategy":[],"placement_constraints":[],"service_connect_configuration":[],"service_registries":[],"tags_all":true,"task_definition":true,"triggers":true,"volume_configuration":[],"vpc_lattice_configurations":[]},"before_sensitive":false,"after_sensitive":{"alarms":[],"capacity_provider_strategy":[],"deployment_circuit_breaker":[],"deployment_configuration":[],"deployment_controller":[],"load_balancer":[{"advanced_configuration":[]}],"network_configuration":[{"security_groups":[]}],"ordered_placement_strategy":[],"placement_constraints":[],"service_connect_configuration":[],"service_registries":[],"tags_all":{},"triggers":{},"volume_configuration":[],"vpc_lattice_configurations":[]}}},{"address":"aws_ecs_task_definition.task_definition","mode":"managed","type":"aws_ecs_task_definition","name":"task_definition","provider_name":"registry.terraform.io/hashicorp/aws","change":{"actions":["create"],"before":null,"after":{"container_definitions":"[{\"essential\":true,\"image\":\"000000000000.dkr.ecr.us-east-1.amazonaws.com/dev-devops-cicd-aws-ecr:latest\",\"name\":\"dev-devops-cicd-aws-container\",\"portMappings\":[{\"appProtocol\":\"http\",\"containerPort\":80,\"hostPort\":80,\"name\":\"devops-cicd-aws-80-tcp\",\"protocol\":\"tcp\"}]}]","cpu":"512","ephemeral_storage":[],"execution_role_arn":"arn:aws:iam::000000000000:role/ecsTaskExecutionRole","family":"dev-devops-cicd-aws-task-definition","ipc_mode":null,"memory":"1024","network_mode":"awsvpc","pid_mode":null,"placement_constraints":[],"proxy_configuration":[],"region":"us-east-1","requires_compatibilities":["FARGATE"],"runtime_platform":[{"cpu_architecture":"X86_64","operating_system_family":"LINUX"}],"skip_destroy":false,"tags":null,"task_role_arn":"arn:aws:iam::000000000000:role/ecsTaskExecutionRole","track_latest":false,"volume":[]},"after_unknown":{"arn":true,"arn_without_revision":true,"enable_fault_injection":true,"ephemeral_storage":[],"id":true,"placement_constraints":[],"proxy_configuration":[],"requires_compatibilities":[false],"revision":true,"runtime_platform":[{}],"tags_all":true,"volume":[]},"before_sensitive":false,"after_sensitive":{"ephemeral_storage":[],"placement_constraints":[],"proxy_configuration":[],"requires_compatibilities":[false],"runtime_platform":[{}],"tags_all":{},"volume":[]}}},{"address":"aws_iam_policy.codebuild","mode":"managed","type":"aws_iam_policy","name":"codebuild","provider_name":"registry.terraform.io/hashicorp/aws","change":{"actions":["create"],"before":null,"after":{"description":"Policy used by codebuild for devops-cicd-aws project","name":"dev-devops-cicd-aws-codebuild-policy","path":"/","tags":{"Environment":"dev","Project":"devops-cicd-aws"},"tags_all":{"Environment":"dev","Project":"devops-cicd-aws"}},"after_unknown":{"arn":true,"attachment_count":true,"id":true,"name_prefix":true,"policy":true,"policy_id":true,"tags":{},"tags_all":{}},"before_sensitive":false,"after_sensitive":{"tags":{},"tags_all":{}},"after_identity":{"arn":null}}},{"address":"aws_iam_policy.codepipeline","mode":"managed","type":"aws_iam_policy","name":"codepipeline","provider_name":"registry.terraform.io/hashicorp/aws","change":{"actions":["create"],"before":null,"after":{"description":"Policy used by codepipeline for devops-cicd-aws project","name":"dev-devops-cicd-aws-codepipeline-policy","path":"/","policy":"{\"Statement\":[{\"Action\":\"iam:PassRole\",\"Condition\":{\"StringEqualsIfExists\":{\"iam:PassedToService\":[\"cloudformation.amazonaws.com\",\"elasticbeanstalk.amazonaws.com\",\"ec2.amazonaws.com\",\"ecs-tasks.amazonaws.com\"]}},\"Effect\":\"Allow\",\"Resource\":\"*\"},{\"Action\":[\"codecommit:UploadArchive\",\"codecommit:GetUploadArchiveStatus\",\"codecommit:GetRepository\",\"codecommit:GetCommit\",\"codecommit:GetBranch\",\"codecommit:CancelUploadArchive\"],\"Effect\":\"Allow\",\"Resource\":\"arn:aws:codecommit:us-east-1:000000000000:dev-devops-cicd-aws-codecommit\"},{\"Action\":[\"s3:*\",\"ecs:*\"],\"Effect\":\"Allow\",\"Resource\":\"*\"},{\"Action\":[\"codebuild:StartBuildBatch\",\"codebuild:StartBuild\",\"codebuild:BatchGetBuilds\",\"codebuild:BatchGetBuildBatches\"],\"Effect\":\"Allow\",\"Resource\":\"arn:aws:codebuild:us-east-1:000000000000:project/dev-devops-cicd-aws-codebuild\"},{\"Action\":\"ecr:DescribeImages\",\"Effect\":\"Allow\",\"Resource\":\"*\"}],\"Version\":\"2012-10-17\"}","tags":{"Environment":"dev","Project":"devops-cicd-aws"},"tags_all":{"Environment":"dev","Project":"devops-cicd-aws"}},"after_unknown":{"arn":true,"attachment_count":true,"id":true,"name_prefix":true,"policy_id":true,"tags":{},"tags_all":{}},"before_sensitive":false,"after_sensitive":{"tags":{},"tags_all":{}},"after_identity":{"arn":null}}},{"address":"aws_iam_policy.codepipeline_target_policy","mode":"managed","type":"aws_iam_policy","name":"codepipeline_target_policy","provider_name":"registry.terraform.io/hashicorp/aws","change":{"actions":["create"],"before":null,"after":{"description":"Policy used by cloudwatch event target for codepipeline event rule for devops-cicd-aws project","name":"dev-devops-cicd-aws-codepipeline-target-policy","path":"/","policy":"{\"Statement\":[{\"Action\":\"codepipeline:StartPipelineExecution\",\"Effect\":\"Allow\",\"Resource\":\"arn:aws:codepipeline:us-east-1:000000000000:dev-devops-cicd-aws-codepipeline\"}],\"Version\":\"2012-10-17\"}","tags":{"Environment":"dev","Project":"devops-cicd-aws"},"tags_all":{"Environment":"dev","Project":"devops-cicd-aws"}},"after_unknown":{"arn":true,"attachment_count":true,"id":true,"name_prefix":true,"policy_id":true,"tags":{},"tags_all":{}},"before_sensitive":false,"after_sensitive":{"tags":{},"tags_all":{}},"after_identity":{"arn":null}}},{"address":"aws_iam_role.codebuild","mode":"managed","type":"aws_iam_role","name":"codebuild","provider_name":"registry.terraform.io/hashicorp/aws","change":{"actions":["create"],"before":null,"after":{"assume_role_policy":"{\"Statement\":[{\"Action\":\"sts:AssumeRole\",\"Effect\":\"Allow\",\"Principal\":{\"Service\":\"codebuild.amazonaws.com\"}}],\"Version\":\"2012-10-17\"}","description":null,"force_detach_policies":false,"max_session_duration":3600,"name":"dev-devops-cicd-aws-codebuild-role","path":"/","permissions_boundary":null,"tags":{"Environment":"dev","Project":"devops-cicd-aws"},"tags_all":{"Environment":"dev","Project":"devops-cicd-aws"}},"after_unknown":{"arn":true,"create_date":true,"id":true,"inline_policy":true,"managed_policy_arns":true,"name_prefix":true,"tags":{},"tags_all":{},"unique_id":true},"before_sensitive":false,"after_sensitive":{"inline_policy":[],"managed_policy_arns":[],"tags":{},"tags_all":{}},"after_identity":{"account_id":null,"name":null}}},{"address":"aws_iam_role.codepipeline","mode":"managed","type":"aws_iam_role","name":"codepipeline","provider_name":"registry.terraform.io/hashicorp/aws","change":{"actions":["create"],"before":null,"after":{"assume_role_policy":"{\"Statement\":[{\"Action\":\"sts:AssumeRole\",\"Effect\":\"Allow\",\"Principal\":{\"Service\":\"codepipeline.amazonaws.com\"}}],\"Version\":\"2012-10-17\"}","description":null,"force_detach_policies":false,"max_session_duration":3600,"name":"dev-devops-cicd-aws-codepipeline-role","path":"/","permissions_boundary":null,"tags":{"Environment":"dev","Project":"devops-cicd-aws"},"tags_all":{"Environment":"dev","Project":"devops-cicd-aws"}},"after_unknown":{"arn":true,"create_date":true,"id":true,"inline_policy":true,"managed_policy_arns":true,"name_prefix":true,"tags":{},"tags_all":{},"unique_id":true},"before_sensitive":false,"after_sensitive":{"inline_policy":[],"managed_policy_arns":[],"tags":{},"tags_all":{}},"after_identity":{"account_id":null,"name":null}}},{"address":"aws_iam_role.codepipeline_target_rule","mode":"managed","type":"aws_iam_role","name":"codepipeline_target_rule","provider_name":"registry.terraform.io/hashicorp/aws","change":{"actions":["create"],"before":null,"after":{"assume_role_policy":"{\"Statement\":[{\"Action\":\"sts:AssumeRole\",\"Effect\":\"Allow\",\"Principal\":{\"Service\":\"events.amazonaws.com\"}}],\"Version\":\"2012-10-17\"}","description":null,"force_detach_policies":false,"max_session_duration":3600,"name":"dev-devops-cicd-aws-codepipeline-target-role","path":"/","permissions_boundary":null,"tags":{"Environment":"dev","Project":"devops-cicd-aws"},"tags_all":{"Environment":"dev","Project":"devops-cicd-aws"}},"after_unknown":{"arn":true,"create_date":true,"id":true,"inline_policy":true,"managed_policy_arns":true,"name_prefix":true,"tags":{},"tags_all":{},"unique_id":true},"before_sensitive":false,"after_sensitive":{"inline_policy":[],"managed_policy_arns":[],"tags":{},"tags_all":{}},"after_identity":{"account_id":null,"name":null}}},{"address":"aws_iam_role_policy_attachment.codebuild","mode":"managed","type":"aws_iam_role_policy_attachment","name":"codebuild","provider_name":"registry.terraform.io/hashicorp/aws","change":{"actions":["create"],"before":null,"after":{"role":"dev-devops-cicd-aws-codebuild-role"},"after_unknown":{"id":true,"policy_arn":true},"before_sensitive":false,"after_sensitive":{},"after_identity":{"account_id":null,"policy_arn":null,"role":null}}},{"address":"aws_iam_role_policy_attachment.codepipeline","mode":"managed","type":"aws_iam_role_policy_attachment","name":"codepipeline","provider_name":"registry.terraform.io/hashicorp/aws","change":{"actions":["create"],"before":null,"after":{"role":"dev-devops-cicd-aws-codepipeline-role"},"after_unknown":{"id":true,"policy_arn":true},"before_sensitive":false,"after_sensitive":{},"after_identity":{"account_id":null,"policy_arn":null,"role":null}}},{"address":"aws_iam_role_policy_attachment.codepipeline_target","mode":"managed","type":"aws_iam_role_policy_attachment","name":"codepipeline_target","provider_name":"registry.terraform.io/hashicorp/aws","change":{"actions":["create"],"before":null,"after":{"role":"dev-devops-cicd-aws-codepipeline-target-role"},"after_unknown":{"id":true,"policy_arn":true},"before_sensitive":false,"after_sensitive":{},"after_identity":{"account_id":null,"policy_arn":null,"role":null}}},{"address":"aws_lb.alb","mode":"managed","type":"aws_lb","name":"alb","provider_name":"registry.terraform.io/hashicorp/aws","change":{"actions":["create"],"before":null,"after":{"access_logs":[],"client_keep_alive":3600,"connection_logs":[],"customer_owned_ipv4_pool":null,"desync_mitigation_mode":"defensive","dns_record_client_routing_policy":null,"drop_invalid_header_fields":false,"enable_cross_zone_load_balancing":null,"enable_deletion_protection":false,"enable_http2":true,"enable_tls_version_and_cipher_suite_headers":false,"enable_waf_fail_open":false,"enable_xff_client_port":false,"enable_zonal_shift":false,"health_check_logs":[],"idle_timeout":60,"internal":false,"ip_address_type":"ipv4","ipam_pools":[],"load_balancer_type":"application","minimum_load_balancer_capacity":[],"name":"dev-devops-cicd-aws-alb","preserve_host_header":false,"region":"us-east-1","tags":{"Environment":"dev","Project":"devops-cicd-aws"},"tags_all":{"Environment":"dev","Project":"devops-cicd-aws"},"timeouts":null,"xff_header_processing_mode":"append"},"after_unknown":{"access_logs":[],"arn":true,"arn_suffix":true,"connection_logs":[],"dns_name":true,"enforce_security_group_inbound_rules_on_private_link_traffic":true,"health_check_logs":[],"id":true,"ipam_pools":[],"minimum_load_balancer_capacity":[],"name_prefix":true,"secondary_ips_auto_assigned_per_subnet":true,"security_groups":true,"subnet_mapping":true,"subnets":true,"tags":{},"tags_all":{},"vpc_id":true,"zone_id":true},"before_sensitive":false,"after_sensitive":{"access_logs":[],"connection_logs":[],"health_check_logs":[],"ipam_pools":[],"minimum_load_balancer_capacity":[],"security_groups":[],"subnet_mapping":[],"subnets":[],"tags":{},"tags_all":{}},"after_identity":{"arn":null}}},{"address":"aws_lb_listener.lb_listener","mode":"managed","type":"aws_lb_listener","name":"lb_listener","provider_name":"registry.terraform.io/hashicorp/aws","change":{"actions":["create"],"before":null,"after":{"alpn_policy":null,"certificate_arn":null,"default_action":[{"authenticate_cognito":[],"authenticate_oidc":[],"fixed_response":[],"forward":[],"jwt_validation":[],"redirect":[],"type":"forward"}],"port":80,"protocol":"HTTP","region":"us-east-1","tags":{"Environment":"dev","Project":"devops-cicd-aws"},"tags_all":{"Environment":"dev","Project":"devops-cicd-aws"},"timeouts":null},"after_unknown":{"arn":true,"default_action":[{"authenticate_cognito":[],"authenticate_oidc":[],"fixed_response":[],"forward":[],"jwt_validation":[],"order":true,"redirect":[],"target_group_arn":true}],"id":true,"load_balancer_arn":true,"mutual_authentication":true,"routing_http_request_x_amzn_mtls_clientcert_header_name":true,"routing_http_request_x_amzn_mtls_clientcert_issuer_header_name":true,"routing_http_request_x_amzn_mtls_clientcert_leaf_header_name":true,"routing_http_request_x_amzn_mtls_clientcert_serial_number_header_name":true,"routing_http_request_x_amzn_mtls_clientcert_subject_header_name":true,"routing_http_request_x_amzn_mtls_clientcert_validity_header_name":true,"routing_http_request_x_amzn_tls_cipher_suite_header_name":true,"routing_http_request_x_amzn_tls_version_header_name":true,"routing_http_response_access_control_allow_credentials_header_value":true,"routing_http_response_access_control_allow_headers_header_value":true,"routing_http_response_access_control_allow_methods_header_value":true,"routing_http_response_access_control_allow_origin_header_value":true,"routing_http_response_access_control_expose_headers_header_value":true,"routing_http_response_access_control_max_age_header_value":true,"routing_http_response_content_security_policy_header_value":true,"routing_http_response_server_enabled":true,"routing_http_response_strict_transport_security_header_value":true,"routing_http_response_x_content_type_options_header_value":true,"routing_http_response_x_frame_options_header_value":true,"ssl_policy":true,"tags":{},"tags_all":{},"tcp_idle_timeout_seconds":true},"before_sensitive":false,"after_sensitive":{"default_action":[{"authenticate_cognito":[],"authenticate_oidc":[],"fixed_response":[],"forward":[],"jwt_validation":[],"redirect":[]}],"mutual_authentication":[],"tags":{},"tags_all":{}},"after_identity":{"arn":null}}},{"address":"aws_lb_target_group.alb_tg","mode":"managed","type":"aws_lb_target_group","name":"alb_tg","provider_name":"registry.terraform.io/hashicorp/aws","change":{"actions":["create"],"before":null,"after":{"deregistration_delay":"300","ip_address_type":"ipv4","lambda_multi_value_headers_enabled":false,"name":"dev-devops-cicd-aws-alb-tg","port":80,"protocol":"HTTP","protocol_version":"HTTP1","proxy_protocol_v2":false,"region":"us-east-1","slow_start":0,"tags":{"Environment":"dev","Project":"devops-cicd-aws"},"tags_all":{"Environment":"dev","Project":"devops-cicd-aws"},"target_control_port":null,"target_type":"ip","vpc_id":"vpc-00000000"},"after_unknown":{"arn":true,"arn_suffix":true,"connection_termination":true,"health_check":true,"id":true,"load_balancer_arns":true,"load_balancing_algorithm_type":true,"load_balancing_anomaly_mitigation":true,"load_balancing_cross_zone_enabled":true,"name_prefix":true,"preserve_client_ip":true,"stickiness":true,"tags":{},"tags_all":{},"target_failover":true,"target_group_health":true,"target_health_state":true},"before_sensitive":false,"after_sensitive":{"health_check":[],"load_balancer_arns":[],"stickiness":[],"tags":{},"tags_all":{},"target_failover":[],"target_group_health":[],"target_health_state":[]},"after_identity":{"arn":null}}},{"address":"aws_s3_bucket.codepipeline","mode":"managed","type":"aws_s3_bucket","name":"codepipeline","provider_name":"registry.terraform.io/hashicorp/aws","change":{"actions":["create"],"before":null,"after":{"bucket":"dev-devops-cicd-aws-codepipeline-bucket","force_destroy":false,"region":"us-east-1","tags":{"Environment":"dev","Project":"devops-cicd-aws"},"tags_all":{"Environment":"dev","Project":"devops-cicd-aws"},"timeouts":null},"after_unknown":{"acceleration_status":true,"acl":true,"arn":true,"bucket_domain_name":true,"bucket_prefix":true,"bucket_region":true,"bucket_regional_domain_name":true,"cors_rule":true,"grant":true,"hosted_zone_id":true,"id":true,"lifecycle_rule":true,"logging":true,"object_lock_configuration":true,"object_lock_enabled":true,"policy":true,"replication_configuration":true,"request_payer":true,"server_side_encryption_configuration":true,"tags":{},"tags_all":{},"versioning":true,"website":true,"website_domain":true,"website_endpoint":true},"before_sensitive":false,"after_sensitive":{"cors_rule":[],"grant":[],"lifecycle_rule":[],"logging":[],"object_lock_configuration":[],"replication_configuration":[],"server_side_encryption_configuration":[],"tags":{},"tags_all":{},"versioning":[],"website":[]},"after_identity":{"account_id":null,"bucket":null,"region":null}}},{"address":"aws_s3_bucket_public_access_block.codepipeline","mode":"managed","type":"aws_s3_bucket_public_access_block","name":"codepipeline","provider_name":"registry.terraform.io/hashicorp/aws","change":{"actions":["create"],"before":null,"after":{"block_public_acls":true,"block_public_policy":true,"ignore_public_acls":true,"region":"us-east-1","restrict_public_buckets":true,"skip_destroy":null},"after_unknown":{"bucket":true,"id":true},"before_sensitive":false,"after_sensitive":{},"after_identity":{"account_id":null,"bucket":null,"region":null}}},{"address":"aws_security_group.alb_sg","mode":"managed","type":"aws_security_group","name":"alb_sg","provider_name":"registry.terraform.io/hashicorp/aws","change":{"actions":["create"],"before":null,"after":{"description":"Sg for the ALB","name":"dev-devops-cicd-aws-alb-sg","region":"us-east-1","revoke_rules_on_delete":false,"tags":{"Environment":"dev","Name":"dev-devops-cicd-aws-alb-sg","Project":"devops-cicd-aws"},"tags_all":{"Environment":"dev","Name":"dev-devops-cicd-aws-alb-sg","Project":"devops-cicd-aws"},"timeouts":null,"vpc_id":"vpc-00000000"},"after_unknown":{"arn":true,"egress":true,"id":true,"ingress":true,"name_prefix":true,"owner_id":true,"tags":{},"tags_all":{}},"before_sensitive":false,"after_sensitive":{"egress":[],"ingress":[],"tags":{},"tags_all":{}},"after_identity":{"account_id":null,"id":null,"region":null}}},{"address":"aws_security_group.ecs_service_sg","mode":"managed","type":"aws_security_group","name":"ecs_service_sg","provider_name":"registry.terraform.io/hashicorp/aws","change":{"actions":["create"],"before":null,"after":{"description":"Sg for the ECS Service","name":"dev-devops-cicd-aws-service-sg","region":"us-east-1","revoke_rules_on_delete":false,"tags":{"Environment":"dev","Name":"dev-devops-cicd-aws-alb-sg","Project":"devops-cicd-aws"},"tags_all":{"Environment":"dev","Name":"dev-devops-cicd-aws-alb-sg","Project":"devops-cicd-aws"},"timeouts":null,"vpc_id":"vpc-00000000"},"after_unknown":{"arn":true,"egress":true,"id":true,"ingress":true,"name_prefix":true,"owner_id":true,"tags":{},"tags_all":{}},"before_sensitive":false,"after_sensitive":{"egress":[],"ingress":[],"tags":{},"tags_all":{}},"after_identity":{"account_id":null,"id":null,"region":null}}},{"address":"aws_security_group_rule.alb_inbound","mode":"managed","type":"aws_security_group_rule","name":"alb_inbound","provider_name":"registry.terraform.io/hashicorp/aws","change":{"actions":["create"],"before":null,"after":{"cidr_blocks":["0.0.0.0/0"],"description":null,"from_port":80,"ipv6_cidr_blocks":null,"prefix_list_ids":null,"protocol":"tcp","region":"us-east-1","self":false,"timeouts":null,"to_port":80,"type":"ingress"},"after_unknown":{"cidr_blocks":[false],"id":true,"security_group_id":true,"security_group_rule_id":true,"source_security_group_id":true},"before_sensitive":false,"after_sensitive":{"cidr_blocks":[false]}}},{"address":"aws_security_group_rule.alb_outbound","mode":"managed","type":"aws_security_group_rule","name":"alb_outbound","provider_name":"registry.terraform.io/hashicorp/aws","change":{"actions":["create"],"before":null,"after":{"cidr_blocks":null,"description":null,"from_port":80,"ipv6_cidr_blocks":null,"prefix_list_ids":null,"protocol":"tcp","region":"us-east-1","self":false,"timeouts":null,"to_port":80,"type":"egress"},"after_unknown":{"id":true,"security_group_id":true,"security_group_rule_id":true,"source_security_group_id":true},"before_sensitive":false,"after_sensitive":{}}},{"address":"aws_security_group_rule.service_inbound","mode":"managed","type":"aws_security_group_rule","name":"service_inbound","provider_name":"registry.terraform.io/hashicorp/aws","change":{"actions":["create"],"before":null,"after":{"cidr_blocks":null,"description":null,"from_port":80,"ipv6_cidr_blocks":null,"prefix_list_ids":null,"protocol":"tcp","region":"us-east-1","self":false,"timeouts":null,"to_port":80,"type":"ingress"},"after_unknown":{"id":true,"security_group_id":true,"security_group_rule_id":true,"source_security_group_id":true},"before_sensitive":false,"after_sensitive":{}}},{"address":"aws_security_group_rule.service_outbound_https","mode":"managed","type":"aws_security_group_rule","name":"service_outbound_https","provider_name":"registry.terraform.io/hashicorp/aws","change":{"actions":["create"],"before":null,"after":{"cidr_blocks":["0.0.0.0/0"],"description":null,"from_port":443,"ipv6_cidr_blocks":null,"prefix_list_ids":null,"protocol":"tcp","region":"us-east-1","self":false,"timeouts":null,"to_port":443,"type":"egress"},"after_unknown":{"cidr_blocks":[false],"id":true,"security_group_id":true,"security_group_rule_id":true,"source_security_group_id":true},"before_sensitive":false,"after_sensitive":{"cidr_blocks":[false]}}}],"prior_state":{"format_version":"1.0","terraform_version":"1.13.5","values":{"root_module":{"resources":[{"address":"data.aws_caller_identity.current","mode":"data","type":"aws_caller_identity","name":"current","provider_name":"registry.terraform.io/hashicorp/aws","schema_version":0,"values":{"account_id":"000000000000","arn":"arn:aws:iam::000000000000:root","id":"000000000000","user_id":"AKIAIOSFODNN7EXAMPLE"},"sensitive_values":{}},{"address":"data.aws_iam_policy_document.assume_role_codebuild","mode":"data","type":"aws_iam_policy_document","name":"assume_role_codebuild","provider_name":"registry.terraform.io/hashicorp/aws","schema_version":0,"values":{"id":"1229436035","json":"{\n  \"Version\": \"2012-10-17\",\n  \"Statement\": [\n    {\n      \"Effect\": \"Allow\",\n      \"Action\": \"sts:AssumeRole\",\n      \"Principal\": {\n        \"Service\": \"codebuild.amazonaws.com\"\n      }\n    }\n  ]\n}","minified_json":"{\"Version\":\"2012-10-17\",\"Statement\":[{\"Effect\":\"Allow\",\"Action\":\"sts:AssumeRole\",\"Principal\":{\"Service\":\"codebuild.amazonaws.com\"}}]}","override_json":null,"override_policy_documents":null,"policy_id":null,"source_json":null,"source_policy_documents":null,"statement":[{"actions":["sts:AssumeRole"],"condition":[],"effect":"Allow","not_actions":[],"not_principals":[],"not_resources":[],"principals":[{"identifiers":["codebuild.amazonaws.com"],"type":"Service"}],"resources":[],"sid":""}],"version":"2012-10-17"},"sensitive_values":{"statement":[{"actions":[false],"condition":[],"not_actions":[],"not_principals":[],"not_resources":[],"principals":[{"identifiers":[false]}],"resources":[]}]}},{"address":"data.aws_iam_policy_document.assume_role_codepipeline","mode":"data","type":"aws_iam_policy_document","name":"assume_role_codepipeline","provider_name":"registry.terraform.io/hashicorp/aws","schema_version":0,"values":{"id":"2245101310","json":"{\n  \"Version\": \"2012-10-17\",\n  \"Statement\": [\n    {\n      \"Effect\": \"Allow\",\n      \"Action\": \"sts:AssumeRole\",\n      \"Principal\": {\n        \"Service\": \"codepipeline.amazonaws.com\"\n      }\n    }\n  ]\n}","minified_json":"{\"Version\":\"2012-10-17\",\"Statement\":[{\"Effect\":\"Allow\",\"Action\":\"sts:AssumeRole\",\"Principal\":{\"Service\":\"codepipeline.amazonaws.com\"}}]}","override_json":null,"override_policy_documents":null,"policy_id":null,"source_json":null,"source_policy_documents":null,"statement":[{"actions":["sts:AssumeRole"],"condition":[],"effect":"Allow","not_actions":[],"not_principals":[],"not_resources":[],"principals":[{"identifiers":["codepipeline.amazonaws.com"],"type":"Service"}],"resources":[],"sid":""}],"version":"2012-10-17"},"sensitive_values":{"statement":[{"actions":[false],"condition":[],"not_actions":[],"not_principals":[],"not_resources":[],"principals":[{"identifiers":[false]}],"resources":[]}]}},{"address":"data.aws_iam_policy_document.assume_role_codepipeline_target","mode":"data","type":"aws_iam_policy_document","name":"assume_role_codepipeline_target","provider_name":"registry.terraform.io/hashicorp/aws","schema_version":0,"values":{"id":"3959961479","json":"{\n  \"Version\": \"2012-10-17\",\n  \"Statement\": [\n    {\n      \"Effect\": \"Allow\",\n      \"Action\": \"sts:AssumeRole\",\n      \"Principal\": {\n        \"Service\": \"events.amazonaws.com\"\n      }\n    }\n  ]\n}","minified_json":"{\"Version\":\"2012-10-17\",\"Statement\":[{\"Effect\":\"Allow\",\"Action\":\"sts:AssumeRole\",\"Principal\":{\"Service\":\"events.amazonaws.com\"}}]}","override_json":null,"override_policy_documents":null,"policy_id":null,"source_json":null,"source_policy_documents":null,"statement":[{"actions":["sts:AssumeRole"],"condition":[],"effect":"Allow","not_actions":[],"not_principals":[],"not_resources":[],"principals":[{"identifiers":["events.amazonaws.com"],"type":"Service"}],"resources":[],"sid":""}],"version":"2012-10-17"},"sensitive_values":{"statement":[{"actions":[false],"condition":[],"not_actions":[],"not_principals":[],"not_resources":[],"principals":[{"identifiers":[false]}],"resources":[]}]}},{"address":"data.aws_iam_policy_document.codepipeline","mode":"data","type":"aws_iam_policy_document","name":"codepipeline","provider_name":"registry.terraform.io/hashicorp/aws","schema_version":0,"values":{"id":"3754278527","json":"{\n  \"Version\": \"2012-10-17\",\n  \"Statement\": [\n    {\n      \"Effect\": \"Allow\",\n      \"Action\": \"iam:PassRole\",\n      \"Resource\": \"*\",\n      \"Condition\": {\n        \"StringEqualsIfExists\": {\n          \"iam:PassedToService\": [\n            \"cloudformation.amazonaws.com\",\n            \"elasticbeanstalk.amazonaws.com\",\n            \"ec2.amazonaws.com\",\n            \"ecs-tasks.amazonaws.com\"\n          ]\n        }\n      }\n    },\n    {\n      \"Effect\": \"Allow\",\n      \"Action\": [\n        \"codecommit:UploadArchive\",\n        \"codecommit:GetUploadArchiveStatus\",\n        \"codecommit:GetRepository\",\n        \"codecommit:GetCommit\",\n        \"codecommit:GetBranch\",\n        \"codecommit:CancelUploadArchive\"\n      ],\n      \"Resource\": \"arn:aws:codecommit:us-east-1:000000000000:dev-devops-cicd-aws-codecommit\"\n    },\n    {\n      \"Effect\": \"Allow\",\n      \"Action\": [\n        \"s3:*\",\n        \"ecs:*\"\n      ],\n      \"Resource\": \"*\"\n    },\n    {\n      \"Effect\": \"Allow\",\n      \"Action\": [\n        \"codebuild:StartBuildBatch\",\n        \"codebuild:StartBuild\",\n        \"codebuild:BatchGetBuilds\",\n        \"codebuild:BatchGetBuildBatches\"\n      ],\n      \"Resource\": \"arn:aws:codebuild:us-east-1:000000000000:project/dev-devops-cicd-aws-codebuild\"\n    },\n    {\n      \"Effect\": \"Allow\",\n      \"Action\": \"ecr:DescribeImages\",\n      \"Resource\": \"*\"\n    }\n  ]\n}","minified_json":"{\"Version\":\"2012-10-17\",\"Statement\":[{\"Effect\":\"Allow\",\"Action\":\"iam:PassRole\",\"Resource\":\"*\",\"Condition\":{\"StringEqualsIfExists\":{\"iam:PassedToService\":[\"cloudformation.amazonaws.com\",\"elasticbeanstalk.amazonaws.com\",\"ec2.amazonaws.com\",\"ecs-tasks.amazonaws.com\"]}}},{\"Effect\":\"Allow\",\"Action\":[\"codecommit:UploadArchive\",\"codecommit:GetUploadArchiveStatus\",\"codecommit:GetRepository\",\"codecommit:GetCommit\",\"codecommit:GetBranch\",\"codecommit:CancelUploadArchive\"],\"Resource\":\"arn:aws:codecommit:us-east-1:000000000000:dev-devops-cicd-aws-codecommit\"},{\"Effect\":\"Allow\",\"Action\":[\"s3:*\",\"ecs:*\"],\"Resource\":\"*\"},{\"Effect\":\"Allow\",\"Action\":[\"codebuild:StartBuildBatch\",\"codebuild:StartBuild\",\"codebuild:BatchGetBuilds\",\"codebuild:BatchGetBuildBatches\"],\"Resource\":\"arn:aws:codebuild:us-east-1:000000000000:project/dev-devops-cicd-aws-codebuild\"},{\"Effect\":\"Allow\",\"Action\":\"ecr:DescribeImages\",\"Resource\":\"*\"}]}","override_json":null,"override_policy_documents":null,"policy_id":null,"source_json":null,"source_policy_documents":null,"statement":[{"actions":["iam:PassRole"],"condition":[{"test":"StringEqualsIfExists","values":["cloudformation.amazonaws.com","elasticbeanstalk.amazonaws.com","ec2.amazonaws.com","ecs-tasks.amazonaws.com"],"variable":"iam:PassedToService"}],"effect":"Allow","not_actions":[],"not_principals":[],"not_resources":[],"principals":[],"resources":["*"],"sid":""},{"actions":["codecommit:CancelUploadArchive","codecommit:GetBranch","codecommit:GetCommit","codecommit:GetRepository","codecommit:GetUploadArchiveStatus","codecommit:UploadArchive"],"condition":[],"effect":"Allow","not_actions":[],"not_principals":[],"not_resources":[],"principals":[],"resources":["arn:aws:codecommit:us-east-1:000000000000:dev-devops-cicd-aws-codecommit"],"sid":""},{"actions":["ecs:*","s3:*"],"condition":[],"effect":"Allow","not_actions":[],"not_principals":[],"not_resources":[],"principals":[],"resources":["*"],"sid":""},{"actions":["codebuild:BatchGetBuildBatches","codebuild:BatchGetBuilds","codebuild:StartBuild","codebuild:StartBuildBatch"],"condition":[],"effect":"Allow","not_actions":[],"not_principals":[],"not_resources":[],"principals":[],"resources":["arn:aws:codebuild:us-east-1:000000000000:project/dev-devops-cicd-aws-codebuild"],"sid":""},{"actions":["ecr:DescribeImages"],"condition":[],"effect":"Allow","not_actions":[],"not_principals":[],"not_resources":[],"principals":[],"resources":["*"],"sid":""}],"version":"2012-10-17"},"sensitive_values":{"statement":[{"actions":[false],"condition":[{"values":[false,false,false,false]}],"not_actions":[],"not_principals":[],"not_resources":[],"principals":[],"resources":[false]},{"actions":[false,false,false,false,false,false],"condition":[],"not_actions":[],"not_principals":[],"not_resources":[],"principals":[],"resources":[false]},{"actions":[false,false],"condition":[],"not_actions":[],"not_principals":[],"not_resources":[],"principals":[],"resources":[false]},{"actions":[false,false,false,false],"condition":[],"not_actions":[],"not_principals":[],"not_resources":[],"principals":[],"resources":[false]},{"actions":[false],"condition":[],"not_actions":[],"not_principals":[],"not_resources":[],"principals":[],"resources":[false]}]}},{"address":"data.aws_iam_policy_document.codepipeline_target","mode":"data","type":"aws_iam_policy_document","name":"codepipeline_target","provider_name":"registry.terraform.io/hashicorp/aws","schema_version":0,"values":{"id":"1389997784","json":"{\n  \"Version\": \"2012-10-17\",\n  \"Statement\": [\n    {\n      \"Effect\": \"Allow\",\n      \"Action\": \"codepipeline:StartPipelineExecution\",\n      \"Resource\": \"arn:aws:codepipeline:us-east-1:000000000000:dev-devops-cicd-aws-codepipeline\"\n    }\n  ]\n}","minified_json":"{\"Version\":\"2012-10-17\",\"Statement\":[{\"Effect\":\"Allow\",\"Action\":\"codepipeline:StartPipelineExecution\",\"Resource\":\"arn:aws:codepipeline:us-east-1:000000000000:dev-devops-cicd-aws-codepipeline\"}]}","override_json":null,"override_policy_documents":null,"policy_id":null,"source_json":null,"source_policy_documents":null,"statement":[{"actions":["codepipeline:StartPipelineExecution"],"condition":[],"effect":"Allow","not_actions":[],"not_principals":[],"not_resources":[],"principals":[],"resources":["arn:aws:codepipeline:us-east-1:000000000000:dev-devops-cicd-aws-codepipeline"],"sid":""}],"version":"2012-10-17"},"sensitive_values":{"statement":[{"actions":[false],"condition":[],"not_actions":[],"not_principals":[],"not_resources":[],"principals":[],"resources":[false]}]}},{"address":"data.aws_region.current","mode":"data","type":"aws_region","name":"current","provider_name":"registry.terraform.io/hashicorp/aws","schema_version":0,"values":{"description":"US East (N. Virginia)","endpoint":"ec2.us-east-1.amazonaws.com","id":"us-east-1","name":"us-east-1","region":"us-east-1"},"sensitive_values":{}},{"address":"data.aws_subnets.vpc_subnets","mode":"data","type":"aws_subnets","name":"vpc_subnets","provider_name":"registry.terraform.io/hashicorp/aws","schema_version":0,"values":{"filter":[{"name":"vpc-id","values":["vpc-00000000"]}],"id":"us-east-1","ids":[],"region":"us-east-1","tags":null,"timeouts":null},"sensitive_values":{"filter":[{"values":[false]}],"ids":[]}}]}}},"configuration":{"provider_config":{"archive":{"name":"archive","full_name":"registry.terraform.io/hashicorp/archive","version_constraint":"\u003e= 2.0.0"},"aws":{"name":"aws","full_name":"registry.terraform.io/hashicorp/aws","version_constraint":"~\u003e 6.27.0","expressions":{"access_key":{"constant_value":"mock"},"endpoints":[{"apigateway":{"constant_value":"http://localhost:4566"},"apigatewayv2":{"constant_value":"http://localhost:4566"},"cloudwatch":{"constant_value":"http://localhost:4566"},"cloudwatchevents":{"constant_value":"http://localhost:4566"},"dynamodb":{"constant_value":"http://localhost:4566"},"ec2":{"constant_value":"http://localhost:4566"},"ecr":{"constant_value":"http://localhost:4566"},"ecrpublic":{"constant_value":"http://localhost:4566"},"ecs":{"constant_value":"http://localhost:4566"},"efs":{"constant_value":"http://localhost:4566"},"iam":{"constant_value":"http://localhost:4566"},"kinesis":{"constant_value":"http://localhost:4566"},"kms":{"constant_value":"http://localhost:4566"},"lambda":{"constant_value":"http://localhost:4566"},"logs":{"constant_value":"http://localhost:4566"},"route53":{"constant_value":"http://localhost:4566"},"s3":{"constant_value":"http://localhost:4566"},"s3control":{"constant_value":"http://localhost:4566"},"secretsmanager":{"constant_value":"http://localhost:4566"},"sns":{"constant_value":"http://localhost:4566"},"sqs":{"constant_value":"http://localhost:4566"},"ssm":{"constant_value":"http://localhost:4566"},"sts":{"constant_value":"http://localhost:4566"}}],"region":{"constant_value":"us-east-1"},"s3_use_path_style":{"constant_value":true},"secret_key":{"constant_value":"mock"},"skip_credentials_validation":{"constant_value":true},"skip_metadata_api_check":{"constant_value":true},"skip_region_validation":{"constant_value":true},"skip_requesting_account_id":{"constant_value":true}}}},"root_module":{"resources":[{"address":"aws_cloudwatch_event_rule.codecommit_event_rule","mode":"managed","type":"aws_cloudwatch_event_rule","name":"codecommit_event_rule","provider_config_key":"aws","expressions":{"description":{"constant_value":"Rule to trigger CodePipeline on CodeCommit events"},"event_pattern":{"references":["local.region","local.account_id","local.environment","local.project_name","var.branch_name"]},"name":{"references":["local.environment","local.project_name"]}},"schema_version":1},{"address":"aws_cloudwatch_event_target.codepipeline_target","mode":"managed","type":"aws_cloudwatch_event_target","name":"codepipeline_target","provider_config_key":"aws","expressions":{"arn":{"references":["local.region","local.account_id","local.environment","local.project_name"]},"role_arn":{"references":["aws_iam_role.codepipeline_target_rule.arn","aws_iam_role.codepipeline_target_rule"]},"rule":{"references":["aws_cloudwatch_event_rule.codecommit_event_rule.name","aws_cloudwatch_event_rule.codecommit_event_rule"]}},"schema_version":1},{"address":"aws_codebuild_project.code_build","mode":"managed","type":"aws_codebuild_project","name":"code_build","provider_config_key":"aws","expressions":{"artifacts":[{"type":{"constant_value":"NO_ARTIFACTS"}}],"build_timeout":{"constant_value":5},"cache":[{"type":{"constant_value":"NO_CACHE"}}],"description":{"references":["local.project_name"]},"environment":[{"compute_type":{"constant_value":"BUILD_GENERAL1_SMALL"},"environment_variable":[{"name":{"constant_value":"AWS_ACCOUNT_ID"},"type":{"constant_value":"PLAINTEXT"},"value":{"references":["local.account_id"]}},{"name":{"constant_value":"AWS_DEFAULT_REGION"},"type":{"constant_value":"PLAINTEXT"},"value":{"references":["local.region"]}},{"name":{"constant_value":"IMAGE_TAG"},"type":{"constant_value":"PLAINTEXT"},"value":{"constant_value":"latest"}},{"name":{"constant_value":"IMAGE_REPO_NAME"},"type":{"constant_value":"PLAINTEXT"},"value":{"references":["aws_ecr_repository.repository.name","aws_ecr_repository.repository"]}},{"name":{"constant_value":"CONTAINER_NAME"},"type":{"constant_value":"PLAINTEXT"},"value":{"references":["local.environment","local.project_name"]}}],"image":{"constant_value":"aws/codebuild/amazonlinux2-x86_64-standard:5.0"},"image_pull_credentials_type":{"constant_value":"CODEBUILD"},"privileged_mode":{"constant_value":true},"type":{"constant_value":"LINUX_CONTAINER"}}],"logs_config":[{"cloudwatch_logs":[{"group_name":{"references":["local.project_name"]},"status":{"constant_value":"ENABLED"},"stream_name":{"references":["local.project_name"]}}]}],"name":{"references":["local.environment","local.project_name"]},"service_role":{"references":["aws_iam_role.codebuild.arn","aws_iam_role.codebuild"]},"source":[{"buildspec":{"constant_value":"buildspec.yml"},"git_clone_depth":{"constant_value":1},"location":{"references":["aws_codecommit_repository.repository.repository_name","aws_codecommit_repository.repository"]},"type":{"constant_value":"CODECOMMIT"}}],"source_version":{"constant_value":"refs/head/master"},"tags":{"references":["local.tags"]}},"schema_version":0},{"address":"aws_codecommit_repository.repository","mode":"managed","type":"aws_codecommit_repository","name":"repository","provider_config_key":"aws","expressions":{"description":{"references":["local.project_name"]},"repository_name":{"references":["local.environment","local.project_name"]},"tags":{"references":["local.tags"]}},"schema_version":0},{"address":"aws_codepipeline.codepipeline","mode":"managed","type":"aws_codepipeline","name":"codepipeline","provider_config_key":"aws","expressions":{"artifact_store":[{"location":{"references":["aws_s3_bucket.codepipeline.bucket","aws_s3_bucket.codepipeline"]},"type":{"constant_value":"S3"}}],"execution_mode":{"constant_value":"QUEUED"},"name":{"references":["local.environment","local.project_name"]},"pipeline_type":{"constant_value":"V2"},"role_arn":{"references":["aws_iam_role.codepipeline.arn","aws_iam_role.codepipeline"]},"stage":[{"action":[{"category":{"constant_value":"Source"},"configuration":{"references":["aws_codecommit_repository.repository.repository_name","aws_codecommit_repository.repository","var.branch_name"]},"name":{"constant_value":"Source"},"output_artifacts":{"constant_value":["source_output"]},"owner":{"constant_value":"AWS"},"provider":{"constant_value":"CodeCommit"},"version":{"constant_value":"1"}}],"name":{"constant_value":"Source"}},{"action":[{"category":{"constant_value":"Build"},"configuration":{"references":["aws_codebuild_project.code_build.name","aws_codebuild_project.code_build"]},"input_artifacts":{"constant_value":["source_output"]},"name":{"constant_value":"Build"},"output_artifacts":{"constant_value":["build_output"]},"owner":{"constant_value":"AWS"},"provider":{"constant_value":"CodeBuild"},"version":{"constant_value":"1"}}],"name":{"constant_value":"Build"}},{"action":[{"category":{"constant_value":"Deploy"},"configuration":{"references":["aws_ecs_cluster.cluster.name","aws_ecs_cluster.cluster","aws_ecs_service.service.name","aws_ecs_service.service"]},"input_artifacts":{"constant_value":["build_output"]},"name":{"constant_value":"Deploy"},"owner":{"constant_value":"AWS"},"provider":{"constant_value":"ECS"},"version":{"constant_value":"1"}}],"name":{"constant_value":"Deploy"}}],"tags":{"references":["local.tags"]}},"schema_version":0},{"address":"aws_ecr_repository.repository","mode":"managed","type":"aws_ecr_repository","name":"repository","provider_config_key":"aws","expressions":{"image_scanning_configuration":[{"scan_on_push":{"constant_value":true}}],"image_tag_mutability":{"constant_value":"MUTABLE"},"name":{"references":["local.environment","local.project_name"]},"tags":{"references":["local.tags"]}},"schema_version":0},{"address":"aws_ecs_cluster.cluster","mode":"managed","type":"aws_ecs_cluster","name":"cluster","provider_config_key":"aws","expressions":{"name":{"references":["local.environment","local.project_name"]},"tags":{"references":["local.tags"]}},"schema_version":0},{"address":"aws_ecs_service.service","mode":"managed","type":"aws_ecs_service","name":"service","provider_config_key":"aws","expressions":{"cluster":{"references":["aws_ecs_cluster.cluster.id","aws_ecs_cluster.cluster"]},"desired_count":{"constant_value":2},"launch_type":{"constant_value":"FARGATE"},"load_balancer":[{"container_name":{"references":["local.environment","local.project_name"]},"container_port":{"constant_value":80},"target_group_arn":{"references":["aws_lb_target_group.alb_tg.arn","aws_lb_target_group.alb_tg"]}}],"name":{"references":["local.environment","local.project_name"]},"network_configuration":[{"assign_public_ip":{"constant_value":true},"security_groups":{"references":["aws_security_group.ecs_service_sg.id","aws_security_group.ecs_service_sg"]},"subnets":{"references":["data.aws_subnets.vpc_subnets.ids","data.aws_subnets.vpc_subnets"]}}],"platform_version":{"constant_value":"LATEST"},"task_definition":{"references":["aws_ecs_task_definition.task_definition.arn","aws_ecs_task_definition.task_definition"]}},"schema_version":1},{"address":"aws_ecs_task_definition.task_definition","mode":"managed","type":"aws_ecs_task_definition","name":"task_definition","provider_config_key":"aws","expressions":{"container_definitions":{"references":["local.environment","local.project_name","local.account_id","local.region","local.environment","local.project_name","local.project_name","local.environment","local.project_name","local.region"]},"cpu":{"constant_value":512},"execution_role_arn":{"references":["local.account_id"]},"family":{"references":["local.environment","local.project_name"]},"memory":{"constant_value":1024},"network_mode":{"constant_value":"awsvpc"},"requires_compatibilities":{"constant_value":["FARGATE"]},"runtime_platform":[{"cpu_architecture":{"constant_value":"X86_64"},"operating_system_family":{"constant_value":"LINUX"}}],"task_role_arn":{"references":["local.account_id"]}},"schema_version":1},{"address":"aws_iam_policy.codebuild","mode":"managed","type":"aws_iam_policy","name":"codebuild","provider_config_key":"aws","expressions":{"description":{"references":["local.project_name"]},"name":{"references":["local.environment","local.project_name"]},"policy":{"references":["data.aws_iam_policy_document.codebuild.json","data.aws_iam_policy_document.codebuild"]},"tags":{"references":["local.tags"]}},"schema_version":0},{"address":"aws_iam_policy.codepipeline","mode":"managed","type":"aws_iam_policy","name":"codepipeline","provider_config_key":"aws","expressions":{"description":{"references":["local.project_name"]},"name":{"references":["local.environment","local.project_name"]},"policy":{"references":["data.aws_iam_policy_document.codepipeline.json","data.aws_iam_policy_document.codepipeline"]},"tags":{"references":["local.tags"]}},"schema_version":0},{"address":"aws_iam_policy.codepipeline_target_policy","mode":"managed","type":"aws_iam_policy","name":"codepipeline_target_policy","provider_config_key":"aws","expressions":{"description":{"references":["local.project_name"]},"name":{"references":["local.environment","local.project_name"]},"policy":{"references":["data.aws_iam_policy_document.codepipeline_target.json","data.aws_iam_policy_document.codepipeline_target"]},"tags":{"references":["local.tags"]}},"schema_version":0},{"address":"aws_iam_role.codebuild","mode":"managed","type":"aws_iam_role","name":"codebuild","provider_config_key":"aws","expressions":{"assume_role_policy":{"references":["data.aws_iam_policy_document.assume_role_codebuild.json","data.aws_iam_policy_document.assume_role_codebuild"]},"name":{"references":["local.environment","local.project_name"]},"tags":{"references":["local.tags"]}},"schema_version":0},{"address":"aws_iam_role.codepipeline","mode":"managed","type":"aws_iam_role","name":"codepipeline","provider_config_key":"aws","expressions":{"assume_role_policy":{"references":["data.aws_iam_policy_document.assume_role_codepipeline.json","data.aws_iam_policy_document.assume_role_codepipeline"]},"name":{"references":["local.environment","local.project_name"]},"tags":{"references":["local.tags"]}},"schema_version":0},{"address":"aws_iam_role.codepipeline_target_rule","mode":"managed","type":"aws_iam_role","name":"codepipeline_target_rule","provider_config_key":"aws","expressions":{"assume_role_policy":{"references":["data.aws_iam_policy_document.assume_role_codepipeline_target.json","data.aws_iam_policy_document.assume_role_codepipeline_target"]},"name":{"references":["local.environment","local.project_name"]},"tags":{"references":["local.tags"]}},"schema_version":0},{"address":"aws_iam_role_policy_attachment.codebuild","mode":"managed","type":"aws_iam_role_policy_attachment","name":"codebuild","provider_config_key":"aws","expressions":{"policy_arn":{"references":["aws_iam_policy.codebuild.arn","aws_iam_policy.codebuild"]},"role":{"references":["aws_iam_role.codebuild.name","aws_iam_role.codebuild"]}},"schema_version":0},{"address":"aws_iam_role_policy_attachment.codepipeline","mode":"managed","type":"aws_iam_role_policy_attachment","name":"codepipeline","provider_config_key":"aws","expressions":{"policy_arn":{"references":["aws_iam_policy.codepipeline.arn","aws_iam_policy.codepipeline"]},"role":{"references":["aws_iam_role.codepipeline.name","aws_iam_role.codepipeline"]}},"schema_version":0},{"address":"aws_iam_role_policy_attachment.codepipeline_target","mode":"managed","type":"aws_iam_role_policy_attachment","name":"codepipeline_target","provider_config_key":"aws","expressions":{"policy_arn":{"references":["aws_iam_policy.codepipeline_target_policy.arn","aws_iam_policy.codepipeline_target_policy"]},"role":{"references":["aws_iam_role.codepipeline_target_rule.name","aws_iam_role.codepipeline_target_rule"]}},"schema_version":0},{"address":"aws_lb.alb","mode":"managed","type":"aws_lb","name":"alb","provider_config_key":"aws","expressions":{"internal":{"constant_value":false},"ip_address_type":{"constant_value":"ipv4"},"load_balancer_type":{"constant_value":"application"},"name":{"references":["local.environment","local.project_name"]},"security_groups":{"references":["aws_security_group.alb_sg.id","aws_security_group.alb_sg"]},"subnets":{"references":["data.aws_subnets.vpc_subnets.ids","data.aws_subnets.vpc_subnets"]},"tags":{"references":["local.tags"]}},"schema_version":0},{"address":"aws_lb_listener.lb_listener","mode":"managed","type":"aws_lb_listener","name":"lb_listener","provider_config_key":"aws","expressions":{"default_action":[{"target_group_arn":{"references":["aws_lb_target_group.alb_tg.arn","aws_lb_target_group.alb_tg"]},"type":{"constant_value":"forward"}}],"load_balancer_arn":{"references":["aws_lb.alb.arn","aws_lb.alb"]},"port":{"constant_value":"80"},"protocol":{"constant_value":"HTTP"},"tags":{"references":["local.tags"]}},"schema_version":0},{"address":"aws_lb_target_group.alb_tg","mode":"managed","type":"aws_lb_target_group","name":"alb_tg","provider_config_key":"aws","expressions":{"ip_address_type":{"constant_value":"ipv4"},"name":{"references":["local.environment","local.project_name"]},"port":{"constant_value":80},"protocol":{"constant_value":"HTTP"},"protocol_version":{"constant_value":"HTTP1"},"tags":{"references":["local.tags"]},"target_type":{"constant_value":"ip"},"vpc_id":{"references":["var.vpc_id"]}},"schema_version":0},{"address":"aws_s3_bucket.codepipeline","mode":"managed","type":"aws_s3_bucket","name":"codepipeline","provider_config_key":"aws","expressions":{"bucket":{"references":["local.environment","local.project_name"]},"tags":{"references":["local.tags"]}},"schema_version":0},{"address":"aws_s3_bucket_public_access_block.codepipeline","mode":"managed","type":"aws_s3_bucket_public_access_block","name":"codepipeline","provider_config_key":"aws","expressions":{"block_public_acls":{"constant_value":true},"block_public_policy":{"constant_value":true},"bucket":{"references":["aws_s3_bucket.codepipeline.id","aws_s3_bucket.codepipeline"]},"ignore_public_acls":{"constant_value":true},"restrict_public_buckets":{"constant_value":true}},"schema_version":0},{"address":"aws_security_group.alb_sg","mode":"managed","type":"aws_security_group","name":"alb_sg","provider_config_key":"aws","expressions":{"description":{"constant_value":"Sg for the ALB"},"name":{"references":["local.environment","local.project_name"]},"tags":{"references":["local.tags","local.environment","local.project_name"]},"vpc_id":{"references":["var.vpc_id"]}},"schema_version":1},{"address":"aws_security_group.ecs_service_sg","mode":"managed","type":"aws_security_group","name":"ecs_service_sg","provider_config_key":"aws","expressions":{"description":{"constant_value":"Sg for the ECS Service"},"name":{"references":["local.environment","local.project_name"]},"tags":{"references":["local.tags","local.environment","local.project_name"]},"vpc_id":{"references":["var.vpc_id"]}},"schema_version":1},{"address":"aws_security_group_rule.alb_inbound","mode":"managed","type":"aws_security_group_rule","name":"alb_inbound","provider_config_key":"aws","expressions":{"cidr_blocks":{"constant_value":["0.0.0.0/0"]},"from_port":{"constant_value":80},"protocol":{"constant_value":"tcp"},"security_group_id":{"references":["aws_security_group.alb_sg.id","aws_security_group.alb_sg"]},"to_port":{"constant_value":80},"type":{"constant_value":"ingress"}},"schema_version":2},{"address":"aws_security_group_rule.alb_outbound","mode":"managed","type":"aws_security_group_rule","name":"alb_outbound","provider_config_key":"aws","expressions":{"from_port":{"constant_value":80},"protocol":{"constant_value":"tcp"},"security_group_id":{"references":["aws_security_group.alb_sg.id","aws_security_group.alb_sg"]},"source_security_group_id":{"references":["aws_security_group.ecs_service_sg.id","aws_security_group.ecs_service_sg"]},"to_port":{"constant_value":80},"type":{"constant_value":"egress"}},"schema_version":2},{"address":"aws_security_group_rule.service_inbound","mode":"managed","type":"aws_security_group_rule","name":"service_inbound","provider_config_key":"aws","expressions":{"from_port":{"constant_value":80},"protocol":{"constant_value":"tcp"},"security_group_id":{"references":["aws_security_group.ecs_service_sg.id","aws_security_group.ecs_service_sg"]},"source_security_group_id":{"references":["aws_security_group.alb_sg.id","aws_security_group.alb_sg"]},"to_port":{"constant_value":80},"type":{"constant_value":"ingress"}},"schema_version":2},{"address":"aws_security_group_rule.service_outbound_https","mode":"managed","type":"aws_security_group_rule","name":"service_outbound_https","provider_config_key":"aws","expressions":{"cidr_blocks":{"constant_value":["0.0.0.0/0"]},"from_port":{"constant_value":443},"protocol":{"constant_value":"tcp"},"security_group_id":{"references":["aws_security_group.ecs_service_sg.id","aws_security_group.ecs_service_sg"]},"to_port":{"constant_value":443},"type":{"constant_value":"egress"}},"schema_version":2},{"address":"data.aws_caller_identity.current","mode":"data","type":"aws_caller_identity","name":"current","provider_config_key":"aws","schema_version":0},{"address":"data.aws_iam_policy_document.assume_role_codebuild","mode":"data","type":"aws_iam_policy_document","name":"assume_role_codebuild","provider_config_key":"aws","expressions":{"statement":[{"actions":{"constant_value":["sts:AssumeRole"]},"effect":{"constant_value":"Allow"},"principals":[{"identifiers":{"constant_value":["codebuild.amazonaws.com"]},"type":{"constant_value":"Service"}}]}]},"schema_version":0},{"address":"data.aws_iam_policy_document.assume_role_codepipeline","mode":"data","type":"aws_iam_policy_document","name":"assume_role_codepipeline","provider_config_key":"aws","expressions":{"statement":[{"actions":{"constant_value":["sts:AssumeRole"]},"effect":{"constant_value":"Allow"},"principals":[{"identifiers":{"constant_value":["codepipeline.amazonaws.com"]},"type":{"constant_value":"Service"}}]}]},"schema_version":0},{"address":"data.aws_iam_policy_document.assume_role_codepipeline_target","mode":"data","type":"aws_iam_policy_document","name":"assume_role_codepipeline_target","provider_config_key":"aws","expressions":{"statement":[{"actions":{"constant_value":["sts:AssumeRole"]},"effect":{"constant_value":"Allow"},"principals":[{"identifiers":{"constant_value":["events.amazonaws.com"]},"type":{"constant_value":"Service"}}]}]},"schema_version":0},{"address":"data.aws_iam_policy_document.codebuild","mode":"data","type":"aws_iam_policy_document","name":"codebuild","provider_config_key":"aws","expressions":{"statement":[{"actions":{"constant_value":["codebuild:CreateReportGroup","codebuild:CreateReport","codebuild:UpdateReport","codebuild:BatchPutTestCases","codebuild:BatchPutCodeCoverages"]},"effect":{"constant_value":"Allow"},"resources":{"references":["local.region","local.account_id","local.environment","local.project_name"]}},{"actions":{"constant_value":["ecr:CompleteLayerUpload","ecr:UploadLayerPart","ecr:InitiateLayerUpload","ecr:BatchCheckLayerAvailability","ecr:PutImage"]},"effect":{"constant_value":"Allow"},"resources":{"references":["aws_ecr_repository.repository.arn","aws_ecr_repository.repository"]},"sid":{"constant_value":"AllowECRAccess"}},{"actions":{"constant_value":["ecr:GetAuthorizationToken"]},"effect":{"constant_value":"Allow"},"resources":{"constant_value":["*"]},"sid":{"constant_value":"GetAuthToken"}},{"actions":{"constant_value":["codecommit:GitPull"]},"effect":{"constant_value":"Allow"},"resources":{"references":["local.region","local.account_id","local.environment","local.project_name"]}},{"actions":{"constant_value":["s3:PutObject","s3:GetObject","s3:GetObjectVersion","s3:GetBucketAcl","s3:GetBucketLocation"]},"effect":{"constant_value":"Allow"},"resources":{"references":["local.environment","local.project_name"]}},{"actions":{"constant_value":["logs:CreateLogGroup","logs:CreateLogStream","logs:PutLogEvents"]},"effect":{"constant_value":"Allow"},"resources":{"references":["local.region","local.account_id","local.project_name","local.region","local.account_id","local.project_name"]}}]},"schema_version":0},{"address":"data.aws_iam_policy_document.codepipeline","mode":"data","type":"aws_iam_policy_document","name":"codepipeline","provider_config_key":"aws","expressions":{"statement":[{"actions":{"constant_value":["iam:PassRole"]},"condition":[{"test":{"constant_value":"StringEqualsIfExists"},"values":{"constant_value":["cloudformation.amazonaws.com","elasticbeanstalk.amazonaws.com","ec2.amazonaws.com","ecs-tasks.amazonaws.com"]},"variable":{"constant_value":"iam:PassedToService"}}],"effect":{"constant_value":"Allow"},"resources":{"constant_value":["*"]}},{"actions":{"constant_value":["codecommit:CancelUploadArchive","codecommit:GetBranch","codecommit:GetCommit","codecommit:GetRepository","codecommit:GetUploadArchiveStatus","codecommit:UploadArchive"]},"effect":{"constant_value":"Allow"},"resources":{"references":["local.region","local.account_id","local.environment","local.project_name"]}},{"actions":{"constant_value":["ecs:*","s3:*"]},"resources":{"constant_value":["*"]}},{"actions":{"constant_value":["codebuild:BatchGetBuilds","codebuild:StartBuild","codebuild:BatchGetBuildBatches","codebuild:StartBuildBatch"]},"effect":{"constant_value":"Allow"},"resources":{"references":["local.region","local.account_id","local.environment","local.project_name"]}},{"actions":{"constant_value":["ecr:DescribeImages"]},"effect":{"constant_value":"Allow"},"resources":{"constant_value":["*"]}}]},"schema_version":0},{"address":"data.aws_iam_policy_document.codepipeline_target","mode":"data","type":"aws_iam_policy_document","name":"codepipeline_target","provider_config_key":"aws","expressions":{"statement":[{"actions":{"constant_value":["codepipeline:StartPipelineExecution"]},"effect":{"constant_value":"Allow"},"resources":{"references":["local.region","local.account_id","local.environment","local.project_name"]}}]},"schema_version":0},{"address":"data.aws_region.current","mode":"data","type":"aws_region","name":"current","provider_config_key":"aws","schema_version":0},{"address":"data.aws_subnets.vpc_subnets","mode":"data","type":"aws_subnets","name":"vpc_subnets","provider_config_key":"aws","expressions":{"filter":[{"name":{"constant_value":"vpc-id"},"values":{"references":["var.vpc_id"]}}]},"schema_version":0}],"variables":{"branch_name":{"default":"master","description":"Branch name of the code commit repository"},"environment":{"default":"dev","description":"Environment name where you want to deploy this project"},"project_name":{"default":"devops-cicd-aws","description":"Name for this project"},"vpc_id":{"description":"Id of the vpc where this project will be deployed."}}}},"relevant_attributes":[{"resource":"data.aws_iam_policy_document.codebuild","attribute":["json"]},{"resource":"aws_iam_policy.codepipeline_target_policy","attribute":["arn"]},{"resource":"aws_codecommit_repository.repository","attribute":["repository_name"]},{"resource":"aws_iam_role.codepipeline_target_rule","attribute":["arn"]},{"resource":"aws_iam_policy.codepipeline","attribute":["arn"]},{"resource":"data.aws_iam_policy_document.codepipeline_target","attribute":["json"]},{"resource":"data.aws_iam_policy_document.assume_role_codebuild","attribute":["json"]},{"resource":"aws_s3_bucket.codepipeline","attribute":["bucket"]},{"resource":"data.aws_iam_policy_document.assume_role_codepipeline","attribute":["json"]},{"resource":"aws_iam_role.codepipeline","attribute":["arn"]},{"resource":"aws_ecr_repository.repository","attribute":["arn"]},{"resource":"aws_cloudwatch_event_rule.codecommit_event_rule","attribute":["name"]},{"resource":"aws_iam_role.codepipeline_target_rule","attribute":["name"]},{"resource":"data.aws_caller_identity.current","attribute":["account_id"]},{"resource":"data.aws_iam_policy_document.assume_role_codepipeline_target","attribute":["json"]},{"resource":"aws_ecs_cluster.cluster","attribute":["name"]},{"resource":"data.aws_region.current","attribute":["name"]},{"resource":"aws_ecs_service.service","attribute":["name"]},{"resource":"aws_iam_role.codebuild","attribute":["arn"]},{"resource":"aws_ecs_task_definition.task_definition","attribute":["arn"]},{"resource":"aws_lb_target_group.alb_tg","attribute":["arn"]},{"resource":"data.aws_subnets.vpc_subnets","attribute":["ids"]},{"resource":"aws_iam_role.codepipeline","attribute":["name"]},{"resource":"aws_s3_bucket.codepipeline","attribute":["id"]},{"resource":"aws_codebuild_project.code_build","attribute":["name"]},{"resource":"aws_ecr_repository.repository","attribute":["name"]},{"resource":"aws_security_group.ecs_service_sg","attribute":["id"]},{"resource":"aws_ecs_cluster.cluster","attribute":["id"]},{"resource":"aws_lb.alb","attribute":["arn"]},{"resource":"aws_iam_policy.codebuild","attribute":["arn"]},{"resource":"aws_security_group.alb_sg","attribute":["id"]},{"resource":"data.aws_iam_policy_document.codepipeline","attribute":["json"]},{"resource":"aws_iam_role.codebuild","attribute":["name"]}],"timestamp":"2026-01-27T12:56:07Z","applyable":true,"complete":true,"errored":false}
