{
  "version": 4,
  "terraform_version": "1.13.5",
  "serial": 13,
  "lineage": "041b2827-dbca-225e-ef43-32b5af947fe9",
  "outputs": {
    "alb_dns_name": {
      "value": "http-echo-alb.elb.localhost.localstack.cloud",
      "type": "string"
    },
    "ecr_repository_url": {
      "value": "000000000000.dkr.ecr.us-east-1.localhost.localstack.cloud:4566/http-echo",
      "type": "string"
    },
    "ecs_cluster_name": {
      "value": "http-echo-cluster",
      "type": "string"
    }
  },
  "resources": [
    {
      "mode": "data",
      "type": "aws_iam_policy_document",
      "name": "ecs_task_assume",
      "provider": "provider[\"registry.terraform.io/hashicorp/aws\"]",
      "instances": [
        {
          "schema_version": 0,
          "attributes": {
            "id": "1077804475",
            "json": "{\n  \"Version\": \"2012-10-17\",\n  \"Statement\": [\n    {\n      \"Effect\": \"Allow\",\n      \"Action\": \"sts:AssumeRole\",\n      \"Principal\": {\n        \"Service\": \"ecs-tasks.amazonaws.com\"\n      }\n    }\n  ]\n}",
            "minified_json": "{\"Version\":\"2012-10-17\",\"Statement\":[{\"Effect\":\"Allow\",\"Action\":\"sts:AssumeRole\",\"Principal\":{\"Service\":\"ecs-tasks.amazonaws.com\"}}]}",
            "override_json": null,
            "override_policy_documents": null,
            "policy_id": null,
            "source_json": null,
            "source_policy_documents": null,
            "statement": [
              {
                "actions": [
                  "sts:AssumeRole"
                ],
                "condition": [],
                "effect": "Allow",
                "not_actions": [],
                "not_principals": [],
                "not_resources": [],
                "principals": [
                  {
                    "identifiers": [
                      "ecs-tasks.amazonaws.com"
                    ],
                    "type": "Service"
                  }
                ],
                "resources": [],
                "sid": ""
              }
            ],
            "version": "2012-10-17"
          },
          "sensitive_attributes": [],
          "identity_schema_version": 0
        }
      ]
    },
    {
      "mode": "data",
      "type": "aws_subnets",
      "name": "default",
      "provider": "provider[\"registry.terraform.io/hashicorp/aws\"]",
      "instances": [
        {
          "schema_version": 0,
          "attributes": {
            "filter": [
              {
                "name": "vpc-id",
                "values": [
                  "vpc-3759df9ae20232afe"
                ]
              }
            ],
            "id": "us-east-1",
            "ids": [
              "subnet-45eec8a326b5a6f09",
              "subnet-daf983756c109235b",
              "subnet-d6e30ad63ee445163",
              "subnet-cee7d36aeb03c78ac",
              "subnet-18476f21305548e49",
              "subnet-0d5e028b52f54efd2"
            ],
            "tags": null,
            "timeouts": null
          },
          "sensitive_attributes": [],
          "identity_schema_version": 0
        }
      ]
    },
    {
      "mode": "data",
      "type": "aws_vpc",
      "name": "default",
      "provider": "provider[\"registry.terraform.io/hashicorp/aws\"]",
      "instances": [
        {
          "schema_version": 0,
          "attributes": {
            "arn": "arn:aws:ec2:us-east-1:000000000000:vpc/vpc-3759df9ae20232afe",
            "cidr_block": "172.31.0.0/16",
            "cidr_block_associations": [
              {
                "association_id": "vpc-cidr-assoc-52feafeaf44b71fb5",
                "cidr_block": "172.31.0.0/16",
                "state": "associated"
              }
            ],
            "default": true,
            "dhcp_options_id": "default",
            "enable_dns_hostnames": true,
            "enable_dns_support": true,
            "enable_network_address_usage_metrics": false,
            "filter": null,
            "id": "vpc-3759df9ae20232afe",
            "instance_tenancy": "default",
            "ipv6_association_id": "",
            "ipv6_cidr_block": "",
            "main_route_table_id": "rtb-2be15a146420fa875",
            "owner_id": "000000000000",
            "state": null,
            "tags": {},
            "timeouts": null
          },
          "sensitive_attributes": [],
          "identity_schema_version": 0
        }
      ]
    },
    {
      "mode": "managed",
      "type": "aws_cloudwatch_log_group",
      "name": "this",
      "provider": "provider[\"registry.terraform.io/hashicorp/aws\"]",
      "instances": [
        {
          "schema_version": 0,
          "attributes": {
            "arn": "arn:aws:logs:us-east-1:000000000000:log-group:/ecs/http-echo",
            "id": "/ecs/http-echo",
            "kms_key_id": "",
            "log_group_class": "",
            "name": "/ecs/http-echo",
            "name_prefix": "",
            "retention_in_days": 7,
            "skip_destroy": false,
            "tags": null,
            "tags_all": {
              "App": "http-echo"
            }
          },
          "sensitive_attributes": [],
          "identity_schema_version": 0,
          "private": "bnVsbA=="
        }
      ]
    },
    {
      "mode": "managed",
      "type": "aws_ecr_repository",
      "name": "this",
      "provider": "provider[\"registry.terraform.io/hashicorp/aws\"]",
      "instances": [
        {
          "schema_version": 0,
          "attributes": {
            "arn": "arn:aws:ecr:us-east-1:000000000000:repository/http-echo",
            "encryption_configuration": [
              {
                "encryption_type": "AES256",
                "kms_key": ""
              }
            ],
            "force_delete": null,
            "id": "http-echo",
            "image_scanning_configuration": [
              {
                "scan_on_push": true
              }
            ],
            "image_tag_mutability": "MUTABLE",
            "name": "http-echo",
            "registry_id": "000000000000",
            "repository_url": "000000000000.dkr.ecr.us-east-1.localhost.localstack.cloud:4566/http-echo",
            "tags": null,
            "tags_all": {
              "App": "http-echo"
            },
            "timeouts": null
          },
          "sensitive_attributes": [],
          "identity_schema_version": 0,
          "private": "eyJlMmJmYjczMC1lY2FhLTExZTYtOGY4OC0zNDM2M2JjN2M0YzAiOnsiZGVsZXRlIjoxMjAwMDAwMDAwMDAwfX0="
        }
      ]
    },
    {
      "mode": "managed",
      "type": "aws_ecs_cluster",
      "name": "this",
      "provider": "provider[\"registry.terraform.io/hashicorp/aws\"]",
      "instances": [
        {
          "schema_version": 0,
          "attributes": {
            "arn": "arn:aws:ecs:us-east-1:000000000000:cluster/http-echo-cluster",
            "configuration": [],
            "id": "arn:aws:ecs:us-east-1:000000000000:cluster/http-echo-cluster",
            "name": "http-echo-cluster",
            "service_connect_defaults": [],
            "setting": [
              {
                "name": "containerInsights",
                "value": "disabled"
              }
            ],
            "tags": null,
            "tags_all": {
              "App": "http-echo"
            }
          },
          "sensitive_attributes": [],
          "identity_schema_version": 0,
          "private": "bnVsbA=="
        }
      ]
    },
    {
      "mode": "managed",
      "type": "aws_ecs_service",
      "name": "this",
      "provider": "provider[\"registry.terraform.io/hashicorp/aws\"]",
      "instances": [
        {
          "schema_version": 1,
          "attributes": {
            "alarms": [],
            "availability_zone_rebalancing": "",
            "capacity_provider_strategy": [],
            "cluster": "arn:aws:ecs:us-east-1:000000000000:cluster/http-echo-cluster",
            "deployment_circuit_breaker": [
              {
                "enable": false,
                "rollback": false
              }
            ],
            "deployment_controller": [
              {
                "type": "ECS"
              }
            ],
            "deployment_maximum_percent": 200,
            "deployment_minimum_healthy_percent": 100,
            "desired_count": 1,
            "enable_ecs_managed_tags": false,
            "enable_execute_command": false,
            "force_delete": null,
            "force_new_deployment": null,
            "health_check_grace_period_seconds": 0,
            "iam_role": null,
            "id": "arn:aws:ecs:us-east-1:000000000000:service/http-echo-cluster/http-echo-svc",
            "launch_type": "FARGATE",
            "load_balancer": [
              {
                "container_name": "http-echo",
                "container_port": 5678,
                "elb_name": "",
                "target_group_arn": "arn:aws:elasticloadbalancing:us-east-1:000000000000:targetgroup/http-echo-tg/03d5c46ead9aabc7"
              }
            ],
            "name": "http-echo-svc",
            "network_configuration": [
              {
                "assign_public_ip": true,
                "security_groups": [
                  "sg-abf83151121ca50d7"
                ],
                "subnets": [
                  "subnet-0d5e028b52f54efd2",
                  "subnet-18476f21305548e49",
                  "subnet-45eec8a326b5a6f09",
                  "subnet-cee7d36aeb03c78ac",
                  "subnet-d6e30ad63ee445163",
                  "subnet-daf983756c109235b"
                ]
              }
            ],
            "ordered_placement_strategy": [],
            "placement_constraints": [],
            "platform_version": "",
            "propagate_tags": "",
            "scheduling_strategy": "REPLICA",
            "service_connect_configuration": [],
            "service_registries": [],
            "tags": null,
            "tags_all": {
              "App": "http-echo"
            },
            "task_definition": "arn:aws:ecs:us-east-1:000000000000:task-definition/http-echo:1",
            "timeouts": null,
            "triggers": {},
            "volume_configuration": [],
            "vpc_lattice_configurations": [],
            "wait_for_steady_state": false
          },
          "sensitive_attributes": [],
          "identity_schema_version": 0,
          "private": "eyJlMmJmYjczMC1lY2FhLTExZTYtOGY4OC0zNDM2M2JjN2M0YzAiOnsiY3JlYXRlIjoxMjAwMDAwMDAwMDAwLCJkZWxldGUiOjEyMDAwMDAwMDAwMDAsInVwZGF0ZSI6MTIwMDAwMDAwMDAwMH0sInNjaGVtYV92ZXJzaW9uIjoiMSJ9",
          "dependencies": [
            "aws_cloudwatch_log_group.this",
            "aws_ecr_repository.this",
            "aws_ecs_cluster.this",
            "aws_ecs_task_definition.this",
            "aws_iam_role.task_execution",
            "aws_lb.this",
            "aws_lb_listener.http",
            "aws_lb_target_group.this",
            "aws_security_group.alb",
            "aws_security_group.ecs",
            "data.aws_iam_policy_document.ecs_task_assume",
            "data.aws_subnets.default",
            "data.aws_vpc.default"
          ]
        }
      ]
    },
    {
      "mode": "managed",
      "type": "aws_ecs_task_definition",
      "name": "this",
      "provider": "provider[\"registry.terraform.io/hashicorp/aws\"]",
      "instances": [
        {
          "schema_version": 1,
          "attributes": {
            "arn": "arn:aws:ecs:us-east-1:000000000000:task-definition/http-echo:1",
            "arn_without_revision": "arn:aws:ecs:us-east-1:000000000000:task-definition/http-echo",
            "container_definitions": "[{\"environment\":[{\"name\":\"ECHO_TEXT\",\"value\":\"hello world\"}],\"essential\":true,\"image\":\"000000000000.dkr.ecr.us-east-1.localhost.localstack.cloud:4566/http-echo:latest\",\"logConfiguration\":{\"logDriver\":\"awslogs\",\"options\":{\"awslogs-group\":\"/ecs/http-echo\",\"awslogs-region\":\"us-east-1\",\"awslogs-stream-prefix\":\"ecs\"}},\"mountPoints\":[],\"name\":\"http-echo\",\"portMappings\":[{\"containerPort\":5678,\"hostPort\":5678,\"protocol\":\"tcp\"}],\"volumesFrom\":[]}]",
            "cpu": "256",
            "enable_fault_injection": false,
            "ephemeral_storage": [],
            "execution_role_arn": "arn:aws:iam::000000000000:role/http-echo-exec-20260127091824041900000001",
            "family": "http-echo",
            "id": "http-echo",
            "inference_accelerator": [],
            "ipc_mode": "",
            "memory": "512",
            "network_mode": "awsvpc",
            "pid_mode": "",
            "placement_constraints": [],
            "proxy_configuration": [],
            "requires_compatibilities": [
              "FARGATE"
            ],
            "revision": 1,
            "runtime_platform": [],
            "skip_destroy": false,
            "tags": null,
            "tags_all": {
              "App": "http-echo"
            },
            "task_role_arn": "",
            "track_latest": false,
            "volume": []
          },
          "sensitive_attributes": [],
          "identity_schema_version": 0,
          "private": "eyJzY2hlbWFfdmVyc2lvbiI6IjEifQ==",
          "dependencies": [
            "aws_cloudwatch_log_group.this",
            "aws_ecr_repository.this",
            "aws_iam_role.task_execution",
            "data.aws_iam_policy_document.ecs_task_assume"
          ]
        }
      ]
    },
    {
      "mode": "managed",
      "type": "aws_iam_role",
      "name": "task_execution",
      "provider": "provider[\"registry.terraform.io/hashicorp/aws\"]",
      "instances": [
        {
          "schema_version": 0,
          "attributes": {
            "arn": "arn:aws:iam::000000000000:role/http-echo-exec-20260127091824041900000001",
            "assume_role_policy": "{\"Statement\":[{\"Action\":\"sts:AssumeRole\",\"Effect\":\"Allow\",\"Principal\":{\"Service\":\"ecs-tasks.amazonaws.com\"}}],\"Version\":\"2012-10-17\"}",
            "create_date": "2026-01-27T09:18:25Z",
            "description": "",
            "force_detach_policies": false,
            "id": "http-echo-exec-20260127091824041900000001",
            "inline_policy": [],
            "managed_policy_arns": [],
            "max_session_duration": 3600,
            "name": "http-echo-exec-20260127091824041900000001",
            "name_prefix": "http-echo-exec-",
            "path": "/",
            "permissions_boundary": "",
            "tags": null,
            "tags_all": {
              "App": "http-echo"
            },
            "unique_id": "AROAQAAAAAAAIOHDREIFE"
          },
          "sensitive_attributes": [],
          "identity_schema_version": 0,
          "private": "bnVsbA==",
          "dependencies": [
            "data.aws_iam_policy_document.ecs_task_assume"
          ]
        }
      ]
    },
    {
      "mode": "managed",
      "type": "aws_iam_role_policy_attachment",
      "name": "task_execution",
      "provider": "provider[\"registry.terraform.io/hashicorp/aws\"]",
      "instances": [
        {
          "schema_version": 0,
          "attributes": {
            "id": "http-echo-exec-20260127091824041900000001-20260127091825150000000004",
            "policy_arn": "arn:aws:iam::aws:policy/service-role/AmazonECSTaskExecutionRolePolicy",
            "role": "http-echo-exec-20260127091824041900000001"
          },
          "sensitive_attributes": [],
          "identity_schema_version": 0,
          "private": "bnVsbA==",
          "dependencies": [
            "aws_iam_role.task_execution",
            "data.aws_iam_policy_document.ecs_task_assume"
          ]
        }
      ]
    },
    {
      "mode": "managed",
      "type": "aws_lb",
      "name": "this",
      "provider": "provider[\"registry.terraform.io/hashicorp/aws\"]",
      "instances": [
        {
          "schema_version": 0,
          "attributes": {
            "access_logs": [
              {
                "bucket": "",
                "enabled": false,
                "prefix": ""
              }
            ],
            "arn": "arn:aws:elasticloadbalancing:us-east-1:000000000000:loadbalancer/app/http-echo-alb/f01b8e008acd4503",
            "arn_suffix": "app/http-echo-alb/f01b8e008acd4503",
            "client_keep_alive": 3600,
            "connection_logs": [
              {
                "bucket": "",
                "enabled": false,
                "prefix": ""
              }
            ],
            "customer_owned_ipv4_pool": "",
            "desync_mitigation_mode": "defensive",
            "dns_name": "http-echo-alb.elb.localhost.localstack.cloud",
            "dns_record_client_routing_policy": null,
            "drop_invalid_header_fields": false,
            "enable_cross_zone_load_balancing": false,
            "enable_deletion_protection": false,
            "enable_http2": true,
            "enable_tls_version_and_cipher_suite_headers": false,
            "enable_waf_fail_open": false,
            "enable_xff_client_port": false,
            "enable_zonal_shift": false,
            "enforce_security_group_inbound_rules_on_private_link_traffic": "",
            "id": "arn:aws:elasticloadbalancing:us-east-1:000000000000:loadbalancer/app/http-echo-alb/f01b8e008acd4503",
            "idle_timeout": 60,
            "internal": false,
            "ip_address_type": "ipv4",
            "ipam_pools": [],
            "load_balancer_type": "application",
            "minimum_load_balancer_capacity": [],
            "name": "http-echo-alb",
            "name_prefix": "",
            "preserve_host_header": false,
            "security_groups": [
              "sg-d91ddba6977763e1a"
            ],
            "subnet_mapping": [
              {
                "allocation_id": "",
                "ipv6_address": "",
                "outpost_id": "",
                "private_ipv4_address": "",
                "subnet_id": "subnet-0d5e028b52f54efd2"
              },
              {
                "allocation_id": "",
                "ipv6_address": "",
                "outpost_id": "",
                "private_ipv4_address": "",
                "subnet_id": "subnet-18476f21305548e49"
              },
              {
                "allocation_id": "",
                "ipv6_address": "",
                "outpost_id": "",
                "private_ipv4_address": "",
                "subnet_id": "subnet-45eec8a326b5a6f09"
              },
              {
                "allocation_id": "",
                "ipv6_address": "",
                "outpost_id": "",
                "private_ipv4_address": "",
                "subnet_id": "subnet-cee7d36aeb03c78ac"
              },
              {
                "allocation_id": "",
                "ipv6_address": "",
                "outpost_id": "",
                "private_ipv4_address": "",
                "subnet_id": "subnet-d6e30ad63ee445163"
              },
              {
                "allocation_id": "",
                "ipv6_address": "",
                "outpost_id": "",
                "private_ipv4_address": "",
                "subnet_id": "subnet-daf983756c109235b"
              }
            ],
            "subnets": [
              "subnet-0d5e028b52f54efd2",
              "subnet-18476f21305548e49",
              "subnet-45eec8a326b5a6f09",
              "subnet-cee7d36aeb03c78ac",
              "subnet-d6e30ad63ee445163",
              "subnet-daf983756c109235b"
            ],
            "tags": null,
            "tags_all": {
              "App": "http-echo"
            },
            "timeouts": null,
            "vpc_id": "vpc-3759df9ae20232afe",
            "xff_header_processing_mode": "append",
            "zone_id": "Z2P70J7EXAMPLE"
          },
          "sensitive_attributes": [],
          "identity_schema_version": 0,
          "private": "eyJlMmJmYjczMC1lY2FhLTExZTYtOGY4OC0zNDM2M2JjN2M0YzAiOnsiY3JlYXRlIjo2MDAwMDAwMDAwMDAsImRlbGV0ZSI6NjAwMDAwMDAwMDAwLCJ1cGRhdGUiOjYwMDAwMDAwMDAwMH19",
          "dependencies": [
            "aws_security_group.alb",
            "data.aws_subnets.default",
            "data.aws_vpc.default"
          ]
        }
      ]
    },
    {
      "mode": "managed",
      "type": "aws_lb_listener",
      "name": "http",
      "provider": "provider[\"registry.terraform.io/hashicorp/aws\"]",
      "instances": [
        {
          "schema_version": 0,
          "attributes": {
            "alpn_policy": null,
            "arn": "arn:aws:elasticloadbalancing:us-east-1:000000000000:listener/app/http-echo-alb/f01b8e008acd4503/42af21ac93352700",
            "certificate_arn": null,
            "default_action": [
              {
                "authenticate_cognito": [],
                "authenticate_oidc": [],
                "fixed_response": [],
                "forward": [],
                "order": 1,
                "redirect": [],
                "target_group_arn": "arn:aws:elasticloadbalancing:us-east-1:000000000000:targetgroup/http-echo-tg/03d5c46ead9aabc7",
                "type": "forward"
              }
            ],
            "id": "arn:aws:elasticloadbalancing:us-east-1:000000000000:listener/app/http-echo-alb/f01b8e008acd4503/42af21ac93352700",
            "load_balancer_arn": "arn:aws:elasticloadbalancing:us-east-1:000000000000:loadbalancer/app/http-echo-alb/f01b8e008acd4503",
            "mutual_authentication": [],
            "port": 4566,
            "protocol": "HTTP",
            "routing_http_request_x_amzn_mtls_clientcert_header_name": null,
            "routing_http_request_x_amzn_mtls_clientcert_issuer_header_name": null,
            "routing_http_request_x_amzn_mtls_clientcert_leaf_header_name": null,
            "routing_http_request_x_amzn_mtls_clientcert_serial_number_header_name": null,
            "routing_http_request_x_amzn_mtls_clientcert_subject_header_name": null,
            "routing_http_request_x_amzn_mtls_clientcert_validity_header_name": null,
            "routing_http_request_x_amzn_tls_cipher_suite_header_name": null,
            "routing_http_request_x_amzn_tls_version_header_name": null,
            "routing_http_response_access_control_allow_credentials_header_value": "",
            "routing_http_response_access_control_allow_headers_header_value": "",
            "routing_http_response_access_control_allow_methods_header_value": "",
            "routing_http_response_access_control_allow_origin_header_value": "",
            "routing_http_response_access_control_expose_headers_header_value": "",
            "routing_http_response_access_control_max_age_header_value": "",
            "routing_http_response_content_security_policy_header_value": "",
            "routing_http_response_server_enabled": true,
            "routing_http_response_strict_transport_security_header_value": "",
            "routing_http_response_x_content_type_options_header_value": "",
            "routing_http_response_x_frame_options_header_value": "",
            "ssl_policy": "ELBSecurityPolicy-2016-08",
            "tags": null,
            "tags_all": {
              "App": "http-echo"
            },
            "tcp_idle_timeout_seconds": null,
            "timeouts": null
          },
          "sensitive_attributes": [],
          "identity_schema_version": 0,
          "private": "eyJlMmJmYjczMC1lY2FhLTExZTYtOGY4OC0zNDM2M2JjN2M0YzAiOnsiY3JlYXRlIjozMDAwMDAwMDAwMDAsInVwZGF0ZSI6MzAwMDAwMDAwMDAwfX0=",
          "dependencies": [
            "aws_lb.this",
            "aws_lb_target_group.this",
            "aws_security_group.alb",
            "data.aws_subnets.default",
            "data.aws_vpc.default"
          ]
        }
      ]
    },
    {
      "mode": "managed",
      "type": "aws_lb_target_group",
      "name": "this",
      "provider": "provider[\"registry.terraform.io/hashicorp/aws\"]",
      "instances": [
        {
          "schema_version": 0,
          "attributes": {
            "arn": "arn:aws:elasticloadbalancing:us-east-1:000000000000:targetgroup/http-echo-tg/03d5c46ead9aabc7",
            "arn_suffix": "targetgroup/http-echo-tg/03d5c46ead9aabc7",
            "connection_termination": null,
            "deregistration_delay": "300",
            "health_check": [
              {
                "enabled": true,
                "healthy_threshold": 2,
                "interval": 30,
                "matcher": "200",
                "path": "/health",
                "port": "traffic-port",
                "protocol": "HTTP",
                "timeout": 5,
                "unhealthy_threshold": 2
              }
            ],
            "id": "arn:aws:elasticloadbalancing:us-east-1:000000000000:targetgroup/http-echo-tg/03d5c46ead9aabc7",
            "ip_address_type": "ipv4",
            "lambda_multi_value_headers_enabled": false,
            "load_balancer_arns": [],
            "load_balancing_algorithm_type": "round_robin",
            "load_balancing_anomaly_mitigation": null,
            "load_balancing_cross_zone_enabled": "use_load_balancer_configuration",
            "name": "http-echo-tg",
            "name_prefix": "",
            "port": 5678,
            "preserve_client_ip": null,
            "protocol": "HTTP",
            "protocol_version": "HTTP1",
            "proxy_protocol_v2": false,
            "slow_start": 0,
            "stickiness": [
              {
                "cookie_duration": 0,
                "cookie_name": "",
                "enabled": false,
                "type": "lb_cookie"
              }
            ],
            "tags": null,
            "tags_all": {
              "App": "http-echo"
            },
            "target_failover": [
              {
                "on_deregistration": null,
                "on_unhealthy": null
              }
            ],
            "target_group_health": [
              {
                "dns_failover": [
                  {
                    "minimum_healthy_targets_count": null,
                    "minimum_healthy_targets_percentage": null
                  }
                ],
                "unhealthy_state_routing": [
                  {
                    "minimum_healthy_targets_count": null,
                    "minimum_healthy_targets_percentage": null
                  }
                ]
              }
            ],
            "target_health_state": [
              {
                "enable_unhealthy_connection_termination": null,
                "unhealthy_draining_interval": null
              }
            ],
            "target_type": "ip",
            "vpc_id": "vpc-3759df9ae20232afe"
          },
          "sensitive_attributes": [],
          "identity_schema_version": 0,
          "private": "bnVsbA==",
          "dependencies": [
            "data.aws_vpc.default"
          ]
        }
      ]
    },
    {
      "mode": "managed",
      "type": "aws_security_group",
      "name": "alb",
      "provider": "provider[\"registry.terraform.io/hashicorp/aws\"]",
      "instances": [
        {
          "schema_version": 1,
          "attributes": {
            "arn": "arn:aws:ec2:us-east-1:000000000000:security-group/sg-d91ddba6977763e1a",
            "description": "ALB security group",
            "egress": [
              {
                "cidr_blocks": [
                  "0.0.0.0/0"
                ],
                "description": "",
                "from_port": 0,
                "ipv6_cidr_blocks": [],
                "prefix_list_ids": [],
                "protocol": "-1",
                "security_groups": [],
                "self": false,
                "to_port": 0
              }
            ],
            "id": "sg-d91ddba6977763e1a",
            "ingress": [
              {
                "cidr_blocks": [
                  "0.0.0.0/0"
                ],
                "description": "HTTP",
                "from_port": 80,
                "ipv6_cidr_blocks": [],
                "prefix_list_ids": [],
                "protocol": "tcp",
                "security_groups": [],
                "self": false,
                "to_port": 80
              }
            ],
            "name": "http-echo-alb-20260127091824042700000002",
            "name_prefix": "http-echo-alb-",
            "owner_id": "000000000000",
            "revoke_rules_on_delete": false,
            "tags": null,
            "tags_all": {
              "App": "http-echo"
            },
            "timeouts": null,
            "vpc_id": "vpc-3759df9ae20232afe"
          },
          "sensitive_attributes": [],
          "identity_schema_version": 0,
          "private": "eyJlMmJmYjczMC1lY2FhLTExZTYtOGY4OC0zNDM2M2JjN2M0YzAiOnsiY3JlYXRlIjo2MDAwMDAwMDAwMDAsImRlbGV0ZSI6OTAwMDAwMDAwMDAwfSwic2NoZW1hX3ZlcnNpb24iOiIxIn0=",
          "dependencies": [
            "data.aws_vpc.default"
          ]
        }
      ]
    },
    {
      "mode": "managed",
      "type": "aws_security_group",
      "name": "ecs",
      "provider": "provider[\"registry.terraform.io/hashicorp/aws\"]",
      "instances": [
        {
          "schema_version": 1,
          "attributes": {
            "arn": "arn:aws:ec2:us-east-1:000000000000:security-group/sg-abf83151121ca50d7",
            "description": "ECS tasks security group",
            "egress": [
              {
                "cidr_blocks": [
                  "0.0.0.0/0"
                ],
                "description": "",
                "from_port": 0,
                "ipv6_cidr_blocks": [],
                "prefix_list_ids": [],
                "protocol": "-1",
                "security_groups": [],
                "self": false,
                "to_port": 0
              }
            ],
            "id": "sg-abf83151121ca50d7",
            "ingress": [
              {
                "cidr_blocks": [],
                "description": "From ALB",
                "from_port": 5678,
                "ipv6_cidr_blocks": [],
                "prefix_list_ids": [],
                "protocol": "tcp",
                "security_groups": [
                  "sg-d91ddba6977763e1a"
                ],
                "self": false,
                "to_port": 5678
              }
            ],
            "name": "http-echo-ecs-20260127091824341200000003",
            "name_prefix": "http-echo-ecs-",
            "owner_id": "000000000000",
            "revoke_rules_on_delete": false,
            "tags": null,
            "tags_all": {
              "App": "http-echo"
            },
            "timeouts": null,
            "vpc_id": "vpc-3759df9ae20232afe"
          },
          "sensitive_attributes": [],
          "identity_schema_version": 0,
          "private": "eyJlMmJmYjczMC1lY2FhLTExZTYtOGY4OC0zNDM2M2JjN2M0YzAiOnsiY3JlYXRlIjo2MDAwMDAwMDAwMDAsImRlbGV0ZSI6OTAwMDAwMDAwMDAwfSwic2NoZW1hX3ZlcnNpb24iOiIxIn0=",
          "dependencies": [
            "aws_security_group.alb",
            "data.aws_vpc.default"
          ]
        }
      ]
    }
  ],
  "check_results": null
}
