{"format_version":"1.2","terraform_version":"1.13.5","variables":{"aws_region":{"value":"us-east-1"},"ecr_repository_name":{"value":"python-webapp"},"name":{"value":"python-webapp"},"tags":{"value":{"Managed":"terraform","Project":"python-webapp"}}},"planned_values":{"outputs":{"ecr_repository_arn":{"sensitive":false},"ecr_repository_url":{"sensitive":false}},"root_module":{"resources":[{"address":"aws_ecr_lifecycle_policy.app","mode":"managed","type":"aws_ecr_lifecycle_policy","name":"app","provider_name":"registry.terraform.io/hashicorp/aws","schema_version":0,"values":{"policy":"{\"rules\":[{\"action\":{\"type\":\"expire\"},\"description\":\"Keep last 30 images\",\"rulePriority\":1,\"selection\":{\"countNumber\":30,\"countType\":\"imageCountMoreThan\",\"tagStatus\":\"any\"}}]}","repository":"python-webapp"},"sensitive_values":{}},{"address":"aws_ecr_repository.app","mode":"managed","type":"aws_ecr_repository","name":"app","provider_name":"registry.terraform.io/hashicorp/aws","schema_version":0,"values":{"encryption_configuration":[{"encryption_type":"AES256"}],"force_delete":null,"image_scanning_configuration":[{"scan_on_push":true}],"image_tag_mutability":"MUTABLE","name":"python-webapp","tags":null,"tags_all":{"Managed":"terraform","Project":"python-webapp"},"timeouts":null},"sensitive_values":{"encryption_configuration":[{}],"image_scanning_configuration":[{}],"tags_all":{}}}]}},"resource_changes":[{"address":"aws_ecr_lifecycle_policy.app","mode":"managed","type":"aws_ecr_lifecycle_policy","name":"app","provider_name":"registry.terraform.io/hashicorp/aws","change":{"actions":["create"],"before":null,"after":{"policy":"{\"rules\":[{\"action\":{\"type\":\"expire\"},\"description\":\"Keep last 30 images\",\"rulePriority\":1,\"selection\":{\"countNumber\":30,\"countType\":\"imageCountMoreThan\",\"tagStatus\":\"any\"}}]}","repository":"python-webapp"},"after_unknown":{"id":true,"registry_id":true},"before_sensitive":false,"after_sensitive":{}}},{"address":"aws_ecr_repository.app","mode":"managed","type":"aws_ecr_repository","name":"app","provider_name":"registry.terraform.io/hashicorp/aws","change":{"actions":["create"],"before":null,"after":{"encryption_configuration":[{"encryption_type":"AES256"}],"force_delete":null,"image_scanning_configuration":[{"scan_on_push":true}],"image_tag_mutability":"MUTABLE","name":"python-webapp","tags":null,"tags_all":{"Managed":"terraform","Project":"python-webapp"},"timeouts":null},"after_unknown":{"arn":true,"encryption_configuration":[{"kms_key":true}],"id":true,"image_scanning_configuration":[{}],"registry_id":true,"repository_url":true,"tags_all":{}},"before_sensitive":false,"after_sensitive":{"encryption_configuration":[{}],"image_scanning_configuration":[{}],"tags_all":{}}}}],"output_changes":{"ecr_repository_arn":{"actions":["create"],"before":null,"after_unknown":true,"before_sensitive":false,"after_sensitive":false},"ecr_repository_url":{"actions":["create"],"before":null,"after_unknown":true,"before_sensitive":false,"after_sensitive":false}},"configuration":{"provider_config":{"aws":{"name":"aws","full_name":"registry.terraform.io/hashicorp/aws","version_constraint":"~\u003e 5.0","expressions":{"default_tags":[{"tags":{"references":["var.tags"]}}],"region":{"references":["var.aws_region"]}}}},"root_module":{"outputs":{"ecr_repository_arn":{"expression":{"references":["aws_ecr_repository.app.arn","aws_ecr_repository.app"]},"description":"ECR repository ARN."},"ecr_repository_url":{"expression":{"references":["aws_ecr_repository.app.repository_url","aws_ecr_repository.app"]},"description":"ECR repository URL to push the application image to."}},"resources":[{"address":"aws_ecr_lifecycle_policy.app","mode":"managed","type":"aws_ecr_lifecycle_policy","name":"app","provider_config_key":"aws","expressions":{"policy":{},"repository":{"references":["aws_ecr_repository.app.name","aws_ecr_repository.app"]}},"schema_version":0},{"address":"aws_ecr_repository.app","mode":"managed","type":"aws_ecr_repository","name":"app","provider_config_key":"aws","expressions":{"encryption_configuration":[{"encryption_type":{"constant_value":"AES256"}}],"image_scanning_configuration":[{"scan_on_push":{"constant_value":true}}],"image_tag_mutability":{"constant_value":"MUTABLE"},"name":{"references":["var.ecr_repository_name"]}},"schema_version":0}],"variables":{"aws_region":{"default":"us-east-1","description":"AWS region to deploy into."},"ecr_repository_name":{"default":"python-webapp","description":"ECR repository name for the application image."},"name":{"default":"python-webapp","description":"Base name/prefix for resources."},"tags":{"default":{"Managed":"terraform","Project":"python-webapp"},"description":"Tags applied to all supported resources."}}}},"relevant_attributes":[{"resource":"aws_ecr_repository.app","attribute":["name"]},{"resource":"aws_ecr_repository.app","attribute":["arn"]},{"resource":"aws_ecr_repository.app","attribute":["repository_url"]}],"timestamp":"2026-01-27T00:36:10Z","applyable":true,"complete":true,"errored":false}
