data.aws_vpc.default: Reading...
data.aws_ami.ubuntu: Reading...
data.aws_vpc.default: Read complete after 0s [id=vpc-a709e1929e2f661d5]
data.aws_subnets.default: Reading...
data.aws_subnets.default: Read complete after 0s [id=us-west-2]

Terraform used the selected providers to generate the following execution
plan. Resource actions are indicated with the following symbols:
  + create

Terraform planned the following actions, but then encountered a problem:

  # aws_security_group.app_sg will be created
  + resource "aws_security_group" "app_sg" {
      + arn                    = (known after apply)
      + description            = "Allow HTTP and SSH"
      + egress                 = [
          + {
              + cidr_blocks      = [
                  + "0.0.0.0/0",
                ]
              + from_port        = 0
              + ipv6_cidr_blocks = []
              + prefix_list_ids  = []
              + protocol         = "-1"
              + security_groups  = []
              + self             = false
              + to_port          = 0
                # (1 unchanged attribute hidden)
            },
        ]
      + id                     = (known after apply)
      + ingress                = [
          + {
              + cidr_blocks      = [
                  + "0.0.0.0/0",
                ]
              + from_port        = 22
              + ipv6_cidr_blocks = []
              + prefix_list_ids  = []
              + protocol         = "tcp"
              + security_groups  = []
              + self             = false
              + to_port          = 22
                # (1 unchanged attribute hidden)
            },
          + {
              + cidr_blocks      = [
                  + "0.0.0.0/0",
                ]
              + from_port        = 3000
              + ipv6_cidr_blocks = []
              + prefix_list_ids  = []
              + protocol         = "tcp"
              + security_groups  = []
              + self             = false
              + to_port          = 3000
                # (1 unchanged attribute hidden)
            },
        ]
      + name                   = "zezf-sg"
      + name_prefix            = (known after apply)
      + owner_id               = (known after apply)
      + region                 = "us-west-2"
      + revoke_rules_on_delete = false
      + tags                   = {
          + "Name" = "zezf-sg"
        }
      + tags_all               = {
          + "Name" = "zezf-sg"
        }
      + vpc_id                 = "vpc-a709e1929e2f661d5"
    }

Plan: 1 to add, 0 to change, 0 to destroy.
