{"format_version":"1.2","terraform_version":"1.13.5","variables":{"app_name":{"value":"k8s-cron-nc-backup"},"artifact_bucket_force_destroy":{"value":true},"aws_region":{"value":"us-east-1"}},"planned_values":{"outputs":{"artifact_bucket_name":{"sensitive":false},"ssm_parameter_names":{"sensitive":false,"type":["tuple",["string","string","string","string","string","string","string"]],"value":["/k8s-cron-nc-backup/DB_HOST","/k8s-cron-nc-backup/DB_NAME","/k8s-cron-nc-backup/DB_PASS","/k8s-cron-nc-backup/DB_USER","/k8s-cron-nc-backup/FTP_HOST","/k8s-cron-nc-backup/FTP_PASS","/k8s-cron-nc-backup/FTP_USER"]}},"root_module":{"resources":[{"address":"aws_s3_bucket.artifacts","mode":"managed","type":"aws_s3_bucket","name":"artifacts","provider_name":"registry.terraform.io/hashicorp/aws","schema_version":0,"values":{"bucket_prefix":"k8s-cron-nc-backup-artifacts-","force_destroy":true,"region":"us-east-1","tags":null,"tags_all":{"Managed":"terraform","Project":"k8s-cron-nc-backup"},"timeouts":null},"sensitive_values":{"cors_rule":[],"grant":[],"lifecycle_rule":[],"logging":[],"object_lock_configuration":[],"replication_configuration":[],"server_side_encryption_configuration":[],"tags_all":{},"versioning":[],"website":[]},"identity_schema_version":0,"identity":{"account_id":null,"bucket":null,"region":null}},{"address":"aws_s3_bucket_server_side_encryption_configuration.artifacts","mode":"managed","type":"aws_s3_bucket_server_side_encryption_configuration","name":"artifacts","provider_name":"registry.terraform.io/hashicorp/aws","schema_version":0,"values":{"expected_bucket_owner":null,"region":"us-east-1","rule":[{"apply_server_side_encryption_by_default":[{"kms_master_key_id":"","sse_algorithm":"AES256"}],"blocked_encryption_types":[],"bucket_key_enabled":null}]},"sensitive_values":{"rule":[{"apply_server_side_encryption_by_default":[{}],"blocked_encryption_types":[]}]},"identity_schema_version":0,"identity":{"account_id":null,"bucket":null,"expected_bucket_owner":null,"region":null}},{"address":"aws_s3_bucket_versioning.artifacts","mode":"managed","type":"aws_s3_bucket_versioning","name":"artifacts","provider_name":"registry.terraform.io/hashicorp/aws","schema_version":0,"values":{"expected_bucket_owner":null,"mfa":null,"region":"us-east-1","versioning_configuration":[{"status":"Enabled"}]},"sensitive_values":{"versioning_configuration":[{}]},"identity_schema_version":0,"identity":{"account_id":null,"bucket":null,"expected_bucket_owner":null,"region":null}},{"address":"aws_ssm_parameter.env[\"DB_HOST\"]","mode":"managed","type":"aws_ssm_parameter","name":"env","index":"DB_HOST","provider_name":"registry.terraform.io/hashicorp/aws","schema_version":0,"values":{"allowed_pattern":null,"description":"Runtime env var DB_HOST for k8s-cron-nc-backup","name":"/k8s-cron-nc-backup/DB_HOST","overwrite":null,"region":"us-east-1","tags":null,"tags_all":{"Managed":"terraform","Project":"k8s-cron-nc-backup"},"type":"SecureString","value":"change-me","value_wo":null,"value_wo_version":null},"sensitive_values":{"tags_all":{},"value":true,"value_wo":true},"identity_schema_version":0,"identity":{"account_id":null,"name":null,"region":null}},{"address":"aws_ssm_parameter.env[\"DB_NAME\"]","mode":"managed","type":"aws_ssm_parameter","name":"env","index":"DB_NAME","provider_name":"registry.terraform.io/hashicorp/aws","schema_version":0,"values":{"allowed_pattern":null,"description":"Runtime env var DB_NAME for k8s-cron-nc-backup","name":"/k8s-cron-nc-backup/DB_NAME","overwrite":null,"region":"us-east-1","tags":null,"tags_all":{"Managed":"terraform","Project":"k8s-cron-nc-backup"},"type":"SecureString","value":"nextcloud","value_wo":null,"value_wo_version":null},"sensitive_values":{"tags_all":{},"value":true,"value_wo":true},"identity_schema_version":0,"identity":{"account_id":null,"name":null,"region":null}},{"address":"aws_ssm_parameter.env[\"DB_PASS\"]","mode":"managed","type":"aws_ssm_parameter","name":"env","index":"DB_PASS","provider_name":"registry.terraform.io/hashicorp/aws","schema_version":0,"values":{"allowed_pattern":null,"description":"Runtime env var DB_PASS for k8s-cron-nc-backup","name":"/k8s-cron-nc-backup/DB_PASS","overwrite":null,"region":"us-east-1","tags":null,"tags_all":{"Managed":"terraform","Project":"k8s-cron-nc-backup"},"type":"SecureString","value":"change-me","value_wo":null,"value_wo_version":null},"sensitive_values":{"tags_all":{},"value":true,"value_wo":true},"identity_schema_version":0,"identity":{"account_id":null,"name":null,"region":null}},{"address":"aws_ssm_parameter.env[\"DB_USER\"]","mode":"managed","type":"aws_ssm_parameter","name":"env","index":"DB_USER","provider_name":"registry.terraform.io/hashicorp/aws","schema_version":0,"values":{"allowed_pattern":null,"description":"Runtime env var DB_USER for k8s-cron-nc-backup","name":"/k8s-cron-nc-backup/DB_USER","overwrite":null,"region":"us-east-1","tags":null,"tags_all":{"Managed":"terraform","Project":"k8s-cron-nc-backup"},"type":"SecureString","value":"change-me","value_wo":null,"value_wo_version":null},"sensitive_values":{"tags_all":{},"value":true,"value_wo":true},"identity_schema_version":0,"identity":{"account_id":null,"name":null,"region":null}},{"address":"aws_ssm_parameter.env[\"FTP_HOST\"]","mode":"managed","type":"aws_ssm_parameter","name":"env","index":"FTP_HOST","provider_name":"registry.terraform.io/hashicorp/aws","schema_version":0,"values":{"allowed_pattern":null,"description":"Runtime env var FTP_HOST for k8s-cron-nc-backup","name":"/k8s-cron-nc-backup/FTP_HOST","overwrite":null,"region":"us-east-1","tags":null,"tags_all":{"Managed":"terraform","Project":"k8s-cron-nc-backup"},"type":"SecureString","value":"change-me","value_wo":null,"value_wo_version":null},"sensitive_values":{"tags_all":{},"value":true,"value_wo":true},"identity_schema_version":0,"identity":{"account_id":null,"name":null,"region":null}},{"address":"aws_ssm_parameter.env[\"FTP_PASS\"]","mode":"managed","type":"aws_ssm_parameter","name":"env","index":"FTP_PASS","provider_name":"registry.terraform.io/hashicorp/aws","schema_version":0,"values":{"allowed_pattern":null,"description":"Runtime env var FTP_PASS for k8s-cron-nc-backup","name":"/k8s-cron-nc-backup/FTP_PASS","overwrite":null,"region":"us-east-1","tags":null,"tags_all":{"Managed":"terraform","Project":"k8s-cron-nc-backup"},"type":"SecureString","value":"change-me","value_wo":null,"value_wo_version":null},"sensitive_values":{"tags_all":{},"value":true,"value_wo":true},"identity_schema_version":0,"identity":{"account_id":null,"name":null,"region":null}},{"address":"aws_ssm_parameter.env[\"FTP_USER\"]","mode":"managed","type":"aws_ssm_parameter","name":"env","index":"FTP_USER","provider_name":"registry.terraform.io/hashicorp/aws","schema_version":0,"values":{"allowed_pattern":null,"description":"Runtime env var FTP_USER for k8s-cron-nc-backup","name":"/k8s-cron-nc-backup/FTP_USER","overwrite":null,"region":"us-east-1","tags":null,"tags_all":{"Managed":"terraform","Project":"k8s-cron-nc-backup"},"type":"SecureString","value":"change-me","value_wo":null,"value_wo_version":null},"sensitive_values":{"tags_all":{},"value":true,"value_wo":true},"identity_schema_version":0,"identity":{"account_id":null,"name":null,"region":null}}]}},"resource_changes":[{"address":"aws_s3_bucket.artifacts","mode":"managed","type":"aws_s3_bucket","name":"artifacts","provider_name":"registry.terraform.io/hashicorp/aws","change":{"actions":["create"],"before":null,"after":{"bucket_prefix":"k8s-cron-nc-backup-artifacts-","force_destroy":true,"region":"us-east-1","tags":null,"tags_all":{"Managed":"terraform","Project":"k8s-cron-nc-backup"},"timeouts":null},"after_unknown":{"acceleration_status":true,"acl":true,"arn":true,"bucket":true,"bucket_domain_name":true,"bucket_region":true,"bucket_regional_domain_name":true,"cors_rule":true,"grant":true,"hosted_zone_id":true,"id":true,"lifecycle_rule":true,"logging":true,"object_lock_configuration":true,"object_lock_enabled":true,"policy":true,"replication_configuration":true,"request_payer":true,"server_side_encryption_configuration":true,"tags_all":{},"versioning":true,"website":true,"website_domain":true,"website_endpoint":true},"before_sensitive":false,"after_sensitive":{"cors_rule":[],"grant":[],"lifecycle_rule":[],"logging":[],"object_lock_configuration":[],"replication_configuration":[],"server_side_encryption_configuration":[],"tags_all":{},"versioning":[],"website":[]},"after_identity":{"account_id":null,"bucket":null,"region":null}}},{"address":"aws_s3_bucket_server_side_encryption_configuration.artifacts","mode":"managed","type":"aws_s3_bucket_server_side_encryption_configuration","name":"artifacts","provider_name":"registry.terraform.io/hashicorp/aws","change":{"actions":["create"],"before":null,"after":{"expected_bucket_owner":null,"region":"us-east-1","rule":[{"apply_server_side_encryption_by_default":[{"kms_master_key_id":"","sse_algorithm":"AES256"}],"blocked_encryption_types":[],"bucket_key_enabled":null}]},"after_unknown":{"bucket":true,"id":true,"rule":[{"apply_server_side_encryption_by_default":[{}],"blocked_encryption_types":[]}]},"before_sensitive":false,"after_sensitive":{"rule":[{"apply_server_side_encryption_by_default":[{}],"blocked_encryption_types":[]}]},"after_identity":{"account_id":null,"bucket":null,"expected_bucket_owner":null,"region":null}}},{"address":"aws_s3_bucket_versioning.artifacts","mode":"managed","type":"aws_s3_bucket_versioning","name":"artifacts","provider_name":"registry.terraform.io/hashicorp/aws","change":{"actions":["create"],"before":null,"after":{"expected_bucket_owner":null,"mfa":null,"region":"us-east-1","versioning_configuration":[{"status":"Enabled"}]},"after_unknown":{"bucket":true,"id":true,"versioning_configuration":[{"mfa_delete":true}]},"before_sensitive":false,"after_sensitive":{"versioning_configuration":[{}]},"after_identity":{"account_id":null,"bucket":null,"expected_bucket_owner":null,"region":null}}},{"address":"aws_ssm_parameter.env[\"DB_HOST\"]","mode":"managed","type":"aws_ssm_parameter","name":"env","index":"DB_HOST","provider_name":"registry.terraform.io/hashicorp/aws","change":{"actions":["create"],"before":null,"after":{"allowed_pattern":null,"description":"Runtime env var DB_HOST for k8s-cron-nc-backup","name":"/k8s-cron-nc-backup/DB_HOST","overwrite":null,"region":"us-east-1","tags":null,"tags_all":{"Managed":"terraform","Project":"k8s-cron-nc-backup"},"type":"SecureString","value":"change-me","value_wo":null,"value_wo_version":null},"after_unknown":{"arn":true,"data_type":true,"has_value_wo":true,"id":true,"insecure_value":true,"key_id":true,"tags_all":{},"tier":true,"version":true},"before_sensitive":false,"after_sensitive":{"tags_all":{},"value":true,"value_wo":true},"after_identity":{"account_id":null,"name":null,"region":null}}},{"address":"aws_ssm_parameter.env[\"DB_NAME\"]","mode":"managed","type":"aws_ssm_parameter","name":"env","index":"DB_NAME","provider_name":"registry.terraform.io/hashicorp/aws","change":{"actions":["create"],"before":null,"after":{"allowed_pattern":null,"description":"Runtime env var DB_NAME for k8s-cron-nc-backup","name":"/k8s-cron-nc-backup/DB_NAME","overwrite":null,"region":"us-east-1","tags":null,"tags_all":{"Managed":"terraform","Project":"k8s-cron-nc-backup"},"type":"SecureString","value":"nextcloud","value_wo":null,"value_wo_version":null},"after_unknown":{"arn":true,"data_type":true,"has_value_wo":true,"id":true,"insecure_value":true,"key_id":true,"tags_all":{},"tier":true,"version":true},"before_sensitive":false,"after_sensitive":{"tags_all":{},"value":true,"value_wo":true},"after_identity":{"account_id":null,"name":null,"region":null}}},{"address":"aws_ssm_parameter.env[\"DB_PASS\"]","mode":"managed","type":"aws_ssm_parameter","name":"env","index":"DB_PASS","provider_name":"registry.terraform.io/hashicorp/aws","change":{"actions":["create"],"before":null,"after":{"allowed_pattern":null,"description":"Runtime env var DB_PASS for k8s-cron-nc-backup","name":"/k8s-cron-nc-backup/DB_PASS","overwrite":null,"region":"us-east-1","tags":null,"tags_all":{"Managed":"terraform","Project":"k8s-cron-nc-backup"},"type":"SecureString","value":"change-me","value_wo":null,"value_wo_version":null},"after_unknown":{"arn":true,"data_type":true,"has_value_wo":true,"id":true,"insecure_value":true,"key_id":true,"tags_all":{},"tier":true,"version":true},"before_sensitive":false,"after_sensitive":{"tags_all":{},"value":true,"value_wo":true},"after_identity":{"account_id":null,"name":null,"region":null}}},{"address":"aws_ssm_parameter.env[\"DB_USER\"]","mode":"managed","type":"aws_ssm_parameter","name":"env","index":"DB_USER","provider_name":"registry.terraform.io/hashicorp/aws","change":{"actions":["create"],"before":null,"after":{"allowed_pattern":null,"description":"Runtime env var DB_USER for k8s-cron-nc-backup","name":"/k8s-cron-nc-backup/DB_USER","overwrite":null,"region":"us-east-1","tags":null,"tags_all":{"Managed":"terraform","Project":"k8s-cron-nc-backup"},"type":"SecureString","value":"change-me","value_wo":null,"value_wo_version":null},"after_unknown":{"arn":true,"data_type":true,"has_value_wo":true,"id":true,"insecure_value":true,"key_id":true,"tags_all":{},"tier":true,"version":true},"before_sensitive":false,"after_sensitive":{"tags_all":{},"value":true,"value_wo":true},"after_identity":{"account_id":null,"name":null,"region":null}}},{"address":"aws_ssm_parameter.env[\"FTP_HOST\"]","mode":"managed","type":"aws_ssm_parameter","name":"env","index":"FTP_HOST","provider_name":"registry.terraform.io/hashicorp/aws","change":{"actions":["create"],"before":null,"after":{"allowed_pattern":null,"description":"Runtime env var FTP_HOST for k8s-cron-nc-backup","name":"/k8s-cron-nc-backup/FTP_HOST","overwrite":null,"region":"us-east-1","tags":null,"tags_all":{"Managed":"terraform","Project":"k8s-cron-nc-backup"},"type":"SecureString","value":"change-me","value_wo":null,"value_wo_version":null},"after_unknown":{"arn":true,"data_type":true,"has_value_wo":true,"id":true,"insecure_value":true,"key_id":true,"tags_all":{},"tier":true,"version":true},"before_sensitive":false,"after_sensitive":{"tags_all":{},"value":true,"value_wo":true},"after_identity":{"account_id":null,"name":null,"region":null}}},{"address":"aws_ssm_parameter.env[\"FTP_PASS\"]","mode":"managed","type":"aws_ssm_parameter","name":"env","index":"FTP_PASS","provider_name":"registry.terraform.io/hashicorp/aws","change":{"actions":["create"],"before":null,"after":{"allowed_pattern":null,"description":"Runtime env var FTP_PASS for k8s-cron-nc-backup","name":"/k8s-cron-nc-backup/FTP_PASS","overwrite":null,"region":"us-east-1","tags":null,"tags_all":{"Managed":"terraform","Project":"k8s-cron-nc-backup"},"type":"SecureString","value":"change-me","value_wo":null,"value_wo_version":null},"after_unknown":{"arn":true,"data_type":true,"has_value_wo":true,"id":true,"insecure_value":true,"key_id":true,"tags_all":{},"tier":true,"version":true},"before_sensitive":false,"after_sensitive":{"tags_all":{},"value":true,"value_wo":true},"after_identity":{"account_id":null,"name":null,"region":null}}},{"address":"aws_ssm_parameter.env[\"FTP_USER\"]","mode":"managed","type":"aws_ssm_parameter","name":"env","index":"FTP_USER","provider_name":"registry.terraform.io/hashicorp/aws","change":{"actions":["create"],"before":null,"after":{"allowed_pattern":null,"description":"Runtime env var FTP_USER for k8s-cron-nc-backup","name":"/k8s-cron-nc-backup/FTP_USER","overwrite":null,"region":"us-east-1","tags":null,"tags_all":{"Managed":"terraform","Project":"k8s-cron-nc-backup"},"type":"SecureString","value":"change-me","value_wo":null,"value_wo_version":null},"after_unknown":{"arn":true,"data_type":true,"has_value_wo":true,"id":true,"insecure_value":true,"key_id":true,"tags_all":{},"tier":true,"version":true},"before_sensitive":false,"after_sensitive":{"tags_all":{},"value":true,"value_wo":true},"after_identity":{"account_id":null,"name":null,"region":null}}}],"output_changes":{"artifact_bucket_name":{"actions":["create"],"before":null,"after_unknown":true,"before_sensitive":false,"after_sensitive":false},"ssm_parameter_names":{"actions":["create"],"before":null,"after":["/k8s-cron-nc-backup/DB_HOST","/k8s-cron-nc-backup/DB_NAME","/k8s-cron-nc-backup/DB_PASS","/k8s-cron-nc-backup/DB_USER","/k8s-cron-nc-backup/FTP_HOST","/k8s-cron-nc-backup/FTP_PASS","/k8s-cron-nc-backup/FTP_USER"],"after_unknown":false,"before_sensitive":false,"after_sensitive":false}},"prior_state":{"format_version":"1.0","terraform_version":"1.13.5","values":{"outputs":{"ssm_parameter_names":{"sensitive":false,"value":["/k8s-cron-nc-backup/DB_HOST","/k8s-cron-nc-backup/DB_NAME","/k8s-cron-nc-backup/DB_PASS","/k8s-cron-nc-backup/DB_USER","/k8s-cron-nc-backup/FTP_HOST","/k8s-cron-nc-backup/FTP_PASS","/k8s-cron-nc-backup/FTP_USER"],"type":["tuple",["string","string","string","string","string","string","string"]]}},"root_module":{}}},"configuration":{"provider_config":{"aws":{"name":"aws","full_name":"registry.terraform.io/hashicorp/aws","version_constraint":"\u003e= 5.0.0","expressions":{"default_tags":[{"tags":{"references":["var.app_name"]}}],"region":{"references":["var.aws_region"]}}}},"root_module":{"outputs":{"artifact_bucket_name":{"expression":{"references":["aws_s3_bucket.artifacts.bucket","aws_s3_bucket.artifacts"]},"description":"S3 bucket for storing build artifacts/backups"},"ssm_parameter_names":{"expression":{"references":["aws_ssm_parameter.env"]},"description":"SSM Parameter Store names for runtime environment variables"}},"resources":[{"address":"aws_s3_bucket.artifacts","mode":"managed","type":"aws_s3_bucket","name":"artifacts","provider_config_key":"aws","expressions":{"bucket_prefix":{"references":["var.app_name"]},"force_destroy":{"references":["var.artifact_bucket_force_destroy"]}},"schema_version":0},{"address":"aws_s3_bucket_server_side_encryption_configuration.artifacts","mode":"managed","type":"aws_s3_bucket_server_side_encryption_configuration","name":"artifacts","provider_config_key":"aws","expressions":{"bucket":{"references":["aws_s3_bucket.artifacts.id","aws_s3_bucket.artifacts"]},"rule":[{"apply_server_side_encryption_by_default":[{"sse_algorithm":{"constant_value":"AES256"}}]}]},"schema_version":0},{"address":"aws_s3_bucket_versioning.artifacts","mode":"managed","type":"aws_s3_bucket_versioning","name":"artifacts","provider_config_key":"aws","expressions":{"bucket":{"references":["aws_s3_bucket.artifacts.id","aws_s3_bucket.artifacts"]},"versioning_configuration":[{"status":{"constant_value":"Enabled"}}]},"schema_version":0},{"address":"aws_ssm_parameter.env","mode":"managed","type":"aws_ssm_parameter","name":"env","provider_config_key":"aws","expressions":{"description":{"references":["each.key","var.app_name"]},"name":{"references":["var.app_name","each.key"]},"type":{"constant_value":"SecureString"},"value":{"references":["each.value"]}},"schema_version":0,"for_each_expression":{"references":["local.ssm_params"]}}],"variables":{"app_name":{"default":"k8s-cron-nc-backup","description":"Name prefix for resources"},"artifact_bucket_force_destroy":{"default":true,"description":"Whether to force-destroy the artifacts bucket (useful for dev/test)"},"aws_region":{"default":"us-east-1","description":"AWS region to deploy into"}}}},"relevant_attributes":[{"resource":"aws_s3_bucket.artifacts","attribute":["id"]},{"resource":"aws_s3_bucket.artifacts","attribute":["bucket"]},{"resource":"aws_ssm_parameter.env","attribute":[]}],"timestamp":"2026-01-27T05:09:52Z","applyable":true,"complete":true,"errored":false}
