{
  "version": 4,
  "terraform_version": "1.13.5",
  "serial": 14,
  "lineage": "f2c9bfaf-8ec9-86ed-eea5-40c3d21a1ab3",
  "outputs": {
    "alb_dns_name": {
      "value": "chatapp-1f30db.elb.localhost.localstack.cloud",
      "type": "string"
    },
    "ecr_repository_url": {
      "value": "000000000000.dkr.ecr.us-east-1.localhost.localstack.cloud:4566/chatapp-1f30db",
      "type": "string"
    },
    "ecs_cluster_name": {
      "value": "chatapp-cluster",
      "type": "string"
    }
  },
  "resources": [
    {
      "mode": "data",
      "type": "aws_subnets",
      "name": "default",
      "provider": "provider[\"registry.terraform.io/hashicorp/aws\"]",
      "instances": [
        {
          "schema_version": 0,
          "attributes": {
            "filter": [
              {
                "name": "vpc-id",
                "values": [
                  "vpc-09718fa8e510d6694"
                ]
              }
            ],
            "id": "us-east-1",
            "ids": [
              "subnet-6d5b2a6b4baff664a",
              "subnet-eaaa5a445bdd27943",
              "subnet-1581ca75c686c87ae",
              "subnet-bb5f73c5f4a73b642",
              "subnet-b993f935c3c25a9c9",
              "subnet-6ccef1058b20ed25e"
            ],
            "tags": null,
            "timeouts": null
          },
          "sensitive_attributes": [],
          "identity_schema_version": 0
        }
      ]
    },
    {
      "mode": "data",
      "type": "aws_vpc",
      "name": "default",
      "provider": "provider[\"registry.terraform.io/hashicorp/aws\"]",
      "instances": [
        {
          "schema_version": 0,
          "attributes": {
            "arn": "arn:aws:ec2:us-east-1:000000000000:vpc/vpc-09718fa8e510d6694",
            "cidr_block": "172.31.0.0/16",
            "cidr_block_associations": [
              {
                "association_id": "vpc-cidr-assoc-e08a2f1f9a927357e",
                "cidr_block": "172.31.0.0/16",
                "state": "associated"
              }
            ],
            "default": true,
            "dhcp_options_id": "default",
            "enable_dns_hostnames": true,
            "enable_dns_support": true,
            "enable_network_address_usage_metrics": false,
            "filter": null,
            "id": "vpc-09718fa8e510d6694",
            "instance_tenancy": "default",
            "ipv6_association_id": "",
            "ipv6_cidr_block": "",
            "main_route_table_id": "rtb-6bac7efcdbd2a2e25",
            "owner_id": "000000000000",
            "state": null,
            "tags": {},
            "timeouts": null
          },
          "sensitive_attributes": [],
          "identity_schema_version": 0
        }
      ]
    },
    {
      "mode": "managed",
      "type": "aws_cloudwatch_log_group",
      "name": "app",
      "provider": "provider[\"registry.terraform.io/hashicorp/aws\"]",
      "instances": [
        {
          "schema_version": 0,
          "attributes": {
            "arn": "arn:aws:logs:us-east-1:000000000000:log-group:/ecs/chatapp",
            "id": "/ecs/chatapp",
            "kms_key_id": "",
            "log_group_class": "",
            "name": "/ecs/chatapp",
            "name_prefix": "",
            "retention_in_days": 7,
            "skip_destroy": false,
            "tags": null,
            "tags_all": {
              "Application": "chatapp",
              "ManagedBy": "terraform"
            }
          },
          "sensitive_attributes": [],
          "identity_schema_version": 0,
          "private": "bnVsbA=="
        }
      ]
    },
    {
      "mode": "managed",
      "type": "aws_ecr_repository",
      "name": "app",
      "provider": "provider[\"registry.terraform.io/hashicorp/aws\"]",
      "instances": [
        {
          "schema_version": 0,
          "attributes": {
            "arn": "arn:aws:ecr:us-east-1:000000000000:repository/chatapp-1f30db",
            "encryption_configuration": [
              {
                "encryption_type": "AES256",
                "kms_key": ""
              }
            ],
            "force_delete": null,
            "id": "chatapp-1f30db",
            "image_scanning_configuration": [
              {
                "scan_on_push": true
              }
            ],
            "image_tag_mutability": "MUTABLE",
            "name": "chatapp-1f30db",
            "registry_id": "000000000000",
            "repository_url": "000000000000.dkr.ecr.us-east-1.localhost.localstack.cloud:4566/chatapp-1f30db",
            "tags": null,
            "tags_all": {
              "Application": "chatapp",
              "ManagedBy": "terraform"
            },
            "timeouts": null
          },
          "sensitive_attributes": [],
          "identity_schema_version": 0,
          "private": "eyJlMmJmYjczMC1lY2FhLTExZTYtOGY4OC0zNDM2M2JjN2M0YzAiOnsiZGVsZXRlIjoxMjAwMDAwMDAwMDAwfX0=",
          "dependencies": [
            "random_id.suffix"
          ]
        }
      ]
    },
    {
      "mode": "managed",
      "type": "aws_ecs_cluster",
      "name": "this",
      "provider": "provider[\"registry.terraform.io/hashicorp/aws\"]",
      "instances": [
        {
          "schema_version": 0,
          "attributes": {
            "arn": "arn:aws:ecs:us-east-1:000000000000:cluster/chatapp-cluster",
            "configuration": [],
            "id": "arn:aws:ecs:us-east-1:000000000000:cluster/chatapp-cluster",
            "name": "chatapp-cluster",
            "service_connect_defaults": [],
            "setting": [
              {
                "name": "containerInsights",
                "value": "disabled"
              }
            ],
            "tags": null,
            "tags_all": {
              "Application": "chatapp",
              "ManagedBy": "terraform"
            }
          },
          "sensitive_attributes": [],
          "identity_schema_version": 0,
          "private": "bnVsbA=="
        }
      ]
    },
    {
      "mode": "managed",
      "type": "aws_ecs_service",
      "name": "app",
      "provider": "provider[\"registry.terraform.io/hashicorp/aws\"]",
      "instances": [
        {
          "schema_version": 1,
          "attributes": {
            "alarms": [],
            "availability_zone_rebalancing": "",
            "capacity_provider_strategy": [],
            "cluster": "arn:aws:ecs:us-east-1:000000000000:cluster/chatapp-cluster",
            "deployment_circuit_breaker": [
              {
                "enable": false,
                "rollback": false
              }
            ],
            "deployment_controller": [
              {
                "type": "ECS"
              }
            ],
            "deployment_maximum_percent": 200,
            "deployment_minimum_healthy_percent": 100,
            "desired_count": 1,
            "enable_ecs_managed_tags": false,
            "enable_execute_command": false,
            "force_delete": null,
            "force_new_deployment": null,
            "health_check_grace_period_seconds": 0,
            "iam_role": null,
            "id": "arn:aws:ecs:us-east-1:000000000000:service/chatapp-cluster/chatapp-svc",
            "launch_type": "FARGATE",
            "load_balancer": [
              {
                "container_name": "chatapp",
                "container_port": 12345,
                "elb_name": "",
                "target_group_arn": "arn:aws:elasticloadbalancing:us-east-1:000000000000:targetgroup/chatapp-1f30db/6449e360094692e2"
              }
            ],
            "name": "chatapp-svc",
            "network_configuration": [
              {
                "assign_public_ip": true,
                "security_groups": [
                  "sg-589fbea2bdac2825a"
                ],
                "subnets": [
                  "subnet-1581ca75c686c87ae",
                  "subnet-6ccef1058b20ed25e",
                  "subnet-6d5b2a6b4baff664a",
                  "subnet-b993f935c3c25a9c9",
                  "subnet-bb5f73c5f4a73b642",
                  "subnet-eaaa5a445bdd27943"
                ]
              }
            ],
            "ordered_placement_strategy": [],
            "placement_constraints": [],
            "platform_version": "",
            "propagate_tags": "",
            "scheduling_strategy": "REPLICA",
            "service_connect_configuration": [],
            "service_registries": [],
            "tags": null,
            "tags_all": {
              "Application": "chatapp",
              "ManagedBy": "terraform"
            },
            "task_definition": "arn:aws:ecs:us-east-1:000000000000:task-definition/chatapp:1",
            "timeouts": null,
            "triggers": {},
            "volume_configuration": [],
            "vpc_lattice_configurations": [],
            "wait_for_steady_state": false
          },
          "sensitive_attributes": [],
          "identity_schema_version": 0,
          "private": "eyJlMmJmYjczMC1lY2FhLTExZTYtOGY4OC0zNDM2M2JjN2M0YzAiOnsiY3JlYXRlIjoxMjAwMDAwMDAwMDAwLCJkZWxldGUiOjEyMDAwMDAwMDAwMDAsInVwZGF0ZSI6MTIwMDAwMDAwMDAwMH0sInNjaGVtYV92ZXJzaW9uIjoiMSJ9",
          "dependencies": [
            "aws_cloudwatch_log_group.app",
            "aws_ecr_repository.app",
            "aws_ecs_cluster.this",
            "aws_ecs_task_definition.app",
            "aws_iam_role.task_execution",
            "aws_lb.app",
            "aws_lb_listener.http",
            "aws_lb_target_group.app",
            "aws_security_group.alb",
            "aws_security_group.task",
            "data.aws_subnets.default",
            "data.aws_vpc.default",
            "random_id.suffix"
          ]
        }
      ]
    },
    {
      "mode": "managed",
      "type": "aws_ecs_task_definition",
      "name": "app",
      "provider": "provider[\"registry.terraform.io/hashicorp/aws\"]",
      "instances": [
        {
          "schema_version": 1,
          "attributes": {
            "arn": "arn:aws:ecs:us-east-1:000000000000:task-definition/chatapp:1",
            "arn_without_revision": "arn:aws:ecs:us-east-1:000000000000:task-definition/chatapp",
            "container_definitions": "[{\"environment\":[{\"name\":\"PORT\",\"value\":\"12345\"}],\"essential\":true,\"image\":\"000000000000.dkr.ecr.us-east-1.localhost.localstack.cloud:4566/chatapp-1f30db:latest\",\"logConfiguration\":{\"logDriver\":\"awslogs\",\"options\":{\"awslogs-region\":\"us-east-1\",\"awslogs-stream-prefix\":\"ecs\",\"awslogs-group\":\"/ecs/chatapp\"}},\"mountPoints\":[],\"name\":\"chatapp\",\"portMappings\":[{\"containerPort\":12345,\"hostPort\":12345,\"protocol\":\"tcp\"}],\"volumesFrom\":[]}]",
            "cpu": "256",
            "enable_fault_injection": false,
            "ephemeral_storage": [],
            "execution_role_arn": "arn:aws:iam::000000000000:role/chatapp-task-exec-1f30db",
            "family": "chatapp",
            "id": "chatapp",
            "inference_accelerator": [],
            "ipc_mode": "",
            "memory": "512",
            "network_mode": "awsvpc",
            "pid_mode": "",
            "placement_constraints": [],
            "proxy_configuration": [],
            "requires_compatibilities": [
              "FARGATE"
            ],
            "revision": 1,
            "runtime_platform": [],
            "skip_destroy": false,
            "tags": null,
            "tags_all": {
              "Application": "chatapp",
              "ManagedBy": "terraform"
            },
            "task_role_arn": "",
            "track_latest": false,
            "volume": []
          },
          "sensitive_attributes": [],
          "identity_schema_version": 0,
          "private": "eyJzY2hlbWFfdmVyc2lvbiI6IjEifQ==",
          "dependencies": [
            "aws_cloudwatch_log_group.app",
            "aws_ecr_repository.app",
            "aws_iam_role.task_execution",
            "random_id.suffix"
          ]
        }
      ]
    },
    {
      "mode": "managed",
      "type": "aws_iam_role",
      "name": "task_execution",
      "provider": "provider[\"registry.terraform.io/hashicorp/aws\"]",
      "instances": [
        {
          "schema_version": 0,
          "attributes": {
            "arn": "arn:aws:iam::000000000000:role/chatapp-task-exec-1f30db",
            "assume_role_policy": "{\"Statement\":[{\"Action\":\"sts:AssumeRole\",\"Effect\":\"Allow\",\"Principal\":{\"Service\":\"ecs-tasks.amazonaws.com\"}}],\"Version\":\"2012-10-17\"}",
            "create_date": "2026-01-25T22:50:31Z",
            "description": "",
            "force_detach_policies": false,
            "id": "chatapp-task-exec-1f30db",
            "inline_policy": [],
            "managed_policy_arns": [],
            "max_session_duration": 3600,
            "name": "chatapp-task-exec-1f30db",
            "name_prefix": "",
            "path": "/",
            "permissions_boundary": "",
            "tags": null,
            "tags_all": {
              "Application": "chatapp",
              "ManagedBy": "terraform"
            },
            "unique_id": "AROAQAAAAAAANFURWY5DY"
          },
          "sensitive_attributes": [],
          "identity_schema_version": 0,
          "private": "bnVsbA==",
          "dependencies": [
            "random_id.suffix"
          ]
        }
      ]
    },
    {
      "mode": "managed",
      "type": "aws_iam_role_policy_attachment",
      "name": "task_execution",
      "provider": "provider[\"registry.terraform.io/hashicorp/aws\"]",
      "instances": [
        {
          "schema_version": 0,
          "attributes": {
            "id": "chatapp-task-exec-1f30db-20260125225031325700000001",
            "policy_arn": "arn:aws:iam::aws:policy/service-role/AmazonECSTaskExecutionRolePolicy",
            "role": "chatapp-task-exec-1f30db"
          },
          "sensitive_attributes": [],
          "identity_schema_version": 0,
          "private": "bnVsbA==",
          "dependencies": [
            "aws_iam_role.task_execution",
            "random_id.suffix"
          ]
        }
      ]
    },
    {
      "mode": "managed",
      "type": "aws_lb",
      "name": "app",
      "provider": "provider[\"registry.terraform.io/hashicorp/aws\"]",
      "instances": [
        {
          "schema_version": 0,
          "attributes": {
            "access_logs": [
              {
                "bucket": "",
                "enabled": false,
                "prefix": ""
              }
            ],
            "arn": "arn:aws:elasticloadbalancing:us-east-1:000000000000:loadbalancer/app/chatapp-1f30db/9b06fa38f0cde6f9",
            "arn_suffix": "app/chatapp-1f30db/9b06fa38f0cde6f9",
            "client_keep_alive": 3600,
            "connection_logs": [
              {
                "bucket": "",
                "enabled": false,
                "prefix": ""
              }
            ],
            "customer_owned_ipv4_pool": "",
            "desync_mitigation_mode": "defensive",
            "dns_name": "chatapp-1f30db.elb.localhost.localstack.cloud",
            "dns_record_client_routing_policy": null,
            "drop_invalid_header_fields": false,
            "enable_cross_zone_load_balancing": false,
            "enable_deletion_protection": false,
            "enable_http2": true,
            "enable_tls_version_and_cipher_suite_headers": false,
            "enable_waf_fail_open": false,
            "enable_xff_client_port": false,
            "enable_zonal_shift": false,
            "enforce_security_group_inbound_rules_on_private_link_traffic": "",
            "id": "arn:aws:elasticloadbalancing:us-east-1:000000000000:loadbalancer/app/chatapp-1f30db/9b06fa38f0cde6f9",
            "idle_timeout": 60,
            "internal": false,
            "ip_address_type": "ipv4",
            "ipam_pools": [],
            "load_balancer_type": "application",
            "minimum_load_balancer_capacity": [],
            "name": "chatapp-1f30db",
            "name_prefix": "",
            "preserve_host_header": false,
            "security_groups": [
              "sg-bdf7ec522fac25b0d"
            ],
            "subnet_mapping": [
              {
                "allocation_id": "",
                "ipv6_address": "",
                "outpost_id": "",
                "private_ipv4_address": "",
                "subnet_id": "subnet-1581ca75c686c87ae"
              },
              {
                "allocation_id": "",
                "ipv6_address": "",
                "outpost_id": "",
                "private_ipv4_address": "",
                "subnet_id": "subnet-6ccef1058b20ed25e"
              },
              {
                "allocation_id": "",
                "ipv6_address": "",
                "outpost_id": "",
                "private_ipv4_address": "",
                "subnet_id": "subnet-6d5b2a6b4baff664a"
              },
              {
                "allocation_id": "",
                "ipv6_address": "",
                "outpost_id": "",
                "private_ipv4_address": "",
                "subnet_id": "subnet-b993f935c3c25a9c9"
              },
              {
                "allocation_id": "",
                "ipv6_address": "",
                "outpost_id": "",
                "private_ipv4_address": "",
                "subnet_id": "subnet-bb5f73c5f4a73b642"
              },
              {
                "allocation_id": "",
                "ipv6_address": "",
                "outpost_id": "",
                "private_ipv4_address": "",
                "subnet_id": "subnet-eaaa5a445bdd27943"
              }
            ],
            "subnets": [
              "subnet-1581ca75c686c87ae",
              "subnet-6ccef1058b20ed25e",
              "subnet-6d5b2a6b4baff664a",
              "subnet-b993f935c3c25a9c9",
              "subnet-bb5f73c5f4a73b642",
              "subnet-eaaa5a445bdd27943"
            ],
            "tags": null,
            "tags_all": {
              "Application": "chatapp",
              "ManagedBy": "terraform"
            },
            "timeouts": null,
            "vpc_id": "vpc-09718fa8e510d6694",
            "xff_header_processing_mode": "append",
            "zone_id": "Z2P70J7EXAMPLE"
          },
          "sensitive_attributes": [],
          "identity_schema_version": 0,
          "private": "eyJlMmJmYjczMC1lY2FhLTExZTYtOGY4OC0zNDM2M2JjN2M0YzAiOnsiY3JlYXRlIjo2MDAwMDAwMDAwMDAsImRlbGV0ZSI6NjAwMDAwMDAwMDAwLCJ1cGRhdGUiOjYwMDAwMDAwMDAwMH19",
          "dependencies": [
            "aws_security_group.alb",
            "data.aws_subnets.default",
            "data.aws_vpc.default",
            "random_id.suffix"
          ]
        }
      ]
    },
    {
      "mode": "managed",
      "type": "aws_lb_listener",
      "name": "http",
      "provider": "provider[\"registry.terraform.io/hashicorp/aws\"]",
      "instances": [
        {
          "schema_version": 0,
          "attributes": {
            "alpn_policy": null,
            "arn": "arn:aws:elasticloadbalancing:us-east-1:000000000000:listener/app/chatapp-1f30db/9b06fa38f0cde6f9/6d7ef57ebcc86637",
            "certificate_arn": null,
            "default_action": [
              {
                "authenticate_cognito": [],
                "authenticate_oidc": [],
                "fixed_response": [],
                "forward": [],
                "order": 1,
                "redirect": [],
                "target_group_arn": "arn:aws:elasticloadbalancing:us-east-1:000000000000:targetgroup/chatapp-1f30db/6449e360094692e2",
                "type": "forward"
              }
            ],
            "id": "arn:aws:elasticloadbalancing:us-east-1:000000000000:listener/app/chatapp-1f30db/9b06fa38f0cde6f9/6d7ef57ebcc86637",
            "load_balancer_arn": "arn:aws:elasticloadbalancing:us-east-1:000000000000:loadbalancer/app/chatapp-1f30db/9b06fa38f0cde6f9",
            "mutual_authentication": [],
            "port": 4566,
            "protocol": "HTTP",
            "routing_http_request_x_amzn_mtls_clientcert_header_name": null,
            "routing_http_request_x_amzn_mtls_clientcert_issuer_header_name": null,
            "routing_http_request_x_amzn_mtls_clientcert_leaf_header_name": null,
            "routing_http_request_x_amzn_mtls_clientcert_serial_number_header_name": null,
            "routing_http_request_x_amzn_mtls_clientcert_subject_header_name": null,
            "routing_http_request_x_amzn_mtls_clientcert_validity_header_name": null,
            "routing_http_request_x_amzn_tls_cipher_suite_header_name": null,
            "routing_http_request_x_amzn_tls_version_header_name": null,
            "routing_http_response_access_control_allow_credentials_header_value": "",
            "routing_http_response_access_control_allow_headers_header_value": "",
            "routing_http_response_access_control_allow_methods_header_value": "",
            "routing_http_response_access_control_allow_origin_header_value": "",
            "routing_http_response_access_control_expose_headers_header_value": "",
            "routing_http_response_access_control_max_age_header_value": "",
            "routing_http_response_content_security_policy_header_value": "",
            "routing_http_response_server_enabled": true,
            "routing_http_response_strict_transport_security_header_value": "",
            "routing_http_response_x_content_type_options_header_value": "",
            "routing_http_response_x_frame_options_header_value": "",
            "ssl_policy": "ELBSecurityPolicy-2016-08",
            "tags": null,
            "tags_all": {
              "Application": "chatapp",
              "ManagedBy": "terraform"
            },
            "tcp_idle_timeout_seconds": null,
            "timeouts": null
          },
          "sensitive_attributes": [],
          "identity_schema_version": 0,
          "private": "eyJlMmJmYjczMC1lY2FhLTExZTYtOGY4OC0zNDM2M2JjN2M0YzAiOnsiY3JlYXRlIjozMDAwMDAwMDAwMDAsInVwZGF0ZSI6MzAwMDAwMDAwMDAwfX0=",
          "dependencies": [
            "aws_lb.app",
            "aws_lb_target_group.app",
            "aws_security_group.alb",
            "data.aws_subnets.default",
            "data.aws_vpc.default",
            "random_id.suffix"
          ]
        }
      ]
    },
    {
      "mode": "managed",
      "type": "aws_lb_target_group",
      "name": "app",
      "provider": "provider[\"registry.terraform.io/hashicorp/aws\"]",
      "instances": [
        {
          "schema_version": 0,
          "attributes": {
            "arn": "arn:aws:elasticloadbalancing:us-east-1:000000000000:targetgroup/chatapp-1f30db/6449e360094692e2",
            "arn_suffix": "targetgroup/chatapp-1f30db/6449e360094692e2",
            "connection_termination": null,
            "deregistration_delay": "300",
            "health_check": [
              {
                "enabled": true,
                "healthy_threshold": 2,
                "interval": 30,
                "matcher": "200-399",
                "path": "/",
                "port": "traffic-port",
                "protocol": "HTTP",
                "timeout": 5,
                "unhealthy_threshold": 2
              }
            ],
            "id": "arn:aws:elasticloadbalancing:us-east-1:000000000000:targetgroup/chatapp-1f30db/6449e360094692e2",
            "ip_address_type": "ipv4",
            "lambda_multi_value_headers_enabled": false,
            "load_balancer_arns": [],
            "load_balancing_algorithm_type": "round_robin",
            "load_balancing_anomaly_mitigation": null,
            "load_balancing_cross_zone_enabled": "use_load_balancer_configuration",
            "name": "chatapp-1f30db",
            "name_prefix": "",
            "port": 12345,
            "preserve_client_ip": null,
            "protocol": "HTTP",
            "protocol_version": "HTTP1",
            "proxy_protocol_v2": false,
            "slow_start": 0,
            "stickiness": [
              {
                "cookie_duration": 0,
                "cookie_name": "",
                "enabled": false,
                "type": "lb_cookie"
              }
            ],
            "tags": null,
            "tags_all": {
              "Application": "chatapp",
              "ManagedBy": "terraform"
            },
            "target_failover": [
              {
                "on_deregistration": null,
                "on_unhealthy": null
              }
            ],
            "target_group_health": [
              {
                "dns_failover": [
                  {
                    "minimum_healthy_targets_count": null,
                    "minimum_healthy_targets_percentage": null
                  }
                ],
                "unhealthy_state_routing": [
                  {
                    "minimum_healthy_targets_count": null,
                    "minimum_healthy_targets_percentage": null
                  }
                ]
              }
            ],
            "target_health_state": [
              {
                "enable_unhealthy_connection_termination": null,
                "unhealthy_draining_interval": null
              }
            ],
            "target_type": "ip",
            "vpc_id": "vpc-09718fa8e510d6694"
          },
          "sensitive_attributes": [],
          "identity_schema_version": 0,
          "private": "bnVsbA==",
          "dependencies": [
            "data.aws_vpc.default",
            "random_id.suffix"
          ]
        }
      ]
    },
    {
      "mode": "managed",
      "type": "aws_security_group",
      "name": "alb",
      "provider": "provider[\"registry.terraform.io/hashicorp/aws\"]",
      "instances": [
        {
          "schema_version": 1,
          "attributes": {
            "arn": "arn:aws:ec2:us-east-1:000000000000:security-group/sg-bdf7ec522fac25b0d",
            "description": "ALB security group",
            "egress": [
              {
                "cidr_blocks": [
                  "0.0.0.0/0"
                ],
                "description": "",
                "from_port": 0,
                "ipv6_cidr_blocks": [],
                "prefix_list_ids": [],
                "protocol": "-1",
                "security_groups": [],
                "self": false,
                "to_port": 0
              }
            ],
            "id": "sg-bdf7ec522fac25b0d",
            "ingress": [
              {
                "cidr_blocks": [
                  "0.0.0.0/0"
                ],
                "description": "HTTP",
                "from_port": 80,
                "ipv6_cidr_blocks": [],
                "prefix_list_ids": [],
                "protocol": "tcp",
                "security_groups": [],
                "self": false,
                "to_port": 80
              }
            ],
            "name": "chatapp-alb-sg-1f30db",
            "name_prefix": "",
            "owner_id": "000000000000",
            "revoke_rules_on_delete": false,
            "tags": null,
            "tags_all": {
              "Application": "chatapp",
              "ManagedBy": "terraform"
            },
            "timeouts": null,
            "vpc_id": "vpc-09718fa8e510d6694"
          },
          "sensitive_attributes": [],
          "identity_schema_version": 0,
          "private": "eyJlMmJmYjczMC1lY2FhLTExZTYtOGY4OC0zNDM2M2JjN2M0YzAiOnsiY3JlYXRlIjo2MDAwMDAwMDAwMDAsImRlbGV0ZSI6OTAwMDAwMDAwMDAwfSwic2NoZW1hX3ZlcnNpb24iOiIxIn0=",
          "dependencies": [
            "data.aws_vpc.default",
            "random_id.suffix"
          ]
        }
      ]
    },
    {
      "mode": "managed",
      "type": "aws_security_group",
      "name": "task",
      "provider": "provider[\"registry.terraform.io/hashicorp/aws\"]",
      "instances": [
        {
          "schema_version": 1,
          "attributes": {
            "arn": "arn:aws:ec2:us-east-1:000000000000:security-group/sg-589fbea2bdac2825a",
            "description": "ECS task security group",
            "egress": [
              {
                "cidr_blocks": [
                  "0.0.0.0/0"
                ],
                "description": "",
                "from_port": 0,
                "ipv6_cidr_blocks": [],
                "prefix_list_ids": [],
                "protocol": "-1",
                "security_groups": [],
                "self": false,
                "to_port": 0
              }
            ],
            "id": "sg-589fbea2bdac2825a",
            "ingress": [
              {
                "cidr_blocks": [],
                "description": "From ALB to container",
                "from_port": 12345,
                "ipv6_cidr_blocks": [],
                "prefix_list_ids": [],
                "protocol": "tcp",
                "security_groups": [
                  "sg-bdf7ec522fac25b0d"
                ],
                "self": false,
                "to_port": 12345
              }
            ],
            "name": "chatapp-task-sg-1f30db",
            "name_prefix": "",
            "owner_id": "000000000000",
            "revoke_rules_on_delete": false,
            "tags": null,
            "tags_all": {
              "Application": "chatapp",
              "ManagedBy": "terraform"
            },
            "timeouts": null,
            "vpc_id": "vpc-09718fa8e510d6694"
          },
          "sensitive_attributes": [],
          "identity_schema_version": 0,
          "private": "eyJlMmJmYjczMC1lY2FhLTExZTYtOGY4OC0zNDM2M2JjN2M0YzAiOnsiY3JlYXRlIjo2MDAwMDAwMDAwMDAsImRlbGV0ZSI6OTAwMDAwMDAwMDAwfSwic2NoZW1hX3ZlcnNpb24iOiIxIn0=",
          "dependencies": [
            "aws_security_group.alb",
            "data.aws_vpc.default",
            "random_id.suffix"
          ]
        }
      ]
    },
    {
      "mode": "managed",
      "type": "random_id",
      "name": "suffix",
      "provider": "provider[\"registry.terraform.io/hashicorp/random\"]",
      "instances": [
        {
          "schema_version": 0,
          "attributes": {
            "b64_std": "HzDb",
            "b64_url": "HzDb",
            "byte_length": 3,
            "dec": "2044123",
            "hex": "1f30db",
            "id": "HzDb",
            "keepers": null,
            "prefix": null
          },
          "sensitive_attributes": [],
          "identity_schema_version": 0
        }
      ]
    }
  ],
  "check_results": null
}
