data.aws_cloudfront_cache_policy.caching_optimized: Reading...
data.aws_cloudfront_origin_request_policy.cors_s3: Reading...

Terraform used the selected providers to generate the following execution
plan. Resource actions are indicated with the following symbols:
  + create
 <= read (data resources)

Terraform planned the following actions, but then encountered a problem:

  # data.aws_iam_policy_document.github_assume_role will be read during apply
  # (config refers to values not yet known)
 <= data "aws_iam_policy_document" "github_assume_role" {
      + id            = (known after apply)
      + json          = (known after apply)
      + minified_json = (known after apply)

      + statement {
          + actions = [
              + "sts:AssumeRoleWithWebIdentity",
            ]
          + effect  = "Allow"

          + condition {
              + test     = "StringEquals"
              + values   = [
                  + "sts.amazonaws.com",
                ]
              + variable = "token.actions.githubusercontent.com:aud"
            }
          + condition {
              + test     = "StringLike"
              + values   = [
                  + "repo:ai-tf/ai-tf:ref:refs/heads/main",
                ]
              + variable = "token.actions.githubusercontent.com:sub"
            }

          + principals {
              + identifiers = [
                  + (known after apply),
                ]
              + type        = "Federated"
            }
        }
    }

  # aws_cloudfront_origin_access_control.oac will be created
  + resource "aws_cloudfront_origin_access_control" "oac" {
      + arn                               = (known after apply)
      + description                       = (known after apply)
      + etag                              = (known after apply)
      + id                                = (known after apply)
      + name                              = "ai-tf-prod-oac"
      + origin_access_control_origin_type = "s3"
      + signing_behavior                  = "always"
      + signing_protocol                  = "sigv4"
    }

  # aws_cloudfront_response_headers_policy.security will be created
  + resource "aws_cloudfront_response_headers_policy" "security" {
      + arn  = (known after apply)
      + etag = (known after apply)
      + id   = (known after apply)
      + name = "ai-tf-prod-security-headers"

      + security_headers_config {
          + content_type_options {
              + override = true
            }
          + frame_options {
              + frame_option = "DENY"
              + override     = true
            }
          + referrer_policy {
              + override        = true
              + referrer_policy = "strict-origin-when-cross-origin"
            }
          + strict_transport_security {
              + access_control_max_age_sec = 31536000
              + include_subdomains         = true
              + override                   = true
              + preload                    = true
            }
          + xss_protection {
              + mode_block = true
              + override   = true
              + protection = true
            }
        }
    }

  # aws_iam_openid_connect_provider.github will be created
  + resource "aws_iam_openid_connect_provider" "github" {
      + arn             = (known after apply)
      + client_id_list  = [
          + "sts.amazonaws.com",
        ]
      + id              = (known after apply)
      + tags_all        = {
          + "Environment" = "prod"
          + "ManagedBy"   = "terraform"
          + "Project"     = "ai-tf"
        }
      + thumbprint_list = [
          + "6938fd4d98bab03faadb97b34396831e3780aea1",
        ]
      + url             = "https://token.actions.githubusercontent.com"
    }

  # aws_iam_role.github_deploy will be created
  + resource "aws_iam_role" "github_deploy" {
      + arn                   = (known after apply)
      + assume_role_policy    = (known after apply)
      + create_date           = (known after apply)
      + force_detach_policies = false
      + id                    = (known after apply)
      + managed_policy_arns   = (known after apply)
      + max_session_duration  = 3600
      + name                  = "ai-tf-prod-github-deploy"
      + name_prefix           = (known after apply)
      + path                  = "/"
      + tags_all              = {
          + "Environment" = "prod"
          + "ManagedBy"   = "terraform"
          + "Project"     = "ai-tf"
        }
      + unique_id             = (known after apply)

      + inline_policy (known after apply)
    }

  # aws_s3_bucket.site will be created
  + resource "aws_s3_bucket" "site" {
      + acceleration_status         = (known after apply)
      + acl                         = (known after apply)
      + arn                         = (known after apply)
      + bucket                      = (known after apply)
      + bucket_domain_name          = (known after apply)
      + bucket_prefix               = (known after apply)
      + bucket_region               = (known after apply)
      + bucket_regional_domain_name = (known after apply)
      + force_destroy               = false
      + hosted_zone_id              = (known after apply)
      + id                          = (known after apply)
      + object_lock_enabled         = (known after apply)
      + policy                      = (known after apply)
      + region                      = "eu-central-1"
      + request_payer               = (known after apply)
      + tags_all                    = {
          + "Environment" = "prod"
          + "ManagedBy"   = "terraform"
          + "Project"     = "ai-tf"
        }
      + website_domain              = (known after apply)
      + website_endpoint            = (known after apply)

      + cors_rule (known after apply)

      + grant (known after apply)

      + lifecycle_rule (known after apply)

      + logging (known after apply)

      + object_lock_configuration (known after apply)

      + replication_configuration (known after apply)

      + server_side_encryption_configuration (known after apply)

      + versioning (known after apply)

      + website (known after apply)
    }

  # aws_s3_bucket_lifecycle_configuration.site will be created
  + resource "aws_s3_bucket_lifecycle_configuration" "site" {
      + bucket                                 = (known after apply)
      + expected_bucket_owner                  = (known after apply)
      + id                                     = (known after apply)
      + region                                 = "eu-central-1"
      + transition_default_minimum_object_size = "all_storage_classes_128K"

      + rule {
          + id     = "abort-multipart"
          + status = "Enabled"
            # (1 unchanged attribute hidden)

          + abort_incomplete_multipart_upload {
              + days_after_initiation = 7
            }
        }
    }

  # aws_s3_bucket_ownership_controls.site will be created
  + resource "aws_s3_bucket_ownership_controls" "site" {
      + bucket = (known after apply)
      + id     = (known after apply)
      + region = "eu-central-1"

      + rule {
          + object_ownership = "BucketOwnerEnforced"
        }
    }

  # aws_s3_bucket_public_access_block.site will be created
  + resource "aws_s3_bucket_public_access_block" "site" {
      + block_public_acls       = true
      + block_public_policy     = true
      + bucket                  = (known after apply)
      + id                      = (known after apply)
      + ignore_public_acls      = true
      + region                  = "eu-central-1"
      + restrict_public_buckets = true
    }

  # aws_s3_bucket_server_side_encryption_configuration.site will be created
  + resource "aws_s3_bucket_server_side_encryption_configuration" "site" {
      + bucket = (known after apply)
      + id     = (known after apply)
      + region = "eu-central-1"

      + rule {
          + blocked_encryption_types = []

          + apply_server_side_encryption_by_default {
              + sse_algorithm     = "AES256"
                # (1 unchanged attribute hidden)
            }
        }
    }

  # aws_s3_bucket_versioning.site will be created
  + resource "aws_s3_bucket_versioning" "site" {
      + bucket = (known after apply)
      + id     = (known after apply)
      + region = "eu-central-1"

      + versioning_configuration {
          + mfa_delete = (known after apply)
          + status     = "Enabled"
        }
    }

Plan: 10 to add, 0 to change, 0 to destroy.

Changes to Outputs:
  + github_deploy_role_arn = (known after apply)
  + s3_bucket_name         = (known after apply)
