{
  "version": 4,
  "terraform_version": "1.13.5",
  "serial": 1,
  "lineage": "4f34ae46-6dc1-1c87-d0df-ad6287154db2",
  "outputs": {},
  "resources": [
    {
      "mode": "managed",
      "type": "random_id",
      "name": "suffix",
      "provider": "provider[\"registry.terraform.io/hashicorp/random\"]",
      "instances": [
        {
          "schema_version": 0,
          "attributes": {
            "b64_std": "htcvSQ==",
            "b64_url": "htcvSQ",
            "byte_length": 4,
            "dec": "2262249289",
            "hex": "86d72f49",
            "id": "htcvSQ",
            "keepers": null,
            "prefix": null
          },
          "sensitive_attributes": [],
          "identity_schema_version": 0
        }
      ]
    }
  ],
  "check_results": null
}
