{
  "version": 4,
  "terraform_version": "1.13.5",
  "serial": 1,
  "lineage": "80d645c4-25be-c0fd-daaa-f219434eaa2a",
  "outputs": {},
  "resources": [
    {
      "mode": "managed",
      "type": "aws_iam_role",
      "name": "app",
      "provider": "provider[\"registry.terraform.io/hashicorp/aws\"]",
      "instances": [
        {
          "schema_version": 0,
          "attributes": {
            "arn": "arn:aws:iam::000000000000:role/sonarqube-role-20260127060808264000000001",
            "assume_role_policy": "{\"Statement\":[{\"Action\":\"sts:AssumeRole\",\"Effect\":\"Allow\",\"Principal\":{\"Service\":\"ecs-tasks.amazonaws.com\"}}],\"Version\":\"2012-10-17\"}",
            "create_date": "2026-01-27T06:08:08Z",
            "description": "",
            "force_detach_policies": false,
            "id": "sonarqube-role-20260127060808264000000001",
            "inline_policy": [],
            "managed_policy_arns": [],
            "max_session_duration": 3600,
            "name": "sonarqube-role-20260127060808264000000001",
            "name_prefix": "sonarqube-role-",
            "path": "/",
            "permissions_boundary": "",
            "tags": null,
            "tags_all": {
              "Application": "sonarqube",
              "ManagedBy": "terraform"
            },
            "unique_id": "AROAQAAAAAAAPSQNYQCB3"
          },
          "sensitive_attributes": [],
          "identity_schema_version": 0,
          "private": "bnVsbA=="
        }
      ]
    },
    {
      "mode": "managed",
      "type": "aws_s3_bucket",
      "name": "artifacts",
      "provider": "provider[\"registry.terraform.io/hashicorp/aws\"]",
      "instances": []
    }
  ],
  "check_results": null
}
