{"format_version":"1.2","terraform_version":"1.13.5","variables":{"app_name":{"value":"terratest-localstack"},"aws_access_key":{"value":"test"},"aws_endpoint_url":{"value":"http://localhost:4566"},"aws_region":{"value":"us-east-1"},"aws_s3_use_path_style":{"value":true},"aws_secret_key":{"value":"test"},"aws_skip_credentials_validation":{"value":true},"aws_skip_metadata_api_check":{"value":true},"aws_skip_requesting_account_id":{"value":true}},"planned_values":{"outputs":{"s3_bucket_name":{"sensitive":false}},"root_module":{"resources":[{"address":"aws_s3_bucket.app","mode":"managed","type":"aws_s3_bucket","name":"app","provider_name":"registry.terraform.io/hashicorp/aws","schema_version":0,"values":{"force_destroy":true,"tags":null,"tags_all":{"Managed":"terraform","Project":"terratest-localstack"},"timeouts":null},"sensitive_values":{"cors_rule":[],"grant":[],"lifecycle_rule":[],"logging":[],"object_lock_configuration":[],"replication_configuration":[],"server_side_encryption_configuration":[],"tags_all":{},"versioning":[],"website":[]}},{"address":"aws_s3_bucket_server_side_encryption_configuration.app","mode":"managed","type":"aws_s3_bucket_server_side_encryption_configuration","name":"app","provider_name":"registry.terraform.io/hashicorp/aws","schema_version":0,"values":{"expected_bucket_owner":null,"rule":[{"apply_server_side_encryption_by_default":[{"kms_master_key_id":"","sse_algorithm":"AES256"}],"bucket_key_enabled":null}]},"sensitive_values":{"rule":[{"apply_server_side_encryption_by_default":[{}]}]}},{"address":"aws_s3_bucket_versioning.app","mode":"managed","type":"aws_s3_bucket_versioning","name":"app","provider_name":"registry.terraform.io/hashicorp/aws","schema_version":0,"values":{"expected_bucket_owner":null,"mfa":null,"versioning_configuration":[{"status":"Enabled"}]},"sensitive_values":{"versioning_configuration":[{}]}},{"address":"random_id.suffix","mode":"managed","type":"random_id","name":"suffix","provider_name":"registry.terraform.io/hashicorp/random","schema_version":0,"values":{"byte_length":4,"keepers":null,"prefix":null},"sensitive_values":{}}]}},"resource_changes":[{"address":"aws_s3_bucket.app","mode":"managed","type":"aws_s3_bucket","name":"app","provider_name":"registry.terraform.io/hashicorp/aws","change":{"actions":["create"],"before":null,"after":{"force_destroy":true,"tags":null,"tags_all":{"Managed":"terraform","Project":"terratest-localstack"},"timeouts":null},"after_unknown":{"acceleration_status":true,"acl":true,"arn":true,"bucket":true,"bucket_domain_name":true,"bucket_prefix":true,"bucket_regional_domain_name":true,"cors_rule":true,"grant":true,"hosted_zone_id":true,"id":true,"lifecycle_rule":true,"logging":true,"object_lock_configuration":true,"object_lock_enabled":true,"policy":true,"region":true,"replication_configuration":true,"request_payer":true,"server_side_encryption_configuration":true,"tags_all":{},"versioning":true,"website":true,"website_domain":true,"website_endpoint":true},"before_sensitive":false,"after_sensitive":{"cors_rule":[],"grant":[],"lifecycle_rule":[],"logging":[],"object_lock_configuration":[],"replication_configuration":[],"server_side_encryption_configuration":[],"tags_all":{},"versioning":[],"website":[]}}},{"address":"aws_s3_bucket_server_side_encryption_configuration.app","mode":"managed","type":"aws_s3_bucket_server_side_encryption_configuration","name":"app","provider_name":"registry.terraform.io/hashicorp/aws","change":{"actions":["create"],"before":null,"after":{"expected_bucket_owner":null,"rule":[{"apply_server_side_encryption_by_default":[{"kms_master_key_id":"","sse_algorithm":"AES256"}],"bucket_key_enabled":null}]},"after_unknown":{"bucket":true,"id":true,"rule":[{"apply_server_side_encryption_by_default":[{}]}]},"before_sensitive":false,"after_sensitive":{"rule":[{"apply_server_side_encryption_by_default":[{}]}]}}},{"address":"aws_s3_bucket_versioning.app","mode":"managed","type":"aws_s3_bucket_versioning","name":"app","provider_name":"registry.terraform.io/hashicorp/aws","change":{"actions":["create"],"before":null,"after":{"expected_bucket_owner":null,"mfa":null,"versioning_configuration":[{"status":"Enabled"}]},"after_unknown":{"bucket":true,"id":true,"versioning_configuration":[{"mfa_delete":true}]},"before_sensitive":false,"after_sensitive":{"versioning_configuration":[{}]}}},{"address":"random_id.suffix","mode":"managed","type":"random_id","name":"suffix","provider_name":"registry.terraform.io/hashicorp/random","change":{"actions":["create"],"before":null,"after":{"byte_length":4,"keepers":null,"prefix":null},"after_unknown":{"b64_std":true,"b64_url":true,"dec":true,"hex":true,"id":true},"before_sensitive":false,"after_sensitive":{}}}],"output_changes":{"s3_bucket_name":{"actions":["create"],"before":null,"after_unknown":true,"before_sensitive":false,"after_sensitive":false}},"configuration":{"provider_config":{"aws":{"name":"aws","full_name":"registry.terraform.io/hashicorp/aws","version_constraint":"~\u003e 5.0","expressions":{"access_key":{"references":["var.aws_access_key"]},"default_tags":[{"tags":{"references":["var.app_name"]}}],"endpoints":[{"iam":{"references":["var.aws_endpoint_url"]},"s3":{"references":["var.aws_endpoint_url"]},"sts":{"references":["var.aws_endpoint_url"]}}],"region":{"references":["var.aws_region"]},"s3_use_path_style":{"references":["var.aws_s3_use_path_style"]},"secret_key":{"references":["var.aws_secret_key"]},"skip_credentials_validation":{"references":["var.aws_skip_credentials_validation"]},"skip_metadata_api_check":{"references":["var.aws_skip_metadata_api_check"]},"skip_requesting_account_id":{"references":["var.aws_skip_requesting_account_id"]}}},"random":{"name":"random","full_name":"registry.terraform.io/hashicorp/random","version_constraint":"~\u003e 3.6"}},"root_module":{"outputs":{"s3_bucket_name":{"expression":{"references":["aws_s3_bucket.app.bucket","aws_s3_bucket.app"]},"description":"Name of the created S3 bucket."}},"resources":[{"address":"aws_s3_bucket.app","mode":"managed","type":"aws_s3_bucket","name":"app","provider_config_key":"aws","expressions":{"bucket":{"references":["local.name_prefix","random_id.suffix.hex","random_id.suffix"]},"force_destroy":{"constant_value":true}},"schema_version":0},{"address":"aws_s3_bucket_server_side_encryption_configuration.app","mode":"managed","type":"aws_s3_bucket_server_side_encryption_configuration","name":"app","provider_config_key":"aws","expressions":{"bucket":{"references":["aws_s3_bucket.app.id","aws_s3_bucket.app"]},"rule":[{"apply_server_side_encryption_by_default":[{"sse_algorithm":{"constant_value":"AES256"}}]}]},"schema_version":0},{"address":"aws_s3_bucket_versioning.app","mode":"managed","type":"aws_s3_bucket_versioning","name":"app","provider_config_key":"aws","expressions":{"bucket":{"references":["aws_s3_bucket.app.id","aws_s3_bucket.app"]},"versioning_configuration":[{"status":{"constant_value":"Enabled"}}]},"schema_version":0},{"address":"random_id.suffix","mode":"managed","type":"random_id","name":"suffix","provider_config_key":"random","expressions":{"byte_length":{"constant_value":4}},"schema_version":0}],"variables":{"app_name":{"default":"terratest-localstack","description":"Name prefix for created resources."},"aws_access_key":{"default":"test","description":"AWS access key (LocalStack default is 'test').","sensitive":true},"aws_endpoint_url":{"default":"http://localhost:4566","description":"Base endpoint URL for LocalStack (e.g., http://localhost:4566). Leave empty to use real AWS endpoints."},"aws_region":{"default":"us-east-1","description":"AWS region. For LocalStack, any region works."},"aws_s3_use_path_style":{"default":true,"description":"Use path-style S3 URLs (recommended for LocalStack)."},"aws_secret_key":{"default":"test","description":"AWS secret key (LocalStack default is 'test').","sensitive":true},"aws_skip_credentials_validation":{"default":true,"description":"Skip AWS credentials validation (recommended for LocalStack)."},"aws_skip_metadata_api_check":{"default":true,"description":"Skip metadata API check (recommended for LocalStack)."},"aws_skip_requesting_account_id":{"default":true,"description":"Skip requesting account ID (recommended for LocalStack)."}}}},"relevant_attributes":[{"resource":"aws_s3_bucket.app","attribute":["bucket"]},{"resource":"aws_s3_bucket.app","attribute":["id"]},{"resource":"random_id.suffix","attribute":["hex"]}],"timestamp":"2026-01-25T19:12:10Z","applyable":true,"complete":true,"errored":false}
