{
  "version": 4,
  "terraform_version": "1.13.5",
  "serial": 1,
  "lineage": "d2b9b807-8e4c-f023-6ce9-1650192ddd37",
  "outputs": {},
  "resources": [
    {
      "mode": "managed",
      "type": "random_id",
      "name": "suffix",
      "provider": "provider[\"registry.terraform.io/hashicorp/random\"]",
      "instances": [
        {
          "schema_version": 0,
          "attributes": {
            "b64_std": "8hFOag==",
            "b64_url": "8hFOag",
            "byte_length": 4,
            "dec": "4061220458",
            "hex": "f2114e6a",
            "id": "8hFOag",
            "keepers": null,
            "prefix": null
          },
          "sensitive_attributes": [],
          "identity_schema_version": 0
        }
      ]
    }
  ],
  "check_results": null
}
