{
  "version": 4,
  "terraform_version": "1.13.5",
  "serial": 26,
  "lineage": "a6b64c32-80bc-b787-9b53-cf5568b29872",
  "outputs": {
    "check_announcement_lambda_name": {
      "value": "cann-check-announcement",
      "type": "string"
    },
    "dynamodb_table_name": {
      "value": "cann-announcements",
      "type": "string"
    },
    "send_notification_lambda_name": {
      "value": "cann-send-notification",
      "type": "string"
    },
    "send_telegram_notification_lambda_name": {
      "value": "cann-send-telegram-notification",
      "type": "string"
    },
    "sns_topic_arn": {
      "value": "arn:aws:sns:eu-west-1:000000000000:cann-notifications",
      "type": "string"
    }
  },
  "resources": [
    {
      "mode": "data",
      "type": "archive_file",
      "name": "check_announcement_zip",
      "provider": "provider[\"registry.terraform.io/hashicorp/archive\"]",
      "instances": [
        {
          "schema_version": 0,
          "attributes": {
            "exclude_symlink_directories": null,
            "excludes": null,
            "id": "5b701982d3447460047b1ed2c0611cedeee3e870",
            "output_base64sha256": "Yz/c6BDreIyYNNTW3Vg0Qgm5PUoeCYHY1h8QPTCQ7hc=",
            "output_base64sha512": "Q6plom1bSHNrE1lpQEh52vQReLNMn6wt08XQKq4/rmpLZo3ME+x3RmJCgH1oc69Xp+TsJZtHYqZ1UQG2zZOZTA==",
            "output_file_mode": null,
            "output_md5": "a372976e68ede46e9505ae6458d8161a",
            "output_path": "./artifacts/check_announcement.zip",
            "output_sha": "5b701982d3447460047b1ed2c0611cedeee3e870",
            "output_sha256": "633fdce810eb788c9834d4d6dd58344209b93d4a1e0981d8d61f103d3090ee17",
            "output_sha512": "43aa65a26d5b48736b135969404879daf41178b34c9fac2dd3c5d02aae3fae6a4b668dcc13ec77466242807d6873af57a7e4ec259b4762a6755101b6cd93994c",
            "output_size": 149,
            "source": [
              {
                "content": "placeholder",
                "filename": "bootstrap"
              }
            ],
            "source_content": null,
            "source_content_filename": null,
            "source_dir": null,
            "source_file": null,
            "type": "zip"
          },
          "sensitive_attributes": [],
          "identity_schema_version": 0
        }
      ]
    },
    {
      "mode": "data",
      "type": "archive_file",
      "name": "lambda_dummy",
      "provider": "provider[\"registry.terraform.io/hashicorp/archive\"]",
      "instances": [
        {
          "schema_version": 0,
          "attributes": {
            "exclude_symlink_directories": null,
            "excludes": null,
            "id": "58e93fade67637870be5af38eff8d5aa66c7da49",
            "output_base64sha256": "wmbalFzzY/wG3ivChKElOZB3+B4gptmQyIat05p+fU4=",
            "output_base64sha512": "BQYAg1LwEY4tDmry1VoRx6StX0vjH+7LpfB5KAZLVvfJQjioPbBv1QxI6QF6P2U614fU3h9XKBCb9z5Y1ornqA==",
            "output_file_mode": null,
            "output_md5": "a0dbd832a6a977d6d5b28ea5c85e30fb",
            "output_path": "./.dummy/lambda.zip",
            "output_sha": "58e93fade67637870be5af38eff8d5aa66c7da49",
            "output_sha256": "c266da945cf363fc06de2bc284a125399077f81e20a6d990c886add39a7e7d4e",
            "output_sha512": "0506008352f0118e2d0e6af2d55a11c7a4ad5f4be31feecba5f07928064b56f7c94238a83db06fd50c48e9017a3f653ad787d4de1f5728109bf73e58d68ae7a8",
            "output_size": 246,
            "source": [
              {
                "content": "exports.handler = async (event) =\u003e {\n  console.log(\"Dummy lambda invoked\");\n  return { statusCode: 200, body: \"dummy\" };\n};\n",
                "filename": "index.js"
              }
            ],
            "source_content": null,
            "source_content_filename": null,
            "source_dir": null,
            "source_file": null,
            "type": "zip"
          },
          "sensitive_attributes": [],
          "identity_schema_version": 0
        }
      ]
    },
    {
      "mode": "data",
      "type": "archive_file",
      "name": "send_notification_zip",
      "provider": "provider[\"registry.terraform.io/hashicorp/archive\"]",
      "instances": [
        {
          "schema_version": 0,
          "attributes": {
            "exclude_symlink_directories": null,
            "excludes": null,
            "id": "5b701982d3447460047b1ed2c0611cedeee3e870",
            "output_base64sha256": "Yz/c6BDreIyYNNTW3Vg0Qgm5PUoeCYHY1h8QPTCQ7hc=",
            "output_base64sha512": "Q6plom1bSHNrE1lpQEh52vQReLNMn6wt08XQKq4/rmpLZo3ME+x3RmJCgH1oc69Xp+TsJZtHYqZ1UQG2zZOZTA==",
            "output_file_mode": null,
            "output_md5": "a372976e68ede46e9505ae6458d8161a",
            "output_path": "./artifacts/send_notification.zip",
            "output_sha": "5b701982d3447460047b1ed2c0611cedeee3e870",
            "output_sha256": "633fdce810eb788c9834d4d6dd58344209b93d4a1e0981d8d61f103d3090ee17",
            "output_sha512": "43aa65a26d5b48736b135969404879daf41178b34c9fac2dd3c5d02aae3fae6a4b668dcc13ec77466242807d6873af57a7e4ec259b4762a6755101b6cd93994c",
            "output_size": 149,
            "source": [
              {
                "content": "placeholder",
                "filename": "bootstrap"
              }
            ],
            "source_content": null,
            "source_content_filename": null,
            "source_dir": null,
            "source_file": null,
            "type": "zip"
          },
          "sensitive_attributes": [],
          "identity_schema_version": 0
        }
      ]
    },
    {
      "mode": "data",
      "type": "archive_file",
      "name": "send_telegram_notification_zip",
      "provider": "provider[\"registry.terraform.io/hashicorp/archive\"]",
      "instances": [
        {
          "schema_version": 0,
          "attributes": {
            "exclude_symlink_directories": null,
            "excludes": null,
            "id": "5b701982d3447460047b1ed2c0611cedeee3e870",
            "output_base64sha256": "Yz/c6BDreIyYNNTW3Vg0Qgm5PUoeCYHY1h8QPTCQ7hc=",
            "output_base64sha512": "Q6plom1bSHNrE1lpQEh52vQReLNMn6wt08XQKq4/rmpLZo3ME+x3RmJCgH1oc69Xp+TsJZtHYqZ1UQG2zZOZTA==",
            "output_file_mode": null,
            "output_md5": "a372976e68ede46e9505ae6458d8161a",
            "output_path": "./artifacts/send_telegram_notification.zip",
            "output_sha": "5b701982d3447460047b1ed2c0611cedeee3e870",
            "output_sha256": "633fdce810eb788c9834d4d6dd58344209b93d4a1e0981d8d61f103d3090ee17",
            "output_sha512": "43aa65a26d5b48736b135969404879daf41178b34c9fac2dd3c5d02aae3fae6a4b668dcc13ec77466242807d6873af57a7e4ec259b4762a6755101b6cd93994c",
            "output_size": 149,
            "source": [
              {
                "content": "placeholder",
                "filename": "bootstrap"
              }
            ],
            "source_content": null,
            "source_content_filename": null,
            "source_dir": null,
            "source_file": null,
            "type": "zip"
          },
          "sensitive_attributes": [],
          "identity_schema_version": 0
        }
      ]
    },
    {
      "mode": "data",
      "type": "aws_caller_identity",
      "name": "current",
      "provider": "provider[\"registry.terraform.io/hashicorp/aws\"]",
      "instances": [
        {
          "schema_version": 0,
          "attributes": {
            "account_id": "000000000000",
            "arn": "arn:aws:iam::000000000000:root",
            "id": "000000000000",
            "user_id": "AKIAIOSFODNN7EXAMPLE"
          },
          "sensitive_attributes": [],
          "identity_schema_version": 0
        }
      ]
    },
    {
      "mode": "data",
      "type": "aws_iam_policy_document",
      "name": "check_announcement_policy",
      "provider": "provider[\"registry.terraform.io/hashicorp/aws\"]",
      "instances": [
        {
          "schema_version": 0,
          "attributes": {
            "id": "792701216",
            "json": "{\n  \"Version\": \"2012-10-17\",\n  \"Statement\": [\n    {\n      \"Sid\": \"DynamoDBReadWrite\",\n      \"Effect\": \"Allow\",\n      \"Action\": [\n        \"dynamodb:PutItem\",\n        \"dynamodb:GetItem\"\n      ],\n      \"Resource\": \"arn:aws:dynamodb:eu-west-1:000000000000:table/cann-announcements\"\n    }\n  ]\n}",
            "minified_json": "{\"Version\":\"2012-10-17\",\"Statement\":[{\"Sid\":\"DynamoDBReadWrite\",\"Effect\":\"Allow\",\"Action\":[\"dynamodb:PutItem\",\"dynamodb:GetItem\"],\"Resource\":\"arn:aws:dynamodb:eu-west-1:000000000000:table/cann-announcements\"}]}",
            "override_json": null,
            "override_policy_documents": null,
            "policy_id": null,
            "source_json": null,
            "source_policy_documents": null,
            "statement": [
              {
                "actions": [
                  "dynamodb:GetItem",
                  "dynamodb:PutItem"
                ],
                "condition": [],
                "effect": "Allow",
                "not_actions": [],
                "not_principals": [],
                "not_resources": [],
                "principals": [],
                "resources": [
                  "arn:aws:dynamodb:eu-west-1:000000000000:table/cann-announcements"
                ],
                "sid": "DynamoDBReadWrite"
              }
            ],
            "version": "2012-10-17"
          },
          "sensitive_attributes": [],
          "identity_schema_version": 0
        }
      ]
    },
    {
      "mode": "data",
      "type": "aws_iam_policy_document",
      "name": "lambda_assume_role",
      "provider": "provider[\"registry.terraform.io/hashicorp/aws\"]",
      "instances": [
        {
          "schema_version": 0,
          "attributes": {
            "id": "2690255455",
            "json": "{\n  \"Version\": \"2012-10-17\",\n  \"Statement\": [\n    {\n      \"Effect\": \"Allow\",\n      \"Action\": \"sts:AssumeRole\",\n      \"Principal\": {\n        \"Service\": \"lambda.amazonaws.com\"\n      }\n    }\n  ]\n}",
            "minified_json": "{\"Version\":\"2012-10-17\",\"Statement\":[{\"Effect\":\"Allow\",\"Action\":\"sts:AssumeRole\",\"Principal\":{\"Service\":\"lambda.amazonaws.com\"}}]}",
            "override_json": null,
            "override_policy_documents": null,
            "policy_id": null,
            "source_json": null,
            "source_policy_documents": null,
            "statement": [
              {
                "actions": [
                  "sts:AssumeRole"
                ],
                "condition": [],
                "effect": "Allow",
                "not_actions": [],
                "not_principals": [],
                "not_resources": [],
                "principals": [
                  {
                    "identifiers": [
                      "lambda.amazonaws.com"
                    ],
                    "type": "Service"
                  }
                ],
                "resources": [],
                "sid": ""
              }
            ],
            "version": "2012-10-17"
          },
          "sensitive_attributes": [],
          "identity_schema_version": 0
        }
      ]
    },
    {
      "mode": "data",
      "type": "aws_iam_policy_document",
      "name": "send_notification_policy",
      "provider": "provider[\"registry.terraform.io/hashicorp/aws\"]",
      "instances": [
        {
          "schema_version": 0,
          "attributes": {
            "id": "78924313",
            "json": "{\n  \"Version\": \"2012-10-17\",\n  \"Statement\": [\n    {\n      \"Sid\": \"SNSPublish\",\n      \"Effect\": \"Allow\",\n      \"Action\": \"sns:Publish\",\n      \"Resource\": \"arn:aws:sns:eu-west-1:000000000000:cann-notifications\"\n    }\n  ]\n}",
            "minified_json": "{\"Version\":\"2012-10-17\",\"Statement\":[{\"Sid\":\"SNSPublish\",\"Effect\":\"Allow\",\"Action\":\"sns:Publish\",\"Resource\":\"arn:aws:sns:eu-west-1:000000000000:cann-notifications\"}]}",
            "override_json": null,
            "override_policy_documents": null,
            "policy_id": null,
            "source_json": null,
            "source_policy_documents": null,
            "statement": [
              {
                "actions": [
                  "sns:Publish"
                ],
                "condition": [],
                "effect": "Allow",
                "not_actions": [],
                "not_principals": [],
                "not_resources": [],
                "principals": [],
                "resources": [
                  "arn:aws:sns:eu-west-1:000000000000:cann-notifications"
                ],
                "sid": "SNSPublish"
              }
            ],
            "version": "2012-10-17"
          },
          "sensitive_attributes": [],
          "identity_schema_version": 0
        }
      ]
    },
    {
      "mode": "data",
      "type": "aws_iam_policy_document",
      "name": "send_telegram_notification_policy",
      "provider": "provider[\"registry.terraform.io/hashicorp/aws\"]",
      "instances": [
        {
          "schema_version": 0,
          "attributes": {
            "id": "521931328",
            "json": "{\n  \"Version\": \"2012-10-17\",\n  \"Statement\": [\n    {\n      \"Sid\": \"SSMRead\",\n      \"Effect\": \"Allow\",\n      \"Action\": [\n        \"ssm:GetParametersByPath\",\n        \"ssm:GetParameters\",\n        \"ssm:GetParameter\"\n      ],\n      \"Resource\": [\n        \"arn:aws:ssm:eu-west-1:000000000000:parameter/telegram/auth_token\",\n        \"arn:aws:ssm:eu-west-1:000000000000:parameter/announcements/telegram/*\"\n      ]\n    }\n  ]\n}",
            "minified_json": "{\"Version\":\"2012-10-17\",\"Statement\":[{\"Sid\":\"SSMRead\",\"Effect\":\"Allow\",\"Action\":[\"ssm:GetParametersByPath\",\"ssm:GetParameters\",\"ssm:GetParameter\"],\"Resource\":[\"arn:aws:ssm:eu-west-1:000000000000:parameter/telegram/auth_token\",\"arn:aws:ssm:eu-west-1:000000000000:parameter/announcements/telegram/*\"]}]}",
            "override_json": null,
            "override_policy_documents": null,
            "policy_id": null,
            "source_json": null,
            "source_policy_documents": null,
            "statement": [
              {
                "actions": [
                  "ssm:GetParameter",
                  "ssm:GetParameters",
                  "ssm:GetParametersByPath"
                ],
                "condition": [],
                "effect": "Allow",
                "not_actions": [],
                "not_principals": [],
                "not_resources": [],
                "principals": [],
                "resources": [
                  "arn:aws:ssm:eu-west-1:000000000000:parameter/announcements/telegram/*",
                  "arn:aws:ssm:eu-west-1:000000000000:parameter/telegram/auth_token"
                ],
                "sid": "SSMRead"
              }
            ],
            "version": "2012-10-17"
          },
          "sensitive_attributes": [],
          "identity_schema_version": 0
        }
      ]
    },
    {
      "mode": "data",
      "type": "aws_region",
      "name": "current",
      "provider": "provider[\"registry.terraform.io/hashicorp/aws\"]",
      "instances": [
        {
          "schema_version": 0,
          "attributes": {
            "description": "Europe (Ireland)",
            "endpoint": "ec2.eu-west-1.amazonaws.com",
            "id": "eu-west-1",
            "name": "eu-west-1",
            "region": "eu-west-1"
          },
          "sensitive_attributes": [],
          "identity_schema_version": 0
        }
      ]
    },
    {
      "mode": "managed",
      "type": "aws_dynamodb_table",
      "name": "announcements",
      "provider": "provider[\"registry.terraform.io/hashicorp/aws\"]",
      "instances": [
        {
          "schema_version": 1,
          "attributes": {
            "arn": "arn:aws:dynamodb:eu-west-1:000000000000:table/cann-announcements",
            "attribute": [
              {
                "name": "URL",
                "type": "S"
              }
            ],
            "billing_mode": "PAY_PER_REQUEST",
            "deletion_protection_enabled": false,
            "global_secondary_index": [],
            "global_table_witness": [],
            "hash_key": "URL",
            "id": "cann-announcements",
            "import_table": [],
            "local_secondary_index": [],
            "name": "cann-announcements",
            "on_demand_throughput": [],
            "point_in_time_recovery": [
              {
                "enabled": false,
                "recovery_period_in_days": 0
              }
            ],
            "range_key": null,
            "read_capacity": 0,
            "region": "eu-west-1",
            "replica": [],
            "restore_date_time": null,
            "restore_source_name": null,
            "restore_source_table_arn": null,
            "restore_to_latest_time": null,
            "server_side_encryption": [],
            "stream_arn": "arn:aws:dynamodb:eu-west-1:000000000000:table/cann-announcements/stream/2026-01-26T20:34:50.970",
            "stream_enabled": true,
            "stream_label": "2026-01-26T20:34:50.970",
            "stream_view_type": "NEW_IMAGE",
            "table_class": "STANDARD",
            "tags": null,
            "tags_all": {
              "App": "cann",
              "CreatedBy": "terraform",
              "Environment": "production"
            },
            "timeouts": null,
            "ttl": [
              {
                "attribute_name": "TTL",
                "enabled": true
              }
            ],
            "warm_throughput": [],
            "write_capacity": 0
          },
          "sensitive_attributes": [],
          "identity_schema_version": 0,
          "private": "eyJlMmJmYjczMC1lY2FhLTExZTYtOGY4OC0zNDM2M2JjN2M0YzAiOnsiY3JlYXRlIjoxODAwMDAwMDAwMDAwLCJkZWxldGUiOjYwMDAwMDAwMDAwMCwidXBkYXRlIjozNjAwMDAwMDAwMDAwfSwic2NoZW1hX3ZlcnNpb24iOiIxIn0="
        }
      ]
    },
    {
      "mode": "managed",
      "type": "aws_iam_policy",
      "name": "check_announcement",
      "provider": "provider[\"registry.terraform.io/hashicorp/aws\"]",
      "instances": [
        {
          "schema_version": 0,
          "attributes": {
            "arn": "arn:aws:iam::000000000000:policy/cann-check-announcement",
            "attachment_count": 0,
            "delay_after_policy_creation_in_ms": null,
            "description": "",
            "id": "arn:aws:iam::000000000000:policy/cann-check-announcement",
            "name": "cann-check-announcement",
            "name_prefix": "",
            "path": "/",
            "policy": "{\"Statement\":[{\"Action\":[\"dynamodb:PutItem\",\"dynamodb:GetItem\"],\"Effect\":\"Allow\",\"Resource\":\"arn:aws:dynamodb:eu-west-1:000000000000:table/cann-announcements\",\"Sid\":\"DynamoDBReadWrite\"}],\"Version\":\"2012-10-17\"}",
            "policy_id": "AF5O6KMZVRKMVNXDCHDHR",
            "tags": null,
            "tags_all": {
              "App": "cann",
              "CreatedBy": "terraform",
              "Environment": "production"
            }
          },
          "sensitive_attributes": [],
          "identity_schema_version": 0,
          "identity": {
            "arn": "arn:aws:iam::000000000000:policy/cann-check-announcement"
          },
          "private": "bnVsbA==",
          "dependencies": [
            "aws_dynamodb_table.announcements",
            "data.aws_iam_policy_document.check_announcement_policy"
          ]
        }
      ]
    },
    {
      "mode": "managed",
      "type": "aws_iam_policy",
      "name": "send_notification",
      "provider": "provider[\"registry.terraform.io/hashicorp/aws\"]",
      "instances": [
        {
          "schema_version": 0,
          "attributes": {
            "arn": "arn:aws:iam::000000000000:policy/cann-send-notification",
            "attachment_count": 0,
            "delay_after_policy_creation_in_ms": null,
            "description": "",
            "id": "arn:aws:iam::000000000000:policy/cann-send-notification",
            "name": "cann-send-notification",
            "name_prefix": "",
            "path": "/",
            "policy": "{\"Statement\":[{\"Action\":\"sns:Publish\",\"Effect\":\"Allow\",\"Resource\":\"arn:aws:sns:eu-west-1:000000000000:cann-notifications\",\"Sid\":\"SNSPublish\"}],\"Version\":\"2012-10-17\"}",
            "policy_id": "AHPFW2M1CQWNJN8453EY5",
            "tags": null,
            "tags_all": {
              "App": "cann",
              "CreatedBy": "terraform",
              "Environment": "production"
            }
          },
          "sensitive_attributes": [],
          "identity_schema_version": 0,
          "identity": {
            "arn": "arn:aws:iam::000000000000:policy/cann-send-notification"
          },
          "private": "bnVsbA==",
          "dependencies": [
            "aws_sns_topic.notifications",
            "data.aws_iam_policy_document.send_notification_policy"
          ]
        }
      ]
    },
    {
      "mode": "managed",
      "type": "aws_iam_policy",
      "name": "send_telegram_notification",
      "provider": "provider[\"registry.terraform.io/hashicorp/aws\"]",
      "instances": [
        {
          "schema_version": 0,
          "attributes": {
            "arn": "arn:aws:iam::000000000000:policy/cann-send-telegram-notification",
            "attachment_count": 0,
            "delay_after_policy_creation_in_ms": null,
            "description": "",
            "id": "arn:aws:iam::000000000000:policy/cann-send-telegram-notification",
            "name": "cann-send-telegram-notification",
            "name_prefix": "",
            "path": "/",
            "policy": "{\"Statement\":[{\"Action\":[\"ssm:GetParametersByPath\",\"ssm:GetParameters\",\"ssm:GetParameter\"],\"Effect\":\"Allow\",\"Resource\":[\"arn:aws:ssm:eu-west-1:000000000000:parameter/telegram/auth_token\",\"arn:aws:ssm:eu-west-1:000000000000:parameter/announcements/telegram/*\"],\"Sid\":\"SSMRead\"}],\"Version\":\"2012-10-17\"}",
            "policy_id": "A3A5C9H03JPKYM310AYO0",
            "tags": null,
            "tags_all": {
              "App": "cann",
              "CreatedBy": "terraform",
              "Environment": "production"
            }
          },
          "sensitive_attributes": [],
          "identity_schema_version": 0,
          "identity": {
            "arn": "arn:aws:iam::000000000000:policy/cann-send-telegram-notification"
          },
          "private": "bnVsbA==",
          "dependencies": [
            "aws_ssm_parameter.telegram_auth_token",
            "data.aws_caller_identity.current",
            "data.aws_iam_policy_document.send_telegram_notification_policy",
            "data.aws_region.current"
          ]
        }
      ]
    },
    {
      "mode": "managed",
      "type": "aws_iam_role",
      "name": "check_announcement",
      "provider": "provider[\"registry.terraform.io/hashicorp/aws\"]",
      "instances": [
        {
          "schema_version": 0,
          "attributes": {
            "arn": "arn:aws:iam::000000000000:role/cann-check-announcement",
            "assume_role_policy": "{\"Statement\":[{\"Action\":\"sts:AssumeRole\",\"Effect\":\"Allow\",\"Principal\":{\"Service\":\"lambda.amazonaws.com\"}}],\"Version\":\"2012-10-17\"}",
            "create_date": "2026-01-26T20:34:50Z",
            "description": "",
            "force_detach_policies": false,
            "id": "cann-check-announcement",
            "inline_policy": [],
            "managed_policy_arns": [],
            "max_session_duration": 3600,
            "name": "cann-check-announcement",
            "name_prefix": "",
            "path": "/",
            "permissions_boundary": "",
            "tags": null,
            "tags_all": {
              "App": "cann",
              "CreatedBy": "terraform",
              "Environment": "production"
            },
            "unique_id": "AROAQAAAAAAAD7NIMQ3PD"
          },
          "sensitive_attributes": [],
          "identity_schema_version": 0,
          "identity": {
            "account_id": "000000000000",
            "name": "cann-check-announcement"
          },
          "private": "bnVsbA==",
          "dependencies": [
            "data.aws_iam_policy_document.lambda_assume_role"
          ]
        }
      ]
    },
    {
      "mode": "managed",
      "type": "aws_iam_role",
      "name": "send_notification",
      "provider": "provider[\"registry.terraform.io/hashicorp/aws\"]",
      "instances": [
        {
          "schema_version": 0,
          "attributes": {
            "arn": "arn:aws:iam::000000000000:role/cann-send-notification",
            "assume_role_policy": "{\"Statement\":[{\"Action\":\"sts:AssumeRole\",\"Effect\":\"Allow\",\"Principal\":{\"Service\":\"lambda.amazonaws.com\"}}],\"Version\":\"2012-10-17\"}",
            "create_date": "2026-01-26T20:34:50Z",
            "description": "",
            "force_detach_policies": false,
            "id": "cann-send-notification",
            "inline_policy": [],
            "managed_policy_arns": [],
            "max_session_duration": 3600,
            "name": "cann-send-notification",
            "name_prefix": "",
            "path": "/",
            "permissions_boundary": "",
            "tags": null,
            "tags_all": {
              "App": "cann",
              "CreatedBy": "terraform",
              "Environment": "production"
            },
            "unique_id": "AROAQAAAAAAAFV4XYSI2G"
          },
          "sensitive_attributes": [],
          "identity_schema_version": 0,
          "identity": {
            "account_id": "000000000000",
            "name": "cann-send-notification"
          },
          "private": "bnVsbA==",
          "dependencies": [
            "data.aws_iam_policy_document.lambda_assume_role"
          ]
        }
      ]
    },
    {
      "mode": "managed",
      "type": "aws_iam_role",
      "name": "send_telegram_notification",
      "provider": "provider[\"registry.terraform.io/hashicorp/aws\"]",
      "instances": [
        {
          "schema_version": 0,
          "attributes": {
            "arn": "arn:aws:iam::000000000000:role/cann-send-telegram-notification",
            "assume_role_policy": "{\"Statement\":[{\"Action\":\"sts:AssumeRole\",\"Effect\":\"Allow\",\"Principal\":{\"Service\":\"lambda.amazonaws.com\"}}],\"Version\":\"2012-10-17\"}",
            "create_date": "2026-01-26T20:34:50Z",
            "description": "",
            "force_detach_policies": false,
            "id": "cann-send-telegram-notification",
            "inline_policy": [],
            "managed_policy_arns": [],
            "max_session_duration": 3600,
            "name": "cann-send-telegram-notification",
            "name_prefix": "",
            "path": "/",
            "permissions_boundary": "",
            "tags": null,
            "tags_all": {
              "App": "cann",
              "CreatedBy": "terraform",
              "Environment": "production"
            },
            "unique_id": "AROAQAAAAAAAEJLTCBWJB"
          },
          "sensitive_attributes": [],
          "identity_schema_version": 0,
          "identity": {
            "account_id": "000000000000",
            "name": "cann-send-telegram-notification"
          },
          "private": "bnVsbA==",
          "dependencies": [
            "data.aws_iam_policy_document.lambda_assume_role"
          ]
        }
      ]
    },
    {
      "mode": "managed",
      "type": "aws_iam_role_policy_attachment",
      "name": "check_announcement_basic",
      "provider": "provider[\"registry.terraform.io/hashicorp/aws\"]",
      "instances": [
        {
          "schema_version": 0,
          "attributes": {
            "id": "cann-check-announcement/arn:aws:iam::aws:policy/service-role/AWSLambdaBasicExecutionRole",
            "policy_arn": "arn:aws:iam::aws:policy/service-role/AWSLambdaBasicExecutionRole",
            "role": "cann-check-announcement"
          },
          "sensitive_attributes": [],
          "identity_schema_version": 0,
          "identity": {
            "account_id": "000000000000",
            "policy_arn": "arn:aws:iam::aws:policy/service-role/AWSLambdaBasicExecutionRole",
            "role": "cann-check-announcement"
          },
          "private": "bnVsbA==",
          "dependencies": [
            "aws_iam_role.check_announcement",
            "data.aws_iam_policy_document.lambda_assume_role"
          ]
        }
      ]
    },
    {
      "mode": "managed",
      "type": "aws_iam_role_policy_attachment",
      "name": "check_announcement_policy",
      "provider": "provider[\"registry.terraform.io/hashicorp/aws\"]",
      "instances": [
        {
          "schema_version": 0,
          "attributes": {
            "id": "cann-check-announcement/arn:aws:iam::000000000000:policy/cann-check-announcement",
            "policy_arn": "arn:aws:iam::000000000000:policy/cann-check-announcement",
            "role": "cann-check-announcement"
          },
          "sensitive_attributes": [],
          "identity_schema_version": 0,
          "identity": {
            "account_id": "000000000000",
            "policy_arn": "arn:aws:iam::000000000000:policy/cann-check-announcement",
            "role": "cann-check-announcement"
          },
          "private": "bnVsbA==",
          "dependencies": [
            "aws_dynamodb_table.announcements",
            "aws_iam_policy.check_announcement",
            "aws_iam_role.check_announcement",
            "data.aws_iam_policy_document.check_announcement_policy",
            "data.aws_iam_policy_document.lambda_assume_role"
          ]
        }
      ]
    },
    {
      "mode": "managed",
      "type": "aws_iam_role_policy_attachment",
      "name": "send_notification_basic",
      "provider": "provider[\"registry.terraform.io/hashicorp/aws\"]",
      "instances": [
        {
          "schema_version": 0,
          "attributes": {
            "id": "cann-send-notification/arn:aws:iam::aws:policy/service-role/AWSLambdaBasicExecutionRole",
            "policy_arn": "arn:aws:iam::aws:policy/service-role/AWSLambdaBasicExecutionRole",
            "role": "cann-send-notification"
          },
          "sensitive_attributes": [],
          "identity_schema_version": 0,
          "identity": {
            "account_id": "000000000000",
            "policy_arn": "arn:aws:iam::aws:policy/service-role/AWSLambdaBasicExecutionRole",
            "role": "cann-send-notification"
          },
          "private": "bnVsbA==",
          "dependencies": [
            "aws_iam_role.send_notification",
            "data.aws_iam_policy_document.lambda_assume_role"
          ]
        }
      ]
    },
    {
      "mode": "managed",
      "type": "aws_iam_role_policy_attachment",
      "name": "send_notification_policy",
      "provider": "provider[\"registry.terraform.io/hashicorp/aws\"]",
      "instances": [
        {
          "schema_version": 0,
          "attributes": {
            "id": "cann-send-notification/arn:aws:iam::000000000000:policy/cann-send-notification",
            "policy_arn": "arn:aws:iam::000000000000:policy/cann-send-notification",
            "role": "cann-send-notification"
          },
          "sensitive_attributes": [],
          "identity_schema_version": 0,
          "identity": {
            "account_id": "000000000000",
            "policy_arn": "arn:aws:iam::000000000000:policy/cann-send-notification",
            "role": "cann-send-notification"
          },
          "private": "bnVsbA==",
          "dependencies": [
            "aws_iam_policy.send_notification",
            "aws_iam_role.send_notification",
            "aws_sns_topic.notifications",
            "data.aws_iam_policy_document.lambda_assume_role",
            "data.aws_iam_policy_document.send_notification_policy"
          ]
        }
      ]
    },
    {
      "mode": "managed",
      "type": "aws_iam_role_policy_attachment",
      "name": "send_telegram_notification_basic",
      "provider": "provider[\"registry.terraform.io/hashicorp/aws\"]",
      "instances": [
        {
          "schema_version": 0,
          "attributes": {
            "id": "cann-send-telegram-notification/arn:aws:iam::aws:policy/service-role/AWSLambdaBasicExecutionRole",
            "policy_arn": "arn:aws:iam::aws:policy/service-role/AWSLambdaBasicExecutionRole",
            "role": "cann-send-telegram-notification"
          },
          "sensitive_attributes": [],
          "identity_schema_version": 0,
          "identity": {
            "account_id": "000000000000",
            "policy_arn": "arn:aws:iam::aws:policy/service-role/AWSLambdaBasicExecutionRole",
            "role": "cann-send-telegram-notification"
          },
          "private": "bnVsbA==",
          "dependencies": [
            "aws_iam_role.send_telegram_notification",
            "data.aws_iam_policy_document.lambda_assume_role"
          ]
        }
      ]
    },
    {
      "mode": "managed",
      "type": "aws_iam_role_policy_attachment",
      "name": "send_telegram_notification_policy",
      "provider": "provider[\"registry.terraform.io/hashicorp/aws\"]",
      "instances": [
        {
          "schema_version": 0,
          "attributes": {
            "id": "cann-send-telegram-notification/arn:aws:iam::000000000000:policy/cann-send-telegram-notification",
            "policy_arn": "arn:aws:iam::000000000000:policy/cann-send-telegram-notification",
            "role": "cann-send-telegram-notification"
          },
          "sensitive_attributes": [],
          "identity_schema_version": 0,
          "identity": {
            "account_id": "000000000000",
            "policy_arn": "arn:aws:iam::000000000000:policy/cann-send-telegram-notification",
            "role": "cann-send-telegram-notification"
          },
          "private": "bnVsbA==",
          "dependencies": [
            "aws_iam_policy.send_telegram_notification",
            "aws_iam_role.send_telegram_notification",
            "aws_ssm_parameter.telegram_auth_token",
            "data.aws_caller_identity.current",
            "data.aws_iam_policy_document.lambda_assume_role",
            "data.aws_iam_policy_document.send_telegram_notification_policy",
            "data.aws_region.current"
          ]
        }
      ]
    },
    {
      "mode": "managed",
      "type": "aws_lambda_event_source_mapping",
      "name": "dynamodb_to_send_notification",
      "provider": "provider[\"registry.terraform.io/hashicorp/aws\"]",
      "instances": [
        {
          "schema_version": 0,
          "attributes": {
            "amazon_managed_kafka_event_source_config": [],
            "arn": "arn:aws:lambda:eu-west-1:000000000000:event-source-mapping:0ccb2064-ed6d-43a3-950b-2a51863b3f7d",
            "batch_size": 100,
            "bisect_batch_on_function_error": false,
            "destination_config": [
              {
                "on_failure": [
                  {
                    "destination_arn": null
                  }
                ]
              }
            ],
            "document_db_event_source_config": [],
            "enabled": true,
            "event_source_arn": "arn:aws:dynamodb:eu-west-1:000000000000:table/cann-announcements/stream/2026-01-26T20:34:50.970",
            "filter_criteria": [],
            "function_arn": "arn:aws:lambda:eu-west-1:000000000000:function:cann-send-notification",
            "function_name": "arn:aws:lambda:eu-west-1:000000000000:function:cann-send-notification",
            "function_response_types": null,
            "id": "0ccb2064-ed6d-43a3-950b-2a51863b3f7d",
            "kms_key_arn": "",
            "last_modified": "2026-01-26T20:35:02Z",
            "last_processing_result": "No records processed",
            "maximum_batching_window_in_seconds": 0,
            "maximum_record_age_in_seconds": -1,
            "maximum_retry_attempts": -1,
            "metrics_config": [],
            "parallelization_factor": 1,
            "provisioned_poller_config": [],
            "queues": null,
            "region": "eu-west-1",
            "scaling_config": [],
            "self_managed_event_source": [],
            "self_managed_kafka_event_source_config": [],
            "source_access_configuration": [],
            "starting_position": "LATEST",
            "starting_position_timestamp": "",
            "state": "Enabled",
            "state_transition_reason": "User action",
            "tags": null,
            "tags_all": {
              "App": "cann",
              "CreatedBy": "terraform",
              "Environment": "production"
            },
            "topics": null,
            "tumbling_window_in_seconds": 0,
            "uuid": "0ccb2064-ed6d-43a3-950b-2a51863b3f7d"
          },
          "sensitive_attributes": [],
          "identity_schema_version": 0,
          "private": "bnVsbA==",
          "dependencies": [
            "aws_dynamodb_table.announcements",
            "aws_iam_role.send_notification",
            "aws_lambda_function.send_notification",
            "aws_sns_topic.notifications",
            "data.archive_file.send_notification_zip",
            "data.aws_iam_policy_document.lambda_assume_role"
          ]
        }
      ]
    },
    {
      "mode": "managed",
      "type": "aws_lambda_function",
      "name": "check_announcement",
      "provider": "provider[\"registry.terraform.io/hashicorp/aws\"]",
      "instances": [
        {
          "schema_version": 0,
          "attributes": {
            "architectures": [
              "x86_64"
            ],
            "arn": "arn:aws:lambda:eu-west-1:000000000000:function:cann-check-announcement",
            "capacity_provider_config": [],
            "code_sha256": "Yz/c6BDreIyYNNTW3Vg0Qgm5PUoeCYHY1h8QPTCQ7hc=",
            "code_signing_config_arn": "",
            "dead_letter_config": [],
            "description": "Checks if a new announcement has been published and stores it in DynamoDB",
            "durable_config": [],
            "environment": [
              {
                "variables": {
                  "BASE_URL": "http://www.gobcan.es/educacion/Nombramientos/Documentos",
                  "DATE_FORMAT": "02-01-06",
                  "DYNAMODB_TABLE": "cann-announcements"
                }
              }
            ],
            "ephemeral_storage": [
              {
                "size": 512
              }
            ],
            "file_system_config": [],
            "filename": "./artifacts/check_announcement.zip",
            "function_name": "cann-check-announcement",
            "handler": "bootstrap",
            "id": "cann-check-announcement",
            "image_config": [],
            "image_uri": "",
            "invoke_arn": "arn:aws:apigateway:eu-west-1:lambda:path/2015-03-31/functions/arn:aws:lambda:eu-west-1:000000000000:function:cann-check-announcement/invocations",
            "kms_key_arn": "",
            "last_modified": "2026-01-26T20:35:02.275392+0000",
            "layers": null,
            "logging_config": [
              {
                "application_log_level": "",
                "log_format": "Text",
                "log_group": "/aws/lambda/cann-check-announcement",
                "system_log_level": ""
              }
            ],
            "memory_size": 128,
            "package_type": "Zip",
            "publish": false,
            "publish_to": null,
            "qualified_arn": "arn:aws:lambda:eu-west-1:000000000000:function:cann-check-announcement:$LATEST",
            "qualified_invoke_arn": "arn:aws:apigateway:eu-west-1:lambda:path/2015-03-31/functions/arn:aws:lambda:eu-west-1:000000000000:function:cann-check-announcement:$LATEST/invocations",
            "region": "eu-west-1",
            "replace_security_groups_on_destroy": null,
            "replacement_security_group_ids": null,
            "reserved_concurrent_executions": -1,
            "response_streaming_invoke_arn": "arn:aws:apigateway:eu-west-1:lambda:path/2021-11-15/functions/arn:aws:lambda:eu-west-1:000000000000:function:cann-check-announcement/response-streaming-invocations",
            "role": "arn:aws:iam::000000000000:role/cann-check-announcement",
            "runtime": "provided.al2",
            "s3_bucket": null,
            "s3_key": null,
            "s3_object_version": null,
            "signing_job_arn": "",
            "signing_profile_version_arn": "",
            "skip_destroy": false,
            "snap_start": [],
            "source_code_hash": "Yz/c6BDreIyYNNTW3Vg0Qgm5PUoeCYHY1h8QPTCQ7hc=",
            "source_code_size": 149,
            "source_kms_key_arn": "",
            "tags": null,
            "tags_all": {
              "App": "cann",
              "CreatedBy": "terraform",
              "Environment": "production"
            },
            "tenancy_config": [],
            "timeout": 10,
            "timeouts": null,
            "tracing_config": [
              {
                "mode": "PassThrough"
              }
            ],
            "version": "$LATEST",
            "vpc_config": []
          },
          "sensitive_attributes": [],
          "identity_schema_version": 0,
          "identity": {
            "account_id": "000000000000",
            "function_name": "cann-check-announcement",
            "region": "eu-west-1"
          },
          "private": "eyJlMmJmYjczMC1lY2FhLTExZTYtOGY4OC0zNDM2M2JjN2M0YzAiOnsiY3JlYXRlIjo2MDAwMDAwMDAwMDAsImRlbGV0ZSI6NjAwMDAwMDAwMDAwLCJ1cGRhdGUiOjYwMDAwMDAwMDAwMH19",
          "dependencies": [
            "aws_dynamodb_table.announcements",
            "aws_iam_role.check_announcement",
            "data.archive_file.check_announcement_zip",
            "data.aws_iam_policy_document.lambda_assume_role"
          ]
        }
      ]
    },
    {
      "mode": "managed",
      "type": "aws_lambda_function",
      "name": "send_notification",
      "provider": "provider[\"registry.terraform.io/hashicorp/aws\"]",
      "instances": [
        {
          "schema_version": 0,
          "attributes": {
            "architectures": [
              "x86_64"
            ],
            "arn": "arn:aws:lambda:eu-west-1:000000000000:function:cann-send-notification",
            "capacity_provider_config": [],
            "code_sha256": "Yz/c6BDreIyYNNTW3Vg0Qgm5PUoeCYHY1h8QPTCQ7hc=",
            "code_signing_config_arn": "",
            "dead_letter_config": [],
            "description": "Triggered by DynamoDB stream and publishes to SNS",
            "durable_config": [],
            "environment": [
              {
                "variables": {
                  "TOPIC_ARN": "arn:aws:sns:eu-west-1:000000000000:cann-notifications"
                }
              }
            ],
            "ephemeral_storage": [
              {
                "size": 512
              }
            ],
            "file_system_config": [],
            "filename": "./artifacts/send_notification.zip",
            "function_name": "cann-send-notification",
            "handler": "bootstrap",
            "id": "cann-send-notification",
            "image_config": [],
            "image_uri": "",
            "invoke_arn": "arn:aws:apigateway:eu-west-1:lambda:path/2015-03-31/functions/arn:aws:lambda:eu-west-1:000000000000:function:cann-send-notification/invocations",
            "kms_key_arn": "",
            "last_modified": "2026-01-26T20:34:57.196407+0000",
            "layers": null,
            "logging_config": [
              {
                "application_log_level": "",
                "log_format": "Text",
                "log_group": "/aws/lambda/cann-send-notification",
                "system_log_level": ""
              }
            ],
            "memory_size": 128,
            "package_type": "Zip",
            "publish": false,
            "publish_to": null,
            "qualified_arn": "arn:aws:lambda:eu-west-1:000000000000:function:cann-send-notification:$LATEST",
            "qualified_invoke_arn": "arn:aws:apigateway:eu-west-1:lambda:path/2015-03-31/functions/arn:aws:lambda:eu-west-1:000000000000:function:cann-send-notification:$LATEST/invocations",
            "region": "eu-west-1",
            "replace_security_groups_on_destroy": null,
            "replacement_security_group_ids": null,
            "reserved_concurrent_executions": -1,
            "response_streaming_invoke_arn": "arn:aws:apigateway:eu-west-1:lambda:path/2021-11-15/functions/arn:aws:lambda:eu-west-1:000000000000:function:cann-send-notification/response-streaming-invocations",
            "role": "arn:aws:iam::000000000000:role/cann-send-notification",
            "runtime": "provided.al2",
            "s3_bucket": null,
            "s3_key": null,
            "s3_object_version": null,
            "signing_job_arn": "",
            "signing_profile_version_arn": "",
            "skip_destroy": false,
            "snap_start": [],
            "source_code_hash": "Yz/c6BDreIyYNNTW3Vg0Qgm5PUoeCYHY1h8QPTCQ7hc=",
            "source_code_size": 149,
            "source_kms_key_arn": "",
            "tags": null,
            "tags_all": {
              "App": "cann",
              "CreatedBy": "terraform",
              "Environment": "production"
            },
            "tenancy_config": [],
            "timeout": 10,
            "timeouts": null,
            "tracing_config": [
              {
                "mode": "PassThrough"
              }
            ],
            "version": "$LATEST",
            "vpc_config": []
          },
          "sensitive_attributes": [],
          "identity_schema_version": 0,
          "identity": {
            "account_id": "000000000000",
            "function_name": "cann-send-notification",
            "region": "eu-west-1"
          },
          "private": "eyJlMmJmYjczMC1lY2FhLTExZTYtOGY4OC0zNDM2M2JjN2M0YzAiOnsiY3JlYXRlIjo2MDAwMDAwMDAwMDAsImRlbGV0ZSI6NjAwMDAwMDAwMDAwLCJ1cGRhdGUiOjYwMDAwMDAwMDAwMH19",
          "dependencies": [
            "aws_iam_role.send_notification",
            "aws_sns_topic.notifications",
            "data.archive_file.send_notification_zip",
            "data.aws_iam_policy_document.lambda_assume_role"
          ]
        }
      ]
    },
    {
      "mode": "managed",
      "type": "aws_lambda_function",
      "name": "send_telegram_notification",
      "provider": "provider[\"registry.terraform.io/hashicorp/aws\"]",
      "instances": [
        {
          "schema_version": 0,
          "attributes": {
            "architectures": [
              "x86_64"
            ],
            "arn": "arn:aws:lambda:eu-west-1:000000000000:function:cann-send-telegram-notification",
            "capacity_provider_config": [],
            "code_sha256": "Yz/c6BDreIyYNNTW3Vg0Qgm5PUoeCYHY1h8QPTCQ7hc=",
            "code_signing_config_arn": "",
            "dead_letter_config": [],
            "description": "Triggered by SNS and sends the announcement to Telegram",
            "durable_config": [],
            "environment": [
              {
                "variables": {
                  "SSM_TELEGRAM_AUTH_TOKEN": "/telegram/auth_token",
                  "SSM_TELEGRAM_CHANNEL_NAME": "/announcements/telegram/%s/channel_name",
                  "SSM_TELEGRAM_CHAT_ID": "/announcements/telegram/%s/chat_id"
                }
              }
            ],
            "ephemeral_storage": [
              {
                "size": 512
              }
            ],
            "file_system_config": [],
            "filename": "./artifacts/send_telegram_notification.zip",
            "function_name": "cann-send-telegram-notification",
            "handler": "bootstrap",
            "id": "cann-send-telegram-notification",
            "image_config": [],
            "image_uri": "",
            "invoke_arn": "arn:aws:apigateway:eu-west-1:lambda:path/2015-03-31/functions/arn:aws:lambda:eu-west-1:000000000000:function:cann-send-telegram-notification/invocations",
            "kms_key_arn": "",
            "last_modified": "2026-01-26T20:34:51.967631+0000",
            "layers": null,
            "logging_config": [
              {
                "application_log_level": "",
                "log_format": "Text",
                "log_group": "/aws/lambda/cann-send-telegram-notification",
                "system_log_level": ""
              }
            ],
            "memory_size": 256,
            "package_type": "Zip",
            "publish": false,
            "publish_to": null,
            "qualified_arn": "arn:aws:lambda:eu-west-1:000000000000:function:cann-send-telegram-notification:$LATEST",
            "qualified_invoke_arn": "arn:aws:apigateway:eu-west-1:lambda:path/2015-03-31/functions/arn:aws:lambda:eu-west-1:000000000000:function:cann-send-telegram-notification:$LATEST/invocations",
            "region": "eu-west-1",
            "replace_security_groups_on_destroy": null,
            "replacement_security_group_ids": null,
            "reserved_concurrent_executions": -1,
            "response_streaming_invoke_arn": "arn:aws:apigateway:eu-west-1:lambda:path/2021-11-15/functions/arn:aws:lambda:eu-west-1:000000000000:function:cann-send-telegram-notification/response-streaming-invocations",
            "role": "arn:aws:iam::000000000000:role/cann-send-telegram-notification",
            "runtime": "provided.al2",
            "s3_bucket": null,
            "s3_key": null,
            "s3_object_version": null,
            "signing_job_arn": "",
            "signing_profile_version_arn": "",
            "skip_destroy": false,
            "snap_start": [],
            "source_code_hash": "Yz/c6BDreIyYNNTW3Vg0Qgm5PUoeCYHY1h8QPTCQ7hc=",
            "source_code_size": 149,
            "source_kms_key_arn": "",
            "tags": null,
            "tags_all": {
              "App": "cann",
              "CreatedBy": "terraform",
              "Environment": "production"
            },
            "tenancy_config": [],
            "timeout": 30,
            "timeouts": null,
            "tracing_config": [
              {
                "mode": "PassThrough"
              }
            ],
            "version": "$LATEST",
            "vpc_config": []
          },
          "sensitive_attributes": [],
          "identity_schema_version": 0,
          "identity": {
            "account_id": "000000000000",
            "function_name": "cann-send-telegram-notification",
            "region": "eu-west-1"
          },
          "private": "eyJlMmJmYjczMC1lY2FhLTExZTYtOGY4OC0zNDM2M2JjN2M0YzAiOnsiY3JlYXRlIjo2MDAwMDAwMDAwMDAsImRlbGV0ZSI6NjAwMDAwMDAwMDAwLCJ1cGRhdGUiOjYwMDAwMDAwMDAwMH19",
          "dependencies": [
            "aws_iam_role.send_telegram_notification",
            "aws_ssm_parameter.telegram_auth_token",
            "data.archive_file.send_telegram_notification_zip",
            "data.aws_iam_policy_document.lambda_assume_role"
          ]
        }
      ]
    },
    {
      "mode": "managed",
      "type": "aws_lambda_permission",
      "name": "allow_sns",
      "provider": "provider[\"registry.terraform.io/hashicorp/aws\"]",
      "instances": [
        {
          "schema_version": 0,
          "attributes": {
            "action": "lambda:InvokeFunction",
            "event_source_token": null,
            "function_name": "cann-send-telegram-notification",
            "function_url_auth_type": null,
            "id": "AllowExecutionFromSNS",
            "invoked_via_function_url": null,
            "principal": "sns.amazonaws.com",
            "principal_org_id": null,
            "qualifier": "",
            "region": "eu-west-1",
            "source_account": null,
            "source_arn": "arn:aws:sns:eu-west-1:000000000000:cann-notifications",
            "statement_id": "AllowExecutionFromSNS",
            "statement_id_prefix": ""
          },
          "sensitive_attributes": [],
          "identity_schema_version": 0,
          "identity": {
            "account_id": "000000000000",
            "function_name": "cann-send-telegram-notification",
            "qualifier": null,
            "region": "eu-west-1",
            "statement_id": "AllowExecutionFromSNS"
          },
          "private": "bnVsbA==",
          "dependencies": [
            "aws_iam_role.send_telegram_notification",
            "aws_lambda_function.send_telegram_notification",
            "aws_sns_topic.notifications",
            "aws_ssm_parameter.telegram_auth_token",
            "data.archive_file.send_telegram_notification_zip",
            "data.aws_iam_policy_document.lambda_assume_role"
          ]
        }
      ]
    },
    {
      "mode": "managed",
      "type": "aws_sns_topic",
      "name": "notifications",
      "provider": "provider[\"registry.terraform.io/hashicorp/aws\"]",
      "instances": [
        {
          "schema_version": 0,
          "attributes": {
            "application_failure_feedback_role_arn": "",
            "application_success_feedback_role_arn": "",
            "application_success_feedback_sample_rate": 0,
            "archive_policy": "",
            "arn": "arn:aws:sns:eu-west-1:000000000000:cann-notifications",
            "beginning_archive_time": "",
            "content_based_deduplication": false,
            "delivery_policy": "",
            "display_name": "",
            "fifo_throughput_scope": "",
            "fifo_topic": false,
            "firehose_failure_feedback_role_arn": "",
            "firehose_success_feedback_role_arn": "",
            "firehose_success_feedback_sample_rate": 0,
            "http_failure_feedback_role_arn": "",
            "http_success_feedback_role_arn": "",
            "http_success_feedback_sample_rate": 0,
            "id": "arn:aws:sns:eu-west-1:000000000000:cann-notifications",
            "kms_master_key_id": "",
            "lambda_failure_feedback_role_arn": "",
            "lambda_success_feedback_role_arn": "",
            "lambda_success_feedback_sample_rate": 0,
            "name": "cann-notifications",
            "name_prefix": "",
            "owner": "000000000000",
            "policy": "{\"Id\":\"__default_policy_ID\",\"Statement\":[{\"Action\":[\"SNS:GetTopicAttributes\",\"SNS:SetTopicAttributes\",\"SNS:AddPermission\",\"SNS:RemovePermission\",\"SNS:DeleteTopic\",\"SNS:Subscribe\",\"SNS:ListSubscriptionsByTopic\",\"SNS:Publish\"],\"Condition\":{\"StringEquals\":{\"AWS:SourceOwner\":\"000000000000\"}},\"Effect\":\"Allow\",\"Principal\":{\"AWS\":\"*\"},\"Resource\":\"arn:aws:sns:eu-west-1:000000000000:cann-notifications\",\"Sid\":\"__default_statement_ID\"}],\"Version\":\"2008-10-17\"}",
            "region": "eu-west-1",
            "signature_version": 0,
            "sqs_failure_feedback_role_arn": "",
            "sqs_success_feedback_role_arn": "",
            "sqs_success_feedback_sample_rate": 0,
            "tags": null,
            "tags_all": {
              "App": "cann",
              "CreatedBy": "terraform",
              "Environment": "production"
            },
            "tracing_config": ""
          },
          "sensitive_attributes": [],
          "identity_schema_version": 0,
          "identity": {
            "arn": "arn:aws:sns:eu-west-1:000000000000:cann-notifications"
          },
          "private": "bnVsbA=="
        }
      ]
    },
    {
      "mode": "managed",
      "type": "aws_sns_topic_subscription",
      "name": "telegram_lambda",
      "provider": "provider[\"registry.terraform.io/hashicorp/aws\"]",
      "instances": [
        {
          "schema_version": 0,
          "attributes": {
            "arn": "arn:aws:sns:eu-west-1:000000000000:cann-notifications:6187b73a-0e87-4681-bcd0-37fe64098748",
            "confirmation_timeout_in_minutes": 1,
            "confirmation_was_authenticated": true,
            "delivery_policy": "",
            "endpoint": "arn:aws:lambda:eu-west-1:000000000000:function:cann-send-telegram-notification",
            "endpoint_auto_confirms": false,
            "filter_policy": "",
            "filter_policy_scope": "",
            "id": "arn:aws:sns:eu-west-1:000000000000:cann-notifications:6187b73a-0e87-4681-bcd0-37fe64098748",
            "owner_id": "000000000000",
            "pending_confirmation": false,
            "protocol": "lambda",
            "raw_message_delivery": false,
            "redrive_policy": "",
            "region": "eu-west-1",
            "replay_policy": "",
            "subscription_role_arn": "",
            "topic_arn": "arn:aws:sns:eu-west-1:000000000000:cann-notifications"
          },
          "sensitive_attributes": [],
          "identity_schema_version": 0,
          "identity": {
            "arn": "arn:aws:sns:eu-west-1:000000000000:cann-notifications:6187b73a-0e87-4681-bcd0-37fe64098748"
          },
          "private": "bnVsbA==",
          "dependencies": [
            "aws_iam_role.send_telegram_notification",
            "aws_lambda_function.send_telegram_notification",
            "aws_sns_topic.notifications",
            "aws_ssm_parameter.telegram_auth_token",
            "data.archive_file.send_telegram_notification_zip",
            "data.aws_iam_policy_document.lambda_assume_role"
          ]
        }
      ]
    },
    {
      "mode": "managed",
      "type": "aws_ssm_parameter",
      "name": "telegram_auth_token",
      "provider": "provider[\"registry.terraform.io/hashicorp/aws\"]",
      "instances": [
        {
          "schema_version": 0,
          "attributes": {
            "allowed_pattern": "",
            "arn": "arn:aws:ssm:eu-west-1:000000000000:parameter/telegram/auth_token",
            "data_type": "text",
            "description": "Telegram bot auth token",
            "has_value_wo": false,
            "id": "/telegram/auth_token",
            "insecure_value": null,
            "key_id": "alias/aws/ssm",
            "name": "/telegram/auth_token",
            "overwrite": null,
            "region": "eu-west-1",
            "tags": null,
            "tags_all": {
              "App": "cann",
              "CreatedBy": "terraform",
              "Environment": "production"
            },
            "tier": "",
            "type": "SecureString",
            "value": "ai-basis-tf",
            "value_wo": null,
            "value_wo_version": null,
            "version": 1
          },
          "sensitive_attributes": [
            [
              {
                "type": "get_attr",
                "value": "value"
              }
            ],
            [
              {
                "type": "get_attr",
                "value": "value_wo"
              }
            ]
          ],
          "identity_schema_version": 0,
          "identity": {
            "account_id": "000000000000",
            "name": "/telegram/auth_token",
            "region": "eu-west-1"
          },
          "private": "bnVsbA=="
        }
      ]
    },
    {
      "mode": "managed",
      "type": "aws_ssm_parameter",
      "name": "telegram_channel_name",
      "provider": "provider[\"registry.terraform.io/hashicorp/aws\"]",
      "instances": []
    },
    {
      "mode": "managed",
      "type": "aws_ssm_parameter",
      "name": "telegram_chat_id",
      "provider": "provider[\"registry.terraform.io/hashicorp/aws\"]",
      "instances": []
    }
  ],
  "check_results": null
}
