{
  "version": 4,
  "terraform_version": "1.13.5",
  "serial": 5,
  "lineage": "884c48a9-9f19-55ef-f2b9-d43c9e485f0a",
  "outputs": {
    "cloudwatch_log_group": {
      "value": "/ecs/mongodb-aws-ecs",
      "type": "string"
    },
    "ecs_cluster_name": {
      "value": "mongodb-aws-ecs",
      "type": "string"
    },
    "ecs_service_name": {
      "value": "mongodb-aws-ecs",
      "type": "string"
    }
  },
  "resources": [
    {
      "mode": "data",
      "type": "aws_caller_identity",
      "name": "current",
      "provider": "provider[\"registry.terraform.io/hashicorp/aws\"]",
      "instances": [
        {
          "schema_version": 0,
          "attributes": {
            "account_id": "000000000000",
            "arn": "arn:aws:iam::000000000000:root",
            "id": "000000000000",
            "user_id": "AKIAIOSFODNN7EXAMPLE"
          },
          "sensitive_attributes": [],
          "identity_schema_version": 0
        }
      ]
    },
    {
      "mode": "data",
      "type": "aws_region",
      "name": "current",
      "provider": "provider[\"registry.terraform.io/hashicorp/aws\"]",
      "instances": [
        {
          "schema_version": 0,
          "attributes": {
            "description": "Europe (London)",
            "endpoint": "ec2.eu-west-2.amazonaws.com",
            "id": "eu-west-2",
            "name": "eu-west-2",
            "region": "eu-west-2"
          },
          "sensitive_attributes": [],
          "identity_schema_version": 0
        }
      ]
    },
    {
      "mode": "managed",
      "type": "aws_cloudwatch_log_group",
      "name": "app",
      "provider": "provider[\"registry.terraform.io/hashicorp/aws\"]",
      "instances": [
        {
          "schema_version": 0,
          "attributes": {
            "arn": "arn:aws:logs:eu-west-2:000000000000:log-group:/ecs/mongodb-aws-ecs",
            "deletion_protection_enabled": false,
            "id": "/ecs/mongodb-aws-ecs",
            "kms_key_id": "",
            "log_group_class": "",
            "name": "/ecs/mongodb-aws-ecs",
            "name_prefix": "",
            "region": "eu-west-2",
            "retention_in_days": 7,
            "skip_destroy": false,
            "tags": {
              "Application": "mongodb-aws-ecs"
            },
            "tags_all": {
              "Application": "mongodb-aws-ecs"
            }
          },
          "sensitive_attributes": [],
          "identity_schema_version": 0,
          "identity": {
            "account_id": "000000000000",
            "name": "/ecs/mongodb-aws-ecs",
            "region": "eu-west-2"
          },
          "private": "bnVsbA=="
        }
      ]
    },
    {
      "mode": "managed",
      "type": "aws_ecs_cluster",
      "name": "this",
      "provider": "provider[\"registry.terraform.io/hashicorp/aws\"]",
      "instances": [
        {
          "schema_version": 0,
          "attributes": {
            "arn": "arn:aws:ecs:eu-west-2:000000000000:cluster/mongodb-aws-ecs",
            "configuration": [],
            "id": "arn:aws:ecs:eu-west-2:000000000000:cluster/mongodb-aws-ecs",
            "name": "mongodb-aws-ecs",
            "region": "eu-west-2",
            "service_connect_defaults": [],
            "setting": [
              {
                "name": "containerInsights",
                "value": "disabled"
              }
            ],
            "tags": {
              "Application": "mongodb-aws-ecs"
            },
            "tags_all": {
              "Application": "mongodb-aws-ecs"
            }
          },
          "sensitive_attributes": [],
          "identity_schema_version": 0,
          "private": "bnVsbA=="
        }
      ]
    },
    {
      "mode": "managed",
      "type": "aws_ecs_task_definition",
      "name": "this",
      "provider": "provider[\"registry.terraform.io/hashicorp/aws\"]",
      "instances": [
        {
          "schema_version": 1,
          "attributes": {
            "arn": "arn:aws:ecs:eu-west-2:000000000000:task-definition/mongodb-aws-ecs:1",
            "arn_without_revision": "arn:aws:ecs:eu-west-2:000000000000:task-definition/mongodb-aws-ecs",
            "container_definitions": "[{\"environment\":[{\"name\":\"MONGODB_URI\",\"value\":\"ai-basis-tf\"}],\"essential\":true,\"image\":\"ai-basis-tf\",\"logConfiguration\":{\"logDriver\":\"awslogs\",\"options\":{\"awslogs-group\":\"/ecs/mongodb-aws-ecs\",\"awslogs-region\":\"eu-west-2\",\"awslogs-stream-prefix\":\"ecs\"}},\"mountPoints\":[],\"name\":\"mongodb-aws-ecs\",\"portMappings\":[],\"volumesFrom\":[]}]",
            "cpu": "256",
            "enable_fault_injection": false,
            "ephemeral_storage": [],
            "execution_role_arn": "arn:aws:iam:us-east-1:000000000000:ai-basis-tf",
            "family": "mongodb-aws-ecs",
            "id": "mongodb-aws-ecs",
            "ipc_mode": "",
            "memory": "512",
            "network_mode": "awsvpc",
            "pid_mode": "",
            "placement_constraints": [],
            "proxy_configuration": [],
            "region": "eu-west-2",
            "requires_compatibilities": [
              "FARGATE"
            ],
            "revision": 1,
            "runtime_platform": [],
            "skip_destroy": false,
            "tags": {
              "Application": "mongodb-aws-ecs"
            },
            "tags_all": {
              "Application": "mongodb-aws-ecs"
            },
            "task_role_arn": "",
            "track_latest": false,
            "volume": []
          },
          "sensitive_attributes": [
            [
              {
                "type": "get_attr",
                "value": "container_definitions"
              }
            ]
          ],
          "identity_schema_version": 0,
          "private": "eyJzY2hlbWFfdmVyc2lvbiI6IjEifQ==",
          "dependencies": [
            "aws_cloudwatch_log_group.app"
          ]
        }
      ]
    }
  ],
  "check_results": null
}
