
Terraform used the selected providers to generate the following execution
plan. Resource actions are indicated with the following symbols:
  + create
 <= read (data resources)

Terraform will perform the following actions:

  # data.aws_iam_policy_document.github_assume_role will be read during apply
  # (config refers to values not yet known)
 <= data "aws_iam_policy_document" "github_assume_role" {
      + id            = (known after apply)
      + json          = (known after apply)
      + minified_json = (known after apply)

      + statement {
          + actions = [
              + "sts:AssumeRoleWithWebIdentity",
            ]
          + effect  = "Allow"

          + condition {
              + test     = "StringEquals"
              + values   = [
                  + "sts.amazonaws.com",
                ]
              + variable = "token.actions.githubusercontent.com:aud"
            }
          + condition {
              + test     = "StringLike"
              + values   = [
                  + "repo:ai-tf/ai-tf:ref:refs/heads/main",
                ]
              + variable = "token.actions.githubusercontent.com:sub"
            }

          + principals {
              + identifiers = [
                  + (known after apply),
                ]
              + type        = "Federated"
            }
        }
    }

  # data.aws_iam_policy_document.github_deploy will be read during apply
  # (config refers to values not yet known)
 <= data "aws_iam_policy_document" "github_deploy" {
      + id            = (known after apply)
      + json          = (known after apply)
      + minified_json = (known after apply)

      + statement {
          + actions   = [
              + "s3:GetBucketLocation",
              + "s3:ListBucket",
            ]
          + effect    = "Allow"
          + resources = [
              + (known after apply),
            ]
          + sid       = "S3List"
        }
      + statement {
          + actions   = [
              + "s3:AbortMultipartUpload",
              + "s3:DeleteObject",
              + "s3:GetObject",
              + "s3:ListBucketMultipartUploads",
              + "s3:ListMultipartUploadParts",
              + "s3:PutObject",
            ]
          + effect    = "Allow"
          + resources = [
              + (known after apply),
            ]
          + sid       = "S3ObjectRW"
        }
      + statement {
          + actions   = [
              + "cloudfront:CreateInvalidation",
            ]
          + effect    = "Allow"
          + resources = [
              + (known after apply),
            ]
          + sid       = "CloudFrontInvalidation"
        }
    }

  # data.aws_iam_policy_document.site_bucket_policy will be read during apply
  # (config refers to values not yet known)
 <= data "aws_iam_policy_document" "site_bucket_policy" {
      + id            = (known after apply)
      + json          = (known after apply)
      + minified_json = (known after apply)

      + statement {
          + actions   = [
              + "s3:GetObject",
            ]
          + effect    = "Allow"
          + resources = [
              + (known after apply),
            ]
          + sid       = "AllowCloudFrontServicePrincipalReadOnly"

          + condition {
              + test     = "StringEquals"
              + values   = [
                  + (known after apply),
                ]
              + variable = "AWS:SourceArn"
            }

          + principals {
              + identifiers = [
                  + "cloudfront.amazonaws.com",
                ]
              + type        = "Service"
            }
        }
    }

  # aws_cloudfront_cache_policy.caching_optimized will be created
  + resource "aws_cloudfront_cache_policy" "caching_optimized" {
      + arn         = (known after apply)
      + comment     = "Caching optimized for static site"
      + default_ttl = 86400
      + etag        = (known after apply)
      + id          = (known after apply)
      + max_ttl     = 31536000
      + min_ttl     = 0
      + name        = "ai-tf-prod-caching-optimized"

      + parameters_in_cache_key_and_forwarded_to_origin {
          + enable_accept_encoding_brotli = true
          + enable_accept_encoding_gzip   = true

          + cookies_config {
              + cookie_behavior = "none"
            }

          + headers_config {
              + header_behavior = "none"
            }

          + query_strings_config {
              + query_string_behavior = "none"
            }
        }
    }

  # aws_cloudfront_distribution.this will be created
  + resource "aws_cloudfront_distribution" "this" {
      + arn                             = (known after apply)
      + caller_reference                = (known after apply)
      + comment                         = "ai-tf-prod static site"
      + continuous_deployment_policy_id = (known after apply)
      + default_root_object             = "index.html"
      + domain_name                     = (known after apply)
      + enabled                         = true
      + etag                            = (known after apply)
      + hosted_zone_id                  = (known after apply)
      + http_version                    = "http2and3"
      + id                              = (known after apply)
      + in_progress_validation_batches  = (known after apply)
      + is_ipv6_enabled                 = true
      + last_modified_time              = (known after apply)
      + logging_v1_enabled              = (known after apply)
      + price_class                     = "PriceClass_100"
      + retain_on_delete                = false
      + staging                         = false
      + status                          = (known after apply)
      + tags_all                        = {
          + "Environment" = "prod"
          + "ManagedBy"   = "terraform"
          + "Project"     = "ai-tf"
        }
      + trusted_key_groups              = (known after apply)
      + trusted_signers                 = (known after apply)
      + wait_for_deployment             = true

      + custom_error_response {
          + error_caching_min_ttl = 0
          + error_code            = 403
          + response_code         = 200
          + response_page_path    = "/index.html"
        }
      + custom_error_response {
          + error_caching_min_ttl = 0
          + error_code            = 404
          + response_code         = 200
          + response_page_path    = "/index.html"
        }

      + default_cache_behavior {
          + allowed_methods            = [
              + "GET",
              + "HEAD",
              + "OPTIONS",
            ]
          + cache_policy_id            = (known after apply)
          + cached_methods             = [
              + "GET",
              + "HEAD",
              + "OPTIONS",
            ]
          + compress                   = true
          + default_ttl                = (known after apply)
          + max_ttl                    = (known after apply)
          + min_ttl                    = 0
          + origin_request_policy_id   = (known after apply)
          + response_headers_policy_id = (known after apply)
          + target_origin_id           = (known after apply)
          + trusted_key_groups         = (known after apply)
          + trusted_signers            = (known after apply)
          + viewer_protocol_policy     = "redirect-to-https"

          + grpc_config (known after apply)
        }

      + origin {
          + connection_attempts         = 3
          + connection_timeout          = 10
          + domain_name                 = (known after apply)
          + origin_access_control_id    = (known after apply)
          + origin_id                   = (known after apply)
          + response_completion_timeout = (known after apply)
            # (1 unchanged attribute hidden)
        }

      + restrictions {
          + geo_restriction {
              + locations        = (known after apply)
              + restriction_type = "none"
            }
        }

      + viewer_certificate {
          + cloudfront_default_certificate = true
          + minimum_protocol_version       = "TLSv1"
        }
    }

  # aws_cloudfront_origin_access_control.oac will be created
  + resource "aws_cloudfront_origin_access_control" "oac" {
      + arn                               = (known after apply)
      + description                       = (known after apply)
      + etag                              = (known after apply)
      + id                                = (known after apply)
      + name                              = "ai-tf-prod-oac"
      + origin_access_control_origin_type = "s3"
      + signing_behavior                  = "always"
      + signing_protocol                  = "sigv4"
    }

  # aws_cloudfront_origin_request_policy.cors_s3 will be created
  + resource "aws_cloudfront_origin_request_policy" "cors_s3" {
      + arn     = (known after apply)
      + comment = "Origin request policy for S3 origin with CORS"
      + etag    = (known after apply)
      + id      = (known after apply)
      + name    = "ai-tf-prod-cors-s3-origin"

      + cookies_config {
          + cookie_behavior = "none"
        }

      + headers_config {
          + header_behavior = "whitelist"

          + headers {
              + items = [
                  + "Access-Control-Request-Headers",
                  + "Access-Control-Request-Method",
                  + "Origin",
                ]
            }
        }

      + query_strings_config {
          + query_string_behavior = "none"
        }
    }

  # aws_cloudfront_response_headers_policy.security will be created
  + resource "aws_cloudfront_response_headers_policy" "security" {
      + arn  = (known after apply)
      + etag = (known after apply)
      + id   = (known after apply)
      + name = "ai-tf-prod-security-headers"

      + security_headers_config {
          + content_type_options {
              + override = true
            }
          + frame_options {
              + frame_option = "DENY"
              + override     = true
            }
          + referrer_policy {
              + override        = true
              + referrer_policy = "strict-origin-when-cross-origin"
            }
          + strict_transport_security {
              + access_control_max_age_sec = 31536000
              + include_subdomains         = true
              + override                   = true
              + preload                    = true
            }
          + xss_protection {
              + mode_block = true
              + override   = true
              + protection = true
            }
        }
    }

  # aws_iam_openid_connect_provider.github will be created
  + resource "aws_iam_openid_connect_provider" "github" {
      + arn             = (known after apply)
      + client_id_list  = [
          + "sts.amazonaws.com",
        ]
      + id              = (known after apply)
      + tags_all        = {
          + "Environment" = "prod"
          + "ManagedBy"   = "terraform"
          + "Project"     = "ai-tf"
        }
      + thumbprint_list = [
          + "6938fd4d98bab03faadb97b34396831e3780aea1",
        ]
      + url             = "https://token.actions.githubusercontent.com"
    }

  # aws_iam_policy.github_deploy will be created
  + resource "aws_iam_policy" "github_deploy" {
      + arn              = (known after apply)
      + attachment_count = (known after apply)
      + id               = (known after apply)
      + name             = "ai-tf-prod-github-deploy"
      + name_prefix      = (known after apply)
      + path             = "/"
      + policy           = (known after apply)
      + policy_id        = (known after apply)
      + tags_all         = {
          + "Environment" = "prod"
          + "ManagedBy"   = "terraform"
          + "Project"     = "ai-tf"
        }
    }

  # aws_iam_role.github_deploy will be created
  + resource "aws_iam_role" "github_deploy" {
      + arn                   = (known after apply)
      + assume_role_policy    = (known after apply)
      + create_date           = (known after apply)
      + force_detach_policies = false
      + id                    = (known after apply)
      + managed_policy_arns   = (known after apply)
      + max_session_duration  = 3600
      + name                  = "ai-tf-prod-github-deploy"
      + name_prefix           = (known after apply)
      + path                  = "/"
      + tags_all              = {
          + "Environment" = "prod"
          + "ManagedBy"   = "terraform"
          + "Project"     = "ai-tf"
        }
      + unique_id             = (known after apply)

      + inline_policy (known after apply)
    }

  # aws_iam_role_policy_attachment.github_deploy will be created
  + resource "aws_iam_role_policy_attachment" "github_deploy" {
      + id         = (known after apply)
      + policy_arn = (known after apply)
      + role       = "ai-tf-prod-github-deploy"
    }

  # aws_s3_bucket.site will be created
  + resource "aws_s3_bucket" "site" {
      + acceleration_status         = (known after apply)
      + acl                         = (known after apply)
      + arn                         = (known after apply)
      + bucket                      = (known after apply)
      + bucket_domain_name          = (known after apply)
      + bucket_prefix               = (known after apply)
      + bucket_region               = (known after apply)
      + bucket_regional_domain_name = (known after apply)
      + force_destroy               = false
      + hosted_zone_id              = (known after apply)
      + id                          = (known after apply)
      + object_lock_enabled         = (known after apply)
      + policy                      = (known after apply)
      + region                      = "eu-central-1"
      + request_payer               = (known after apply)
      + tags_all                    = {
          + "Environment" = "prod"
          + "ManagedBy"   = "terraform"
          + "Project"     = "ai-tf"
        }
      + website_domain              = (known after apply)
      + website_endpoint            = (known after apply)

      + cors_rule (known after apply)

      + grant (known after apply)

      + lifecycle_rule (known after apply)

      + logging (known after apply)

      + object_lock_configuration (known after apply)

      + replication_configuration (known after apply)

      + server_side_encryption_configuration (known after apply)

      + versioning (known after apply)

      + website (known after apply)
    }

  # aws_s3_bucket_lifecycle_configuration.site will be created
  + resource "aws_s3_bucket_lifecycle_configuration" "site" {
      + bucket                                 = (known after apply)
      + expected_bucket_owner                  = (known after apply)
      + id                                     = (known after apply)
      + region                                 = "eu-central-1"
      + transition_default_minimum_object_size = "all_storage_classes_128K"

      + rule {
          + id     = "abort-multipart"
          + status = "Enabled"
            # (1 unchanged attribute hidden)

          + abort_incomplete_multipart_upload {
              + days_after_initiation = 7
            }
        }
    }

  # aws_s3_bucket_ownership_controls.site will be created
  + resource "aws_s3_bucket_ownership_controls" "site" {
      + bucket = (known after apply)
      + id     = (known after apply)
      + region = "eu-central-1"

      + rule {
          + object_ownership = "BucketOwnerEnforced"
        }
    }

  # aws_s3_bucket_policy.site will be created
  + resource "aws_s3_bucket_policy" "site" {
      + bucket = (known after apply)
      + id     = (known after apply)
      + policy = (known after apply)
      + region = "eu-central-1"
    }

  # aws_s3_bucket_public_access_block.site will be created
  + resource "aws_s3_bucket_public_access_block" "site" {
      + block_public_acls       = true
      + block_public_policy     = true
      + bucket                  = (known after apply)
      + id                      = (known after apply)
      + ignore_public_acls      = true
      + region                  = "eu-central-1"
      + restrict_public_buckets = true
    }

  # aws_s3_bucket_server_side_encryption_configuration.site will be created
  + resource "aws_s3_bucket_server_side_encryption_configuration" "site" {
      + bucket = (known after apply)
      + id     = (known after apply)
      + region = "eu-central-1"

      + rule {
          + blocked_encryption_types = []

          + apply_server_side_encryption_by_default {
              + sse_algorithm     = "AES256"
                # (1 unchanged attribute hidden)
            }
        }
    }

  # aws_s3_bucket_versioning.site will be created
  + resource "aws_s3_bucket_versioning" "site" {
      + bucket = (known after apply)
      + id     = (known after apply)
      + region = "eu-central-1"

      + versioning_configuration {
          + mfa_delete = (known after apply)
          + status     = "Enabled"
        }
    }

Plan: 16 to add, 0 to change, 0 to destroy.

Changes to Outputs:
  + cloudfront_distribution_id = (known after apply)
  + cloudfront_domain_name     = (known after apply)
  + github_deploy_role_arn     = (known after apply)
  + s3_bucket_name             = (known after apply)
  + site_url                   = (known after apply)
aws_iam_openid_connect_provider.github: Creating...
aws_cloudfront_origin_request_policy.cors_s3: Creating...
aws_cloudfront_cache_policy.caching_optimized: Creating...
aws_cloudfront_response_headers_policy.security: Creating...
aws_s3_bucket.site: Creating...
aws_iam_openid_connect_provider.github: Creation complete after 0s [id=arn:aws:iam::000000000000:oidc-provider/token.actions.githubusercontent.com]
aws_cloudfront_cache_policy.caching_optimized: Creation complete after 0s [id=fbee68e7-3ed5-413b-b453-5800043d5641]
aws_cloudfront_origin_request_policy.cors_s3: Creation complete after 0s [id=ef498615-5dbc-4226-a0e4-9dd9ea27c8b6]
data.aws_iam_policy_document.github_assume_role: Reading...
data.aws_iam_policy_document.github_assume_role: Read complete after 0s [id=83662662]
aws_cloudfront_response_headers_policy.security: Creation complete after 0s [id=242af86b]
aws_iam_role.github_deploy: Creating...
aws_iam_role.github_deploy: Creation complete after 0s [id=ai-tf-prod-github-deploy]
aws_s3_bucket.site: Still creating... [00m10s elapsed]
aws_s3_bucket.site: Still creating... [00m20s elapsed]
aws_s3_bucket.site: Still creating... [00m30s elapsed]
aws_s3_bucket.site: Still creating... [00m40s elapsed]
aws_s3_bucket.site: Still creating... [00m50s elapsed]
aws_s3_bucket.site: Still creating... [01m00s elapsed]
aws_s3_bucket.site: Still creating... [01m10s elapsed]
aws_s3_bucket.site: Still creating... [01m20s elapsed]
aws_s3_bucket.site: Still creating... [01m30s elapsed]
aws_s3_bucket.site: Still creating... [01m40s elapsed]
aws_s3_bucket.site: Still creating... [01m50s elapsed]
aws_s3_bucket.site: Still creating... [02m00s elapsed]
aws_s3_bucket.site: Still creating... [02m10s elapsed]
aws_s3_bucket.site: Still creating... [02m20s elapsed]
aws_s3_bucket.site: Still creating... [02m30s elapsed]
aws_s3_bucket.site: Still creating... [02m40s elapsed]
aws_s3_bucket.site: Still creating... [02m50s elapsed]
