{"format_version":"1.2","terraform_version":"1.13.5","variables":{"aws_region":{"value":"us-east-1"},"bot_token":{"value":"ai-tf"},"chat_id":{"value":"ai-tf"},"end_month_message":{"value":"ai-tf"},"half_month_message":{"value":"ai-tf"},"lambda_function_name":{"value":"telegram-bot-java-lambda"},"lambda_handler":{"value":"com.example.Handler::handleRequest"},"lambda_memory_size":{"value":512},"lambda_runtime":{"value":"java17"},"lambda_s3_bucket":{"value":"ai-tf-bucket"},"lambda_s3_key":{"value":"ai-tf.txt"},"lambda_timeout":{"value":30}},"planned_values":{"outputs":{"lambda_function_arn":{"sensitive":false},"lambda_function_name":{"sensitive":false,"type":"string","value":"telegram-bot-java-lambda"},"lambda_log_group_name":{"sensitive":false,"type":"string","value":"/aws/lambda/telegram-bot-java-lambda"}},"root_module":{"resources":[{"address":"aws_cloudwatch_log_group.lambda_log_group","mode":"managed","type":"aws_cloudwatch_log_group","name":"lambda_log_group","provider_name":"registry.terraform.io/hashicorp/aws","schema_version":0,"values":{"kms_key_id":null,"name":"/aws/lambda/telegram-bot-java-lambda","region":"us-east-1","retention_in_days":14,"skip_destroy":false,"tags":null},"sensitive_values":{"tags_all":{}},"identity_schema_version":0,"identity":{"account_id":null,"name":null,"region":null}},{"address":"aws_iam_role.lambda_exec","mode":"managed","type":"aws_iam_role","name":"lambda_exec","provider_name":"registry.terraform.io/hashicorp/aws","schema_version":0,"values":{"assume_role_policy":"{\"Statement\":[{\"Action\":\"sts:AssumeRole\",\"Effect\":\"Allow\",\"Principal\":{\"Service\":\"lambda.amazonaws.com\"}}],\"Version\":\"2012-10-17\"}","description":null,"force_detach_policies":false,"max_session_duration":3600,"name":"telegram-bot-java-lambda-exec-role","path":"/","permissions_boundary":null,"tags":null},"sensitive_values":{"inline_policy":[],"managed_policy_arns":[],"tags_all":{}},"identity_schema_version":0,"identity":{"account_id":null,"name":null}},{"address":"aws_iam_role_policy.lambda_exec_policy","mode":"managed","type":"aws_iam_role_policy","name":"lambda_exec_policy","provider_name":"registry.terraform.io/hashicorp/aws","schema_version":0,"values":{"name":"telegram-bot-java-lambda-exec-policy","policy":"{\"Version\":\"2012-10-17\",\"Statement\":[{\"Action\":[\"logs:CreateLogGroup\",\"logs:CreateLogStream\",\"logs:PutLogEvents\"],\"Effect\":\"Allow\",\"Resource\":\"arn:aws:logs:*:*:*\"}]}"},"sensitive_values":{},"identity_schema_version":0,"identity":{"account_id":null,"name":null,"role":null}},{"address":"aws_lambda_function.telegram_bot","mode":"managed","type":"aws_lambda_function","name":"telegram_bot","provider_name":"registry.terraform.io/hashicorp/aws","schema_version":0,"values":{"capacity_provider_config":[],"code_signing_config_arn":null,"dead_letter_config":[],"description":null,"durable_config":[],"environment":[{"variables":{"bot_token":"ai-tf","chat_id":"ai-tf","end_month_message":"ai-tf","half_month_message":"ai-tf"}}],"file_system_config":[],"filename":null,"function_name":"telegram-bot-java-lambda","handler":"com.example.Handler::handleRequest","image_config":[],"image_uri":null,"kms_key_arn":null,"layers":null,"memory_size":512,"package_type":"Zip","publish":false,"publish_to":null,"region":"us-east-1","replace_security_groups_on_destroy":null,"replacement_security_group_ids":null,"reserved_concurrent_executions":-1,"runtime":"java17","s3_bucket":"ai-tf-bucket","s3_key":"ai-tf.txt","s3_object_version":null,"skip_destroy":false,"snap_start":[],"source_kms_key_arn":null,"tags":null,"tenancy_config":[],"timeout":30,"timeouts":null,"vpc_config":[]},"sensitive_values":{"architectures":[],"capacity_provider_config":[],"dead_letter_config":[],"durable_config":[],"environment":[{"variables":{"bot_token":true}}],"ephemeral_storage":[],"file_system_config":[],"image_config":[],"logging_config":[],"snap_start":[],"tags_all":{},"tenancy_config":[],"tracing_config":[],"vpc_config":[]},"identity_schema_version":0,"identity":{"account_id":null,"function_name":null,"region":null}}]}},"resource_changes":[{"address":"aws_cloudwatch_log_group.lambda_log_group","mode":"managed","type":"aws_cloudwatch_log_group","name":"lambda_log_group","provider_name":"registry.terraform.io/hashicorp/aws","change":{"actions":["create"],"before":null,"after":{"kms_key_id":null,"name":"/aws/lambda/telegram-bot-java-lambda","region":"us-east-1","retention_in_days":14,"skip_destroy":false,"tags":null},"after_unknown":{"arn":true,"deletion_protection_enabled":true,"id":true,"log_group_class":true,"name_prefix":true,"tags_all":true},"before_sensitive":false,"after_sensitive":{"tags_all":{}},"after_identity":{"account_id":null,"name":null,"region":null}}},{"address":"aws_iam_role.lambda_exec","mode":"managed","type":"aws_iam_role","name":"lambda_exec","provider_name":"registry.terraform.io/hashicorp/aws","change":{"actions":["create"],"before":null,"after":{"assume_role_policy":"{\"Statement\":[{\"Action\":\"sts:AssumeRole\",\"Effect\":\"Allow\",\"Principal\":{\"Service\":\"lambda.amazonaws.com\"}}],\"Version\":\"2012-10-17\"}","description":null,"force_detach_policies":false,"max_session_duration":3600,"name":"telegram-bot-java-lambda-exec-role","path":"/","permissions_boundary":null,"tags":null},"after_unknown":{"arn":true,"create_date":true,"id":true,"inline_policy":true,"managed_policy_arns":true,"name_prefix":true,"tags_all":true,"unique_id":true},"before_sensitive":false,"after_sensitive":{"inline_policy":[],"managed_policy_arns":[],"tags_all":{}},"after_identity":{"account_id":null,"name":null}}},{"address":"aws_iam_role_policy.lambda_exec_policy","mode":"managed","type":"aws_iam_role_policy","name":"lambda_exec_policy","provider_name":"registry.terraform.io/hashicorp/aws","change":{"actions":["create"],"before":null,"after":{"name":"telegram-bot-java-lambda-exec-policy","policy":"{\"Version\":\"2012-10-17\",\"Statement\":[{\"Action\":[\"logs:CreateLogGroup\",\"logs:CreateLogStream\",\"logs:PutLogEvents\"],\"Effect\":\"Allow\",\"Resource\":\"arn:aws:logs:*:*:*\"}]}"},"after_unknown":{"id":true,"name_prefix":true,"role":true},"before_sensitive":false,"after_sensitive":{},"after_identity":{"account_id":null,"name":null,"role":null}}},{"address":"aws_lambda_function.telegram_bot","mode":"managed","type":"aws_lambda_function","name":"telegram_bot","provider_name":"registry.terraform.io/hashicorp/aws","change":{"actions":["create"],"before":null,"after":{"capacity_provider_config":[],"code_signing_config_arn":null,"dead_letter_config":[],"description":null,"durable_config":[],"environment":[{"variables":{"bot_token":"ai-tf","chat_id":"ai-tf","end_month_message":"ai-tf","half_month_message":"ai-tf"}}],"file_system_config":[],"filename":null,"function_name":"telegram-bot-java-lambda","handler":"com.example.Handler::handleRequest","image_config":[],"image_uri":null,"kms_key_arn":null,"layers":null,"memory_size":512,"package_type":"Zip","publish":false,"publish_to":null,"region":"us-east-1","replace_security_groups_on_destroy":null,"replacement_security_group_ids":null,"reserved_concurrent_executions":-1,"runtime":"java17","s3_bucket":"ai-tf-bucket","s3_key":"ai-tf.txt","s3_object_version":null,"skip_destroy":false,"snap_start":[],"source_kms_key_arn":null,"tags":null,"tenancy_config":[],"timeout":30,"timeouts":null,"vpc_config":[]},"after_unknown":{"architectures":true,"arn":true,"capacity_provider_config":[],"code_sha256":true,"dead_letter_config":[],"durable_config":[],"environment":[{"variables":{}}],"ephemeral_storage":true,"file_system_config":[],"id":true,"image_config":[],"invoke_arn":true,"last_modified":true,"logging_config":true,"qualified_arn":true,"qualified_invoke_arn":true,"response_streaming_invoke_arn":true,"role":true,"signing_job_arn":true,"signing_profile_version_arn":true,"snap_start":[],"source_code_hash":true,"source_code_size":true,"tags_all":true,"tenancy_config":[],"tracing_config":true,"version":true,"vpc_config":[]},"before_sensitive":false,"after_sensitive":{"architectures":[],"capacity_provider_config":[],"dead_letter_config":[],"durable_config":[],"environment":[{"variables":{"bot_token":true}}],"ephemeral_storage":[],"file_system_config":[],"image_config":[],"logging_config":[],"snap_start":[],"tags_all":{},"tenancy_config":[],"tracing_config":[],"vpc_config":[]},"after_identity":{"account_id":null,"function_name":null,"region":null}}}],"output_changes":{"lambda_function_arn":{"actions":["create"],"before":null,"after_unknown":true,"before_sensitive":false,"after_sensitive":false},"lambda_function_name":{"actions":["create"],"before":null,"after":"telegram-bot-java-lambda","after_unknown":false,"before_sensitive":false,"after_sensitive":false},"lambda_log_group_name":{"actions":["create"],"before":null,"after":"/aws/lambda/telegram-bot-java-lambda","after_unknown":false,"before_sensitive":false,"after_sensitive":false}},"prior_state":{"format_version":"1.0","terraform_version":"1.13.5","values":{"outputs":{"lambda_function_name":{"sensitive":false,"value":"telegram-bot-java-lambda","type":"string"},"lambda_log_group_name":{"sensitive":false,"value":"/aws/lambda/telegram-bot-java-lambda","type":"string"}},"root_module":{"resources":[{"address":"data.archive_file.lambda_dummy","mode":"data","type":"archive_file","name":"lambda_dummy","provider_name":"registry.terraform.io/hashicorp/archive","schema_version":0,"values":{"exclude_symlink_directories":null,"excludes":null,"id":"58e93fade67637870be5af38eff8d5aa66c7da49","output_base64sha256":"wmbalFzzY/wG3ivChKElOZB3+B4gptmQyIat05p+fU4=","output_base64sha512":"BQYAg1LwEY4tDmry1VoRx6StX0vjH+7LpfB5KAZLVvfJQjioPbBv1QxI6QF6P2U614fU3h9XKBCb9z5Y1ornqA==","output_file_mode":null,"output_md5":"a0dbd832a6a977d6d5b28ea5c85e30fb","output_path":"./.dummy/lambda.zip","output_sha":"58e93fade67637870be5af38eff8d5aa66c7da49","output_sha256":"c266da945cf363fc06de2bc284a125399077f81e20a6d990c886add39a7e7d4e","output_sha512":"0506008352f0118e2d0e6af2d55a11c7a4ad5f4be31feecba5f07928064b56f7c94238a83db06fd50c48e9017a3f653ad787d4de1f5728109bf73e58d68ae7a8","output_size":246,"source":[{"content":"exports.handler = async (event) =\u003e {\n  console.log(\"Dummy lambda invoked\");\n  return { statusCode: 200, body: \"dummy\" };\n};\n","filename":"index.js"}],"source_content":null,"source_content_filename":null,"source_dir":null,"source_file":null,"type":"zip"},"sensitive_values":{"source":[{}]}}]}}},"configuration":{"provider_config":{"archive":{"name":"archive","full_name":"registry.terraform.io/hashicorp/archive"},"aws":{"name":"aws","full_name":"registry.terraform.io/hashicorp/aws","version_constraint":"\u003e= 4.0.0","expressions":{"region":{"references":["var.aws_region"]}}}},"root_module":{"outputs":{"lambda_function_arn":{"expression":{"references":["aws_lambda_function.telegram_bot.arn","aws_lambda_function.telegram_bot"]},"description":"ARN of the Lambda function."},"lambda_function_name":{"expression":{"references":["aws_lambda_function.telegram_bot.function_name","aws_lambda_function.telegram_bot"]},"description":"Name of the Lambda function."},"lambda_log_group_name":{"expression":{"references":["aws_cloudwatch_log_group.lambda_log_group.name","aws_cloudwatch_log_group.lambda_log_group"]},"description":"CloudWatch Log Group name for the Lambda function."}},"resources":[{"address":"aws_cloudwatch_log_group.lambda_log_group","mode":"managed","type":"aws_cloudwatch_log_group","name":"lambda_log_group","provider_config_key":"aws","expressions":{"name":{"references":["aws_lambda_function.telegram_bot.function_name","aws_lambda_function.telegram_bot"]},"retention_in_days":{"constant_value":14}},"schema_version":0},{"address":"aws_iam_role.lambda_exec","mode":"managed","type":"aws_iam_role","name":"lambda_exec","provider_config_key":"aws","expressions":{"assume_role_policy":{},"name":{"references":["var.lambda_function_name"]}},"schema_version":0},{"address":"aws_iam_role_policy.lambda_exec_policy","mode":"managed","type":"aws_iam_role_policy","name":"lambda_exec_policy","provider_config_key":"aws","expressions":{"name":{"references":["var.lambda_function_name"]},"policy":{},"role":{"references":["aws_iam_role.lambda_exec.id","aws_iam_role.lambda_exec"]}},"schema_version":0},{"address":"aws_lambda_function.telegram_bot","mode":"managed","type":"aws_lambda_function","name":"telegram_bot","provider_config_key":"aws","expressions":{"environment":[{"variables":{"references":["var.bot_token","var.chat_id","var.half_month_message","var.end_month_message"]}}],"function_name":{"references":["var.lambda_function_name"]},"handler":{"references":["var.lambda_handler"]},"memory_size":{"references":["var.lambda_memory_size"]},"role":{"references":["aws_iam_role.lambda_exec.arn","aws_iam_role.lambda_exec"]},"runtime":{"references":["var.lambda_runtime"]},"s3_bucket":{"references":["var.lambda_s3_bucket"]},"s3_key":{"references":["var.lambda_s3_key"]},"timeout":{"references":["var.lambda_timeout"]}},"schema_version":0,"depends_on":["aws_iam_role_policy.lambda_exec_policy"]},{"address":"data.archive_file.lambda_dummy","mode":"data","type":"archive_file","name":"lambda_dummy","provider_config_key":"archive","expressions":{"output_path":{"references":["local.lambda_dummy_zip"]},"source":[{"content":{"constant_value":"exports.handler = async (event) =\u003e {\n  console.log(\"Dummy lambda invoked\");\n  return { statusCode: 200, body: \"dummy\" };\n};\n"},"filename":{"constant_value":"index.js"}}],"type":{"constant_value":"zip"}},"schema_version":0}],"variables":{"aws_region":{"default":"us-east-1","description":"AWS region to deploy resources in."},"bot_token":{"description":"Telegram bot token (should be stored securely).","sensitive":true},"chat_id":{"description":"Telegram chat ID."},"end_month_message":{"description":"Message to send at end of month."},"half_month_message":{"description":"Message to send at half month."},"lambda_function_name":{"default":"telegram-bot-java-lambda","description":"Name for the Lambda function."},"lambda_handler":{"default":"com.example.Handler::handleRequest","description":"Handler for the Lambda function."},"lambda_memory_size":{"default":512,"description":"Memory size for the Lambda function (MB)."},"lambda_runtime":{"default":"java17","description":"Runtime for the Lambda function."},"lambda_s3_bucket":{"description":"S3 bucket where the Lambda deployment package is stored."},"lambda_s3_key":{"description":"S3 key for the Lambda deployment package."},"lambda_timeout":{"default":30,"description":"Timeout for the Lambda function (seconds)."}}}},"relevant_attributes":[{"resource":"aws_iam_role.lambda_exec","attribute":["arn"]},{"resource":"aws_iam_role.lambda_exec","attribute":["id"]},{"resource":"aws_cloudwatch_log_group.lambda_log_group","attribute":["name"]},{"resource":"aws_lambda_function.telegram_bot","attribute":["arn"]},{"resource":"aws_lambda_function.telegram_bot","attribute":["function_name"]}],"timestamp":"2026-01-19T14:46:41Z","applyable":true,"complete":true,"errored":false}
