data.archive_file.lambda_zip: Reading...
data.archive_file.lambda_dummy: Reading...
data.archive_file.lambda_dummy: Read complete after 0s [id=58e93fade67637870be5af38eff8d5aa66c7da49]
data.archive_file.lambda_zip: Read complete after 0s [id=235776908bc89e8fe76b6ca0d5e4a14004c83644]

Terraform used the selected providers to generate the following execution
plan. Resource actions are indicated with the following symbols:
  + create

Terraform will perform the following actions:

  # aws_api_gateway_deployment.deployment will be created
  + resource "aws_api_gateway_deployment" "deployment" {
      + created_date = (known after apply)
      + id           = (known after apply)
      + region       = "us-east-1"
      + rest_api_id  = (known after apply)
      + triggers     = (known after apply)
    }

  # aws_api_gateway_integration.proxy_any will be created
  + resource "aws_api_gateway_integration" "proxy_any" {
      + cache_namespace         = (known after apply)
      + connection_type         = "INTERNET"
      + http_method             = "ANY"
      + id                      = (known after apply)
      + integration_http_method = "POST"
      + passthrough_behavior    = (known after apply)
      + region                  = "us-east-1"
      + resource_id             = (known after apply)
      + response_transfer_mode  = (known after apply)
      + rest_api_id             = (known after apply)
      + timeout_milliseconds    = 29000
      + type                    = "AWS_PROXY"
      + uri                     = (known after apply)
    }

  # aws_api_gateway_integration.root_any will be created
  + resource "aws_api_gateway_integration" "root_any" {
      + cache_namespace         = (known after apply)
      + connection_type         = "INTERNET"
      + http_method             = "ANY"
      + id                      = (known after apply)
      + integration_http_method = "POST"
      + passthrough_behavior    = (known after apply)
      + region                  = "us-east-1"
      + resource_id             = (known after apply)
      + response_transfer_mode  = (known after apply)
      + rest_api_id             = (known after apply)
      + timeout_milliseconds    = 29000
      + type                    = "AWS_PROXY"
      + uri                     = (known after apply)
    }

  # aws_api_gateway_method.proxy_any will be created
  + resource "aws_api_gateway_method" "proxy_any" {
      + api_key_required = false
      + authorization    = "NONE"
      + http_method      = "ANY"
      + id               = (known after apply)
      + region           = "us-east-1"
      + resource_id      = (known after apply)
      + rest_api_id      = (known after apply)
    }

  # aws_api_gateway_method.root_any will be created
  + resource "aws_api_gateway_method" "root_any" {
      + api_key_required = false
      + authorization    = "NONE"
      + http_method      = "ANY"
      + id               = (known after apply)
      + region           = "us-east-1"
      + resource_id      = (known after apply)
      + rest_api_id      = (known after apply)
    }

  # aws_api_gateway_resource.proxy will be created
  + resource "aws_api_gateway_resource" "proxy" {
      + id          = (known after apply)
      + parent_id   = (known after apply)
      + path        = (known after apply)
      + path_part   = "{proxy+}"
      + region      = "us-east-1"
      + rest_api_id = (known after apply)
    }

  # aws_api_gateway_rest_api.api will be created
  + resource "aws_api_gateway_rest_api" "api" {
      + api_key_source               = (known after apply)
      + arn                          = (known after apply)
      + binary_media_types           = (known after apply)
      + created_date                 = (known after apply)
      + description                  = (known after apply)
      + disable_execute_api_endpoint = (known after apply)
      + execution_arn                = (known after apply)
      + id                           = (known after apply)
      + minimum_compression_size     = (known after apply)
      + name                         = "url-shortener-api"
      + policy                       = (known after apply)
      + region                       = "us-east-1"
      + root_resource_id             = (known after apply)
      + tags_all                     = {
          + "Managed" = "terraform"
          + "Project" = "url-shortener"
        }

      + endpoint_configuration (known after apply)
    }

  # aws_api_gateway_stage.prod will be created
  + resource "aws_api_gateway_stage" "prod" {
      + arn           = (known after apply)
      + deployment_id = (known after apply)
      + execution_arn = (known after apply)
      + id            = (known after apply)
      + invoke_url    = (known after apply)
      + region        = "us-east-1"
      + rest_api_id   = (known after apply)
      + stage_name    = "prod"
      + tags_all      = {
          + "Managed" = "terraform"
          + "Project" = "url-shortener"
        }
      + web_acl_arn   = (known after apply)
    }

  # aws_dynamodb_table.urldb will be created
  + resource "aws_dynamodb_table" "urldb" {
      + arn              = (known after apply)
      + billing_mode     = "PAY_PER_REQUEST"
      + hash_key         = "short_url_id"
      + id               = (known after apply)
      + name             = "URLDB"
      + read_capacity    = (known after apply)
      + region           = "us-east-1"
      + stream_arn       = (known after apply)
      + stream_label     = (known after apply)
      + stream_view_type = (known after apply)
      + tags_all         = {
          + "Managed" = "terraform"
          + "Project" = "url-shortener"
        }
      + write_capacity   = (known after apply)

      + attribute {
          + name = "short_url_id"
          + type = "S"
        }

      + global_secondary_index (known after apply)

      + global_table_witness (known after apply)

      + point_in_time_recovery (known after apply)

      + server_side_encryption (known after apply)

      + ttl {
          + attribute_name = "ttl"
          + enabled        = true
        }

      + warm_throughput (known after apply)
    }

  # aws_iam_role.lambda will be created
  + resource "aws_iam_role" "lambda" {
      + arn                   = (known after apply)
      + assume_role_policy    = jsonencode(
            {
              + Statement = [
                  + {
                      + Action    = "sts:AssumeRole"
                      + Effect    = "Allow"
                      + Principal = {
                          + Service = "lambda.amazonaws.com"
                        }
                    },
                ]
              + Version   = "2012-10-17"
            }
        )
      + create_date           = (known after apply)
      + force_detach_policies = false
      + id                    = (known after apply)
      + managed_policy_arns   = (known after apply)
      + max_session_duration  = 3600
      + name                  = (known after apply)
      + name_prefix           = "url-shortener-lambda-"
      + path                  = "/"
      + tags_all              = {
          + "Managed" = "terraform"
          + "Project" = "url-shortener"
        }
      + unique_id             = (known after apply)

      + inline_policy (known after apply)
    }

  # aws_iam_role_policy.lambda_dynamodb will be created
  + resource "aws_iam_role_policy" "lambda_dynamodb" {
      + id          = (known after apply)
      + name        = (known after apply)
      + name_prefix = "url-shortener-ddb-"
      + policy      = (known after apply)
      + role        = (known after apply)
    }

  # aws_lambda_function.app will be created
  + resource "aws_lambda_function" "app" {
      + architectures                  = (known after apply)
      + arn                            = (known after apply)
      + code_sha256                    = (known after apply)
      + filename                       = "./build/lambda.zip"
      + function_name                  = "url-shortener"
      + handler                        = "lambda.handler"
      + id                             = (known after apply)
      + invoke_arn                     = (known after apply)
      + last_modified                  = (known after apply)
      + memory_size                    = 128
      + package_type                   = "Zip"
      + publish                        = false
      + qualified_arn                  = (known after apply)
      + qualified_invoke_arn           = (known after apply)
      + region                         = "us-east-1"
      + reserved_concurrent_executions = -1
      + response_streaming_invoke_arn  = (known after apply)
      + role                           = (known after apply)
      + runtime                        = "python3.11"
      + signing_job_arn                = (known after apply)
      + signing_profile_version_arn    = (known after apply)
      + skip_destroy                   = false
      + source_code_hash               = "HJVCjf0OPhWLcKje4uNlsP63jYcC9aJJDuu48AgRPH0="
      + source_code_size               = (known after apply)
      + tags_all                       = {
          + "Managed" = "terraform"
          + "Project" = "url-shortener"
        }
      + timeout                        = 10
      + version                        = (known after apply)

      + environment {
          + variables = {
              + "AWS_REGION"     = "us-east-1"
              + "DYNAMODB_TABLE" = "URLDB"
            }
        }

      + ephemeral_storage (known after apply)

      + logging_config (known after apply)

      + tracing_config (known after apply)
    }

  # aws_lambda_permission.apigw will be created
  + resource "aws_lambda_permission" "apigw" {
      + action              = "lambda:InvokeFunction"
      + function_name       = "url-shortener"
      + id                  = (known after apply)
      + principal           = "apigateway.amazonaws.com"
      + region              = "us-east-1"
      + source_arn          = (known after apply)
      + statement_id        = "AllowExecutionFromAPIGateway"
      + statement_id_prefix = (known after apply)
    }

  # aws_s3_bucket.static_site will be created
  + resource "aws_s3_bucket" "static_site" {
      + acceleration_status         = (known after apply)
      + acl                         = (known after apply)
      + arn                         = (known after apply)
      + bucket                      = (known after apply)
      + bucket_domain_name          = (known after apply)
      + bucket_prefix               = "url-shortener-static-"
      + bucket_region               = (known after apply)
      + bucket_regional_domain_name = (known after apply)
      + force_destroy               = true
      + hosted_zone_id              = (known after apply)
      + id                          = (known after apply)
      + object_lock_enabled         = (known after apply)
      + policy                      = (known after apply)
      + region                      = "us-east-1"
      + request_payer               = (known after apply)
      + tags_all                    = {
          + "Managed" = "terraform"
          + "Project" = "url-shortener"
        }
      + website_domain              = (known after apply)
      + website_endpoint            = (known after apply)

      + cors_rule (known after apply)

      + grant (known after apply)

      + lifecycle_rule (known after apply)

      + logging (known after apply)

      + object_lock_configuration (known after apply)

      + replication_configuration (known after apply)

      + server_side_encryption_configuration (known after apply)

      + versioning (known after apply)

      + website (known after apply)
    }

  # aws_s3_bucket_public_access_block.static_site will be created
  + resource "aws_s3_bucket_public_access_block" "static_site" {
      + block_public_acls       = true
      + block_public_policy     = true
      + bucket                  = (known after apply)
      + id                      = (known after apply)
      + ignore_public_acls      = true
      + region                  = "us-east-1"
      + restrict_public_buckets = true
    }

  # aws_s3_bucket_website_configuration.static_site will be created
  + resource "aws_s3_bucket_website_configuration" "static_site" {
      + bucket           = (known after apply)
      + id               = (known after apply)
      + region           = "us-east-1"
      + routing_rules    = (known after apply)
      + website_domain   = (known after apply)
      + website_endpoint = (known after apply)

      + index_document {
          + suffix = "index.html"
        }

      + routing_rule (known after apply)
    }

  # aws_s3_object.index will be created
  + resource "aws_s3_object" "index" {
      + acl                    = (known after apply)
      + arn                    = (known after apply)
      + bucket                 = (known after apply)
      + bucket_key_enabled     = (known after apply)
      + checksum_crc32         = (known after apply)
      + checksum_crc32c        = (known after apply)
      + checksum_crc64nvme     = (known after apply)
      + checksum_sha1          = (known after apply)
      + checksum_sha256        = (known after apply)
      + content_type           = "text/html"
      + etag                   = "213399fe8a65c815446315920becef93"
      + force_destroy          = false
      + id                     = (known after apply)
      + key                    = "index.html"
      + kms_key_id             = (known after apply)
      + region                 = "us-east-1"
      + server_side_encryption = (known after apply)
      + source                 = "./static/index.html"
      + storage_class          = (known after apply)
      + tags_all               = {
          + "Managed" = "terraform"
          + "Project" = "url-shortener"
        }
      + version_id             = (known after apply)
    }

Plan: 17 to add, 0 to change, 0 to destroy.

Changes to Outputs:
  + api_invoke_url          = (known after apply)
  + dynamodb_table_name     = "URLDB"
  + static_bucket_name      = (known after apply)
  + static_website_endpoint = (known after apply)
aws_iam_role.lambda: Creating...
aws_api_gateway_rest_api.api: Creating...
aws_s3_bucket.static_site: Creating...
aws_dynamodb_table.urldb: Creating...
aws_iam_role.lambda: Creation complete after 0s [id=url-shortener-lambda-20260125123518578300000001]
aws_dynamodb_table.urldb: Creation complete after 1s [id=URLDB]
aws_iam_role_policy.lambda_dynamodb: Creating...
aws_iam_role_policy.lambda_dynamodb: Creation complete after 0s [id=url-shortener-lambda-20260125123518578300000001:url-shortener-ddb-20260125123520302800000003]
aws_lambda_function.app: Creating...
aws_api_gateway_rest_api.api: Creation complete after 2s [id=zd4h3cgrof]
aws_api_gateway_resource.proxy: Creating...
aws_api_gateway_method.root_any: Creating...
aws_api_gateway_method.root_any: Creation complete after 0s [id=agm-zd4h3cgrof-0sql3qzs5u-ANY]
aws_api_gateway_resource.proxy: Creation complete after 0s [id=pq2i3cecn6]
aws_api_gateway_method.proxy_any: Creating...
aws_api_gateway_method.proxy_any: Creation complete after 0s [id=agm-zd4h3cgrof-pq2i3cecn6-ANY]
aws_lambda_function.app: Creation complete after 6s [id=url-shortener]
aws_lambda_permission.apigw: Creating...
aws_api_gateway_integration.proxy_any: Creating...
aws_api_gateway_integration.root_any: Creating...
aws_lambda_permission.apigw: Creation complete after 0s [id=AllowExecutionFromAPIGateway]
aws_api_gateway_integration.root_any: Creation complete after 0s [id=agi-zd4h3cgrof-0sql3qzs5u-ANY]
aws_api_gateway_integration.proxy_any: Creation complete after 0s [id=agi-zd4h3cgrof-pq2i3cecn6-ANY]
aws_api_gateway_deployment.deployment: Creating...
aws_api_gateway_deployment.deployment: Creation complete after 0s [id=d9tpy9trlc]
aws_api_gateway_stage.prod: Creating...
aws_api_gateway_stage.prod: Creation complete after 0s [id=ags-zd4h3cgrof-prod]
aws_s3_bucket.static_site: Still creating... [00m10s elapsed]
aws_s3_bucket.static_site: Still creating... [00m20s elapsed]
aws_s3_bucket.static_site: Still creating... [00m30s elapsed]
aws_s3_bucket.static_site: Still creating... [00m40s elapsed]
aws_s3_bucket.static_site: Still creating... [00m50s elapsed]
aws_s3_bucket.static_site: Still creating... [01m00s elapsed]
aws_s3_bucket.static_site: Still creating... [01m10s elapsed]
aws_s3_bucket.static_site: Still creating... [01m20s elapsed]
aws_s3_bucket.static_site: Still creating... [01m30s elapsed]
aws_s3_bucket.static_site: Still creating... [01m40s elapsed]
aws_s3_bucket.static_site: Still creating... [01m50s elapsed]
aws_s3_bucket.static_site: Still creating... [02m00s elapsed]
aws_s3_bucket.static_site: Still creating... [02m10s elapsed]
aws_s3_bucket.static_site: Still creating... [02m20s elapsed]
aws_s3_bucket.static_site: Still creating... [02m30s elapsed]
aws_s3_bucket.static_site: Still creating... [02m40s elapsed]
aws_s3_bucket.static_site: Still creating... [02m50s elapsed]
