{"format_version":"1.2","terraform_version":"1.13.5","variables":{"api_name":{"value":"url-shortener-api"},"app_name":{"value":"url-shortener"},"aws_region":{"value":"us-east-1"},"dynamodb_table_name":{"value":"URLDB"},"lambda_function_name":{"value":"url-shortener"}},"planned_values":{"outputs":{"api_invoke_url":{"sensitive":false},"dynamodb_table_name":{"sensitive":false,"type":"string","value":"URLDB"},"static_bucket_name":{"sensitive":false},"static_website_endpoint":{"sensitive":false}},"root_module":{"resources":[{"address":"aws_api_gateway_deployment.deployment","mode":"managed","type":"aws_api_gateway_deployment","name":"deployment","provider_name":"registry.terraform.io/hashicorp/aws","schema_version":0,"values":{"description":null,"region":"us-east-1","variables":null},"sensitive_values":{"triggers":{}}},{"address":"aws_api_gateway_integration.proxy_any","mode":"managed","type":"aws_api_gateway_integration","name":"proxy_any","provider_name":"registry.terraform.io/hashicorp/aws","schema_version":0,"values":{"cache_key_parameters":null,"connection_id":null,"connection_type":"INTERNET","content_handling":null,"credentials":null,"http_method":"ANY","integration_http_method":"POST","integration_target":null,"region":"us-east-1","request_parameters":null,"request_templates":null,"timeout_milliseconds":29000,"tls_config":[],"type":"AWS_PROXY"},"sensitive_values":{"tls_config":[]}},{"address":"aws_api_gateway_integration.root_any","mode":"managed","type":"aws_api_gateway_integration","name":"root_any","provider_name":"registry.terraform.io/hashicorp/aws","schema_version":0,"values":{"cache_key_parameters":null,"connection_id":null,"connection_type":"INTERNET","content_handling":null,"credentials":null,"http_method":"ANY","integration_http_method":"POST","integration_target":null,"region":"us-east-1","request_parameters":null,"request_templates":null,"timeout_milliseconds":29000,"tls_config":[],"type":"AWS_PROXY"},"sensitive_values":{"tls_config":[]}},{"address":"aws_api_gateway_method.proxy_any","mode":"managed","type":"aws_api_gateway_method","name":"proxy_any","provider_name":"registry.terraform.io/hashicorp/aws","schema_version":0,"values":{"api_key_required":false,"authorization":"NONE","authorization_scopes":null,"authorizer_id":null,"http_method":"ANY","operation_name":null,"region":"us-east-1","request_models":null,"request_parameters":null,"request_validator_id":null},"sensitive_values":{}},{"address":"aws_api_gateway_method.root_any","mode":"managed","type":"aws_api_gateway_method","name":"root_any","provider_name":"registry.terraform.io/hashicorp/aws","schema_version":0,"values":{"api_key_required":false,"authorization":"NONE","authorization_scopes":null,"authorizer_id":null,"http_method":"ANY","operation_name":null,"region":"us-east-1","request_models":null,"request_parameters":null,"request_validator_id":null},"sensitive_values":{}},{"address":"aws_api_gateway_resource.proxy","mode":"managed","type":"aws_api_gateway_resource","name":"proxy","provider_name":"registry.terraform.io/hashicorp/aws","schema_version":0,"values":{"path_part":"{proxy+}","region":"us-east-1"},"sensitive_values":{}},{"address":"aws_api_gateway_rest_api.api","mode":"managed","type":"aws_api_gateway_rest_api","name":"api","provider_name":"registry.terraform.io/hashicorp/aws","schema_version":0,"values":{"body":null,"fail_on_warnings":null,"name":"url-shortener-api","parameters":null,"put_rest_api_mode":null,"region":"us-east-1","tags":null,"tags_all":{"Managed":"terraform","Project":"url-shortener"}},"sensitive_values":{"binary_media_types":[],"endpoint_configuration":[],"tags_all":{}}},{"address":"aws_api_gateway_stage.prod","mode":"managed","type":"aws_api_gateway_stage","name":"prod","provider_name":"registry.terraform.io/hashicorp/aws","schema_version":0,"values":{"access_log_settings":[],"cache_cluster_enabled":null,"cache_cluster_size":null,"canary_settings":[],"client_certificate_id":null,"description":null,"documentation_version":null,"region":"us-east-1","stage_name":"prod","tags":null,"tags_all":{"Managed":"terraform","Project":"url-shortener"},"variables":null,"xray_tracing_enabled":null},"sensitive_values":{"access_log_settings":[],"canary_settings":[],"tags_all":{}}},{"address":"aws_dynamodb_table.urldb","mode":"managed","type":"aws_dynamodb_table","name":"urldb","provider_name":"registry.terraform.io/hashicorp/aws","schema_version":1,"values":{"attribute":[{"name":"short_url_id","type":"S"}],"billing_mode":"PAY_PER_REQUEST","deletion_protection_enabled":null,"hash_key":"short_url_id","import_table":[],"local_secondary_index":[],"name":"URLDB","on_demand_throughput":[],"range_key":null,"region":"us-east-1","replica":[],"restore_date_time":null,"restore_source_name":null,"restore_source_table_arn":null,"restore_to_latest_time":null,"stream_enabled":null,"table_class":null,"tags":null,"tags_all":{"Managed":"terraform","Project":"url-shortener"},"timeouts":null,"ttl":[{"attribute_name":"ttl","enabled":true}]},"sensitive_values":{"attribute":[{}],"global_secondary_index":[],"global_table_witness":[],"import_table":[],"local_secondary_index":[],"on_demand_throughput":[],"point_in_time_recovery":[],"replica":[],"server_side_encryption":[],"tags_all":{},"ttl":[{}],"warm_throughput":[]}},{"address":"aws_iam_role.lambda","mode":"managed","type":"aws_iam_role","name":"lambda","provider_name":"registry.terraform.io/hashicorp/aws","schema_version":0,"values":{"assume_role_policy":"{\"Statement\":[{\"Action\":\"sts:AssumeRole\",\"Effect\":\"Allow\",\"Principal\":{\"Service\":\"lambda.amazonaws.com\"}}],\"Version\":\"2012-10-17\"}","description":null,"force_detach_policies":false,"max_session_duration":3600,"name_prefix":"url-shortener-lambda-","path":"/","permissions_boundary":null,"tags":null,"tags_all":{"Managed":"terraform","Project":"url-shortener"}},"sensitive_values":{"inline_policy":[],"managed_policy_arns":[],"tags_all":{}},"identity_schema_version":0,"identity":{"account_id":null,"name":null}},{"address":"aws_iam_role_policy.lambda_dynamodb","mode":"managed","type":"aws_iam_role_policy","name":"lambda_dynamodb","provider_name":"registry.terraform.io/hashicorp/aws","schema_version":0,"values":{"name_prefix":"url-shortener-ddb-"},"sensitive_values":{},"identity_schema_version":0,"identity":{"account_id":null,"name":null,"role":null}},{"address":"aws_lambda_function.app","mode":"managed","type":"aws_lambda_function","name":"app","provider_name":"registry.terraform.io/hashicorp/aws","schema_version":0,"values":{"capacity_provider_config":[],"code_signing_config_arn":null,"dead_letter_config":[],"description":null,"durable_config":[],"environment":[{"variables":{"AWS_REGION":"us-east-1","DYNAMODB_TABLE":"URLDB"}}],"file_system_config":[],"filename":"./build/lambda.zip","function_name":"url-shortener","handler":"lambda.handler","image_config":[],"image_uri":null,"kms_key_arn":null,"layers":null,"memory_size":128,"package_type":"Zip","publish":false,"publish_to":null,"region":"us-east-1","replace_security_groups_on_destroy":null,"replacement_security_group_ids":null,"reserved_concurrent_executions":-1,"runtime":"python3.11","s3_bucket":null,"s3_key":null,"s3_object_version":null,"skip_destroy":false,"snap_start":[],"source_code_hash":"HJVCjf0OPhWLcKje4uNlsP63jYcC9aJJDuu48AgRPH0=","source_kms_key_arn":null,"tags":null,"tags_all":{"Managed":"terraform","Project":"url-shortener"},"tenancy_config":[],"timeout":10,"timeouts":null,"vpc_config":[]},"sensitive_values":{"architectures":[],"capacity_provider_config":[],"dead_letter_config":[],"durable_config":[],"environment":[{"variables":{}}],"ephemeral_storage":[],"file_system_config":[],"image_config":[],"logging_config":[],"snap_start":[],"tags_all":{},"tenancy_config":[],"tracing_config":[],"vpc_config":[]},"identity_schema_version":0,"identity":{"account_id":null,"function_name":null,"region":null}},{"address":"aws_lambda_permission.apigw","mode":"managed","type":"aws_lambda_permission","name":"apigw","provider_name":"registry.terraform.io/hashicorp/aws","schema_version":0,"values":{"action":"lambda:InvokeFunction","event_source_token":null,"function_name":"url-shortener","function_url_auth_type":null,"invoked_via_function_url":null,"principal":"apigateway.amazonaws.com","principal_org_id":null,"qualifier":null,"region":"us-east-1","source_account":null,"statement_id":"AllowExecutionFromAPIGateway"},"sensitive_values":{},"identity_schema_version":0,"identity":{"account_id":null,"function_name":null,"qualifier":null,"region":null,"statement_id":null}},{"address":"aws_s3_bucket.static_site","mode":"managed","type":"aws_s3_bucket","name":"static_site","provider_name":"registry.terraform.io/hashicorp/aws","schema_version":0,"values":{"bucket_prefix":"url-shortener-static-","force_destroy":true,"region":"us-east-1","tags":null,"tags_all":{"Managed":"terraform","Project":"url-shortener"},"timeouts":null},"sensitive_values":{"cors_rule":[],"grant":[],"lifecycle_rule":[],"logging":[],"object_lock_configuration":[],"replication_configuration":[],"server_side_encryption_configuration":[],"tags_all":{},"versioning":[],"website":[]},"identity_schema_version":0,"identity":{"account_id":null,"bucket":null,"region":null}},{"address":"aws_s3_bucket_public_access_block.static_site","mode":"managed","type":"aws_s3_bucket_public_access_block","name":"static_site","provider_name":"registry.terraform.io/hashicorp/aws","schema_version":0,"values":{"block_public_acls":true,"block_public_policy":true,"ignore_public_acls":true,"region":"us-east-1","restrict_public_buckets":true,"skip_destroy":null},"sensitive_values":{},"identity_schema_version":0,"identity":{"account_id":null,"bucket":null,"region":null}},{"address":"aws_s3_bucket_website_configuration.static_site","mode":"managed","type":"aws_s3_bucket_website_configuration","name":"static_site","provider_name":"registry.terraform.io/hashicorp/aws","schema_version":0,"values":{"error_document":[],"expected_bucket_owner":null,"index_document":[{"suffix":"index.html"}],"redirect_all_requests_to":[],"region":"us-east-1"},"sensitive_values":{"error_document":[],"index_document":[{}],"redirect_all_requests_to":[],"routing_rule":[]},"identity_schema_version":0,"identity":{"account_id":null,"bucket":null,"expected_bucket_owner":null,"region":null}},{"address":"aws_s3_object.index","mode":"managed","type":"aws_s3_object","name":"index","provider_name":"registry.terraform.io/hashicorp/aws","schema_version":0,"values":{"cache_control":null,"checksum_algorithm":null,"content":null,"content_base64":null,"content_disposition":null,"content_encoding":null,"content_language":null,"content_type":"text/html","etag":"213399fe8a65c815446315920becef93","force_destroy":false,"key":"index.html","metadata":null,"object_lock_legal_hold_status":null,"object_lock_mode":null,"object_lock_retain_until_date":null,"override_provider":[],"region":"us-east-1","source":"./static/index.html","source_hash":null,"tags":null,"tags_all":{"Managed":"terraform","Project":"url-shortener"},"website_redirect":null},"sensitive_values":{"override_provider":[],"tags_all":{}},"identity_schema_version":0,"identity":{"account_id":null,"bucket":null,"key":null,"region":null}}]}},"resource_changes":[{"address":"aws_api_gateway_deployment.deployment","mode":"managed","type":"aws_api_gateway_deployment","name":"deployment","provider_name":"registry.terraform.io/hashicorp/aws","change":{"actions":["create"],"before":null,"after":{"description":null,"region":"us-east-1","variables":null},"after_unknown":{"created_date":true,"id":true,"rest_api_id":true,"triggers":true},"before_sensitive":false,"after_sensitive":{"triggers":{}}}},{"address":"aws_api_gateway_integration.proxy_any","mode":"managed","type":"aws_api_gateway_integration","name":"proxy_any","provider_name":"registry.terraform.io/hashicorp/aws","change":{"actions":["create"],"before":null,"after":{"cache_key_parameters":null,"connection_id":null,"connection_type":"INTERNET","content_handling":null,"credentials":null,"http_method":"ANY","integration_http_method":"POST","integration_target":null,"region":"us-east-1","request_parameters":null,"request_templates":null,"timeout_milliseconds":29000,"tls_config":[],"type":"AWS_PROXY"},"after_unknown":{"cache_namespace":true,"id":true,"passthrough_behavior":true,"resource_id":true,"response_transfer_mode":true,"rest_api_id":true,"tls_config":[],"uri":true},"before_sensitive":false,"after_sensitive":{"tls_config":[]}}},{"address":"aws_api_gateway_integration.root_any","mode":"managed","type":"aws_api_gateway_integration","name":"root_any","provider_name":"registry.terraform.io/hashicorp/aws","change":{"actions":["create"],"before":null,"after":{"cache_key_parameters":null,"connection_id":null,"connection_type":"INTERNET","content_handling":null,"credentials":null,"http_method":"ANY","integration_http_method":"POST","integration_target":null,"region":"us-east-1","request_parameters":null,"request_templates":null,"timeout_milliseconds":29000,"tls_config":[],"type":"AWS_PROXY"},"after_unknown":{"cache_namespace":true,"id":true,"passthrough_behavior":true,"resource_id":true,"response_transfer_mode":true,"rest_api_id":true,"tls_config":[],"uri":true},"before_sensitive":false,"after_sensitive":{"tls_config":[]}}},{"address":"aws_api_gateway_method.proxy_any","mode":"managed","type":"aws_api_gateway_method","name":"proxy_any","provider_name":"registry.terraform.io/hashicorp/aws","change":{"actions":["create"],"before":null,"after":{"api_key_required":false,"authorization":"NONE","authorization_scopes":null,"authorizer_id":null,"http_method":"ANY","operation_name":null,"region":"us-east-1","request_models":null,"request_parameters":null,"request_validator_id":null},"after_unknown":{"id":true,"resource_id":true,"rest_api_id":true},"before_sensitive":false,"after_sensitive":{}}},{"address":"aws_api_gateway_method.root_any","mode":"managed","type":"aws_api_gateway_method","name":"root_any","provider_name":"registry.terraform.io/hashicorp/aws","change":{"actions":["create"],"before":null,"after":{"api_key_required":false,"authorization":"NONE","authorization_scopes":null,"authorizer_id":null,"http_method":"ANY","operation_name":null,"region":"us-east-1","request_models":null,"request_parameters":null,"request_validator_id":null},"after_unknown":{"id":true,"resource_id":true,"rest_api_id":true},"before_sensitive":false,"after_sensitive":{}}},{"address":"aws_api_gateway_resource.proxy","mode":"managed","type":"aws_api_gateway_resource","name":"proxy","provider_name":"registry.terraform.io/hashicorp/aws","change":{"actions":["create"],"before":null,"after":{"path_part":"{proxy+}","region":"us-east-1"},"after_unknown":{"id":true,"parent_id":true,"path":true,"rest_api_id":true},"before_sensitive":false,"after_sensitive":{}}},{"address":"aws_api_gateway_rest_api.api","mode":"managed","type":"aws_api_gateway_rest_api","name":"api","provider_name":"registry.terraform.io/hashicorp/aws","change":{"actions":["create"],"before":null,"after":{"body":null,"fail_on_warnings":null,"name":"url-shortener-api","parameters":null,"put_rest_api_mode":null,"region":"us-east-1","tags":null,"tags_all":{"Managed":"terraform","Project":"url-shortener"}},"after_unknown":{"api_key_source":true,"arn":true,"binary_media_types":true,"created_date":true,"description":true,"disable_execute_api_endpoint":true,"endpoint_configuration":true,"execution_arn":true,"id":true,"minimum_compression_size":true,"policy":true,"root_resource_id":true,"tags_all":{}},"before_sensitive":false,"after_sensitive":{"binary_media_types":[],"endpoint_configuration":[],"tags_all":{}}}},{"address":"aws_api_gateway_stage.prod","mode":"managed","type":"aws_api_gateway_stage","name":"prod","provider_name":"registry.terraform.io/hashicorp/aws","change":{"actions":["create"],"before":null,"after":{"access_log_settings":[],"cache_cluster_enabled":null,"cache_cluster_size":null,"canary_settings":[],"client_certificate_id":null,"description":null,"documentation_version":null,"region":"us-east-1","stage_name":"prod","tags":null,"tags_all":{"Managed":"terraform","Project":"url-shortener"},"variables":null,"xray_tracing_enabled":null},"after_unknown":{"access_log_settings":[],"arn":true,"canary_settings":[],"deployment_id":true,"execution_arn":true,"id":true,"invoke_url":true,"rest_api_id":true,"tags_all":{},"web_acl_arn":true},"before_sensitive":false,"after_sensitive":{"access_log_settings":[],"canary_settings":[],"tags_all":{}}}},{"address":"aws_dynamodb_table.urldb","mode":"managed","type":"aws_dynamodb_table","name":"urldb","provider_name":"registry.terraform.io/hashicorp/aws","change":{"actions":["create"],"before":null,"after":{"attribute":[{"name":"short_url_id","type":"S"}],"billing_mode":"PAY_PER_REQUEST","deletion_protection_enabled":null,"hash_key":"short_url_id","import_table":[],"local_secondary_index":[],"name":"URLDB","on_demand_throughput":[],"range_key":null,"region":"us-east-1","replica":[],"restore_date_time":null,"restore_source_name":null,"restore_source_table_arn":null,"restore_to_latest_time":null,"stream_enabled":null,"table_class":null,"tags":null,"tags_all":{"Managed":"terraform","Project":"url-shortener"},"timeouts":null,"ttl":[{"attribute_name":"ttl","enabled":true}]},"after_unknown":{"arn":true,"attribute":[{}],"global_secondary_index":true,"global_table_witness":true,"id":true,"import_table":[],"local_secondary_index":[],"on_demand_throughput":[],"point_in_time_recovery":true,"read_capacity":true,"replica":[],"server_side_encryption":true,"stream_arn":true,"stream_label":true,"stream_view_type":true,"tags_all":{},"ttl":[{}],"warm_throughput":true,"write_capacity":true},"before_sensitive":false,"after_sensitive":{"attribute":[{}],"global_secondary_index":[],"global_table_witness":[],"import_table":[],"local_secondary_index":[],"on_demand_throughput":[],"point_in_time_recovery":[],"replica":[],"server_side_encryption":[],"tags_all":{},"ttl":[{}],"warm_throughput":[]}}},{"address":"aws_iam_role.lambda","mode":"managed","type":"aws_iam_role","name":"lambda","provider_name":"registry.terraform.io/hashicorp/aws","change":{"actions":["create"],"before":null,"after":{"assume_role_policy":"{\"Statement\":[{\"Action\":\"sts:AssumeRole\",\"Effect\":\"Allow\",\"Principal\":{\"Service\":\"lambda.amazonaws.com\"}}],\"Version\":\"2012-10-17\"}","description":null,"force_detach_policies":false,"max_session_duration":3600,"name_prefix":"url-shortener-lambda-","path":"/","permissions_boundary":null,"tags":null,"tags_all":{"Managed":"terraform","Project":"url-shortener"}},"after_unknown":{"arn":true,"create_date":true,"id":true,"inline_policy":true,"managed_policy_arns":true,"name":true,"tags_all":{},"unique_id":true},"before_sensitive":false,"after_sensitive":{"inline_policy":[],"managed_policy_arns":[],"tags_all":{}},"after_identity":{"account_id":null,"name":null}}},{"address":"aws_iam_role_policy.lambda_dynamodb","mode":"managed","type":"aws_iam_role_policy","name":"lambda_dynamodb","provider_name":"registry.terraform.io/hashicorp/aws","change":{"actions":["create"],"before":null,"after":{"name_prefix":"url-shortener-ddb-"},"after_unknown":{"id":true,"name":true,"policy":true,"role":true},"before_sensitive":false,"after_sensitive":{},"after_identity":{"account_id":null,"name":null,"role":null}}},{"address":"aws_lambda_function.app","mode":"managed","type":"aws_lambda_function","name":"app","provider_name":"registry.terraform.io/hashicorp/aws","change":{"actions":["create"],"before":null,"after":{"capacity_provider_config":[],"code_signing_config_arn":null,"dead_letter_config":[],"description":null,"durable_config":[],"environment":[{"variables":{"AWS_REGION":"us-east-1","DYNAMODB_TABLE":"URLDB"}}],"file_system_config":[],"filename":"./build/lambda.zip","function_name":"url-shortener","handler":"lambda.handler","image_config":[],"image_uri":null,"kms_key_arn":null,"layers":null,"memory_size":128,"package_type":"Zip","publish":false,"publish_to":null,"region":"us-east-1","replace_security_groups_on_destroy":null,"replacement_security_group_ids":null,"reserved_concurrent_executions":-1,"runtime":"python3.11","s3_bucket":null,"s3_key":null,"s3_object_version":null,"skip_destroy":false,"snap_start":[],"source_code_hash":"HJVCjf0OPhWLcKje4uNlsP63jYcC9aJJDuu48AgRPH0=","source_kms_key_arn":null,"tags":null,"tags_all":{"Managed":"terraform","Project":"url-shortener"},"tenancy_config":[],"timeout":10,"timeouts":null,"vpc_config":[]},"after_unknown":{"architectures":true,"arn":true,"capacity_provider_config":[],"code_sha256":true,"dead_letter_config":[],"durable_config":[],"environment":[{"variables":{}}],"ephemeral_storage":true,"file_system_config":[],"id":true,"image_config":[],"invoke_arn":true,"last_modified":true,"logging_config":true,"qualified_arn":true,"qualified_invoke_arn":true,"response_streaming_invoke_arn":true,"role":true,"signing_job_arn":true,"signing_profile_version_arn":true,"snap_start":[],"source_code_size":true,"tags_all":{},"tenancy_config":[],"tracing_config":true,"version":true,"vpc_config":[]},"before_sensitive":false,"after_sensitive":{"architectures":[],"capacity_provider_config":[],"dead_letter_config":[],"durable_config":[],"environment":[{"variables":{}}],"ephemeral_storage":[],"file_system_config":[],"image_config":[],"logging_config":[],"snap_start":[],"tags_all":{},"tenancy_config":[],"tracing_config":[],"vpc_config":[]},"after_identity":{"account_id":null,"function_name":null,"region":null}}},{"address":"aws_lambda_permission.apigw","mode":"managed","type":"aws_lambda_permission","name":"apigw","provider_name":"registry.terraform.io/hashicorp/aws","change":{"actions":["create"],"before":null,"after":{"action":"lambda:InvokeFunction","event_source_token":null,"function_name":"url-shortener","function_url_auth_type":null,"invoked_via_function_url":null,"principal":"apigateway.amazonaws.com","principal_org_id":null,"qualifier":null,"region":"us-east-1","source_account":null,"statement_id":"AllowExecutionFromAPIGateway"},"after_unknown":{"id":true,"source_arn":true,"statement_id_prefix":true},"before_sensitive":false,"after_sensitive":{},"after_identity":{"account_id":null,"function_name":null,"qualifier":null,"region":null,"statement_id":null}}},{"address":"aws_s3_bucket.static_site","mode":"managed","type":"aws_s3_bucket","name":"static_site","provider_name":"registry.terraform.io/hashicorp/aws","change":{"actions":["create"],"before":null,"after":{"bucket_prefix":"url-shortener-static-","force_destroy":true,"region":"us-east-1","tags":null,"tags_all":{"Managed":"terraform","Project":"url-shortener"},"timeouts":null},"after_unknown":{"acceleration_status":true,"acl":true,"arn":true,"bucket":true,"bucket_domain_name":true,"bucket_region":true,"bucket_regional_domain_name":true,"cors_rule":true,"grant":true,"hosted_zone_id":true,"id":true,"lifecycle_rule":true,"logging":true,"object_lock_configuration":true,"object_lock_enabled":true,"policy":true,"replication_configuration":true,"request_payer":true,"server_side_encryption_configuration":true,"tags_all":{},"versioning":true,"website":true,"website_domain":true,"website_endpoint":true},"before_sensitive":false,"after_sensitive":{"cors_rule":[],"grant":[],"lifecycle_rule":[],"logging":[],"object_lock_configuration":[],"replication_configuration":[],"server_side_encryption_configuration":[],"tags_all":{},"versioning":[],"website":[]},"after_identity":{"account_id":null,"bucket":null,"region":null}}},{"address":"aws_s3_bucket_public_access_block.static_site","mode":"managed","type":"aws_s3_bucket_public_access_block","name":"static_site","provider_name":"registry.terraform.io/hashicorp/aws","change":{"actions":["create"],"before":null,"after":{"block_public_acls":true,"block_public_policy":true,"ignore_public_acls":true,"region":"us-east-1","restrict_public_buckets":true,"skip_destroy":null},"after_unknown":{"bucket":true,"id":true},"before_sensitive":false,"after_sensitive":{},"after_identity":{"account_id":null,"bucket":null,"region":null}}},{"address":"aws_s3_bucket_website_configuration.static_site","mode":"managed","type":"aws_s3_bucket_website_configuration","name":"static_site","provider_name":"registry.terraform.io/hashicorp/aws","change":{"actions":["create"],"before":null,"after":{"error_document":[],"expected_bucket_owner":null,"index_document":[{"suffix":"index.html"}],"redirect_all_requests_to":[],"region":"us-east-1"},"after_unknown":{"bucket":true,"error_document":[],"id":true,"index_document":[{}],"redirect_all_requests_to":[],"routing_rule":true,"routing_rules":true,"website_domain":true,"website_endpoint":true},"before_sensitive":false,"after_sensitive":{"error_document":[],"index_document":[{}],"redirect_all_requests_to":[],"routing_rule":[]},"after_identity":{"account_id":null,"bucket":null,"expected_bucket_owner":null,"region":null}}},{"address":"aws_s3_object.index","mode":"managed","type":"aws_s3_object","name":"index","provider_name":"registry.terraform.io/hashicorp/aws","change":{"actions":["create"],"before":null,"after":{"cache_control":null,"checksum_algorithm":null,"content":null,"content_base64":null,"content_disposition":null,"content_encoding":null,"content_language":null,"content_type":"text/html","etag":"213399fe8a65c815446315920becef93","force_destroy":false,"key":"index.html","metadata":null,"object_lock_legal_hold_status":null,"object_lock_mode":null,"object_lock_retain_until_date":null,"override_provider":[],"region":"us-east-1","source":"./static/index.html","source_hash":null,"tags":null,"tags_all":{"Managed":"terraform","Project":"url-shortener"},"website_redirect":null},"after_unknown":{"acl":true,"arn":true,"bucket":true,"bucket_key_enabled":true,"checksum_crc32":true,"checksum_crc32c":true,"checksum_crc64nvme":true,"checksum_sha1":true,"checksum_sha256":true,"id":true,"kms_key_id":true,"override_provider":[],"server_side_encryption":true,"storage_class":true,"tags_all":{},"version_id":true},"before_sensitive":false,"after_sensitive":{"override_provider":[],"tags_all":{}},"after_identity":{"account_id":null,"bucket":null,"key":null,"region":null}}}],"output_changes":{"api_invoke_url":{"actions":["create"],"before":null,"after_unknown":true,"before_sensitive":false,"after_sensitive":false},"dynamodb_table_name":{"actions":["create"],"before":null,"after":"URLDB","after_unknown":false,"before_sensitive":false,"after_sensitive":false},"static_bucket_name":{"actions":["create"],"before":null,"after_unknown":true,"before_sensitive":false,"after_sensitive":false},"static_website_endpoint":{"actions":["create"],"before":null,"after_unknown":true,"before_sensitive":false,"after_sensitive":false}},"prior_state":{"format_version":"1.0","terraform_version":"1.13.5","values":{"outputs":{"dynamodb_table_name":{"sensitive":false,"value":"URLDB","type":"string"}},"root_module":{"resources":[{"address":"data.archive_file.lambda_dummy","mode":"data","type":"archive_file","name":"lambda_dummy","provider_name":"registry.terraform.io/hashicorp/archive","schema_version":0,"values":{"exclude_symlink_directories":null,"excludes":null,"id":"58e93fade67637870be5af38eff8d5aa66c7da49","output_base64sha256":"wmbalFzzY/wG3ivChKElOZB3+B4gptmQyIat05p+fU4=","output_base64sha512":"BQYAg1LwEY4tDmry1VoRx6StX0vjH+7LpfB5KAZLVvfJQjioPbBv1QxI6QF6P2U614fU3h9XKBCb9z5Y1ornqA==","output_file_mode":null,"output_md5":"a0dbd832a6a977d6d5b28ea5c85e30fb","output_path":"./.dummy/lambda.zip","output_sha":"58e93fade67637870be5af38eff8d5aa66c7da49","output_sha256":"c266da945cf363fc06de2bc284a125399077f81e20a6d990c886add39a7e7d4e","output_sha512":"0506008352f0118e2d0e6af2d55a11c7a4ad5f4be31feecba5f07928064b56f7c94238a83db06fd50c48e9017a3f653ad787d4de1f5728109bf73e58d68ae7a8","output_size":246,"source":[{"content":"exports.handler = async (event) =\u003e {\n  console.log(\"Dummy lambda invoked\");\n  return { statusCode: 200, body: \"dummy\" };\n};\n","filename":"index.js"}],"source_content":null,"source_content_filename":null,"source_dir":null,"source_file":null,"type":"zip"},"sensitive_values":{"source":[{}]}},{"address":"data.archive_file.lambda_zip","mode":"data","type":"archive_file","name":"lambda_zip","provider_name":"registry.terraform.io/hashicorp/archive","schema_version":0,"values":{"exclude_symlink_directories":null,"excludes":null,"id":"235776908bc89e8fe76b6ca0d5e4a14004c83644","output_base64sha256":"HJVCjf0OPhWLcKje4uNlsP63jYcC9aJJDuu48AgRPH0=","output_base64sha512":"8aA43SpDh7TFXoCvaSzjxgpNnPWydV0GquxIP1pI39WN3ue85GQHOeNVCuXHLeLPNxPOa7/WuCiVbFnpDvKCnA==","output_file_mode":null,"output_md5":"c538aece4a0294521a96e26f5672b3a5","output_path":"./build/lambda.zip","output_sha":"235776908bc89e8fe76b6ca0d5e4a14004c83644","output_sha256":"1c95428dfd0e3e158b70a8dee2e365b0feb78d8702f5a2490eebb8f008113c7d","output_sha512":"f1a038dd2a4387b4c55e80af692ce3c60a4d9cf5b2755d06aaec483f5a48dfd58ddee7bce4640739e3550ae5c72de2cf3713ce6bbfd6b828956c59e90ef2829c","output_size":752,"source":[],"source_content":null,"source_content_filename":null,"source_dir":"./lambda_src","source_file":null,"type":"zip"},"sensitive_values":{"source":[]}}]}}},"configuration":{"provider_config":{"archive":{"name":"archive","full_name":"registry.terraform.io/hashicorp/archive","version_constraint":"\u003e= 2.4.0"},"aws":{"name":"aws","full_name":"registry.terraform.io/hashicorp/aws","version_constraint":"\u003e= 5.0.0","expressions":{"default_tags":[{"tags":{"references":["var.app_name"]}}],"region":{"references":["var.aws_region"]}}}},"root_module":{"outputs":{"api_invoke_url":{"expression":{"references":["aws_api_gateway_stage.prod.invoke_url","aws_api_gateway_stage.prod"]},"description":"Base invoke URL for the REST API stage."},"dynamodb_table_name":{"expression":{"references":["aws_dynamodb_table.urldb.name","aws_dynamodb_table.urldb"]}},"static_bucket_name":{"expression":{"references":["aws_s3_bucket.static_site.bucket","aws_s3_bucket.static_site"]}},"static_website_endpoint":{"expression":{"references":["aws_s3_bucket_website_configuration.static_site.website_endpoint","aws_s3_bucket_website_configuration.static_site"]},"description":"S3 website endpoint (note: bucket is not public by default)."}},"resources":[{"address":"aws_api_gateway_deployment.deployment","mode":"managed","type":"aws_api_gateway_deployment","name":"deployment","provider_config_key":"aws","expressions":{"rest_api_id":{"references":["aws_api_gateway_rest_api.api.id","aws_api_gateway_rest_api.api"]},"triggers":{"references":["aws_api_gateway_method.proxy_any.id","aws_api_gateway_method.proxy_any","aws_api_gateway_method.root_any.id","aws_api_gateway_method.root_any","aws_lambda_function.app.source_code_hash","aws_lambda_function.app"]}},"schema_version":0,"depends_on":["aws_api_gateway_integration.proxy_any","aws_api_gateway_integration.root_any"]},{"address":"aws_api_gateway_integration.proxy_any","mode":"managed","type":"aws_api_gateway_integration","name":"proxy_any","provider_config_key":"aws","expressions":{"http_method":{"references":["aws_api_gateway_method.proxy_any.http_method","aws_api_gateway_method.proxy_any"]},"integration_http_method":{"constant_value":"POST"},"resource_id":{"references":["aws_api_gateway_resource.proxy.id","aws_api_gateway_resource.proxy"]},"rest_api_id":{"references":["aws_api_gateway_rest_api.api.id","aws_api_gateway_rest_api.api"]},"type":{"constant_value":"AWS_PROXY"},"uri":{"references":["aws_lambda_function.app.invoke_arn","aws_lambda_function.app"]}},"schema_version":0},{"address":"aws_api_gateway_integration.root_any","mode":"managed","type":"aws_api_gateway_integration","name":"root_any","provider_config_key":"aws","expressions":{"http_method":{"references":["aws_api_gateway_method.root_any.http_method","aws_api_gateway_method.root_any"]},"integration_http_method":{"constant_value":"POST"},"resource_id":{"references":["aws_api_gateway_rest_api.api.root_resource_id","aws_api_gateway_rest_api.api"]},"rest_api_id":{"references":["aws_api_gateway_rest_api.api.id","aws_api_gateway_rest_api.api"]},"type":{"constant_value":"AWS_PROXY"},"uri":{"references":["aws_lambda_function.app.invoke_arn","aws_lambda_function.app"]}},"schema_version":0},{"address":"aws_api_gateway_method.proxy_any","mode":"managed","type":"aws_api_gateway_method","name":"proxy_any","provider_config_key":"aws","expressions":{"authorization":{"constant_value":"NONE"},"http_method":{"constant_value":"ANY"},"resource_id":{"references":["aws_api_gateway_resource.proxy.id","aws_api_gateway_resource.proxy"]},"rest_api_id":{"references":["aws_api_gateway_rest_api.api.id","aws_api_gateway_rest_api.api"]}},"schema_version":0},{"address":"aws_api_gateway_method.root_any","mode":"managed","type":"aws_api_gateway_method","name":"root_any","provider_config_key":"aws","expressions":{"authorization":{"constant_value":"NONE"},"http_method":{"constant_value":"ANY"},"resource_id":{"references":["aws_api_gateway_rest_api.api.root_resource_id","aws_api_gateway_rest_api.api"]},"rest_api_id":{"references":["aws_api_gateway_rest_api.api.id","aws_api_gateway_rest_api.api"]}},"schema_version":0},{"address":"aws_api_gateway_resource.proxy","mode":"managed","type":"aws_api_gateway_resource","name":"proxy","provider_config_key":"aws","expressions":{"parent_id":{"references":["aws_api_gateway_rest_api.api.root_resource_id","aws_api_gateway_rest_api.api"]},"path_part":{"constant_value":"{proxy+}"},"rest_api_id":{"references":["aws_api_gateway_rest_api.api.id","aws_api_gateway_rest_api.api"]}},"schema_version":0},{"address":"aws_api_gateway_rest_api.api","mode":"managed","type":"aws_api_gateway_rest_api","name":"api","provider_config_key":"aws","expressions":{"name":{"references":["var.api_name"]}},"schema_version":0},{"address":"aws_api_gateway_stage.prod","mode":"managed","type":"aws_api_gateway_stage","name":"prod","provider_config_key":"aws","expressions":{"deployment_id":{"references":["aws_api_gateway_deployment.deployment.id","aws_api_gateway_deployment.deployment"]},"rest_api_id":{"references":["aws_api_gateway_rest_api.api.id","aws_api_gateway_rest_api.api"]},"stage_name":{"constant_value":"prod"}},"schema_version":0},{"address":"aws_dynamodb_table.urldb","mode":"managed","type":"aws_dynamodb_table","name":"urldb","provider_config_key":"aws","expressions":{"attribute":[{"name":{"constant_value":"short_url_id"},"type":{"constant_value":"S"}}],"billing_mode":{"constant_value":"PAY_PER_REQUEST"},"hash_key":{"constant_value":"short_url_id"},"name":{"references":["var.dynamodb_table_name"]},"ttl":[{"attribute_name":{"constant_value":"ttl"},"enabled":{"constant_value":true}}]},"schema_version":1},{"address":"aws_iam_role.lambda","mode":"managed","type":"aws_iam_role","name":"lambda","provider_config_key":"aws","expressions":{"assume_role_policy":{},"name_prefix":{"references":["var.app_name"]}},"schema_version":0},{"address":"aws_iam_role_policy.lambda_dynamodb","mode":"managed","type":"aws_iam_role_policy","name":"lambda_dynamodb","provider_config_key":"aws","expressions":{"name_prefix":{"references":["var.app_name"]},"policy":{"references":["aws_dynamodb_table.urldb.arn","aws_dynamodb_table.urldb"]},"role":{"references":["aws_iam_role.lambda.id","aws_iam_role.lambda"]}},"schema_version":0},{"address":"aws_lambda_function.app","mode":"managed","type":"aws_lambda_function","name":"app","provider_config_key":"aws","expressions":{"environment":[{"variables":{"references":["var.dynamodb_table_name","var.aws_region"]}}],"filename":{"references":["data.archive_file.lambda_zip.output_path","data.archive_file.lambda_zip"]},"function_name":{"references":["var.lambda_function_name"]},"handler":{"constant_value":"lambda.handler"},"role":{"references":["aws_iam_role.lambda.arn","aws_iam_role.lambda"]},"runtime":{"constant_value":"python3.11"},"source_code_hash":{"references":["data.archive_file.lambda_zip.output_base64sha256","data.archive_file.lambda_zip"]},"timeout":{"constant_value":10}},"schema_version":0,"depends_on":["aws_iam_role_policy.lambda_dynamodb"]},{"address":"aws_lambda_permission.apigw","mode":"managed","type":"aws_lambda_permission","name":"apigw","provider_config_key":"aws","expressions":{"action":{"constant_value":"lambda:InvokeFunction"},"function_name":{"references":["aws_lambda_function.app.function_name","aws_lambda_function.app"]},"principal":{"constant_value":"apigateway.amazonaws.com"},"source_arn":{"references":["aws_api_gateway_rest_api.api.execution_arn","aws_api_gateway_rest_api.api"]},"statement_id":{"constant_value":"AllowExecutionFromAPIGateway"}},"schema_version":0},{"address":"aws_s3_bucket.static_site","mode":"managed","type":"aws_s3_bucket","name":"static_site","provider_config_key":"aws","expressions":{"bucket_prefix":{"references":["var.app_name"]},"force_destroy":{"constant_value":true}},"schema_version":0},{"address":"aws_s3_bucket_public_access_block.static_site","mode":"managed","type":"aws_s3_bucket_public_access_block","name":"static_site","provider_config_key":"aws","expressions":{"block_public_acls":{"constant_value":true},"block_public_policy":{"constant_value":true},"bucket":{"references":["aws_s3_bucket.static_site.id","aws_s3_bucket.static_site"]},"ignore_public_acls":{"constant_value":true},"restrict_public_buckets":{"constant_value":true}},"schema_version":0},{"address":"aws_s3_bucket_website_configuration.static_site","mode":"managed","type":"aws_s3_bucket_website_configuration","name":"static_site","provider_config_key":"aws","expressions":{"bucket":{"references":["aws_s3_bucket.static_site.id","aws_s3_bucket.static_site"]},"index_document":[{"suffix":{"constant_value":"index.html"}}]},"schema_version":0},{"address":"aws_s3_object.index","mode":"managed","type":"aws_s3_object","name":"index","provider_config_key":"aws","expressions":{"bucket":{"references":["aws_s3_bucket.static_site.id","aws_s3_bucket.static_site"]},"content_type":{"constant_value":"text/html"},"etag":{"references":["path.module"]},"key":{"constant_value":"index.html"},"source":{"references":["path.module"]}},"schema_version":0},{"address":"data.archive_file.lambda_dummy","mode":"data","type":"archive_file","name":"lambda_dummy","provider_config_key":"archive","expressions":{"output_path":{"references":["local.lambda_dummy_zip"]},"source":[{"content":{"constant_value":"exports.handler = async (event) =\u003e {\n  console.log(\"Dummy lambda invoked\");\n  return { statusCode: 200, body: \"dummy\" };\n};\n"},"filename":{"constant_value":"index.js"}}],"type":{"constant_value":"zip"}},"schema_version":0},{"address":"data.archive_file.lambda_zip","mode":"data","type":"archive_file","name":"lambda_zip","provider_config_key":"archive","expressions":{"output_path":{"references":["path.module"]},"source_dir":{"references":["local.lambda_src_dir"]},"type":{"constant_value":"zip"}},"schema_version":0}],"variables":{"api_name":{"default":"url-shortener-api","description":"API Gateway REST API name."},"app_name":{"default":"url-shortener","description":"Application name used for naming/tagging."},"aws_region":{"default":"us-east-1","description":"AWS region to deploy into."},"dynamodb_table_name":{"default":"URLDB","description":"DynamoDB table name used by the Lambda function. Must match application code expectations."},"lambda_function_name":{"default":"url-shortener","description":"Lambda function name."}}}},"relevant_attributes":[{"resource":"aws_lambda_function.app","attribute":["function_name"]},{"resource":"aws_api_gateway_method.proxy_any","attribute":["id"]},{"resource":"aws_lambda_function.app","attribute":["invoke_arn"]},{"resource":"aws_api_gateway_method.root_any","attribute":["http_method"]},{"resource":"aws_dynamodb_table.urldb","attribute":["arn"]},{"resource":"aws_lambda_function.app","attribute":["source_code_hash"]},{"resource":"aws_s3_bucket.static_site","attribute":["bucket"]},{"resource":"aws_api_gateway_deployment.deployment","attribute":["id"]},{"resource":"aws_api_gateway_method.proxy_any","attribute":["http_method"]},{"resource":"aws_iam_role.lambda","attribute":["id"]},{"resource":"aws_s3_bucket.static_site","attribute":["id"]},{"resource":"aws_s3_bucket_website_configuration.static_site","attribute":["website_endpoint"]},{"resource":"data.archive_file.lambda_zip","attribute":["output_path"]},{"resource":"aws_api_gateway_rest_api.api","attribute":["root_resource_id"]},{"resource":"aws_api_gateway_method.root_any","attribute":["id"]},{"resource":"data.archive_file.lambda_zip","attribute":["output_base64sha256"]},{"resource":"aws_api_gateway_resource.proxy","attribute":["id"]},{"resource":"aws_api_gateway_rest_api.api","attribute":["id"]},{"resource":"aws_api_gateway_stage.prod","attribute":["invoke_url"]},{"resource":"aws_dynamodb_table.urldb","attribute":["name"]},{"resource":"aws_api_gateway_rest_api.api","attribute":["execution_arn"]},{"resource":"aws_iam_role.lambda","attribute":["arn"]}],"timestamp":"2026-01-25T12:35:13Z","applyable":true,"complete":true,"errored":false}
