data.archive_file.lambda_dummy: Reading...
data.archive_file.lambda_dummy: Read complete after 0s [id=58e93fade67637870be5af38eff8d5aa66c7da49]
data.aws_iam_policy_document.lambda_assume_role: Reading...
data.aws_caller_identity.current: Reading...
data.aws_iam_policy_document.lambda_assume_role: Read complete after 0s [id=2690255455]
data.aws_caller_identity.current: Read complete after 0s [id=000000000000]

Terraform used the selected providers to generate the following execution
plan. Resource actions are indicated with the following symbols:
  + create
 <= read (data resources)

Terraform will perform the following actions:

  # data.aws_iam_policy_document.lambda_policy will be read during apply
  # (config refers to values not yet known)
 <= data "aws_iam_policy_document" "lambda_policy" {
      + id            = (known after apply)
      + json          = (known after apply)
      + minified_json = (known after apply)

      + statement {
          + actions   = [
              + "s3:ListBucket",
            ]
          + effect    = "Allow"
          + resources = [
              + (known after apply),
            ]
          + sid       = "AllowListBucket"
        }
      + statement {
          + actions   = [
              + "logs:CreateLogGroup",
              + "logs:CreateLogStream",
              + "logs:PutLogEvents",
            ]
          + effect    = "Allow"
          + resources = [
              + "arn:aws:logs:ap-south-1:000000000000:log-group:/aws/lambda/lambda-api-dev:*",
            ]
          + sid       = "AllowCloudWatchLogs"
        }
    }

  # aws_apigatewayv2_api.http will be created
  + resource "aws_apigatewayv2_api" "http" {
      + api_endpoint                 = (known after apply)
      + api_key_selection_expression = "$request.header.x-api-key"
      + arn                          = (known after apply)
      + execution_arn                = (known after apply)
      + id                           = (known after apply)
      + ip_address_type              = (known after apply)
      + name                         = "lambda-api-dev-http-api"
      + protocol_type                = "HTTP"
      + region                       = "ap-south-1"
      + route_selection_expression   = "$request.method $request.path"
      + tags_all                     = {
          + "Environment" = "dev"
          + "ManagedBy"   = "terraform"
          + "Project"     = "lambda-api"
        }
    }

  # aws_apigatewayv2_integration.lambda will be created
  + resource "aws_apigatewayv2_integration" "lambda" {
      + api_id                                    = (known after apply)
      + connection_type                           = "INTERNET"
      + id                                        = (known after apply)
      + integration_response_selection_expression = (known after apply)
      + integration_type                          = "AWS_PROXY"
      + integration_uri                           = (known after apply)
      + payload_format_version                    = "2.0"
      + region                                    = "ap-south-1"
      + timeout_milliseconds                      = (known after apply)
    }

  # aws_apigatewayv2_route.folder will be created
  + resource "aws_apigatewayv2_route" "folder" {
      + api_id             = (known after apply)
      + api_key_required   = false
      + authorization_type = "NONE"
      + id                 = (known after apply)
      + region             = "ap-south-1"
      + route_key          = "GET /list-bucket-content/{folder}"
      + target             = (known after apply)
    }

  # aws_apigatewayv2_route.root will be created
  + resource "aws_apigatewayv2_route" "root" {
      + api_id             = (known after apply)
      + api_key_required   = false
      + authorization_type = "NONE"
      + id                 = (known after apply)
      + region             = "ap-south-1"
      + route_key          = "GET /list-bucket-content"
      + target             = (known after apply)
    }

  # aws_apigatewayv2_stage.this will be created
  + resource "aws_apigatewayv2_stage" "this" {
      + api_id        = (known after apply)
      + arn           = (known after apply)
      + auto_deploy   = true
      + deployment_id = (known after apply)
      + execution_arn = (known after apply)
      + id            = (known after apply)
      + invoke_url    = (known after apply)
      + name          = "v1"
      + region        = "ap-south-1"
      + tags_all      = {
          + "Environment" = "dev"
          + "ManagedBy"   = "terraform"
          + "Project"     = "lambda-api"
        }

      + access_log_settings {
          + destination_arn = (known after apply)
          + format          = jsonencode(
                {
                  + httpMethod              = "$context.httpMethod"
                  + integrationErrorMessage = "$context.integrationErrorMessage"
                  + ip                      = "$context.identity.sourceIp"
                  + protocol                = "$context.protocol"
                  + requestId               = "$context.requestId"
                  + requestTime             = "$context.requestTime"
                  + responseLength          = "$context.responseLength"
                  + routeKey                = "$context.routeKey"
                  + status                  = "$context.status"
                }
            )
        }
    }

  # aws_cloudwatch_log_group.apigw will be created
  + resource "aws_cloudwatch_log_group" "apigw" {
      + arn                         = (known after apply)
      + deletion_protection_enabled = (known after apply)
      + id                          = (known after apply)
      + log_group_class             = (known after apply)
      + name                        = "/aws/apigateway/lambda-api-dev-http-api"
      + name_prefix                 = (known after apply)
      + region                      = "ap-south-1"
      + retention_in_days           = 14
      + skip_destroy                = false
      + tags_all                    = {
          + "Environment" = "dev"
          + "ManagedBy"   = "terraform"
          + "Project"     = "lambda-api"
        }
    }

  # aws_cloudwatch_log_group.lambda will be created
  + resource "aws_cloudwatch_log_group" "lambda" {
      + arn                         = (known after apply)
      + deletion_protection_enabled = (known after apply)
      + id                          = (known after apply)
      + log_group_class             = (known after apply)
      + name                        = "/aws/lambda/lambda-api-dev"
      + name_prefix                 = (known after apply)
      + region                      = "ap-south-1"
      + retention_in_days           = 14
      + skip_destroy                = false
      + tags_all                    = {
          + "Environment" = "dev"
          + "ManagedBy"   = "terraform"
          + "Project"     = "lambda-api"
        }
    }

  # aws_iam_policy.lambda will be created
  + resource "aws_iam_policy" "lambda" {
      + arn              = (known after apply)
      + attachment_count = (known after apply)
      + id               = (known after apply)
      + name             = "lambda-api-dev-lambda-policy"
      + name_prefix      = (known after apply)
      + path             = "/"
      + policy           = (known after apply)
      + policy_id        = (known after apply)
      + tags_all         = {
          + "Environment" = "dev"
          + "ManagedBy"   = "terraform"
          + "Project"     = "lambda-api"
        }
    }

  # aws_iam_role.lambda will be created
  + resource "aws_iam_role" "lambda" {
      + arn                   = (known after apply)
      + assume_role_policy    = jsonencode(
            {
              + Statement = [
                  + {
                      + Action    = "sts:AssumeRole"
                      + Effect    = "Allow"
                      + Principal = {
                          + Service = "lambda.amazonaws.com"
                        }
                    },
                ]
              + Version   = "2012-10-17"
            }
        )
      + create_date           = (known after apply)
      + force_detach_policies = false
      + id                    = (known after apply)
      + managed_policy_arns   = (known after apply)
      + max_session_duration  = 3600
      + name                  = "lambda-api-dev-lambda-role"
      + name_prefix           = (known after apply)
      + path                  = "/"
      + tags_all              = {
          + "Environment" = "dev"
          + "ManagedBy"   = "terraform"
          + "Project"     = "lambda-api"
        }
      + unique_id             = (known after apply)

      + inline_policy (known after apply)
    }

  # aws_iam_role_policy_attachment.lambda will be created
  + resource "aws_iam_role_policy_attachment" "lambda" {
      + id         = (known after apply)
      + policy_arn = (known after apply)
      + role       = "lambda-api-dev-lambda-role"
    }

  # aws_lambda_function.this will be created
  + resource "aws_lambda_function" "this" {
      + architectures                  = (known after apply)
      + arn                            = (known after apply)
      + code_sha256                    = (known after apply)
      + filename                       = "../lambda_function.zip"
      + function_name                  = "lambda-api-dev"
      + handler                        = "lambda_function.lambda_handler"
      + id                             = (known after apply)
      + invoke_arn                     = (known after apply)
      + last_modified                  = (known after apply)
      + memory_size                    = 128
      + package_type                   = "Zip"
      + publish                        = false
      + qualified_arn                  = (known after apply)
      + qualified_invoke_arn           = (known after apply)
      + region                         = "ap-south-1"
      + reserved_concurrent_executions = -1
      + response_streaming_invoke_arn  = (known after apply)
      + role                           = (known after apply)
      + runtime                        = "python3.12"
      + signing_job_arn                = (known after apply)
      + signing_profile_version_arn    = (known after apply)
      + skip_destroy                   = false
      + source_code_hash               = "DGQDmAQhPbzC6+aeIPBjXT+VSkyWHicrjmWl8dW4HAs="
      + source_code_size               = (known after apply)
      + tags_all                       = {
          + "Environment" = "dev"
          + "ManagedBy"   = "terraform"
          + "Project"     = "lambda-api"
        }
      + timeout                        = 10
      + version                        = (known after apply)

      + environment {
          + variables = {
              + "BUCKET_NAME" = "ai-tf"
            }
        }

      + ephemeral_storage (known after apply)

      + logging_config (known after apply)

      + tracing_config (known after apply)
    }

  # aws_lambda_permission.apigw will be created
  + resource "aws_lambda_permission" "apigw" {
      + action              = "lambda:InvokeFunction"
      + function_name       = "lambda-api-dev"
      + id                  = (known after apply)
      + principal           = "apigateway.amazonaws.com"
      + region              = "ap-south-1"
      + source_arn          = (known after apply)
      + statement_id        = "AllowExecutionFromAPIGatewayV2"
      + statement_id_prefix = (known after apply)
    }

  # aws_s3_bucket.data will be created
  + resource "aws_s3_bucket" "data" {
      + acceleration_status         = (known after apply)
      + acl                         = (known after apply)
      + arn                         = (known after apply)
      + bucket                      = "ai-tf"
      + bucket_domain_name          = (known after apply)
      + bucket_prefix               = (known after apply)
      + bucket_region               = (known after apply)
      + bucket_regional_domain_name = (known after apply)
      + force_destroy               = false
      + hosted_zone_id              = (known after apply)
      + id                          = (known after apply)
      + object_lock_enabled         = (known after apply)
      + policy                      = (known after apply)
      + region                      = "ap-south-1"
      + request_payer               = (known after apply)
      + tags_all                    = {
          + "Environment" = "dev"
          + "ManagedBy"   = "terraform"
          + "Project"     = "lambda-api"
        }
      + website_domain              = (known after apply)
      + website_endpoint            = (known after apply)

      + cors_rule (known after apply)

      + grant (known after apply)

      + lifecycle_rule (known after apply)

      + logging (known after apply)

      + object_lock_configuration (known after apply)

      + replication_configuration (known after apply)

      + server_side_encryption_configuration (known after apply)

      + versioning (known after apply)

      + website (known after apply)
    }

  # aws_s3_bucket_public_access_block.data will be created
  + resource "aws_s3_bucket_public_access_block" "data" {
      + block_public_acls       = true
      + block_public_policy     = true
      + bucket                  = (known after apply)
      + id                      = (known after apply)
      + ignore_public_acls      = true
      + region                  = "ap-south-1"
      + restrict_public_buckets = true
    }

  # aws_s3_bucket_server_side_encryption_configuration.data will be created
  + resource "aws_s3_bucket_server_side_encryption_configuration" "data" {
      + bucket = (known after apply)
      + id     = (known after apply)
      + region = "ap-south-1"

      + rule {
          + blocked_encryption_types = []

          + apply_server_side_encryption_by_default {
              + sse_algorithm     = "AES256"
                # (1 unchanged attribute hidden)
            }
        }
    }

  # aws_s3_bucket_versioning.data will be created
  + resource "aws_s3_bucket_versioning" "data" {
      + bucket = (known after apply)
      + id     = (known after apply)
      + region = "ap-south-1"

      + versioning_configuration {
          + mfa_delete = (known after apply)
          + status     = "Enabled"
        }
    }

Plan: 16 to add, 0 to change, 0 to destroy.

Changes to Outputs:
  + api_base_url         = (known after apply)
  + api_route            = (known after apply)
  + bucket_name          = "ai-tf"
  + lambda_function_name = "lambda-api-dev"
aws_cloudwatch_log_group.apigw: Creating...
aws_iam_role.lambda: Creating...
aws_apigatewayv2_api.http: Creating...
aws_cloudwatch_log_group.lambda: Creating...
aws_s3_bucket.data: Creating...
aws_iam_role.lambda: Creation complete after 0s [id=lambda-api-dev-lambda-role]
aws_apigatewayv2_api.http: Creation complete after 1s [id=9bf0c466]
aws_cloudwatch_log_group.apigw: Creation complete after 1s [id=/aws/apigateway/lambda-api-dev-http-api]
aws_cloudwatch_log_group.lambda: Creation complete after 1s [id=/aws/lambda/lambda-api-dev]
aws_apigatewayv2_stage.this: Creating...
aws_apigatewayv2_stage.this: Creation complete after 0s [id=v1]
aws_s3_bucket.data: Still creating... [00m10s elapsed]
aws_s3_bucket.data: Still creating... [00m20s elapsed]
aws_s3_bucket.data: Still creating... [00m30s elapsed]
aws_s3_bucket.data: Still creating... [00m40s elapsed]
aws_s3_bucket.data: Still creating... [00m50s elapsed]
aws_s3_bucket.data: Still creating... [01m00s elapsed]
aws_s3_bucket.data: Still creating... [01m10s elapsed]
aws_s3_bucket.data: Still creating... [01m20s elapsed]
aws_s3_bucket.data: Still creating... [01m30s elapsed]
aws_s3_bucket.data: Still creating... [01m40s elapsed]
aws_s3_bucket.data: Still creating... [01m50s elapsed]
aws_s3_bucket.data: Still creating... [02m00s elapsed]
aws_s3_bucket.data: Still creating... [02m10s elapsed]
aws_s3_bucket.data: Still creating... [02m20s elapsed]
aws_s3_bucket.data: Still creating... [02m30s elapsed]
aws_s3_bucket.data: Still creating... [02m40s elapsed]
aws_s3_bucket.data: Still creating... [02m50s elapsed]
