data.archive_file.lambda_dummy: Reading...
data.archive_file.lambda_zip: Reading...
data.archive_file.lambda_dummy: Read complete after 0s [id=58e93fade67637870be5af38eff8d5aa66c7da49]
data.archive_file.lambda_zip: Read complete after 0s [id=277b2dcb5f2cee4476e147cbd303f2b94ad0bad0]
data.aws_region.current: Reading...
data.aws_partition.current: Reading...
data.aws_caller_identity.current: Reading...
data.aws_region.current: Read complete after 0s [id=us-east-1]
data.aws_partition.current: Read complete after 0s [id=aws]
data.aws_caller_identity.current: Read complete after 0s [id=000000000000]

Terraform used the selected providers to generate the following execution
plan. Resource actions are indicated with the following symbols:
  + create

Terraform will perform the following actions:

  # aws_cloudwatch_event_rule.schedule will be created
  + resource "aws_cloudwatch_event_rule" "schedule" {
      + arn                 = (known after apply)
      + description         = "Schedule to run aws-iam-gitops"
      + event_bus_name      = "default"
      + force_destroy       = false
      + id                  = (known after apply)
      + name                = "aws-iam-gitops-schedule"
      + name_prefix         = (known after apply)
      + region              = "us-east-1"
      + schedule_expression = "rate(1 day)"
      + tags_all            = {
          + "Managed" = "terraform"
          + "Project" = "aws-iam-gitops"
        }
    }

  # aws_cloudwatch_event_target.lambda will be created
  + resource "aws_cloudwatch_event_target" "lambda" {
      + arn            = (known after apply)
      + event_bus_name = "default"
      + force_destroy  = false
      + id             = (known after apply)
      + region         = "us-east-1"
      + rule           = "aws-iam-gitops-schedule"
      + target_id      = "lambda"
    }

  # aws_iam_policy.lambda_permissions will be created
  + resource "aws_iam_policy" "lambda_permissions" {
      + arn              = (known after apply)
      + attachment_count = (known after apply)
      + description      = "Permissions for aws-iam-gitops lambda to read IAM and Organizations SCPs"
      + id               = (known after apply)
      + name             = "aws-iam-gitops-lambda-permissions"
      + name_prefix      = (known after apply)
      + path             = "/"
      + policy           = jsonencode(
            {
              + Statement = [
                  + {
                      + Action   = [
                          + "iam:ListRoles",
                          + "iam:ListPolicies",
                        ]
                      + Effect   = "Allow"
                      + Resource = "*"
                      + Sid      = "IamRead"
                    },
                  + {
                      + Action   = [
                          + "organizations:ListPolicies",
                          + "organizations:DescribePolicy",
                        ]
                      + Effect   = "Allow"
                      + Resource = "*"
                      + Sid      = "OrgsRead"
                    },
                ]
              + Version   = "2012-10-17"
            }
        )
      + policy_id        = (known after apply)
      + tags_all         = {
          + "Managed" = "terraform"
          + "Project" = "aws-iam-gitops"
        }
    }

  # aws_iam_role.lambda will be created
  + resource "aws_iam_role" "lambda" {
      + arn                   = (known after apply)
      + assume_role_policy    = jsonencode(
            {
              + Statement = [
                  + {
                      + Action    = "sts:AssumeRole"
                      + Effect    = "Allow"
                      + Principal = {
                          + Service = "lambda.amazonaws.com"
                        }
                    },
                ]
              + Version   = "2012-10-17"
            }
        )
      + create_date           = (known after apply)
      + force_detach_policies = false
      + id                    = (known after apply)
      + managed_policy_arns   = (known after apply)
      + max_session_duration  = 3600
      + name                  = "aws-iam-gitops-lambda-role"
      + name_prefix           = (known after apply)
      + path                  = "/"
      + tags_all              = {
          + "Managed" = "terraform"
          + "Project" = "aws-iam-gitops"
        }
      + unique_id             = (known after apply)

      + inline_policy (known after apply)
    }

  # aws_iam_role_policy_attachment.basic will be created
  + resource "aws_iam_role_policy_attachment" "basic" {
      + id         = (known after apply)
      + policy_arn = "arn:aws:iam::aws:policy/service-role/AWSLambdaBasicExecutionRole"
      + role       = "aws-iam-gitops-lambda-role"
    }

  # aws_iam_role_policy_attachment.lambda_permissions will be created
  + resource "aws_iam_role_policy_attachment" "lambda_permissions" {
      + id         = (known after apply)
      + policy_arn = (known after apply)
      + role       = "aws-iam-gitops-lambda-role"
    }

  # aws_lambda_function.this will be created
  + resource "aws_lambda_function" "this" {
      + architectures                  = (known after apply)
      + arn                            = (known after apply)
      + code_sha256                    = (known after apply)
      + filename                       = "./build/lambda.zip"
      + function_name                  = "aws-iam-gitops"
      + handler                        = "lambda_function.handler"
      + id                             = (known after apply)
      + invoke_arn                     = (known after apply)
      + last_modified                  = (known after apply)
      + memory_size                    = 128
      + package_type                   = "Zip"
      + publish                        = false
      + qualified_arn                  = (known after apply)
      + qualified_invoke_arn           = (known after apply)
      + region                         = "us-east-1"
      + reserved_concurrent_executions = -1
      + response_streaming_invoke_arn  = (known after apply)
      + role                           = (known after apply)
      + runtime                        = "python3.11"
      + signing_job_arn                = (known after apply)
      + signing_profile_version_arn    = (known after apply)
      + skip_destroy                   = false
      + source_code_hash               = "JVX5LBp2ljy1Fuo7seDm9JHPHRBHf/DXkZXWMLQUIps="
      + source_code_size               = (known after apply)
      + tags_all                       = {
          + "Managed" = "terraform"
          + "Project" = "aws-iam-gitops"
        }
      + timeout                        = 120
      + version                        = (known after apply)

      + ephemeral_storage (known after apply)

      + logging_config (known after apply)

      + tracing_config (known after apply)
    }

  # aws_lambda_permission.allow_eventbridge will be created
  + resource "aws_lambda_permission" "allow_eventbridge" {
      + action              = "lambda:InvokeFunction"
      + function_name       = "aws-iam-gitops"
      + id                  = (known after apply)
      + principal           = "events.amazonaws.com"
      + region              = "us-east-1"
      + source_arn          = (known after apply)
      + statement_id        = "AllowExecutionFromEventBridge"
      + statement_id_prefix = (known after apply)
    }

Plan: 8 to add, 0 to change, 0 to destroy.

Changes to Outputs:
  + eventbridge_rule_name = "aws-iam-gitops-schedule"
  + iam_role_arn          = (known after apply)
  + lambda_function_name  = "aws-iam-gitops"
aws_cloudwatch_event_rule.schedule: Creating...
aws_iam_role.lambda: Creating...
aws_iam_policy.lambda_permissions: Creating...
aws_cloudwatch_event_rule.schedule: Creation complete after 0s [id=aws-iam-gitops-schedule]
aws_iam_policy.lambda_permissions: Creation complete after 0s [id=arn:aws:iam::000000000000:policy/aws-iam-gitops-lambda-permissions]
aws_iam_role.lambda: Creation complete after 0s [id=aws-iam-gitops-lambda-role]
aws_iam_role_policy_attachment.basic: Creating...
aws_iam_role_policy_attachment.lambda_permissions: Creating...
aws_lambda_function.this: Creating...
aws_iam_role_policy_attachment.basic: Creation complete after 0s [id=aws-iam-gitops-lambda-role/arn:aws:iam::aws:policy/service-role/AWSLambdaBasicExecutionRole]
aws_iam_role_policy_attachment.lambda_permissions: Creation complete after 0s [id=aws-iam-gitops-lambda-role/arn:aws:iam::000000000000:policy/aws-iam-gitops-lambda-permissions]
aws_lambda_function.this: Creation complete after 7s [id=aws-iam-gitops]
aws_lambda_permission.allow_eventbridge: Creating...
aws_cloudwatch_event_target.lambda: Creating...
aws_lambda_permission.allow_eventbridge: Creation complete after 0s [id=AllowExecutionFromEventBridge]
aws_cloudwatch_event_target.lambda: Creation complete after 0s [id=aws-iam-gitops-schedule-lambda]

Apply complete! Resources: 8 added, 0 changed, 0 destroyed.

Outputs:

eventbridge_rule_name = "aws-iam-gitops-schedule"
iam_role_arn = "arn:aws:iam::000000000000:role/aws-iam-gitops-lambda-role"
lambda_function_name = "aws-iam-gitops"
