{"format_version":"1.2","terraform_version":"1.13.5","variables":{"app_name":{"value":"aws-iam-gitops"},"github_repo":{"value":"ai-basis-tf"},"github_token":{"value":"ai-basis-tf"},"github_username":{"value":"ai-basis-tf"},"lambda_timeout":{"value":120},"region":{"value":"us-east-1"},"schedule_expression":{"value":"rate(1 day)"}},"planned_values":{"outputs":{"eventbridge_rule_name":{"sensitive":false,"type":"string","value":"aws-iam-gitops-schedule"},"iam_role_arn":{"sensitive":false},"lambda_function_name":{"sensitive":false,"type":"string","value":"aws-iam-gitops"}},"root_module":{"resources":[{"address":"aws_cloudwatch_event_rule.schedule","mode":"managed","type":"aws_cloudwatch_event_rule","name":"schedule","provider_name":"registry.terraform.io/hashicorp/aws","schema_version":1,"values":{"description":"Schedule to run aws-iam-gitops","event_bus_name":"default","event_pattern":null,"force_destroy":false,"is_enabled":null,"name":"aws-iam-gitops-schedule","region":"us-east-1","role_arn":null,"schedule_expression":"rate(1 day)","state":null,"tags":null,"tags_all":{"Managed":"terraform","Project":"aws-iam-gitops"}},"sensitive_values":{"tags_all":{}},"identity_schema_version":0,"identity":{"account_id":null,"name":null,"region":null}},{"address":"aws_cloudwatch_event_target.lambda","mode":"managed","type":"aws_cloudwatch_event_target","name":"lambda","provider_name":"registry.terraform.io/hashicorp/aws","schema_version":1,"values":{"appsync_target":[],"batch_target":[],"dead_letter_config":[],"ecs_target":[],"event_bus_name":"default","force_destroy":false,"http_target":[],"input":null,"input_path":null,"input_transformer":[],"kinesis_target":[],"redshift_target":[],"region":"us-east-1","retry_policy":[],"role_arn":null,"rule":"aws-iam-gitops-schedule","run_command_targets":[],"sagemaker_pipeline_target":[],"sqs_target":[],"target_id":"lambda"},"sensitive_values":{"appsync_target":[],"batch_target":[],"dead_letter_config":[],"ecs_target":[],"http_target":[],"input_transformer":[],"kinesis_target":[],"redshift_target":[],"retry_policy":[],"run_command_targets":[],"sagemaker_pipeline_target":[],"sqs_target":[]},"identity_schema_version":0,"identity":{"account_id":null,"event_bus_name":null,"region":null,"rule":null,"target_id":null}},{"address":"aws_iam_policy.lambda_permissions","mode":"managed","type":"aws_iam_policy","name":"lambda_permissions","provider_name":"registry.terraform.io/hashicorp/aws","schema_version":0,"values":{"delay_after_policy_creation_in_ms":null,"description":"Permissions for aws-iam-gitops lambda to read IAM and Organizations SCPs","name":"aws-iam-gitops-lambda-permissions","path":"/","policy":"{\"Statement\":[{\"Action\":[\"iam:ListRoles\",\"iam:ListPolicies\"],\"Effect\":\"Allow\",\"Resource\":\"*\",\"Sid\":\"IamRead\"},{\"Action\":[\"organizations:ListPolicies\",\"organizations:DescribePolicy\"],\"Effect\":\"Allow\",\"Resource\":\"*\",\"Sid\":\"OrgsRead\"}],\"Version\":\"2012-10-17\"}","tags":null,"tags_all":{"Managed":"terraform","Project":"aws-iam-gitops"}},"sensitive_values":{"tags_all":{}},"identity_schema_version":0,"identity":{"arn":null}},{"address":"aws_iam_role.lambda","mode":"managed","type":"aws_iam_role","name":"lambda","provider_name":"registry.terraform.io/hashicorp/aws","schema_version":0,"values":{"assume_role_policy":"{\"Statement\":[{\"Action\":\"sts:AssumeRole\",\"Effect\":\"Allow\",\"Principal\":{\"Service\":\"lambda.amazonaws.com\"}}],\"Version\":\"2012-10-17\"}","description":null,"force_detach_policies":false,"max_session_duration":3600,"name":"aws-iam-gitops-lambda-role","path":"/","permissions_boundary":null,"tags":null,"tags_all":{"Managed":"terraform","Project":"aws-iam-gitops"}},"sensitive_values":{"inline_policy":[],"managed_policy_arns":[],"tags_all":{}},"identity_schema_version":0,"identity":{"account_id":null,"name":null}},{"address":"aws_iam_role_policy_attachment.basic","mode":"managed","type":"aws_iam_role_policy_attachment","name":"basic","provider_name":"registry.terraform.io/hashicorp/aws","schema_version":0,"values":{"policy_arn":"arn:aws:iam::aws:policy/service-role/AWSLambdaBasicExecutionRole","role":"aws-iam-gitops-lambda-role"},"sensitive_values":{},"identity_schema_version":0,"identity":{"account_id":null,"policy_arn":null,"role":null}},{"address":"aws_iam_role_policy_attachment.lambda_permissions","mode":"managed","type":"aws_iam_role_policy_attachment","name":"lambda_permissions","provider_name":"registry.terraform.io/hashicorp/aws","schema_version":0,"values":{"role":"aws-iam-gitops-lambda-role"},"sensitive_values":{},"identity_schema_version":0,"identity":{"account_id":null,"policy_arn":null,"role":null}},{"address":"aws_lambda_function.this","mode":"managed","type":"aws_lambda_function","name":"this","provider_name":"registry.terraform.io/hashicorp/aws","schema_version":0,"values":{"capacity_provider_config":[],"code_signing_config_arn":null,"dead_letter_config":[],"description":null,"durable_config":[],"environment":[],"file_system_config":[],"filename":"./build/lambda.zip","function_name":"aws-iam-gitops","handler":"lambda_function.handler","image_config":[],"image_uri":null,"kms_key_arn":null,"layers":null,"memory_size":128,"package_type":"Zip","publish":false,"publish_to":null,"region":"us-east-1","replace_security_groups_on_destroy":null,"replacement_security_group_ids":null,"reserved_concurrent_executions":-1,"runtime":"python3.11","s3_bucket":null,"s3_key":null,"s3_object_version":null,"skip_destroy":false,"snap_start":[],"source_code_hash":"JVX5LBp2ljy1Fuo7seDm9JHPHRBHf/DXkZXWMLQUIps=","source_kms_key_arn":null,"tags":null,"tags_all":{"Managed":"terraform","Project":"aws-iam-gitops"},"tenancy_config":[],"timeout":120,"timeouts":null,"vpc_config":[]},"sensitive_values":{"architectures":[],"capacity_provider_config":[],"dead_letter_config":[],"durable_config":[],"environment":[],"ephemeral_storage":[],"file_system_config":[],"image_config":[],"logging_config":[],"snap_start":[],"tags_all":{},"tenancy_config":[],"tracing_config":[],"vpc_config":[]},"identity_schema_version":0,"identity":{"account_id":null,"function_name":null,"region":null}},{"address":"aws_lambda_permission.allow_eventbridge","mode":"managed","type":"aws_lambda_permission","name":"allow_eventbridge","provider_name":"registry.terraform.io/hashicorp/aws","schema_version":0,"values":{"action":"lambda:InvokeFunction","event_source_token":null,"function_name":"aws-iam-gitops","function_url_auth_type":null,"invoked_via_function_url":null,"principal":"events.amazonaws.com","principal_org_id":null,"qualifier":null,"region":"us-east-1","source_account":null,"statement_id":"AllowExecutionFromEventBridge"},"sensitive_values":{},"identity_schema_version":0,"identity":{"account_id":null,"function_name":null,"qualifier":null,"region":null,"statement_id":null}}]}},"resource_changes":[{"address":"aws_cloudwatch_event_rule.schedule","mode":"managed","type":"aws_cloudwatch_event_rule","name":"schedule","provider_name":"registry.terraform.io/hashicorp/aws","change":{"actions":["create"],"before":null,"after":{"description":"Schedule to run aws-iam-gitops","event_bus_name":"default","event_pattern":null,"force_destroy":false,"is_enabled":null,"name":"aws-iam-gitops-schedule","region":"us-east-1","role_arn":null,"schedule_expression":"rate(1 day)","state":null,"tags":null,"tags_all":{"Managed":"terraform","Project":"aws-iam-gitops"}},"after_unknown":{"arn":true,"id":true,"name_prefix":true,"tags_all":{}},"before_sensitive":false,"after_sensitive":{"tags_all":{}},"after_identity":{"account_id":null,"name":null,"region":null}}},{"address":"aws_cloudwatch_event_target.lambda","mode":"managed","type":"aws_cloudwatch_event_target","name":"lambda","provider_name":"registry.terraform.io/hashicorp/aws","change":{"actions":["create"],"before":null,"after":{"appsync_target":[],"batch_target":[],"dead_letter_config":[],"ecs_target":[],"event_bus_name":"default","force_destroy":false,"http_target":[],"input":null,"input_path":null,"input_transformer":[],"kinesis_target":[],"redshift_target":[],"region":"us-east-1","retry_policy":[],"role_arn":null,"rule":"aws-iam-gitops-schedule","run_command_targets":[],"sagemaker_pipeline_target":[],"sqs_target":[],"target_id":"lambda"},"after_unknown":{"appsync_target":[],"arn":true,"batch_target":[],"dead_letter_config":[],"ecs_target":[],"http_target":[],"id":true,"input_transformer":[],"kinesis_target":[],"redshift_target":[],"retry_policy":[],"run_command_targets":[],"sagemaker_pipeline_target":[],"sqs_target":[]},"before_sensitive":false,"after_sensitive":{"appsync_target":[],"batch_target":[],"dead_letter_config":[],"ecs_target":[],"http_target":[],"input_transformer":[],"kinesis_target":[],"redshift_target":[],"retry_policy":[],"run_command_targets":[],"sagemaker_pipeline_target":[],"sqs_target":[]},"after_identity":{"account_id":null,"event_bus_name":null,"region":null,"rule":null,"target_id":null}}},{"address":"aws_iam_policy.lambda_permissions","mode":"managed","type":"aws_iam_policy","name":"lambda_permissions","provider_name":"registry.terraform.io/hashicorp/aws","change":{"actions":["create"],"before":null,"after":{"delay_after_policy_creation_in_ms":null,"description":"Permissions for aws-iam-gitops lambda to read IAM and Organizations SCPs","name":"aws-iam-gitops-lambda-permissions","path":"/","policy":"{\"Statement\":[{\"Action\":[\"iam:ListRoles\",\"iam:ListPolicies\"],\"Effect\":\"Allow\",\"Resource\":\"*\",\"Sid\":\"IamRead\"},{\"Action\":[\"organizations:ListPolicies\",\"organizations:DescribePolicy\"],\"Effect\":\"Allow\",\"Resource\":\"*\",\"Sid\":\"OrgsRead\"}],\"Version\":\"2012-10-17\"}","tags":null,"tags_all":{"Managed":"terraform","Project":"aws-iam-gitops"}},"after_unknown":{"arn":true,"attachment_count":true,"id":true,"name_prefix":true,"policy_id":true,"tags_all":{}},"before_sensitive":false,"after_sensitive":{"tags_all":{}},"after_identity":{"arn":null}}},{"address":"aws_iam_role.lambda","mode":"managed","type":"aws_iam_role","name":"lambda","provider_name":"registry.terraform.io/hashicorp/aws","change":{"actions":["create"],"before":null,"after":{"assume_role_policy":"{\"Statement\":[{\"Action\":\"sts:AssumeRole\",\"Effect\":\"Allow\",\"Principal\":{\"Service\":\"lambda.amazonaws.com\"}}],\"Version\":\"2012-10-17\"}","description":null,"force_detach_policies":false,"max_session_duration":3600,"name":"aws-iam-gitops-lambda-role","path":"/","permissions_boundary":null,"tags":null,"tags_all":{"Managed":"terraform","Project":"aws-iam-gitops"}},"after_unknown":{"arn":true,"create_date":true,"id":true,"inline_policy":true,"managed_policy_arns":true,"name_prefix":true,"tags_all":{},"unique_id":true},"before_sensitive":false,"after_sensitive":{"inline_policy":[],"managed_policy_arns":[],"tags_all":{}},"after_identity":{"account_id":null,"name":null}}},{"address":"aws_iam_role_policy_attachment.basic","mode":"managed","type":"aws_iam_role_policy_attachment","name":"basic","provider_name":"registry.terraform.io/hashicorp/aws","change":{"actions":["create"],"before":null,"after":{"policy_arn":"arn:aws:iam::aws:policy/service-role/AWSLambdaBasicExecutionRole","role":"aws-iam-gitops-lambda-role"},"after_unknown":{"id":true},"before_sensitive":false,"after_sensitive":{},"after_identity":{"account_id":null,"policy_arn":null,"role":null}}},{"address":"aws_iam_role_policy_attachment.lambda_permissions","mode":"managed","type":"aws_iam_role_policy_attachment","name":"lambda_permissions","provider_name":"registry.terraform.io/hashicorp/aws","change":{"actions":["create"],"before":null,"after":{"role":"aws-iam-gitops-lambda-role"},"after_unknown":{"id":true,"policy_arn":true},"before_sensitive":false,"after_sensitive":{},"after_identity":{"account_id":null,"policy_arn":null,"role":null}}},{"address":"aws_lambda_function.this","mode":"managed","type":"aws_lambda_function","name":"this","provider_name":"registry.terraform.io/hashicorp/aws","change":{"actions":["create"],"before":null,"after":{"capacity_provider_config":[],"code_signing_config_arn":null,"dead_letter_config":[],"description":null,"durable_config":[],"environment":[],"file_system_config":[],"filename":"./build/lambda.zip","function_name":"aws-iam-gitops","handler":"lambda_function.handler","image_config":[],"image_uri":null,"kms_key_arn":null,"layers":null,"memory_size":128,"package_type":"Zip","publish":false,"publish_to":null,"region":"us-east-1","replace_security_groups_on_destroy":null,"replacement_security_group_ids":null,"reserved_concurrent_executions":-1,"runtime":"python3.11","s3_bucket":null,"s3_key":null,"s3_object_version":null,"skip_destroy":false,"snap_start":[],"source_code_hash":"JVX5LBp2ljy1Fuo7seDm9JHPHRBHf/DXkZXWMLQUIps=","source_kms_key_arn":null,"tags":null,"tags_all":{"Managed":"terraform","Project":"aws-iam-gitops"},"tenancy_config":[],"timeout":120,"timeouts":null,"vpc_config":[]},"after_unknown":{"architectures":true,"arn":true,"capacity_provider_config":[],"code_sha256":true,"dead_letter_config":[],"durable_config":[],"environment":[],"ephemeral_storage":true,"file_system_config":[],"id":true,"image_config":[],"invoke_arn":true,"last_modified":true,"logging_config":true,"qualified_arn":true,"qualified_invoke_arn":true,"response_streaming_invoke_arn":true,"role":true,"signing_job_arn":true,"signing_profile_version_arn":true,"snap_start":[],"source_code_size":true,"tags_all":{},"tenancy_config":[],"tracing_config":true,"version":true,"vpc_config":[]},"before_sensitive":false,"after_sensitive":{"architectures":[],"capacity_provider_config":[],"dead_letter_config":[],"durable_config":[],"environment":[],"ephemeral_storage":[],"file_system_config":[],"image_config":[],"logging_config":[],"snap_start":[],"tags_all":{},"tenancy_config":[],"tracing_config":[],"vpc_config":[]},"after_identity":{"account_id":null,"function_name":null,"region":null}}},{"address":"aws_lambda_permission.allow_eventbridge","mode":"managed","type":"aws_lambda_permission","name":"allow_eventbridge","provider_name":"registry.terraform.io/hashicorp/aws","change":{"actions":["create"],"before":null,"after":{"action":"lambda:InvokeFunction","event_source_token":null,"function_name":"aws-iam-gitops","function_url_auth_type":null,"invoked_via_function_url":null,"principal":"events.amazonaws.com","principal_org_id":null,"qualifier":null,"region":"us-east-1","source_account":null,"statement_id":"AllowExecutionFromEventBridge"},"after_unknown":{"id":true,"source_arn":true,"statement_id_prefix":true},"before_sensitive":false,"after_sensitive":{},"after_identity":{"account_id":null,"function_name":null,"qualifier":null,"region":null,"statement_id":null}}}],"output_changes":{"eventbridge_rule_name":{"actions":["create"],"before":null,"after":"aws-iam-gitops-schedule","after_unknown":false,"before_sensitive":false,"after_sensitive":false},"iam_role_arn":{"actions":["create"],"before":null,"after_unknown":true,"before_sensitive":false,"after_sensitive":false},"lambda_function_name":{"actions":["create"],"before":null,"after":"aws-iam-gitops","after_unknown":false,"before_sensitive":false,"after_sensitive":false}},"prior_state":{"format_version":"1.0","terraform_version":"1.13.5","values":{"outputs":{"eventbridge_rule_name":{"sensitive":false,"value":"aws-iam-gitops-schedule","type":"string"},"lambda_function_name":{"sensitive":false,"value":"aws-iam-gitops","type":"string"}},"root_module":{"resources":[{"address":"data.archive_file.lambda_dummy","mode":"data","type":"archive_file","name":"lambda_dummy","provider_name":"registry.terraform.io/hashicorp/archive","schema_version":0,"values":{"exclude_symlink_directories":null,"excludes":null,"id":"58e93fade67637870be5af38eff8d5aa66c7da49","output_base64sha256":"wmbalFzzY/wG3ivChKElOZB3+B4gptmQyIat05p+fU4=","output_base64sha512":"BQYAg1LwEY4tDmry1VoRx6StX0vjH+7LpfB5KAZLVvfJQjioPbBv1QxI6QF6P2U614fU3h9XKBCb9z5Y1ornqA==","output_file_mode":null,"output_md5":"a0dbd832a6a977d6d5b28ea5c85e30fb","output_path":"./.dummy/lambda.zip","output_sha":"58e93fade67637870be5af38eff8d5aa66c7da49","output_sha256":"c266da945cf363fc06de2bc284a125399077f81e20a6d990c886add39a7e7d4e","output_sha512":"0506008352f0118e2d0e6af2d55a11c7a4ad5f4be31feecba5f07928064b56f7c94238a83db06fd50c48e9017a3f653ad787d4de1f5728109bf73e58d68ae7a8","output_size":246,"source":[{"content":"exports.handler = async (event) =\u003e {\n  console.log(\"Dummy lambda invoked\");\n  return { statusCode: 200, body: \"dummy\" };\n};\n","filename":"index.js"}],"source_content":null,"source_content_filename":null,"source_dir":null,"source_file":null,"type":"zip"},"sensitive_values":{"source":[{}]}},{"address":"data.archive_file.lambda_zip","mode":"data","type":"archive_file","name":"lambda_zip","provider_name":"registry.terraform.io/hashicorp/archive","schema_version":0,"values":{"exclude_symlink_directories":null,"excludes":null,"id":"277b2dcb5f2cee4476e147cbd303f2b94ad0bad0","output_base64sha256":"JVX5LBp2ljy1Fuo7seDm9JHPHRBHf/DXkZXWMLQUIps=","output_base64sha512":"3Wnwrl6f4rJy6wjRo4SyuZ4WLNbcsd8zzbB39s3/pNhkR0tF9RNv4bCGx5RGTZae0Y9GwxHEj1AIvM3RyvfZRw==","output_file_mode":null,"output_md5":"9c3290b844c8d8faeb63d2a8e74f2e8d","output_path":"./build/lambda.zip","output_sha":"277b2dcb5f2cee4476e147cbd303f2b94ad0bad0","output_sha256":"2555f92c1a76963cb516ea3bb1e0e6f491cf1d10477ff0d79195d630b414229b","output_sha512":"dd69f0ae5e9fe2b272eb08d1a384b2b99e162cd6dcb1df33cdb077f6cdffa4d864474b45f5136fe1b086c794464d969ed18f46c311c48f5008bccdd1caf7d947","output_size":1330,"source":[{"content":"import json\nimport boto3\nimport os\nfrom random import randrange\n\ndef prettify_json(obj):\n    if isinstance(obj, dict):\n        for key, value in obj.items():\n            if isinstance(value, str):\n                try:\n                    value = json.loads(value)\n                except json.JSONDecodeError:\n                    pass\n            obj[key] = prettify_json(value)\n    elif isinstance(obj, list):\n        obj = [prettify_json(value) for value in obj]\n    return obj\n\ndef handler(event, context):\n\n    # AWS clients\n    iam = boto3.client('iam')\n    orgs = boto3.client('organizations')\n\n    # GitHub credentials\n    github_username = \"ai-basis-tf\"\n    github_token = \"ai-basis-tf\"\n    github_repo_name = \"ai-basis-tf\"\n\n    random_string = str(randrange(100, 100000))\n    local_repo = f\"/tmp/{random_string}\"\n\n    # Clone the repo\n    repo_url = f\"https://{github_username}:{github_token}@github.com/{github_username}/{github_repo_name}.git\"\n    clone_command = f\"git clone --depth 1 {repo_url} {local_repo}\"\n    os.system(clone_command)\n\n    # Change directory to the cloned repo\n    os.chdir(f\"{local_repo}\")\n\n    # Set Git user.name and user.email\n    os.system(f\"git config user.name {github_username}\")\n    os.system(f\"git config user.email {github_username}@notexist.com\")\n\n    # Remove existing folders\n    folders_to_remove = [\"roles\", \"policies\", \"scps\"]\n    for folder in folders_to_remove:\n        os.system(f\"rm -rf {folder}\")\n\n    # Create new folders and populate them\n    for client, category in [(iam, \"roles\"), (iam, \"policies\"), (orgs, \"scps\")]:\n        os.makedirs(category, exist_ok=True)\n        items = []\n        if category == \"roles\":\n            paginator = client.get_paginator('list_roles')\n            for page in paginator.paginate():\n                items.extend(page['Roles'])\n        elif category == \"policies\":\n            paginator = client.get_paginator('list_policies')\n            for page in paginator.paginate(Scope='All'):\n                items.extend(page['Policies'])\n        else:  # category == \"scps\"\n            paginator = orgs.get_paginator('list_policies')\n            for page in paginator.paginate(Filter='SERVICE_CONTROL_POLICY'):\n                items.extend(page['Policies'])\n            for item in items:\n                policy_detail = orgs.describe_policy(PolicyId=item['Id'])\n                item.update(policy_detail['Policy'])\n\n        for item in items:\n            file_name = f\"{item['RoleName']}.json\" if category == \"roles\" else f\"{item['PolicyName']}.json\" if category == \"policies\" else f\"{item['Id']}.json\"\n            with open(f\"{category}/{file_name}\", \"w\") as f:\n                json.dump(prettify_json(item), f, default=str, indent=4)\n\n    # Add and commit changes\n    os.system(\"git add .\")\n    commit_message = \"AWS IAM commit from lambda\"\n    os.system(f\"git commit -m '{commit_message}'\")\n\n    # Push changes\n    os.system(\"git push origin main\")\n    os.chdir(\"..\")\n    os.system(f\"rm -rf {local_repo}\")\n\n    return {\n        'statusCode': 200,\n        'body': json.dumps(\"Successful. Check your Github! https://github.com/{0}\".format(\"/\".join([github_username, github_repo_name])))\n    }\n","filename":"lambda_function.py"}],"source_content":null,"source_content_filename":null,"source_dir":null,"source_file":null,"type":"zip"},"sensitive_values":{"source":true}},{"address":"data.aws_caller_identity.current","mode":"data","type":"aws_caller_identity","name":"current","provider_name":"registry.terraform.io/hashicorp/aws","schema_version":0,"values":{"account_id":"000000000000","arn":"arn:aws:iam::000000000000:root","id":"000000000000","user_id":"AKIAIOSFODNN7EXAMPLE"},"sensitive_values":{}},{"address":"data.aws_partition.current","mode":"data","type":"aws_partition","name":"current","provider_name":"registry.terraform.io/hashicorp/aws","schema_version":0,"values":{"dns_suffix":"amazonaws.com","id":"aws","partition":"aws","reverse_dns_prefix":"com.amazonaws"},"sensitive_values":{}},{"address":"data.aws_region.current","mode":"data","type":"aws_region","name":"current","provider_name":"registry.terraform.io/hashicorp/aws","schema_version":0,"values":{"description":"US East (N. Virginia)","endpoint":"ec2.us-east-1.amazonaws.com","id":"us-east-1","name":"us-east-1","region":"us-east-1"},"sensitive_values":{}}]}}},"configuration":{"provider_config":{"archive":{"name":"archive","full_name":"registry.terraform.io/hashicorp/archive","version_constraint":"\u003e= 2.4.0"},"aws":{"name":"aws","full_name":"registry.terraform.io/hashicorp/aws","version_constraint":"\u003e= 5.0.0","expressions":{"default_tags":[{"tags":{"references":["var.app_name"]}}],"region":{"references":["var.region"]}}}},"root_module":{"outputs":{"eventbridge_rule_name":{"expression":{"references":["aws_cloudwatch_event_rule.schedule.name","aws_cloudwatch_event_rule.schedule"]},"description":"EventBridge schedule rule name"},"iam_role_arn":{"expression":{"references":["aws_iam_role.lambda.arn","aws_iam_role.lambda"]},"description":"IAM role assumed by the Lambda"},"lambda_function_name":{"expression":{"references":["aws_lambda_function.this.function_name","aws_lambda_function.this"]},"description":"Deployed Lambda function name"}},"resources":[{"address":"aws_cloudwatch_event_rule.schedule","mode":"managed","type":"aws_cloudwatch_event_rule","name":"schedule","provider_config_key":"aws","expressions":{"description":{"references":["local.name"]},"name":{"references":["local.name"]},"schedule_expression":{"references":["var.schedule_expression"]}},"schema_version":1},{"address":"aws_cloudwatch_event_target.lambda","mode":"managed","type":"aws_cloudwatch_event_target","name":"lambda","provider_config_key":"aws","expressions":{"arn":{"references":["aws_lambda_function.this.arn","aws_lambda_function.this"]},"rule":{"references":["aws_cloudwatch_event_rule.schedule.name","aws_cloudwatch_event_rule.schedule"]},"target_id":{"constant_value":"lambda"}},"schema_version":1},{"address":"aws_iam_policy.lambda_permissions","mode":"managed","type":"aws_iam_policy","name":"lambda_permissions","provider_config_key":"aws","expressions":{"description":{"constant_value":"Permissions for aws-iam-gitops lambda to read IAM and Organizations SCPs"},"name":{"references":["local.name"]},"policy":{}},"schema_version":0},{"address":"aws_iam_role.lambda","mode":"managed","type":"aws_iam_role","name":"lambda","provider_config_key":"aws","expressions":{"assume_role_policy":{},"name":{"references":["local.name"]}},"schema_version":0},{"address":"aws_iam_role_policy_attachment.basic","mode":"managed","type":"aws_iam_role_policy_attachment","name":"basic","provider_config_key":"aws","expressions":{"policy_arn":{"references":["data.aws_partition.current.partition","data.aws_partition.current"]},"role":{"references":["aws_iam_role.lambda.name","aws_iam_role.lambda"]}},"schema_version":0},{"address":"aws_iam_role_policy_attachment.lambda_permissions","mode":"managed","type":"aws_iam_role_policy_attachment","name":"lambda_permissions","provider_config_key":"aws","expressions":{"policy_arn":{"references":["aws_iam_policy.lambda_permissions.arn","aws_iam_policy.lambda_permissions"]},"role":{"references":["aws_iam_role.lambda.name","aws_iam_role.lambda"]}},"schema_version":0},{"address":"aws_lambda_function.this","mode":"managed","type":"aws_lambda_function","name":"this","provider_config_key":"aws","expressions":{"filename":{"references":["data.archive_file.lambda_zip.output_path","data.archive_file.lambda_zip"]},"function_name":{"references":["local.name"]},"handler":{"constant_value":"lambda_function.handler"},"role":{"references":["aws_iam_role.lambda.arn","aws_iam_role.lambda"]},"runtime":{"constant_value":"python3.11"},"source_code_hash":{"references":["data.archive_file.lambda_zip.output_base64sha256","data.archive_file.lambda_zip"]},"timeout":{"references":["var.lambda_timeout"]}},"schema_version":0},{"address":"aws_lambda_permission.allow_eventbridge","mode":"managed","type":"aws_lambda_permission","name":"allow_eventbridge","provider_config_key":"aws","expressions":{"action":{"constant_value":"lambda:InvokeFunction"},"function_name":{"references":["aws_lambda_function.this.function_name","aws_lambda_function.this"]},"principal":{"constant_value":"events.amazonaws.com"},"source_arn":{"references":["aws_cloudwatch_event_rule.schedule.arn","aws_cloudwatch_event_rule.schedule"]},"statement_id":{"constant_value":"AllowExecutionFromEventBridge"}},"schema_version":0},{"address":"data.archive_file.lambda_dummy","mode":"data","type":"archive_file","name":"lambda_dummy","provider_config_key":"archive","expressions":{"output_path":{"references":["local.lambda_dummy_zip"]},"source":[{"content":{"constant_value":"exports.handler = async (event) =\u003e {\n  console.log(\"Dummy lambda invoked\");\n  return { statusCode: 200, body: \"dummy\" };\n};\n"},"filename":{"constant_value":"index.js"}}],"type":{"constant_value":"zip"}},"schema_version":0},{"address":"data.archive_file.lambda_zip","mode":"data","type":"archive_file","name":"lambda_zip","provider_config_key":"archive","expressions":{"output_path":{"references":["path.module"]},"source":[{"content":{"references":["path.module","var.github_username","var.github_repo","var.github_token"]},"filename":{"constant_value":"lambda_function.py"}}],"type":{"constant_value":"zip"}},"schema_version":0},{"address":"data.aws_caller_identity.current","mode":"data","type":"aws_caller_identity","name":"current","provider_config_key":"aws","schema_version":0},{"address":"data.aws_partition.current","mode":"data","type":"aws_partition","name":"current","provider_config_key":"aws","schema_version":0},{"address":"data.aws_region.current","mode":"data","type":"aws_region","name":"current","provider_config_key":"aws","schema_version":0}],"variables":{"app_name":{"default":"aws-iam-gitops","description":"Name prefix for resources"},"github_repo":{"description":"GitHub repository name to push IAM exports into"},"github_token":{"description":"GitHub token with write access to the repo","sensitive":true},"github_username":{"description":"GitHub username that owns the repo"},"lambda_timeout":{"default":120,"description":"Lambda timeout in seconds"},"region":{"default":"us-east-1","description":"AWS region"},"schedule_expression":{"default":"rate(1 day)","description":"EventBridge schedule expression"}}}},"relevant_attributes":[{"resource":"aws_iam_policy.lambda_permissions","attribute":["arn"]},{"resource":"aws_iam_role.lambda","attribute":["name"]},{"resource":"data.archive_file.lambda_zip","attribute":["output_path"]},{"resource":"aws_iam_role.lambda","attribute":["arn"]},{"resource":"aws_cloudwatch_event_rule.schedule","attribute":["arn"]},{"resource":"data.archive_file.lambda_zip","attribute":["output_base64sha256"]},{"resource":"aws_cloudwatch_event_rule.schedule","attribute":["name"]},{"resource":"data.aws_partition.current","attribute":["partition"]},{"resource":"aws_lambda_function.this","attribute":["arn"]},{"resource":"aws_lambda_function.this","attribute":["function_name"]}],"timestamp":"2026-01-27T02:45:14Z","applyable":true,"complete":true,"errored":false}
