{"format_version":"1.2","terraform_version":"1.13.5","variables":{"aws_profile":{"value":""},"aws_region":{"value":"us-east-1"},"bucket_name":{"value":"s3-bucket-workshop-1001-pyday"},"create_iam_user":{"value":false},"enable_versioning":{"value":true},"iam_user_name":{"value":"user1001"},"images_prefix":{"value":"imagenes/"},"tags":{"value":{"Managed":"terraform","Project":"aws-boto3-workshop"}}},"planned_values":{"outputs":{"bucket_arn":{"sensitive":false},"bucket_name":{"sensitive":false,"type":"string","value":"s3-bucket-workshop-1001-pyday"},"iam_user_name":{"sensitive":false,"type":"dynamic","value":null},"images_prefix":{"sensitive":false,"type":"string","value":"imagenes/"}},"root_module":{"resources":[{"address":"aws_s3_bucket.workshop","mode":"managed","type":"aws_s3_bucket","name":"workshop","provider_name":"registry.terraform.io/hashicorp/aws","schema_version":0,"values":{"bucket":"s3-bucket-workshop-1001-pyday","force_destroy":false,"tags":null,"tags_all":{"Managed":"terraform","Project":"aws-boto3-workshop"},"timeouts":null},"sensitive_values":{"cors_rule":[],"grant":[],"lifecycle_rule":[],"logging":[],"object_lock_configuration":[],"replication_configuration":[],"server_side_encryption_configuration":[],"tags_all":{},"versioning":[],"website":[]}},{"address":"aws_s3_bucket_ownership_controls.workshop","mode":"managed","type":"aws_s3_bucket_ownership_controls","name":"workshop","provider_name":"registry.terraform.io/hashicorp/aws","schema_version":0,"values":{"rule":[{"object_ownership":"BucketOwnerEnforced"}]},"sensitive_values":{"rule":[{}]}},{"address":"aws_s3_bucket_policy.workshop","mode":"managed","type":"aws_s3_bucket_policy","name":"workshop","provider_name":"registry.terraform.io/hashicorp/aws","schema_version":0,"sensitive_values":{}},{"address":"aws_s3_bucket_public_access_block.workshop","mode":"managed","type":"aws_s3_bucket_public_access_block","name":"workshop","provider_name":"registry.terraform.io/hashicorp/aws","schema_version":0,"values":{"block_public_acls":true,"block_public_policy":true,"ignore_public_acls":true,"restrict_public_buckets":true},"sensitive_values":{}},{"address":"aws_s3_bucket_server_side_encryption_configuration.workshop","mode":"managed","type":"aws_s3_bucket_server_side_encryption_configuration","name":"workshop","provider_name":"registry.terraform.io/hashicorp/aws","schema_version":0,"values":{"expected_bucket_owner":null,"rule":[{"apply_server_side_encryption_by_default":[{"kms_master_key_id":"","sse_algorithm":"AES256"}],"bucket_key_enabled":true}]},"sensitive_values":{"rule":[{"apply_server_side_encryption_by_default":[{}]}]}},{"address":"aws_s3_bucket_versioning.workshop","mode":"managed","type":"aws_s3_bucket_versioning","name":"workshop","provider_name":"registry.terraform.io/hashicorp/aws","schema_version":0,"values":{"expected_bucket_owner":null,"mfa":null,"versioning_configuration":[{"status":"Enabled"}]},"sensitive_values":{"versioning_configuration":[{}]}},{"address":"data.aws_iam_policy_document.workshop_cli","mode":"data","type":"aws_iam_policy_document","name":"workshop_cli","provider_name":"registry.terraform.io/hashicorp/aws","schema_version":0,"values":{"override_json":null,"override_policy_documents":null,"policy_id":null,"source_json":null,"source_policy_documents":null,"statement":[{"actions":["s3:GetBucketLocation","s3:ListBucket"],"condition":[{"test":"StringLike","values":["imagenes/","imagenes/*"],"variable":"s3:prefix"}],"effect":"Allow","not_actions":null,"not_principals":[],"not_resources":null,"principals":[],"resources":[null],"sid":"S3ListBucket"},{"actions":["s3:AbortMultipartUpload","s3:DeleteObject","s3:GetObject","s3:ListBucketMultipartUploads","s3:ListMultipartUploadParts","s3:PutObject"],"condition":[],"effect":"Allow","not_actions":null,"not_principals":[],"not_resources":null,"principals":[],"resources":[null],"sid":"S3ObjectRWWithinPrefix"},{"actions":["ec2:DescribeAvailabilityZones","ec2:DescribeInstances","ec2:DescribeRegions","ec2:DescribeTags"],"condition":[],"effect":"Allow","not_actions":null,"not_principals":[],"not_resources":null,"principals":[],"resources":["*"],"sid":"EC2DescribeReadOnly"}],"version":null},"sensitive_values":{"statement":[{"actions":[false,false],"condition":[{"values":[false,false]}],"not_principals":[],"principals":[],"resources":[false]},{"actions":[false,false,false,false,false,false],"condition":[],"not_principals":[],"principals":[],"resources":[false]},{"actions":[false,false,false,false],"condition":[],"not_principals":[],"principals":[],"resources":[false]}]}}]}},"resource_changes":[{"address":"data.aws_iam_policy_document.workshop_cli","mode":"data","type":"aws_iam_policy_document","name":"workshop_cli","provider_name":"registry.terraform.io/hashicorp/aws","change":{"actions":["read"],"before":null,"after":{"override_json":null,"override_policy_documents":null,"policy_id":null,"source_json":null,"source_policy_documents":null,"statement":[{"actions":["s3:GetBucketLocation","s3:ListBucket"],"condition":[{"test":"StringLike","values":["imagenes/","imagenes/*"],"variable":"s3:prefix"}],"effect":"Allow","not_actions":null,"not_principals":[],"not_resources":null,"principals":[],"resources":[null],"sid":"S3ListBucket"},{"actions":["s3:AbortMultipartUpload","s3:DeleteObject","s3:GetObject","s3:ListBucketMultipartUploads","s3:ListMultipartUploadParts","s3:PutObject"],"condition":[],"effect":"Allow","not_actions":null,"not_principals":[],"not_resources":null,"principals":[],"resources":[null],"sid":"S3ObjectRWWithinPrefix"},{"actions":["ec2:DescribeAvailabilityZones","ec2:DescribeInstances","ec2:DescribeRegions","ec2:DescribeTags"],"condition":[],"effect":"Allow","not_actions":null,"not_principals":[],"not_resources":null,"principals":[],"resources":["*"],"sid":"EC2DescribeReadOnly"}],"version":null},"after_unknown":{"id":true,"json":true,"minified_json":true,"statement":[{"actions":[false,false],"condition":[{"values":[false,false]}],"not_principals":[],"principals":[],"resources":[true]},{"actions":[false,false,false,false,false,false],"condition":[],"not_principals":[],"principals":[],"resources":[true]},{"actions":[false,false,false,false],"condition":[],"not_principals":[],"principals":[],"resources":[false]}]},"before_sensitive":false,"after_sensitive":{"statement":[{"actions":[false,false],"condition":[{"values":[false,false]}],"not_principals":[],"principals":[],"resources":[false]},{"actions":[false,false,false,false,false,false],"condition":[],"not_principals":[],"principals":[],"resources":[false]},{"actions":[false,false,false,false],"condition":[],"not_principals":[],"principals":[],"resources":[false]}]}},"action_reason":"read_because_config_unknown"},{"address":"aws_s3_bucket.workshop","mode":"managed","type":"aws_s3_bucket","name":"workshop","provider_name":"registry.terraform.io/hashicorp/aws","change":{"actions":["create"],"before":null,"after":{"bucket":"s3-bucket-workshop-1001-pyday","force_destroy":false,"tags":null,"tags_all":{"Managed":"terraform","Project":"aws-boto3-workshop"},"timeouts":null},"after_unknown":{"acceleration_status":true,"acl":true,"arn":true,"bucket_domain_name":true,"bucket_prefix":true,"bucket_regional_domain_name":true,"cors_rule":true,"grant":true,"hosted_zone_id":true,"id":true,"lifecycle_rule":true,"logging":true,"object_lock_configuration":true,"object_lock_enabled":true,"policy":true,"region":true,"replication_configuration":true,"request_payer":true,"server_side_encryption_configuration":true,"tags_all":{},"versioning":true,"website":true,"website_domain":true,"website_endpoint":true},"before_sensitive":false,"after_sensitive":{"cors_rule":[],"grant":[],"lifecycle_rule":[],"logging":[],"object_lock_configuration":[],"replication_configuration":[],"server_side_encryption_configuration":[],"tags_all":{},"versioning":[],"website":[]}}},{"address":"aws_s3_bucket_ownership_controls.workshop","mode":"managed","type":"aws_s3_bucket_ownership_controls","name":"workshop","provider_name":"registry.terraform.io/hashicorp/aws","change":{"actions":["create"],"before":null,"after":{"rule":[{"object_ownership":"BucketOwnerEnforced"}]},"after_unknown":{"bucket":true,"id":true,"rule":[{}]},"before_sensitive":false,"after_sensitive":{"rule":[{}]}}},{"address":"aws_s3_bucket_policy.workshop","mode":"managed","type":"aws_s3_bucket_policy","name":"workshop","provider_name":"registry.terraform.io/hashicorp/aws","change":{"actions":["create"],"before":null,"after":{},"after_unknown":{"bucket":true,"id":true,"policy":true},"before_sensitive":false,"after_sensitive":{}}},{"address":"aws_s3_bucket_public_access_block.workshop","mode":"managed","type":"aws_s3_bucket_public_access_block","name":"workshop","provider_name":"registry.terraform.io/hashicorp/aws","change":{"actions":["create"],"before":null,"after":{"block_public_acls":true,"block_public_policy":true,"ignore_public_acls":true,"restrict_public_buckets":true},"after_unknown":{"bucket":true,"id":true},"before_sensitive":false,"after_sensitive":{}}},{"address":"aws_s3_bucket_server_side_encryption_configuration.workshop","mode":"managed","type":"aws_s3_bucket_server_side_encryption_configuration","name":"workshop","provider_name":"registry.terraform.io/hashicorp/aws","change":{"actions":["create"],"before":null,"after":{"expected_bucket_owner":null,"rule":[{"apply_server_side_encryption_by_default":[{"kms_master_key_id":"","sse_algorithm":"AES256"}],"bucket_key_enabled":true}]},"after_unknown":{"bucket":true,"id":true,"rule":[{"apply_server_side_encryption_by_default":[{}]}]},"before_sensitive":false,"after_sensitive":{"rule":[{"apply_server_side_encryption_by_default":[{}]}]}}},{"address":"aws_s3_bucket_versioning.workshop","mode":"managed","type":"aws_s3_bucket_versioning","name":"workshop","provider_name":"registry.terraform.io/hashicorp/aws","change":{"actions":["create"],"before":null,"after":{"expected_bucket_owner":null,"mfa":null,"versioning_configuration":[{"status":"Enabled"}]},"after_unknown":{"bucket":true,"id":true,"versioning_configuration":[{"mfa_delete":true}]},"before_sensitive":false,"after_sensitive":{"versioning_configuration":[{}]}}}],"output_changes":{"bucket_arn":{"actions":["create"],"before":null,"after_unknown":true,"before_sensitive":false,"after_sensitive":false},"bucket_name":{"actions":["create"],"before":null,"after":"s3-bucket-workshop-1001-pyday","after_unknown":false,"before_sensitive":false,"after_sensitive":false},"iam_user_name":{"actions":["no-op"],"before":null,"after":null,"after_unknown":false,"before_sensitive":false,"after_sensitive":false},"images_prefix":{"actions":["create"],"before":null,"after":"imagenes/","after_unknown":false,"before_sensitive":false,"after_sensitive":false}},"prior_state":{"format_version":"1.0","terraform_version":"1.13.5","values":{"outputs":{"bucket_name":{"sensitive":false,"value":"s3-bucket-workshop-1001-pyday","type":"string"},"images_prefix":{"sensitive":false,"value":"imagenes/","type":"string"}},"root_module":{"resources":[{"address":"data.aws_caller_identity.current","mode":"data","type":"aws_caller_identity","name":"current","provider_name":"registry.terraform.io/hashicorp/aws","schema_version":0,"values":{"account_id":"000000000000","arn":"arn:aws:iam::000000000000:root","id":"000000000000","user_id":"AKIAIOSFODNN7EXAMPLE"},"sensitive_values":{}},{"address":"data.aws_partition.current","mode":"data","type":"aws_partition","name":"current","provider_name":"registry.terraform.io/hashicorp/aws","schema_version":0,"values":{"dns_suffix":"amazonaws.com","id":"aws","partition":"aws","reverse_dns_prefix":"com.amazonaws"},"sensitive_values":{}},{"address":"data.aws_region.current","mode":"data","type":"aws_region","name":"current","provider_name":"registry.terraform.io/hashicorp/aws","schema_version":0,"values":{"description":"US East (N. Virginia)","endpoint":"ec2.us-east-1.amazonaws.com","id":"us-east-1","name":"us-east-1"},"sensitive_values":{}}]}}},"configuration":{"provider_config":{"aws":{"name":"aws","full_name":"registry.terraform.io/hashicorp/aws","version_constraint":"~\u003e 5.0","expressions":{"default_tags":[{"tags":{"references":["var.tags"]}}],"profile":{"references":["var.aws_profile","var.aws_profile"]},"region":{"references":["var.aws_region"]}}}},"root_module":{"outputs":{"bucket_arn":{"expression":{"references":["aws_s3_bucket.workshop.arn","aws_s3_bucket.workshop"]},"description":"S3 bucket ARN."},"bucket_name":{"expression":{"references":["aws_s3_bucket.workshop.bucket","aws_s3_bucket.workshop"]},"description":"S3 bucket name for workshop uploads/downloads."},"iam_user_name":{"expression":{"references":["aws_iam_user.workshop[0].name","aws_iam_user.workshop[0]","aws_iam_user.workshop"]},"description":"IAM user name (if created)."},"images_prefix":{"expression":{"references":["var.images_prefix"]},"description":"S3 prefix intended for images."}},"resources":[{"address":"aws_iam_policy.workshop_cli","mode":"managed","type":"aws_iam_policy","name":"workshop_cli","provider_config_key":"aws","expressions":{"description":{"constant_value":"Least-privilege policy for aws_boto3_workshop scripts (S3 prefix + EC2 Describe*)."},"name_prefix":{"constant_value":"workshop-cli-"},"policy":{"references":["data.aws_iam_policy_document.workshop_cli.json","data.aws_iam_policy_document.workshop_cli"]}},"schema_version":0,"count_expression":{"references":["var.create_iam_user"]}},{"address":"aws_iam_user.workshop","mode":"managed","type":"aws_iam_user","name":"workshop","provider_config_key":"aws","expressions":{"name":{"references":["var.iam_user_name"]}},"schema_version":0,"count_expression":{"references":["var.create_iam_user"]}},{"address":"aws_iam_user_policy_attachment.workshop_cli","mode":"managed","type":"aws_iam_user_policy_attachment","name":"workshop_cli","provider_config_key":"aws","expressions":{"policy_arn":{"references":["aws_iam_policy.workshop_cli[0].arn","aws_iam_policy.workshop_cli[0]","aws_iam_policy.workshop_cli"]},"user":{"references":["aws_iam_user.workshop[0].name","aws_iam_user.workshop[0]","aws_iam_user.workshop"]}},"schema_version":0,"count_expression":{"references":["var.create_iam_user"]}},{"address":"aws_s3_bucket.workshop","mode":"managed","type":"aws_s3_bucket","name":"workshop","provider_config_key":"aws","expressions":{"bucket":{"references":["var.bucket_name"]}},"schema_version":0},{"address":"aws_s3_bucket_ownership_controls.workshop","mode":"managed","type":"aws_s3_bucket_ownership_controls","name":"workshop","provider_config_key":"aws","expressions":{"bucket":{"references":["aws_s3_bucket.workshop.id","aws_s3_bucket.workshop"]},"rule":[{"object_ownership":{"constant_value":"BucketOwnerEnforced"}}]},"schema_version":0},{"address":"aws_s3_bucket_policy.workshop","mode":"managed","type":"aws_s3_bucket_policy","name":"workshop","provider_config_key":"aws","expressions":{"bucket":{"references":["aws_s3_bucket.workshop.id","aws_s3_bucket.workshop"]},"policy":{"references":["aws_s3_bucket.workshop.arn","aws_s3_bucket.workshop","aws_s3_bucket.workshop.arn","aws_s3_bucket.workshop"]}},"schema_version":0,"depends_on":["aws_s3_bucket_public_access_block.workshop"]},{"address":"aws_s3_bucket_public_access_block.workshop","mode":"managed","type":"aws_s3_bucket_public_access_block","name":"workshop","provider_config_key":"aws","expressions":{"block_public_acls":{"constant_value":true},"block_public_policy":{"constant_value":true},"bucket":{"references":["aws_s3_bucket.workshop.id","aws_s3_bucket.workshop"]},"ignore_public_acls":{"constant_value":true},"restrict_public_buckets":{"constant_value":true}},"schema_version":0},{"address":"aws_s3_bucket_server_side_encryption_configuration.workshop","mode":"managed","type":"aws_s3_bucket_server_side_encryption_configuration","name":"workshop","provider_config_key":"aws","expressions":{"bucket":{"references":["aws_s3_bucket.workshop.id","aws_s3_bucket.workshop"]},"rule":[{"apply_server_side_encryption_by_default":[{"sse_algorithm":{"constant_value":"AES256"}}],"bucket_key_enabled":{"constant_value":true}}]},"schema_version":0},{"address":"aws_s3_bucket_versioning.workshop","mode":"managed","type":"aws_s3_bucket_versioning","name":"workshop","provider_config_key":"aws","expressions":{"bucket":{"references":["aws_s3_bucket.workshop.id","aws_s3_bucket.workshop"]},"versioning_configuration":[{"status":{"references":["var.enable_versioning"]}}]},"schema_version":0},{"address":"data.aws_caller_identity.current","mode":"data","type":"aws_caller_identity","name":"current","provider_config_key":"aws","schema_version":0},{"address":"data.aws_iam_policy_document.workshop_cli","mode":"data","type":"aws_iam_policy_document","name":"workshop_cli","provider_config_key":"aws","expressions":{"statement":[{"actions":{"constant_value":["s3:ListBucket","s3:GetBucketLocation"]},"condition":[{"test":{"constant_value":"StringLike"},"values":{"references":["var.images_prefix","var.images_prefix"]},"variable":{"constant_value":"s3:prefix"}}],"effect":{"constant_value":"Allow"},"resources":{"references":["aws_s3_bucket.workshop.arn","aws_s3_bucket.workshop"]},"sid":{"constant_value":"S3ListBucket"}},{"actions":{"constant_value":["s3:GetObject","s3:PutObject","s3:DeleteObject","s3:AbortMultipartUpload","s3:ListBucketMultipartUploads","s3:ListMultipartUploadParts"]},"effect":{"constant_value":"Allow"},"resources":{"references":["aws_s3_bucket.workshop.arn","aws_s3_bucket.workshop","var.images_prefix"]},"sid":{"constant_value":"S3ObjectRWWithinPrefix"}},{"actions":{"constant_value":["ec2:DescribeRegions","ec2:DescribeAvailabilityZones","ec2:DescribeInstances","ec2:DescribeTags"]},"effect":{"constant_value":"Allow"},"resources":{"constant_value":["*"]},"sid":{"constant_value":"EC2DescribeReadOnly"}}]},"schema_version":0},{"address":"data.aws_partition.current","mode":"data","type":"aws_partition","name":"current","provider_config_key":"aws","schema_version":0},{"address":"data.aws_region.current","mode":"data","type":"aws_region","name":"current","provider_config_key":"aws","schema_version":0}],"variables":{"aws_profile":{"default":"","description":"Optional AWS CLI profile name to use. Leave empty to use the default credential chain (env vars, SSO, instance metadata, etc.)."},"aws_region":{"default":"us-east-1","description":"AWS region to deploy into."},"bucket_name":{"default":"s3-bucket-workshop-1001-pyday","description":"Name of the S3 bucket used by the workshop scripts. Must be globally unique."},"create_iam_user":{"default":false,"description":"Whether to create an IAM user (legacy pattern). Prefer SSO/Identity Center in real environments."},"enable_versioning":{"default":true,"description":"Enable S3 versioning (recommended)."},"iam_user_name":{"default":"user1001","description":"IAM user name to create if create_iam_user=true."},"images_prefix":{"default":"imagenes/","description":"S3 key prefix used by the scripts (e.g., imagenes/)."},"tags":{"default":{"Managed":"terraform","Project":"aws-boto3-workshop"},"description":"Tags applied to all supported resources."}}}},"relevant_attributes":[{"resource":"aws_s3_bucket.workshop","attribute":["arn"]},{"resource":"aws_s3_bucket.workshop","attribute":["bucket"]},{"resource":"aws_s3_bucket.workshop","attribute":["id"]}],"checks":[{"address":{"kind":"var","name":"images_prefix","to_display":"var.images_prefix"},"status":"pass","instances":[{"address":{"to_display":"var.images_prefix"},"status":"pass"}]}],"timestamp":"2026-01-27T01:09:26Z","applyable":true,"complete":true,"errored":false}
