{"format_version":"1.2","terraform_version":"1.13.5","variables":{"aws_access_key":{"value":"725676946.txt"},"aws_secret_key":{"value":"725676946.txt"}},"planned_values":{"root_module":{"resources":[{"address":"aws_instance.Kubernetes_Master","mode":"managed","type":"aws_instance","name":"Kubernetes_Master","provider_name":"registry.terraform.io/hashicorp/aws","schema_version":2,"values":{"ami":"ami-03cb1380eec7cc118","credit_specification":[],"force_destroy":false,"get_password_data":false,"hibernation":null,"instance_type":"t2.micro","key_name":"project","launch_template":[],"region":"ap-south-1","source_dest_check":true,"tags":{"Name":"Kubernetes_Master"},"tags_all":{"Name":"Kubernetes_Master"},"timeouts":null,"user_data":null,"user_data_replace_on_change":false,"volume_tags":null},"sensitive_values":{"capacity_reservation_specification":[],"cpu_options":[],"credit_specification":[],"ebs_block_device":[],"enclave_options":[],"ephemeral_block_device":[],"instance_market_options":[],"ipv6_addresses":[],"launch_template":[],"maintenance_options":[],"metadata_options":[],"network_interface":[],"primary_network_interface":[],"private_dns_name_options":[],"root_block_device":[],"secondary_private_ips":[],"security_groups":[],"tags":{},"tags_all":{},"vpc_security_group_ids":[]},"identity_schema_version":0,"identity":{"account_id":null,"id":null,"region":null}},{"address":"aws_instance.Kubernetes_Workernode1","mode":"managed","type":"aws_instance","name":"Kubernetes_Workernode1","provider_name":"registry.terraform.io/hashicorp/aws","schema_version":2,"values":{"ami":"ami-03cb1380eec7cc118","credit_specification":[],"force_destroy":false,"get_password_data":false,"hibernation":null,"instance_type":"t2.micro","key_name":"project","launch_template":[],"region":"ap-south-1","source_dest_check":true,"tags":{"Name":"Kubernetes_Workernode1"},"tags_all":{"Name":"Kubernetes_Workernode1"},"timeouts":null,"user_data":null,"user_data_replace_on_change":false,"volume_tags":null},"sensitive_values":{"capacity_reservation_specification":[],"cpu_options":[],"credit_specification":[],"ebs_block_device":[],"enclave_options":[],"ephemeral_block_device":[],"instance_market_options":[],"ipv6_addresses":[],"launch_template":[],"maintenance_options":[],"metadata_options":[],"network_interface":[],"primary_network_interface":[],"private_dns_name_options":[],"root_block_device":[],"secondary_private_ips":[],"security_groups":[],"tags":{},"tags_all":{},"vpc_security_group_ids":[]},"identity_schema_version":0,"identity":{"account_id":null,"id":null,"region":null}},{"address":"aws_instance.Kubernetes_Workernode2","mode":"managed","type":"aws_instance","name":"Kubernetes_Workernode2","provider_name":"registry.terraform.io/hashicorp/aws","schema_version":2,"values":{"ami":"ami-03cb1380eec7cc118","credit_specification":[],"force_destroy":false,"get_password_data":false,"hibernation":null,"instance_type":"t2.micro","key_name":"project","launch_template":[],"region":"ap-south-1","source_dest_check":true,"tags":{"Name":"Kubernetes_Workernode2"},"tags_all":{"Name":"Kubernetes_Workernode2"},"timeouts":null,"user_data":null,"user_data_replace_on_change":false,"volume_tags":null},"sensitive_values":{"capacity_reservation_specification":[],"cpu_options":[],"credit_specification":[],"ebs_block_device":[],"enclave_options":[],"ephemeral_block_device":[],"instance_market_options":[],"ipv6_addresses":[],"launch_template":[],"maintenance_options":[],"metadata_options":[],"network_interface":[],"primary_network_interface":[],"private_dns_name_options":[],"root_block_device":[],"secondary_private_ips":[],"security_groups":[],"tags":{},"tags_all":{},"vpc_security_group_ids":[]},"identity_schema_version":0,"identity":{"account_id":null,"id":null,"region":null}},{"address":"aws_security_group.Kubernetes","mode":"managed","type":"aws_security_group","name":"Kubernetes","provider_name":"registry.terraform.io/hashicorp/aws","schema_version":1,"values":{"description":"Allow inbound traffic","egress":[{"cidr_blocks":["0.0.0.0/0"],"description":"","from_port":0,"ipv6_cidr_blocks":["::/0"],"prefix_list_ids":[],"protocol":"-1","security_groups":[],"self":false,"to_port":0}],"ingress":[{"cidr_blocks":["0.0.0.0/0"],"description":"Custom TCP","from_port":0,"ipv6_cidr_blocks":[],"prefix_list_ids":[],"protocol":"tcp","security_groups":[],"self":false,"to_port":65535},{"cidr_blocks":["0.0.0.0/0"],"description":"SSH","from_port":22,"ipv6_cidr_blocks":[],"prefix_list_ids":[],"protocol":"tcp","security_groups":[],"self":false,"to_port":22}],"name":"Kubernetes","region":"ap-south-1","revoke_rules_on_delete":false,"tags":{"Name":"mysg8"},"tags_all":{"Name":"mysg8"},"timeouts":null},"sensitive_values":{"egress":[{"cidr_blocks":[false],"ipv6_cidr_blocks":[false],"prefix_list_ids":[],"security_groups":[]}],"ingress":[{"cidr_blocks":[false],"ipv6_cidr_blocks":[],"prefix_list_ids":[],"security_groups":[]},{"cidr_blocks":[false],"ipv6_cidr_blocks":[],"prefix_list_ids":[],"security_groups":[]}],"tags":{},"tags_all":{}},"identity_schema_version":0,"identity":{"account_id":null,"id":null,"region":null}}]}},"resource_changes":[{"address":"aws_instance.Kubernetes_Master","mode":"managed","type":"aws_instance","name":"Kubernetes_Master","provider_name":"registry.terraform.io/hashicorp/aws","change":{"actions":["create"],"before":null,"after":{"ami":"ami-03cb1380eec7cc118","credit_specification":[],"force_destroy":false,"get_password_data":false,"hibernation":null,"instance_type":"t2.micro","key_name":"project","launch_template":[],"region":"ap-south-1","source_dest_check":true,"tags":{"Name":"Kubernetes_Master"},"tags_all":{"Name":"Kubernetes_Master"},"timeouts":null,"user_data":null,"user_data_replace_on_change":false,"volume_tags":null},"after_unknown":{"arn":true,"associate_public_ip_address":true,"availability_zone":true,"capacity_reservation_specification":true,"cpu_options":true,"credit_specification":[],"disable_api_stop":true,"disable_api_termination":true,"ebs_block_device":true,"ebs_optimized":true,"enable_primary_ipv6":true,"enclave_options":true,"ephemeral_block_device":true,"host_id":true,"host_resource_group_arn":true,"iam_instance_profile":true,"id":true,"instance_initiated_shutdown_behavior":true,"instance_lifecycle":true,"instance_market_options":true,"instance_state":true,"ipv6_address_count":true,"ipv6_addresses":true,"launch_template":[],"maintenance_options":true,"metadata_options":true,"monitoring":true,"network_interface":true,"outpost_arn":true,"password_data":true,"placement_group":true,"placement_group_id":true,"placement_partition_number":true,"primary_network_interface":true,"primary_network_interface_id":true,"private_dns":true,"private_dns_name_options":true,"private_ip":true,"public_dns":true,"public_ip":true,"root_block_device":true,"secondary_private_ips":true,"security_groups":true,"spot_instance_request_id":true,"subnet_id":true,"tags":{},"tags_all":{},"tenancy":true,"user_data_base64":true,"vpc_security_group_ids":true},"before_sensitive":false,"after_sensitive":{"capacity_reservation_specification":[],"cpu_options":[],"credit_specification":[],"ebs_block_device":[],"enclave_options":[],"ephemeral_block_device":[],"instance_market_options":[],"ipv6_addresses":[],"launch_template":[],"maintenance_options":[],"metadata_options":[],"network_interface":[],"primary_network_interface":[],"private_dns_name_options":[],"root_block_device":[],"secondary_private_ips":[],"security_groups":[],"tags":{},"tags_all":{},"vpc_security_group_ids":[]},"after_identity":{"account_id":null,"id":null,"region":null}}},{"address":"aws_instance.Kubernetes_Workernode1","mode":"managed","type":"aws_instance","name":"Kubernetes_Workernode1","provider_name":"registry.terraform.io/hashicorp/aws","change":{"actions":["create"],"before":null,"after":{"ami":"ami-03cb1380eec7cc118","credit_specification":[],"force_destroy":false,"get_password_data":false,"hibernation":null,"instance_type":"t2.micro","key_name":"project","launch_template":[],"region":"ap-south-1","source_dest_check":true,"tags":{"Name":"Kubernetes_Workernode1"},"tags_all":{"Name":"Kubernetes_Workernode1"},"timeouts":null,"user_data":null,"user_data_replace_on_change":false,"volume_tags":null},"after_unknown":{"arn":true,"associate_public_ip_address":true,"availability_zone":true,"capacity_reservation_specification":true,"cpu_options":true,"credit_specification":[],"disable_api_stop":true,"disable_api_termination":true,"ebs_block_device":true,"ebs_optimized":true,"enable_primary_ipv6":true,"enclave_options":true,"ephemeral_block_device":true,"host_id":true,"host_resource_group_arn":true,"iam_instance_profile":true,"id":true,"instance_initiated_shutdown_behavior":true,"instance_lifecycle":true,"instance_market_options":true,"instance_state":true,"ipv6_address_count":true,"ipv6_addresses":true,"launch_template":[],"maintenance_options":true,"metadata_options":true,"monitoring":true,"network_interface":true,"outpost_arn":true,"password_data":true,"placement_group":true,"placement_group_id":true,"placement_partition_number":true,"primary_network_interface":true,"primary_network_interface_id":true,"private_dns":true,"private_dns_name_options":true,"private_ip":true,"public_dns":true,"public_ip":true,"root_block_device":true,"secondary_private_ips":true,"security_groups":true,"spot_instance_request_id":true,"subnet_id":true,"tags":{},"tags_all":{},"tenancy":true,"user_data_base64":true,"vpc_security_group_ids":true},"before_sensitive":false,"after_sensitive":{"capacity_reservation_specification":[],"cpu_options":[],"credit_specification":[],"ebs_block_device":[],"enclave_options":[],"ephemeral_block_device":[],"instance_market_options":[],"ipv6_addresses":[],"launch_template":[],"maintenance_options":[],"metadata_options":[],"network_interface":[],"primary_network_interface":[],"private_dns_name_options":[],"root_block_device":[],"secondary_private_ips":[],"security_groups":[],"tags":{},"tags_all":{},"vpc_security_group_ids":[]},"after_identity":{"account_id":null,"id":null,"region":null}}},{"address":"aws_instance.Kubernetes_Workernode2","mode":"managed","type":"aws_instance","name":"Kubernetes_Workernode2","provider_name":"registry.terraform.io/hashicorp/aws","change":{"actions":["create"],"before":null,"after":{"ami":"ami-03cb1380eec7cc118","credit_specification":[],"force_destroy":false,"get_password_data":false,"hibernation":null,"instance_type":"t2.micro","key_name":"project","launch_template":[],"region":"ap-south-1","source_dest_check":true,"tags":{"Name":"Kubernetes_Workernode2"},"tags_all":{"Name":"Kubernetes_Workernode2"},"timeouts":null,"user_data":null,"user_data_replace_on_change":false,"volume_tags":null},"after_unknown":{"arn":true,"associate_public_ip_address":true,"availability_zone":true,"capacity_reservation_specification":true,"cpu_options":true,"credit_specification":[],"disable_api_stop":true,"disable_api_termination":true,"ebs_block_device":true,"ebs_optimized":true,"enable_primary_ipv6":true,"enclave_options":true,"ephemeral_block_device":true,"host_id":true,"host_resource_group_arn":true,"iam_instance_profile":true,"id":true,"instance_initiated_shutdown_behavior":true,"instance_lifecycle":true,"instance_market_options":true,"instance_state":true,"ipv6_address_count":true,"ipv6_addresses":true,"launch_template":[],"maintenance_options":true,"metadata_options":true,"monitoring":true,"network_interface":true,"outpost_arn":true,"password_data":true,"placement_group":true,"placement_group_id":true,"placement_partition_number":true,"primary_network_interface":true,"primary_network_interface_id":true,"private_dns":true,"private_dns_name_options":true,"private_ip":true,"public_dns":true,"public_ip":true,"root_block_device":true,"secondary_private_ips":true,"security_groups":true,"spot_instance_request_id":true,"subnet_id":true,"tags":{},"tags_all":{},"tenancy":true,"user_data_base64":true,"vpc_security_group_ids":true},"before_sensitive":false,"after_sensitive":{"capacity_reservation_specification":[],"cpu_options":[],"credit_specification":[],"ebs_block_device":[],"enclave_options":[],"ephemeral_block_device":[],"instance_market_options":[],"ipv6_addresses":[],"launch_template":[],"maintenance_options":[],"metadata_options":[],"network_interface":[],"primary_network_interface":[],"private_dns_name_options":[],"root_block_device":[],"secondary_private_ips":[],"security_groups":[],"tags":{},"tags_all":{},"vpc_security_group_ids":[]},"after_identity":{"account_id":null,"id":null,"region":null}}},{"address":"aws_security_group.Kubernetes","mode":"managed","type":"aws_security_group","name":"Kubernetes","provider_name":"registry.terraform.io/hashicorp/aws","change":{"actions":["create"],"before":null,"after":{"description":"Allow inbound traffic","egress":[{"cidr_blocks":["0.0.0.0/0"],"description":"","from_port":0,"ipv6_cidr_blocks":["::/0"],"prefix_list_ids":[],"protocol":"-1","security_groups":[],"self":false,"to_port":0}],"ingress":[{"cidr_blocks":["0.0.0.0/0"],"description":"Custom TCP","from_port":0,"ipv6_cidr_blocks":[],"prefix_list_ids":[],"protocol":"tcp","security_groups":[],"self":false,"to_port":65535},{"cidr_blocks":["0.0.0.0/0"],"description":"SSH","from_port":22,"ipv6_cidr_blocks":[],"prefix_list_ids":[],"protocol":"tcp","security_groups":[],"self":false,"to_port":22}],"name":"Kubernetes","region":"ap-south-1","revoke_rules_on_delete":false,"tags":{"Name":"mysg8"},"tags_all":{"Name":"mysg8"},"timeouts":null},"after_unknown":{"arn":true,"egress":[{"cidr_blocks":[false],"ipv6_cidr_blocks":[false],"prefix_list_ids":[],"security_groups":[]}],"id":true,"ingress":[{"cidr_blocks":[false],"ipv6_cidr_blocks":[],"prefix_list_ids":[],"security_groups":[]},{"cidr_blocks":[false],"ipv6_cidr_blocks":[],"prefix_list_ids":[],"security_groups":[]}],"name_prefix":true,"owner_id":true,"tags":{},"tags_all":{},"vpc_id":true},"before_sensitive":false,"after_sensitive":{"egress":[{"cidr_blocks":[false],"ipv6_cidr_blocks":[false],"prefix_list_ids":[],"security_groups":[]}],"ingress":[{"cidr_blocks":[false],"ipv6_cidr_blocks":[],"prefix_list_ids":[],"security_groups":[]},{"cidr_blocks":[false],"ipv6_cidr_blocks":[],"prefix_list_ids":[],"security_groups":[]}],"tags":{},"tags_all":{}},"after_identity":{"account_id":null,"id":null,"region":null}}}],"configuration":{"provider_config":{"archive":{"name":"archive","full_name":"registry.terraform.io/hashicorp/archive","version_constraint":"\u003e= 2.0.0"},"aws":{"name":"aws","full_name":"registry.terraform.io/hashicorp/aws","version_constraint":"~\u003e 6.27.0","expressions":{"access_key":{"references":["var.aws_access_key"]},"region":{"constant_value":"ap-south-1"},"secret_key":{"references":["var.aws_secret_key"]}}}},"root_module":{"resources":[{"address":"aws_instance.Kubernetes_Master","mode":"managed","type":"aws_instance","name":"Kubernetes_Master","provider_config_key":"aws","expressions":{"ami":{"constant_value":"ami-03cb1380eec7cc118"},"instance_type":{"constant_value":"t2.micro"},"key_name":{"constant_value":"project"},"tags":{"constant_value":{"Name":"Kubernetes_Master"}},"vpc_security_group_ids":{"references":["aws_security_group.Kubernetes.id","aws_security_group.Kubernetes"]}},"schema_version":2},{"address":"aws_instance.Kubernetes_Workernode1","mode":"managed","type":"aws_instance","name":"Kubernetes_Workernode1","provider_config_key":"aws","expressions":{"ami":{"constant_value":"ami-03cb1380eec7cc118"},"instance_type":{"constant_value":"t2.micro"},"key_name":{"constant_value":"project"},"tags":{"constant_value":{"Name":"Kubernetes_Workernode1"}},"vpc_security_group_ids":{"references":["aws_security_group.Kubernetes.id","aws_security_group.Kubernetes"]}},"schema_version":2},{"address":"aws_instance.Kubernetes_Workernode2","mode":"managed","type":"aws_instance","name":"Kubernetes_Workernode2","provider_config_key":"aws","expressions":{"ami":{"constant_value":"ami-03cb1380eec7cc118"},"instance_type":{"constant_value":"t2.micro"},"key_name":{"constant_value":"project"},"tags":{"constant_value":{"Name":"Kubernetes_Workernode2"}},"vpc_security_group_ids":{"references":["aws_security_group.Kubernetes.id","aws_security_group.Kubernetes"]}},"schema_version":2},{"address":"aws_security_group.Kubernetes","mode":"managed","type":"aws_security_group","name":"Kubernetes","provider_config_key":"aws","expressions":{"description":{"constant_value":"Allow inbound traffic"},"egress":{"constant_value":[{"cidr_blocks":["0.0.0.0/0"],"description":null,"from_port":0,"ipv6_cidr_blocks":["::/0"],"prefix_list_ids":null,"protocol":"-1","security_groups":null,"self":null,"to_port":0}]},"ingress":{"constant_value":[{"cidr_blocks":["0.0.0.0/0"],"description":"Custom TCP","from_port":0,"ipv6_cidr_blocks":null,"prefix_list_ids":null,"protocol":"tcp","security_groups":null,"self":null,"to_port":65535},{"cidr_blocks":["0.0.0.0/0"],"description":"SSH","from_port":22,"ipv6_cidr_blocks":null,"prefix_list_ids":null,"protocol":"tcp","security_groups":null,"self":null,"to_port":22}]},"name":{"constant_value":"Kubernetes"},"tags":{"constant_value":{"Name":"mysg8"}}},"schema_version":1}],"variables":{"aws_access_key":{"description":"AWS Access Key ID"},"aws_secret_key":{"description":"AWS Secret Access Key"}}}},"relevant_attributes":[{"resource":"aws_security_group.Kubernetes","attribute":["id"]}],"timestamp":"2026-01-25T17:13:03Z","applyable":true,"complete":true,"errored":false}
