{"format_version":"1.2","terraform_version":"1.13.5","variables":{"aws_region":{"value":"us-east-1"},"az_count":{"value":2},"container_image":{"value":"nginx:latest"},"container_port":{"value":80},"db_allocated_storage":{"value":20},"db_backup_retention_days":{"value":7},"db_engine":{"value":"postgres"},"db_engine_version":{"value":"16.3"},"db_instance_class":{"value":"db.t4g.micro"},"db_multi_az":{"value":false},"db_name":{"value":"app"},"db_username":{"value":"appuser"},"desired_count":{"value":2},"domain_name":{"value":""},"enable_nat_gateway":{"value":true},"enable_vpc_endpoints":{"value":true},"environment":{"value":"dev"},"hosted_zone_id":{"value":""},"project_name":{"value":"ai-tf"},"single_nat_gateway":{"value":true},"task_cpu":{"value":256},"task_memory":{"value":512},"vpc_cidr":{"value":"10.0.0.0/16"}},"planned_values":{"outputs":{"alb_dns_name":{"sensitive":false},"app_url":{"sensitive":false},"db_endpoint":{"sensitive":false},"db_secret_arn":{"sensitive":false},"s3_bucket_name":{"sensitive":false},"vpc_id":{"sensitive":false}},"root_module":{"resources":[{"address":"aws_cloudwatch_log_group.app","mode":"managed","type":"aws_cloudwatch_log_group","name":"app","provider_name":"registry.terraform.io/hashicorp/aws","schema_version":0,"values":{"name":"/ecs/ai-tf-dev","retention_in_days":30,"skip_destroy":false,"tags":null,"tags_all":{"Environment":"dev","ManagedBy":"terraform","Project":"ai-tf"}},"sensitive_values":{"tags_all":{}}},{"address":"aws_db_instance.this","mode":"managed","type":"aws_db_instance","name":"this","provider_name":"registry.terraform.io/hashicorp/aws","schema_version":2,"values":{"allocated_storage":20,"allow_major_version_upgrade":null,"apply_immediately":false,"auto_minor_version_upgrade":true,"backup_retention_period":7,"blue_green_update":[],"copy_tags_to_snapshot":false,"custom_iam_instance_profile":null,"customer_owned_ip_enabled":null,"db_name":"app","db_subnet_group_name":"ai-tf-dev-db-subnets","dedicated_log_volume":false,"delete_automated_backups":true,"deletion_protection":false,"domain":null,"domain_auth_secret_arn":null,"domain_dns_ips":null,"domain_iam_role_name":null,"domain_ou":null,"enabled_cloudwatch_logs_exports":["postgresql","upgrade"],"engine":"postgres","engine_version":"16.3","final_snapshot_identifier":null,"iam_database_authentication_enabled":null,"identifier":"ai-tf-dev-db","instance_class":"db.t4g.micro","manage_master_user_password":null,"max_allocated_storage":null,"monitoring_interval":0,"multi_az":false,"password_wo":null,"password_wo_version":null,"performance_insights_enabled":false,"port":5432,"publicly_accessible":false,"replicate_source_db":null,"restore_to_point_in_time":[],"s3_import":[],"skip_final_snapshot":true,"storage_encrypted":true,"tags":{"Name":"ai-tf-dev-db"},"tags_all":{"Environment":"dev","ManagedBy":"terraform","Name":"ai-tf-dev-db","Project":"ai-tf"},"timeouts":null,"upgrade_storage_config":null,"username":"appuser"},"sensitive_values":{"blue_green_update":[],"enabled_cloudwatch_logs_exports":[false,false],"listener_endpoint":[],"master_user_secret":[],"password":true,"password_wo":true,"replicas":[],"restore_to_point_in_time":[],"s3_import":[],"tags":{},"tags_all":{},"vpc_security_group_ids":[]}},{"address":"aws_db_subnet_group.this","mode":"managed","type":"aws_db_subnet_group","name":"this","provider_name":"registry.terraform.io/hashicorp/aws","schema_version":0,"values":{"description":"Managed by Terraform","name":"ai-tf-dev-db-subnets","tags":{"Name":"ai-tf-dev-db-subnets"},"tags_all":{"Environment":"dev","ManagedBy":"terraform","Name":"ai-tf-dev-db-subnets","Project":"ai-tf"}},"sensitive_values":{"subnet_ids":[],"supported_network_types":[],"tags":{},"tags_all":{}}},{"address":"aws_ecs_cluster.this","mode":"managed","type":"aws_ecs_cluster","name":"this","provider_name":"registry.terraform.io/hashicorp/aws","schema_version":0,"values":{"configuration":[],"name":"ai-tf-dev-cluster","service_connect_defaults":[],"setting":[{"name":"containerInsights","value":"enabled"}],"tags":null,"tags_all":{"Environment":"dev","ManagedBy":"terraform","Project":"ai-tf"}},"sensitive_values":{"configuration":[],"service_connect_defaults":[],"setting":[{}],"tags_all":{}}},{"address":"aws_ecs_service.app","mode":"managed","type":"aws_ecs_service","name":"app","provider_name":"registry.terraform.io/hashicorp/aws","schema_version":1,"values":{"alarms":[],"availability_zone_rebalancing":"DISABLED","capacity_provider_strategy":[],"deployment_circuit_breaker":[],"deployment_controller":[],"deployment_maximum_percent":200,"deployment_minimum_healthy_percent":50,"desired_count":2,"enable_ecs_managed_tags":false,"enable_execute_command":false,"force_delete":null,"force_new_deployment":null,"health_check_grace_period_seconds":null,"launch_type":"FARGATE","load_balancer":[{"container_name":"app","container_port":80,"elb_name":""}],"name":"ai-tf-dev-svc","network_configuration":[{"assign_public_ip":false}],"ordered_placement_strategy":[],"placement_constraints":[],"propagate_tags":null,"scheduling_strategy":"REPLICA","service_connect_configuration":[],"service_registries":[],"tags":null,"tags_all":{"Environment":"dev","ManagedBy":"terraform","Project":"ai-tf"},"timeouts":null,"volume_configuration":[],"vpc_lattice_configurations":[],"wait_for_steady_state":false},"sensitive_values":{"alarms":[],"capacity_provider_strategy":[],"deployment_circuit_breaker":[],"deployment_controller":[],"load_balancer":[{}],"network_configuration":[{"security_groups":[],"subnets":[]}],"ordered_placement_strategy":[],"placement_constraints":[],"service_connect_configuration":[],"service_registries":[],"tags_all":{},"triggers":{},"volume_configuration":[],"vpc_lattice_configurations":[]}},{"address":"aws_ecs_task_definition.app","mode":"managed","type":"aws_ecs_task_definition","name":"app","provider_name":"registry.terraform.io/hashicorp/aws","schema_version":1,"values":{"cpu":"256","ephemeral_storage":[],"family":"ai-tf-dev-task","inference_accelerator":[],"ipc_mode":null,"memory":"512","network_mode":"awsvpc","pid_mode":null,"placement_constraints":[],"proxy_configuration":[],"requires_compatibilities":["FARGATE"],"runtime_platform":[],"skip_destroy":false,"tags":null,"tags_all":{"Environment":"dev","ManagedBy":"terraform","Project":"ai-tf"},"track_latest":false,"volume":[]},"sensitive_values":{"ephemeral_storage":[],"inference_accelerator":[],"placement_constraints":[],"proxy_configuration":[],"requires_compatibilities":[false],"runtime_platform":[],"tags_all":{},"volume":[]}},{"address":"aws_eip.nat[0]","mode":"managed","type":"aws_eip","name":"nat","index":0,"provider_name":"registry.terraform.io/hashicorp/aws","schema_version":0,"values":{"address":null,"associate_with_private_ip":null,"customer_owned_ipv4_pool":null,"domain":"vpc","tags":{"Name":"ai-tf-dev-nat-eip-0"},"tags_all":{"Environment":"dev","ManagedBy":"terraform","Name":"ai-tf-dev-nat-eip-0","Project":"ai-tf"},"timeouts":null},"sensitive_values":{"tags":{},"tags_all":{}}},{"address":"aws_iam_role.ecs_task","mode":"managed","type":"aws_iam_role","name":"ecs_task","provider_name":"registry.terraform.io/hashicorp/aws","schema_version":0,"values":{"assume_role_policy":"{\"Statement\":[{\"Action\":\"sts:AssumeRole\",\"Effect\":\"Allow\",\"Principal\":{\"Service\":\"ecs-tasks.amazonaws.com\"}}],\"Version\":\"2012-10-17\"}","description":null,"force_detach_policies":false,"max_session_duration":3600,"name":"ai-tf-dev-ecs-task","path":"/","permissions_boundary":null,"tags":null,"tags_all":{"Environment":"dev","ManagedBy":"terraform","Project":"ai-tf"}},"sensitive_values":{"inline_policy":[],"managed_policy_arns":[],"tags_all":{}}},{"address":"aws_iam_role.ecs_task_execution","mode":"managed","type":"aws_iam_role","name":"ecs_task_execution","provider_name":"registry.terraform.io/hashicorp/aws","schema_version":0,"values":{"assume_role_policy":"{\"Statement\":[{\"Action\":\"sts:AssumeRole\",\"Effect\":\"Allow\",\"Principal\":{\"Service\":\"ecs-tasks.amazonaws.com\"}}],\"Version\":\"2012-10-17\"}","description":null,"force_detach_policies":false,"max_session_duration":3600,"name":"ai-tf-dev-ecs-exec","path":"/","permissions_boundary":null,"tags":null,"tags_all":{"Environment":"dev","ManagedBy":"terraform","Project":"ai-tf"}},"sensitive_values":{"inline_policy":[],"managed_policy_arns":[],"tags_all":{}}},{"address":"aws_iam_role_policy.ecs_task","mode":"managed","type":"aws_iam_role_policy","name":"ecs_task","provider_name":"registry.terraform.io/hashicorp/aws","schema_version":0,"values":{"name":"ai-tf-dev-ecs-task-policy"},"sensitive_values":{}},{"address":"aws_iam_role_policy_attachment.ecs_exec","mode":"managed","type":"aws_iam_role_policy_attachment","name":"ecs_exec","provider_name":"registry.terraform.io/hashicorp/aws","schema_version":0,"values":{"policy_arn":"arn:aws:iam::aws:policy/service-role/AmazonECSTaskExecutionRolePolicy","role":"ai-tf-dev-ecs-exec"},"sensitive_values":{}},{"address":"aws_internet_gateway.this","mode":"managed","type":"aws_internet_gateway","name":"this","provider_name":"registry.terraform.io/hashicorp/aws","schema_version":0,"values":{"tags":{"Name":"ai-tf-dev-igw"},"tags_all":{"Environment":"dev","ManagedBy":"terraform","Name":"ai-tf-dev-igw","Project":"ai-tf"},"timeouts":null},"sensitive_values":{"tags":{},"tags_all":{}}},{"address":"aws_kms_alias.main","mode":"managed","type":"aws_kms_alias","name":"main","provider_name":"registry.terraform.io/hashicorp/aws","schema_version":0,"values":{"name":"alias/ai-tf-dev-main"},"sensitive_values":{}},{"address":"aws_kms_key.main","mode":"managed","type":"aws_kms_key","name":"main","provider_name":"registry.terraform.io/hashicorp/aws","schema_version":0,"values":{"bypass_policy_lockout_safety_check":false,"custom_key_store_id":null,"customer_master_key_spec":"SYMMETRIC_DEFAULT","deletion_window_in_days":7,"description":"ai-tf-dev main KMS key","enable_key_rotation":true,"is_enabled":true,"key_usage":"ENCRYPT_DECRYPT","tags":{"Name":"ai-tf-dev-kms"},"tags_all":{"Environment":"dev","ManagedBy":"terraform","Name":"ai-tf-dev-kms","Project":"ai-tf"},"timeouts":null,"xks_key_id":null},"sensitive_values":{"tags":{},"tags_all":{}}},{"address":"aws_lb.this","mode":"managed","type":"aws_lb","name":"this","provider_name":"registry.terraform.io/hashicorp/aws","schema_version":0,"values":{"access_logs":[],"client_keep_alive":3600,"connection_logs":[],"customer_owned_ipv4_pool":null,"desync_mitigation_mode":"defensive","dns_record_client_routing_policy":null,"drop_invalid_header_fields":true,"enable_cross_zone_load_balancing":null,"enable_deletion_protection":false,"enable_http2":true,"enable_tls_version_and_cipher_suite_headers":false,"enable_waf_fail_open":false,"enable_xff_client_port":false,"enable_zonal_shift":false,"idle_timeout":60,"internal":false,"ipam_pools":[],"load_balancer_type":"application","minimum_load_balancer_capacity":[],"name":"ai-tf-dev-alb","preserve_host_header":false,"tags":{"Name":"ai-tf-dev-alb"},"tags_all":{"Environment":"dev","ManagedBy":"terraform","Name":"ai-tf-dev-alb","Project":"ai-tf"},"timeouts":null,"xff_header_processing_mode":"append"},"sensitive_values":{"access_logs":[],"connection_logs":[],"ipam_pools":[],"minimum_load_balancer_capacity":[],"security_groups":[],"subnet_mapping":[],"subnets":[],"tags":{},"tags_all":{}}},{"address":"aws_lb_listener.http","mode":"managed","type":"aws_lb_listener","name":"http","provider_name":"registry.terraform.io/hashicorp/aws","schema_version":0,"values":{"alpn_policy":null,"certificate_arn":null,"default_action":[{"authenticate_cognito":[],"authenticate_oidc":[],"fixed_response":[],"forward":[],"redirect":[],"type":"forward"}],"port":80,"protocol":"HTTP","tags":null,"tags_all":{"Environment":"dev","ManagedBy":"terraform","Project":"ai-tf"},"timeouts":null},"sensitive_values":{"default_action":[{"authenticate_cognito":[],"authenticate_oidc":[],"fixed_response":[],"forward":[],"redirect":[]}],"mutual_authentication":[],"tags_all":{}}},{"address":"aws_lb_target_group.app","mode":"managed","type":"aws_lb_target_group","name":"app","provider_name":"registry.terraform.io/hashicorp/aws","schema_version":0,"values":{"deregistration_delay":"300","health_check":[{"enabled":true,"healthy_threshold":2,"interval":30,"matcher":"200-399","path":"/","port":"traffic-port","protocol":"HTTP","timeout":5,"unhealthy_threshold":3}],"lambda_multi_value_headers_enabled":false,"name":"ai-tf-dev-tg","port":80,"protocol":"HTTP","proxy_protocol_v2":false,"slow_start":0,"tags":{"Name":"ai-tf-dev-tg"},"tags_all":{"Environment":"dev","ManagedBy":"terraform","Name":"ai-tf-dev-tg","Project":"ai-tf"},"target_type":"ip"},"sensitive_values":{"health_check":[{}],"load_balancer_arns":[],"stickiness":[],"tags":{},"tags_all":{},"target_failover":[],"target_group_health":[],"target_health_state":[]}},{"address":"aws_nat_gateway.this[0]","mode":"managed","type":"aws_nat_gateway","name":"this","index":0,"provider_name":"registry.terraform.io/hashicorp/aws","schema_version":0,"values":{"connectivity_type":"public","secondary_allocation_ids":null,"tags":{"Name":"ai-tf-dev-nat-0"},"tags_all":{"Environment":"dev","ManagedBy":"terraform","Name":"ai-tf-dev-nat-0","Project":"ai-tf"},"timeouts":null},"sensitive_values":{"secondary_private_ip_addresses":[],"tags":{},"tags_all":{}}},{"address":"aws_route_table.private_app[\"us-east-1a\"]","mode":"managed","type":"aws_route_table","name":"private_app","index":"us-east-1a","provider_name":"registry.terraform.io/hashicorp/aws","schema_version":0,"values":{"route":[{"carrier_gateway_id":"","cidr_block":"0.0.0.0/0","core_network_arn":"","destination_prefix_list_id":"","egress_only_gateway_id":"","gateway_id":"","ipv6_cidr_block":"","local_gateway_id":"","network_interface_id":"","transit_gateway_id":"","vpc_endpoint_id":"","vpc_peering_connection_id":""}],"tags":{"Name":"ai-tf-dev-rt-private-app-us-east-1a"},"tags_all":{"Environment":"dev","ManagedBy":"terraform","Name":"ai-tf-dev-rt-private-app-us-east-1a","Project":"ai-tf"},"timeouts":null},"sensitive_values":{"propagating_vgws":[],"route":[{}],"tags":{},"tags_all":{}}},{"address":"aws_route_table.private_app[\"us-east-1b\"]","mode":"managed","type":"aws_route_table","name":"private_app","index":"us-east-1b","provider_name":"registry.terraform.io/hashicorp/aws","schema_version":0,"values":{"route":[{"carrier_gateway_id":"","cidr_block":"0.0.0.0/0","core_network_arn":"","destination_prefix_list_id":"","egress_only_gateway_id":"","gateway_id":"","ipv6_cidr_block":"","local_gateway_id":"","network_interface_id":"","transit_gateway_id":"","vpc_endpoint_id":"","vpc_peering_connection_id":""}],"tags":{"Name":"ai-tf-dev-rt-private-app-us-east-1b"},"tags_all":{"Environment":"dev","ManagedBy":"terraform","Name":"ai-tf-dev-rt-private-app-us-east-1b","Project":"ai-tf"},"timeouts":null},"sensitive_values":{"propagating_vgws":[],"route":[{}],"tags":{},"tags_all":{}}},{"address":"aws_route_table.private_data[\"us-east-1a\"]","mode":"managed","type":"aws_route_table","name":"private_data","index":"us-east-1a","provider_name":"registry.terraform.io/hashicorp/aws","schema_version":0,"values":{"route":[{"carrier_gateway_id":"","cidr_block":"0.0.0.0/0","core_network_arn":"","destination_prefix_list_id":"","egress_only_gateway_id":"","gateway_id":"","ipv6_cidr_block":"","local_gateway_id":"","network_interface_id":"","transit_gateway_id":"","vpc_endpoint_id":"","vpc_peering_connection_id":""}],"tags":{"Name":"ai-tf-dev-rt-private-data-us-east-1a"},"tags_all":{"Environment":"dev","ManagedBy":"terraform","Name":"ai-tf-dev-rt-private-data-us-east-1a","Project":"ai-tf"},"timeouts":null},"sensitive_values":{"propagating_vgws":[],"route":[{}],"tags":{},"tags_all":{}}},{"address":"aws_route_table.private_data[\"us-east-1b\"]","mode":"managed","type":"aws_route_table","name":"private_data","index":"us-east-1b","provider_name":"registry.terraform.io/hashicorp/aws","schema_version":0,"values":{"route":[{"carrier_gateway_id":"","cidr_block":"0.0.0.0/0","core_network_arn":"","destination_prefix_list_id":"","egress_only_gateway_id":"","gateway_id":"","ipv6_cidr_block":"","local_gateway_id":"","network_interface_id":"","transit_gateway_id":"","vpc_endpoint_id":"","vpc_peering_connection_id":""}],"tags":{"Name":"ai-tf-dev-rt-private-data-us-east-1b"},"tags_all":{"Environment":"dev","ManagedBy":"terraform","Name":"ai-tf-dev-rt-private-data-us-east-1b","Project":"ai-tf"},"timeouts":null},"sensitive_values":{"propagating_vgws":[],"route":[{}],"tags":{},"tags_all":{}}},{"address":"aws_route_table.public","mode":"managed","type":"aws_route_table","name":"public","provider_name":"registry.terraform.io/hashicorp/aws","schema_version":0,"values":{"route":[{"carrier_gateway_id":"","cidr_block":"0.0.0.0/0","core_network_arn":"","destination_prefix_list_id":"","egress_only_gateway_id":"","ipv6_cidr_block":"","local_gateway_id":"","nat_gateway_id":"","network_interface_id":"","transit_gateway_id":"","vpc_endpoint_id":"","vpc_peering_connection_id":""}],"tags":{"Name":"ai-tf-dev-rt-public"},"tags_all":{"Environment":"dev","ManagedBy":"terraform","Name":"ai-tf-dev-rt-public","Project":"ai-tf"},"timeouts":null},"sensitive_values":{"propagating_vgws":[],"route":[{}],"tags":{},"tags_all":{}}},{"address":"aws_route_table_association.private_app[\"us-east-1a\"]","mode":"managed","type":"aws_route_table_association","name":"private_app","index":"us-east-1a","provider_name":"registry.terraform.io/hashicorp/aws","schema_version":0,"values":{"gateway_id":null,"timeouts":null},"sensitive_values":{}},{"address":"aws_route_table_association.private_app[\"us-east-1b\"]","mode":"managed","type":"aws_route_table_association","name":"private_app","index":"us-east-1b","provider_name":"registry.terraform.io/hashicorp/aws","schema_version":0,"values":{"gateway_id":null,"timeouts":null},"sensitive_values":{}},{"address":"aws_route_table_association.private_data[\"us-east-1a\"]","mode":"managed","type":"aws_route_table_association","name":"private_data","index":"us-east-1a","provider_name":"registry.terraform.io/hashicorp/aws","schema_version":0,"values":{"gateway_id":null,"timeouts":null},"sensitive_values":{}},{"address":"aws_route_table_association.private_data[\"us-east-1b\"]","mode":"managed","type":"aws_route_table_association","name":"private_data","index":"us-east-1b","provider_name":"registry.terraform.io/hashicorp/aws","schema_version":0,"values":{"gateway_id":null,"timeouts":null},"sensitive_values":{}},{"address":"aws_route_table_association.public[\"us-east-1a\"]","mode":"managed","type":"aws_route_table_association","name":"public","index":"us-east-1a","provider_name":"registry.terraform.io/hashicorp/aws","schema_version":0,"values":{"gateway_id":null,"timeouts":null},"sensitive_values":{}},{"address":"aws_route_table_association.public[\"us-east-1b\"]","mode":"managed","type":"aws_route_table_association","name":"public","index":"us-east-1b","provider_name":"registry.terraform.io/hashicorp/aws","schema_version":0,"values":{"gateway_id":null,"timeouts":null},"sensitive_values":{}},{"address":"aws_s3_bucket.app","mode":"managed","type":"aws_s3_bucket","name":"app","provider_name":"registry.terraform.io/hashicorp/aws","schema_version":0,"values":{"force_destroy":false,"tags":{"Name":"ai-tf-dev-app-bucket"},"tags_all":{"Environment":"dev","ManagedBy":"terraform","Name":"ai-tf-dev-app-bucket","Project":"ai-tf"},"timeouts":null},"sensitive_values":{"cors_rule":[],"grant":[],"lifecycle_rule":[],"logging":[],"object_lock_configuration":[],"replication_configuration":[],"server_side_encryption_configuration":[],"tags":{},"tags_all":{},"versioning":[],"website":[]}},{"address":"aws_s3_bucket_public_access_block.app","mode":"managed","type":"aws_s3_bucket_public_access_block","name":"app","provider_name":"registry.terraform.io/hashicorp/aws","schema_version":0,"values":{"block_public_acls":true,"block_public_policy":true,"ignore_public_acls":true,"restrict_public_buckets":true},"sensitive_values":{}},{"address":"aws_s3_bucket_server_side_encryption_configuration.app","mode":"managed","type":"aws_s3_bucket_server_side_encryption_configuration","name":"app","provider_name":"registry.terraform.io/hashicorp/aws","schema_version":0,"values":{"expected_bucket_owner":null,"rule":[{"apply_server_side_encryption_by_default":[{"sse_algorithm":"aws:kms"}],"bucket_key_enabled":null}]},"sensitive_values":{"rule":[{"apply_server_side_encryption_by_default":[{}]}]}},{"address":"aws_s3_bucket_versioning.app","mode":"managed","type":"aws_s3_bucket_versioning","name":"app","provider_name":"registry.terraform.io/hashicorp/aws","schema_version":0,"values":{"expected_bucket_owner":null,"mfa":null,"versioning_configuration":[{"status":"Enabled"}]},"sensitive_values":{"versioning_configuration":[{}]}},{"address":"aws_secretsmanager_secret.db","mode":"managed","type":"aws_secretsmanager_secret","name":"db","provider_name":"registry.terraform.io/hashicorp/aws","schema_version":0,"values":{"description":null,"force_overwrite_replica_secret":false,"name":"ai-tf-dev/db","recovery_window_in_days":7,"tags":null,"tags_all":{"Environment":"dev","ManagedBy":"terraform","Project":"ai-tf"}},"sensitive_values":{"replica":[],"tags_all":{}}},{"address":"aws_secretsmanager_secret_version.db","mode":"managed","type":"aws_secretsmanager_secret_version","name":"db","provider_name":"registry.terraform.io/hashicorp/aws","schema_version":0,"values":{"secret_binary":null,"secret_string_wo":null,"secret_string_wo_version":null},"sensitive_values":{"secret_binary":true,"secret_string":true,"secret_string_wo":true,"version_stages":[]}},{"address":"aws_security_group.alb","mode":"managed","type":"aws_security_group","name":"alb","provider_name":"registry.terraform.io/hashicorp/aws","schema_version":1,"values":{"description":"ALB security group","egress":[{"cidr_blocks":["0.0.0.0/0"],"description":"","from_port":0,"ipv6_cidr_blocks":[],"prefix_list_ids":[],"protocol":"-1","security_groups":[],"self":false,"to_port":0}],"ingress":[{"cidr_blocks":["0.0.0.0/0"],"description":"HTTP (optional redirect)","from_port":80,"ipv6_cidr_blocks":[],"prefix_list_ids":[],"protocol":"tcp","security_groups":[],"self":false,"to_port":80},{"cidr_blocks":["0.0.0.0/0"],"description":"HTTPS","from_port":443,"ipv6_cidr_blocks":[],"prefix_list_ids":[],"protocol":"tcp","security_groups":[],"self":false,"to_port":443}],"name":"ai-tf-dev-alb-sg","revoke_rules_on_delete":false,"tags":{"Name":"ai-tf-dev-alb-sg"},"tags_all":{"Environment":"dev","ManagedBy":"terraform","Name":"ai-tf-dev-alb-sg","Project":"ai-tf"},"timeouts":null},"sensitive_values":{"egress":[{"cidr_blocks":[false],"ipv6_cidr_blocks":[],"prefix_list_ids":[],"security_groups":[]}],"ingress":[{"cidr_blocks":[false],"ipv6_cidr_blocks":[],"prefix_list_ids":[],"security_groups":[]},{"cidr_blocks":[false],"ipv6_cidr_blocks":[],"prefix_list_ids":[],"security_groups":[]}],"tags":{},"tags_all":{}}},{"address":"aws_security_group.app","mode":"managed","type":"aws_security_group","name":"app","provider_name":"registry.terraform.io/hashicorp/aws","schema_version":1,"values":{"description":"App (ECS tasks) security group","egress":[{"cidr_blocks":["0.0.0.0/0"],"description":"","from_port":0,"ipv6_cidr_blocks":[],"prefix_list_ids":[],"protocol":"-1","security_groups":[],"self":false,"to_port":0}],"ingress":[{"cidr_blocks":[],"description":"From ALB","from_port":80,"ipv6_cidr_blocks":[],"prefix_list_ids":[],"protocol":"tcp","self":false,"to_port":80}],"name":"ai-tf-dev-app-sg","revoke_rules_on_delete":false,"tags":{"Name":"ai-tf-dev-app-sg"},"tags_all":{"Environment":"dev","ManagedBy":"terraform","Name":"ai-tf-dev-app-sg","Project":"ai-tf"},"timeouts":null},"sensitive_values":{"egress":[{"cidr_blocks":[false],"ipv6_cidr_blocks":[],"prefix_list_ids":[],"security_groups":[]}],"ingress":[{"cidr_blocks":[],"ipv6_cidr_blocks":[],"prefix_list_ids":[],"security_groups":[]}],"tags":{},"tags_all":{}}},{"address":"aws_security_group.db","mode":"managed","type":"aws_security_group","name":"db","provider_name":"registry.terraform.io/hashicorp/aws","schema_version":1,"values":{"description":"RDS security group","egress":[{"cidr_blocks":["0.0.0.0/0"],"description":"","from_port":0,"ipv6_cidr_blocks":[],"prefix_list_ids":[],"protocol":"-1","security_groups":[],"self":false,"to_port":0}],"ingress":[{"cidr_blocks":[],"description":"From app","from_port":5432,"ipv6_cidr_blocks":[],"prefix_list_ids":[],"protocol":"tcp","self":false,"to_port":5432}],"name":"ai-tf-dev-db-sg","revoke_rules_on_delete":false,"tags":{"Name":"ai-tf-dev-db-sg"},"tags_all":{"Environment":"dev","ManagedBy":"terraform","Name":"ai-tf-dev-db-sg","Project":"ai-tf"},"timeouts":null},"sensitive_values":{"egress":[{"cidr_blocks":[false],"ipv6_cidr_blocks":[],"prefix_list_ids":[],"security_groups":[]}],"ingress":[{"cidr_blocks":[],"ipv6_cidr_blocks":[],"prefix_list_ids":[],"security_groups":[]}],"tags":{},"tags_all":{}}},{"address":"aws_security_group.vpce[0]","mode":"managed","type":"aws_security_group","name":"vpce","index":0,"provider_name":"registry.terraform.io/hashicorp/aws","schema_version":1,"values":{"description":"Security group for interface VPC endpoints","egress":[{"cidr_blocks":["0.0.0.0/0"],"description":"","from_port":0,"ipv6_cidr_blocks":[],"prefix_list_ids":[],"protocol":"-1","security_groups":[],"self":false,"to_port":0}],"ingress":[{"cidr_blocks":["10.0.0.0/16"],"description":"HTTPS from VPC","from_port":443,"ipv6_cidr_blocks":[],"prefix_list_ids":[],"protocol":"tcp","security_groups":[],"self":false,"to_port":443}],"name":"ai-tf-dev-vpce-sg","revoke_rules_on_delete":false,"tags":null,"tags_all":{"Environment":"dev","ManagedBy":"terraform","Project":"ai-tf"},"timeouts":null},"sensitive_values":{"egress":[{"cidr_blocks":[false],"ipv6_cidr_blocks":[],"prefix_list_ids":[],"security_groups":[]}],"ingress":[{"cidr_blocks":[false],"ipv6_cidr_blocks":[],"prefix_list_ids":[],"security_groups":[]}],"tags_all":{}}},{"address":"aws_subnet.private_app[\"us-east-1a\"]","mode":"managed","type":"aws_subnet","name":"private_app","index":"us-east-1a","provider_name":"registry.terraform.io/hashicorp/aws","schema_version":1,"values":{"assign_ipv6_address_on_creation":false,"availability_zone":"us-east-1a","cidr_block":"10.0.10.0/24","customer_owned_ipv4_pool":null,"enable_dns64":false,"enable_lni_at_device_index":null,"enable_resource_name_dns_a_record_on_launch":false,"enable_resource_name_dns_aaaa_record_on_launch":false,"ipv6_cidr_block":null,"ipv6_native":false,"map_customer_owned_ip_on_launch":null,"map_public_ip_on_launch":false,"outpost_arn":null,"tags":{"Name":"ai-tf-dev-private-app-us-east-1a","Tier":"private-app"},"tags_all":{"Environment":"dev","ManagedBy":"terraform","Name":"ai-tf-dev-private-app-us-east-1a","Project":"ai-tf","Tier":"private-app"},"timeouts":null},"sensitive_values":{"tags":{},"tags_all":{}}},{"address":"aws_subnet.private_app[\"us-east-1b\"]","mode":"managed","type":"aws_subnet","name":"private_app","index":"us-east-1b","provider_name":"registry.terraform.io/hashicorp/aws","schema_version":1,"values":{"assign_ipv6_address_on_creation":false,"availability_zone":"us-east-1b","cidr_block":"10.0.11.0/24","customer_owned_ipv4_pool":null,"enable_dns64":false,"enable_lni_at_device_index":null,"enable_resource_name_dns_a_record_on_launch":false,"enable_resource_name_dns_aaaa_record_on_launch":false,"ipv6_cidr_block":null,"ipv6_native":false,"map_customer_owned_ip_on_launch":null,"map_public_ip_on_launch":false,"outpost_arn":null,"tags":{"Name":"ai-tf-dev-private-app-us-east-1b","Tier":"private-app"},"tags_all":{"Environment":"dev","ManagedBy":"terraform","Name":"ai-tf-dev-private-app-us-east-1b","Project":"ai-tf","Tier":"private-app"},"timeouts":null},"sensitive_values":{"tags":{},"tags_all":{}}},{"address":"aws_subnet.private_data[\"us-east-1a\"]","mode":"managed","type":"aws_subnet","name":"private_data","index":"us-east-1a","provider_name":"registry.terraform.io/hashicorp/aws","schema_version":1,"values":{"assign_ipv6_address_on_creation":false,"availability_zone":"us-east-1a","cidr_block":"10.0.20.0/24","customer_owned_ipv4_pool":null,"enable_dns64":false,"enable_lni_at_device_index":null,"enable_resource_name_dns_a_record_on_launch":false,"enable_resource_name_dns_aaaa_record_on_launch":false,"ipv6_cidr_block":null,"ipv6_native":false,"map_customer_owned_ip_on_launch":null,"map_public_ip_on_launch":false,"outpost_arn":null,"tags":{"Name":"ai-tf-dev-private-data-us-east-1a","Tier":"private-data"},"tags_all":{"Environment":"dev","ManagedBy":"terraform","Name":"ai-tf-dev-private-data-us-east-1a","Project":"ai-tf","Tier":"private-data"},"timeouts":null},"sensitive_values":{"tags":{},"tags_all":{}}},{"address":"aws_subnet.private_data[\"us-east-1b\"]","mode":"managed","type":"aws_subnet","name":"private_data","index":"us-east-1b","provider_name":"registry.terraform.io/hashicorp/aws","schema_version":1,"values":{"assign_ipv6_address_on_creation":false,"availability_zone":"us-east-1b","cidr_block":"10.0.21.0/24","customer_owned_ipv4_pool":null,"enable_dns64":false,"enable_lni_at_device_index":null,"enable_resource_name_dns_a_record_on_launch":false,"enable_resource_name_dns_aaaa_record_on_launch":false,"ipv6_cidr_block":null,"ipv6_native":false,"map_customer_owned_ip_on_launch":null,"map_public_ip_on_launch":false,"outpost_arn":null,"tags":{"Name":"ai-tf-dev-private-data-us-east-1b","Tier":"private-data"},"tags_all":{"Environment":"dev","ManagedBy":"terraform","Name":"ai-tf-dev-private-data-us-east-1b","Project":"ai-tf","Tier":"private-data"},"timeouts":null},"sensitive_values":{"tags":{},"tags_all":{}}},{"address":"aws_subnet.public[\"us-east-1a\"]","mode":"managed","type":"aws_subnet","name":"public","index":"us-east-1a","provider_name":"registry.terraform.io/hashicorp/aws","schema_version":1,"values":{"assign_ipv6_address_on_creation":false,"availability_zone":"us-east-1a","cidr_block":"10.0.0.0/24","customer_owned_ipv4_pool":null,"enable_dns64":false,"enable_lni_at_device_index":null,"enable_resource_name_dns_a_record_on_launch":false,"enable_resource_name_dns_aaaa_record_on_launch":false,"ipv6_cidr_block":null,"ipv6_native":false,"map_customer_owned_ip_on_launch":null,"map_public_ip_on_launch":true,"outpost_arn":null,"tags":{"Name":"ai-tf-dev-public-us-east-1a","Tier":"public"},"tags_all":{"Environment":"dev","ManagedBy":"terraform","Name":"ai-tf-dev-public-us-east-1a","Project":"ai-tf","Tier":"public"},"timeouts":null},"sensitive_values":{"tags":{},"tags_all":{}}},{"address":"aws_subnet.public[\"us-east-1b\"]","mode":"managed","type":"aws_subnet","name":"public","index":"us-east-1b","provider_name":"registry.terraform.io/hashicorp/aws","schema_version":1,"values":{"assign_ipv6_address_on_creation":false,"availability_zone":"us-east-1b","cidr_block":"10.0.1.0/24","customer_owned_ipv4_pool":null,"enable_dns64":false,"enable_lni_at_device_index":null,"enable_resource_name_dns_a_record_on_launch":false,"enable_resource_name_dns_aaaa_record_on_launch":false,"ipv6_cidr_block":null,"ipv6_native":false,"map_customer_owned_ip_on_launch":null,"map_public_ip_on_launch":true,"outpost_arn":null,"tags":{"Name":"ai-tf-dev-public-us-east-1b","Tier":"public"},"tags_all":{"Environment":"dev","ManagedBy":"terraform","Name":"ai-tf-dev-public-us-east-1b","Project":"ai-tf","Tier":"public"},"timeouts":null},"sensitive_values":{"tags":{},"tags_all":{}}},{"address":"aws_vpc.this","mode":"managed","type":"aws_vpc","name":"this","provider_name":"registry.terraform.io/hashicorp/aws","schema_version":1,"values":{"assign_generated_ipv6_cidr_block":null,"cidr_block":"10.0.0.0/16","enable_dns_hostnames":true,"enable_dns_support":true,"instance_tenancy":"default","ipv4_ipam_pool_id":null,"ipv4_netmask_length":null,"ipv6_ipam_pool_id":null,"ipv6_netmask_length":null,"tags":{"Name":"ai-tf-dev-vpc"},"tags_all":{"Environment":"dev","ManagedBy":"terraform","Name":"ai-tf-dev-vpc","Project":"ai-tf"}},"sensitive_values":{"tags":{},"tags_all":{}}},{"address":"aws_vpc_endpoint.interface[\"ecr.api\"]","mode":"managed","type":"aws_vpc_endpoint","name":"interface","index":"ecr.api","provider_name":"registry.terraform.io/hashicorp/aws","schema_version":0,"values":{"auto_accept":null,"private_dns_enabled":true,"resource_configuration_arn":null,"service_name":"com.amazonaws.us-east-1.ecr.api","service_network_arn":null,"tags":{"Name":"ai-tf-dev-vpce-ecr-api"},"tags_all":{"Environment":"dev","ManagedBy":"terraform","Name":"ai-tf-dev-vpce-ecr-api","Project":"ai-tf"},"timeouts":null,"vpc_endpoint_type":"Interface"},"sensitive_values":{"cidr_blocks":[],"dns_entry":[],"dns_options":[],"network_interface_ids":[],"route_table_ids":[],"security_group_ids":[],"subnet_configuration":[],"subnet_ids":[],"tags":{},"tags_all":{}}},{"address":"aws_vpc_endpoint.interface[\"ecr.dkr\"]","mode":"managed","type":"aws_vpc_endpoint","name":"interface","index":"ecr.dkr","provider_name":"registry.terraform.io/hashicorp/aws","schema_version":0,"values":{"auto_accept":null,"private_dns_enabled":true,"resource_configuration_arn":null,"service_name":"com.amazonaws.us-east-1.ecr.dkr","service_network_arn":null,"tags":{"Name":"ai-tf-dev-vpce-ecr-dkr"},"tags_all":{"Environment":"dev","ManagedBy":"terraform","Name":"ai-tf-dev-vpce-ecr-dkr","Project":"ai-tf"},"timeouts":null,"vpc_endpoint_type":"Interface"},"sensitive_values":{"cidr_blocks":[],"dns_entry":[],"dns_options":[],"network_interface_ids":[],"route_table_ids":[],"security_group_ids":[],"subnet_configuration":[],"subnet_ids":[],"tags":{},"tags_all":{}}},{"address":"aws_vpc_endpoint.interface[\"logs\"]","mode":"managed","type":"aws_vpc_endpoint","name":"interface","index":"logs","provider_name":"registry.terraform.io/hashicorp/aws","schema_version":0,"values":{"auto_accept":null,"private_dns_enabled":true,"resource_configuration_arn":null,"service_name":"com.amazonaws.us-east-1.logs","service_network_arn":null,"tags":{"Name":"ai-tf-dev-vpce-logs"},"tags_all":{"Environment":"dev","ManagedBy":"terraform","Name":"ai-tf-dev-vpce-logs","Project":"ai-tf"},"timeouts":null,"vpc_endpoint_type":"Interface"},"sensitive_values":{"cidr_blocks":[],"dns_entry":[],"dns_options":[],"network_interface_ids":[],"route_table_ids":[],"security_group_ids":[],"subnet_configuration":[],"subnet_ids":[],"tags":{},"tags_all":{}}},{"address":"aws_vpc_endpoint.interface[\"secretsmanager\"]","mode":"managed","type":"aws_vpc_endpoint","name":"interface","index":"secretsmanager","provider_name":"registry.terraform.io/hashicorp/aws","schema_version":0,"values":{"auto_accept":null,"private_dns_enabled":true,"resource_configuration_arn":null,"service_name":"com.amazonaws.us-east-1.secretsmanager","service_network_arn":null,"tags":{"Name":"ai-tf-dev-vpce-secretsmanager"},"tags_all":{"Environment":"dev","ManagedBy":"terraform","Name":"ai-tf-dev-vpce-secretsmanager","Project":"ai-tf"},"timeouts":null,"vpc_endpoint_type":"Interface"},"sensitive_values":{"cidr_blocks":[],"dns_entry":[],"dns_options":[],"network_interface_ids":[],"route_table_ids":[],"security_group_ids":[],"subnet_configuration":[],"subnet_ids":[],"tags":{},"tags_all":{}}},{"address":"aws_vpc_endpoint.interface[\"ssm\"]","mode":"managed","type":"aws_vpc_endpoint","name":"interface","index":"ssm","provider_name":"registry.terraform.io/hashicorp/aws","schema_version":0,"values":{"auto_accept":null,"private_dns_enabled":true,"resource_configuration_arn":null,"service_name":"com.amazonaws.us-east-1.ssm","service_network_arn":null,"tags":{"Name":"ai-tf-dev-vpce-ssm"},"tags_all":{"Environment":"dev","ManagedBy":"terraform","Name":"ai-tf-dev-vpce-ssm","Project":"ai-tf"},"timeouts":null,"vpc_endpoint_type":"Interface"},"sensitive_values":{"cidr_blocks":[],"dns_entry":[],"dns_options":[],"network_interface_ids":[],"route_table_ids":[],"security_group_ids":[],"subnet_configuration":[],"subnet_ids":[],"tags":{},"tags_all":{}}},{"address":"aws_vpc_endpoint.interface[\"sts\"]","mode":"managed","type":"aws_vpc_endpoint","name":"interface","index":"sts","provider_name":"registry.terraform.io/hashicorp/aws","schema_version":0,"values":{"auto_accept":null,"private_dns_enabled":true,"resource_configuration_arn":null,"service_name":"com.amazonaws.us-east-1.sts","service_network_arn":null,"tags":{"Name":"ai-tf-dev-vpce-sts"},"tags_all":{"Environment":"dev","ManagedBy":"terraform","Name":"ai-tf-dev-vpce-sts","Project":"ai-tf"},"timeouts":null,"vpc_endpoint_type":"Interface"},"sensitive_values":{"cidr_blocks":[],"dns_entry":[],"dns_options":[],"network_interface_ids":[],"route_table_ids":[],"security_group_ids":[],"subnet_configuration":[],"subnet_ids":[],"tags":{},"tags_all":{}}},{"address":"aws_vpc_endpoint.s3[0]","mode":"managed","type":"aws_vpc_endpoint","name":"s3","index":0,"provider_name":"registry.terraform.io/hashicorp/aws","schema_version":0,"values":{"auto_accept":null,"resource_configuration_arn":null,"service_name":"com.amazonaws.us-east-1.s3","service_network_arn":null,"tags":{"Name":"ai-tf-dev-vpce-s3"},"tags_all":{"Environment":"dev","ManagedBy":"terraform","Name":"ai-tf-dev-vpce-s3","Project":"ai-tf"},"timeouts":null,"vpc_endpoint_type":"Gateway"},"sensitive_values":{"cidr_blocks":[],"dns_entry":[],"dns_options":[],"network_interface_ids":[],"route_table_ids":[],"security_group_ids":[],"subnet_configuration":[],"subnet_ids":[],"tags":{},"tags_all":{}}},{"address":"data.aws_iam_policy_document.task_role","mode":"data","type":"aws_iam_policy_document","name":"task_role","provider_name":"registry.terraform.io/hashicorp/aws","schema_version":0,"values":{"override_json":null,"override_policy_documents":null,"policy_id":null,"source_json":null,"source_policy_documents":null,"statement":[{"actions":["s3:DeleteObject","s3:GetObject","s3:ListBucket","s3:PutObject"],"condition":[],"effect":"Allow","not_actions":null,"not_principals":[],"not_resources":null,"principals":[],"resources":[null,null],"sid":"S3Access"},{"actions":["secretsmanager:GetSecretValue"],"condition":[],"effect":"Allow","not_actions":null,"not_principals":[],"not_resources":null,"principals":[],"resources":[null],"sid":"SecretsRead"},{"actions":["kms:Decrypt"],"condition":[],"effect":"Allow","not_actions":null,"not_principals":[],"not_resources":null,"principals":[],"resources":[null],"sid":"KmsDecrypt"}],"version":null},"sensitive_values":{"statement":[{"actions":[false,false,false,false],"condition":[],"not_principals":[],"principals":[],"resources":[false,false]},{"actions":[false],"condition":[],"not_principals":[],"principals":[],"resources":[false]},{"actions":[false],"condition":[],"not_principals":[],"principals":[],"resources":[false]}]}},{"address":"random_id.bucket","mode":"managed","type":"random_id","name":"bucket","provider_name":"registry.terraform.io/hashicorp/random","schema_version":0,"values":{"byte_length":4,"keepers":null,"prefix":null},"sensitive_values":{}},{"address":"random_password.db","mode":"managed","type":"random_password","name":"db","provider_name":"registry.terraform.io/hashicorp/random","schema_version":3,"values":{"keepers":null,"length":24,"lower":true,"min_lower":0,"min_numeric":0,"min_special":0,"min_upper":0,"number":true,"numeric":true,"override_special":null,"special":true,"upper":true},"sensitive_values":{"bcrypt_hash":true,"result":true}}]}},"resource_changes":[{"address":"data.aws_iam_policy_document.task_role","mode":"data","type":"aws_iam_policy_document","name":"task_role","provider_name":"registry.terraform.io/hashicorp/aws","change":{"actions":["read"],"before":null,"after":{"override_json":null,"override_policy_documents":null,"policy_id":null,"source_json":null,"source_policy_documents":null,"statement":[{"actions":["s3:DeleteObject","s3:GetObject","s3:ListBucket","s3:PutObject"],"condition":[],"effect":"Allow","not_actions":null,"not_principals":[],"not_resources":null,"principals":[],"resources":[null,null],"sid":"S3Access"},{"actions":["secretsmanager:GetSecretValue"],"condition":[],"effect":"Allow","not_actions":null,"not_principals":[],"not_resources":null,"principals":[],"resources":[null],"sid":"SecretsRead"},{"actions":["kms:Decrypt"],"condition":[],"effect":"Allow","not_actions":null,"not_principals":[],"not_resources":null,"principals":[],"resources":[null],"sid":"KmsDecrypt"}],"version":null},"after_unknown":{"id":true,"json":true,"minified_json":true,"statement":[{"actions":[false,false,false,false],"condition":[],"not_principals":[],"principals":[],"resources":[true,true]},{"actions":[false],"condition":[],"not_principals":[],"principals":[],"resources":[true]},{"actions":[false],"condition":[],"not_principals":[],"principals":[],"resources":[true]}]},"before_sensitive":false,"after_sensitive":{"statement":[{"actions":[false,false,false,false],"condition":[],"not_principals":[],"principals":[],"resources":[false,false]},{"actions":[false],"condition":[],"not_principals":[],"principals":[],"resources":[false]},{"actions":[false],"condition":[],"not_principals":[],"principals":[],"resources":[false]}]}},"action_reason":"read_because_config_unknown"},{"address":"aws_cloudwatch_log_group.app","mode":"managed","type":"aws_cloudwatch_log_group","name":"app","provider_name":"registry.terraform.io/hashicorp/aws","change":{"actions":["create"],"before":null,"after":{"name":"/ecs/ai-tf-dev","retention_in_days":30,"skip_destroy":false,"tags":null,"tags_all":{"Environment":"dev","ManagedBy":"terraform","Project":"ai-tf"}},"after_unknown":{"arn":true,"id":true,"kms_key_id":true,"log_group_class":true,"name_prefix":true,"tags_all":{}},"before_sensitive":false,"after_sensitive":{"tags_all":{}}}},{"address":"aws_db_instance.this","mode":"managed","type":"aws_db_instance","name":"this","provider_name":"registry.terraform.io/hashicorp/aws","change":{"actions":["create"],"before":null,"after":{"allocated_storage":20,"allow_major_version_upgrade":null,"apply_immediately":false,"auto_minor_version_upgrade":true,"backup_retention_period":7,"blue_green_update":[],"copy_tags_to_snapshot":false,"custom_iam_instance_profile":null,"customer_owned_ip_enabled":null,"db_name":"app","db_subnet_group_name":"ai-tf-dev-db-subnets","dedicated_log_volume":false,"delete_automated_backups":true,"deletion_protection":false,"domain":null,"domain_auth_secret_arn":null,"domain_dns_ips":null,"domain_iam_role_name":null,"domain_ou":null,"enabled_cloudwatch_logs_exports":["postgresql","upgrade"],"engine":"postgres","engine_version":"16.3","final_snapshot_identifier":null,"iam_database_authentication_enabled":null,"identifier":"ai-tf-dev-db","instance_class":"db.t4g.micro","manage_master_user_password":null,"max_allocated_storage":null,"monitoring_interval":0,"multi_az":false,"password_wo":null,"password_wo_version":null,"performance_insights_enabled":false,"port":5432,"publicly_accessible":false,"replicate_source_db":null,"restore_to_point_in_time":[],"s3_import":[],"skip_final_snapshot":true,"storage_encrypted":true,"tags":{"Name":"ai-tf-dev-db"},"tags_all":{"Environment":"dev","ManagedBy":"terraform","Name":"ai-tf-dev-db","Project":"ai-tf"},"timeouts":null,"upgrade_storage_config":null,"username":"appuser"},"after_unknown":{"address":true,"arn":true,"availability_zone":true,"backup_target":true,"backup_window":true,"blue_green_update":[],"ca_cert_identifier":true,"character_set_name":true,"database_insights_mode":true,"domain_fqdn":true,"enabled_cloudwatch_logs_exports":[false,false],"endpoint":true,"engine_lifecycle_support":true,"engine_version_actual":true,"hosted_zone_id":true,"id":true,"identifier_prefix":true,"iops":true,"kms_key_id":true,"latest_restorable_time":true,"license_model":true,"listener_endpoint":true,"maintenance_window":true,"master_user_secret":true,"master_user_secret_kms_key_id":true,"monitoring_role_arn":true,"nchar_character_set_name":true,"network_type":true,"option_group_name":true,"parameter_group_name":true,"password":true,"performance_insights_kms_key_id":true,"performance_insights_retention_period":true,"replica_mode":true,"replicas":true,"resource_id":true,"restore_to_point_in_time":[],"s3_import":[],"snapshot_identifier":true,"status":true,"storage_throughput":true,"storage_type":true,"tags":{},"tags_all":{},"timezone":true,"vpc_security_group_ids":true},"before_sensitive":false,"after_sensitive":{"blue_green_update":[],"enabled_cloudwatch_logs_exports":[false,false],"listener_endpoint":[],"master_user_secret":[],"password":true,"password_wo":true,"replicas":[],"restore_to_point_in_time":[],"s3_import":[],"tags":{},"tags_all":{},"vpc_security_group_ids":[]}}},{"address":"aws_db_subnet_group.this","mode":"managed","type":"aws_db_subnet_group","name":"this","provider_name":"registry.terraform.io/hashicorp/aws","change":{"actions":["create"],"before":null,"after":{"description":"Managed by Terraform","name":"ai-tf-dev-db-subnets","tags":{"Name":"ai-tf-dev-db-subnets"},"tags_all":{"Environment":"dev","ManagedBy":"terraform","Name":"ai-tf-dev-db-subnets","Project":"ai-tf"}},"after_unknown":{"arn":true,"id":true,"name_prefix":true,"subnet_ids":true,"supported_network_types":true,"tags":{},"tags_all":{},"vpc_id":true},"before_sensitive":false,"after_sensitive":{"subnet_ids":[],"supported_network_types":[],"tags":{},"tags_all":{}}}},{"address":"aws_ecs_cluster.this","mode":"managed","type":"aws_ecs_cluster","name":"this","provider_name":"registry.terraform.io/hashicorp/aws","change":{"actions":["create"],"before":null,"after":{"configuration":[],"name":"ai-tf-dev-cluster","service_connect_defaults":[],"setting":[{"name":"containerInsights","value":"enabled"}],"tags":null,"tags_all":{"Environment":"dev","ManagedBy":"terraform","Project":"ai-tf"}},"after_unknown":{"arn":true,"configuration":[],"id":true,"service_connect_defaults":[],"setting":[{}],"tags_all":{}},"before_sensitive":false,"after_sensitive":{"configuration":[],"service_connect_defaults":[],"setting":[{}],"tags_all":{}}}},{"address":"aws_ecs_service.app","mode":"managed","type":"aws_ecs_service","name":"app","provider_name":"registry.terraform.io/hashicorp/aws","change":{"actions":["create"],"before":null,"after":{"alarms":[],"availability_zone_rebalancing":"DISABLED","capacity_provider_strategy":[],"deployment_circuit_breaker":[],"deployment_controller":[],"deployment_maximum_percent":200,"deployment_minimum_healthy_percent":50,"desired_count":2,"enable_ecs_managed_tags":false,"enable_execute_command":false,"force_delete":null,"force_new_deployment":null,"health_check_grace_period_seconds":null,"launch_type":"FARGATE","load_balancer":[{"container_name":"app","container_port":80,"elb_name":""}],"name":"ai-tf-dev-svc","network_configuration":[{"assign_public_ip":false}],"ordered_placement_strategy":[],"placement_constraints":[],"propagate_tags":null,"scheduling_strategy":"REPLICA","service_connect_configuration":[],"service_registries":[],"tags":null,"tags_all":{"Environment":"dev","ManagedBy":"terraform","Project":"ai-tf"},"timeouts":null,"volume_configuration":[],"vpc_lattice_configurations":[],"wait_for_steady_state":false},"after_unknown":{"alarms":[],"capacity_provider_strategy":[],"cluster":true,"deployment_circuit_breaker":[],"deployment_controller":[],"iam_role":true,"id":true,"load_balancer":[{"target_group_arn":true}],"network_configuration":[{"security_groups":true,"subnets":true}],"ordered_placement_strategy":[],"placement_constraints":[],"platform_version":true,"service_connect_configuration":[],"service_registries":[],"tags_all":{},"task_definition":true,"triggers":true,"volume_configuration":[],"vpc_lattice_configurations":[]},"before_sensitive":false,"after_sensitive":{"alarms":[],"capacity_provider_strategy":[],"deployment_circuit_breaker":[],"deployment_controller":[],"load_balancer":[{}],"network_configuration":[{"security_groups":[],"subnets":[]}],"ordered_placement_strategy":[],"placement_constraints":[],"service_connect_configuration":[],"service_registries":[],"tags_all":{},"triggers":{},"volume_configuration":[],"vpc_lattice_configurations":[]}}},{"address":"aws_ecs_task_definition.app","mode":"managed","type":"aws_ecs_task_definition","name":"app","provider_name":"registry.terraform.io/hashicorp/aws","change":{"actions":["create"],"before":null,"after":{"cpu":"256","ephemeral_storage":[],"family":"ai-tf-dev-task","inference_accelerator":[],"ipc_mode":null,"memory":"512","network_mode":"awsvpc","pid_mode":null,"placement_constraints":[],"proxy_configuration":[],"requires_compatibilities":["FARGATE"],"runtime_platform":[],"skip_destroy":false,"tags":null,"tags_all":{"Environment":"dev","ManagedBy":"terraform","Project":"ai-tf"},"track_latest":false,"volume":[]},"after_unknown":{"arn":true,"arn_without_revision":true,"container_definitions":true,"enable_fault_injection":true,"ephemeral_storage":[],"execution_role_arn":true,"id":true,"inference_accelerator":[],"placement_constraints":[],"proxy_configuration":[],"requires_compatibilities":[false],"revision":true,"runtime_platform":[],"tags_all":{},"task_role_arn":true,"volume":[]},"before_sensitive":false,"after_sensitive":{"ephemeral_storage":[],"inference_accelerator":[],"placement_constraints":[],"proxy_configuration":[],"requires_compatibilities":[false],"runtime_platform":[],"tags_all":{},"volume":[]}}},{"address":"aws_eip.nat[0]","mode":"managed","type":"aws_eip","name":"nat","index":0,"provider_name":"registry.terraform.io/hashicorp/aws","change":{"actions":["create"],"before":null,"after":{"address":null,"associate_with_private_ip":null,"customer_owned_ipv4_pool":null,"domain":"vpc","tags":{"Name":"ai-tf-dev-nat-eip-0"},"tags_all":{"Environment":"dev","ManagedBy":"terraform","Name":"ai-tf-dev-nat-eip-0","Project":"ai-tf"},"timeouts":null},"after_unknown":{"allocation_id":true,"arn":true,"association_id":true,"carrier_ip":true,"customer_owned_ip":true,"id":true,"instance":true,"ipam_pool_id":true,"network_border_group":true,"network_interface":true,"private_dns":true,"private_ip":true,"ptr_record":true,"public_dns":true,"public_ip":true,"public_ipv4_pool":true,"tags":{},"tags_all":{},"vpc":true},"before_sensitive":false,"after_sensitive":{"tags":{},"tags_all":{}}}},{"address":"aws_iam_role.ecs_task","mode":"managed","type":"aws_iam_role","name":"ecs_task","provider_name":"registry.terraform.io/hashicorp/aws","change":{"actions":["create"],"before":null,"after":{"assume_role_policy":"{\"Statement\":[{\"Action\":\"sts:AssumeRole\",\"Effect\":\"Allow\",\"Principal\":{\"Service\":\"ecs-tasks.amazonaws.com\"}}],\"Version\":\"2012-10-17\"}","description":null,"force_detach_policies":false,"max_session_duration":3600,"name":"ai-tf-dev-ecs-task","path":"/","permissions_boundary":null,"tags":null,"tags_all":{"Environment":"dev","ManagedBy":"terraform","Project":"ai-tf"}},"after_unknown":{"arn":true,"create_date":true,"id":true,"inline_policy":true,"managed_policy_arns":true,"name_prefix":true,"tags_all":{},"unique_id":true},"before_sensitive":false,"after_sensitive":{"inline_policy":[],"managed_policy_arns":[],"tags_all":{}}}},{"address":"aws_iam_role.ecs_task_execution","mode":"managed","type":"aws_iam_role","name":"ecs_task_execution","provider_name":"registry.terraform.io/hashicorp/aws","change":{"actions":["create"],"before":null,"after":{"assume_role_policy":"{\"Statement\":[{\"Action\":\"sts:AssumeRole\",\"Effect\":\"Allow\",\"Principal\":{\"Service\":\"ecs-tasks.amazonaws.com\"}}],\"Version\":\"2012-10-17\"}","description":null,"force_detach_policies":false,"max_session_duration":3600,"name":"ai-tf-dev-ecs-exec","path":"/","permissions_boundary":null,"tags":null,"tags_all":{"Environment":"dev","ManagedBy":"terraform","Project":"ai-tf"}},"after_unknown":{"arn":true,"create_date":true,"id":true,"inline_policy":true,"managed_policy_arns":true,"name_prefix":true,"tags_all":{},"unique_id":true},"before_sensitive":false,"after_sensitive":{"inline_policy":[],"managed_policy_arns":[],"tags_all":{}}}},{"address":"aws_iam_role_policy.ecs_task","mode":"managed","type":"aws_iam_role_policy","name":"ecs_task","provider_name":"registry.terraform.io/hashicorp/aws","change":{"actions":["create"],"before":null,"after":{"name":"ai-tf-dev-ecs-task-policy"},"after_unknown":{"id":true,"name_prefix":true,"policy":true,"role":true},"before_sensitive":false,"after_sensitive":{}}},{"address":"aws_iam_role_policy_attachment.ecs_exec","mode":"managed","type":"aws_iam_role_policy_attachment","name":"ecs_exec","provider_name":"registry.terraform.io/hashicorp/aws","change":{"actions":["create"],"before":null,"after":{"policy_arn":"arn:aws:iam::aws:policy/service-role/AmazonECSTaskExecutionRolePolicy","role":"ai-tf-dev-ecs-exec"},"after_unknown":{"id":true},"before_sensitive":false,"after_sensitive":{}}},{"address":"aws_internet_gateway.this","mode":"managed","type":"aws_internet_gateway","name":"this","provider_name":"registry.terraform.io/hashicorp/aws","change":{"actions":["create"],"before":null,"after":{"tags":{"Name":"ai-tf-dev-igw"},"tags_all":{"Environment":"dev","ManagedBy":"terraform","Name":"ai-tf-dev-igw","Project":"ai-tf"},"timeouts":null},"after_unknown":{"arn":true,"id":true,"owner_id":true,"tags":{},"tags_all":{},"vpc_id":true},"before_sensitive":false,"after_sensitive":{"tags":{},"tags_all":{}}}},{"address":"aws_kms_alias.main","mode":"managed","type":"aws_kms_alias","name":"main","provider_name":"registry.terraform.io/hashicorp/aws","change":{"actions":["create"],"before":null,"after":{"name":"alias/ai-tf-dev-main"},"after_unknown":{"arn":true,"id":true,"name_prefix":true,"target_key_arn":true,"target_key_id":true},"before_sensitive":false,"after_sensitive":{}}},{"address":"aws_kms_key.main","mode":"managed","type":"aws_kms_key","name":"main","provider_name":"registry.terraform.io/hashicorp/aws","change":{"actions":["create"],"before":null,"after":{"bypass_policy_lockout_safety_check":false,"custom_key_store_id":null,"customer_master_key_spec":"SYMMETRIC_DEFAULT","deletion_window_in_days":7,"description":"ai-tf-dev main KMS key","enable_key_rotation":true,"is_enabled":true,"key_usage":"ENCRYPT_DECRYPT","tags":{"Name":"ai-tf-dev-kms"},"tags_all":{"Environment":"dev","ManagedBy":"terraform","Name":"ai-tf-dev-kms","Project":"ai-tf"},"timeouts":null,"xks_key_id":null},"after_unknown":{"arn":true,"id":true,"key_id":true,"multi_region":true,"policy":true,"rotation_period_in_days":true,"tags":{},"tags_all":{}},"before_sensitive":false,"after_sensitive":{"tags":{},"tags_all":{}}}},{"address":"aws_lb.this","mode":"managed","type":"aws_lb","name":"this","provider_name":"registry.terraform.io/hashicorp/aws","change":{"actions":["create"],"before":null,"after":{"access_logs":[],"client_keep_alive":3600,"connection_logs":[],"customer_owned_ipv4_pool":null,"desync_mitigation_mode":"defensive","dns_record_client_routing_policy":null,"drop_invalid_header_fields":true,"enable_cross_zone_load_balancing":null,"enable_deletion_protection":false,"enable_http2":true,"enable_tls_version_and_cipher_suite_headers":false,"enable_waf_fail_open":false,"enable_xff_client_port":false,"enable_zonal_shift":false,"idle_timeout":60,"internal":false,"ipam_pools":[],"load_balancer_type":"application","minimum_load_balancer_capacity":[],"name":"ai-tf-dev-alb","preserve_host_header":false,"tags":{"Name":"ai-tf-dev-alb"},"tags_all":{"Environment":"dev","ManagedBy":"terraform","Name":"ai-tf-dev-alb","Project":"ai-tf"},"timeouts":null,"xff_header_processing_mode":"append"},"after_unknown":{"access_logs":[],"arn":true,"arn_suffix":true,"connection_logs":[],"dns_name":true,"enforce_security_group_inbound_rules_on_private_link_traffic":true,"id":true,"ip_address_type":true,"ipam_pools":[],"minimum_load_balancer_capacity":[],"name_prefix":true,"security_groups":true,"subnet_mapping":true,"subnets":true,"tags":{},"tags_all":{},"vpc_id":true,"zone_id":true},"before_sensitive":false,"after_sensitive":{"access_logs":[],"connection_logs":[],"ipam_pools":[],"minimum_load_balancer_capacity":[],"security_groups":[],"subnet_mapping":[],"subnets":[],"tags":{},"tags_all":{}}}},{"address":"aws_lb_listener.http","mode":"managed","type":"aws_lb_listener","name":"http","provider_name":"registry.terraform.io/hashicorp/aws","change":{"actions":["create"],"before":null,"after":{"alpn_policy":null,"certificate_arn":null,"default_action":[{"authenticate_cognito":[],"authenticate_oidc":[],"fixed_response":[],"forward":[],"redirect":[],"type":"forward"}],"port":80,"protocol":"HTTP","tags":null,"tags_all":{"Environment":"dev","ManagedBy":"terraform","Project":"ai-tf"},"timeouts":null},"after_unknown":{"arn":true,"default_action":[{"authenticate_cognito":[],"authenticate_oidc":[],"fixed_response":[],"forward":[],"order":true,"redirect":[],"target_group_arn":true}],"id":true,"load_balancer_arn":true,"mutual_authentication":true,"routing_http_request_x_amzn_mtls_clientcert_header_name":true,"routing_http_request_x_amzn_mtls_clientcert_issuer_header_name":true,"routing_http_request_x_amzn_mtls_clientcert_leaf_header_name":true,"routing_http_request_x_amzn_mtls_clientcert_serial_number_header_name":true,"routing_http_request_x_amzn_mtls_clientcert_subject_header_name":true,"routing_http_request_x_amzn_mtls_clientcert_validity_header_name":true,"routing_http_request_x_amzn_tls_cipher_suite_header_name":true,"routing_http_request_x_amzn_tls_version_header_name":true,"routing_http_response_access_control_allow_credentials_header_value":true,"routing_http_response_access_control_allow_headers_header_value":true,"routing_http_response_access_control_allow_methods_header_value":true,"routing_http_response_access_control_allow_origin_header_value":true,"routing_http_response_access_control_expose_headers_header_value":true,"routing_http_response_access_control_max_age_header_value":true,"routing_http_response_content_security_policy_header_value":true,"routing_http_response_server_enabled":true,"routing_http_response_strict_transport_security_header_value":true,"routing_http_response_x_content_type_options_header_value":true,"routing_http_response_x_frame_options_header_value":true,"ssl_policy":true,"tags_all":{},"tcp_idle_timeout_seconds":true},"before_sensitive":false,"after_sensitive":{"default_action":[{"authenticate_cognito":[],"authenticate_oidc":[],"fixed_response":[],"forward":[],"redirect":[]}],"mutual_authentication":[],"tags_all":{}}}},{"address":"aws_lb_target_group.app","mode":"managed","type":"aws_lb_target_group","name":"app","provider_name":"registry.terraform.io/hashicorp/aws","change":{"actions":["create"],"before":null,"after":{"deregistration_delay":"300","health_check":[{"enabled":true,"healthy_threshold":2,"interval":30,"matcher":"200-399","path":"/","port":"traffic-port","protocol":"HTTP","timeout":5,"unhealthy_threshold":3}],"lambda_multi_value_headers_enabled":false,"name":"ai-tf-dev-tg","port":80,"protocol":"HTTP","proxy_protocol_v2":false,"slow_start":0,"tags":{"Name":"ai-tf-dev-tg"},"tags_all":{"Environment":"dev","ManagedBy":"terraform","Name":"ai-tf-dev-tg","Project":"ai-tf"},"target_type":"ip"},"after_unknown":{"arn":true,"arn_suffix":true,"connection_termination":true,"health_check":[{}],"id":true,"ip_address_type":true,"load_balancer_arns":true,"load_balancing_algorithm_type":true,"load_balancing_anomaly_mitigation":true,"load_balancing_cross_zone_enabled":true,"name_prefix":true,"preserve_client_ip":true,"protocol_version":true,"stickiness":true,"tags":{},"tags_all":{},"target_failover":true,"target_group_health":true,"target_health_state":true,"vpc_id":true},"before_sensitive":false,"after_sensitive":{"health_check":[{}],"load_balancer_arns":[],"stickiness":[],"tags":{},"tags_all":{},"target_failover":[],"target_group_health":[],"target_health_state":[]}}},{"address":"aws_nat_gateway.this[0]","mode":"managed","type":"aws_nat_gateway","name":"this","index":0,"provider_name":"registry.terraform.io/hashicorp/aws","change":{"actions":["create"],"before":null,"after":{"connectivity_type":"public","secondary_allocation_ids":null,"tags":{"Name":"ai-tf-dev-nat-0"},"tags_all":{"Environment":"dev","ManagedBy":"terraform","Name":"ai-tf-dev-nat-0","Project":"ai-tf"},"timeouts":null},"after_unknown":{"allocation_id":true,"association_id":true,"id":true,"network_interface_id":true,"private_ip":true,"public_ip":true,"secondary_private_ip_address_count":true,"secondary_private_ip_addresses":true,"subnet_id":true,"tags":{},"tags_all":{}},"before_sensitive":false,"after_sensitive":{"secondary_private_ip_addresses":[],"tags":{},"tags_all":{}}}},{"address":"aws_route_table.private_app[\"us-east-1a\"]","mode":"managed","type":"aws_route_table","name":"private_app","index":"us-east-1a","provider_name":"registry.terraform.io/hashicorp/aws","change":{"actions":["create"],"before":null,"after":{"route":[{"carrier_gateway_id":"","cidr_block":"0.0.0.0/0","core_network_arn":"","destination_prefix_list_id":"","egress_only_gateway_id":"","gateway_id":"","ipv6_cidr_block":"","local_gateway_id":"","network_interface_id":"","transit_gateway_id":"","vpc_endpoint_id":"","vpc_peering_connection_id":""}],"tags":{"Name":"ai-tf-dev-rt-private-app-us-east-1a"},"tags_all":{"Environment":"dev","ManagedBy":"terraform","Name":"ai-tf-dev-rt-private-app-us-east-1a","Project":"ai-tf"},"timeouts":null},"after_unknown":{"arn":true,"id":true,"owner_id":true,"propagating_vgws":true,"route":[{"nat_gateway_id":true}],"tags":{},"tags_all":{},"vpc_id":true},"before_sensitive":false,"after_sensitive":{"propagating_vgws":[],"route":[{}],"tags":{},"tags_all":{}}}},{"address":"aws_route_table.private_app[\"us-east-1b\"]","mode":"managed","type":"aws_route_table","name":"private_app","index":"us-east-1b","provider_name":"registry.terraform.io/hashicorp/aws","change":{"actions":["create"],"before":null,"after":{"route":[{"carrier_gateway_id":"","cidr_block":"0.0.0.0/0","core_network_arn":"","destination_prefix_list_id":"","egress_only_gateway_id":"","gateway_id":"","ipv6_cidr_block":"","local_gateway_id":"","network_interface_id":"","transit_gateway_id":"","vpc_endpoint_id":"","vpc_peering_connection_id":""}],"tags":{"Name":"ai-tf-dev-rt-private-app-us-east-1b"},"tags_all":{"Environment":"dev","ManagedBy":"terraform","Name":"ai-tf-dev-rt-private-app-us-east-1b","Project":"ai-tf"},"timeouts":null},"after_unknown":{"arn":true,"id":true,"owner_id":true,"propagating_vgws":true,"route":[{"nat_gateway_id":true}],"tags":{},"tags_all":{},"vpc_id":true},"before_sensitive":false,"after_sensitive":{"propagating_vgws":[],"route":[{}],"tags":{},"tags_all":{}}}},{"address":"aws_route_table.private_data[\"us-east-1a\"]","mode":"managed","type":"aws_route_table","name":"private_data","index":"us-east-1a","provider_name":"registry.terraform.io/hashicorp/aws","change":{"actions":["create"],"before":null,"after":{"route":[{"carrier_gateway_id":"","cidr_block":"0.0.0.0/0","core_network_arn":"","destination_prefix_list_id":"","egress_only_gateway_id":"","gateway_id":"","ipv6_cidr_block":"","local_gateway_id":"","network_interface_id":"","transit_gateway_id":"","vpc_endpoint_id":"","vpc_peering_connection_id":""}],"tags":{"Name":"ai-tf-dev-rt-private-data-us-east-1a"},"tags_all":{"Environment":"dev","ManagedBy":"terraform","Name":"ai-tf-dev-rt-private-data-us-east-1a","Project":"ai-tf"},"timeouts":null},"after_unknown":{"arn":true,"id":true,"owner_id":true,"propagating_vgws":true,"route":[{"nat_gateway_id":true}],"tags":{},"tags_all":{},"vpc_id":true},"before_sensitive":false,"after_sensitive":{"propagating_vgws":[],"route":[{}],"tags":{},"tags_all":{}}}},{"address":"aws_route_table.private_data[\"us-east-1b\"]","mode":"managed","type":"aws_route_table","name":"private_data","index":"us-east-1b","provider_name":"registry.terraform.io/hashicorp/aws","change":{"actions":["create"],"before":null,"after":{"route":[{"carrier_gateway_id":"","cidr_block":"0.0.0.0/0","core_network_arn":"","destination_prefix_list_id":"","egress_only_gateway_id":"","gateway_id":"","ipv6_cidr_block":"","local_gateway_id":"","network_interface_id":"","transit_gateway_id":"","vpc_endpoint_id":"","vpc_peering_connection_id":""}],"tags":{"Name":"ai-tf-dev-rt-private-data-us-east-1b"},"tags_all":{"Environment":"dev","ManagedBy":"terraform","Name":"ai-tf-dev-rt-private-data-us-east-1b","Project":"ai-tf"},"timeouts":null},"after_unknown":{"arn":true,"id":true,"owner_id":true,"propagating_vgws":true,"route":[{"nat_gateway_id":true}],"tags":{},"tags_all":{},"vpc_id":true},"before_sensitive":false,"after_sensitive":{"propagating_vgws":[],"route":[{}],"tags":{},"tags_all":{}}}},{"address":"aws_route_table.public","mode":"managed","type":"aws_route_table","name":"public","provider_name":"registry.terraform.io/hashicorp/aws","change":{"actions":["create"],"before":null,"after":{"route":[{"carrier_gateway_id":"","cidr_block":"0.0.0.0/0","core_network_arn":"","destination_prefix_list_id":"","egress_only_gateway_id":"","ipv6_cidr_block":"","local_gateway_id":"","nat_gateway_id":"","network_interface_id":"","transit_gateway_id":"","vpc_endpoint_id":"","vpc_peering_connection_id":""}],"tags":{"Name":"ai-tf-dev-rt-public"},"tags_all":{"Environment":"dev","ManagedBy":"terraform","Name":"ai-tf-dev-rt-public","Project":"ai-tf"},"timeouts":null},"after_unknown":{"arn":true,"id":true,"owner_id":true,"propagating_vgws":true,"route":[{"gateway_id":true}],"tags":{},"tags_all":{},"vpc_id":true},"before_sensitive":false,"after_sensitive":{"propagating_vgws":[],"route":[{}],"tags":{},"tags_all":{}}}},{"address":"aws_route_table_association.private_app[\"us-east-1a\"]","mode":"managed","type":"aws_route_table_association","name":"private_app","index":"us-east-1a","provider_name":"registry.terraform.io/hashicorp/aws","change":{"actions":["create"],"before":null,"after":{"gateway_id":null,"timeouts":null},"after_unknown":{"id":true,"route_table_id":true,"subnet_id":true},"before_sensitive":false,"after_sensitive":{}}},{"address":"aws_route_table_association.private_app[\"us-east-1b\"]","mode":"managed","type":"aws_route_table_association","name":"private_app","index":"us-east-1b","provider_name":"registry.terraform.io/hashicorp/aws","change":{"actions":["create"],"before":null,"after":{"gateway_id":null,"timeouts":null},"after_unknown":{"id":true,"route_table_id":true,"subnet_id":true},"before_sensitive":false,"after_sensitive":{}}},{"address":"aws_route_table_association.private_data[\"us-east-1a\"]","mode":"managed","type":"aws_route_table_association","name":"private_data","index":"us-east-1a","provider_name":"registry.terraform.io/hashicorp/aws","change":{"actions":["create"],"before":null,"after":{"gateway_id":null,"timeouts":null},"after_unknown":{"id":true,"route_table_id":true,"subnet_id":true},"before_sensitive":false,"after_sensitive":{}}},{"address":"aws_route_table_association.private_data[\"us-east-1b\"]","mode":"managed","type":"aws_route_table_association","name":"private_data","index":"us-east-1b","provider_name":"registry.terraform.io/hashicorp/aws","change":{"actions":["create"],"before":null,"after":{"gateway_id":null,"timeouts":null},"after_unknown":{"id":true,"route_table_id":true,"subnet_id":true},"before_sensitive":false,"after_sensitive":{}}},{"address":"aws_route_table_association.public[\"us-east-1a\"]","mode":"managed","type":"aws_route_table_association","name":"public","index":"us-east-1a","provider_name":"registry.terraform.io/hashicorp/aws","change":{"actions":["create"],"before":null,"after":{"gateway_id":null,"timeouts":null},"after_unknown":{"id":true,"route_table_id":true,"subnet_id":true},"before_sensitive":false,"after_sensitive":{}}},{"address":"aws_route_table_association.public[\"us-east-1b\"]","mode":"managed","type":"aws_route_table_association","name":"public","index":"us-east-1b","provider_name":"registry.terraform.io/hashicorp/aws","change":{"actions":["create"],"before":null,"after":{"gateway_id":null,"timeouts":null},"after_unknown":{"id":true,"route_table_id":true,"subnet_id":true},"before_sensitive":false,"after_sensitive":{}}},{"address":"aws_s3_bucket.app","mode":"managed","type":"aws_s3_bucket","name":"app","provider_name":"registry.terraform.io/hashicorp/aws","change":{"actions":["create"],"before":null,"after":{"force_destroy":false,"tags":{"Name":"ai-tf-dev-app-bucket"},"tags_all":{"Environment":"dev","ManagedBy":"terraform","Name":"ai-tf-dev-app-bucket","Project":"ai-tf"},"timeouts":null},"after_unknown":{"acceleration_status":true,"acl":true,"arn":true,"bucket":true,"bucket_domain_name":true,"bucket_prefix":true,"bucket_regional_domain_name":true,"cors_rule":true,"grant":true,"hosted_zone_id":true,"id":true,"lifecycle_rule":true,"logging":true,"object_lock_configuration":true,"object_lock_enabled":true,"policy":true,"region":true,"replication_configuration":true,"request_payer":true,"server_side_encryption_configuration":true,"tags":{},"tags_all":{},"versioning":true,"website":true,"website_domain":true,"website_endpoint":true},"before_sensitive":false,"after_sensitive":{"cors_rule":[],"grant":[],"lifecycle_rule":[],"logging":[],"object_lock_configuration":[],"replication_configuration":[],"server_side_encryption_configuration":[],"tags":{},"tags_all":{},"versioning":[],"website":[]}}},{"address":"aws_s3_bucket_public_access_block.app","mode":"managed","type":"aws_s3_bucket_public_access_block","name":"app","provider_name":"registry.terraform.io/hashicorp/aws","change":{"actions":["create"],"before":null,"after":{"block_public_acls":true,"block_public_policy":true,"ignore_public_acls":true,"restrict_public_buckets":true},"after_unknown":{"bucket":true,"id":true},"before_sensitive":false,"after_sensitive":{}}},{"address":"aws_s3_bucket_server_side_encryption_configuration.app","mode":"managed","type":"aws_s3_bucket_server_side_encryption_configuration","name":"app","provider_name":"registry.terraform.io/hashicorp/aws","change":{"actions":["create"],"before":null,"after":{"expected_bucket_owner":null,"rule":[{"apply_server_side_encryption_by_default":[{"sse_algorithm":"aws:kms"}],"bucket_key_enabled":null}]},"after_unknown":{"bucket":true,"id":true,"rule":[{"apply_server_side_encryption_by_default":[{"kms_master_key_id":true}]}]},"before_sensitive":false,"after_sensitive":{"rule":[{"apply_server_side_encryption_by_default":[{}]}]}}},{"address":"aws_s3_bucket_versioning.app","mode":"managed","type":"aws_s3_bucket_versioning","name":"app","provider_name":"registry.terraform.io/hashicorp/aws","change":{"actions":["create"],"before":null,"after":{"expected_bucket_owner":null,"mfa":null,"versioning_configuration":[{"status":"Enabled"}]},"after_unknown":{"bucket":true,"id":true,"versioning_configuration":[{"mfa_delete":true}]},"before_sensitive":false,"after_sensitive":{"versioning_configuration":[{}]}}},{"address":"aws_secretsmanager_secret.db","mode":"managed","type":"aws_secretsmanager_secret","name":"db","provider_name":"registry.terraform.io/hashicorp/aws","change":{"actions":["create"],"before":null,"after":{"description":null,"force_overwrite_replica_secret":false,"name":"ai-tf-dev/db","recovery_window_in_days":7,"tags":null,"tags_all":{"Environment":"dev","ManagedBy":"terraform","Project":"ai-tf"}},"after_unknown":{"arn":true,"id":true,"kms_key_id":true,"name_prefix":true,"policy":true,"replica":true,"tags_all":{}},"before_sensitive":false,"after_sensitive":{"replica":[],"tags_all":{}}}},{"address":"aws_secretsmanager_secret_version.db","mode":"managed","type":"aws_secretsmanager_secret_version","name":"db","provider_name":"registry.terraform.io/hashicorp/aws","change":{"actions":["create"],"before":null,"after":{"secret_binary":null,"secret_string_wo":null,"secret_string_wo_version":null},"after_unknown":{"arn":true,"has_secret_string_wo":true,"id":true,"secret_id":true,"secret_string":true,"version_id":true,"version_stages":true},"before_sensitive":false,"after_sensitive":{"secret_binary":true,"secret_string":true,"secret_string_wo":true,"version_stages":[]}}},{"address":"aws_security_group.alb","mode":"managed","type":"aws_security_group","name":"alb","provider_name":"registry.terraform.io/hashicorp/aws","change":{"actions":["create"],"before":null,"after":{"description":"ALB security group","egress":[{"cidr_blocks":["0.0.0.0/0"],"description":"","from_port":0,"ipv6_cidr_blocks":[],"prefix_list_ids":[],"protocol":"-1","security_groups":[],"self":false,"to_port":0}],"ingress":[{"cidr_blocks":["0.0.0.0/0"],"description":"HTTP (optional redirect)","from_port":80,"ipv6_cidr_blocks":[],"prefix_list_ids":[],"protocol":"tcp","security_groups":[],"self":false,"to_port":80},{"cidr_blocks":["0.0.0.0/0"],"description":"HTTPS","from_port":443,"ipv6_cidr_blocks":[],"prefix_list_ids":[],"protocol":"tcp","security_groups":[],"self":false,"to_port":443}],"name":"ai-tf-dev-alb-sg","revoke_rules_on_delete":false,"tags":{"Name":"ai-tf-dev-alb-sg"},"tags_all":{"Environment":"dev","ManagedBy":"terraform","Name":"ai-tf-dev-alb-sg","Project":"ai-tf"},"timeouts":null},"after_unknown":{"arn":true,"egress":[{"cidr_blocks":[false],"ipv6_cidr_blocks":[],"prefix_list_ids":[],"security_groups":[]}],"id":true,"ingress":[{"cidr_blocks":[false],"ipv6_cidr_blocks":[],"prefix_list_ids":[],"security_groups":[]},{"cidr_blocks":[false],"ipv6_cidr_blocks":[],"prefix_list_ids":[],"security_groups":[]}],"name_prefix":true,"owner_id":true,"tags":{},"tags_all":{},"vpc_id":true},"before_sensitive":false,"after_sensitive":{"egress":[{"cidr_blocks":[false],"ipv6_cidr_blocks":[],"prefix_list_ids":[],"security_groups":[]}],"ingress":[{"cidr_blocks":[false],"ipv6_cidr_blocks":[],"prefix_list_ids":[],"security_groups":[]},{"cidr_blocks":[false],"ipv6_cidr_blocks":[],"prefix_list_ids":[],"security_groups":[]}],"tags":{},"tags_all":{}}}},{"address":"aws_security_group.app","mode":"managed","type":"aws_security_group","name":"app","provider_name":"registry.terraform.io/hashicorp/aws","change":{"actions":["create"],"before":null,"after":{"description":"App (ECS tasks) security group","egress":[{"cidr_blocks":["0.0.0.0/0"],"description":"","from_port":0,"ipv6_cidr_blocks":[],"prefix_list_ids":[],"protocol":"-1","security_groups":[],"self":false,"to_port":0}],"ingress":[{"cidr_blocks":[],"description":"From ALB","from_port":80,"ipv6_cidr_blocks":[],"prefix_list_ids":[],"protocol":"tcp","self":false,"to_port":80}],"name":"ai-tf-dev-app-sg","revoke_rules_on_delete":false,"tags":{"Name":"ai-tf-dev-app-sg"},"tags_all":{"Environment":"dev","ManagedBy":"terraform","Name":"ai-tf-dev-app-sg","Project":"ai-tf"},"timeouts":null},"after_unknown":{"arn":true,"egress":[{"cidr_blocks":[false],"ipv6_cidr_blocks":[],"prefix_list_ids":[],"security_groups":[]}],"id":true,"ingress":[{"cidr_blocks":[],"ipv6_cidr_blocks":[],"prefix_list_ids":[],"security_groups":true}],"name_prefix":true,"owner_id":true,"tags":{},"tags_all":{},"vpc_id":true},"before_sensitive":false,"after_sensitive":{"egress":[{"cidr_blocks":[false],"ipv6_cidr_blocks":[],"prefix_list_ids":[],"security_groups":[]}],"ingress":[{"cidr_blocks":[],"ipv6_cidr_blocks":[],"prefix_list_ids":[],"security_groups":[]}],"tags":{},"tags_all":{}}}},{"address":"aws_security_group.db","mode":"managed","type":"aws_security_group","name":"db","provider_name":"registry.terraform.io/hashicorp/aws","change":{"actions":["create"],"before":null,"after":{"description":"RDS security group","egress":[{"cidr_blocks":["0.0.0.0/0"],"description":"","from_port":0,"ipv6_cidr_blocks":[],"prefix_list_ids":[],"protocol":"-1","security_groups":[],"self":false,"to_port":0}],"ingress":[{"cidr_blocks":[],"description":"From app","from_port":5432,"ipv6_cidr_blocks":[],"prefix_list_ids":[],"protocol":"tcp","self":false,"to_port":5432}],"name":"ai-tf-dev-db-sg","revoke_rules_on_delete":false,"tags":{"Name":"ai-tf-dev-db-sg"},"tags_all":{"Environment":"dev","ManagedBy":"terraform","Name":"ai-tf-dev-db-sg","Project":"ai-tf"},"timeouts":null},"after_unknown":{"arn":true,"egress":[{"cidr_blocks":[false],"ipv6_cidr_blocks":[],"prefix_list_ids":[],"security_groups":[]}],"id":true,"ingress":[{"cidr_blocks":[],"ipv6_cidr_blocks":[],"prefix_list_ids":[],"security_groups":true}],"name_prefix":true,"owner_id":true,"tags":{},"tags_all":{},"vpc_id":true},"before_sensitive":false,"after_sensitive":{"egress":[{"cidr_blocks":[false],"ipv6_cidr_blocks":[],"prefix_list_ids":[],"security_groups":[]}],"ingress":[{"cidr_blocks":[],"ipv6_cidr_blocks":[],"prefix_list_ids":[],"security_groups":[]}],"tags":{},"tags_all":{}}}},{"address":"aws_security_group.vpce[0]","mode":"managed","type":"aws_security_group","name":"vpce","index":0,"provider_name":"registry.terraform.io/hashicorp/aws","change":{"actions":["create"],"before":null,"after":{"description":"Security group for interface VPC endpoints","egress":[{"cidr_blocks":["0.0.0.0/0"],"description":"","from_port":0,"ipv6_cidr_blocks":[],"prefix_list_ids":[],"protocol":"-1","security_groups":[],"self":false,"to_port":0}],"ingress":[{"cidr_blocks":["10.0.0.0/16"],"description":"HTTPS from VPC","from_port":443,"ipv6_cidr_blocks":[],"prefix_list_ids":[],"protocol":"tcp","security_groups":[],"self":false,"to_port":443}],"name":"ai-tf-dev-vpce-sg","revoke_rules_on_delete":false,"tags":null,"tags_all":{"Environment":"dev","ManagedBy":"terraform","Project":"ai-tf"},"timeouts":null},"after_unknown":{"arn":true,"egress":[{"cidr_blocks":[false],"ipv6_cidr_blocks":[],"prefix_list_ids":[],"security_groups":[]}],"id":true,"ingress":[{"cidr_blocks":[false],"ipv6_cidr_blocks":[],"prefix_list_ids":[],"security_groups":[]}],"name_prefix":true,"owner_id":true,"tags_all":{},"vpc_id":true},"before_sensitive":false,"after_sensitive":{"egress":[{"cidr_blocks":[false],"ipv6_cidr_blocks":[],"prefix_list_ids":[],"security_groups":[]}],"ingress":[{"cidr_blocks":[false],"ipv6_cidr_blocks":[],"prefix_list_ids":[],"security_groups":[]}],"tags_all":{}}}},{"address":"aws_subnet.private_app[\"us-east-1a\"]","mode":"managed","type":"aws_subnet","name":"private_app","index":"us-east-1a","provider_name":"registry.terraform.io/hashicorp/aws","change":{"actions":["create"],"before":null,"after":{"assign_ipv6_address_on_creation":false,"availability_zone":"us-east-1a","cidr_block":"10.0.10.0/24","customer_owned_ipv4_pool":null,"enable_dns64":false,"enable_lni_at_device_index":null,"enable_resource_name_dns_a_record_on_launch":false,"enable_resource_name_dns_aaaa_record_on_launch":false,"ipv6_cidr_block":null,"ipv6_native":false,"map_customer_owned_ip_on_launch":null,"map_public_ip_on_launch":false,"outpost_arn":null,"tags":{"Name":"ai-tf-dev-private-app-us-east-1a","Tier":"private-app"},"tags_all":{"Environment":"dev","ManagedBy":"terraform","Name":"ai-tf-dev-private-app-us-east-1a","Project":"ai-tf","Tier":"private-app"},"timeouts":null},"after_unknown":{"arn":true,"availability_zone_id":true,"id":true,"ipv6_cidr_block_association_id":true,"owner_id":true,"private_dns_hostname_type_on_launch":true,"tags":{},"tags_all":{},"vpc_id":true},"before_sensitive":false,"after_sensitive":{"tags":{},"tags_all":{}}}},{"address":"aws_subnet.private_app[\"us-east-1b\"]","mode":"managed","type":"aws_subnet","name":"private_app","index":"us-east-1b","provider_name":"registry.terraform.io/hashicorp/aws","change":{"actions":["create"],"before":null,"after":{"assign_ipv6_address_on_creation":false,"availability_zone":"us-east-1b","cidr_block":"10.0.11.0/24","customer_owned_ipv4_pool":null,"enable_dns64":false,"enable_lni_at_device_index":null,"enable_resource_name_dns_a_record_on_launch":false,"enable_resource_name_dns_aaaa_record_on_launch":false,"ipv6_cidr_block":null,"ipv6_native":false,"map_customer_owned_ip_on_launch":null,"map_public_ip_on_launch":false,"outpost_arn":null,"tags":{"Name":"ai-tf-dev-private-app-us-east-1b","Tier":"private-app"},"tags_all":{"Environment":"dev","ManagedBy":"terraform","Name":"ai-tf-dev-private-app-us-east-1b","Project":"ai-tf","Tier":"private-app"},"timeouts":null},"after_unknown":{"arn":true,"availability_zone_id":true,"id":true,"ipv6_cidr_block_association_id":true,"owner_id":true,"private_dns_hostname_type_on_launch":true,"tags":{},"tags_all":{},"vpc_id":true},"before_sensitive":false,"after_sensitive":{"tags":{},"tags_all":{}}}},{"address":"aws_subnet.private_data[\"us-east-1a\"]","mode":"managed","type":"aws_subnet","name":"private_data","index":"us-east-1a","provider_name":"registry.terraform.io/hashicorp/aws","change":{"actions":["create"],"before":null,"after":{"assign_ipv6_address_on_creation":false,"availability_zone":"us-east-1a","cidr_block":"10.0.20.0/24","customer_owned_ipv4_pool":null,"enable_dns64":false,"enable_lni_at_device_index":null,"enable_resource_name_dns_a_record_on_launch":false,"enable_resource_name_dns_aaaa_record_on_launch":false,"ipv6_cidr_block":null,"ipv6_native":false,"map_customer_owned_ip_on_launch":null,"map_public_ip_on_launch":false,"outpost_arn":null,"tags":{"Name":"ai-tf-dev-private-data-us-east-1a","Tier":"private-data"},"tags_all":{"Environment":"dev","ManagedBy":"terraform","Name":"ai-tf-dev-private-data-us-east-1a","Project":"ai-tf","Tier":"private-data"},"timeouts":null},"after_unknown":{"arn":true,"availability_zone_id":true,"id":true,"ipv6_cidr_block_association_id":true,"owner_id":true,"private_dns_hostname_type_on_launch":true,"tags":{},"tags_all":{},"vpc_id":true},"before_sensitive":false,"after_sensitive":{"tags":{},"tags_all":{}}}},{"address":"aws_subnet.private_data[\"us-east-1b\"]","mode":"managed","type":"aws_subnet","name":"private_data","index":"us-east-1b","provider_name":"registry.terraform.io/hashicorp/aws","change":{"actions":["create"],"before":null,"after":{"assign_ipv6_address_on_creation":false,"availability_zone":"us-east-1b","cidr_block":"10.0.21.0/24","customer_owned_ipv4_pool":null,"enable_dns64":false,"enable_lni_at_device_index":null,"enable_resource_name_dns_a_record_on_launch":false,"enable_resource_name_dns_aaaa_record_on_launch":false,"ipv6_cidr_block":null,"ipv6_native":false,"map_customer_owned_ip_on_launch":null,"map_public_ip_on_launch":false,"outpost_arn":null,"tags":{"Name":"ai-tf-dev-private-data-us-east-1b","Tier":"private-data"},"tags_all":{"Environment":"dev","ManagedBy":"terraform","Name":"ai-tf-dev-private-data-us-east-1b","Project":"ai-tf","Tier":"private-data"},"timeouts":null},"after_unknown":{"arn":true,"availability_zone_id":true,"id":true,"ipv6_cidr_block_association_id":true,"owner_id":true,"private_dns_hostname_type_on_launch":true,"tags":{},"tags_all":{},"vpc_id":true},"before_sensitive":false,"after_sensitive":{"tags":{},"tags_all":{}}}},{"address":"aws_subnet.public[\"us-east-1a\"]","mode":"managed","type":"aws_subnet","name":"public","index":"us-east-1a","provider_name":"registry.terraform.io/hashicorp/aws","change":{"actions":["create"],"before":null,"after":{"assign_ipv6_address_on_creation":false,"availability_zone":"us-east-1a","cidr_block":"10.0.0.0/24","customer_owned_ipv4_pool":null,"enable_dns64":false,"enable_lni_at_device_index":null,"enable_resource_name_dns_a_record_on_launch":false,"enable_resource_name_dns_aaaa_record_on_launch":false,"ipv6_cidr_block":null,"ipv6_native":false,"map_customer_owned_ip_on_launch":null,"map_public_ip_on_launch":true,"outpost_arn":null,"tags":{"Name":"ai-tf-dev-public-us-east-1a","Tier":"public"},"tags_all":{"Environment":"dev","ManagedBy":"terraform","Name":"ai-tf-dev-public-us-east-1a","Project":"ai-tf","Tier":"public"},"timeouts":null},"after_unknown":{"arn":true,"availability_zone_id":true,"id":true,"ipv6_cidr_block_association_id":true,"owner_id":true,"private_dns_hostname_type_on_launch":true,"tags":{},"tags_all":{},"vpc_id":true},"before_sensitive":false,"after_sensitive":{"tags":{},"tags_all":{}}}},{"address":"aws_subnet.public[\"us-east-1b\"]","mode":"managed","type":"aws_subnet","name":"public","index":"us-east-1b","provider_name":"registry.terraform.io/hashicorp/aws","change":{"actions":["create"],"before":null,"after":{"assign_ipv6_address_on_creation":false,"availability_zone":"us-east-1b","cidr_block":"10.0.1.0/24","customer_owned_ipv4_pool":null,"enable_dns64":false,"enable_lni_at_device_index":null,"enable_resource_name_dns_a_record_on_launch":false,"enable_resource_name_dns_aaaa_record_on_launch":false,"ipv6_cidr_block":null,"ipv6_native":false,"map_customer_owned_ip_on_launch":null,"map_public_ip_on_launch":true,"outpost_arn":null,"tags":{"Name":"ai-tf-dev-public-us-east-1b","Tier":"public"},"tags_all":{"Environment":"dev","ManagedBy":"terraform","Name":"ai-tf-dev-public-us-east-1b","Project":"ai-tf","Tier":"public"},"timeouts":null},"after_unknown":{"arn":true,"availability_zone_id":true,"id":true,"ipv6_cidr_block_association_id":true,"owner_id":true,"private_dns_hostname_type_on_launch":true,"tags":{},"tags_all":{},"vpc_id":true},"before_sensitive":false,"after_sensitive":{"tags":{},"tags_all":{}}}},{"address":"aws_vpc.this","mode":"managed","type":"aws_vpc","name":"this","provider_name":"registry.terraform.io/hashicorp/aws","change":{"actions":["create"],"before":null,"after":{"assign_generated_ipv6_cidr_block":null,"cidr_block":"10.0.0.0/16","enable_dns_hostnames":true,"enable_dns_support":true,"instance_tenancy":"default","ipv4_ipam_pool_id":null,"ipv4_netmask_length":null,"ipv6_ipam_pool_id":null,"ipv6_netmask_length":null,"tags":{"Name":"ai-tf-dev-vpc"},"tags_all":{"Environment":"dev","ManagedBy":"terraform","Name":"ai-tf-dev-vpc","Project":"ai-tf"}},"after_unknown":{"arn":true,"default_network_acl_id":true,"default_route_table_id":true,"default_security_group_id":true,"dhcp_options_id":true,"enable_network_address_usage_metrics":true,"id":true,"ipv6_association_id":true,"ipv6_cidr_block":true,"ipv6_cidr_block_network_border_group":true,"main_route_table_id":true,"owner_id":true,"tags":{},"tags_all":{}},"before_sensitive":false,"after_sensitive":{"tags":{},"tags_all":{}}}},{"address":"aws_vpc_endpoint.interface[\"ecr.api\"]","mode":"managed","type":"aws_vpc_endpoint","name":"interface","index":"ecr.api","provider_name":"registry.terraform.io/hashicorp/aws","change":{"actions":["create"],"before":null,"after":{"auto_accept":null,"private_dns_enabled":true,"resource_configuration_arn":null,"service_name":"com.amazonaws.us-east-1.ecr.api","service_network_arn":null,"tags":{"Name":"ai-tf-dev-vpce-ecr-api"},"tags_all":{"Environment":"dev","ManagedBy":"terraform","Name":"ai-tf-dev-vpce-ecr-api","Project":"ai-tf"},"timeouts":null,"vpc_endpoint_type":"Interface"},"after_unknown":{"arn":true,"cidr_blocks":true,"dns_entry":true,"dns_options":true,"id":true,"ip_address_type":true,"network_interface_ids":true,"owner_id":true,"policy":true,"prefix_list_id":true,"requester_managed":true,"route_table_ids":true,"security_group_ids":true,"service_region":true,"state":true,"subnet_configuration":true,"subnet_ids":true,"tags":{},"tags_all":{},"vpc_id":true},"before_sensitive":false,"after_sensitive":{"cidr_blocks":[],"dns_entry":[],"dns_options":[],"network_interface_ids":[],"route_table_ids":[],"security_group_ids":[],"subnet_configuration":[],"subnet_ids":[],"tags":{},"tags_all":{}}}},{"address":"aws_vpc_endpoint.interface[\"ecr.dkr\"]","mode":"managed","type":"aws_vpc_endpoint","name":"interface","index":"ecr.dkr","provider_name":"registry.terraform.io/hashicorp/aws","change":{"actions":["create"],"before":null,"after":{"auto_accept":null,"private_dns_enabled":true,"resource_configuration_arn":null,"service_name":"com.amazonaws.us-east-1.ecr.dkr","service_network_arn":null,"tags":{"Name":"ai-tf-dev-vpce-ecr-dkr"},"tags_all":{"Environment":"dev","ManagedBy":"terraform","Name":"ai-tf-dev-vpce-ecr-dkr","Project":"ai-tf"},"timeouts":null,"vpc_endpoint_type":"Interface"},"after_unknown":{"arn":true,"cidr_blocks":true,"dns_entry":true,"dns_options":true,"id":true,"ip_address_type":true,"network_interface_ids":true,"owner_id":true,"policy":true,"prefix_list_id":true,"requester_managed":true,"route_table_ids":true,"security_group_ids":true,"service_region":true,"state":true,"subnet_configuration":true,"subnet_ids":true,"tags":{},"tags_all":{},"vpc_id":true},"before_sensitive":false,"after_sensitive":{"cidr_blocks":[],"dns_entry":[],"dns_options":[],"network_interface_ids":[],"route_table_ids":[],"security_group_ids":[],"subnet_configuration":[],"subnet_ids":[],"tags":{},"tags_all":{}}}},{"address":"aws_vpc_endpoint.interface[\"logs\"]","mode":"managed","type":"aws_vpc_endpoint","name":"interface","index":"logs","provider_name":"registry.terraform.io/hashicorp/aws","change":{"actions":["create"],"before":null,"after":{"auto_accept":null,"private_dns_enabled":true,"resource_configuration_arn":null,"service_name":"com.amazonaws.us-east-1.logs","service_network_arn":null,"tags":{"Name":"ai-tf-dev-vpce-logs"},"tags_all":{"Environment":"dev","ManagedBy":"terraform","Name":"ai-tf-dev-vpce-logs","Project":"ai-tf"},"timeouts":null,"vpc_endpoint_type":"Interface"},"after_unknown":{"arn":true,"cidr_blocks":true,"dns_entry":true,"dns_options":true,"id":true,"ip_address_type":true,"network_interface_ids":true,"owner_id":true,"policy":true,"prefix_list_id":true,"requester_managed":true,"route_table_ids":true,"security_group_ids":true,"service_region":true,"state":true,"subnet_configuration":true,"subnet_ids":true,"tags":{},"tags_all":{},"vpc_id":true},"before_sensitive":false,"after_sensitive":{"cidr_blocks":[],"dns_entry":[],"dns_options":[],"network_interface_ids":[],"route_table_ids":[],"security_group_ids":[],"subnet_configuration":[],"subnet_ids":[],"tags":{},"tags_all":{}}}},{"address":"aws_vpc_endpoint.interface[\"secretsmanager\"]","mode":"managed","type":"aws_vpc_endpoint","name":"interface","index":"secretsmanager","provider_name":"registry.terraform.io/hashicorp/aws","change":{"actions":["create"],"before":null,"after":{"auto_accept":null,"private_dns_enabled":true,"resource_configuration_arn":null,"service_name":"com.amazonaws.us-east-1.secretsmanager","service_network_arn":null,"tags":{"Name":"ai-tf-dev-vpce-secretsmanager"},"tags_all":{"Environment":"dev","ManagedBy":"terraform","Name":"ai-tf-dev-vpce-secretsmanager","Project":"ai-tf"},"timeouts":null,"vpc_endpoint_type":"Interface"},"after_unknown":{"arn":true,"cidr_blocks":true,"dns_entry":true,"dns_options":true,"id":true,"ip_address_type":true,"network_interface_ids":true,"owner_id":true,"policy":true,"prefix_list_id":true,"requester_managed":true,"route_table_ids":true,"security_group_ids":true,"service_region":true,"state":true,"subnet_configuration":true,"subnet_ids":true,"tags":{},"tags_all":{},"vpc_id":true},"before_sensitive":false,"after_sensitive":{"cidr_blocks":[],"dns_entry":[],"dns_options":[],"network_interface_ids":[],"route_table_ids":[],"security_group_ids":[],"subnet_configuration":[],"subnet_ids":[],"tags":{},"tags_all":{}}}},{"address":"aws_vpc_endpoint.interface[\"ssm\"]","mode":"managed","type":"aws_vpc_endpoint","name":"interface","index":"ssm","provider_name":"registry.terraform.io/hashicorp/aws","change":{"actions":["create"],"before":null,"after":{"auto_accept":null,"private_dns_enabled":true,"resource_configuration_arn":null,"service_name":"com.amazonaws.us-east-1.ssm","service_network_arn":null,"tags":{"Name":"ai-tf-dev-vpce-ssm"},"tags_all":{"Environment":"dev","ManagedBy":"terraform","Name":"ai-tf-dev-vpce-ssm","Project":"ai-tf"},"timeouts":null,"vpc_endpoint_type":"Interface"},"after_unknown":{"arn":true,"cidr_blocks":true,"dns_entry":true,"dns_options":true,"id":true,"ip_address_type":true,"network_interface_ids":true,"owner_id":true,"policy":true,"prefix_list_id":true,"requester_managed":true,"route_table_ids":true,"security_group_ids":true,"service_region":true,"state":true,"subnet_configuration":true,"subnet_ids":true,"tags":{},"tags_all":{},"vpc_id":true},"before_sensitive":false,"after_sensitive":{"cidr_blocks":[],"dns_entry":[],"dns_options":[],"network_interface_ids":[],"route_table_ids":[],"security_group_ids":[],"subnet_configuration":[],"subnet_ids":[],"tags":{},"tags_all":{}}}},{"address":"aws_vpc_endpoint.interface[\"sts\"]","mode":"managed","type":"aws_vpc_endpoint","name":"interface","index":"sts","provider_name":"registry.terraform.io/hashicorp/aws","change":{"actions":["create"],"before":null,"after":{"auto_accept":null,"private_dns_enabled":true,"resource_configuration_arn":null,"service_name":"com.amazonaws.us-east-1.sts","service_network_arn":null,"tags":{"Name":"ai-tf-dev-vpce-sts"},"tags_all":{"Environment":"dev","ManagedBy":"terraform","Name":"ai-tf-dev-vpce-sts","Project":"ai-tf"},"timeouts":null,"vpc_endpoint_type":"Interface"},"after_unknown":{"arn":true,"cidr_blocks":true,"dns_entry":true,"dns_options":true,"id":true,"ip_address_type":true,"network_interface_ids":true,"owner_id":true,"policy":true,"prefix_list_id":true,"requester_managed":true,"route_table_ids":true,"security_group_ids":true,"service_region":true,"state":true,"subnet_configuration":true,"subnet_ids":true,"tags":{},"tags_all":{},"vpc_id":true},"before_sensitive":false,"after_sensitive":{"cidr_blocks":[],"dns_entry":[],"dns_options":[],"network_interface_ids":[],"route_table_ids":[],"security_group_ids":[],"subnet_configuration":[],"subnet_ids":[],"tags":{},"tags_all":{}}}},{"address":"aws_vpc_endpoint.s3[0]","mode":"managed","type":"aws_vpc_endpoint","name":"s3","index":0,"provider_name":"registry.terraform.io/hashicorp/aws","change":{"actions":["create"],"before":null,"after":{"auto_accept":null,"resource_configuration_arn":null,"service_name":"com.amazonaws.us-east-1.s3","service_network_arn":null,"tags":{"Name":"ai-tf-dev-vpce-s3"},"tags_all":{"Environment":"dev","ManagedBy":"terraform","Name":"ai-tf-dev-vpce-s3","Project":"ai-tf"},"timeouts":null,"vpc_endpoint_type":"Gateway"},"after_unknown":{"arn":true,"cidr_blocks":true,"dns_entry":true,"dns_options":true,"id":true,"ip_address_type":true,"network_interface_ids":true,"owner_id":true,"policy":true,"prefix_list_id":true,"private_dns_enabled":true,"requester_managed":true,"route_table_ids":true,"security_group_ids":true,"service_region":true,"state":true,"subnet_configuration":true,"subnet_ids":true,"tags":{},"tags_all":{},"vpc_id":true},"before_sensitive":false,"after_sensitive":{"cidr_blocks":[],"dns_entry":[],"dns_options":[],"network_interface_ids":[],"route_table_ids":[],"security_group_ids":[],"subnet_configuration":[],"subnet_ids":[],"tags":{},"tags_all":{}}}},{"address":"random_id.bucket","mode":"managed","type":"random_id","name":"bucket","provider_name":"registry.terraform.io/hashicorp/random","change":{"actions":["create"],"before":null,"after":{"byte_length":4,"keepers":null,"prefix":null},"after_unknown":{"b64_std":true,"b64_url":true,"dec":true,"hex":true,"id":true},"before_sensitive":false,"after_sensitive":{}}},{"address":"random_password.db","mode":"managed","type":"random_password","name":"db","provider_name":"registry.terraform.io/hashicorp/random","change":{"actions":["create"],"before":null,"after":{"keepers":null,"length":24,"lower":true,"min_lower":0,"min_numeric":0,"min_special":0,"min_upper":0,"number":true,"numeric":true,"override_special":null,"special":true,"upper":true},"after_unknown":{"bcrypt_hash":true,"id":true,"result":true},"before_sensitive":false,"after_sensitive":{"bcrypt_hash":true,"result":true}}}],"output_changes":{"alb_dns_name":{"actions":["create"],"before":null,"after_unknown":true,"before_sensitive":false,"after_sensitive":false},"app_url":{"actions":["create"],"before":null,"after_unknown":true,"before_sensitive":false,"after_sensitive":false},"db_endpoint":{"actions":["create"],"before":null,"after_unknown":true,"before_sensitive":false,"after_sensitive":false},"db_secret_arn":{"actions":["create"],"before":null,"after_unknown":true,"before_sensitive":false,"after_sensitive":false},"s3_bucket_name":{"actions":["create"],"before":null,"after_unknown":true,"before_sensitive":false,"after_sensitive":false},"vpc_id":{"actions":["create"],"before":null,"after_unknown":true,"before_sensitive":false,"after_sensitive":false}},"prior_state":{"format_version":"1.0","terraform_version":"1.13.5","values":{"root_module":{"resources":[{"address":"data.aws_availability_zones.available","mode":"data","type":"aws_availability_zones","name":"available","provider_name":"registry.terraform.io/hashicorp/aws","schema_version":0,"values":{"all_availability_zones":null,"exclude_names":null,"exclude_zone_ids":null,"filter":null,"group_names":[""],"id":"us-east-1","names":["us-east-1a","us-east-1b","us-east-1c","us-east-1d","us-east-1e","us-east-1f"],"state":"available","timeouts":null,"zone_ids":["use1-az6","use1-az1","use1-az2","use1-az4","use1-az3","use1-az5"]},"sensitive_values":{"group_names":[false],"names":[false,false,false,false,false,false],"zone_ids":[false,false,false,false,false,false]}},{"address":"data.aws_iam_policy_document.ecs_task_assume","mode":"data","type":"aws_iam_policy_document","name":"ecs_task_assume","provider_name":"registry.terraform.io/hashicorp/aws","schema_version":0,"values":{"id":"1077804475","json":"{\n  \"Version\": \"2012-10-17\",\n  \"Statement\": [\n    {\n      \"Effect\": \"Allow\",\n      \"Action\": \"sts:AssumeRole\",\n      \"Principal\": {\n        \"Service\": \"ecs-tasks.amazonaws.com\"\n      }\n    }\n  ]\n}","minified_json":"{\"Version\":\"2012-10-17\",\"Statement\":[{\"Effect\":\"Allow\",\"Action\":\"sts:AssumeRole\",\"Principal\":{\"Service\":\"ecs-tasks.amazonaws.com\"}}]}","override_json":null,"override_policy_documents":null,"policy_id":null,"source_json":null,"source_policy_documents":null,"statement":[{"actions":["sts:AssumeRole"],"condition":[],"effect":"Allow","not_actions":[],"not_principals":[],"not_resources":[],"principals":[{"identifiers":["ecs-tasks.amazonaws.com"],"type":"Service"}],"resources":[],"sid":""}],"version":"2012-10-17"},"sensitive_values":{"statement":[{"actions":[false],"condition":[],"not_actions":[],"not_principals":[],"not_resources":[],"principals":[{"identifiers":[false]}],"resources":[]}]}}]}}},"configuration":{"provider_config":{"aws":{"name":"aws","full_name":"registry.terraform.io/hashicorp/aws","version_constraint":"~\u003e 5.0","expressions":{"default_tags":[{"tags":{"references":["var.project_name","var.environment"]}}],"region":{"references":["var.aws_region"]}}},"random":{"name":"random","full_name":"registry.terraform.io/hashicorp/random","version_constraint":"~\u003e 3.6"}},"root_module":{"outputs":{"alb_dns_name":{"expression":{"references":["aws_lb.this.dns_name","aws_lb.this"]}},"app_url":{"expression":{"references":["var.domain_name","var.domain_name","aws_lb.this.dns_name","aws_lb.this"]}},"db_endpoint":{"expression":{"references":["aws_db_instance.this.address","aws_db_instance.this"]}},"db_secret_arn":{"expression":{"references":["aws_secretsmanager_secret.db.arn","aws_secretsmanager_secret.db"]}},"s3_bucket_name":{"expression":{"references":["aws_s3_bucket.app.bucket","aws_s3_bucket.app"]}},"vpc_id":{"expression":{"references":["aws_vpc.this.id","aws_vpc.this"]}}},"resources":[{"address":"aws_acm_certificate.this","mode":"managed","type":"aws_acm_certificate","name":"this","provider_config_key":"aws","expressions":{"domain_name":{"references":["var.domain_name"]},"validation_method":{"constant_value":"DNS"}},"schema_version":0,"count_expression":{"references":["var.domain_name"]}},{"address":"aws_acm_certificate_validation.this","mode":"managed","type":"aws_acm_certificate_validation","name":"this","provider_config_key":"aws","expressions":{"certificate_arn":{"references":["aws_acm_certificate.this[0].arn","aws_acm_certificate.this[0]","aws_acm_certificate.this"]},"validation_record_fqdns":{"references":["aws_route53_record.cert_validation"]}},"schema_version":0,"count_expression":{"references":["var.domain_name"]}},{"address":"aws_cloudwatch_log_group.app","mode":"managed","type":"aws_cloudwatch_log_group","name":"app","provider_config_key":"aws","expressions":{"kms_key_id":{"references":["aws_kms_key.main.arn","aws_kms_key.main"]},"name":{"references":["local.name_prefix"]},"retention_in_days":{"constant_value":30}},"schema_version":0},{"address":"aws_db_instance.this","mode":"managed","type":"aws_db_instance","name":"this","provider_config_key":"aws","expressions":{"allocated_storage":{"references":["var.db_allocated_storage"]},"backup_retention_period":{"references":["var.db_backup_retention_days"]},"db_name":{"references":["var.db_name"]},"db_subnet_group_name":{"references":["aws_db_subnet_group.this.name","aws_db_subnet_group.this"]},"deletion_protection":{"constant_value":false},"enabled_cloudwatch_logs_exports":{"references":["var.db_engine"]},"engine":{"references":["var.db_engine"]},"engine_version":{"references":["var.db_engine_version"]},"identifier":{"references":["local.name_prefix"]},"instance_class":{"references":["var.db_instance_class"]},"kms_key_id":{"references":["aws_kms_key.main.arn","aws_kms_key.main"]},"multi_az":{"references":["var.db_multi_az"]},"password":{"references":["random_password.db.result","random_password.db"]},"port":{"references":["local.db_port"]},"skip_final_snapshot":{"constant_value":true},"storage_encrypted":{"constant_value":true},"tags":{"references":["local.name_prefix"]},"username":{"references":["var.db_username"]},"vpc_security_group_ids":{"references":["aws_security_group.db.id","aws_security_group.db"]}},"schema_version":2},{"address":"aws_db_subnet_group.this","mode":"managed","type":"aws_db_subnet_group","name":"this","provider_config_key":"aws","expressions":{"name":{"references":["local.name_prefix"]},"subnet_ids":{"references":["aws_subnet.private_data"]},"tags":{"references":["local.name_prefix"]}},"schema_version":0},{"address":"aws_ecs_cluster.this","mode":"managed","type":"aws_ecs_cluster","name":"this","provider_config_key":"aws","expressions":{"name":{"references":["local.name_prefix"]},"setting":[{"name":{"constant_value":"containerInsights"},"value":{"constant_value":"enabled"}}]},"schema_version":0},{"address":"aws_ecs_service.app","mode":"managed","type":"aws_ecs_service","name":"app","provider_config_key":"aws","expressions":{"cluster":{"references":["aws_ecs_cluster.this.id","aws_ecs_cluster.this"]},"deployment_maximum_percent":{"constant_value":200},"deployment_minimum_healthy_percent":{"constant_value":50},"desired_count":{"references":["var.desired_count"]},"launch_type":{"constant_value":"FARGATE"},"load_balancer":[{"container_name":{"constant_value":"app"},"container_port":{"references":["var.container_port"]},"target_group_arn":{"references":["aws_lb_target_group.app.arn","aws_lb_target_group.app"]}}],"name":{"references":["local.name_prefix"]},"network_configuration":[{"assign_public_ip":{"constant_value":false},"security_groups":{"references":["aws_security_group.app.id","aws_security_group.app"]},"subnets":{"references":["aws_subnet.private_app"]}}],"task_definition":{"references":["aws_ecs_task_definition.app.arn","aws_ecs_task_definition.app"]}},"schema_version":1,"depends_on":["aws_lb_listener.http"]},{"address":"aws_ecs_task_definition.app","mode":"managed","type":"aws_ecs_task_definition","name":"app","provider_config_key":"aws","expressions":{"container_definitions":{"references":["var.container_image","var.container_port","var.container_port","aws_s3_bucket.app.bucket","aws_s3_bucket.app","aws_db_instance.this.address","aws_db_instance.this","local.db_port","var.db_name","var.db_username","aws_secretsmanager_secret.db.arn","aws_secretsmanager_secret.db","aws_cloudwatch_log_group.app.name","aws_cloudwatch_log_group.app","var.aws_region"]},"cpu":{"references":["var.task_cpu"]},"execution_role_arn":{"references":["aws_iam_role.ecs_task_execution.arn","aws_iam_role.ecs_task_execution"]},"family":{"references":["local.name_prefix"]},"memory":{"references":["var.task_memory"]},"network_mode":{"constant_value":"awsvpc"},"requires_compatibilities":{"constant_value":["FARGATE"]},"task_role_arn":{"references":["aws_iam_role.ecs_task.arn","aws_iam_role.ecs_task"]}},"schema_version":1},{"address":"aws_eip.nat","mode":"managed","type":"aws_eip","name":"nat","provider_config_key":"aws","expressions":{"domain":{"constant_value":"vpc"},"tags":{"references":["local.name_prefix","count.index"]}},"schema_version":0,"count_expression":{"references":["var.enable_nat_gateway","var.single_nat_gateway","var.az_count"]}},{"address":"aws_iam_role.ecs_task","mode":"managed","type":"aws_iam_role","name":"ecs_task","provider_config_key":"aws","expressions":{"assume_role_policy":{"references":["data.aws_iam_policy_document.ecs_task_assume.json","data.aws_iam_policy_document.ecs_task_assume"]},"name":{"references":["local.name_prefix"]}},"schema_version":0},{"address":"aws_iam_role.ecs_task_execution","mode":"managed","type":"aws_iam_role","name":"ecs_task_execution","provider_config_key":"aws","expressions":{"assume_role_policy":{"references":["data.aws_iam_policy_document.ecs_task_assume.json","data.aws_iam_policy_document.ecs_task_assume"]},"name":{"references":["local.name_prefix"]}},"schema_version":0},{"address":"aws_iam_role_policy.ecs_task","mode":"managed","type":"aws_iam_role_policy","name":"ecs_task","provider_config_key":"aws","expressions":{"name":{"references":["local.name_prefix"]},"policy":{"references":["data.aws_iam_policy_document.task_role.json","data.aws_iam_policy_document.task_role"]},"role":{"references":["aws_iam_role.ecs_task.id","aws_iam_role.ecs_task"]}},"schema_version":0},{"address":"aws_iam_role_policy_attachment.ecs_exec","mode":"managed","type":"aws_iam_role_policy_attachment","name":"ecs_exec","provider_config_key":"aws","expressions":{"policy_arn":{"constant_value":"arn:aws:iam::aws:policy/service-role/AmazonECSTaskExecutionRolePolicy"},"role":{"references":["aws_iam_role.ecs_task_execution.name","aws_iam_role.ecs_task_execution"]}},"schema_version":0},{"address":"aws_internet_gateway.this","mode":"managed","type":"aws_internet_gateway","name":"this","provider_config_key":"aws","expressions":{"tags":{"references":["local.name_prefix"]},"vpc_id":{"references":["aws_vpc.this.id","aws_vpc.this"]}},"schema_version":0},{"address":"aws_kms_alias.main","mode":"managed","type":"aws_kms_alias","name":"main","provider_config_key":"aws","expressions":{"name":{"references":["local.name_prefix"]},"target_key_id":{"references":["aws_kms_key.main.key_id","aws_kms_key.main"]}},"schema_version":0},{"address":"aws_kms_key.main","mode":"managed","type":"aws_kms_key","name":"main","provider_config_key":"aws","expressions":{"deletion_window_in_days":{"constant_value":7},"description":{"references":["local.name_prefix"]},"enable_key_rotation":{"constant_value":true},"tags":{"references":["local.name_prefix"]}},"schema_version":0},{"address":"aws_lb.this","mode":"managed","type":"aws_lb","name":"this","provider_config_key":"aws","expressions":{"drop_invalid_header_fields":{"constant_value":true},"internal":{"constant_value":false},"load_balancer_type":{"constant_value":"application"},"name":{"references":["local.name_prefix"]},"security_groups":{"references":["aws_security_group.alb.id","aws_security_group.alb"]},"subnets":{"references":["aws_subnet.public"]},"tags":{"references":["local.name_prefix"]}},"schema_version":0},{"address":"aws_lb_listener.http","mode":"managed","type":"aws_lb_listener","name":"http","provider_config_key":"aws","expressions":{"default_action":[{"target_group_arn":{"references":["aws_lb_target_group.app.arn","aws_lb_target_group.app"]},"type":{"constant_value":"forward"}}],"load_balancer_arn":{"references":["aws_lb.this.arn","aws_lb.this"]},"port":{"constant_value":80},"protocol":{"constant_value":"HTTP"}},"schema_version":0},{"address":"aws_lb_listener.https","mode":"managed","type":"aws_lb_listener","name":"https","provider_config_key":"aws","expressions":{"certificate_arn":{"references":["aws_acm_certificate_validation.this[0].certificate_arn","aws_acm_certificate_validation.this[0]","aws_acm_certificate_validation.this"]},"default_action":[{"target_group_arn":{"references":["aws_lb_target_group.app.arn","aws_lb_target_group.app"]},"type":{"constant_value":"forward"}}],"load_balancer_arn":{"references":["aws_lb.this.arn","aws_lb.this"]},"port":{"constant_value":443},"protocol":{"constant_value":"HTTPS"},"ssl_policy":{"constant_value":"ELBSecurityPolicy-TLS13-1-2-2021-06"}},"schema_version":0,"count_expression":{"references":["var.domain_name"]},"depends_on":["aws_acm_certificate_validation.this"]},{"address":"aws_lb_target_group.app","mode":"managed","type":"aws_lb_target_group","name":"app","provider_config_key":"aws","expressions":{"health_check":[{"enabled":{"constant_value":true},"healthy_threshold":{"constant_value":2},"interval":{"constant_value":30},"matcher":{"constant_value":"200-399"},"path":{"constant_value":"/"},"timeout":{"constant_value":5},"unhealthy_threshold":{"constant_value":3}}],"name":{"references":["local.name_prefix"]},"port":{"references":["var.container_port"]},"protocol":{"constant_value":"HTTP"},"tags":{"references":["local.name_prefix"]},"target_type":{"constant_value":"ip"},"vpc_id":{"references":["aws_vpc.this.id","aws_vpc.this"]}},"schema_version":0},{"address":"aws_nat_gateway.this","mode":"managed","type":"aws_nat_gateway","name":"this","provider_config_key":"aws","expressions":{"allocation_id":{"references":["aws_eip.nat","count.index"]},"subnet_id":{"references":["aws_subnet.public","var.single_nat_gateway","count.index"]},"tags":{"references":["local.name_prefix","count.index"]}},"schema_version":0,"count_expression":{"references":["var.enable_nat_gateway","var.single_nat_gateway","var.az_count"]},"depends_on":["aws_internet_gateway.this"]},{"address":"aws_route53_record.app","mode":"managed","type":"aws_route53_record","name":"app","provider_config_key":"aws","expressions":{"alias":[{"evaluate_target_health":{"constant_value":true},"name":{"references":["aws_lb.this.dns_name","aws_lb.this"]},"zone_id":{"references":["aws_lb.this.zone_id","aws_lb.this"]}}],"name":{"references":["var.domain_name"]},"type":{"constant_value":"A"},"zone_id":{"references":["var.hosted_zone_id"]}},"schema_version":2,"count_expression":{"references":["var.domain_name"]}},{"address":"aws_route53_record.cert_validation","mode":"managed","type":"aws_route53_record","name":"cert_validation","provider_config_key":"aws","expressions":{"name":{"references":["each.value.name","each.value"]},"records":{"references":["each.value.record","each.value"]},"ttl":{"constant_value":60},"type":{"references":["each.value.type","each.value"]},"zone_id":{"references":["var.hosted_zone_id"]}},"schema_version":2,"for_each_expression":{"references":["var.domain_name","aws_acm_certificate.this[0].domain_validation_options","aws_acm_certificate.this[0]","aws_acm_certificate.this"]}},{"address":"aws_route_table.private_app","mode":"managed","type":"aws_route_table","name":"private_app","provider_config_key":"aws","expressions":{"tags":{"references":["local.name_prefix","each.key"]},"vpc_id":{"references":["aws_vpc.this.id","aws_vpc.this"]}},"schema_version":0,"for_each_expression":{"references":["local.azs"]}},{"address":"aws_route_table.private_data","mode":"managed","type":"aws_route_table","name":"private_data","provider_config_key":"aws","expressions":{"tags":{"references":["local.name_prefix","each.key"]},"vpc_id":{"references":["aws_vpc.this.id","aws_vpc.this"]}},"schema_version":0,"for_each_expression":{"references":["local.azs"]}},{"address":"aws_route_table.public","mode":"managed","type":"aws_route_table","name":"public","provider_config_key":"aws","expressions":{"route":{"references":["aws_internet_gateway.this.id","aws_internet_gateway.this"]},"tags":{"references":["local.name_prefix"]},"vpc_id":{"references":["aws_vpc.this.id","aws_vpc.this"]}},"schema_version":0},{"address":"aws_route_table_association.private_app","mode":"managed","type":"aws_route_table_association","name":"private_app","provider_config_key":"aws","expressions":{"route_table_id":{"references":["aws_route_table.private_app","each.key"]},"subnet_id":{"references":["each.value.id","each.value"]}},"schema_version":0,"for_each_expression":{"references":["aws_subnet.private_app"]}},{"address":"aws_route_table_association.private_data","mode":"managed","type":"aws_route_table_association","name":"private_data","provider_config_key":"aws","expressions":{"route_table_id":{"references":["aws_route_table.private_data","each.key"]},"subnet_id":{"references":["each.value.id","each.value"]}},"schema_version":0,"for_each_expression":{"references":["aws_subnet.private_data"]}},{"address":"aws_route_table_association.public","mode":"managed","type":"aws_route_table_association","name":"public","provider_config_key":"aws","expressions":{"route_table_id":{"references":["aws_route_table.public.id","aws_route_table.public"]},"subnet_id":{"references":["each.value.id","each.value"]}},"schema_version":0,"for_each_expression":{"references":["aws_subnet.public"]}},{"address":"aws_s3_bucket.app","mode":"managed","type":"aws_s3_bucket","name":"app","provider_config_key":"aws","expressions":{"bucket":{"references":["local.name_prefix","random_id.bucket.hex","random_id.bucket"]},"force_destroy":{"constant_value":false},"tags":{"references":["local.name_prefix"]}},"schema_version":0},{"address":"aws_s3_bucket_public_access_block.app","mode":"managed","type":"aws_s3_bucket_public_access_block","name":"app","provider_config_key":"aws","expressions":{"block_public_acls":{"constant_value":true},"block_public_policy":{"constant_value":true},"bucket":{"references":["aws_s3_bucket.app.id","aws_s3_bucket.app"]},"ignore_public_acls":{"constant_value":true},"restrict_public_buckets":{"constant_value":true}},"schema_version":0},{"address":"aws_s3_bucket_server_side_encryption_configuration.app","mode":"managed","type":"aws_s3_bucket_server_side_encryption_configuration","name":"app","provider_config_key":"aws","expressions":{"bucket":{"references":["aws_s3_bucket.app.id","aws_s3_bucket.app"]},"rule":[{"apply_server_side_encryption_by_default":[{"kms_master_key_id":{"references":["aws_kms_key.main.arn","aws_kms_key.main"]},"sse_algorithm":{"constant_value":"aws:kms"}}]}]},"schema_version":0},{"address":"aws_s3_bucket_versioning.app","mode":"managed","type":"aws_s3_bucket_versioning","name":"app","provider_config_key":"aws","expressions":{"bucket":{"references":["aws_s3_bucket.app.id","aws_s3_bucket.app"]},"versioning_configuration":[{"status":{"constant_value":"Enabled"}}]},"schema_version":0},{"address":"aws_secretsmanager_secret.db","mode":"managed","type":"aws_secretsmanager_secret","name":"db","provider_config_key":"aws","expressions":{"kms_key_id":{"references":["aws_kms_key.main.arn","aws_kms_key.main"]},"name":{"references":["local.name_prefix"]},"recovery_window_in_days":{"constant_value":7}},"schema_version":0},{"address":"aws_secretsmanager_secret_version.db","mode":"managed","type":"aws_secretsmanager_secret_version","name":"db","provider_config_key":"aws","expressions":{"secret_id":{"references":["aws_secretsmanager_secret.db.id","aws_secretsmanager_secret.db"]},"secret_string":{"references":["var.db_username","random_password.db.result","random_password.db","var.db_engine","local.db_port","var.db_name"]}},"schema_version":0},{"address":"aws_security_group.alb","mode":"managed","type":"aws_security_group","name":"alb","provider_config_key":"aws","expressions":{"description":{"constant_value":"ALB security group"},"egress":{"constant_value":[{"cidr_blocks":["0.0.0.0/0"],"description":null,"from_port":0,"ipv6_cidr_blocks":null,"prefix_list_ids":null,"protocol":"-1","security_groups":null,"self":null,"to_port":0}]},"ingress":{"constant_value":[{"cidr_blocks":["0.0.0.0/0"],"description":"HTTP (optional redirect)","from_port":80,"ipv6_cidr_blocks":null,"prefix_list_ids":null,"protocol":"tcp","security_groups":null,"self":null,"to_port":80},{"cidr_blocks":["0.0.0.0/0"],"description":"HTTPS","from_port":443,"ipv6_cidr_blocks":null,"prefix_list_ids":null,"protocol":"tcp","security_groups":null,"self":null,"to_port":443}]},"name":{"references":["local.name_prefix"]},"tags":{"references":["local.name_prefix"]},"vpc_id":{"references":["aws_vpc.this.id","aws_vpc.this"]}},"schema_version":1},{"address":"aws_security_group.app","mode":"managed","type":"aws_security_group","name":"app","provider_config_key":"aws","expressions":{"description":{"constant_value":"App (ECS tasks) security group"},"egress":{"constant_value":[{"cidr_blocks":["0.0.0.0/0"],"description":null,"from_port":0,"ipv6_cidr_blocks":null,"prefix_list_ids":null,"protocol":"-1","security_groups":null,"self":null,"to_port":0}]},"ingress":{"references":["var.container_port","aws_security_group.alb.id","aws_security_group.alb","var.container_port"]},"name":{"references":["local.name_prefix"]},"tags":{"references":["local.name_prefix"]},"vpc_id":{"references":["aws_vpc.this.id","aws_vpc.this"]}},"schema_version":1},{"address":"aws_security_group.db","mode":"managed","type":"aws_security_group","name":"db","provider_config_key":"aws","expressions":{"description":{"constant_value":"RDS security group"},"egress":{"constant_value":[{"cidr_blocks":["0.0.0.0/0"],"description":null,"from_port":0,"ipv6_cidr_blocks":null,"prefix_list_ids":null,"protocol":"-1","security_groups":null,"self":null,"to_port":0}]},"ingress":{"references":["local.db_port","local.db_port","aws_security_group.app.id","aws_security_group.app"]},"name":{"references":["local.name_prefix"]},"tags":{"references":["local.name_prefix"]},"vpc_id":{"references":["aws_vpc.this.id","aws_vpc.this"]}},"schema_version":1},{"address":"aws_security_group.vpce","mode":"managed","type":"aws_security_group","name":"vpce","provider_config_key":"aws","expressions":{"description":{"constant_value":"Security group for interface VPC endpoints"},"egress":{"constant_value":[{"cidr_blocks":["0.0.0.0/0"],"description":null,"from_port":0,"ipv6_cidr_blocks":null,"prefix_list_ids":null,"protocol":"-1","security_groups":null,"self":null,"to_port":0}]},"ingress":{"references":["aws_vpc.this.cidr_block","aws_vpc.this"]},"name":{"references":["local.name_prefix"]},"vpc_id":{"references":["aws_vpc.this.id","aws_vpc.this"]}},"schema_version":1,"count_expression":{"references":["var.enable_vpc_endpoints"]}},{"address":"aws_subnet.private_app","mode":"managed","type":"aws_subnet","name":"private_app","provider_config_key":"aws","expressions":{"availability_zone":{"references":["each.key"]},"cidr_block":{"references":["local.private_app_cidrs","each.value"]},"tags":{"references":["local.name_prefix","each.key"]},"vpc_id":{"references":["aws_vpc.this.id","aws_vpc.this"]}},"schema_version":1,"for_each_expression":{"references":["local.azs"]}},{"address":"aws_subnet.private_data","mode":"managed","type":"aws_subnet","name":"private_data","provider_config_key":"aws","expressions":{"availability_zone":{"references":["each.key"]},"cidr_block":{"references":["local.private_data_cidrs","each.value"]},"tags":{"references":["local.name_prefix","each.key"]},"vpc_id":{"references":["aws_vpc.this.id","aws_vpc.this"]}},"schema_version":1,"for_each_expression":{"references":["local.azs"]}},{"address":"aws_subnet.public","mode":"managed","type":"aws_subnet","name":"public","provider_config_key":"aws","expressions":{"availability_zone":{"references":["each.key"]},"cidr_block":{"references":["local.public_subnet_cidrs","each.value"]},"map_public_ip_on_launch":{"constant_value":true},"tags":{"references":["local.name_prefix","each.key"]},"vpc_id":{"references":["aws_vpc.this.id","aws_vpc.this"]}},"schema_version":1,"for_each_expression":{"references":["local.azs"]}},{"address":"aws_vpc.this","mode":"managed","type":"aws_vpc","name":"this","provider_config_key":"aws","expressions":{"cidr_block":{"references":["var.vpc_cidr"]},"enable_dns_hostnames":{"constant_value":true},"enable_dns_support":{"constant_value":true},"tags":{"references":["local.name_prefix"]}},"schema_version":1},{"address":"aws_vpc_endpoint.interface","mode":"managed","type":"aws_vpc_endpoint","name":"interface","provider_config_key":"aws","expressions":{"private_dns_enabled":{"constant_value":true},"security_group_ids":{"references":["aws_security_group.vpce[0].id","aws_security_group.vpce[0]","aws_security_group.vpce"]},"service_name":{"references":["var.aws_region","each.value"]},"subnet_ids":{"references":["aws_subnet.private_app"]},"tags":{"references":["local.name_prefix","each.value"]},"vpc_endpoint_type":{"constant_value":"Interface"},"vpc_id":{"references":["aws_vpc.this.id","aws_vpc.this"]}},"schema_version":0,"for_each_expression":{"references":["var.enable_vpc_endpoints","local.interface_endpoints"]}},{"address":"aws_vpc_endpoint.s3","mode":"managed","type":"aws_vpc_endpoint","name":"s3","provider_config_key":"aws","expressions":{"route_table_ids":{"references":["aws_route_table.public.id","aws_route_table.public","aws_route_table.private_app","aws_route_table.private_data"]},"service_name":{"references":["var.aws_region"]},"tags":{"references":["local.name_prefix"]},"vpc_endpoint_type":{"constant_value":"Gateway"},"vpc_id":{"references":["aws_vpc.this.id","aws_vpc.this"]}},"schema_version":0,"count_expression":{"references":["var.enable_vpc_endpoints"]}},{"address":"random_id.bucket","mode":"managed","type":"random_id","name":"bucket","provider_config_key":"random","expressions":{"byte_length":{"constant_value":4}},"schema_version":0},{"address":"random_password.db","mode":"managed","type":"random_password","name":"db","provider_config_key":"random","expressions":{"length":{"constant_value":24},"special":{"constant_value":true}},"schema_version":3},{"address":"data.aws_availability_zones.available","mode":"data","type":"aws_availability_zones","name":"available","provider_config_key":"aws","expressions":{"state":{"constant_value":"available"}},"schema_version":0},{"address":"data.aws_iam_policy_document.ecs_task_assume","mode":"data","type":"aws_iam_policy_document","name":"ecs_task_assume","provider_config_key":"aws","expressions":{"statement":[{"actions":{"constant_value":["sts:AssumeRole"]},"effect":{"constant_value":"Allow"},"principals":[{"identifiers":{"constant_value":["ecs-tasks.amazonaws.com"]},"type":{"constant_value":"Service"}}]}]},"schema_version":0},{"address":"data.aws_iam_policy_document.task_role","mode":"data","type":"aws_iam_policy_document","name":"task_role","provider_config_key":"aws","expressions":{"statement":[{"actions":{"constant_value":["s3:GetObject","s3:PutObject","s3:DeleteObject","s3:ListBucket"]},"effect":{"constant_value":"Allow"},"resources":{"references":["aws_s3_bucket.app.arn","aws_s3_bucket.app","aws_s3_bucket.app.arn","aws_s3_bucket.app"]},"sid":{"constant_value":"S3Access"}},{"actions":{"constant_value":["secretsmanager:GetSecretValue"]},"effect":{"constant_value":"Allow"},"resources":{"references":["aws_secretsmanager_secret.db.arn","aws_secretsmanager_secret.db"]},"sid":{"constant_value":"SecretsRead"}},{"actions":{"constant_value":["kms:Decrypt"]},"effect":{"constant_value":"Allow"},"resources":{"references":["aws_kms_key.main.arn","aws_kms_key.main"]},"sid":{"constant_value":"KmsDecrypt"}}]},"schema_version":0}],"variables":{"aws_region":{"default":"us-east-1","description":"AWS region to deploy into."},"az_count":{"default":2,"description":"Number of AZs to use (2 or 3)."},"container_image":{"default":"nginx:latest","description":"Container image URI for the application (e.g., \u003caccount\u003e.dkr.ecr.\u003cregion\u003e.amazonaws.com/repo:tag)."},"container_port":{"default":80,"description":"Port the container listens on."},"db_allocated_storage":{"default":20,"description":"Allocated storage in GB."},"db_backup_retention_days":{"default":7,"description":"RDS backup retention in days."},"db_engine":{"default":"postgres","description":"RDS engine. Use 'postgres' or 'mysql'."},"db_engine_version":{"default":"16.3","description":"RDS engine version."},"db_instance_class":{"default":"db.t4g.micro","description":"RDS instance class."},"db_multi_az":{"default":false,"description":"Whether to enable Multi-AZ for RDS."},"db_name":{"default":"app","description":"Initial database name."},"db_username":{"default":"appuser","description":"Master username for the database."},"desired_count":{"default":2,"description":"Desired number of ECS tasks."},"domain_name":{"default":"","description":"Optional custom domain name for the ALB (requires existing Route53 hosted zone). Leave empty to skip Route53/ACM."},"enable_nat_gateway":{"default":true,"description":"Whether to create NAT gateways for private subnets."},"enable_vpc_endpoints":{"default":true,"description":"Create common VPC endpoints (S3 gateway + interface endpoints)."},"environment":{"default":"dev","description":"Environment name (e.g., dev, staging, prod)."},"hosted_zone_id":{"default":"","description":"Optional Route53 hosted zone ID for domain_name. Required if domain_name is set."},"project_name":{"description":"Project/name prefix used for resource naming."},"single_nat_gateway":{"default":true,"description":"If true, create a single NAT gateway (cost-optimized, not HA)."},"task_cpu":{"default":256,"description":"Fargate task CPU units."},"task_memory":{"default":512,"description":"Fargate task memory (MiB)."},"vpc_cidr":{"default":"10.0.0.0/16","description":"CIDR block for the VPC."}}}},"relevant_attributes":[{"resource":"aws_iam_role.ecs_task","attribute":["arn"]},{"resource":"aws_route_table.private_data","attribute":[]},{"resource":"aws_iam_role.ecs_task_execution","attribute":["name"]},{"resource":"aws_internet_gateway.this","attribute":["id"]},{"resource":"aws_kms_key.main","attribute":["key_id"]},{"resource":"aws_iam_role.ecs_task","attribute":["id"]},{"resource":"random_password.db","attribute":["result"]},{"resource":"aws_security_group.app","attribute":["id"]},{"resource":"data.aws_availability_zones.available","attribute":["names"]},{"resource":"aws_cloudwatch_log_group.app","attribute":["name"]},{"resource":"aws_iam_role.ecs_task_execution","attribute":["arn"]},{"resource":"aws_kms_key.main","attribute":["arn"]},{"resource":"aws_lb.this","attribute":["arn"]},{"resource":"aws_subnet.public","attribute":[]},{"resource":"aws_s3_bucket.app","attribute":["id"]},{"resource":"aws_s3_bucket.app","attribute":["arn"]},{"resource":"aws_vpc.this","attribute":["cidr_block"]},{"resource":"aws_route_table.private_app","attribute":[]},{"resource":"aws_ecs_cluster.this","attribute":["id"]},{"resource":"aws_secretsmanager_secret.db","attribute":["id"]},{"resource":"aws_security_group.db","attribute":["id"]},{"resource":"aws_route_table.public","attribute":["id"]},{"resource":"aws_secretsmanager_secret.db","attribute":["arn"]},{"resource":"aws_security_group.vpce[0]","attribute":["id"]},{"resource":"aws_db_instance.this","attribute":["address"]},{"resource":"data.aws_iam_policy_document.ecs_task_assume","attribute":["json"]},{"resource":"random_id.bucket","attribute":["hex"]},{"resource":"aws_s3_bucket.app","attribute":["bucket"]},{"resource":"aws_subnet.private_app","attribute":[]},{"resource":"data.aws_iam_policy_document.task_role","attribute":["json"]},{"resource":"aws_lb.this","attribute":["dns_name"]},{"resource":"aws_eip.nat","attribute":[]},{"resource":"aws_security_group.alb","attribute":["id"]},{"resource":"aws_vpc.this","attribute":["id"]},{"resource":"aws_db_subnet_group.this","attribute":["name"]},{"resource":"aws_nat_gateway.this","attribute":[]},{"resource":"aws_ecs_task_definition.app","attribute":["arn"]},{"resource":"aws_lb_target_group.app","attribute":["arn"]},{"resource":"aws_subnet.private_data","attribute":[]}],"checks":[{"address":{"kind":"var","name":"az_count","to_display":"var.az_count"},"status":"pass","instances":[{"address":{"to_display":"var.az_count"},"status":"pass"}]},{"address":{"kind":"var","name":"db_engine","to_display":"var.db_engine"},"status":"pass","instances":[{"address":{"to_display":"var.db_engine"},"status":"pass"}]}],"timestamp":"2026-01-27T09:54:51Z","applyable":true,"complete":true,"errored":false}
