{"format_version":"1.2","terraform_version":"1.13.5","variables":{"docker_image":{"value":"xmaeltht/python-webapp"},"kubeconfig_path":{"value":"kubeconfig.yaml"}},"planned_values":{"outputs":{"python_webapp_service":{"sensitive":false}},"root_module":{"resources":[{"address":"kubernetes_deployment.python_webapp","mode":"managed","type":"kubernetes_deployment","name":"python_webapp","provider_name":"registry.terraform.io/hashicorp/kubernetes","schema_version":1,"values":{"metadata":[{"annotations":null,"generate_name":null,"labels":null,"name":"python-webapp","namespace":"default"}],"spec":[{"min_ready_seconds":0,"paused":false,"progress_deadline_seconds":600,"replicas":"1","revision_history_limit":10,"selector":[{"match_expressions":[],"match_labels":{"app":"python-webapp"}}],"template":[{"metadata":[{"annotations":null,"generate_name":null,"labels":{"app":"python-webapp"},"namespace":null}],"spec":[{"active_deadline_seconds":null,"affinity":[],"automount_service_account_token":true,"container":[{"args":null,"command":null,"env":[],"env_from":[],"image":"xmaeltht/python-webapp","lifecycle":[],"liveness_probe":[],"name":"python-webapp","port":[{"container_port":8080,"host_ip":null,"host_port":null,"name":null,"protocol":"TCP"}],"readiness_probe":[],"security_context":[],"startup_probe":[],"stdin":false,"stdin_once":false,"termination_message_path":"/dev/termination-log","tty":false,"volume_device":[],"volume_mount":[],"working_dir":null}],"dns_config":[],"dns_policy":"ClusterFirst","enable_service_links":true,"host_aliases":[],"host_ipc":false,"host_network":false,"host_pid":false,"init_container":[],"node_selector":null,"os":[],"priority_class_name":null,"restart_policy":"Always","runtime_class_name":null,"security_context":[],"share_process_namespace":false,"subdomain":null,"termination_grace_period_seconds":30,"toleration":[],"topology_spread_constraint":[],"volume":[]}]}]}],"timeouts":null,"wait_for_rollout":true},"sensitive_values":{"metadata":[{}],"spec":[{"selector":[{"match_expressions":[],"match_labels":{}}],"strategy":[],"template":[{"metadata":[{"labels":{}}],"spec":[{"affinity":[],"container":[{"env":[],"env_from":[],"lifecycle":[],"liveness_probe":[],"port":[{}],"readiness_probe":[],"resources":[],"security_context":[],"startup_probe":[],"volume_device":[],"volume_mount":[]}],"dns_config":[],"host_aliases":[],"image_pull_secrets":[],"init_container":[],"os":[],"readiness_gate":[],"security_context":[],"toleration":[],"topology_spread_constraint":[],"volume":[]}]}]}]}},{"address":"kubernetes_service.python_webapp","mode":"managed","type":"kubernetes_service","name":"python_webapp","provider_name":"registry.terraform.io/hashicorp/kubernetes","schema_version":1,"values":{"metadata":[{"annotations":null,"generate_name":null,"labels":null,"name":"python-webapp","namespace":"default"}],"spec":[{"allocate_load_balancer_node_ports":true,"external_ips":null,"external_name":null,"load_balancer_class":null,"load_balancer_ip":null,"load_balancer_source_ranges":null,"port":[{"app_protocol":null,"name":null,"port":80,"protocol":"TCP","target_port":"8080"}],"publish_not_ready_addresses":false,"selector":{"app":"python-webapp"},"session_affinity":"None","type":"LoadBalancer"}],"timeouts":null,"wait_for_load_balancer":true},"sensitive_values":{"metadata":[{}],"spec":[{"cluster_ips":[],"ip_families":[],"port":[{}],"selector":{},"session_affinity_config":[]}],"status":[]}}]}},"resource_changes":[{"address":"kubernetes_deployment.python_webapp","mode":"managed","type":"kubernetes_deployment","name":"python_webapp","provider_name":"registry.terraform.io/hashicorp/kubernetes","change":{"actions":["create"],"before":null,"after":{"metadata":[{"annotations":null,"generate_name":null,"labels":null,"name":"python-webapp","namespace":"default"}],"spec":[{"min_ready_seconds":0,"paused":false,"progress_deadline_seconds":600,"replicas":"1","revision_history_limit":10,"selector":[{"match_expressions":[],"match_labels":{"app":"python-webapp"}}],"template":[{"metadata":[{"annotations":null,"generate_name":null,"labels":{"app":"python-webapp"},"namespace":null}],"spec":[{"active_deadline_seconds":null,"affinity":[],"automount_service_account_token":true,"container":[{"args":null,"command":null,"env":[],"env_from":[],"image":"xmaeltht/python-webapp","lifecycle":[],"liveness_probe":[],"name":"python-webapp","port":[{"container_port":8080,"host_ip":null,"host_port":null,"name":null,"protocol":"TCP"}],"readiness_probe":[],"security_context":[],"startup_probe":[],"stdin":false,"stdin_once":false,"termination_message_path":"/dev/termination-log","tty":false,"volume_device":[],"volume_mount":[],"working_dir":null}],"dns_config":[],"dns_policy":"ClusterFirst","enable_service_links":true,"host_aliases":[],"host_ipc":false,"host_network":false,"host_pid":false,"init_container":[],"node_selector":null,"os":[],"priority_class_name":null,"restart_policy":"Always","runtime_class_name":null,"security_context":[],"share_process_namespace":false,"subdomain":null,"termination_grace_period_seconds":30,"toleration":[],"topology_spread_constraint":[],"volume":[]}]}]}],"timeouts":null,"wait_for_rollout":true},"after_unknown":{"id":true,"metadata":[{"generation":true,"resource_version":true,"uid":true}],"spec":[{"selector":[{"match_expressions":[],"match_labels":{}}],"strategy":true,"template":[{"metadata":[{"generation":true,"labels":{},"name":true,"resource_version":true,"uid":true}],"spec":[{"affinity":[],"container":[{"env":[],"env_from":[],"image_pull_policy":true,"lifecycle":[],"liveness_probe":[],"port":[{}],"readiness_probe":[],"resources":true,"restart_policy":true,"security_context":[],"startup_probe":[],"termination_message_policy":true,"volume_device":[],"volume_mount":[]}],"dns_config":[],"host_aliases":[],"hostname":true,"image_pull_secrets":true,"init_container":[],"node_name":true,"os":[],"readiness_gate":true,"scheduler_name":true,"security_context":[],"service_account_name":true,"toleration":[],"topology_spread_constraint":[],"volume":[]}]}]}]},"before_sensitive":false,"after_sensitive":{"metadata":[{}],"spec":[{"selector":[{"match_expressions":[],"match_labels":{}}],"strategy":[],"template":[{"metadata":[{"labels":{}}],"spec":[{"affinity":[],"container":[{"env":[],"env_from":[],"lifecycle":[],"liveness_probe":[],"port":[{}],"readiness_probe":[],"resources":[],"security_context":[],"startup_probe":[],"volume_device":[],"volume_mount":[]}],"dns_config":[],"host_aliases":[],"image_pull_secrets":[],"init_container":[],"os":[],"readiness_gate":[],"security_context":[],"toleration":[],"topology_spread_constraint":[],"volume":[]}]}]}]}}},{"address":"kubernetes_service.python_webapp","mode":"managed","type":"kubernetes_service","name":"python_webapp","provider_name":"registry.terraform.io/hashicorp/kubernetes","change":{"actions":["create"],"before":null,"after":{"metadata":[{"annotations":null,"generate_name":null,"labels":null,"name":"python-webapp","namespace":"default"}],"spec":[{"allocate_load_balancer_node_ports":true,"external_ips":null,"external_name":null,"load_balancer_class":null,"load_balancer_ip":null,"load_balancer_source_ranges":null,"port":[{"app_protocol":null,"name":null,"port":80,"protocol":"TCP","target_port":"8080"}],"publish_not_ready_addresses":false,"selector":{"app":"python-webapp"},"session_affinity":"None","type":"LoadBalancer"}],"timeouts":null,"wait_for_load_balancer":true},"after_unknown":{"id":true,"metadata":[{"generation":true,"resource_version":true,"uid":true}],"spec":[{"cluster_ip":true,"cluster_ips":true,"external_traffic_policy":true,"health_check_node_port":true,"internal_traffic_policy":true,"ip_families":true,"ip_family_policy":true,"port":[{"node_port":true}],"selector":{},"session_affinity_config":true}],"status":true},"before_sensitive":false,"after_sensitive":{"metadata":[{}],"spec":[{"cluster_ips":[],"ip_families":[],"port":[{}],"selector":{},"session_affinity_config":[]}],"status":[]}}}],"output_changes":{"python_webapp_service":{"actions":["create"],"before":null,"after_unknown":true,"before_sensitive":false,"after_sensitive":false}},"configuration":{"provider_config":{"archive":{"name":"archive","full_name":"registry.terraform.io/hashicorp/archive","version_constraint":"\u003e= 2.0.0"},"aws":{"name":"aws","full_name":"registry.terraform.io/hashicorp/aws","version_constraint":"~\u003e 6.27.0","expressions":{"access_key":{"constant_value":"mock"},"endpoints":[{"apigateway":{"constant_value":"http://localhost:4566"},"apigatewayv2":{"constant_value":"http://localhost:4566"},"cloudwatch":{"constant_value":"http://localhost:4566"},"cloudwatchevents":{"constant_value":"http://localhost:4566"},"dynamodb":{"constant_value":"http://localhost:4566"},"ec2":{"constant_value":"http://localhost:4566"},"ecr":{"constant_value":"http://localhost:4566"},"ecrpublic":{"constant_value":"http://localhost:4566"},"ecs":{"constant_value":"http://localhost:4566"},"efs":{"constant_value":"http://localhost:4566"},"iam":{"constant_value":"http://localhost:4566"},"kinesis":{"constant_value":"http://localhost:4566"},"kms":{"constant_value":"http://localhost:4566"},"lambda":{"constant_value":"http://localhost:4566"},"logs":{"constant_value":"http://localhost:4566"},"route53":{"constant_value":"http://localhost:4566"},"s3":{"constant_value":"http://localhost:4566"},"s3control":{"constant_value":"http://localhost:4566"},"secretsmanager":{"constant_value":"http://localhost:4566"},"sns":{"constant_value":"http://localhost:4566"},"sqs":{"constant_value":"http://localhost:4566"},"ssm":{"constant_value":"http://localhost:4566"},"sts":{"constant_value":"http://localhost:4566"}}],"region":{"constant_value":"us-east-1"},"s3_use_path_style":{"constant_value":true},"secret_key":{"constant_value":"mock"},"skip_credentials_validation":{"constant_value":true},"skip_metadata_api_check":{"constant_value":true},"skip_region_validation":{"constant_value":true},"skip_requesting_account_id":{"constant_value":true}}},"kubernetes":{"name":"kubernetes","full_name":"registry.terraform.io/hashicorp/kubernetes","expressions":{"config_path":{"constant_value":"kubeconfig.yaml"}}}},"root_module":{"outputs":{"python_webapp_service":{"expression":{"references":["kubernetes_service.python_webapp.status[0].load_balancer[0].ingress","kubernetes_service.python_webapp.status[0].load_balancer[0]","kubernetes_service.python_webapp.status[0].load_balancer","kubernetes_service.python_webapp.status[0]","kubernetes_service.python_webapp.status","kubernetes_service.python_webapp"]}}},"resources":[{"address":"kubernetes_deployment.python_webapp","mode":"managed","type":"kubernetes_deployment","name":"python_webapp","provider_config_key":"kubernetes","expressions":{"metadata":[{"name":{"constant_value":"python-webapp"}}],"spec":[{"replicas":{"constant_value":1},"selector":[{"match_labels":{"constant_value":{"app":"python-webapp"}}}],"template":[{"metadata":[{"labels":{"constant_value":{"app":"python-webapp"}}}],"spec":[{"container":[{"image":{"references":["var.docker_image"]},"name":{"constant_value":"python-webapp"},"port":[{"container_port":{"constant_value":8080}}]}]}]}]}]},"schema_version":1},{"address":"kubernetes_service.python_webapp","mode":"managed","type":"kubernetes_service","name":"python_webapp","provider_config_key":"kubernetes","expressions":{"metadata":[{"name":{"constant_value":"python-webapp"}}],"spec":[{"port":[{"port":{"constant_value":80},"target_port":{"constant_value":8080}}],"selector":{"constant_value":{"app":"python-webapp"}},"type":{"constant_value":"LoadBalancer"}}]},"schema_version":1}],"variables":{"docker_image":{"default":"xmaeltht/python-webapp","description":"The Docker image to deploy"},"kubeconfig_path":{"default":"kubeconfig.yaml","description":"Path to the kubeconfig file"}}}},"relevant_attributes":[{"resource":"kubernetes_service.python_webapp","attribute":["status",0,"load_balancer",0,"ingress"]}],"timestamp":"2026-01-25T14:35:14Z","applyable":true,"complete":true,"errored":false}
