{"format_version":"1.2","terraform_version":"1.13.5","planned_values":{"root_module":{"resources":[{"address":"aws_ecr_repository.my_repository","mode":"managed","type":"aws_ecr_repository","name":"my_repository","provider_name":"registry.terraform.io/hashicorp/aws","schema_version":0,"values":{"encryption_configuration":[],"force_delete":null,"image_scanning_configuration":[],"image_tag_mutability":"MUTABLE","image_tag_mutability_exclusion_filter":[],"name":"my-repo","region":"us-west-2","tags":null,"timeouts":null},"sensitive_values":{"encryption_configuration":[],"image_scanning_configuration":[],"image_tag_mutability_exclusion_filter":[],"tags_all":{}},"identity_schema_version":0,"identity":{"account_id":null,"name":null,"region":null}},{"address":"aws_instance.app_server","mode":"managed","type":"aws_instance","name":"app_server","provider_name":"registry.terraform.io/hashicorp/aws","schema_version":2,"values":{"ami":"ami-0c55b159cbfafe1f0","credit_specification":[],"force_destroy":false,"get_password_data":false,"hibernation":null,"instance_type":"t2.micro","launch_template":[],"region":"us-west-2","source_dest_check":true,"tags":{"Name":"AppServer"},"tags_all":{"Name":"AppServer"},"timeouts":null,"user_data":null,"user_data_replace_on_change":false,"volume_tags":null},"sensitive_values":{"capacity_reservation_specification":[],"cpu_options":[],"credit_specification":[],"ebs_block_device":[],"enclave_options":[],"ephemeral_block_device":[],"instance_market_options":[],"ipv6_addresses":[],"launch_template":[],"maintenance_options":[],"metadata_options":[],"network_interface":[],"primary_network_interface":[],"private_dns_name_options":[],"root_block_device":[],"secondary_private_ips":[],"security_groups":[],"tags":{},"tags_all":{},"vpc_security_group_ids":[]},"identity_schema_version":0,"identity":{"account_id":null,"id":null,"region":null}},{"address":"aws_instance.openvpn_server","mode":"managed","type":"aws_instance","name":"openvpn_server","provider_name":"registry.terraform.io/hashicorp/aws","schema_version":2,"values":{"ami":"ami-0c55b159cbfafe1f0","credit_specification":[],"force_destroy":false,"get_password_data":false,"hibernation":null,"instance_type":"t2.micro","launch_template":[],"region":"us-west-2","source_dest_check":true,"tags":{"Name":"OpenVPNServer"},"tags_all":{"Name":"OpenVPNServer"},"timeouts":null,"user_data":null,"user_data_replace_on_change":false,"volume_tags":null},"sensitive_values":{"capacity_reservation_specification":[],"cpu_options":[],"credit_specification":[],"ebs_block_device":[],"enclave_options":[],"ephemeral_block_device":[],"instance_market_options":[],"ipv6_addresses":[],"launch_template":[],"maintenance_options":[],"metadata_options":[],"network_interface":[],"primary_network_interface":[],"private_dns_name_options":[],"root_block_device":[],"secondary_private_ips":[],"security_groups":[],"tags":{},"tags_all":{},"vpc_security_group_ids":[]},"identity_schema_version":0,"identity":{"account_id":null,"id":null,"region":null}},{"address":"aws_kms_key.my_key","mode":"managed","type":"aws_kms_key","name":"my_key","provider_name":"registry.terraform.io/hashicorp/aws","schema_version":0,"values":{"bypass_policy_lockout_safety_check":false,"custom_key_store_id":null,"customer_master_key_spec":"SYMMETRIC_DEFAULT","deletion_window_in_days":10,"description":"KMS key for encrypting data","enable_key_rotation":false,"is_enabled":true,"key_usage":"ENCRYPT_DECRYPT","region":"us-west-2","tags":null,"timeouts":null,"xks_key_id":null},"sensitive_values":{"tags_all":{}},"identity_schema_version":0,"identity":{"account_id":null,"id":null,"region":null}},{"address":"aws_network_interface_sg_attachment.app_sg_attachment","mode":"managed","type":"aws_network_interface_sg_attachment","name":"app_sg_attachment","provider_name":"registry.terraform.io/hashicorp/aws","schema_version":0,"values":{"region":"us-west-2","timeouts":null},"sensitive_values":{}},{"address":"aws_network_interface_sg_attachment.sg_attachment","mode":"managed","type":"aws_network_interface_sg_attachment","name":"sg_attachment","provider_name":"registry.terraform.io/hashicorp/aws","schema_version":0,"values":{"region":"us-west-2","timeouts":null},"sensitive_values":{}},{"address":"aws_s3_bucket.nfs_bucket","mode":"managed","type":"aws_s3_bucket","name":"nfs_bucket","provider_name":"registry.terraform.io/hashicorp/aws","schema_version":0,"values":{"bucket":"my-nfs-bucket","force_destroy":false,"region":"us-west-2","tags":null,"timeouts":null},"sensitive_values":{"cors_rule":[],"grant":[],"lifecycle_rule":[],"logging":[],"object_lock_configuration":[],"replication_configuration":[],"server_side_encryption_configuration":[],"tags_all":{},"versioning":[],"website":[]},"identity_schema_version":0,"identity":{"account_id":null,"bucket":null,"region":null}},{"address":"aws_s3_bucket_acl.nfs_bucket_acl","mode":"managed","type":"aws_s3_bucket_acl","name":"nfs_bucket_acl","provider_name":"registry.terraform.io/hashicorp/aws","schema_version":0,"values":{"acl":"private","bucket":"my-nfs-bucket","expected_bucket_owner":null,"region":"us-west-2"},"sensitive_values":{"access_control_policy":[]},"identity_schema_version":0,"identity":{"account_id":null,"acl":null,"bucket":null,"expected_bucket_owner":null,"region":null}},{"address":"aws_security_group.app_sg","mode":"managed","type":"aws_security_group","name":"app_sg","provider_name":"registry.terraform.io/hashicorp/aws","schema_version":1,"values":{"description":"Allow all inbound traffic for OpenVPN and App Server","egress":[{"cidr_blocks":["0.0.0.0/0"],"description":"","from_port":0,"ipv6_cidr_blocks":[],"prefix_list_ids":[],"protocol":"-1","security_groups":[],"self":false,"to_port":0}],"ingress":[{"cidr_blocks":["0.0.0.0/0"],"description":"","from_port":0,"ipv6_cidr_blocks":[],"prefix_list_ids":[],"protocol":"tcp","security_groups":[],"self":false,"to_port":65535}],"name":"app-security-group","region":"us-west-2","revoke_rules_on_delete":false,"tags":null,"timeouts":null},"sensitive_values":{"egress":[{"cidr_blocks":[false],"ipv6_cidr_blocks":[],"prefix_list_ids":[],"security_groups":[]}],"ingress":[{"cidr_blocks":[false],"ipv6_cidr_blocks":[],"prefix_list_ids":[],"security_groups":[]}],"tags_all":{}},"identity_schema_version":0,"identity":{"account_id":null,"id":null,"region":null}},{"address":"aws_subnet.main","mode":"managed","type":"aws_subnet","name":"main","provider_name":"registry.terraform.io/hashicorp/aws","schema_version":1,"values":{"assign_ipv6_address_on_creation":false,"availability_zone":"us-west-2a","cidr_block":"10.0.1.0/24","customer_owned_ipv4_pool":null,"enable_dns64":false,"enable_lni_at_device_index":null,"enable_resource_name_dns_a_record_on_launch":false,"enable_resource_name_dns_aaaa_record_on_launch":false,"ipv6_cidr_block":null,"ipv6_native":false,"map_customer_owned_ip_on_launch":null,"map_public_ip_on_launch":false,"outpost_arn":null,"region":"us-west-2","tags":{"Name":"main-subnet"},"tags_all":{"Name":"main-subnet"},"timeouts":null},"sensitive_values":{"tags":{},"tags_all":{}},"identity_schema_version":0,"identity":{"account_id":null,"id":null,"region":null}},{"address":"aws_vpc.main","mode":"managed","type":"aws_vpc","name":"main","provider_name":"registry.terraform.io/hashicorp/aws","schema_version":1,"values":{"assign_generated_ipv6_cidr_block":null,"cidr_block":"10.0.0.0/16","enable_dns_support":true,"instance_tenancy":"default","ipv4_ipam_pool_id":null,"ipv4_netmask_length":null,"ipv6_ipam_pool_id":null,"ipv6_netmask_length":null,"region":"us-west-2","tags":{"Name":"main-vpc"},"tags_all":{"Name":"main-vpc"}},"sensitive_values":{"tags":{},"tags_all":{}},"identity_schema_version":0,"identity":{"account_id":null,"id":null,"region":null}}]}},"resource_changes":[{"address":"aws_ecr_repository.my_repository","mode":"managed","type":"aws_ecr_repository","name":"my_repository","provider_name":"registry.terraform.io/hashicorp/aws","change":{"actions":["create"],"before":null,"after":{"encryption_configuration":[],"force_delete":null,"image_scanning_configuration":[],"image_tag_mutability":"MUTABLE","image_tag_mutability_exclusion_filter":[],"name":"my-repo","region":"us-west-2","tags":null,"timeouts":null},"after_unknown":{"arn":true,"encryption_configuration":[],"id":true,"image_scanning_configuration":[],"image_tag_mutability_exclusion_filter":[],"registry_id":true,"repository_url":true,"tags_all":true},"before_sensitive":false,"after_sensitive":{"encryption_configuration":[],"image_scanning_configuration":[],"image_tag_mutability_exclusion_filter":[],"tags_all":{}},"after_identity":{"account_id":null,"name":null,"region":null}}},{"address":"aws_instance.app_server","mode":"managed","type":"aws_instance","name":"app_server","provider_name":"registry.terraform.io/hashicorp/aws","change":{"actions":["create"],"before":null,"after":{"ami":"ami-0c55b159cbfafe1f0","credit_specification":[],"force_destroy":false,"get_password_data":false,"hibernation":null,"instance_type":"t2.micro","launch_template":[],"region":"us-west-2","source_dest_check":true,"tags":{"Name":"AppServer"},"tags_all":{"Name":"AppServer"},"timeouts":null,"user_data":null,"user_data_replace_on_change":false,"volume_tags":null},"after_unknown":{"arn":true,"associate_public_ip_address":true,"availability_zone":true,"capacity_reservation_specification":true,"cpu_options":true,"credit_specification":[],"disable_api_stop":true,"disable_api_termination":true,"ebs_block_device":true,"ebs_optimized":true,"enable_primary_ipv6":true,"enclave_options":true,"ephemeral_block_device":true,"host_id":true,"host_resource_group_arn":true,"iam_instance_profile":true,"id":true,"instance_initiated_shutdown_behavior":true,"instance_lifecycle":true,"instance_market_options":true,"instance_state":true,"ipv6_address_count":true,"ipv6_addresses":true,"key_name":true,"launch_template":[],"maintenance_options":true,"metadata_options":true,"monitoring":true,"network_interface":true,"outpost_arn":true,"password_data":true,"placement_group":true,"placement_group_id":true,"placement_partition_number":true,"primary_network_interface":true,"primary_network_interface_id":true,"private_dns":true,"private_dns_name_options":true,"private_ip":true,"public_dns":true,"public_ip":true,"root_block_device":true,"secondary_private_ips":true,"security_groups":true,"spot_instance_request_id":true,"subnet_id":true,"tags":{},"tags_all":{},"tenancy":true,"user_data_base64":true,"vpc_security_group_ids":true},"before_sensitive":false,"after_sensitive":{"capacity_reservation_specification":[],"cpu_options":[],"credit_specification":[],"ebs_block_device":[],"enclave_options":[],"ephemeral_block_device":[],"instance_market_options":[],"ipv6_addresses":[],"launch_template":[],"maintenance_options":[],"metadata_options":[],"network_interface":[],"primary_network_interface":[],"private_dns_name_options":[],"root_block_device":[],"secondary_private_ips":[],"security_groups":[],"tags":{},"tags_all":{},"vpc_security_group_ids":[]},"after_identity":{"account_id":null,"id":null,"region":null}}},{"address":"aws_instance.openvpn_server","mode":"managed","type":"aws_instance","name":"openvpn_server","provider_name":"registry.terraform.io/hashicorp/aws","change":{"actions":["create"],"before":null,"after":{"ami":"ami-0c55b159cbfafe1f0","credit_specification":[],"force_destroy":false,"get_password_data":false,"hibernation":null,"instance_type":"t2.micro","launch_template":[],"region":"us-west-2","source_dest_check":true,"tags":{"Name":"OpenVPNServer"},"tags_all":{"Name":"OpenVPNServer"},"timeouts":null,"user_data":null,"user_data_replace_on_change":false,"volume_tags":null},"after_unknown":{"arn":true,"associate_public_ip_address":true,"availability_zone":true,"capacity_reservation_specification":true,"cpu_options":true,"credit_specification":[],"disable_api_stop":true,"disable_api_termination":true,"ebs_block_device":true,"ebs_optimized":true,"enable_primary_ipv6":true,"enclave_options":true,"ephemeral_block_device":true,"host_id":true,"host_resource_group_arn":true,"iam_instance_profile":true,"id":true,"instance_initiated_shutdown_behavior":true,"instance_lifecycle":true,"instance_market_options":true,"instance_state":true,"ipv6_address_count":true,"ipv6_addresses":true,"key_name":true,"launch_template":[],"maintenance_options":true,"metadata_options":true,"monitoring":true,"network_interface":true,"outpost_arn":true,"password_data":true,"placement_group":true,"placement_group_id":true,"placement_partition_number":true,"primary_network_interface":true,"primary_network_interface_id":true,"private_dns":true,"private_dns_name_options":true,"private_ip":true,"public_dns":true,"public_ip":true,"root_block_device":true,"secondary_private_ips":true,"security_groups":true,"spot_instance_request_id":true,"subnet_id":true,"tags":{},"tags_all":{},"tenancy":true,"user_data_base64":true,"vpc_security_group_ids":true},"before_sensitive":false,"after_sensitive":{"capacity_reservation_specification":[],"cpu_options":[],"credit_specification":[],"ebs_block_device":[],"enclave_options":[],"ephemeral_block_device":[],"instance_market_options":[],"ipv6_addresses":[],"launch_template":[],"maintenance_options":[],"metadata_options":[],"network_interface":[],"primary_network_interface":[],"private_dns_name_options":[],"root_block_device":[],"secondary_private_ips":[],"security_groups":[],"tags":{},"tags_all":{},"vpc_security_group_ids":[]},"after_identity":{"account_id":null,"id":null,"region":null}}},{"address":"aws_kms_key.my_key","mode":"managed","type":"aws_kms_key","name":"my_key","provider_name":"registry.terraform.io/hashicorp/aws","change":{"actions":["create"],"before":null,"after":{"bypass_policy_lockout_safety_check":false,"custom_key_store_id":null,"customer_master_key_spec":"SYMMETRIC_DEFAULT","deletion_window_in_days":10,"description":"KMS key for encrypting data","enable_key_rotation":false,"is_enabled":true,"key_usage":"ENCRYPT_DECRYPT","region":"us-west-2","tags":null,"timeouts":null,"xks_key_id":null},"after_unknown":{"arn":true,"id":true,"key_id":true,"multi_region":true,"policy":true,"rotation_period_in_days":true,"tags_all":true},"before_sensitive":false,"after_sensitive":{"tags_all":{}},"after_identity":{"account_id":null,"id":null,"region":null}}},{"address":"aws_network_interface_sg_attachment.app_sg_attachment","mode":"managed","type":"aws_network_interface_sg_attachment","name":"app_sg_attachment","provider_name":"registry.terraform.io/hashicorp/aws","change":{"actions":["create"],"before":null,"after":{"region":"us-west-2","timeouts":null},"after_unknown":{"id":true,"network_interface_id":true,"security_group_id":true},"before_sensitive":false,"after_sensitive":{}}},{"address":"aws_network_interface_sg_attachment.sg_attachment","mode":"managed","type":"aws_network_interface_sg_attachment","name":"sg_attachment","provider_name":"registry.terraform.io/hashicorp/aws","change":{"actions":["create"],"before":null,"after":{"region":"us-west-2","timeouts":null},"after_unknown":{"id":true,"network_interface_id":true,"security_group_id":true},"before_sensitive":false,"after_sensitive":{}}},{"address":"aws_s3_bucket.nfs_bucket","mode":"managed","type":"aws_s3_bucket","name":"nfs_bucket","provider_name":"registry.terraform.io/hashicorp/aws","change":{"actions":["create"],"before":null,"after":{"bucket":"my-nfs-bucket","force_destroy":false,"region":"us-west-2","tags":null,"timeouts":null},"after_unknown":{"acceleration_status":true,"acl":true,"arn":true,"bucket_domain_name":true,"bucket_prefix":true,"bucket_region":true,"bucket_regional_domain_name":true,"cors_rule":true,"grant":true,"hosted_zone_id":true,"id":true,"lifecycle_rule":true,"logging":true,"object_lock_configuration":true,"object_lock_enabled":true,"policy":true,"replication_configuration":true,"request_payer":true,"server_side_encryption_configuration":true,"tags_all":true,"versioning":true,"website":true,"website_domain":true,"website_endpoint":true},"before_sensitive":false,"after_sensitive":{"cors_rule":[],"grant":[],"lifecycle_rule":[],"logging":[],"object_lock_configuration":[],"replication_configuration":[],"server_side_encryption_configuration":[],"tags_all":{},"versioning":[],"website":[]},"after_identity":{"account_id":null,"bucket":null,"region":null}}},{"address":"aws_s3_bucket_acl.nfs_bucket_acl","mode":"managed","type":"aws_s3_bucket_acl","name":"nfs_bucket_acl","provider_name":"registry.terraform.io/hashicorp/aws","change":{"actions":["create"],"before":null,"after":{"acl":"private","bucket":"my-nfs-bucket","expected_bucket_owner":null,"region":"us-west-2"},"after_unknown":{"access_control_policy":true,"id":true},"before_sensitive":false,"after_sensitive":{"access_control_policy":[]},"after_identity":{"account_id":null,"acl":null,"bucket":null,"expected_bucket_owner":null,"region":null}}},{"address":"aws_security_group.app_sg","mode":"managed","type":"aws_security_group","name":"app_sg","provider_name":"registry.terraform.io/hashicorp/aws","change":{"actions":["create"],"before":null,"after":{"description":"Allow all inbound traffic for OpenVPN and App Server","egress":[{"cidr_blocks":["0.0.0.0/0"],"description":"","from_port":0,"ipv6_cidr_blocks":[],"prefix_list_ids":[],"protocol":"-1","security_groups":[],"self":false,"to_port":0}],"ingress":[{"cidr_blocks":["0.0.0.0/0"],"description":"","from_port":0,"ipv6_cidr_blocks":[],"prefix_list_ids":[],"protocol":"tcp","security_groups":[],"self":false,"to_port":65535}],"name":"app-security-group","region":"us-west-2","revoke_rules_on_delete":false,"tags":null,"timeouts":null},"after_unknown":{"arn":true,"egress":[{"cidr_blocks":[false],"ipv6_cidr_blocks":[],"prefix_list_ids":[],"security_groups":[]}],"id":true,"ingress":[{"cidr_blocks":[false],"ipv6_cidr_blocks":[],"prefix_list_ids":[],"security_groups":[]}],"name_prefix":true,"owner_id":true,"tags_all":true,"vpc_id":true},"before_sensitive":false,"after_sensitive":{"egress":[{"cidr_blocks":[false],"ipv6_cidr_blocks":[],"prefix_list_ids":[],"security_groups":[]}],"ingress":[{"cidr_blocks":[false],"ipv6_cidr_blocks":[],"prefix_list_ids":[],"security_groups":[]}],"tags_all":{}},"after_identity":{"account_id":null,"id":null,"region":null}}},{"address":"aws_subnet.main","mode":"managed","type":"aws_subnet","name":"main","provider_name":"registry.terraform.io/hashicorp/aws","change":{"actions":["create"],"before":null,"after":{"assign_ipv6_address_on_creation":false,"availability_zone":"us-west-2a","cidr_block":"10.0.1.0/24","customer_owned_ipv4_pool":null,"enable_dns64":false,"enable_lni_at_device_index":null,"enable_resource_name_dns_a_record_on_launch":false,"enable_resource_name_dns_aaaa_record_on_launch":false,"ipv6_cidr_block":null,"ipv6_native":false,"map_customer_owned_ip_on_launch":null,"map_public_ip_on_launch":false,"outpost_arn":null,"region":"us-west-2","tags":{"Name":"main-subnet"},"tags_all":{"Name":"main-subnet"},"timeouts":null},"after_unknown":{"arn":true,"availability_zone_id":true,"id":true,"ipv6_cidr_block_association_id":true,"owner_id":true,"private_dns_hostname_type_on_launch":true,"tags":{},"tags_all":{},"vpc_id":true},"before_sensitive":false,"after_sensitive":{"tags":{},"tags_all":{}},"after_identity":{"account_id":null,"id":null,"region":null}}},{"address":"aws_vpc.main","mode":"managed","type":"aws_vpc","name":"main","provider_name":"registry.terraform.io/hashicorp/aws","change":{"actions":["create"],"before":null,"after":{"assign_generated_ipv6_cidr_block":null,"cidr_block":"10.0.0.0/16","enable_dns_support":true,"instance_tenancy":"default","ipv4_ipam_pool_id":null,"ipv4_netmask_length":null,"ipv6_ipam_pool_id":null,"ipv6_netmask_length":null,"region":"us-west-2","tags":{"Name":"main-vpc"},"tags_all":{"Name":"main-vpc"}},"after_unknown":{"arn":true,"default_network_acl_id":true,"default_route_table_id":true,"default_security_group_id":true,"dhcp_options_id":true,"enable_dns_hostnames":true,"enable_network_address_usage_metrics":true,"id":true,"ipv6_association_id":true,"ipv6_cidr_block":true,"ipv6_cidr_block_network_border_group":true,"main_route_table_id":true,"owner_id":true,"tags":{},"tags_all":{}},"before_sensitive":false,"after_sensitive":{"tags":{},"tags_all":{}},"after_identity":{"account_id":null,"id":null,"region":null}}}],"configuration":{"provider_config":{"archive":{"name":"archive","full_name":"registry.terraform.io/hashicorp/archive","version_constraint":"\u003e= 2.0.0"},"aws":{"name":"aws","full_name":"registry.terraform.io/hashicorp/aws","version_constraint":"~\u003e 6.27.0","expressions":{"region":{"constant_value":"us-west-2"}}}},"root_module":{"resources":[{"address":"aws_ecr_repository.my_repository","mode":"managed","type":"aws_ecr_repository","name":"my_repository","provider_config_key":"aws","expressions":{"name":{"constant_value":"my-repo"}},"schema_version":0},{"address":"aws_instance.app_server","mode":"managed","type":"aws_instance","name":"app_server","provider_config_key":"aws","expressions":{"ami":{"constant_value":"ami-0c55b159cbfafe1f0"},"instance_type":{"constant_value":"t2.micro"},"subnet_id":{"references":["aws_subnet.main.id","aws_subnet.main"]},"tags":{"constant_value":{"Name":"AppServer"}}},"schema_version":2},{"address":"aws_instance.openvpn_server","mode":"managed","type":"aws_instance","name":"openvpn_server","provider_config_key":"aws","expressions":{"ami":{"constant_value":"ami-0c55b159cbfafe1f0"},"instance_type":{"constant_value":"t2.micro"},"subnet_id":{"references":["aws_subnet.main.id","aws_subnet.main"]},"tags":{"constant_value":{"Name":"OpenVPNServer"}}},"schema_version":2},{"address":"aws_kms_key.my_key","mode":"managed","type":"aws_kms_key","name":"my_key","provider_config_key":"aws","expressions":{"deletion_window_in_days":{"constant_value":10},"description":{"constant_value":"KMS key for encrypting data"}},"schema_version":0},{"address":"aws_network_interface_sg_attachment.app_sg_attachment","mode":"managed","type":"aws_network_interface_sg_attachment","name":"app_sg_attachment","provider_config_key":"aws","expressions":{"network_interface_id":{"references":["aws_instance.app_server.primary_network_interface_id","aws_instance.app_server"]},"security_group_id":{"references":["aws_security_group.app_sg.id","aws_security_group.app_sg"]}},"schema_version":0},{"address":"aws_network_interface_sg_attachment.sg_attachment","mode":"managed","type":"aws_network_interface_sg_attachment","name":"sg_attachment","provider_config_key":"aws","expressions":{"network_interface_id":{"references":["aws_instance.openvpn_server.primary_network_interface_id","aws_instance.openvpn_server"]},"security_group_id":{"references":["aws_security_group.app_sg.id","aws_security_group.app_sg"]}},"schema_version":0},{"address":"aws_s3_bucket.nfs_bucket","mode":"managed","type":"aws_s3_bucket","name":"nfs_bucket","provider_config_key":"aws","expressions":{"bucket":{"constant_value":"my-nfs-bucket"}},"schema_version":0},{"address":"aws_s3_bucket_acl.nfs_bucket_acl","mode":"managed","type":"aws_s3_bucket_acl","name":"nfs_bucket_acl","provider_config_key":"aws","expressions":{"acl":{"constant_value":"private"},"bucket":{"references":["aws_s3_bucket.nfs_bucket.bucket","aws_s3_bucket.nfs_bucket"]}},"schema_version":0},{"address":"aws_security_group.app_sg","mode":"managed","type":"aws_security_group","name":"app_sg","provider_config_key":"aws","expressions":{"description":{"constant_value":"Allow all inbound traffic for OpenVPN and App Server"},"egress":{"constant_value":[{"cidr_blocks":["0.0.0.0/0"],"description":null,"from_port":0,"ipv6_cidr_blocks":null,"prefix_list_ids":null,"protocol":"-1","security_groups":null,"self":null,"to_port":0}]},"ingress":{"constant_value":[{"cidr_blocks":["0.0.0.0/0"],"description":null,"from_port":0,"ipv6_cidr_blocks":null,"prefix_list_ids":null,"protocol":"tcp","security_groups":null,"self":null,"to_port":65535}]},"name":{"constant_value":"app-security-group"},"vpc_id":{"references":["aws_vpc.main.id","aws_vpc.main"]}},"schema_version":1},{"address":"aws_subnet.main","mode":"managed","type":"aws_subnet","name":"main","provider_config_key":"aws","expressions":{"availability_zone":{"constant_value":"us-west-2a"},"cidr_block":{"constant_value":"10.0.1.0/24"},"tags":{"constant_value":{"Name":"main-subnet"}},"vpc_id":{"references":["aws_vpc.main.id","aws_vpc.main"]}},"schema_version":1},{"address":"aws_vpc.main","mode":"managed","type":"aws_vpc","name":"main","provider_config_key":"aws","expressions":{"cidr_block":{"constant_value":"10.0.0.0/16"},"tags":{"constant_value":{"Name":"main-vpc"}}},"schema_version":1}]}},"relevant_attributes":[{"resource":"aws_instance.app_server","attribute":["primary_network_interface_id"]},{"resource":"aws_security_group.app_sg","attribute":["id"]},{"resource":"aws_subnet.main","attribute":["id"]},{"resource":"aws_instance.openvpn_server","attribute":["primary_network_interface_id"]},{"resource":"aws_s3_bucket.nfs_bucket","attribute":["bucket"]},{"resource":"aws_vpc.main","attribute":["id"]}],"timestamp":"2026-01-27T13:40:52Z","applyable":true,"complete":true,"errored":false}
