data.aws_availability_zones.available: Reading...
data.aws_caller_identity.current: Reading...
data.aws_region.current: Reading...
data.aws_region.current: Read complete after 0s [id=us-east-1]
data.aws_caller_identity.current: Read complete after 0s [id=000000000000]
data.aws_availability_zones.available: Read complete after 1s [id=us-east-1]

Terraform used the selected providers to generate the following execution
plan. Resource actions are indicated with the following symbols:
  + create

Terraform will perform the following actions:

  # aws_elastic_beanstalk_application.this will be created
  + resource "aws_elastic_beanstalk_application" "this" {
      + arn         = (known after apply)
      + description = "Dash/Flask demo application"
      + id          = (known after apply)
      + name        = "dash-dashboard-demo-dev"
      + region      = "us-east-1"
      + tags_all    = {
          + "Environment" = "dev"
          + "ManagedBy"   = "terraform"
          + "Project"     = "dash-dashboard-demo"
        }

      + appversion_lifecycle {
          + delete_source_from_s3 = true
          + max_count             = 20
          + service_role          = (known after apply)
        }
    }

  # aws_elastic_beanstalk_environment.this will be created
  + resource "aws_elastic_beanstalk_environment" "this" {
      + all_settings           = (known after apply)
      + application            = "dash-dashboard-demo-dev"
      + arn                    = (known after apply)
      + autoscaling_groups     = (known after apply)
      + cname                  = (known after apply)
      + cname_prefix           = (known after apply)
      + endpoint_url           = (known after apply)
      + id                     = (known after apply)
      + instances              = (known after apply)
      + launch_configurations  = (known after apply)
      + load_balancers         = (known after apply)
      + name                   = "dash-dashboard-demo-dev"
      + platform_arn           = (known after apply)
      + queues                 = (known after apply)
      + region                 = "us-east-1"
      + solution_stack_name    = "64bit Amazon Linux 2023 v4.3.2 running Python 3.11"
      + tags_all               = {
          + "Environment" = "dev"
          + "ManagedBy"   = "terraform"
          + "Project"     = "dash-dashboard-demo"
        }
      + tier                   = "WebServer"
      + triggers               = (known after apply)
      + version_label          = (known after apply)
      + wait_for_ready_timeout = "20m"

      + setting {
          + name      = "AssociatePublicIpAddress"
          + namespace = "aws:ec2:vpc"
          + value     = "false"
            # (1 unchanged attribute hidden)
        }
      + setting {
          + name      = "ELBSubnets"
          + namespace = "aws:ec2:vpc"
          + value     = (known after apply)
            # (1 unchanged attribute hidden)
        }
      + setting {
          + name      = "EnvironmentType"
          + namespace = "aws:elasticbeanstalk:environment"
          + value     = "LoadBalanced"
            # (1 unchanged attribute hidden)
        }
      + setting {
          + name      = "HealthCheckPath"
          + namespace = "aws:elasticbeanstalk:environment:process:default"
          + value     = "/"
            # (1 unchanged attribute hidden)
        }
      + setting {
          + name      = "IamInstanceProfile"
          + namespace = "aws:autoscaling:launchconfiguration"
          + value     = (known after apply)
            # (1 unchanged attribute hidden)
        }
      + setting {
          + name      = "InstanceType"
          + namespace = "aws:autoscaling:launchconfiguration"
          + value     = "t3.micro"
            # (1 unchanged attribute hidden)
        }
      + setting {
          + name      = "LoadBalancerType"
          + namespace = "aws:elasticbeanstalk:environment"
          + value     = "application"
            # (1 unchanged attribute hidden)
        }
      + setting {
          + name      = "ManagedActionsEnabled"
          + namespace = "aws:elasticbeanstalk:managedactions"
          + value     = "true"
            # (1 unchanged attribute hidden)
        }
      + setting {
          + name      = "MaxSize"
          + namespace = "aws:autoscaling:asg"
          + value     = "2"
            # (1 unchanged attribute hidden)
        }
      + setting {
          + name      = "MinSize"
          + namespace = "aws:autoscaling:asg"
          + value     = "1"
            # (1 unchanged attribute hidden)
        }
      + setting {
          + name      = "PreferredStartTime"
          + namespace = "aws:elasticbeanstalk:managedactions"
          + value     = "Sun:03:00"
            # (1 unchanged attribute hidden)
        }
      + setting {
          + name      = "RetentionInDays"
          + namespace = "aws:elasticbeanstalk:cloudwatch:logs"
          + value     = "14"
            # (1 unchanged attribute hidden)
        }
      + setting {
          + name      = "RootVolumeSize"
          + namespace = "aws:autoscaling:launchconfiguration"
          + value     = "10"
            # (1 unchanged attribute hidden)
        }
      + setting {
          + name      = "SecurityGroups"
          + namespace = "aws:autoscaling:launchconfiguration"
          + value     = (known after apply)
            # (1 unchanged attribute hidden)
        }
      + setting {
          + name      = "SecurityGroups"
          + namespace = "aws:elbv2:loadbalancer"
          + value     = (known after apply)
            # (1 unchanged attribute hidden)
        }
      + setting {
          + name      = "ServiceRole"
          + namespace = "aws:elasticbeanstalk:environment"
          + value     = (known after apply)
            # (1 unchanged attribute hidden)
        }
      + setting {
          + name      = "StreamLogs"
          + namespace = "aws:elasticbeanstalk:cloudwatch:logs"
          + value     = "true"
            # (1 unchanged attribute hidden)
        }
      + setting {
          + name      = "Subnets"
          + namespace = "aws:ec2:vpc"
          + value     = (known after apply)
            # (1 unchanged attribute hidden)
        }
      + setting {
          + name      = "UpdateLevel"
          + namespace = "aws:elasticbeanstalk:managedactions:platformupdate"
          + value     = "minor"
            # (1 unchanged attribute hidden)
        }
      + setting {
          + name      = "VPCId"
          + namespace = "aws:ec2:vpc"
          + value     = (known after apply)
            # (1 unchanged attribute hidden)
        }
    }

  # aws_iam_instance_profile.eb_ec2 will be created
  + resource "aws_iam_instance_profile" "eb_ec2" {
      + arn         = (known after apply)
      + create_date = (known after apply)
      + id          = (known after apply)
      + name        = (known after apply)
      + name_prefix = "dash-dashboard-demo-dev-eb-ec2-"
      + path        = "/"
      + role        = (known after apply)
      + tags_all    = {
          + "Environment" = "dev"
          + "ManagedBy"   = "terraform"
          + "Project"     = "dash-dashboard-demo"
        }
      + unique_id   = (known after apply)
    }

  # aws_iam_role.eb_ec2 will be created
  + resource "aws_iam_role" "eb_ec2" {
      + arn                   = (known after apply)
      + assume_role_policy    = jsonencode(
            {
              + Statement = [
                  + {
                      + Action    = "sts:AssumeRole"
                      + Effect    = "Allow"
                      + Principal = {
                          + Service = "ec2.amazonaws.com"
                        }
                    },
                ]
              + Version   = "2012-10-17"
            }
        )
      + create_date           = (known after apply)
      + force_detach_policies = false
      + id                    = (known after apply)
      + managed_policy_arns   = (known after apply)
      + max_session_duration  = 3600
      + name                  = (known after apply)
      + name_prefix           = "dash-dashboard-demo-dev-eb-ec2-"
      + path                  = "/"
      + tags_all              = {
          + "Environment" = "dev"
          + "ManagedBy"   = "terraform"
          + "Project"     = "dash-dashboard-demo"
        }
      + unique_id             = (known after apply)

      + inline_policy (known after apply)
    }

  # aws_iam_role.eb_service will be created
  + resource "aws_iam_role" "eb_service" {
      + arn                   = (known after apply)
      + assume_role_policy    = jsonencode(
            {
              + Statement = [
                  + {
                      + Action    = "sts:AssumeRole"
                      + Effect    = "Allow"
                      + Principal = {
                          + Service = "elasticbeanstalk.amazonaws.com"
                        }
                    },
                ]
              + Version   = "2012-10-17"
            }
        )
      + create_date           = (known after apply)
      + force_detach_policies = false
      + id                    = (known after apply)
      + managed_policy_arns   = (known after apply)
      + max_session_duration  = 3600
      + name                  = (known after apply)
      + name_prefix           = "dash-dashboard-demo-dev-eb-service-"
      + path                  = "/"
      + tags_all              = {
          + "Environment" = "dev"
          + "ManagedBy"   = "terraform"
          + "Project"     = "dash-dashboard-demo"
        }
      + unique_id             = (known after apply)

      + inline_policy (known after apply)
    }

  # aws_iam_role_policy_attachment.eb_ec2_multicontainer will be created
  + resource "aws_iam_role_policy_attachment" "eb_ec2_multicontainer" {
      + id         = (known after apply)
      + policy_arn = "arn:aws:iam::aws:policy/AWSElasticBeanstalkMulticontainerDocker"
      + role       = (known after apply)
    }

  # aws_iam_role_policy_attachment.eb_ec2_web will be created
  + resource "aws_iam_role_policy_attachment" "eb_ec2_web" {
      + id         = (known after apply)
      + policy_arn = "arn:aws:iam::aws:policy/AWSElasticBeanstalkWebTier"
      + role       = (known after apply)
    }

  # aws_iam_role_policy_attachment.eb_ec2_worker will be created
  + resource "aws_iam_role_policy_attachment" "eb_ec2_worker" {
      + id         = (known after apply)
      + policy_arn = "arn:aws:iam::aws:policy/AWSElasticBeanstalkWorkerTier"
      + role       = (known after apply)
    }

  # aws_iam_role_policy_attachment.eb_service_enhanced_health will be created
  + resource "aws_iam_role_policy_attachment" "eb_service_enhanced_health" {
      + id         = (known after apply)
      + policy_arn = "arn:aws:iam::aws:policy/service-role/AWSElasticBeanstalkEnhancedHealth"
      + role       = (known after apply)
    }

  # aws_iam_role_policy_attachment.eb_service_managed_updates will be created
  + resource "aws_iam_role_policy_attachment" "eb_service_managed_updates" {
      + id         = (known after apply)
      + policy_arn = "arn:aws:iam::aws:policy/service-role/AWSElasticBeanstalkManagedUpdatesCustomerRolePolicy"
      + role       = (known after apply)
    }

  # aws_s3_bucket.eb_artifacts will be created
  + resource "aws_s3_bucket" "eb_artifacts" {
      + acceleration_status         = (known after apply)
      + acl                         = (known after apply)
      + arn                         = (known after apply)
      + bucket                      = (known after apply)
      + bucket_domain_name          = (known after apply)
      + bucket_prefix               = "dash-dashboard-demo-dev-eb-artifacts-"
      + bucket_region               = (known after apply)
      + bucket_regional_domain_name = (known after apply)
      + force_destroy               = true
      + hosted_zone_id              = (known after apply)
      + id                          = (known after apply)
      + object_lock_enabled         = (known after apply)
      + policy                      = (known after apply)
      + region                      = "us-east-1"
      + request_payer               = (known after apply)
      + tags_all                    = {
          + "Environment" = "dev"
          + "ManagedBy"   = "terraform"
          + "Project"     = "dash-dashboard-demo"
        }
      + website_domain              = (known after apply)
      + website_endpoint            = (known after apply)

      + cors_rule (known after apply)

      + grant (known after apply)

      + lifecycle_rule (known after apply)

      + logging (known after apply)

      + object_lock_configuration (known after apply)

      + replication_configuration (known after apply)

      + server_side_encryption_configuration (known after apply)

      + versioning (known after apply)

      + website (known after apply)
    }

  # aws_s3_bucket_public_access_block.eb_artifacts will be created
  + resource "aws_s3_bucket_public_access_block" "eb_artifacts" {
      + block_public_acls       = true
      + block_public_policy     = true
      + bucket                  = (known after apply)
      + id                      = (known after apply)
      + ignore_public_acls      = true
      + region                  = "us-east-1"
      + restrict_public_buckets = true
    }

  # aws_s3_bucket_server_side_encryption_configuration.eb_artifacts will be created
  + resource "aws_s3_bucket_server_side_encryption_configuration" "eb_artifacts" {
      + bucket = (known after apply)
      + id     = (known after apply)
      + region = "us-east-1"

      + rule {
          + blocked_encryption_types = []

          + apply_server_side_encryption_by_default {
              + sse_algorithm     = "AES256"
                # (1 unchanged attribute hidden)
            }
        }
    }

  # aws_s3_bucket_versioning.eb_artifacts will be created
  + resource "aws_s3_bucket_versioning" "eb_artifacts" {
      + bucket = (known after apply)
      + id     = (known after apply)
      + region = "us-east-1"

      + versioning_configuration {
          + mfa_delete = (known after apply)
          + status     = "Enabled"
        }
    }

  # aws_security_group.alb will be created
  + resource "aws_security_group" "alb" {
      + arn                    = (known after apply)
      + description            = "ALB security group"
      + egress                 = [
          + {
              + cidr_blocks      = [
                  + "0.0.0.0/0",
                ]
              + description      = "All egress"
              + from_port        = 0
              + ipv6_cidr_blocks = []
              + prefix_list_ids  = []
              + protocol         = "-1"
              + security_groups  = []
              + self             = false
              + to_port          = 0
            },
        ]
      + id                     = (known after apply)
      + ingress                = [
          + {
              + cidr_blocks      = [
                  + "0.0.0.0/0",
                ]
              + description      = "HTTP"
              + from_port        = 80
              + ipv6_cidr_blocks = []
              + prefix_list_ids  = []
              + protocol         = "tcp"
              + security_groups  = []
              + self             = false
              + to_port          = 80
            },
          + {
              + cidr_blocks      = [
                  + "0.0.0.0/0",
                ]
              + description      = "HTTPS"
              + from_port        = 443
              + ipv6_cidr_blocks = []
              + prefix_list_ids  = []
              + protocol         = "tcp"
              + security_groups  = []
              + self             = false
              + to_port          = 443
            },
        ]
      + name                   = (known after apply)
      + name_prefix            = "dash-dashboard-demo-dev-alb-"
      + owner_id               = (known after apply)
      + region                 = "us-east-1"
      + revoke_rules_on_delete = false
      + tags_all               = {
          + "Environment" = "dev"
          + "ManagedBy"   = "terraform"
          + "Project"     = "dash-dashboard-demo"
        }
      + vpc_id                 = (known after apply)
    }

  # aws_security_group.app will be created
  + resource "aws_security_group" "app" {
      + arn                    = (known after apply)
      + description            = "EB instances security group"
      + egress                 = [
          + {
              + cidr_blocks      = [
                  + "0.0.0.0/0",
                ]
              + description      = "All egress"
              + from_port        = 0
              + ipv6_cidr_blocks = []
              + prefix_list_ids  = []
              + protocol         = "-1"
              + security_groups  = []
              + self             = false
              + to_port          = 0
            },
        ]
      + id                     = (known after apply)
      + ingress                = [
          + {
              + cidr_blocks      = []
              + description      = "App from ALB"
              + from_port        = 80
              + ipv6_cidr_blocks = []
              + prefix_list_ids  = []
              + protocol         = "tcp"
              + security_groups  = (known after apply)
              + self             = false
              + to_port          = 80
            },
        ]
      + name                   = (known after apply)
      + name_prefix            = "dash-dashboard-demo-dev-app-"
      + owner_id               = (known after apply)
      + region                 = "us-east-1"
      + revoke_rules_on_delete = false
      + tags_all               = {
          + "Environment" = "dev"
          + "ManagedBy"   = "terraform"
          + "Project"     = "dash-dashboard-demo"
        }
      + vpc_id                 = (known after apply)
    }

  # module.vpc.aws_default_network_acl.this[0] will be created
  + resource "aws_default_network_acl" "this" {
      + arn                    = (known after apply)
      + default_network_acl_id = (known after apply)
      + id                     = (known after apply)
      + owner_id               = (known after apply)
      + region                 = "us-east-1"
      + tags                   = {
          + "Name" = "dash-dashboard-demo-dev-default"
        }
      + tags_all               = {
          + "Environment" = "dev"
          + "ManagedBy"   = "terraform"
          + "Name"        = "dash-dashboard-demo-dev-default"
          + "Project"     = "dash-dashboard-demo"
        }
      + vpc_id                 = (known after apply)

      + egress {
          + action          = "allow"
          + from_port       = 0
          + ipv6_cidr_block = "::/0"
          + protocol        = "-1"
          + rule_no         = 101
          + to_port         = 0
            # (1 unchanged attribute hidden)
        }
      + egress {
          + action          = "allow"
          + cidr_block      = "0.0.0.0/0"
          + from_port       = 0
          + protocol        = "-1"
          + rule_no         = 100
          + to_port         = 0
            # (1 unchanged attribute hidden)
        }

      + ingress {
          + action          = "allow"
          + from_port       = 0
          + ipv6_cidr_block = "::/0"
          + protocol        = "-1"
          + rule_no         = 101
          + to_port         = 0
            # (1 unchanged attribute hidden)
        }
      + ingress {
          + action          = "allow"
          + cidr_block      = "0.0.0.0/0"
          + from_port       = 0
          + protocol        = "-1"
          + rule_no         = 100
          + to_port         = 0
            # (1 unchanged attribute hidden)
        }
    }

  # module.vpc.aws_default_route_table.default[0] will be created
  + resource "aws_default_route_table" "default" {
      + arn                    = (known after apply)
      + default_route_table_id = (known after apply)
      + id                     = (known after apply)
      + owner_id               = (known after apply)
      + region                 = "us-east-1"
      + route                  = (known after apply)
      + tags                   = {
          + "Name" = "dash-dashboard-demo-dev-default"
        }
      + tags_all               = {
          + "Environment" = "dev"
          + "ManagedBy"   = "terraform"
          + "Name"        = "dash-dashboard-demo-dev-default"
          + "Project"     = "dash-dashboard-demo"
        }
      + vpc_id                 = (known after apply)

      + timeouts {
          + create = "5m"
          + update = "5m"
        }
    }

  # module.vpc.aws_default_security_group.this[0] will be created
  + resource "aws_default_security_group" "this" {
      + arn                    = (known after apply)
      + description            = (known after apply)
      + egress                 = (known after apply)
      + id                     = (known after apply)
      + ingress                = (known after apply)
      + name                   = (known after apply)
      + name_prefix            = (known after apply)
      + owner_id               = (known after apply)
      + region                 = "us-east-1"
      + revoke_rules_on_delete = false
      + tags                   = {
          + "Name" = "dash-dashboard-demo-dev-default"
        }
      + tags_all               = {
          + "Environment" = "dev"
          + "ManagedBy"   = "terraform"
          + "Name"        = "dash-dashboard-demo-dev-default"
          + "Project"     = "dash-dashboard-demo"
        }
      + vpc_id                 = (known after apply)
    }

  # module.vpc.aws_eip.nat[0] will be created
  + resource "aws_eip" "nat" {
      + allocation_id        = (known after apply)
      + arn                  = (known after apply)
      + association_id       = (known after apply)
      + carrier_ip           = (known after apply)
      + customer_owned_ip    = (known after apply)
      + domain               = "vpc"
      + id                   = (known after apply)
      + instance             = (known after apply)
      + ipam_pool_id         = (known after apply)
      + network_border_group = (known after apply)
      + network_interface    = (known after apply)
      + private_dns          = (known after apply)
      + private_ip           = (known after apply)
      + ptr_record           = (known after apply)
      + public_dns           = (known after apply)
      + public_ip            = (known after apply)
      + public_ipv4_pool     = (known after apply)
      + region               = "us-east-1"
      + tags                 = {
          + "Name" = "dash-dashboard-demo-dev-us-east-1a"
        }
      + tags_all             = {
          + "Environment" = "dev"
          + "ManagedBy"   = "terraform"
          + "Name"        = "dash-dashboard-demo-dev-us-east-1a"
          + "Project"     = "dash-dashboard-demo"
        }
    }

  # module.vpc.aws_internet_gateway.this[0] will be created
  + resource "aws_internet_gateway" "this" {
      + arn      = (known after apply)
      + id       = (known after apply)
      + owner_id = (known after apply)
      + region   = "us-east-1"
      + tags     = {
          + "Name" = "dash-dashboard-demo-dev"
        }
      + tags_all = {
          + "Environment" = "dev"
          + "ManagedBy"   = "terraform"
          + "Name"        = "dash-dashboard-demo-dev"
          + "Project"     = "dash-dashboard-demo"
        }
      + vpc_id   = (known after apply)
    }

  # module.vpc.aws_nat_gateway.this[0] will be created
  + resource "aws_nat_gateway" "this" {
      + allocation_id                      = (known after apply)
      + association_id                     = (known after apply)
      + auto_provision_zones               = (known after apply)
      + auto_scaling_ips                   = (known after apply)
      + availability_mode                  = (known after apply)
      + connectivity_type                  = "public"
      + id                                 = (known after apply)
      + network_interface_id               = (known after apply)
      + private_ip                         = (known after apply)
      + public_ip                          = (known after apply)
      + region                             = "us-east-1"
      + regional_nat_gateway_address       = (known after apply)
      + regional_nat_gateway_auto_mode     = (known after apply)
      + route_table_id                     = (known after apply)
      + secondary_allocation_ids           = (known after apply)
      + secondary_private_ip_address_count = (known after apply)
      + secondary_private_ip_addresses     = (known after apply)
      + subnet_id                          = (known after apply)
      + tags                               = {
          + "Name" = "dash-dashboard-demo-dev-us-east-1a"
        }
      + tags_all                           = {
          + "Environment" = "dev"
          + "ManagedBy"   = "terraform"
          + "Name"        = "dash-dashboard-demo-dev-us-east-1a"
          + "Project"     = "dash-dashboard-demo"
        }
      + vpc_id                             = (known after apply)
    }

  # module.vpc.aws_route.private_nat_gateway[0] will be created
  + resource "aws_route" "private_nat_gateway" {
      + destination_cidr_block = "0.0.0.0/0"
      + id                     = (known after apply)
      + instance_id            = (known after apply)
      + instance_owner_id      = (known after apply)
      + nat_gateway_id         = (known after apply)
      + network_interface_id   = (known after apply)
      + origin                 = (known after apply)
      + region                 = "us-east-1"
      + route_table_id         = (known after apply)
      + state                  = (known after apply)

      + timeouts {
          + create = "5m"
        }
    }

  # module.vpc.aws_route.public_internet_gateway[0] will be created
  + resource "aws_route" "public_internet_gateway" {
      + destination_cidr_block = "0.0.0.0/0"
      + gateway_id             = (known after apply)
      + id                     = (known after apply)
      + instance_id            = (known after apply)
      + instance_owner_id      = (known after apply)
      + network_interface_id   = (known after apply)
      + origin                 = (known after apply)
      + region                 = "us-east-1"
      + route_table_id         = (known after apply)
      + state                  = (known after apply)

      + timeouts {
          + create = "5m"
        }
    }

  # module.vpc.aws_route_table.private[0] will be created
  + resource "aws_route_table" "private" {
      + arn              = (known after apply)
      + id               = (known after apply)
      + owner_id         = (known after apply)
      + propagating_vgws = (known after apply)
      + region           = "us-east-1"
      + route            = (known after apply)
      + tags             = {
          + "Name" = "dash-dashboard-demo-dev-private"
        }
      + tags_all         = {
          + "Environment" = "dev"
          + "ManagedBy"   = "terraform"
          + "Name"        = "dash-dashboard-demo-dev-private"
          + "Project"     = "dash-dashboard-demo"
        }
      + vpc_id           = (known after apply)
    }

  # module.vpc.aws_route_table.public[0] will be created
  + resource "aws_route_table" "public" {
      + arn              = (known after apply)
      + id               = (known after apply)
      + owner_id         = (known after apply)
      + propagating_vgws = (known after apply)
      + region           = "us-east-1"
      + route            = (known after apply)
      + tags             = {
          + "Name" = "dash-dashboard-demo-dev-public"
        }
      + tags_all         = {
          + "Environment" = "dev"
          + "ManagedBy"   = "terraform"
          + "Name"        = "dash-dashboard-demo-dev-public"
          + "Project"     = "dash-dashboard-demo"
        }
      + vpc_id           = (known after apply)
    }

  # module.vpc.aws_route_table_association.private[0] will be created
  + resource "aws_route_table_association" "private" {
      + id             = (known after apply)
      + region         = "us-east-1"
      + route_table_id = (known after apply)
      + subnet_id      = (known after apply)
    }

  # module.vpc.aws_route_table_association.private[1] will be created
  + resource "aws_route_table_association" "private" {
      + id             = (known after apply)
      + region         = "us-east-1"
      + route_table_id = (known after apply)
      + subnet_id      = (known after apply)
    }

  # module.vpc.aws_route_table_association.public[0] will be created
  + resource "aws_route_table_association" "public" {
      + id             = (known after apply)
      + region         = "us-east-1"
      + route_table_id = (known after apply)
      + subnet_id      = (known after apply)
    }

  # module.vpc.aws_route_table_association.public[1] will be created
  + resource "aws_route_table_association" "public" {
      + id             = (known after apply)
      + region         = "us-east-1"
      + route_table_id = (known after apply)
      + subnet_id      = (known after apply)
    }

  # module.vpc.aws_subnet.private[0] will be created
  + resource "aws_subnet" "private" {
      + arn                                            = (known after apply)
      + assign_ipv6_address_on_creation                = false
      + availability_zone                              = "us-east-1a"
      + availability_zone_id                           = (known after apply)
      + cidr_block                                     = "10.0.10.0/24"
      + enable_dns64                                   = false
      + enable_resource_name_dns_a_record_on_launch    = false
      + enable_resource_name_dns_aaaa_record_on_launch = false
      + id                                             = (known after apply)
      + ipv6_cidr_block_association_id                 = (known after apply)
      + ipv6_native                                    = false
      + map_public_ip_on_launch                        = false
      + owner_id                                       = (known after apply)
      + private_dns_hostname_type_on_launch            = (known after apply)
      + region                                         = "us-east-1"
      + tags                                           = {
          + "Name"                            = "dash-dashboard-demo-dev-private-us-east-1a"
          + "kubernetes.io/role/internal-elb" = "1"
        }
      + tags_all                                       = {
          + "Environment"                     = "dev"
          + "ManagedBy"                       = "terraform"
          + "Name"                            = "dash-dashboard-demo-dev-private-us-east-1a"
          + "Project"                         = "dash-dashboard-demo"
          + "kubernetes.io/role/internal-elb" = "1"
        }
      + vpc_id                                         = (known after apply)
    }

  # module.vpc.aws_subnet.private[1] will be created
  + resource "aws_subnet" "private" {
      + arn                                            = (known after apply)
      + assign_ipv6_address_on_creation                = false
      + availability_zone                              = "us-east-1b"
      + availability_zone_id                           = (known after apply)
      + cidr_block                                     = "10.0.11.0/24"
      + enable_dns64                                   = false
      + enable_resource_name_dns_a_record_on_launch    = false
      + enable_resource_name_dns_aaaa_record_on_launch = false
      + id                                             = (known after apply)
      + ipv6_cidr_block_association_id                 = (known after apply)
      + ipv6_native                                    = false
      + map_public_ip_on_launch                        = false
      + owner_id                                       = (known after apply)
      + private_dns_hostname_type_on_launch            = (known after apply)
      + region                                         = "us-east-1"
      + tags                                           = {
          + "Name"                            = "dash-dashboard-demo-dev-private-us-east-1b"
          + "kubernetes.io/role/internal-elb" = "1"
        }
      + tags_all                                       = {
          + "Environment"                     = "dev"
          + "ManagedBy"                       = "terraform"
          + "Name"                            = "dash-dashboard-demo-dev-private-us-east-1b"
          + "Project"                         = "dash-dashboard-demo"
          + "kubernetes.io/role/internal-elb" = "1"
        }
      + vpc_id                                         = (known after apply)
    }

  # module.vpc.aws_subnet.public[0] will be created
  + resource "aws_subnet" "public" {
      + arn                                            = (known after apply)
      + assign_ipv6_address_on_creation                = false
      + availability_zone                              = "us-east-1a"
      + availability_zone_id                           = (known after apply)
      + cidr_block                                     = "10.0.0.0/24"
      + enable_dns64                                   = false
      + enable_resource_name_dns_a_record_on_launch    = false
      + enable_resource_name_dns_aaaa_record_on_launch = false
      + id                                             = (known after apply)
      + ipv6_cidr_block_association_id                 = (known after apply)
      + ipv6_native                                    = false
      + map_public_ip_on_launch                        = false
      + owner_id                                       = (known after apply)
      + private_dns_hostname_type_on_launch            = (known after apply)
      + region                                         = "us-east-1"
      + tags                                           = {
          + "Name"                   = "dash-dashboard-demo-dev-public-us-east-1a"
          + "kubernetes.io/role/elb" = "1"
        }
      + tags_all                                       = {
          + "Environment"            = "dev"
          + "ManagedBy"              = "terraform"
          + "Name"                   = "dash-dashboard-demo-dev-public-us-east-1a"
          + "Project"                = "dash-dashboard-demo"
          + "kubernetes.io/role/elb" = "1"
        }
      + vpc_id                                         = (known after apply)
    }

  # module.vpc.aws_subnet.public[1] will be created
  + resource "aws_subnet" "public" {
      + arn                                            = (known after apply)
      + assign_ipv6_address_on_creation                = false
      + availability_zone                              = "us-east-1b"
      + availability_zone_id                           = (known after apply)
      + cidr_block                                     = "10.0.1.0/24"
      + enable_dns64                                   = false
      + enable_resource_name_dns_a_record_on_launch    = false
      + enable_resource_name_dns_aaaa_record_on_launch = false
      + id                                             = (known after apply)
      + ipv6_cidr_block_association_id                 = (known after apply)
      + ipv6_native                                    = false
      + map_public_ip_on_launch                        = false
      + owner_id                                       = (known after apply)
      + private_dns_hostname_type_on_launch            = (known after apply)
      + region                                         = "us-east-1"
      + tags                                           = {
          + "Name"                   = "dash-dashboard-demo-dev-public-us-east-1b"
          + "kubernetes.io/role/elb" = "1"
        }
      + tags_all                                       = {
          + "Environment"            = "dev"
          + "ManagedBy"              = "terraform"
          + "Name"                   = "dash-dashboard-demo-dev-public-us-east-1b"
          + "Project"                = "dash-dashboard-demo"
          + "kubernetes.io/role/elb" = "1"
        }
      + vpc_id                                         = (known after apply)
    }

  # module.vpc.aws_vpc.this[0] will be created
  + resource "aws_vpc" "this" {
      + arn                                  = (known after apply)
      + cidr_block                           = "10.0.0.0/16"
      + default_network_acl_id               = (known after apply)
      + default_route_table_id               = (known after apply)
      + default_security_group_id            = (known after apply)
      + dhcp_options_id                      = (known after apply)
      + enable_dns_hostnames                 = true
      + enable_dns_support                   = true
      + enable_network_address_usage_metrics = (known after apply)
      + id                                   = (known after apply)
      + instance_tenancy                     = "default"
      + ipv6_association_id                  = (known after apply)
      + ipv6_cidr_block                      = (known after apply)
      + ipv6_cidr_block_network_border_group = (known after apply)
      + main_route_table_id                  = (known after apply)
      + owner_id                             = (known after apply)
      + region                               = "us-east-1"
      + tags                                 = {
          + "Name" = "dash-dashboard-demo-dev"
        }
      + tags_all                             = {
          + "Environment" = "dev"
          + "ManagedBy"   = "terraform"
          + "Name"        = "dash-dashboard-demo-dev"
          + "Project"     = "dash-dashboard-demo"
        }
    }

Plan: 35 to add, 0 to change, 0 to destroy.

Changes to Outputs:
  + application_name    = "dash-dashboard-demo-dev"
  + eb_artifacts_bucket = (known after apply)
  + environment_cname   = (known after apply)
  + environment_name    = "dash-dashboard-demo-dev"
  + private_subnets     = [
      + (known after apply),
      + (known after apply),
    ]
  + public_subnets      = [
      + (known after apply),
      + (known after apply),
    ]
  + vpc_id              = (known after apply)

Warning: Deprecated attribute

  on /ai-code-generation-from-code-to-iac/workspace/738536033/ai_tf/.terraform/modules/vpc/vpc-flow-logs.tf line 28, in locals:
  28:     "arn:${data.aws_partition.current[0].partition}:logs:${data.aws_region.current[0].name}:${data.aws_caller_identity.current[0].account_id}:log-group:${log_group.name}:*"

The attribute "name" is deprecated. Refer to the provider documentation for
details.
