
Terraform used the selected providers to generate the following execution
plan. Resource actions are indicated with the following symbols:
  + create
 <= read (data resources)

Terraform will perform the following actions:

  # data.aws_iam_policy_document.s3_policy will be read during apply
  # (config refers to values not yet known)
 <= data "aws_iam_policy_document" "s3_policy" {
      + id            = (known after apply)
      + json          = (known after apply)
      + minified_json = (known after apply)

      + statement {
          + actions   = [
              + "s3:GetObject",
            ]
          + effect    = "Allow"
          + resources = [
              + (known after apply),
            ]

          + principals {
              + identifiers = [
                  + "*",
                ]
              + type        = "*"
            }
        }
    }

  # aws_s3_bucket.static_site will be created
  + resource "aws_s3_bucket" "static_site" {
      + acceleration_status         = (known after apply)
      + acl                         = (known after apply)
      + arn                         = (known after apply)
      + bucket                      = "static-page-app-static-site"
      + bucket_domain_name          = (known after apply)
      + bucket_prefix               = (known after apply)
      + bucket_region               = (known after apply)
      + bucket_regional_domain_name = (known after apply)
      + force_destroy               = true
      + hosted_zone_id              = (known after apply)
      + id                          = (known after apply)
      + object_lock_enabled         = (known after apply)
      + policy                      = (known after apply)
      + region                      = "us-east-1"
      + request_payer               = (known after apply)
      + tags                        = {
          + "Environment" = "dev"
          + "Name"        = "static-page-app"
        }
      + tags_all                    = {
          + "Environment" = "dev"
          + "Name"        = "static-page-app"
        }
      + website_domain              = (known after apply)
      + website_endpoint            = (known after apply)

      + cors_rule (known after apply)

      + grant (known after apply)

      + lifecycle_rule (known after apply)

      + logging (known after apply)

      + object_lock_configuration (known after apply)

      + replication_configuration (known after apply)

      + server_side_encryption_configuration (known after apply)

      + versioning (known after apply)

      + website (known after apply)
    }

  # aws_s3_bucket_policy.static_site will be created
  + resource "aws_s3_bucket_policy" "static_site" {
      + bucket = (known after apply)
      + id     = (known after apply)
      + policy = (known after apply)
      + region = "us-east-1"
    }

  # aws_s3_bucket_public_access_block.static_site will be created
  + resource "aws_s3_bucket_public_access_block" "static_site" {
      + block_public_acls       = false
      + block_public_policy     = false
      + bucket                  = (known after apply)
      + id                      = (known after apply)
      + ignore_public_acls      = false
      + region                  = "us-east-1"
      + restrict_public_buckets = false
    }

  # aws_s3_bucket_website_configuration.static_site will be created
  + resource "aws_s3_bucket_website_configuration" "static_site" {
      + bucket           = (known after apply)
      + id               = (known after apply)
      + region           = "us-east-1"
      + routing_rules    = (known after apply)
      + website_domain   = (known after apply)
      + website_endpoint = (known after apply)

      + index_document {
          + suffix = "index.html"
        }

      + routing_rule (known after apply)
    }

Plan: 4 to add, 0 to change, 0 to destroy.

Changes to Outputs:
  + s3_bucket_name        = "static-page-app-static-site"
  + s3_bucket_website_url = (known after apply)
aws_s3_bucket.static_site: Creating...
aws_s3_bucket.static_site: Still creating... [00m10s elapsed]
aws_s3_bucket.static_site: Still creating... [00m20s elapsed]
aws_s3_bucket.static_site: Still creating... [00m30s elapsed]
aws_s3_bucket.static_site: Still creating... [00m40s elapsed]
aws_s3_bucket.static_site: Still creating... [00m50s elapsed]
aws_s3_bucket.static_site: Still creating... [01m00s elapsed]
aws_s3_bucket.static_site: Still creating... [01m10s elapsed]
aws_s3_bucket.static_site: Still creating... [01m20s elapsed]
aws_s3_bucket.static_site: Still creating... [01m30s elapsed]
aws_s3_bucket.static_site: Still creating... [01m40s elapsed]
aws_s3_bucket.static_site: Still creating... [01m50s elapsed]
aws_s3_bucket.static_site: Still creating... [02m00s elapsed]
aws_s3_bucket.static_site: Still creating... [02m10s elapsed]
aws_s3_bucket.static_site: Still creating... [02m20s elapsed]
aws_s3_bucket.static_site: Still creating... [02m30s elapsed]
aws_s3_bucket.static_site: Still creating... [02m40s elapsed]
aws_s3_bucket.static_site: Still creating... [02m50s elapsed]
aws_s3_bucket.static_site: Still creating... [03m00s elapsed]
aws_s3_bucket.static_site: Still creating... [03m10s elapsed]
aws_s3_bucket.static_site: Still creating... [03m20s elapsed]
aws_s3_bucket.static_site: Still creating... [03m30s elapsed]
aws_s3_bucket.static_site: Still creating... [03m40s elapsed]
aws_s3_bucket.static_site: Still creating... [03m50s elapsed]
aws_s3_bucket.static_site: Still creating... [04m00s elapsed]
aws_s3_bucket.static_site: Still creating... [04m10s elapsed]
aws_s3_bucket.static_site: Still creating... [04m20s elapsed]
aws_s3_bucket.static_site: Still creating... [04m30s elapsed]
aws_s3_bucket.static_site: Still creating... [04m40s elapsed]
aws_s3_bucket.static_site: Still creating... [04m50s elapsed]
aws_s3_bucket.static_site: Still creating... [05m00s elapsed]
aws_s3_bucket.static_site: Still creating... [05m10s elapsed]
aws_s3_bucket.static_site: Still creating... [05m20s elapsed]
aws_s3_bucket.static_site: Still creating... [05m30s elapsed]
aws_s3_bucket.static_site: Still creating... [05m40s elapsed]
aws_s3_bucket.static_site: Still creating... [05m50s elapsed]
aws_s3_bucket.static_site: Still creating... [06m00s elapsed]
aws_s3_bucket.static_site: Still creating... [06m10s elapsed]
aws_s3_bucket.static_site: Still creating... [06m20s elapsed]
aws_s3_bucket.static_site: Still creating... [06m30s elapsed]
aws_s3_bucket.static_site: Still creating... [06m40s elapsed]
aws_s3_bucket.static_site: Still creating... [06m50s elapsed]
aws_s3_bucket.static_site: Still creating... [07m00s elapsed]
aws_s3_bucket.static_site: Still creating... [07m10s elapsed]
aws_s3_bucket.static_site: Still creating... [07m20s elapsed]
aws_s3_bucket.static_site: Still creating... [07m30s elapsed]
aws_s3_bucket.static_site: Still creating... [07m40s elapsed]
aws_s3_bucket.static_site: Still creating... [07m50s elapsed]
aws_s3_bucket.static_site: Still creating... [08m00s elapsed]
aws_s3_bucket.static_site: Still creating... [08m10s elapsed]
aws_s3_bucket.static_site: Still creating... [08m20s elapsed]
aws_s3_bucket.static_site: Still creating... [08m30s elapsed]
aws_s3_bucket.static_site: Still creating... [08m40s elapsed]
aws_s3_bucket.static_site: Still creating... [08m50s elapsed]
aws_s3_bucket.static_site: Still creating... [09m00s elapsed]
aws_s3_bucket.static_site: Still creating... [09m10s elapsed]
aws_s3_bucket.static_site: Still creating... [09m20s elapsed]
aws_s3_bucket.static_site: Still creating... [09m30s elapsed]
aws_s3_bucket.static_site: Still creating... [09m40s elapsed]
aws_s3_bucket.static_site: Still creating... [09m50s elapsed]
aws_s3_bucket.static_site: Still creating... [10m00s elapsed]
aws_s3_bucket.static_site: Still creating... [10m10s elapsed]
aws_s3_bucket.static_site: Still creating... [10m20s elapsed]
aws_s3_bucket.static_site: Still creating... [10m30s elapsed]
aws_s3_bucket.static_site: Still creating... [10m40s elapsed]
aws_s3_bucket.static_site: Still creating... [10m50s elapsed]
aws_s3_bucket.static_site: Still creating... [11m00s elapsed]
aws_s3_bucket.static_site: Still creating... [11m10s elapsed]
aws_s3_bucket.static_site: Still creating... [11m20s elapsed]
aws_s3_bucket.static_site: Still creating... [11m30s elapsed]
aws_s3_bucket.static_site: Still creating... [11m40s elapsed]
aws_s3_bucket.static_site: Still creating... [11m50s elapsed]
aws_s3_bucket.static_site: Still creating... [12m00s elapsed]
aws_s3_bucket.static_site: Still creating... [12m10s elapsed]
aws_s3_bucket.static_site: Still creating... [12m20s elapsed]
aws_s3_bucket.static_site: Still creating... [12m30s elapsed]
aws_s3_bucket.static_site: Still creating... [12m40s elapsed]
aws_s3_bucket.static_site: Still creating... [12m50s elapsed]
aws_s3_bucket.static_site: Still creating... [13m00s elapsed]
aws_s3_bucket.static_site: Still creating... [13m10s elapsed]
aws_s3_bucket.static_site: Still creating... [13m20s elapsed]
aws_s3_bucket.static_site: Still creating... [13m30s elapsed]
aws_s3_bucket.static_site: Still creating... [13m40s elapsed]
aws_s3_bucket.static_site: Still creating... [13m50s elapsed]
aws_s3_bucket.static_site: Still creating... [14m00s elapsed]
aws_s3_bucket.static_site: Still creating... [14m10s elapsed]
aws_s3_bucket.static_site: Still creating... [14m20s elapsed]
aws_s3_bucket.static_site: Still creating... [14m30s elapsed]
aws_s3_bucket.static_site: Still creating... [14m40s elapsed]
aws_s3_bucket.static_site: Still creating... [14m50s elapsed]
aws_s3_bucket.static_site: Still creating... [15m00s elapsed]
aws_s3_bucket.static_site: Still creating... [15m10s elapsed]
aws_s3_bucket.static_site: Still creating... [15m20s elapsed]
aws_s3_bucket.static_site: Still creating... [15m30s elapsed]
aws_s3_bucket.static_site: Still creating... [15m40s elapsed]
aws_s3_bucket.static_site: Still creating... [15m50s elapsed]
aws_s3_bucket.static_site: Still creating... [16m00s elapsed]
aws_s3_bucket.static_site: Still creating... [16m10s elapsed]
aws_s3_bucket.static_site: Still creating... [16m20s elapsed]
aws_s3_bucket.static_site: Still creating... [16m30s elapsed]
aws_s3_bucket.static_site: Still creating... [16m40s elapsed]
aws_s3_bucket.static_site: Still creating... [16m50s elapsed]
aws_s3_bucket.static_site: Still creating... [17m00s elapsed]
aws_s3_bucket.static_site: Still creating... [17m10s elapsed]
aws_s3_bucket.static_site: Still creating... [17m20s elapsed]
aws_s3_bucket.static_site: Still creating... [17m30s elapsed]
aws_s3_bucket.static_site: Still creating... [17m40s elapsed]
aws_s3_bucket.static_site: Still creating... [17m50s elapsed]
aws_s3_bucket.static_site: Still creating... [18m00s elapsed]
aws_s3_bucket.static_site: Still creating... [18m10s elapsed]
aws_s3_bucket.static_site: Still creating... [18m20s elapsed]
aws_s3_bucket.static_site: Still creating... [18m30s elapsed]
aws_s3_bucket.static_site: Still creating... [18m40s elapsed]
aws_s3_bucket.static_site: Still creating... [18m50s elapsed]
aws_s3_bucket.static_site: Still creating... [19m00s elapsed]
aws_s3_bucket.static_site: Still creating... [19m10s elapsed]
aws_s3_bucket.static_site: Still creating... [19m20s elapsed]
aws_s3_bucket.static_site: Still creating... [19m30s elapsed]
aws_s3_bucket.static_site: Still creating... [19m40s elapsed]
aws_s3_bucket.static_site: Still creating... [19m50s elapsed]
aws_s3_bucket.static_site: Still creating... [20m00s elapsed]
aws_s3_bucket.static_site: Still creating... [20m10s elapsed]
aws_s3_bucket.static_site: Still creating... [20m20s elapsed]
aws_s3_bucket.static_site: Still creating... [20m30s elapsed]
aws_s3_bucket.static_site: Still creating... [20m40s elapsed]
aws_s3_bucket.static_site: Still creating... [20m50s elapsed]
aws_s3_bucket.static_site: Still creating... [21m00s elapsed]
aws_s3_bucket.static_site: Still creating... [21m10s elapsed]
aws_s3_bucket.static_site: Still creating... [21m20s elapsed]
aws_s3_bucket.static_site: Still creating... [21m30s elapsed]
aws_s3_bucket.static_site: Still creating... [21m40s elapsed]
aws_s3_bucket.static_site: Still creating... [21m50s elapsed]
aws_s3_bucket.static_site: Still creating... [22m00s elapsed]
aws_s3_bucket.static_site: Still creating... [22m10s elapsed]
aws_s3_bucket.static_site: Still creating... [22m20s elapsed]
