data.aws_iam_policy_document.assume_ecs_tasks: Reading...
data.aws_caller_identity.current: Reading...
data.aws_iam_policy_document.assume_events: Reading...
data.aws_iam_policy_document.assume_sfn: Reading...
data.aws_partition.current: Reading...
data.aws_iam_policy_document.assume_codebuild: Reading...
data.aws_partition.current: Read complete after 0s [id=aws]
data.aws_iam_policy_document.assume_ecs_tasks: Read complete after 0s [id=1077804475]
data.aws_iam_policy_document.assume_codebuild: Read complete after 0s [id=1229436035]
data.aws_iam_policy_document.assume_events: Read complete after 0s [id=3959961479]
data.aws_iam_policy_document.assume_sfn: Read complete after 0s [id=4022981484]
data.aws_availability_zones.available: Reading...
data.aws_iam_policy_document.assume_batch: Reading...
data.aws_iam_policy_document.assume_batch: Read complete after 0s [id=958374824]
data.aws_caller_identity.current: Read complete after 0s [id=000000000000]
data.aws_availability_zones.available: Read complete after 0s [id=us-east-1]

Terraform used the selected providers to generate the following execution
plan. Resource actions are indicated with the following symbols:
  + create

Terraform will perform the following actions:

  # aws_batch_compute_environment.this will be created
  + resource "aws_batch_compute_environment" "this" {
      + arn                             = (known after apply)
      + compute_environment_name        = "rust-cobol-toolchain-dev-ce"
      + compute_environment_name_prefix = (known after apply)
      + ecs_cluster_arn                 = (known after apply)
      + id                              = (known after apply)
      + service_role                    = (known after apply)
      + state                           = "ENABLED"
      + status                          = (known after apply)
      + status_reason                   = (known after apply)
      + tags_all                        = {
          + "Environment" = "dev"
          + "ManagedBy"   = "terraform"
          + "Project"     = "rust-cobol-toolchain"
        }
      + type                            = "MANAGED"

      + compute_resources {
          + desired_vcpus      = (known after apply)
          + max_vcpus          = 16
          + security_group_ids = (known after apply)
          + subnets            = (known after apply)
          + type               = "FARGATE"

          + ec2_configuration (known after apply)
        }
    }

  # aws_batch_job_definition.this will be created
  + resource "aws_batch_job_definition" "this" {
      + arn                        = (known after apply)
      + arn_prefix                 = (known after apply)
      + container_properties       = (known after apply)
      + deregister_on_new_revision = true
      + id                         = (known after apply)
      + name                       = "rust-cobol-toolchain-dev-job"
      + platform_capabilities      = [
          + "FARGATE",
        ]
      + propagate_tags             = false
      + revision                   = (known after apply)
      + tags_all                   = {
          + "Environment" = "dev"
          + "ManagedBy"   = "terraform"
          + "Project"     = "rust-cobol-toolchain"
        }
      + type                       = "container"

      + retry_strategy {
          + attempts = 1
        }

      + timeout {
          + attempt_duration_seconds = 3600
        }
    }

  # aws_batch_job_queue.this will be created
  + resource "aws_batch_job_queue" "this" {
      + arn      = (known after apply)
      + id       = (known after apply)
      + name     = "rust-cobol-toolchain-dev-queue"
      + priority = 1
      + state    = "ENABLED"
      + tags_all = {
          + "Environment" = "dev"
          + "ManagedBy"   = "terraform"
          + "Project"     = "rust-cobol-toolchain"
        }

      + compute_environment_order {
          + compute_environment = (known after apply)
          + order               = 1
        }
    }

  # aws_cloudwatch_event_rule.schedule will be created
  + resource "aws_cloudwatch_event_rule" "schedule" {
      + arn                 = (known after apply)
      + description         = "Schedule to trigger rust-cobol-toolchain-dev state machine"
      + event_bus_name      = "default"
      + force_destroy       = false
      + id                  = (known after apply)
      + name                = "rust-cobol-toolchain-dev-schedule"
      + name_prefix         = (known after apply)
      + schedule_expression = "rate(1 day)"
      + tags_all            = {
          + "Environment" = "dev"
          + "ManagedBy"   = "terraform"
          + "Project"     = "rust-cobol-toolchain"
        }
    }

  # aws_cloudwatch_event_target.sfn will be created
  + resource "aws_cloudwatch_event_target" "sfn" {
      + arn            = (known after apply)
      + event_bus_name = "default"
      + force_destroy  = false
      + id             = (known after apply)
      + role_arn       = (known after apply)
      + rule           = "rust-cobol-toolchain-dev-schedule"
      + target_id      = "sfn"
    }

  # aws_cloudwatch_log_group.batch will be created
  + resource "aws_cloudwatch_log_group" "batch" {
      + arn               = (known after apply)
      + id                = (known after apply)
      + kms_key_id        = (known after apply)
      + log_group_class   = (known after apply)
      + name              = "/aws/batch/rust-cobol-toolchain-dev"
      + name_prefix       = (known after apply)
      + retention_in_days = 30
      + skip_destroy      = false
      + tags_all          = {
          + "Environment" = "dev"
          + "ManagedBy"   = "terraform"
          + "Project"     = "rust-cobol-toolchain"
        }
    }

  # aws_cloudwatch_log_group.codebuild will be created
  + resource "aws_cloudwatch_log_group" "codebuild" {
      + arn               = (known after apply)
      + id                = (known after apply)
      + kms_key_id        = (known after apply)
      + log_group_class   = (known after apply)
      + name              = "/aws/codebuild/rust-cobol-toolchain-dev"
      + name_prefix       = (known after apply)
      + retention_in_days = 30
      + skip_destroy      = false
      + tags_all          = {
          + "Environment" = "dev"
          + "ManagedBy"   = "terraform"
          + "Project"     = "rust-cobol-toolchain"
        }
    }

  # aws_codebuild_project.docker_build will be created
  + resource "aws_codebuild_project" "docker_build" {
      + arn                  = (known after apply)
      + badge_enabled        = false
      + badge_url            = (known after apply)
      + build_timeout        = 60
      + description          = "Build Docker image and push to ECR"
      + encryption_key       = (known after apply)
      + id                   = (known after apply)
      + name                 = "rust-cobol-toolchain-dev-docker-build"
      + project_visibility   = "PRIVATE"
      + public_project_alias = (known after apply)
      + queued_timeout       = 480
      + service_role         = (known after apply)
      + tags                 = {
          + "Name" = "rust-cobol-toolchain-dev-docker-build"
        }
      + tags_all             = {
          + "Environment" = "dev"
          + "ManagedBy"   = "terraform"
          + "Name"        = "rust-cobol-toolchain-dev-docker-build"
          + "Project"     = "rust-cobol-toolchain"
        }

      + artifacts {
          + encryption_disabled    = false
          + override_artifact_name = false
          + type                   = "NO_ARTIFACTS"
        }

      + environment {
          + compute_type                = "BUILD_GENERAL1_MEDIUM"
          + image                       = "aws/codebuild/standard:7.0"
          + image_pull_credentials_type = "CODEBUILD"
          + privileged_mode             = true
          + type                        = "LINUX_CONTAINER"

          + environment_variable {
              + name  = "ECR_REPO_URI"
              + type  = "PLAINTEXT"
              + value = (known after apply)
            }
          + environment_variable {
              + name  = "AWS_REGION"
              + type  = "PLAINTEXT"
              + value = "us-east-1"
            }
        }

      + logs_config {
          + cloudwatch_logs {
              + group_name  = "/aws/codebuild/rust-cobol-toolchain-dev"
              + status      = "ENABLED"
              + stream_name = "build"
            }
        }

      + source {
          + buildspec       = <<-EOT
                version: 0.2
                phases:
                  pre_build:
                    commands:
                      - echo Logging in to Amazon ECR...
                      - aws --version
                      - aws ecr get-login-password --region $AWS_REGION | docker login --username AWS --password-stdin $ECR_REPO_URI
                      - COMMIT_HASH=$(echo $CODEBUILD_RESOLVED_SOURCE_VERSION | cut -c 1-7)
                      - IMAGE_TAG=${COMMIT_HASH:-latest}
                  build:
                    commands:
                      - echo Build started on `date`
                      - echo Building the Docker image...
                      - docker build -t $ECR_REPO_URI:$IMAGE_TAG .
                  post_build:
                    commands:
                      - echo Build completed on `date`
                      - echo Pushing the Docker image...
                      - docker push $ECR_REPO_URI:$IMAGE_TAG
                      - echo Writing image detail...
                      - printf '{"ImageURI":"%s"}' $ECR_REPO_URI:$IMAGE_TAG > imageDetail.json
                artifacts:
                  files:
                    - imageDetail.json
            EOT
          + git_clone_depth = 1
          + location        = (known after apply)
          + type            = "CODECOMMIT"
        }

      + vpc_config {
          + security_group_ids = (known after apply)
          + subnets            = (known after apply)
          + vpc_id             = (known after apply)
        }
    }

  # aws_codecommit_repository.this will be created
  + resource "aws_codecommit_repository" "this" {
      + arn             = (known after apply)
      + clone_url_http  = (known after apply)
      + clone_url_ssh   = (known after apply)
      + description     = "rust-cobol-toolchain-dev source repository"
      + id              = (known after apply)
      + kms_key_id      = (known after apply)
      + repository_id   = (known after apply)
      + repository_name = "rust-cobol-toolchain"
      + tags_all        = {
          + "Environment" = "dev"
          + "ManagedBy"   = "terraform"
          + "Project"     = "rust-cobol-toolchain"
        }
    }

  # aws_ecr_lifecycle_policy.toolchain will be created
  + resource "aws_ecr_lifecycle_policy" "toolchain" {
      + id          = (known after apply)
      + policy      = jsonencode(
            {
              + rules = [
                  + {
                      + action       = {
                          + type = "expire"
                        }
                      + description  = "Keep last 30 images"
                      + rulePriority = 1
                      + selection    = {
                          + countNumber = 30
                          + countType   = "imageCountMoreThan"
                          + tagStatus   = "any"
                        }
                    },
                ]
            }
        )
      + registry_id = (known after apply)
      + repository  = "rust-cobol-toolchain-dev"
    }

  # aws_ecr_repository.toolchain will be created
  + resource "aws_ecr_repository" "toolchain" {
      + arn                  = (known after apply)
      + id                   = (known after apply)
      + image_tag_mutability = "IMMUTABLE"
      + name                 = "rust-cobol-toolchain-dev"
      + registry_id          = (known after apply)
      + repository_url       = (known after apply)
      + tags                 = {
          + "Name" = "rust-cobol-toolchain-dev"
        }
      + tags_all             = {
          + "Environment" = "dev"
          + "ManagedBy"   = "terraform"
          + "Name"        = "rust-cobol-toolchain-dev"
          + "Project"     = "rust-cobol-toolchain"
        }

      + encryption_configuration {
          + encryption_type = "KMS"
          + kms_key         = (known after apply)
        }

      + image_scanning_configuration {
          + scan_on_push = true
        }
    }

  # aws_eip.nat[0] will be created
  + resource "aws_eip" "nat" {
      + allocation_id        = (known after apply)
      + arn                  = (known after apply)
      + association_id       = (known after apply)
      + carrier_ip           = (known after apply)
      + customer_owned_ip    = (known after apply)
      + domain               = "vpc"
      + id                   = (known after apply)
      + instance             = (known after apply)
      + ipam_pool_id         = (known after apply)
      + network_border_group = (known after apply)
      + network_interface    = (known after apply)
      + private_dns          = (known after apply)
      + private_ip           = (known after apply)
      + ptr_record           = (known after apply)
      + public_dns           = (known after apply)
      + public_ip            = (known after apply)
      + public_ipv4_pool     = (known after apply)
      + tags                 = {
          + "Name" = "rust-cobol-toolchain-dev-nat-eip"
        }
      + tags_all             = {
          + "Environment" = "dev"
          + "ManagedBy"   = "terraform"
          + "Name"        = "rust-cobol-toolchain-dev-nat-eip"
          + "Project"     = "rust-cobol-toolchain"
        }
      + vpc                  = (known after apply)
    }

  # aws_iam_role.batch_execution will be created
  + resource "aws_iam_role" "batch_execution" {
      + arn                   = (known after apply)
      + assume_role_policy    = jsonencode(
            {
              + Statement = [
                  + {
                      + Action    = "sts:AssumeRole"
                      + Effect    = "Allow"
                      + Principal = {
                          + Service = "ecs-tasks.amazonaws.com"
                        }
                    },
                ]
              + Version   = "2012-10-17"
            }
        )
      + create_date           = (known after apply)
      + force_detach_policies = false
      + id                    = (known after apply)
      + managed_policy_arns   = (known after apply)
      + max_session_duration  = 3600
      + name                  = "rust-cobol-toolchain-dev-batch-exec-role"
      + name_prefix           = (known after apply)
      + path                  = "/"
      + tags_all              = {
          + "Environment" = "dev"
          + "ManagedBy"   = "terraform"
          + "Project"     = "rust-cobol-toolchain"
        }
      + unique_id             = (known after apply)

      + inline_policy (known after apply)
    }

  # aws_iam_role.batch_job will be created
  + resource "aws_iam_role" "batch_job" {
      + arn                   = (known after apply)
      + assume_role_policy    = jsonencode(
            {
              + Statement = [
                  + {
                      + Action    = "sts:AssumeRole"
                      + Effect    = "Allow"
                      + Principal = {
                          + Service = "ecs-tasks.amazonaws.com"
                        }
                    },
                ]
              + Version   = "2012-10-17"
            }
        )
      + create_date           = (known after apply)
      + force_detach_policies = false
      + id                    = (known after apply)
      + managed_policy_arns   = (known after apply)
      + max_session_duration  = 3600
      + name                  = "rust-cobol-toolchain-dev-batch-job-role"
      + name_prefix           = (known after apply)
      + path                  = "/"
      + tags_all              = {
          + "Environment" = "dev"
          + "ManagedBy"   = "terraform"
          + "Project"     = "rust-cobol-toolchain"
        }
      + unique_id             = (known after apply)

      + inline_policy (known after apply)
    }

  # aws_iam_role.batch_service will be created
  + resource "aws_iam_role" "batch_service" {
      + arn                   = (known after apply)
      + assume_role_policy    = jsonencode(
            {
              + Statement = [
                  + {
                      + Action    = "sts:AssumeRole"
                      + Effect    = "Allow"
                      + Principal = {
                          + Service = "batch.amazonaws.com"
                        }
                    },
                ]
              + Version   = "2012-10-17"
            }
        )
      + create_date           = (known after apply)
      + force_detach_policies = false
      + id                    = (known after apply)
      + managed_policy_arns   = (known after apply)
      + max_session_duration  = 3600
      + name                  = "rust-cobol-toolchain-dev-batch-service-role"
      + name_prefix           = (known after apply)
      + path                  = "/"
      + tags_all              = {
          + "Environment" = "dev"
          + "ManagedBy"   = "terraform"
          + "Project"     = "rust-cobol-toolchain"
        }
      + unique_id             = (known after apply)

      + inline_policy (known after apply)
    }

  # aws_iam_role.codebuild will be created
  + resource "aws_iam_role" "codebuild" {
      + arn                   = (known after apply)
      + assume_role_policy    = jsonencode(
            {
              + Statement = [
                  + {
                      + Action    = "sts:AssumeRole"
                      + Effect    = "Allow"
                      + Principal = {
                          + Service = "codebuild.amazonaws.com"
                        }
                    },
                ]
              + Version   = "2012-10-17"
            }
        )
      + create_date           = (known after apply)
      + force_detach_policies = false
      + id                    = (known after apply)
      + managed_policy_arns   = (known after apply)
      + max_session_duration  = 3600
      + name                  = "rust-cobol-toolchain-dev-codebuild-role"
      + name_prefix           = (known after apply)
      + path                  = "/"
      + tags_all              = {
          + "Environment" = "dev"
          + "ManagedBy"   = "terraform"
          + "Project"     = "rust-cobol-toolchain"
        }
      + unique_id             = (known after apply)

      + inline_policy (known after apply)
    }

  # aws_iam_role.eventbridge will be created
  + resource "aws_iam_role" "eventbridge" {
      + arn                   = (known after apply)
      + assume_role_policy    = jsonencode(
            {
              + Statement = [
                  + {
                      + Action    = "sts:AssumeRole"
                      + Effect    = "Allow"
                      + Principal = {
                          + Service = "events.amazonaws.com"
                        }
                    },
                ]
              + Version   = "2012-10-17"
            }
        )
      + create_date           = (known after apply)
      + force_detach_policies = false
      + id                    = (known after apply)
      + managed_policy_arns   = (known after apply)
      + max_session_duration  = 3600
      + name                  = "rust-cobol-toolchain-dev-events-role"
      + name_prefix           = (known after apply)
      + path                  = "/"
      + tags_all              = {
          + "Environment" = "dev"
          + "ManagedBy"   = "terraform"
          + "Project"     = "rust-cobol-toolchain"
        }
      + unique_id             = (known after apply)

      + inline_policy (known after apply)
    }

  # aws_iam_role.sfn will be created
  + resource "aws_iam_role" "sfn" {
      + arn                   = (known after apply)
      + assume_role_policy    = jsonencode(
            {
              + Statement = [
                  + {
                      + Action    = "sts:AssumeRole"
                      + Effect    = "Allow"
                      + Principal = {
                          + Service = "states.amazonaws.com"
                        }
                    },
                ]
              + Version   = "2012-10-17"
            }
        )
      + create_date           = (known after apply)
      + force_detach_policies = false
      + id                    = (known after apply)
      + managed_policy_arns   = (known after apply)
      + max_session_duration  = 3600
      + name                  = "rust-cobol-toolchain-dev-sfn-role"
      + name_prefix           = (known after apply)
      + path                  = "/"
      + tags_all              = {
          + "Environment" = "dev"
          + "ManagedBy"   = "terraform"
          + "Project"     = "rust-cobol-toolchain"
        }
      + unique_id             = (known after apply)

      + inline_policy (known after apply)
    }

  # aws_iam_role_policy.batch_execution_extra will be created
  + resource "aws_iam_role_policy" "batch_execution_extra" {
      + id          = (known after apply)
      + name        = "rust-cobol-toolchain-dev-batch-exec-extra"
      + name_prefix = (known after apply)
      + policy      = (known after apply)
      + role        = (known after apply)
    }

  # aws_iam_role_policy.batch_job will be created
  + resource "aws_iam_role_policy" "batch_job" {
      + id          = (known after apply)
      + name        = "rust-cobol-toolchain-dev-batch-job-policy"
      + name_prefix = (known after apply)
      + policy      = (known after apply)
      + role        = (known after apply)
    }

  # aws_iam_role_policy.codebuild will be created
  + resource "aws_iam_role_policy" "codebuild" {
      + id          = (known after apply)
      + name        = "rust-cobol-toolchain-dev-codebuild-policy"
      + name_prefix = (known after apply)
      + policy      = (known after apply)
      + role        = (known after apply)
    }

  # aws_iam_role_policy.eventbridge will be created
  + resource "aws_iam_role_policy" "eventbridge" {
      + id          = (known after apply)
      + name        = "rust-cobol-toolchain-dev-events-policy"
      + name_prefix = (known after apply)
      + policy      = (known after apply)
      + role        = (known after apply)
    }

  # aws_iam_role_policy.sfn will be created
  + resource "aws_iam_role_policy" "sfn" {
      + id          = (known after apply)
      + name        = "rust-cobol-toolchain-dev-sfn-policy"
      + name_prefix = (known after apply)
      + policy      = (known after apply)
      + role        = (known after apply)
    }

  # aws_iam_role_policy_attachment.batch_execution will be created
  + resource "aws_iam_role_policy_attachment" "batch_execution" {
      + id         = (known after apply)
      + policy_arn = "arn:aws:iam::aws:policy/service-role/AmazonECSTaskExecutionRolePolicy"
      + role       = "rust-cobol-toolchain-dev-batch-exec-role"
    }

  # aws_iam_role_policy_attachment.batch_service will be created
  + resource "aws_iam_role_policy_attachment" "batch_service" {
      + id         = (known after apply)
      + policy_arn = "arn:aws:iam::aws:policy/service-role/AWSBatchServiceRole"
      + role       = "rust-cobol-toolchain-dev-batch-service-role"
    }

  # aws_internet_gateway.this will be created
  + resource "aws_internet_gateway" "this" {
      + arn      = (known after apply)
      + id       = (known after apply)
      + owner_id = (known after apply)
      + tags     = {
          + "Name" = "rust-cobol-toolchain-dev-igw"
        }
      + tags_all = {
          + "Environment" = "dev"
          + "ManagedBy"   = "terraform"
          + "Name"        = "rust-cobol-toolchain-dev-igw"
          + "Project"     = "rust-cobol-toolchain"
        }
      + vpc_id   = (known after apply)
    }

  # aws_kms_alias.main will be created
  + resource "aws_kms_alias" "main" {
      + arn            = (known after apply)
      + id             = (known after apply)
      + name           = "alias/rust-cobol-toolchain-dev"
      + name_prefix    = (known after apply)
      + target_key_arn = (known after apply)
      + target_key_id  = (known after apply)
    }

  # aws_kms_key.main will be created
  + resource "aws_kms_key" "main" {
      + arn                                = (known after apply)
      + bypass_policy_lockout_safety_check = false
      + customer_master_key_spec           = "SYMMETRIC_DEFAULT"
      + deletion_window_in_days            = 10
      + description                        = "KMS key for rust-cobol-toolchain-dev (S3 artifacts, logs, etc.)"
      + enable_key_rotation                = true
      + id                                 = (known after apply)
      + is_enabled                         = true
      + key_id                             = (known after apply)
      + key_usage                          = "ENCRYPT_DECRYPT"
      + multi_region                       = (known after apply)
      + policy                             = jsonencode(
            {
              + Statement = [
                  + {
                      + Action    = "kms:*"
                      + Effect    = "Allow"
                      + Principal = {
                          + AWS = "arn:aws:iam::000000000000:root"
                        }
                      + Resource  = "*"
                      + Sid       = "EnableRootPermissions"
                    },
                ]
              + Version   = "2012-10-17"
            }
        )
      + rotation_period_in_days            = (known after apply)
      + tags                               = {
          + "Name" = "rust-cobol-toolchain-dev-kms"
        }
      + tags_all                           = {
          + "Environment" = "dev"
          + "ManagedBy"   = "terraform"
          + "Name"        = "rust-cobol-toolchain-dev-kms"
          + "Project"     = "rust-cobol-toolchain"
        }
    }

  # aws_nat_gateway.this[0] will be created
  + resource "aws_nat_gateway" "this" {
      + allocation_id                      = (known after apply)
      + association_id                     = (known after apply)
      + connectivity_type                  = "public"
      + id                                 = (known after apply)
      + network_interface_id               = (known after apply)
      + private_ip                         = (known after apply)
      + public_ip                          = (known after apply)
      + secondary_private_ip_address_count = (known after apply)
      + secondary_private_ip_addresses     = (known after apply)
      + subnet_id                          = (known after apply)
      + tags                               = {
          + "Name" = "rust-cobol-toolchain-dev-nat"
        }
      + tags_all                           = {
          + "Environment" = "dev"
          + "ManagedBy"   = "terraform"
          + "Name"        = "rust-cobol-toolchain-dev-nat"
          + "Project"     = "rust-cobol-toolchain"
        }
    }

  # aws_route.private_default[0] will be created
  + resource "aws_route" "private_default" {
      + destination_cidr_block = "0.0.0.0/0"
      + id                     = (known after apply)
      + instance_id            = (known after apply)
      + instance_owner_id      = (known after apply)
      + nat_gateway_id         = (known after apply)
      + network_interface_id   = (known after apply)
      + origin                 = (known after apply)
      + route_table_id         = (known after apply)
      + state                  = (known after apply)
    }

  # aws_route.public_internet will be created
  + resource "aws_route" "public_internet" {
      + destination_cidr_block = "0.0.0.0/0"
      + gateway_id             = (known after apply)
      + id                     = (known after apply)
      + instance_id            = (known after apply)
      + instance_owner_id      = (known after apply)
      + network_interface_id   = (known after apply)
      + origin                 = (known after apply)
      + route_table_id         = (known after apply)
      + state                  = (known after apply)
    }

  # aws_route_table.private will be created
  + resource "aws_route_table" "private" {
      + arn              = (known after apply)
      + id               = (known after apply)
      + owner_id         = (known after apply)
      + propagating_vgws = (known after apply)
      + route            = (known after apply)
      + tags             = {
          + "Name" = "rust-cobol-toolchain-dev-private-rt"
        }
      + tags_all         = {
          + "Environment" = "dev"
          + "ManagedBy"   = "terraform"
          + "Name"        = "rust-cobol-toolchain-dev-private-rt"
          + "Project"     = "rust-cobol-toolchain"
        }
      + vpc_id           = (known after apply)
    }

  # aws_route_table.public will be created
  + resource "aws_route_table" "public" {
      + arn              = (known after apply)
      + id               = (known after apply)
      + owner_id         = (known after apply)
      + propagating_vgws = (known after apply)
      + route            = (known after apply)
      + tags             = {
          + "Name" = "rust-cobol-toolchain-dev-public-rt"
        }
      + tags_all         = {
          + "Environment" = "dev"
          + "ManagedBy"   = "terraform"
          + "Name"        = "rust-cobol-toolchain-dev-public-rt"
          + "Project"     = "rust-cobol-toolchain"
        }
      + vpc_id           = (known after apply)
    }

  # aws_route_table_association.private["us-east-1a"] will be created
  + resource "aws_route_table_association" "private" {
      + id             = (known after apply)
      + route_table_id = (known after apply)
      + subnet_id      = (known after apply)
    }

  # aws_route_table_association.private["us-east-1b"] will be created
  + resource "aws_route_table_association" "private" {
      + id             = (known after apply)
      + route_table_id = (known after apply)
      + subnet_id      = (known after apply)
    }

  # aws_route_table_association.public["us-east-1a"] will be created
  + resource "aws_route_table_association" "public" {
      + id             = (known after apply)
      + route_table_id = (known after apply)
      + subnet_id      = (known after apply)
    }

  # aws_route_table_association.public["us-east-1b"] will be created
  + resource "aws_route_table_association" "public" {
      + id             = (known after apply)
      + route_table_id = (known after apply)
      + subnet_id      = (known after apply)
    }

  # aws_s3_bucket.artifacts will be created
  + resource "aws_s3_bucket" "artifacts" {
      + acceleration_status         = (known after apply)
      + acl                         = (known after apply)
      + arn                         = (known after apply)
      + bucket                      = (known after apply)
      + bucket_domain_name          = (known after apply)
      + bucket_prefix               = (known after apply)
      + bucket_regional_domain_name = (known after apply)
      + force_destroy               = false
      + hosted_zone_id              = (known after apply)
      + id                          = (known after apply)
      + object_lock_enabled         = (known after apply)
      + policy                      = (known after apply)
      + region                      = (known after apply)
      + request_payer               = (known after apply)
      + tags                        = {
          + "Name" = "rust-cobol-toolchain-dev-artifacts"
        }
      + tags_all                    = {
          + "Environment" = "dev"
          + "ManagedBy"   = "terraform"
          + "Name"        = "rust-cobol-toolchain-dev-artifacts"
          + "Project"     = "rust-cobol-toolchain"
        }
      + website_domain              = (known after apply)
      + website_endpoint            = (known after apply)

      + cors_rule (known after apply)

      + grant (known after apply)

      + lifecycle_rule (known after apply)

      + logging (known after apply)

      + object_lock_configuration (known after apply)

      + replication_configuration (known after apply)

      + server_side_encryption_configuration (known after apply)

      + versioning (known after apply)

      + website (known after apply)
    }

  # aws_s3_bucket_lifecycle_configuration.artifacts will be created
  + resource "aws_s3_bucket_lifecycle_configuration" "artifacts" {
      + bucket                                 = (known after apply)
      + expected_bucket_owner                  = (known after apply)
      + id                                     = (known after apply)
      + transition_default_minimum_object_size = "all_storage_classes_128K"

      + rule {
          + id     = "expire-noncurrent"
          + status = "Enabled"
            # (1 unchanged attribute hidden)

          + abort_incomplete_multipart_upload {
              + days_after_initiation = 7
            }

          + filter {
                # (1 unchanged attribute hidden)
            }

          + noncurrent_version_expiration {
              + noncurrent_days = 30
            }
        }
    }

  # aws_s3_bucket_ownership_controls.artifacts will be created
  + resource "aws_s3_bucket_ownership_controls" "artifacts" {
      + bucket = (known after apply)
      + id     = (known after apply)

      + rule {
          + object_ownership = "BucketOwnerEnforced"
        }
    }

  # aws_s3_bucket_public_access_block.artifacts will be created
  + resource "aws_s3_bucket_public_access_block" "artifacts" {
      + block_public_acls       = true
      + block_public_policy     = true
      + bucket                  = (known after apply)
      + id                      = (known after apply)
      + ignore_public_acls      = true
      + restrict_public_buckets = true
    }

  # aws_s3_bucket_server_side_encryption_configuration.artifacts will be created
  + resource "aws_s3_bucket_server_side_encryption_configuration" "artifacts" {
      + bucket = (known after apply)
      + id     = (known after apply)

      + rule {
          + apply_server_side_encryption_by_default {
              + kms_master_key_id = (known after apply)
              + sse_algorithm     = "aws:kms"
            }
        }
    }

  # aws_s3_bucket_versioning.artifacts will be created
  + resource "aws_s3_bucket_versioning" "artifacts" {
      + bucket = (known after apply)
      + id     = (known after apply)

      + versioning_configuration {
          + mfa_delete = (known after apply)
          + status     = "Enabled"
        }
    }

  # aws_security_group.batch will be created
  + resource "aws_security_group" "batch" {
      + arn                    = (known after apply)
      + description            = "Security group for AWS Batch (Fargate)"
      + egress                 = [
          + {
              + cidr_blocks      = [
                  + "0.0.0.0/0",
                ]
              + from_port        = 0
              + ipv6_cidr_blocks = []
              + prefix_list_ids  = []
              + protocol         = "-1"
              + security_groups  = []
              + self             = false
              + to_port          = 0
                # (1 unchanged attribute hidden)
            },
        ]
      + id                     = (known after apply)
      + ingress                = (known after apply)
      + name                   = "rust-cobol-toolchain-dev-batch-sg"
      + name_prefix            = (known after apply)
      + owner_id               = (known after apply)
      + revoke_rules_on_delete = false
      + tags                   = {
          + "Name" = "rust-cobol-toolchain-dev-batch-sg"
        }
      + tags_all               = {
          + "Environment" = "dev"
          + "ManagedBy"   = "terraform"
          + "Name"        = "rust-cobol-toolchain-dev-batch-sg"
          + "Project"     = "rust-cobol-toolchain"
        }
      + vpc_id                 = (known after apply)
    }

  # aws_security_group.codebuild will be created
  + resource "aws_security_group" "codebuild" {
      + arn                    = (known after apply)
      + description            = "Security group for CodeBuild in VPC"
      + egress                 = [
          + {
              + cidr_blocks      = [
                  + "0.0.0.0/0",
                ]
              + from_port        = 0
              + ipv6_cidr_blocks = []
              + prefix_list_ids  = []
              + protocol         = "-1"
              + security_groups  = []
              + self             = false
              + to_port          = 0
                # (1 unchanged attribute hidden)
            },
        ]
      + id                     = (known after apply)
      + ingress                = (known after apply)
      + name                   = "rust-cobol-toolchain-dev-codebuild-sg"
      + name_prefix            = (known after apply)
      + owner_id               = (known after apply)
      + revoke_rules_on_delete = false
      + tags                   = {
          + "Name" = "rust-cobol-toolchain-dev-codebuild-sg"
        }
      + tags_all               = {
          + "Environment" = "dev"
          + "ManagedBy"   = "terraform"
          + "Name"        = "rust-cobol-toolchain-dev-codebuild-sg"
          + "Project"     = "rust-cobol-toolchain"
        }
      + vpc_id                 = (known after apply)
    }

  # aws_security_group.endpoints will be created
  + resource "aws_security_group" "endpoints" {
      + arn                    = (known after apply)
      + description            = "Security group for interface VPC endpoints"
      + egress                 = [
          + {
              + cidr_blocks      = [
                  + "0.0.0.0/0",
                ]
              + from_port        = 0
              + ipv6_cidr_blocks = []
              + prefix_list_ids  = []
              + protocol         = "-1"
              + security_groups  = []
              + self             = false
              + to_port          = 0
                # (1 unchanged attribute hidden)
            },
        ]
      + id                     = (known after apply)
      + ingress                = [
          + {
              + cidr_blocks      = [
                  + "10.20.0.0/16",
                ]
              + description      = "HTTPS from VPC"
              + from_port        = 443
              + ipv6_cidr_blocks = []
              + prefix_list_ids  = []
              + protocol         = "tcp"
              + security_groups  = []
              + self             = false
              + to_port          = 443
            },
        ]
      + name                   = "rust-cobol-toolchain-dev-vpce-sg"
      + name_prefix            = (known after apply)
      + owner_id               = (known after apply)
      + revoke_rules_on_delete = false
      + tags                   = {
          + "Name" = "rust-cobol-toolchain-dev-vpce-sg"
        }
      + tags_all               = {
          + "Environment" = "dev"
          + "ManagedBy"   = "terraform"
          + "Name"        = "rust-cobol-toolchain-dev-vpce-sg"
          + "Project"     = "rust-cobol-toolchain"
        }
      + vpc_id                 = (known after apply)
    }

  # aws_sfn_state_machine.this will be created
  + resource "aws_sfn_state_machine" "this" {
      + arn                       = (known after apply)
      + creation_date             = (known after apply)
      + definition                = (known after apply)
      + description               = (known after apply)
      + id                        = (known after apply)
      + name                      = "rust-cobol-toolchain-dev-state-machine"
      + name_prefix               = (known after apply)
      + publish                   = false
      + revision_id               = (known after apply)
      + role_arn                  = (known after apply)
      + state_machine_version_arn = (known after apply)
      + status                    = (known after apply)
      + tags_all                  = {
          + "Environment" = "dev"
          + "ManagedBy"   = "terraform"
          + "Project"     = "rust-cobol-toolchain"
        }
      + type                      = "STANDARD"
      + version_description       = (known after apply)

      + encryption_configuration (known after apply)

      + logging_configuration (known after apply)

      + tracing_configuration (known after apply)
    }

  # aws_sns_topic.notifications will be created
  + resource "aws_sns_topic" "notifications" {
      + arn                         = (known after apply)
      + beginning_archive_time      = (known after apply)
      + content_based_deduplication = false
      + fifo_throughput_scope       = (known after apply)
      + fifo_topic                  = false
      + id                          = (known after apply)
      + kms_master_key_id           = (known after apply)
      + name                        = "rust-cobol-toolchain-dev-notifications"
      + name_prefix                 = (known after apply)
      + owner                       = (known after apply)
      + policy                      = (known after apply)
      + signature_version           = (known after apply)
      + tags_all                    = {
          + "Environment" = "dev"
          + "ManagedBy"   = "terraform"
          + "Project"     = "rust-cobol-toolchain"
        }
      + tracing_config              = (known after apply)
    }

  # aws_subnet.private["us-east-1a"] will be created
  + resource "aws_subnet" "private" {
      + arn                                            = (known after apply)
      + assign_ipv6_address_on_creation                = false
      + availability_zone                              = "us-east-1a"
      + availability_zone_id                           = (known after apply)
      + cidr_block                                     = "10.20.0.0/20"
      + enable_dns64                                   = false
      + enable_resource_name_dns_a_record_on_launch    = false
      + enable_resource_name_dns_aaaa_record_on_launch = false
      + id                                             = (known after apply)
      + ipv6_cidr_block_association_id                 = (known after apply)
      + ipv6_native                                    = false
      + map_public_ip_on_launch                        = false
      + owner_id                                       = (known after apply)
      + private_dns_hostname_type_on_launch            = (known after apply)
      + tags                                           = {
          + "Name" = "rust-cobol-toolchain-dev-private-us-east-1a"
          + "Tier" = "private"
        }
      + tags_all                                       = {
          + "Environment" = "dev"
          + "ManagedBy"   = "terraform"
          + "Name"        = "rust-cobol-toolchain-dev-private-us-east-1a"
          + "Project"     = "rust-cobol-toolchain"
          + "Tier"        = "private"
        }
      + vpc_id                                         = (known after apply)
    }

  # aws_subnet.private["us-east-1b"] will be created
  + resource "aws_subnet" "private" {
      + arn                                            = (known after apply)
      + assign_ipv6_address_on_creation                = false
      + availability_zone                              = "us-east-1b"
      + availability_zone_id                           = (known after apply)
      + cidr_block                                     = "10.20.16.0/20"
      + enable_dns64                                   = false
      + enable_resource_name_dns_a_record_on_launch    = false
      + enable_resource_name_dns_aaaa_record_on_launch = false
      + id                                             = (known after apply)
      + ipv6_cidr_block_association_id                 = (known after apply)
      + ipv6_native                                    = false
      + map_public_ip_on_launch                        = false
      + owner_id                                       = (known after apply)
      + private_dns_hostname_type_on_launch            = (known after apply)
      + tags                                           = {
          + "Name" = "rust-cobol-toolchain-dev-private-us-east-1b"
          + "Tier" = "private"
        }
      + tags_all                                       = {
          + "Environment" = "dev"
          + "ManagedBy"   = "terraform"
          + "Name"        = "rust-cobol-toolchain-dev-private-us-east-1b"
          + "Project"     = "rust-cobol-toolchain"
          + "Tier"        = "private"
        }
      + vpc_id                                         = (known after apply)
    }

  # aws_subnet.public["us-east-1a"] will be created
  + resource "aws_subnet" "public" {
      + arn                                            = (known after apply)
      + assign_ipv6_address_on_creation                = false
      + availability_zone                              = "us-east-1a"
      + availability_zone_id                           = (known after apply)
      + cidr_block                                     = "10.20.128.0/20"
      + enable_dns64                                   = false
      + enable_resource_name_dns_a_record_on_launch    = false
      + enable_resource_name_dns_aaaa_record_on_launch = false
      + id                                             = (known after apply)
      + ipv6_cidr_block_association_id                 = (known after apply)
      + ipv6_native                                    = false
      + map_public_ip_on_launch                        = true
      + owner_id                                       = (known after apply)
      + private_dns_hostname_type_on_launch            = (known after apply)
      + tags                                           = {
          + "Name" = "rust-cobol-toolchain-dev-public-us-east-1a"
          + "Tier" = "public"
        }
      + tags_all                                       = {
          + "Environment" = "dev"
          + "ManagedBy"   = "terraform"
          + "Name"        = "rust-cobol-toolchain-dev-public-us-east-1a"
          + "Project"     = "rust-cobol-toolchain"
          + "Tier"        = "public"
        }
      + vpc_id                                         = (known after apply)
    }

  # aws_subnet.public["us-east-1b"] will be created
  + resource "aws_subnet" "public" {
      + arn                                            = (known after apply)
      + assign_ipv6_address_on_creation                = false
      + availability_zone                              = "us-east-1b"
      + availability_zone_id                           = (known after apply)
      + cidr_block                                     = "10.20.144.0/20"
      + enable_dns64                                   = false
      + enable_resource_name_dns_a_record_on_launch    = false
      + enable_resource_name_dns_aaaa_record_on_launch = false
      + id                                             = (known after apply)
      + ipv6_cidr_block_association_id                 = (known after apply)
      + ipv6_native                                    = false
      + map_public_ip_on_launch                        = true
      + owner_id                                       = (known after apply)
      + private_dns_hostname_type_on_launch            = (known after apply)
      + tags                                           = {
          + "Name" = "rust-cobol-toolchain-dev-public-us-east-1b"
          + "Tier" = "public"
        }
      + tags_all                                       = {
          + "Environment" = "dev"
          + "ManagedBy"   = "terraform"
          + "Name"        = "rust-cobol-toolchain-dev-public-us-east-1b"
          + "Project"     = "rust-cobol-toolchain"
          + "Tier"        = "public"
        }
      + vpc_id                                         = (known after apply)
    }

  # aws_vpc.this will be created
  + resource "aws_vpc" "this" {
      + arn                                  = (known after apply)
      + cidr_block                           = "10.20.0.0/16"
      + default_network_acl_id               = (known after apply)
      + default_route_table_id               = (known after apply)
      + default_security_group_id            = (known after apply)
      + dhcp_options_id                      = (known after apply)
      + enable_dns_hostnames                 = true
      + enable_dns_support                   = true
      + enable_network_address_usage_metrics = (known after apply)
      + id                                   = (known after apply)
      + instance_tenancy                     = "default"
      + ipv6_association_id                  = (known after apply)
      + ipv6_cidr_block                      = (known after apply)
      + ipv6_cidr_block_network_border_group = (known after apply)
      + main_route_table_id                  = (known after apply)
      + owner_id                             = (known after apply)
      + tags                                 = {
          + "Name" = "rust-cobol-toolchain-dev-vpc"
        }
      + tags_all                             = {
          + "Environment" = "dev"
          + "ManagedBy"   = "terraform"
          + "Name"        = "rust-cobol-toolchain-dev-vpc"
          + "Project"     = "rust-cobol-toolchain"
        }
    }

  # aws_vpc_endpoint.ecr_api will be created
  + resource "aws_vpc_endpoint" "ecr_api" {
      + arn                   = (known after apply)
      + cidr_blocks           = (known after apply)
      + dns_entry             = (known after apply)
      + id                    = (known after apply)
      + ip_address_type       = (known after apply)
      + network_interface_ids = (known after apply)
      + owner_id              = (known after apply)
      + policy                = (known after apply)
      + prefix_list_id        = (known after apply)
      + private_dns_enabled   = true
      + requester_managed     = (known after apply)
      + route_table_ids       = (known after apply)
      + security_group_ids    = (known after apply)
      + service_name          = "com.amazonaws.us-east-1.ecr.api"
      + service_region        = (known after apply)
      + state                 = (known after apply)
      + subnet_ids            = (known after apply)
      + tags                  = {
          + "Name" = "rust-cobol-toolchain-dev-vpce-ecr-api"
        }
      + tags_all              = {
          + "Environment" = "dev"
          + "ManagedBy"   = "terraform"
          + "Name"        = "rust-cobol-toolchain-dev-vpce-ecr-api"
          + "Project"     = "rust-cobol-toolchain"
        }
      + vpc_endpoint_type     = "Interface"
      + vpc_id                = (known after apply)

      + dns_options (known after apply)

      + subnet_configuration (known after apply)
    }

  # aws_vpc_endpoint.ecr_dkr will be created
  + resource "aws_vpc_endpoint" "ecr_dkr" {
      + arn                   = (known after apply)
      + cidr_blocks           = (known after apply)
      + dns_entry             = (known after apply)
      + id                    = (known after apply)
      + ip_address_type       = (known after apply)
      + network_interface_ids = (known after apply)
      + owner_id              = (known after apply)
      + policy                = (known after apply)
      + prefix_list_id        = (known after apply)
      + private_dns_enabled   = true
      + requester_managed     = (known after apply)
      + route_table_ids       = (known after apply)
      + security_group_ids    = (known after apply)
      + service_name          = "com.amazonaws.us-east-1.ecr.dkr"
      + service_region        = (known after apply)
      + state                 = (known after apply)
      + subnet_ids            = (known after apply)
      + tags                  = {
          + "Name" = "rust-cobol-toolchain-dev-vpce-ecr-dkr"
        }
      + tags_all              = {
          + "Environment" = "dev"
          + "ManagedBy"   = "terraform"
          + "Name"        = "rust-cobol-toolchain-dev-vpce-ecr-dkr"
          + "Project"     = "rust-cobol-toolchain"
        }
      + vpc_endpoint_type     = "Interface"
      + vpc_id                = (known after apply)

      + dns_options (known after apply)

      + subnet_configuration (known after apply)
    }

  # aws_vpc_endpoint.logs will be created
  + resource "aws_vpc_endpoint" "logs" {
      + arn                   = (known after apply)
      + cidr_blocks           = (known after apply)
      + dns_entry             = (known after apply)
      + id                    = (known after apply)
      + ip_address_type       = (known after apply)
      + network_interface_ids = (known after apply)
      + owner_id              = (known after apply)
      + policy                = (known after apply)
      + prefix_list_id        = (known after apply)
      + private_dns_enabled   = true
      + requester_managed     = (known after apply)
      + route_table_ids       = (known after apply)
      + security_group_ids    = (known after apply)
      + service_name          = "com.amazonaws.us-east-1.logs"
      + service_region        = (known after apply)
      + state                 = (known after apply)
      + subnet_ids            = (known after apply)
      + tags                  = {
          + "Name" = "rust-cobol-toolchain-dev-vpce-logs"
        }
      + tags_all              = {
          + "Environment" = "dev"
          + "ManagedBy"   = "terraform"
          + "Name"        = "rust-cobol-toolchain-dev-vpce-logs"
          + "Project"     = "rust-cobol-toolchain"
        }
      + vpc_endpoint_type     = "Interface"
      + vpc_id                = (known after apply)

      + dns_options (known after apply)

      + subnet_configuration (known after apply)
    }

  # aws_vpc_endpoint.s3 will be created
  + resource "aws_vpc_endpoint" "s3" {
      + arn                   = (known after apply)
      + cidr_blocks           = (known after apply)
      + dns_entry             = (known after apply)
      + id                    = (known after apply)
      + ip_address_type       = (known after apply)
      + network_interface_ids = (known after apply)
      + owner_id              = (known after apply)
      + policy                = (known after apply)
      + prefix_list_id        = (known after apply)
      + private_dns_enabled   = (known after apply)
      + requester_managed     = (known after apply)
      + route_table_ids       = (known after apply)
      + security_group_ids    = (known after apply)
      + service_name          = "com.amazonaws.us-east-1.s3"
      + service_region        = (known after apply)
      + state                 = (known after apply)
      + subnet_ids            = (known after apply)
      + tags                  = {
          + "Name" = "rust-cobol-toolchain-dev-vpce-s3"
        }
      + tags_all              = {
          + "Environment" = "dev"
          + "ManagedBy"   = "terraform"
          + "Name"        = "rust-cobol-toolchain-dev-vpce-s3"
          + "Project"     = "rust-cobol-toolchain"
        }
      + vpc_endpoint_type     = "Gateway"
      + vpc_id                = (known after apply)

      + dns_options (known after apply)

      + subnet_configuration (known after apply)
    }

Plan: 57 to add, 0 to change, 0 to destroy.

Changes to Outputs:
  + artifact_bucket_name      = (known after apply)
  + batch_job_definition_arn  = (known after apply)
  + batch_job_queue_arn       = (known after apply)
  + codecommit_clone_url_http = (known after apply)
  + ecr_repository_url        = (known after apply)
  + sns_topic_arn             = (known after apply)
  + state_machine_arn         = (known after apply)
