{"format_version":"1.2","terraform_version":"1.13.5","variables":{"kind_cluster_config_path":{"value":"~/.kube/config"},"kind_cluster_name":{"value":"demo-local"}},"planned_values":{"root_module":{"resources":[{"address":"helm_release.grafana","mode":"managed","type":"helm_release","name":"grafana","provider_name":"registry.terraform.io/hashicorp/helm","schema_version":1,"values":{"atomic":false,"chart":"grafana","cleanup_on_fail":false,"create_namespace":true,"dependency_update":false,"description":null,"devel":null,"disable_crd_hooks":false,"disable_openapi_validation":false,"disable_webhooks":false,"force_update":false,"keyring":null,"lint":false,"max_history":0,"name":"grafana","namespace":"monitoring","pass_credentials":false,"postrender":[],"recreate_pods":false,"render_subchart_notes":true,"replace":false,"repository":"https://grafana.github.io/helm-charts","repository_ca_file":null,"repository_cert_file":null,"repository_key_file":null,"repository_password":null,"repository_username":null,"reset_values":false,"reuse_values":false,"set":[],"set_list":[],"set_sensitive":[],"skip_crds":false,"status":"deployed","timeout":300,"values":["# to check defaults\n# helm repo add grafana https://grafana.github.io/helm-charts\n# helm repo update\n# helm show values grafana/grafana --version 7.3.7\nadminUser: admin\nadminPassword: devops123\n\ngrafana.ini:\n  server:\n    root_url: http://localhost:30080/grafana # this host can be localhost\n\ndatasources:\n  datasources.yaml:\n    apiVersion: 1\n\n    datasources:\n      - name: victoria-metrics\n        type: prometheus\n        access: proxy\n        orgId: 1\n        url: http://vm-victoria-metrics-single-victoria-server:8428\n        basicAuth: false\n        isDefault: true\n        version: 1\n        editable: true\n        apiVersion: 1\n        uid: victoria-metrics\n      - name: Tempo\n        type: tempo\n        access: proxy\n        orgId: 1\n        url: http://tempo-query-frontend:3100\n        basicAuth: false\n        isDefault: false\n        version: 1\n        editable: true\n        apiVersion: 1\n        uid: tempo\n        jsonData:\n          serviceMap:\n            datasourceUid: victoria-metrics\nservice:\n  appProtocol: http\n"],"verify":false,"version":"7.3.7","wait":true,"wait_for_jobs":false},"sensitive_values":{"metadata":[],"postrender":[],"repository_password":true,"set":[],"set_list":[],"set_sensitive":[],"values":[false]}},{"address":"helm_release.grafana-tempo-distributed","mode":"managed","type":"helm_release","name":"grafana-tempo-distributed","provider_name":"registry.terraform.io/hashicorp/helm","schema_version":1,"values":{"atomic":false,"chart":"tempo-distributed","cleanup_on_fail":false,"create_namespace":true,"dependency_update":false,"description":null,"devel":null,"disable_crd_hooks":false,"disable_openapi_validation":false,"disable_webhooks":false,"force_update":false,"keyring":null,"lint":false,"max_history":0,"name":"tempo","namespace":"monitoring","pass_credentials":false,"postrender":[{"args":null,"binary_path":"./scripts/tempo-add-app-protocols.py"}],"recreate_pods":false,"render_subchart_notes":true,"replace":false,"repository":"https://grafana.github.io/helm-charts","repository_ca_file":null,"repository_cert_file":null,"repository_key_file":null,"repository_password":null,"repository_username":null,"reset_values":false,"reuse_values":false,"set":[],"set_list":[],"set_sensitive":[],"skip_crds":false,"status":"deployed","timeout":300,"values":["# to check defaults\n# helm repo add grafana https://grafana.github.io/helm-charts\n# helm repo update\n# helm show values grafana/tempo-distributed --version 1.9.1\ntempo:\n  fullname: tempo\n  memberlist:\n    appProtocol: tcp\ntraces:\n  otlp:\n    grpc:\n      enabled: false\n    http:\n      enabled: true\n  zipkin:\n    enabled: true\n  jaeger:\n    thriftHttp:\n      enabled: false\n  opencensus:\n    enabled: false\nmetricsGenerator:\n  appProtocol:\n    grpc: tcp\n  enabled: true\n  config:\n    storage:\n      remote_write_flush_deadline: 1m\n      remote_write:\n        - url: http://vm-victoria-metrics-single-victoria-server:8428/api/v1/write\n          send_exemplars: true\n# distributor:\n# if you want debug logs for distributor\n#   config:\n#     log_received_spans:\n#       enabled: true\n#       include_all_attributes: true\ningester:\n  replicas: 1\n  config:\n    replication_factor: 1\nglobal_overrides:\n  metrics_generator_processors:\n    - service-graphs\n    - span-metrics\nmemberlist:\n  rejoin_interval: 60s\n  dead_node_reclaim_time: 60s\n"],"verify":false,"version":"1.9.1","wait":true,"wait_for_jobs":false},"sensitive_values":{"metadata":[],"postrender":[{}],"repository_password":true,"set":[],"set_list":[],"set_sensitive":[],"values":[false]}},{"address":"helm_release.istio-base","mode":"managed","type":"helm_release","name":"istio-base","provider_name":"registry.terraform.io/hashicorp/helm","schema_version":1,"values":{"atomic":false,"chart":"base","cleanup_on_fail":false,"create_namespace":true,"dependency_update":false,"description":null,"devel":null,"disable_crd_hooks":false,"disable_openapi_validation":false,"disable_webhooks":false,"force_update":false,"keyring":null,"lint":false,"max_history":0,"name":"istio-base","namespace":"istio-system","pass_credentials":false,"postrender":[],"recreate_pods":false,"render_subchart_notes":true,"replace":false,"repository":"https://istio-release.storage.googleapis.com/charts","repository_ca_file":null,"repository_cert_file":null,"repository_key_file":null,"repository_password":null,"repository_username":null,"reset_values":false,"reuse_values":false,"set":[],"set_list":[],"set_sensitive":[],"skip_crds":false,"status":"deployed","timeout":300,"values":["# to check defaults\n# helm repo add istio https://istio-release.storage.googleapis.com/charts\n# helm repo update\n# helm show values istio/base --version 1.21.1\n"],"verify":false,"version":"1.21.1","wait":true,"wait_for_jobs":false},"sensitive_values":{"metadata":[],"postrender":[],"repository_password":true,"set":[],"set_list":[],"set_sensitive":[],"values":[false]}},{"address":"helm_release.istio-ingressgateway","mode":"managed","type":"helm_release","name":"istio-ingressgateway","provider_name":"registry.terraform.io/hashicorp/helm","schema_version":1,"values":{"atomic":false,"chart":"gateway","cleanup_on_fail":false,"create_namespace":true,"dependency_update":false,"description":null,"devel":null,"disable_crd_hooks":false,"disable_openapi_validation":false,"disable_webhooks":false,"force_update":false,"keyring":null,"lint":false,"max_history":0,"name":"istio-ingressgateway","namespace":"istio-ingress","pass_credentials":false,"postrender":[],"recreate_pods":false,"render_subchart_notes":true,"replace":false,"repository":"https://istio-release.storage.googleapis.com/charts","repository_ca_file":null,"repository_cert_file":null,"repository_key_file":null,"repository_password":null,"repository_username":null,"reset_values":false,"reuse_values":false,"set":[{"name":"controller.publishService.enabled","type":"","value":"true"}],"set_list":[],"set_sensitive":[],"skip_crds":false,"status":"deployed","timeout":300,"values":["# to check defaults\n# helm repo add istio https://istio-release.storage.googleapis.com/charts\n# helm repo update\n# helm show values istio/gateway --version 1.21.1\nservice:\n  type: NodePort\n  ports:\n    - name: status-port\n      port: 15021\n      nodePort: 30021\n      protocol: TCP\n      targetPort: 15021\n    - name: http2\n      port: 80\n      nodePort: 30080\n      protocol: TCP\n      targetPort: 80\n    - name: https\n      port: 443\n      nodePort: 30443\n      protocol: TCP\n      targetPort: 443\ntolerations:\n  - effect: \"NoSchedule\"\n    key: \"node-role.kubernetes.io/master\"\n    operator: \"Equal\"\n  - effect: \"NoSchedule\"\n    key: \"node-role.kubernetes.io/control-plane\"\n    operator: \"Equal\"\n# nodeSelector:\n#   ingress-ready: \"true\"\n"],"verify":false,"version":"1.21.1","wait":true,"wait_for_jobs":false},"sensitive_values":{"metadata":[],"postrender":[],"repository_password":true,"set":[{}],"set_list":[],"set_sensitive":[],"values":[false]}},{"address":"helm_release.istio-istiod","mode":"managed","type":"helm_release","name":"istio-istiod","provider_name":"registry.terraform.io/hashicorp/helm","schema_version":1,"values":{"atomic":false,"chart":"istiod","cleanup_on_fail":false,"create_namespace":true,"dependency_update":false,"description":null,"devel":null,"disable_crd_hooks":false,"disable_openapi_validation":false,"disable_webhooks":false,"force_update":false,"keyring":null,"lint":false,"max_history":0,"name":"istio-istiod","namespace":"istio-system","pass_credentials":false,"postrender":[],"recreate_pods":false,"render_subchart_notes":true,"replace":false,"repository":"https://istio-release.storage.googleapis.com/charts","repository_ca_file":null,"repository_cert_file":null,"repository_key_file":null,"repository_password":null,"repository_username":null,"reset_values":false,"reuse_values":false,"set":[],"set_list":[],"set_sensitive":[],"skip_crds":false,"status":"deployed","timeout":300,"values":["# to check defaults\n# helm repo add istio https://istio-release.storage.googleapis.com/charts\n# helm repo update\n# helm show values istio/istiod --version 1.21.1\ndefaults:\n  meshConfig:\n    extensionProviders:\n    - name: zipkin\n      zipkin:\n        service: tempo-distributor.monitoring.svc.cluster.local\n        port: 9411\n\n"],"verify":false,"version":"1.21.1","wait":true,"wait_for_jobs":false},"sensitive_values":{"metadata":[],"postrender":[],"repository_password":true,"set":[],"set_list":[],"set_sensitive":[],"values":[false]}},{"address":"helm_release.metrics_server","mode":"managed","type":"helm_release","name":"metrics_server","provider_name":"registry.terraform.io/hashicorp/helm","schema_version":1,"values":{"atomic":false,"chart":"metrics-server","cleanup_on_fail":false,"create_namespace":false,"dependency_update":false,"description":null,"devel":null,"disable_crd_hooks":false,"disable_openapi_validation":false,"disable_webhooks":false,"force_update":false,"keyring":null,"lint":false,"max_history":0,"name":"metrics-server","namespace":"monitoring","pass_credentials":false,"postrender":[],"recreate_pods":false,"render_subchart_notes":true,"replace":false,"repository":"https://kubernetes-sigs.github.io/metrics-server/","repository_ca_file":null,"repository_cert_file":null,"repository_key_file":null,"repository_password":null,"repository_username":null,"reset_values":false,"reuse_values":false,"set":[],"set_list":[],"set_sensitive":[],"skip_crds":false,"status":"deployed","timeout":300,"values":["# to check defaults\n# helm repo add metrics-server https://kubernetes-sigs.github.io/metrics-server/\n# helm repo update\n# helm show values metrics-server/metrics-server --version 3.12.1\nserviceMonitor:\n  enabled: true\nmetrics:\n  enabled: true\nargs:\n  - --cert-dir=/tmp\n  - --kubelet-preferred-address-types=InternalIP,ExternalIP,Hostname\n  - --kubelet-use-node-status-port\n  - --metric-resolution=15s\n  - --kubelet-insecure-tls\n"],"verify":false,"version":"3.12.1","wait":true,"wait_for_jobs":false},"sensitive_values":{"metadata":[],"postrender":[],"repository_password":true,"set":[],"set_list":[],"set_sensitive":[],"values":[false]}},{"address":"helm_release.prometheus_operator_crds","mode":"managed","type":"helm_release","name":"prometheus_operator_crds","provider_name":"registry.terraform.io/hashicorp/helm","schema_version":1,"values":{"atomic":false,"chart":"prometheus-operator-crds","cleanup_on_fail":false,"create_namespace":true,"dependency_update":false,"description":null,"devel":null,"disable_crd_hooks":false,"disable_openapi_validation":false,"disable_webhooks":false,"force_update":false,"keyring":null,"lint":false,"max_history":0,"name":"prometheus-operator-crds","namespace":"monitoring","pass_credentials":false,"postrender":[],"recreate_pods":false,"render_subchart_notes":true,"replace":false,"repository":"https://prometheus-community.github.io/helm-charts","repository_ca_file":null,"repository_cert_file":null,"repository_key_file":null,"repository_password":null,"repository_username":null,"reset_values":false,"reuse_values":false,"set":[],"set_list":[],"set_sensitive":[],"skip_crds":false,"status":"deployed","timeout":300,"values":null,"verify":false,"version":"11.0.0","wait":true,"wait_for_jobs":false},"sensitive_values":{"metadata":[],"postrender":[],"repository_password":true,"set":[],"set_list":[],"set_sensitive":[]}},{"address":"helm_release.victoria-metrics-single","mode":"managed","type":"helm_release","name":"victoria-metrics-single","provider_name":"registry.terraform.io/hashicorp/helm","schema_version":1,"values":{"atomic":false,"chart":"victoria-metrics-single","cleanup_on_fail":false,"create_namespace":true,"dependency_update":false,"description":null,"devel":null,"disable_crd_hooks":false,"disable_openapi_validation":false,"disable_webhooks":false,"force_update":false,"keyring":null,"lint":false,"max_history":0,"name":"vm","namespace":"monitoring","pass_credentials":false,"postrender":[],"recreate_pods":false,"render_subchart_notes":true,"replace":false,"repository":"https://victoriametrics.github.io/helm-charts/","repository_ca_file":null,"repository_cert_file":null,"repository_key_file":null,"repository_password":null,"repository_username":null,"reset_values":false,"reuse_values":false,"set":[],"set_list":[],"set_sensitive":[],"skip_crds":false,"status":"deployed","timeout":300,"values":["# to check defaults\n# helm repo add vm https://victoriametrics.github.io/helm-charts/\n# helm repo update\n# helm show values vm/victoria-metrics-single --version 0.9.17\nserver:\n  name: \"victoria-server\"\n  scrape:\n    enabled: true\n"],"verify":false,"version":"0.9.17","wait":true,"wait_for_jobs":false},"sensitive_values":{"metadata":[],"postrender":[],"repository_password":true,"set":[],"set_list":[],"set_sensitive":[],"values":[false]}},{"address":"kind_cluster.new","mode":"managed","type":"kind_cluster","name":"new","provider_name":"registry.terraform.io/tehcyx/kind","schema_version":0,"values":{"kind_config":[{"api_version":"kind.x-k8s.io/v1alpha4","containerd_config_patches":null,"feature_gates":null,"kind":"Cluster","networking":[],"node":[{"extra_mounts":[{"container_path":"/patches","host_path":"./kind-patches","propagation":null,"read_only":null,"selinux_relabel":null}],"extra_port_mappings":[{"container_port":80,"host_port":80,"listen_address":null,"protocol":null},{"container_port":443,"host_port":443,"listen_address":null,"protocol":null},{"container_port":30443,"host_port":30443,"listen_address":null,"protocol":null},{"container_port":30080,"host_port":30080,"listen_address":null,"protocol":null},{"container_port":30021,"host_port":30021,"listen_address":null,"protocol":null}],"image":null,"kubeadm_config_patches":["kind: ClusterConfiguration\netcd:\n  local:\n    # Run etcd in a tmpfs (in RAM) for performance improvements\n    dataDir: /tmp/kind-cluster-etcd\napiServer:\n  extraArgs:\n    profiling: \"true\"\n# We run single node, drop leader election to reduce overhead\ncontrollerManager:\n  extraArgs:\n    leader-elect: \"false\"\nscheduler:\n  extraArgs:\n    leader-elect: \"false\"\n---\nkind: InitConfiguration\nnodeRegistration:\n  kubeletExtraArgs:\n    node-labels: \"ingress-ready=true\"\npatches:\n  directory: /patches\n"],"labels":null,"role":"control-plane"},{"extra_mounts":[],"extra_port_mappings":[],"image":null,"kubeadm_config_patches":null,"labels":null,"role":"worker"}],"runtime_config":null}],"kubeconfig_path":"/.kube/config","name":"demo-local","timeouts":null,"wait_for_ready":true},"sensitive_values":{"kind_config":[{"networking":[],"node":[{"extra_mounts":[{}],"extra_port_mappings":[{},{},{},{},{}],"kubeadm_config_patches":[false]},{"extra_mounts":[],"extra_port_mappings":[]}]}]}},{"address":"null_resource.apply_k8s_manifests","mode":"managed","type":"null_resource","name":"apply_k8s_manifests","provider_name":"registry.terraform.io/hashicorp/null","schema_version":0,"values":{"triggers":{}},"sensitive_values":{"triggers":{}}},{"address":"null_resource.build_app_image","mode":"managed","type":"null_resource","name":"build_app_image","provider_name":"registry.terraform.io/hashicorp/null","schema_version":0,"values":{"triggers":{"file_dockerfile":"98fc6e696965f2a23367db6229254a7d89cb2fdc03643de6ea6fbec842546488","file_go_mod":"6f838243bdee389e078573b8861db37b3b6b3d70af8287ce1e016d0f892c6e26","file_go_sum":"0b7f87e3af411229f983d1c8595093626d87f54b22736efaaa7a6c30ed63caf5","go_files_checksum":"fee2808a010022010b7233dcdc6fdc3826fe7d1061475d43d2c00b3571726416"}},"sensitive_values":{"triggers":{}}},{"address":"null_resource.deploy_my_go_app","mode":"managed","type":"null_resource","name":"deploy_my_go_app","provider_name":"registry.terraform.io/hashicorp/null","schema_version":0,"values":{"triggers":{"deployment":"9af449712c3e6d64f759fe844d371202d4fc037c774ec03ad70041a527ca59bb"}},"sensitive_values":{"triggers":{}}},{"address":"null_resource.namespace_app","mode":"managed","type":"null_resource","name":"namespace_app","provider_name":"registry.terraform.io/hashicorp/null","schema_version":0,"values":{"triggers":{}},"sensitive_values":{"triggers":{}}},{"address":"null_resource.namespace_istio-ingress","mode":"managed","type":"null_resource","name":"namespace_istio-ingress","provider_name":"registry.terraform.io/hashicorp/null","schema_version":0,"values":{"triggers":{}},"sensitive_values":{"triggers":{}}},{"address":"null_resource.namespace_istio-system","mode":"managed","type":"null_resource","name":"namespace_istio-system","provider_name":"registry.terraform.io/hashicorp/null","schema_version":0,"values":{"triggers":{}},"sensitive_values":{"triggers":{}}},{"address":"null_resource.namespace_monitoring","mode":"managed","type":"null_resource","name":"namespace_monitoring","provider_name":"registry.terraform.io/hashicorp/null","schema_version":0,"values":{"triggers":{}},"sensitive_values":{"triggers":{}}}]}},"resource_changes":[{"address":"helm_release.grafana","mode":"managed","type":"helm_release","name":"grafana","provider_name":"registry.terraform.io/hashicorp/helm","change":{"actions":["create"],"before":null,"after":{"atomic":false,"chart":"grafana","cleanup_on_fail":false,"create_namespace":true,"dependency_update":false,"description":null,"devel":null,"disable_crd_hooks":false,"disable_openapi_validation":false,"disable_webhooks":false,"force_update":false,"keyring":null,"lint":false,"max_history":0,"name":"grafana","namespace":"monitoring","pass_credentials":false,"postrender":[],"recreate_pods":false,"render_subchart_notes":true,"replace":false,"repository":"https://grafana.github.io/helm-charts","repository_ca_file":null,"repository_cert_file":null,"repository_key_file":null,"repository_password":null,"repository_username":null,"reset_values":false,"reuse_values":false,"set":[],"set_list":[],"set_sensitive":[],"skip_crds":false,"status":"deployed","timeout":300,"values":["# to check defaults\n# helm repo add grafana https://grafana.github.io/helm-charts\n# helm repo update\n# helm show values grafana/grafana --version 7.3.7\nadminUser: admin\nadminPassword: devops123\n\ngrafana.ini:\n  server:\n    root_url: http://localhost:30080/grafana # this host can be localhost\n\ndatasources:\n  datasources.yaml:\n    apiVersion: 1\n\n    datasources:\n      - name: victoria-metrics\n        type: prometheus\n        access: proxy\n        orgId: 1\n        url: http://vm-victoria-metrics-single-victoria-server:8428\n        basicAuth: false\n        isDefault: true\n        version: 1\n        editable: true\n        apiVersion: 1\n        uid: victoria-metrics\n      - name: Tempo\n        type: tempo\n        access: proxy\n        orgId: 1\n        url: http://tempo-query-frontend:3100\n        basicAuth: false\n        isDefault: false\n        version: 1\n        editable: true\n        apiVersion: 1\n        uid: tempo\n        jsonData:\n          serviceMap:\n            datasourceUid: victoria-metrics\nservice:\n  appProtocol: http\n"],"verify":false,"version":"7.3.7","wait":true,"wait_for_jobs":false},"after_unknown":{"id":true,"manifest":true,"metadata":true,"postrender":[],"set":[],"set_list":[],"set_sensitive":[],"values":[false]},"before_sensitive":false,"after_sensitive":{"metadata":[],"postrender":[],"repository_password":true,"set":[],"set_list":[],"set_sensitive":[],"values":[false]}}},{"address":"helm_release.grafana-tempo-distributed","mode":"managed","type":"helm_release","name":"grafana-tempo-distributed","provider_name":"registry.terraform.io/hashicorp/helm","change":{"actions":["create"],"before":null,"after":{"atomic":false,"chart":"tempo-distributed","cleanup_on_fail":false,"create_namespace":true,"dependency_update":false,"description":null,"devel":null,"disable_crd_hooks":false,"disable_openapi_validation":false,"disable_webhooks":false,"force_update":false,"keyring":null,"lint":false,"max_history":0,"name":"tempo","namespace":"monitoring","pass_credentials":false,"postrender":[{"args":null,"binary_path":"./scripts/tempo-add-app-protocols.py"}],"recreate_pods":false,"render_subchart_notes":true,"replace":false,"repository":"https://grafana.github.io/helm-charts","repository_ca_file":null,"repository_cert_file":null,"repository_key_file":null,"repository_password":null,"repository_username":null,"reset_values":false,"reuse_values":false,"set":[],"set_list":[],"set_sensitive":[],"skip_crds":false,"status":"deployed","timeout":300,"values":["# to check defaults\n# helm repo add grafana https://grafana.github.io/helm-charts\n# helm repo update\n# helm show values grafana/tempo-distributed --version 1.9.1\ntempo:\n  fullname: tempo\n  memberlist:\n    appProtocol: tcp\ntraces:\n  otlp:\n    grpc:\n      enabled: false\n    http:\n      enabled: true\n  zipkin:\n    enabled: true\n  jaeger:\n    thriftHttp:\n      enabled: false\n  opencensus:\n    enabled: false\nmetricsGenerator:\n  appProtocol:\n    grpc: tcp\n  enabled: true\n  config:\n    storage:\n      remote_write_flush_deadline: 1m\n      remote_write:\n        - url: http://vm-victoria-metrics-single-victoria-server:8428/api/v1/write\n          send_exemplars: true\n# distributor:\n# if you want debug logs for distributor\n#   config:\n#     log_received_spans:\n#       enabled: true\n#       include_all_attributes: true\ningester:\n  replicas: 1\n  config:\n    replication_factor: 1\nglobal_overrides:\n  metrics_generator_processors:\n    - service-graphs\n    - span-metrics\nmemberlist:\n  rejoin_interval: 60s\n  dead_node_reclaim_time: 60s\n"],"verify":false,"version":"1.9.1","wait":true,"wait_for_jobs":false},"after_unknown":{"id":true,"manifest":true,"metadata":true,"postrender":[{}],"set":[],"set_list":[],"set_sensitive":[],"values":[false]},"before_sensitive":false,"after_sensitive":{"metadata":[],"postrender":[{}],"repository_password":true,"set":[],"set_list":[],"set_sensitive":[],"values":[false]}}},{"address":"helm_release.istio-base","mode":"managed","type":"helm_release","name":"istio-base","provider_name":"registry.terraform.io/hashicorp/helm","change":{"actions":["create"],"before":null,"after":{"atomic":false,"chart":"base","cleanup_on_fail":false,"create_namespace":true,"dependency_update":false,"description":null,"devel":null,"disable_crd_hooks":false,"disable_openapi_validation":false,"disable_webhooks":false,"force_update":false,"keyring":null,"lint":false,"max_history":0,"name":"istio-base","namespace":"istio-system","pass_credentials":false,"postrender":[],"recreate_pods":false,"render_subchart_notes":true,"replace":false,"repository":"https://istio-release.storage.googleapis.com/charts","repository_ca_file":null,"repository_cert_file":null,"repository_key_file":null,"repository_password":null,"repository_username":null,"reset_values":false,"reuse_values":false,"set":[],"set_list":[],"set_sensitive":[],"skip_crds":false,"status":"deployed","timeout":300,"values":["# to check defaults\n# helm repo add istio https://istio-release.storage.googleapis.com/charts\n# helm repo update\n# helm show values istio/base --version 1.21.1\n"],"verify":false,"version":"1.21.1","wait":true,"wait_for_jobs":false},"after_unknown":{"id":true,"manifest":true,"metadata":true,"postrender":[],"set":[],"set_list":[],"set_sensitive":[],"values":[false]},"before_sensitive":false,"after_sensitive":{"metadata":[],"postrender":[],"repository_password":true,"set":[],"set_list":[],"set_sensitive":[],"values":[false]}}},{"address":"helm_release.istio-ingressgateway","mode":"managed","type":"helm_release","name":"istio-ingressgateway","provider_name":"registry.terraform.io/hashicorp/helm","change":{"actions":["create"],"before":null,"after":{"atomic":false,"chart":"gateway","cleanup_on_fail":false,"create_namespace":true,"dependency_update":false,"description":null,"devel":null,"disable_crd_hooks":false,"disable_openapi_validation":false,"disable_webhooks":false,"force_update":false,"keyring":null,"lint":false,"max_history":0,"name":"istio-ingressgateway","namespace":"istio-ingress","pass_credentials":false,"postrender":[],"recreate_pods":false,"render_subchart_notes":true,"replace":false,"repository":"https://istio-release.storage.googleapis.com/charts","repository_ca_file":null,"repository_cert_file":null,"repository_key_file":null,"repository_password":null,"repository_username":null,"reset_values":false,"reuse_values":false,"set":[{"name":"controller.publishService.enabled","type":"","value":"true"}],"set_list":[],"set_sensitive":[],"skip_crds":false,"status":"deployed","timeout":300,"values":["# to check defaults\n# helm repo add istio https://istio-release.storage.googleapis.com/charts\n# helm repo update\n# helm show values istio/gateway --version 1.21.1\nservice:\n  type: NodePort\n  ports:\n    - name: status-port\n      port: 15021\n      nodePort: 30021\n      protocol: TCP\n      targetPort: 15021\n    - name: http2\n      port: 80\n      nodePort: 30080\n      protocol: TCP\n      targetPort: 80\n    - name: https\n      port: 443\n      nodePort: 30443\n      protocol: TCP\n      targetPort: 443\ntolerations:\n  - effect: \"NoSchedule\"\n    key: \"node-role.kubernetes.io/master\"\n    operator: \"Equal\"\n  - effect: \"NoSchedule\"\n    key: \"node-role.kubernetes.io/control-plane\"\n    operator: \"Equal\"\n# nodeSelector:\n#   ingress-ready: \"true\"\n"],"verify":false,"version":"1.21.1","wait":true,"wait_for_jobs":false},"after_unknown":{"id":true,"manifest":true,"metadata":true,"postrender":[],"set":[{}],"set_list":[],"set_sensitive":[],"values":[false]},"before_sensitive":false,"after_sensitive":{"metadata":[],"postrender":[],"repository_password":true,"set":[{}],"set_list":[],"set_sensitive":[],"values":[false]}}},{"address":"helm_release.istio-istiod","mode":"managed","type":"helm_release","name":"istio-istiod","provider_name":"registry.terraform.io/hashicorp/helm","change":{"actions":["create"],"before":null,"after":{"atomic":false,"chart":"istiod","cleanup_on_fail":false,"create_namespace":true,"dependency_update":false,"description":null,"devel":null,"disable_crd_hooks":false,"disable_openapi_validation":false,"disable_webhooks":false,"force_update":false,"keyring":null,"lint":false,"max_history":0,"name":"istio-istiod","namespace":"istio-system","pass_credentials":false,"postrender":[],"recreate_pods":false,"render_subchart_notes":true,"replace":false,"repository":"https://istio-release.storage.googleapis.com/charts","repository_ca_file":null,"repository_cert_file":null,"repository_key_file":null,"repository_password":null,"repository_username":null,"reset_values":false,"reuse_values":false,"set":[],"set_list":[],"set_sensitive":[],"skip_crds":false,"status":"deployed","timeout":300,"values":["# to check defaults\n# helm repo add istio https://istio-release.storage.googleapis.com/charts\n# helm repo update\n# helm show values istio/istiod --version 1.21.1\ndefaults:\n  meshConfig:\n    extensionProviders:\n    - name: zipkin\n      zipkin:\n        service: tempo-distributor.monitoring.svc.cluster.local\n        port: 9411\n\n"],"verify":false,"version":"1.21.1","wait":true,"wait_for_jobs":false},"after_unknown":{"id":true,"manifest":true,"metadata":true,"postrender":[],"set":[],"set_list":[],"set_sensitive":[],"values":[false]},"before_sensitive":false,"after_sensitive":{"metadata":[],"postrender":[],"repository_password":true,"set":[],"set_list":[],"set_sensitive":[],"values":[false]}}},{"address":"helm_release.metrics_server","mode":"managed","type":"helm_release","name":"metrics_server","provider_name":"registry.terraform.io/hashicorp/helm","change":{"actions":["create"],"before":null,"after":{"atomic":false,"chart":"metrics-server","cleanup_on_fail":false,"create_namespace":false,"dependency_update":false,"description":null,"devel":null,"disable_crd_hooks":false,"disable_openapi_validation":false,"disable_webhooks":false,"force_update":false,"keyring":null,"lint":false,"max_history":0,"name":"metrics-server","namespace":"monitoring","pass_credentials":false,"postrender":[],"recreate_pods":false,"render_subchart_notes":true,"replace":false,"repository":"https://kubernetes-sigs.github.io/metrics-server/","repository_ca_file":null,"repository_cert_file":null,"repository_key_file":null,"repository_password":null,"repository_username":null,"reset_values":false,"reuse_values":false,"set":[],"set_list":[],"set_sensitive":[],"skip_crds":false,"status":"deployed","timeout":300,"values":["# to check defaults\n# helm repo add metrics-server https://kubernetes-sigs.github.io/metrics-server/\n# helm repo update\n# helm show values metrics-server/metrics-server --version 3.12.1\nserviceMonitor:\n  enabled: true\nmetrics:\n  enabled: true\nargs:\n  - --cert-dir=/tmp\n  - --kubelet-preferred-address-types=InternalIP,ExternalIP,Hostname\n  - --kubelet-use-node-status-port\n  - --metric-resolution=15s\n  - --kubelet-insecure-tls\n"],"verify":false,"version":"3.12.1","wait":true,"wait_for_jobs":false},"after_unknown":{"id":true,"manifest":true,"metadata":true,"postrender":[],"set":[],"set_list":[],"set_sensitive":[],"values":[false]},"before_sensitive":false,"after_sensitive":{"metadata":[],"postrender":[],"repository_password":true,"set":[],"set_list":[],"set_sensitive":[],"values":[false]}}},{"address":"helm_release.prometheus_operator_crds","mode":"managed","type":"helm_release","name":"prometheus_operator_crds","provider_name":"registry.terraform.io/hashicorp/helm","change":{"actions":["create"],"before":null,"after":{"atomic":false,"chart":"prometheus-operator-crds","cleanup_on_fail":false,"create_namespace":true,"dependency_update":false,"description":null,"devel":null,"disable_crd_hooks":false,"disable_openapi_validation":false,"disable_webhooks":false,"force_update":false,"keyring":null,"lint":false,"max_history":0,"name":"prometheus-operator-crds","namespace":"monitoring","pass_credentials":false,"postrender":[],"recreate_pods":false,"render_subchart_notes":true,"replace":false,"repository":"https://prometheus-community.github.io/helm-charts","repository_ca_file":null,"repository_cert_file":null,"repository_key_file":null,"repository_password":null,"repository_username":null,"reset_values":false,"reuse_values":false,"set":[],"set_list":[],"set_sensitive":[],"skip_crds":false,"status":"deployed","timeout":300,"values":null,"verify":false,"version":"11.0.0","wait":true,"wait_for_jobs":false},"after_unknown":{"id":true,"manifest":true,"metadata":true,"postrender":[],"set":[],"set_list":[],"set_sensitive":[]},"before_sensitive":false,"after_sensitive":{"metadata":[],"postrender":[],"repository_password":true,"set":[],"set_list":[],"set_sensitive":[]}}},{"address":"helm_release.victoria-metrics-single","mode":"managed","type":"helm_release","name":"victoria-metrics-single","provider_name":"registry.terraform.io/hashicorp/helm","change":{"actions":["create"],"before":null,"after":{"atomic":false,"chart":"victoria-metrics-single","cleanup_on_fail":false,"create_namespace":true,"dependency_update":false,"description":null,"devel":null,"disable_crd_hooks":false,"disable_openapi_validation":false,"disable_webhooks":false,"force_update":false,"keyring":null,"lint":false,"max_history":0,"name":"vm","namespace":"monitoring","pass_credentials":false,"postrender":[],"recreate_pods":false,"render_subchart_notes":true,"replace":false,"repository":"https://victoriametrics.github.io/helm-charts/","repository_ca_file":null,"repository_cert_file":null,"repository_key_file":null,"repository_password":null,"repository_username":null,"reset_values":false,"reuse_values":false,"set":[],"set_list":[],"set_sensitive":[],"skip_crds":false,"status":"deployed","timeout":300,"values":["# to check defaults\n# helm repo add vm https://victoriametrics.github.io/helm-charts/\n# helm repo update\n# helm show values vm/victoria-metrics-single --version 0.9.17\nserver:\n  name: \"victoria-server\"\n  scrape:\n    enabled: true\n"],"verify":false,"version":"0.9.17","wait":true,"wait_for_jobs":false},"after_unknown":{"id":true,"manifest":true,"metadata":true,"postrender":[],"set":[],"set_list":[],"set_sensitive":[],"values":[false]},"before_sensitive":false,"after_sensitive":{"metadata":[],"postrender":[],"repository_password":true,"set":[],"set_list":[],"set_sensitive":[],"values":[false]}}},{"address":"kind_cluster.new","mode":"managed","type":"kind_cluster","name":"new","provider_name":"registry.terraform.io/tehcyx/kind","change":{"actions":["create"],"before":null,"after":{"kind_config":[{"api_version":"kind.x-k8s.io/v1alpha4","containerd_config_patches":null,"feature_gates":null,"kind":"Cluster","networking":[],"node":[{"extra_mounts":[{"container_path":"/patches","host_path":"./kind-patches","propagation":null,"read_only":null,"selinux_relabel":null}],"extra_port_mappings":[{"container_port":80,"host_port":80,"listen_address":null,"protocol":null},{"container_port":443,"host_port":443,"listen_address":null,"protocol":null},{"container_port":30443,"host_port":30443,"listen_address":null,"protocol":null},{"container_port":30080,"host_port":30080,"listen_address":null,"protocol":null},{"container_port":30021,"host_port":30021,"listen_address":null,"protocol":null}],"image":null,"kubeadm_config_patches":["kind: ClusterConfiguration\netcd:\n  local:\n    # Run etcd in a tmpfs (in RAM) for performance improvements\n    dataDir: /tmp/kind-cluster-etcd\napiServer:\n  extraArgs:\n    profiling: \"true\"\n# We run single node, drop leader election to reduce overhead\ncontrollerManager:\n  extraArgs:\n    leader-elect: \"false\"\nscheduler:\n  extraArgs:\n    leader-elect: \"false\"\n---\nkind: InitConfiguration\nnodeRegistration:\n  kubeletExtraArgs:\n    node-labels: \"ingress-ready=true\"\npatches:\n  directory: /patches\n"],"labels":null,"role":"control-plane"},{"extra_mounts":[],"extra_port_mappings":[],"image":null,"kubeadm_config_patches":null,"labels":null,"role":"worker"}],"runtime_config":null}],"kubeconfig_path":"/.kube/config","name":"demo-local","timeouts":null,"wait_for_ready":true},"after_unknown":{"client_certificate":true,"client_key":true,"cluster_ca_certificate":true,"completed":true,"endpoint":true,"id":true,"kind_config":[{"networking":[],"node":[{"extra_mounts":[{}],"extra_port_mappings":[{},{},{},{},{}],"kubeadm_config_patches":[false]},{"extra_mounts":[],"extra_port_mappings":[]}]}],"kubeconfig":true,"node_image":true},"before_sensitive":false,"after_sensitive":{"kind_config":[{"networking":[],"node":[{"extra_mounts":[{}],"extra_port_mappings":[{},{},{},{},{}],"kubeadm_config_patches":[false]},{"extra_mounts":[],"extra_port_mappings":[]}]}]}}},{"address":"null_resource.apply_k8s_manifests","mode":"managed","type":"null_resource","name":"apply_k8s_manifests","provider_name":"registry.terraform.io/hashicorp/null","change":{"actions":["create"],"before":null,"after":{"triggers":{}},"after_unknown":{"id":true,"triggers":{"kind_cluster":true}},"before_sensitive":false,"after_sensitive":{"triggers":{}}}},{"address":"null_resource.build_app_image","mode":"managed","type":"null_resource","name":"build_app_image","provider_name":"registry.terraform.io/hashicorp/null","change":{"actions":["create"],"before":null,"after":{"triggers":{"file_dockerfile":"98fc6e696965f2a23367db6229254a7d89cb2fdc03643de6ea6fbec842546488","file_go_mod":"6f838243bdee389e078573b8861db37b3b6b3d70af8287ce1e016d0f892c6e26","file_go_sum":"0b7f87e3af411229f983d1c8595093626d87f54b22736efaaa7a6c30ed63caf5","go_files_checksum":"fee2808a010022010b7233dcdc6fdc3826fe7d1061475d43d2c00b3571726416"}},"after_unknown":{"id":true,"triggers":{"kind_cluster":true}},"before_sensitive":false,"after_sensitive":{"triggers":{}}}},{"address":"null_resource.deploy_my_go_app","mode":"managed","type":"null_resource","name":"deploy_my_go_app","provider_name":"registry.terraform.io/hashicorp/null","change":{"actions":["create"],"before":null,"after":{"triggers":{"deployment":"9af449712c3e6d64f759fe844d371202d4fc037c774ec03ad70041a527ca59bb"}},"after_unknown":{"id":true,"triggers":{"kind_cluster":true}},"before_sensitive":false,"after_sensitive":{"triggers":{}}}},{"address":"null_resource.namespace_app","mode":"managed","type":"null_resource","name":"namespace_app","provider_name":"registry.terraform.io/hashicorp/null","change":{"actions":["create"],"before":null,"after":{"triggers":{}},"after_unknown":{"id":true,"triggers":{"kind_cluster":true}},"before_sensitive":false,"after_sensitive":{"triggers":{}}}},{"address":"null_resource.namespace_istio-ingress","mode":"managed","type":"null_resource","name":"namespace_istio-ingress","provider_name":"registry.terraform.io/hashicorp/null","change":{"actions":["create"],"before":null,"after":{"triggers":{}},"after_unknown":{"id":true,"triggers":{"kind_cluster":true}},"before_sensitive":false,"after_sensitive":{"triggers":{}}}},{"address":"null_resource.namespace_istio-system","mode":"managed","type":"null_resource","name":"namespace_istio-system","provider_name":"registry.terraform.io/hashicorp/null","change":{"actions":["create"],"before":null,"after":{"triggers":{}},"after_unknown":{"id":true,"triggers":{"kind_cluster":true}},"before_sensitive":false,"after_sensitive":{"triggers":{}}}},{"address":"null_resource.namespace_monitoring","mode":"managed","type":"null_resource","name":"namespace_monitoring","provider_name":"registry.terraform.io/hashicorp/null","change":{"actions":["create"],"before":null,"after":{"triggers":{}},"after_unknown":{"id":true,"triggers":{"kind_cluster":true}},"before_sensitive":false,"after_sensitive":{"triggers":{}}}}],"configuration":{"provider_config":{"aws":{"name":"aws","full_name":"registry.terraform.io/hashicorp/aws","expressions":{"access_key":{"constant_value":"mock"},"endpoints":[{"apigateway":{"constant_value":"http://localhost:4566"},"apigatewayv2":{"constant_value":"http://localhost:4566"},"cloudwatch":{"constant_value":"http://localhost:4566"},"cloudwatchevents":{"constant_value":"http://localhost:4566"},"dynamodb":{"constant_value":"http://localhost:4566"},"ec2":{"constant_value":"http://localhost:4566"},"ecr":{"constant_value":"http://localhost:4566"},"ecrpublic":{"constant_value":"http://localhost:4566"},"ecs":{"constant_value":"http://localhost:4566"},"efs":{"constant_value":"http://localhost:4566"},"iam":{"constant_value":"http://localhost:4566"},"kinesis":{"constant_value":"http://localhost:4566"},"kms":{"constant_value":"http://localhost:4566"},"lambda":{"constant_value":"http://localhost:4566"},"logs":{"constant_value":"http://localhost:4566"},"route53":{"constant_value":"http://localhost:4566"},"s3":{"constant_value":"http://localhost:4566"},"s3control":{"constant_value":"http://localhost:4566"},"secretsmanager":{"constant_value":"http://localhost:4566"},"sns":{"constant_value":"http://localhost:4566"},"sqs":{"constant_value":"http://localhost:4566"},"ssm":{"constant_value":"http://localhost:4566"},"sts":{"constant_value":"http://localhost:4566"}}],"region":{"constant_value":"us-east-1"},"s3_use_path_style":{"constant_value":true},"secret_key":{"constant_value":"mock"},"skip_credentials_validation":{"constant_value":true},"skip_metadata_api_check":{"constant_value":true},"skip_region_validation":{"constant_value":true},"skip_requesting_account_id":{"constant_value":true}}},"helm":{"name":"helm","full_name":"registry.terraform.io/hashicorp/helm","version_constraint":"2.10.1","expressions":{"kubernetes":[{"config_path":{"references":["var.kind_cluster_config_path"]}}]}},"kind":{"name":"kind","full_name":"registry.terraform.io/tehcyx/kind","version_constraint":"0.2.0"},"null":{"name":"null","full_name":"registry.terraform.io/hashicorp/null","version_constraint":"3.2.1"}},"root_module":{"resources":[{"address":"helm_release.grafana","mode":"managed","type":"helm_release","name":"grafana","provider_config_key":"helm","expressions":{"chart":{"constant_value":"grafana"},"create_namespace":{"constant_value":true},"name":{"constant_value":"grafana"},"namespace":{"constant_value":"monitoring"},"repository":{"constant_value":"https://grafana.github.io/helm-charts"},"values":{"references":["path.module"]},"version":{"constant_value":"7.3.7"}},"schema_version":1,"depends_on":["helm_release.grafana-tempo-distributed","helm_release.victoria-metrics-single"]},{"address":"helm_release.grafana-tempo-distributed","mode":"managed","type":"helm_release","name":"grafana-tempo-distributed","provider_config_key":"helm","expressions":{"chart":{"constant_value":"tempo-distributed"},"create_namespace":{"constant_value":true},"name":{"constant_value":"tempo"},"namespace":{"constant_value":"monitoring"},"postrender":[{"binary_path":{"references":["path.module"]}}],"repository":{"constant_value":"https://grafana.github.io/helm-charts"},"values":{"references":["path.module"]},"version":{"constant_value":"1.9.1"}},"schema_version":1,"depends_on":["null_resource.namespace_monitoring","helm_release.istio-ingressgateway"]},{"address":"helm_release.istio-base","mode":"managed","type":"helm_release","name":"istio-base","provider_config_key":"helm","expressions":{"chart":{"constant_value":"base"},"create_namespace":{"constant_value":true},"name":{"constant_value":"istio-base"},"namespace":{"constant_value":"istio-system"},"repository":{"constant_value":"https://istio-release.storage.googleapis.com/charts"},"timeout":{"constant_value":300},"values":{"references":["path.module"]},"version":{"constant_value":"1.21.1"},"wait":{"constant_value":true}},"schema_version":1,"depends_on":["null_resource.namespace_istio-system"]},{"address":"helm_release.istio-ingressgateway","mode":"managed","type":"helm_release","name":"istio-ingressgateway","provider_config_key":"helm","expressions":{"chart":{"constant_value":"gateway"},"create_namespace":{"constant_value":true},"name":{"constant_value":"istio-ingressgateway"},"namespace":{"constant_value":"istio-ingress"},"repository":{"constant_value":"https://istio-release.storage.googleapis.com/charts"},"set":[{"name":{"constant_value":"controller.publishService.enabled"},"value":{"constant_value":"true"}}],"timeout":{"constant_value":300},"values":{"references":["path.module"]},"version":{"constant_value":"1.21.1"},"wait":{"constant_value":true}},"schema_version":1,"depends_on":["null_resource.namespace_istio-ingress","helm_release.istio-istiod"]},{"address":"helm_release.istio-istiod","mode":"managed","type":"helm_release","name":"istio-istiod","provider_config_key":"helm","expressions":{"chart":{"constant_value":"istiod"},"create_namespace":{"constant_value":true},"name":{"constant_value":"istio-istiod"},"namespace":{"constant_value":"istio-system"},"repository":{"constant_value":"https://istio-release.storage.googleapis.com/charts"},"timeout":{"constant_value":300},"values":{"references":["path.module"]},"version":{"constant_value":"1.21.1"},"wait":{"constant_value":true}},"schema_version":1,"depends_on":["helm_release.istio-base"]},{"address":"helm_release.metrics_server","mode":"managed","type":"helm_release","name":"metrics_server","provider_config_key":"helm","expressions":{"chart":{"constant_value":"metrics-server"},"name":{"constant_value":"metrics-server"},"namespace":{"constant_value":"monitoring"},"repository":{"constant_value":"https://kubernetes-sigs.github.io/metrics-server/"},"values":{"references":["path.module"]},"version":{"constant_value":"3.12.1"},"wait":{"constant_value":true}},"schema_version":1,"depends_on":["helm_release.prometheus_operator_crds","helm_release.istio-istiod"]},{"address":"helm_release.prometheus_operator_crds","mode":"managed","type":"helm_release","name":"prometheus_operator_crds","provider_config_key":"helm","expressions":{"chart":{"constant_value":"prometheus-operator-crds"},"create_namespace":{"constant_value":true},"name":{"constant_value":"prometheus-operator-crds"},"namespace":{"constant_value":"monitoring"},"repository":{"constant_value":"https://prometheus-community.github.io/helm-charts"},"version":{"constant_value":"11.0.0"}},"schema_version":1,"depends_on":["null_resource.namespace_monitoring"]},{"address":"helm_release.victoria-metrics-single","mode":"managed","type":"helm_release","name":"victoria-metrics-single","provider_config_key":"helm","expressions":{"chart":{"constant_value":"victoria-metrics-single"},"create_namespace":{"constant_value":true},"name":{"constant_value":"vm"},"namespace":{"constant_value":"monitoring"},"repository":{"constant_value":"https://victoriametrics.github.io/helm-charts/"},"values":{},"version":{"constant_value":"0.9.17"}},"schema_version":1,"depends_on":["null_resource.namespace_monitoring","helm_release.istio-ingressgateway"]},{"address":"kind_cluster.new","mode":"managed","type":"kind_cluster","name":"new","provider_config_key":"kind","expressions":{"kind_config":[{"api_version":{"constant_value":"kind.x-k8s.io/v1alpha4"},"kind":{"constant_value":"Cluster"},"node":[{"extra_mounts":[{"container_path":{"constant_value":"/patches"},"host_path":{"references":["path.module"]}}],"extra_port_mappings":[{"container_port":{"constant_value":80},"host_port":{"constant_value":80}},{"container_port":{"constant_value":443},"host_port":{"constant_value":443}},{"container_port":{"constant_value":30443},"host_port":{"constant_value":30443}},{"container_port":{"constant_value":30080},"host_port":{"constant_value":30080}},{"container_port":{"constant_value":30021},"host_port":{"constant_value":30021}}],"kubeadm_config_patches":{"constant_value":["kind: ClusterConfiguration\netcd:\n  local:\n    # Run etcd in a tmpfs (in RAM) for performance improvements\n    dataDir: /tmp/kind-cluster-etcd\napiServer:\n  extraArgs:\n    profiling: \"true\"\n# We run single node, drop leader election to reduce overhead\ncontrollerManager:\n  extraArgs:\n    leader-elect: \"false\"\nscheduler:\n  extraArgs:\n    leader-elect: \"false\"\n---\nkind: InitConfiguration\nnodeRegistration:\n  kubeletExtraArgs:\n    node-labels: \"ingress-ready=true\"\npatches:\n  directory: /patches\n"]},"role":{"constant_value":"control-plane"}},{"role":{"constant_value":"worker"}}]}],"kubeconfig_path":{"references":["var.kind_cluster_config_path"]},"name":{"references":["var.kind_cluster_name"]},"wait_for_ready":{"constant_value":true}},"schema_version":0},{"address":"null_resource.apply_k8s_manifests","mode":"managed","type":"null_resource","name":"apply_k8s_manifests","provider_config_key":"null","provisioners":[{"type":"local-exec","expressions":{"command":{"references":["path.module"]}}}],"expressions":{"triggers":{"references":["kind_cluster.new.id","kind_cluster.new"]}},"schema_version":0,"depends_on":["helm_release.grafana"]},{"address":"null_resource.build_app_image","mode":"managed","type":"null_resource","name":"build_app_image","provider_config_key":"null","provisioners":[{"type":"local-exec","expressions":{"command":{"references":["path.module","path.module"]}}}],"expressions":{"triggers":{"references":["kind_cluster.new.id","kind_cluster.new","path.module","path.module","path.module","local.dkr_img_src_sha256"]}},"schema_version":0,"depends_on":["null_resource.apply_k8s_manifests"]},{"address":"null_resource.deploy_my_go_app","mode":"managed","type":"null_resource","name":"deploy_my_go_app","provider_config_key":"null","provisioners":[{"type":"local-exec","expressions":{"command":{"references":["path.module"]}}}],"expressions":{"triggers":{"references":["null_resource.build_app_image.id","null_resource.build_app_image","path.module"]}},"schema_version":0,"depends_on":["null_resource.build_app_image"]},{"address":"null_resource.namespace_app","mode":"managed","type":"null_resource","name":"namespace_app","provider_config_key":"null","provisioners":[{"type":"local-exec","expressions":{"command":{"constant_value":"      kubectl get namespace app || kubectl create namespace app\n      kubectl label namespace app istio-injection=enabled --overwrite\n"}}}],"expressions":{"triggers":{"references":["kind_cluster.new.id","kind_cluster.new"]}},"schema_version":0,"depends_on":["kind_cluster.new"]},{"address":"null_resource.namespace_istio-ingress","mode":"managed","type":"null_resource","name":"namespace_istio-ingress","provider_config_key":"null","provisioners":[{"type":"local-exec","expressions":{"command":{"constant_value":"      kubectl get namespace istio-ingress || kubectl create namespace istio-ingress\n"}}}],"expressions":{"triggers":{"references":["kind_cluster.new.id","kind_cluster.new"]}},"schema_version":0,"depends_on":["kind_cluster.new"]},{"address":"null_resource.namespace_istio-system","mode":"managed","type":"null_resource","name":"namespace_istio-system","provider_config_key":"null","provisioners":[{"type":"local-exec","expressions":{"command":{"constant_value":"      kubectl get namespace istio-system || kubectl create namespace istio-system\n"}}}],"expressions":{"triggers":{"references":["kind_cluster.new.id","kind_cluster.new"]}},"schema_version":0,"depends_on":["kind_cluster.new"]},{"address":"null_resource.namespace_monitoring","mode":"managed","type":"null_resource","name":"namespace_monitoring","provider_config_key":"null","provisioners":[{"type":"local-exec","expressions":{"command":{"constant_value":"      kubectl get namespace monitoring || kubectl create namespace monitoring\n      kubectl label namespace monitoring istio-injection=enabled --overwrite\n"}}}],"expressions":{"triggers":{"references":["kind_cluster.new.id","kind_cluster.new"]}},"schema_version":0,"depends_on":["kind_cluster.new"]}],"variables":{"kind_cluster_config_path":{"default":"~/.kube/config","description":"The location where this cluster's kubeconfig will be saved to."},"kind_cluster_name":{"default":"demo-local","description":"The name of the cluster."}}}},"relevant_attributes":[{"resource":"kind_cluster.new","attribute":["id"]},{"resource":"null_resource.build_app_image","attribute":["id"]}],"timestamp":"2026-01-23T15:55:24Z","applyable":true,"complete":true,"errored":false}
