{
  "version": 4,
  "terraform_version": "1.13.5",
  "serial": 72,
  "lineage": "6f813c8d-53c5-bf5f-8cc7-6e5fa7f53091",
  "outputs": {
    "input_bucket_id": {
      "value": "input-us-east-1-000000000000",
      "type": "string"
    },
    "mwaa_webserver_url": {
      "value": "http://localhost.localstack.cloud:4510",
      "type": "string"
    }
  },
  "resources": [
    {
      "mode": "data",
      "type": "aws_availability_zones",
      "name": "available",
      "provider": "provider[\"registry.terraform.io/hashicorp/aws\"]",
      "instances": [
        {
          "schema_version": 0,
          "attributes": {
            "all_availability_zones": null,
            "exclude_names": null,
            "exclude_zone_ids": null,
            "filter": null,
            "group_names": [
              ""
            ],
            "id": "us-east-1",
            "names": [
              "us-east-1a",
              "us-east-1b",
              "us-east-1c",
              "us-east-1d",
              "us-east-1e",
              "us-east-1f"
            ],
            "state": null,
            "timeouts": null,
            "zone_ids": [
              "use1-az6",
              "use1-az1",
              "use1-az2",
              "use1-az4",
              "use1-az3",
              "use1-az5"
            ]
          },
          "sensitive_attributes": [],
          "identity_schema_version": 0
        }
      ]
    },
    {
      "mode": "data",
      "type": "aws_caller_identity",
      "name": "current",
      "provider": "provider[\"registry.terraform.io/hashicorp/aws\"]",
      "instances": [
        {
          "schema_version": 0,
          "attributes": {
            "account_id": "000000000000",
            "arn": "arn:aws:iam::000000000000:root",
            "id": "000000000000",
            "user_id": "AKIAIOSFODNN7EXAMPLE"
          },
          "sensitive_attributes": [],
          "identity_schema_version": 0
        }
      ]
    },
    {
      "mode": "data",
      "type": "aws_partition",
      "name": "current",
      "provider": "provider[\"registry.terraform.io/hashicorp/aws\"]",
      "instances": [
        {
          "schema_version": 0,
          "attributes": {
            "dns_suffix": "amazonaws.com",
            "id": "aws",
            "partition": "aws",
            "reverse_dns_prefix": "com.amazonaws"
          },
          "sensitive_attributes": [],
          "identity_schema_version": 0
        }
      ]
    },
    {
      "mode": "data",
      "type": "aws_region",
      "name": "current",
      "provider": "provider[\"registry.terraform.io/hashicorp/aws\"]",
      "instances": [
        {
          "schema_version": 0,
          "attributes": {
            "description": "US East (N. Virginia)",
            "endpoint": "ec2.us-east-1.amazonaws.com",
            "id": "us-east-1",
            "name": "us-east-1"
          },
          "sensitive_attributes": [],
          "identity_schema_version": 0
        }
      ]
    },
    {
      "mode": "managed",
      "type": "aws_iam_policy",
      "name": "mwaa_policy",
      "provider": "provider[\"registry.terraform.io/hashicorp/aws\"]",
      "instances": [
        {
          "schema_version": 0,
          "attributes": {
            "arn": "arn:aws:iam::000000000000:policy/terraform-20260127115352755500000004",
            "attachment_count": 0,
            "description": "Custom policy for MWAA DAG workflows",
            "id": "arn:aws:iam::000000000000:policy/terraform-20260127115352755500000004",
            "name": "terraform-20260127115352755500000004",
            "name_prefix": "terraform-",
            "path": "/",
            "policy": "{\"Statement\":[{\"Action\":[\"s3:GetObject\",\"s3:GetObjectVersion\",\"s3:GetObjectVersionAttributes\",\"s3:GetObjectAttributes\"],\"Effect\":\"Allow\",\"Resource\":[\"arn:aws:s3:::input-us-east-1-000000000000\",\"arn:aws:s3:::input-us-east-1-000000000000/*\"]}],\"Version\":\"2012-10-17\"}",
            "policy_id": "ACETQQDW9ED09ORQTLWGK",
            "tags": null,
            "tags_all": {}
          },
          "sensitive_attributes": [],
          "identity_schema_version": 0,
          "private": "bnVsbA==",
          "dependencies": [
            "data.aws_caller_identity.current",
            "data.aws_region.current",
            "module.input_bucket.aws_s3_bucket.this"
          ]
        }
      ]
    },
    {
      "mode": "managed",
      "type": "aws_s3_object",
      "name": "dags",
      "provider": "provider[\"registry.terraform.io/hashicorp/aws\"]",
      "instances": [
        {
          "index_key": "hello-world-dag.py",
          "schema_version": 0,
          "attributes": {
            "acl": null,
            "arn": "arn:aws:s3:::mwaa-src-us-east-1-000000000000/dags/hello-world-dag.py",
            "bucket": "mwaa-src-us-east-1-000000000000",
            "bucket_key_enabled": false,
            "cache_control": "",
            "checksum_algorithm": null,
            "checksum_crc32": "",
            "checksum_crc32c": "",
            "checksum_crc64nvme": "",
            "checksum_sha1": "",
            "checksum_sha256": "",
            "content": null,
            "content_base64": null,
            "content_disposition": "",
            "content_encoding": "",
            "content_language": "",
            "content_type": "application/octet-stream",
            "etag": "6676b0f4d15b5e5d303ec192c4579e67",
            "force_destroy": false,
            "id": "dags/hello-world-dag.py",
            "key": "dags/hello-world-dag.py",
            "kms_key_id": null,
            "metadata": null,
            "object_lock_legal_hold_status": "",
            "object_lock_mode": "",
            "object_lock_retain_until_date": "",
            "override_provider": [],
            "server_side_encryption": "AES256",
            "source": "src/dags/hello-world-dag.py",
            "source_hash": null,
            "storage_class": "STANDARD",
            "tags": null,
            "tags_all": {},
            "version_id": "AZv_TZPaDyDtboCpj9xzf46_xTto0AiC",
            "website_redirect": ""
          },
          "sensitive_attributes": [],
          "identity_schema_version": 0,
          "private": "bnVsbA==",
          "dependencies": [
            "data.aws_caller_identity.current",
            "data.aws_region.current",
            "module.mwaa_bucket.aws_s3_bucket.this",
            "module.mwaa_bucket.aws_s3_bucket_policy.this",
            "module.mwaa_bucket.aws_s3_bucket_public_access_block.this",
            "module.mwaa_bucket.data.aws_caller_identity.current",
            "module.mwaa_bucket.data.aws_iam_policy_document.access_log_delivery",
            "module.mwaa_bucket.data.aws_iam_policy_document.combined",
            "module.mwaa_bucket.data.aws_iam_policy_document.deny_incorrect_encryption_headers",
            "module.mwaa_bucket.data.aws_iam_policy_document.deny_incorrect_kms_key_sse",
            "module.mwaa_bucket.data.aws_iam_policy_document.deny_insecure_transport",
            "module.mwaa_bucket.data.aws_iam_policy_document.deny_unencrypted_object_uploads",
            "module.mwaa_bucket.data.aws_iam_policy_document.elb_log_delivery",
            "module.mwaa_bucket.data.aws_iam_policy_document.inventory_and_analytics_destination_policy",
            "module.mwaa_bucket.data.aws_iam_policy_document.lb_log_delivery",
            "module.mwaa_bucket.data.aws_iam_policy_document.require_latest_tls",
            "module.mwaa_bucket.data.aws_partition.current",
            "module.mwaa_bucket.data.aws_region.current"
          ]
        }
      ]
    },
    {
      "module": "module.dag_trigger_lambda",
      "mode": "data",
      "type": "aws_caller_identity",
      "name": "current",
      "provider": "provider[\"registry.terraform.io/hashicorp/aws\"]",
      "instances": [
        {
          "schema_version": 0,
          "attributes": {
            "account_id": "000000000000",
            "arn": "arn:aws:iam::000000000000:root",
            "id": "000000000000",
            "user_id": "AKIAIOSFODNN7EXAMPLE"
          },
          "sensitive_attributes": [],
          "identity_schema_version": 0
        }
      ]
    },
    {
      "module": "module.dag_trigger_lambda",
      "mode": "data",
      "type": "aws_iam_policy_document",
      "name": "additional_inline",
      "provider": "provider[\"registry.terraform.io/hashicorp/aws\"]",
      "instances": [
        {
          "index_key": 0,
          "schema_version": 0,
          "attributes": {
            "id": "2268744647",
            "json": "{\n  \"Version\": \"2012-10-17\",\n  \"Statement\": [\n    {\n      \"Sid\": \"airflowperm\",\n      \"Effect\": \"Allow\",\n      \"Action\": \"airflow:CreateCliToken\",\n      \"Resource\": \"arn:aws:airflow:us-east-1:000000000000:environment/mwaa-serverless-land\"\n    }\n  ]\n}",
            "minified_json": "{\"Version\":\"2012-10-17\",\"Statement\":[{\"Sid\":\"airflowperm\",\"Effect\":\"Allow\",\"Action\":\"airflow:CreateCliToken\",\"Resource\":\"arn:aws:airflow:us-east-1:000000000000:environment/mwaa-serverless-land\"}]}",
            "override_json": null,
            "override_policy_documents": null,
            "policy_id": null,
            "source_json": null,
            "source_policy_documents": null,
            "statement": [
              {
                "actions": [
                  "airflow:CreateCliToken"
                ],
                "condition": [],
                "effect": "Allow",
                "not_actions": [],
                "not_principals": [],
                "not_resources": [],
                "principals": [],
                "resources": [
                  "arn:aws:airflow:us-east-1:000000000000:environment/mwaa-serverless-land"
                ],
                "sid": "airflowperm"
              }
            ],
            "version": "2012-10-17"
          },
          "sensitive_attributes": [],
          "identity_schema_version": 0
        }
      ]
    },
    {
      "module": "module.dag_trigger_lambda",
      "mode": "data",
      "type": "aws_iam_policy_document",
      "name": "assume_role",
      "provider": "provider[\"registry.terraform.io/hashicorp/aws\"]",
      "instances": [
        {
          "index_key": 0,
          "schema_version": 0,
          "attributes": {
            "id": "2690255455",
            "json": "{\n  \"Version\": \"2012-10-17\",\n  \"Statement\": [\n    {\n      \"Effect\": \"Allow\",\n      \"Action\": \"sts:AssumeRole\",\n      \"Principal\": {\n        \"Service\": \"lambda.amazonaws.com\"\n      }\n    }\n  ]\n}",
            "minified_json": "{\"Version\":\"2012-10-17\",\"Statement\":[{\"Effect\":\"Allow\",\"Action\":\"sts:AssumeRole\",\"Principal\":{\"Service\":\"lambda.amazonaws.com\"}}]}",
            "override_json": null,
            "override_policy_documents": null,
            "policy_id": null,
            "source_json": null,
            "source_policy_documents": null,
            "statement": [
              {
                "actions": [
                  "sts:AssumeRole"
                ],
                "condition": [],
                "effect": "Allow",
                "not_actions": [],
                "not_principals": [],
                "not_resources": [],
                "principals": [
                  {
                    "identifiers": [
                      "lambda.amazonaws.com"
                    ],
                    "type": "Service"
                  }
                ],
                "resources": [],
                "sid": ""
              }
            ],
            "version": "2012-10-17"
          },
          "sensitive_attributes": [],
          "identity_schema_version": 0
        }
      ]
    },
    {
      "module": "module.dag_trigger_lambda",
      "mode": "data",
      "type": "aws_iam_policy_document",
      "name": "logs",
      "provider": "provider[\"registry.terraform.io/hashicorp/aws\"]",
      "instances": [
        {
          "index_key": 0,
          "schema_version": 0,
          "attributes": {
            "id": "903986985",
            "json": "{\n  \"Version\": \"2012-10-17\",\n  \"Statement\": [\n    {\n      \"Effect\": \"Allow\",\n      \"Action\": [\n        \"logs:PutLogEvents\",\n        \"logs:CreateLogStream\",\n        \"logs:CreateLogGroup\"\n      ],\n      \"Resource\": [\n        \"arn:aws:logs:us-east-1:000000000000:log-group:/aws/lambda/dag-trigger-lambda:*:*\",\n        \"arn:aws:logs:us-east-1:000000000000:log-group:/aws/lambda/dag-trigger-lambda:*\"\n      ]\n    }\n  ]\n}",
            "minified_json": "{\"Version\":\"2012-10-17\",\"Statement\":[{\"Effect\":\"Allow\",\"Action\":[\"logs:PutLogEvents\",\"logs:CreateLogStream\",\"logs:CreateLogGroup\"],\"Resource\":[\"arn:aws:logs:us-east-1:000000000000:log-group:/aws/lambda/dag-trigger-lambda:*:*\",\"arn:aws:logs:us-east-1:000000000000:log-group:/aws/lambda/dag-trigger-lambda:*\"]}]}",
            "override_json": null,
            "override_policy_documents": null,
            "policy_id": null,
            "source_json": null,
            "source_policy_documents": null,
            "statement": [
              {
                "actions": [
                  "logs:CreateLogGroup",
                  "logs:CreateLogStream",
                  "logs:PutLogEvents"
                ],
                "condition": [],
                "effect": "Allow",
                "not_actions": [],
                "not_principals": [],
                "not_resources": [],
                "principals": [],
                "resources": [
                  "arn:aws:logs:us-east-1:000000000000:log-group:/aws/lambda/dag-trigger-lambda:*",
                  "arn:aws:logs:us-east-1:000000000000:log-group:/aws/lambda/dag-trigger-lambda:*:*"
                ],
                "sid": ""
              }
            ],
            "version": "2012-10-17"
          },
          "sensitive_attributes": [],
          "identity_schema_version": 0
        }
      ]
    },
    {
      "module": "module.dag_trigger_lambda",
      "mode": "data",
      "type": "aws_partition",
      "name": "current",
      "provider": "provider[\"registry.terraform.io/hashicorp/aws\"]",
      "instances": [
        {
          "schema_version": 0,
          "attributes": {
            "dns_suffix": "amazonaws.com",
            "id": "aws",
            "partition": "aws",
            "reverse_dns_prefix": "com.amazonaws"
          },
          "sensitive_attributes": [],
          "identity_schema_version": 0
        }
      ]
    },
    {
      "module": "module.dag_trigger_lambda",
      "mode": "data",
      "type": "aws_region",
      "name": "current",
      "provider": "provider[\"registry.terraform.io/hashicorp/aws\"]",
      "instances": [
        {
          "schema_version": 0,
          "attributes": {
            "description": "US East (N. Virginia)",
            "endpoint": "ec2.us-east-1.amazonaws.com",
            "id": "us-east-1",
            "name": "us-east-1"
          },
          "sensitive_attributes": [],
          "identity_schema_version": 0
        }
      ]
    },
    {
      "module": "module.dag_trigger_lambda",
      "mode": "data",
      "type": "external",
      "name": "archive_prepare",
      "provider": "provider[\"registry.terraform.io/hashicorp/external\"]",
      "instances": [
        {
          "index_key": 0,
          "schema_version": 0,
          "attributes": {
            "id": "-",
            "program": [
              "python3",
              "/ai-code-generation-from-code-to-iac/workspace/795093869/infra/.terraform/modules/dag_trigger_lambda/package.py",
              "prepare"
            ],
            "query": {
              "artifacts_dir": "builds",
              "docker": null,
              "hash_extra": "",
              "hash_extra_paths": "[]",
              "paths": "{\"cwd\":\"/ai-code-generation-from-code-to-iac/workspace/795093869/infra\",\"module\":\"/ai-code-generation-from-code-to-iac/workspace/795093869/infra/.terraform/modules/dag_trigger_lambda\",\"root\":\".\"}",
              "recreate_missing_package": "true",
              "runtime": "python3.12",
              "source_path": "\"./src/lambda/trigger-dag/\""
            },
            "result": {
              "build_plan": "{\"filename\": \"builds/e9eec75a0cec7ebf92e4b02b775b3b44299ee11376c4a3b2cab9ca5a835297e4.zip\", \"runtime\": \"python3.12\", \"artifacts_dir\": \"builds\", \"build_plan\": [[\"zip\", \"./src/lambda/trigger-dag/\", null]]}",
              "build_plan_filename": "builds/e9eec75a0cec7ebf92e4b02b775b3b44299ee11376c4a3b2cab9ca5a835297e4.plan.json",
              "filename": "builds/e9eec75a0cec7ebf92e4b02b775b3b44299ee11376c4a3b2cab9ca5a835297e4.zip",
              "timestamp": "1769514829265116000",
              "was_missing": "true"
            },
            "working_dir": null
          },
          "sensitive_attributes": [],
          "identity_schema_version": 0
        }
      ]
    },
    {
      "module": "module.dag_trigger_lambda",
      "mode": "managed",
      "type": "aws_cloudwatch_log_group",
      "name": "lambda",
      "provider": "provider[\"registry.terraform.io/hashicorp/aws\"]",
      "instances": [
        {
          "index_key": 0,
          "schema_version": 0,
          "attributes": {
            "arn": "arn:aws:logs:us-east-1:000000000000:log-group:/aws/lambda/dag-trigger-lambda",
            "id": "/aws/lambda/dag-trigger-lambda",
            "kms_key_id": "",
            "log_group_class": "",
            "name": "/aws/lambda/dag-trigger-lambda",
            "name_prefix": "",
            "retention_in_days": 0,
            "skip_destroy": false,
            "tags": {
              "Category": "Pattern",
              "Domain": "Serverless",
              "Project": "Trigger MWAA DAG using S3 Events",
              "URL": "https://serverlessland.com/"
            },
            "tags_all": {
              "Category": "Pattern",
              "Domain": "Serverless",
              "Project": "Trigger MWAA DAG using S3 Events",
              "URL": "https://serverlessland.com/"
            }
          },
          "sensitive_attributes": [],
          "identity_schema_version": 0,
          "private": "bnVsbA=="
        }
      ]
    },
    {
      "module": "module.dag_trigger_lambda",
      "mode": "managed",
      "type": "aws_iam_policy",
      "name": "additional_inline",
      "provider": "provider[\"registry.terraform.io/hashicorp/aws\"]",
      "instances": [
        {
          "index_key": 0,
          "schema_version": 0,
          "attributes": {
            "arn": "arn:aws:iam::000000000000:policy/dag-trigger-lambda-inline",
            "attachment_count": 0,
            "description": "",
            "id": "arn:aws:iam::000000000000:policy/dag-trigger-lambda-inline",
            "name": "dag-trigger-lambda-inline",
            "name_prefix": "",
            "path": "/",
            "policy": "{\"Statement\":[{\"Action\":\"airflow:CreateCliToken\",\"Effect\":\"Allow\",\"Resource\":\"arn:aws:airflow:us-east-1:000000000000:environment/mwaa-serverless-land\",\"Sid\":\"airflowperm\"}],\"Version\":\"2012-10-17\"}",
            "policy_id": "A6Z6RN7ET5KZD2HBX071L",
            "tags": {
              "Category": "Pattern",
              "Domain": "Serverless",
              "Project": "Trigger MWAA DAG using S3 Events",
              "URL": "https://serverlessland.com/"
            },
            "tags_all": {
              "Category": "Pattern",
              "Domain": "Serverless",
              "Project": "Trigger MWAA DAG using S3 Events",
              "URL": "https://serverlessland.com/"
            }
          },
          "sensitive_attributes": [],
          "identity_schema_version": 0,
          "private": "bnVsbA==",
          "dependencies": [
            "data.aws_availability_zones.available",
            "data.aws_caller_identity.current",
            "data.aws_region.current",
            "module.dag_trigger_lambda.data.aws_iam_policy_document.additional_inline",
            "module.mwaa.aws_iam_role.mwaa",
            "module.mwaa.aws_mwaa_environment.mwaa",
            "module.mwaa.aws_s3_bucket.mwaa",
            "module.mwaa.aws_security_group.mwaa",
            "module.mwaa.data.aws_caller_identity.current",
            "module.mwaa.data.aws_iam_policy_document.mwaa_assume",
            "module.mwaa_bucket.aws_s3_bucket.this",
            "module.vpc.aws_subnet.private",
            "module.vpc.aws_vpc.this",
            "module.vpc.aws_vpc_ipv4_cidr_block_association.this"
          ]
        }
      ]
    },
    {
      "module": "module.dag_trigger_lambda",
      "mode": "managed",
      "type": "aws_iam_policy",
      "name": "logs",
      "provider": "provider[\"registry.terraform.io/hashicorp/aws\"]",
      "instances": [
        {
          "index_key": 0,
          "schema_version": 0,
          "attributes": {
            "arn": "arn:aws:iam::000000000000:policy/dag-trigger-lambda-logs",
            "attachment_count": 0,
            "description": "",
            "id": "arn:aws:iam::000000000000:policy/dag-trigger-lambda-logs",
            "name": "dag-trigger-lambda-logs",
            "name_prefix": "",
            "path": "/",
            "policy": "{\"Statement\":[{\"Action\":[\"logs:PutLogEvents\",\"logs:CreateLogStream\",\"logs:CreateLogGroup\"],\"Effect\":\"Allow\",\"Resource\":[\"arn:aws:logs:us-east-1:000000000000:log-group:/aws/lambda/dag-trigger-lambda:*:*\",\"arn:aws:logs:us-east-1:000000000000:log-group:/aws/lambda/dag-trigger-lambda:*\"]}],\"Version\":\"2012-10-17\"}",
            "policy_id": "A90D7KKWUVTDFBO0HY37E",
            "tags": {
              "Category": "Pattern",
              "Domain": "Serverless",
              "Project": "Trigger MWAA DAG using S3 Events",
              "URL": "https://serverlessland.com/"
            },
            "tags_all": {
              "Category": "Pattern",
              "Domain": "Serverless",
              "Project": "Trigger MWAA DAG using S3 Events",
              "URL": "https://serverlessland.com/"
            }
          },
          "sensitive_attributes": [],
          "identity_schema_version": 0,
          "private": "bnVsbA==",
          "dependencies": [
            "module.dag_trigger_lambda.aws_cloudwatch_log_group.lambda",
            "module.dag_trigger_lambda.data.aws_arn.log_group_arn",
            "module.dag_trigger_lambda.data.aws_cloudwatch_log_group.lambda",
            "module.dag_trigger_lambda.data.aws_iam_policy_document.logs"
          ]
        }
      ]
    },
    {
      "module": "module.dag_trigger_lambda",
      "mode": "managed",
      "type": "aws_iam_role",
      "name": "lambda",
      "provider": "provider[\"registry.terraform.io/hashicorp/aws\"]",
      "instances": [
        {
          "index_key": 0,
          "schema_version": 0,
          "attributes": {
            "arn": "arn:aws:iam::000000000000:role/dag-trigger-lambda",
            "assume_role_policy": "{\"Statement\":[{\"Action\":\"sts:AssumeRole\",\"Effect\":\"Allow\",\"Principal\":{\"Service\":\"lambda.amazonaws.com\"}}],\"Version\":\"2012-10-17\"}",
            "create_date": "2026-01-27T11:53:53Z",
            "description": "",
            "force_detach_policies": true,
            "id": "dag-trigger-lambda",
            "inline_policy": [],
            "managed_policy_arns": [],
            "max_session_duration": 3600,
            "name": "dag-trigger-lambda",
            "name_prefix": "",
            "path": "/",
            "permissions_boundary": "",
            "tags": {
              "Category": "Pattern",
              "Domain": "Serverless",
              "Project": "Trigger MWAA DAG using S3 Events",
              "URL": "https://serverlessland.com/"
            },
            "tags_all": {
              "Category": "Pattern",
              "Domain": "Serverless",
              "Project": "Trigger MWAA DAG using S3 Events",
              "URL": "https://serverlessland.com/"
            },
            "unique_id": "AROAQAAAAAAAPHIGLTGXX"
          },
          "sensitive_attributes": [],
          "identity_schema_version": 0,
          "private": "bnVsbA==",
          "dependencies": [
            "module.dag_trigger_lambda.data.aws_iam_policy_document.assume_role"
          ]
        }
      ]
    },
    {
      "module": "module.dag_trigger_lambda",
      "mode": "managed",
      "type": "aws_iam_role_policy_attachment",
      "name": "additional_inline",
      "provider": "provider[\"registry.terraform.io/hashicorp/aws\"]",
      "instances": [
        {
          "index_key": 0,
          "schema_version": 0,
          "attributes": {
            "id": "dag-trigger-lambda-20260127115409480300000010",
            "policy_arn": "arn:aws:iam::000000000000:policy/dag-trigger-lambda-inline",
            "role": "dag-trigger-lambda"
          },
          "sensitive_attributes": [],
          "identity_schema_version": 0,
          "private": "bnVsbA==",
          "dependencies": [
            "data.aws_availability_zones.available",
            "data.aws_caller_identity.current",
            "data.aws_region.current",
            "module.dag_trigger_lambda.aws_iam_policy.additional_inline",
            "module.dag_trigger_lambda.aws_iam_role.lambda",
            "module.dag_trigger_lambda.data.aws_iam_policy_document.additional_inline",
            "module.dag_trigger_lambda.data.aws_iam_policy_document.assume_role",
            "module.mwaa.aws_iam_role.mwaa",
            "module.mwaa.aws_mwaa_environment.mwaa",
            "module.mwaa.aws_s3_bucket.mwaa",
            "module.mwaa.aws_security_group.mwaa",
            "module.mwaa.data.aws_caller_identity.current",
            "module.mwaa.data.aws_iam_policy_document.mwaa_assume",
            "module.mwaa_bucket.aws_s3_bucket.this",
            "module.vpc.aws_subnet.private",
            "module.vpc.aws_vpc.this",
            "module.vpc.aws_vpc_ipv4_cidr_block_association.this"
          ]
        }
      ]
    },
    {
      "module": "module.dag_trigger_lambda",
      "mode": "managed",
      "type": "aws_iam_role_policy_attachment",
      "name": "logs",
      "provider": "provider[\"registry.terraform.io/hashicorp/aws\"]",
      "instances": [
        {
          "index_key": 0,
          "schema_version": 0,
          "attributes": {
            "id": "dag-trigger-lambda-20260127115353439200000008",
            "policy_arn": "arn:aws:iam::000000000000:policy/dag-trigger-lambda-logs",
            "role": "dag-trigger-lambda"
          },
          "sensitive_attributes": [],
          "identity_schema_version": 0,
          "private": "bnVsbA==",
          "dependencies": [
            "module.dag_trigger_lambda.aws_cloudwatch_log_group.lambda",
            "module.dag_trigger_lambda.aws_iam_policy.logs",
            "module.dag_trigger_lambda.aws_iam_role.lambda",
            "module.dag_trigger_lambda.data.aws_arn.log_group_arn",
            "module.dag_trigger_lambda.data.aws_cloudwatch_log_group.lambda",
            "module.dag_trigger_lambda.data.aws_iam_policy_document.assume_role",
            "module.dag_trigger_lambda.data.aws_iam_policy_document.logs"
          ]
        }
      ]
    },
    {
      "module": "module.dag_trigger_lambda",
      "mode": "managed",
      "type": "aws_lambda_function",
      "name": "this",
      "provider": "provider[\"registry.terraform.io/hashicorp/aws\"]",
      "instances": [
        {
          "index_key": 0,
          "schema_version": 0,
          "attributes": {
            "architectures": [
              "x86_64"
            ],
            "arn": "arn:aws:lambda:us-east-1:000000000000:function:dag-trigger-lambda",
            "code_sha256": "Or6faEmNztj2hkzJXQajUnzPKi5bBL9dGp92IzA6ik8=",
            "code_signing_config_arn": "",
            "dead_letter_config": [],
            "description": "Lambda to trigger DAG",
            "environment": [
              {
                "variables": {
                  "ACCOUNT_ID": "000000000000",
                  "LOG_LEVEL": "DEBUG",
                  "MWAA_ENV_NAME": "mwaa-serverless-land"
                }
              }
            ],
            "ephemeral_storage": [
              {
                "size": 512
              }
            ],
            "file_system_config": [],
            "filename": "builds/e9eec75a0cec7ebf92e4b02b775b3b44299ee11376c4a3b2cab9ca5a835297e4.zip",
            "function_name": "dag-trigger-lambda",
            "handler": "index.lambda_handler",
            "id": "dag-trigger-lambda",
            "image_config": [],
            "image_uri": "",
            "invoke_arn": "arn:aws:apigateway:us-east-1:lambda:path/2015-03-31/functions/arn:aws:lambda:us-east-1:000000000000:function:dag-trigger-lambda/invocations",
            "kms_key_arn": "",
            "last_modified": "2026-01-27T11:54:09.816011+0000",
            "layers": null,
            "logging_config": [
              {
                "application_log_level": "",
                "log_format": "Text",
                "log_group": "/aws/lambda/dag-trigger-lambda",
                "system_log_level": ""
              }
            ],
            "memory_size": 128,
            "package_type": "Zip",
            "publish": false,
            "qualified_arn": "arn:aws:lambda:us-east-1:000000000000:function:dag-trigger-lambda:$LATEST",
            "qualified_invoke_arn": "arn:aws:apigateway:us-east-1:lambda:path/2015-03-31/functions/arn:aws:lambda:us-east-1:000000000000:function:dag-trigger-lambda:$LATEST/invocations",
            "replace_security_groups_on_destroy": null,
            "replacement_security_group_ids": null,
            "reserved_concurrent_executions": -1,
            "role": "arn:aws:iam::000000000000:role/dag-trigger-lambda",
            "runtime": "python3.12",
            "s3_bucket": null,
            "s3_key": null,
            "s3_object_version": null,
            "signing_job_arn": "",
            "signing_profile_version_arn": "",
            "skip_destroy": false,
            "snap_start": [],
            "source_code_hash": "",
            "source_code_size": 1773,
            "tags": {
              "Category": "Pattern",
              "Domain": "Serverless",
              "Project": "Trigger MWAA DAG using S3 Events",
              "URL": "https://serverlessland.com/"
            },
            "tags_all": {
              "Category": "Pattern",
              "Domain": "Serverless",
              "Project": "Trigger MWAA DAG using S3 Events",
              "URL": "https://serverlessland.com/"
            },
            "timeout": 30,
            "timeouts": null,
            "tracing_config": [
              {
                "mode": "Active"
              }
            ],
            "version": "$LATEST",
            "vpc_config": []
          },
          "sensitive_attributes": [],
          "identity_schema_version": 0,
          "private": "eyJlMmJmYjczMC1lY2FhLTExZTYtOGY4OC0zNDM2M2JjN2M0YzAiOnsiY3JlYXRlIjo2MDAwMDAwMDAwMDAsImRlbGV0ZSI6NjAwMDAwMDAwMDAwLCJ1cGRhdGUiOjYwMDAwMDAwMDAwMH19",
          "dependencies": [
            "data.aws_availability_zones.available",
            "data.aws_caller_identity.current",
            "data.aws_region.current",
            "module.dag_trigger_lambda.aws_cloudwatch_log_group.lambda",
            "module.dag_trigger_lambda.aws_iam_policy.additional_inline",
            "module.dag_trigger_lambda.aws_iam_policy.additional_json",
            "module.dag_trigger_lambda.aws_iam_policy.additional_jsons",
            "module.dag_trigger_lambda.aws_iam_policy.async",
            "module.dag_trigger_lambda.aws_iam_policy.dead_letter",
            "module.dag_trigger_lambda.aws_iam_policy.logs",
            "module.dag_trigger_lambda.aws_iam_policy.tracing",
            "module.dag_trigger_lambda.aws_iam_policy.vpc",
            "module.dag_trigger_lambda.aws_iam_role.lambda",
            "module.dag_trigger_lambda.aws_iam_role_policy_attachment.additional_inline",
            "module.dag_trigger_lambda.aws_iam_role_policy_attachment.additional_json",
            "module.dag_trigger_lambda.aws_iam_role_policy_attachment.additional_jsons",
            "module.dag_trigger_lambda.aws_iam_role_policy_attachment.additional_many",
            "module.dag_trigger_lambda.aws_iam_role_policy_attachment.additional_one",
            "module.dag_trigger_lambda.aws_iam_role_policy_attachment.async",
            "module.dag_trigger_lambda.aws_iam_role_policy_attachment.dead_letter",
            "module.dag_trigger_lambda.aws_iam_role_policy_attachment.logs",
            "module.dag_trigger_lambda.aws_iam_role_policy_attachment.tracing",
            "module.dag_trigger_lambda.aws_iam_role_policy_attachment.vpc",
            "module.dag_trigger_lambda.aws_s3_object.lambda_package",
            "module.dag_trigger_lambda.data.aws_arn.log_group_arn",
            "module.dag_trigger_lambda.data.aws_cloudwatch_log_group.lambda",
            "module.dag_trigger_lambda.data.aws_iam_policy.tracing",
            "module.dag_trigger_lambda.data.aws_iam_policy.vpc",
            "module.dag_trigger_lambda.data.aws_iam_policy_document.additional_inline",
            "module.dag_trigger_lambda.data.aws_iam_policy_document.assume_role",
            "module.dag_trigger_lambda.data.aws_iam_policy_document.async",
            "module.dag_trigger_lambda.data.aws_iam_policy_document.dead_letter",
            "module.dag_trigger_lambda.data.aws_iam_policy_document.logs",
            "module.dag_trigger_lambda.data.aws_partition.current",
            "module.dag_trigger_lambda.data.external.archive_prepare",
            "module.dag_trigger_lambda.local_file.archive_plan",
            "module.dag_trigger_lambda.null_resource.archive",
            "module.mwaa.aws_iam_role.mwaa",
            "module.mwaa.aws_mwaa_environment.mwaa",
            "module.mwaa.aws_s3_bucket.mwaa",
            "module.mwaa.aws_security_group.mwaa",
            "module.mwaa.data.aws_caller_identity.current",
            "module.mwaa.data.aws_iam_policy_document.mwaa_assume",
            "module.mwaa_bucket.aws_s3_bucket.this",
            "module.vpc.aws_subnet.private",
            "module.vpc.aws_vpc.this",
            "module.vpc.aws_vpc_ipv4_cidr_block_association.this"
          ]
        }
      ]
    },
    {
      "module": "module.dag_trigger_lambda",
      "mode": "managed",
      "type": "local_file",
      "name": "archive_plan",
      "provider": "provider[\"registry.terraform.io/hashicorp/local\"]",
      "instances": [
        {
          "index_key": 0,
          "schema_version": 0,
          "attributes": {
            "content": "{\"filename\": \"builds/e9eec75a0cec7ebf92e4b02b775b3b44299ee11376c4a3b2cab9ca5a835297e4.zip\", \"runtime\": \"python3.12\", \"artifacts_dir\": \"builds\", \"build_plan\": [[\"zip\", \"./src/lambda/trigger-dag/\", null]]}",
            "content_base64": null,
            "content_base64sha256": "AFSsrZMAZrUroDS+bwmFx7T5rhs5zYzSS/POgc6yxAE=",
            "content_base64sha512": "OF6zpi0JP6cLhf+/f01O6+WbYZpqISOV9cW0047kVGBFIZ2ZK4BZfnvPFEAMqBamBSfu7kSgQ3c1qOZAtTf7NA==",
            "content_md5": "456ce9e5bb7463c64ca55844a84d62f9",
            "content_sha1": "c1058ebb2c3f8b0b2673f168e77c9f6e7352c12f",
            "content_sha256": "0054acad930066b52ba034be6f0985c7b4f9ae1b39cd8cd24bf3ce81ceb2c401",
            "content_sha512": "385eb3a62d093fa70b85ffbf7f4d4eebe59b619a6a212395f5c5b4d38ee4546045219d992b80597e7bcf14400ca816a60527eeee44a0437735a8e640b537fb34",
            "directory_permission": "0755",
            "file_permission": "0644",
            "filename": "builds/e9eec75a0cec7ebf92e4b02b775b3b44299ee11376c4a3b2cab9ca5a835297e4.plan.json",
            "id": "c1058ebb2c3f8b0b2673f168e77c9f6e7352c12f",
            "sensitive_content": null,
            "source": null
          },
          "sensitive_attributes": [
            [
              {
                "type": "get_attr",
                "value": "sensitive_content"
              }
            ]
          ],
          "identity_schema_version": 0,
          "dependencies": [
            "module.dag_trigger_lambda.data.external.archive_prepare"
          ]
        }
      ]
    },
    {
      "module": "module.dag_trigger_lambda",
      "mode": "managed",
      "type": "null_resource",
      "name": "archive",
      "provider": "provider[\"registry.terraform.io/hashicorp/null\"]",
      "instances": [
        {
          "index_key": 0,
          "schema_version": 0,
          "attributes": {
            "id": "8794148957593896559",
            "triggers": {
              "filename": "builds/e9eec75a0cec7ebf92e4b02b775b3b44299ee11376c4a3b2cab9ca5a835297e4.zip",
              "timestamp": "1769514829265116000"
            }
          },
          "sensitive_attributes": [],
          "identity_schema_version": 0,
          "dependencies": [
            "module.dag_trigger_lambda.data.external.archive_prepare",
            "module.dag_trigger_lambda.local_file.archive_plan"
          ]
        }
      ]
    },
    {
      "module": "module.input_bucket",
      "mode": "data",
      "type": "aws_caller_identity",
      "name": "current",
      "provider": "provider[\"registry.terraform.io/hashicorp/aws\"]",
      "instances": [
        {
          "schema_version": 0,
          "attributes": {
            "account_id": "000000000000",
            "arn": "arn:aws:iam::000000000000:root",
            "id": "000000000000",
            "user_id": "AKIAIOSFODNN7EXAMPLE"
          },
          "sensitive_attributes": [],
          "identity_schema_version": 0
        }
      ]
    },
    {
      "module": "module.input_bucket",
      "mode": "data",
      "type": "aws_canonical_user_id",
      "name": "this",
      "provider": "provider[\"registry.terraform.io/hashicorp/aws\"]",
      "instances": [
        {
          "index_key": 0,
          "schema_version": 0,
          "attributes": {
            "display_name": "webfile",
            "id": "75aa57f09aa0c8caeab4f8c24e99d10f8e7faeebf76c078efc7c6caea54ba06a"
          },
          "sensitive_attributes": [],
          "identity_schema_version": 0
        }
      ]
    },
    {
      "module": "module.input_bucket",
      "mode": "data",
      "type": "aws_iam_policy_document",
      "name": "combined",
      "provider": "provider[\"registry.terraform.io/hashicorp/aws\"]",
      "instances": [
        {
          "index_key": 0,
          "schema_version": 0,
          "attributes": {
            "id": "1261914102",
            "json": "{\n  \"Version\": \"2012-10-17\",\n  \"Statement\": [\n    {\n      \"Sid\": \"denyOutdatedTLS\",\n      \"Effect\": \"Deny\",\n      \"Action\": \"s3:*\",\n      \"Resource\": [\n        \"arn:aws:s3:::input-us-east-1-000000000000/*\",\n        \"arn:aws:s3:::input-us-east-1-000000000000\"\n      ],\n      \"Principal\": \"*\",\n      \"Condition\": {\n        \"NumericLessThan\": {\n          \"s3:TlsVersion\": \"1.2\"\n        }\n      }\n    },\n    {\n      \"Sid\": \"denyInsecureTransport\",\n      \"Effect\": \"Deny\",\n      \"Action\": \"s3:*\",\n      \"Resource\": [\n        \"arn:aws:s3:::input-us-east-1-000000000000/*\",\n        \"arn:aws:s3:::input-us-east-1-000000000000\"\n      ],\n      \"Principal\": \"*\",\n      \"Condition\": {\n        \"Bool\": {\n          \"aws:SecureTransport\": \"false\"\n        }\n      }\n    },\n    {\n      \"Sid\": \"denyIncorrectEncryptionHeaders\",\n      \"Effect\": \"Deny\",\n      \"Action\": \"s3:PutObject\",\n      \"Resource\": \"arn:aws:s3:::input-us-east-1-000000000000/*\",\n      \"Principal\": \"*\",\n      \"Condition\": {\n        \"StringNotEquals\": {\n          \"s3:x-amz-server-side-encryption\": \"AES256\"\n        }\n      }\n    }\n  ]\n}",
            "minified_json": "{\"Version\":\"2012-10-17\",\"Statement\":[{\"Sid\":\"denyOutdatedTLS\",\"Effect\":\"Deny\",\"Action\":\"s3:*\",\"Resource\":[\"arn:aws:s3:::input-us-east-1-000000000000/*\",\"arn:aws:s3:::input-us-east-1-000000000000\"],\"Principal\":\"*\",\"Condition\":{\"NumericLessThan\":{\"s3:TlsVersion\":\"1.2\"}}},{\"Sid\":\"denyInsecureTransport\",\"Effect\":\"Deny\",\"Action\":\"s3:*\",\"Resource\":[\"arn:aws:s3:::input-us-east-1-000000000000/*\",\"arn:aws:s3:::input-us-east-1-000000000000\"],\"Principal\":\"*\",\"Condition\":{\"Bool\":{\"aws:SecureTransport\":\"false\"}}},{\"Sid\":\"denyIncorrectEncryptionHeaders\",\"Effect\":\"Deny\",\"Action\":\"s3:PutObject\",\"Resource\":\"arn:aws:s3:::input-us-east-1-000000000000/*\",\"Principal\":\"*\",\"Condition\":{\"StringNotEquals\":{\"s3:x-amz-server-side-encryption\":\"AES256\"}}}]}",
            "override_json": null,
            "override_policy_documents": null,
            "policy_id": null,
            "source_json": null,
            "source_policy_documents": [
              "{\n  \"Version\": \"2012-10-17\",\n  \"Statement\": [\n    {\n      \"Sid\": \"denyOutdatedTLS\",\n      \"Effect\": \"Deny\",\n      \"Action\": \"s3:*\",\n      \"Resource\": [\n        \"arn:aws:s3:::input-us-east-1-000000000000/*\",\n        \"arn:aws:s3:::input-us-east-1-000000000000\"\n      ],\n      \"Principal\": \"*\",\n      \"Condition\": {\n        \"NumericLessThan\": {\n          \"s3:TlsVersion\": \"1.2\"\n        }\n      }\n    }\n  ]\n}",
              "{\n  \"Version\": \"2012-10-17\",\n  \"Statement\": [\n    {\n      \"Sid\": \"denyInsecureTransport\",\n      \"Effect\": \"Deny\",\n      \"Action\": \"s3:*\",\n      \"Resource\": [\n        \"arn:aws:s3:::input-us-east-1-000000000000/*\",\n        \"arn:aws:s3:::input-us-east-1-000000000000\"\n      ],\n      \"Principal\": \"*\",\n      \"Condition\": {\n        \"Bool\": {\n          \"aws:SecureTransport\": \"false\"\n        }\n      }\n    }\n  ]\n}",
              "{\n  \"Version\": \"2012-10-17\",\n  \"Statement\": [\n    {\n      \"Sid\": \"denyIncorrectEncryptionHeaders\",\n      \"Effect\": \"Deny\",\n      \"Action\": \"s3:PutObject\",\n      \"Resource\": \"arn:aws:s3:::input-us-east-1-000000000000/*\",\n      \"Principal\": \"*\",\n      \"Condition\": {\n        \"StringNotEquals\": {\n          \"s3:x-amz-server-side-encryption\": \"AES256\"\n        }\n      }\n    }\n  ]\n}"
            ],
            "statement": null,
            "version": "2012-10-17"
          },
          "sensitive_attributes": [],
          "identity_schema_version": 0
        }
      ]
    },
    {
      "module": "module.input_bucket",
      "mode": "data",
      "type": "aws_iam_policy_document",
      "name": "deny_incorrect_encryption_headers",
      "provider": "provider[\"registry.terraform.io/hashicorp/aws\"]",
      "instances": [
        {
          "index_key": 0,
          "schema_version": 0,
          "attributes": {
            "id": "2169995348",
            "json": "{\n  \"Version\": \"2012-10-17\",\n  \"Statement\": [\n    {\n      \"Sid\": \"denyIncorrectEncryptionHeaders\",\n      \"Effect\": \"Deny\",\n      \"Action\": \"s3:PutObject\",\n      \"Resource\": \"arn:aws:s3:::input-us-east-1-000000000000/*\",\n      \"Principal\": \"*\",\n      \"Condition\": {\n        \"StringNotEquals\": {\n          \"s3:x-amz-server-side-encryption\": \"AES256\"\n        }\n      }\n    }\n  ]\n}",
            "minified_json": "{\"Version\":\"2012-10-17\",\"Statement\":[{\"Sid\":\"denyIncorrectEncryptionHeaders\",\"Effect\":\"Deny\",\"Action\":\"s3:PutObject\",\"Resource\":\"arn:aws:s3:::input-us-east-1-000000000000/*\",\"Principal\":\"*\",\"Condition\":{\"StringNotEquals\":{\"s3:x-amz-server-side-encryption\":\"AES256\"}}}]}",
            "override_json": null,
            "override_policy_documents": null,
            "policy_id": null,
            "source_json": null,
            "source_policy_documents": null,
            "statement": [
              {
                "actions": [
                  "s3:PutObject"
                ],
                "condition": [
                  {
                    "test": "StringNotEquals",
                    "values": [
                      "AES256"
                    ],
                    "variable": "s3:x-amz-server-side-encryption"
                  }
                ],
                "effect": "Deny",
                "not_actions": [],
                "not_principals": [],
                "not_resources": [],
                "principals": [
                  {
                    "identifiers": [
                      "*"
                    ],
                    "type": "*"
                  }
                ],
                "resources": [
                  "arn:aws:s3:::input-us-east-1-000000000000/*"
                ],
                "sid": "denyIncorrectEncryptionHeaders"
              }
            ],
            "version": "2012-10-17"
          },
          "sensitive_attributes": [],
          "identity_schema_version": 0
        }
      ]
    },
    {
      "module": "module.input_bucket",
      "mode": "data",
      "type": "aws_iam_policy_document",
      "name": "deny_insecure_transport",
      "provider": "provider[\"registry.terraform.io/hashicorp/aws\"]",
      "instances": [
        {
          "index_key": 0,
          "schema_version": 0,
          "attributes": {
            "id": "1167749713",
            "json": "{\n  \"Version\": \"2012-10-17\",\n  \"Statement\": [\n    {\n      \"Sid\": \"denyInsecureTransport\",\n      \"Effect\": \"Deny\",\n      \"Action\": \"s3:*\",\n      \"Resource\": [\n        \"arn:aws:s3:::input-us-east-1-000000000000/*\",\n        \"arn:aws:s3:::input-us-east-1-000000000000\"\n      ],\n      \"Principal\": \"*\",\n      \"Condition\": {\n        \"Bool\": {\n          \"aws:SecureTransport\": \"false\"\n        }\n      }\n    }\n  ]\n}",
            "minified_json": "{\"Version\":\"2012-10-17\",\"Statement\":[{\"Sid\":\"denyInsecureTransport\",\"Effect\":\"Deny\",\"Action\":\"s3:*\",\"Resource\":[\"arn:aws:s3:::input-us-east-1-000000000000/*\",\"arn:aws:s3:::input-us-east-1-000000000000\"],\"Principal\":\"*\",\"Condition\":{\"Bool\":{\"aws:SecureTransport\":\"false\"}}}]}",
            "override_json": null,
            "override_policy_documents": null,
            "policy_id": null,
            "source_json": null,
            "source_policy_documents": null,
            "statement": [
              {
                "actions": [
                  "s3:*"
                ],
                "condition": [
                  {
                    "test": "Bool",
                    "values": [
                      "false"
                    ],
                    "variable": "aws:SecureTransport"
                  }
                ],
                "effect": "Deny",
                "not_actions": [],
                "not_principals": [],
                "not_resources": [],
                "principals": [
                  {
                    "identifiers": [
                      "*"
                    ],
                    "type": "*"
                  }
                ],
                "resources": [
                  "arn:aws:s3:::input-us-east-1-000000000000",
                  "arn:aws:s3:::input-us-east-1-000000000000/*"
                ],
                "sid": "denyInsecureTransport"
              }
            ],
            "version": "2012-10-17"
          },
          "sensitive_attributes": [],
          "identity_schema_version": 0
        }
      ]
    },
    {
      "module": "module.input_bucket",
      "mode": "data",
      "type": "aws_iam_policy_document",
      "name": "require_latest_tls",
      "provider": "provider[\"registry.terraform.io/hashicorp/aws\"]",
      "instances": [
        {
          "index_key": 0,
          "schema_version": 0,
          "attributes": {
            "id": "1675079259",
            "json": "{\n  \"Version\": \"2012-10-17\",\n  \"Statement\": [\n    {\n      \"Sid\": \"denyOutdatedTLS\",\n      \"Effect\": \"Deny\",\n      \"Action\": \"s3:*\",\n      \"Resource\": [\n        \"arn:aws:s3:::input-us-east-1-000000000000/*\",\n        \"arn:aws:s3:::input-us-east-1-000000000000\"\n      ],\n      \"Principal\": \"*\",\n      \"Condition\": {\n        \"NumericLessThan\": {\n          \"s3:TlsVersion\": \"1.2\"\n        }\n      }\n    }\n  ]\n}",
            "minified_json": "{\"Version\":\"2012-10-17\",\"Statement\":[{\"Sid\":\"denyOutdatedTLS\",\"Effect\":\"Deny\",\"Action\":\"s3:*\",\"Resource\":[\"arn:aws:s3:::input-us-east-1-000000000000/*\",\"arn:aws:s3:::input-us-east-1-000000000000\"],\"Principal\":\"*\",\"Condition\":{\"NumericLessThan\":{\"s3:TlsVersion\":\"1.2\"}}}]}",
            "override_json": null,
            "override_policy_documents": null,
            "policy_id": null,
            "source_json": null,
            "source_policy_documents": null,
            "statement": [
              {
                "actions": [
                  "s3:*"
                ],
                "condition": [
                  {
                    "test": "NumericLessThan",
                    "values": [
                      "1.2"
                    ],
                    "variable": "s3:TlsVersion"
                  }
                ],
                "effect": "Deny",
                "not_actions": [],
                "not_principals": [],
                "not_resources": [],
                "principals": [
                  {
                    "identifiers": [
                      "*"
                    ],
                    "type": "*"
                  }
                ],
                "resources": [
                  "arn:aws:s3:::input-us-east-1-000000000000",
                  "arn:aws:s3:::input-us-east-1-000000000000/*"
                ],
                "sid": "denyOutdatedTLS"
              }
            ],
            "version": "2012-10-17"
          },
          "sensitive_attributes": [],
          "identity_schema_version": 0
        }
      ]
    },
    {
      "module": "module.input_bucket",
      "mode": "data",
      "type": "aws_partition",
      "name": "current",
      "provider": "provider[\"registry.terraform.io/hashicorp/aws\"]",
      "instances": [
        {
          "schema_version": 0,
          "attributes": {
            "dns_suffix": "amazonaws.com",
            "id": "aws",
            "partition": "aws",
            "reverse_dns_prefix": "com.amazonaws"
          },
          "sensitive_attributes": [],
          "identity_schema_version": 0
        }
      ]
    },
    {
      "module": "module.input_bucket",
      "mode": "data",
      "type": "aws_region",
      "name": "current",
      "provider": "provider[\"registry.terraform.io/hashicorp/aws\"]",
      "instances": [
        {
          "schema_version": 0,
          "attributes": {
            "description": "US East (N. Virginia)",
            "endpoint": "ec2.us-east-1.amazonaws.com",
            "id": "us-east-1",
            "name": "us-east-1"
          },
          "sensitive_attributes": [],
          "identity_schema_version": 0
        }
      ]
    },
    {
      "module": "module.input_bucket",
      "mode": "managed",
      "type": "aws_s3_bucket",
      "name": "this",
      "provider": "provider[\"registry.terraform.io/hashicorp/aws\"]",
      "instances": [
        {
          "index_key": 0,
          "schema_version": 0,
          "attributes": {
            "acceleration_status": "",
            "acl": null,
            "arn": "arn:aws:s3:::input-us-east-1-000000000000",
            "bucket": "input-us-east-1-000000000000",
            "bucket_domain_name": "input-us-east-1-000000000000.s3.amazonaws.com",
            "bucket_prefix": "",
            "bucket_regional_domain_name": "input-us-east-1-000000000000.s3.us-east-1.amazonaws.com",
            "cors_rule": [],
            "force_destroy": true,
            "grant": [
              {
                "id": "75aa57f09aa0c8caeab4f8c24e99d10f8e7faeebf76c078efc7c6caea54ba06a",
                "permissions": [
                  "FULL_CONTROL"
                ],
                "type": "CanonicalUser",
                "uri": ""
              }
            ],
            "hosted_zone_id": "Z3AQBSTGFYJSTF",
            "id": "input-us-east-1-000000000000",
            "lifecycle_rule": [],
            "logging": [],
            "object_lock_configuration": [],
            "object_lock_enabled": false,
            "policy": "",
            "region": "us-east-1",
            "replication_configuration": [],
            "request_payer": "BucketOwner",
            "server_side_encryption_configuration": [
              {
                "rule": [
                  {
                    "apply_server_side_encryption_by_default": [
                      {
                        "kms_master_key_id": "",
                        "sse_algorithm": "AES256"
                      }
                    ],
                    "bucket_key_enabled": false
                  }
                ]
              }
            ],
            "tags": {
              "Category": "Pattern",
              "Domain": "Serverless",
              "Project": "Trigger MWAA DAG using S3 Events",
              "URL": "https://serverlessland.com/"
            },
            "tags_all": {
              "Category": "Pattern",
              "Domain": "Serverless",
              "Project": "Trigger MWAA DAG using S3 Events",
              "URL": "https://serverlessland.com/"
            },
            "timeouts": null,
            "versioning": [
              {
                "enabled": false,
                "mfa_delete": false
              }
            ],
            "website": [],
            "website_domain": null,
            "website_endpoint": null
          },
          "sensitive_attributes": [],
          "identity_schema_version": 0,
          "private": "eyJlMmJmYjczMC1lY2FhLTExZTYtOGY4OC0zNDM2M2JjN2M0YzAiOnsiY3JlYXRlIjoxMjAwMDAwMDAwMDAwLCJkZWxldGUiOjM2MDAwMDAwMDAwMDAsInJlYWQiOjEyMDAwMDAwMDAwMDAsInVwZGF0ZSI6MTIwMDAwMDAwMDAwMH19",
          "dependencies": [
            "data.aws_caller_identity.current",
            "data.aws_region.current"
          ]
        }
      ]
    },
    {
      "module": "module.input_bucket",
      "mode": "managed",
      "type": "aws_s3_bucket_acl",
      "name": "this",
      "provider": "provider[\"registry.terraform.io/hashicorp/aws\"]",
      "instances": [
        {
          "index_key": 0,
          "schema_version": 0,
          "attributes": {
            "access_control_policy": [
              {
                "grant": [
                  {
                    "grantee": [
                      {
                        "display_name": "webfile",
                        "email_address": "",
                        "id": "75aa57f09aa0c8caeab4f8c24e99d10f8e7faeebf76c078efc7c6caea54ba06a",
                        "type": "CanonicalUser",
                        "uri": ""
                      }
                    ],
                    "permission": "FULL_CONTROL"
                  }
                ],
                "owner": [
                  {
                    "display_name": "webfile",
                    "id": "75aa57f09aa0c8caeab4f8c24e99d10f8e7faeebf76c078efc7c6caea54ba06a"
                  }
                ]
              }
            ],
            "acl": "private",
            "bucket": "input-us-east-1-000000000000",
            "expected_bucket_owner": "",
            "id": "input-us-east-1-000000000000,private"
          },
          "sensitive_attributes": [],
          "identity_schema_version": 0,
          "private": "bnVsbA==",
          "dependencies": [
            "data.aws_caller_identity.current",
            "data.aws_region.current",
            "module.input_bucket.aws_s3_bucket.this",
            "module.input_bucket.aws_s3_bucket_ownership_controls.this",
            "module.input_bucket.aws_s3_bucket_policy.this",
            "module.input_bucket.aws_s3_bucket_public_access_block.this",
            "module.input_bucket.data.aws_caller_identity.current",
            "module.input_bucket.data.aws_canonical_user_id.this",
            "module.input_bucket.data.aws_iam_policy_document.access_log_delivery",
            "module.input_bucket.data.aws_iam_policy_document.combined",
            "module.input_bucket.data.aws_iam_policy_document.deny_incorrect_encryption_headers",
            "module.input_bucket.data.aws_iam_policy_document.deny_incorrect_kms_key_sse",
            "module.input_bucket.data.aws_iam_policy_document.deny_insecure_transport",
            "module.input_bucket.data.aws_iam_policy_document.deny_unencrypted_object_uploads",
            "module.input_bucket.data.aws_iam_policy_document.elb_log_delivery",
            "module.input_bucket.data.aws_iam_policy_document.inventory_and_analytics_destination_policy",
            "module.input_bucket.data.aws_iam_policy_document.lb_log_delivery",
            "module.input_bucket.data.aws_iam_policy_document.require_latest_tls",
            "module.input_bucket.data.aws_partition.current",
            "module.input_bucket.data.aws_region.current"
          ]
        }
      ]
    },
    {
      "module": "module.input_bucket",
      "mode": "managed",
      "type": "aws_s3_bucket_ownership_controls",
      "name": "this",
      "provider": "provider[\"registry.terraform.io/hashicorp/aws\"]",
      "instances": [
        {
          "index_key": 0,
          "schema_version": 0,
          "attributes": {
            "bucket": "input-us-east-1-000000000000",
            "id": "input-us-east-1-000000000000",
            "rule": [
              {
                "object_ownership": "BucketOwnerPreferred"
              }
            ]
          },
          "sensitive_attributes": [],
          "identity_schema_version": 0,
          "private": "bnVsbA==",
          "dependencies": [
            "data.aws_caller_identity.current",
            "data.aws_region.current",
            "module.input_bucket.aws_s3_bucket.this",
            "module.input_bucket.aws_s3_bucket_policy.this",
            "module.input_bucket.aws_s3_bucket_public_access_block.this",
            "module.input_bucket.data.aws_caller_identity.current",
            "module.input_bucket.data.aws_iam_policy_document.access_log_delivery",
            "module.input_bucket.data.aws_iam_policy_document.combined",
            "module.input_bucket.data.aws_iam_policy_document.deny_incorrect_encryption_headers",
            "module.input_bucket.data.aws_iam_policy_document.deny_incorrect_kms_key_sse",
            "module.input_bucket.data.aws_iam_policy_document.deny_insecure_transport",
            "module.input_bucket.data.aws_iam_policy_document.deny_unencrypted_object_uploads",
            "module.input_bucket.data.aws_iam_policy_document.elb_log_delivery",
            "module.input_bucket.data.aws_iam_policy_document.inventory_and_analytics_destination_policy",
            "module.input_bucket.data.aws_iam_policy_document.lb_log_delivery",
            "module.input_bucket.data.aws_iam_policy_document.require_latest_tls",
            "module.input_bucket.data.aws_partition.current",
            "module.input_bucket.data.aws_region.current"
          ]
        }
      ]
    },
    {
      "module": "module.input_bucket",
      "mode": "managed",
      "type": "aws_s3_bucket_policy",
      "name": "this",
      "provider": "provider[\"registry.terraform.io/hashicorp/aws\"]",
      "instances": [
        {
          "index_key": 0,
          "schema_version": 0,
          "attributes": {
            "bucket": "input-us-east-1-000000000000",
            "id": "input-us-east-1-000000000000",
            "policy": "{\"Statement\":[{\"Action\":\"s3:*\",\"Condition\":{\"NumericLessThan\":{\"s3:TlsVersion\":\"1.2\"}},\"Effect\":\"Deny\",\"Principal\":\"*\",\"Resource\":[\"arn:aws:s3:::input-us-east-1-000000000000/*\",\"arn:aws:s3:::input-us-east-1-000000000000\"],\"Sid\":\"denyOutdatedTLS\"},{\"Action\":\"s3:*\",\"Condition\":{\"Bool\":{\"aws:SecureTransport\":\"false\"}},\"Effect\":\"Deny\",\"Principal\":\"*\",\"Resource\":[\"arn:aws:s3:::input-us-east-1-000000000000/*\",\"arn:aws:s3:::input-us-east-1-000000000000\"],\"Sid\":\"denyInsecureTransport\"},{\"Action\":\"s3:PutObject\",\"Condition\":{\"StringNotEquals\":{\"s3:x-amz-server-side-encryption\":\"AES256\"}},\"Effect\":\"Deny\",\"Principal\":\"*\",\"Resource\":\"arn:aws:s3:::input-us-east-1-000000000000/*\",\"Sid\":\"denyIncorrectEncryptionHeaders\"}],\"Version\":\"2012-10-17\"}"
          },
          "sensitive_attributes": [],
          "identity_schema_version": 0,
          "private": "bnVsbA==",
          "dependencies": [
            "data.aws_caller_identity.current",
            "data.aws_region.current",
            "module.input_bucket.aws_s3_bucket.this",
            "module.input_bucket.aws_s3_bucket_public_access_block.this",
            "module.input_bucket.data.aws_caller_identity.current",
            "module.input_bucket.data.aws_iam_policy_document.access_log_delivery",
            "module.input_bucket.data.aws_iam_policy_document.combined",
            "module.input_bucket.data.aws_iam_policy_document.deny_incorrect_encryption_headers",
            "module.input_bucket.data.aws_iam_policy_document.deny_incorrect_kms_key_sse",
            "module.input_bucket.data.aws_iam_policy_document.deny_insecure_transport",
            "module.input_bucket.data.aws_iam_policy_document.deny_unencrypted_object_uploads",
            "module.input_bucket.data.aws_iam_policy_document.elb_log_delivery",
            "module.input_bucket.data.aws_iam_policy_document.inventory_and_analytics_destination_policy",
            "module.input_bucket.data.aws_iam_policy_document.lb_log_delivery",
            "module.input_bucket.data.aws_iam_policy_document.require_latest_tls",
            "module.input_bucket.data.aws_partition.current",
            "module.input_bucket.data.aws_region.current"
          ]
        }
      ]
    },
    {
      "module": "module.input_bucket",
      "mode": "managed",
      "type": "aws_s3_bucket_public_access_block",
      "name": "this",
      "provider": "provider[\"registry.terraform.io/hashicorp/aws\"]",
      "instances": [
        {
          "index_key": 0,
          "schema_version": 0,
          "attributes": {
            "block_public_acls": true,
            "block_public_policy": true,
            "bucket": "input-us-east-1-000000000000",
            "id": "input-us-east-1-000000000000",
            "ignore_public_acls": true,
            "restrict_public_buckets": true
          },
          "sensitive_attributes": [],
          "identity_schema_version": 0,
          "private": "bnVsbA==",
          "dependencies": [
            "data.aws_caller_identity.current",
            "data.aws_region.current",
            "module.input_bucket.aws_s3_bucket.this"
          ]
        }
      ]
    },
    {
      "module": "module.input_bucket",
      "mode": "managed",
      "type": "aws_s3_bucket_server_side_encryption_configuration",
      "name": "this",
      "provider": "provider[\"registry.terraform.io/hashicorp/aws\"]",
      "instances": [
        {
          "index_key": 0,
          "schema_version": 0,
          "attributes": {
            "bucket": "input-us-east-1-000000000000",
            "expected_bucket_owner": "",
            "id": "input-us-east-1-000000000000",
            "rule": [
              {
                "apply_server_side_encryption_by_default": [
                  {
                    "kms_master_key_id": "",
                    "sse_algorithm": "AES256"
                  }
                ],
                "bucket_key_enabled": null
              }
            ]
          },
          "sensitive_attributes": [],
          "identity_schema_version": 0,
          "private": "bnVsbA==",
          "dependencies": [
            "data.aws_caller_identity.current",
            "data.aws_region.current",
            "module.input_bucket.aws_s3_bucket.this"
          ]
        }
      ]
    },
    {
      "module": "module.input_bucket",
      "mode": "managed",
      "type": "aws_s3_bucket_versioning",
      "name": "this",
      "provider": "provider[\"registry.terraform.io/hashicorp/aws\"]",
      "instances": [
        {
          "index_key": 0,
          "schema_version": 0,
          "attributes": {
            "bucket": "input-us-east-1-000000000000",
            "expected_bucket_owner": "",
            "id": "input-us-east-1-000000000000",
            "mfa": null,
            "versioning_configuration": [
              {
                "mfa_delete": "",
                "status": "Enabled"
              }
            ]
          },
          "sensitive_attributes": [],
          "identity_schema_version": 0,
          "private": "bnVsbA==",
          "dependencies": [
            "data.aws_caller_identity.current",
            "data.aws_region.current",
            "module.input_bucket.aws_s3_bucket.this"
          ]
        }
      ]
    },
    {
      "module": "module.mwaa",
      "mode": "data",
      "type": "aws_caller_identity",
      "name": "current",
      "provider": "provider[\"registry.terraform.io/hashicorp/aws\"]",
      "instances": [
        {
          "schema_version": 0,
          "attributes": {
            "account_id": "000000000000",
            "arn": "arn:aws:iam::000000000000:root",
            "id": "000000000000",
            "user_id": "AKIAIOSFODNN7EXAMPLE"
          },
          "sensitive_attributes": [],
          "identity_schema_version": 0
        }
      ]
    },
    {
      "module": "module.mwaa",
      "mode": "data",
      "type": "aws_iam_policy_document",
      "name": "mwaa",
      "provider": "provider[\"registry.terraform.io/hashicorp/aws\"]",
      "instances": [
        {
          "schema_version": 0,
          "attributes": {
            "id": "3001004332",
            "json": "{\n  \"Version\": \"2012-10-17\",\n  \"Statement\": [\n    {\n      \"Effect\": \"Allow\",\n      \"Action\": [\n        \"airflow:PublishMetrics\",\n        \"airflow:CreateWebLoginToken\"\n      ],\n      \"Resource\": \"arn:aws:airflow:us-east-1:000000000000:environment/mwaa-serverless-land\"\n    },\n    {\n      \"Effect\": \"Allow\",\n      \"Action\": \"s3:*\",\n      \"Resource\": [\n        \"arn:aws:s3:::mwaa-src-us-east-1-000000000000/*\",\n        \"arn:aws:s3:::mwaa-src-us-east-1-000000000000\"\n      ]\n    },\n    {\n      \"Effect\": \"Allow\",\n      \"Action\": [\n        \"logs:PutLogEvents\",\n        \"logs:GetQueryResults\",\n        \"logs:GetLogRecord\",\n        \"logs:GetLogGroupFields\",\n        \"logs:GetLogEvents\",\n        \"logs:CreateLogStream\",\n        \"logs:CreateLogGroup\"\n      ],\n      \"Resource\": \"arn:aws:logs:us-east-1:000000000000:log-group:airflow-mwaa-serverless-land-*\"\n    },\n    {\n      \"Effect\": \"Allow\",\n      \"Action\": [\n        \"logs:DescribeLogGroups\",\n        \"eks:*\",\n        \"cloudwatch:PutMetricData\",\n        \"batch:ListJobs\",\n        \"batch:DescribeJobs\"\n      ],\n      \"Resource\": \"*\"\n    },\n    {\n      \"Effect\": \"Allow\",\n      \"Action\": [\n        \"sqs:SendMessage\",\n        \"sqs:ReceiveMessage\",\n        \"sqs:GetQueueUrl\",\n        \"sqs:GetQueueAttributes\",\n        \"sqs:DeleteMessage\",\n        \"sqs:ChangeMessageVisibility\"\n      ],\n      \"Resource\": \"arn:aws:sqs:us-east-1:*:airflow-celery-*\"\n    },\n    {\n      \"Effect\": \"Allow\",\n      \"Action\": [\n        \"kms:GenerateDataKey*\",\n        \"kms:Encrypt\",\n        \"kms:DescribeKey\",\n        \"kms:Decrypt\"\n      ],\n      \"NotResource\": \"arn:aws:kms:*:000000000000:key/*\",\n      \"Condition\": {\n        \"StringLike\": {\n          \"kms:ViaService\": \"sqs.us-east-1.amazonaws.com\"\n        }\n      }\n    },\n    {\n      \"Effect\": \"Allow\",\n      \"Action\": \"batch:*\",\n      \"Resource\": \"arn:aws:batch:*:000000000000:*\"\n    },\n    {\n      \"Effect\": \"Allow\",\n      \"Action\": \"ssm:*\",\n      \"Resource\": \"arn:aws:ssm:us-east-1:000000000000:parameter/*\"\n    },\n    {\n      \"Effect\": \"Allow\",\n      \"Action\": \"logs:*\",\n      \"Resource\": \"arn:aws:logs:us-east-1:000000000000:log-group:/aws/lambda/*\"\n    },\n    {\n      \"Effect\": \"Allow\",\n      \"Action\": \"cloudwatch:*\",\n      \"Resource\": \"arn:aws:logs:us-east-1:000000000000:log-group:/aws/lambda/*\"\n    }\n  ]\n}",
            "minified_json": "{\"Version\":\"2012-10-17\",\"Statement\":[{\"Effect\":\"Allow\",\"Action\":[\"airflow:PublishMetrics\",\"airflow:CreateWebLoginToken\"],\"Resource\":\"arn:aws:airflow:us-east-1:000000000000:environment/mwaa-serverless-land\"},{\"Effect\":\"Allow\",\"Action\":\"s3:*\",\"Resource\":[\"arn:aws:s3:::mwaa-src-us-east-1-000000000000/*\",\"arn:aws:s3:::mwaa-src-us-east-1-000000000000\"]},{\"Effect\":\"Allow\",\"Action\":[\"logs:PutLogEvents\",\"logs:GetQueryResults\",\"logs:GetLogRecord\",\"logs:GetLogGroupFields\",\"logs:GetLogEvents\",\"logs:CreateLogStream\",\"logs:CreateLogGroup\"],\"Resource\":\"arn:aws:logs:us-east-1:000000000000:log-group:airflow-mwaa-serverless-land-*\"},{\"Effect\":\"Allow\",\"Action\":[\"logs:DescribeLogGroups\",\"eks:*\",\"cloudwatch:PutMetricData\",\"batch:ListJobs\",\"batch:DescribeJobs\"],\"Resource\":\"*\"},{\"Effect\":\"Allow\",\"Action\":[\"sqs:SendMessage\",\"sqs:ReceiveMessage\",\"sqs:GetQueueUrl\",\"sqs:GetQueueAttributes\",\"sqs:DeleteMessage\",\"sqs:ChangeMessageVisibility\"],\"Resource\":\"arn:aws:sqs:us-east-1:*:airflow-celery-*\"},{\"Effect\":\"Allow\",\"Action\":[\"kms:GenerateDataKey*\",\"kms:Encrypt\",\"kms:DescribeKey\",\"kms:Decrypt\"],\"NotResource\":\"arn:aws:kms:*:000000000000:key/*\",\"Condition\":{\"StringLike\":{\"kms:ViaService\":\"sqs.us-east-1.amazonaws.com\"}}},{\"Effect\":\"Allow\",\"Action\":\"batch:*\",\"Resource\":\"arn:aws:batch:*:000000000000:*\"},{\"Effect\":\"Allow\",\"Action\":\"ssm:*\",\"Resource\":\"arn:aws:ssm:us-east-1:000000000000:parameter/*\"},{\"Effect\":\"Allow\",\"Action\":\"logs:*\",\"Resource\":\"arn:aws:logs:us-east-1:000000000000:log-group:/aws/lambda/*\"},{\"Effect\":\"Allow\",\"Action\":\"cloudwatch:*\",\"Resource\":\"arn:aws:logs:us-east-1:000000000000:log-group:/aws/lambda/*\"}]}",
            "override_json": null,
            "override_policy_documents": null,
            "policy_id": null,
            "source_json": null,
            "source_policy_documents": null,
            "statement": [
              {
                "actions": [
                  "airflow:CreateWebLoginToken",
                  "airflow:PublishMetrics"
                ],
                "condition": [],
                "effect": "Allow",
                "not_actions": [],
                "not_principals": [],
                "not_resources": [],
                "principals": [],
                "resources": [
                  "arn:aws:airflow:us-east-1:000000000000:environment/mwaa-serverless-land"
                ],
                "sid": ""
              },
              {
                "actions": [
                  "s3:*"
                ],
                "condition": [],
                "effect": "Allow",
                "not_actions": [],
                "not_principals": [],
                "not_resources": [],
                "principals": [],
                "resources": [
                  "arn:aws:s3:::mwaa-src-us-east-1-000000000000",
                  "arn:aws:s3:::mwaa-src-us-east-1-000000000000/*"
                ],
                "sid": ""
              },
              {
                "actions": [
                  "logs:CreateLogGroup",
                  "logs:CreateLogStream",
                  "logs:GetLogEvents",
                  "logs:GetLogGroupFields",
                  "logs:GetLogRecord",
                  "logs:GetQueryResults",
                  "logs:PutLogEvents"
                ],
                "condition": [],
                "effect": "Allow",
                "not_actions": [],
                "not_principals": [],
                "not_resources": [],
                "principals": [],
                "resources": [
                  "arn:aws:logs:us-east-1:000000000000:log-group:airflow-mwaa-serverless-land-*"
                ],
                "sid": ""
              },
              {
                "actions": [
                  "batch:DescribeJobs",
                  "batch:ListJobs",
                  "cloudwatch:PutMetricData",
                  "eks:*",
                  "logs:DescribeLogGroups"
                ],
                "condition": [],
                "effect": "Allow",
                "not_actions": [],
                "not_principals": [],
                "not_resources": [],
                "principals": [],
                "resources": [
                  "*"
                ],
                "sid": ""
              },
              {
                "actions": [
                  "sqs:ChangeMessageVisibility",
                  "sqs:DeleteMessage",
                  "sqs:GetQueueAttributes",
                  "sqs:GetQueueUrl",
                  "sqs:ReceiveMessage",
                  "sqs:SendMessage"
                ],
                "condition": [],
                "effect": "Allow",
                "not_actions": [],
                "not_principals": [],
                "not_resources": [],
                "principals": [],
                "resources": [
                  "arn:aws:sqs:us-east-1:*:airflow-celery-*"
                ],
                "sid": ""
              },
              {
                "actions": [
                  "kms:Decrypt",
                  "kms:DescribeKey",
                  "kms:Encrypt",
                  "kms:GenerateDataKey*"
                ],
                "condition": [
                  {
                    "test": "StringLike",
                    "values": [
                      "sqs.us-east-1.amazonaws.com"
                    ],
                    "variable": "kms:ViaService"
                  }
                ],
                "effect": "Allow",
                "not_actions": [],
                "not_principals": [],
                "not_resources": [
                  "arn:aws:kms:*:000000000000:key/*"
                ],
                "principals": [],
                "resources": [],
                "sid": ""
              },
              {
                "actions": [
                  "batch:*"
                ],
                "condition": [],
                "effect": "Allow",
                "not_actions": [],
                "not_principals": [],
                "not_resources": [],
                "principals": [],
                "resources": [
                  "arn:aws:batch:*:000000000000:*"
                ],
                "sid": ""
              },
              {
                "actions": [
                  "ssm:*"
                ],
                "condition": [],
                "effect": "Allow",
                "not_actions": [],
                "not_principals": [],
                "not_resources": [],
                "principals": [],
                "resources": [
                  "arn:aws:ssm:us-east-1:000000000000:parameter/*"
                ],
                "sid": ""
              },
              {
                "actions": [
                  "logs:*"
                ],
                "condition": [],
                "effect": "Allow",
                "not_actions": [],
                "not_principals": [],
                "not_resources": [],
                "principals": [],
                "resources": [
                  "arn:aws:logs:us-east-1:000000000000:log-group:/aws/lambda/*"
                ],
                "sid": ""
              },
              {
                "actions": [
                  "cloudwatch:*"
                ],
                "condition": [],
                "effect": "Allow",
                "not_actions": [],
                "not_principals": [],
                "not_resources": [],
                "principals": [],
                "resources": [
                  "arn:aws:logs:us-east-1:000000000000:log-group:/aws/lambda/*"
                ],
                "sid": ""
              }
            ],
            "version": "2012-10-17"
          },
          "sensitive_attributes": [],
          "identity_schema_version": 0
        }
      ]
    },
    {
      "module": "module.mwaa",
      "mode": "data",
      "type": "aws_iam_policy_document",
      "name": "mwaa_assume",
      "provider": "provider[\"registry.terraform.io/hashicorp/aws\"]",
      "instances": [
        {
          "schema_version": 0,
          "attributes": {
            "id": "3602397390",
            "json": "{\n  \"Version\": \"2012-10-17\",\n  \"Statement\": [\n    {\n      \"Effect\": \"Allow\",\n      \"Action\": \"sts:AssumeRole\",\n      \"Principal\": {\n        \"Service\": [\n          \"s3.amazonaws.com\",\n          \"airflow-env.amazonaws.com\",\n          \"ssm.amazonaws.com\",\n          \"batch.amazonaws.com\",\n          \"lambda.amazonaws.com\",\n          \"airflow.amazonaws.com\"\n        ]\n      }\n    }\n  ]\n}",
            "minified_json": "{\"Version\":\"2012-10-17\",\"Statement\":[{\"Effect\":\"Allow\",\"Action\":\"sts:AssumeRole\",\"Principal\":{\"Service\":[\"s3.amazonaws.com\",\"airflow-env.amazonaws.com\",\"ssm.amazonaws.com\",\"batch.amazonaws.com\",\"lambda.amazonaws.com\",\"airflow.amazonaws.com\"]}}]}",
            "override_json": null,
            "override_policy_documents": null,
            "policy_id": null,
            "source_json": null,
            "source_policy_documents": null,
            "statement": [
              {
                "actions": [
                  "sts:AssumeRole"
                ],
                "condition": [],
                "effect": "Allow",
                "not_actions": [],
                "not_principals": [],
                "not_resources": [],
                "principals": [
                  {
                    "identifiers": [
                      "airflow-env.amazonaws.com"
                    ],
                    "type": "Service"
                  },
                  {
                    "identifiers": [
                      "airflow.amazonaws.com"
                    ],
                    "type": "Service"
                  },
                  {
                    "identifiers": [
                      "batch.amazonaws.com"
                    ],
                    "type": "Service"
                  },
                  {
                    "identifiers": [
                      "lambda.amazonaws.com"
                    ],
                    "type": "Service"
                  },
                  {
                    "identifiers": [
                      "s3.amazonaws.com"
                    ],
                    "type": "Service"
                  },
                  {
                    "identifiers": [
                      "ssm.amazonaws.com"
                    ],
                    "type": "Service"
                  }
                ],
                "resources": [],
                "sid": ""
              }
            ],
            "version": "2012-10-17"
          },
          "sensitive_attributes": [],
          "identity_schema_version": 0
        }
      ]
    },
    {
      "module": "module.mwaa",
      "mode": "data",
      "type": "aws_partition",
      "name": "current",
      "provider": "provider[\"registry.terraform.io/hashicorp/aws\"]",
      "instances": [
        {
          "schema_version": 0,
          "attributes": {
            "dns_suffix": "amazonaws.com",
            "id": "aws",
            "partition": "aws",
            "reverse_dns_prefix": "com.amazonaws"
          },
          "sensitive_attributes": [],
          "identity_schema_version": 0
        }
      ]
    },
    {
      "module": "module.mwaa",
      "mode": "data",
      "type": "aws_region",
      "name": "current",
      "provider": "provider[\"registry.terraform.io/hashicorp/aws\"]",
      "instances": [
        {
          "schema_version": 0,
          "attributes": {
            "description": "US East (N. Virginia)",
            "endpoint": "ec2.us-east-1.amazonaws.com",
            "id": "us-east-1",
            "name": "us-east-1"
          },
          "sensitive_attributes": [],
          "identity_schema_version": 0
        }
      ]
    },
    {
      "module": "module.mwaa",
      "mode": "managed",
      "type": "aws_iam_role",
      "name": "mwaa",
      "provider": "provider[\"registry.terraform.io/hashicorp/aws\"]",
      "instances": [
        {
          "index_key": 0,
          "schema_version": 0,
          "attributes": {
            "arn": "arn:aws:iam::000000000000:role/mwaa-executor20260127115352481300000002",
            "assume_role_policy": "{\"Statement\":[{\"Action\":\"sts:AssumeRole\",\"Effect\":\"Allow\",\"Principal\":{\"Service\":[\"s3.amazonaws.com\",\"airflow-env.amazonaws.com\",\"ssm.amazonaws.com\",\"batch.amazonaws.com\",\"lambda.amazonaws.com\",\"airflow.amazonaws.com\"]}}],\"Version\":\"2012-10-17\"}",
            "create_date": "2026-01-27T11:53:53Z",
            "description": "MWAA IAM Role",
            "force_detach_policies": false,
            "id": "mwaa-executor20260127115352481300000002",
            "inline_policy": [],
            "managed_policy_arns": [],
            "max_session_duration": 3600,
            "name": "mwaa-executor20260127115352481300000002",
            "name_prefix": "mwaa-executor",
            "path": "/",
            "permissions_boundary": "",
            "tags": {
              "Category": "Pattern",
              "Domain": "Serverless",
              "Project": "Trigger MWAA DAG using S3 Events",
              "URL": "https://serverlessland.com/"
            },
            "tags_all": {
              "Category": "Pattern",
              "Domain": "Serverless",
              "Project": "Trigger MWAA DAG using S3 Events",
              "URL": "https://serverlessland.com/"
            },
            "unique_id": "AROAQAAAAAAABTPUWAQO4"
          },
          "sensitive_attributes": [],
          "identity_schema_version": 0,
          "private": "bnVsbA==",
          "dependencies": [
            "module.mwaa.data.aws_iam_policy_document.mwaa_assume"
          ]
        }
      ]
    },
    {
      "module": "module.mwaa",
      "mode": "managed",
      "type": "aws_iam_role_policy",
      "name": "mwaa",
      "provider": "provider[\"registry.terraform.io/hashicorp/aws\"]",
      "instances": [
        {
          "index_key": 0,
          "schema_version": 0,
          "attributes": {
            "id": "mwaa-executor20260127115352481300000002:mwaa-executor20260127115353381800000005",
            "name": "mwaa-executor20260127115353381800000005",
            "name_prefix": "mwaa-executor",
            "policy": "{\"Version\":\"2012-10-17\",\"Statement\":[{\"Action\":[\"airflow:PublishMetrics\",\"airflow:CreateWebLoginToken\"],\"Effect\":\"Allow\",\"Resource\":\"arn:aws:airflow:us-east-1:000000000000:environment/mwaa-serverless-land\"},{\"Action\":\"s3:*\",\"Effect\":\"Allow\",\"Resource\":[\"arn:aws:s3:::mwaa-src-us-east-1-000000000000/*\",\"arn:aws:s3:::mwaa-src-us-east-1-000000000000\"]},{\"Action\":[\"logs:PutLogEvents\",\"logs:GetQueryResults\",\"logs:GetLogRecord\",\"logs:GetLogGroupFields\",\"logs:GetLogEvents\",\"logs:CreateLogStream\",\"logs:CreateLogGroup\"],\"Effect\":\"Allow\",\"Resource\":\"arn:aws:logs:us-east-1:000000000000:log-group:airflow-mwaa-serverless-land-*\"},{\"Action\":[\"logs:DescribeLogGroups\",\"eks:*\",\"cloudwatch:PutMetricData\",\"batch:ListJobs\",\"batch:DescribeJobs\"],\"Effect\":\"Allow\",\"Resource\":\"*\"},{\"Action\":[\"sqs:SendMessage\",\"sqs:ReceiveMessage\",\"sqs:GetQueueUrl\",\"sqs:GetQueueAttributes\",\"sqs:DeleteMessage\",\"sqs:ChangeMessageVisibility\"],\"Effect\":\"Allow\",\"Resource\":\"arn:aws:sqs:us-east-1:*:airflow-celery-*\"},{\"Action\":[\"kms:GenerateDataKey*\",\"kms:Encrypt\",\"kms:DescribeKey\",\"kms:Decrypt\"],\"Condition\":{\"StringLike\":{\"kms:ViaService\":\"sqs.us-east-1.amazonaws.com\"}},\"Effect\":\"Allow\",\"NotResource\":\"arn:aws:kms:*:000000000000:key/*\"},{\"Action\":\"batch:*\",\"Effect\":\"Allow\",\"Resource\":\"arn:aws:batch:*:000000000000:*\"},{\"Action\":\"ssm:*\",\"Effect\":\"Allow\",\"Resource\":\"arn:aws:ssm:us-east-1:000000000000:parameter/*\"},{\"Action\":\"logs:*\",\"Effect\":\"Allow\",\"Resource\":\"arn:aws:logs:us-east-1:000000000000:log-group:/aws/lambda/*\"},{\"Action\":\"cloudwatch:*\",\"Effect\":\"Allow\",\"Resource\":\"arn:aws:logs:us-east-1:000000000000:log-group:/aws/lambda/*\"}]}",
            "role": "mwaa-executor20260127115352481300000002"
          },
          "sensitive_attributes": [],
          "identity_schema_version": 0,
          "private": "bnVsbA==",
          "dependencies": [
            "data.aws_caller_identity.current",
            "data.aws_region.current",
            "module.mwaa.aws_iam_role.mwaa",
            "module.mwaa.aws_s3_bucket.mwaa",
            "module.mwaa.data.aws_caller_identity.current",
            "module.mwaa.data.aws_iam_policy_document.mwaa",
            "module.mwaa.data.aws_iam_policy_document.mwaa_assume",
            "module.mwaa.data.aws_partition.current",
            "module.mwaa.data.aws_region.current",
            "module.mwaa_bucket.aws_s3_bucket.this"
          ]
        }
      ]
    },
    {
      "module": "module.mwaa",
      "mode": "managed",
      "type": "aws_iam_role_policy_attachment",
      "name": "mwaa",
      "provider": "provider[\"registry.terraform.io/hashicorp/aws\"]",
      "instances": [
        {
          "index_key": "dag-policy",
          "schema_version": 0,
          "attributes": {
            "id": "mwaa-executor20260127115352481300000002-20260127115353419100000007",
            "policy_arn": "arn:aws:iam::000000000000:policy/terraform-20260127115352755500000004",
            "role": "mwaa-executor20260127115352481300000002"
          },
          "sensitive_attributes": [],
          "identity_schema_version": 0,
          "private": "bnVsbA==",
          "dependencies": [
            "aws_iam_policy.mwaa_policy",
            "data.aws_caller_identity.current",
            "data.aws_region.current",
            "module.input_bucket.aws_s3_bucket.this",
            "module.mwaa.aws_iam_role.mwaa",
            "module.mwaa.data.aws_iam_policy_document.mwaa_assume"
          ]
        }
      ]
    },
    {
      "module": "module.mwaa",
      "mode": "managed",
      "type": "aws_mwaa_environment",
      "name": "mwaa",
      "provider": "provider[\"registry.terraform.io/hashicorp/aws\"]",
      "instances": [
        {
          "schema_version": 0,
          "attributes": {
            "airflow_configuration_options": {
              "core.load_default_connections": "false",
              "core.load_examples": "false",
              "logging.logging_level": "INFO",
              "webserver.dag_default_view": "tree",
              "webserver.dag_orientation": "TB"
            },
            "airflow_version": "2.8.1",
            "arn": "arn:aws:airflow:us-east-1:000000000000:environment/mwaa-serverless-land",
            "created_at": "2026-01-27 11:54:03 +0000 UTC",
            "dag_s3_path": "dags",
            "database_vpc_endpoint_service": "",
            "endpoint_management": "",
            "environment_class": "mw1.small",
            "execution_role_arn": "arn:aws:iam::000000000000:role/mwaa-executor20260127115352481300000002",
            "id": "mwaa-serverless-land",
            "kms_key": "",
            "last_updated": [],
            "logging_configuration": [
              {
                "dag_processing_logs": [
                  {
                    "cloud_watch_log_group_arn": "",
                    "enabled": true,
                    "log_level": "INFO"
                  }
                ],
                "scheduler_logs": [
                  {
                    "cloud_watch_log_group_arn": "",
                    "enabled": true,
                    "log_level": "INFO"
                  }
                ],
                "task_logs": [
                  {
                    "cloud_watch_log_group_arn": "",
                    "enabled": true,
                    "log_level": "INFO"
                  }
                ],
                "webserver_logs": [
                  {
                    "cloud_watch_log_group_arn": "",
                    "enabled": true,
                    "log_level": "INFO"
                  }
                ],
                "worker_logs": [
                  {
                    "cloud_watch_log_group_arn": "",
                    "enabled": true,
                    "log_level": "INFO"
                  }
                ]
              }
            ],
            "max_webservers": 0,
            "max_workers": 2,
            "min_webservers": 0,
            "min_workers": 1,
            "name": "mwaa-serverless-land",
            "network_configuration": [
              {
                "security_group_ids": [
                  "sg-641ac5516b90fd9b8"
                ],
                "subnet_ids": [
                  "subnet-30abcbdc7e3e28edf",
                  "subnet-cb6e272c9b34b1e70"
                ]
              }
            ],
            "plugins_s3_object_version": "",
            "plugins_s3_path": "",
            "requirements_s3_object_version": "",
            "requirements_s3_path": "",
            "schedulers": 0,
            "service_role_arn": "",
            "source_bucket_arn": "arn:aws:s3:::mwaa-src-us-east-1-000000000000",
            "startup_script_s3_object_version": "",
            "startup_script_s3_path": "",
            "status": "AVAILABLE",
            "tags": {
              "Category": "Pattern",
              "Domain": "Serverless",
              "Project": "Trigger MWAA DAG using S3 Events",
              "URL": "https://serverlessland.com/"
            },
            "tags_all": {
              "Category": "Pattern",
              "Domain": "Serverless",
              "Project": "Trigger MWAA DAG using S3 Events",
              "URL": "https://serverlessland.com/"
            },
            "timeouts": null,
            "webserver_access_mode": "PUBLIC_ONLY",
            "webserver_url": "http://localhost.localstack.cloud:4510",
            "webserver_vpc_endpoint_service": "",
            "weekly_maintenance_window_start": ""
          },
          "sensitive_attributes": [
            [
              {
                "type": "get_attr",
                "value": "airflow_configuration_options"
              }
            ]
          ],
          "identity_schema_version": 0,
          "private": "eyJlMmJmYjczMC1lY2FhLTExZTYtOGY4OC0zNDM2M2JjN2M0YzAiOnsiY3JlYXRlIjo3MjAwMDAwMDAwMDAwLCJkZWxldGUiOjU0MDAwMDAwMDAwMDAsInVwZGF0ZSI6NTQwMDAwMDAwMDAwMH19",
          "dependencies": [
            "data.aws_availability_zones.available",
            "data.aws_caller_identity.current",
            "data.aws_region.current",
            "module.mwaa.aws_iam_role.mwaa",
            "module.mwaa.aws_s3_bucket.mwaa",
            "module.mwaa.aws_security_group.mwaa",
            "module.mwaa.data.aws_caller_identity.current",
            "module.mwaa.data.aws_iam_policy_document.mwaa_assume",
            "module.mwaa_bucket.aws_s3_bucket.this",
            "module.vpc.aws_subnet.private",
            "module.vpc.aws_vpc.this",
            "module.vpc.aws_vpc_ipv4_cidr_block_association.this"
          ]
        }
      ]
    },
    {
      "module": "module.mwaa",
      "mode": "managed",
      "type": "aws_security_group",
      "name": "mwaa",
      "provider": "provider[\"registry.terraform.io/hashicorp/aws\"]",
      "instances": [
        {
          "index_key": 0,
          "schema_version": 1,
          "attributes": {
            "arn": "arn:aws:ec2:us-east-1:000000000000:security-group/sg-641ac5516b90fd9b8",
            "description": "Security group for MWAA environment",
            "egress": [],
            "id": "sg-641ac5516b90fd9b8",
            "ingress": [],
            "name": "mwaa-2026012711540273620000000b",
            "name_prefix": "mwaa-",
            "owner_id": "000000000000",
            "revoke_rules_on_delete": false,
            "tags": {
              "Category": "Pattern",
              "Domain": "Serverless",
              "Project": "Trigger MWAA DAG using S3 Events",
              "URL": "https://serverlessland.com/"
            },
            "tags_all": {
              "Category": "Pattern",
              "Domain": "Serverless",
              "Project": "Trigger MWAA DAG using S3 Events",
              "URL": "https://serverlessland.com/"
            },
            "timeouts": null,
            "vpc_id": "vpc-5f3867bbd338bb4c2"
          },
          "sensitive_attributes": [],
          "identity_schema_version": 0,
          "private": "eyJlMmJmYjczMC1lY2FhLTExZTYtOGY4OC0zNDM2M2JjN2M0YzAiOnsiY3JlYXRlIjo2MDAwMDAwMDAwMDAsImRlbGV0ZSI6OTAwMDAwMDAwMDAwfSwic2NoZW1hX3ZlcnNpb24iOiIxIn0=",
          "dependencies": [
            "module.vpc.aws_vpc.this"
          ],
          "create_before_destroy": true
        }
      ]
    },
    {
      "module": "module.mwaa",
      "mode": "managed",
      "type": "aws_security_group_rule",
      "name": "mwaa_sg_inbound",
      "provider": "provider[\"registry.terraform.io/hashicorp/aws\"]",
      "instances": [
        {
          "index_key": 0,
          "schema_version": 2,
          "attributes": {
            "cidr_blocks": null,
            "description": "Amazon MWAA inbound access",
            "from_port": 0,
            "id": "sgrule-1123567455",
            "ipv6_cidr_blocks": null,
            "prefix_list_ids": null,
            "protocol": "-1",
            "security_group_id": "sg-641ac5516b90fd9b8",
            "security_group_rule_id": "sgr-715c2ac534970f4a8",
            "self": false,
            "source_security_group_id": "sg-641ac5516b90fd9b8",
            "timeouts": null,
            "to_port": 0,
            "type": "ingress"
          },
          "sensitive_attributes": [],
          "identity_schema_version": 0,
          "private": "eyJlMmJmYjczMC1lY2FhLTExZTYtOGY4OC0zNDM2M2JjN2M0YzAiOnsiY3JlYXRlIjozMDAwMDAwMDAwMDB9LCJzY2hlbWFfdmVyc2lvbiI6IjIifQ==",
          "dependencies": [
            "module.mwaa.aws_security_group.mwaa",
            "module.vpc.aws_vpc.this"
          ]
        }
      ]
    },
    {
      "module": "module.mwaa",
      "mode": "managed",
      "type": "aws_security_group_rule",
      "name": "mwaa_sg_inbound_vpn",
      "provider": "provider[\"registry.terraform.io/hashicorp/aws\"]",
      "instances": [
        {
          "index_key": 0,
          "schema_version": 2,
          "attributes": {
            "cidr_blocks": [
              "10.0.0.0/16"
            ],
            "description": "VPN Access for Airflow UI",
            "from_port": 443,
            "id": "sgrule-2833445716",
            "ipv6_cidr_blocks": null,
            "prefix_list_ids": null,
            "protocol": "tcp",
            "security_group_id": "sg-641ac5516b90fd9b8",
            "security_group_rule_id": "sgr-ed3ba4eb179b03986",
            "self": false,
            "source_security_group_id": null,
            "timeouts": null,
            "to_port": 443,
            "type": "ingress"
          },
          "sensitive_attributes": [],
          "identity_schema_version": 0,
          "private": "eyJlMmJmYjczMC1lY2FhLTExZTYtOGY4OC0zNDM2M2JjN2M0YzAiOnsiY3JlYXRlIjozMDAwMDAwMDAwMDB9LCJzY2hlbWFfdmVyc2lvbiI6IjIifQ==",
          "dependencies": [
            "module.mwaa.aws_security_group.mwaa",
            "module.vpc.aws_vpc.this"
          ]
        }
      ]
    },
    {
      "module": "module.mwaa",
      "mode": "managed",
      "type": "aws_security_group_rule",
      "name": "mwaa_sg_outbound",
      "provider": "provider[\"registry.terraform.io/hashicorp/aws\"]",
      "instances": [
        {
          "index_key": 0,
          "schema_version": 2,
          "attributes": {
            "cidr_blocks": [
              "0.0.0.0/0"
            ],
            "description": "Amazon MWAA outbound access",
            "from_port": 0,
            "id": "sgrule-744849602",
            "ipv6_cidr_blocks": null,
            "prefix_list_ids": null,
            "protocol": "-1",
            "security_group_id": "sg-641ac5516b90fd9b8",
            "security_group_rule_id": "sgr-ce9553ab6d6a9be5a",
            "self": false,
            "source_security_group_id": null,
            "timeouts": null,
            "to_port": 0,
            "type": "egress"
          },
          "sensitive_attributes": [],
          "identity_schema_version": 0,
          "private": "eyJlMmJmYjczMC1lY2FhLTExZTYtOGY4OC0zNDM2M2JjN2M0YzAiOnsiY3JlYXRlIjozMDAwMDAwMDAwMDB9LCJzY2hlbWFfdmVyc2lvbiI6IjIifQ==",
          "dependencies": [
            "module.mwaa.aws_security_group.mwaa",
            "module.vpc.aws_vpc.this"
          ]
        }
      ]
    },
    {
      "module": "module.mwaa_bucket",
      "mode": "data",
      "type": "aws_caller_identity",
      "name": "current",
      "provider": "provider[\"registry.terraform.io/hashicorp/aws\"]",
      "instances": [
        {
          "schema_version": 0,
          "attributes": {
            "account_id": "000000000000",
            "arn": "arn:aws:iam::000000000000:root",
            "id": "000000000000",
            "user_id": "AKIAIOSFODNN7EXAMPLE"
          },
          "sensitive_attributes": [],
          "identity_schema_version": 0
        }
      ]
    },
    {
      "module": "module.mwaa_bucket",
      "mode": "data",
      "type": "aws_canonical_user_id",
      "name": "this",
      "provider": "provider[\"registry.terraform.io/hashicorp/aws\"]",
      "instances": [
        {
          "index_key": 0,
          "schema_version": 0,
          "attributes": {
            "display_name": "webfile",
            "id": "75aa57f09aa0c8caeab4f8c24e99d10f8e7faeebf76c078efc7c6caea54ba06a"
          },
          "sensitive_attributes": [],
          "identity_schema_version": 0
        }
      ]
    },
    {
      "module": "module.mwaa_bucket",
      "mode": "data",
      "type": "aws_partition",
      "name": "current",
      "provider": "provider[\"registry.terraform.io/hashicorp/aws\"]",
      "instances": [
        {
          "schema_version": 0,
          "attributes": {
            "dns_suffix": "amazonaws.com",
            "id": "aws",
            "partition": "aws",
            "reverse_dns_prefix": "com.amazonaws"
          },
          "sensitive_attributes": [],
          "identity_schema_version": 0
        }
      ]
    },
    {
      "module": "module.mwaa_bucket",
      "mode": "data",
      "type": "aws_region",
      "name": "current",
      "provider": "provider[\"registry.terraform.io/hashicorp/aws\"]",
      "instances": [
        {
          "schema_version": 0,
          "attributes": {
            "description": "US East (N. Virginia)",
            "endpoint": "ec2.us-east-1.amazonaws.com",
            "id": "us-east-1",
            "name": "us-east-1"
          },
          "sensitive_attributes": [],
          "identity_schema_version": 0
        }
      ]
    },
    {
      "module": "module.mwaa_bucket",
      "mode": "managed",
      "type": "aws_s3_bucket",
      "name": "this",
      "provider": "provider[\"registry.terraform.io/hashicorp/aws\"]",
      "instances": [
        {
          "index_key": 0,
          "schema_version": 0,
          "attributes": {
            "acceleration_status": "",
            "acl": null,
            "arn": "arn:aws:s3:::mwaa-src-us-east-1-000000000000",
            "bucket": "mwaa-src-us-east-1-000000000000",
            "bucket_domain_name": "mwaa-src-us-east-1-000000000000.s3.amazonaws.com",
            "bucket_prefix": "",
            "bucket_regional_domain_name": "mwaa-src-us-east-1-000000000000.s3.us-east-1.amazonaws.com",
            "cors_rule": [],
            "force_destroy": true,
            "grant": [
              {
                "id": "75aa57f09aa0c8caeab4f8c24e99d10f8e7faeebf76c078efc7c6caea54ba06a",
                "permissions": [
                  "FULL_CONTROL"
                ],
                "type": "CanonicalUser",
                "uri": ""
              }
            ],
            "hosted_zone_id": "Z3AQBSTGFYJSTF",
            "id": "mwaa-src-us-east-1-000000000000",
            "lifecycle_rule": [],
            "logging": [],
            "object_lock_configuration": [],
            "object_lock_enabled": false,
            "policy": "",
            "region": "us-east-1",
            "replication_configuration": [],
            "request_payer": "BucketOwner",
            "server_side_encryption_configuration": [
              {
                "rule": [
                  {
                    "apply_server_side_encryption_by_default": [
                      {
                        "kms_master_key_id": "",
                        "sse_algorithm": "AES256"
                      }
                    ],
                    "bucket_key_enabled": false
                  }
                ]
              }
            ],
            "tags": {
              "Category": "Pattern",
              "Domain": "Serverless",
              "Project": "Trigger MWAA DAG using S3 Events",
              "URL": "https://serverlessland.com/"
            },
            "tags_all": {
              "Category": "Pattern",
              "Domain": "Serverless",
              "Project": "Trigger MWAA DAG using S3 Events",
              "URL": "https://serverlessland.com/"
            },
            "timeouts": null,
            "versioning": [
              {
                "enabled": false,
                "mfa_delete": false
              }
            ],
            "website": [],
            "website_domain": null,
            "website_endpoint": null
          },
          "sensitive_attributes": [],
          "identity_schema_version": 0,
          "private": "eyJlMmJmYjczMC1lY2FhLTExZTYtOGY4OC0zNDM2M2JjN2M0YzAiOnsiY3JlYXRlIjoxMjAwMDAwMDAwMDAwLCJkZWxldGUiOjM2MDAwMDAwMDAwMDAsInJlYWQiOjEyMDAwMDAwMDAwMDAsInVwZGF0ZSI6MTIwMDAwMDAwMDAwMH19",
          "dependencies": [
            "data.aws_caller_identity.current",
            "data.aws_region.current"
          ]
        }
      ]
    },
    {
      "module": "module.mwaa_bucket",
      "mode": "managed",
      "type": "aws_s3_bucket_acl",
      "name": "this",
      "provider": "provider[\"registry.terraform.io/hashicorp/aws\"]",
      "instances": [
        {
          "index_key": 0,
          "schema_version": 0,
          "attributes": {
            "access_control_policy": [
              {
                "grant": [
                  {
                    "grantee": [
                      {
                        "display_name": "webfile",
                        "email_address": "",
                        "id": "75aa57f09aa0c8caeab4f8c24e99d10f8e7faeebf76c078efc7c6caea54ba06a",
                        "type": "CanonicalUser",
                        "uri": ""
                      }
                    ],
                    "permission": "FULL_CONTROL"
                  }
                ],
                "owner": [
                  {
                    "display_name": "webfile",
                    "id": "75aa57f09aa0c8caeab4f8c24e99d10f8e7faeebf76c078efc7c6caea54ba06a"
                  }
                ]
              }
            ],
            "acl": "private",
            "bucket": "mwaa-src-us-east-1-000000000000",
            "expected_bucket_owner": "",
            "id": "mwaa-src-us-east-1-000000000000,private"
          },
          "sensitive_attributes": [],
          "identity_schema_version": 0,
          "private": "bnVsbA==",
          "dependencies": [
            "data.aws_caller_identity.current",
            "data.aws_region.current",
            "module.mwaa_bucket.aws_s3_bucket.this",
            "module.mwaa_bucket.aws_s3_bucket_ownership_controls.this",
            "module.mwaa_bucket.aws_s3_bucket_policy.this",
            "module.mwaa_bucket.aws_s3_bucket_public_access_block.this",
            "module.mwaa_bucket.data.aws_caller_identity.current",
            "module.mwaa_bucket.data.aws_canonical_user_id.this",
            "module.mwaa_bucket.data.aws_iam_policy_document.access_log_delivery",
            "module.mwaa_bucket.data.aws_iam_policy_document.combined",
            "module.mwaa_bucket.data.aws_iam_policy_document.deny_incorrect_encryption_headers",
            "module.mwaa_bucket.data.aws_iam_policy_document.deny_incorrect_kms_key_sse",
            "module.mwaa_bucket.data.aws_iam_policy_document.deny_insecure_transport",
            "module.mwaa_bucket.data.aws_iam_policy_document.deny_unencrypted_object_uploads",
            "module.mwaa_bucket.data.aws_iam_policy_document.elb_log_delivery",
            "module.mwaa_bucket.data.aws_iam_policy_document.inventory_and_analytics_destination_policy",
            "module.mwaa_bucket.data.aws_iam_policy_document.lb_log_delivery",
            "module.mwaa_bucket.data.aws_iam_policy_document.require_latest_tls",
            "module.mwaa_bucket.data.aws_partition.current",
            "module.mwaa_bucket.data.aws_region.current"
          ]
        }
      ]
    },
    {
      "module": "module.mwaa_bucket",
      "mode": "managed",
      "type": "aws_s3_bucket_ownership_controls",
      "name": "this",
      "provider": "provider[\"registry.terraform.io/hashicorp/aws\"]",
      "instances": [
        {
          "index_key": 0,
          "schema_version": 0,
          "attributes": {
            "bucket": "mwaa-src-us-east-1-000000000000",
            "id": "mwaa-src-us-east-1-000000000000",
            "rule": [
              {
                "object_ownership": "BucketOwnerPreferred"
              }
            ]
          },
          "sensitive_attributes": [],
          "identity_schema_version": 0,
          "private": "bnVsbA==",
          "dependencies": [
            "data.aws_caller_identity.current",
            "data.aws_region.current",
            "module.mwaa_bucket.aws_s3_bucket.this",
            "module.mwaa_bucket.aws_s3_bucket_policy.this",
            "module.mwaa_bucket.aws_s3_bucket_public_access_block.this",
            "module.mwaa_bucket.data.aws_caller_identity.current",
            "module.mwaa_bucket.data.aws_iam_policy_document.access_log_delivery",
            "module.mwaa_bucket.data.aws_iam_policy_document.combined",
            "module.mwaa_bucket.data.aws_iam_policy_document.deny_incorrect_encryption_headers",
            "module.mwaa_bucket.data.aws_iam_policy_document.deny_incorrect_kms_key_sse",
            "module.mwaa_bucket.data.aws_iam_policy_document.deny_insecure_transport",
            "module.mwaa_bucket.data.aws_iam_policy_document.deny_unencrypted_object_uploads",
            "module.mwaa_bucket.data.aws_iam_policy_document.elb_log_delivery",
            "module.mwaa_bucket.data.aws_iam_policy_document.inventory_and_analytics_destination_policy",
            "module.mwaa_bucket.data.aws_iam_policy_document.lb_log_delivery",
            "module.mwaa_bucket.data.aws_iam_policy_document.require_latest_tls",
            "module.mwaa_bucket.data.aws_partition.current",
            "module.mwaa_bucket.data.aws_region.current"
          ]
        }
      ]
    },
    {
      "module": "module.mwaa_bucket",
      "mode": "managed",
      "type": "aws_s3_bucket_public_access_block",
      "name": "this",
      "provider": "provider[\"registry.terraform.io/hashicorp/aws\"]",
      "instances": [
        {
          "index_key": 0,
          "schema_version": 0,
          "attributes": {
            "block_public_acls": true,
            "block_public_policy": true,
            "bucket": "mwaa-src-us-east-1-000000000000",
            "id": "mwaa-src-us-east-1-000000000000",
            "ignore_public_acls": true,
            "restrict_public_buckets": true
          },
          "sensitive_attributes": [],
          "identity_schema_version": 0,
          "private": "bnVsbA==",
          "dependencies": [
            "data.aws_caller_identity.current",
            "data.aws_region.current",
            "module.mwaa_bucket.aws_s3_bucket.this"
          ]
        }
      ]
    },
    {
      "module": "module.mwaa_bucket",
      "mode": "managed",
      "type": "aws_s3_bucket_server_side_encryption_configuration",
      "name": "this",
      "provider": "provider[\"registry.terraform.io/hashicorp/aws\"]",
      "instances": [
        {
          "index_key": 0,
          "schema_version": 0,
          "attributes": {
            "bucket": "mwaa-src-us-east-1-000000000000",
            "expected_bucket_owner": "",
            "id": "mwaa-src-us-east-1-000000000000",
            "rule": [
              {
                "apply_server_side_encryption_by_default": [
                  {
                    "kms_master_key_id": "",
                    "sse_algorithm": "AES256"
                  }
                ],
                "bucket_key_enabled": null
              }
            ]
          },
          "sensitive_attributes": [],
          "identity_schema_version": 0,
          "private": "bnVsbA==",
          "dependencies": [
            "data.aws_caller_identity.current",
            "data.aws_region.current",
            "module.mwaa_bucket.aws_s3_bucket.this"
          ]
        }
      ]
    },
    {
      "module": "module.mwaa_bucket",
      "mode": "managed",
      "type": "aws_s3_bucket_versioning",
      "name": "this",
      "provider": "provider[\"registry.terraform.io/hashicorp/aws\"]",
      "instances": [
        {
          "index_key": 0,
          "schema_version": 0,
          "attributes": {
            "bucket": "mwaa-src-us-east-1-000000000000",
            "expected_bucket_owner": "",
            "id": "mwaa-src-us-east-1-000000000000",
            "mfa": null,
            "versioning_configuration": [
              {
                "mfa_delete": "",
                "status": "Enabled"
              }
            ]
          },
          "sensitive_attributes": [],
          "identity_schema_version": 0,
          "private": "bnVsbA==",
          "dependencies": [
            "data.aws_caller_identity.current",
            "data.aws_region.current",
            "module.mwaa_bucket.aws_s3_bucket.this"
          ]
        }
      ]
    },
    {
      "module": "module.s3_lambda_notif",
      "mode": "data",
      "type": "aws_partition",
      "name": "this",
      "provider": "provider[\"registry.terraform.io/hashicorp/aws\"]",
      "instances": [
        {
          "schema_version": 0,
          "attributes": {
            "dns_suffix": "amazonaws.com",
            "id": "aws",
            "partition": "aws",
            "reverse_dns_prefix": "com.amazonaws"
          },
          "sensitive_attributes": [],
          "identity_schema_version": 0
        }
      ]
    },
    {
      "module": "module.s3_lambda_notif",
      "mode": "managed",
      "type": "aws_lambda_permission",
      "name": "allow",
      "provider": "provider[\"registry.terraform.io/hashicorp/aws\"]",
      "instances": [
        {
          "index_key": "dag_trigger_lambda",
          "schema_version": 0,
          "attributes": {
            "action": "lambda:InvokeFunction",
            "event_source_token": null,
            "function_name": "dag-trigger-lambda",
            "function_url_auth_type": null,
            "id": "AllowLambdaS3BucketNotification-20260127115418143000000011",
            "principal": "s3.amazonaws.com",
            "principal_org_id": null,
            "qualifier": "",
            "source_account": null,
            "source_arn": "arn:aws:s3:::input-us-east-1-000000000000",
            "statement_id": "AllowLambdaS3BucketNotification-20260127115418143000000011",
            "statement_id_prefix": "AllowLambdaS3BucketNotification-"
          },
          "sensitive_attributes": [],
          "identity_schema_version": 0,
          "private": "bnVsbA==",
          "dependencies": [
            "data.aws_availability_zones.available",
            "data.aws_caller_identity.current",
            "data.aws_region.current",
            "module.dag_trigger_lambda.aws_cloudwatch_log_group.lambda",
            "module.dag_trigger_lambda.aws_iam_policy.additional_inline",
            "module.dag_trigger_lambda.aws_iam_policy.additional_json",
            "module.dag_trigger_lambda.aws_iam_policy.additional_jsons",
            "module.dag_trigger_lambda.aws_iam_policy.async",
            "module.dag_trigger_lambda.aws_iam_policy.dead_letter",
            "module.dag_trigger_lambda.aws_iam_policy.logs",
            "module.dag_trigger_lambda.aws_iam_policy.tracing",
            "module.dag_trigger_lambda.aws_iam_policy.vpc",
            "module.dag_trigger_lambda.aws_iam_role.lambda",
            "module.dag_trigger_lambda.aws_iam_role_policy_attachment.additional_inline",
            "module.dag_trigger_lambda.aws_iam_role_policy_attachment.additional_json",
            "module.dag_trigger_lambda.aws_iam_role_policy_attachment.additional_jsons",
            "module.dag_trigger_lambda.aws_iam_role_policy_attachment.additional_many",
            "module.dag_trigger_lambda.aws_iam_role_policy_attachment.additional_one",
            "module.dag_trigger_lambda.aws_iam_role_policy_attachment.async",
            "module.dag_trigger_lambda.aws_iam_role_policy_attachment.dead_letter",
            "module.dag_trigger_lambda.aws_iam_role_policy_attachment.logs",
            "module.dag_trigger_lambda.aws_iam_role_policy_attachment.tracing",
            "module.dag_trigger_lambda.aws_iam_role_policy_attachment.vpc",
            "module.dag_trigger_lambda.aws_lambda_function.this",
            "module.dag_trigger_lambda.aws_s3_object.lambda_package",
            "module.dag_trigger_lambda.data.aws_arn.log_group_arn",
            "module.dag_trigger_lambda.data.aws_cloudwatch_log_group.lambda",
            "module.dag_trigger_lambda.data.aws_iam_policy.tracing",
            "module.dag_trigger_lambda.data.aws_iam_policy.vpc",
            "module.dag_trigger_lambda.data.aws_iam_policy_document.additional_inline",
            "module.dag_trigger_lambda.data.aws_iam_policy_document.assume_role",
            "module.dag_trigger_lambda.data.aws_iam_policy_document.async",
            "module.dag_trigger_lambda.data.aws_iam_policy_document.dead_letter",
            "module.dag_trigger_lambda.data.aws_iam_policy_document.logs",
            "module.dag_trigger_lambda.data.aws_partition.current",
            "module.dag_trigger_lambda.data.external.archive_prepare",
            "module.dag_trigger_lambda.local_file.archive_plan",
            "module.dag_trigger_lambda.null_resource.archive",
            "module.input_bucket.aws_s3_bucket.this",
            "module.input_bucket.aws_s3_bucket_policy.this",
            "module.input_bucket.aws_s3_bucket_public_access_block.this",
            "module.input_bucket.data.aws_caller_identity.current",
            "module.input_bucket.data.aws_iam_policy_document.access_log_delivery",
            "module.input_bucket.data.aws_iam_policy_document.combined",
            "module.input_bucket.data.aws_iam_policy_document.deny_incorrect_encryption_headers",
            "module.input_bucket.data.aws_iam_policy_document.deny_incorrect_kms_key_sse",
            "module.input_bucket.data.aws_iam_policy_document.deny_insecure_transport",
            "module.input_bucket.data.aws_iam_policy_document.deny_unencrypted_object_uploads",
            "module.input_bucket.data.aws_iam_policy_document.elb_log_delivery",
            "module.input_bucket.data.aws_iam_policy_document.inventory_and_analytics_destination_policy",
            "module.input_bucket.data.aws_iam_policy_document.lb_log_delivery",
            "module.input_bucket.data.aws_iam_policy_document.require_latest_tls",
            "module.input_bucket.data.aws_partition.current",
            "module.input_bucket.data.aws_region.current",
            "module.mwaa.aws_iam_role.mwaa",
            "module.mwaa.aws_mwaa_environment.mwaa",
            "module.mwaa.aws_s3_bucket.mwaa",
            "module.mwaa.aws_security_group.mwaa",
            "module.mwaa.data.aws_caller_identity.current",
            "module.mwaa.data.aws_iam_policy_document.mwaa_assume",
            "module.mwaa_bucket.aws_s3_bucket.this",
            "module.s3_lambda_notif.data.aws_partition.this",
            "module.vpc.aws_subnet.private",
            "module.vpc.aws_vpc.this",
            "module.vpc.aws_vpc_ipv4_cidr_block_association.this"
          ]
        }
      ]
    },
    {
      "module": "module.s3_lambda_notif",
      "mode": "managed",
      "type": "aws_s3_bucket_notification",
      "name": "this",
      "provider": "provider[\"registry.terraform.io/hashicorp/aws\"]",
      "instances": [
        {
          "index_key": 0,
          "schema_version": 0,
          "attributes": {
            "bucket": "input-us-east-1-000000000000",
            "eventbridge": true,
            "id": "input-us-east-1-000000000000",
            "lambda_function": [
              {
                "events": [
                  "s3:ObjectCreated:*"
                ],
                "filter_prefix": "input",
                "filter_suffix": ".json",
                "id": "dag_trigger_lambda",
                "lambda_function_arn": "arn:aws:lambda:us-east-1:000000000000:function:dag-trigger-lambda"
              }
            ],
            "queue": [],
            "topic": []
          },
          "sensitive_attributes": [],
          "identity_schema_version": 0,
          "private": "bnVsbA==",
          "dependencies": [
            "data.aws_availability_zones.available",
            "data.aws_caller_identity.current",
            "data.aws_region.current",
            "module.dag_trigger_lambda.aws_cloudwatch_log_group.lambda",
            "module.dag_trigger_lambda.aws_iam_policy.additional_inline",
            "module.dag_trigger_lambda.aws_iam_policy.additional_json",
            "module.dag_trigger_lambda.aws_iam_policy.additional_jsons",
            "module.dag_trigger_lambda.aws_iam_policy.async",
            "module.dag_trigger_lambda.aws_iam_policy.dead_letter",
            "module.dag_trigger_lambda.aws_iam_policy.logs",
            "module.dag_trigger_lambda.aws_iam_policy.tracing",
            "module.dag_trigger_lambda.aws_iam_policy.vpc",
            "module.dag_trigger_lambda.aws_iam_role.lambda",
            "module.dag_trigger_lambda.aws_iam_role_policy_attachment.additional_inline",
            "module.dag_trigger_lambda.aws_iam_role_policy_attachment.additional_json",
            "module.dag_trigger_lambda.aws_iam_role_policy_attachment.additional_jsons",
            "module.dag_trigger_lambda.aws_iam_role_policy_attachment.additional_many",
            "module.dag_trigger_lambda.aws_iam_role_policy_attachment.additional_one",
            "module.dag_trigger_lambda.aws_iam_role_policy_attachment.async",
            "module.dag_trigger_lambda.aws_iam_role_policy_attachment.dead_letter",
            "module.dag_trigger_lambda.aws_iam_role_policy_attachment.logs",
            "module.dag_trigger_lambda.aws_iam_role_policy_attachment.tracing",
            "module.dag_trigger_lambda.aws_iam_role_policy_attachment.vpc",
            "module.dag_trigger_lambda.aws_lambda_function.this",
            "module.dag_trigger_lambda.aws_s3_object.lambda_package",
            "module.dag_trigger_lambda.data.aws_arn.log_group_arn",
            "module.dag_trigger_lambda.data.aws_cloudwatch_log_group.lambda",
            "module.dag_trigger_lambda.data.aws_iam_policy.tracing",
            "module.dag_trigger_lambda.data.aws_iam_policy.vpc",
            "module.dag_trigger_lambda.data.aws_iam_policy_document.additional_inline",
            "module.dag_trigger_lambda.data.aws_iam_policy_document.assume_role",
            "module.dag_trigger_lambda.data.aws_iam_policy_document.async",
            "module.dag_trigger_lambda.data.aws_iam_policy_document.dead_letter",
            "module.dag_trigger_lambda.data.aws_iam_policy_document.logs",
            "module.dag_trigger_lambda.data.aws_partition.current",
            "module.dag_trigger_lambda.data.external.archive_prepare",
            "module.dag_trigger_lambda.local_file.archive_plan",
            "module.dag_trigger_lambda.null_resource.archive",
            "module.input_bucket.aws_s3_bucket.this",
            "module.input_bucket.aws_s3_bucket_policy.this",
            "module.input_bucket.aws_s3_bucket_public_access_block.this",
            "module.input_bucket.data.aws_caller_identity.current",
            "module.input_bucket.data.aws_iam_policy_document.access_log_delivery",
            "module.input_bucket.data.aws_iam_policy_document.combined",
            "module.input_bucket.data.aws_iam_policy_document.deny_incorrect_encryption_headers",
            "module.input_bucket.data.aws_iam_policy_document.deny_incorrect_kms_key_sse",
            "module.input_bucket.data.aws_iam_policy_document.deny_insecure_transport",
            "module.input_bucket.data.aws_iam_policy_document.deny_unencrypted_object_uploads",
            "module.input_bucket.data.aws_iam_policy_document.elb_log_delivery",
            "module.input_bucket.data.aws_iam_policy_document.inventory_and_analytics_destination_policy",
            "module.input_bucket.data.aws_iam_policy_document.lb_log_delivery",
            "module.input_bucket.data.aws_iam_policy_document.require_latest_tls",
            "module.input_bucket.data.aws_partition.current",
            "module.input_bucket.data.aws_region.current",
            "module.mwaa.aws_iam_role.mwaa",
            "module.mwaa.aws_mwaa_environment.mwaa",
            "module.mwaa.aws_s3_bucket.mwaa",
            "module.mwaa.aws_security_group.mwaa",
            "module.mwaa.data.aws_caller_identity.current",
            "module.mwaa.data.aws_iam_policy_document.mwaa_assume",
            "module.mwaa_bucket.aws_s3_bucket.this",
            "module.s3_lambda_notif.aws_lambda_permission.allow",
            "module.s3_lambda_notif.aws_sns_topic_policy.allow",
            "module.s3_lambda_notif.aws_sqs_queue_policy.allow",
            "module.s3_lambda_notif.data.aws_arn.queue",
            "module.s3_lambda_notif.data.aws_iam_policy_document.sns",
            "module.s3_lambda_notif.data.aws_iam_policy_document.sqs",
            "module.s3_lambda_notif.data.aws_partition.this",
            "module.vpc.aws_subnet.private",
            "module.vpc.aws_vpc.this",
            "module.vpc.aws_vpc_ipv4_cidr_block_association.this"
          ]
        }
      ]
    },
    {
      "module": "module.vpc",
      "mode": "data",
      "type": "aws_iam_policy_document",
      "name": "flow_log_cloudwatch_assume_role",
      "provider": "provider[\"registry.terraform.io/hashicorp/aws\"]",
      "instances": [
        {
          "index_key": 0,
          "schema_version": 0,
          "attributes": {
            "id": "1021377347",
            "json": "{\n  \"Version\": \"2012-10-17\",\n  \"Statement\": [\n    {\n      \"Sid\": \"AWSVPCFlowLogsAssumeRole\",\n      \"Effect\": \"Allow\",\n      \"Action\": \"sts:AssumeRole\",\n      \"Principal\": {\n        \"Service\": \"vpc-flow-logs.amazonaws.com\"\n      }\n    }\n  ]\n}",
            "minified_json": "{\"Version\":\"2012-10-17\",\"Statement\":[{\"Sid\":\"AWSVPCFlowLogsAssumeRole\",\"Effect\":\"Allow\",\"Action\":\"sts:AssumeRole\",\"Principal\":{\"Service\":\"vpc-flow-logs.amazonaws.com\"}}]}",
            "override_json": null,
            "override_policy_documents": null,
            "policy_id": null,
            "source_json": null,
            "source_policy_documents": null,
            "statement": [
              {
                "actions": [
                  "sts:AssumeRole"
                ],
                "condition": [],
                "effect": "Allow",
                "not_actions": [],
                "not_principals": [],
                "not_resources": [],
                "principals": [
                  {
                    "identifiers": [
                      "vpc-flow-logs.amazonaws.com"
                    ],
                    "type": "Service"
                  }
                ],
                "resources": [],
                "sid": "AWSVPCFlowLogsAssumeRole"
              }
            ],
            "version": "2012-10-17"
          },
          "sensitive_attributes": [],
          "identity_schema_version": 0
        }
      ]
    },
    {
      "module": "module.vpc",
      "mode": "data",
      "type": "aws_iam_policy_document",
      "name": "vpc_flow_log_cloudwatch",
      "provider": "provider[\"registry.terraform.io/hashicorp/aws\"]",
      "instances": [
        {
          "index_key": 0,
          "schema_version": 0,
          "attributes": {
            "id": "2053943846",
            "json": "{\n  \"Version\": \"2012-10-17\",\n  \"Statement\": [\n    {\n      \"Sid\": \"AWSVPCFlowLogsPushToCloudWatch\",\n      \"Effect\": \"Allow\",\n      \"Action\": [\n        \"logs:PutLogEvents\",\n        \"logs:DescribeLogStreams\",\n        \"logs:DescribeLogGroups\",\n        \"logs:CreateLogStream\"\n      ],\n      \"Resource\": \"*\"\n    }\n  ]\n}",
            "minified_json": "{\"Version\":\"2012-10-17\",\"Statement\":[{\"Sid\":\"AWSVPCFlowLogsPushToCloudWatch\",\"Effect\":\"Allow\",\"Action\":[\"logs:PutLogEvents\",\"logs:DescribeLogStreams\",\"logs:DescribeLogGroups\",\"logs:CreateLogStream\"],\"Resource\":\"*\"}]}",
            "override_json": null,
            "override_policy_documents": null,
            "policy_id": null,
            "source_json": null,
            "source_policy_documents": null,
            "statement": [
              {
                "actions": [
                  "logs:CreateLogStream",
                  "logs:DescribeLogGroups",
                  "logs:DescribeLogStreams",
                  "logs:PutLogEvents"
                ],
                "condition": [],
                "effect": "Allow",
                "not_actions": [],
                "not_principals": [],
                "not_resources": [],
                "principals": [],
                "resources": [
                  "*"
                ],
                "sid": "AWSVPCFlowLogsPushToCloudWatch"
              }
            ],
            "version": "2012-10-17"
          },
          "sensitive_attributes": [],
          "identity_schema_version": 0
        }
      ]
    },
    {
      "module": "module.vpc",
      "mode": "managed",
      "type": "aws_cloudwatch_log_group",
      "name": "flow_log",
      "provider": "provider[\"registry.terraform.io/hashicorp/aws\"]",
      "instances": [
        {
          "index_key": 0,
          "schema_version": 0,
          "attributes": {
            "arn": "arn:aws:logs:us-east-1:000000000000:log-group:/aws/vpc-flow-log/vpc-5f3867bbd338bb4c2",
            "id": "/aws/vpc-flow-log/vpc-5f3867bbd338bb4c2",
            "kms_key_id": "",
            "log_group_class": "",
            "name": "/aws/vpc-flow-log/vpc-5f3867bbd338bb4c2",
            "name_prefix": "",
            "retention_in_days": 0,
            "skip_destroy": false,
            "tags": {
              "Category": "Pattern",
              "Domain": "Serverless",
              "Project": "Trigger MWAA DAG using S3 Events",
              "URL": "https://serverlessland.com/"
            },
            "tags_all": {
              "Category": "Pattern",
              "Domain": "Serverless",
              "Project": "Trigger MWAA DAG using S3 Events",
              "URL": "https://serverlessland.com/"
            }
          },
          "sensitive_attributes": [],
          "identity_schema_version": 0,
          "private": "bnVsbA==",
          "dependencies": [
            "module.vpc.aws_vpc.this",
            "module.vpc.aws_vpc_ipv4_cidr_block_association.this"
          ]
        }
      ]
    },
    {
      "module": "module.vpc",
      "mode": "managed",
      "type": "aws_default_network_acl",
      "name": "this",
      "provider": "provider[\"registry.terraform.io/hashicorp/aws\"]",
      "instances": [
        {
          "index_key": 0,
          "schema_version": 0,
          "attributes": {
            "arn": "arn:aws:ec2:us-east-1:000000000000:network-acl/acl-a4ce5d3f20f332958",
            "default_network_acl_id": "acl-a4ce5d3f20f332958",
            "egress": [
              {
                "action": "allow",
                "cidr_block": "",
                "from_port": 0,
                "icmp_code": null,
                "icmp_type": null,
                "ipv6_cidr_block": "::/0",
                "protocol": "-1",
                "rule_no": 101,
                "to_port": 0
              },
              {
                "action": "allow",
                "cidr_block": "0.0.0.0/0",
                "from_port": 0,
                "icmp_code": null,
                "icmp_type": null,
                "ipv6_cidr_block": "",
                "protocol": "-1",
                "rule_no": 100,
                "to_port": 0
              }
            ],
            "id": "acl-a4ce5d3f20f332958",
            "ingress": [
              {
                "action": "allow",
                "cidr_block": "",
                "from_port": 0,
                "icmp_code": null,
                "icmp_type": null,
                "ipv6_cidr_block": "::/0",
                "protocol": "-1",
                "rule_no": 101,
                "to_port": 0
              },
              {
                "action": "allow",
                "cidr_block": "0.0.0.0/0",
                "from_port": 0,
                "icmp_code": null,
                "icmp_type": null,
                "ipv6_cidr_block": "",
                "protocol": "-1",
                "rule_no": 100,
                "to_port": 0
              }
            ],
            "owner_id": "000000000000",
            "subnet_ids": [
              "subnet-30abcbdc7e3e28edf",
              "subnet-b08ef7fd24c536d04",
              "subnet-cb6e272c9b34b1e70",
              "subnet-d78864dd2a8aedbf7"
            ],
            "tags": {
              "Category": "Pattern",
              "Domain": "Serverless",
              "Name": "serverless-land-vpc-default",
              "Project": "Trigger MWAA DAG using S3 Events",
              "URL": "https://serverlessland.com/"
            },
            "tags_all": {
              "Category": "Pattern",
              "Domain": "Serverless",
              "Name": "serverless-land-vpc-default",
              "Project": "Trigger MWAA DAG using S3 Events",
              "URL": "https://serverlessland.com/"
            },
            "vpc_id": "vpc-5f3867bbd338bb4c2"
          },
          "sensitive_attributes": [],
          "identity_schema_version": 0,
          "private": "bnVsbA==",
          "dependencies": [
            "module.vpc.aws_vpc.this"
          ]
        }
      ]
    },
    {
      "module": "module.vpc",
      "mode": "managed",
      "type": "aws_default_route_table",
      "name": "default",
      "provider": "provider[\"registry.terraform.io/hashicorp/aws\"]",
      "instances": [
        {
          "index_key": 0,
          "schema_version": 0,
          "attributes": {
            "arn": "arn:aws:ec2:us-east-1:000000000000:route-table/rtb-88bee61ac46b0b2bc",
            "default_route_table_id": "rtb-88bee61ac46b0b2bc",
            "id": "rtb-88bee61ac46b0b2bc",
            "owner_id": "000000000000",
            "propagating_vgws": null,
            "route": [],
            "tags": {
              "Category": "Pattern",
              "Domain": "Serverless",
              "Name": "serverless-land-vpc-default",
              "Project": "Trigger MWAA DAG using S3 Events",
              "URL": "https://serverlessland.com/"
            },
            "tags_all": {
              "Category": "Pattern",
              "Domain": "Serverless",
              "Name": "serverless-land-vpc-default",
              "Project": "Trigger MWAA DAG using S3 Events",
              "URL": "https://serverlessland.com/"
            },
            "timeouts": {
              "create": "5m",
              "update": "5m"
            },
            "vpc_id": "vpc-5f3867bbd338bb4c2"
          },
          "sensitive_attributes": [],
          "identity_schema_version": 0,
          "private": "eyJlMmJmYjczMC1lY2FhLTExZTYtOGY4OC0zNDM2M2JjN2M0YzAiOnsiY3JlYXRlIjozMDAwMDAwMDAwMDAsInVwZGF0ZSI6MzAwMDAwMDAwMDAwfX0=",
          "dependencies": [
            "module.vpc.aws_vpc.this"
          ]
        }
      ]
    },
    {
      "module": "module.vpc",
      "mode": "managed",
      "type": "aws_default_security_group",
      "name": "this",
      "provider": "provider[\"registry.terraform.io/hashicorp/aws\"]",
      "instances": [
        {
          "index_key": 0,
          "schema_version": 1,
          "attributes": {
            "arn": "arn:aws:ec2:us-east-1:000000000000:security-group/sg-304934c19c14400a9",
            "description": "default VPC security group",
            "egress": [],
            "id": "sg-304934c19c14400a9",
            "ingress": [],
            "name": "default",
            "name_prefix": "",
            "owner_id": "000000000000",
            "revoke_rules_on_delete": false,
            "tags": {
              "Category": "Pattern",
              "Domain": "Serverless",
              "Name": "serverless-land-vpc-default",
              "Project": "Trigger MWAA DAG using S3 Events",
              "URL": "https://serverlessland.com/"
            },
            "tags_all": {
              "Category": "Pattern",
              "Domain": "Serverless",
              "Name": "serverless-land-vpc-default",
              "Project": "Trigger MWAA DAG using S3 Events",
              "URL": "https://serverlessland.com/"
            },
            "vpc_id": "vpc-5f3867bbd338bb4c2"
          },
          "sensitive_attributes": [],
          "identity_schema_version": 0,
          "private": "eyJzY2hlbWFfdmVyc2lvbiI6IjEifQ==",
          "dependencies": [
            "module.vpc.aws_vpc.this"
          ]
        }
      ]
    },
    {
      "module": "module.vpc",
      "mode": "managed",
      "type": "aws_eip",
      "name": "nat",
      "provider": "provider[\"registry.terraform.io/hashicorp/aws\"]",
      "instances": [
        {
          "index_key": 0,
          "schema_version": 0,
          "attributes": {
            "address": null,
            "allocation_id": "eipalloc-ef25aede00114edba",
            "arn": "arn:aws:ec2:us-east-1::elastic-ip/eipalloc-ef25aede00114edba",
            "associate_with_private_ip": null,
            "association_id": "",
            "carrier_ip": "",
            "customer_owned_ip": "",
            "customer_owned_ipv4_pool": "",
            "domain": "vpc",
            "id": "eipalloc-ef25aede00114edba",
            "instance": "",
            "ipam_pool_id": null,
            "network_border_group": "",
            "network_interface": "",
            "private_dns": null,
            "private_ip": "",
            "ptr_record": "",
            "public_dns": "ec2-127-2-42-149.compute-1.amazonaws.com",
            "public_ip": "127.2.42.149",
            "public_ipv4_pool": "",
            "tags": {
              "Category": "Pattern",
              "Domain": "Serverless",
              "Name": "serverless-land-vpc-us-east-1a",
              "Project": "Trigger MWAA DAG using S3 Events",
              "URL": "https://serverlessland.com/"
            },
            "tags_all": {
              "Category": "Pattern",
              "Domain": "Serverless",
              "Name": "serverless-land-vpc-us-east-1a",
              "Project": "Trigger MWAA DAG using S3 Events",
              "URL": "https://serverlessland.com/"
            },
            "timeouts": null,
            "vpc": true
          },
          "sensitive_attributes": [],
          "identity_schema_version": 0,
          "private": "eyJlMmJmYjczMC1lY2FhLTExZTYtOGY4OC0zNDM2M2JjN2M0YzAiOnsiZGVsZXRlIjoxODAwMDAwMDAwMDAsInJlYWQiOjkwMDAwMDAwMDAwMCwidXBkYXRlIjozMDAwMDAwMDAwMDB9fQ==",
          "dependencies": [
            "data.aws_availability_zones.available",
            "module.vpc.aws_internet_gateway.this",
            "module.vpc.aws_vpc.this",
            "module.vpc.aws_vpc_ipv4_cidr_block_association.this"
          ]
        }
      ]
    },
    {
      "module": "module.vpc",
      "mode": "managed",
      "type": "aws_flow_log",
      "name": "this",
      "provider": "provider[\"registry.terraform.io/hashicorp/aws\"]",
      "instances": [
        {
          "index_key": 0,
          "schema_version": 0,
          "attributes": {
            "arn": "arn:aws:ec2:us-east-1::vpc-flow-log/fl-ac21ffc154fbe4c83",
            "deliver_cross_account_role": "",
            "destination_options": [],
            "eni_id": null,
            "iam_role_arn": "arn:aws:iam::000000000000:role/vpc-flow-log-role-20260127115352481400000003",
            "id": "fl-ac21ffc154fbe4c83",
            "log_destination": "arn:aws:logs:us-east-1:000000000000:log-group:/aws/vpc-flow-log/vpc-5f3867bbd338bb4c2",
            "log_destination_type": "cloud-watch-logs",
            "log_format": "${version} ${account-id} ${interface-id} ${srcaddr} ${dstaddr} ${srcport} ${dstport} ${protocol} ${packets} ${bytes} ${start} ${end} ${action} ${log-status}",
            "log_group_name": "",
            "max_aggregation_interval": 60,
            "subnet_id": null,
            "tags": {
              "Category": "Pattern",
              "Domain": "Serverless",
              "Project": "Trigger MWAA DAG using S3 Events",
              "URL": "https://serverlessland.com/"
            },
            "tags_all": {
              "Category": "Pattern",
              "Domain": "Serverless",
              "Project": "Trigger MWAA DAG using S3 Events",
              "URL": "https://serverlessland.com/"
            },
            "traffic_type": "ALL",
            "transit_gateway_attachment_id": null,
            "transit_gateway_id": null,
            "vpc_id": "vpc-5f3867bbd338bb4c2"
          },
          "sensitive_attributes": [],
          "identity_schema_version": 0,
          "private": "bnVsbA==",
          "dependencies": [
            "module.vpc.aws_cloudwatch_log_group.flow_log",
            "module.vpc.aws_iam_role.vpc_flow_log_cloudwatch",
            "module.vpc.aws_vpc.this",
            "module.vpc.aws_vpc_ipv4_cidr_block_association.this",
            "module.vpc.data.aws_iam_policy_document.flow_log_cloudwatch_assume_role"
          ]
        }
      ]
    },
    {
      "module": "module.vpc",
      "mode": "managed",
      "type": "aws_iam_policy",
      "name": "vpc_flow_log_cloudwatch",
      "provider": "provider[\"registry.terraform.io/hashicorp/aws\"]",
      "instances": [
        {
          "index_key": 0,
          "schema_version": 0,
          "attributes": {
            "arn": "arn:aws:iam::000000000000:policy/vpc-flow-log-to-cloudwatch-20260127115352481200000001",
            "attachment_count": 0,
            "description": "",
            "id": "arn:aws:iam::000000000000:policy/vpc-flow-log-to-cloudwatch-20260127115352481200000001",
            "name": "vpc-flow-log-to-cloudwatch-20260127115352481200000001",
            "name_prefix": "vpc-flow-log-to-cloudwatch-",
            "path": "/",
            "policy": "{\"Statement\":[{\"Action\":[\"logs:PutLogEvents\",\"logs:DescribeLogStreams\",\"logs:DescribeLogGroups\",\"logs:CreateLogStream\"],\"Effect\":\"Allow\",\"Resource\":\"*\",\"Sid\":\"AWSVPCFlowLogsPushToCloudWatch\"}],\"Version\":\"2012-10-17\"}",
            "policy_id": "AITKULY2GHQ6YRIQSYXW4",
            "tags": {
              "Category": "Pattern",
              "Domain": "Serverless",
              "Project": "Trigger MWAA DAG using S3 Events",
              "URL": "https://serverlessland.com/"
            },
            "tags_all": {
              "Category": "Pattern",
              "Domain": "Serverless",
              "Project": "Trigger MWAA DAG using S3 Events",
              "URL": "https://serverlessland.com/"
            }
          },
          "sensitive_attributes": [],
          "identity_schema_version": 0,
          "private": "bnVsbA==",
          "dependencies": [
            "module.vpc.data.aws_iam_policy_document.vpc_flow_log_cloudwatch"
          ]
        }
      ]
    },
    {
      "module": "module.vpc",
      "mode": "managed",
      "type": "aws_iam_role",
      "name": "vpc_flow_log_cloudwatch",
      "provider": "provider[\"registry.terraform.io/hashicorp/aws\"]",
      "instances": [
        {
          "index_key": 0,
          "schema_version": 0,
          "attributes": {
            "arn": "arn:aws:iam::000000000000:role/vpc-flow-log-role-20260127115352481400000003",
            "assume_role_policy": "{\"Statement\":[{\"Action\":\"sts:AssumeRole\",\"Effect\":\"Allow\",\"Principal\":{\"Service\":\"vpc-flow-logs.amazonaws.com\"},\"Sid\":\"AWSVPCFlowLogsAssumeRole\"}],\"Version\":\"2012-10-17\"}",
            "create_date": "2026-01-27T11:53:53Z",
            "description": "",
            "force_detach_policies": false,
            "id": "vpc-flow-log-role-20260127115352481400000003",
            "inline_policy": [],
            "managed_policy_arns": [],
            "max_session_duration": 3600,
            "name": "vpc-flow-log-role-20260127115352481400000003",
            "name_prefix": "vpc-flow-log-role-",
            "path": "/",
            "permissions_boundary": "",
            "tags": {
              "Category": "Pattern",
              "Domain": "Serverless",
              "Project": "Trigger MWAA DAG using S3 Events",
              "URL": "https://serverlessland.com/"
            },
            "tags_all": {
              "Category": "Pattern",
              "Domain": "Serverless",
              "Project": "Trigger MWAA DAG using S3 Events",
              "URL": "https://serverlessland.com/"
            },
            "unique_id": "AROAQAAAAAAALSDWWWB7U"
          },
          "sensitive_attributes": [],
          "identity_schema_version": 0,
          "private": "bnVsbA==",
          "dependencies": [
            "module.vpc.data.aws_iam_policy_document.flow_log_cloudwatch_assume_role"
          ]
        }
      ]
    },
    {
      "module": "module.vpc",
      "mode": "managed",
      "type": "aws_iam_role_policy_attachment",
      "name": "vpc_flow_log_cloudwatch",
      "provider": "provider[\"registry.terraform.io/hashicorp/aws\"]",
      "instances": [
        {
          "index_key": 0,
          "schema_version": 0,
          "attributes": {
            "id": "vpc-flow-log-role-20260127115352481400000003-20260127115353395000000006",
            "policy_arn": "arn:aws:iam::000000000000:policy/vpc-flow-log-to-cloudwatch-20260127115352481200000001",
            "role": "vpc-flow-log-role-20260127115352481400000003"
          },
          "sensitive_attributes": [],
          "identity_schema_version": 0,
          "private": "bnVsbA==",
          "dependencies": [
            "module.vpc.aws_iam_policy.vpc_flow_log_cloudwatch",
            "module.vpc.aws_iam_role.vpc_flow_log_cloudwatch",
            "module.vpc.data.aws_iam_policy_document.flow_log_cloudwatch_assume_role",
            "module.vpc.data.aws_iam_policy_document.vpc_flow_log_cloudwatch"
          ]
        }
      ]
    },
    {
      "module": "module.vpc",
      "mode": "managed",
      "type": "aws_internet_gateway",
      "name": "this",
      "provider": "provider[\"registry.terraform.io/hashicorp/aws\"]",
      "instances": [
        {
          "index_key": 0,
          "schema_version": 0,
          "attributes": {
            "arn": "arn:aws:ec2:us-east-1:000000000000:internet-gateway/igw-12cd8471f35eaea51",
            "id": "igw-12cd8471f35eaea51",
            "owner_id": "000000000000",
            "tags": {
              "Category": "Pattern",
              "Domain": "Serverless",
              "Name": "serverless-land-vpc",
              "Project": "Trigger MWAA DAG using S3 Events",
              "URL": "https://serverlessland.com/"
            },
            "tags_all": {
              "Category": "Pattern",
              "Domain": "Serverless",
              "Name": "serverless-land-vpc",
              "Project": "Trigger MWAA DAG using S3 Events",
              "URL": "https://serverlessland.com/"
            },
            "timeouts": null,
            "vpc_id": "vpc-5f3867bbd338bb4c2"
          },
          "sensitive_attributes": [],
          "identity_schema_version": 0,
          "private": "eyJlMmJmYjczMC1lY2FhLTExZTYtOGY4OC0zNDM2M2JjN2M0YzAiOnsiY3JlYXRlIjoxMjAwMDAwMDAwMDAwLCJkZWxldGUiOjEyMDAwMDAwMDAwMDAsInVwZGF0ZSI6MTIwMDAwMDAwMDAwMH19",
          "dependencies": [
            "data.aws_availability_zones.available",
            "module.vpc.aws_vpc.this",
            "module.vpc.aws_vpc_ipv4_cidr_block_association.this"
          ]
        }
      ]
    },
    {
      "module": "module.vpc",
      "mode": "managed",
      "type": "aws_nat_gateway",
      "name": "this",
      "provider": "provider[\"registry.terraform.io/hashicorp/aws\"]",
      "instances": [
        {
          "index_key": 0,
          "schema_version": 0,
          "attributes": {
            "allocation_id": "eipalloc-ef25aede00114edba",
            "association_id": "eipassoc-d52194f1682f90f77",
            "connectivity_type": "public",
            "id": "nat-b883cfb7b08d3bc1a",
            "network_interface_id": "eni-691f225f25c88a305",
            "private_ip": "10.44.165.99",
            "public_ip": "127.2.42.149",
            "secondary_allocation_ids": null,
            "secondary_private_ip_address_count": 0,
            "secondary_private_ip_addresses": [],
            "subnet_id": "subnet-b08ef7fd24c536d04",
            "tags": {
              "Category": "Pattern",
              "Domain": "Serverless",
              "Name": "serverless-land-vpc-us-east-1a",
              "Project": "Trigger MWAA DAG using S3 Events",
              "URL": "https://serverlessland.com/"
            },
            "tags_all": {
              "Category": "Pattern",
              "Domain": "Serverless",
              "Name": "serverless-land-vpc-us-east-1a",
              "Project": "Trigger MWAA DAG using S3 Events",
              "URL": "https://serverlessland.com/"
            },
            "timeouts": null
          },
          "sensitive_attributes": [],
          "identity_schema_version": 0,
          "private": "eyJlMmJmYjczMC1lY2FhLTExZTYtOGY4OC0zNDM2M2JjN2M0YzAiOnsiY3JlYXRlIjo2MDAwMDAwMDAwMDAsImRlbGV0ZSI6MTgwMDAwMDAwMDAwMCwidXBkYXRlIjo2MDAwMDAwMDAwMDB9fQ==",
          "dependencies": [
            "data.aws_availability_zones.available",
            "module.vpc.aws_eip.nat",
            "module.vpc.aws_internet_gateway.this",
            "module.vpc.aws_subnet.public",
            "module.vpc.aws_vpc.this",
            "module.vpc.aws_vpc_ipv4_cidr_block_association.this"
          ]
        }
      ]
    },
    {
      "module": "module.vpc",
      "mode": "managed",
      "type": "aws_network_acl",
      "name": "private",
      "provider": "provider[\"registry.terraform.io/hashicorp/aws\"]",
      "instances": [
        {
          "index_key": 0,
          "schema_version": 0,
          "attributes": {
            "arn": "arn:aws:ec2:us-east-1:000000000000:network-acl/acl-0d322eb302de4b7ed",
            "egress": [],
            "id": "acl-0d322eb302de4b7ed",
            "ingress": [],
            "owner_id": "000000000000",
            "subnet_ids": [
              "subnet-30abcbdc7e3e28edf",
              "subnet-cb6e272c9b34b1e70"
            ],
            "tags": {
              "Category": "Pattern",
              "Domain": "Serverless",
              "Name": "serverless-land-vpc-private",
              "Project": "Trigger MWAA DAG using S3 Events",
              "URL": "https://serverlessland.com/"
            },
            "tags_all": {
              "Category": "Pattern",
              "Domain": "Serverless",
              "Name": "serverless-land-vpc-private",
              "Project": "Trigger MWAA DAG using S3 Events",
              "URL": "https://serverlessland.com/"
            },
            "vpc_id": "vpc-5f3867bbd338bb4c2"
          },
          "sensitive_attributes": [],
          "identity_schema_version": 0,
          "private": "bnVsbA==",
          "dependencies": [
            "data.aws_availability_zones.available",
            "module.vpc.aws_subnet.private",
            "module.vpc.aws_vpc.this",
            "module.vpc.aws_vpc_ipv4_cidr_block_association.this"
          ]
        }
      ]
    },
    {
      "module": "module.vpc",
      "mode": "managed",
      "type": "aws_network_acl",
      "name": "public",
      "provider": "provider[\"registry.terraform.io/hashicorp/aws\"]",
      "instances": [
        {
          "index_key": 0,
          "schema_version": 0,
          "attributes": {
            "arn": "arn:aws:ec2:us-east-1:000000000000:network-acl/acl-d27d98339686dfaf2",
            "egress": [],
            "id": "acl-d27d98339686dfaf2",
            "ingress": [],
            "owner_id": "000000000000",
            "subnet_ids": [
              "subnet-b08ef7fd24c536d04",
              "subnet-d78864dd2a8aedbf7"
            ],
            "tags": {
              "Category": "Pattern",
              "Domain": "Serverless",
              "Name": "serverless-land-vpc-public",
              "Project": "Trigger MWAA DAG using S3 Events",
              "URL": "https://serverlessland.com/"
            },
            "tags_all": {
              "Category": "Pattern",
              "Domain": "Serverless",
              "Name": "serverless-land-vpc-public",
              "Project": "Trigger MWAA DAG using S3 Events",
              "URL": "https://serverlessland.com/"
            },
            "vpc_id": "vpc-5f3867bbd338bb4c2"
          },
          "sensitive_attributes": [],
          "identity_schema_version": 0,
          "private": "bnVsbA==",
          "dependencies": [
            "data.aws_availability_zones.available",
            "module.vpc.aws_subnet.public",
            "module.vpc.aws_vpc.this",
            "module.vpc.aws_vpc_ipv4_cidr_block_association.this"
          ]
        }
      ]
    },
    {
      "module": "module.vpc",
      "mode": "managed",
      "type": "aws_network_acl_rule",
      "name": "private_inbound",
      "provider": "provider[\"registry.terraform.io/hashicorp/aws\"]",
      "instances": [
        {
          "index_key": 0,
          "schema_version": 0,
          "attributes": {
            "cidr_block": "0.0.0.0/0",
            "egress": false,
            "from_port": 0,
            "icmp_code": null,
            "icmp_type": null,
            "id": "nacl-706740887",
            "ipv6_cidr_block": "",
            "network_acl_id": "acl-0d322eb302de4b7ed",
            "protocol": "-1",
            "rule_action": "allow",
            "rule_number": 100,
            "to_port": 0
          },
          "sensitive_attributes": [],
          "identity_schema_version": 0,
          "private": "bnVsbA==",
          "dependencies": [
            "data.aws_availability_zones.available",
            "module.vpc.aws_network_acl.private",
            "module.vpc.aws_subnet.private",
            "module.vpc.aws_vpc.this",
            "module.vpc.aws_vpc_ipv4_cidr_block_association.this"
          ]
        }
      ]
    },
    {
      "module": "module.vpc",
      "mode": "managed",
      "type": "aws_network_acl_rule",
      "name": "private_outbound",
      "provider": "provider[\"registry.terraform.io/hashicorp/aws\"]",
      "instances": [
        {
          "index_key": 0,
          "schema_version": 0,
          "attributes": {
            "cidr_block": "0.0.0.0/0",
            "egress": true,
            "from_port": 0,
            "icmp_code": null,
            "icmp_type": null,
            "id": "nacl-1329890116",
            "ipv6_cidr_block": "",
            "network_acl_id": "acl-0d322eb302de4b7ed",
            "protocol": "-1",
            "rule_action": "allow",
            "rule_number": 100,
            "to_port": 0
          },
          "sensitive_attributes": [],
          "identity_schema_version": 0,
          "private": "bnVsbA==",
          "dependencies": [
            "data.aws_availability_zones.available",
            "module.vpc.aws_network_acl.private",
            "module.vpc.aws_subnet.private",
            "module.vpc.aws_vpc.this",
            "module.vpc.aws_vpc_ipv4_cidr_block_association.this"
          ]
        }
      ]
    },
    {
      "module": "module.vpc",
      "mode": "managed",
      "type": "aws_network_acl_rule",
      "name": "public_inbound",
      "provider": "provider[\"registry.terraform.io/hashicorp/aws\"]",
      "instances": [
        {
          "index_key": 0,
          "schema_version": 0,
          "attributes": {
            "cidr_block": "0.0.0.0/0",
            "egress": false,
            "from_port": 0,
            "icmp_code": null,
            "icmp_type": null,
            "id": "nacl-4233328967",
            "ipv6_cidr_block": "",
            "network_acl_id": "acl-d27d98339686dfaf2",
            "protocol": "-1",
            "rule_action": "allow",
            "rule_number": 100,
            "to_port": 0
          },
          "sensitive_attributes": [],
          "identity_schema_version": 0,
          "private": "bnVsbA==",
          "dependencies": [
            "data.aws_availability_zones.available",
            "module.vpc.aws_network_acl.public",
            "module.vpc.aws_subnet.public",
            "module.vpc.aws_vpc.this",
            "module.vpc.aws_vpc_ipv4_cidr_block_association.this"
          ]
        }
      ]
    },
    {
      "module": "module.vpc",
      "mode": "managed",
      "type": "aws_network_acl_rule",
      "name": "public_outbound",
      "provider": "provider[\"registry.terraform.io/hashicorp/aws\"]",
      "instances": [
        {
          "index_key": 0,
          "schema_version": 0,
          "attributes": {
            "cidr_block": "0.0.0.0/0",
            "egress": true,
            "from_port": 0,
            "icmp_code": null,
            "icmp_type": null,
            "id": "nacl-3936140260",
            "ipv6_cidr_block": "",
            "network_acl_id": "acl-d27d98339686dfaf2",
            "protocol": "-1",
            "rule_action": "allow",
            "rule_number": 100,
            "to_port": 0
          },
          "sensitive_attributes": [],
          "identity_schema_version": 0,
          "private": "bnVsbA==",
          "dependencies": [
            "data.aws_availability_zones.available",
            "module.vpc.aws_network_acl.public",
            "module.vpc.aws_subnet.public",
            "module.vpc.aws_vpc.this",
            "module.vpc.aws_vpc_ipv4_cidr_block_association.this"
          ]
        }
      ]
    },
    {
      "module": "module.vpc",
      "mode": "managed",
      "type": "aws_route",
      "name": "private_nat_gateway",
      "provider": "provider[\"registry.terraform.io/hashicorp/aws\"]",
      "instances": [
        {
          "index_key": 0,
          "schema_version": 0,
          "attributes": {
            "carrier_gateway_id": "",
            "core_network_arn": "",
            "destination_cidr_block": "0.0.0.0/0",
            "destination_ipv6_cidr_block": "",
            "destination_prefix_list_id": "",
            "egress_only_gateway_id": "",
            "gateway_id": "",
            "id": "r-rtb-bf32c361a588bf89d1080289494",
            "instance_id": "",
            "instance_owner_id": "",
            "local_gateway_id": "",
            "nat_gateway_id": "nat-b883cfb7b08d3bc1a",
            "network_interface_id": "",
            "origin": "CreateRoute",
            "route_table_id": "rtb-bf32c361a588bf89d",
            "state": "active",
            "timeouts": {
              "create": "5m",
              "delete": null,
              "update": null
            },
            "transit_gateway_id": "",
            "vpc_endpoint_id": "",
            "vpc_peering_connection_id": ""
          },
          "sensitive_attributes": [],
          "identity_schema_version": 0,
          "private": "eyJlMmJmYjczMC1lY2FhLTExZTYtOGY4OC0zNDM2M2JjN2M0YzAiOnsiY3JlYXRlIjozMDAwMDAwMDAwMDAsImRlbGV0ZSI6MzAwMDAwMDAwMDAwLCJ1cGRhdGUiOjEyMDAwMDAwMDAwMH19",
          "dependencies": [
            "data.aws_availability_zones.available",
            "module.vpc.aws_eip.nat",
            "module.vpc.aws_internet_gateway.this",
            "module.vpc.aws_nat_gateway.this",
            "module.vpc.aws_route_table.private",
            "module.vpc.aws_subnet.public",
            "module.vpc.aws_vpc.this",
            "module.vpc.aws_vpc_ipv4_cidr_block_association.this"
          ]
        }
      ]
    },
    {
      "module": "module.vpc",
      "mode": "managed",
      "type": "aws_route",
      "name": "public_internet_gateway",
      "provider": "provider[\"registry.terraform.io/hashicorp/aws\"]",
      "instances": [
        {
          "index_key": 0,
          "schema_version": 0,
          "attributes": {
            "carrier_gateway_id": "",
            "core_network_arn": "",
            "destination_cidr_block": "0.0.0.0/0",
            "destination_ipv6_cidr_block": "",
            "destination_prefix_list_id": "",
            "egress_only_gateway_id": "",
            "gateway_id": "igw-12cd8471f35eaea51",
            "id": "r-rtb-c88959ed330a3093a1080289494",
            "instance_id": "",
            "instance_owner_id": "",
            "local_gateway_id": "",
            "nat_gateway_id": "",
            "network_interface_id": "",
            "origin": "CreateRoute",
            "route_table_id": "rtb-c88959ed330a3093a",
            "state": "active",
            "timeouts": {
              "create": "5m",
              "delete": null,
              "update": null
            },
            "transit_gateway_id": "",
            "vpc_endpoint_id": "",
            "vpc_peering_connection_id": ""
          },
          "sensitive_attributes": [],
          "identity_schema_version": 0,
          "private": "eyJlMmJmYjczMC1lY2FhLTExZTYtOGY4OC0zNDM2M2JjN2M0YzAiOnsiY3JlYXRlIjozMDAwMDAwMDAwMDAsImRlbGV0ZSI6MzAwMDAwMDAwMDAwLCJ1cGRhdGUiOjEyMDAwMDAwMDAwMH19",
          "dependencies": [
            "data.aws_availability_zones.available",
            "module.vpc.aws_internet_gateway.this",
            "module.vpc.aws_route_table.public",
            "module.vpc.aws_vpc.this",
            "module.vpc.aws_vpc_ipv4_cidr_block_association.this"
          ]
        }
      ]
    },
    {
      "module": "module.vpc",
      "mode": "managed",
      "type": "aws_route_table",
      "name": "private",
      "provider": "provider[\"registry.terraform.io/hashicorp/aws\"]",
      "instances": [
        {
          "index_key": 0,
          "schema_version": 0,
          "attributes": {
            "arn": "arn:aws:ec2:us-east-1:000000000000:route-table/rtb-bf32c361a588bf89d",
            "id": "rtb-bf32c361a588bf89d",
            "owner_id": "000000000000",
            "propagating_vgws": [],
            "route": [],
            "tags": {
              "Category": "Pattern",
              "Domain": "Serverless",
              "Name": "serverless-land-vpc-private",
              "Project": "Trigger MWAA DAG using S3 Events",
              "URL": "https://serverlessland.com/"
            },
            "tags_all": {
              "Category": "Pattern",
              "Domain": "Serverless",
              "Name": "serverless-land-vpc-private",
              "Project": "Trigger MWAA DAG using S3 Events",
              "URL": "https://serverlessland.com/"
            },
            "timeouts": null,
            "vpc_id": "vpc-5f3867bbd338bb4c2"
          },
          "sensitive_attributes": [],
          "identity_schema_version": 0,
          "private": "eyJlMmJmYjczMC1lY2FhLTExZTYtOGY4OC0zNDM2M2JjN2M0YzAiOnsiY3JlYXRlIjozMDAwMDAwMDAwMDAsImRlbGV0ZSI6MzAwMDAwMDAwMDAwLCJ1cGRhdGUiOjEyMDAwMDAwMDAwMH19",
          "dependencies": [
            "data.aws_availability_zones.available",
            "module.vpc.aws_vpc.this",
            "module.vpc.aws_vpc_ipv4_cidr_block_association.this"
          ]
        }
      ]
    },
    {
      "module": "module.vpc",
      "mode": "managed",
      "type": "aws_route_table",
      "name": "public",
      "provider": "provider[\"registry.terraform.io/hashicorp/aws\"]",
      "instances": [
        {
          "index_key": 0,
          "schema_version": 0,
          "attributes": {
            "arn": "arn:aws:ec2:us-east-1:000000000000:route-table/rtb-c88959ed330a3093a",
            "id": "rtb-c88959ed330a3093a",
            "owner_id": "000000000000",
            "propagating_vgws": [],
            "route": [],
            "tags": {
              "Category": "Pattern",
              "Domain": "Serverless",
              "Name": "serverless-land-vpc-public",
              "Project": "Trigger MWAA DAG using S3 Events",
              "URL": "https://serverlessland.com/"
            },
            "tags_all": {
              "Category": "Pattern",
              "Domain": "Serverless",
              "Name": "serverless-land-vpc-public",
              "Project": "Trigger MWAA DAG using S3 Events",
              "URL": "https://serverlessland.com/"
            },
            "timeouts": null,
            "vpc_id": "vpc-5f3867bbd338bb4c2"
          },
          "sensitive_attributes": [],
          "identity_schema_version": 0,
          "private": "eyJlMmJmYjczMC1lY2FhLTExZTYtOGY4OC0zNDM2M2JjN2M0YzAiOnsiY3JlYXRlIjozMDAwMDAwMDAwMDAsImRlbGV0ZSI6MzAwMDAwMDAwMDAwLCJ1cGRhdGUiOjEyMDAwMDAwMDAwMH19",
          "dependencies": [
            "data.aws_availability_zones.available",
            "module.vpc.aws_vpc.this",
            "module.vpc.aws_vpc_ipv4_cidr_block_association.this"
          ]
        }
      ]
    },
    {
      "module": "module.vpc",
      "mode": "managed",
      "type": "aws_route_table_association",
      "name": "private",
      "provider": "provider[\"registry.terraform.io/hashicorp/aws\"]",
      "instances": [
        {
          "index_key": 0,
          "schema_version": 0,
          "attributes": {
            "gateway_id": "",
            "id": "rtbassoc-ed3d07838ed361ad9",
            "route_table_id": "rtb-bf32c361a588bf89d",
            "subnet_id": "subnet-cb6e272c9b34b1e70",
            "timeouts": null
          },
          "sensitive_attributes": [],
          "identity_schema_version": 0,
          "private": "eyJlMmJmYjczMC1lY2FhLTExZTYtOGY4OC0zNDM2M2JjN2M0YzAiOnsiY3JlYXRlIjozMDAwMDAwMDAwMDAsImRlbGV0ZSI6MzAwMDAwMDAwMDAwLCJ1cGRhdGUiOjEyMDAwMDAwMDAwMH19",
          "dependencies": [
            "data.aws_availability_zones.available",
            "module.vpc.aws_route_table.private",
            "module.vpc.aws_subnet.private",
            "module.vpc.aws_vpc.this",
            "module.vpc.aws_vpc_ipv4_cidr_block_association.this"
          ]
        },
        {
          "index_key": 1,
          "schema_version": 0,
          "attributes": {
            "gateway_id": "",
            "id": "rtbassoc-3e349e8582508b6bd",
            "route_table_id": "rtb-bf32c361a588bf89d",
            "subnet_id": "subnet-30abcbdc7e3e28edf",
            "timeouts": null
          },
          "sensitive_attributes": [],
          "identity_schema_version": 0,
          "private": "eyJlMmJmYjczMC1lY2FhLTExZTYtOGY4OC0zNDM2M2JjN2M0YzAiOnsiY3JlYXRlIjozMDAwMDAwMDAwMDAsImRlbGV0ZSI6MzAwMDAwMDAwMDAwLCJ1cGRhdGUiOjEyMDAwMDAwMDAwMH19",
          "dependencies": [
            "data.aws_availability_zones.available",
            "module.vpc.aws_route_table.private",
            "module.vpc.aws_subnet.private",
            "module.vpc.aws_vpc.this",
            "module.vpc.aws_vpc_ipv4_cidr_block_association.this"
          ]
        }
      ]
    },
    {
      "module": "module.vpc",
      "mode": "managed",
      "type": "aws_route_table_association",
      "name": "public",
      "provider": "provider[\"registry.terraform.io/hashicorp/aws\"]",
      "instances": [
        {
          "index_key": 0,
          "schema_version": 0,
          "attributes": {
            "gateway_id": "",
            "id": "rtbassoc-497035e3c66498227",
            "route_table_id": "rtb-c88959ed330a3093a",
            "subnet_id": "subnet-b08ef7fd24c536d04",
            "timeouts": null
          },
          "sensitive_attributes": [],
          "identity_schema_version": 0,
          "private": "eyJlMmJmYjczMC1lY2FhLTExZTYtOGY4OC0zNDM2M2JjN2M0YzAiOnsiY3JlYXRlIjozMDAwMDAwMDAwMDAsImRlbGV0ZSI6MzAwMDAwMDAwMDAwLCJ1cGRhdGUiOjEyMDAwMDAwMDAwMH19",
          "dependencies": [
            "data.aws_availability_zones.available",
            "module.vpc.aws_route_table.public",
            "module.vpc.aws_subnet.public",
            "module.vpc.aws_vpc.this",
            "module.vpc.aws_vpc_ipv4_cidr_block_association.this"
          ]
        },
        {
          "index_key": 1,
          "schema_version": 0,
          "attributes": {
            "gateway_id": "",
            "id": "rtbassoc-5c0281187c61c4685",
            "route_table_id": "rtb-c88959ed330a3093a",
            "subnet_id": "subnet-d78864dd2a8aedbf7",
            "timeouts": null
          },
          "sensitive_attributes": [],
          "identity_schema_version": 0,
          "private": "eyJlMmJmYjczMC1lY2FhLTExZTYtOGY4OC0zNDM2M2JjN2M0YzAiOnsiY3JlYXRlIjozMDAwMDAwMDAwMDAsImRlbGV0ZSI6MzAwMDAwMDAwMDAwLCJ1cGRhdGUiOjEyMDAwMDAwMDAwMH19",
          "dependencies": [
            "data.aws_availability_zones.available",
            "module.vpc.aws_route_table.public",
            "module.vpc.aws_subnet.public",
            "module.vpc.aws_vpc.this",
            "module.vpc.aws_vpc_ipv4_cidr_block_association.this"
          ]
        }
      ]
    },
    {
      "module": "module.vpc",
      "mode": "managed",
      "type": "aws_subnet",
      "name": "private",
      "provider": "provider[\"registry.terraform.io/hashicorp/aws\"]",
      "instances": [
        {
          "index_key": 0,
          "schema_version": 1,
          "attributes": {
            "arn": "arn:aws:ec2:us-east-1:000000000000:subnet/subnet-cb6e272c9b34b1e70",
            "assign_ipv6_address_on_creation": false,
            "availability_zone": "us-east-1a",
            "availability_zone_id": "use1-az6",
            "cidr_block": "10.0.0.0/24",
            "customer_owned_ipv4_pool": "",
            "enable_dns64": false,
            "enable_lni_at_device_index": 0,
            "enable_resource_name_dns_a_record_on_launch": false,
            "enable_resource_name_dns_aaaa_record_on_launch": false,
            "id": "subnet-cb6e272c9b34b1e70",
            "ipv6_cidr_block": "",
            "ipv6_cidr_block_association_id": "",
            "ipv6_native": false,
            "map_customer_owned_ip_on_launch": false,
            "map_public_ip_on_launch": false,
            "outpost_arn": "",
            "owner_id": "000000000000",
            "private_dns_hostname_type_on_launch": "ip-name",
            "tags": {
              "Category": "Pattern",
              "Domain": "Serverless",
              "Name": "serverless-land-vpc-private-us-east-1a",
              "Project": "Trigger MWAA DAG using S3 Events",
              "URL": "https://serverlessland.com/"
            },
            "tags_all": {
              "Category": "Pattern",
              "Domain": "Serverless",
              "Name": "serverless-land-vpc-private-us-east-1a",
              "Project": "Trigger MWAA DAG using S3 Events",
              "URL": "https://serverlessland.com/"
            },
            "timeouts": null,
            "vpc_id": "vpc-5f3867bbd338bb4c2"
          },
          "sensitive_attributes": [],
          "identity_schema_version": 0,
          "private": "eyJlMmJmYjczMC1lY2FhLTExZTYtOGY4OC0zNDM2M2JjN2M0YzAiOnsiY3JlYXRlIjo2MDAwMDAwMDAwMDAsImRlbGV0ZSI6MTIwMDAwMDAwMDAwMH0sInNjaGVtYV92ZXJzaW9uIjoiMSJ9",
          "dependencies": [
            "data.aws_availability_zones.available",
            "module.vpc.aws_vpc.this",
            "module.vpc.aws_vpc_ipv4_cidr_block_association.this"
          ]
        },
        {
          "index_key": 1,
          "schema_version": 1,
          "attributes": {
            "arn": "arn:aws:ec2:us-east-1:000000000000:subnet/subnet-30abcbdc7e3e28edf",
            "assign_ipv6_address_on_creation": false,
            "availability_zone": "us-east-1b",
            "availability_zone_id": "use1-az1",
            "cidr_block": "10.0.1.0/24",
            "customer_owned_ipv4_pool": "",
            "enable_dns64": false,
            "enable_lni_at_device_index": 0,
            "enable_resource_name_dns_a_record_on_launch": false,
            "enable_resource_name_dns_aaaa_record_on_launch": false,
            "id": "subnet-30abcbdc7e3e28edf",
            "ipv6_cidr_block": "",
            "ipv6_cidr_block_association_id": "",
            "ipv6_native": false,
            "map_customer_owned_ip_on_launch": false,
            "map_public_ip_on_launch": false,
            "outpost_arn": "",
            "owner_id": "000000000000",
            "private_dns_hostname_type_on_launch": "ip-name",
            "tags": {
              "Category": "Pattern",
              "Domain": "Serverless",
              "Name": "serverless-land-vpc-private-us-east-1b",
              "Project": "Trigger MWAA DAG using S3 Events",
              "URL": "https://serverlessland.com/"
            },
            "tags_all": {
              "Category": "Pattern",
              "Domain": "Serverless",
              "Name": "serverless-land-vpc-private-us-east-1b",
              "Project": "Trigger MWAA DAG using S3 Events",
              "URL": "https://serverlessland.com/"
            },
            "timeouts": null,
            "vpc_id": "vpc-5f3867bbd338bb4c2"
          },
          "sensitive_attributes": [],
          "identity_schema_version": 0,
          "private": "eyJlMmJmYjczMC1lY2FhLTExZTYtOGY4OC0zNDM2M2JjN2M0YzAiOnsiY3JlYXRlIjo2MDAwMDAwMDAwMDAsImRlbGV0ZSI6MTIwMDAwMDAwMDAwMH0sInNjaGVtYV92ZXJzaW9uIjoiMSJ9",
          "dependencies": [
            "data.aws_availability_zones.available",
            "module.vpc.aws_vpc.this",
            "module.vpc.aws_vpc_ipv4_cidr_block_association.this"
          ]
        }
      ]
    },
    {
      "module": "module.vpc",
      "mode": "managed",
      "type": "aws_subnet",
      "name": "public",
      "provider": "provider[\"registry.terraform.io/hashicorp/aws\"]",
      "instances": [
        {
          "index_key": 0,
          "schema_version": 1,
          "attributes": {
            "arn": "arn:aws:ec2:us-east-1:000000000000:subnet/subnet-b08ef7fd24c536d04",
            "assign_ipv6_address_on_creation": false,
            "availability_zone": "us-east-1a",
            "availability_zone_id": "use1-az6",
            "cidr_block": "10.0.10.0/24",
            "customer_owned_ipv4_pool": "",
            "enable_dns64": false,
            "enable_lni_at_device_index": 0,
            "enable_resource_name_dns_a_record_on_launch": false,
            "enable_resource_name_dns_aaaa_record_on_launch": false,
            "id": "subnet-b08ef7fd24c536d04",
            "ipv6_cidr_block": "",
            "ipv6_cidr_block_association_id": "",
            "ipv6_native": false,
            "map_customer_owned_ip_on_launch": false,
            "map_public_ip_on_launch": false,
            "outpost_arn": "",
            "owner_id": "000000000000",
            "private_dns_hostname_type_on_launch": "ip-name",
            "tags": {
              "Category": "Pattern",
              "Domain": "Serverless",
              "Name": "serverless-land-vpc-public-us-east-1a",
              "Project": "Trigger MWAA DAG using S3 Events",
              "URL": "https://serverlessland.com/"
            },
            "tags_all": {
              "Category": "Pattern",
              "Domain": "Serverless",
              "Name": "serverless-land-vpc-public-us-east-1a",
              "Project": "Trigger MWAA DAG using S3 Events",
              "URL": "https://serverlessland.com/"
            },
            "timeouts": null,
            "vpc_id": "vpc-5f3867bbd338bb4c2"
          },
          "sensitive_attributes": [],
          "identity_schema_version": 0,
          "private": "eyJlMmJmYjczMC1lY2FhLTExZTYtOGY4OC0zNDM2M2JjN2M0YzAiOnsiY3JlYXRlIjo2MDAwMDAwMDAwMDAsImRlbGV0ZSI6MTIwMDAwMDAwMDAwMH0sInNjaGVtYV92ZXJzaW9uIjoiMSJ9",
          "dependencies": [
            "data.aws_availability_zones.available",
            "module.vpc.aws_vpc.this",
            "module.vpc.aws_vpc_ipv4_cidr_block_association.this"
          ]
        },
        {
          "index_key": 1,
          "schema_version": 1,
          "attributes": {
            "arn": "arn:aws:ec2:us-east-1:000000000000:subnet/subnet-d78864dd2a8aedbf7",
            "assign_ipv6_address_on_creation": false,
            "availability_zone": "us-east-1b",
            "availability_zone_id": "use1-az1",
            "cidr_block": "10.0.11.0/24",
            "customer_owned_ipv4_pool": "",
            "enable_dns64": false,
            "enable_lni_at_device_index": 0,
            "enable_resource_name_dns_a_record_on_launch": false,
            "enable_resource_name_dns_aaaa_record_on_launch": false,
            "id": "subnet-d78864dd2a8aedbf7",
            "ipv6_cidr_block": "",
            "ipv6_cidr_block_association_id": "",
            "ipv6_native": false,
            "map_customer_owned_ip_on_launch": false,
            "map_public_ip_on_launch": false,
            "outpost_arn": "",
            "owner_id": "000000000000",
            "private_dns_hostname_type_on_launch": "ip-name",
            "tags": {
              "Category": "Pattern",
              "Domain": "Serverless",
              "Name": "serverless-land-vpc-public-us-east-1b",
              "Project": "Trigger MWAA DAG using S3 Events",
              "URL": "https://serverlessland.com/"
            },
            "tags_all": {
              "Category": "Pattern",
              "Domain": "Serverless",
              "Name": "serverless-land-vpc-public-us-east-1b",
              "Project": "Trigger MWAA DAG using S3 Events",
              "URL": "https://serverlessland.com/"
            },
            "timeouts": null,
            "vpc_id": "vpc-5f3867bbd338bb4c2"
          },
          "sensitive_attributes": [],
          "identity_schema_version": 0,
          "private": "eyJlMmJmYjczMC1lY2FhLTExZTYtOGY4OC0zNDM2M2JjN2M0YzAiOnsiY3JlYXRlIjo2MDAwMDAwMDAwMDAsImRlbGV0ZSI6MTIwMDAwMDAwMDAwMH0sInNjaGVtYV92ZXJzaW9uIjoiMSJ9",
          "dependencies": [
            "data.aws_availability_zones.available",
            "module.vpc.aws_vpc.this",
            "module.vpc.aws_vpc_ipv4_cidr_block_association.this"
          ]
        }
      ]
    },
    {
      "module": "module.vpc",
      "mode": "managed",
      "type": "aws_vpc",
      "name": "this",
      "provider": "provider[\"registry.terraform.io/hashicorp/aws\"]",
      "instances": [
        {
          "index_key": 0,
          "schema_version": 1,
          "attributes": {
            "arn": "arn:aws:ec2:us-east-1:000000000000:vpc/vpc-5f3867bbd338bb4c2",
            "assign_generated_ipv6_cidr_block": false,
            "cidr_block": "10.0.0.0/16",
            "default_network_acl_id": "acl-a4ce5d3f20f332958",
            "default_route_table_id": "rtb-88bee61ac46b0b2bc",
            "default_security_group_id": "sg-304934c19c14400a9",
            "dhcp_options_id": "default",
            "enable_dns_hostnames": true,
            "enable_dns_support": true,
            "enable_network_address_usage_metrics": false,
            "id": "vpc-5f3867bbd338bb4c2",
            "instance_tenancy": "default",
            "ipv4_ipam_pool_id": null,
            "ipv4_netmask_length": null,
            "ipv6_association_id": "",
            "ipv6_cidr_block": "",
            "ipv6_cidr_block_network_border_group": "",
            "ipv6_ipam_pool_id": "",
            "ipv6_netmask_length": 0,
            "main_route_table_id": "rtb-88bee61ac46b0b2bc",
            "owner_id": "000000000000",
            "tags": {
              "Category": "Pattern",
              "Domain": "Serverless",
              "Name": "serverless-land-vpc",
              "Project": "Trigger MWAA DAG using S3 Events",
              "URL": "https://serverlessland.com/"
            },
            "tags_all": {
              "Category": "Pattern",
              "Domain": "Serverless",
              "Name": "serverless-land-vpc",
              "Project": "Trigger MWAA DAG using S3 Events",
              "URL": "https://serverlessland.com/"
            }
          },
          "sensitive_attributes": [],
          "identity_schema_version": 0,
          "private": "eyJzY2hlbWFfdmVyc2lvbiI6IjEifQ==",
          "create_before_destroy": true
        }
      ]
    }
  ],
  "check_results": [
    {
      "object_kind": "var",
      "config_addr": "module.mwaa.var.environment_class",
      "status": "pass",
      "objects": [
        {
          "object_addr": "module.mwaa.var.environment_class",
          "status": "pass"
        }
      ]
    },
    {
      "object_kind": "var",
      "config_addr": "module.mwaa.var.webserver_access_mode",
      "status": "pass",
      "objects": [
        {
          "object_addr": "module.mwaa.var.webserver_access_mode",
          "status": "pass"
        }
      ]
    },
    {
      "object_kind": "var",
      "config_addr": "module.mwaa.var.max_workers",
      "status": "pass",
      "objects": [
        {
          "object_addr": "module.mwaa.var.max_workers",
          "status": "pass"
        }
      ]
    }
  ]
}
