data.aws_availability_zones.available: Reading...
data.aws_availability_zones.available: Read complete after 0s [id=us-east-1]

Terraform used the selected providers to generate the following execution
plan. Resource actions are indicated with the following symbols:
  + create
 <= read (data resources)

Terraform will perform the following actions:

  # data.aws_eks_cluster.this will be read during apply
  # (depends on a resource or a module with changes pending)
 <= data "aws_eks_cluster" "this" {
      + access_config             = (known after apply)
      + arn                       = (known after apply)
      + certificate_authority     = (known after apply)
      + cluster_id                = (known after apply)
      + compute_config            = (known after apply)
      + created_at                = (known after apply)
      + enabled_cluster_log_types = (known after apply)
      + endpoint                  = (known after apply)
      + id                        = (known after apply)
      + identity                  = (known after apply)
      + kubernetes_network_config = (known after apply)
      + name                      = "my-go-app-dev-eks"
      + outpost_config            = (known after apply)
      + platform_version          = (known after apply)
      + remote_network_config     = (known after apply)
      + role_arn                  = (known after apply)
      + status                    = (known after apply)
      + storage_config            = (known after apply)
      + tags                      = (known after apply)
      + upgrade_policy            = (known after apply)
      + version                   = (known after apply)
      + vpc_config                = (known after apply)
      + zonal_shift_config        = (known after apply)
    }

  # data.aws_eks_cluster_auth.this will be read during apply
  # (depends on a resource or a module with changes pending)
 <= data "aws_eks_cluster_auth" "this" {
      + id    = (known after apply)
      + name  = "my-go-app-dev-eks"
      + token = (sensitive value)
    }

  # data.tls_certificate.eks_oidc will be read during apply
  # (config refers to values not yet known)
 <= data "tls_certificate" "eks_oidc" {
      + certificates = (known after apply)
      + id           = (known after apply)
      + url          = (known after apply)
    }

  # aws_ecr_lifecycle_policy.svc1 will be created
  + resource "aws_ecr_lifecycle_policy" "svc1" {
      + id          = (known after apply)
      + policy      = jsonencode(
            {
              + rules = [
                  + {
                      + action       = {
                          + type = "expire"
                        }
                      + description  = "Keep last 30 images"
                      + rulePriority = 1
                      + selection    = {
                          + countNumber = 30
                          + countType   = "imageCountMoreThan"
                          + tagStatus   = "any"
                        }
                    },
                ]
            }
        )
      + registry_id = (known after apply)
      + repository  = "my-go-app-dev-svc1"
    }

  # aws_ecr_lifecycle_policy.svc2 will be created
  + resource "aws_ecr_lifecycle_policy" "svc2" {
      + id          = (known after apply)
      + policy      = jsonencode(
            {
              + rules = [
                  + {
                      + action       = {
                          + type = "expire"
                        }
                      + description  = "Keep last 30 images"
                      + rulePriority = 1
                      + selection    = {
                          + countNumber = 30
                          + countType   = "imageCountMoreThan"
                          + tagStatus   = "any"
                        }
                    },
                ]
            }
        )
      + registry_id = (known after apply)
      + repository  = "my-go-app-dev-svc2"
    }

  # aws_ecr_repository.svc1 will be created
  + resource "aws_ecr_repository" "svc1" {
      + arn                  = (known after apply)
      + force_delete         = true
      + id                   = (known after apply)
      + image_tag_mutability = "MUTABLE"
      + name                 = "my-go-app-dev-svc1"
      + registry_id          = (known after apply)
      + repository_url       = (known after apply)
      + tags                 = {
          + "app"         = "my-go-app"
          + "environment" = "dev"
          + "managed-by"  = "terraform"
          + "project"     = "ai-code-generation-from-code-to-iac"
        }
      + tags_all             = {
          + "app"         = "my-go-app"
          + "environment" = "dev"
          + "managed-by"  = "terraform"
          + "project"     = "ai-code-generation-from-code-to-iac"
        }

      + encryption_configuration {
          + encryption_type = "AES256"
          + kms_key         = (known after apply)
        }

      + image_scanning_configuration {
          + scan_on_push = true
        }
    }

  # aws_ecr_repository.svc2 will be created
  + resource "aws_ecr_repository" "svc2" {
      + arn                  = (known after apply)
      + force_delete         = true
      + id                   = (known after apply)
      + image_tag_mutability = "MUTABLE"
      + name                 = "my-go-app-dev-svc2"
      + registry_id          = (known after apply)
      + repository_url       = (known after apply)
      + tags                 = {
          + "app"         = "my-go-app"
          + "environment" = "dev"
          + "managed-by"  = "terraform"
          + "project"     = "ai-code-generation-from-code-to-iac"
        }
      + tags_all             = {
          + "app"         = "my-go-app"
          + "environment" = "dev"
          + "managed-by"  = "terraform"
          + "project"     = "ai-code-generation-from-code-to-iac"
        }

      + encryption_configuration {
          + encryption_type = "AES256"
          + kms_key         = (known after apply)
        }

      + image_scanning_configuration {
          + scan_on_push = true
        }
    }

  # aws_eip.nat["us-east-1a"] will be created
  + resource "aws_eip" "nat" {
      + allocation_id        = (known after apply)
      + arn                  = (known after apply)
      + association_id       = (known after apply)
      + carrier_ip           = (known after apply)
      + customer_owned_ip    = (known after apply)
      + domain               = "vpc"
      + id                   = (known after apply)
      + instance             = (known after apply)
      + ipam_pool_id         = (known after apply)
      + network_border_group = (known after apply)
      + network_interface    = (known after apply)
      + private_dns          = (known after apply)
      + private_ip           = (known after apply)
      + ptr_record           = (known after apply)
      + public_dns           = (known after apply)
      + public_ip            = (known after apply)
      + public_ipv4_pool     = (known after apply)
      + tags                 = {
          + "Name"        = "my-go-app-dev-nat-eip-us-east-1a"
          + "app"         = "my-go-app"
          + "environment" = "dev"
          + "managed-by"  = "terraform"
          + "project"     = "ai-code-generation-from-code-to-iac"
        }
      + tags_all             = {
          + "Name"        = "my-go-app-dev-nat-eip-us-east-1a"
          + "app"         = "my-go-app"
          + "environment" = "dev"
          + "managed-by"  = "terraform"
          + "project"     = "ai-code-generation-from-code-to-iac"
        }
      + vpc                  = (known after apply)
    }

  # aws_eip.nat["us-east-1b"] will be created
  + resource "aws_eip" "nat" {
      + allocation_id        = (known after apply)
      + arn                  = (known after apply)
      + association_id       = (known after apply)
      + carrier_ip           = (known after apply)
      + customer_owned_ip    = (known after apply)
      + domain               = "vpc"
      + id                   = (known after apply)
      + instance             = (known after apply)
      + ipam_pool_id         = (known after apply)
      + network_border_group = (known after apply)
      + network_interface    = (known after apply)
      + private_dns          = (known after apply)
      + private_ip           = (known after apply)
      + ptr_record           = (known after apply)
      + public_dns           = (known after apply)
      + public_ip            = (known after apply)
      + public_ipv4_pool     = (known after apply)
      + tags                 = {
          + "Name"        = "my-go-app-dev-nat-eip-us-east-1b"
          + "app"         = "my-go-app"
          + "environment" = "dev"
          + "managed-by"  = "terraform"
          + "project"     = "ai-code-generation-from-code-to-iac"
        }
      + tags_all             = {
          + "Name"        = "my-go-app-dev-nat-eip-us-east-1b"
          + "app"         = "my-go-app"
          + "environment" = "dev"
          + "managed-by"  = "terraform"
          + "project"     = "ai-code-generation-from-code-to-iac"
        }
      + vpc                  = (known after apply)
    }

  # aws_eks_cluster.this will be created
  + resource "aws_eks_cluster" "this" {
      + arn                           = (known after apply)
      + bootstrap_self_managed_addons = true
      + certificate_authority         = (known after apply)
      + cluster_id                    = (known after apply)
      + created_at                    = (known after apply)
      + enabled_cluster_log_types     = [
          + "api",
          + "audit",
          + "authenticator",
          + "controllerManager",
          + "scheduler",
        ]
      + endpoint                      = (known after apply)
      + id                            = (known after apply)
      + identity                      = (known after apply)
      + name                          = "my-go-app-dev-eks"
      + platform_version              = (known after apply)
      + role_arn                      = (known after apply)
      + status                        = (known after apply)
      + tags                          = {
          + "app"         = "my-go-app"
          + "environment" = "dev"
          + "managed-by"  = "terraform"
          + "project"     = "ai-code-generation-from-code-to-iac"
        }
      + tags_all                      = {
          + "app"         = "my-go-app"
          + "environment" = "dev"
          + "managed-by"  = "terraform"
          + "project"     = "ai-code-generation-from-code-to-iac"
        }
      + version                       = "1.29"

      + access_config (known after apply)

      + kubernetes_network_config (known after apply)

      + upgrade_policy (known after apply)

      + vpc_config {
          + cluster_security_group_id = (known after apply)
          + endpoint_private_access   = true
          + endpoint_public_access    = true
          + public_access_cidrs       = [
              + "0.0.0.0/0",
            ]
          + security_group_ids        = (known after apply)
          + subnet_ids                = (known after apply)
          + vpc_id                    = (known after apply)
        }
    }

  # aws_eks_node_group.default will be created
  + resource "aws_eks_node_group" "default" {
      + ami_type               = (known after apply)
      + arn                    = (known after apply)
      + capacity_type          = (known after apply)
      + cluster_name           = "my-go-app-dev-eks"
      + disk_size              = (known after apply)
      + id                     = (known after apply)
      + instance_types         = [
          + "t3.medium",
        ]
      + node_group_name        = "my-go-app-dev-ng"
      + node_group_name_prefix = (known after apply)
      + node_role_arn          = (known after apply)
      + release_version        = (known after apply)
      + resources              = (known after apply)
      + status                 = (known after apply)
      + subnet_ids             = (known after apply)
      + tags                   = {
          + "app"         = "my-go-app"
          + "environment" = "dev"
          + "managed-by"  = "terraform"
          + "project"     = "ai-code-generation-from-code-to-iac"
        }
      + tags_all               = {
          + "app"         = "my-go-app"
          + "environment" = "dev"
          + "managed-by"  = "terraform"
          + "project"     = "ai-code-generation-from-code-to-iac"
        }
      + version                = (known after apply)

      + node_repair_config (known after apply)

      + remote_access {}

      + scaling_config {
          + desired_size = 2
          + max_size     = 4
          + min_size     = 2
        }

      + update_config {
          + max_unavailable = 1
        }
    }

  # aws_iam_openid_connect_provider.eks will be created
  + resource "aws_iam_openid_connect_provider" "eks" {
      + arn             = (known after apply)
      + client_id_list  = [
          + "sts.amazonaws.com",
        ]
      + id              = (known after apply)
      + tags            = {
          + "app"         = "my-go-app"
          + "environment" = "dev"
          + "managed-by"  = "terraform"
          + "project"     = "ai-code-generation-from-code-to-iac"
        }
      + tags_all        = {
          + "app"         = "my-go-app"
          + "environment" = "dev"
          + "managed-by"  = "terraform"
          + "project"     = "ai-code-generation-from-code-to-iac"
        }
      + thumbprint_list = (known after apply)
      + url             = (known after apply)
    }

  # aws_iam_policy.aws_load_balancer_controller[0] will be created
  + resource "aws_iam_policy" "aws_load_balancer_controller" {
      + arn              = (known after apply)
      + attachment_count = (known after apply)
      + description      = "IAM policy for AWS Load Balancer Controller (IRSA)"
      + id               = (known after apply)
      + name             = "my-go-app-dev-aws-lbc-policy"
      + name_prefix      = (known after apply)
      + path             = "/"
      + policy           = jsonencode(
            {
              + Statement = [
                  + {
                      + Action   = [
                          + "iam:CreateServiceLinkedRole",
                          + "ec2:DescribeAccountAttributes",
                          + "ec2:DescribeAddresses",
                          + "ec2:DescribeAvailabilityZones",
                          + "ec2:DescribeInternetGateways",
                          + "ec2:DescribeVpcs",
                          + "ec2:DescribeVpcPeeringConnections",
                          + "ec2:DescribeSubnets",
                          + "ec2:DescribeSecurityGroups",
                          + "ec2:DescribeInstances",
                          + "ec2:DescribeNetworkInterfaces",
                          + "ec2:DescribeTags",
                          + "ec2:GetCoipPoolUsage",
                          + "ec2:DescribeCoipPools",
                          + "elasticloadbalancing:DescribeLoadBalancers",
                          + "elasticloadbalancing:DescribeLoadBalancerAttributes",
                          + "elasticloadbalancing:DescribeListeners",
                          + "elasticloadbalancing:DescribeListenerCertificates",
                          + "elasticloadbalancing:DescribeSSLPolicies",
                          + "elasticloadbalancing:DescribeRules",
                          + "elasticloadbalancing:DescribeTargetGroups",
                          + "elasticloadbalancing:DescribeTargetGroupAttributes",
                          + "elasticloadbalancing:DescribeTargetHealth",
                          + "elasticloadbalancing:DescribeTags",
                        ]
                      + Effect   = "Allow"
                      + Resource = "*"
                    },
                  + {
                      + Action   = [
                          + "ec2:CreateSecurityGroup",
                          + "ec2:CreateTags",
                          + "ec2:DeleteTags",
                          + "ec2:AuthorizeSecurityGroupIngress",
                          + "ec2:RevokeSecurityGroupIngress",
                          + "ec2:DeleteSecurityGroup",
                        ]
                      + Effect   = "Allow"
                      + Resource = "*"
                    },
                  + {
                      + Action   = [
                          + "elasticloadbalancing:CreateLoadBalancer",
                          + "elasticloadbalancing:CreateTargetGroup",
                          + "elasticloadbalancing:CreateListener",
                          + "elasticloadbalancing:DeleteListener",
                          + "elasticloadbalancing:DeleteLoadBalancer",
                          + "elasticloadbalancing:DeleteTargetGroup",
                          + "elasticloadbalancing:ModifyLoadBalancerAttributes",
                          + "elasticloadbalancing:ModifyTargetGroup",
                          + "elasticloadbalancing:ModifyTargetGroupAttributes",
                          + "elasticloadbalancing:ModifyListener",
                          + "elasticloadbalancing:AddTags",
                          + "elasticloadbalancing:RemoveTags",
                          + "elasticloadbalancing:RegisterTargets",
                          + "elasticloadbalancing:DeregisterTargets",
                          + "elasticloadbalancing:SetIpAddressType",
                          + "elasticloadbalancing:SetSecurityGroups",
                          + "elasticloadbalancing:SetSubnets",
                        ]
                      + Effect   = "Allow"
                      + Resource = "*"
                    },
                ]
              + Version   = "2012-10-17"
            }
        )
      + policy_id        = (known after apply)
      + tags_all         = {
          + "project" = "ai-code-generation-from-code-to-iac"
        }
    }

  # aws_iam_role.aws_load_balancer_controller[0] will be created
  + resource "aws_iam_role" "aws_load_balancer_controller" {
      + arn                   = (known after apply)
      + assume_role_policy    = (known after apply)
      + create_date           = (known after apply)
      + force_detach_policies = false
      + id                    = (known after apply)
      + managed_policy_arns   = (known after apply)
      + max_session_duration  = 3600
      + name                  = "my-go-app-dev-aws-lbc-irsa"
      + name_prefix           = (known after apply)
      + path                  = "/"
      + tags                  = {
          + "app"         = "my-go-app"
          + "environment" = "dev"
          + "managed-by"  = "terraform"
          + "project"     = "ai-code-generation-from-code-to-iac"
        }
      + tags_all              = {
          + "app"         = "my-go-app"
          + "environment" = "dev"
          + "managed-by"  = "terraform"
          + "project"     = "ai-code-generation-from-code-to-iac"
        }
      + unique_id             = (known after apply)

      + inline_policy (known after apply)
    }

  # aws_iam_role.eks_cluster will be created
  + resource "aws_iam_role" "eks_cluster" {
      + arn                   = (known after apply)
      + assume_role_policy    = jsonencode(
            {
              + Statement = [
                  + {
                      + Action    = "sts:AssumeRole"
                      + Effect    = "Allow"
                      + Principal = {
                          + Service = "eks.amazonaws.com"
                        }
                    },
                ]
              + Version   = "2012-10-17"
            }
        )
      + create_date           = (known after apply)
      + force_detach_policies = false
      + id                    = (known after apply)
      + managed_policy_arns   = (known after apply)
      + max_session_duration  = 3600
      + name                  = "my-go-app-dev-eks-cluster-role"
      + name_prefix           = (known after apply)
      + path                  = "/"
      + tags                  = {
          + "app"         = "my-go-app"
          + "environment" = "dev"
          + "managed-by"  = "terraform"
          + "project"     = "ai-code-generation-from-code-to-iac"
        }
      + tags_all              = {
          + "app"         = "my-go-app"
          + "environment" = "dev"
          + "managed-by"  = "terraform"
          + "project"     = "ai-code-generation-from-code-to-iac"
        }
      + unique_id             = (known after apply)

      + inline_policy (known after apply)
    }

  # aws_iam_role.eks_node will be created
  + resource "aws_iam_role" "eks_node" {
      + arn                   = (known after apply)
      + assume_role_policy    = jsonencode(
            {
              + Statement = [
                  + {
                      + Action    = "sts:AssumeRole"
                      + Effect    = "Allow"
                      + Principal = {
                          + Service = "ec2.amazonaws.com"
                        }
                    },
                ]
              + Version   = "2012-10-17"
            }
        )
      + create_date           = (known after apply)
      + force_detach_policies = false
      + id                    = (known after apply)
      + managed_policy_arns   = (known after apply)
      + max_session_duration  = 3600
      + name                  = "my-go-app-dev-eks-node-role"
      + name_prefix           = (known after apply)
      + path                  = "/"
      + tags                  = {
          + "app"         = "my-go-app"
          + "environment" = "dev"
          + "managed-by"  = "terraform"
          + "project"     = "ai-code-generation-from-code-to-iac"
        }
      + tags_all              = {
          + "app"         = "my-go-app"
          + "environment" = "dev"
          + "managed-by"  = "terraform"
          + "project"     = "ai-code-generation-from-code-to-iac"
        }
      + unique_id             = (known after apply)

      + inline_policy (known after apply)
    }

  # aws_iam_role_policy_attachment.aws_load_balancer_controller[0] will be created
  + resource "aws_iam_role_policy_attachment" "aws_load_balancer_controller" {
      + id         = (known after apply)
      + policy_arn = (known after apply)
      + role       = "my-go-app-dev-aws-lbc-irsa"
    }

  # aws_iam_role_policy_attachment.eks_cluster_AmazonEKSClusterPolicy will be created
  + resource "aws_iam_role_policy_attachment" "eks_cluster_AmazonEKSClusterPolicy" {
      + id         = (known after apply)
      + policy_arn = "arn:aws:iam::aws:policy/AmazonEKSClusterPolicy"
      + role       = "my-go-app-dev-eks-cluster-role"
    }

  # aws_iam_role_policy_attachment.eks_cluster_AmazonEKSVPCResourceController will be created
  + resource "aws_iam_role_policy_attachment" "eks_cluster_AmazonEKSVPCResourceController" {
      + id         = (known after apply)
      + policy_arn = "arn:aws:iam::aws:policy/AmazonEKSVPCResourceController"
      + role       = "my-go-app-dev-eks-cluster-role"
    }

  # aws_iam_role_policy_attachment.eks_node_AmazonEC2ContainerRegistryReadOnly will be created
  + resource "aws_iam_role_policy_attachment" "eks_node_AmazonEC2ContainerRegistryReadOnly" {
      + id         = (known after apply)
      + policy_arn = "arn:aws:iam::aws:policy/AmazonEC2ContainerRegistryReadOnly"
      + role       = "my-go-app-dev-eks-node-role"
    }

  # aws_iam_role_policy_attachment.eks_node_AmazonEKSWorkerNodePolicy will be created
  + resource "aws_iam_role_policy_attachment" "eks_node_AmazonEKSWorkerNodePolicy" {
      + id         = (known after apply)
      + policy_arn = "arn:aws:iam::aws:policy/AmazonEKSWorkerNodePolicy"
      + role       = "my-go-app-dev-eks-node-role"
    }

  # aws_iam_role_policy_attachment.eks_node_AmazonEKS_CNI_Policy will be created
  + resource "aws_iam_role_policy_attachment" "eks_node_AmazonEKS_CNI_Policy" {
      + id         = (known after apply)
      + policy_arn = "arn:aws:iam::aws:policy/AmazonEKS_CNI_Policy"
      + role       = "my-go-app-dev-eks-node-role"
    }

  # aws_iam_role_policy_attachment.eks_node_CloudWatchAgentServerPolicy will be created
  + resource "aws_iam_role_policy_attachment" "eks_node_CloudWatchAgentServerPolicy" {
      + id         = (known after apply)
      + policy_arn = "arn:aws:iam::aws:policy/CloudWatchAgentServerPolicy"
      + role       = "my-go-app-dev-eks-node-role"
    }

  # aws_internet_gateway.this will be created
  + resource "aws_internet_gateway" "this" {
      + arn      = (known after apply)
      + id       = (known after apply)
      + owner_id = (known after apply)
      + tags     = {
          + "Name"        = "my-go-app-dev-igw"
          + "app"         = "my-go-app"
          + "environment" = "dev"
          + "managed-by"  = "terraform"
          + "project"     = "ai-code-generation-from-code-to-iac"
        }
      + tags_all = {
          + "Name"        = "my-go-app-dev-igw"
          + "app"         = "my-go-app"
          + "environment" = "dev"
          + "managed-by"  = "terraform"
          + "project"     = "ai-code-generation-from-code-to-iac"
        }
      + vpc_id   = (known after apply)
    }

  # aws_nat_gateway.this["us-east-1a"] will be created
  + resource "aws_nat_gateway" "this" {
      + allocation_id                      = (known after apply)
      + association_id                     = (known after apply)
      + connectivity_type                  = "public"
      + id                                 = (known after apply)
      + network_interface_id               = (known after apply)
      + private_ip                         = (known after apply)
      + public_ip                          = (known after apply)
      + secondary_private_ip_address_count = (known after apply)
      + secondary_private_ip_addresses     = (known after apply)
      + subnet_id                          = (known after apply)
      + tags                               = {
          + "Name"        = "my-go-app-dev-nat-us-east-1a"
          + "app"         = "my-go-app"
          + "environment" = "dev"
          + "managed-by"  = "terraform"
          + "project"     = "ai-code-generation-from-code-to-iac"
        }
      + tags_all                           = {
          + "Name"        = "my-go-app-dev-nat-us-east-1a"
          + "app"         = "my-go-app"
          + "environment" = "dev"
          + "managed-by"  = "terraform"
          + "project"     = "ai-code-generation-from-code-to-iac"
        }
    }

  # aws_nat_gateway.this["us-east-1b"] will be created
  + resource "aws_nat_gateway" "this" {
      + allocation_id                      = (known after apply)
      + association_id                     = (known after apply)
      + connectivity_type                  = "public"
      + id                                 = (known after apply)
      + network_interface_id               = (known after apply)
      + private_ip                         = (known after apply)
      + public_ip                          = (known after apply)
      + secondary_private_ip_address_count = (known after apply)
      + secondary_private_ip_addresses     = (known after apply)
      + subnet_id                          = (known after apply)
      + tags                               = {
          + "Name"        = "my-go-app-dev-nat-us-east-1b"
          + "app"         = "my-go-app"
          + "environment" = "dev"
          + "managed-by"  = "terraform"
          + "project"     = "ai-code-generation-from-code-to-iac"
        }
      + tags_all                           = {
          + "Name"        = "my-go-app-dev-nat-us-east-1b"
          + "app"         = "my-go-app"
          + "environment" = "dev"
          + "managed-by"  = "terraform"
          + "project"     = "ai-code-generation-from-code-to-iac"
        }
    }

  # aws_route.private_nat["us-east-1a"] will be created
  + resource "aws_route" "private_nat" {
      + destination_cidr_block = "0.0.0.0/0"
      + id                     = (known after apply)
      + instance_id            = (known after apply)
      + instance_owner_id      = (known after apply)
      + nat_gateway_id         = (known after apply)
      + network_interface_id   = (known after apply)
      + origin                 = (known after apply)
      + route_table_id         = (known after apply)
      + state                  = (known after apply)
    }

  # aws_route.private_nat["us-east-1b"] will be created
  + resource "aws_route" "private_nat" {
      + destination_cidr_block = "0.0.0.0/0"
      + id                     = (known after apply)
      + instance_id            = (known after apply)
      + instance_owner_id      = (known after apply)
      + nat_gateway_id         = (known after apply)
      + network_interface_id   = (known after apply)
      + origin                 = (known after apply)
      + route_table_id         = (known after apply)
      + state                  = (known after apply)
    }

  # aws_route.public_internet will be created
  + resource "aws_route" "public_internet" {
      + destination_cidr_block = "0.0.0.0/0"
      + gateway_id             = (known after apply)
      + id                     = (known after apply)
      + instance_id            = (known after apply)
      + instance_owner_id      = (known after apply)
      + network_interface_id   = (known after apply)
      + origin                 = (known after apply)
      + route_table_id         = (known after apply)
      + state                  = (known after apply)
    }

  # aws_route_table.private["us-east-1a"] will be created
  + resource "aws_route_table" "private" {
      + arn              = (known after apply)
      + id               = (known after apply)
      + owner_id         = (known after apply)
      + propagating_vgws = (known after apply)
      + route            = (known after apply)
      + tags             = {
          + "Name"        = "my-go-app-dev-private-rt-us-east-1a"
          + "app"         = "my-go-app"
          + "environment" = "dev"
          + "managed-by"  = "terraform"
          + "project"     = "ai-code-generation-from-code-to-iac"
        }
      + tags_all         = {
          + "Name"        = "my-go-app-dev-private-rt-us-east-1a"
          + "app"         = "my-go-app"
          + "environment" = "dev"
          + "managed-by"  = "terraform"
          + "project"     = "ai-code-generation-from-code-to-iac"
        }
      + vpc_id           = (known after apply)
    }

  # aws_route_table.private["us-east-1b"] will be created
  + resource "aws_route_table" "private" {
      + arn              = (known after apply)
      + id               = (known after apply)
      + owner_id         = (known after apply)
      + propagating_vgws = (known after apply)
      + route            = (known after apply)
      + tags             = {
          + "Name"        = "my-go-app-dev-private-rt-us-east-1b"
          + "app"         = "my-go-app"
          + "environment" = "dev"
          + "managed-by"  = "terraform"
          + "project"     = "ai-code-generation-from-code-to-iac"
        }
      + tags_all         = {
          + "Name"        = "my-go-app-dev-private-rt-us-east-1b"
          + "app"         = "my-go-app"
          + "environment" = "dev"
          + "managed-by"  = "terraform"
          + "project"     = "ai-code-generation-from-code-to-iac"
        }
      + vpc_id           = (known after apply)
    }

  # aws_route_table.public will be created
  + resource "aws_route_table" "public" {
      + arn              = (known after apply)
      + id               = (known after apply)
      + owner_id         = (known after apply)
      + propagating_vgws = (known after apply)
      + route            = (known after apply)
      + tags             = {
          + "Name"        = "my-go-app-dev-public-rt"
          + "app"         = "my-go-app"
          + "environment" = "dev"
          + "managed-by"  = "terraform"
          + "project"     = "ai-code-generation-from-code-to-iac"
        }
      + tags_all         = {
          + "Name"        = "my-go-app-dev-public-rt"
          + "app"         = "my-go-app"
          + "environment" = "dev"
          + "managed-by"  = "terraform"
          + "project"     = "ai-code-generation-from-code-to-iac"
        }
      + vpc_id           = (known after apply)
    }

  # aws_route_table_association.private["us-east-1a"] will be created
  + resource "aws_route_table_association" "private" {
      + id             = (known after apply)
      + route_table_id = (known after apply)
      + subnet_id      = (known after apply)
    }

  # aws_route_table_association.private["us-east-1b"] will be created
  + resource "aws_route_table_association" "private" {
      + id             = (known after apply)
      + route_table_id = (known after apply)
      + subnet_id      = (known after apply)
    }

  # aws_route_table_association.public["us-east-1a"] will be created
  + resource "aws_route_table_association" "public" {
      + id             = (known after apply)
      + route_table_id = (known after apply)
      + subnet_id      = (known after apply)
    }

  # aws_route_table_association.public["us-east-1b"] will be created
  + resource "aws_route_table_association" "public" {
      + id             = (known after apply)
      + route_table_id = (known after apply)
      + subnet_id      = (known after apply)
    }

  # aws_security_group.eks_cluster will be created
  + resource "aws_security_group" "eks_cluster" {
      + arn                    = (known after apply)
      + description            = "EKS cluster security group"
      + egress                 = [
          + {
              + cidr_blocks      = [
                  + "0.0.0.0/0",
                ]
              + from_port        = 0
              + ipv6_cidr_blocks = []
              + prefix_list_ids  = []
              + protocol         = "-1"
              + security_groups  = []
              + self             = false
              + to_port          = 0
                # (1 unchanged attribute hidden)
            },
        ]
      + id                     = (known after apply)
      + ingress                = (known after apply)
      + name                   = "my-go-app-dev-eks-cluster-sg"
      + name_prefix            = (known after apply)
      + owner_id               = (known after apply)
      + revoke_rules_on_delete = false
      + tags                   = {
          + "Name"        = "my-go-app-dev-eks-cluster-sg"
          + "app"         = "my-go-app"
          + "environment" = "dev"
          + "managed-by"  = "terraform"
          + "project"     = "ai-code-generation-from-code-to-iac"
        }
      + tags_all               = {
          + "Name"        = "my-go-app-dev-eks-cluster-sg"
          + "app"         = "my-go-app"
          + "environment" = "dev"
          + "managed-by"  = "terraform"
          + "project"     = "ai-code-generation-from-code-to-iac"
        }
      + vpc_id                 = (known after apply)
    }

  # aws_security_group.eks_node will be created
  + resource "aws_security_group" "eks_node" {
      + arn                    = (known after apply)
      + description            = "EKS node security group"
      + egress                 = [
          + {
              + cidr_blocks      = [
                  + "0.0.0.0/0",
                ]
              + from_port        = 0
              + ipv6_cidr_blocks = []
              + prefix_list_ids  = []
              + protocol         = "-1"
              + security_groups  = []
              + self             = false
              + to_port          = 0
                # (1 unchanged attribute hidden)
            },
        ]
      + id                     = (known after apply)
      + ingress                = [
          + {
              + cidr_blocks      = []
              + description      = "Allow control plane to communicate with nodes"
              + from_port        = 0
              + ipv6_cidr_blocks = []
              + prefix_list_ids  = []
              + protocol         = "-1"
              + security_groups  = (known after apply)
              + self             = false
              + to_port          = 0
            },
          + {
              + cidr_blocks      = []
              + description      = "Allow nodes to communicate with each other"
              + from_port        = 0
              + ipv6_cidr_blocks = []
              + prefix_list_ids  = []
              + protocol         = "-1"
              + security_groups  = []
              + self             = true
              + to_port          = 0
            },
        ]
      + name                   = "my-go-app-dev-eks-node-sg"
      + name_prefix            = (known after apply)
      + owner_id               = (known after apply)
      + revoke_rules_on_delete = false
      + tags                   = {
          + "Name"        = "my-go-app-dev-eks-node-sg"
          + "app"         = "my-go-app"
          + "environment" = "dev"
          + "managed-by"  = "terraform"
          + "project"     = "ai-code-generation-from-code-to-iac"
        }
      + tags_all               = {
          + "Name"        = "my-go-app-dev-eks-node-sg"
          + "app"         = "my-go-app"
          + "environment" = "dev"
          + "managed-by"  = "terraform"
          + "project"     = "ai-code-generation-from-code-to-iac"
        }
      + vpc_id                 = (known after apply)
    }

  # aws_subnet.private["us-east-1a"] will be created
  + resource "aws_subnet" "private" {
      + arn                                            = (known after apply)
      + assign_ipv6_address_on_creation                = false
      + availability_zone                              = "us-east-1a"
      + availability_zone_id                           = (known after apply)
      + cidr_block                                     = "10.0.160.0/20"
      + enable_dns64                                   = false
      + enable_resource_name_dns_a_record_on_launch    = false
      + enable_resource_name_dns_aaaa_record_on_launch = false
      + id                                             = (known after apply)
      + ipv6_cidr_block_association_id                 = (known after apply)
      + ipv6_native                                    = false
      + map_public_ip_on_launch                        = false
      + owner_id                                       = (known after apply)
      + private_dns_hostname_type_on_launch            = (known after apply)
      + tags                                           = {
          + "Name"                            = "my-go-app-dev-private-us-east-1a"
          + "app"                             = "my-go-app"
          + "environment"                     = "dev"
          + "kubernetes.io/role/internal-elb" = "1"
          + "managed-by"                      = "terraform"
          + "project"                         = "ai-code-generation-from-code-to-iac"
        }
      + tags_all                                       = {
          + "Name"                            = "my-go-app-dev-private-us-east-1a"
          + "app"                             = "my-go-app"
          + "environment"                     = "dev"
          + "kubernetes.io/role/internal-elb" = "1"
          + "managed-by"                      = "terraform"
          + "project"                         = "ai-code-generation-from-code-to-iac"
        }
      + vpc_id                                         = (known after apply)
    }

  # aws_subnet.private["us-east-1b"] will be created
  + resource "aws_subnet" "private" {
      + arn                                            = (known after apply)
      + assign_ipv6_address_on_creation                = false
      + availability_zone                              = "us-east-1b"
      + availability_zone_id                           = (known after apply)
      + cidr_block                                     = "10.0.176.0/20"
      + enable_dns64                                   = false
      + enable_resource_name_dns_a_record_on_launch    = false
      + enable_resource_name_dns_aaaa_record_on_launch = false
      + id                                             = (known after apply)
      + ipv6_cidr_block_association_id                 = (known after apply)
      + ipv6_native                                    = false
      + map_public_ip_on_launch                        = false
      + owner_id                                       = (known after apply)
      + private_dns_hostname_type_on_launch            = (known after apply)
      + tags                                           = {
          + "Name"                            = "my-go-app-dev-private-us-east-1b"
          + "app"                             = "my-go-app"
          + "environment"                     = "dev"
          + "kubernetes.io/role/internal-elb" = "1"
          + "managed-by"                      = "terraform"
          + "project"                         = "ai-code-generation-from-code-to-iac"
        }
      + tags_all                                       = {
          + "Name"                            = "my-go-app-dev-private-us-east-1b"
          + "app"                             = "my-go-app"
          + "environment"                     = "dev"
          + "kubernetes.io/role/internal-elb" = "1"
          + "managed-by"                      = "terraform"
          + "project"                         = "ai-code-generation-from-code-to-iac"
        }
      + vpc_id                                         = (known after apply)
    }

  # aws_subnet.public["us-east-1a"] will be created
  + resource "aws_subnet" "public" {
      + arn                                            = (known after apply)
      + assign_ipv6_address_on_creation                = false
      + availability_zone                              = "us-east-1a"
      + availability_zone_id                           = (known after apply)
      + cidr_block                                     = "10.0.0.0/20"
      + enable_dns64                                   = false
      + enable_resource_name_dns_a_record_on_launch    = false
      + enable_resource_name_dns_aaaa_record_on_launch = false
      + id                                             = (known after apply)
      + ipv6_cidr_block_association_id                 = (known after apply)
      + ipv6_native                                    = false
      + map_public_ip_on_launch                        = true
      + owner_id                                       = (known after apply)
      + private_dns_hostname_type_on_launch            = (known after apply)
      + tags                                           = {
          + "Name"                   = "my-go-app-dev-public-us-east-1a"
          + "app"                    = "my-go-app"
          + "environment"            = "dev"
          + "kubernetes.io/role/elb" = "1"
          + "managed-by"             = "terraform"
          + "project"                = "ai-code-generation-from-code-to-iac"
        }
      + tags_all                                       = {
          + "Name"                   = "my-go-app-dev-public-us-east-1a"
          + "app"                    = "my-go-app"
          + "environment"            = "dev"
          + "kubernetes.io/role/elb" = "1"
          + "managed-by"             = "terraform"
          + "project"                = "ai-code-generation-from-code-to-iac"
        }
      + vpc_id                                         = (known after apply)
    }

  # aws_subnet.public["us-east-1b"] will be created
  + resource "aws_subnet" "public" {
      + arn                                            = (known after apply)
      + assign_ipv6_address_on_creation                = false
      + availability_zone                              = "us-east-1b"
      + availability_zone_id                           = (known after apply)
      + cidr_block                                     = "10.0.16.0/20"
      + enable_dns64                                   = false
      + enable_resource_name_dns_a_record_on_launch    = false
      + enable_resource_name_dns_aaaa_record_on_launch = false
      + id                                             = (known after apply)
      + ipv6_cidr_block_association_id                 = (known after apply)
      + ipv6_native                                    = false
      + map_public_ip_on_launch                        = true
      + owner_id                                       = (known after apply)
      + private_dns_hostname_type_on_launch            = (known after apply)
      + tags                                           = {
          + "Name"                   = "my-go-app-dev-public-us-east-1b"
          + "app"                    = "my-go-app"
          + "environment"            = "dev"
          + "kubernetes.io/role/elb" = "1"
          + "managed-by"             = "terraform"
          + "project"                = "ai-code-generation-from-code-to-iac"
        }
      + tags_all                                       = {
          + "Name"                   = "my-go-app-dev-public-us-east-1b"
          + "app"                    = "my-go-app"
          + "environment"            = "dev"
          + "kubernetes.io/role/elb" = "1"
          + "managed-by"             = "terraform"
          + "project"                = "ai-code-generation-from-code-to-iac"
        }
      + vpc_id                                         = (known after apply)
    }

  # aws_vpc.this will be created
  + resource "aws_vpc" "this" {
      + arn                                  = (known after apply)
      + cidr_block                           = "10.0.0.0/16"
      + default_network_acl_id               = (known after apply)
      + default_route_table_id               = (known after apply)
      + default_security_group_id            = (known after apply)
      + dhcp_options_id                      = (known after apply)
      + enable_dns_hostnames                 = true
      + enable_dns_support                   = true
      + enable_network_address_usage_metrics = (known after apply)
      + id                                   = (known after apply)
      + instance_tenancy                     = "default"
      + ipv6_association_id                  = (known after apply)
      + ipv6_cidr_block                      = (known after apply)
      + ipv6_cidr_block_network_border_group = (known after apply)
      + main_route_table_id                  = (known after apply)
      + owner_id                             = (known after apply)
      + tags                                 = {
          + "Name"        = "my-go-app-dev"
          + "app"         = "my-go-app"
          + "environment" = "dev"
          + "managed-by"  = "terraform"
          + "project"     = "ai-code-generation-from-code-to-iac"
        }
      + tags_all                             = {
          + "Name"        = "my-go-app-dev"
          + "app"         = "my-go-app"
          + "environment" = "dev"
          + "managed-by"  = "terraform"
          + "project"     = "ai-code-generation-from-code-to-iac"
        }
    }

  # helm_release.aws_load_balancer_controller[0] will be created
  + resource "helm_release" "aws_load_balancer_controller" {
      + atomic                     = false
      + chart                      = "aws-load-balancer-controller"
      + cleanup_on_fail            = false
      + create_namespace           = false
      + dependency_update          = false
      + disable_crd_hooks          = false
      + disable_openapi_validation = false
      + disable_webhooks           = false
      + force_update               = false
      + id                         = (known after apply)
      + lint                       = false
      + manifest                   = (known after apply)
      + max_history                = 0
      + metadata                   = (known after apply)
      + name                       = "aws-load-balancer-controller"
      + namespace                  = "kube-system"
      + pass_credentials           = false
      + recreate_pods              = false
      + render_subchart_notes      = true
      + replace                    = false
      + repository                 = "https://aws.github.io/eks-charts"
      + reset_values               = false
      + reuse_values               = false
      + skip_crds                  = false
      + status                     = "deployed"
      + timeout                    = 300
      + verify                     = false
      + version                    = "1.7.2"
      + wait                       = true
      + wait_for_jobs              = false

      + set {
          + name  = "clusterName"
          + value = "my-go-app-dev-eks"
            # (1 unchanged attribute hidden)
        }
      + set {
          + name  = "region"
          + value = "us-east-1"
            # (1 unchanged attribute hidden)
        }
      + set {
          + name  = "serviceAccount.create"
          + value = "false"
            # (1 unchanged attribute hidden)
        }
      + set {
          + name  = "serviceAccount.name"
          + value = "aws-load-balancer-controller"
            # (1 unchanged attribute hidden)
        }
      + set {
          + name  = "vpcId"
          + value = (known after apply)
            # (1 unchanged attribute hidden)
        }
    }

  # helm_release.istio_base[0] will be created
  + resource "helm_release" "istio_base" {
      + atomic                     = false
      + chart                      = "base"
      + cleanup_on_fail            = false
      + create_namespace           = false
      + dependency_update          = false
      + disable_crd_hooks          = false
      + disable_openapi_validation = false
      + disable_webhooks           = false
      + force_update               = false
      + id                         = (known after apply)
      + lint                       = false
      + manifest                   = (known after apply)
      + max_history                = 0
      + metadata                   = (known after apply)
      + name                       = "istio-base"
      + namespace                  = "istio-system"
      + pass_credentials           = false
      + recreate_pods              = false
      + render_subchart_notes      = true
      + replace                    = false
      + repository                 = "https://istio-release.storage.googleapis.com/charts"
      + reset_values               = false
      + reuse_values               = false
      + skip_crds                  = false
      + status                     = "deployed"
      + timeout                    = 300
      + verify                     = false
      + version                    = "1.21.2"
      + wait                       = true
      + wait_for_jobs              = false
    }

  # helm_release.istio_ingress[0] will be created
  + resource "helm_release" "istio_ingress" {
      + atomic                     = false
      + chart                      = "gateway"
      + cleanup_on_fail            = false
      + create_namespace           = false
      + dependency_update          = false
      + disable_crd_hooks          = false
      + disable_openapi_validation = false
      + disable_webhooks           = false
      + force_update               = false
      + id                         = (known after apply)
      + lint                       = false
      + manifest                   = (known after apply)
      + max_history                = 0
      + metadata                   = (known after apply)
      + name                       = "istio-ingress"
      + namespace                  = "istio-system"
      + pass_credentials           = false
      + recreate_pods              = false
      + render_subchart_notes      = true
      + replace                    = false
      + repository                 = "https://istio-release.storage.googleapis.com/charts"
      + reset_values               = false
      + reuse_values               = false
      + skip_crds                  = false
      + status                     = "deployed"
      + timeout                    = 300
      + values                     = [
          + <<-EOT
                "service":
                  "annotations":
                    "service.beta.kubernetes.io/aws-load-balancer-scheme": "internet-facing"
                    "service.beta.kubernetes.io/aws-load-balancer-type": "nlb"
                  "type": "LoadBalancer"
            EOT,
        ]
      + verify                     = false
      + version                    = "1.21.2"
      + wait                       = true
      + wait_for_jobs              = false
    }

  # helm_release.istiod[0] will be created
  + resource "helm_release" "istiod" {
      + atomic                     = false
      + chart                      = "istiod"
      + cleanup_on_fail            = false
      + create_namespace           = false
      + dependency_update          = false
      + disable_crd_hooks          = false
      + disable_openapi_validation = false
      + disable_webhooks           = false
      + force_update               = false
      + id                         = (known after apply)
      + lint                       = false
      + manifest                   = (known after apply)
      + max_history                = 0
      + metadata                   = (known after apply)
      + name                       = "istiod"
      + namespace                  = "istio-system"
      + pass_credentials           = false
      + recreate_pods              = false
      + render_subchart_notes      = true
      + replace                    = false
      + repository                 = "https://istio-release.storage.googleapis.com/charts"
      + reset_values               = false
      + reuse_values               = false
      + skip_crds                  = false
      + status                     = "deployed"
      + timeout                    = 300
      + verify                     = false
      + version                    = "1.21.2"
      + wait                       = true
      + wait_for_jobs              = false
    }

  # kubernetes_deployment.svc1 will be created
  + resource "kubernetes_deployment" "svc1" {
      + id               = (known after apply)
      + wait_for_rollout = true

      + metadata {
          + generation       = (known after apply)
          + labels           = {
              + "app" = "svc1"
            }
          + name             = "svc1"
          + namespace        = "app"
          + resource_version = (known after apply)
          + uid              = (known after apply)
        }

      + spec {
          + min_ready_seconds         = 0
          + paused                    = false
          + progress_deadline_seconds = 600
          + replicas                  = "2"
          + revision_history_limit    = 10

          + selector {
              + match_labels = {
                  + "app" = "svc1"
                }
            }

          + strategy (known after apply)

          + template {
              + metadata {
                  + generation       = (known after apply)
                  + labels           = {
                      + "app" = "svc1"
                    }
                  + name             = (known after apply)
                  + resource_version = (known after apply)
                  + uid              = (known after apply)
                }
              + spec {
                  + automount_service_account_token  = true
                  + dns_policy                       = "ClusterFirst"
                  + enable_service_links             = true
                  + host_ipc                         = false
                  + host_network                     = false
                  + host_pid                         = false
                  + hostname                         = (known after apply)
                  + node_name                        = (known after apply)
                  + restart_policy                   = "Always"
                  + scheduler_name                   = (known after apply)
                  + service_account_name             = (known after apply)
                  + share_process_namespace          = false
                  + termination_grace_period_seconds = 30

                  + container {
                      + image                      = "public.ecr.aws/docker/library/nginx:1.25"
                      + image_pull_policy          = (known after apply)
                      + name                       = "svc1"
                      + stdin                      = false
                      + stdin_once                 = false
                      + termination_message_path   = "/dev/termination-log"
                      + termination_message_policy = (known after apply)
                      + tty                        = false

                      + env {
                          + name  = "OTEL_EXPORTER_OTLP_ENDPOINT"
                          + value = "http://tempo-distributor.monitoring.svc.cluster.local:4318"
                        }
                      + env {
                          + name  = "OTEL_EXPORTER_OTLP_PROTOCOL"
                          + value = "http/protobuf"
                        }

                      + liveness_probe {
                          + failure_threshold     = 3
                          + initial_delay_seconds = 10
                          + period_seconds        = 10
                          + success_threshold     = 1
                          + timeout_seconds       = 1

                          + http_get {
                              + path   = "/"
                              + port   = "8080"
                              + scheme = "HTTP"
                            }
                        }

                      + port {
                          + container_port = 8080
                          + name           = "http"
                          + protocol       = "TCP"
                        }

                      + readiness_probe {
                          + failure_threshold     = 3
                          + initial_delay_seconds = 5
                          + period_seconds        = 10
                          + success_threshold     = 1
                          + timeout_seconds       = 1

                          + http_get {
                              + path   = "/"
                              + port   = "8080"
                              + scheme = "HTTP"
                            }
                        }

                      + resources {
                          + limits   = {
                              + "cpu"    = "500m"
                              + "memory" = "512Mi"
                            }
                          + requests = {
                              + "cpu"    = "100m"
                              + "memory" = "128Mi"
                            }
                        }
                    }

                  + image_pull_secrets (known after apply)

                  + readiness_gate (known after apply)
                }
            }
        }
    }

  # kubernetes_deployment.svc2 will be created
  + resource "kubernetes_deployment" "svc2" {
      + id               = (known after apply)
      + wait_for_rollout = true

      + metadata {
          + generation       = (known after apply)
          + labels           = {
              + "app" = "svc2"
            }
          + name             = "svc2"
          + namespace        = "app"
          + resource_version = (known after apply)
          + uid              = (known after apply)
        }

      + spec {
          + min_ready_seconds         = 0
          + paused                    = false
          + progress_deadline_seconds = 600
          + replicas                  = "2"
          + revision_history_limit    = 10

          + selector {
              + match_labels = {
                  + "app" = "svc2"
                }
            }

          + strategy (known after apply)

          + template {
              + metadata {
                  + generation       = (known after apply)
                  + labels           = {
                      + "app" = "svc2"
                    }
                  + name             = (known after apply)
                  + resource_version = (known after apply)
                  + uid              = (known after apply)
                }
              + spec {
                  + automount_service_account_token  = true
                  + dns_policy                       = "ClusterFirst"
                  + enable_service_links             = true
                  + host_ipc                         = false
                  + host_network                     = false
                  + host_pid                         = false
                  + hostname                         = (known after apply)
                  + node_name                        = (known after apply)
                  + restart_policy                   = "Always"
                  + scheduler_name                   = (known after apply)
                  + service_account_name             = (known after apply)
                  + share_process_namespace          = false
                  + termination_grace_period_seconds = 30

                  + container {
                      + image                      = "public.ecr.aws/docker/library/nginx:1.25"
                      + image_pull_policy          = (known after apply)
                      + name                       = "svc2"
                      + stdin                      = false
                      + stdin_once                 = false
                      + termination_message_path   = "/dev/termination-log"
                      + termination_message_policy = (known after apply)
                      + tty                        = false

                      + env {
                          + name  = "OTEL_EXPORTER_OTLP_ENDPOINT"
                          + value = "http://tempo-distributor.monitoring.svc.cluster.local:4318"
                        }
                      + env {
                          + name  = "OTEL_EXPORTER_OTLP_PROTOCOL"
                          + value = "http/protobuf"
                        }
                      + env {
                          + name  = "PROXY_ENDPOINT"
                          + value = "http://my-go-app-service:8080/svc1"
                        }

                      + liveness_probe {
                          + failure_threshold     = 3
                          + initial_delay_seconds = 10
                          + period_seconds        = 10
                          + success_threshold     = 1
                          + timeout_seconds       = 1

                          + http_get {
                              + path   = "/"
                              + port   = "8080"
                              + scheme = "HTTP"
                            }
                        }

                      + port {
                          + container_port = 8080
                          + name           = "http"
                          + protocol       = "TCP"
                        }

                      + readiness_probe {
                          + failure_threshold     = 3
                          + initial_delay_seconds = 5
                          + period_seconds        = 10
                          + success_threshold     = 1
                          + timeout_seconds       = 1

                          + http_get {
                              + path   = "/"
                              + port   = "8080"
                              + scheme = "HTTP"
                            }
                        }

                      + resources {
                          + limits   = {
                              + "cpu"    = "500m"
                              + "memory" = "512Mi"
                            }
                          + requests = {
                              + "cpu"    = "100m"
                              + "memory" = "128Mi"
                            }
                        }
                    }

                  + image_pull_secrets (known after apply)

                  + readiness_gate (known after apply)
                }
            }
        }
    }

  # kubernetes_namespace.app will be created
  + resource "kubernetes_namespace" "app" {
      + id                               = (known after apply)
      + wait_for_default_service_account = false

      + metadata {
          + generation       = (known after apply)
          + labels           = {
              + "istio-injection" = "enabled"
            }
          + name             = "app"
          + resource_version = (known after apply)
          + uid              = (known after apply)
        }
    }

  # kubernetes_namespace.istio_system[0] will be created
  + resource "kubernetes_namespace" "istio_system" {
      + id                               = (known after apply)
      + wait_for_default_service_account = false

      + metadata {
          + generation       = (known after apply)
          + name             = "istio-system"
          + resource_version = (known after apply)
          + uid              = (known after apply)
        }
    }

  # kubernetes_namespace.kube_system will be created
  + resource "kubernetes_namespace" "kube_system" {
      + id                               = (known after apply)
      + wait_for_default_service_account = false

      + metadata {
          + generation       = (known after apply)
          + name             = "kube-system"
          + resource_version = (known after apply)
          + uid              = (known after apply)
        }
    }

  # kubernetes_namespace.monitoring will be created
  + resource "kubernetes_namespace" "monitoring" {
      + id                               = (known after apply)
      + wait_for_default_service_account = false

      + metadata {
          + generation       = (known after apply)
          + name             = "monitoring"
          + resource_version = (known after apply)
          + uid              = (known after apply)
        }
    }

  # kubernetes_service.svc1 will be created
  + resource "kubernetes_service" "svc1" {
      + id                     = (known after apply)
      + status                 = (known after apply)
      + wait_for_load_balancer = true

      + metadata {
          + generation       = (known after apply)
          + labels           = {
              + "app" = "svc1"
            }
          + name             = "my-go-app-service"
          + namespace        = "app"
          + resource_version = (known after apply)
          + uid              = (known after apply)
        }

      + spec {
          + allocate_load_balancer_node_ports = true
          + cluster_ip                        = (known after apply)
          + cluster_ips                       = (known after apply)
          + external_traffic_policy           = (known after apply)
          + health_check_node_port            = (known after apply)
          + internal_traffic_policy           = (known after apply)
          + ip_families                       = (known after apply)
          + ip_family_policy                  = (known after apply)
          + publish_not_ready_addresses       = false
          + selector                          = {
              + "app" = "svc1"
            }
          + session_affinity                  = "None"
          + type                              = "ClusterIP"

          + port {
              + name        = "http"
              + node_port   = (known after apply)
              + port        = 8080
              + protocol    = "TCP"
              + target_port = "8080"
            }

          + session_affinity_config (known after apply)
        }
    }

  # kubernetes_service.svc2 will be created
  + resource "kubernetes_service" "svc2" {
      + id                     = (known after apply)
      + status                 = (known after apply)
      + wait_for_load_balancer = true

      + metadata {
          + generation       = (known after apply)
          + labels           = {
              + "app" = "svc2"
            }
          + name             = "my-go-app-service2"
          + namespace        = "app"
          + resource_version = (known after apply)
          + uid              = (known after apply)
        }

      + spec {
          + allocate_load_balancer_node_ports = true
          + cluster_ip                        = (known after apply)
          + cluster_ips                       = (known after apply)
          + external_traffic_policy           = (known after apply)
          + health_check_node_port            = (known after apply)
          + internal_traffic_policy           = (known after apply)
          + ip_families                       = (known after apply)
          + ip_family_policy                  = (known after apply)
          + publish_not_ready_addresses       = false
          + selector                          = {
              + "app" = "svc2"
            }
          + session_affinity                  = "None"
          + type                              = "ClusterIP"

          + port {
              + name        = "http"
              + node_port   = (known after apply)
              + port        = 8080
              + protocol    = "TCP"
              + target_port = "8080"
            }

          + session_affinity_config (known after apply)
        }
    }

  # kubernetes_service_account.aws_load_balancer_controller[0] will be created
  + resource "kubernetes_service_account" "aws_load_balancer_controller" {
      + automount_service_account_token = true
      + default_secret_name             = (known after apply)
      + id                              = (known after apply)

      + metadata {
          + annotations      = (known after apply)
          + generation       = (known after apply)
          + labels           = {
              + "app.kubernetes.io/name" = "aws-load-balancer-controller"
            }
          + name             = "aws-load-balancer-controller"
          + namespace        = "kube-system"
          + resource_version = (known after apply)
          + uid              = (known after apply)
        }
    }

Plan: 53 to add, 0 to change, 0 to destroy.

Changes to Outputs:
  + ecr_svc1_repository_url = (known after apply)
  + ecr_svc2_repository_url = (known after apply)
  + eks_cluster_name        = "my-go-app-dev-eks"
  + vpc_id                  = (known after apply)
aws_iam_policy.aws_load_balancer_controller[0]: Creating...
aws_ecr_repository.svc2: Creating...
aws_vpc.this: Creating...
aws_iam_role.eks_node: Creating...
aws_ecr_repository.svc1: Creating...
aws_iam_role.eks_cluster: Creating...
aws_iam_policy.aws_load_balancer_controller[0]: Creation complete after 0s [id=arn:aws:iam::000000000000:policy/my-go-app-dev-aws-lbc-policy]
aws_iam_role.eks_cluster: Creation complete after 0s [id=my-go-app-dev-eks-cluster-role]
aws_iam_role.eks_node: Creation complete after 0s [id=my-go-app-dev-eks-node-role]
aws_iam_role_policy_attachment.eks_node_AmazonEKSWorkerNodePolicy: Creating...
aws_iam_role_policy_attachment.eks_node_AmazonEKS_CNI_Policy: Creating...
aws_iam_role_policy_attachment.eks_node_AmazonEC2ContainerRegistryReadOnly: Creating...
aws_iam_role_policy_attachment.eks_cluster_AmazonEKSVPCResourceController: Creating...
aws_iam_role_policy_attachment.eks_cluster_AmazonEKSClusterPolicy: Creating...
aws_iam_role_policy_attachment.eks_node_CloudWatchAgentServerPolicy: Creating...
aws_iam_role_policy_attachment.eks_node_CloudWatchAgentServerPolicy: Creation complete after 0s [id=my-go-app-dev-eks-node-role-20260127105734361700000001]
aws_iam_role_policy_attachment.eks_cluster_AmazonEKSClusterPolicy: Creation complete after 0s [id=my-go-app-dev-eks-cluster-role-20260127105734365900000003]
aws_iam_role_policy_attachment.eks_node_AmazonEKSWorkerNodePolicy: Creation complete after 0s [id=my-go-app-dev-eks-node-role-20260127105734364800000002]
aws_iam_role_policy_attachment.eks_node_AmazonEKS_CNI_Policy: Creation complete after 0s [id=my-go-app-dev-eks-node-role-20260127105734369900000005]
aws_iam_role_policy_attachment.eks_node_AmazonEC2ContainerRegistryReadOnly: Creation complete after 0s [id=my-go-app-dev-eks-node-role-20260127105734369400000004]
aws_iam_role_policy_attachment.eks_cluster_AmazonEKSVPCResourceController: Creation complete after 0s [id=my-go-app-dev-eks-cluster-role-20260127105734370000000006]
aws_ecr_repository.svc1: Creation complete after 2s [id=my-go-app-dev-svc1]
aws_ecr_lifecycle_policy.svc1: Creating...
aws_ecr_lifecycle_policy.svc1: Creation complete after 0s [id=my-go-app-dev-svc1]
aws_ecr_repository.svc2: Creation complete after 2s [id=my-go-app-dev-svc2]
aws_ecr_lifecycle_policy.svc2: Creating...
aws_ecr_lifecycle_policy.svc2: Creation complete after 0s [id=my-go-app-dev-svc2]
aws_vpc.this: Still creating... [00m10s elapsed]
aws_vpc.this: Creation complete after 10s [id=vpc-2b1a4cc721e5e8c57]
aws_internet_gateway.this: Creating...
aws_route_table.public: Creating...
aws_subnet.public["us-east-1a"]: Creating...
aws_subnet.public["us-east-1b"]: Creating...
aws_subnet.private["us-east-1b"]: Creating...
aws_subnet.private["us-east-1a"]: Creating...
aws_security_group.eks_cluster: Creating...
aws_internet_gateway.this: Creation complete after 0s [id=igw-bb39ba32f5c864686]
aws_subnet.private["us-east-1b"]: Creation complete after 0s [id=subnet-ebf9446592fe10b09]
aws_subnet.private["us-east-1a"]: Creation complete after 0s [id=subnet-130cdfc75f6ee51d1]
aws_route_table.private["us-east-1a"]: Creating...
aws_route_table.private["us-east-1b"]: Creating...
aws_route_table.public: Creation complete after 0s [id=rtb-28c9ac7f31770190c]
aws_route.public_internet: Creating...
aws_route_table.private["us-east-1a"]: Creation complete after 0s [id=rtb-d9e64dd36dae4ec74]
aws_route_table.private["us-east-1b"]: Creation complete after 0s [id=rtb-4c36c24e012c53e52]
aws_route_table_association.private["us-east-1a"]: Creating...
aws_route_table_association.private["us-east-1b"]: Creating...
aws_route_table_association.private["us-east-1a"]: Creation complete after 0s [id=rtbassoc-1ee086c4fe3053003]
aws_route_table_association.private["us-east-1b"]: Creation complete after 0s [id=rtbassoc-ee76c50e95707bd51]
aws_route.public_internet: Creation complete after 0s [id=r-rtb-28c9ac7f31770190c1080289494]
aws_security_group.eks_cluster: Creation complete after 0s [id=sg-c9800513d3610a451]
aws_security_group.eks_node: Creating...
aws_security_group.eks_node: Creation complete after 1s [id=sg-badaa67bb74c16031]
aws_subnet.public["us-east-1b"]: Still creating... [00m10s elapsed]
aws_subnet.public["us-east-1a"]: Still creating... [00m10s elapsed]
aws_subnet.public["us-east-1a"]: Creation complete after 10s [id=subnet-eccd631ed8255b57b]
aws_subnet.public["us-east-1b"]: Creation complete after 10s [id=subnet-d4e442d8b9a6602fd]
aws_route_table_association.public["us-east-1a"]: Creating...
aws_route_table_association.public["us-east-1b"]: Creating...
aws_eip.nat["us-east-1b"]: Creating...
aws_eip.nat["us-east-1a"]: Creating...
aws_eks_cluster.this: Creating...
aws_route_table_association.public["us-east-1b"]: Creation complete after 0s [id=rtbassoc-cacc4d1e070839be1]
aws_route_table_association.public["us-east-1a"]: Creation complete after 0s [id=rtbassoc-a1da2258aeec943c6]
aws_eip.nat["us-east-1a"]: Creation complete after 0s [id=eipalloc-2414b6d94fc006223]
aws_eip.nat["us-east-1b"]: Creation complete after 0s [id=eipalloc-96c23a207ecf4f75e]
aws_nat_gateway.this["us-east-1b"]: Creating...
aws_nat_gateway.this["us-east-1a"]: Creating...
aws_nat_gateway.this["us-east-1a"]: Creation complete after 0s [id=nat-00fd0d6b2f06c442e]
aws_nat_gateway.this["us-east-1b"]: Creation complete after 0s [id=nat-1ff56f9ee16f2bf44]
aws_route.private_nat["us-east-1b"]: Creating...
aws_route.private_nat["us-east-1a"]: Creating...
aws_route.private_nat["us-east-1b"]: Creation complete after 0s [id=r-rtb-4c36c24e012c53e521080289494]
aws_route.private_nat["us-east-1a"]: Creation complete after 0s [id=r-rtb-d9e64dd36dae4ec741080289494]
aws_eks_cluster.this: Still creating... [00m10s elapsed]
aws_eks_cluster.this: Still creating... [00m20s elapsed]
aws_eks_cluster.this: Still creating... [00m30s elapsed]
aws_eks_cluster.this: Still creating... [00m40s elapsed]
aws_eks_cluster.this: Still creating... [00m50s elapsed]
aws_eks_cluster.this: Still creating... [01m00s elapsed]
aws_eks_cluster.this: Still creating... [01m10s elapsed]
aws_eks_cluster.this: Still creating... [01m20s elapsed]
aws_eks_cluster.this: Still creating... [01m30s elapsed]
aws_eks_cluster.this: Still creating... [01m40s elapsed]
aws_eks_cluster.this: Still creating... [01m50s elapsed]
aws_eks_cluster.this: Still creating... [02m00s elapsed]
aws_eks_cluster.this: Still creating... [02m10s elapsed]
aws_eks_cluster.this: Still creating... [02m20s elapsed]
aws_eks_cluster.this: Still creating... [02m30s elapsed]
