{"format_version":"1.2","terraform_version":"1.13.5","variables":{"aws_region":{"value":"us-east-1"},"az_count":{"value":2},"cluster_endpoint_public_access":{"value":true},"cluster_endpoint_public_access_cidrs":{"value":["0.0.0.0/0"]},"ecr_force_delete":{"value":true},"eks_version":{"value":"1.29"},"enable_aws_load_balancer_controller":{"value":true},"enable_istio":{"value":true},"environment":{"value":"dev"},"name":{"value":"my-go-app"},"node_desired_size":{"value":2},"node_instance_types":{"value":["t3.medium"]},"node_max_size":{"value":4},"node_min_size":{"value":2},"svc1_image":{"value":"public.ecr.aws/docker/library/nginx:1.25"},"svc2_image":{"value":"public.ecr.aws/docker/library/nginx:1.25"},"svc_replicas":{"value":2},"tags":{"value":{"project":"ai-code-generation-from-code-to-iac"}},"tempo_otlp_endpoint":{"value":"http://tempo-distributor.monitoring.svc.cluster.local:4318"},"vpc_cidr":{"value":"10.0.0.0/16"}},"planned_values":{"outputs":{"ecr_svc1_repository_url":{"sensitive":false},"ecr_svc2_repository_url":{"sensitive":false},"eks_cluster_name":{"sensitive":false,"type":"string","value":"my-go-app-dev-eks"},"vpc_id":{"sensitive":false}},"root_module":{"resources":[{"address":"aws_ecr_lifecycle_policy.svc1","mode":"managed","type":"aws_ecr_lifecycle_policy","name":"svc1","provider_name":"registry.terraform.io/hashicorp/aws","schema_version":0,"values":{"policy":"{\"rules\":[{\"action\":{\"type\":\"expire\"},\"description\":\"Keep last 30 images\",\"rulePriority\":1,\"selection\":{\"countNumber\":30,\"countType\":\"imageCountMoreThan\",\"tagStatus\":\"any\"}}]}","repository":"my-go-app-dev-svc1"},"sensitive_values":{}},{"address":"aws_ecr_lifecycle_policy.svc2","mode":"managed","type":"aws_ecr_lifecycle_policy","name":"svc2","provider_name":"registry.terraform.io/hashicorp/aws","schema_version":0,"values":{"policy":"{\"rules\":[{\"action\":{\"type\":\"expire\"},\"description\":\"Keep last 30 images\",\"rulePriority\":1,\"selection\":{\"countNumber\":30,\"countType\":\"imageCountMoreThan\",\"tagStatus\":\"any\"}}]}","repository":"my-go-app-dev-svc2"},"sensitive_values":{}},{"address":"aws_ecr_repository.svc1","mode":"managed","type":"aws_ecr_repository","name":"svc1","provider_name":"registry.terraform.io/hashicorp/aws","schema_version":0,"values":{"encryption_configuration":[{"encryption_type":"AES256"}],"force_delete":true,"image_scanning_configuration":[{"scan_on_push":true}],"image_tag_mutability":"MUTABLE","name":"my-go-app-dev-svc1","tags":{"app":"my-go-app","environment":"dev","managed-by":"terraform","project":"ai-code-generation-from-code-to-iac"},"tags_all":{"app":"my-go-app","environment":"dev","managed-by":"terraform","project":"ai-code-generation-from-code-to-iac"},"timeouts":null},"sensitive_values":{"encryption_configuration":[{}],"image_scanning_configuration":[{}],"tags":{},"tags_all":{}}},{"address":"aws_ecr_repository.svc2","mode":"managed","type":"aws_ecr_repository","name":"svc2","provider_name":"registry.terraform.io/hashicorp/aws","schema_version":0,"values":{"encryption_configuration":[{"encryption_type":"AES256"}],"force_delete":true,"image_scanning_configuration":[{"scan_on_push":true}],"image_tag_mutability":"MUTABLE","name":"my-go-app-dev-svc2","tags":{"app":"my-go-app","environment":"dev","managed-by":"terraform","project":"ai-code-generation-from-code-to-iac"},"tags_all":{"app":"my-go-app","environment":"dev","managed-by":"terraform","project":"ai-code-generation-from-code-to-iac"},"timeouts":null},"sensitive_values":{"encryption_configuration":[{}],"image_scanning_configuration":[{}],"tags":{},"tags_all":{}}},{"address":"aws_eip.nat[\"us-east-1a\"]","mode":"managed","type":"aws_eip","name":"nat","index":"us-east-1a","provider_name":"registry.terraform.io/hashicorp/aws","schema_version":0,"values":{"address":null,"associate_with_private_ip":null,"customer_owned_ipv4_pool":null,"domain":"vpc","tags":{"Name":"my-go-app-dev-nat-eip-us-east-1a","app":"my-go-app","environment":"dev","managed-by":"terraform","project":"ai-code-generation-from-code-to-iac"},"tags_all":{"Name":"my-go-app-dev-nat-eip-us-east-1a","app":"my-go-app","environment":"dev","managed-by":"terraform","project":"ai-code-generation-from-code-to-iac"},"timeouts":null},"sensitive_values":{"tags":{},"tags_all":{}}},{"address":"aws_eip.nat[\"us-east-1b\"]","mode":"managed","type":"aws_eip","name":"nat","index":"us-east-1b","provider_name":"registry.terraform.io/hashicorp/aws","schema_version":0,"values":{"address":null,"associate_with_private_ip":null,"customer_owned_ipv4_pool":null,"domain":"vpc","tags":{"Name":"my-go-app-dev-nat-eip-us-east-1b","app":"my-go-app","environment":"dev","managed-by":"terraform","project":"ai-code-generation-from-code-to-iac"},"tags_all":{"Name":"my-go-app-dev-nat-eip-us-east-1b","app":"my-go-app","environment":"dev","managed-by":"terraform","project":"ai-code-generation-from-code-to-iac"},"timeouts":null},"sensitive_values":{"tags":{},"tags_all":{}}},{"address":"aws_eks_cluster.this","mode":"managed","type":"aws_eks_cluster","name":"this","provider_name":"registry.terraform.io/hashicorp/aws","schema_version":1,"values":{"bootstrap_self_managed_addons":true,"compute_config":[],"enabled_cluster_log_types":["api","audit","authenticator","controllerManager","scheduler"],"encryption_config":[],"force_update_version":null,"name":"my-go-app-dev-eks","outpost_config":[],"remote_network_config":[],"storage_config":[],"tags":{"app":"my-go-app","environment":"dev","managed-by":"terraform","project":"ai-code-generation-from-code-to-iac"},"tags_all":{"app":"my-go-app","environment":"dev","managed-by":"terraform","project":"ai-code-generation-from-code-to-iac"},"timeouts":null,"version":"1.29","vpc_config":[{"endpoint_private_access":true,"endpoint_public_access":true,"public_access_cidrs":["0.0.0.0/0"]}],"zonal_shift_config":[]},"sensitive_values":{"access_config":[],"certificate_authority":[],"compute_config":[],"enabled_cluster_log_types":[false,false,false,false,false],"encryption_config":[],"identity":[],"kubernetes_network_config":[],"outpost_config":[],"remote_network_config":[],"storage_config":[],"tags":{},"tags_all":{},"upgrade_policy":[],"vpc_config":[{"public_access_cidrs":[false],"security_group_ids":[],"subnet_ids":[]}],"zonal_shift_config":[]}},{"address":"aws_eks_node_group.default","mode":"managed","type":"aws_eks_node_group","name":"default","provider_name":"registry.terraform.io/hashicorp/aws","schema_version":0,"values":{"cluster_name":"my-go-app-dev-eks","force_update_version":null,"instance_types":["t3.medium"],"labels":null,"launch_template":[],"node_group_name":"my-go-app-dev-ng","remote_access":[{"ec2_ssh_key":null,"source_security_group_ids":null}],"scaling_config":[{"desired_size":2,"max_size":4,"min_size":2}],"tags":{"app":"my-go-app","environment":"dev","managed-by":"terraform","project":"ai-code-generation-from-code-to-iac"},"tags_all":{"app":"my-go-app","environment":"dev","managed-by":"terraform","project":"ai-code-generation-from-code-to-iac"},"taint":[],"timeouts":null,"update_config":[{"max_unavailable":1,"max_unavailable_percentage":null}]},"sensitive_values":{"instance_types":[false],"launch_template":[],"node_repair_config":[],"remote_access":[{}],"resources":[],"scaling_config":[{}],"subnet_ids":[],"tags":{},"tags_all":{},"taint":[],"update_config":[{}]}},{"address":"aws_iam_openid_connect_provider.eks","mode":"managed","type":"aws_iam_openid_connect_provider","name":"eks","provider_name":"registry.terraform.io/hashicorp/aws","schema_version":0,"values":{"client_id_list":["sts.amazonaws.com"],"tags":{"app":"my-go-app","environment":"dev","managed-by":"terraform","project":"ai-code-generation-from-code-to-iac"},"tags_all":{"app":"my-go-app","environment":"dev","managed-by":"terraform","project":"ai-code-generation-from-code-to-iac"}},"sensitive_values":{"client_id_list":[false],"tags":{},"tags_all":{},"thumbprint_list":[]}},{"address":"aws_iam_policy.aws_load_balancer_controller[0]","mode":"managed","type":"aws_iam_policy","name":"aws_load_balancer_controller","index":0,"provider_name":"registry.terraform.io/hashicorp/aws","schema_version":0,"values":{"description":"IAM policy for AWS Load Balancer Controller (IRSA)","name":"my-go-app-dev-aws-lbc-policy","path":"/","policy":"{\"Statement\":[{\"Action\":[\"iam:CreateServiceLinkedRole\",\"ec2:DescribeAccountAttributes\",\"ec2:DescribeAddresses\",\"ec2:DescribeAvailabilityZones\",\"ec2:DescribeInternetGateways\",\"ec2:DescribeVpcs\",\"ec2:DescribeVpcPeeringConnections\",\"ec2:DescribeSubnets\",\"ec2:DescribeSecurityGroups\",\"ec2:DescribeInstances\",\"ec2:DescribeNetworkInterfaces\",\"ec2:DescribeTags\",\"ec2:GetCoipPoolUsage\",\"ec2:DescribeCoipPools\",\"elasticloadbalancing:DescribeLoadBalancers\",\"elasticloadbalancing:DescribeLoadBalancerAttributes\",\"elasticloadbalancing:DescribeListeners\",\"elasticloadbalancing:DescribeListenerCertificates\",\"elasticloadbalancing:DescribeSSLPolicies\",\"elasticloadbalancing:DescribeRules\",\"elasticloadbalancing:DescribeTargetGroups\",\"elasticloadbalancing:DescribeTargetGroupAttributes\",\"elasticloadbalancing:DescribeTargetHealth\",\"elasticloadbalancing:DescribeTags\"],\"Effect\":\"Allow\",\"Resource\":\"*\"},{\"Action\":[\"ec2:CreateSecurityGroup\",\"ec2:CreateTags\",\"ec2:DeleteTags\",\"ec2:AuthorizeSecurityGroupIngress\",\"ec2:RevokeSecurityGroupIngress\",\"ec2:DeleteSecurityGroup\"],\"Effect\":\"Allow\",\"Resource\":\"*\"},{\"Action\":[\"elasticloadbalancing:CreateLoadBalancer\",\"elasticloadbalancing:CreateTargetGroup\",\"elasticloadbalancing:CreateListener\",\"elasticloadbalancing:DeleteListener\",\"elasticloadbalancing:DeleteLoadBalancer\",\"elasticloadbalancing:DeleteTargetGroup\",\"elasticloadbalancing:ModifyLoadBalancerAttributes\",\"elasticloadbalancing:ModifyTargetGroup\",\"elasticloadbalancing:ModifyTargetGroupAttributes\",\"elasticloadbalancing:ModifyListener\",\"elasticloadbalancing:AddTags\",\"elasticloadbalancing:RemoveTags\",\"elasticloadbalancing:RegisterTargets\",\"elasticloadbalancing:DeregisterTargets\",\"elasticloadbalancing:SetIpAddressType\",\"elasticloadbalancing:SetSecurityGroups\",\"elasticloadbalancing:SetSubnets\"],\"Effect\":\"Allow\",\"Resource\":\"*\"}],\"Version\":\"2012-10-17\"}","tags":null,"tags_all":{"project":"ai-code-generation-from-code-to-iac"}},"sensitive_values":{"tags_all":{}}},{"address":"aws_iam_role.aws_load_balancer_controller[0]","mode":"managed","type":"aws_iam_role","name":"aws_load_balancer_controller","index":0,"provider_name":"registry.terraform.io/hashicorp/aws","schema_version":0,"values":{"description":null,"force_detach_policies":false,"max_session_duration":3600,"name":"my-go-app-dev-aws-lbc-irsa","path":"/","permissions_boundary":null,"tags":{"app":"my-go-app","environment":"dev","managed-by":"terraform","project":"ai-code-generation-from-code-to-iac"},"tags_all":{"app":"my-go-app","environment":"dev","managed-by":"terraform","project":"ai-code-generation-from-code-to-iac"}},"sensitive_values":{"inline_policy":[],"managed_policy_arns":[],"tags":{},"tags_all":{}}},{"address":"aws_iam_role.eks_cluster","mode":"managed","type":"aws_iam_role","name":"eks_cluster","provider_name":"registry.terraform.io/hashicorp/aws","schema_version":0,"values":{"assume_role_policy":"{\"Statement\":[{\"Action\":\"sts:AssumeRole\",\"Effect\":\"Allow\",\"Principal\":{\"Service\":\"eks.amazonaws.com\"}}],\"Version\":\"2012-10-17\"}","description":null,"force_detach_policies":false,"max_session_duration":3600,"name":"my-go-app-dev-eks-cluster-role","path":"/","permissions_boundary":null,"tags":{"app":"my-go-app","environment":"dev","managed-by":"terraform","project":"ai-code-generation-from-code-to-iac"},"tags_all":{"app":"my-go-app","environment":"dev","managed-by":"terraform","project":"ai-code-generation-from-code-to-iac"}},"sensitive_values":{"inline_policy":[],"managed_policy_arns":[],"tags":{},"tags_all":{}}},{"address":"aws_iam_role.eks_node","mode":"managed","type":"aws_iam_role","name":"eks_node","provider_name":"registry.terraform.io/hashicorp/aws","schema_version":0,"values":{"assume_role_policy":"{\"Statement\":[{\"Action\":\"sts:AssumeRole\",\"Effect\":\"Allow\",\"Principal\":{\"Service\":\"ec2.amazonaws.com\"}}],\"Version\":\"2012-10-17\"}","description":null,"force_detach_policies":false,"max_session_duration":3600,"name":"my-go-app-dev-eks-node-role","path":"/","permissions_boundary":null,"tags":{"app":"my-go-app","environment":"dev","managed-by":"terraform","project":"ai-code-generation-from-code-to-iac"},"tags_all":{"app":"my-go-app","environment":"dev","managed-by":"terraform","project":"ai-code-generation-from-code-to-iac"}},"sensitive_values":{"inline_policy":[],"managed_policy_arns":[],"tags":{},"tags_all":{}}},{"address":"aws_iam_role_policy_attachment.aws_load_balancer_controller[0]","mode":"managed","type":"aws_iam_role_policy_attachment","name":"aws_load_balancer_controller","index":0,"provider_name":"registry.terraform.io/hashicorp/aws","schema_version":0,"values":{"role":"my-go-app-dev-aws-lbc-irsa"},"sensitive_values":{}},{"address":"aws_iam_role_policy_attachment.eks_cluster_AmazonEKSClusterPolicy","mode":"managed","type":"aws_iam_role_policy_attachment","name":"eks_cluster_AmazonEKSClusterPolicy","provider_name":"registry.terraform.io/hashicorp/aws","schema_version":0,"values":{"policy_arn":"arn:aws:iam::aws:policy/AmazonEKSClusterPolicy","role":"my-go-app-dev-eks-cluster-role"},"sensitive_values":{}},{"address":"aws_iam_role_policy_attachment.eks_cluster_AmazonEKSVPCResourceController","mode":"managed","type":"aws_iam_role_policy_attachment","name":"eks_cluster_AmazonEKSVPCResourceController","provider_name":"registry.terraform.io/hashicorp/aws","schema_version":0,"values":{"policy_arn":"arn:aws:iam::aws:policy/AmazonEKSVPCResourceController","role":"my-go-app-dev-eks-cluster-role"},"sensitive_values":{}},{"address":"aws_iam_role_policy_attachment.eks_node_AmazonEC2ContainerRegistryReadOnly","mode":"managed","type":"aws_iam_role_policy_attachment","name":"eks_node_AmazonEC2ContainerRegistryReadOnly","provider_name":"registry.terraform.io/hashicorp/aws","schema_version":0,"values":{"policy_arn":"arn:aws:iam::aws:policy/AmazonEC2ContainerRegistryReadOnly","role":"my-go-app-dev-eks-node-role"},"sensitive_values":{}},{"address":"aws_iam_role_policy_attachment.eks_node_AmazonEKSWorkerNodePolicy","mode":"managed","type":"aws_iam_role_policy_attachment","name":"eks_node_AmazonEKSWorkerNodePolicy","provider_name":"registry.terraform.io/hashicorp/aws","schema_version":0,"values":{"policy_arn":"arn:aws:iam::aws:policy/AmazonEKSWorkerNodePolicy","role":"my-go-app-dev-eks-node-role"},"sensitive_values":{}},{"address":"aws_iam_role_policy_attachment.eks_node_AmazonEKS_CNI_Policy","mode":"managed","type":"aws_iam_role_policy_attachment","name":"eks_node_AmazonEKS_CNI_Policy","provider_name":"registry.terraform.io/hashicorp/aws","schema_version":0,"values":{"policy_arn":"arn:aws:iam::aws:policy/AmazonEKS_CNI_Policy","role":"my-go-app-dev-eks-node-role"},"sensitive_values":{}},{"address":"aws_iam_role_policy_attachment.eks_node_CloudWatchAgentServerPolicy","mode":"managed","type":"aws_iam_role_policy_attachment","name":"eks_node_CloudWatchAgentServerPolicy","provider_name":"registry.terraform.io/hashicorp/aws","schema_version":0,"values":{"policy_arn":"arn:aws:iam::aws:policy/CloudWatchAgentServerPolicy","role":"my-go-app-dev-eks-node-role"},"sensitive_values":{}},{"address":"aws_internet_gateway.this","mode":"managed","type":"aws_internet_gateway","name":"this","provider_name":"registry.terraform.io/hashicorp/aws","schema_version":0,"values":{"tags":{"Name":"my-go-app-dev-igw","app":"my-go-app","environment":"dev","managed-by":"terraform","project":"ai-code-generation-from-code-to-iac"},"tags_all":{"Name":"my-go-app-dev-igw","app":"my-go-app","environment":"dev","managed-by":"terraform","project":"ai-code-generation-from-code-to-iac"},"timeouts":null},"sensitive_values":{"tags":{},"tags_all":{}}},{"address":"aws_nat_gateway.this[\"us-east-1a\"]","mode":"managed","type":"aws_nat_gateway","name":"this","index":"us-east-1a","provider_name":"registry.terraform.io/hashicorp/aws","schema_version":0,"values":{"connectivity_type":"public","secondary_allocation_ids":null,"tags":{"Name":"my-go-app-dev-nat-us-east-1a","app":"my-go-app","environment":"dev","managed-by":"terraform","project":"ai-code-generation-from-code-to-iac"},"tags_all":{"Name":"my-go-app-dev-nat-us-east-1a","app":"my-go-app","environment":"dev","managed-by":"terraform","project":"ai-code-generation-from-code-to-iac"},"timeouts":null},"sensitive_values":{"secondary_private_ip_addresses":[],"tags":{},"tags_all":{}}},{"address":"aws_nat_gateway.this[\"us-east-1b\"]","mode":"managed","type":"aws_nat_gateway","name":"this","index":"us-east-1b","provider_name":"registry.terraform.io/hashicorp/aws","schema_version":0,"values":{"connectivity_type":"public","secondary_allocation_ids":null,"tags":{"Name":"my-go-app-dev-nat-us-east-1b","app":"my-go-app","environment":"dev","managed-by":"terraform","project":"ai-code-generation-from-code-to-iac"},"tags_all":{"Name":"my-go-app-dev-nat-us-east-1b","app":"my-go-app","environment":"dev","managed-by":"terraform","project":"ai-code-generation-from-code-to-iac"},"timeouts":null},"sensitive_values":{"secondary_private_ip_addresses":[],"tags":{},"tags_all":{}}},{"address":"aws_route.private_nat[\"us-east-1a\"]","mode":"managed","type":"aws_route","name":"private_nat","index":"us-east-1a","provider_name":"registry.terraform.io/hashicorp/aws","schema_version":0,"values":{"carrier_gateway_id":null,"core_network_arn":null,"destination_cidr_block":"0.0.0.0/0","destination_ipv6_cidr_block":null,"destination_prefix_list_id":null,"egress_only_gateway_id":null,"gateway_id":null,"local_gateway_id":null,"timeouts":null,"transit_gateway_id":null,"vpc_endpoint_id":null,"vpc_peering_connection_id":null},"sensitive_values":{}},{"address":"aws_route.private_nat[\"us-east-1b\"]","mode":"managed","type":"aws_route","name":"private_nat","index":"us-east-1b","provider_name":"registry.terraform.io/hashicorp/aws","schema_version":0,"values":{"carrier_gateway_id":null,"core_network_arn":null,"destination_cidr_block":"0.0.0.0/0","destination_ipv6_cidr_block":null,"destination_prefix_list_id":null,"egress_only_gateway_id":null,"gateway_id":null,"local_gateway_id":null,"timeouts":null,"transit_gateway_id":null,"vpc_endpoint_id":null,"vpc_peering_connection_id":null},"sensitive_values":{}},{"address":"aws_route.public_internet","mode":"managed","type":"aws_route","name":"public_internet","provider_name":"registry.terraform.io/hashicorp/aws","schema_version":0,"values":{"carrier_gateway_id":null,"core_network_arn":null,"destination_cidr_block":"0.0.0.0/0","destination_ipv6_cidr_block":null,"destination_prefix_list_id":null,"egress_only_gateway_id":null,"local_gateway_id":null,"nat_gateway_id":null,"timeouts":null,"transit_gateway_id":null,"vpc_endpoint_id":null,"vpc_peering_connection_id":null},"sensitive_values":{}},{"address":"aws_route_table.private[\"us-east-1a\"]","mode":"managed","type":"aws_route_table","name":"private","index":"us-east-1a","provider_name":"registry.terraform.io/hashicorp/aws","schema_version":0,"values":{"tags":{"Name":"my-go-app-dev-private-rt-us-east-1a","app":"my-go-app","environment":"dev","managed-by":"terraform","project":"ai-code-generation-from-code-to-iac"},"tags_all":{"Name":"my-go-app-dev-private-rt-us-east-1a","app":"my-go-app","environment":"dev","managed-by":"terraform","project":"ai-code-generation-from-code-to-iac"},"timeouts":null},"sensitive_values":{"propagating_vgws":[],"route":[],"tags":{},"tags_all":{}}},{"address":"aws_route_table.private[\"us-east-1b\"]","mode":"managed","type":"aws_route_table","name":"private","index":"us-east-1b","provider_name":"registry.terraform.io/hashicorp/aws","schema_version":0,"values":{"tags":{"Name":"my-go-app-dev-private-rt-us-east-1b","app":"my-go-app","environment":"dev","managed-by":"terraform","project":"ai-code-generation-from-code-to-iac"},"tags_all":{"Name":"my-go-app-dev-private-rt-us-east-1b","app":"my-go-app","environment":"dev","managed-by":"terraform","project":"ai-code-generation-from-code-to-iac"},"timeouts":null},"sensitive_values":{"propagating_vgws":[],"route":[],"tags":{},"tags_all":{}}},{"address":"aws_route_table.public","mode":"managed","type":"aws_route_table","name":"public","provider_name":"registry.terraform.io/hashicorp/aws","schema_version":0,"values":{"tags":{"Name":"my-go-app-dev-public-rt","app":"my-go-app","environment":"dev","managed-by":"terraform","project":"ai-code-generation-from-code-to-iac"},"tags_all":{"Name":"my-go-app-dev-public-rt","app":"my-go-app","environment":"dev","managed-by":"terraform","project":"ai-code-generation-from-code-to-iac"},"timeouts":null},"sensitive_values":{"propagating_vgws":[],"route":[],"tags":{},"tags_all":{}}},{"address":"aws_route_table_association.private[\"us-east-1a\"]","mode":"managed","type":"aws_route_table_association","name":"private","index":"us-east-1a","provider_name":"registry.terraform.io/hashicorp/aws","schema_version":0,"values":{"gateway_id":null,"timeouts":null},"sensitive_values":{}},{"address":"aws_route_table_association.private[\"us-east-1b\"]","mode":"managed","type":"aws_route_table_association","name":"private","index":"us-east-1b","provider_name":"registry.terraform.io/hashicorp/aws","schema_version":0,"values":{"gateway_id":null,"timeouts":null},"sensitive_values":{}},{"address":"aws_route_table_association.public[\"us-east-1a\"]","mode":"managed","type":"aws_route_table_association","name":"public","index":"us-east-1a","provider_name":"registry.terraform.io/hashicorp/aws","schema_version":0,"values":{"gateway_id":null,"timeouts":null},"sensitive_values":{}},{"address":"aws_route_table_association.public[\"us-east-1b\"]","mode":"managed","type":"aws_route_table_association","name":"public","index":"us-east-1b","provider_name":"registry.terraform.io/hashicorp/aws","schema_version":0,"values":{"gateway_id":null,"timeouts":null},"sensitive_values":{}},{"address":"aws_security_group.eks_cluster","mode":"managed","type":"aws_security_group","name":"eks_cluster","provider_name":"registry.terraform.io/hashicorp/aws","schema_version":1,"values":{"description":"EKS cluster security group","egress":[{"cidr_blocks":["0.0.0.0/0"],"description":"","from_port":0,"ipv6_cidr_blocks":[],"prefix_list_ids":[],"protocol":"-1","security_groups":[],"self":false,"to_port":0}],"name":"my-go-app-dev-eks-cluster-sg","revoke_rules_on_delete":false,"tags":{"Name":"my-go-app-dev-eks-cluster-sg","app":"my-go-app","environment":"dev","managed-by":"terraform","project":"ai-code-generation-from-code-to-iac"},"tags_all":{"Name":"my-go-app-dev-eks-cluster-sg","app":"my-go-app","environment":"dev","managed-by":"terraform","project":"ai-code-generation-from-code-to-iac"},"timeouts":null},"sensitive_values":{"egress":[{"cidr_blocks":[false],"ipv6_cidr_blocks":[],"prefix_list_ids":[],"security_groups":[]}],"ingress":[],"tags":{},"tags_all":{}}},{"address":"aws_security_group.eks_node","mode":"managed","type":"aws_security_group","name":"eks_node","provider_name":"registry.terraform.io/hashicorp/aws","schema_version":1,"values":{"description":"EKS node security group","egress":[{"cidr_blocks":["0.0.0.0/0"],"description":"","from_port":0,"ipv6_cidr_blocks":[],"prefix_list_ids":[],"protocol":"-1","security_groups":[],"self":false,"to_port":0}],"ingress":[{"cidr_blocks":[],"description":"Allow control plane to communicate with nodes","from_port":0,"ipv6_cidr_blocks":[],"prefix_list_ids":[],"protocol":"-1","self":false,"to_port":0},{"cidr_blocks":[],"description":"Allow nodes to communicate with each other","from_port":0,"ipv6_cidr_blocks":[],"prefix_list_ids":[],"protocol":"-1","security_groups":[],"self":true,"to_port":0}],"name":"my-go-app-dev-eks-node-sg","revoke_rules_on_delete":false,"tags":{"Name":"my-go-app-dev-eks-node-sg","app":"my-go-app","environment":"dev","managed-by":"terraform","project":"ai-code-generation-from-code-to-iac"},"tags_all":{"Name":"my-go-app-dev-eks-node-sg","app":"my-go-app","environment":"dev","managed-by":"terraform","project":"ai-code-generation-from-code-to-iac"},"timeouts":null},"sensitive_values":{"egress":[{"cidr_blocks":[false],"ipv6_cidr_blocks":[],"prefix_list_ids":[],"security_groups":[]}],"ingress":[{"cidr_blocks":[],"ipv6_cidr_blocks":[],"prefix_list_ids":[],"security_groups":[]},{"cidr_blocks":[],"ipv6_cidr_blocks":[],"prefix_list_ids":[],"security_groups":[]}],"tags":{},"tags_all":{}}},{"address":"aws_subnet.private[\"us-east-1a\"]","mode":"managed","type":"aws_subnet","name":"private","index":"us-east-1a","provider_name":"registry.terraform.io/hashicorp/aws","schema_version":1,"values":{"assign_ipv6_address_on_creation":false,"availability_zone":"us-east-1a","cidr_block":"10.0.160.0/20","customer_owned_ipv4_pool":null,"enable_dns64":false,"enable_lni_at_device_index":null,"enable_resource_name_dns_a_record_on_launch":false,"enable_resource_name_dns_aaaa_record_on_launch":false,"ipv6_cidr_block":null,"ipv6_native":false,"map_customer_owned_ip_on_launch":null,"map_public_ip_on_launch":false,"outpost_arn":null,"tags":{"Name":"my-go-app-dev-private-us-east-1a","app":"my-go-app","environment":"dev","kubernetes.io/role/internal-elb":"1","managed-by":"terraform","project":"ai-code-generation-from-code-to-iac"},"tags_all":{"Name":"my-go-app-dev-private-us-east-1a","app":"my-go-app","environment":"dev","kubernetes.io/role/internal-elb":"1","managed-by":"terraform","project":"ai-code-generation-from-code-to-iac"},"timeouts":null},"sensitive_values":{"tags":{},"tags_all":{}}},{"address":"aws_subnet.private[\"us-east-1b\"]","mode":"managed","type":"aws_subnet","name":"private","index":"us-east-1b","provider_name":"registry.terraform.io/hashicorp/aws","schema_version":1,"values":{"assign_ipv6_address_on_creation":false,"availability_zone":"us-east-1b","cidr_block":"10.0.176.0/20","customer_owned_ipv4_pool":null,"enable_dns64":false,"enable_lni_at_device_index":null,"enable_resource_name_dns_a_record_on_launch":false,"enable_resource_name_dns_aaaa_record_on_launch":false,"ipv6_cidr_block":null,"ipv6_native":false,"map_customer_owned_ip_on_launch":null,"map_public_ip_on_launch":false,"outpost_arn":null,"tags":{"Name":"my-go-app-dev-private-us-east-1b","app":"my-go-app","environment":"dev","kubernetes.io/role/internal-elb":"1","managed-by":"terraform","project":"ai-code-generation-from-code-to-iac"},"tags_all":{"Name":"my-go-app-dev-private-us-east-1b","app":"my-go-app","environment":"dev","kubernetes.io/role/internal-elb":"1","managed-by":"terraform","project":"ai-code-generation-from-code-to-iac"},"timeouts":null},"sensitive_values":{"tags":{},"tags_all":{}}},{"address":"aws_subnet.public[\"us-east-1a\"]","mode":"managed","type":"aws_subnet","name":"public","index":"us-east-1a","provider_name":"registry.terraform.io/hashicorp/aws","schema_version":1,"values":{"assign_ipv6_address_on_creation":false,"availability_zone":"us-east-1a","cidr_block":"10.0.0.0/20","customer_owned_ipv4_pool":null,"enable_dns64":false,"enable_lni_at_device_index":null,"enable_resource_name_dns_a_record_on_launch":false,"enable_resource_name_dns_aaaa_record_on_launch":false,"ipv6_cidr_block":null,"ipv6_native":false,"map_customer_owned_ip_on_launch":null,"map_public_ip_on_launch":true,"outpost_arn":null,"tags":{"Name":"my-go-app-dev-public-us-east-1a","app":"my-go-app","environment":"dev","kubernetes.io/role/elb":"1","managed-by":"terraform","project":"ai-code-generation-from-code-to-iac"},"tags_all":{"Name":"my-go-app-dev-public-us-east-1a","app":"my-go-app","environment":"dev","kubernetes.io/role/elb":"1","managed-by":"terraform","project":"ai-code-generation-from-code-to-iac"},"timeouts":null},"sensitive_values":{"tags":{},"tags_all":{}}},{"address":"aws_subnet.public[\"us-east-1b\"]","mode":"managed","type":"aws_subnet","name":"public","index":"us-east-1b","provider_name":"registry.terraform.io/hashicorp/aws","schema_version":1,"values":{"assign_ipv6_address_on_creation":false,"availability_zone":"us-east-1b","cidr_block":"10.0.16.0/20","customer_owned_ipv4_pool":null,"enable_dns64":false,"enable_lni_at_device_index":null,"enable_resource_name_dns_a_record_on_launch":false,"enable_resource_name_dns_aaaa_record_on_launch":false,"ipv6_cidr_block":null,"ipv6_native":false,"map_customer_owned_ip_on_launch":null,"map_public_ip_on_launch":true,"outpost_arn":null,"tags":{"Name":"my-go-app-dev-public-us-east-1b","app":"my-go-app","environment":"dev","kubernetes.io/role/elb":"1","managed-by":"terraform","project":"ai-code-generation-from-code-to-iac"},"tags_all":{"Name":"my-go-app-dev-public-us-east-1b","app":"my-go-app","environment":"dev","kubernetes.io/role/elb":"1","managed-by":"terraform","project":"ai-code-generation-from-code-to-iac"},"timeouts":null},"sensitive_values":{"tags":{},"tags_all":{}}},{"address":"aws_vpc.this","mode":"managed","type":"aws_vpc","name":"this","provider_name":"registry.terraform.io/hashicorp/aws","schema_version":1,"values":{"assign_generated_ipv6_cidr_block":null,"cidr_block":"10.0.0.0/16","enable_dns_hostnames":true,"enable_dns_support":true,"instance_tenancy":"default","ipv4_ipam_pool_id":null,"ipv4_netmask_length":null,"ipv6_ipam_pool_id":null,"ipv6_netmask_length":null,"tags":{"Name":"my-go-app-dev","app":"my-go-app","environment":"dev","managed-by":"terraform","project":"ai-code-generation-from-code-to-iac"},"tags_all":{"Name":"my-go-app-dev","app":"my-go-app","environment":"dev","managed-by":"terraform","project":"ai-code-generation-from-code-to-iac"}},"sensitive_values":{"tags":{},"tags_all":{}}},{"address":"data.aws_eks_cluster.this","mode":"data","type":"aws_eks_cluster","name":"this","provider_name":"registry.terraform.io/hashicorp/aws","schema_version":0,"values":{"name":"my-go-app-dev-eks"},"sensitive_values":{"access_config":[],"certificate_authority":[],"compute_config":[],"enabled_cluster_log_types":[],"identity":[],"kubernetes_network_config":[],"outpost_config":[],"remote_network_config":[],"storage_config":[],"tags":{},"upgrade_policy":[],"vpc_config":[],"zonal_shift_config":[]}},{"address":"data.aws_eks_cluster_auth.this","mode":"data","type":"aws_eks_cluster_auth","name":"this","provider_name":"registry.terraform.io/hashicorp/aws","schema_version":0,"values":{"name":"my-go-app-dev-eks"},"sensitive_values":{"token":true}},{"address":"data.tls_certificate.eks_oidc","mode":"data","type":"tls_certificate","name":"eks_oidc","provider_name":"registry.terraform.io/hashicorp/tls","schema_version":0,"values":{"content":null,"verify_chain":null},"sensitive_values":{"certificates":[]}},{"address":"helm_release.aws_load_balancer_controller[0]","mode":"managed","type":"helm_release","name":"aws_load_balancer_controller","index":0,"provider_name":"registry.terraform.io/hashicorp/helm","schema_version":1,"values":{"atomic":false,"chart":"aws-load-balancer-controller","cleanup_on_fail":false,"create_namespace":false,"dependency_update":false,"description":null,"devel":null,"disable_crd_hooks":false,"disable_openapi_validation":false,"disable_webhooks":false,"force_update":false,"keyring":null,"lint":false,"max_history":0,"name":"aws-load-balancer-controller","namespace":"kube-system","pass_credentials":false,"postrender":[],"recreate_pods":false,"render_subchart_notes":true,"replace":false,"repository":"https://aws.github.io/eks-charts","repository_ca_file":null,"repository_cert_file":null,"repository_key_file":null,"repository_password":null,"repository_username":null,"reset_values":false,"reuse_values":false,"set":[{"name":"clusterName","type":"","value":"my-go-app-dev-eks"},{"name":"region","type":"","value":"us-east-1"},{"name":"serviceAccount.create","type":"","value":"false"},{"name":"serviceAccount.name","type":"","value":"aws-load-balancer-controller"},{"name":"vpcId","type":""}],"set_list":[],"set_sensitive":[],"skip_crds":false,"status":"deployed","timeout":300,"upgrade_install":null,"values":null,"verify":false,"version":"1.7.2","wait":true,"wait_for_jobs":false},"sensitive_values":{"metadata":[],"postrender":[],"repository_password":true,"set":[{},{},{},{},{}],"set_list":[],"set_sensitive":[]}},{"address":"helm_release.istio_base[0]","mode":"managed","type":"helm_release","name":"istio_base","index":0,"provider_name":"registry.terraform.io/hashicorp/helm","schema_version":1,"values":{"atomic":false,"chart":"base","cleanup_on_fail":false,"create_namespace":false,"dependency_update":false,"description":null,"devel":null,"disable_crd_hooks":false,"disable_openapi_validation":false,"disable_webhooks":false,"force_update":false,"keyring":null,"lint":false,"max_history":0,"name":"istio-base","namespace":"istio-system","pass_credentials":false,"postrender":[],"recreate_pods":false,"render_subchart_notes":true,"replace":false,"repository":"https://istio-release.storage.googleapis.com/charts","repository_ca_file":null,"repository_cert_file":null,"repository_key_file":null,"repository_password":null,"repository_username":null,"reset_values":false,"reuse_values":false,"set":[],"set_list":[],"set_sensitive":[],"skip_crds":false,"status":"deployed","timeout":300,"upgrade_install":null,"values":null,"verify":false,"version":"1.21.2","wait":true,"wait_for_jobs":false},"sensitive_values":{"metadata":[],"postrender":[],"repository_password":true,"set":[],"set_list":[],"set_sensitive":[]}},{"address":"helm_release.istio_ingress[0]","mode":"managed","type":"helm_release","name":"istio_ingress","index":0,"provider_name":"registry.terraform.io/hashicorp/helm","schema_version":1,"values":{"atomic":false,"chart":"gateway","cleanup_on_fail":false,"create_namespace":false,"dependency_update":false,"description":null,"devel":null,"disable_crd_hooks":false,"disable_openapi_validation":false,"disable_webhooks":false,"force_update":false,"keyring":null,"lint":false,"max_history":0,"name":"istio-ingress","namespace":"istio-system","pass_credentials":false,"postrender":[],"recreate_pods":false,"render_subchart_notes":true,"replace":false,"repository":"https://istio-release.storage.googleapis.com/charts","repository_ca_file":null,"repository_cert_file":null,"repository_key_file":null,"repository_password":null,"repository_username":null,"reset_values":false,"reuse_values":false,"set":[],"set_list":[],"set_sensitive":[],"skip_crds":false,"status":"deployed","timeout":300,"upgrade_install":null,"values":["\"service\":\n  \"annotations\":\n    \"service.beta.kubernetes.io/aws-load-balancer-scheme\": \"internet-facing\"\n    \"service.beta.kubernetes.io/aws-load-balancer-type\": \"nlb\"\n  \"type\": \"LoadBalancer\"\n"],"verify":false,"version":"1.21.2","wait":true,"wait_for_jobs":false},"sensitive_values":{"metadata":[],"postrender":[],"repository_password":true,"set":[],"set_list":[],"set_sensitive":[],"values":[false]}},{"address":"helm_release.istiod[0]","mode":"managed","type":"helm_release","name":"istiod","index":0,"provider_name":"registry.terraform.io/hashicorp/helm","schema_version":1,"values":{"atomic":false,"chart":"istiod","cleanup_on_fail":false,"create_namespace":false,"dependency_update":false,"description":null,"devel":null,"disable_crd_hooks":false,"disable_openapi_validation":false,"disable_webhooks":false,"force_update":false,"keyring":null,"lint":false,"max_history":0,"name":"istiod","namespace":"istio-system","pass_credentials":false,"postrender":[],"recreate_pods":false,"render_subchart_notes":true,"replace":false,"repository":"https://istio-release.storage.googleapis.com/charts","repository_ca_file":null,"repository_cert_file":null,"repository_key_file":null,"repository_password":null,"repository_username":null,"reset_values":false,"reuse_values":false,"set":[],"set_list":[],"set_sensitive":[],"skip_crds":false,"status":"deployed","timeout":300,"upgrade_install":null,"values":null,"verify":false,"version":"1.21.2","wait":true,"wait_for_jobs":false},"sensitive_values":{"metadata":[],"postrender":[],"repository_password":true,"set":[],"set_list":[],"set_sensitive":[]}},{"address":"kubernetes_deployment.svc1","mode":"managed","type":"kubernetes_deployment","name":"svc1","provider_name":"registry.terraform.io/hashicorp/kubernetes","schema_version":1,"values":{"metadata":[{"annotations":null,"generate_name":null,"labels":{"app":"svc1"},"name":"svc1","namespace":"app"}],"spec":[{"min_ready_seconds":0,"paused":false,"progress_deadline_seconds":600,"replicas":"2","revision_history_limit":10,"selector":[{"match_expressions":[],"match_labels":{"app":"svc1"}}],"template":[{"metadata":[{"annotations":null,"generate_name":null,"labels":{"app":"svc1"},"namespace":null}],"spec":[{"active_deadline_seconds":null,"affinity":[],"automount_service_account_token":true,"container":[{"args":null,"command":null,"env":[{"name":"OTEL_EXPORTER_OTLP_ENDPOINT","value":"http://tempo-distributor.monitoring.svc.cluster.local:4318","value_from":[]},{"name":"OTEL_EXPORTER_OTLP_PROTOCOL","value":"http/protobuf","value_from":[]}],"env_from":[],"image":"public.ecr.aws/docker/library/nginx:1.25","lifecycle":[],"liveness_probe":[{"exec":[],"failure_threshold":3,"grpc":[],"http_get":[{"host":null,"http_header":[],"path":"/","port":"8080","scheme":"HTTP"}],"initial_delay_seconds":10,"period_seconds":10,"success_threshold":1,"tcp_socket":[],"timeout_seconds":1}],"name":"svc1","port":[{"container_port":8080,"host_ip":null,"host_port":null,"name":"http","protocol":"TCP"}],"readiness_probe":[{"exec":[],"failure_threshold":3,"grpc":[],"http_get":[{"host":null,"http_header":[],"path":"/","port":"8080","scheme":"HTTP"}],"initial_delay_seconds":5,"period_seconds":10,"success_threshold":1,"tcp_socket":[],"timeout_seconds":1}],"resources":[{"limits":{"cpu":"500m","memory":"512Mi"},"requests":{"cpu":"100m","memory":"128Mi"}}],"security_context":[],"startup_probe":[],"stdin":false,"stdin_once":false,"termination_message_path":"/dev/termination-log","tty":false,"volume_device":[],"volume_mount":[],"working_dir":null}],"dns_config":[],"dns_policy":"ClusterFirst","enable_service_links":true,"host_aliases":[],"host_ipc":false,"host_network":false,"host_pid":false,"init_container":[],"node_selector":null,"os":[],"priority_class_name":null,"restart_policy":"Always","runtime_class_name":null,"security_context":[],"share_process_namespace":false,"subdomain":null,"termination_grace_period_seconds":30,"toleration":[],"topology_spread_constraint":[],"volume":[]}]}]}],"timeouts":null,"wait_for_rollout":true},"sensitive_values":{"metadata":[{"labels":{}}],"spec":[{"selector":[{"match_expressions":[],"match_labels":{}}],"strategy":[],"template":[{"metadata":[{"labels":{}}],"spec":[{"affinity":[],"container":[{"env":[{"value_from":[]},{"value_from":[]}],"env_from":[],"lifecycle":[],"liveness_probe":[{"exec":[],"grpc":[],"http_get":[{"http_header":[]}],"tcp_socket":[]}],"port":[{}],"readiness_probe":[{"exec":[],"grpc":[],"http_get":[{"http_header":[]}],"tcp_socket":[]}],"resources":[{"limits":{},"requests":{}}],"security_context":[],"startup_probe":[],"volume_device":[],"volume_mount":[]}],"dns_config":[],"host_aliases":[],"image_pull_secrets":[],"init_container":[],"os":[],"readiness_gate":[],"security_context":[],"toleration":[],"topology_spread_constraint":[],"volume":[]}]}]}]}},{"address":"kubernetes_deployment.svc2","mode":"managed","type":"kubernetes_deployment","name":"svc2","provider_name":"registry.terraform.io/hashicorp/kubernetes","schema_version":1,"values":{"metadata":[{"annotations":null,"generate_name":null,"labels":{"app":"svc2"},"name":"svc2","namespace":"app"}],"spec":[{"min_ready_seconds":0,"paused":false,"progress_deadline_seconds":600,"replicas":"2","revision_history_limit":10,"selector":[{"match_expressions":[],"match_labels":{"app":"svc2"}}],"template":[{"metadata":[{"annotations":null,"generate_name":null,"labels":{"app":"svc2"},"namespace":null}],"spec":[{"active_deadline_seconds":null,"affinity":[],"automount_service_account_token":true,"container":[{"args":null,"command":null,"env":[{"name":"OTEL_EXPORTER_OTLP_ENDPOINT","value":"http://tempo-distributor.monitoring.svc.cluster.local:4318","value_from":[]},{"name":"OTEL_EXPORTER_OTLP_PROTOCOL","value":"http/protobuf","value_from":[]},{"name":"PROXY_ENDPOINT","value":"http://my-go-app-service:8080/svc1","value_from":[]}],"env_from":[],"image":"public.ecr.aws/docker/library/nginx:1.25","lifecycle":[],"liveness_probe":[{"exec":[],"failure_threshold":3,"grpc":[],"http_get":[{"host":null,"http_header":[],"path":"/","port":"8080","scheme":"HTTP"}],"initial_delay_seconds":10,"period_seconds":10,"success_threshold":1,"tcp_socket":[],"timeout_seconds":1}],"name":"svc2","port":[{"container_port":8080,"host_ip":null,"host_port":null,"name":"http","protocol":"TCP"}],"readiness_probe":[{"exec":[],"failure_threshold":3,"grpc":[],"http_get":[{"host":null,"http_header":[],"path":"/","port":"8080","scheme":"HTTP"}],"initial_delay_seconds":5,"period_seconds":10,"success_threshold":1,"tcp_socket":[],"timeout_seconds":1}],"resources":[{"limits":{"cpu":"500m","memory":"512Mi"},"requests":{"cpu":"100m","memory":"128Mi"}}],"security_context":[],"startup_probe":[],"stdin":false,"stdin_once":false,"termination_message_path":"/dev/termination-log","tty":false,"volume_device":[],"volume_mount":[],"working_dir":null}],"dns_config":[],"dns_policy":"ClusterFirst","enable_service_links":true,"host_aliases":[],"host_ipc":false,"host_network":false,"host_pid":false,"init_container":[],"node_selector":null,"os":[],"priority_class_name":null,"restart_policy":"Always","runtime_class_name":null,"security_context":[],"share_process_namespace":false,"subdomain":null,"termination_grace_period_seconds":30,"toleration":[],"topology_spread_constraint":[],"volume":[]}]}]}],"timeouts":null,"wait_for_rollout":true},"sensitive_values":{"metadata":[{"labels":{}}],"spec":[{"selector":[{"match_expressions":[],"match_labels":{}}],"strategy":[],"template":[{"metadata":[{"labels":{}}],"spec":[{"affinity":[],"container":[{"env":[{"value_from":[]},{"value_from":[]},{"value_from":[]}],"env_from":[],"lifecycle":[],"liveness_probe":[{"exec":[],"grpc":[],"http_get":[{"http_header":[]}],"tcp_socket":[]}],"port":[{}],"readiness_probe":[{"exec":[],"grpc":[],"http_get":[{"http_header":[]}],"tcp_socket":[]}],"resources":[{"limits":{},"requests":{}}],"security_context":[],"startup_probe":[],"volume_device":[],"volume_mount":[]}],"dns_config":[],"host_aliases":[],"image_pull_secrets":[],"init_container":[],"os":[],"readiness_gate":[],"security_context":[],"toleration":[],"topology_spread_constraint":[],"volume":[]}]}]}]}},{"address":"kubernetes_namespace.app","mode":"managed","type":"kubernetes_namespace","name":"app","provider_name":"registry.terraform.io/hashicorp/kubernetes","schema_version":0,"values":{"metadata":[{"annotations":null,"generate_name":null,"labels":{"istio-injection":"enabled"},"name":"app"}],"timeouts":null,"wait_for_default_service_account":false},"sensitive_values":{"metadata":[{"labels":{}}]}},{"address":"kubernetes_namespace.istio_system[0]","mode":"managed","type":"kubernetes_namespace","name":"istio_system","index":0,"provider_name":"registry.terraform.io/hashicorp/kubernetes","schema_version":0,"values":{"metadata":[{"annotations":null,"generate_name":null,"labels":null,"name":"istio-system"}],"timeouts":null,"wait_for_default_service_account":false},"sensitive_values":{"metadata":[{}]}},{"address":"kubernetes_namespace.kube_system","mode":"managed","type":"kubernetes_namespace","name":"kube_system","provider_name":"registry.terraform.io/hashicorp/kubernetes","schema_version":0,"values":{"metadata":[{"annotations":null,"generate_name":null,"labels":null,"name":"kube-system"}],"timeouts":null,"wait_for_default_service_account":false},"sensitive_values":{"metadata":[{}]}},{"address":"kubernetes_namespace.monitoring","mode":"managed","type":"kubernetes_namespace","name":"monitoring","provider_name":"registry.terraform.io/hashicorp/kubernetes","schema_version":0,"values":{"metadata":[{"annotations":null,"generate_name":null,"labels":null,"name":"monitoring"}],"timeouts":null,"wait_for_default_service_account":false},"sensitive_values":{"metadata":[{}]}},{"address":"kubernetes_service.svc1","mode":"managed","type":"kubernetes_service","name":"svc1","provider_name":"registry.terraform.io/hashicorp/kubernetes","schema_version":1,"values":{"metadata":[{"annotations":null,"generate_name":null,"labels":{"app":"svc1"},"name":"my-go-app-service","namespace":"app"}],"spec":[{"allocate_load_balancer_node_ports":true,"external_ips":null,"external_name":null,"load_balancer_class":null,"load_balancer_ip":null,"load_balancer_source_ranges":null,"port":[{"app_protocol":null,"name":"http","port":8080,"protocol":"TCP","target_port":"8080"}],"publish_not_ready_addresses":false,"selector":{"app":"svc1"},"session_affinity":"None","type":"ClusterIP"}],"timeouts":null,"wait_for_load_balancer":true},"sensitive_values":{"metadata":[{"labels":{}}],"spec":[{"cluster_ips":[],"ip_families":[],"port":[{}],"selector":{},"session_affinity_config":[]}],"status":[]}},{"address":"kubernetes_service.svc2","mode":"managed","type":"kubernetes_service","name":"svc2","provider_name":"registry.terraform.io/hashicorp/kubernetes","schema_version":1,"values":{"metadata":[{"annotations":null,"generate_name":null,"labels":{"app":"svc2"},"name":"my-go-app-service2","namespace":"app"}],"spec":[{"allocate_load_balancer_node_ports":true,"external_ips":null,"external_name":null,"load_balancer_class":null,"load_balancer_ip":null,"load_balancer_source_ranges":null,"port":[{"app_protocol":null,"name":"http","port":8080,"protocol":"TCP","target_port":"8080"}],"publish_not_ready_addresses":false,"selector":{"app":"svc2"},"session_affinity":"None","type":"ClusterIP"}],"timeouts":null,"wait_for_load_balancer":true},"sensitive_values":{"metadata":[{"labels":{}}],"spec":[{"cluster_ips":[],"ip_families":[],"port":[{}],"selector":{},"session_affinity_config":[]}],"status":[]}},{"address":"kubernetes_service_account.aws_load_balancer_controller[0]","mode":"managed","type":"kubernetes_service_account","name":"aws_load_balancer_controller","index":0,"provider_name":"registry.terraform.io/hashicorp/kubernetes","schema_version":0,"values":{"automount_service_account_token":true,"image_pull_secret":[],"metadata":[{"generate_name":null,"labels":{"app.kubernetes.io/name":"aws-load-balancer-controller"},"name":"aws-load-balancer-controller","namespace":"kube-system"}],"secret":[],"timeouts":null},"sensitive_values":{"image_pull_secret":[],"metadata":[{"annotations":{},"labels":{}}],"secret":[]}}]}},"resource_changes":[{"address":"data.aws_eks_cluster.this","mode":"data","type":"aws_eks_cluster","name":"this","provider_name":"registry.terraform.io/hashicorp/aws","change":{"actions":["read"],"before":null,"after":{"name":"my-go-app-dev-eks"},"after_unknown":{"access_config":true,"arn":true,"certificate_authority":true,"cluster_id":true,"compute_config":true,"created_at":true,"enabled_cluster_log_types":true,"endpoint":true,"id":true,"identity":true,"kubernetes_network_config":true,"outpost_config":true,"platform_version":true,"remote_network_config":true,"role_arn":true,"status":true,"storage_config":true,"tags":true,"upgrade_policy":true,"version":true,"vpc_config":true,"zonal_shift_config":true},"before_sensitive":false,"after_sensitive":{"access_config":[],"certificate_authority":[],"compute_config":[],"enabled_cluster_log_types":[],"identity":[],"kubernetes_network_config":[],"outpost_config":[],"remote_network_config":[],"storage_config":[],"tags":{},"upgrade_policy":[],"vpc_config":[],"zonal_shift_config":[]}},"action_reason":"read_because_dependency_pending"},{"address":"data.aws_eks_cluster_auth.this","mode":"data","type":"aws_eks_cluster_auth","name":"this","provider_name":"registry.terraform.io/hashicorp/aws","change":{"actions":["read"],"before":null,"after":{"name":"my-go-app-dev-eks"},"after_unknown":{"id":true,"token":true},"before_sensitive":false,"after_sensitive":{"token":true}},"action_reason":"read_because_dependency_pending"},{"address":"data.tls_certificate.eks_oidc","mode":"data","type":"tls_certificate","name":"eks_oidc","provider_name":"registry.terraform.io/hashicorp/tls","change":{"actions":["read"],"before":null,"after":{"content":null,"verify_chain":null},"after_unknown":{"certificates":true,"id":true,"url":true},"before_sensitive":false,"after_sensitive":{"certificates":[]}},"action_reason":"read_because_config_unknown"},{"address":"aws_ecr_lifecycle_policy.svc1","mode":"managed","type":"aws_ecr_lifecycle_policy","name":"svc1","provider_name":"registry.terraform.io/hashicorp/aws","change":{"actions":["create"],"before":null,"after":{"policy":"{\"rules\":[{\"action\":{\"type\":\"expire\"},\"description\":\"Keep last 30 images\",\"rulePriority\":1,\"selection\":{\"countNumber\":30,\"countType\":\"imageCountMoreThan\",\"tagStatus\":\"any\"}}]}","repository":"my-go-app-dev-svc1"},"after_unknown":{"id":true,"registry_id":true},"before_sensitive":false,"after_sensitive":{}}},{"address":"aws_ecr_lifecycle_policy.svc2","mode":"managed","type":"aws_ecr_lifecycle_policy","name":"svc2","provider_name":"registry.terraform.io/hashicorp/aws","change":{"actions":["create"],"before":null,"after":{"policy":"{\"rules\":[{\"action\":{\"type\":\"expire\"},\"description\":\"Keep last 30 images\",\"rulePriority\":1,\"selection\":{\"countNumber\":30,\"countType\":\"imageCountMoreThan\",\"tagStatus\":\"any\"}}]}","repository":"my-go-app-dev-svc2"},"after_unknown":{"id":true,"registry_id":true},"before_sensitive":false,"after_sensitive":{}}},{"address":"aws_ecr_repository.svc1","mode":"managed","type":"aws_ecr_repository","name":"svc1","provider_name":"registry.terraform.io/hashicorp/aws","change":{"actions":["create"],"before":null,"after":{"encryption_configuration":[{"encryption_type":"AES256"}],"force_delete":true,"image_scanning_configuration":[{"scan_on_push":true}],"image_tag_mutability":"MUTABLE","name":"my-go-app-dev-svc1","tags":{"app":"my-go-app","environment":"dev","managed-by":"terraform","project":"ai-code-generation-from-code-to-iac"},"tags_all":{"app":"my-go-app","environment":"dev","managed-by":"terraform","project":"ai-code-generation-from-code-to-iac"},"timeouts":null},"after_unknown":{"arn":true,"encryption_configuration":[{"kms_key":true}],"id":true,"image_scanning_configuration":[{}],"registry_id":true,"repository_url":true,"tags":{},"tags_all":{}},"before_sensitive":false,"after_sensitive":{"encryption_configuration":[{}],"image_scanning_configuration":[{}],"tags":{},"tags_all":{}}}},{"address":"aws_ecr_repository.svc2","mode":"managed","type":"aws_ecr_repository","name":"svc2","provider_name":"registry.terraform.io/hashicorp/aws","change":{"actions":["create"],"before":null,"after":{"encryption_configuration":[{"encryption_type":"AES256"}],"force_delete":true,"image_scanning_configuration":[{"scan_on_push":true}],"image_tag_mutability":"MUTABLE","name":"my-go-app-dev-svc2","tags":{"app":"my-go-app","environment":"dev","managed-by":"terraform","project":"ai-code-generation-from-code-to-iac"},"tags_all":{"app":"my-go-app","environment":"dev","managed-by":"terraform","project":"ai-code-generation-from-code-to-iac"},"timeouts":null},"after_unknown":{"arn":true,"encryption_configuration":[{"kms_key":true}],"id":true,"image_scanning_configuration":[{}],"registry_id":true,"repository_url":true,"tags":{},"tags_all":{}},"before_sensitive":false,"after_sensitive":{"encryption_configuration":[{}],"image_scanning_configuration":[{}],"tags":{},"tags_all":{}}}},{"address":"aws_eip.nat[\"us-east-1a\"]","mode":"managed","type":"aws_eip","name":"nat","index":"us-east-1a","provider_name":"registry.terraform.io/hashicorp/aws","change":{"actions":["create"],"before":null,"after":{"address":null,"associate_with_private_ip":null,"customer_owned_ipv4_pool":null,"domain":"vpc","tags":{"Name":"my-go-app-dev-nat-eip-us-east-1a","app":"my-go-app","environment":"dev","managed-by":"terraform","project":"ai-code-generation-from-code-to-iac"},"tags_all":{"Name":"my-go-app-dev-nat-eip-us-east-1a","app":"my-go-app","environment":"dev","managed-by":"terraform","project":"ai-code-generation-from-code-to-iac"},"timeouts":null},"after_unknown":{"allocation_id":true,"arn":true,"association_id":true,"carrier_ip":true,"customer_owned_ip":true,"id":true,"instance":true,"ipam_pool_id":true,"network_border_group":true,"network_interface":true,"private_dns":true,"private_ip":true,"ptr_record":true,"public_dns":true,"public_ip":true,"public_ipv4_pool":true,"tags":{},"tags_all":{},"vpc":true},"before_sensitive":false,"after_sensitive":{"tags":{},"tags_all":{}}}},{"address":"aws_eip.nat[\"us-east-1b\"]","mode":"managed","type":"aws_eip","name":"nat","index":"us-east-1b","provider_name":"registry.terraform.io/hashicorp/aws","change":{"actions":["create"],"before":null,"after":{"address":null,"associate_with_private_ip":null,"customer_owned_ipv4_pool":null,"domain":"vpc","tags":{"Name":"my-go-app-dev-nat-eip-us-east-1b","app":"my-go-app","environment":"dev","managed-by":"terraform","project":"ai-code-generation-from-code-to-iac"},"tags_all":{"Name":"my-go-app-dev-nat-eip-us-east-1b","app":"my-go-app","environment":"dev","managed-by":"terraform","project":"ai-code-generation-from-code-to-iac"},"timeouts":null},"after_unknown":{"allocation_id":true,"arn":true,"association_id":true,"carrier_ip":true,"customer_owned_ip":true,"id":true,"instance":true,"ipam_pool_id":true,"network_border_group":true,"network_interface":true,"private_dns":true,"private_ip":true,"ptr_record":true,"public_dns":true,"public_ip":true,"public_ipv4_pool":true,"tags":{},"tags_all":{},"vpc":true},"before_sensitive":false,"after_sensitive":{"tags":{},"tags_all":{}}}},{"address":"aws_eks_cluster.this","mode":"managed","type":"aws_eks_cluster","name":"this","provider_name":"registry.terraform.io/hashicorp/aws","change":{"actions":["create"],"before":null,"after":{"bootstrap_self_managed_addons":true,"compute_config":[],"enabled_cluster_log_types":["api","audit","authenticator","controllerManager","scheduler"],"encryption_config":[],"force_update_version":null,"name":"my-go-app-dev-eks","outpost_config":[],"remote_network_config":[],"storage_config":[],"tags":{"app":"my-go-app","environment":"dev","managed-by":"terraform","project":"ai-code-generation-from-code-to-iac"},"tags_all":{"app":"my-go-app","environment":"dev","managed-by":"terraform","project":"ai-code-generation-from-code-to-iac"},"timeouts":null,"version":"1.29","vpc_config":[{"endpoint_private_access":true,"endpoint_public_access":true,"public_access_cidrs":["0.0.0.0/0"]}],"zonal_shift_config":[]},"after_unknown":{"access_config":true,"arn":true,"certificate_authority":true,"cluster_id":true,"compute_config":[],"created_at":true,"enabled_cluster_log_types":[false,false,false,false,false],"encryption_config":[],"endpoint":true,"id":true,"identity":true,"kubernetes_network_config":true,"outpost_config":[],"platform_version":true,"remote_network_config":[],"role_arn":true,"status":true,"storage_config":[],"tags":{},"tags_all":{},"upgrade_policy":true,"vpc_config":[{"cluster_security_group_id":true,"public_access_cidrs":[false],"security_group_ids":true,"subnet_ids":true,"vpc_id":true}],"zonal_shift_config":[]},"before_sensitive":false,"after_sensitive":{"access_config":[],"certificate_authority":[],"compute_config":[],"enabled_cluster_log_types":[false,false,false,false,false],"encryption_config":[],"identity":[],"kubernetes_network_config":[],"outpost_config":[],"remote_network_config":[],"storage_config":[],"tags":{},"tags_all":{},"upgrade_policy":[],"vpc_config":[{"public_access_cidrs":[false],"security_group_ids":[],"subnet_ids":[]}],"zonal_shift_config":[]}}},{"address":"aws_eks_node_group.default","mode":"managed","type":"aws_eks_node_group","name":"default","provider_name":"registry.terraform.io/hashicorp/aws","change":{"actions":["create"],"before":null,"after":{"cluster_name":"my-go-app-dev-eks","force_update_version":null,"instance_types":["t3.medium"],"labels":null,"launch_template":[],"node_group_name":"my-go-app-dev-ng","remote_access":[{"ec2_ssh_key":null,"source_security_group_ids":null}],"scaling_config":[{"desired_size":2,"max_size":4,"min_size":2}],"tags":{"app":"my-go-app","environment":"dev","managed-by":"terraform","project":"ai-code-generation-from-code-to-iac"},"tags_all":{"app":"my-go-app","environment":"dev","managed-by":"terraform","project":"ai-code-generation-from-code-to-iac"},"taint":[],"timeouts":null,"update_config":[{"max_unavailable":1,"max_unavailable_percentage":null}]},"after_unknown":{"ami_type":true,"arn":true,"capacity_type":true,"disk_size":true,"id":true,"instance_types":[false],"launch_template":[],"node_group_name_prefix":true,"node_repair_config":true,"node_role_arn":true,"release_version":true,"remote_access":[{}],"resources":true,"scaling_config":[{}],"status":true,"subnet_ids":true,"tags":{},"tags_all":{},"taint":[],"update_config":[{}],"version":true},"before_sensitive":false,"after_sensitive":{"instance_types":[false],"launch_template":[],"node_repair_config":[],"remote_access":[{}],"resources":[],"scaling_config":[{}],"subnet_ids":[],"tags":{},"tags_all":{},"taint":[],"update_config":[{}]}}},{"address":"aws_iam_openid_connect_provider.eks","mode":"managed","type":"aws_iam_openid_connect_provider","name":"eks","provider_name":"registry.terraform.io/hashicorp/aws","change":{"actions":["create"],"before":null,"after":{"client_id_list":["sts.amazonaws.com"],"tags":{"app":"my-go-app","environment":"dev","managed-by":"terraform","project":"ai-code-generation-from-code-to-iac"},"tags_all":{"app":"my-go-app","environment":"dev","managed-by":"terraform","project":"ai-code-generation-from-code-to-iac"}},"after_unknown":{"arn":true,"client_id_list":[false],"id":true,"tags":{},"tags_all":{},"thumbprint_list":true,"url":true},"before_sensitive":false,"after_sensitive":{"client_id_list":[false],"tags":{},"tags_all":{},"thumbprint_list":[]}}},{"address":"aws_iam_policy.aws_load_balancer_controller[0]","mode":"managed","type":"aws_iam_policy","name":"aws_load_balancer_controller","index":0,"provider_name":"registry.terraform.io/hashicorp/aws","change":{"actions":["create"],"before":null,"after":{"description":"IAM policy for AWS Load Balancer Controller (IRSA)","name":"my-go-app-dev-aws-lbc-policy","path":"/","policy":"{\"Statement\":[{\"Action\":[\"iam:CreateServiceLinkedRole\",\"ec2:DescribeAccountAttributes\",\"ec2:DescribeAddresses\",\"ec2:DescribeAvailabilityZones\",\"ec2:DescribeInternetGateways\",\"ec2:DescribeVpcs\",\"ec2:DescribeVpcPeeringConnections\",\"ec2:DescribeSubnets\",\"ec2:DescribeSecurityGroups\",\"ec2:DescribeInstances\",\"ec2:DescribeNetworkInterfaces\",\"ec2:DescribeTags\",\"ec2:GetCoipPoolUsage\",\"ec2:DescribeCoipPools\",\"elasticloadbalancing:DescribeLoadBalancers\",\"elasticloadbalancing:DescribeLoadBalancerAttributes\",\"elasticloadbalancing:DescribeListeners\",\"elasticloadbalancing:DescribeListenerCertificates\",\"elasticloadbalancing:DescribeSSLPolicies\",\"elasticloadbalancing:DescribeRules\",\"elasticloadbalancing:DescribeTargetGroups\",\"elasticloadbalancing:DescribeTargetGroupAttributes\",\"elasticloadbalancing:DescribeTargetHealth\",\"elasticloadbalancing:DescribeTags\"],\"Effect\":\"Allow\",\"Resource\":\"*\"},{\"Action\":[\"ec2:CreateSecurityGroup\",\"ec2:CreateTags\",\"ec2:DeleteTags\",\"ec2:AuthorizeSecurityGroupIngress\",\"ec2:RevokeSecurityGroupIngress\",\"ec2:DeleteSecurityGroup\"],\"Effect\":\"Allow\",\"Resource\":\"*\"},{\"Action\":[\"elasticloadbalancing:CreateLoadBalancer\",\"elasticloadbalancing:CreateTargetGroup\",\"elasticloadbalancing:CreateListener\",\"elasticloadbalancing:DeleteListener\",\"elasticloadbalancing:DeleteLoadBalancer\",\"elasticloadbalancing:DeleteTargetGroup\",\"elasticloadbalancing:ModifyLoadBalancerAttributes\",\"elasticloadbalancing:ModifyTargetGroup\",\"elasticloadbalancing:ModifyTargetGroupAttributes\",\"elasticloadbalancing:ModifyListener\",\"elasticloadbalancing:AddTags\",\"elasticloadbalancing:RemoveTags\",\"elasticloadbalancing:RegisterTargets\",\"elasticloadbalancing:DeregisterTargets\",\"elasticloadbalancing:SetIpAddressType\",\"elasticloadbalancing:SetSecurityGroups\",\"elasticloadbalancing:SetSubnets\"],\"Effect\":\"Allow\",\"Resource\":\"*\"}],\"Version\":\"2012-10-17\"}","tags":null,"tags_all":{"project":"ai-code-generation-from-code-to-iac"}},"after_unknown":{"arn":true,"attachment_count":true,"id":true,"name_prefix":true,"policy_id":true,"tags_all":{}},"before_sensitive":false,"after_sensitive":{"tags_all":{}}}},{"address":"aws_iam_role.aws_load_balancer_controller[0]","mode":"managed","type":"aws_iam_role","name":"aws_load_balancer_controller","index":0,"provider_name":"registry.terraform.io/hashicorp/aws","change":{"actions":["create"],"before":null,"after":{"description":null,"force_detach_policies":false,"max_session_duration":3600,"name":"my-go-app-dev-aws-lbc-irsa","path":"/","permissions_boundary":null,"tags":{"app":"my-go-app","environment":"dev","managed-by":"terraform","project":"ai-code-generation-from-code-to-iac"},"tags_all":{"app":"my-go-app","environment":"dev","managed-by":"terraform","project":"ai-code-generation-from-code-to-iac"}},"after_unknown":{"arn":true,"assume_role_policy":true,"create_date":true,"id":true,"inline_policy":true,"managed_policy_arns":true,"name_prefix":true,"tags":{},"tags_all":{},"unique_id":true},"before_sensitive":false,"after_sensitive":{"inline_policy":[],"managed_policy_arns":[],"tags":{},"tags_all":{}}}},{"address":"aws_iam_role.eks_cluster","mode":"managed","type":"aws_iam_role","name":"eks_cluster","provider_name":"registry.terraform.io/hashicorp/aws","change":{"actions":["create"],"before":null,"after":{"assume_role_policy":"{\"Statement\":[{\"Action\":\"sts:AssumeRole\",\"Effect\":\"Allow\",\"Principal\":{\"Service\":\"eks.amazonaws.com\"}}],\"Version\":\"2012-10-17\"}","description":null,"force_detach_policies":false,"max_session_duration":3600,"name":"my-go-app-dev-eks-cluster-role","path":"/","permissions_boundary":null,"tags":{"app":"my-go-app","environment":"dev","managed-by":"terraform","project":"ai-code-generation-from-code-to-iac"},"tags_all":{"app":"my-go-app","environment":"dev","managed-by":"terraform","project":"ai-code-generation-from-code-to-iac"}},"after_unknown":{"arn":true,"create_date":true,"id":true,"inline_policy":true,"managed_policy_arns":true,"name_prefix":true,"tags":{},"tags_all":{},"unique_id":true},"before_sensitive":false,"after_sensitive":{"inline_policy":[],"managed_policy_arns":[],"tags":{},"tags_all":{}}}},{"address":"aws_iam_role.eks_node","mode":"managed","type":"aws_iam_role","name":"eks_node","provider_name":"registry.terraform.io/hashicorp/aws","change":{"actions":["create"],"before":null,"after":{"assume_role_policy":"{\"Statement\":[{\"Action\":\"sts:AssumeRole\",\"Effect\":\"Allow\",\"Principal\":{\"Service\":\"ec2.amazonaws.com\"}}],\"Version\":\"2012-10-17\"}","description":null,"force_detach_policies":false,"max_session_duration":3600,"name":"my-go-app-dev-eks-node-role","path":"/","permissions_boundary":null,"tags":{"app":"my-go-app","environment":"dev","managed-by":"terraform","project":"ai-code-generation-from-code-to-iac"},"tags_all":{"app":"my-go-app","environment":"dev","managed-by":"terraform","project":"ai-code-generation-from-code-to-iac"}},"after_unknown":{"arn":true,"create_date":true,"id":true,"inline_policy":true,"managed_policy_arns":true,"name_prefix":true,"tags":{},"tags_all":{},"unique_id":true},"before_sensitive":false,"after_sensitive":{"inline_policy":[],"managed_policy_arns":[],"tags":{},"tags_all":{}}}},{"address":"aws_iam_role_policy_attachment.aws_load_balancer_controller[0]","mode":"managed","type":"aws_iam_role_policy_attachment","name":"aws_load_balancer_controller","index":0,"provider_name":"registry.terraform.io/hashicorp/aws","change":{"actions":["create"],"before":null,"after":{"role":"my-go-app-dev-aws-lbc-irsa"},"after_unknown":{"id":true,"policy_arn":true},"before_sensitive":false,"after_sensitive":{}}},{"address":"aws_iam_role_policy_attachment.eks_cluster_AmazonEKSClusterPolicy","mode":"managed","type":"aws_iam_role_policy_attachment","name":"eks_cluster_AmazonEKSClusterPolicy","provider_name":"registry.terraform.io/hashicorp/aws","change":{"actions":["create"],"before":null,"after":{"policy_arn":"arn:aws:iam::aws:policy/AmazonEKSClusterPolicy","role":"my-go-app-dev-eks-cluster-role"},"after_unknown":{"id":true},"before_sensitive":false,"after_sensitive":{}}},{"address":"aws_iam_role_policy_attachment.eks_cluster_AmazonEKSVPCResourceController","mode":"managed","type":"aws_iam_role_policy_attachment","name":"eks_cluster_AmazonEKSVPCResourceController","provider_name":"registry.terraform.io/hashicorp/aws","change":{"actions":["create"],"before":null,"after":{"policy_arn":"arn:aws:iam::aws:policy/AmazonEKSVPCResourceController","role":"my-go-app-dev-eks-cluster-role"},"after_unknown":{"id":true},"before_sensitive":false,"after_sensitive":{}}},{"address":"aws_iam_role_policy_attachment.eks_node_AmazonEC2ContainerRegistryReadOnly","mode":"managed","type":"aws_iam_role_policy_attachment","name":"eks_node_AmazonEC2ContainerRegistryReadOnly","provider_name":"registry.terraform.io/hashicorp/aws","change":{"actions":["create"],"before":null,"after":{"policy_arn":"arn:aws:iam::aws:policy/AmazonEC2ContainerRegistryReadOnly","role":"my-go-app-dev-eks-node-role"},"after_unknown":{"id":true},"before_sensitive":false,"after_sensitive":{}}},{"address":"aws_iam_role_policy_attachment.eks_node_AmazonEKSWorkerNodePolicy","mode":"managed","type":"aws_iam_role_policy_attachment","name":"eks_node_AmazonEKSWorkerNodePolicy","provider_name":"registry.terraform.io/hashicorp/aws","change":{"actions":["create"],"before":null,"after":{"policy_arn":"arn:aws:iam::aws:policy/AmazonEKSWorkerNodePolicy","role":"my-go-app-dev-eks-node-role"},"after_unknown":{"id":true},"before_sensitive":false,"after_sensitive":{}}},{"address":"aws_iam_role_policy_attachment.eks_node_AmazonEKS_CNI_Policy","mode":"managed","type":"aws_iam_role_policy_attachment","name":"eks_node_AmazonEKS_CNI_Policy","provider_name":"registry.terraform.io/hashicorp/aws","change":{"actions":["create"],"before":null,"after":{"policy_arn":"arn:aws:iam::aws:policy/AmazonEKS_CNI_Policy","role":"my-go-app-dev-eks-node-role"},"after_unknown":{"id":true},"before_sensitive":false,"after_sensitive":{}}},{"address":"aws_iam_role_policy_attachment.eks_node_CloudWatchAgentServerPolicy","mode":"managed","type":"aws_iam_role_policy_attachment","name":"eks_node_CloudWatchAgentServerPolicy","provider_name":"registry.terraform.io/hashicorp/aws","change":{"actions":["create"],"before":null,"after":{"policy_arn":"arn:aws:iam::aws:policy/CloudWatchAgentServerPolicy","role":"my-go-app-dev-eks-node-role"},"after_unknown":{"id":true},"before_sensitive":false,"after_sensitive":{}}},{"address":"aws_internet_gateway.this","mode":"managed","type":"aws_internet_gateway","name":"this","provider_name":"registry.terraform.io/hashicorp/aws","change":{"actions":["create"],"before":null,"after":{"tags":{"Name":"my-go-app-dev-igw","app":"my-go-app","environment":"dev","managed-by":"terraform","project":"ai-code-generation-from-code-to-iac"},"tags_all":{"Name":"my-go-app-dev-igw","app":"my-go-app","environment":"dev","managed-by":"terraform","project":"ai-code-generation-from-code-to-iac"},"timeouts":null},"after_unknown":{"arn":true,"id":true,"owner_id":true,"tags":{},"tags_all":{},"vpc_id":true},"before_sensitive":false,"after_sensitive":{"tags":{},"tags_all":{}}}},{"address":"aws_nat_gateway.this[\"us-east-1a\"]","mode":"managed","type":"aws_nat_gateway","name":"this","index":"us-east-1a","provider_name":"registry.terraform.io/hashicorp/aws","change":{"actions":["create"],"before":null,"after":{"connectivity_type":"public","secondary_allocation_ids":null,"tags":{"Name":"my-go-app-dev-nat-us-east-1a","app":"my-go-app","environment":"dev","managed-by":"terraform","project":"ai-code-generation-from-code-to-iac"},"tags_all":{"Name":"my-go-app-dev-nat-us-east-1a","app":"my-go-app","environment":"dev","managed-by":"terraform","project":"ai-code-generation-from-code-to-iac"},"timeouts":null},"after_unknown":{"allocation_id":true,"association_id":true,"id":true,"network_interface_id":true,"private_ip":true,"public_ip":true,"secondary_private_ip_address_count":true,"secondary_private_ip_addresses":true,"subnet_id":true,"tags":{},"tags_all":{}},"before_sensitive":false,"after_sensitive":{"secondary_private_ip_addresses":[],"tags":{},"tags_all":{}}}},{"address":"aws_nat_gateway.this[\"us-east-1b\"]","mode":"managed","type":"aws_nat_gateway","name":"this","index":"us-east-1b","provider_name":"registry.terraform.io/hashicorp/aws","change":{"actions":["create"],"before":null,"after":{"connectivity_type":"public","secondary_allocation_ids":null,"tags":{"Name":"my-go-app-dev-nat-us-east-1b","app":"my-go-app","environment":"dev","managed-by":"terraform","project":"ai-code-generation-from-code-to-iac"},"tags_all":{"Name":"my-go-app-dev-nat-us-east-1b","app":"my-go-app","environment":"dev","managed-by":"terraform","project":"ai-code-generation-from-code-to-iac"},"timeouts":null},"after_unknown":{"allocation_id":true,"association_id":true,"id":true,"network_interface_id":true,"private_ip":true,"public_ip":true,"secondary_private_ip_address_count":true,"secondary_private_ip_addresses":true,"subnet_id":true,"tags":{},"tags_all":{}},"before_sensitive":false,"after_sensitive":{"secondary_private_ip_addresses":[],"tags":{},"tags_all":{}}}},{"address":"aws_route.private_nat[\"us-east-1a\"]","mode":"managed","type":"aws_route","name":"private_nat","index":"us-east-1a","provider_name":"registry.terraform.io/hashicorp/aws","change":{"actions":["create"],"before":null,"after":{"carrier_gateway_id":null,"core_network_arn":null,"destination_cidr_block":"0.0.0.0/0","destination_ipv6_cidr_block":null,"destination_prefix_list_id":null,"egress_only_gateway_id":null,"gateway_id":null,"local_gateway_id":null,"timeouts":null,"transit_gateway_id":null,"vpc_endpoint_id":null,"vpc_peering_connection_id":null},"after_unknown":{"id":true,"instance_id":true,"instance_owner_id":true,"nat_gateway_id":true,"network_interface_id":true,"origin":true,"route_table_id":true,"state":true},"before_sensitive":false,"after_sensitive":{}}},{"address":"aws_route.private_nat[\"us-east-1b\"]","mode":"managed","type":"aws_route","name":"private_nat","index":"us-east-1b","provider_name":"registry.terraform.io/hashicorp/aws","change":{"actions":["create"],"before":null,"after":{"carrier_gateway_id":null,"core_network_arn":null,"destination_cidr_block":"0.0.0.0/0","destination_ipv6_cidr_block":null,"destination_prefix_list_id":null,"egress_only_gateway_id":null,"gateway_id":null,"local_gateway_id":null,"timeouts":null,"transit_gateway_id":null,"vpc_endpoint_id":null,"vpc_peering_connection_id":null},"after_unknown":{"id":true,"instance_id":true,"instance_owner_id":true,"nat_gateway_id":true,"network_interface_id":true,"origin":true,"route_table_id":true,"state":true},"before_sensitive":false,"after_sensitive":{}}},{"address":"aws_route.public_internet","mode":"managed","type":"aws_route","name":"public_internet","provider_name":"registry.terraform.io/hashicorp/aws","change":{"actions":["create"],"before":null,"after":{"carrier_gateway_id":null,"core_network_arn":null,"destination_cidr_block":"0.0.0.0/0","destination_ipv6_cidr_block":null,"destination_prefix_list_id":null,"egress_only_gateway_id":null,"local_gateway_id":null,"nat_gateway_id":null,"timeouts":null,"transit_gateway_id":null,"vpc_endpoint_id":null,"vpc_peering_connection_id":null},"after_unknown":{"gateway_id":true,"id":true,"instance_id":true,"instance_owner_id":true,"network_interface_id":true,"origin":true,"route_table_id":true,"state":true},"before_sensitive":false,"after_sensitive":{}}},{"address":"aws_route_table.private[\"us-east-1a\"]","mode":"managed","type":"aws_route_table","name":"private","index":"us-east-1a","provider_name":"registry.terraform.io/hashicorp/aws","change":{"actions":["create"],"before":null,"after":{"tags":{"Name":"my-go-app-dev-private-rt-us-east-1a","app":"my-go-app","environment":"dev","managed-by":"terraform","project":"ai-code-generation-from-code-to-iac"},"tags_all":{"Name":"my-go-app-dev-private-rt-us-east-1a","app":"my-go-app","environment":"dev","managed-by":"terraform","project":"ai-code-generation-from-code-to-iac"},"timeouts":null},"after_unknown":{"arn":true,"id":true,"owner_id":true,"propagating_vgws":true,"route":true,"tags":{},"tags_all":{},"vpc_id":true},"before_sensitive":false,"after_sensitive":{"propagating_vgws":[],"route":[],"tags":{},"tags_all":{}}}},{"address":"aws_route_table.private[\"us-east-1b\"]","mode":"managed","type":"aws_route_table","name":"private","index":"us-east-1b","provider_name":"registry.terraform.io/hashicorp/aws","change":{"actions":["create"],"before":null,"after":{"tags":{"Name":"my-go-app-dev-private-rt-us-east-1b","app":"my-go-app","environment":"dev","managed-by":"terraform","project":"ai-code-generation-from-code-to-iac"},"tags_all":{"Name":"my-go-app-dev-private-rt-us-east-1b","app":"my-go-app","environment":"dev","managed-by":"terraform","project":"ai-code-generation-from-code-to-iac"},"timeouts":null},"after_unknown":{"arn":true,"id":true,"owner_id":true,"propagating_vgws":true,"route":true,"tags":{},"tags_all":{},"vpc_id":true},"before_sensitive":false,"after_sensitive":{"propagating_vgws":[],"route":[],"tags":{},"tags_all":{}}}},{"address":"aws_route_table.public","mode":"managed","type":"aws_route_table","name":"public","provider_name":"registry.terraform.io/hashicorp/aws","change":{"actions":["create"],"before":null,"after":{"tags":{"Name":"my-go-app-dev-public-rt","app":"my-go-app","environment":"dev","managed-by":"terraform","project":"ai-code-generation-from-code-to-iac"},"tags_all":{"Name":"my-go-app-dev-public-rt","app":"my-go-app","environment":"dev","managed-by":"terraform","project":"ai-code-generation-from-code-to-iac"},"timeouts":null},"after_unknown":{"arn":true,"id":true,"owner_id":true,"propagating_vgws":true,"route":true,"tags":{},"tags_all":{},"vpc_id":true},"before_sensitive":false,"after_sensitive":{"propagating_vgws":[],"route":[],"tags":{},"tags_all":{}}}},{"address":"aws_route_table_association.private[\"us-east-1a\"]","mode":"managed","type":"aws_route_table_association","name":"private","index":"us-east-1a","provider_name":"registry.terraform.io/hashicorp/aws","change":{"actions":["create"],"before":null,"after":{"gateway_id":null,"timeouts":null},"after_unknown":{"id":true,"route_table_id":true,"subnet_id":true},"before_sensitive":false,"after_sensitive":{}}},{"address":"aws_route_table_association.private[\"us-east-1b\"]","mode":"managed","type":"aws_route_table_association","name":"private","index":"us-east-1b","provider_name":"registry.terraform.io/hashicorp/aws","change":{"actions":["create"],"before":null,"after":{"gateway_id":null,"timeouts":null},"after_unknown":{"id":true,"route_table_id":true,"subnet_id":true},"before_sensitive":false,"after_sensitive":{}}},{"address":"aws_route_table_association.public[\"us-east-1a\"]","mode":"managed","type":"aws_route_table_association","name":"public","index":"us-east-1a","provider_name":"registry.terraform.io/hashicorp/aws","change":{"actions":["create"],"before":null,"after":{"gateway_id":null,"timeouts":null},"after_unknown":{"id":true,"route_table_id":true,"subnet_id":true},"before_sensitive":false,"after_sensitive":{}}},{"address":"aws_route_table_association.public[\"us-east-1b\"]","mode":"managed","type":"aws_route_table_association","name":"public","index":"us-east-1b","provider_name":"registry.terraform.io/hashicorp/aws","change":{"actions":["create"],"before":null,"after":{"gateway_id":null,"timeouts":null},"after_unknown":{"id":true,"route_table_id":true,"subnet_id":true},"before_sensitive":false,"after_sensitive":{}}},{"address":"aws_security_group.eks_cluster","mode":"managed","type":"aws_security_group","name":"eks_cluster","provider_name":"registry.terraform.io/hashicorp/aws","change":{"actions":["create"],"before":null,"after":{"description":"EKS cluster security group","egress":[{"cidr_blocks":["0.0.0.0/0"],"description":"","from_port":0,"ipv6_cidr_blocks":[],"prefix_list_ids":[],"protocol":"-1","security_groups":[],"self":false,"to_port":0}],"name":"my-go-app-dev-eks-cluster-sg","revoke_rules_on_delete":false,"tags":{"Name":"my-go-app-dev-eks-cluster-sg","app":"my-go-app","environment":"dev","managed-by":"terraform","project":"ai-code-generation-from-code-to-iac"},"tags_all":{"Name":"my-go-app-dev-eks-cluster-sg","app":"my-go-app","environment":"dev","managed-by":"terraform","project":"ai-code-generation-from-code-to-iac"},"timeouts":null},"after_unknown":{"arn":true,"egress":[{"cidr_blocks":[false],"ipv6_cidr_blocks":[],"prefix_list_ids":[],"security_groups":[]}],"id":true,"ingress":true,"name_prefix":true,"owner_id":true,"tags":{},"tags_all":{},"vpc_id":true},"before_sensitive":false,"after_sensitive":{"egress":[{"cidr_blocks":[false],"ipv6_cidr_blocks":[],"prefix_list_ids":[],"security_groups":[]}],"ingress":[],"tags":{},"tags_all":{}}}},{"address":"aws_security_group.eks_node","mode":"managed","type":"aws_security_group","name":"eks_node","provider_name":"registry.terraform.io/hashicorp/aws","change":{"actions":["create"],"before":null,"after":{"description":"EKS node security group","egress":[{"cidr_blocks":["0.0.0.0/0"],"description":"","from_port":0,"ipv6_cidr_blocks":[],"prefix_list_ids":[],"protocol":"-1","security_groups":[],"self":false,"to_port":0}],"ingress":[{"cidr_blocks":[],"description":"Allow control plane to communicate with nodes","from_port":0,"ipv6_cidr_blocks":[],"prefix_list_ids":[],"protocol":"-1","self":false,"to_port":0},{"cidr_blocks":[],"description":"Allow nodes to communicate with each other","from_port":0,"ipv6_cidr_blocks":[],"prefix_list_ids":[],"protocol":"-1","security_groups":[],"self":true,"to_port":0}],"name":"my-go-app-dev-eks-node-sg","revoke_rules_on_delete":false,"tags":{"Name":"my-go-app-dev-eks-node-sg","app":"my-go-app","environment":"dev","managed-by":"terraform","project":"ai-code-generation-from-code-to-iac"},"tags_all":{"Name":"my-go-app-dev-eks-node-sg","app":"my-go-app","environment":"dev","managed-by":"terraform","project":"ai-code-generation-from-code-to-iac"},"timeouts":null},"after_unknown":{"arn":true,"egress":[{"cidr_blocks":[false],"ipv6_cidr_blocks":[],"prefix_list_ids":[],"security_groups":[]}],"id":true,"ingress":[{"cidr_blocks":[],"ipv6_cidr_blocks":[],"prefix_list_ids":[],"security_groups":true},{"cidr_blocks":[],"ipv6_cidr_blocks":[],"prefix_list_ids":[],"security_groups":[]}],"name_prefix":true,"owner_id":true,"tags":{},"tags_all":{},"vpc_id":true},"before_sensitive":false,"after_sensitive":{"egress":[{"cidr_blocks":[false],"ipv6_cidr_blocks":[],"prefix_list_ids":[],"security_groups":[]}],"ingress":[{"cidr_blocks":[],"ipv6_cidr_blocks":[],"prefix_list_ids":[],"security_groups":[]},{"cidr_blocks":[],"ipv6_cidr_blocks":[],"prefix_list_ids":[],"security_groups":[]}],"tags":{},"tags_all":{}}}},{"address":"aws_subnet.private[\"us-east-1a\"]","mode":"managed","type":"aws_subnet","name":"private","index":"us-east-1a","provider_name":"registry.terraform.io/hashicorp/aws","change":{"actions":["create"],"before":null,"after":{"assign_ipv6_address_on_creation":false,"availability_zone":"us-east-1a","cidr_block":"10.0.160.0/20","customer_owned_ipv4_pool":null,"enable_dns64":false,"enable_lni_at_device_index":null,"enable_resource_name_dns_a_record_on_launch":false,"enable_resource_name_dns_aaaa_record_on_launch":false,"ipv6_cidr_block":null,"ipv6_native":false,"map_customer_owned_ip_on_launch":null,"map_public_ip_on_launch":false,"outpost_arn":null,"tags":{"Name":"my-go-app-dev-private-us-east-1a","app":"my-go-app","environment":"dev","kubernetes.io/role/internal-elb":"1","managed-by":"terraform","project":"ai-code-generation-from-code-to-iac"},"tags_all":{"Name":"my-go-app-dev-private-us-east-1a","app":"my-go-app","environment":"dev","kubernetes.io/role/internal-elb":"1","managed-by":"terraform","project":"ai-code-generation-from-code-to-iac"},"timeouts":null},"after_unknown":{"arn":true,"availability_zone_id":true,"id":true,"ipv6_cidr_block_association_id":true,"owner_id":true,"private_dns_hostname_type_on_launch":true,"tags":{},"tags_all":{},"vpc_id":true},"before_sensitive":false,"after_sensitive":{"tags":{},"tags_all":{}}}},{"address":"aws_subnet.private[\"us-east-1b\"]","mode":"managed","type":"aws_subnet","name":"private","index":"us-east-1b","provider_name":"registry.terraform.io/hashicorp/aws","change":{"actions":["create"],"before":null,"after":{"assign_ipv6_address_on_creation":false,"availability_zone":"us-east-1b","cidr_block":"10.0.176.0/20","customer_owned_ipv4_pool":null,"enable_dns64":false,"enable_lni_at_device_index":null,"enable_resource_name_dns_a_record_on_launch":false,"enable_resource_name_dns_aaaa_record_on_launch":false,"ipv6_cidr_block":null,"ipv6_native":false,"map_customer_owned_ip_on_launch":null,"map_public_ip_on_launch":false,"outpost_arn":null,"tags":{"Name":"my-go-app-dev-private-us-east-1b","app":"my-go-app","environment":"dev","kubernetes.io/role/internal-elb":"1","managed-by":"terraform","project":"ai-code-generation-from-code-to-iac"},"tags_all":{"Name":"my-go-app-dev-private-us-east-1b","app":"my-go-app","environment":"dev","kubernetes.io/role/internal-elb":"1","managed-by":"terraform","project":"ai-code-generation-from-code-to-iac"},"timeouts":null},"after_unknown":{"arn":true,"availability_zone_id":true,"id":true,"ipv6_cidr_block_association_id":true,"owner_id":true,"private_dns_hostname_type_on_launch":true,"tags":{},"tags_all":{},"vpc_id":true},"before_sensitive":false,"after_sensitive":{"tags":{},"tags_all":{}}}},{"address":"aws_subnet.public[\"us-east-1a\"]","mode":"managed","type":"aws_subnet","name":"public","index":"us-east-1a","provider_name":"registry.terraform.io/hashicorp/aws","change":{"actions":["create"],"before":null,"after":{"assign_ipv6_address_on_creation":false,"availability_zone":"us-east-1a","cidr_block":"10.0.0.0/20","customer_owned_ipv4_pool":null,"enable_dns64":false,"enable_lni_at_device_index":null,"enable_resource_name_dns_a_record_on_launch":false,"enable_resource_name_dns_aaaa_record_on_launch":false,"ipv6_cidr_block":null,"ipv6_native":false,"map_customer_owned_ip_on_launch":null,"map_public_ip_on_launch":true,"outpost_arn":null,"tags":{"Name":"my-go-app-dev-public-us-east-1a","app":"my-go-app","environment":"dev","kubernetes.io/role/elb":"1","managed-by":"terraform","project":"ai-code-generation-from-code-to-iac"},"tags_all":{"Name":"my-go-app-dev-public-us-east-1a","app":"my-go-app","environment":"dev","kubernetes.io/role/elb":"1","managed-by":"terraform","project":"ai-code-generation-from-code-to-iac"},"timeouts":null},"after_unknown":{"arn":true,"availability_zone_id":true,"id":true,"ipv6_cidr_block_association_id":true,"owner_id":true,"private_dns_hostname_type_on_launch":true,"tags":{},"tags_all":{},"vpc_id":true},"before_sensitive":false,"after_sensitive":{"tags":{},"tags_all":{}}}},{"address":"aws_subnet.public[\"us-east-1b\"]","mode":"managed","type":"aws_subnet","name":"public","index":"us-east-1b","provider_name":"registry.terraform.io/hashicorp/aws","change":{"actions":["create"],"before":null,"after":{"assign_ipv6_address_on_creation":false,"availability_zone":"us-east-1b","cidr_block":"10.0.16.0/20","customer_owned_ipv4_pool":null,"enable_dns64":false,"enable_lni_at_device_index":null,"enable_resource_name_dns_a_record_on_launch":false,"enable_resource_name_dns_aaaa_record_on_launch":false,"ipv6_cidr_block":null,"ipv6_native":false,"map_customer_owned_ip_on_launch":null,"map_public_ip_on_launch":true,"outpost_arn":null,"tags":{"Name":"my-go-app-dev-public-us-east-1b","app":"my-go-app","environment":"dev","kubernetes.io/role/elb":"1","managed-by":"terraform","project":"ai-code-generation-from-code-to-iac"},"tags_all":{"Name":"my-go-app-dev-public-us-east-1b","app":"my-go-app","environment":"dev","kubernetes.io/role/elb":"1","managed-by":"terraform","project":"ai-code-generation-from-code-to-iac"},"timeouts":null},"after_unknown":{"arn":true,"availability_zone_id":true,"id":true,"ipv6_cidr_block_association_id":true,"owner_id":true,"private_dns_hostname_type_on_launch":true,"tags":{},"tags_all":{},"vpc_id":true},"before_sensitive":false,"after_sensitive":{"tags":{},"tags_all":{}}}},{"address":"aws_vpc.this","mode":"managed","type":"aws_vpc","name":"this","provider_name":"registry.terraform.io/hashicorp/aws","change":{"actions":["create"],"before":null,"after":{"assign_generated_ipv6_cidr_block":null,"cidr_block":"10.0.0.0/16","enable_dns_hostnames":true,"enable_dns_support":true,"instance_tenancy":"default","ipv4_ipam_pool_id":null,"ipv4_netmask_length":null,"ipv6_ipam_pool_id":null,"ipv6_netmask_length":null,"tags":{"Name":"my-go-app-dev","app":"my-go-app","environment":"dev","managed-by":"terraform","project":"ai-code-generation-from-code-to-iac"},"tags_all":{"Name":"my-go-app-dev","app":"my-go-app","environment":"dev","managed-by":"terraform","project":"ai-code-generation-from-code-to-iac"}},"after_unknown":{"arn":true,"default_network_acl_id":true,"default_route_table_id":true,"default_security_group_id":true,"dhcp_options_id":true,"enable_network_address_usage_metrics":true,"id":true,"ipv6_association_id":true,"ipv6_cidr_block":true,"ipv6_cidr_block_network_border_group":true,"main_route_table_id":true,"owner_id":true,"tags":{},"tags_all":{}},"before_sensitive":false,"after_sensitive":{"tags":{},"tags_all":{}}}},{"address":"helm_release.aws_load_balancer_controller[0]","mode":"managed","type":"helm_release","name":"aws_load_balancer_controller","index":0,"provider_name":"registry.terraform.io/hashicorp/helm","change":{"actions":["create"],"before":null,"after":{"atomic":false,"chart":"aws-load-balancer-controller","cleanup_on_fail":false,"create_namespace":false,"dependency_update":false,"description":null,"devel":null,"disable_crd_hooks":false,"disable_openapi_validation":false,"disable_webhooks":false,"force_update":false,"keyring":null,"lint":false,"max_history":0,"name":"aws-load-balancer-controller","namespace":"kube-system","pass_credentials":false,"postrender":[],"recreate_pods":false,"render_subchart_notes":true,"replace":false,"repository":"https://aws.github.io/eks-charts","repository_ca_file":null,"repository_cert_file":null,"repository_key_file":null,"repository_password":null,"repository_username":null,"reset_values":false,"reuse_values":false,"set":[{"name":"clusterName","type":"","value":"my-go-app-dev-eks"},{"name":"region","type":"","value":"us-east-1"},{"name":"serviceAccount.create","type":"","value":"false"},{"name":"serviceAccount.name","type":"","value":"aws-load-balancer-controller"},{"name":"vpcId","type":""}],"set_list":[],"set_sensitive":[],"skip_crds":false,"status":"deployed","timeout":300,"upgrade_install":null,"values":null,"verify":false,"version":"1.7.2","wait":true,"wait_for_jobs":false},"after_unknown":{"id":true,"manifest":true,"metadata":true,"postrender":[],"set":[{},{},{},{},{"value":true}],"set_list":[],"set_sensitive":[]},"before_sensitive":false,"after_sensitive":{"metadata":[],"postrender":[],"repository_password":true,"set":[{},{},{},{},{}],"set_list":[],"set_sensitive":[]}}},{"address":"helm_release.istio_base[0]","mode":"managed","type":"helm_release","name":"istio_base","index":0,"provider_name":"registry.terraform.io/hashicorp/helm","change":{"actions":["create"],"before":null,"after":{"atomic":false,"chart":"base","cleanup_on_fail":false,"create_namespace":false,"dependency_update":false,"description":null,"devel":null,"disable_crd_hooks":false,"disable_openapi_validation":false,"disable_webhooks":false,"force_update":false,"keyring":null,"lint":false,"max_history":0,"name":"istio-base","namespace":"istio-system","pass_credentials":false,"postrender":[],"recreate_pods":false,"render_subchart_notes":true,"replace":false,"repository":"https://istio-release.storage.googleapis.com/charts","repository_ca_file":null,"repository_cert_file":null,"repository_key_file":null,"repository_password":null,"repository_username":null,"reset_values":false,"reuse_values":false,"set":[],"set_list":[],"set_sensitive":[],"skip_crds":false,"status":"deployed","timeout":300,"upgrade_install":null,"values":null,"verify":false,"version":"1.21.2","wait":true,"wait_for_jobs":false},"after_unknown":{"id":true,"manifest":true,"metadata":true,"postrender":[],"set":[],"set_list":[],"set_sensitive":[]},"before_sensitive":false,"after_sensitive":{"metadata":[],"postrender":[],"repository_password":true,"set":[],"set_list":[],"set_sensitive":[]}}},{"address":"helm_release.istio_ingress[0]","mode":"managed","type":"helm_release","name":"istio_ingress","index":0,"provider_name":"registry.terraform.io/hashicorp/helm","change":{"actions":["create"],"before":null,"after":{"atomic":false,"chart":"gateway","cleanup_on_fail":false,"create_namespace":false,"dependency_update":false,"description":null,"devel":null,"disable_crd_hooks":false,"disable_openapi_validation":false,"disable_webhooks":false,"force_update":false,"keyring":null,"lint":false,"max_history":0,"name":"istio-ingress","namespace":"istio-system","pass_credentials":false,"postrender":[],"recreate_pods":false,"render_subchart_notes":true,"replace":false,"repository":"https://istio-release.storage.googleapis.com/charts","repository_ca_file":null,"repository_cert_file":null,"repository_key_file":null,"repository_password":null,"repository_username":null,"reset_values":false,"reuse_values":false,"set":[],"set_list":[],"set_sensitive":[],"skip_crds":false,"status":"deployed","timeout":300,"upgrade_install":null,"values":["\"service\":\n  \"annotations\":\n    \"service.beta.kubernetes.io/aws-load-balancer-scheme\": \"internet-facing\"\n    \"service.beta.kubernetes.io/aws-load-balancer-type\": \"nlb\"\n  \"type\": \"LoadBalancer\"\n"],"verify":false,"version":"1.21.2","wait":true,"wait_for_jobs":false},"after_unknown":{"id":true,"manifest":true,"metadata":true,"postrender":[],"set":[],"set_list":[],"set_sensitive":[],"values":[false]},"before_sensitive":false,"after_sensitive":{"metadata":[],"postrender":[],"repository_password":true,"set":[],"set_list":[],"set_sensitive":[],"values":[false]}}},{"address":"helm_release.istiod[0]","mode":"managed","type":"helm_release","name":"istiod","index":0,"provider_name":"registry.terraform.io/hashicorp/helm","change":{"actions":["create"],"before":null,"after":{"atomic":false,"chart":"istiod","cleanup_on_fail":false,"create_namespace":false,"dependency_update":false,"description":null,"devel":null,"disable_crd_hooks":false,"disable_openapi_validation":false,"disable_webhooks":false,"force_update":false,"keyring":null,"lint":false,"max_history":0,"name":"istiod","namespace":"istio-system","pass_credentials":false,"postrender":[],"recreate_pods":false,"render_subchart_notes":true,"replace":false,"repository":"https://istio-release.storage.googleapis.com/charts","repository_ca_file":null,"repository_cert_file":null,"repository_key_file":null,"repository_password":null,"repository_username":null,"reset_values":false,"reuse_values":false,"set":[],"set_list":[],"set_sensitive":[],"skip_crds":false,"status":"deployed","timeout":300,"upgrade_install":null,"values":null,"verify":false,"version":"1.21.2","wait":true,"wait_for_jobs":false},"after_unknown":{"id":true,"manifest":true,"metadata":true,"postrender":[],"set":[],"set_list":[],"set_sensitive":[]},"before_sensitive":false,"after_sensitive":{"metadata":[],"postrender":[],"repository_password":true,"set":[],"set_list":[],"set_sensitive":[]}}},{"address":"kubernetes_deployment.svc1","mode":"managed","type":"kubernetes_deployment","name":"svc1","provider_name":"registry.terraform.io/hashicorp/kubernetes","change":{"actions":["create"],"before":null,"after":{"metadata":[{"annotations":null,"generate_name":null,"labels":{"app":"svc1"},"name":"svc1","namespace":"app"}],"spec":[{"min_ready_seconds":0,"paused":false,"progress_deadline_seconds":600,"replicas":"2","revision_history_limit":10,"selector":[{"match_expressions":[],"match_labels":{"app":"svc1"}}],"template":[{"metadata":[{"annotations":null,"generate_name":null,"labels":{"app":"svc1"},"namespace":null}],"spec":[{"active_deadline_seconds":null,"affinity":[],"automount_service_account_token":true,"container":[{"args":null,"command":null,"env":[{"name":"OTEL_EXPORTER_OTLP_ENDPOINT","value":"http://tempo-distributor.monitoring.svc.cluster.local:4318","value_from":[]},{"name":"OTEL_EXPORTER_OTLP_PROTOCOL","value":"http/protobuf","value_from":[]}],"env_from":[],"image":"public.ecr.aws/docker/library/nginx:1.25","lifecycle":[],"liveness_probe":[{"exec":[],"failure_threshold":3,"grpc":[],"http_get":[{"host":null,"http_header":[],"path":"/","port":"8080","scheme":"HTTP"}],"initial_delay_seconds":10,"period_seconds":10,"success_threshold":1,"tcp_socket":[],"timeout_seconds":1}],"name":"svc1","port":[{"container_port":8080,"host_ip":null,"host_port":null,"name":"http","protocol":"TCP"}],"readiness_probe":[{"exec":[],"failure_threshold":3,"grpc":[],"http_get":[{"host":null,"http_header":[],"path":"/","port":"8080","scheme":"HTTP"}],"initial_delay_seconds":5,"period_seconds":10,"success_threshold":1,"tcp_socket":[],"timeout_seconds":1}],"resources":[{"limits":{"cpu":"500m","memory":"512Mi"},"requests":{"cpu":"100m","memory":"128Mi"}}],"security_context":[],"startup_probe":[],"stdin":false,"stdin_once":false,"termination_message_path":"/dev/termination-log","tty":false,"volume_device":[],"volume_mount":[],"working_dir":null}],"dns_config":[],"dns_policy":"ClusterFirst","enable_service_links":true,"host_aliases":[],"host_ipc":false,"host_network":false,"host_pid":false,"init_container":[],"node_selector":null,"os":[],"priority_class_name":null,"restart_policy":"Always","runtime_class_name":null,"security_context":[],"share_process_namespace":false,"subdomain":null,"termination_grace_period_seconds":30,"toleration":[],"topology_spread_constraint":[],"volume":[]}]}]}],"timeouts":null,"wait_for_rollout":true},"after_unknown":{"id":true,"metadata":[{"generation":true,"labels":{},"resource_version":true,"uid":true}],"spec":[{"selector":[{"match_expressions":[],"match_labels":{}}],"strategy":true,"template":[{"metadata":[{"generation":true,"labels":{},"name":true,"resource_version":true,"uid":true}],"spec":[{"affinity":[],"container":[{"env":[{"value_from":[]},{"value_from":[]}],"env_from":[],"image_pull_policy":true,"lifecycle":[],"liveness_probe":[{"exec":[],"grpc":[],"http_get":[{"http_header":[]}],"tcp_socket":[]}],"port":[{}],"readiness_probe":[{"exec":[],"grpc":[],"http_get":[{"http_header":[]}],"tcp_socket":[]}],"resources":[{"limits":{},"requests":{}}],"security_context":[],"startup_probe":[],"termination_message_policy":true,"volume_device":[],"volume_mount":[]}],"dns_config":[],"host_aliases":[],"hostname":true,"image_pull_secrets":true,"init_container":[],"node_name":true,"os":[],"readiness_gate":true,"scheduler_name":true,"security_context":[],"service_account_name":true,"toleration":[],"topology_spread_constraint":[],"volume":[]}]}]}]},"before_sensitive":false,"after_sensitive":{"metadata":[{"labels":{}}],"spec":[{"selector":[{"match_expressions":[],"match_labels":{}}],"strategy":[],"template":[{"metadata":[{"labels":{}}],"spec":[{"affinity":[],"container":[{"env":[{"value_from":[]},{"value_from":[]}],"env_from":[],"lifecycle":[],"liveness_probe":[{"exec":[],"grpc":[],"http_get":[{"http_header":[]}],"tcp_socket":[]}],"port":[{}],"readiness_probe":[{"exec":[],"grpc":[],"http_get":[{"http_header":[]}],"tcp_socket":[]}],"resources":[{"limits":{},"requests":{}}],"security_context":[],"startup_probe":[],"volume_device":[],"volume_mount":[]}],"dns_config":[],"host_aliases":[],"image_pull_secrets":[],"init_container":[],"os":[],"readiness_gate":[],"security_context":[],"toleration":[],"topology_spread_constraint":[],"volume":[]}]}]}]}}},{"address":"kubernetes_deployment.svc2","mode":"managed","type":"kubernetes_deployment","name":"svc2","provider_name":"registry.terraform.io/hashicorp/kubernetes","change":{"actions":["create"],"before":null,"after":{"metadata":[{"annotations":null,"generate_name":null,"labels":{"app":"svc2"},"name":"svc2","namespace":"app"}],"spec":[{"min_ready_seconds":0,"paused":false,"progress_deadline_seconds":600,"replicas":"2","revision_history_limit":10,"selector":[{"match_expressions":[],"match_labels":{"app":"svc2"}}],"template":[{"metadata":[{"annotations":null,"generate_name":null,"labels":{"app":"svc2"},"namespace":null}],"spec":[{"active_deadline_seconds":null,"affinity":[],"automount_service_account_token":true,"container":[{"args":null,"command":null,"env":[{"name":"OTEL_EXPORTER_OTLP_ENDPOINT","value":"http://tempo-distributor.monitoring.svc.cluster.local:4318","value_from":[]},{"name":"OTEL_EXPORTER_OTLP_PROTOCOL","value":"http/protobuf","value_from":[]},{"name":"PROXY_ENDPOINT","value":"http://my-go-app-service:8080/svc1","value_from":[]}],"env_from":[],"image":"public.ecr.aws/docker/library/nginx:1.25","lifecycle":[],"liveness_probe":[{"exec":[],"failure_threshold":3,"grpc":[],"http_get":[{"host":null,"http_header":[],"path":"/","port":"8080","scheme":"HTTP"}],"initial_delay_seconds":10,"period_seconds":10,"success_threshold":1,"tcp_socket":[],"timeout_seconds":1}],"name":"svc2","port":[{"container_port":8080,"host_ip":null,"host_port":null,"name":"http","protocol":"TCP"}],"readiness_probe":[{"exec":[],"failure_threshold":3,"grpc":[],"http_get":[{"host":null,"http_header":[],"path":"/","port":"8080","scheme":"HTTP"}],"initial_delay_seconds":5,"period_seconds":10,"success_threshold":1,"tcp_socket":[],"timeout_seconds":1}],"resources":[{"limits":{"cpu":"500m","memory":"512Mi"},"requests":{"cpu":"100m","memory":"128Mi"}}],"security_context":[],"startup_probe":[],"stdin":false,"stdin_once":false,"termination_message_path":"/dev/termination-log","tty":false,"volume_device":[],"volume_mount":[],"working_dir":null}],"dns_config":[],"dns_policy":"ClusterFirst","enable_service_links":true,"host_aliases":[],"host_ipc":false,"host_network":false,"host_pid":false,"init_container":[],"node_selector":null,"os":[],"priority_class_name":null,"restart_policy":"Always","runtime_class_name":null,"security_context":[],"share_process_namespace":false,"subdomain":null,"termination_grace_period_seconds":30,"toleration":[],"topology_spread_constraint":[],"volume":[]}]}]}],"timeouts":null,"wait_for_rollout":true},"after_unknown":{"id":true,"metadata":[{"generation":true,"labels":{},"resource_version":true,"uid":true}],"spec":[{"selector":[{"match_expressions":[],"match_labels":{}}],"strategy":true,"template":[{"metadata":[{"generation":true,"labels":{},"name":true,"resource_version":true,"uid":true}],"spec":[{"affinity":[],"container":[{"env":[{"value_from":[]},{"value_from":[]},{"value_from":[]}],"env_from":[],"image_pull_policy":true,"lifecycle":[],"liveness_probe":[{"exec":[],"grpc":[],"http_get":[{"http_header":[]}],"tcp_socket":[]}],"port":[{}],"readiness_probe":[{"exec":[],"grpc":[],"http_get":[{"http_header":[]}],"tcp_socket":[]}],"resources":[{"limits":{},"requests":{}}],"security_context":[],"startup_probe":[],"termination_message_policy":true,"volume_device":[],"volume_mount":[]}],"dns_config":[],"host_aliases":[],"hostname":true,"image_pull_secrets":true,"init_container":[],"node_name":true,"os":[],"readiness_gate":true,"scheduler_name":true,"security_context":[],"service_account_name":true,"toleration":[],"topology_spread_constraint":[],"volume":[]}]}]}]},"before_sensitive":false,"after_sensitive":{"metadata":[{"labels":{}}],"spec":[{"selector":[{"match_expressions":[],"match_labels":{}}],"strategy":[],"template":[{"metadata":[{"labels":{}}],"spec":[{"affinity":[],"container":[{"env":[{"value_from":[]},{"value_from":[]},{"value_from":[]}],"env_from":[],"lifecycle":[],"liveness_probe":[{"exec":[],"grpc":[],"http_get":[{"http_header":[]}],"tcp_socket":[]}],"port":[{}],"readiness_probe":[{"exec":[],"grpc":[],"http_get":[{"http_header":[]}],"tcp_socket":[]}],"resources":[{"limits":{},"requests":{}}],"security_context":[],"startup_probe":[],"volume_device":[],"volume_mount":[]}],"dns_config":[],"host_aliases":[],"image_pull_secrets":[],"init_container":[],"os":[],"readiness_gate":[],"security_context":[],"toleration":[],"topology_spread_constraint":[],"volume":[]}]}]}]}}},{"address":"kubernetes_namespace.app","mode":"managed","type":"kubernetes_namespace","name":"app","provider_name":"registry.terraform.io/hashicorp/kubernetes","change":{"actions":["create"],"before":null,"after":{"metadata":[{"annotations":null,"generate_name":null,"labels":{"istio-injection":"enabled"},"name":"app"}],"timeouts":null,"wait_for_default_service_account":false},"after_unknown":{"id":true,"metadata":[{"generation":true,"labels":{},"resource_version":true,"uid":true}]},"before_sensitive":false,"after_sensitive":{"metadata":[{"labels":{}}]}}},{"address":"kubernetes_namespace.istio_system[0]","mode":"managed","type":"kubernetes_namespace","name":"istio_system","index":0,"provider_name":"registry.terraform.io/hashicorp/kubernetes","change":{"actions":["create"],"before":null,"after":{"metadata":[{"annotations":null,"generate_name":null,"labels":null,"name":"istio-system"}],"timeouts":null,"wait_for_default_service_account":false},"after_unknown":{"id":true,"metadata":[{"generation":true,"resource_version":true,"uid":true}]},"before_sensitive":false,"after_sensitive":{"metadata":[{}]}}},{"address":"kubernetes_namespace.kube_system","mode":"managed","type":"kubernetes_namespace","name":"kube_system","provider_name":"registry.terraform.io/hashicorp/kubernetes","change":{"actions":["create"],"before":null,"after":{"metadata":[{"annotations":null,"generate_name":null,"labels":null,"name":"kube-system"}],"timeouts":null,"wait_for_default_service_account":false},"after_unknown":{"id":true,"metadata":[{"generation":true,"resource_version":true,"uid":true}]},"before_sensitive":false,"after_sensitive":{"metadata":[{}]}}},{"address":"kubernetes_namespace.monitoring","mode":"managed","type":"kubernetes_namespace","name":"monitoring","provider_name":"registry.terraform.io/hashicorp/kubernetes","change":{"actions":["create"],"before":null,"after":{"metadata":[{"annotations":null,"generate_name":null,"labels":null,"name":"monitoring"}],"timeouts":null,"wait_for_default_service_account":false},"after_unknown":{"id":true,"metadata":[{"generation":true,"resource_version":true,"uid":true}]},"before_sensitive":false,"after_sensitive":{"metadata":[{}]}}},{"address":"kubernetes_service.svc1","mode":"managed","type":"kubernetes_service","name":"svc1","provider_name":"registry.terraform.io/hashicorp/kubernetes","change":{"actions":["create"],"before":null,"after":{"metadata":[{"annotations":null,"generate_name":null,"labels":{"app":"svc1"},"name":"my-go-app-service","namespace":"app"}],"spec":[{"allocate_load_balancer_node_ports":true,"external_ips":null,"external_name":null,"load_balancer_class":null,"load_balancer_ip":null,"load_balancer_source_ranges":null,"port":[{"app_protocol":null,"name":"http","port":8080,"protocol":"TCP","target_port":"8080"}],"publish_not_ready_addresses":false,"selector":{"app":"svc1"},"session_affinity":"None","type":"ClusterIP"}],"timeouts":null,"wait_for_load_balancer":true},"after_unknown":{"id":true,"metadata":[{"generation":true,"labels":{},"resource_version":true,"uid":true}],"spec":[{"cluster_ip":true,"cluster_ips":true,"external_traffic_policy":true,"health_check_node_port":true,"internal_traffic_policy":true,"ip_families":true,"ip_family_policy":true,"port":[{"node_port":true}],"selector":{},"session_affinity_config":true}],"status":true},"before_sensitive":false,"after_sensitive":{"metadata":[{"labels":{}}],"spec":[{"cluster_ips":[],"ip_families":[],"port":[{}],"selector":{},"session_affinity_config":[]}],"status":[]}}},{"address":"kubernetes_service.svc2","mode":"managed","type":"kubernetes_service","name":"svc2","provider_name":"registry.terraform.io/hashicorp/kubernetes","change":{"actions":["create"],"before":null,"after":{"metadata":[{"annotations":null,"generate_name":null,"labels":{"app":"svc2"},"name":"my-go-app-service2","namespace":"app"}],"spec":[{"allocate_load_balancer_node_ports":true,"external_ips":null,"external_name":null,"load_balancer_class":null,"load_balancer_ip":null,"load_balancer_source_ranges":null,"port":[{"app_protocol":null,"name":"http","port":8080,"protocol":"TCP","target_port":"8080"}],"publish_not_ready_addresses":false,"selector":{"app":"svc2"},"session_affinity":"None","type":"ClusterIP"}],"timeouts":null,"wait_for_load_balancer":true},"after_unknown":{"id":true,"metadata":[{"generation":true,"labels":{},"resource_version":true,"uid":true}],"spec":[{"cluster_ip":true,"cluster_ips":true,"external_traffic_policy":true,"health_check_node_port":true,"internal_traffic_policy":true,"ip_families":true,"ip_family_policy":true,"port":[{"node_port":true}],"selector":{},"session_affinity_config":true}],"status":true},"before_sensitive":false,"after_sensitive":{"metadata":[{"labels":{}}],"spec":[{"cluster_ips":[],"ip_families":[],"port":[{}],"selector":{},"session_affinity_config":[]}],"status":[]}}},{"address":"kubernetes_service_account.aws_load_balancer_controller[0]","mode":"managed","type":"kubernetes_service_account","name":"aws_load_balancer_controller","index":0,"provider_name":"registry.terraform.io/hashicorp/kubernetes","change":{"actions":["create"],"before":null,"after":{"automount_service_account_token":true,"image_pull_secret":[],"metadata":[{"generate_name":null,"labels":{"app.kubernetes.io/name":"aws-load-balancer-controller"},"name":"aws-load-balancer-controller","namespace":"kube-system"}],"secret":[],"timeouts":null},"after_unknown":{"default_secret_name":true,"id":true,"image_pull_secret":[],"metadata":[{"annotations":true,"generation":true,"labels":{},"resource_version":true,"uid":true}],"secret":[]},"before_sensitive":false,"after_sensitive":{"image_pull_secret":[],"metadata":[{"annotations":{},"labels":{}}],"secret":[]}}}],"output_changes":{"ecr_svc1_repository_url":{"actions":["create"],"before":null,"after_unknown":true,"before_sensitive":false,"after_sensitive":false},"ecr_svc2_repository_url":{"actions":["create"],"before":null,"after_unknown":true,"before_sensitive":false,"after_sensitive":false},"eks_cluster_name":{"actions":["create"],"before":null,"after":"my-go-app-dev-eks","after_unknown":false,"before_sensitive":false,"after_sensitive":false},"vpc_id":{"actions":["create"],"before":null,"after_unknown":true,"before_sensitive":false,"after_sensitive":false}},"prior_state":{"format_version":"1.0","terraform_version":"1.13.5","values":{"outputs":{"eks_cluster_name":{"sensitive":false,"value":"my-go-app-dev-eks","type":"string"}},"root_module":{"resources":[{"address":"data.aws_availability_zones.available","mode":"data","type":"aws_availability_zones","name":"available","provider_name":"registry.terraform.io/hashicorp/aws","schema_version":0,"values":{"all_availability_zones":null,"exclude_names":null,"exclude_zone_ids":null,"filter":null,"group_names":[""],"id":"us-east-1","names":["us-east-1a","us-east-1b","us-east-1c","us-east-1d","us-east-1e","us-east-1f"],"state":"available","timeouts":null,"zone_ids":["use1-az6","use1-az1","use1-az2","use1-az4","use1-az3","use1-az5"]},"sensitive_values":{"group_names":[false],"names":[false,false,false,false,false,false],"zone_ids":[false,false,false,false,false,false]}}]}}},"configuration":{"provider_config":{"aws":{"name":"aws","full_name":"registry.terraform.io/hashicorp/aws","version_constraint":"~\u003e 5.0","expressions":{"default_tags":[{"tags":{"references":["var.tags"]}}],"region":{"references":["var.aws_region"]}}},"helm":{"name":"helm","full_name":"registry.terraform.io/hashicorp/helm","version_constraint":"~\u003e 2.12","expressions":{"kubernetes":[{"cluster_ca_certificate":{"references":["data.aws_eks_cluster.this.certificate_authority[0].data","data.aws_eks_cluster.this.certificate_authority[0]","data.aws_eks_cluster.this.certificate_authority","data.aws_eks_cluster.this"]},"host":{"references":["data.aws_eks_cluster.this.endpoint","data.aws_eks_cluster.this"]},"token":{"references":["data.aws_eks_cluster_auth.this.token","data.aws_eks_cluster_auth.this"]}}]}},"kubernetes":{"name":"kubernetes","full_name":"registry.terraform.io/hashicorp/kubernetes","version_constraint":"~\u003e 2.25","expressions":{"cluster_ca_certificate":{"references":["data.aws_eks_cluster.this.certificate_authority[0].data","data.aws_eks_cluster.this.certificate_authority[0]","data.aws_eks_cluster.this.certificate_authority","data.aws_eks_cluster.this"]},"host":{"references":["data.aws_eks_cluster.this.endpoint","data.aws_eks_cluster.this"]},"token":{"references":["data.aws_eks_cluster_auth.this.token","data.aws_eks_cluster_auth.this"]}}},"tls":{"name":"tls","full_name":"registry.terraform.io/hashicorp/tls","version_constraint":"~\u003e 4.0"}},"root_module":{"outputs":{"ecr_svc1_repository_url":{"expression":{"references":["aws_ecr_repository.svc1.repository_url","aws_ecr_repository.svc1"]},"description":"ECR repository URL for svc1"},"ecr_svc2_repository_url":{"expression":{"references":["aws_ecr_repository.svc2.repository_url","aws_ecr_repository.svc2"]},"description":"ECR repository URL for svc2"},"eks_cluster_name":{"expression":{"references":["aws_eks_cluster.this.name","aws_eks_cluster.this"]},"description":"EKS cluster name"},"vpc_id":{"expression":{"references":["aws_vpc.this.id","aws_vpc.this"]},"description":"VPC ID"}},"resources":[{"address":"aws_ecr_lifecycle_policy.svc1","mode":"managed","type":"aws_ecr_lifecycle_policy","name":"svc1","provider_config_key":"aws","expressions":{"policy":{},"repository":{"references":["aws_ecr_repository.svc1.name","aws_ecr_repository.svc1"]}},"schema_version":0},{"address":"aws_ecr_lifecycle_policy.svc2","mode":"managed","type":"aws_ecr_lifecycle_policy","name":"svc2","provider_config_key":"aws","expressions":{"policy":{},"repository":{"references":["aws_ecr_repository.svc2.name","aws_ecr_repository.svc2"]}},"schema_version":0},{"address":"aws_ecr_repository.svc1","mode":"managed","type":"aws_ecr_repository","name":"svc1","provider_config_key":"aws","expressions":{"encryption_configuration":[{"encryption_type":{"constant_value":"AES256"}}],"force_delete":{"references":["var.ecr_force_delete"]},"image_scanning_configuration":[{"scan_on_push":{"constant_value":true}}],"image_tag_mutability":{"constant_value":"MUTABLE"},"name":{"references":["local.prefix"]},"tags":{"references":["local.tags"]}},"schema_version":0},{"address":"aws_ecr_repository.svc2","mode":"managed","type":"aws_ecr_repository","name":"svc2","provider_config_key":"aws","expressions":{"encryption_configuration":[{"encryption_type":{"constant_value":"AES256"}}],"force_delete":{"references":["var.ecr_force_delete"]},"image_scanning_configuration":[{"scan_on_push":{"constant_value":true}}],"image_tag_mutability":{"constant_value":"MUTABLE"},"name":{"references":["local.prefix"]},"tags":{"references":["local.tags"]}},"schema_version":0},{"address":"aws_eip.nat","mode":"managed","type":"aws_eip","name":"nat","provider_config_key":"aws","expressions":{"domain":{"constant_value":"vpc"},"tags":{"references":["local.tags","local.prefix","each.key"]}},"schema_version":0,"for_each_expression":{"references":["aws_subnet.public"]}},{"address":"aws_eks_cluster.this","mode":"managed","type":"aws_eks_cluster","name":"this","provider_config_key":"aws","expressions":{"enabled_cluster_log_types":{"constant_value":["api","audit","authenticator","controllerManager","scheduler"]},"name":{"references":["local.prefix"]},"role_arn":{"references":["aws_iam_role.eks_cluster.arn","aws_iam_role.eks_cluster"]},"tags":{"references":["local.tags"]},"version":{"references":["var.eks_version"]},"vpc_config":[{"endpoint_private_access":{"constant_value":true},"endpoint_public_access":{"references":["var.cluster_endpoint_public_access"]},"public_access_cidrs":{"references":["var.cluster_endpoint_public_access_cidrs"]},"security_group_ids":{"references":["aws_security_group.eks_cluster.id","aws_security_group.eks_cluster"]},"subnet_ids":{"references":["aws_subnet.private","aws_subnet.public"]}}]},"schema_version":1,"depends_on":["aws_iam_role_policy_attachment.eks_cluster_AmazonEKSClusterPolicy","aws_iam_role_policy_attachment.eks_cluster_AmazonEKSVPCResourceController"]},{"address":"aws_eks_node_group.default","mode":"managed","type":"aws_eks_node_group","name":"default","provider_config_key":"aws","expressions":{"cluster_name":{"references":["aws_eks_cluster.this.name","aws_eks_cluster.this"]},"instance_types":{"references":["var.node_instance_types"]},"node_group_name":{"references":["local.prefix"]},"node_role_arn":{"references":["aws_iam_role.eks_node.arn","aws_iam_role.eks_node"]},"remote_access":[{"ec2_ssh_key":{"constant_value":null}}],"scaling_config":[{"desired_size":{"references":["var.node_desired_size"]},"max_size":{"references":["var.node_max_size"]},"min_size":{"references":["var.node_min_size"]}}],"subnet_ids":{"references":["aws_subnet.private"]},"tags":{"references":["local.tags"]},"update_config":[{"max_unavailable":{"constant_value":1}}]},"schema_version":0,"depends_on":["aws_iam_role_policy_attachment.eks_node_AmazonEKSWorkerNodePolicy","aws_iam_role_policy_attachment.eks_node_AmazonEKS_CNI_Policy","aws_iam_role_policy_attachment.eks_node_AmazonEC2ContainerRegistryReadOnly","aws_iam_role_policy_attachment.eks_node_CloudWatchAgentServerPolicy"]},{"address":"aws_iam_openid_connect_provider.eks","mode":"managed","type":"aws_iam_openid_connect_provider","name":"eks","provider_config_key":"aws","expressions":{"client_id_list":{"constant_value":["sts.amazonaws.com"]},"tags":{"references":["local.tags"]},"thumbprint_list":{"references":["data.tls_certificate.eks_oidc.certificates[0].sha1_fingerprint","data.tls_certificate.eks_oidc.certificates[0]","data.tls_certificate.eks_oidc.certificates","data.tls_certificate.eks_oidc"]},"url":{"references":["aws_eks_cluster.this.identity[0].oidc[0].issuer","aws_eks_cluster.this.identity[0].oidc[0]","aws_eks_cluster.this.identity[0].oidc","aws_eks_cluster.this.identity[0]","aws_eks_cluster.this.identity","aws_eks_cluster.this"]}},"schema_version":0},{"address":"aws_iam_policy.aws_load_balancer_controller","mode":"managed","type":"aws_iam_policy","name":"aws_load_balancer_controller","provider_config_key":"aws","expressions":{"description":{"constant_value":"IAM policy for AWS Load Balancer Controller (IRSA)"},"name":{"references":["local.prefix"]},"policy":{}},"schema_version":0,"count_expression":{"references":["var.enable_aws_load_balancer_controller"]}},{"address":"aws_iam_role.aws_load_balancer_controller","mode":"managed","type":"aws_iam_role","name":"aws_load_balancer_controller","provider_config_key":"aws","expressions":{"assume_role_policy":{"references":["aws_iam_openid_connect_provider.eks.arn","aws_iam_openid_connect_provider.eks","aws_iam_openid_connect_provider.eks.url","aws_iam_openid_connect_provider.eks","aws_iam_openid_connect_provider.eks.url","aws_iam_openid_connect_provider.eks"]},"name":{"references":["local.prefix"]},"tags":{"references":["local.tags"]}},"schema_version":0,"count_expression":{"references":["var.enable_aws_load_balancer_controller"]}},{"address":"aws_iam_role.eks_cluster","mode":"managed","type":"aws_iam_role","name":"eks_cluster","provider_config_key":"aws","expressions":{"assume_role_policy":{},"name":{"references":["local.prefix"]},"tags":{"references":["local.tags"]}},"schema_version":0},{"address":"aws_iam_role.eks_node","mode":"managed","type":"aws_iam_role","name":"eks_node","provider_config_key":"aws","expressions":{"assume_role_policy":{},"name":{"references":["local.prefix"]},"tags":{"references":["local.tags"]}},"schema_version":0},{"address":"aws_iam_role_policy_attachment.aws_load_balancer_controller","mode":"managed","type":"aws_iam_role_policy_attachment","name":"aws_load_balancer_controller","provider_config_key":"aws","expressions":{"policy_arn":{"references":["aws_iam_policy.aws_load_balancer_controller[0].arn","aws_iam_policy.aws_load_balancer_controller[0]","aws_iam_policy.aws_load_balancer_controller"]},"role":{"references":["aws_iam_role.aws_load_balancer_controller[0].name","aws_iam_role.aws_load_balancer_controller[0]","aws_iam_role.aws_load_balancer_controller"]}},"schema_version":0,"count_expression":{"references":["var.enable_aws_load_balancer_controller"]}},{"address":"aws_iam_role_policy_attachment.eks_cluster_AmazonEKSClusterPolicy","mode":"managed","type":"aws_iam_role_policy_attachment","name":"eks_cluster_AmazonEKSClusterPolicy","provider_config_key":"aws","expressions":{"policy_arn":{"constant_value":"arn:aws:iam::aws:policy/AmazonEKSClusterPolicy"},"role":{"references":["aws_iam_role.eks_cluster.name","aws_iam_role.eks_cluster"]}},"schema_version":0},{"address":"aws_iam_role_policy_attachment.eks_cluster_AmazonEKSVPCResourceController","mode":"managed","type":"aws_iam_role_policy_attachment","name":"eks_cluster_AmazonEKSVPCResourceController","provider_config_key":"aws","expressions":{"policy_arn":{"constant_value":"arn:aws:iam::aws:policy/AmazonEKSVPCResourceController"},"role":{"references":["aws_iam_role.eks_cluster.name","aws_iam_role.eks_cluster"]}},"schema_version":0},{"address":"aws_iam_role_policy_attachment.eks_node_AmazonEC2ContainerRegistryReadOnly","mode":"managed","type":"aws_iam_role_policy_attachment","name":"eks_node_AmazonEC2ContainerRegistryReadOnly","provider_config_key":"aws","expressions":{"policy_arn":{"constant_value":"arn:aws:iam::aws:policy/AmazonEC2ContainerRegistryReadOnly"},"role":{"references":["aws_iam_role.eks_node.name","aws_iam_role.eks_node"]}},"schema_version":0},{"address":"aws_iam_role_policy_attachment.eks_node_AmazonEKSWorkerNodePolicy","mode":"managed","type":"aws_iam_role_policy_attachment","name":"eks_node_AmazonEKSWorkerNodePolicy","provider_config_key":"aws","expressions":{"policy_arn":{"constant_value":"arn:aws:iam::aws:policy/AmazonEKSWorkerNodePolicy"},"role":{"references":["aws_iam_role.eks_node.name","aws_iam_role.eks_node"]}},"schema_version":0},{"address":"aws_iam_role_policy_attachment.eks_node_AmazonEKS_CNI_Policy","mode":"managed","type":"aws_iam_role_policy_attachment","name":"eks_node_AmazonEKS_CNI_Policy","provider_config_key":"aws","expressions":{"policy_arn":{"constant_value":"arn:aws:iam::aws:policy/AmazonEKS_CNI_Policy"},"role":{"references":["aws_iam_role.eks_node.name","aws_iam_role.eks_node"]}},"schema_version":0},{"address":"aws_iam_role_policy_attachment.eks_node_CloudWatchAgentServerPolicy","mode":"managed","type":"aws_iam_role_policy_attachment","name":"eks_node_CloudWatchAgentServerPolicy","provider_config_key":"aws","expressions":{"policy_arn":{"constant_value":"arn:aws:iam::aws:policy/CloudWatchAgentServerPolicy"},"role":{"references":["aws_iam_role.eks_node.name","aws_iam_role.eks_node"]}},"schema_version":0},{"address":"aws_internet_gateway.this","mode":"managed","type":"aws_internet_gateway","name":"this","provider_config_key":"aws","expressions":{"tags":{"references":["local.tags","local.prefix"]},"vpc_id":{"references":["aws_vpc.this.id","aws_vpc.this"]}},"schema_version":0},{"address":"aws_nat_gateway.this","mode":"managed","type":"aws_nat_gateway","name":"this","provider_config_key":"aws","expressions":{"allocation_id":{"references":["aws_eip.nat","each.key"]},"subnet_id":{"references":["each.value.id","each.value"]},"tags":{"references":["local.tags","local.prefix","each.key"]}},"schema_version":0,"for_each_expression":{"references":["aws_subnet.public"]},"depends_on":["aws_internet_gateway.this"]},{"address":"aws_route.private_nat","mode":"managed","type":"aws_route","name":"private_nat","provider_config_key":"aws","expressions":{"destination_cidr_block":{"constant_value":"0.0.0.0/0"},"nat_gateway_id":{"references":["aws_nat_gateway.this","each.key"]},"route_table_id":{"references":["aws_route_table.private","each.key"]}},"schema_version":0,"for_each_expression":{"references":["aws_subnet.private"]}},{"address":"aws_route.public_internet","mode":"managed","type":"aws_route","name":"public_internet","provider_config_key":"aws","expressions":{"destination_cidr_block":{"constant_value":"0.0.0.0/0"},"gateway_id":{"references":["aws_internet_gateway.this.id","aws_internet_gateway.this"]},"route_table_id":{"references":["aws_route_table.public.id","aws_route_table.public"]}},"schema_version":0},{"address":"aws_route_table.private","mode":"managed","type":"aws_route_table","name":"private","provider_config_key":"aws","expressions":{"tags":{"references":["local.tags","local.prefix","each.key"]},"vpc_id":{"references":["aws_vpc.this.id","aws_vpc.this"]}},"schema_version":0,"for_each_expression":{"references":["aws_subnet.private"]}},{"address":"aws_route_table.public","mode":"managed","type":"aws_route_table","name":"public","provider_config_key":"aws","expressions":{"tags":{"references":["local.tags","local.prefix"]},"vpc_id":{"references":["aws_vpc.this.id","aws_vpc.this"]}},"schema_version":0},{"address":"aws_route_table_association.private","mode":"managed","type":"aws_route_table_association","name":"private","provider_config_key":"aws","expressions":{"route_table_id":{"references":["aws_route_table.private","each.key"]},"subnet_id":{"references":["each.value.id","each.value"]}},"schema_version":0,"for_each_expression":{"references":["aws_subnet.private"]}},{"address":"aws_route_table_association.public","mode":"managed","type":"aws_route_table_association","name":"public","provider_config_key":"aws","expressions":{"route_table_id":{"references":["aws_route_table.public.id","aws_route_table.public"]},"subnet_id":{"references":["each.value.id","each.value"]}},"schema_version":0,"for_each_expression":{"references":["aws_subnet.public"]}},{"address":"aws_security_group.eks_cluster","mode":"managed","type":"aws_security_group","name":"eks_cluster","provider_config_key":"aws","expressions":{"description":{"constant_value":"EKS cluster security group"},"egress":{"constant_value":[{"cidr_blocks":["0.0.0.0/0"],"description":null,"from_port":0,"ipv6_cidr_blocks":null,"prefix_list_ids":null,"protocol":"-1","security_groups":null,"self":null,"to_port":0}]},"name":{"references":["local.prefix"]},"tags":{"references":["local.tags","local.prefix"]},"vpc_id":{"references":["aws_vpc.this.id","aws_vpc.this"]}},"schema_version":1},{"address":"aws_security_group.eks_node","mode":"managed","type":"aws_security_group","name":"eks_node","provider_config_key":"aws","expressions":{"description":{"constant_value":"EKS node security group"},"egress":{"constant_value":[{"cidr_blocks":["0.0.0.0/0"],"description":null,"from_port":0,"ipv6_cidr_blocks":null,"prefix_list_ids":null,"protocol":"-1","security_groups":null,"self":null,"to_port":0}]},"ingress":{"references":["aws_security_group.eks_cluster.id","aws_security_group.eks_cluster"]},"name":{"references":["local.prefix"]},"tags":{"references":["local.tags","local.prefix"]},"vpc_id":{"references":["aws_vpc.this.id","aws_vpc.this"]}},"schema_version":1},{"address":"aws_subnet.private","mode":"managed","type":"aws_subnet","name":"private","provider_config_key":"aws","expressions":{"availability_zone":{"references":["each.value.az","each.value"]},"cidr_block":{"references":["each.value.cidr","each.value"]},"tags":{"references":["local.tags","local.prefix","each.value.az","each.value"]},"vpc_id":{"references":["aws_vpc.this.id","aws_vpc.this"]}},"schema_version":1,"for_each_expression":{"references":["local.azs","local.private_subnet_cidrs"]}},{"address":"aws_subnet.public","mode":"managed","type":"aws_subnet","name":"public","provider_config_key":"aws","expressions":{"availability_zone":{"references":["each.value.az","each.value"]},"cidr_block":{"references":["each.value.cidr","each.value"]},"map_public_ip_on_launch":{"constant_value":true},"tags":{"references":["local.tags","local.prefix","each.value.az","each.value"]},"vpc_id":{"references":["aws_vpc.this.id","aws_vpc.this"]}},"schema_version":1,"for_each_expression":{"references":["local.azs","local.public_subnet_cidrs"]}},{"address":"aws_vpc.this","mode":"managed","type":"aws_vpc","name":"this","provider_config_key":"aws","expressions":{"cidr_block":{"references":["var.vpc_cidr"]},"enable_dns_hostnames":{"constant_value":true},"enable_dns_support":{"constant_value":true},"tags":{"references":["local.tags","local.prefix"]}},"schema_version":1},{"address":"helm_release.aws_load_balancer_controller","mode":"managed","type":"helm_release","name":"aws_load_balancer_controller","provider_config_key":"helm","expressions":{"chart":{"constant_value":"aws-load-balancer-controller"},"name":{"constant_value":"aws-load-balancer-controller"},"namespace":{"references":["kubernetes_namespace.kube_system.metadata[0].name","kubernetes_namespace.kube_system.metadata[0]","kubernetes_namespace.kube_system.metadata","kubernetes_namespace.kube_system"]},"repository":{"constant_value":"https://aws.github.io/eks-charts"},"set":[{"name":{"constant_value":"clusterName"},"value":{"references":["aws_eks_cluster.this.name","aws_eks_cluster.this"]}},{"name":{"constant_value":"serviceAccount.create"},"value":{"constant_value":"false"}},{"name":{"constant_value":"serviceAccount.name"},"value":{"references":["kubernetes_service_account.aws_load_balancer_controller[0].metadata[0].name","kubernetes_service_account.aws_load_balancer_controller[0].metadata[0]","kubernetes_service_account.aws_load_balancer_controller[0].metadata","kubernetes_service_account.aws_load_balancer_controller[0]","kubernetes_service_account.aws_load_balancer_controller"]}},{"name":{"constant_value":"region"},"value":{"references":["var.aws_region"]}},{"name":{"constant_value":"vpcId"},"value":{"references":["aws_vpc.this.id","aws_vpc.this"]}}],"version":{"constant_value":"1.7.2"}},"schema_version":1,"count_expression":{"references":["var.enable_aws_load_balancer_controller"]},"depends_on":["aws_eks_node_group.default","kubernetes_service_account.aws_load_balancer_controller","aws_iam_role_policy_attachment.aws_load_balancer_controller"]},{"address":"helm_release.istio_base","mode":"managed","type":"helm_release","name":"istio_base","provider_config_key":"helm","expressions":{"chart":{"constant_value":"base"},"name":{"constant_value":"istio-base"},"namespace":{"references":["kubernetes_namespace.istio_system[0].metadata[0].name","kubernetes_namespace.istio_system[0].metadata[0]","kubernetes_namespace.istio_system[0].metadata","kubernetes_namespace.istio_system[0]","kubernetes_namespace.istio_system"]},"repository":{"constant_value":"https://istio-release.storage.googleapis.com/charts"},"version":{"constant_value":"1.21.2"}},"schema_version":1,"count_expression":{"references":["var.enable_istio"]},"depends_on":["aws_eks_node_group.default"]},{"address":"helm_release.istio_ingress","mode":"managed","type":"helm_release","name":"istio_ingress","provider_config_key":"helm","expressions":{"chart":{"constant_value":"gateway"},"name":{"constant_value":"istio-ingress"},"namespace":{"references":["kubernetes_namespace.istio_system[0].metadata[0].name","kubernetes_namespace.istio_system[0].metadata[0]","kubernetes_namespace.istio_system[0].metadata","kubernetes_namespace.istio_system[0]","kubernetes_namespace.istio_system"]},"repository":{"constant_value":"https://istio-release.storage.googleapis.com/charts"},"values":{},"version":{"constant_value":"1.21.2"}},"schema_version":1,"count_expression":{"references":["var.enable_istio"]},"depends_on":["helm_release.istiod"]},{"address":"helm_release.istiod","mode":"managed","type":"helm_release","name":"istiod","provider_config_key":"helm","expressions":{"chart":{"constant_value":"istiod"},"name":{"constant_value":"istiod"},"namespace":{"references":["kubernetes_namespace.istio_system[0].metadata[0].name","kubernetes_namespace.istio_system[0].metadata[0]","kubernetes_namespace.istio_system[0].metadata","kubernetes_namespace.istio_system[0]","kubernetes_namespace.istio_system"]},"repository":{"constant_value":"https://istio-release.storage.googleapis.com/charts"},"version":{"constant_value":"1.21.2"}},"schema_version":1,"count_expression":{"references":["var.enable_istio"]},"depends_on":["helm_release.istio_base"]},{"address":"kubernetes_deployment.svc1","mode":"managed","type":"kubernetes_deployment","name":"svc1","provider_config_key":"kubernetes","expressions":{"metadata":[{"labels":{"constant_value":{"app":"svc1"}},"name":{"constant_value":"svc1"},"namespace":{"references":["kubernetes_namespace.app.metadata[0].name","kubernetes_namespace.app.metadata[0]","kubernetes_namespace.app.metadata","kubernetes_namespace.app"]}}],"spec":[{"replicas":{"references":["var.svc_replicas"]},"selector":[{"match_labels":{"constant_value":{"app":"svc1"}}}],"template":[{"metadata":[{"labels":{"constant_value":{"app":"svc1"}}}],"spec":[{"container":[{"env":[{"name":{"constant_value":"OTEL_EXPORTER_OTLP_ENDPOINT"},"value":{"references":["var.tempo_otlp_endpoint"]}},{"name":{"constant_value":"OTEL_EXPORTER_OTLP_PROTOCOL"},"value":{"constant_value":"http/protobuf"}}],"image":{"references":["var.svc1_image"]},"liveness_probe":[{"http_get":[{"path":{"constant_value":"/"},"port":{"constant_value":8080}}],"initial_delay_seconds":{"constant_value":10},"period_seconds":{"constant_value":10}}],"name":{"constant_value":"svc1"},"port":[{"container_port":{"constant_value":8080},"name":{"constant_value":"http"}}],"readiness_probe":[{"http_get":[{"path":{"constant_value":"/"},"port":{"constant_value":8080}}],"initial_delay_seconds":{"constant_value":5},"period_seconds":{"constant_value":10}}],"resources":[{"limits":{"constant_value":{"cpu":"500m","memory":"512Mi"}},"requests":{"constant_value":{"cpu":"100m","memory":"128Mi"}}}]}]}]}]}]},"schema_version":1},{"address":"kubernetes_deployment.svc2","mode":"managed","type":"kubernetes_deployment","name":"svc2","provider_config_key":"kubernetes","expressions":{"metadata":[{"labels":{"constant_value":{"app":"svc2"}},"name":{"constant_value":"svc2"},"namespace":{"references":["kubernetes_namespace.app.metadata[0].name","kubernetes_namespace.app.metadata[0]","kubernetes_namespace.app.metadata","kubernetes_namespace.app"]}}],"spec":[{"replicas":{"references":["var.svc_replicas"]},"selector":[{"match_labels":{"constant_value":{"app":"svc2"}}}],"template":[{"metadata":[{"labels":{"constant_value":{"app":"svc2"}}}],"spec":[{"container":[{"env":[{"name":{"constant_value":"OTEL_EXPORTER_OTLP_ENDPOINT"},"value":{"references":["var.tempo_otlp_endpoint"]}},{"name":{"constant_value":"OTEL_EXPORTER_OTLP_PROTOCOL"},"value":{"constant_value":"http/protobuf"}},{"name":{"constant_value":"PROXY_ENDPOINT"},"value":{"references":["kubernetes_service.svc1.metadata[0].name","kubernetes_service.svc1.metadata[0]","kubernetes_service.svc1.metadata","kubernetes_service.svc1"]}}],"image":{"references":["var.svc2_image"]},"liveness_probe":[{"http_get":[{"path":{"constant_value":"/"},"port":{"constant_value":8080}}],"initial_delay_seconds":{"constant_value":10},"period_seconds":{"constant_value":10}}],"name":{"constant_value":"svc2"},"port":[{"container_port":{"constant_value":8080},"name":{"constant_value":"http"}}],"readiness_probe":[{"http_get":[{"path":{"constant_value":"/"},"port":{"constant_value":8080}}],"initial_delay_seconds":{"constant_value":5},"period_seconds":{"constant_value":10}}],"resources":[{"limits":{"constant_value":{"cpu":"500m","memory":"512Mi"}},"requests":{"constant_value":{"cpu":"100m","memory":"128Mi"}}}]}]}]}]}]},"schema_version":1},{"address":"kubernetes_namespace.app","mode":"managed","type":"kubernetes_namespace","name":"app","provider_config_key":"kubernetes","expressions":{"metadata":[{"labels":{"references":["var.enable_istio"]},"name":{"constant_value":"app"}}]},"schema_version":0},{"address":"kubernetes_namespace.istio_system","mode":"managed","type":"kubernetes_namespace","name":"istio_system","provider_config_key":"kubernetes","expressions":{"metadata":[{"name":{"constant_value":"istio-system"}}]},"schema_version":0,"count_expression":{"references":["var.enable_istio"]}},{"address":"kubernetes_namespace.kube_system","mode":"managed","type":"kubernetes_namespace","name":"kube_system","provider_config_key":"kubernetes","expressions":{"metadata":[{"name":{"constant_value":"kube-system"}}]},"schema_version":0},{"address":"kubernetes_namespace.monitoring","mode":"managed","type":"kubernetes_namespace","name":"monitoring","provider_config_key":"kubernetes","expressions":{"metadata":[{"name":{"constant_value":"monitoring"}}]},"schema_version":0},{"address":"kubernetes_service.svc1","mode":"managed","type":"kubernetes_service","name":"svc1","provider_config_key":"kubernetes","expressions":{"metadata":[{"labels":{"constant_value":{"app":"svc1"}},"name":{"constant_value":"my-go-app-service"},"namespace":{"references":["kubernetes_namespace.app.metadata[0].name","kubernetes_namespace.app.metadata[0]","kubernetes_namespace.app.metadata","kubernetes_namespace.app"]}}],"spec":[{"port":[{"name":{"constant_value":"http"},"port":{"constant_value":8080},"target_port":{"constant_value":8080}}],"selector":{"references":["kubernetes_deployment.svc1.metadata[0].labels.app","kubernetes_deployment.svc1.metadata[0].labels","kubernetes_deployment.svc1.metadata[0]","kubernetes_deployment.svc1.metadata","kubernetes_deployment.svc1"]},"type":{"constant_value":"ClusterIP"}}]},"schema_version":1},{"address":"kubernetes_service.svc2","mode":"managed","type":"kubernetes_service","name":"svc2","provider_config_key":"kubernetes","expressions":{"metadata":[{"labels":{"constant_value":{"app":"svc2"}},"name":{"constant_value":"my-go-app-service2"},"namespace":{"references":["kubernetes_namespace.app.metadata[0].name","kubernetes_namespace.app.metadata[0]","kubernetes_namespace.app.metadata","kubernetes_namespace.app"]}}],"spec":[{"port":[{"name":{"constant_value":"http"},"port":{"constant_value":8080},"target_port":{"constant_value":8080}}],"selector":{"references":["kubernetes_deployment.svc2.metadata[0].labels.app","kubernetes_deployment.svc2.metadata[0].labels","kubernetes_deployment.svc2.metadata[0]","kubernetes_deployment.svc2.metadata","kubernetes_deployment.svc2"]},"type":{"constant_value":"ClusterIP"}}]},"schema_version":1},{"address":"kubernetes_service_account.aws_load_balancer_controller","mode":"managed","type":"kubernetes_service_account","name":"aws_load_balancer_controller","provider_config_key":"kubernetes","expressions":{"automount_service_account_token":{"constant_value":true},"metadata":[{"annotations":{"references":["aws_iam_role.aws_load_balancer_controller[0].arn","aws_iam_role.aws_load_balancer_controller[0]","aws_iam_role.aws_load_balancer_controller"]},"labels":{"constant_value":{"app.kubernetes.io/name":"aws-load-balancer-controller"}},"name":{"constant_value":"aws-load-balancer-controller"},"namespace":{"references":["kubernetes_namespace.kube_system.metadata[0].name","kubernetes_namespace.kube_system.metadata[0]","kubernetes_namespace.kube_system.metadata","kubernetes_namespace.kube_system"]}}]},"schema_version":0,"count_expression":{"references":["var.enable_aws_load_balancer_controller"]}},{"address":"data.aws_availability_zones.available","mode":"data","type":"aws_availability_zones","name":"available","provider_config_key":"aws","expressions":{"state":{"constant_value":"available"}},"schema_version":0},{"address":"data.aws_eks_cluster.this","mode":"data","type":"aws_eks_cluster","name":"this","provider_config_key":"aws","expressions":{"name":{"references":["aws_eks_cluster.this.name","aws_eks_cluster.this"]}},"schema_version":0},{"address":"data.aws_eks_cluster_auth.this","mode":"data","type":"aws_eks_cluster_auth","name":"this","provider_config_key":"aws","expressions":{"name":{"references":["aws_eks_cluster.this.name","aws_eks_cluster.this"]}},"schema_version":0},{"address":"data.tls_certificate.eks_oidc","mode":"data","type":"tls_certificate","name":"eks_oidc","provider_config_key":"tls","expressions":{"url":{"references":["aws_eks_cluster.this.identity[0].oidc[0].issuer","aws_eks_cluster.this.identity[0].oidc[0]","aws_eks_cluster.this.identity[0].oidc","aws_eks_cluster.this.identity[0]","aws_eks_cluster.this.identity","aws_eks_cluster.this"]}},"schema_version":0}],"variables":{"aws_region":{"default":"us-east-1","description":"AWS region to deploy into."},"az_count":{"default":2,"description":"Number of AZs to use (2 or 3 recommended)."},"cluster_endpoint_public_access":{"default":true,"description":"Whether the EKS API endpoint is publicly accessible."},"cluster_endpoint_public_access_cidrs":{"default":["0.0.0.0/0"],"description":"CIDRs allowed to access the public EKS API endpoint."},"ecr_force_delete":{"default":true,"description":"Allow Terraform to delete ECR repos even if they contain images (useful for dev)."},"eks_version":{"default":"1.29","description":"EKS Kubernetes version."},"enable_aws_load_balancer_controller":{"default":true,"description":"Install AWS Load Balancer Controller via Helm (recommended for Service type LoadBalancer)."},"enable_istio":{"default":true,"description":"Install Istio base/istiod/ingressgateway via Helm."},"environment":{"default":"dev","description":"Environment name (e.g., dev, staging, prod)."},"name":{"default":"my-go-app","description":"Base name/prefix for resources."},"node_desired_size":{"default":2,"description":"Desired number of worker nodes."},"node_instance_types":{"default":["t3.medium"],"description":"Instance types for the EKS managed node group."},"node_max_size":{"default":4,"description":"Maximum number of worker nodes."},"node_min_size":{"default":2,"description":"Minimum number of worker nodes."},"svc1_image":{"default":"public.ecr.aws/docker/library/nginx:1.25","description":"Container image for svc1 (ECR image URI with tag)."},"svc2_image":{"default":"public.ecr.aws/docker/library/nginx:1.25","description":"Container image for svc2 (ECR image URI with tag)."},"svc_replicas":{"default":2,"description":"Replica count for each service deployment."},"tags":{"default":{},"description":"Tags to apply to all taggable AWS resources."},"tempo_otlp_endpoint":{"default":"http://tempo-distributor.monitoring.svc.cluster.local:4318","description":"OTLP/HTTP endpoint for traces (Tempo distributor service)."},"vpc_cidr":{"default":"10.0.0.0/16","description":"CIDR block for the VPC."}}}},"relevant_attributes":[{"resource":"aws_iam_role.aws_load_balancer_controller[0]","attribute":["name"]},{"resource":"aws_iam_role.eks_cluster","attribute":["name"]},{"resource":"kubernetes_service_account.aws_load_balancer_controller[0]","attribute":["metadata",0,"name"]},{"resource":"aws_ecr_repository.svc1","attribute":["repository_url"]},{"resource":"aws_iam_openid_connect_provider.eks","attribute":["url"]},{"resource":"aws_security_group.eks_cluster","attribute":["id"]},{"resource":"aws_ecr_repository.svc2","attribute":["repository_url"]},{"resource":"aws_eks_cluster.this","attribute":["name"]},{"resource":"aws_subnet.public","attribute":[]},{"resource":"aws_iam_openid_connect_provider.eks","attribute":["arn"]},{"resource":"aws_iam_role.eks_node","attribute":["name"]},{"resource":"aws_vpc.this","attribute":["id"]},{"resource":"aws_iam_role.aws_load_balancer_controller[0]","attribute":["arn"]},{"resource":"aws_internet_gateway.this","attribute":["id"]},{"resource":"aws_eks_cluster.this","attribute":["identity",0,"oidc",0,"issuer"]},{"resource":"aws_subnet.private","attribute":[]},{"resource":"kubernetes_namespace.kube_system","attribute":["metadata",0,"name"]},{"resource":"kubernetes_deployment.svc1","attribute":["metadata",0,"labels","app"]},{"resource":"aws_eip.nat","attribute":[]},{"resource":"kubernetes_deployment.svc2","attribute":["metadata",0,"labels","app"]},{"resource":"aws_nat_gateway.this","attribute":[]},{"resource":"data.aws_availability_zones.available","attribute":["names"]},{"resource":"kubernetes_namespace.app","attribute":["metadata",0,"name"]},{"resource":"aws_ecr_repository.svc2","attribute":["name"]},{"resource":"aws_ecr_repository.svc1","attribute":["name"]},{"resource":"aws_route_table.public","attribute":["id"]},{"resource":"aws_iam_role.eks_cluster","attribute":["arn"]},{"resource":"aws_route_table.private","attribute":[]},{"resource":"data.tls_certificate.eks_oidc","attribute":["certificates",0,"sha1_fingerprint"]},{"resource":"aws_iam_role.eks_node","attribute":["arn"]},{"resource":"aws_iam_policy.aws_load_balancer_controller[0]","attribute":["arn"]},{"resource":"kubernetes_namespace.istio_system[0]","attribute":["metadata",0,"name"]},{"resource":"kubernetes_service.svc1","attribute":["metadata",0,"name"]}],"checks":[{"address":{"kind":"var","name":"az_count","to_display":"var.az_count"},"status":"pass","instances":[{"address":{"to_display":"var.az_count"},"status":"pass"}]}],"timestamp":"2026-01-27T10:57:25Z","applyable":true,"complete":true,"errored":false}
