data.aws_availability_zones.available: Reading...
data.aws_iam_policy_document.eks_node_assume: Reading...
data.aws_iam_policy_document.eks_cluster_assume: Reading...
data.aws_iam_policy_document.eks_node_assume: Read complete after 0s [id=2851119427]
data.aws_iam_policy_document.eks_cluster_assume: Read complete after 0s [id=3552664922]
data.aws_availability_zones.available: Read complete after 0s [id=us-east-1]

Terraform used the selected providers to generate the following execution
plan. Resource actions are indicated with the following symbols:
  + create

Terraform will perform the following actions:

  # aws_ecr_lifecycle_policy.app will be created
  + resource "aws_ecr_lifecycle_policy" "app" {
      + id          = (known after apply)
      + policy      = jsonencode(
            {
              + rules = [
                  + {
                      + action       = {
                          + type = "expire"
                        }
                      + description  = "Keep last 30 images"
                      + rulePriority = 1
                      + selection    = {
                          + countNumber = 30
                          + countType   = "imageCountMoreThan"
                          + tagStatus   = "any"
                        }
                    },
                ]
            }
        )
      + registry_id = (known after apply)
      + repository  = "my-ecr-repo"
    }

  # aws_ecr_repository.app will be created
  + resource "aws_ecr_repository" "app" {
      + arn                  = (known after apply)
      + id                   = (known after apply)
      + image_tag_mutability = "MUTABLE"
      + name                 = "my-ecr-repo"
      + registry_id          = (known after apply)
      + repository_url       = (known after apply)
      + tags                 = {
          + "Environment" = "dev"
          + "Name"        = "nodeaws-dev-ecr"
          + "Project"     = "nodeaws"
        }
      + tags_all             = {
          + "Environment" = "dev"
          + "ManagedBy"   = "terraform"
          + "Name"        = "nodeaws-dev-ecr"
          + "Project"     = "nodeaws"
        }

      + encryption_configuration {
          + encryption_type = "AES256"
          + kms_key         = (known after apply)
        }

      + image_scanning_configuration {
          + scan_on_push = true
        }
    }

  # aws_eip.nat["single"] will be created
  + resource "aws_eip" "nat" {
      + allocation_id        = (known after apply)
      + arn                  = (known after apply)
      + association_id       = (known after apply)
      + carrier_ip           = (known after apply)
      + customer_owned_ip    = (known after apply)
      + domain               = "vpc"
      + id                   = (known after apply)
      + instance             = (known after apply)
      + ipam_pool_id         = (known after apply)
      + network_border_group = (known after apply)
      + network_interface    = (known after apply)
      + private_dns          = (known after apply)
      + private_ip           = (known after apply)
      + ptr_record           = (known after apply)
      + public_dns           = (known after apply)
      + public_ip            = (known after apply)
      + public_ipv4_pool     = (known after apply)
      + tags                 = {
          + "Environment" = "dev"
          + "Name"        = "nodeaws-dev-nat-eip-single"
          + "Project"     = "nodeaws"
        }
      + tags_all             = {
          + "Environment" = "dev"
          + "ManagedBy"   = "terraform"
          + "Name"        = "nodeaws-dev-nat-eip-single"
          + "Project"     = "nodeaws"
        }
      + vpc                  = (known after apply)
    }

  # aws_eks_addon.coredns will be created
  + resource "aws_eks_addon" "coredns" {
      + addon_name           = "coredns"
      + addon_version        = (known after apply)
      + arn                  = (known after apply)
      + cluster_name         = "nawy-eks-cluster"
      + configuration_values = (known after apply)
      + created_at           = (known after apply)
      + id                   = (known after apply)
      + modified_at          = (known after apply)
      + tags_all             = {
          + "Environment" = "dev"
          + "ManagedBy"   = "terraform"
          + "Project"     = "nodeaws"
        }
    }

  # aws_eks_addon.kube_proxy will be created
  + resource "aws_eks_addon" "kube_proxy" {
      + addon_name           = "kube-proxy"
      + addon_version        = (known after apply)
      + arn                  = (known after apply)
      + cluster_name         = "nawy-eks-cluster"
      + configuration_values = (known after apply)
      + created_at           = (known after apply)
      + id                   = (known after apply)
      + modified_at          = (known after apply)
      + tags_all             = {
          + "Environment" = "dev"
          + "ManagedBy"   = "terraform"
          + "Project"     = "nodeaws"
        }
    }

  # aws_eks_addon.vpc_cni will be created
  + resource "aws_eks_addon" "vpc_cni" {
      + addon_name           = "vpc-cni"
      + addon_version        = (known after apply)
      + arn                  = (known after apply)
      + cluster_name         = "nawy-eks-cluster"
      + configuration_values = (known after apply)
      + created_at           = (known after apply)
      + id                   = (known after apply)
      + modified_at          = (known after apply)
      + tags_all             = {
          + "Environment" = "dev"
          + "ManagedBy"   = "terraform"
          + "Project"     = "nodeaws"
        }
    }

  # aws_eks_cluster.this will be created
  + resource "aws_eks_cluster" "this" {
      + arn                           = (known after apply)
      + bootstrap_self_managed_addons = true
      + certificate_authority         = (known after apply)
      + cluster_id                    = (known after apply)
      + created_at                    = (known after apply)
      + enabled_cluster_log_types     = [
          + "api",
          + "audit",
          + "authenticator",
          + "controllerManager",
          + "scheduler",
        ]
      + endpoint                      = (known after apply)
      + id                            = (known after apply)
      + identity                      = (known after apply)
      + name                          = "nawy-eks-cluster"
      + platform_version              = (known after apply)
      + role_arn                      = (known after apply)
      + status                        = (known after apply)
      + tags                          = {
          + "Environment" = "dev"
          + "Name"        = "nawy-eks-cluster"
          + "Project"     = "nodeaws"
        }
      + tags_all                      = {
          + "Environment" = "dev"
          + "ManagedBy"   = "terraform"
          + "Name"        = "nawy-eks-cluster"
          + "Project"     = "nodeaws"
        }
      + version                       = (known after apply)

      + access_config (known after apply)

      + kubernetes_network_config (known after apply)

      + upgrade_policy (known after apply)

      + vpc_config {
          + cluster_security_group_id = (known after apply)
          + endpoint_private_access   = true
          + endpoint_public_access    = true
          + public_access_cidrs       = [
              + "0.0.0.0/0",
            ]
          + security_group_ids        = (known after apply)
          + subnet_ids                = (known after apply)
          + vpc_id                    = (known after apply)
        }
    }

  # aws_eks_node_group.default will be created
  + resource "aws_eks_node_group" "default" {
      + ami_type               = (known after apply)
      + arn                    = (known after apply)
      + capacity_type          = (known after apply)
      + cluster_name           = "nawy-eks-cluster"
      + disk_size              = (known after apply)
      + id                     = (known after apply)
      + instance_types         = [
          + "t3.medium",
        ]
      + node_group_name        = "nodeaws-dev-ng"
      + node_group_name_prefix = (known after apply)
      + node_role_arn          = (known after apply)
      + release_version        = (known after apply)
      + resources              = (known after apply)
      + status                 = (known after apply)
      + subnet_ids             = (known after apply)
      + tags                   = {
          + "Environment" = "dev"
          + "Name"        = "nodeaws-dev-node-group"
          + "Project"     = "nodeaws"
        }
      + tags_all               = {
          + "Environment" = "dev"
          + "ManagedBy"   = "terraform"
          + "Name"        = "nodeaws-dev-node-group"
          + "Project"     = "nodeaws"
        }
      + version                = (known after apply)

      + node_repair_config (known after apply)

      + remote_access {}

      + scaling_config {
          + desired_size = 2
          + max_size     = 4
          + min_size     = 1
        }

      + update_config {
          + max_unavailable = 1
        }
    }

  # aws_iam_role.eks_cluster will be created
  + resource "aws_iam_role" "eks_cluster" {
      + arn                   = (known after apply)
      + assume_role_policy    = jsonencode(
            {
              + Statement = [
                  + {
                      + Action    = "sts:AssumeRole"
                      + Effect    = "Allow"
                      + Principal = {
                          + Service = "eks.amazonaws.com"
                        }
                    },
                ]
              + Version   = "2012-10-17"
            }
        )
      + create_date           = (known after apply)
      + force_detach_policies = false
      + id                    = (known after apply)
      + managed_policy_arns   = (known after apply)
      + max_session_duration  = 3600
      + name                  = "nodeaws-dev-eks-cluster-role"
      + name_prefix           = (known after apply)
      + path                  = "/"
      + tags                  = {
          + "Environment" = "dev"
          + "Project"     = "nodeaws"
        }
      + tags_all              = {
          + "Environment" = "dev"
          + "ManagedBy"   = "terraform"
          + "Project"     = "nodeaws"
        }
      + unique_id             = (known after apply)

      + inline_policy (known after apply)
    }

  # aws_iam_role.eks_node will be created
  + resource "aws_iam_role" "eks_node" {
      + arn                   = (known after apply)
      + assume_role_policy    = jsonencode(
            {
              + Statement = [
                  + {
                      + Action    = "sts:AssumeRole"
                      + Effect    = "Allow"
                      + Principal = {
                          + Service = "ec2.amazonaws.com"
                        }
                    },
                ]
              + Version   = "2012-10-17"
            }
        )
      + create_date           = (known after apply)
      + force_detach_policies = false
      + id                    = (known after apply)
      + managed_policy_arns   = (known after apply)
      + max_session_duration  = 3600
      + name                  = "nodeaws-dev-eks-node-role"
      + name_prefix           = (known after apply)
      + path                  = "/"
      + tags                  = {
          + "Environment" = "dev"
          + "Project"     = "nodeaws"
        }
      + tags_all              = {
          + "Environment" = "dev"
          + "ManagedBy"   = "terraform"
          + "Project"     = "nodeaws"
        }
      + unique_id             = (known after apply)

      + inline_policy (known after apply)
    }

  # aws_iam_role_policy_attachment.eks_cluster_AmazonEKSClusterPolicy will be created
  + resource "aws_iam_role_policy_attachment" "eks_cluster_AmazonEKSClusterPolicy" {
      + id         = (known after apply)
      + policy_arn = "arn:aws:iam::aws:policy/AmazonEKSClusterPolicy"
      + role       = "nodeaws-dev-eks-cluster-role"
    }

  # aws_iam_role_policy_attachment.eks_cluster_AmazonEKSVPCResourceController will be created
  + resource "aws_iam_role_policy_attachment" "eks_cluster_AmazonEKSVPCResourceController" {
      + id         = (known after apply)
      + policy_arn = "arn:aws:iam::aws:policy/AmazonEKSVPCResourceController"
      + role       = "nodeaws-dev-eks-cluster-role"
    }

  # aws_iam_role_policy_attachment.eks_node_AmazonEC2ContainerRegistryReadOnly will be created
  + resource "aws_iam_role_policy_attachment" "eks_node_AmazonEC2ContainerRegistryReadOnly" {
      + id         = (known after apply)
      + policy_arn = "arn:aws:iam::aws:policy/AmazonEC2ContainerRegistryReadOnly"
      + role       = "nodeaws-dev-eks-node-role"
    }

  # aws_iam_role_policy_attachment.eks_node_AmazonEKSWorkerNodePolicy will be created
  + resource "aws_iam_role_policy_attachment" "eks_node_AmazonEKSWorkerNodePolicy" {
      + id         = (known after apply)
      + policy_arn = "arn:aws:iam::aws:policy/AmazonEKSWorkerNodePolicy"
      + role       = "nodeaws-dev-eks-node-role"
    }

  # aws_iam_role_policy_attachment.eks_node_AmazonEKS_CNI_Policy will be created
  + resource "aws_iam_role_policy_attachment" "eks_node_AmazonEKS_CNI_Policy" {
      + id         = (known after apply)
      + policy_arn = "arn:aws:iam::aws:policy/AmazonEKS_CNI_Policy"
      + role       = "nodeaws-dev-eks-node-role"
    }

  # aws_internet_gateway.this will be created
  + resource "aws_internet_gateway" "this" {
      + arn      = (known after apply)
      + id       = (known after apply)
      + owner_id = (known after apply)
      + tags     = {
          + "Environment" = "dev"
          + "Name"        = "nodeaws-dev-igw"
          + "Project"     = "nodeaws"
        }
      + tags_all = {
          + "Environment" = "dev"
          + "ManagedBy"   = "terraform"
          + "Name"        = "nodeaws-dev-igw"
          + "Project"     = "nodeaws"
        }
      + vpc_id   = (known after apply)
    }

  # aws_nat_gateway.this["single"] will be created
  + resource "aws_nat_gateway" "this" {
      + allocation_id                      = (known after apply)
      + association_id                     = (known after apply)
      + connectivity_type                  = "public"
      + id                                 = (known after apply)
      + network_interface_id               = (known after apply)
      + private_ip                         = (known after apply)
      + public_ip                          = (known after apply)
      + secondary_private_ip_address_count = (known after apply)
      + secondary_private_ip_addresses     = (known after apply)
      + subnet_id                          = (known after apply)
      + tags                               = {
          + "Environment" = "dev"
          + "Name"        = "nodeaws-dev-nat-single"
          + "Project"     = "nodeaws"
        }
      + tags_all                           = {
          + "Environment" = "dev"
          + "ManagedBy"   = "terraform"
          + "Name"        = "nodeaws-dev-nat-single"
          + "Project"     = "nodeaws"
        }
    }

  # aws_route.private_nat["us-east-1a"] will be created
  + resource "aws_route" "private_nat" {
      + destination_cidr_block = "0.0.0.0/0"
      + id                     = (known after apply)
      + instance_id            = (known after apply)
      + instance_owner_id      = (known after apply)
      + nat_gateway_id         = (known after apply)
      + network_interface_id   = (known after apply)
      + origin                 = (known after apply)
      + route_table_id         = (known after apply)
      + state                  = (known after apply)
    }

  # aws_route.private_nat["us-east-1b"] will be created
  + resource "aws_route" "private_nat" {
      + destination_cidr_block = "0.0.0.0/0"
      + id                     = (known after apply)
      + instance_id            = (known after apply)
      + instance_owner_id      = (known after apply)
      + nat_gateway_id         = (known after apply)
      + network_interface_id   = (known after apply)
      + origin                 = (known after apply)
      + route_table_id         = (known after apply)
      + state                  = (known after apply)
    }

  # aws_route.public_internet will be created
  + resource "aws_route" "public_internet" {
      + destination_cidr_block = "0.0.0.0/0"
      + gateway_id             = (known after apply)
      + id                     = (known after apply)
      + instance_id            = (known after apply)
      + instance_owner_id      = (known after apply)
      + network_interface_id   = (known after apply)
      + origin                 = (known after apply)
      + route_table_id         = (known after apply)
      + state                  = (known after apply)
    }

  # aws_route_table.private["us-east-1a"] will be created
  + resource "aws_route_table" "private" {
      + arn              = (known after apply)
      + id               = (known after apply)
      + owner_id         = (known after apply)
      + propagating_vgws = (known after apply)
      + route            = (known after apply)
      + tags             = {
          + "Environment" = "dev"
          + "Name"        = "nodeaws-dev-private-rt-us-east-1a"
          + "Project"     = "nodeaws"
        }
      + tags_all         = {
          + "Environment" = "dev"
          + "ManagedBy"   = "terraform"
          + "Name"        = "nodeaws-dev-private-rt-us-east-1a"
          + "Project"     = "nodeaws"
        }
      + vpc_id           = (known after apply)
    }

  # aws_route_table.private["us-east-1b"] will be created
  + resource "aws_route_table" "private" {
      + arn              = (known after apply)
      + id               = (known after apply)
      + owner_id         = (known after apply)
      + propagating_vgws = (known after apply)
      + route            = (known after apply)
      + tags             = {
          + "Environment" = "dev"
          + "Name"        = "nodeaws-dev-private-rt-us-east-1b"
          + "Project"     = "nodeaws"
        }
      + tags_all         = {
          + "Environment" = "dev"
          + "ManagedBy"   = "terraform"
          + "Name"        = "nodeaws-dev-private-rt-us-east-1b"
          + "Project"     = "nodeaws"
        }
      + vpc_id           = (known after apply)
    }

  # aws_route_table.public will be created
  + resource "aws_route_table" "public" {
      + arn              = (known after apply)
      + id               = (known after apply)
      + owner_id         = (known after apply)
      + propagating_vgws = (known after apply)
      + route            = (known after apply)
      + tags             = {
          + "Environment" = "dev"
          + "Name"        = "nodeaws-dev-public-rt"
          + "Project"     = "nodeaws"
        }
      + tags_all         = {
          + "Environment" = "dev"
          + "ManagedBy"   = "terraform"
          + "Name"        = "nodeaws-dev-public-rt"
          + "Project"     = "nodeaws"
        }
      + vpc_id           = (known after apply)
    }

  # aws_route_table_association.private["us-east-1a"] will be created
  + resource "aws_route_table_association" "private" {
      + id             = (known after apply)
      + route_table_id = (known after apply)
      + subnet_id      = (known after apply)
    }

  # aws_route_table_association.private["us-east-1b"] will be created
  + resource "aws_route_table_association" "private" {
      + id             = (known after apply)
      + route_table_id = (known after apply)
      + subnet_id      = (known after apply)
    }

  # aws_route_table_association.public["us-east-1a"] will be created
  + resource "aws_route_table_association" "public" {
      + id             = (known after apply)
      + route_table_id = (known after apply)
      + subnet_id      = (known after apply)
    }

  # aws_route_table_association.public["us-east-1b"] will be created
  + resource "aws_route_table_association" "public" {
      + id             = (known after apply)
      + route_table_id = (known after apply)
      + subnet_id      = (known after apply)
    }

  # aws_security_group.eks_cluster will be created
  + resource "aws_security_group" "eks_cluster" {
      + arn                    = (known after apply)
      + description            = "EKS cluster security group"
      + egress                 = [
          + {
              + cidr_blocks      = [
                  + "0.0.0.0/0",
                ]
              + from_port        = 0
              + ipv6_cidr_blocks = []
              + prefix_list_ids  = []
              + protocol         = "-1"
              + security_groups  = []
              + self             = false
              + to_port          = 0
                # (1 unchanged attribute hidden)
            },
        ]
      + id                     = (known after apply)
      + ingress                = (known after apply)
      + name                   = "nodeaws-dev-eks-cluster-sg"
      + name_prefix            = (known after apply)
      + owner_id               = (known after apply)
      + revoke_rules_on_delete = false
      + tags                   = {
          + "Environment" = "dev"
          + "Name"        = "nodeaws-dev-eks-cluster-sg"
          + "Project"     = "nodeaws"
        }
      + tags_all               = {
          + "Environment" = "dev"
          + "ManagedBy"   = "terraform"
          + "Name"        = "nodeaws-dev-eks-cluster-sg"
          + "Project"     = "nodeaws"
        }
      + vpc_id                 = (known after apply)
    }

  # aws_security_group.eks_nodes will be created
  + resource "aws_security_group" "eks_nodes" {
      + arn                    = (known after apply)
      + description            = "EKS worker nodes security group"
      + egress                 = [
          + {
              + cidr_blocks      = [
                  + "0.0.0.0/0",
                ]
              + from_port        = 0
              + ipv6_cidr_blocks = []
              + prefix_list_ids  = []
              + protocol         = "-1"
              + security_groups  = []
              + self             = false
              + to_port          = 0
                # (1 unchanged attribute hidden)
            },
        ]
      + id                     = (known after apply)
      + ingress                = [
          + {
              + cidr_blocks      = []
              + description      = "Control plane to nodes"
              + from_port        = 0
              + ipv6_cidr_blocks = []
              + prefix_list_ids  = []
              + protocol         = "-1"
              + security_groups  = (known after apply)
              + self             = false
              + to_port          = 0
            },
          + {
              + cidr_blocks      = []
              + description      = "Node to node all ports/protocols"
              + from_port        = 0
              + ipv6_cidr_blocks = []
              + prefix_list_ids  = []
              + protocol         = "-1"
              + security_groups  = []
              + self             = true
              + to_port          = 0
            },
        ]
      + name                   = "nodeaws-dev-eks-nodes-sg"
      + name_prefix            = (known after apply)
      + owner_id               = (known after apply)
      + revoke_rules_on_delete = false
      + tags                   = {
          + "Environment" = "dev"
          + "Name"        = "nodeaws-dev-eks-nodes-sg"
          + "Project"     = "nodeaws"
        }
      + tags_all               = {
          + "Environment" = "dev"
          + "ManagedBy"   = "terraform"
          + "Name"        = "nodeaws-dev-eks-nodes-sg"
          + "Project"     = "nodeaws"
        }
      + vpc_id                 = (known after apply)
    }

  # aws_subnet.private["us-east-1a"] will be created
  + resource "aws_subnet" "private" {
      + arn                                            = (known after apply)
      + assign_ipv6_address_on_creation                = false
      + availability_zone                              = "us-east-1a"
      + availability_zone_id                           = (known after apply)
      + cidr_block                                     = "10.0.100.0/24"
      + enable_dns64                                   = false
      + enable_resource_name_dns_a_record_on_launch    = false
      + enable_resource_name_dns_aaaa_record_on_launch = false
      + id                                             = (known after apply)
      + ipv6_cidr_block_association_id                 = (known after apply)
      + ipv6_native                                    = false
      + map_public_ip_on_launch                        = false
      + owner_id                                       = (known after apply)
      + private_dns_hostname_type_on_launch            = (known after apply)
      + tags                                           = {
          + "Environment"                     = "dev"
          + "Name"                            = "nodeaws-dev-private-us-east-1a"
          + "Project"                         = "nodeaws"
          + "kubernetes.io/role/internal-elb" = "1"
        }
      + tags_all                                       = {
          + "Environment"                     = "dev"
          + "ManagedBy"                       = "terraform"
          + "Name"                            = "nodeaws-dev-private-us-east-1a"
          + "Project"                         = "nodeaws"
          + "kubernetes.io/role/internal-elb" = "1"
        }
      + vpc_id                                         = (known after apply)
    }

  # aws_subnet.private["us-east-1b"] will be created
  + resource "aws_subnet" "private" {
      + arn                                            = (known after apply)
      + assign_ipv6_address_on_creation                = false
      + availability_zone                              = "us-east-1b"
      + availability_zone_id                           = (known after apply)
      + cidr_block                                     = "10.0.101.0/24"
      + enable_dns64                                   = false
      + enable_resource_name_dns_a_record_on_launch    = false
      + enable_resource_name_dns_aaaa_record_on_launch = false
      + id                                             = (known after apply)
      + ipv6_cidr_block_association_id                 = (known after apply)
      + ipv6_native                                    = false
      + map_public_ip_on_launch                        = false
      + owner_id                                       = (known after apply)
      + private_dns_hostname_type_on_launch            = (known after apply)
      + tags                                           = {
          + "Environment"                     = "dev"
          + "Name"                            = "nodeaws-dev-private-us-east-1b"
          + "Project"                         = "nodeaws"
          + "kubernetes.io/role/internal-elb" = "1"
        }
      + tags_all                                       = {
          + "Environment"                     = "dev"
          + "ManagedBy"                       = "terraform"
          + "Name"                            = "nodeaws-dev-private-us-east-1b"
          + "Project"                         = "nodeaws"
          + "kubernetes.io/role/internal-elb" = "1"
        }
      + vpc_id                                         = (known after apply)
    }

  # aws_subnet.public["us-east-1a"] will be created
  + resource "aws_subnet" "public" {
      + arn                                            = (known after apply)
      + assign_ipv6_address_on_creation                = false
      + availability_zone                              = "us-east-1a"
      + availability_zone_id                           = (known after apply)
      + cidr_block                                     = "10.0.0.0/24"
      + enable_dns64                                   = false
      + enable_resource_name_dns_a_record_on_launch    = false
      + enable_resource_name_dns_aaaa_record_on_launch = false
      + id                                             = (known after apply)
      + ipv6_cidr_block_association_id                 = (known after apply)
      + ipv6_native                                    = false
      + map_public_ip_on_launch                        = true
      + owner_id                                       = (known after apply)
      + private_dns_hostname_type_on_launch            = (known after apply)
      + tags                                           = {
          + "Environment"            = "dev"
          + "Name"                   = "nodeaws-dev-public-us-east-1a"
          + "Project"                = "nodeaws"
          + "kubernetes.io/role/elb" = "1"
        }
      + tags_all                                       = {
          + "Environment"            = "dev"
          + "ManagedBy"              = "terraform"
          + "Name"                   = "nodeaws-dev-public-us-east-1a"
          + "Project"                = "nodeaws"
          + "kubernetes.io/role/elb" = "1"
        }
      + vpc_id                                         = (known after apply)
    }

  # aws_subnet.public["us-east-1b"] will be created
  + resource "aws_subnet" "public" {
      + arn                                            = (known after apply)
      + assign_ipv6_address_on_creation                = false
      + availability_zone                              = "us-east-1b"
      + availability_zone_id                           = (known after apply)
      + cidr_block                                     = "10.0.1.0/24"
      + enable_dns64                                   = false
      + enable_resource_name_dns_a_record_on_launch    = false
      + enable_resource_name_dns_aaaa_record_on_launch = false
      + id                                             = (known after apply)
      + ipv6_cidr_block_association_id                 = (known after apply)
      + ipv6_native                                    = false
      + map_public_ip_on_launch                        = true
      + owner_id                                       = (known after apply)
      + private_dns_hostname_type_on_launch            = (known after apply)
      + tags                                           = {
          + "Environment"            = "dev"
          + "Name"                   = "nodeaws-dev-public-us-east-1b"
          + "Project"                = "nodeaws"
          + "kubernetes.io/role/elb" = "1"
        }
      + tags_all                                       = {
          + "Environment"            = "dev"
          + "ManagedBy"              = "terraform"
          + "Name"                   = "nodeaws-dev-public-us-east-1b"
          + "Project"                = "nodeaws"
          + "kubernetes.io/role/elb" = "1"
        }
      + vpc_id                                         = (known after apply)
    }

  # aws_vpc.this will be created
  + resource "aws_vpc" "this" {
      + arn                                  = (known after apply)
      + cidr_block                           = "10.0.0.0/16"
      + default_network_acl_id               = (known after apply)
      + default_route_table_id               = (known after apply)
      + default_security_group_id            = (known after apply)
      + dhcp_options_id                      = (known after apply)
      + enable_dns_hostnames                 = true
      + enable_dns_support                   = true
      + enable_network_address_usage_metrics = (known after apply)
      + id                                   = (known after apply)
      + instance_tenancy                     = "default"
      + ipv6_association_id                  = (known after apply)
      + ipv6_cidr_block                      = (known after apply)
      + ipv6_cidr_block_network_border_group = (known after apply)
      + main_route_table_id                  = (known after apply)
      + owner_id                             = (known after apply)
      + tags                                 = {
          + "Environment" = "dev"
          + "Name"        = "nodeaws-dev-vpc"
          + "Project"     = "nodeaws"
        }
      + tags_all                             = {
          + "Environment" = "dev"
          + "ManagedBy"   = "terraform"
          + "Name"        = "nodeaws-dev-vpc"
          + "Project"     = "nodeaws"
        }
    }

Plan: 34 to add, 0 to change, 0 to destroy.

Changes to Outputs:
  + ecr_repository_url   = (known after apply)
  + eks_cluster_ca       = (sensitive value)
  + eks_cluster_endpoint = (known after apply)
  + eks_cluster_name     = "nawy-eks-cluster"
  + private_subnet_ids   = [
      + (known after apply),
      + (known after apply),
    ]
  + public_subnet_ids    = [
      + (known after apply),
      + (known after apply),
    ]
  + region               = "us-east-1"
  + vpc_id               = (known after apply)
aws_ecr_repository.app: Creating...
aws_vpc.this: Creating...
aws_eip.nat["single"]: Creating...
aws_iam_role.eks_node: Creating...
aws_iam_role.eks_cluster: Creating...
aws_eip.nat["single"]: Creation complete after 0s [id=eipalloc-adebd874779bd8e39]
aws_iam_role.eks_node: Creation complete after 0s [id=nodeaws-dev-eks-node-role]
aws_iam_role.eks_cluster: Creation complete after 0s [id=nodeaws-dev-eks-cluster-role]
aws_iam_role_policy_attachment.eks_node_AmazonEC2ContainerRegistryReadOnly: Creating...
aws_iam_role_policy_attachment.eks_node_AmazonEKSWorkerNodePolicy: Creating...
aws_iam_role_policy_attachment.eks_cluster_AmazonEKSClusterPolicy: Creating...
aws_iam_role_policy_attachment.eks_cluster_AmazonEKSVPCResourceController: Creating...
aws_iam_role_policy_attachment.eks_node_AmazonEKS_CNI_Policy: Creating...
aws_iam_role_policy_attachment.eks_node_AmazonEKS_CNI_Policy: Creation complete after 0s [id=nodeaws-dev-eks-node-role-20260127094036380600000001]
aws_iam_role_policy_attachment.eks_node_AmazonEKSWorkerNodePolicy: Creation complete after 0s [id=nodeaws-dev-eks-node-role-20260127094036382500000003]
aws_iam_role_policy_attachment.eks_cluster_AmazonEKSVPCResourceController: Creation complete after 0s [id=nodeaws-dev-eks-cluster-role-20260127094036382100000002]
aws_iam_role_policy_attachment.eks_node_AmazonEC2ContainerRegistryReadOnly: Creation complete after 0s [id=nodeaws-dev-eks-node-role-20260127094036383900000004]
aws_iam_role_policy_attachment.eks_cluster_AmazonEKSClusterPolicy: Creation complete after 0s [id=nodeaws-dev-eks-cluster-role-20260127094036383900000005]
aws_ecr_repository.app: Creation complete after 2s [id=my-ecr-repo]
aws_ecr_lifecycle_policy.app: Creating...
aws_ecr_lifecycle_policy.app: Creation complete after 0s [id=my-ecr-repo]
aws_vpc.this: Still creating... [00m10s elapsed]
aws_vpc.this: Creation complete after 10s [id=vpc-44335a5401a8cf7ff]
aws_internet_gateway.this: Creating...
aws_route_table.public: Creating...
aws_subnet.private["us-east-1b"]: Creating...
aws_subnet.public["us-east-1b"]: Creating...
aws_subnet.private["us-east-1a"]: Creating...
aws_subnet.public["us-east-1a"]: Creating...
aws_security_group.eks_cluster: Creating...
aws_subnet.private["us-east-1b"]: Creation complete after 0s [id=subnet-5fe7cd306cc6dc34a]
aws_internet_gateway.this: Creation complete after 0s [id=igw-add5a0849173bb476]
aws_subnet.private["us-east-1a"]: Creation complete after 0s [id=subnet-585057599aacaae20]
aws_route_table.private["us-east-1b"]: Creating...
aws_route_table.private["us-east-1a"]: Creating...
aws_route_table.public: Creation complete after 0s [id=rtb-3d55365c3d87365d2]
aws_route.public_internet: Creating...
aws_route_table.private["us-east-1a"]: Creation complete after 0s [id=rtb-d202b15eb85dfc0b7]
aws_route_table.private["us-east-1b"]: Creation complete after 0s [id=rtb-3bc06f9747a2398a5]
aws_route_table_association.private["us-east-1a"]: Creating...
aws_route_table_association.private["us-east-1b"]: Creating...
aws_route_table_association.private["us-east-1b"]: Creation complete after 1s [id=rtbassoc-9f03940a9731970e9]
aws_route_table_association.private["us-east-1a"]: Creation complete after 1s [id=rtbassoc-312f7fc20922a817b]
aws_security_group.eks_cluster: Creation complete after 1s [id=sg-d6f3f1c00d496b348]
aws_route.public_internet: Creation complete after 1s [id=r-rtb-3d55365c3d87365d21080289494]
aws_security_group.eks_nodes: Creating...
aws_security_group.eks_nodes: Creation complete after 0s [id=sg-2089a4b369943aae7]
aws_subnet.public["us-east-1a"]: Still creating... [00m10s elapsed]
aws_subnet.public["us-east-1b"]: Still creating... [00m10s elapsed]
aws_subnet.public["us-east-1a"]: Creation complete after 10s [id=subnet-05c1e35a8000c6a2c]
aws_subnet.public["us-east-1b"]: Creation complete after 10s [id=subnet-c183be917356b760e]
aws_route_table_association.public["us-east-1b"]: Creating...
aws_route_table_association.public["us-east-1a"]: Creating...
aws_nat_gateway.this["single"]: Creating...
aws_eks_cluster.this: Creating...
aws_route_table_association.public["us-east-1b"]: Creation complete after 0s [id=rtbassoc-14d3a9d398d59ba0d]
aws_route_table_association.public["us-east-1a"]: Creation complete after 0s [id=rtbassoc-0cc0be218e183ac85]
aws_nat_gateway.this["single"]: Creation complete after 0s [id=nat-206a5413577813d88]
aws_route.private_nat["us-east-1a"]: Creating...
aws_route.private_nat["us-east-1b"]: Creating...
aws_route.private_nat["us-east-1b"]: Creation complete after 1s [id=r-rtb-3bc06f9747a2398a51080289494]
aws_route.private_nat["us-east-1a"]: Creation complete after 1s [id=r-rtb-d202b15eb85dfc0b71080289494]
aws_eks_cluster.this: Still creating... [00m10s elapsed]
aws_eks_cluster.this: Still creating... [00m20s elapsed]
aws_eks_cluster.this: Still creating... [00m30s elapsed]
aws_eks_cluster.this: Still creating... [00m40s elapsed]
aws_eks_cluster.this: Still creating... [00m50s elapsed]
aws_eks_cluster.this: Still creating... [01m00s elapsed]
aws_eks_cluster.this: Still creating... [01m10s elapsed]
aws_eks_cluster.this: Still creating... [01m20s elapsed]
aws_eks_cluster.this: Still creating... [01m30s elapsed]
aws_eks_cluster.this: Still creating... [01m40s elapsed]
aws_eks_cluster.this: Still creating... [01m50s elapsed]
aws_eks_cluster.this: Still creating... [02m00s elapsed]
aws_eks_cluster.this: Still creating... [02m10s elapsed]
aws_eks_cluster.this: Still creating... [02m20s elapsed]
aws_eks_cluster.this: Still creating... [02m30s elapsed]
