data.archive_file.lambda_dummy: Reading...
data.archive_file.lambda_dummy: Read complete after 0s [id=58e93fade67637870be5af38eff8d5aa66c7da49]

Terraform used the selected providers to generate the following execution
plan. Resource actions are indicated with the following symbols:
  + create

Terraform will perform the following actions:

  # aws_apigatewayv2_api.lambda will be created
  + resource "aws_apigatewayv2_api" "lambda" {
      + api_endpoint                 = (known after apply)
      + api_key_selection_expression = "$request.header.x-api-key"
      + arn                          = (known after apply)
      + execution_arn                = (known after apply)
      + id                           = (known after apply)
      + ip_address_type              = (known after apply)
      + name                         = "lambda-api-api"
      + protocol_type                = "HTTP"
      + region                       = "us-east-1"
      + route_selection_expression   = "$request.method $request.path"
      + tags_all                     = (known after apply)
    }

  # aws_apigatewayv2_integration.lambda will be created
  + resource "aws_apigatewayv2_integration" "lambda" {
      + api_id                                    = (known after apply)
      + connection_type                           = "INTERNET"
      + id                                        = (known after apply)
      + integration_method                        = "POST"
      + integration_response_selection_expression = (known after apply)
      + integration_type                          = "AWS_PROXY"
      + integration_uri                           = (known after apply)
      + payload_format_version                    = "2.0"
      + region                                    = "us-east-1"
      + timeout_milliseconds                      = (known after apply)
    }

  # aws_apigatewayv2_route.list_bucket_content will be created
  + resource "aws_apigatewayv2_route" "list_bucket_content" {
      + api_id             = (known after apply)
      + api_key_required   = false
      + authorization_type = "NONE"
      + id                 = (known after apply)
      + region             = "us-east-1"
      + route_key          = "GET /list-bucket-content/{folder+}"
      + target             = (known after apply)
    }

  # aws_apigatewayv2_route.list_bucket_content_root will be created
  + resource "aws_apigatewayv2_route" "list_bucket_content_root" {
      + api_id             = (known after apply)
      + api_key_required   = false
      + authorization_type = "NONE"
      + id                 = (known after apply)
      + region             = "us-east-1"
      + route_key          = "GET /list-bucket-content"
      + target             = (known after apply)
    }

  # aws_apigatewayv2_stage.lambda will be created
  + resource "aws_apigatewayv2_stage" "lambda" {
      + api_id        = (known after apply)
      + arn           = (known after apply)
      + auto_deploy   = true
      + deployment_id = (known after apply)
      + execution_arn = (known after apply)
      + id            = (known after apply)
      + invoke_url    = (known after apply)
      + name          = "v1"
      + region        = "us-east-1"
      + tags_all      = (known after apply)
    }

  # aws_iam_policy.lambda_s3_policy will be created
  + resource "aws_iam_policy" "lambda_s3_policy" {
      + arn              = (known after apply)
      + attachment_count = (known after apply)
      + id               = (known after apply)
      + name             = "lambda-api-lambda-s3-policy"
      + name_prefix      = (known after apply)
      + path             = "/"
      + policy           = (known after apply)
      + policy_id        = (known after apply)
      + tags_all         = (known after apply)
    }

  # aws_iam_role.lambda_exec will be created
  + resource "aws_iam_role" "lambda_exec" {
      + arn                   = (known after apply)
      + assume_role_policy    = jsonencode(
            {
              + Statement = [
                  + {
                      + Action    = "sts:AssumeRole"
                      + Effect    = "Allow"
                      + Principal = {
                          + Service = "lambda.amazonaws.com"
                        }
                    },
                ]
              + Version   = "2012-10-17"
            }
        )
      + create_date           = (known after apply)
      + force_detach_policies = false
      + id                    = (known after apply)
      + managed_policy_arns   = (known after apply)
      + max_session_duration  = 3600
      + name                  = "lambda-api-lambda-exec"
      + name_prefix           = (known after apply)
      + path                  = "/"
      + tags_all              = (known after apply)
      + unique_id             = (known after apply)

      + inline_policy (known after apply)
    }

  # aws_iam_role_policy_attachment.lambda_basic_attach will be created
  + resource "aws_iam_role_policy_attachment" "lambda_basic_attach" {
      + id         = (known after apply)
      + policy_arn = "arn:aws:iam::aws:policy/service-role/AWSLambdaBasicExecutionRole"
      + role       = "lambda-api-lambda-exec"
    }

  # aws_iam_role_policy_attachment.lambda_s3_attach will be created
  + resource "aws_iam_role_policy_attachment" "lambda_s3_attach" {
      + id         = (known after apply)
      + policy_arn = (known after apply)
      + role       = "lambda-api-lambda-exec"
    }

  # aws_lambda_function.lambda will be created
  + resource "aws_lambda_function" "lambda" {
      + architectures                  = (known after apply)
      + arn                            = (known after apply)
      + code_sha256                    = (known after apply)
      + filename                       = "./.dummy/lambda.zip"
      + function_name                  = "lambda-api-function"
      + handler                        = "lambda_function.lambda_handler"
      + id                             = (known after apply)
      + invoke_arn                     = (known after apply)
      + last_modified                  = (known after apply)
      + memory_size                    = 128
      + package_type                   = "Zip"
      + publish                        = false
      + qualified_arn                  = (known after apply)
      + qualified_invoke_arn           = (known after apply)
      + region                         = "us-east-1"
      + reserved_concurrent_executions = -1
      + response_streaming_invoke_arn  = (known after apply)
      + role                           = (known after apply)
      + runtime                        = "python3.11"
      + signing_job_arn                = (known after apply)
      + signing_profile_version_arn    = (known after apply)
      + skip_destroy                   = false
      + source_code_hash               = "wmbalFzzY/wG3ivChKElOZB3+B4gptmQyIat05p+fU4="
      + source_code_size               = (known after apply)
      + tags_all                       = (known after apply)
      + timeout                        = 3
      + version                        = (known after apply)

      + environment {
          + variables = {
              + "BUCKET_NAME" = "lambda-api-bucket"
            }
        }

      + ephemeral_storage (known after apply)

      + logging_config (known after apply)

      + tracing_config (known after apply)
    }

  # aws_lambda_permission.apigw will be created
  + resource "aws_lambda_permission" "apigw" {
      + action              = "lambda:InvokeFunction"
      + function_name       = "lambda-api-function"
      + id                  = (known after apply)
      + principal           = "apigateway.amazonaws.com"
      + region              = "us-east-1"
      + source_arn          = (known after apply)
      + statement_id        = "AllowAPIGatewayInvoke"
      + statement_id_prefix = (known after apply)
    }

  # aws_s3_bucket.app_bucket will be created
  + resource "aws_s3_bucket" "app_bucket" {
      + acceleration_status         = (known after apply)
      + acl                         = (known after apply)
      + arn                         = (known after apply)
      + bucket                      = "lambda-api-bucket"
      + bucket_domain_name          = (known after apply)
      + bucket_prefix               = (known after apply)
      + bucket_region               = (known after apply)
      + bucket_regional_domain_name = (known after apply)
      + force_destroy               = true
      + hosted_zone_id              = (known after apply)
      + id                          = (known after apply)
      + object_lock_enabled         = (known after apply)
      + policy                      = (known after apply)
      + region                      = "us-east-1"
      + request_payer               = (known after apply)
      + tags                        = {
          + "App"  = "lambda-api"
          + "Name" = "lambda-api-bucket"
        }
      + tags_all                    = {
          + "App"  = "lambda-api"
          + "Name" = "lambda-api-bucket"
        }
      + website_domain              = (known after apply)
      + website_endpoint            = (known after apply)

      + cors_rule (known after apply)

      + grant (known after apply)

      + lifecycle_rule (known after apply)

      + logging (known after apply)

      + object_lock_configuration (known after apply)

      + replication_configuration (known after apply)

      + server_side_encryption_configuration (known after apply)

      + versioning (known after apply)

      + website (known after apply)
    }

Plan: 12 to add, 0 to change, 0 to destroy.

Changes to Outputs:
  + api_gateway_url      = (known after apply)
  + bucket_name          = (known after apply)
  + lambda_function_name = "lambda-api-function"
aws_iam_role.lambda_exec: Creating...
aws_apigatewayv2_api.lambda: Creating...
aws_s3_bucket.app_bucket: Creating...
aws_iam_role.lambda_exec: Creation complete after 0s [id=lambda-api-lambda-exec]
aws_iam_role_policy_attachment.lambda_basic_attach: Creating...
aws_iam_role_policy_attachment.lambda_basic_attach: Creation complete after 0s [id=lambda-api-lambda-exec/arn:aws:iam::aws:policy/service-role/AWSLambdaBasicExecutionRole]
aws_apigatewayv2_api.lambda: Creation complete after 0s [id=b2dd7aff]
aws_apigatewayv2_stage.lambda: Creating...
aws_apigatewayv2_stage.lambda: Creation complete after 0s [id=v1]
aws_s3_bucket.app_bucket: Still creating... [00m10s elapsed]
aws_s3_bucket.app_bucket: Still creating... [00m20s elapsed]
aws_s3_bucket.app_bucket: Still creating... [00m30s elapsed]
aws_s3_bucket.app_bucket: Still creating... [00m40s elapsed]
aws_s3_bucket.app_bucket: Still creating... [00m50s elapsed]
aws_s3_bucket.app_bucket: Still creating... [01m00s elapsed]
aws_s3_bucket.app_bucket: Still creating... [01m10s elapsed]
aws_s3_bucket.app_bucket: Still creating... [01m20s elapsed]
aws_s3_bucket.app_bucket: Still creating... [01m30s elapsed]
aws_s3_bucket.app_bucket: Still creating... [01m40s elapsed]
aws_s3_bucket.app_bucket: Still creating... [01m50s elapsed]
aws_s3_bucket.app_bucket: Still creating... [02m00s elapsed]
aws_s3_bucket.app_bucket: Still creating... [02m10s elapsed]
aws_s3_bucket.app_bucket: Still creating... [02m20s elapsed]
aws_s3_bucket.app_bucket: Still creating... [02m30s elapsed]
aws_s3_bucket.app_bucket: Still creating... [02m40s elapsed]
aws_s3_bucket.app_bucket: Still creating... [02m50s elapsed]
aws_s3_bucket.app_bucket: Still creating... [03m00s elapsed]
aws_s3_bucket.app_bucket: Still creating... [03m10s elapsed]
aws_s3_bucket.app_bucket: Still creating... [03m20s elapsed]
aws_s3_bucket.app_bucket: Still creating... [03m30s elapsed]
aws_s3_bucket.app_bucket: Still creating... [03m40s elapsed]
aws_s3_bucket.app_bucket: Still creating... [03m50s elapsed]
aws_s3_bucket.app_bucket: Still creating... [04m00s elapsed]
aws_s3_bucket.app_bucket: Still creating... [04m10s elapsed]
aws_s3_bucket.app_bucket: Still creating... [04m20s elapsed]
aws_s3_bucket.app_bucket: Still creating... [04m30s elapsed]
aws_s3_bucket.app_bucket: Still creating... [04m40s elapsed]
aws_s3_bucket.app_bucket: Still creating... [04m50s elapsed]
aws_s3_bucket.app_bucket: Still creating... [05m00s elapsed]
aws_s3_bucket.app_bucket: Still creating... [05m10s elapsed]
aws_s3_bucket.app_bucket: Still creating... [05m20s elapsed]
aws_s3_bucket.app_bucket: Still creating... [05m30s elapsed]
aws_s3_bucket.app_bucket: Still creating... [05m40s elapsed]
aws_s3_bucket.app_bucket: Still creating... [05m50s elapsed]
aws_s3_bucket.app_bucket: Still creating... [06m00s elapsed]
aws_s3_bucket.app_bucket: Still creating... [06m10s elapsed]
aws_s3_bucket.app_bucket: Still creating... [06m20s elapsed]
aws_s3_bucket.app_bucket: Still creating... [06m30s elapsed]
aws_s3_bucket.app_bucket: Still creating... [06m40s elapsed]
aws_s3_bucket.app_bucket: Still creating... [06m50s elapsed]
aws_s3_bucket.app_bucket: Still creating... [07m00s elapsed]
aws_s3_bucket.app_bucket: Still creating... [07m10s elapsed]
aws_s3_bucket.app_bucket: Still creating... [07m20s elapsed]
aws_s3_bucket.app_bucket: Still creating... [07m30s elapsed]
aws_s3_bucket.app_bucket: Still creating... [07m40s elapsed]
aws_s3_bucket.app_bucket: Still creating... [07m50s elapsed]
aws_s3_bucket.app_bucket: Still creating... [08m00s elapsed]
aws_s3_bucket.app_bucket: Still creating... [08m10s elapsed]
aws_s3_bucket.app_bucket: Still creating... [08m20s elapsed]
aws_s3_bucket.app_bucket: Still creating... [08m30s elapsed]
aws_s3_bucket.app_bucket: Still creating... [08m40s elapsed]
aws_s3_bucket.app_bucket: Still creating... [08m50s elapsed]
aws_s3_bucket.app_bucket: Still creating... [09m00s elapsed]
aws_s3_bucket.app_bucket: Still creating... [09m10s elapsed]
aws_s3_bucket.app_bucket: Still creating... [09m20s elapsed]
aws_s3_bucket.app_bucket: Still creating... [09m30s elapsed]
aws_s3_bucket.app_bucket: Still creating... [09m40s elapsed]
aws_s3_bucket.app_bucket: Still creating... [09m50s elapsed]
aws_s3_bucket.app_bucket: Still creating... [10m00s elapsed]
aws_s3_bucket.app_bucket: Still creating... [10m10s elapsed]
aws_s3_bucket.app_bucket: Still creating... [10m20s elapsed]
aws_s3_bucket.app_bucket: Still creating... [10m30s elapsed]
aws_s3_bucket.app_bucket: Still creating... [10m40s elapsed]
aws_s3_bucket.app_bucket: Still creating... [10m50s elapsed]
aws_s3_bucket.app_bucket: Still creating... [11m00s elapsed]
aws_s3_bucket.app_bucket: Still creating... [11m10s elapsed]
aws_s3_bucket.app_bucket: Still creating... [11m20s elapsed]
aws_s3_bucket.app_bucket: Still creating... [11m30s elapsed]
aws_s3_bucket.app_bucket: Still creating... [11m40s elapsed]
aws_s3_bucket.app_bucket: Still creating... [11m50s elapsed]
aws_s3_bucket.app_bucket: Still creating... [12m00s elapsed]
aws_s3_bucket.app_bucket: Still creating... [12m10s elapsed]
aws_s3_bucket.app_bucket: Still creating... [12m20s elapsed]
aws_s3_bucket.app_bucket: Still creating... [12m30s elapsed]
aws_s3_bucket.app_bucket: Still creating... [12m40s elapsed]
aws_s3_bucket.app_bucket: Still creating... [12m50s elapsed]
aws_s3_bucket.app_bucket: Still creating... [13m00s elapsed]
aws_s3_bucket.app_bucket: Still creating... [13m10s elapsed]
aws_s3_bucket.app_bucket: Still creating... [13m20s elapsed]
aws_s3_bucket.app_bucket: Still creating... [13m30s elapsed]
aws_s3_bucket.app_bucket: Still creating... [13m40s elapsed]
aws_s3_bucket.app_bucket: Still creating... [13m50s elapsed]
aws_s3_bucket.app_bucket: Still creating... [14m00s elapsed]
aws_s3_bucket.app_bucket: Still creating... [14m10s elapsed]
aws_s3_bucket.app_bucket: Still creating... [14m20s elapsed]
aws_s3_bucket.app_bucket: Still creating... [14m30s elapsed]
aws_s3_bucket.app_bucket: Still creating... [14m40s elapsed]
aws_s3_bucket.app_bucket: Still creating... [14m50s elapsed]
aws_s3_bucket.app_bucket: Still creating... [15m00s elapsed]
aws_s3_bucket.app_bucket: Still creating... [15m10s elapsed]
aws_s3_bucket.app_bucket: Still creating... [15m20s elapsed]
aws_s3_bucket.app_bucket: Still creating... [15m30s elapsed]
aws_s3_bucket.app_bucket: Still creating... [15m40s elapsed]
aws_s3_bucket.app_bucket: Still creating... [15m50s elapsed]
aws_s3_bucket.app_bucket: Still creating... [16m00s elapsed]
aws_s3_bucket.app_bucket: Still creating... [16m10s elapsed]
aws_s3_bucket.app_bucket: Still creating... [16m20s elapsed]
aws_s3_bucket.app_bucket: Still creating... [16m30s elapsed]
aws_s3_bucket.app_bucket: Still creating... [16m40s elapsed]
aws_s3_bucket.app_bucket: Still creating... [16m50s elapsed]
aws_s3_bucket.app_bucket: Still creating... [17m00s elapsed]
aws_s3_bucket.app_bucket: Still creating... [17m10s elapsed]
aws_s3_bucket.app_bucket: Still creating... [17m20s elapsed]
aws_s3_bucket.app_bucket: Still creating... [17m30s elapsed]
aws_s3_bucket.app_bucket: Still creating... [17m40s elapsed]
aws_s3_bucket.app_bucket: Still creating... [17m50s elapsed]
aws_s3_bucket.app_bucket: Still creating... [18m00s elapsed]
aws_s3_bucket.app_bucket: Still creating... [18m10s elapsed]
aws_s3_bucket.app_bucket: Still creating... [18m20s elapsed]
aws_s3_bucket.app_bucket: Still creating... [18m30s elapsed]
aws_s3_bucket.app_bucket: Still creating... [18m40s elapsed]
aws_s3_bucket.app_bucket: Still creating... [18m50s elapsed]
aws_s3_bucket.app_bucket: Still creating... [19m00s elapsed]
aws_s3_bucket.app_bucket: Still creating... [19m10s elapsed]
aws_s3_bucket.app_bucket: Still creating... [19m20s elapsed]
aws_s3_bucket.app_bucket: Still creating... [19m30s elapsed]
aws_s3_bucket.app_bucket: Still creating... [19m40s elapsed]
aws_s3_bucket.app_bucket: Still creating... [19m50s elapsed]
aws_s3_bucket.app_bucket: Still creating... [20m00s elapsed]
aws_s3_bucket.app_bucket: Still creating... [20m10s elapsed]
aws_s3_bucket.app_bucket: Still creating... [20m20s elapsed]
aws_s3_bucket.app_bucket: Still creating... [20m30s elapsed]
aws_s3_bucket.app_bucket: Still creating... [20m40s elapsed]
aws_s3_bucket.app_bucket: Still creating... [20m50s elapsed]
aws_s3_bucket.app_bucket: Still creating... [21m00s elapsed]
aws_s3_bucket.app_bucket: Still creating... [21m10s elapsed]
aws_s3_bucket.app_bucket: Still creating... [21m20s elapsed]
aws_s3_bucket.app_bucket: Still creating... [21m30s elapsed]
aws_s3_bucket.app_bucket: Still creating... [21m40s elapsed]
aws_s3_bucket.app_bucket: Still creating... [21m50s elapsed]
aws_s3_bucket.app_bucket: Still creating... [22m00s elapsed]
aws_s3_bucket.app_bucket: Still creating... [22m10s elapsed]
aws_s3_bucket.app_bucket: Still creating... [22m20s elapsed]
aws_s3_bucket.app_bucket: Still creating... [22m30s elapsed]
aws_s3_bucket.app_bucket: Still creating... [22m40s elapsed]
aws_s3_bucket.app_bucket: Still creating... [22m50s elapsed]
aws_s3_bucket.app_bucket: Still creating... [23m00s elapsed]
aws_s3_bucket.app_bucket: Still creating... [23m10s elapsed]
aws_s3_bucket.app_bucket: Still creating... [23m20s elapsed]
aws_s3_bucket.app_bucket: Still creating... [23m30s elapsed]
aws_s3_bucket.app_bucket: Still creating... [23m40s elapsed]
aws_s3_bucket.app_bucket: Still creating... [23m50s elapsed]
aws_s3_bucket.app_bucket: Still creating... [24m00s elapsed]
aws_s3_bucket.app_bucket: Still creating... [24m10s elapsed]
aws_s3_bucket.app_bucket: Still creating... [24m20s elapsed]
aws_s3_bucket.app_bucket: Still creating... [24m30s elapsed]
aws_s3_bucket.app_bucket: Still creating... [24m40s elapsed]
aws_s3_bucket.app_bucket: Still creating... [24m50s elapsed]
aws_s3_bucket.app_bucket: Still creating... [25m00s elapsed]
aws_s3_bucket.app_bucket: Still creating... [25m10s elapsed]
aws_s3_bucket.app_bucket: Still creating... [25m20s elapsed]
aws_s3_bucket.app_bucket: Still creating... [25m30s elapsed]
aws_s3_bucket.app_bucket: Still creating... [25m40s elapsed]
aws_s3_bucket.app_bucket: Still creating... [25m50s elapsed]
aws_s3_bucket.app_bucket: Still creating... [26m00s elapsed]
aws_s3_bucket.app_bucket: Still creating... [26m10s elapsed]
aws_s3_bucket.app_bucket: Still creating... [26m20s elapsed]
aws_s3_bucket.app_bucket: Still creating... [26m30s elapsed]
aws_s3_bucket.app_bucket: Still creating... [26m40s elapsed]
aws_s3_bucket.app_bucket: Still creating... [26m50s elapsed]
aws_s3_bucket.app_bucket: Still creating... [27m00s elapsed]
aws_s3_bucket.app_bucket: Still creating... [27m10s elapsed]
aws_s3_bucket.app_bucket: Still creating... [27m20s elapsed]
aws_s3_bucket.app_bucket: Still creating... [27m30s elapsed]
aws_s3_bucket.app_bucket: Still creating... [27m40s elapsed]
aws_s3_bucket.app_bucket: Still creating... [27m50s elapsed]
aws_s3_bucket.app_bucket: Still creating... [28m00s elapsed]
aws_s3_bucket.app_bucket: Still creating... [28m10s elapsed]
aws_s3_bucket.app_bucket: Still creating... [28m20s elapsed]
aws_s3_bucket.app_bucket: Still creating... [28m30s elapsed]
aws_s3_bucket.app_bucket: Still creating... [28m40s elapsed]
aws_s3_bucket.app_bucket: Still creating... [28m50s elapsed]
aws_s3_bucket.app_bucket: Still creating... [29m00s elapsed]
aws_s3_bucket.app_bucket: Still creating... [29m10s elapsed]
aws_s3_bucket.app_bucket: Still creating... [29m20s elapsed]
aws_s3_bucket.app_bucket: Still creating... [29m30s elapsed]
aws_s3_bucket.app_bucket: Still creating... [29m40s elapsed]
aws_s3_bucket.app_bucket: Still creating... [29m50s elapsed]
aws_s3_bucket.app_bucket: Still creating... [30m00s elapsed]
aws_s3_bucket.app_bucket: Still creating... [30m10s elapsed]
aws_s3_bucket.app_bucket: Still creating... [30m20s elapsed]
aws_s3_bucket.app_bucket: Still creating... [30m30s elapsed]
aws_s3_bucket.app_bucket: Still creating... [30m40s elapsed]
aws_s3_bucket.app_bucket: Still creating... [30m50s elapsed]
aws_s3_bucket.app_bucket: Still creating... [31m00s elapsed]
aws_s3_bucket.app_bucket: Still creating... [31m10s elapsed]
aws_s3_bucket.app_bucket: Still creating... [31m20s elapsed]
aws_s3_bucket.app_bucket: Still creating... [31m30s elapsed]
aws_s3_bucket.app_bucket: Still creating... [31m40s elapsed]
aws_s3_bucket.app_bucket: Still creating... [31m50s elapsed]
aws_s3_bucket.app_bucket: Still creating... [32m00s elapsed]
aws_s3_bucket.app_bucket: Still creating... [32m10s elapsed]
aws_s3_bucket.app_bucket: Still creating... [32m20s elapsed]
aws_s3_bucket.app_bucket: Still creating... [32m30s elapsed]
aws_s3_bucket.app_bucket: Still creating... [32m40s elapsed]
aws_s3_bucket.app_bucket: Still creating... [32m50s elapsed]
aws_s3_bucket.app_bucket: Still creating... [33m00s elapsed]
aws_s3_bucket.app_bucket: Still creating... [33m10s elapsed]
aws_s3_bucket.app_bucket: Still creating... [33m20s elapsed]
aws_s3_bucket.app_bucket: Still creating... [33m30s elapsed]
aws_s3_bucket.app_bucket: Still creating... [33m40s elapsed]
aws_s3_bucket.app_bucket: Still creating... [33m50s elapsed]
aws_s3_bucket.app_bucket: Still creating... [34m00s elapsed]
aws_s3_bucket.app_bucket: Still creating... [34m10s elapsed]
aws_s3_bucket.app_bucket: Still creating... [34m20s elapsed]
aws_s3_bucket.app_bucket: Still creating... [34m30s elapsed]
aws_s3_bucket.app_bucket: Still creating... [34m40s elapsed]
aws_s3_bucket.app_bucket: Still creating... [34m50s elapsed]
aws_s3_bucket.app_bucket: Still creating... [35m00s elapsed]
aws_s3_bucket.app_bucket: Still creating... [35m10s elapsed]
aws_s3_bucket.app_bucket: Still creating... [35m20s elapsed]
aws_s3_bucket.app_bucket: Still creating... [35m30s elapsed]
aws_s3_bucket.app_bucket: Still creating... [35m40s elapsed]
aws_s3_bucket.app_bucket: Still creating... [35m50s elapsed]
aws_s3_bucket.app_bucket: Still creating... [36m00s elapsed]
aws_s3_bucket.app_bucket: Still creating... [36m10s elapsed]
aws_s3_bucket.app_bucket: Still creating... [36m20s elapsed]
aws_s3_bucket.app_bucket: Still creating... [36m30s elapsed]
aws_s3_bucket.app_bucket: Still creating... [36m40s elapsed]
aws_s3_bucket.app_bucket: Still creating... [36m50s elapsed]
aws_s3_bucket.app_bucket: Still creating... [37m00s elapsed]
aws_s3_bucket.app_bucket: Still creating... [37m10s elapsed]
aws_s3_bucket.app_bucket: Still creating... [37m20s elapsed]
aws_s3_bucket.app_bucket: Still creating... [37m30s elapsed]
aws_s3_bucket.app_bucket: Still creating... [37m40s elapsed]
aws_s3_bucket.app_bucket: Still creating... [37m50s elapsed]
aws_s3_bucket.app_bucket: Still creating... [38m00s elapsed]
aws_s3_bucket.app_bucket: Still creating... [38m10s elapsed]
aws_s3_bucket.app_bucket: Still creating... [38m20s elapsed]
aws_s3_bucket.app_bucket: Still creating... [38m30s elapsed]
aws_s3_bucket.app_bucket: Still creating... [38m40s elapsed]
aws_s3_bucket.app_bucket: Still creating... [38m50s elapsed]
aws_s3_bucket.app_bucket: Still creating... [39m00s elapsed]
aws_s3_bucket.app_bucket: Still creating... [39m10s elapsed]
aws_s3_bucket.app_bucket: Still creating... [39m20s elapsed]
aws_s3_bucket.app_bucket: Still creating... [39m30s elapsed]
aws_s3_bucket.app_bucket: Still creating... [39m40s elapsed]
aws_s3_bucket.app_bucket: Still creating... [39m50s elapsed]
aws_s3_bucket.app_bucket: Still creating... [40m00s elapsed]
aws_s3_bucket.app_bucket: Still creating... [40m10s elapsed]
aws_s3_bucket.app_bucket: Still creating... [40m20s elapsed]
aws_s3_bucket.app_bucket: Still creating... [40m30s elapsed]
aws_s3_bucket.app_bucket: Still creating... [40m40s elapsed]
aws_s3_bucket.app_bucket: Still creating... [40m50s elapsed]
aws_s3_bucket.app_bucket: Still creating... [41m00s elapsed]
aws_s3_bucket.app_bucket: Still creating... [41m10s elapsed]
aws_s3_bucket.app_bucket: Still creating... [41m20s elapsed]
aws_s3_bucket.app_bucket: Still creating... [41m30s elapsed]
aws_s3_bucket.app_bucket: Still creating... [41m40s elapsed]
aws_s3_bucket.app_bucket: Still creating... [41m50s elapsed]
aws_s3_bucket.app_bucket: Still creating... [42m00s elapsed]
aws_s3_bucket.app_bucket: Still creating... [42m10s elapsed]
aws_s3_bucket.app_bucket: Still creating... [42m20s elapsed]
aws_s3_bucket.app_bucket: Still creating... [42m30s elapsed]
aws_s3_bucket.app_bucket: Still creating... [42m40s elapsed]
aws_s3_bucket.app_bucket: Still creating... [42m50s elapsed]
aws_s3_bucket.app_bucket: Still creating... [43m00s elapsed]
aws_s3_bucket.app_bucket: Still creating... [43m10s elapsed]
aws_s3_bucket.app_bucket: Still creating... [43m20s elapsed]
aws_s3_bucket.app_bucket: Still creating... [43m30s elapsed]
aws_s3_bucket.app_bucket: Still creating... [43m40s elapsed]
aws_s3_bucket.app_bucket: Still creating... [43m50s elapsed]
aws_s3_bucket.app_bucket: Still creating... [44m00s elapsed]
aws_s3_bucket.app_bucket: Still creating... [44m10s elapsed]
aws_s3_bucket.app_bucket: Still creating... [44m20s elapsed]
aws_s3_bucket.app_bucket: Still creating... [44m30s elapsed]
aws_s3_bucket.app_bucket: Still creating... [44m40s elapsed]
aws_s3_bucket.app_bucket: Still creating... [44m50s elapsed]
aws_s3_bucket.app_bucket: Still creating... [45m00s elapsed]
aws_s3_bucket.app_bucket: Still creating... [45m10s elapsed]
aws_s3_bucket.app_bucket: Still creating... [45m20s elapsed]
aws_s3_bucket.app_bucket: Still creating... [45m30s elapsed]
aws_s3_bucket.app_bucket: Still creating... [45m40s elapsed]
aws_s3_bucket.app_bucket: Still creating... [45m50s elapsed]
aws_s3_bucket.app_bucket: Still creating... [46m00s elapsed]
aws_s3_bucket.app_bucket: Still creating... [46m10s elapsed]
aws_s3_bucket.app_bucket: Still creating... [46m20s elapsed]
aws_s3_bucket.app_bucket: Still creating... [46m30s elapsed]
aws_s3_bucket.app_bucket: Still creating... [46m40s elapsed]
aws_s3_bucket.app_bucket: Still creating... [46m50s elapsed]
aws_s3_bucket.app_bucket: Still creating... [47m00s elapsed]
aws_s3_bucket.app_bucket: Still creating... [47m10s elapsed]
aws_s3_bucket.app_bucket: Still creating... [47m20s elapsed]
aws_s3_bucket.app_bucket: Still creating... [47m30s elapsed]
aws_s3_bucket.app_bucket: Still creating... [47m40s elapsed]
aws_s3_bucket.app_bucket: Still creating... [47m50s elapsed]
aws_s3_bucket.app_bucket: Still creating... [48m00s elapsed]
aws_s3_bucket.app_bucket: Still creating... [48m10s elapsed]
aws_s3_bucket.app_bucket: Still creating... [48m20s elapsed]
aws_s3_bucket.app_bucket: Still creating... [48m30s elapsed]
aws_s3_bucket.app_bucket: Still creating... [48m40s elapsed]
aws_s3_bucket.app_bucket: Still creating... [48m50s elapsed]
aws_s3_bucket.app_bucket: Still creating... [49m00s elapsed]
aws_s3_bucket.app_bucket: Still creating... [49m10s elapsed]
aws_s3_bucket.app_bucket: Still creating... [49m20s elapsed]
aws_s3_bucket.app_bucket: Still creating... [49m30s elapsed]
aws_s3_bucket.app_bucket: Still creating... [49m40s elapsed]
aws_s3_bucket.app_bucket: Still creating... [49m50s elapsed]
aws_s3_bucket.app_bucket: Still creating... [50m00s elapsed]
aws_s3_bucket.app_bucket: Still creating... [50m10s elapsed]
aws_s3_bucket.app_bucket: Still creating... [50m20s elapsed]
aws_s3_bucket.app_bucket: Still creating... [50m30s elapsed]
aws_s3_bucket.app_bucket: Still creating... [50m40s elapsed]
aws_s3_bucket.app_bucket: Still creating... [50m50s elapsed]
aws_s3_bucket.app_bucket: Still creating... [51m00s elapsed]
aws_s3_bucket.app_bucket: Still creating... [51m10s elapsed]
aws_s3_bucket.app_bucket: Still creating... [51m20s elapsed]
aws_s3_bucket.app_bucket: Still creating... [51m30s elapsed]
aws_s3_bucket.app_bucket: Still creating... [51m40s elapsed]
aws_s3_bucket.app_bucket: Still creating... [51m50s elapsed]
aws_s3_bucket.app_bucket: Still creating... [52m00s elapsed]
aws_s3_bucket.app_bucket: Still creating... [52m10s elapsed]
aws_s3_bucket.app_bucket: Still creating... [52m20s elapsed]
aws_s3_bucket.app_bucket: Still creating... [52m30s elapsed]
aws_s3_bucket.app_bucket: Still creating... [52m40s elapsed]
aws_s3_bucket.app_bucket: Still creating... [52m50s elapsed]
aws_s3_bucket.app_bucket: Still creating... [53m00s elapsed]
aws_s3_bucket.app_bucket: Still creating... [53m10s elapsed]
aws_s3_bucket.app_bucket: Still creating... [53m20s elapsed]
aws_s3_bucket.app_bucket: Still creating... [53m30s elapsed]
aws_s3_bucket.app_bucket: Still creating... [53m40s elapsed]
aws_s3_bucket.app_bucket: Still creating... [53m50s elapsed]
aws_s3_bucket.app_bucket: Still creating... [54m00s elapsed]
aws_s3_bucket.app_bucket: Still creating... [54m10s elapsed]
aws_s3_bucket.app_bucket: Still creating... [54m20s elapsed]
aws_s3_bucket.app_bucket: Still creating... [54m30s elapsed]
aws_s3_bucket.app_bucket: Still creating... [54m40s elapsed]
aws_s3_bucket.app_bucket: Still creating... [54m50s elapsed]
aws_s3_bucket.app_bucket: Still creating... [55m00s elapsed]
aws_s3_bucket.app_bucket: Still creating... [55m10s elapsed]
aws_s3_bucket.app_bucket: Still creating... [55m20s elapsed]
aws_s3_bucket.app_bucket: Still creating... [55m30s elapsed]
aws_s3_bucket.app_bucket: Still creating... [55m40s elapsed]
aws_s3_bucket.app_bucket: Still creating... [55m50s elapsed]
aws_s3_bucket.app_bucket: Still creating... [56m01s elapsed]
aws_s3_bucket.app_bucket: Still creating... [56m11s elapsed]
aws_s3_bucket.app_bucket: Still creating... [56m21s elapsed]
aws_s3_bucket.app_bucket: Still creating... [56m31s elapsed]
aws_s3_bucket.app_bucket: Still creating... [56m41s elapsed]
aws_s3_bucket.app_bucket: Still creating... [56m51s elapsed]
aws_s3_bucket.app_bucket: Still creating... [57m01s elapsed]
aws_s3_bucket.app_bucket: Still creating... [57m11s elapsed]
aws_s3_bucket.app_bucket: Still creating... [57m21s elapsed]
aws_s3_bucket.app_bucket: Still creating... [57m31s elapsed]
aws_s3_bucket.app_bucket: Still creating... [57m41s elapsed]
aws_s3_bucket.app_bucket: Still creating... [57m51s elapsed]
aws_s3_bucket.app_bucket: Still creating... [58m01s elapsed]
aws_s3_bucket.app_bucket: Still creating... [58m11s elapsed]
aws_s3_bucket.app_bucket: Still creating... [58m21s elapsed]
aws_s3_bucket.app_bucket: Still creating... [58m31s elapsed]
aws_s3_bucket.app_bucket: Still creating... [58m41s elapsed]
aws_s3_bucket.app_bucket: Still creating... [58m51s elapsed]
aws_s3_bucket.app_bucket: Still creating... [59m01s elapsed]
aws_s3_bucket.app_bucket: Still creating... [59m11s elapsed]
aws_s3_bucket.app_bucket: Still creating... [59m21s elapsed]
aws_s3_bucket.app_bucket: Still creating... [59m31s elapsed]
aws_s3_bucket.app_bucket: Still creating... [59m41s elapsed]
aws_s3_bucket.app_bucket: Still creating... [59m51s elapsed]
aws_s3_bucket.app_bucket: Still creating... [60m01s elapsed]
aws_s3_bucket.app_bucket: Still creating... [60m11s elapsed]
aws_s3_bucket.app_bucket: Still creating... [60m21s elapsed]
aws_s3_bucket.app_bucket: Still creating... [60m31s elapsed]
aws_s3_bucket.app_bucket: Still creating... [60m41s elapsed]
aws_s3_bucket.app_bucket: Still creating... [60m51s elapsed]
aws_s3_bucket.app_bucket: Still creating... [61m01s elapsed]
aws_s3_bucket.app_bucket: Still creating... [61m11s elapsed]
aws_s3_bucket.app_bucket: Still creating... [61m21s elapsed]
aws_s3_bucket.app_bucket: Still creating... [61m31s elapsed]
aws_s3_bucket.app_bucket: Still creating... [61m41s elapsed]
aws_s3_bucket.app_bucket: Still creating... [61m51s elapsed]
aws_s3_bucket.app_bucket: Still creating... [62m01s elapsed]
aws_s3_bucket.app_bucket: Still creating... [62m11s elapsed]
aws_s3_bucket.app_bucket: Still creating... [62m21s elapsed]
aws_s3_bucket.app_bucket: Still creating... [62m31s elapsed]
aws_s3_bucket.app_bucket: Still creating... [62m41s elapsed]
aws_s3_bucket.app_bucket: Still creating... [62m51s elapsed]
aws_s3_bucket.app_bucket: Still creating... [63m01s elapsed]
aws_s3_bucket.app_bucket: Still creating... [63m11s elapsed]
aws_s3_bucket.app_bucket: Still creating... [63m21s elapsed]
aws_s3_bucket.app_bucket: Still creating... [63m31s elapsed]
aws_s3_bucket.app_bucket: Still creating... [63m41s elapsed]
aws_s3_bucket.app_bucket: Still creating... [63m51s elapsed]
aws_s3_bucket.app_bucket: Still creating... [64m01s elapsed]
aws_s3_bucket.app_bucket: Still creating... [64m11s elapsed]
aws_s3_bucket.app_bucket: Still creating... [64m21s elapsed]
aws_s3_bucket.app_bucket: Still creating... [64m31s elapsed]
aws_s3_bucket.app_bucket: Still creating... [64m41s elapsed]
aws_s3_bucket.app_bucket: Still creating... [64m51s elapsed]
aws_s3_bucket.app_bucket: Still creating... [65m01s elapsed]
aws_s3_bucket.app_bucket: Still creating... [65m11s elapsed]
aws_s3_bucket.app_bucket: Still creating... [65m21s elapsed]
aws_s3_bucket.app_bucket: Still creating... [65m31s elapsed]
aws_s3_bucket.app_bucket: Still creating... [65m41s elapsed]
aws_s3_bucket.app_bucket: Still creating... [65m51s elapsed]
aws_s3_bucket.app_bucket: Still creating... [66m01s elapsed]
aws_s3_bucket.app_bucket: Still creating... [66m11s elapsed]
aws_s3_bucket.app_bucket: Still creating... [66m21s elapsed]
aws_s3_bucket.app_bucket: Still creating... [66m31s elapsed]
aws_s3_bucket.app_bucket: Still creating... [66m41s elapsed]
aws_s3_bucket.app_bucket: Still creating... [66m51s elapsed]
aws_s3_bucket.app_bucket: Still creating... [67m01s elapsed]
aws_s3_bucket.app_bucket: Still creating... [67m11s elapsed]
aws_s3_bucket.app_bucket: Still creating... [67m21s elapsed]
aws_s3_bucket.app_bucket: Still creating... [67m31s elapsed]
aws_s3_bucket.app_bucket: Still creating... [67m41s elapsed]
aws_s3_bucket.app_bucket: Still creating... [67m51s elapsed]
aws_s3_bucket.app_bucket: Still creating... [68m01s elapsed]
aws_s3_bucket.app_bucket: Still creating... [68m11s elapsed]
aws_s3_bucket.app_bucket: Still creating... [68m21s elapsed]
aws_s3_bucket.app_bucket: Still creating... [68m31s elapsed]
aws_s3_bucket.app_bucket: Still creating... [68m41s elapsed]
aws_s3_bucket.app_bucket: Still creating... [68m51s elapsed]
aws_s3_bucket.app_bucket: Still creating... [69m01s elapsed]
aws_s3_bucket.app_bucket: Still creating... [69m11s elapsed]
aws_s3_bucket.app_bucket: Still creating... [69m21s elapsed]
aws_s3_bucket.app_bucket: Still creating... [69m31s elapsed]
aws_s3_bucket.app_bucket: Still creating... [69m41s elapsed]
aws_s3_bucket.app_bucket: Still creating... [69m51s elapsed]
aws_s3_bucket.app_bucket: Still creating... [70m01s elapsed]
aws_s3_bucket.app_bucket: Still creating... [70m11s elapsed]
aws_s3_bucket.app_bucket: Still creating... [70m21s elapsed]
aws_s3_bucket.app_bucket: Still creating... [70m31s elapsed]
aws_s3_bucket.app_bucket: Still creating... [70m41s elapsed]
aws_s3_bucket.app_bucket: Still creating... [70m51s elapsed]
aws_s3_bucket.app_bucket: Still creating... [71m01s elapsed]
aws_s3_bucket.app_bucket: Still creating... [71m11s elapsed]
aws_s3_bucket.app_bucket: Still creating... [71m21s elapsed]
aws_s3_bucket.app_bucket: Still creating... [71m31s elapsed]
aws_s3_bucket.app_bucket: Still creating... [71m41s elapsed]
aws_s3_bucket.app_bucket: Still creating... [71m51s elapsed]
aws_s3_bucket.app_bucket: Still creating... [72m01s elapsed]
aws_s3_bucket.app_bucket: Still creating... [72m11s elapsed]
aws_s3_bucket.app_bucket: Still creating... [72m21s elapsed]
aws_s3_bucket.app_bucket: Still creating... [72m31s elapsed]
aws_s3_bucket.app_bucket: Still creating... [72m41s elapsed]
aws_s3_bucket.app_bucket: Still creating... [72m51s elapsed]
aws_s3_bucket.app_bucket: Still creating... [73m01s elapsed]
aws_s3_bucket.app_bucket: Still creating... [73m11s elapsed]
aws_s3_bucket.app_bucket: Still creating... [73m21s elapsed]
aws_s3_bucket.app_bucket: Still creating... [73m31s elapsed]
aws_s3_bucket.app_bucket: Still creating... [73m41s elapsed]
aws_s3_bucket.app_bucket: Still creating... [73m51s elapsed]
aws_s3_bucket.app_bucket: Still creating... [74m01s elapsed]
aws_s3_bucket.app_bucket: Still creating... [74m11s elapsed]
aws_s3_bucket.app_bucket: Still creating... [74m21s elapsed]
aws_s3_bucket.app_bucket: Still creating... [74m31s elapsed]
aws_s3_bucket.app_bucket: Still creating... [74m41s elapsed]
aws_s3_bucket.app_bucket: Still creating... [74m51s elapsed]
aws_s3_bucket.app_bucket: Still creating... [75m01s elapsed]
aws_s3_bucket.app_bucket: Still creating... [75m11s elapsed]
aws_s3_bucket.app_bucket: Still creating... [75m21s elapsed]
aws_s3_bucket.app_bucket: Still creating... [75m31s elapsed]
aws_s3_bucket.app_bucket: Still creating... [75m41s elapsed]
aws_s3_bucket.app_bucket: Still creating... [75m51s elapsed]
aws_s3_bucket.app_bucket: Still creating... [76m01s elapsed]
aws_s3_bucket.app_bucket: Still creating... [76m11s elapsed]
aws_s3_bucket.app_bucket: Still creating... [76m21s elapsed]
aws_s3_bucket.app_bucket: Still creating... [76m31s elapsed]
aws_s3_bucket.app_bucket: Still creating... [76m41s elapsed]
aws_s3_bucket.app_bucket: Still creating... [76m51s elapsed]
aws_s3_bucket.app_bucket: Still creating... [77m01s elapsed]
aws_s3_bucket.app_bucket: Still creating... [77m11s elapsed]
aws_s3_bucket.app_bucket: Still creating... [77m21s elapsed]
aws_s3_bucket.app_bucket: Still creating... [77m31s elapsed]
aws_s3_bucket.app_bucket: Still creating... [77m41s elapsed]
aws_s3_bucket.app_bucket: Still creating... [77m51s elapsed]
aws_s3_bucket.app_bucket: Still creating... [78m01s elapsed]
aws_s3_bucket.app_bucket: Still creating... [78m11s elapsed]
aws_s3_bucket.app_bucket: Still creating... [78m21s elapsed]
aws_s3_bucket.app_bucket: Still creating... [78m31s elapsed]
aws_s3_bucket.app_bucket: Still creating... [78m41s elapsed]
aws_s3_bucket.app_bucket: Still creating... [78m51s elapsed]
aws_s3_bucket.app_bucket: Still creating... [79m01s elapsed]
aws_s3_bucket.app_bucket: Still creating... [79m11s elapsed]
aws_s3_bucket.app_bucket: Still creating... [79m21s elapsed]
aws_s3_bucket.app_bucket: Still creating... [79m31s elapsed]
aws_s3_bucket.app_bucket: Still creating... [79m41s elapsed]
aws_s3_bucket.app_bucket: Still creating... [79m51s elapsed]
aws_s3_bucket.app_bucket: Still creating... [80m01s elapsed]
aws_s3_bucket.app_bucket: Still creating... [80m11s elapsed]
aws_s3_bucket.app_bucket: Still creating... [80m21s elapsed]
aws_s3_bucket.app_bucket: Still creating... [80m31s elapsed]
aws_s3_bucket.app_bucket: Still creating... [80m41s elapsed]
aws_s3_bucket.app_bucket: Still creating... [80m51s elapsed]
aws_s3_bucket.app_bucket: Still creating... [81m01s elapsed]
aws_s3_bucket.app_bucket: Still creating... [81m11s elapsed]
aws_s3_bucket.app_bucket: Still creating... [81m21s elapsed]
aws_s3_bucket.app_bucket: Still creating... [81m31s elapsed]
aws_s3_bucket.app_bucket: Still creating... [81m41s elapsed]
aws_s3_bucket.app_bucket: Still creating... [81m51s elapsed]
aws_s3_bucket.app_bucket: Still creating... [82m01s elapsed]
aws_s3_bucket.app_bucket: Still creating... [82m11s elapsed]
aws_s3_bucket.app_bucket: Still creating... [82m21s elapsed]
aws_s3_bucket.app_bucket: Still creating... [82m31s elapsed]
aws_s3_bucket.app_bucket: Still creating... [82m41s elapsed]
aws_s3_bucket.app_bucket: Still creating... [82m51s elapsed]
aws_s3_bucket.app_bucket: Still creating... [83m01s elapsed]
aws_s3_bucket.app_bucket: Still creating... [83m11s elapsed]
aws_s3_bucket.app_bucket: Still creating... [83m21s elapsed]
aws_s3_bucket.app_bucket: Still creating... [83m31s elapsed]
aws_s3_bucket.app_bucket: Still creating... [83m41s elapsed]
aws_s3_bucket.app_bucket: Still creating... [83m51s elapsed]
aws_s3_bucket.app_bucket: Still creating... [84m01s elapsed]
aws_s3_bucket.app_bucket: Still creating... [84m11s elapsed]
aws_s3_bucket.app_bucket: Still creating... [84m21s elapsed]
aws_s3_bucket.app_bucket: Still creating... [84m31s elapsed]
aws_s3_bucket.app_bucket: Still creating... [84m41s elapsed]
aws_s3_bucket.app_bucket: Still creating... [84m51s elapsed]
aws_s3_bucket.app_bucket: Still creating... [85m01s elapsed]
aws_s3_bucket.app_bucket: Still creating... [85m11s elapsed]
aws_s3_bucket.app_bucket: Still creating... [85m21s elapsed]
aws_s3_bucket.app_bucket: Still creating... [85m31s elapsed]
aws_s3_bucket.app_bucket: Still creating... [85m41s elapsed]
aws_s3_bucket.app_bucket: Still creating... [85m51s elapsed]
aws_s3_bucket.app_bucket: Still creating... [86m01s elapsed]
aws_s3_bucket.app_bucket: Still creating... [86m11s elapsed]
aws_s3_bucket.app_bucket: Still creating... [86m21s elapsed]
aws_s3_bucket.app_bucket: Still creating... [86m31s elapsed]
aws_s3_bucket.app_bucket: Still creating... [86m41s elapsed]
aws_s3_bucket.app_bucket: Still creating... [86m51s elapsed]
aws_s3_bucket.app_bucket: Still creating... [87m01s elapsed]
aws_s3_bucket.app_bucket: Still creating... [87m11s elapsed]
aws_s3_bucket.app_bucket: Still creating... [87m21s elapsed]
aws_s3_bucket.app_bucket: Still creating... [87m31s elapsed]
aws_s3_bucket.app_bucket: Still creating... [87m41s elapsed]
aws_s3_bucket.app_bucket: Still creating... [87m51s elapsed]
aws_s3_bucket.app_bucket: Still creating... [88m01s elapsed]
aws_s3_bucket.app_bucket: Still creating... [88m11s elapsed]
aws_s3_bucket.app_bucket: Still creating... [88m21s elapsed]
aws_s3_bucket.app_bucket: Still creating... [88m31s elapsed]
aws_s3_bucket.app_bucket: Still creating... [88m41s elapsed]
aws_s3_bucket.app_bucket: Still creating... [88m51s elapsed]
aws_s3_bucket.app_bucket: Still creating... [89m01s elapsed]
aws_s3_bucket.app_bucket: Still creating... [89m11s elapsed]
aws_s3_bucket.app_bucket: Still creating... [89m21s elapsed]
aws_s3_bucket.app_bucket: Still creating... [89m31s elapsed]
aws_s3_bucket.app_bucket: Still creating... [89m41s elapsed]
aws_s3_bucket.app_bucket: Still creating... [89m51s elapsed]
aws_s3_bucket.app_bucket: Still creating... [90m01s elapsed]
aws_s3_bucket.app_bucket: Still creating... [90m11s elapsed]
aws_s3_bucket.app_bucket: Still creating... [90m21s elapsed]
aws_s3_bucket.app_bucket: Still creating... [90m31s elapsed]
aws_s3_bucket.app_bucket: Still creating... [90m41s elapsed]
aws_s3_bucket.app_bucket: Still creating... [90m51s elapsed]
aws_s3_bucket.app_bucket: Still creating... [91m01s elapsed]
aws_s3_bucket.app_bucket: Still creating... [91m11s elapsed]
aws_s3_bucket.app_bucket: Still creating... [91m21s elapsed]
aws_s3_bucket.app_bucket: Still creating... [91m31s elapsed]
aws_s3_bucket.app_bucket: Still creating... [91m41s elapsed]
aws_s3_bucket.app_bucket: Still creating... [91m51s elapsed]
aws_s3_bucket.app_bucket: Still creating... [92m01s elapsed]
aws_s3_bucket.app_bucket: Still creating... [92m11s elapsed]
aws_s3_bucket.app_bucket: Still creating... [92m21s elapsed]
aws_s3_bucket.app_bucket: Still creating... [92m31s elapsed]
aws_s3_bucket.app_bucket: Still creating... [92m41s elapsed]
aws_s3_bucket.app_bucket: Still creating... [92m51s elapsed]
aws_s3_bucket.app_bucket: Still creating... [93m01s elapsed]
aws_s3_bucket.app_bucket: Still creating... [93m11s elapsed]
aws_s3_bucket.app_bucket: Still creating... [93m21s elapsed]
aws_s3_bucket.app_bucket: Still creating... [93m31s elapsed]
aws_s3_bucket.app_bucket: Still creating... [93m41s elapsed]
aws_s3_bucket.app_bucket: Still creating... [93m51s elapsed]
aws_s3_bucket.app_bucket: Still creating... [94m01s elapsed]
aws_s3_bucket.app_bucket: Still creating... [94m11s elapsed]
aws_s3_bucket.app_bucket: Still creating... [94m21s elapsed]
aws_s3_bucket.app_bucket: Still creating... [94m31s elapsed]
aws_s3_bucket.app_bucket: Still creating... [94m41s elapsed]
aws_s3_bucket.app_bucket: Still creating... [94m51s elapsed]
aws_s3_bucket.app_bucket: Still creating... [95m01s elapsed]
aws_s3_bucket.app_bucket: Still creating... [95m11s elapsed]
aws_s3_bucket.app_bucket: Still creating... [95m21s elapsed]
aws_s3_bucket.app_bucket: Still creating... [95m31s elapsed]
aws_s3_bucket.app_bucket: Still creating... [95m41s elapsed]
aws_s3_bucket.app_bucket: Still creating... [95m51s elapsed]
aws_s3_bucket.app_bucket: Still creating... [96m01s elapsed]
aws_s3_bucket.app_bucket: Still creating... [96m11s elapsed]
aws_s3_bucket.app_bucket: Still creating... [96m21s elapsed]
aws_s3_bucket.app_bucket: Still creating... [96m31s elapsed]
aws_s3_bucket.app_bucket: Still creating... [96m41s elapsed]
aws_s3_bucket.app_bucket: Still creating... [96m51s elapsed]
aws_s3_bucket.app_bucket: Still creating... [97m01s elapsed]
aws_s3_bucket.app_bucket: Still creating... [97m11s elapsed]
aws_s3_bucket.app_bucket: Still creating... [97m21s elapsed]
aws_s3_bucket.app_bucket: Still creating... [97m31s elapsed]
aws_s3_bucket.app_bucket: Still creating... [97m41s elapsed]
aws_s3_bucket.app_bucket: Still creating... [97m51s elapsed]
aws_s3_bucket.app_bucket: Still creating... [98m01s elapsed]
aws_s3_bucket.app_bucket: Still creating... [98m11s elapsed]
aws_s3_bucket.app_bucket: Still creating... [98m21s elapsed]
aws_s3_bucket.app_bucket: Still creating... [98m31s elapsed]
aws_s3_bucket.app_bucket: Still creating... [98m41s elapsed]
aws_s3_bucket.app_bucket: Still creating... [98m51s elapsed]
aws_s3_bucket.app_bucket: Still creating... [99m01s elapsed]
aws_s3_bucket.app_bucket: Still creating... [99m11s elapsed]
aws_s3_bucket.app_bucket: Still creating... [99m21s elapsed]
aws_s3_bucket.app_bucket: Still creating... [99m31s elapsed]
aws_s3_bucket.app_bucket: Still creating... [99m41s elapsed]
aws_s3_bucket.app_bucket: Still creating... [99m51s elapsed]
aws_s3_bucket.app_bucket: Still creating... [100m01s elapsed]
aws_s3_bucket.app_bucket: Still creating... [100m11s elapsed]
aws_s3_bucket.app_bucket: Still creating... [100m21s elapsed]
aws_s3_bucket.app_bucket: Still creating... [100m31s elapsed]
aws_s3_bucket.app_bucket: Still creating... [100m41s elapsed]
aws_s3_bucket.app_bucket: Still creating... [100m51s elapsed]
aws_s3_bucket.app_bucket: Still creating... [101m01s elapsed]
aws_s3_bucket.app_bucket: Still creating... [101m11s elapsed]
aws_s3_bucket.app_bucket: Still creating... [101m21s elapsed]
aws_s3_bucket.app_bucket: Still creating... [101m31s elapsed]
aws_s3_bucket.app_bucket: Still creating... [101m41s elapsed]
aws_s3_bucket.app_bucket: Still creating... [101m51s elapsed]
aws_s3_bucket.app_bucket: Still creating... [102m01s elapsed]
aws_s3_bucket.app_bucket: Still creating... [102m11s elapsed]
aws_s3_bucket.app_bucket: Still creating... [102m21s elapsed]
aws_s3_bucket.app_bucket: Still creating... [102m31s elapsed]
aws_s3_bucket.app_bucket: Still creating... [102m41s elapsed]
aws_s3_bucket.app_bucket: Still creating... [102m51s elapsed]
aws_s3_bucket.app_bucket: Still creating... [103m01s elapsed]
