data.archive_file.lambda_dummy: Reading...
data.archive_file.lambda_dummy: Read complete after 0s [id=58e93fade67637870be5af38eff8d5aa66c7da49]

Terraform used the selected providers to generate the following execution
plan. Resource actions are indicated with the following symbols:
  + create

Terraform will perform the following actions:

  # aws_apigatewayv2_api.lambda will be created
  + resource "aws_apigatewayv2_api" "lambda" {
      + api_endpoint                 = (known after apply)
      + api_key_selection_expression = "$request.header.x-api-key"
      + arn                          = (known after apply)
      + execution_arn                = (known after apply)
      + id                           = (known after apply)
      + ip_address_type              = (known after apply)
      + name                         = "lambda-api-api"
      + protocol_type                = "HTTP"
      + region                       = "us-east-1"
      + route_selection_expression   = "$request.method $request.path"
      + tags_all                     = (known after apply)
    }

  # aws_apigatewayv2_integration.lambda will be created
  + resource "aws_apigatewayv2_integration" "lambda" {
      + api_id                                    = (known after apply)
      + connection_type                           = "INTERNET"
      + id                                        = (known after apply)
      + integration_method                        = "POST"
      + integration_response_selection_expression = (known after apply)
      + integration_type                          = "AWS_PROXY"
      + integration_uri                           = (known after apply)
      + payload_format_version                    = "2.0"
      + region                                    = "us-east-1"
      + timeout_milliseconds                      = (known after apply)
    }

  # aws_apigatewayv2_route.list_bucket_content will be created
  + resource "aws_apigatewayv2_route" "list_bucket_content" {
      + api_id             = (known after apply)
      + api_key_required   = false
      + authorization_type = "NONE"
      + id                 = (known after apply)
      + region             = "us-east-1"
      + route_key          = "GET /list-bucket-content/{folder+}"
      + target             = (known after apply)
    }

  # aws_apigatewayv2_route.list_bucket_content_root will be created
  + resource "aws_apigatewayv2_route" "list_bucket_content_root" {
      + api_id             = (known after apply)
      + api_key_required   = false
      + authorization_type = "NONE"
      + id                 = (known after apply)
      + region             = "us-east-1"
      + route_key          = "GET /list-bucket-content"
      + target             = (known after apply)
    }

  # aws_apigatewayv2_stage.lambda will be created
  + resource "aws_apigatewayv2_stage" "lambda" {
      + api_id        = (known after apply)
      + arn           = (known after apply)
      + auto_deploy   = true
      + deployment_id = (known after apply)
      + execution_arn = (known after apply)
      + id            = (known after apply)
      + invoke_url    = (known after apply)
      + name          = "v1"
      + region        = "us-east-1"
      + tags_all      = (known after apply)
    }

  # aws_iam_policy.lambda_s3_policy will be created
  + resource "aws_iam_policy" "lambda_s3_policy" {
      + arn              = (known after apply)
      + attachment_count = (known after apply)
      + id               = (known after apply)
      + name             = "lambda-api-lambda-s3-policy"
      + name_prefix      = (known after apply)
      + path             = "/"
      + policy           = (known after apply)
      + policy_id        = (known after apply)
      + tags_all         = (known after apply)
    }

  # aws_iam_role.lambda_exec will be created
  + resource "aws_iam_role" "lambda_exec" {
      + arn                   = (known after apply)
      + assume_role_policy    = jsonencode(
            {
              + Statement = [
                  + {
                      + Action    = "sts:AssumeRole"
                      + Effect    = "Allow"
                      + Principal = {
                          + Service = "lambda.amazonaws.com"
                        }
                    },
                ]
              + Version   = "2012-10-17"
            }
        )
      + create_date           = (known after apply)
      + force_detach_policies = false
      + id                    = (known after apply)
      + managed_policy_arns   = (known after apply)
      + max_session_duration  = 3600
      + name                  = "lambda-api-lambda-exec"
      + name_prefix           = (known after apply)
      + path                  = "/"
      + tags_all              = (known after apply)
      + unique_id             = (known after apply)

      + inline_policy (known after apply)
    }

  # aws_iam_role_policy_attachment.lambda_basic_attach will be created
  + resource "aws_iam_role_policy_attachment" "lambda_basic_attach" {
      + id         = (known after apply)
      + policy_arn = "arn:aws:iam::aws:policy/service-role/AWSLambdaBasicExecutionRole"
      + role       = "lambda-api-lambda-exec"
    }

  # aws_iam_role_policy_attachment.lambda_s3_attach will be created
  + resource "aws_iam_role_policy_attachment" "lambda_s3_attach" {
      + id         = (known after apply)
      + policy_arn = (known after apply)
      + role       = "lambda-api-lambda-exec"
    }

  # aws_lambda_function.lambda will be created
  + resource "aws_lambda_function" "lambda" {
      + architectures                  = (known after apply)
      + arn                            = (known after apply)
      + code_sha256                    = (known after apply)
      + filename                       = "./.dummy/lambda.zip"
      + function_name                  = "lambda-api-function"
      + handler                        = "lambda_function.lambda_handler"
      + id                             = (known after apply)
      + invoke_arn                     = (known after apply)
      + last_modified                  = (known after apply)
      + memory_size                    = 128
      + package_type                   = "Zip"
      + publish                        = false
      + qualified_arn                  = (known after apply)
      + qualified_invoke_arn           = (known after apply)
      + region                         = "us-east-1"
      + reserved_concurrent_executions = -1
      + response_streaming_invoke_arn  = (known after apply)
      + role                           = (known after apply)
      + runtime                        = "python3.11"
      + signing_job_arn                = (known after apply)
      + signing_profile_version_arn    = (known after apply)
      + skip_destroy                   = false
      + source_code_hash               = "wmbalFzzY/wG3ivChKElOZB3+B4gptmQyIat05p+fU4="
      + source_code_size               = (known after apply)
      + tags_all                       = (known after apply)
      + timeout                        = 3
      + version                        = (known after apply)

      + environment {
          + variables = {
              + "BUCKET_NAME" = "lambda-api-bucket"
            }
        }

      + ephemeral_storage (known after apply)

      + logging_config (known after apply)

      + tracing_config (known after apply)
    }

  # aws_lambda_permission.apigw will be created
  + resource "aws_lambda_permission" "apigw" {
      + action              = "lambda:InvokeFunction"
      + function_name       = "lambda-api-function"
      + id                  = (known after apply)
      + principal           = "apigateway.amazonaws.com"
      + region              = "us-east-1"
      + source_arn          = (known after apply)
      + statement_id        = "AllowAPIGatewayInvoke"
      + statement_id_prefix = (known after apply)
    }

  # aws_s3_bucket.app_bucket will be created
  + resource "aws_s3_bucket" "app_bucket" {
      + acceleration_status         = (known after apply)
      + acl                         = (known after apply)
      + arn                         = (known after apply)
      + bucket                      = "lambda-api-bucket"
      + bucket_domain_name          = (known after apply)
      + bucket_prefix               = (known after apply)
      + bucket_region               = (known after apply)
      + bucket_regional_domain_name = (known after apply)
      + force_destroy               = true
      + hosted_zone_id              = (known after apply)
      + id                          = (known after apply)
      + object_lock_enabled         = (known after apply)
      + policy                      = (known after apply)
      + region                      = "us-east-1"
      + request_payer               = (known after apply)
      + tags                        = {
          + "App"  = "lambda-api"
          + "Name" = "lambda-api-bucket"
        }
      + tags_all                    = {
          + "App"  = "lambda-api"
          + "Name" = "lambda-api-bucket"
        }
      + website_domain              = (known after apply)
      + website_endpoint            = (known after apply)

      + cors_rule (known after apply)

      + grant (known after apply)

      + lifecycle_rule (known after apply)

      + logging (known after apply)

      + object_lock_configuration (known after apply)

      + replication_configuration (known after apply)

      + server_side_encryption_configuration (known after apply)

      + versioning (known after apply)

      + website (known after apply)
    }

Plan: 12 to add, 0 to change, 0 to destroy.

Changes to Outputs:
  + api_gateway_url      = (known after apply)
  + bucket_name          = (known after apply)
  + lambda_function_name = "lambda-api-function"
