{"format_version":"1.2","terraform_version":"1.13.5","variables":{"app_name":{"value":"lambda-api"},"aws_region":{"value":"us-east-1"},"bucket_name":{"value":"lambda-api-bucket"}},"planned_values":{"outputs":{"api_gateway_url":{"sensitive":false},"bucket_name":{"sensitive":false},"lambda_function_name":{"sensitive":false,"type":"string","value":"lambda-api-function"}},"root_module":{"resources":[{"address":"aws_apigatewayv2_api.lambda","mode":"managed","type":"aws_apigatewayv2_api","name":"lambda","provider_name":"registry.terraform.io/hashicorp/aws","schema_version":0,"values":{"api_key_selection_expression":"$request.header.x-api-key","body":null,"cors_configuration":[],"credentials_arn":null,"description":null,"disable_execute_api_endpoint":null,"fail_on_warnings":null,"name":"lambda-api-api","protocol_type":"HTTP","region":"us-east-1","route_key":null,"route_selection_expression":"$request.method $request.path","tags":null,"target":null,"version":null},"sensitive_values":{"cors_configuration":[],"tags_all":{}}},{"address":"aws_apigatewayv2_integration.lambda","mode":"managed","type":"aws_apigatewayv2_integration","name":"lambda","provider_name":"registry.terraform.io/hashicorp/aws","schema_version":0,"values":{"connection_id":null,"connection_type":"INTERNET","content_handling_strategy":null,"credentials_arn":null,"description":null,"integration_method":"POST","integration_subtype":null,"integration_type":"AWS_PROXY","passthrough_behavior":null,"payload_format_version":"2.0","region":"us-east-1","request_parameters":null,"request_templates":null,"response_parameters":[],"template_selection_expression":null,"tls_config":[]},"sensitive_values":{"response_parameters":[],"tls_config":[]}},{"address":"aws_apigatewayv2_route.list_bucket_content","mode":"managed","type":"aws_apigatewayv2_route","name":"list_bucket_content","provider_name":"registry.terraform.io/hashicorp/aws","schema_version":0,"values":{"api_key_required":false,"authorization_scopes":null,"authorization_type":"NONE","authorizer_id":null,"model_selection_expression":null,"operation_name":null,"region":"us-east-1","request_models":null,"request_parameter":[],"route_key":"GET /list-bucket-content/{folder+}","route_response_selection_expression":null},"sensitive_values":{"request_parameter":[]}},{"address":"aws_apigatewayv2_route.list_bucket_content_root","mode":"managed","type":"aws_apigatewayv2_route","name":"list_bucket_content_root","provider_name":"registry.terraform.io/hashicorp/aws","schema_version":0,"values":{"api_key_required":false,"authorization_scopes":null,"authorization_type":"NONE","authorizer_id":null,"model_selection_expression":null,"operation_name":null,"region":"us-east-1","request_models":null,"request_parameter":[],"route_key":"GET /list-bucket-content","route_response_selection_expression":null},"sensitive_values":{"request_parameter":[]}},{"address":"aws_apigatewayv2_stage.lambda","mode":"managed","type":"aws_apigatewayv2_stage","name":"lambda","provider_name":"registry.terraform.io/hashicorp/aws","schema_version":0,"values":{"access_log_settings":[],"auto_deploy":true,"client_certificate_id":null,"default_route_settings":[],"description":null,"name":"v1","region":"us-east-1","route_settings":[],"stage_variables":null,"tags":null},"sensitive_values":{"access_log_settings":[],"default_route_settings":[],"route_settings":[],"tags_all":{}}},{"address":"aws_iam_policy.lambda_s3_policy","mode":"managed","type":"aws_iam_policy","name":"lambda_s3_policy","provider_name":"registry.terraform.io/hashicorp/aws","schema_version":0,"values":{"delay_after_policy_creation_in_ms":null,"description":null,"name":"lambda-api-lambda-s3-policy","path":"/","tags":null},"sensitive_values":{"tags_all":{}},"identity_schema_version":0,"identity":{"arn":null}},{"address":"aws_iam_role.lambda_exec","mode":"managed","type":"aws_iam_role","name":"lambda_exec","provider_name":"registry.terraform.io/hashicorp/aws","schema_version":0,"values":{"assume_role_policy":"{\"Statement\":[{\"Action\":\"sts:AssumeRole\",\"Effect\":\"Allow\",\"Principal\":{\"Service\":\"lambda.amazonaws.com\"}}],\"Version\":\"2012-10-17\"}","description":null,"force_detach_policies":false,"max_session_duration":3600,"name":"lambda-api-lambda-exec","path":"/","permissions_boundary":null,"tags":null},"sensitive_values":{"inline_policy":[],"managed_policy_arns":[],"tags_all":{}},"identity_schema_version":0,"identity":{"account_id":null,"name":null}},{"address":"aws_iam_role_policy_attachment.lambda_basic_attach","mode":"managed","type":"aws_iam_role_policy_attachment","name":"lambda_basic_attach","provider_name":"registry.terraform.io/hashicorp/aws","schema_version":0,"values":{"policy_arn":"arn:aws:iam::aws:policy/service-role/AWSLambdaBasicExecutionRole","role":"lambda-api-lambda-exec"},"sensitive_values":{},"identity_schema_version":0,"identity":{"account_id":null,"policy_arn":null,"role":null}},{"address":"aws_iam_role_policy_attachment.lambda_s3_attach","mode":"managed","type":"aws_iam_role_policy_attachment","name":"lambda_s3_attach","provider_name":"registry.terraform.io/hashicorp/aws","schema_version":0,"values":{"role":"lambda-api-lambda-exec"},"sensitive_values":{},"identity_schema_version":0,"identity":{"account_id":null,"policy_arn":null,"role":null}},{"address":"aws_lambda_function.lambda","mode":"managed","type":"aws_lambda_function","name":"lambda","provider_name":"registry.terraform.io/hashicorp/aws","schema_version":0,"values":{"capacity_provider_config":[],"code_signing_config_arn":null,"dead_letter_config":[],"description":null,"durable_config":[],"environment":[{"variables":{"BUCKET_NAME":"lambda-api-bucket"}}],"file_system_config":[],"filename":"./.dummy/lambda.zip","function_name":"lambda-api-function","handler":"lambda_function.lambda_handler","image_config":[],"image_uri":null,"kms_key_arn":null,"layers":null,"memory_size":128,"package_type":"Zip","publish":false,"publish_to":null,"region":"us-east-1","replace_security_groups_on_destroy":null,"replacement_security_group_ids":null,"reserved_concurrent_executions":-1,"runtime":"python3.11","s3_bucket":null,"s3_key":null,"s3_object_version":null,"skip_destroy":false,"snap_start":[],"source_code_hash":"wmbalFzzY/wG3ivChKElOZB3+B4gptmQyIat05p+fU4=","source_kms_key_arn":null,"tags":null,"tenancy_config":[],"timeout":3,"timeouts":null,"vpc_config":[]},"sensitive_values":{"architectures":[],"capacity_provider_config":[],"dead_letter_config":[],"durable_config":[],"environment":[{"variables":{}}],"ephemeral_storage":[],"file_system_config":[],"image_config":[],"logging_config":[],"snap_start":[],"tags_all":{},"tenancy_config":[],"tracing_config":[],"vpc_config":[]},"identity_schema_version":0,"identity":{"account_id":null,"function_name":null,"region":null}},{"address":"aws_lambda_permission.apigw","mode":"managed","type":"aws_lambda_permission","name":"apigw","provider_name":"registry.terraform.io/hashicorp/aws","schema_version":0,"values":{"action":"lambda:InvokeFunction","event_source_token":null,"function_name":"lambda-api-function","function_url_auth_type":null,"invoked_via_function_url":null,"principal":"apigateway.amazonaws.com","principal_org_id":null,"qualifier":null,"region":"us-east-1","source_account":null,"statement_id":"AllowAPIGatewayInvoke"},"sensitive_values":{},"identity_schema_version":0,"identity":{"account_id":null,"function_name":null,"qualifier":null,"region":null,"statement_id":null}},{"address":"aws_s3_bucket.app_bucket","mode":"managed","type":"aws_s3_bucket","name":"app_bucket","provider_name":"registry.terraform.io/hashicorp/aws","schema_version":0,"values":{"bucket":"lambda-api-bucket","force_destroy":true,"region":"us-east-1","tags":{"App":"lambda-api","Name":"lambda-api-bucket"},"tags_all":{"App":"lambda-api","Name":"lambda-api-bucket"},"timeouts":null},"sensitive_values":{"cors_rule":[],"grant":[],"lifecycle_rule":[],"logging":[],"object_lock_configuration":[],"replication_configuration":[],"server_side_encryption_configuration":[],"tags":{},"tags_all":{},"versioning":[],"website":[]},"identity_schema_version":0,"identity":{"account_id":null,"bucket":null,"region":null}}]}},"resource_changes":[{"address":"aws_apigatewayv2_api.lambda","mode":"managed","type":"aws_apigatewayv2_api","name":"lambda","provider_name":"registry.terraform.io/hashicorp/aws","change":{"actions":["create"],"before":null,"after":{"api_key_selection_expression":"$request.header.x-api-key","body":null,"cors_configuration":[],"credentials_arn":null,"description":null,"disable_execute_api_endpoint":null,"fail_on_warnings":null,"name":"lambda-api-api","protocol_type":"HTTP","region":"us-east-1","route_key":null,"route_selection_expression":"$request.method $request.path","tags":null,"target":null,"version":null},"after_unknown":{"api_endpoint":true,"arn":true,"cors_configuration":[],"execution_arn":true,"id":true,"ip_address_type":true,"tags_all":true},"before_sensitive":false,"after_sensitive":{"cors_configuration":[],"tags_all":{}}}},{"address":"aws_apigatewayv2_integration.lambda","mode":"managed","type":"aws_apigatewayv2_integration","name":"lambda","provider_name":"registry.terraform.io/hashicorp/aws","change":{"actions":["create"],"before":null,"after":{"connection_id":null,"connection_type":"INTERNET","content_handling_strategy":null,"credentials_arn":null,"description":null,"integration_method":"POST","integration_subtype":null,"integration_type":"AWS_PROXY","passthrough_behavior":null,"payload_format_version":"2.0","region":"us-east-1","request_parameters":null,"request_templates":null,"response_parameters":[],"template_selection_expression":null,"tls_config":[]},"after_unknown":{"api_id":true,"id":true,"integration_response_selection_expression":true,"integration_uri":true,"response_parameters":[],"timeout_milliseconds":true,"tls_config":[]},"before_sensitive":false,"after_sensitive":{"response_parameters":[],"tls_config":[]}}},{"address":"aws_apigatewayv2_route.list_bucket_content","mode":"managed","type":"aws_apigatewayv2_route","name":"list_bucket_content","provider_name":"registry.terraform.io/hashicorp/aws","change":{"actions":["create"],"before":null,"after":{"api_key_required":false,"authorization_scopes":null,"authorization_type":"NONE","authorizer_id":null,"model_selection_expression":null,"operation_name":null,"region":"us-east-1","request_models":null,"request_parameter":[],"route_key":"GET /list-bucket-content/{folder+}","route_response_selection_expression":null},"after_unknown":{"api_id":true,"id":true,"request_parameter":[],"target":true},"before_sensitive":false,"after_sensitive":{"request_parameter":[]}}},{"address":"aws_apigatewayv2_route.list_bucket_content_root","mode":"managed","type":"aws_apigatewayv2_route","name":"list_bucket_content_root","provider_name":"registry.terraform.io/hashicorp/aws","change":{"actions":["create"],"before":null,"after":{"api_key_required":false,"authorization_scopes":null,"authorization_type":"NONE","authorizer_id":null,"model_selection_expression":null,"operation_name":null,"region":"us-east-1","request_models":null,"request_parameter":[],"route_key":"GET /list-bucket-content","route_response_selection_expression":null},"after_unknown":{"api_id":true,"id":true,"request_parameter":[],"target":true},"before_sensitive":false,"after_sensitive":{"request_parameter":[]}}},{"address":"aws_apigatewayv2_stage.lambda","mode":"managed","type":"aws_apigatewayv2_stage","name":"lambda","provider_name":"registry.terraform.io/hashicorp/aws","change":{"actions":["create"],"before":null,"after":{"access_log_settings":[],"auto_deploy":true,"client_certificate_id":null,"default_route_settings":[],"description":null,"name":"v1","region":"us-east-1","route_settings":[],"stage_variables":null,"tags":null},"after_unknown":{"access_log_settings":[],"api_id":true,"arn":true,"default_route_settings":[],"deployment_id":true,"execution_arn":true,"id":true,"invoke_url":true,"route_settings":[],"tags_all":true},"before_sensitive":false,"after_sensitive":{"access_log_settings":[],"default_route_settings":[],"route_settings":[],"tags_all":{}}}},{"address":"aws_iam_policy.lambda_s3_policy","mode":"managed","type":"aws_iam_policy","name":"lambda_s3_policy","provider_name":"registry.terraform.io/hashicorp/aws","change":{"actions":["create"],"before":null,"after":{"delay_after_policy_creation_in_ms":null,"description":null,"name":"lambda-api-lambda-s3-policy","path":"/","tags":null},"after_unknown":{"arn":true,"attachment_count":true,"id":true,"name_prefix":true,"policy":true,"policy_id":true,"tags_all":true},"before_sensitive":false,"after_sensitive":{"tags_all":{}},"after_identity":{"arn":null}}},{"address":"aws_iam_role.lambda_exec","mode":"managed","type":"aws_iam_role","name":"lambda_exec","provider_name":"registry.terraform.io/hashicorp/aws","change":{"actions":["create"],"before":null,"after":{"assume_role_policy":"{\"Statement\":[{\"Action\":\"sts:AssumeRole\",\"Effect\":\"Allow\",\"Principal\":{\"Service\":\"lambda.amazonaws.com\"}}],\"Version\":\"2012-10-17\"}","description":null,"force_detach_policies":false,"max_session_duration":3600,"name":"lambda-api-lambda-exec","path":"/","permissions_boundary":null,"tags":null},"after_unknown":{"arn":true,"create_date":true,"id":true,"inline_policy":true,"managed_policy_arns":true,"name_prefix":true,"tags_all":true,"unique_id":true},"before_sensitive":false,"after_sensitive":{"inline_policy":[],"managed_policy_arns":[],"tags_all":{}},"after_identity":{"account_id":null,"name":null}}},{"address":"aws_iam_role_policy_attachment.lambda_basic_attach","mode":"managed","type":"aws_iam_role_policy_attachment","name":"lambda_basic_attach","provider_name":"registry.terraform.io/hashicorp/aws","change":{"actions":["create"],"before":null,"after":{"policy_arn":"arn:aws:iam::aws:policy/service-role/AWSLambdaBasicExecutionRole","role":"lambda-api-lambda-exec"},"after_unknown":{"id":true},"before_sensitive":false,"after_sensitive":{},"after_identity":{"account_id":null,"policy_arn":null,"role":null}}},{"address":"aws_iam_role_policy_attachment.lambda_s3_attach","mode":"managed","type":"aws_iam_role_policy_attachment","name":"lambda_s3_attach","provider_name":"registry.terraform.io/hashicorp/aws","change":{"actions":["create"],"before":null,"after":{"role":"lambda-api-lambda-exec"},"after_unknown":{"id":true,"policy_arn":true},"before_sensitive":false,"after_sensitive":{},"after_identity":{"account_id":null,"policy_arn":null,"role":null}}},{"address":"aws_lambda_function.lambda","mode":"managed","type":"aws_lambda_function","name":"lambda","provider_name":"registry.terraform.io/hashicorp/aws","change":{"actions":["create"],"before":null,"after":{"capacity_provider_config":[],"code_signing_config_arn":null,"dead_letter_config":[],"description":null,"durable_config":[],"environment":[{"variables":{"BUCKET_NAME":"lambda-api-bucket"}}],"file_system_config":[],"filename":"./.dummy/lambda.zip","function_name":"lambda-api-function","handler":"lambda_function.lambda_handler","image_config":[],"image_uri":null,"kms_key_arn":null,"layers":null,"memory_size":128,"package_type":"Zip","publish":false,"publish_to":null,"region":"us-east-1","replace_security_groups_on_destroy":null,"replacement_security_group_ids":null,"reserved_concurrent_executions":-1,"runtime":"python3.11","s3_bucket":null,"s3_key":null,"s3_object_version":null,"skip_destroy":false,"snap_start":[],"source_code_hash":"wmbalFzzY/wG3ivChKElOZB3+B4gptmQyIat05p+fU4=","source_kms_key_arn":null,"tags":null,"tenancy_config":[],"timeout":3,"timeouts":null,"vpc_config":[]},"after_unknown":{"architectures":true,"arn":true,"capacity_provider_config":[],"code_sha256":true,"dead_letter_config":[],"durable_config":[],"environment":[{"variables":{}}],"ephemeral_storage":true,"file_system_config":[],"id":true,"image_config":[],"invoke_arn":true,"last_modified":true,"logging_config":true,"qualified_arn":true,"qualified_invoke_arn":true,"response_streaming_invoke_arn":true,"role":true,"signing_job_arn":true,"signing_profile_version_arn":true,"snap_start":[],"source_code_size":true,"tags_all":true,"tenancy_config":[],"tracing_config":true,"version":true,"vpc_config":[]},"before_sensitive":false,"after_sensitive":{"architectures":[],"capacity_provider_config":[],"dead_letter_config":[],"durable_config":[],"environment":[{"variables":{}}],"ephemeral_storage":[],"file_system_config":[],"image_config":[],"logging_config":[],"snap_start":[],"tags_all":{},"tenancy_config":[],"tracing_config":[],"vpc_config":[]},"after_identity":{"account_id":null,"function_name":null,"region":null}}},{"address":"aws_lambda_permission.apigw","mode":"managed","type":"aws_lambda_permission","name":"apigw","provider_name":"registry.terraform.io/hashicorp/aws","change":{"actions":["create"],"before":null,"after":{"action":"lambda:InvokeFunction","event_source_token":null,"function_name":"lambda-api-function","function_url_auth_type":null,"invoked_via_function_url":null,"principal":"apigateway.amazonaws.com","principal_org_id":null,"qualifier":null,"region":"us-east-1","source_account":null,"statement_id":"AllowAPIGatewayInvoke"},"after_unknown":{"id":true,"source_arn":true,"statement_id_prefix":true},"before_sensitive":false,"after_sensitive":{},"after_identity":{"account_id":null,"function_name":null,"qualifier":null,"region":null,"statement_id":null}}},{"address":"aws_s3_bucket.app_bucket","mode":"managed","type":"aws_s3_bucket","name":"app_bucket","provider_name":"registry.terraform.io/hashicorp/aws","change":{"actions":["create"],"before":null,"after":{"bucket":"lambda-api-bucket","force_destroy":true,"region":"us-east-1","tags":{"App":"lambda-api","Name":"lambda-api-bucket"},"tags_all":{"App":"lambda-api","Name":"lambda-api-bucket"},"timeouts":null},"after_unknown":{"acceleration_status":true,"acl":true,"arn":true,"bucket_domain_name":true,"bucket_prefix":true,"bucket_region":true,"bucket_regional_domain_name":true,"cors_rule":true,"grant":true,"hosted_zone_id":true,"id":true,"lifecycle_rule":true,"logging":true,"object_lock_configuration":true,"object_lock_enabled":true,"policy":true,"replication_configuration":true,"request_payer":true,"server_side_encryption_configuration":true,"tags":{},"tags_all":{},"versioning":true,"website":true,"website_domain":true,"website_endpoint":true},"before_sensitive":false,"after_sensitive":{"cors_rule":[],"grant":[],"lifecycle_rule":[],"logging":[],"object_lock_configuration":[],"replication_configuration":[],"server_side_encryption_configuration":[],"tags":{},"tags_all":{},"versioning":[],"website":[]},"after_identity":{"account_id":null,"bucket":null,"region":null}}}],"output_changes":{"api_gateway_url":{"actions":["create"],"before":null,"after_unknown":true,"before_sensitive":false,"after_sensitive":false},"bucket_name":{"actions":["create"],"before":null,"after_unknown":true,"before_sensitive":false,"after_sensitive":false},"lambda_function_name":{"actions":["create"],"before":null,"after":"lambda-api-function","after_unknown":false,"before_sensitive":false,"after_sensitive":false}},"prior_state":{"format_version":"1.0","terraform_version":"1.13.5","values":{"outputs":{"lambda_function_name":{"sensitive":false,"value":"lambda-api-function","type":"string"}},"root_module":{"resources":[{"address":"data.archive_file.lambda_dummy","mode":"data","type":"archive_file","name":"lambda_dummy","provider_name":"registry.terraform.io/hashicorp/archive","schema_version":0,"values":{"exclude_symlink_directories":null,"excludes":null,"id":"58e93fade67637870be5af38eff8d5aa66c7da49","output_base64sha256":"wmbalFzzY/wG3ivChKElOZB3+B4gptmQyIat05p+fU4=","output_base64sha512":"BQYAg1LwEY4tDmry1VoRx6StX0vjH+7LpfB5KAZLVvfJQjioPbBv1QxI6QF6P2U614fU3h9XKBCb9z5Y1ornqA==","output_file_mode":null,"output_md5":"a0dbd832a6a977d6d5b28ea5c85e30fb","output_path":"./.dummy/lambda.zip","output_sha":"58e93fade67637870be5af38eff8d5aa66c7da49","output_sha256":"c266da945cf363fc06de2bc284a125399077f81e20a6d990c886add39a7e7d4e","output_sha512":"0506008352f0118e2d0e6af2d55a11c7a4ad5f4be31feecba5f07928064b56f7c94238a83db06fd50c48e9017a3f653ad787d4de1f5728109bf73e58d68ae7a8","output_size":246,"source":[{"content":"exports.handler = async (event) =\u003e {\n  console.log(\"Dummy lambda invoked\");\n  return { statusCode: 200, body: \"dummy\" };\n};\n","filename":"index.js"}],"source_content":null,"source_content_filename":null,"source_dir":null,"source_file":null,"type":"zip"},"sensitive_values":{"source":[{}]}}]}}},"configuration":{"provider_config":{"archive":{"name":"archive","full_name":"registry.terraform.io/hashicorp/archive"},"aws":{"name":"aws","full_name":"registry.terraform.io/hashicorp/aws","version_constraint":"\u003e= 4.0.0","expressions":{"region":{"references":["var.aws_region"]}}}},"root_module":{"outputs":{"api_gateway_url":{"expression":{"references":["aws_apigatewayv2_stage.lambda.invoke_url","aws_apigatewayv2_stage.lambda"]},"description":"Invoke URL for the API Gateway"},"bucket_name":{"expression":{"references":["aws_s3_bucket.app_bucket.id","aws_s3_bucket.app_bucket"]},"description":"S3 bucket name used by Lambda"},"lambda_function_name":{"expression":{"references":["aws_lambda_function.lambda.function_name","aws_lambda_function.lambda"]},"description":"Deployed Lambda function name"}},"resources":[{"address":"aws_apigatewayv2_api.lambda","mode":"managed","type":"aws_apigatewayv2_api","name":"lambda","provider_config_key":"aws","expressions":{"name":{"references":["var.app_name"]},"protocol_type":{"constant_value":"HTTP"}},"schema_version":0},{"address":"aws_apigatewayv2_integration.lambda","mode":"managed","type":"aws_apigatewayv2_integration","name":"lambda","provider_config_key":"aws","expressions":{"api_id":{"references":["aws_apigatewayv2_api.lambda.id","aws_apigatewayv2_api.lambda"]},"integration_method":{"constant_value":"POST"},"integration_type":{"constant_value":"AWS_PROXY"},"integration_uri":{"references":["aws_lambda_function.lambda.invoke_arn","aws_lambda_function.lambda"]},"payload_format_version":{"constant_value":"2.0"}},"schema_version":0},{"address":"aws_apigatewayv2_route.list_bucket_content","mode":"managed","type":"aws_apigatewayv2_route","name":"list_bucket_content","provider_config_key":"aws","expressions":{"api_id":{"references":["aws_apigatewayv2_api.lambda.id","aws_apigatewayv2_api.lambda"]},"route_key":{"constant_value":"GET /list-bucket-content/{folder+}"},"target":{"references":["aws_apigatewayv2_integration.lambda.id","aws_apigatewayv2_integration.lambda"]}},"schema_version":0},{"address":"aws_apigatewayv2_route.list_bucket_content_root","mode":"managed","type":"aws_apigatewayv2_route","name":"list_bucket_content_root","provider_config_key":"aws","expressions":{"api_id":{"references":["aws_apigatewayv2_api.lambda.id","aws_apigatewayv2_api.lambda"]},"route_key":{"constant_value":"GET /list-bucket-content"},"target":{"references":["aws_apigatewayv2_integration.lambda.id","aws_apigatewayv2_integration.lambda"]}},"schema_version":0},{"address":"aws_apigatewayv2_stage.lambda","mode":"managed","type":"aws_apigatewayv2_stage","name":"lambda","provider_config_key":"aws","expressions":{"api_id":{"references":["aws_apigatewayv2_api.lambda.id","aws_apigatewayv2_api.lambda"]},"auto_deploy":{"constant_value":true},"name":{"constant_value":"v1"}},"schema_version":0},{"address":"aws_iam_policy.lambda_s3_policy","mode":"managed","type":"aws_iam_policy","name":"lambda_s3_policy","provider_config_key":"aws","expressions":{"name":{"references":["var.app_name"]},"policy":{"references":["aws_s3_bucket.app_bucket.arn","aws_s3_bucket.app_bucket","aws_s3_bucket.app_bucket.arn","aws_s3_bucket.app_bucket"]}},"schema_version":0},{"address":"aws_iam_role.lambda_exec","mode":"managed","type":"aws_iam_role","name":"lambda_exec","provider_config_key":"aws","expressions":{"assume_role_policy":{},"name":{"references":["var.app_name"]}},"schema_version":0},{"address":"aws_iam_role_policy_attachment.lambda_basic_attach","mode":"managed","type":"aws_iam_role_policy_attachment","name":"lambda_basic_attach","provider_config_key":"aws","expressions":{"policy_arn":{"constant_value":"arn:aws:iam::aws:policy/service-role/AWSLambdaBasicExecutionRole"},"role":{"references":["aws_iam_role.lambda_exec.name","aws_iam_role.lambda_exec"]}},"schema_version":0},{"address":"aws_iam_role_policy_attachment.lambda_s3_attach","mode":"managed","type":"aws_iam_role_policy_attachment","name":"lambda_s3_attach","provider_config_key":"aws","expressions":{"policy_arn":{"references":["aws_iam_policy.lambda_s3_policy.arn","aws_iam_policy.lambda_s3_policy"]},"role":{"references":["aws_iam_role.lambda_exec.name","aws_iam_role.lambda_exec"]}},"schema_version":0},{"address":"aws_lambda_function.lambda","mode":"managed","type":"aws_lambda_function","name":"lambda","provider_config_key":"aws","expressions":{"environment":[{"variables":{"references":["aws_s3_bucket.app_bucket.bucket","aws_s3_bucket.app_bucket"]}}],"filename":{"references":["local.lambda_dummy_zip"]},"function_name":{"references":["var.app_name"]},"handler":{"constant_value":"lambda_function.lambda_handler"},"role":{"references":["aws_iam_role.lambda_exec.arn","aws_iam_role.lambda_exec"]},"runtime":{"constant_value":"python3.11"},"source_code_hash":{"references":["data.archive_file.lambda_dummy.output_base64sha256","data.archive_file.lambda_dummy"]}},"schema_version":0,"depends_on":["aws_iam_role_policy_attachment.lambda_s3_attach","aws_iam_role_policy_attachment.lambda_basic_attach"]},{"address":"aws_lambda_permission.apigw","mode":"managed","type":"aws_lambda_permission","name":"apigw","provider_config_key":"aws","expressions":{"action":{"constant_value":"lambda:InvokeFunction"},"function_name":{"references":["aws_lambda_function.lambda.function_name","aws_lambda_function.lambda"]},"principal":{"constant_value":"apigateway.amazonaws.com"},"source_arn":{"references":["aws_apigatewayv2_api.lambda.execution_arn","aws_apigatewayv2_api.lambda"]},"statement_id":{"constant_value":"AllowAPIGatewayInvoke"}},"schema_version":0},{"address":"aws_s3_bucket.app_bucket","mode":"managed","type":"aws_s3_bucket","name":"app_bucket","provider_config_key":"aws","expressions":{"bucket":{"references":["var.bucket_name"]},"force_destroy":{"constant_value":true},"tags":{"references":["var.bucket_name","var.app_name"]}},"schema_version":0},{"address":"data.archive_file.lambda_dummy","mode":"data","type":"archive_file","name":"lambda_dummy","provider_config_key":"archive","expressions":{"output_path":{"references":["local.lambda_dummy_zip"]},"source":[{"content":{"constant_value":"exports.handler = async (event) =\u003e {\n  console.log(\"Dummy lambda invoked\");\n  return { statusCode: 200, body: \"dummy\" };\n};\n"},"filename":{"constant_value":"index.js"}}],"type":{"constant_value":"zip"}},"schema_version":0}],"variables":{"app_name":{"default":"lambda-api","description":"Name of the application"},"aws_region":{"default":"us-east-1","description":"AWS region to deploy resources"},"bucket_name":{"default":"lambda-api-bucket","description":"S3 bucket name for the app"}}}},"relevant_attributes":[{"resource":"aws_lambda_function.lambda","attribute":["function_name"]},{"resource":"aws_lambda_function.lambda","attribute":["invoke_arn"]},{"resource":"data.archive_file.lambda_dummy","attribute":["output_base64sha256"]},{"resource":"aws_iam_role.lambda_exec","attribute":["arn"]},{"resource":"aws_s3_bucket.app_bucket","attribute":["id"]},{"resource":"aws_apigatewayv2_integration.lambda","attribute":["id"]},{"resource":"aws_s3_bucket.app_bucket","attribute":["bucket"]},{"resource":"aws_apigatewayv2_stage.lambda","attribute":["invoke_url"]},{"resource":"aws_apigatewayv2_api.lambda","attribute":["id"]},{"resource":"aws_iam_role.lambda_exec","attribute":["name"]},{"resource":"aws_apigatewayv2_api.lambda","attribute":["execution_arn"]},{"resource":"aws_iam_policy.lambda_s3_policy","attribute":["arn"]},{"resource":"aws_s3_bucket.app_bucket","attribute":["arn"]}],"timestamp":"2026-01-23T23:11:12Z","applyable":true,"complete":true,"errored":false}
