data.aws_iam_policy_document.eks_assume_role: Reading...
module.eks.data.aws_partition.current: Reading...
module.eks.module.kms.data.aws_partition.current[0]: Reading...
module.eks.module.kms.data.aws_caller_identity.current[0]: Reading...
module.eks.data.aws_caller_identity.current: Reading...
data.aws_availability_zones.available: Reading...
data.aws_iam_policy_document.eks_assume_role: Read complete after 0s [id=3552664922]
module.eks.module.kms.data.aws_partition.current[0]: Read complete after 0s [id=aws]
module.eks.data.aws_partition.current: Read complete after 0s [id=aws]
module.eks.data.aws_iam_policy_document.assume_role_policy[0]: Reading...
module.eks.data.aws_iam_policy_document.assume_role_policy[0]: Read complete after 0s [id=2764486067]
module.eks.data.aws_caller_identity.current: Read complete after 0s [id=000000000000]
module.eks.module.kms.data.aws_caller_identity.current[0]: Read complete after 0s [id=000000000000]
module.eks.data.aws_iam_session_context.current: Reading...
module.eks.data.aws_iam_session_context.current: Read complete after 0s [id=arn:aws:iam::000000000000:root]
data.aws_availability_zones.available: Read complete after 4s [id=us-east-1]
module.eks.module.eks_managed_node_group["default"].data.aws_caller_identity.current: Reading...
module.eks.module.eks_managed_node_group["default"].data.aws_partition.current: Reading...
module.eks.module.eks_managed_node_group["default"].data.aws_partition.current: Read complete after 0s [id=aws]
module.eks.module.eks_managed_node_group["default"].data.aws_iam_policy_document.assume_role_policy[0]: Reading...
module.eks.module.eks_managed_node_group["default"].data.aws_iam_policy_document.assume_role_policy[0]: Read complete after 0s [id=2560088296]
module.eks.module.eks_managed_node_group["default"].data.aws_caller_identity.current: Read complete after 0s [id=000000000000]

Terraform used the selected providers to generate the following execution
plan. Resource actions are indicated with the following symbols:
  + create
 <= read (data resources)

Terraform will perform the following actions:

  # aws_eip.nat will be created
  + resource "aws_eip" "nat" {
      + allocation_id        = (known after apply)
      + arn                  = (known after apply)
      + association_id       = (known after apply)
      + carrier_ip           = (known after apply)
      + customer_owned_ip    = (known after apply)
      + domain               = (known after apply)
      + id                   = (known after apply)
      + instance             = (known after apply)
      + ipam_pool_id         = (known after apply)
      + network_border_group = (known after apply)
      + network_interface    = (known after apply)
      + private_dns          = (known after apply)
      + private_ip           = (known after apply)
      + ptr_record           = (known after apply)
      + public_dns           = (known after apply)
      + public_ip            = (known after apply)
      + public_ipv4_pool     = (known after apply)
      + region               = "us-east-1"
      + tags_all             = (known after apply)
    }

  # aws_iam_role.eks_cluster will be created
  + resource "aws_iam_role" "eks_cluster" {
      + arn                   = (known after apply)
      + assume_role_policy    = jsonencode(
            {
              + Statement = [
                  + {
                      + Action    = "sts:AssumeRole"
                      + Effect    = "Allow"
                      + Principal = {
                          + Service = "eks.amazonaws.com"
                        }
                    },
                ]
              + Version   = "2012-10-17"
            }
        )
      + create_date           = (known after apply)
      + force_detach_policies = false
      + id                    = (known after apply)
      + managed_policy_arns   = (known after apply)
      + max_session_duration  = 3600
      + name                  = "vat-calc-eks-cluster-role"
      + name_prefix           = (known after apply)
      + path                  = "/"
      + tags_all              = (known after apply)
      + unique_id             = (known after apply)

      + inline_policy (known after apply)
    }

  # aws_iam_role_policy_attachment.eks_cluster_AmazonEKSClusterPolicy will be created
  + resource "aws_iam_role_policy_attachment" "eks_cluster_AmazonEKSClusterPolicy" {
      + id         = (known after apply)
      + policy_arn = "arn:aws:iam::aws:policy/AmazonEKSClusterPolicy"
      + role       = "vat-calc-eks-cluster-role"
    }

  # aws_iam_role_policy_attachment.eks_cluster_AmazonEKSServicePolicy will be created
  + resource "aws_iam_role_policy_attachment" "eks_cluster_AmazonEKSServicePolicy" {
      + id         = (known after apply)
      + policy_arn = "arn:aws:iam::aws:policy/AmazonEKSServicePolicy"
      + role       = "vat-calc-eks-cluster-role"
    }

  # aws_internet_gateway.main will be created
  + resource "aws_internet_gateway" "main" {
      + arn      = (known after apply)
      + id       = (known after apply)
      + owner_id = (known after apply)
      + region   = "us-east-1"
      + tags     = {
          + "Name" = "vat-calc-igw"
        }
      + tags_all = {
          + "Name" = "vat-calc-igw"
        }
      + vpc_id   = (known after apply)
    }

  # aws_lb.app will be created
  + resource "aws_lb" "app" {
      + arn                                                          = (known after apply)
      + arn_suffix                                                   = (known after apply)
      + client_keep_alive                                            = 3600
      + desync_mitigation_mode                                       = "defensive"
      + dns_name                                                     = (known after apply)
      + drop_invalid_header_fields                                   = false
      + enable_deletion_protection                                   = false
      + enable_http2                                                 = true
      + enable_tls_version_and_cipher_suite_headers                  = false
      + enable_waf_fail_open                                         = false
      + enable_xff_client_port                                       = false
      + enable_zonal_shift                                           = false
      + enforce_security_group_inbound_rules_on_private_link_traffic = (known after apply)
      + id                                                           = (known after apply)
      + idle_timeout                                                 = 60
      + internal                                                     = false
      + ip_address_type                                              = (known after apply)
      + load_balancer_type                                           = "application"
      + name                                                         = "vat-calc-alb"
      + name_prefix                                                  = (known after apply)
      + preserve_host_header                                         = false
      + region                                                       = "us-east-1"
      + secondary_ips_auto_assigned_per_subnet                       = (known after apply)
      + security_groups                                              = (known after apply)
      + subnets                                                      = (known after apply)
      + tags                                                         = {
          + "Name" = "vat-calc-alb"
        }
      + tags_all                                                     = {
          + "Name" = "vat-calc-alb"
        }
      + vpc_id                                                       = (known after apply)
      + xff_header_processing_mode                                   = "append"
      + zone_id                                                      = (known after apply)

      + subnet_mapping (known after apply)
    }

  # aws_nat_gateway.main will be created
  + resource "aws_nat_gateway" "main" {
      + allocation_id                      = (known after apply)
      + association_id                     = (known after apply)
      + auto_provision_zones               = (known after apply)
      + auto_scaling_ips                   = (known after apply)
      + availability_mode                  = (known after apply)
      + connectivity_type                  = "public"
      + id                                 = (known after apply)
      + network_interface_id               = (known after apply)
      + private_ip                         = (known after apply)
      + public_ip                          = (known after apply)
      + region                             = "us-east-1"
      + regional_nat_gateway_address       = (known after apply)
      + regional_nat_gateway_auto_mode     = (known after apply)
      + route_table_id                     = (known after apply)
      + secondary_allocation_ids           = (known after apply)
      + secondary_private_ip_address_count = (known after apply)
      + secondary_private_ip_addresses     = (known after apply)
      + subnet_id                          = (known after apply)
      + tags                               = {
          + "Name" = "vat-calc-nat-gw"
        }
      + tags_all                           = {
          + "Name" = "vat-calc-nat-gw"
        }
      + vpc_id                             = (known after apply)
    }

  # aws_route.private_nat_gateway will be created
  + resource "aws_route" "private_nat_gateway" {
      + destination_cidr_block = "0.0.0.0/0"
      + id                     = (known after apply)
      + instance_id            = (known after apply)
      + instance_owner_id      = (known after apply)
      + nat_gateway_id         = (known after apply)
      + network_interface_id   = (known after apply)
      + origin                 = (known after apply)
      + region                 = "us-east-1"
      + route_table_id         = (known after apply)
      + state                  = (known after apply)
    }

  # aws_route.public_internet_access will be created
  + resource "aws_route" "public_internet_access" {
      + destination_cidr_block = "0.0.0.0/0"
      + gateway_id             = (known after apply)
      + id                     = (known after apply)
      + instance_id            = (known after apply)
      + instance_owner_id      = (known after apply)
      + network_interface_id   = (known after apply)
      + origin                 = (known after apply)
      + region                 = "us-east-1"
      + route_table_id         = (known after apply)
      + state                  = (known after apply)
    }

  # aws_route_table.private will be created
  + resource "aws_route_table" "private" {
      + arn              = (known after apply)
      + id               = (known after apply)
      + owner_id         = (known after apply)
      + propagating_vgws = (known after apply)
      + region           = "us-east-1"
      + route            = (known after apply)
      + tags             = {
          + "Name" = "vat-calc-private-rt"
        }
      + tags_all         = {
          + "Name" = "vat-calc-private-rt"
        }
      + vpc_id           = (known after apply)
    }

  # aws_route_table.public will be created
  + resource "aws_route_table" "public" {
      + arn              = (known after apply)
      + id               = (known after apply)
      + owner_id         = (known after apply)
      + propagating_vgws = (known after apply)
      + region           = "us-east-1"
      + route            = (known after apply)
      + tags             = {
          + "Name" = "vat-calc-public-rt"
        }
      + tags_all         = {
          + "Name" = "vat-calc-public-rt"
        }
      + vpc_id           = (known after apply)
    }

  # aws_route_table_association.private[0] will be created
  + resource "aws_route_table_association" "private" {
      + id             = (known after apply)
      + region         = "us-east-1"
      + route_table_id = (known after apply)
      + subnet_id      = (known after apply)
    }

  # aws_route_table_association.private[1] will be created
  + resource "aws_route_table_association" "private" {
      + id             = (known after apply)
      + region         = "us-east-1"
      + route_table_id = (known after apply)
      + subnet_id      = (known after apply)
    }

  # aws_route_table_association.public[0] will be created
  + resource "aws_route_table_association" "public" {
      + id             = (known after apply)
      + region         = "us-east-1"
      + route_table_id = (known after apply)
      + subnet_id      = (known after apply)
    }

  # aws_route_table_association.public[1] will be created
  + resource "aws_route_table_association" "public" {
      + id             = (known after apply)
      + region         = "us-east-1"
      + route_table_id = (known after apply)
      + subnet_id      = (known after apply)
    }

  # aws_security_group.alb will be created
  + resource "aws_security_group" "alb" {
      + arn                    = (known after apply)
      + description            = "Allow HTTP/HTTPS inbound traffic to ALB"
      + egress                 = [
          + {
              + cidr_blocks      = [
                  + "0.0.0.0/0",
                ]
              + from_port        = 0
              + ipv6_cidr_blocks = []
              + prefix_list_ids  = []
              + protocol         = "-1"
              + security_groups  = []
              + self             = false
              + to_port          = 0
                # (1 unchanged attribute hidden)
            },
        ]
      + id                     = (known after apply)
      + ingress                = [
          + {
              + cidr_blocks      = [
                  + "0.0.0.0/0",
                ]
              + from_port        = 443
              + ipv6_cidr_blocks = []
              + prefix_list_ids  = []
              + protocol         = "tcp"
              + security_groups  = []
              + self             = false
              + to_port          = 443
                # (1 unchanged attribute hidden)
            },
          + {
              + cidr_blocks      = [
                  + "0.0.0.0/0",
                ]
              + from_port        = 80
              + ipv6_cidr_blocks = []
              + prefix_list_ids  = []
              + protocol         = "tcp"
              + security_groups  = []
              + self             = false
              + to_port          = 80
                # (1 unchanged attribute hidden)
            },
        ]
      + name                   = "vat-calc-alb-sg"
      + name_prefix            = (known after apply)
      + owner_id               = (known after apply)
      + region                 = "us-east-1"
      + revoke_rules_on_delete = false
      + tags                   = {
          + "Name" = "vat-calc-alb-sg"
        }
      + tags_all               = {
          + "Name" = "vat-calc-alb-sg"
        }
      + vpc_id                 = (known after apply)
    }

  # aws_subnet.private[0] will be created
  + resource "aws_subnet" "private" {
      + arn                                            = (known after apply)
      + assign_ipv6_address_on_creation                = false
      + availability_zone                              = "us-east-1a"
      + availability_zone_id                           = (known after apply)
      + cidr_block                                     = "10.0.101.0/24"
      + enable_dns64                                   = false
      + enable_resource_name_dns_a_record_on_launch    = false
      + enable_resource_name_dns_aaaa_record_on_launch = false
      + id                                             = (known after apply)
      + ipv6_cidr_block_association_id                 = (known after apply)
      + ipv6_native                                    = false
      + map_public_ip_on_launch                        = false
      + owner_id                                       = (known after apply)
      + private_dns_hostname_type_on_launch            = (known after apply)
      + region                                         = "us-east-1"
      + tags                                           = {
          + "Name" = "vat-calc-private-1"
        }
      + tags_all                                       = {
          + "Name" = "vat-calc-private-1"
        }
      + vpc_id                                         = (known after apply)
    }

  # aws_subnet.private[1] will be created
  + resource "aws_subnet" "private" {
      + arn                                            = (known after apply)
      + assign_ipv6_address_on_creation                = false
      + availability_zone                              = "us-east-1b"
      + availability_zone_id                           = (known after apply)
      + cidr_block                                     = "10.0.102.0/24"
      + enable_dns64                                   = false
      + enable_resource_name_dns_a_record_on_launch    = false
      + enable_resource_name_dns_aaaa_record_on_launch = false
      + id                                             = (known after apply)
      + ipv6_cidr_block_association_id                 = (known after apply)
      + ipv6_native                                    = false
      + map_public_ip_on_launch                        = false
      + owner_id                                       = (known after apply)
      + private_dns_hostname_type_on_launch            = (known after apply)
      + region                                         = "us-east-1"
      + tags                                           = {
          + "Name" = "vat-calc-private-2"
        }
      + tags_all                                       = {
          + "Name" = "vat-calc-private-2"
        }
      + vpc_id                                         = (known after apply)
    }

  # aws_subnet.public[0] will be created
  + resource "aws_subnet" "public" {
      + arn                                            = (known after apply)
      + assign_ipv6_address_on_creation                = false
      + availability_zone                              = "us-east-1a"
      + availability_zone_id                           = (known after apply)
      + cidr_block                                     = "10.0.1.0/24"
      + enable_dns64                                   = false
      + enable_resource_name_dns_a_record_on_launch    = false
      + enable_resource_name_dns_aaaa_record_on_launch = false
      + id                                             = (known after apply)
      + ipv6_cidr_block_association_id                 = (known after apply)
      + ipv6_native                                    = false
      + map_public_ip_on_launch                        = true
      + owner_id                                       = (known after apply)
      + private_dns_hostname_type_on_launch            = (known after apply)
      + region                                         = "us-east-1"
      + tags                                           = {
          + "Name" = "vat-calc-public-1"
        }
      + tags_all                                       = {
          + "Name" = "vat-calc-public-1"
        }
      + vpc_id                                         = (known after apply)
    }

  # aws_subnet.public[1] will be created
  + resource "aws_subnet" "public" {
      + arn                                            = (known after apply)
      + assign_ipv6_address_on_creation                = false
      + availability_zone                              = "us-east-1b"
      + availability_zone_id                           = (known after apply)
      + cidr_block                                     = "10.0.2.0/24"
      + enable_dns64                                   = false
      + enable_resource_name_dns_a_record_on_launch    = false
      + enable_resource_name_dns_aaaa_record_on_launch = false
      + id                                             = (known after apply)
      + ipv6_cidr_block_association_id                 = (known after apply)
      + ipv6_native                                    = false
      + map_public_ip_on_launch                        = true
      + owner_id                                       = (known after apply)
      + private_dns_hostname_type_on_launch            = (known after apply)
      + region                                         = "us-east-1"
      + tags                                           = {
          + "Name" = "vat-calc-public-2"
        }
      + tags_all                                       = {
          + "Name" = "vat-calc-public-2"
        }
      + vpc_id                                         = (known after apply)
    }

  # aws_vpc.main will be created
  + resource "aws_vpc" "main" {
      + arn                                  = (known after apply)
      + cidr_block                           = "10.0.0.0/16"
      + default_network_acl_id               = (known after apply)
      + default_route_table_id               = (known after apply)
      + default_security_group_id            = (known after apply)
      + dhcp_options_id                      = (known after apply)
      + enable_dns_hostnames                 = true
      + enable_dns_support                   = true
      + enable_network_address_usage_metrics = (known after apply)
      + id                                   = (known after apply)
      + instance_tenancy                     = "default"
      + ipv6_association_id                  = (known after apply)
      + ipv6_cidr_block                      = (known after apply)
      + ipv6_cidr_block_network_border_group = (known after apply)
      + main_route_table_id                  = (known after apply)
      + owner_id                             = (known after apply)
      + region                               = "us-east-1"
      + tags                                 = {
          + "Name" = "vat-calc-vpc"
        }
      + tags_all                             = {
          + "Name" = "vat-calc-vpc"
        }
    }

  # module.eks.data.tls_certificate.this[0] will be read during apply
  # (config refers to values not yet known)
 <= data "tls_certificate" "this" {
      + certificates = (known after apply)
      + id           = (known after apply)
      + url          = (known after apply)
    }

  # module.eks.aws_cloudwatch_log_group.this[0] will be created
  + resource "aws_cloudwatch_log_group" "this" {
      + arn                         = (known after apply)
      + deletion_protection_enabled = (known after apply)
      + id                          = (known after apply)
      + log_group_class             = (known after apply)
      + name                        = "/aws/eks/vat-calc-eks/cluster"
      + name_prefix                 = (known after apply)
      + region                      = "us-east-1"
      + retention_in_days           = 90
      + skip_destroy                = false
      + tags                        = {
          + "Environment" = "production"
          + "Name"        = "/aws/eks/vat-calc-eks/cluster"
          + "Project"     = "vat-calc"
        }
      + tags_all                    = {
          + "Environment" = "production"
          + "Name"        = "/aws/eks/vat-calc-eks/cluster"
          + "Project"     = "vat-calc"
        }
    }

  # module.eks.aws_ec2_tag.cluster_primary_security_group["Environment"] will be created
  + resource "aws_ec2_tag" "cluster_primary_security_group" {
      + id          = (known after apply)
      + key         = "Environment"
      + region      = "us-east-1"
      + resource_id = (known after apply)
      + value       = "production"
    }

  # module.eks.aws_ec2_tag.cluster_primary_security_group["Project"] will be created
  + resource "aws_ec2_tag" "cluster_primary_security_group" {
      + id          = (known after apply)
      + key         = "Project"
      + region      = "us-east-1"
      + resource_id = (known after apply)
      + value       = "vat-calc"
    }

  # module.eks.aws_eks_cluster.this[0] will be created
  + resource "aws_eks_cluster" "this" {
      + arn                           = (known after apply)
      + bootstrap_self_managed_addons = true
      + certificate_authority         = (known after apply)
      + cluster_id                    = (known after apply)
      + created_at                    = (known after apply)
      + deletion_protection           = (known after apply)
      + enabled_cluster_log_types     = [
          + "api",
          + "audit",
          + "authenticator",
        ]
      + endpoint                      = (known after apply)
      + id                            = (known after apply)
      + identity                      = (known after apply)
      + name                          = "vat-calc-eks"
      + platform_version              = (known after apply)
      + region                        = "us-east-1"
      + role_arn                      = (known after apply)
      + status                        = (known after apply)
      + tags                          = {
          + "Environment" = "production"
          + "Project"     = "vat-calc"
        }
      + tags_all                      = {
          + "Environment" = "production"
          + "Project"     = "vat-calc"
        }
      + version                       = "1.29"

      + access_config (known after apply)

      + compute_config (known after apply)

      + control_plane_scaling_config (known after apply)

      + encryption_config {
          + resources = [
              + "secrets",
            ]

          + provider {
              + key_arn = (known after apply)
            }
        }

      + kubernetes_network_config {
          + ip_family         = (known after apply)
          + service_ipv4_cidr = (known after apply)
          + service_ipv6_cidr = (known after apply)

          + elastic_load_balancing (known after apply)
        }

      + storage_config (known after apply)

      + timeouts {}

      + upgrade_policy (known after apply)

      + vpc_config {
          + cluster_security_group_id = (known after apply)
          + endpoint_private_access   = true
          + endpoint_public_access    = false
          + public_access_cidrs       = [
              + "0.0.0.0/0",
            ]
          + security_group_ids        = (known after apply)
          + subnet_ids                = (known after apply)
          + vpc_id                    = (known after apply)
        }
    }

  # module.eks.aws_iam_openid_connect_provider.oidc_provider[0] will be created
  + resource "aws_iam_openid_connect_provider" "oidc_provider" {
      + arn             = (known after apply)
      + client_id_list  = [
          + "sts.amazonaws.com",
        ]
      + id              = (known after apply)
      + tags            = {
          + "Environment" = "production"
          + "Name"        = "vat-calc-eks-eks-irsa"
          + "Project"     = "vat-calc"
        }
      + tags_all        = {
          + "Environment" = "production"
          + "Name"        = "vat-calc-eks-eks-irsa"
          + "Project"     = "vat-calc"
        }
      + thumbprint_list = (known after apply)
      + url             = (known after apply)
    }

  # module.eks.aws_iam_policy.cluster_encryption[0] will be created
  + resource "aws_iam_policy" "cluster_encryption" {
      + arn              = (known after apply)
      + attachment_count = (known after apply)
      + description      = "Cluster encryption policy to allow cluster role to utilize CMK provided"
      + id               = (known after apply)
      + name             = (known after apply)
      + name_prefix      = "vat-calc-eks-cluster-ClusterEncryption"
      + path             = "/"
      + policy           = (known after apply)
      + policy_id        = (known after apply)
      + tags             = {
          + "Environment" = "production"
          + "Project"     = "vat-calc"
        }
      + tags_all         = {
          + "Environment" = "production"
          + "Project"     = "vat-calc"
        }
    }

  # module.eks.aws_iam_role.this[0] will be created
  + resource "aws_iam_role" "this" {
      + arn                   = (known after apply)
      + assume_role_policy    = jsonencode(
            {
              + Statement = [
                  + {
                      + Action    = "sts:AssumeRole"
                      + Effect    = "Allow"
                      + Principal = {
                          + Service = "eks.amazonaws.com"
                        }
                      + Sid       = "EKSClusterAssumeRole"
                    },
                ]
              + Version   = "2012-10-17"
            }
        )
      + create_date           = (known after apply)
      + force_detach_policies = true
      + id                    = (known after apply)
      + managed_policy_arns   = (known after apply)
      + max_session_duration  = 3600
      + name                  = (known after apply)
      + name_prefix           = "vat-calc-eks-cluster-"
      + path                  = "/"
      + tags                  = {
          + "Environment" = "production"
          + "Project"     = "vat-calc"
        }
      + tags_all              = {
          + "Environment" = "production"
          + "Project"     = "vat-calc"
        }
      + unique_id             = (known after apply)

      + inline_policy {
          + name   = "vat-calc-eks-cluster"
          + policy = jsonencode(
                {
                  + Statement = [
                      + {
                          + Action   = [
                              + "logs:CreateLogGroup",
                            ]
                          + Effect   = "Deny"
                          + Resource = "*"
                        },
                    ]
                  + Version   = "2012-10-17"
                }
            )
        }
    }

  # module.eks.aws_iam_role_policy_attachment.cluster_encryption[0] will be created
  + resource "aws_iam_role_policy_attachment" "cluster_encryption" {
      + id         = (known after apply)
      + policy_arn = (known after apply)
      + role       = (known after apply)
    }

  # module.eks.aws_iam_role_policy_attachment.this["AmazonEKSClusterPolicy"] will be created
  + resource "aws_iam_role_policy_attachment" "this" {
      + id         = (known after apply)
      + policy_arn = "arn:aws:iam::aws:policy/AmazonEKSClusterPolicy"
      + role       = (known after apply)
    }

  # module.eks.aws_iam_role_policy_attachment.this["AmazonEKSVPCResourceController"] will be created
  + resource "aws_iam_role_policy_attachment" "this" {
      + id         = (known after apply)
      + policy_arn = "arn:aws:iam::aws:policy/AmazonEKSVPCResourceController"
      + role       = (known after apply)
    }

  # module.eks.aws_security_group.cluster[0] will be created
  + resource "aws_security_group" "cluster" {
      + arn                    = (known after apply)
      + description            = "EKS cluster security group"
      + egress                 = (known after apply)
      + id                     = (known after apply)
      + ingress                = (known after apply)
      + name                   = (known after apply)
      + name_prefix            = "vat-calc-eks-cluster-"
      + owner_id               = (known after apply)
      + region                 = "us-east-1"
      + revoke_rules_on_delete = false
      + tags                   = {
          + "Environment" = "production"
          + "Name"        = "vat-calc-eks-cluster"
          + "Project"     = "vat-calc"
        }
      + tags_all               = {
          + "Environment" = "production"
          + "Name"        = "vat-calc-eks-cluster"
          + "Project"     = "vat-calc"
        }
      + vpc_id                 = (known after apply)
    }

  # module.eks.aws_security_group.node[0] will be created
  + resource "aws_security_group" "node" {
      + arn                    = (known after apply)
      + description            = "EKS node shared security group"
      + egress                 = (known after apply)
      + id                     = (known after apply)
      + ingress                = (known after apply)
      + name                   = (known after apply)
      + name_prefix            = "vat-calc-eks-node-"
      + owner_id               = (known after apply)
      + region                 = "us-east-1"
      + revoke_rules_on_delete = false
      + tags                   = {
          + "Environment"                        = "production"
          + "Name"                               = "vat-calc-eks-node"
          + "Project"                            = "vat-calc"
          + "kubernetes.io/cluster/vat-calc-eks" = "owned"
        }
      + tags_all               = {
          + "Environment"                        = "production"
          + "Name"                               = "vat-calc-eks-node"
          + "Project"                            = "vat-calc"
          + "kubernetes.io/cluster/vat-calc-eks" = "owned"
        }
      + vpc_id                 = (known after apply)
    }

  # module.eks.aws_security_group_rule.cluster["ingress_nodes_443"] will be created
  + resource "aws_security_group_rule" "cluster" {
      + description              = "Node groups to cluster API"
      + from_port                = 443
      + id                       = (known after apply)
      + protocol                 = "tcp"
      + region                   = "us-east-1"
      + security_group_id        = (known after apply)
      + security_group_rule_id   = (known after apply)
      + self                     = false
      + source_security_group_id = (known after apply)
      + to_port                  = 443
      + type                     = "ingress"
    }

  # module.eks.aws_security_group_rule.node["egress_all"] will be created
  + resource "aws_security_group_rule" "node" {
      + cidr_blocks              = [
          + "0.0.0.0/0",
        ]
      + description              = "Allow all egress"
      + from_port                = 0
      + id                       = (known after apply)
      + prefix_list_ids          = []
      + protocol                 = "-1"
      + region                   = "us-east-1"
      + security_group_id        = (known after apply)
      + security_group_rule_id   = (known after apply)
      + self                     = false
      + source_security_group_id = (known after apply)
      + to_port                  = 0
      + type                     = "egress"
    }

  # module.eks.aws_security_group_rule.node["ingress_cluster_443"] will be created
  + resource "aws_security_group_rule" "node" {
      + description              = "Cluster API to node groups"
      + from_port                = 443
      + id                       = (known after apply)
      + prefix_list_ids          = []
      + protocol                 = "tcp"
      + region                   = "us-east-1"
      + security_group_id        = (known after apply)
      + security_group_rule_id   = (known after apply)
      + self                     = false
      + source_security_group_id = (known after apply)
      + to_port                  = 443
      + type                     = "ingress"
    }

  # module.eks.aws_security_group_rule.node["ingress_cluster_4443_webhook"] will be created
  + resource "aws_security_group_rule" "node" {
      + description              = "Cluster API to node 4443/tcp webhook"
      + from_port                = 4443
      + id                       = (known after apply)
      + prefix_list_ids          = []
      + protocol                 = "tcp"
      + region                   = "us-east-1"
      + security_group_id        = (known after apply)
      + security_group_rule_id   = (known after apply)
      + self                     = false
      + source_security_group_id = (known after apply)
      + to_port                  = 4443
      + type                     = "ingress"
    }

  # module.eks.aws_security_group_rule.node["ingress_cluster_6443_webhook"] will be created
  + resource "aws_security_group_rule" "node" {
      + description              = "Cluster API to node 6443/tcp webhook"
      + from_port                = 6443
      + id                       = (known after apply)
      + prefix_list_ids          = []
      + protocol                 = "tcp"
      + region                   = "us-east-1"
      + security_group_id        = (known after apply)
      + security_group_rule_id   = (known after apply)
      + self                     = false
      + source_security_group_id = (known after apply)
      + to_port                  = 6443
      + type                     = "ingress"
    }

  # module.eks.aws_security_group_rule.node["ingress_cluster_8443_webhook"] will be created
  + resource "aws_security_group_rule" "node" {
      + description              = "Cluster API to node 8443/tcp webhook"
      + from_port                = 8443
      + id                       = (known after apply)
      + prefix_list_ids          = []
      + protocol                 = "tcp"
      + region                   = "us-east-1"
      + security_group_id        = (known after apply)
      + security_group_rule_id   = (known after apply)
      + self                     = false
      + source_security_group_id = (known after apply)
      + to_port                  = 8443
      + type                     = "ingress"
    }

  # module.eks.aws_security_group_rule.node["ingress_cluster_9443_webhook"] will be created
  + resource "aws_security_group_rule" "node" {
      + description              = "Cluster API to node 9443/tcp webhook"
      + from_port                = 9443
      + id                       = (known after apply)
      + prefix_list_ids          = []
      + protocol                 = "tcp"
      + region                   = "us-east-1"
      + security_group_id        = (known after apply)
      + security_group_rule_id   = (known after apply)
      + self                     = false
      + source_security_group_id = (known after apply)
      + to_port                  = 9443
      + type                     = "ingress"
    }

  # module.eks.aws_security_group_rule.node["ingress_cluster_kubelet"] will be created
  + resource "aws_security_group_rule" "node" {
      + description              = "Cluster API to node kubelets"
      + from_port                = 10250
      + id                       = (known after apply)
      + prefix_list_ids          = []
      + protocol                 = "tcp"
      + region                   = "us-east-1"
      + security_group_id        = (known after apply)
      + security_group_rule_id   = (known after apply)
      + self                     = false
      + source_security_group_id = (known after apply)
      + to_port                  = 10250
      + type                     = "ingress"
    }

  # module.eks.aws_security_group_rule.node["ingress_nodes_ephemeral"] will be created
  + resource "aws_security_group_rule" "node" {
      + description              = "Node to node ingress on ephemeral ports"
      + from_port                = 1025
      + id                       = (known after apply)
      + prefix_list_ids          = []
      + protocol                 = "tcp"
      + region                   = "us-east-1"
      + security_group_id        = (known after apply)
      + security_group_rule_id   = (known after apply)
      + self                     = true
      + source_security_group_id = (known after apply)
      + to_port                  = 65535
      + type                     = "ingress"
    }

  # module.eks.aws_security_group_rule.node["ingress_self_coredns_tcp"] will be created
  + resource "aws_security_group_rule" "node" {
      + description              = "Node to node CoreDNS"
      + from_port                = 53
      + id                       = (known after apply)
      + prefix_list_ids          = []
      + protocol                 = "tcp"
      + region                   = "us-east-1"
      + security_group_id        = (known after apply)
      + security_group_rule_id   = (known after apply)
      + self                     = true
      + source_security_group_id = (known after apply)
      + to_port                  = 53
      + type                     = "ingress"
    }

  # module.eks.aws_security_group_rule.node["ingress_self_coredns_udp"] will be created
  + resource "aws_security_group_rule" "node" {
      + description              = "Node to node CoreDNS UDP"
      + from_port                = 53
      + id                       = (known after apply)
      + prefix_list_ids          = []
      + protocol                 = "udp"
      + region                   = "us-east-1"
      + security_group_id        = (known after apply)
      + security_group_rule_id   = (known after apply)
      + self                     = true
      + source_security_group_id = (known after apply)
      + to_port                  = 53
      + type                     = "ingress"
    }

  # module.eks.time_sleep.this[0] will be created
  + resource "time_sleep" "this" {
      + create_duration = "30s"
      + id              = (known after apply)
      + triggers        = {
          + "cluster_certificate_authority_data" = (known after apply)
          + "cluster_endpoint"                   = (known after apply)
          + "cluster_name"                       = "vat-calc-eks"
          + "cluster_version"                    = "1.29"
        }
    }

  # module.eks.module.eks_managed_node_group["default"].aws_eks_node_group.this[0] will be created
  + resource "aws_eks_node_group" "this" {
      + ami_type               = (known after apply)
      + arn                    = (known after apply)
      + capacity_type          = (known after apply)
      + cluster_name           = "vat-calc-eks"
      + disk_size              = (known after apply)
      + id                     = (known after apply)
      + instance_types         = [
          + "t3.medium",
        ]
      + node_group_name        = (known after apply)
      + node_group_name_prefix = "default-"
      + node_role_arn          = (known after apply)
      + region                 = "us-east-1"
      + release_version        = (known after apply)
      + resources              = (known after apply)
      + status                 = (known after apply)
      + subnet_ids             = (known after apply)
      + tags                   = {
          + "Environment" = "production"
          + "Name"        = "default"
          + "Project"     = "vat-calc"
        }
      + tags_all               = {
          + "Environment" = "production"
          + "Name"        = "default"
          + "Project"     = "vat-calc"
        }
      + version                = "1.29"

      + launch_template {
          + id      = (known after apply)
          + name    = (known after apply)
          + version = (known after apply)
        }

      + node_repair_config (known after apply)

      + scaling_config {
          + desired_size = 2
          + max_size     = 3
          + min_size     = 1
        }

      + timeouts {}

      + update_config {
          + max_unavailable_percentage = 33
        }
    }

  # module.eks.module.eks_managed_node_group["default"].aws_iam_role.this[0] will be created
  + resource "aws_iam_role" "this" {
      + arn                   = (known after apply)
      + assume_role_policy    = jsonencode(
            {
              + Statement = [
                  + {
                      + Action    = "sts:AssumeRole"
                      + Effect    = "Allow"
                      + Principal = {
                          + Service = "ec2.amazonaws.com"
                        }
                      + Sid       = "EKSNodeAssumeRole"
                    },
                ]
              + Version   = "2012-10-17"
            }
        )
      + create_date           = (known after apply)
      + description           = "EKS managed node group IAM role"
      + force_detach_policies = true
      + id                    = (known after apply)
      + managed_policy_arns   = (known after apply)
      + max_session_duration  = 3600
      + name                  = (known after apply)
      + name_prefix           = "default-eks-node-group-"
      + path                  = "/"
      + tags                  = {
          + "Environment" = "production"
          + "Project"     = "vat-calc"
        }
      + tags_all              = {
          + "Environment" = "production"
          + "Project"     = "vat-calc"
        }
      + unique_id             = (known after apply)

      + inline_policy (known after apply)
    }

  # module.eks.module.eks_managed_node_group["default"].aws_iam_role_policy_attachment.this["arn:aws:iam::aws:policy/AmazonEC2ContainerRegistryReadOnly"] will be created
  + resource "aws_iam_role_policy_attachment" "this" {
      + id         = (known after apply)
      + policy_arn = "arn:aws:iam::aws:policy/AmazonEC2ContainerRegistryReadOnly"
      + role       = (known after apply)
    }

  # module.eks.module.eks_managed_node_group["default"].aws_iam_role_policy_attachment.this["arn:aws:iam::aws:policy/AmazonEKSWorkerNodePolicy"] will be created
  + resource "aws_iam_role_policy_attachment" "this" {
      + id         = (known after apply)
      + policy_arn = "arn:aws:iam::aws:policy/AmazonEKSWorkerNodePolicy"
      + role       = (known after apply)
    }

  # module.eks.module.eks_managed_node_group["default"].aws_iam_role_policy_attachment.this["arn:aws:iam::aws:policy/AmazonEKS_CNI_Policy"] will be created
  + resource "aws_iam_role_policy_attachment" "this" {
      + id         = (known after apply)
      + policy_arn = "arn:aws:iam::aws:policy/AmazonEKS_CNI_Policy"
      + role       = (known after apply)
    }

  # module.eks.module.eks_managed_node_group["default"].aws_launch_template.this[0] will be created
  + resource "aws_launch_template" "this" {
      + arn                    = (known after apply)
      + default_version        = (known after apply)
      + description            = "Custom launch template for default EKS managed node group"
      + id                     = (known after apply)
      + latest_version         = (known after apply)
      + name                   = (known after apply)
      + name_prefix            = "default-"
      + region                 = "us-east-1"
      + tags                   = {
          + "Environment" = "production"
          + "Project"     = "vat-calc"
        }
      + tags_all               = {
          + "Environment" = "production"
          + "Project"     = "vat-calc"
        }
      + update_default_version = true
      + vpc_security_group_ids = (known after apply)
        # (2 unchanged attributes hidden)

      + metadata_options {
          + http_endpoint               = "enabled"
          + http_protocol_ipv6          = (known after apply)
          + http_put_response_hop_limit = 2
          + http_tokens                 = "required"
          + instance_metadata_tags      = (known after apply)
        }

      + monitoring {
          + enabled = true
        }

      + tag_specifications {
          + resource_type = "instance"
          + tags          = {
              + "Environment" = "production"
              + "Name"        = "default"
              + "Project"     = "vat-calc"
            }
        }
      + tag_specifications {
          + resource_type = "network-interface"
          + tags          = {
              + "Environment" = "production"
              + "Name"        = "default"
              + "Project"     = "vat-calc"
            }
        }
      + tag_specifications {
          + resource_type = "volume"
          + tags          = {
              + "Environment" = "production"
              + "Name"        = "default"
              + "Project"     = "vat-calc"
            }
        }
    }

  # module.eks.module.kms.data.aws_iam_policy_document.this[0] will be read during apply
  # (config refers to values not yet known)
 <= data "aws_iam_policy_document" "this" {
      + id                        = (known after apply)
      + json                      = (known after apply)
      + minified_json             = (known after apply)
      + override_policy_documents = []
      + source_policy_documents   = []

      + statement {
          + actions   = [
              + "kms:CancelKeyDeletion",
              + "kms:Create*",
              + "kms:Delete*",
              + "kms:Describe*",
              + "kms:Disable*",
              + "kms:Enable*",
              + "kms:Get*",
              + "kms:ImportKeyMaterial",
              + "kms:List*",
              + "kms:Put*",
              + "kms:ReplicateKey",
              + "kms:Revoke*",
              + "kms:ScheduleKeyDeletion",
              + "kms:TagResource",
              + "kms:UntagResource",
              + "kms:Update*",
            ]
          + resources = [
              + "*",
            ]
          + sid       = "KeyAdministration"

          + principals {
              + identifiers = [
                  + "arn:aws:iam::000000000000:root",
                ]
              + type        = "AWS"
            }
        }
      + statement {
          + actions   = [
              + "kms:Decrypt",
              + "kms:DescribeKey",
              + "kms:Encrypt",
              + "kms:GenerateDataKey*",
              + "kms:ReEncrypt*",
            ]
          + resources = [
              + "*",
            ]
          + sid       = "KeyUsage"

          + principals {
              + identifiers = [
                  + (known after apply),
                ]
              + type        = "AWS"
            }
        }
    }

  # module.eks.module.kms.aws_kms_alias.this["cluster"] will be created
  + resource "aws_kms_alias" "this" {
      + arn            = (known after apply)
      + id             = (known after apply)
      + name           = "alias/eks/vat-calc-eks"
      + name_prefix    = (known after apply)
      + region         = "us-east-1"
      + target_key_arn = (known after apply)
      + target_key_id  = (known after apply)
    }

  # module.eks.module.kms.aws_kms_key.this[0] will be created
  + resource "aws_kms_key" "this" {
      + arn                                = (known after apply)
      + bypass_policy_lockout_safety_check = false
      + customer_master_key_spec           = "SYMMETRIC_DEFAULT"
      + description                        = "vat-calc-eks cluster encryption key"
      + enable_key_rotation                = true
      + id                                 = (known after apply)
      + is_enabled                         = true
      + key_id                             = (known after apply)
      + key_usage                          = "ENCRYPT_DECRYPT"
      + multi_region                       = false
      + policy                             = (known after apply)
      + region                             = "us-east-1"
      + rotation_period_in_days            = (known after apply)
      + tags                               = {
          + "Environment" = "production"
          + "Project"     = "vat-calc"
        }
      + tags_all                           = {
          + "Environment" = "production"
          + "Project"     = "vat-calc"
        }
    }

Plan: 53 to add, 0 to change, 0 to destroy.

Changes to Outputs:
  + alb_dns_name                  = (known after apply)
  + eks_cluster_endpoint          = (known after apply)
  + eks_cluster_name              = "vat-calc-eks"
  + eks_cluster_security_group_id = (known after apply)
  + private_subnet_ids            = [
      + (known after apply),
      + (known after apply),
    ]
  + public_subnet_ids             = [
      + (known after apply),
      + (known after apply),
    ]
  + vpc_id                        = (known after apply)

Warning: Argument is deprecated

  with module.eks.aws_iam_role.this[0],
  on /ai-code-generation-from-code-to-iac/workspace/834362386/ai_tf/.terraform/modules/eks/main.tf line 293, in resource "aws_iam_role" "this":
 293: resource "aws_iam_role" "this" {

inline_policy is deprecated. Use the aws_iam_role_policy resource instead. If
Terraform should exclusively manage all inline policy associations (the
current behavior of this argument), use the aws_iam_role_policies_exclusive
resource as well.

Warning: Deprecated Resource

  with module.eks.kubernetes_config_map.aws_auth,
  on /ai-code-generation-from-code-to-iac/workspace/834362386/ai_tf/.terraform/modules/eks/main.tf line 545, in resource "kubernetes_config_map" "aws_auth":
 545: resource "kubernetes_config_map" "aws_auth" {

Deprecated; use kubernetes_config_map_v1.
