{"format_version":"1.2","terraform_version":"1.13.5","variables":{"allowed_cidr":{"value":null},"az_a":{"value":"ap-northeast-1a"},"key_name":{"value":"my-net-keypair"},"pub_subnet_cidr":{"value":"10.0.1.0/24"},"vpc_cidr":{"value":"10.0.0.0/16"}},"planned_values":{"outputs":{"ami_id":{"sensitive":false,"type":"string","value":"ami-04681a1dbd79675a5"},"ec2_global_ips":{"sensitive":false},"ec2_public_dns_name":{"sensitive":false}},"root_module":{"resources":[{"address":"aws_instance.my_net_ec2","mode":"managed","type":"aws_instance","name":"my_net_ec2","provider_name":"registry.terraform.io/hashicorp/aws","schema_version":2,"values":{"ami":"ami-04681a1dbd79675a5","associate_public_ip_address":true,"availability_zone":"ap-northeast-1a","credit_specification":[],"force_destroy":false,"get_password_data":false,"hibernation":null,"instance_type":"t2.micro","key_name":"my-net-keypair","launch_template":[],"region":"us-east-1","source_dest_check":true,"tags":{"Name":"my-net-ec2"},"tags_all":{"Name":"my-net-ec2"},"timeouts":null,"user_data":"#! /bin/bash\nsudo yum update -y\nsudo timedatectl set-timezone Asia/Tokyo\nsudo amazon-linux-extras install -y nginx1\nsudo amazon-linux-extras install -y php8.2\necho '\u003c?php echo \"Request from IP: \".$_SERVER[\"REMOTE_ADDR\"].\" at \".date(DATE_ATOM); ?\u003e' | sudo tee /usr/share/nginx/html/index.php\nsudo sed -i -e \"s/^expose_php = On/expose_php = Off/\" -e \"s/^;date.timezone =/date.timezone = Asia\\/Tokyo/\" /etc/php.ini\necho 'server_tokens off;' | sudo tee /etc/nginx/conf.d/default.conf\nsudo systemctl start php-fpm\nsudo systemctl start nginx\nsudo systemctl enable php-fpm\nsudo systemctl enable nginx\n","user_data_replace_on_change":false,"volume_tags":null},"sensitive_values":{"capacity_reservation_specification":[],"cpu_options":[],"credit_specification":[],"ebs_block_device":[],"enclave_options":[],"ephemeral_block_device":[],"instance_market_options":[],"ipv6_addresses":[],"launch_template":[],"maintenance_options":[],"metadata_options":[],"network_interface":[],"primary_network_interface":[],"private_dns_name_options":[],"root_block_device":[],"secondary_private_ips":[],"security_groups":[],"tags":{},"tags_all":{},"vpc_security_group_ids":[]},"identity_schema_version":0,"identity":{"account_id":null,"id":null,"region":null}},{"address":"aws_internet_gateway.my_net_igw","mode":"managed","type":"aws_internet_gateway","name":"my_net_igw","provider_name":"registry.terraform.io/hashicorp/aws","schema_version":0,"values":{"region":"us-east-1","tags":{"Name":"my-net-igw"},"tags_all":{"Name":"my-net-igw"},"timeouts":null},"sensitive_values":{"tags":{},"tags_all":{}}},{"address":"aws_key_pair.my_net_keypair","mode":"managed","type":"aws_key_pair","name":"my_net_keypair","provider_name":"registry.terraform.io/hashicorp/aws","schema_version":1,"values":{"key_name":"my-net-keypair","region":"us-east-1","tags":null},"sensitive_values":{"tags_all":{}}},{"address":"aws_route_table.my_net_public_rt","mode":"managed","type":"aws_route_table","name":"my_net_public_rt","provider_name":"registry.terraform.io/hashicorp/aws","schema_version":0,"values":{"region":"us-east-1","route":[{"carrier_gateway_id":"","cidr_block":"0.0.0.0/0","core_network_arn":"","destination_prefix_list_id":"","egress_only_gateway_id":"","ipv6_cidr_block":"","local_gateway_id":"","nat_gateway_id":"","network_interface_id":"","transit_gateway_id":"","vpc_endpoint_id":"","vpc_peering_connection_id":""}],"tags":{"Name":"my-net-public-rt"},"tags_all":{"Name":"my-net-public-rt"},"timeouts":null},"sensitive_values":{"propagating_vgws":[],"route":[{}],"tags":{},"tags_all":{}},"identity_schema_version":0,"identity":{"account_id":null,"id":null,"region":null}},{"address":"aws_route_table_association.my_net_public_rt_associate","mode":"managed","type":"aws_route_table_association","name":"my_net_public_rt_associate","provider_name":"registry.terraform.io/hashicorp/aws","schema_version":0,"values":{"gateway_id":null,"region":"us-east-1","timeouts":null},"sensitive_values":{}},{"address":"aws_security_group.my_net_ec2_sg","mode":"managed","type":"aws_security_group","name":"my_net_ec2_sg","provider_name":"registry.terraform.io/hashicorp/aws","schema_version":1,"values":{"description":"for nginx php-fpm server","egress":[{"cidr_blocks":["0.0.0.0/0"],"description":"","from_port":0,"ipv6_cidr_blocks":[],"prefix_list_ids":[],"protocol":"-1","security_groups":[],"self":false,"to_port":0}],"ingress":[{"cidr_blocks":["193.5.234.233/32"],"description":"","from_port":-1,"ipv6_cidr_blocks":[],"prefix_list_ids":[],"protocol":"icmp","security_groups":[],"self":false,"to_port":-1},{"cidr_blocks":["193.5.234.233/32"],"description":"","from_port":22,"ipv6_cidr_blocks":[],"prefix_list_ids":[],"protocol":"tcp","security_groups":[],"self":false,"to_port":22},{"cidr_blocks":["193.5.234.233/32"],"description":"","from_port":80,"ipv6_cidr_blocks":[],"prefix_list_ids":[],"protocol":"tcp","security_groups":[],"self":false,"to_port":80}],"name":"my-net-ec2-sg","region":"us-east-1","revoke_rules_on_delete":false,"tags":{"Name":"my-net-ec2-sg"},"tags_all":{"Name":"my-net-ec2-sg"},"timeouts":null},"sensitive_values":{"egress":[{"cidr_blocks":[false],"ipv6_cidr_blocks":[],"prefix_list_ids":[],"security_groups":[]}],"ingress":[{"cidr_blocks":[false],"ipv6_cidr_blocks":[],"prefix_list_ids":[],"security_groups":[]},{"cidr_blocks":[false],"ipv6_cidr_blocks":[],"prefix_list_ids":[],"security_groups":[]},{"cidr_blocks":[false],"ipv6_cidr_blocks":[],"prefix_list_ids":[],"security_groups":[]}],"tags":{},"tags_all":{}},"identity_schema_version":0,"identity":{"account_id":null,"id":null,"region":null}},{"address":"aws_subnet.my_net_public_subnet","mode":"managed","type":"aws_subnet","name":"my_net_public_subnet","provider_name":"registry.terraform.io/hashicorp/aws","schema_version":1,"values":{"assign_ipv6_address_on_creation":false,"availability_zone":"ap-northeast-1a","cidr_block":"10.0.1.0/24","customer_owned_ipv4_pool":null,"enable_dns64":false,"enable_lni_at_device_index":null,"enable_resource_name_dns_a_record_on_launch":false,"enable_resource_name_dns_aaaa_record_on_launch":false,"ipv6_cidr_block":null,"ipv6_native":false,"map_customer_owned_ip_on_launch":null,"map_public_ip_on_launch":false,"outpost_arn":null,"region":"us-east-1","tags":{"Name":"my-net-public-subnet"},"tags_all":{"Name":"my-net-public-subnet"},"timeouts":null},"sensitive_values":{"tags":{},"tags_all":{}},"identity_schema_version":0,"identity":{"account_id":null,"id":null,"region":null}},{"address":"aws_vpc.my_net_vpc","mode":"managed","type":"aws_vpc","name":"my_net_vpc","provider_name":"registry.terraform.io/hashicorp/aws","schema_version":1,"values":{"assign_generated_ipv6_cidr_block":null,"cidr_block":"10.0.0.0/16","enable_dns_hostnames":true,"enable_dns_support":true,"instance_tenancy":"default","ipv4_ipam_pool_id":null,"ipv4_netmask_length":null,"ipv6_ipam_pool_id":null,"ipv6_netmask_length":null,"region":"us-east-1","tags":{"Name":"my-net-vpc"},"tags_all":{"Name":"my-net-vpc"}},"sensitive_values":{"tags":{},"tags_all":{}},"identity_schema_version":0,"identity":{"account_id":null,"id":null,"region":null}},{"address":"local_file.my_net_private_key_pem","mode":"managed","type":"local_file","name":"my_net_private_key_pem","provider_name":"registry.terraform.io/hashicorp/local","schema_version":0,"values":{"content_base64":null,"directory_permission":"0777","file_permission":"0777","filename":"./.security/my-net-keypair.id_rsa","sensitive_content":null,"source":null},"sensitive_values":{"content":true,"sensitive_content":true}},{"address":"tls_private_key.my_net_private_key","mode":"managed","type":"tls_private_key","name":"my_net_private_key","provider_name":"registry.terraform.io/hashicorp/tls","schema_version":1,"values":{"algorithm":"RSA","ecdsa_curve":"P224","rsa_bits":2048},"sensitive_values":{"private_key_openssh":true,"private_key_pem":true,"private_key_pem_pkcs8":true}}]}},"resource_changes":[{"address":"aws_instance.my_net_ec2","mode":"managed","type":"aws_instance","name":"my_net_ec2","provider_name":"registry.terraform.io/hashicorp/aws","change":{"actions":["create"],"before":null,"after":{"ami":"ami-04681a1dbd79675a5","associate_public_ip_address":true,"availability_zone":"ap-northeast-1a","credit_specification":[],"force_destroy":false,"get_password_data":false,"hibernation":null,"instance_type":"t2.micro","key_name":"my-net-keypair","launch_template":[],"region":"us-east-1","source_dest_check":true,"tags":{"Name":"my-net-ec2"},"tags_all":{"Name":"my-net-ec2"},"timeouts":null,"user_data":"#! /bin/bash\nsudo yum update -y\nsudo timedatectl set-timezone Asia/Tokyo\nsudo amazon-linux-extras install -y nginx1\nsudo amazon-linux-extras install -y php8.2\necho '\u003c?php echo \"Request from IP: \".$_SERVER[\"REMOTE_ADDR\"].\" at \".date(DATE_ATOM); ?\u003e' | sudo tee /usr/share/nginx/html/index.php\nsudo sed -i -e \"s/^expose_php = On/expose_php = Off/\" -e \"s/^;date.timezone =/date.timezone = Asia\\/Tokyo/\" /etc/php.ini\necho 'server_tokens off;' | sudo tee /etc/nginx/conf.d/default.conf\nsudo systemctl start php-fpm\nsudo systemctl start nginx\nsudo systemctl enable php-fpm\nsudo systemctl enable nginx\n","user_data_replace_on_change":false,"volume_tags":null},"after_unknown":{"arn":true,"capacity_reservation_specification":true,"cpu_options":true,"credit_specification":[],"disable_api_stop":true,"disable_api_termination":true,"ebs_block_device":true,"ebs_optimized":true,"enable_primary_ipv6":true,"enclave_options":true,"ephemeral_block_device":true,"host_id":true,"host_resource_group_arn":true,"iam_instance_profile":true,"id":true,"instance_initiated_shutdown_behavior":true,"instance_lifecycle":true,"instance_market_options":true,"instance_state":true,"ipv6_address_count":true,"ipv6_addresses":true,"launch_template":[],"maintenance_options":true,"metadata_options":true,"monitoring":true,"network_interface":true,"outpost_arn":true,"password_data":true,"placement_group":true,"placement_group_id":true,"placement_partition_number":true,"primary_network_interface":true,"primary_network_interface_id":true,"private_dns":true,"private_dns_name_options":true,"private_ip":true,"public_dns":true,"public_ip":true,"root_block_device":true,"secondary_private_ips":true,"security_groups":true,"spot_instance_request_id":true,"subnet_id":true,"tags":{},"tags_all":{},"tenancy":true,"user_data_base64":true,"vpc_security_group_ids":true},"before_sensitive":false,"after_sensitive":{"capacity_reservation_specification":[],"cpu_options":[],"credit_specification":[],"ebs_block_device":[],"enclave_options":[],"ephemeral_block_device":[],"instance_market_options":[],"ipv6_addresses":[],"launch_template":[],"maintenance_options":[],"metadata_options":[],"network_interface":[],"primary_network_interface":[],"private_dns_name_options":[],"root_block_device":[],"secondary_private_ips":[],"security_groups":[],"tags":{},"tags_all":{},"vpc_security_group_ids":[]},"after_identity":{"account_id":null,"id":null,"region":null}}},{"address":"aws_internet_gateway.my_net_igw","mode":"managed","type":"aws_internet_gateway","name":"my_net_igw","provider_name":"registry.terraform.io/hashicorp/aws","change":{"actions":["create"],"before":null,"after":{"region":"us-east-1","tags":{"Name":"my-net-igw"},"tags_all":{"Name":"my-net-igw"},"timeouts":null},"after_unknown":{"arn":true,"id":true,"owner_id":true,"tags":{},"tags_all":{},"vpc_id":true},"before_sensitive":false,"after_sensitive":{"tags":{},"tags_all":{}}}},{"address":"aws_key_pair.my_net_keypair","mode":"managed","type":"aws_key_pair","name":"my_net_keypair","provider_name":"registry.terraform.io/hashicorp/aws","change":{"actions":["create"],"before":null,"after":{"key_name":"my-net-keypair","region":"us-east-1","tags":null},"after_unknown":{"arn":true,"fingerprint":true,"id":true,"key_name_prefix":true,"key_pair_id":true,"key_type":true,"public_key":true,"tags_all":true},"before_sensitive":false,"after_sensitive":{"tags_all":{}}}},{"address":"aws_route_table.my_net_public_rt","mode":"managed","type":"aws_route_table","name":"my_net_public_rt","provider_name":"registry.terraform.io/hashicorp/aws","change":{"actions":["create"],"before":null,"after":{"region":"us-east-1","route":[{"carrier_gateway_id":"","cidr_block":"0.0.0.0/0","core_network_arn":"","destination_prefix_list_id":"","egress_only_gateway_id":"","ipv6_cidr_block":"","local_gateway_id":"","nat_gateway_id":"","network_interface_id":"","transit_gateway_id":"","vpc_endpoint_id":"","vpc_peering_connection_id":""}],"tags":{"Name":"my-net-public-rt"},"tags_all":{"Name":"my-net-public-rt"},"timeouts":null},"after_unknown":{"arn":true,"id":true,"owner_id":true,"propagating_vgws":true,"route":[{"gateway_id":true}],"tags":{},"tags_all":{},"vpc_id":true},"before_sensitive":false,"after_sensitive":{"propagating_vgws":[],"route":[{}],"tags":{},"tags_all":{}},"after_identity":{"account_id":null,"id":null,"region":null}}},{"address":"aws_route_table_association.my_net_public_rt_associate","mode":"managed","type":"aws_route_table_association","name":"my_net_public_rt_associate","provider_name":"registry.terraform.io/hashicorp/aws","change":{"actions":["create"],"before":null,"after":{"gateway_id":null,"region":"us-east-1","timeouts":null},"after_unknown":{"id":true,"route_table_id":true,"subnet_id":true},"before_sensitive":false,"after_sensitive":{}}},{"address":"aws_security_group.my_net_ec2_sg","mode":"managed","type":"aws_security_group","name":"my_net_ec2_sg","provider_name":"registry.terraform.io/hashicorp/aws","change":{"actions":["create"],"before":null,"after":{"description":"for nginx php-fpm server","egress":[{"cidr_blocks":["0.0.0.0/0"],"description":"","from_port":0,"ipv6_cidr_blocks":[],"prefix_list_ids":[],"protocol":"-1","security_groups":[],"self":false,"to_port":0}],"ingress":[{"cidr_blocks":["193.5.234.233/32"],"description":"","from_port":-1,"ipv6_cidr_blocks":[],"prefix_list_ids":[],"protocol":"icmp","security_groups":[],"self":false,"to_port":-1},{"cidr_blocks":["193.5.234.233/32"],"description":"","from_port":22,"ipv6_cidr_blocks":[],"prefix_list_ids":[],"protocol":"tcp","security_groups":[],"self":false,"to_port":22},{"cidr_blocks":["193.5.234.233/32"],"description":"","from_port":80,"ipv6_cidr_blocks":[],"prefix_list_ids":[],"protocol":"tcp","security_groups":[],"self":false,"to_port":80}],"name":"my-net-ec2-sg","region":"us-east-1","revoke_rules_on_delete":false,"tags":{"Name":"my-net-ec2-sg"},"tags_all":{"Name":"my-net-ec2-sg"},"timeouts":null},"after_unknown":{"arn":true,"egress":[{"cidr_blocks":[false],"ipv6_cidr_blocks":[],"prefix_list_ids":[],"security_groups":[]}],"id":true,"ingress":[{"cidr_blocks":[false],"ipv6_cidr_blocks":[],"prefix_list_ids":[],"security_groups":[]},{"cidr_blocks":[false],"ipv6_cidr_blocks":[],"prefix_list_ids":[],"security_groups":[]},{"cidr_blocks":[false],"ipv6_cidr_blocks":[],"prefix_list_ids":[],"security_groups":[]}],"name_prefix":true,"owner_id":true,"tags":{},"tags_all":{},"vpc_id":true},"before_sensitive":false,"after_sensitive":{"egress":[{"cidr_blocks":[false],"ipv6_cidr_blocks":[],"prefix_list_ids":[],"security_groups":[]}],"ingress":[{"cidr_blocks":[false],"ipv6_cidr_blocks":[],"prefix_list_ids":[],"security_groups":[]},{"cidr_blocks":[false],"ipv6_cidr_blocks":[],"prefix_list_ids":[],"security_groups":[]},{"cidr_blocks":[false],"ipv6_cidr_blocks":[],"prefix_list_ids":[],"security_groups":[]}],"tags":{},"tags_all":{}},"after_identity":{"account_id":null,"id":null,"region":null}}},{"address":"aws_subnet.my_net_public_subnet","mode":"managed","type":"aws_subnet","name":"my_net_public_subnet","provider_name":"registry.terraform.io/hashicorp/aws","change":{"actions":["create"],"before":null,"after":{"assign_ipv6_address_on_creation":false,"availability_zone":"ap-northeast-1a","cidr_block":"10.0.1.0/24","customer_owned_ipv4_pool":null,"enable_dns64":false,"enable_lni_at_device_index":null,"enable_resource_name_dns_a_record_on_launch":false,"enable_resource_name_dns_aaaa_record_on_launch":false,"ipv6_cidr_block":null,"ipv6_native":false,"map_customer_owned_ip_on_launch":null,"map_public_ip_on_launch":false,"outpost_arn":null,"region":"us-east-1","tags":{"Name":"my-net-public-subnet"},"tags_all":{"Name":"my-net-public-subnet"},"timeouts":null},"after_unknown":{"arn":true,"availability_zone_id":true,"id":true,"ipv6_cidr_block_association_id":true,"owner_id":true,"private_dns_hostname_type_on_launch":true,"tags":{},"tags_all":{},"vpc_id":true},"before_sensitive":false,"after_sensitive":{"tags":{},"tags_all":{}},"after_identity":{"account_id":null,"id":null,"region":null}}},{"address":"aws_vpc.my_net_vpc","mode":"managed","type":"aws_vpc","name":"my_net_vpc","provider_name":"registry.terraform.io/hashicorp/aws","change":{"actions":["create"],"before":null,"after":{"assign_generated_ipv6_cidr_block":null,"cidr_block":"10.0.0.0/16","enable_dns_hostnames":true,"enable_dns_support":true,"instance_tenancy":"default","ipv4_ipam_pool_id":null,"ipv4_netmask_length":null,"ipv6_ipam_pool_id":null,"ipv6_netmask_length":null,"region":"us-east-1","tags":{"Name":"my-net-vpc"},"tags_all":{"Name":"my-net-vpc"}},"after_unknown":{"arn":true,"default_network_acl_id":true,"default_route_table_id":true,"default_security_group_id":true,"dhcp_options_id":true,"enable_network_address_usage_metrics":true,"id":true,"ipv6_association_id":true,"ipv6_cidr_block":true,"ipv6_cidr_block_network_border_group":true,"main_route_table_id":true,"owner_id":true,"tags":{},"tags_all":{}},"before_sensitive":false,"after_sensitive":{"tags":{},"tags_all":{}},"after_identity":{"account_id":null,"id":null,"region":null}}},{"address":"local_file.my_net_private_key_pem","mode":"managed","type":"local_file","name":"my_net_private_key_pem","provider_name":"registry.terraform.io/hashicorp/local","change":{"actions":["create"],"before":null,"after":{"content_base64":null,"directory_permission":"0777","file_permission":"0777","filename":"./.security/my-net-keypair.id_rsa","sensitive_content":null,"source":null},"after_unknown":{"content":true,"content_base64sha256":true,"content_base64sha512":true,"content_md5":true,"content_sha1":true,"content_sha256":true,"content_sha512":true,"id":true},"before_sensitive":false,"after_sensitive":{"content":true,"sensitive_content":true}}},{"address":"tls_private_key.my_net_private_key","mode":"managed","type":"tls_private_key","name":"my_net_private_key","provider_name":"registry.terraform.io/hashicorp/tls","change":{"actions":["create"],"before":null,"after":{"algorithm":"RSA","ecdsa_curve":"P224","rsa_bits":2048},"after_unknown":{"id":true,"private_key_openssh":true,"private_key_pem":true,"private_key_pem_pkcs8":true,"public_key_fingerprint_md5":true,"public_key_fingerprint_sha256":true,"public_key_openssh":true,"public_key_pem":true},"before_sensitive":false,"after_sensitive":{"private_key_openssh":true,"private_key_pem":true,"private_key_pem_pkcs8":true}}}],"output_changes":{"ami_id":{"actions":["create"],"before":null,"after":"ami-04681a1dbd79675a5","after_unknown":false,"before_sensitive":false,"after_sensitive":false},"ec2_global_ips":{"actions":["create"],"before":null,"after":[null],"after_unknown":[true],"before_sensitive":false,"after_sensitive":false},"ec2_public_dns_name":{"actions":["create"],"before":null,"after":[null],"after_unknown":[true],"before_sensitive":false,"after_sensitive":false}},"prior_state":{"format_version":"1.0","terraform_version":"1.13.5","values":{"outputs":{"ami_id":{"sensitive":false,"value":"ami-04681a1dbd79675a5","type":"string"}},"root_module":{"resources":[{"address":"data.aws_ami.amazon-linux-image","mode":"data","type":"aws_ami","name":"amazon-linux-image","provider_name":"registry.terraform.io/hashicorp/aws","schema_version":0,"values":{"allow_unsafe_filter":null,"architecture":"x86_64","arn":"arn:aws:ec2:us-east-1::image/ami-04681a1dbd79675a5","block_device_mappings":[{"device_name":"/dev/xvda","ebs":{"delete_on_termination":"false","encrypted":"false","iops":"0","snapshot_id":"snap-cc5c56923aefd0982","throughput":"0","volume_initialization_rate":"0","volume_size":"15","volume_type":"standard"},"no_device":"","virtual_name":""}],"boot_mode":"uefi","creation_date":"2026-01-25T14:31:41.000Z","deprecation_time":"","description":"Amazon Linux 2 AMI 2.0.20180810 x86_64 HVM gp2","ena_support":false,"executable_users":null,"filter":[{"name":"name","values":["amzn2-ami-hvm-*-x86_64-gp2"]},{"name":"virtualization-type","values":["hvm"]}],"hypervisor":"xen","id":"ami-04681a1dbd79675a5","image_id":"ami-04681a1dbd79675a5","image_location":"amazon/amzn2-ami-hvm-2.0.20180810-x86_64-gp2","image_owner_alias":"amazon","image_type":"machine","imds_support":"","include_deprecated":false,"kernel_id":"","last_launched_time":"","most_recent":true,"name":"amzn2-ami-hvm-2.0.20180810-x86_64-gp2","name_regex":null,"owner_id":"137112412989","owners":["amazon"],"platform":"Linux/UNIX","platform_details":"","product_codes":[],"public":true,"ramdisk_id":"","region":"us-east-1","root_device_name":"/dev/xvda","root_device_type":"ebs","root_snapshot_id":"snap-cc5c56923aefd0982","sriov_net_support":"","state":"available","state_reason":{"code":"UNSET","message":"UNSET"},"tags":{},"timeouts":null,"tpm_support":"","uefi_data":null,"usage_operation":"","virtualization_type":"hvm"},"sensitive_values":{"block_device_mappings":[{"ebs":{}}],"filter":[{"values":[false]},{"values":[false]}],"owners":[false],"product_codes":[],"state_reason":{},"tags":{}}},{"address":"data.http.ifconfig","mode":"data","type":"http","name":"ifconfig","provider_name":"registry.terraform.io/hashicorp/http","schema_version":0,"values":{"body":"193.5.234.233\n","ca_cert_pem":null,"client_cert_pem":null,"client_key_pem":null,"id":"https://ipv4.icanhazip.com/","insecure":null,"method":null,"request_body":null,"request_headers":null,"request_timeout_ms":null,"response_body":"193.5.234.233\n","response_body_base64":"MTkzLjUuMjM0LjIzMwo=","response_headers":{"Access-Control-Allow-Methods":"GET","Access-Control-Allow-Origin":"*","Alt-Svc":"h3=\":443\"; ma=86400","Cf-Ray":"9c3879b02d8dbac6-ZRH","Content-Length":"14","Content-Type":"text/plain","Date":"Sun, 25 Jan 2026 14:31:38 GMT","Server":"cloudflare","Set-Cookie":"__cf_bm=qtb0pPeXB8TUM1ayAtBUj5EeB5zlfbB2mNVCVCCVuO8-1769351498-1.0.1.1-u._HDHYEm.PjXY3N80hsz_E3hnXt4uZ81kTfSo9dSM7smgym0Bz84KlIq7KqhAcrrSeubWyGRs8FGg8A9B8NrEJbDW0ET2BBn0asdQ.2YHo; path=/; expires=Sun, 25-Jan-26 15:01:38 GMT; domain=.icanhazip.com; HttpOnly; Secure; SameSite=None","Vary":"Accept-Encoding"},"retry":null,"status_code":200,"url":"https://ipv4.icanhazip.com/"},"sensitive_values":{"response_headers":{}}}]}}},"configuration":{"provider_config":{"archive":{"name":"archive","full_name":"registry.terraform.io/hashicorp/archive","version_constraint":"\u003e= 2.0.0"},"aws":{"name":"aws","full_name":"registry.terraform.io/hashicorp/aws","version_constraint":"~\u003e 6.27.0","expressions":{"access_key":{"constant_value":"mock"},"endpoints":[{"apigateway":{"constant_value":"http://localhost:4566"},"apigatewayv2":{"constant_value":"http://localhost:4566"},"cloudwatch":{"constant_value":"http://localhost:4566"},"cloudwatchevents":{"constant_value":"http://localhost:4566"},"dynamodb":{"constant_value":"http://localhost:4566"},"ec2":{"constant_value":"http://localhost:4566"},"ecr":{"constant_value":"http://localhost:4566"},"ecrpublic":{"constant_value":"http://localhost:4566"},"ecs":{"constant_value":"http://localhost:4566"},"efs":{"constant_value":"http://localhost:4566"},"iam":{"constant_value":"http://localhost:4566"},"kinesis":{"constant_value":"http://localhost:4566"},"kms":{"constant_value":"http://localhost:4566"},"lambda":{"constant_value":"http://localhost:4566"},"logs":{"constant_value":"http://localhost:4566"},"route53":{"constant_value":"http://localhost:4566"},"s3":{"constant_value":"http://localhost:4566"},"s3control":{"constant_value":"http://localhost:4566"},"secretsmanager":{"constant_value":"http://localhost:4566"},"sns":{"constant_value":"http://localhost:4566"},"sqs":{"constant_value":"http://localhost:4566"},"ssm":{"constant_value":"http://localhost:4566"},"sts":{"constant_value":"http://localhost:4566"}}],"region":{"constant_value":"us-east-1"},"s3_use_path_style":{"constant_value":true},"secret_key":{"constant_value":"mock"},"skip_credentials_validation":{"constant_value":true},"skip_metadata_api_check":{"constant_value":true},"skip_region_validation":{"constant_value":true},"skip_requesting_account_id":{"constant_value":true}}},"http":{"name":"http","full_name":"registry.terraform.io/hashicorp/http"},"local":{"name":"local","full_name":"registry.terraform.io/hashicorp/local"},"tls":{"name":"tls","full_name":"registry.terraform.io/hashicorp/tls"}},"root_module":{"outputs":{"ami_id":{"expression":{"references":["data.aws_ami.amazon-linux-image.id","data.aws_ami.amazon-linux-image"]}},"ec2_global_ips":{"expression":{"references":["aws_instance.my_net_ec2"]}},"ec2_public_dns_name":{"expression":{"references":["aws_instance.my_net_ec2"]}}},"resources":[{"address":"aws_instance.my_net_ec2","mode":"managed","type":"aws_instance","name":"my_net_ec2","provider_config_key":"aws","expressions":{"ami":{"references":["data.aws_ami.amazon-linux-image.id","data.aws_ami.amazon-linux-image"]},"associate_public_ip_address":{"constant_value":"true"},"availability_zone":{"references":["var.az_a"]},"instance_type":{"constant_value":"t2.micro"},"key_name":{"references":["var.key_name"]},"subnet_id":{"references":["aws_subnet.my_net_public_subnet.id","aws_subnet.my_net_public_subnet"]},"tags":{"constant_value":{"Name":"my-net-ec2"}},"user_data":{},"vpc_security_group_ids":{"references":["aws_security_group.my_net_ec2_sg.id","aws_security_group.my_net_ec2_sg"]}},"schema_version":2},{"address":"aws_internet_gateway.my_net_igw","mode":"managed","type":"aws_internet_gateway","name":"my_net_igw","provider_config_key":"aws","expressions":{"tags":{"constant_value":{"Name":"my-net-igw"}},"vpc_id":{"references":["aws_vpc.my_net_vpc.id","aws_vpc.my_net_vpc"]}},"schema_version":0},{"address":"aws_key_pair.my_net_keypair","mode":"managed","type":"aws_key_pair","name":"my_net_keypair","provider_config_key":"aws","expressions":{"key_name":{"references":["var.key_name"]},"public_key":{"references":["tls_private_key.my_net_private_key.public_key_openssh","tls_private_key.my_net_private_key"]}},"schema_version":1},{"address":"aws_route_table.my_net_public_rt","mode":"managed","type":"aws_route_table","name":"my_net_public_rt","provider_config_key":"aws","expressions":{"route":{"references":["aws_internet_gateway.my_net_igw.id","aws_internet_gateway.my_net_igw"]},"tags":{"constant_value":{"Name":"my-net-public-rt"}},"vpc_id":{"references":["aws_vpc.my_net_vpc.id","aws_vpc.my_net_vpc"]}},"schema_version":0},{"address":"aws_route_table_association.my_net_public_rt_associate","mode":"managed","type":"aws_route_table_association","name":"my_net_public_rt_associate","provider_config_key":"aws","expressions":{"route_table_id":{"references":["aws_route_table.my_net_public_rt.id","aws_route_table.my_net_public_rt"]},"subnet_id":{"references":["aws_subnet.my_net_public_subnet.id","aws_subnet.my_net_public_subnet"]}},"schema_version":0},{"address":"aws_security_group.my_net_ec2_sg","mode":"managed","type":"aws_security_group","name":"my_net_ec2_sg","provider_config_key":"aws","expressions":{"description":{"constant_value":"for nginx php-fpm server"},"egress":{"constant_value":[{"cidr_blocks":["0.0.0.0/0"],"description":null,"from_port":0,"ipv6_cidr_blocks":null,"prefix_list_ids":null,"protocol":"-1","security_groups":null,"self":null,"to_port":0}]},"ingress":{"references":["local.allowed_cidr","local.allowed_cidr","local.allowed_cidr"]},"name":{"constant_value":"my-net-ec2-sg"},"tags":{"constant_value":{"Name":"my-net-ec2-sg"}},"vpc_id":{"references":["aws_vpc.my_net_vpc.id","aws_vpc.my_net_vpc"]}},"schema_version":1},{"address":"aws_subnet.my_net_public_subnet","mode":"managed","type":"aws_subnet","name":"my_net_public_subnet","provider_config_key":"aws","expressions":{"availability_zone":{"references":["var.az_a"]},"cidr_block":{"references":["var.pub_subnet_cidr"]},"tags":{"constant_value":{"Name":"my-net-public-subnet"}},"vpc_id":{"references":["aws_vpc.my_net_vpc.id","aws_vpc.my_net_vpc"]}},"schema_version":1},{"address":"aws_vpc.my_net_vpc","mode":"managed","type":"aws_vpc","name":"my_net_vpc","provider_config_key":"aws","expressions":{"cidr_block":{"references":["var.vpc_cidr"]},"enable_dns_hostnames":{"constant_value":true},"tags":{"constant_value":{"Name":"my-net-vpc"}}},"schema_version":1},{"address":"local_file.my_net_private_key_pem","mode":"managed","type":"local_file","name":"my_net_private_key_pem","provider_config_key":"local","expressions":{"content":{"references":["tls_private_key.my_net_private_key.private_key_pem","tls_private_key.my_net_private_key"]},"filename":{"references":["local.private_key_file"]}},"schema_version":0},{"address":"tls_private_key.my_net_private_key","mode":"managed","type":"tls_private_key","name":"my_net_private_key","provider_config_key":"tls","expressions":{"algorithm":{"constant_value":"RSA"},"rsa_bits":{"constant_value":2048}},"schema_version":1},{"address":"data.aws_ami.amazon-linux-image","mode":"data","type":"aws_ami","name":"amazon-linux-image","provider_config_key":"aws","expressions":{"filter":[{"name":{"constant_value":"name"},"values":{"constant_value":["amzn2-ami-hvm-*-x86_64-gp2"]}},{"name":{"constant_value":"virtualization-type"},"values":{"constant_value":["hvm"]}}],"most_recent":{"constant_value":true},"owners":{"constant_value":["amazon"]}},"schema_version":0},{"address":"data.http.ifconfig","mode":"data","type":"http","name":"ifconfig","provider_config_key":"http","expressions":{"url":{"constant_value":"https://ipv4.icanhazip.com/"}},"schema_version":0}],"variables":{"allowed_cidr":{"default":null},"az_a":{"default":"ap-northeast-1a"},"key_name":{"default":"my-net-keypair"},"pub_subnet_cidr":{"default":"10.0.1.0/24"},"vpc_cidr":{"default":"10.0.0.0/16"}}}},"relevant_attributes":[{"resource":"aws_route_table.my_net_public_rt","attribute":["id"]},{"resource":"aws_vpc.my_net_vpc","attribute":["id"]},{"resource":"data.aws_ami.amazon-linux-image","attribute":["id"]},{"resource":"aws_subnet.my_net_public_subnet","attribute":["id"]},{"resource":"data.http.ifconfig","attribute":["response_body"]},{"resource":"aws_internet_gateway.my_net_igw","attribute":["id"]},{"resource":"aws_instance.my_net_ec2","attribute":[]},{"resource":"aws_security_group.my_net_ec2_sg","attribute":["id"]},{"resource":"tls_private_key.my_net_private_key","attribute":["private_key_pem"]},{"resource":"tls_private_key.my_net_private_key","attribute":["public_key_openssh"]}],"timestamp":"2026-01-25T14:31:37Z","applyable":true,"complete":true,"errored":false}
