{"format_version":"1.2","terraform_version":"1.13.5","variables":{"aws_region":{"value":"us-east-1"},"bucket_name":{"value":"s3-bucket-workshop-1001-pyday"}},"planned_values":{"outputs":{"bucket_arn":{"sensitive":false},"bucket_name":{"sensitive":false,"type":"string","value":"s3-bucket-workshop-1001-pyday"}},"root_module":{"resources":[{"address":"aws_s3_bucket.workshop","mode":"managed","type":"aws_s3_bucket","name":"workshop","provider_name":"registry.terraform.io/hashicorp/aws","schema_version":0,"values":{"bucket":"s3-bucket-workshop-1001-pyday","force_destroy":true,"region":"us-east-1","tags":{"Environment":"workshop","Name":"s3-bucket-workshop-1001-pyday"},"tags_all":{"Environment":"workshop","Name":"s3-bucket-workshop-1001-pyday"},"timeouts":null},"sensitive_values":{"cors_rule":[],"grant":[],"lifecycle_rule":[],"logging":[],"object_lock_configuration":[],"replication_configuration":[],"server_side_encryption_configuration":[],"tags":{},"tags_all":{},"versioning":[],"website":[]},"identity_schema_version":0,"identity":{"account_id":null,"bucket":null,"region":null}},{"address":"aws_s3_bucket_public_access_block.workshop","mode":"managed","type":"aws_s3_bucket_public_access_block","name":"workshop","provider_name":"registry.terraform.io/hashicorp/aws","schema_version":0,"values":{"block_public_acls":true,"block_public_policy":true,"ignore_public_acls":true,"region":"us-east-1","restrict_public_buckets":true,"skip_destroy":null},"sensitive_values":{},"identity_schema_version":0,"identity":{"account_id":null,"bucket":null,"region":null}}]}},"resource_changes":[{"address":"aws_s3_bucket.workshop","mode":"managed","type":"aws_s3_bucket","name":"workshop","provider_name":"registry.terraform.io/hashicorp/aws","change":{"actions":["create"],"before":null,"after":{"bucket":"s3-bucket-workshop-1001-pyday","force_destroy":true,"region":"us-east-1","tags":{"Environment":"workshop","Name":"s3-bucket-workshop-1001-pyday"},"tags_all":{"Environment":"workshop","Name":"s3-bucket-workshop-1001-pyday"},"timeouts":null},"after_unknown":{"acceleration_status":true,"acl":true,"arn":true,"bucket_domain_name":true,"bucket_prefix":true,"bucket_region":true,"bucket_regional_domain_name":true,"cors_rule":true,"grant":true,"hosted_zone_id":true,"id":true,"lifecycle_rule":true,"logging":true,"object_lock_configuration":true,"object_lock_enabled":true,"policy":true,"replication_configuration":true,"request_payer":true,"server_side_encryption_configuration":true,"tags":{},"tags_all":{},"versioning":true,"website":true,"website_domain":true,"website_endpoint":true},"before_sensitive":false,"after_sensitive":{"cors_rule":[],"grant":[],"lifecycle_rule":[],"logging":[],"object_lock_configuration":[],"replication_configuration":[],"server_side_encryption_configuration":[],"tags":{},"tags_all":{},"versioning":[],"website":[]},"after_identity":{"account_id":null,"bucket":null,"region":null}}},{"address":"aws_s3_bucket_public_access_block.workshop","mode":"managed","type":"aws_s3_bucket_public_access_block","name":"workshop","provider_name":"registry.terraform.io/hashicorp/aws","change":{"actions":["create"],"before":null,"after":{"block_public_acls":true,"block_public_policy":true,"ignore_public_acls":true,"region":"us-east-1","restrict_public_buckets":true,"skip_destroy":null},"after_unknown":{"bucket":true,"id":true},"before_sensitive":false,"after_sensitive":{},"after_identity":{"account_id":null,"bucket":null,"region":null}}}],"output_changes":{"bucket_arn":{"actions":["create"],"before":null,"after_unknown":true,"before_sensitive":false,"after_sensitive":false},"bucket_name":{"actions":["create"],"before":null,"after":"s3-bucket-workshop-1001-pyday","after_unknown":false,"before_sensitive":false,"after_sensitive":false}},"prior_state":{"format_version":"1.0","terraform_version":"1.13.5","values":{"outputs":{"bucket_name":{"sensitive":false,"value":"s3-bucket-workshop-1001-pyday","type":"string"}},"root_module":{}}},"configuration":{"provider_config":{"aws":{"name":"aws","full_name":"registry.terraform.io/hashicorp/aws","version_constraint":"\u003e= 4.0.0","expressions":{"region":{"references":["var.aws_region"]}}}},"root_module":{"outputs":{"bucket_arn":{"expression":{"references":["aws_s3_bucket.workshop.arn","aws_s3_bucket.workshop"]},"description":"The ARN of the S3 bucket."},"bucket_name":{"expression":{"references":["aws_s3_bucket.workshop.bucket","aws_s3_bucket.workshop"]},"description":"The name of the S3 bucket."}},"resources":[{"address":"aws_s3_bucket.workshop","mode":"managed","type":"aws_s3_bucket","name":"workshop","provider_config_key":"aws","expressions":{"bucket":{"references":["var.bucket_name"]},"force_destroy":{"constant_value":true},"tags":{"references":["var.bucket_name"]}},"schema_version":0},{"address":"aws_s3_bucket_public_access_block.workshop","mode":"managed","type":"aws_s3_bucket_public_access_block","name":"workshop","provider_config_key":"aws","expressions":{"block_public_acls":{"constant_value":true},"block_public_policy":{"constant_value":true},"bucket":{"references":["aws_s3_bucket.workshop.id","aws_s3_bucket.workshop"]},"ignore_public_acls":{"constant_value":true},"restrict_public_buckets":{"constant_value":true}},"schema_version":0}],"variables":{"aws_region":{"default":"us-east-1","description":"AWS region to deploy resources in."},"bucket_name":{"default":"s3-bucket-workshop-1001-pyday","description":"The name of the S3 bucket."}}}},"relevant_attributes":[{"resource":"aws_s3_bucket.workshop","attribute":["arn"]},{"resource":"aws_s3_bucket.workshop","attribute":["id"]},{"resource":"aws_s3_bucket.workshop","attribute":["bucket"]}],"timestamp":"2026-01-23T07:16:24Z","applyable":true,"complete":true,"errored":false}
