data.aws_vpc.default: Reading...
data.aws_vpc.default: Read complete after 0s [id=vpc-324a6635501a7216d]
data.aws_subnets.default: Reading...
data.aws_subnets.default: Read complete after 0s [id=us-east-1]

Terraform used the selected providers to generate the following execution
plan. Resource actions are indicated with the following symbols:
  + create

Terraform will perform the following actions:

  # aws_db_instance.postgres will be created
  + resource "aws_db_instance" "postgres" {
      + address                               = (known after apply)
      + allocated_storage                     = 20
      + apply_immediately                     = true
      + arn                                   = (known after apply)
      + auto_minor_version_upgrade            = true
      + availability_zone                     = (known after apply)
      + backup_retention_period               = (known after apply)
      + backup_target                         = (known after apply)
      + backup_window                         = (known after apply)
      + ca_cert_identifier                    = (known after apply)
      + character_set_name                    = (known after apply)
      + copy_tags_to_snapshot                 = false
      + database_insights_mode                = (known after apply)
      + db_name                               = "infrafy"
      + db_subnet_group_name                  = (known after apply)
      + dedicated_log_volume                  = false
      + delete_automated_backups              = true
      + deletion_protection                   = false
      + domain_fqdn                           = (known after apply)
      + endpoint                              = (known after apply)
      + engine                                = "postgres"
      + engine_lifecycle_support              = (known after apply)
      + engine_version                        = "16.2"
      + engine_version_actual                 = (known after apply)
      + hosted_zone_id                        = (known after apply)
      + id                                    = (known after apply)
      + identifier                            = (known after apply)
      + identifier_prefix                     = "infrafy-pg-"
      + instance_class                        = "db.t3.micro"
      + iops                                  = (known after apply)
      + kms_key_id                            = (known after apply)
      + latest_restorable_time                = (known after apply)
      + license_model                         = (known after apply)
      + listener_endpoint                     = (known after apply)
      + maintenance_window                    = (known after apply)
      + master_user_secret                    = (known after apply)
      + master_user_secret_kms_key_id         = (known after apply)
      + monitoring_interval                   = 0
      + monitoring_role_arn                   = (known after apply)
      + multi_az                              = (known after apply)
      + nchar_character_set_name              = (known after apply)
      + network_type                          = (known after apply)
      + option_group_name                     = (known after apply)
      + parameter_group_name                  = (known after apply)
      + password                              = (sensitive value)
      + password_wo                           = (write-only attribute)
      + performance_insights_enabled          = false
      + performance_insights_kms_key_id       = (known after apply)
      + performance_insights_retention_period = (known after apply)
      + port                                  = 5432
      + publicly_accessible                   = true
      + region                                = "us-east-1"
      + replica_mode                          = (known after apply)
      + replicas                              = (known after apply)
      + resource_id                           = (known after apply)
      + skip_final_snapshot                   = true
      + snapshot_identifier                   = (known after apply)
      + status                                = (known after apply)
      + storage_throughput                    = (known after apply)
      + storage_type                          = (known after apply)
      + tags                                  = {
          + "Name" = "infrafy-postgres"
        }
      + tags_all                              = {
          + "Managed" = "terraform"
          + "Name"    = "infrafy-postgres"
          + "Project" = "infrafy"
        }
      + timezone                              = (known after apply)
      + upgrade_rollout_order                 = (known after apply)
      + username                              = "kiwi"
      + vpc_security_group_ids                = (known after apply)
    }

  # aws_db_subnet_group.this will be created
  + resource "aws_db_subnet_group" "this" {
      + arn                     = (known after apply)
      + description             = "Managed by Terraform"
      + id                      = (known after apply)
      + name                    = (known after apply)
      + name_prefix             = "infrafy-db-"
      + region                  = "us-east-1"
      + subnet_ids              = [
          + "subnet-521e2a2cd1c331a70",
          + "subnet-603038b6c40cf3306",
          + "subnet-96023501ca1b23023",
          + "subnet-b8b73944e639f61e4",
          + "subnet-d0d09fc2d5c0e7550",
          + "subnet-d6733804004f7a573",
        ]
      + supported_network_types = (known after apply)
      + tags                    = {
          + "Name" = "infrafy-db-subnet-group"
        }
      + tags_all                = {
          + "Managed" = "terraform"
          + "Name"    = "infrafy-db-subnet-group"
          + "Project" = "infrafy"
        }
      + vpc_id                  = (known after apply)
    }

  # aws_security_group.postgres will be created
  + resource "aws_security_group" "postgres" {
      + arn                    = (known after apply)
      + description            = "Allow Postgres access"
      + egress                 = [
          + {
              + cidr_blocks      = [
                  + "0.0.0.0/0",
                ]
              + from_port        = 0
              + ipv6_cidr_blocks = []
              + prefix_list_ids  = []
              + protocol         = "-1"
              + security_groups  = []
              + self             = false
              + to_port          = 0
                # (1 unchanged attribute hidden)
            },
        ]
      + id                     = (known after apply)
      + ingress                = [
          + {
              + cidr_blocks      = [
                  + "0.0.0.0/0",
                ]
              + description      = "PostgreSQL"
              + from_port        = 5432
              + ipv6_cidr_blocks = []
              + prefix_list_ids  = []
              + protocol         = "tcp"
              + security_groups  = []
              + self             = false
              + to_port          = 5432
            },
        ]
      + name                   = (known after apply)
      + name_prefix            = "infrafy-postgres-"
      + owner_id               = (known after apply)
      + region                 = "us-east-1"
      + revoke_rules_on_delete = false
      + tags_all               = {
          + "Managed" = "terraform"
          + "Project" = "infrafy"
        }
      + vpc_id                 = "vpc-324a6635501a7216d"
    }

Plan: 3 to add, 0 to change, 0 to destroy.

Changes to Outputs:
  + database_url = (sensitive value)
  + db_address   = (known after apply)
  + db_endpoint  = (known after apply)
  + db_port      = 5432
aws_db_subnet_group.this: Creating...
aws_security_group.postgres: Creating...
aws_security_group.postgres: Creation complete after 1s [id=sg-21e34e2a17ac86a42]
aws_db_subnet_group.this: Creation complete after 1s [id=infrafy-db-20260127094750460900000001]
aws_db_instance.postgres: Creating...
aws_db_instance.postgres: Still creating... [00m10s elapsed]
aws_db_instance.postgres: Still creating... [00m20s elapsed]
aws_db_instance.postgres: Still creating... [00m30s elapsed]
aws_db_instance.postgres: Still creating... [00m40s elapsed]
aws_db_instance.postgres: Still creating... [00m50s elapsed]
aws_db_instance.postgres: Still creating... [01m00s elapsed]
aws_db_instance.postgres: Still creating... [01m10s elapsed]
aws_db_instance.postgres: Still creating... [01m20s elapsed]
aws_db_instance.postgres: Creation complete after 1m27s [id=db-568C4B4F]

Apply complete! Resources: 3 added, 0 changed, 0 destroyed.

Outputs:

database_url = <sensitive>
db_address = "localhost.localstack.cloud"
db_endpoint = "localhost.localstack.cloud:4510"
db_port = 5432
