{"format_version":"1.2","terraform_version":"1.13.5","variables":{"allowed_cidr_blocks":{"value":["0.0.0.0/0"]},"app_name":{"value":"infrafy"},"aws_region":{"value":"us-east-1"},"db_allocated_storage":{"value":20},"db_instance_class":{"value":"db.t3.micro"},"db_name":{"value":"infrafy"},"db_password":{"value":"ai-basis-tf"},"db_port":{"value":5432},"db_publicly_accessible":{"value":true},"db_username":{"value":"kiwi"}},"planned_values":{"outputs":{"database_url":{"sensitive":true},"db_address":{"sensitive":false},"db_endpoint":{"sensitive":false},"db_port":{"sensitive":false,"type":"number","value":5432}},"root_module":{"resources":[{"address":"aws_db_instance.postgres","mode":"managed","type":"aws_db_instance","name":"postgres","provider_name":"registry.terraform.io/hashicorp/aws","schema_version":2,"values":{"allocated_storage":20,"allow_major_version_upgrade":null,"apply_immediately":true,"auto_minor_version_upgrade":true,"blue_green_update":[],"copy_tags_to_snapshot":false,"custom_iam_instance_profile":null,"customer_owned_ip_enabled":null,"db_name":"infrafy","dedicated_log_volume":false,"delete_automated_backups":true,"deletion_protection":false,"domain":null,"domain_auth_secret_arn":null,"domain_dns_ips":null,"domain_iam_role_name":null,"domain_ou":null,"enabled_cloudwatch_logs_exports":null,"engine":"postgres","engine_version":"16.2","final_snapshot_identifier":null,"iam_database_authentication_enabled":null,"identifier_prefix":"infrafy-pg-","instance_class":"db.t3.micro","manage_master_user_password":null,"max_allocated_storage":null,"monitoring_interval":0,"password":"ai-basis-tf","password_wo":null,"password_wo_version":null,"performance_insights_enabled":false,"port":5432,"publicly_accessible":true,"region":"us-east-1","replicate_source_db":null,"restore_to_point_in_time":[],"s3_import":[],"skip_final_snapshot":true,"storage_encrypted":null,"tags":{"Name":"infrafy-postgres"},"tags_all":{"Managed":"terraform","Name":"infrafy-postgres","Project":"infrafy"},"timeouts":null,"upgrade_storage_config":null,"username":"kiwi"},"sensitive_values":{"blue_green_update":[],"listener_endpoint":[],"master_user_secret":[],"password":true,"password_wo":true,"replicas":[],"restore_to_point_in_time":[],"s3_import":[],"tags":{},"tags_all":{},"vpc_security_group_ids":[]}},{"address":"aws_db_subnet_group.this","mode":"managed","type":"aws_db_subnet_group","name":"this","provider_name":"registry.terraform.io/hashicorp/aws","schema_version":0,"values":{"description":"Managed by Terraform","name_prefix":"infrafy-db-","region":"us-east-1","subnet_ids":["subnet-521e2a2cd1c331a70","subnet-603038b6c40cf3306","subnet-96023501ca1b23023","subnet-b8b73944e639f61e4","subnet-d0d09fc2d5c0e7550","subnet-d6733804004f7a573"],"tags":{"Name":"infrafy-db-subnet-group"},"tags_all":{"Managed":"terraform","Name":"infrafy-db-subnet-group","Project":"infrafy"}},"sensitive_values":{"subnet_ids":[false,false,false,false,false,false],"supported_network_types":[],"tags":{},"tags_all":{}}},{"address":"aws_security_group.postgres","mode":"managed","type":"aws_security_group","name":"postgres","provider_name":"registry.terraform.io/hashicorp/aws","schema_version":1,"values":{"description":"Allow Postgres access","egress":[{"cidr_blocks":["0.0.0.0/0"],"description":"","from_port":0,"ipv6_cidr_blocks":[],"prefix_list_ids":[],"protocol":"-1","security_groups":[],"self":false,"to_port":0}],"ingress":[{"cidr_blocks":["0.0.0.0/0"],"description":"PostgreSQL","from_port":5432,"ipv6_cidr_blocks":[],"prefix_list_ids":[],"protocol":"tcp","security_groups":[],"self":false,"to_port":5432}],"name_prefix":"infrafy-postgres-","region":"us-east-1","revoke_rules_on_delete":false,"tags":null,"tags_all":{"Managed":"terraform","Project":"infrafy"},"timeouts":null,"vpc_id":"vpc-324a6635501a7216d"},"sensitive_values":{"egress":[{"cidr_blocks":[false],"ipv6_cidr_blocks":[],"prefix_list_ids":[],"security_groups":[]}],"ingress":[{"cidr_blocks":[false],"ipv6_cidr_blocks":[],"prefix_list_ids":[],"security_groups":[]}],"tags_all":{}},"identity_schema_version":0,"identity":{"account_id":null,"id":null,"region":null}}]}},"resource_changes":[{"address":"aws_db_instance.postgres","mode":"managed","type":"aws_db_instance","name":"postgres","provider_name":"registry.terraform.io/hashicorp/aws","change":{"actions":["create"],"before":null,"after":{"allocated_storage":20,"allow_major_version_upgrade":null,"apply_immediately":true,"auto_minor_version_upgrade":true,"blue_green_update":[],"copy_tags_to_snapshot":false,"custom_iam_instance_profile":null,"customer_owned_ip_enabled":null,"db_name":"infrafy","dedicated_log_volume":false,"delete_automated_backups":true,"deletion_protection":false,"domain":null,"domain_auth_secret_arn":null,"domain_dns_ips":null,"domain_iam_role_name":null,"domain_ou":null,"enabled_cloudwatch_logs_exports":null,"engine":"postgres","engine_version":"16.2","final_snapshot_identifier":null,"iam_database_authentication_enabled":null,"identifier_prefix":"infrafy-pg-","instance_class":"db.t3.micro","manage_master_user_password":null,"max_allocated_storage":null,"monitoring_interval":0,"password":"ai-basis-tf","password_wo":null,"password_wo_version":null,"performance_insights_enabled":false,"port":5432,"publicly_accessible":true,"region":"us-east-1","replicate_source_db":null,"restore_to_point_in_time":[],"s3_import":[],"skip_final_snapshot":true,"storage_encrypted":null,"tags":{"Name":"infrafy-postgres"},"tags_all":{"Managed":"terraform","Name":"infrafy-postgres","Project":"infrafy"},"timeouts":null,"upgrade_storage_config":null,"username":"kiwi"},"after_unknown":{"address":true,"arn":true,"availability_zone":true,"backup_retention_period":true,"backup_target":true,"backup_window":true,"blue_green_update":[],"ca_cert_identifier":true,"character_set_name":true,"database_insights_mode":true,"db_subnet_group_name":true,"domain_fqdn":true,"endpoint":true,"engine_lifecycle_support":true,"engine_version_actual":true,"hosted_zone_id":true,"id":true,"identifier":true,"iops":true,"kms_key_id":true,"latest_restorable_time":true,"license_model":true,"listener_endpoint":true,"maintenance_window":true,"master_user_secret":true,"master_user_secret_kms_key_id":true,"monitoring_role_arn":true,"multi_az":true,"nchar_character_set_name":true,"network_type":true,"option_group_name":true,"parameter_group_name":true,"performance_insights_kms_key_id":true,"performance_insights_retention_period":true,"replica_mode":true,"replicas":true,"resource_id":true,"restore_to_point_in_time":[],"s3_import":[],"snapshot_identifier":true,"status":true,"storage_throughput":true,"storage_type":true,"tags":{},"tags_all":{},"timezone":true,"upgrade_rollout_order":true,"vpc_security_group_ids":true},"before_sensitive":false,"after_sensitive":{"blue_green_update":[],"listener_endpoint":[],"master_user_secret":[],"password":true,"password_wo":true,"replicas":[],"restore_to_point_in_time":[],"s3_import":[],"tags":{},"tags_all":{},"vpc_security_group_ids":[]}}},{"address":"aws_db_subnet_group.this","mode":"managed","type":"aws_db_subnet_group","name":"this","provider_name":"registry.terraform.io/hashicorp/aws","change":{"actions":["create"],"before":null,"after":{"description":"Managed by Terraform","name_prefix":"infrafy-db-","region":"us-east-1","subnet_ids":["subnet-521e2a2cd1c331a70","subnet-603038b6c40cf3306","subnet-96023501ca1b23023","subnet-b8b73944e639f61e4","subnet-d0d09fc2d5c0e7550","subnet-d6733804004f7a573"],"tags":{"Name":"infrafy-db-subnet-group"},"tags_all":{"Managed":"terraform","Name":"infrafy-db-subnet-group","Project":"infrafy"}},"after_unknown":{"arn":true,"id":true,"name":true,"subnet_ids":[false,false,false,false,false,false],"supported_network_types":true,"tags":{},"tags_all":{},"vpc_id":true},"before_sensitive":false,"after_sensitive":{"subnet_ids":[false,false,false,false,false,false],"supported_network_types":[],"tags":{},"tags_all":{}}}},{"address":"aws_security_group.postgres","mode":"managed","type":"aws_security_group","name":"postgres","provider_name":"registry.terraform.io/hashicorp/aws","change":{"actions":["create"],"before":null,"after":{"description":"Allow Postgres access","egress":[{"cidr_blocks":["0.0.0.0/0"],"description":"","from_port":0,"ipv6_cidr_blocks":[],"prefix_list_ids":[],"protocol":"-1","security_groups":[],"self":false,"to_port":0}],"ingress":[{"cidr_blocks":["0.0.0.0/0"],"description":"PostgreSQL","from_port":5432,"ipv6_cidr_blocks":[],"prefix_list_ids":[],"protocol":"tcp","security_groups":[],"self":false,"to_port":5432}],"name_prefix":"infrafy-postgres-","region":"us-east-1","revoke_rules_on_delete":false,"tags":null,"tags_all":{"Managed":"terraform","Project":"infrafy"},"timeouts":null,"vpc_id":"vpc-324a6635501a7216d"},"after_unknown":{"arn":true,"egress":[{"cidr_blocks":[false],"ipv6_cidr_blocks":[],"prefix_list_ids":[],"security_groups":[]}],"id":true,"ingress":[{"cidr_blocks":[false],"ipv6_cidr_blocks":[],"prefix_list_ids":[],"security_groups":[]}],"name":true,"owner_id":true,"tags_all":{}},"before_sensitive":false,"after_sensitive":{"egress":[{"cidr_blocks":[false],"ipv6_cidr_blocks":[],"prefix_list_ids":[],"security_groups":[]}],"ingress":[{"cidr_blocks":[false],"ipv6_cidr_blocks":[],"prefix_list_ids":[],"security_groups":[]}],"tags_all":{}},"after_identity":{"account_id":null,"id":null,"region":null}}}],"output_changes":{"database_url":{"actions":["create"],"before":null,"after_unknown":true,"before_sensitive":true,"after_sensitive":true},"db_address":{"actions":["create"],"before":null,"after_unknown":true,"before_sensitive":false,"after_sensitive":false},"db_endpoint":{"actions":["create"],"before":null,"after_unknown":true,"before_sensitive":false,"after_sensitive":false},"db_port":{"actions":["create"],"before":null,"after":5432,"after_unknown":false,"before_sensitive":false,"after_sensitive":false}},"prior_state":{"format_version":"1.0","terraform_version":"1.13.5","values":{"outputs":{"db_port":{"sensitive":false,"value":5432,"type":"number"}},"root_module":{"resources":[{"address":"data.aws_subnets.default","mode":"data","type":"aws_subnets","name":"default","provider_name":"registry.terraform.io/hashicorp/aws","schema_version":0,"values":{"filter":[{"name":"vpc-id","values":["vpc-324a6635501a7216d"]}],"id":"us-east-1","ids":["subnet-b8b73944e639f61e4","subnet-521e2a2cd1c331a70","subnet-d6733804004f7a573","subnet-603038b6c40cf3306","subnet-96023501ca1b23023","subnet-d0d09fc2d5c0e7550"],"region":"us-east-1","tags":null,"timeouts":null},"sensitive_values":{"filter":[{"values":[false]}],"ids":[false,false,false,false,false,false]}},{"address":"data.aws_vpc.default","mode":"data","type":"aws_vpc","name":"default","provider_name":"registry.terraform.io/hashicorp/aws","schema_version":0,"values":{"arn":"arn:aws:ec2:us-east-1:000000000000:vpc/vpc-324a6635501a7216d","cidr_block":"172.31.0.0/16","cidr_block_associations":[{"association_id":"vpc-cidr-assoc-ceb549f8439714be2","cidr_block":"172.31.0.0/16","state":"associated"}],"default":true,"dhcp_options_id":"default","enable_dns_hostnames":true,"enable_dns_support":true,"enable_network_address_usage_metrics":false,"filter":null,"id":"vpc-324a6635501a7216d","instance_tenancy":"default","ipv6_association_id":"","ipv6_cidr_block":"","main_route_table_id":"rtb-8477b1e2aaccd02e7","owner_id":"000000000000","region":"us-east-1","state":null,"tags":{},"timeouts":null},"sensitive_values":{"cidr_block_associations":[{}],"tags":{}}}]}}},"configuration":{"provider_config":{"aws":{"name":"aws","full_name":"registry.terraform.io/hashicorp/aws","version_constraint":"\u003e= 5.0.0","expressions":{"default_tags":[{"tags":{"references":["var.app_name"]}}],"region":{"references":["var.aws_region"]}}}},"root_module":{"outputs":{"database_url":{"sensitive":true,"expression":{"references":["var.db_username","var.db_password","aws_db_instance.postgres.address","aws_db_instance.postgres","aws_db_instance.postgres.port","aws_db_instance.postgres","var.db_name"]},"description":"Convenience DATABASE_URL for the app"},"db_address":{"expression":{"references":["aws_db_instance.postgres.address","aws_db_instance.postgres"]},"description":"RDS hostname"},"db_endpoint":{"expression":{"references":["aws_db_instance.postgres.endpoint","aws_db_instance.postgres"]},"description":"RDS endpoint (host:port)"},"db_port":{"expression":{"references":["aws_db_instance.postgres.port","aws_db_instance.postgres"]},"description":"RDS port"}},"resources":[{"address":"aws_db_instance.postgres","mode":"managed","type":"aws_db_instance","name":"postgres","provider_config_key":"aws","expressions":{"allocated_storage":{"references":["var.db_allocated_storage"]},"apply_immediately":{"constant_value":true},"db_name":{"references":["var.db_name"]},"db_subnet_group_name":{"references":["aws_db_subnet_group.this.name","aws_db_subnet_group.this"]},"deletion_protection":{"constant_value":false},"engine":{"constant_value":"postgres"},"engine_version":{"constant_value":"16.2"},"identifier_prefix":{"references":["var.app_name"]},"instance_class":{"references":["var.db_instance_class"]},"password":{"references":["var.db_password"]},"port":{"references":["var.db_port"]},"publicly_accessible":{"references":["var.db_publicly_accessible"]},"skip_final_snapshot":{"constant_value":true},"tags":{"references":["var.app_name"]},"username":{"references":["var.db_username"]},"vpc_security_group_ids":{"references":["aws_security_group.postgres.id","aws_security_group.postgres"]}},"schema_version":2},{"address":"aws_db_subnet_group.this","mode":"managed","type":"aws_db_subnet_group","name":"this","provider_config_key":"aws","expressions":{"name_prefix":{"references":["var.app_name"]},"subnet_ids":{"references":["data.aws_subnets.default.ids","data.aws_subnets.default"]},"tags":{"references":["var.app_name"]}},"schema_version":0},{"address":"aws_security_group.postgres","mode":"managed","type":"aws_security_group","name":"postgres","provider_config_key":"aws","expressions":{"description":{"constant_value":"Allow Postgres access"},"egress":{"constant_value":[{"cidr_blocks":["0.0.0.0/0"],"description":null,"from_port":0,"ipv6_cidr_blocks":null,"prefix_list_ids":null,"protocol":"-1","security_groups":null,"self":null,"to_port":0}]},"ingress":{"references":["var.db_port","var.allowed_cidr_blocks","var.db_port"]},"name_prefix":{"references":["var.app_name"]},"vpc_id":{"references":["data.aws_vpc.default.id","data.aws_vpc.default"]}},"schema_version":1},{"address":"data.aws_subnets.default","mode":"data","type":"aws_subnets","name":"default","provider_config_key":"aws","expressions":{"filter":[{"name":{"constant_value":"vpc-id"},"values":{"references":["data.aws_vpc.default.id","data.aws_vpc.default"]}}]},"schema_version":0},{"address":"data.aws_vpc.default","mode":"data","type":"aws_vpc","name":"default","provider_config_key":"aws","expressions":{"default":{"constant_value":true}},"schema_version":0}],"variables":{"allowed_cidr_blocks":{"default":["0.0.0.0/0"],"description":"CIDR blocks allowed to connect to Postgres (dev only)."},"app_name":{"default":"infrafy","description":"Application name used for naming/tagging"},"aws_region":{"default":"us-east-1","description":"AWS region to deploy into"},"db_allocated_storage":{"default":20,"description":"RDS allocated storage (GiB)"},"db_instance_class":{"default":"db.t3.micro","description":"RDS instance class"},"db_name":{"default":"infrafy","description":"PostgreSQL database name"},"db_password":{"description":"PostgreSQL master password","sensitive":true},"db_port":{"default":5432,"description":"PostgreSQL port"},"db_publicly_accessible":{"default":true,"description":"Whether the DB should be publicly accessible (dev only)"},"db_username":{"default":"kiwi","description":"PostgreSQL master username"}}}},"relevant_attributes":[{"resource":"aws_db_subnet_group.this","attribute":["name"]},{"resource":"aws_db_instance.postgres","attribute":["address"]},{"resource":"aws_db_instance.postgres","attribute":["port"]},{"resource":"aws_security_group.postgres","attribute":["id"]},{"resource":"data.aws_subnets.default","attribute":["ids"]},{"resource":"data.aws_vpc.default","attribute":["id"]},{"resource":"aws_db_instance.postgres","attribute":["endpoint"]}],"timestamp":"2026-01-27T09:47:46Z","applyable":true,"complete":true,"errored":false}
