{
  "version": 4,
  "terraform_version": "1.13.5",
  "serial": 1,
  "lineage": "fed6e381-e8ad-d149-f12d-bb332f7f8bd3",
  "outputs": {},
  "resources": [
    {
      "mode": "managed",
      "type": "random_id",
      "name": "suffix",
      "provider": "provider[\"registry.terraform.io/hashicorp/random\"]",
      "instances": [
        {
          "schema_version": 0,
          "attributes": {
            "b64_std": "MrBZOQ==",
            "b64_url": "MrBZOQ",
            "byte_length": 4,
            "dec": "850417977",
            "hex": "32b05939",
            "id": "MrBZOQ",
            "keepers": null,
            "prefix": null
          },
          "sensitive_attributes": [],
          "identity_schema_version": 0
        }
      ]
    }
  ],
  "check_results": null
}
