data.aws_iam_policy_document.eks_node_assume_role_policy: Reading...
data.aws_availability_zones.available: Reading...
data.aws_iam_policy_document.eks_assume_role_policy: Reading...
data.aws_iam_policy_document.eks_node_assume_role_policy: Read complete after 0s [id=2851119427]
data.aws_iam_policy_document.eks_assume_role_policy: Read complete after 0s [id=3552664922]
data.aws_availability_zones.available: Read complete after 0s [id=us-west-2]

Terraform used the selected providers to generate the following execution
plan. Resource actions are indicated with the following symbols:
  + create
 <= read (data resources)

Terraform will perform the following actions:

  # data.aws_eks_cluster_auth.eks will be read during apply
  # (depends on a resource or a module with changes pending)
 <= data "aws_eks_cluster_auth" "eks" {
      + id     = (known after apply)
      + name   = "nodeaws-eks"
      + region = (known after apply)
      + token  = (sensitive value)
    }

  # aws_cloudwatch_log_group.eks will be created
  + resource "aws_cloudwatch_log_group" "eks" {
      + arn                         = (known after apply)
      + deletion_protection_enabled = (known after apply)
      + id                          = (known after apply)
      + log_group_class             = (known after apply)
      + name                        = "/aws/eks/nodeaws-eks/cluster"
      + name_prefix                 = (known after apply)
      + region                      = "us-west-2"
      + retention_in_days           = 14
      + skip_destroy                = false
      + tags                        = {
          + "Name" = "nodeaws-eks-logs"
        }
      + tags_all                    = {
          + "Name" = "nodeaws-eks-logs"
        }
    }

  # aws_ecr_repository.app will be created
  + resource "aws_ecr_repository" "app" {
      + arn                  = (known after apply)
      + id                   = (known after apply)
      + image_tag_mutability = "MUTABLE"
      + name                 = "nodeaws-app"
      + region               = "us-west-2"
      + registry_id          = (known after apply)
      + repository_url       = (known after apply)
      + tags                 = {
          + "Name" = "nodeaws-app"
        }
      + tags_all             = {
          + "Name" = "nodeaws-app"
        }

      + image_scanning_configuration {
          + scan_on_push = true
        }
    }

  # aws_eip.nat will be created
  + resource "aws_eip" "nat" {
      + allocation_id        = (known after apply)
      + arn                  = (known after apply)
      + association_id       = (known after apply)
      + carrier_ip           = (known after apply)
      + customer_owned_ip    = (known after apply)
      + domain               = (known after apply)
      + id                   = (known after apply)
      + instance             = (known after apply)
      + ipam_pool_id         = (known after apply)
      + network_border_group = (known after apply)
      + network_interface    = (known after apply)
      + private_dns          = (known after apply)
      + private_ip           = (known after apply)
      + ptr_record           = (known after apply)
      + public_dns           = (known after apply)
      + public_ip            = (known after apply)
      + public_ipv4_pool     = (known after apply)
      + region               = "us-west-2"
      + tags_all             = (known after apply)
    }

  # aws_eks_cluster.eks will be created
  + resource "aws_eks_cluster" "eks" {
      + arn                           = (known after apply)
      + bootstrap_self_managed_addons = true
      + certificate_authority         = (known after apply)
      + cluster_id                    = (known after apply)
      + created_at                    = (known after apply)
      + deletion_protection           = (known after apply)
      + endpoint                      = (known after apply)
      + id                            = (known after apply)
      + identity                      = (known after apply)
      + name                          = "nodeaws-eks"
      + platform_version              = (known after apply)
      + region                        = "us-west-2"
      + role_arn                      = (known after apply)
      + status                        = (known after apply)
      + tags_all                      = (known after apply)
      + version                       = (known after apply)

      + access_config (known after apply)

      + compute_config (known after apply)

      + control_plane_scaling_config (known after apply)

      + kubernetes_network_config (known after apply)

      + storage_config (known after apply)

      + upgrade_policy (known after apply)

      + vpc_config {
          + cluster_security_group_id = (known after apply)
          + endpoint_private_access   = false
          + endpoint_public_access    = true
          + public_access_cidrs       = (known after apply)
          + subnet_ids                = (known after apply)
          + vpc_id                    = (known after apply)
        }
    }

  # aws_eks_node_group.node_group will be created
  + resource "aws_eks_node_group" "node_group" {
      + ami_type               = (known after apply)
      + arn                    = (known after apply)
      + capacity_type          = (known after apply)
      + cluster_name           = "nodeaws-eks"
      + disk_size              = 20
      + id                     = (known after apply)
      + instance_types         = [
          + "t3.medium",
        ]
      + node_group_name        = "nodeaws-eks-ng"
      + node_group_name_prefix = (known after apply)
      + node_role_arn          = (known after apply)
      + region                 = "us-west-2"
      + release_version        = (known after apply)
      + resources              = (known after apply)
      + status                 = (known after apply)
      + subnet_ids             = (known after apply)
      + tags_all               = (known after apply)
      + version                = (known after apply)

      + node_repair_config (known after apply)

      + remote_access {}

      + scaling_config {
          + desired_size = 3
          + max_size     = 4
          + min_size     = 1
        }

      + update_config (known after apply)
    }

  # aws_iam_role.eks_cluster will be created
  + resource "aws_iam_role" "eks_cluster" {
      + arn                   = (known after apply)
      + assume_role_policy    = jsonencode(
            {
              + Statement = [
                  + {
                      + Action    = "sts:AssumeRole"
                      + Effect    = "Allow"
                      + Principal = {
                          + Service = "eks.amazonaws.com"
                        }
                    },
                ]
              + Version   = "2012-10-17"
            }
        )
      + create_date           = (known after apply)
      + force_detach_policies = false
      + id                    = (known after apply)
      + managed_policy_arns   = (known after apply)
      + max_session_duration  = 3600
      + name                  = "nodeaws-eks-cluster-role"
      + name_prefix           = (known after apply)
      + path                  = "/"
      + tags_all              = (known after apply)
      + unique_id             = (known after apply)

      + inline_policy (known after apply)
    }

  # aws_iam_role.eks_node_group will be created
  + resource "aws_iam_role" "eks_node_group" {
      + arn                   = (known after apply)
      + assume_role_policy    = jsonencode(
            {
              + Statement = [
                  + {
                      + Action    = "sts:AssumeRole"
                      + Effect    = "Allow"
                      + Principal = {
                          + Service = "ec2.amazonaws.com"
                        }
                    },
                ]
              + Version   = "2012-10-17"
            }
        )
      + create_date           = (known after apply)
      + force_detach_policies = false
      + id                    = (known after apply)
      + managed_policy_arns   = (known after apply)
      + max_session_duration  = 3600
      + name                  = "nodeaws-eks-node-group-role"
      + name_prefix           = (known after apply)
      + path                  = "/"
      + tags_all              = (known after apply)
      + unique_id             = (known after apply)

      + inline_policy (known after apply)
    }

  # aws_iam_role_policy_attachment.eks_cluster_AmazonEKSClusterPolicy will be created
  + resource "aws_iam_role_policy_attachment" "eks_cluster_AmazonEKSClusterPolicy" {
      + id         = (known after apply)
      + policy_arn = "arn:aws:iam::aws:policy/AmazonEKSClusterPolicy"
      + role       = "nodeaws-eks-cluster-role"
    }

  # aws_iam_role_policy_attachment.eks_cluster_AmazonEKSVPCResourceController will be created
  + resource "aws_iam_role_policy_attachment" "eks_cluster_AmazonEKSVPCResourceController" {
      + id         = (known after apply)
      + policy_arn = "arn:aws:iam::aws:policy/AmazonEKSVPCResourceController"
      + role       = "nodeaws-eks-cluster-role"
    }

  # aws_iam_role_policy_attachment.eks_node_AmazonEC2ContainerRegistryReadOnly will be created
  + resource "aws_iam_role_policy_attachment" "eks_node_AmazonEC2ContainerRegistryReadOnly" {
      + id         = (known after apply)
      + policy_arn = "arn:aws:iam::aws:policy/AmazonEC2ContainerRegistryReadOnly"
      + role       = "nodeaws-eks-node-group-role"
    }

  # aws_iam_role_policy_attachment.eks_node_AmazonEKSWorkerNodePolicy will be created
  + resource "aws_iam_role_policy_attachment" "eks_node_AmazonEKSWorkerNodePolicy" {
      + id         = (known after apply)
      + policy_arn = "arn:aws:iam::aws:policy/AmazonEKSWorkerNodePolicy"
      + role       = "nodeaws-eks-node-group-role"
    }

  # aws_iam_role_policy_attachment.eks_node_AmazonEKS_CNI_Policy will be created
  + resource "aws_iam_role_policy_attachment" "eks_node_AmazonEKS_CNI_Policy" {
      + id         = (known after apply)
      + policy_arn = "arn:aws:iam::aws:policy/AmazonEKS_CNI_Policy"
      + role       = "nodeaws-eks-node-group-role"
    }

  # aws_internet_gateway.igw will be created
  + resource "aws_internet_gateway" "igw" {
      + arn      = (known after apply)
      + id       = (known after apply)
      + owner_id = (known after apply)
      + region   = "us-west-2"
      + tags     = {
          + "Name" = "nodeaws-eks-igw"
        }
      + tags_all = {
          + "Name" = "nodeaws-eks-igw"
        }
      + vpc_id   = (known after apply)
    }

  # aws_nat_gateway.ngw[0] will be created
  + resource "aws_nat_gateway" "ngw" {
      + allocation_id                      = (known after apply)
      + association_id                     = (known after apply)
      + auto_provision_zones               = (known after apply)
      + auto_scaling_ips                   = (known after apply)
      + availability_mode                  = (known after apply)
      + connectivity_type                  = "public"
      + id                                 = (known after apply)
      + network_interface_id               = (known after apply)
      + private_ip                         = (known after apply)
      + public_ip                          = (known after apply)
      + region                             = "us-west-2"
      + regional_nat_gateway_address       = (known after apply)
      + regional_nat_gateway_auto_mode     = (known after apply)
      + route_table_id                     = (known after apply)
      + secondary_allocation_ids           = (known after apply)
      + secondary_private_ip_address_count = (known after apply)
      + secondary_private_ip_addresses     = (known after apply)
      + subnet_id                          = (known after apply)
      + tags                               = {
          + "Name" = "nodeaws-eks-ngw"
        }
      + tags_all                           = {
          + "Name" = "nodeaws-eks-ngw"
        }
      + vpc_id                             = (known after apply)
    }

  # aws_route.private_nat_gateway will be created
  + resource "aws_route" "private_nat_gateway" {
      + destination_cidr_block = "0.0.0.0/0"
      + id                     = (known after apply)
      + instance_id            = (known after apply)
      + instance_owner_id      = (known after apply)
      + nat_gateway_id         = (known after apply)
      + network_interface_id   = (known after apply)
      + origin                 = (known after apply)
      + region                 = "us-west-2"
      + route_table_id         = (known after apply)
      + state                  = (known after apply)
    }

  # aws_route.public_internet_access will be created
  + resource "aws_route" "public_internet_access" {
      + destination_cidr_block = "0.0.0.0/0"
      + gateway_id             = (known after apply)
      + id                     = (known after apply)
      + instance_id            = (known after apply)
      + instance_owner_id      = (known after apply)
      + network_interface_id   = (known after apply)
      + origin                 = (known after apply)
      + region                 = "us-west-2"
      + route_table_id         = (known after apply)
      + state                  = (known after apply)
    }

  # aws_route_table.private will be created
  + resource "aws_route_table" "private" {
      + arn              = (known after apply)
      + id               = (known after apply)
      + owner_id         = (known after apply)
      + propagating_vgws = (known after apply)
      + region           = "us-west-2"
      + route            = (known after apply)
      + tags             = {
          + "Name" = "nodeaws-eks-private-rt"
        }
      + tags_all         = {
          + "Name" = "nodeaws-eks-private-rt"
        }
      + vpc_id           = (known after apply)
    }

  # aws_route_table.public will be created
  + resource "aws_route_table" "public" {
      + arn              = (known after apply)
      + id               = (known after apply)
      + owner_id         = (known after apply)
      + propagating_vgws = (known after apply)
      + region           = "us-west-2"
      + route            = (known after apply)
      + tags             = {
          + "Name" = "nodeaws-eks-public-rt"
        }
      + tags_all         = {
          + "Name" = "nodeaws-eks-public-rt"
        }
      + vpc_id           = (known after apply)
    }

  # aws_route_table_association.private[0] will be created
  + resource "aws_route_table_association" "private" {
      + id             = (known after apply)
      + region         = "us-west-2"
      + route_table_id = (known after apply)
      + subnet_id      = (known after apply)
    }

  # aws_route_table_association.private[1] will be created
  + resource "aws_route_table_association" "private" {
      + id             = (known after apply)
      + region         = "us-west-2"
      + route_table_id = (known after apply)
      + subnet_id      = (known after apply)
    }

  # aws_route_table_association.public[0] will be created
  + resource "aws_route_table_association" "public" {
      + id             = (known after apply)
      + region         = "us-west-2"
      + route_table_id = (known after apply)
      + subnet_id      = (known after apply)
    }

  # aws_route_table_association.public[1] will be created
  + resource "aws_route_table_association" "public" {
      + id             = (known after apply)
      + region         = "us-west-2"
      + route_table_id = (known after apply)
      + subnet_id      = (known after apply)
    }

  # aws_subnet.private[0] will be created
  + resource "aws_subnet" "private" {
      + arn                                            = (known after apply)
      + assign_ipv6_address_on_creation                = false
      + availability_zone                              = "us-west-2a"
      + availability_zone_id                           = (known after apply)
      + cidr_block                                     = "10.0.101.0/24"
      + enable_dns64                                   = false
      + enable_resource_name_dns_a_record_on_launch    = false
      + enable_resource_name_dns_aaaa_record_on_launch = false
      + id                                             = (known after apply)
      + ipv6_cidr_block_association_id                 = (known after apply)
      + ipv6_native                                    = false
      + map_public_ip_on_launch                        = false
      + owner_id                                       = (known after apply)
      + private_dns_hostname_type_on_launch            = (known after apply)
      + region                                         = "us-west-2"
      + tags                                           = {
          + "Name" = "nodeaws-eks-private-0"
        }
      + tags_all                                       = {
          + "Name" = "nodeaws-eks-private-0"
        }
      + vpc_id                                         = (known after apply)
    }

  # aws_subnet.private[1] will be created
  + resource "aws_subnet" "private" {
      + arn                                            = (known after apply)
      + assign_ipv6_address_on_creation                = false
      + availability_zone                              = "us-west-2b"
      + availability_zone_id                           = (known after apply)
      + cidr_block                                     = "10.0.102.0/24"
      + enable_dns64                                   = false
      + enable_resource_name_dns_a_record_on_launch    = false
      + enable_resource_name_dns_aaaa_record_on_launch = false
      + id                                             = (known after apply)
      + ipv6_cidr_block_association_id                 = (known after apply)
      + ipv6_native                                    = false
      + map_public_ip_on_launch                        = false
      + owner_id                                       = (known after apply)
      + private_dns_hostname_type_on_launch            = (known after apply)
      + region                                         = "us-west-2"
      + tags                                           = {
          + "Name" = "nodeaws-eks-private-1"
        }
      + tags_all                                       = {
          + "Name" = "nodeaws-eks-private-1"
        }
      + vpc_id                                         = (known after apply)
    }

  # aws_subnet.public[0] will be created
  + resource "aws_subnet" "public" {
      + arn                                            = (known after apply)
      + assign_ipv6_address_on_creation                = false
      + availability_zone                              = "us-west-2a"
      + availability_zone_id                           = (known after apply)
      + cidr_block                                     = "10.0.1.0/24"
      + enable_dns64                                   = false
      + enable_resource_name_dns_a_record_on_launch    = false
      + enable_resource_name_dns_aaaa_record_on_launch = false
      + id                                             = (known after apply)
      + ipv6_cidr_block_association_id                 = (known after apply)
      + ipv6_native                                    = false
      + map_public_ip_on_launch                        = true
      + owner_id                                       = (known after apply)
      + private_dns_hostname_type_on_launch            = (known after apply)
      + region                                         = "us-west-2"
      + tags                                           = {
          + "Name" = "nodeaws-eks-public-0"
        }
      + tags_all                                       = {
          + "Name" = "nodeaws-eks-public-0"
        }
      + vpc_id                                         = (known after apply)
    }

  # aws_subnet.public[1] will be created
  + resource "aws_subnet" "public" {
      + arn                                            = (known after apply)
      + assign_ipv6_address_on_creation                = false
      + availability_zone                              = "us-west-2b"
      + availability_zone_id                           = (known after apply)
      + cidr_block                                     = "10.0.2.0/24"
      + enable_dns64                                   = false
      + enable_resource_name_dns_a_record_on_launch    = false
      + enable_resource_name_dns_aaaa_record_on_launch = false
      + id                                             = (known after apply)
      + ipv6_cidr_block_association_id                 = (known after apply)
      + ipv6_native                                    = false
      + map_public_ip_on_launch                        = true
      + owner_id                                       = (known after apply)
      + private_dns_hostname_type_on_launch            = (known after apply)
      + region                                         = "us-west-2"
      + tags                                           = {
          + "Name" = "nodeaws-eks-public-1"
        }
      + tags_all                                       = {
          + "Name" = "nodeaws-eks-public-1"
        }
      + vpc_id                                         = (known after apply)
    }

  # aws_vpc.main will be created
  + resource "aws_vpc" "main" {
      + arn                                  = (known after apply)
      + cidr_block                           = "10.0.0.0/16"
      + default_network_acl_id               = (known after apply)
      + default_route_table_id               = (known after apply)
      + default_security_group_id            = (known after apply)
      + dhcp_options_id                      = (known after apply)
      + enable_dns_hostnames                 = true
      + enable_dns_support                   = true
      + enable_network_address_usage_metrics = (known after apply)
      + id                                   = (known after apply)
      + instance_tenancy                     = "default"
      + ipv6_association_id                  = (known after apply)
      + ipv6_cidr_block                      = (known after apply)
      + ipv6_cidr_block_network_border_group = (known after apply)
      + main_route_table_id                  = (known after apply)
      + owner_id                             = (known after apply)
      + region                               = "us-west-2"
      + tags                                 = {
          + "Name" = "nodeaws-eks-vpc"
        }
      + tags_all                             = {
          + "Name" = "nodeaws-eks-vpc"
        }
    }

  # kubernetes_deployment.nodejs_app will be created
  + resource "kubernetes_deployment" "nodejs_app" {
      + id               = (known after apply)
      + wait_for_rollout = true

      + metadata {
          + generation       = (known after apply)
          + labels           = {
              + "app" = "nodejs-app"
            }
          + name             = "nodejs-app"
          + namespace        = "nodeaws"
          + resource_version = (known after apply)
          + uid              = (known after apply)
        }

      + spec {
          + min_ready_seconds         = 0
          + paused                    = false
          + progress_deadline_seconds = 600
          + replicas                  = "3"
          + revision_history_limit    = 10

          + selector {
              + match_labels = {
                  + "app" = "nodejs-app"
                }
            }

          + strategy (known after apply)

          + template {
              + metadata {
                  + generation       = (known after apply)
                  + labels           = {
                      + "app" = "nodejs-app"
                    }
                  + name             = (known after apply)
                  + resource_version = (known after apply)
                  + uid              = (known after apply)
                }
              + spec {
                  + automount_service_account_token  = true
                  + dns_policy                       = "ClusterFirst"
                  + enable_service_links             = true
                  + host_ipc                         = false
                  + host_network                     = false
                  + host_pid                         = false
                  + hostname                         = (known after apply)
                  + node_name                        = (known after apply)
                  + restart_policy                   = "Always"
                  + scheduler_name                   = (known after apply)
                  + service_account_name             = (known after apply)
                  + share_process_namespace          = false
                  + termination_grace_period_seconds = 30

                  + container {
                      + image                      = (known after apply)
                      + image_pull_policy          = (known after apply)
                      + name                       = "nodejs-app"
                      + restart_policy             = (known after apply)
                      + stdin                      = false
                      + stdin_once                 = false
                      + termination_message_path   = "/dev/termination-log"
                      + termination_message_policy = (known after apply)
                      + tty                        = false

                      + port {
                          + container_port = 3000
                          + protocol       = "TCP"
                        }

                      + resources (known after apply)
                    }

                  + image_pull_secrets (known after apply)

                  + readiness_gate (known after apply)
                }
            }
        }
    }

  # kubernetes_namespace.nodeaws will be created
  + resource "kubernetes_namespace" "nodeaws" {
      + id                               = (known after apply)
      + wait_for_default_service_account = false

      + metadata {
          + generation       = (known after apply)
          + name             = "nodeaws"
          + resource_version = (known after apply)
          + uid              = (known after apply)
        }
    }

  # kubernetes_service.nodejs_app_lb will be created
  + resource "kubernetes_service" "nodejs_app_lb" {
      + id                     = (known after apply)
      + status                 = (known after apply)
      + wait_for_load_balancer = true

      + metadata {
          + generation       = (known after apply)
          + name             = "nodejs-app-lb"
          + namespace        = "nodeaws"
          + resource_version = (known after apply)
          + uid              = (known after apply)
        }

      + spec {
          + allocate_load_balancer_node_ports = true
          + cluster_ip                        = (known after apply)
          + cluster_ips                       = (known after apply)
          + external_traffic_policy           = (known after apply)
          + health_check_node_port            = (known after apply)
          + internal_traffic_policy           = (known after apply)
          + ip_families                       = (known after apply)
          + ip_family_policy                  = (known after apply)
          + publish_not_ready_addresses       = false
          + selector                          = {
              + "app" = "nodejs-app"
            }
          + session_affinity                  = "None"
          + type                              = "LoadBalancer"

          + port {
              + node_port   = (known after apply)
              + port        = 80
              + protocol    = "TCP"
              + target_port = "3000"
            }

          + session_affinity_config (known after apply)
        }
    }

Plan: 30 to add, 0 to change, 0 to destroy.

Changes to Outputs:
  + ecr_repository_url     = (known after apply)
  + eks_cluster_endpoint   = (known after apply)
  + eks_cluster_name       = "nodeaws-eks"
  + kubernetes_namespace   = "nodeaws"
  + load_balancer_hostname = (known after apply)
aws_cloudwatch_log_group.eks: Creating...
aws_eip.nat: Creating...
aws_iam_role.eks_node_group: Creating...
aws_iam_role.eks_cluster: Creating...
aws_ecr_repository.app: Creating...
aws_vpc.main: Creating...
aws_eip.nat: Creation complete after 0s [id=eipalloc-1c53e363cef6957e0]
aws_iam_role.eks_cluster: Creation complete after 0s [id=nodeaws-eks-cluster-role]
aws_iam_role_policy_attachment.eks_cluster_AmazonEKSClusterPolicy: Creating...
aws_iam_role_policy_attachment.eks_cluster_AmazonEKSVPCResourceController: Creating...
aws_iam_role.eks_node_group: Creation complete after 0s [id=nodeaws-eks-node-group-role]
aws_iam_role_policy_attachment.eks_cluster_AmazonEKSVPCResourceController: Creation complete after 0s [id=nodeaws-eks-cluster-role/arn:aws:iam::aws:policy/AmazonEKSVPCResourceController]
aws_iam_role_policy_attachment.eks_node_AmazonEKSWorkerNodePolicy: Creating...
aws_iam_role_policy_attachment.eks_node_AmazonEKS_CNI_Policy: Creating...
aws_iam_role_policy_attachment.eks_cluster_AmazonEKSClusterPolicy: Creation complete after 0s [id=nodeaws-eks-cluster-role/arn:aws:iam::aws:policy/AmazonEKSClusterPolicy]
aws_iam_role_policy_attachment.eks_node_AmazonEC2ContainerRegistryReadOnly: Creating...
aws_iam_role_policy_attachment.eks_node_AmazonEC2ContainerRegistryReadOnly: Creation complete after 0s [id=nodeaws-eks-node-group-role/arn:aws:iam::aws:policy/AmazonEC2ContainerRegistryReadOnly]
aws_iam_role_policy_attachment.eks_node_AmazonEKSWorkerNodePolicy: Creation complete after 0s [id=nodeaws-eks-node-group-role/arn:aws:iam::aws:policy/AmazonEKSWorkerNodePolicy]
aws_iam_role_policy_attachment.eks_node_AmazonEKS_CNI_Policy: Creation complete after 0s [id=nodeaws-eks-node-group-role/arn:aws:iam::aws:policy/AmazonEKS_CNI_Policy]
aws_cloudwatch_log_group.eks: Creation complete after 1s [id=/aws/eks/nodeaws-eks/cluster]
aws_ecr_repository.app: Creation complete after 2s [id=nodeaws-app]
aws_vpc.main: Still creating... [00m10s elapsed]
aws_vpc.main: Creation complete after 10s [id=vpc-acc21fe62d4d83787]
aws_internet_gateway.igw: Creating...
aws_subnet.private[1]: Creating...
aws_route_table.public: Creating...
aws_subnet.private[0]: Creating...
aws_subnet.public[0]: Creating...
aws_route_table.private: Creating...
aws_subnet.public[1]: Creating...
aws_subnet.private[1]: Creation complete after 0s [id=subnet-160bdeb8d519d168d]
aws_subnet.private[0]: Creation complete after 0s [id=subnet-1fe3ff0cd1edfff3d]
aws_internet_gateway.igw: Creation complete after 0s [id=igw-def51038ddc1163bf]
aws_route_table.public: Creation complete after 0s [id=rtb-cfb74d080e869df6c]
aws_route_table.private: Creation complete after 0s [id=rtb-1f82465293547f0d0]
aws_route_table_association.private[0]: Creating...
aws_route_table_association.private[1]: Creating...
aws_route.public_internet_access: Creating...
aws_route_table_association.private[1]: Creation complete after 0s [id=rtbassoc-4020f859b5bc41f23]
aws_route_table_association.private[0]: Creation complete after 0s [id=rtbassoc-7440007f42b759a08]
aws_route.public_internet_access: Creation complete after 1s [id=r-rtb-cfb74d080e869df6c1080289494]
aws_subnet.public[1]: Still creating... [00m10s elapsed]
aws_subnet.public[0]: Still creating... [00m10s elapsed]
aws_subnet.public[0]: Creation complete after 10s [id=subnet-358f4a8230a3a55e9]
aws_subnet.public[1]: Creation complete after 10s [id=subnet-f34711c94fb7737dd]
aws_route_table_association.public[1]: Creating...
aws_route_table_association.public[0]: Creating...
aws_nat_gateway.ngw[0]: Creating...
aws_eks_cluster.eks: Creating...
aws_route_table_association.public[1]: Creation complete after 0s [id=rtbassoc-2ac4d84dd68a2e062]
aws_route_table_association.public[0]: Creation complete after 0s [id=rtbassoc-91a8a2694a784fe67]
aws_nat_gateway.ngw[0]: Creation complete after 0s [id=nat-493116ac02ee56c36]
aws_route.private_nat_gateway: Creating...
aws_route.private_nat_gateway: Creation complete after 0s [id=r-rtb-1f82465293547f0d01080289494]
aws_eks_cluster.eks: Still creating... [00m10s elapsed]
aws_eks_cluster.eks: Still creating... [00m20s elapsed]
aws_eks_cluster.eks: Still creating... [00m30s elapsed]
aws_eks_cluster.eks: Still creating... [00m40s elapsed]
aws_eks_cluster.eks: Still creating... [00m50s elapsed]
aws_eks_cluster.eks: Still creating... [01m00s elapsed]
aws_eks_cluster.eks: Still creating... [01m10s elapsed]
aws_eks_cluster.eks: Still creating... [01m20s elapsed]
aws_eks_cluster.eks: Still creating... [01m30s elapsed]
aws_eks_cluster.eks: Still creating... [01m40s elapsed]
aws_eks_cluster.eks: Still creating... [01m50s elapsed]
aws_eks_cluster.eks: Still creating... [02m00s elapsed]
aws_eks_cluster.eks: Still creating... [02m10s elapsed]
aws_eks_cluster.eks: Still creating... [02m20s elapsed]
aws_eks_cluster.eks: Still creating... [02m30s elapsed]
aws_eks_cluster.eks: Still creating... [02m40s elapsed]
aws_eks_cluster.eks: Still creating... [02m50s elapsed]
aws_eks_cluster.eks: Still creating... [03m00s elapsed]

Warning: Deprecated Resource

  with kubernetes_namespace.nodeaws,
  on k8s_app.tf line 1, in resource "kubernetes_namespace" "nodeaws":
   1: resource "kubernetes_namespace" "nodeaws" {

Deprecated; use kubernetes_namespace_v1.

(and 5 more similar warnings elsewhere)
