data.aws_ami.amazon_linux: Reading...
data.aws_availability_zones.available: Reading...
data.aws_iam_policy_document.ec2_assume_role_policy: Reading...
data.aws_iam_policy_document.ec2_assume_role_policy: Read complete after 0s [id=2851119427]
data.aws_availability_zones.available: Read complete after 0s [id=us-east-1]
data.aws_ami.amazon_linux: Read complete after 3s [id=ami-04681a1dbd79675a5]

Terraform used the selected providers to generate the following execution
plan. Resource actions are indicated with the following symbols:
  + create

Terraform will perform the following actions:

  # aws_dynamodb_table.main will be created
  + resource "aws_dynamodb_table" "main" {
      + arn              = (known after apply)
      + billing_mode     = "PAY_PER_REQUEST"
      + hash_key         = "id"
      + id               = (known after apply)
      + name             = "app-table"
      + read_capacity    = (known after apply)
      + region           = "us-east-1"
      + stream_arn       = (known after apply)
      + stream_label     = (known after apply)
      + stream_view_type = (known after apply)
      + tags             = {
          + "Name" = "app-table"
        }
      + tags_all         = {
          + "Name" = "app-table"
        }
      + write_capacity   = (known after apply)

      + attribute {
          + name = "id"
          + type = "S"
        }

      + global_secondary_index (known after apply)

      + global_table_witness (known after apply)

      + point_in_time_recovery (known after apply)

      + server_side_encryption (known after apply)

      + ttl (known after apply)

      + warm_throughput (known after apply)
    }

  # aws_dynamodb_table.tf_lock will be created
  + resource "aws_dynamodb_table" "tf_lock" {
      + arn              = (known after apply)
      + billing_mode     = "PAY_PER_REQUEST"
      + hash_key         = "LockID"
      + id               = (known after apply)
      + name             = "app-table-tf-lock"
      + read_capacity    = (known after apply)
      + region           = "us-east-1"
      + stream_arn       = (known after apply)
      + stream_label     = (known after apply)
      + stream_view_type = (known after apply)
      + tags             = {
          + "Name" = "tf-lock-table"
        }
      + tags_all         = {
          + "Name" = "tf-lock-table"
        }
      + write_capacity   = (known after apply)

      + attribute {
          + name = "LockID"
          + type = "S"
        }

      + global_secondary_index (known after apply)

      + global_table_witness (known after apply)

      + point_in_time_recovery (known after apply)

      + server_side_encryption (known after apply)

      + ttl (known after apply)

      + warm_throughput (known after apply)
    }

  # aws_eip.nat[0] will be created
  + resource "aws_eip" "nat" {
      + allocation_id        = (known after apply)
      + arn                  = (known after apply)
      + association_id       = (known after apply)
      + carrier_ip           = (known after apply)
      + customer_owned_ip    = (known after apply)
      + domain               = (known after apply)
      + id                   = (known after apply)
      + instance             = (known after apply)
      + ipam_pool_id         = (known after apply)
      + network_border_group = (known after apply)
      + network_interface    = (known after apply)
      + private_dns          = (known after apply)
      + private_ip           = (known after apply)
      + ptr_record           = (known after apply)
      + public_dns           = (known after apply)
      + public_ip            = (known after apply)
      + public_ipv4_pool     = (known after apply)
      + region               = "us-east-1"
      + tags_all             = (known after apply)
    }

  # aws_iam_instance_profile.ec2_profile will be created
  + resource "aws_iam_instance_profile" "ec2_profile" {
      + arn         = (known after apply)
      + create_date = (known after apply)
      + id          = (known after apply)
      + name        = "ec2-profile"
      + name_prefix = (known after apply)
      + path        = "/"
      + role        = "ec2-role"
      + tags_all    = (known after apply)
      + unique_id   = (known after apply)
    }

  # aws_iam_role.ec2 will be created
  + resource "aws_iam_role" "ec2" {
      + arn                   = (known after apply)
      + assume_role_policy    = jsonencode(
            {
              + Statement = [
                  + {
                      + Action    = "sts:AssumeRole"
                      + Effect    = "Allow"
                      + Principal = {
                          + Service = "ec2.amazonaws.com"
                        }
                    },
                ]
              + Version   = "2012-10-17"
            }
        )
      + create_date           = (known after apply)
      + force_detach_policies = false
      + id                    = (known after apply)
      + managed_policy_arns   = (known after apply)
      + max_session_duration  = 3600
      + name                  = "ec2-role"
      + name_prefix           = (known after apply)
      + path                  = "/"
      + tags_all              = (known after apply)
      + unique_id             = (known after apply)

      + inline_policy (known after apply)
    }

  # aws_iam_role_policy_attachment.ec2_attach will be created
  + resource "aws_iam_role_policy_attachment" "ec2_attach" {
      + id         = (known after apply)
      + policy_arn = "arn:aws:iam::aws:policy/AmazonDynamoDBFullAccess"
      + role       = "ec2-role"
    }

  # aws_instance.bastion will be created
  + resource "aws_instance" "bastion" {
      + ami                                  = "ami-04681a1dbd79675a5"
      + arn                                  = (known after apply)
      + associate_public_ip_address          = true
      + availability_zone                    = (known after apply)
      + disable_api_stop                     = (known after apply)
      + disable_api_termination              = (known after apply)
      + ebs_optimized                        = (known after apply)
      + enable_primary_ipv6                  = (known after apply)
      + force_destroy                        = false
      + get_password_data                    = false
      + host_id                              = (known after apply)
      + host_resource_group_arn              = (known after apply)
      + iam_instance_profile                 = "ec2-profile"
      + id                                   = (known after apply)
      + instance_initiated_shutdown_behavior = (known after apply)
      + instance_lifecycle                   = (known after apply)
      + instance_state                       = (known after apply)
      + instance_type                        = "t3.micro"
      + ipv6_address_count                   = (known after apply)
      + ipv6_addresses                       = (known after apply)
      + key_name                             = (known after apply)
      + monitoring                           = (known after apply)
      + outpost_arn                          = (known after apply)
      + password_data                        = (known after apply)
      + placement_group                      = (known after apply)
      + placement_group_id                   = (known after apply)
      + placement_partition_number           = (known after apply)
      + primary_network_interface_id         = (known after apply)
      + private_dns                          = (known after apply)
      + private_ip                           = (known after apply)
      + public_dns                           = (known after apply)
      + public_ip                            = (known after apply)
      + region                               = "us-east-1"
      + secondary_private_ips                = (known after apply)
      + security_groups                      = (known after apply)
      + source_dest_check                    = true
      + spot_instance_request_id             = (known after apply)
      + subnet_id                            = (known after apply)
      + tags                                 = {
          + "Name" = "bastion-host"
        }
      + tags_all                             = {
          + "Name" = "bastion-host"
        }
      + tenancy                              = (known after apply)
      + user_data_base64                     = (known after apply)
      + user_data_replace_on_change          = false
      + vpc_security_group_ids               = (known after apply)

      + capacity_reservation_specification (known after apply)

      + cpu_options (known after apply)

      + ebs_block_device (known after apply)

      + enclave_options (known after apply)

      + ephemeral_block_device (known after apply)

      + instance_market_options (known after apply)

      + maintenance_options (known after apply)

      + metadata_options (known after apply)

      + network_interface (known after apply)

      + primary_network_interface (known after apply)

      + private_dns_name_options (known after apply)

      + root_block_device (known after apply)
    }

  # aws_internet_gateway.main will be created
  + resource "aws_internet_gateway" "main" {
      + arn      = (known after apply)
      + id       = (known after apply)
      + owner_id = (known after apply)
      + region   = "us-east-1"
      + tags     = {
          + "Name" = "main-igw"
        }
      + tags_all = {
          + "Name" = "main-igw"
        }
      + vpc_id   = (known after apply)
    }

  # aws_nat_gateway.main will be created
  + resource "aws_nat_gateway" "main" {
      + allocation_id                      = (known after apply)
      + association_id                     = (known after apply)
      + auto_provision_zones               = (known after apply)
      + auto_scaling_ips                   = (known after apply)
      + availability_mode                  = (known after apply)
      + connectivity_type                  = "public"
      + id                                 = (known after apply)
      + network_interface_id               = (known after apply)
      + private_ip                         = (known after apply)
      + public_ip                          = (known after apply)
      + region                             = "us-east-1"
      + regional_nat_gateway_address       = (known after apply)
      + regional_nat_gateway_auto_mode     = (known after apply)
      + route_table_id                     = (known after apply)
      + secondary_allocation_ids           = (known after apply)
      + secondary_private_ip_address_count = (known after apply)
      + secondary_private_ip_addresses     = (known after apply)
      + subnet_id                          = (known after apply)
      + tags                               = {
          + "Name" = "main-nat-gw"
        }
      + tags_all                           = {
          + "Name" = "main-nat-gw"
        }
      + vpc_id                             = (known after apply)
    }

  # aws_route.private_nat_gateway will be created
  + resource "aws_route" "private_nat_gateway" {
      + destination_cidr_block = "0.0.0.0/0"
      + id                     = (known after apply)
      + instance_id            = (known after apply)
      + instance_owner_id      = (known after apply)
      + nat_gateway_id         = (known after apply)
      + network_interface_id   = (known after apply)
      + origin                 = (known after apply)
      + region                 = "us-east-1"
      + route_table_id         = (known after apply)
      + state                  = (known after apply)
    }

  # aws_route.public_internet_access will be created
  + resource "aws_route" "public_internet_access" {
      + destination_cidr_block = "0.0.0.0/0"
      + gateway_id             = (known after apply)
      + id                     = (known after apply)
      + instance_id            = (known after apply)
      + instance_owner_id      = (known after apply)
      + network_interface_id   = (known after apply)
      + origin                 = (known after apply)
      + region                 = "us-east-1"
      + route_table_id         = (known after apply)
      + state                  = (known after apply)
    }

  # aws_route_table.private will be created
  + resource "aws_route_table" "private" {
      + arn              = (known after apply)
      + id               = (known after apply)
      + owner_id         = (known after apply)
      + propagating_vgws = (known after apply)
      + region           = "us-east-1"
      + route            = (known after apply)
      + tags             = {
          + "Name" = "private-rt"
        }
      + tags_all         = {
          + "Name" = "private-rt"
        }
      + vpc_id           = (known after apply)
    }

  # aws_route_table.public will be created
  + resource "aws_route_table" "public" {
      + arn              = (known after apply)
      + id               = (known after apply)
      + owner_id         = (known after apply)
      + propagating_vgws = (known after apply)
      + region           = "us-east-1"
      + route            = (known after apply)
      + tags             = {
          + "Name" = "public-rt"
        }
      + tags_all         = {
          + "Name" = "public-rt"
        }
      + vpc_id           = (known after apply)
    }

  # aws_route_table_association.private[0] will be created
  + resource "aws_route_table_association" "private" {
      + id             = (known after apply)
      + region         = "us-east-1"
      + route_table_id = (known after apply)
      + subnet_id      = (known after apply)
    }

  # aws_route_table_association.private[1] will be created
  + resource "aws_route_table_association" "private" {
      + id             = (known after apply)
      + region         = "us-east-1"
      + route_table_id = (known after apply)
      + subnet_id      = (known after apply)
    }

  # aws_route_table_association.public[0] will be created
  + resource "aws_route_table_association" "public" {
      + id             = (known after apply)
      + region         = "us-east-1"
      + route_table_id = (known after apply)
      + subnet_id      = (known after apply)
    }

  # aws_route_table_association.public[1] will be created
  + resource "aws_route_table_association" "public" {
      + id             = (known after apply)
      + region         = "us-east-1"
      + route_table_id = (known after apply)
      + subnet_id      = (known after apply)
    }

  # aws_s3_bucket.tf_state will be created
  + resource "aws_s3_bucket" "tf_state" {
      + acceleration_status         = (known after apply)
      + acl                         = (known after apply)
      + arn                         = (known after apply)
      + bucket                      = (known after apply)
      + bucket_domain_name          = (known after apply)
      + bucket_prefix               = (known after apply)
      + bucket_region               = (known after apply)
      + bucket_regional_domain_name = (known after apply)
      + force_destroy               = true
      + hosted_zone_id              = (known after apply)
      + id                          = (known after apply)
      + object_lock_enabled         = (known after apply)
      + policy                      = (known after apply)
      + region                      = "us-east-1"
      + request_payer               = (known after apply)
      + tags                        = {
          + "Name" = "tf-state-bucket"
        }
      + tags_all                    = {
          + "Name" = "tf-state-bucket"
        }
      + website_domain              = (known after apply)
      + website_endpoint            = (known after apply)

      + cors_rule (known after apply)

      + grant (known after apply)

      + lifecycle_rule (known after apply)

      + logging (known after apply)

      + object_lock_configuration (known after apply)

      + replication_configuration (known after apply)

      + server_side_encryption_configuration (known after apply)

      + versioning {
          + enabled    = true
          + mfa_delete = false
        }

      + website (known after apply)
    }

  # aws_security_group.ec2 will be created
  + resource "aws_security_group" "ec2" {
      + arn                    = (known after apply)
      + description            = "Allow SSH, HTTP, and HTTPS access"
      + egress                 = [
          + {
              + cidr_blocks      = [
                  + "0.0.0.0/0",
                ]
              + from_port        = 0
              + ipv6_cidr_blocks = []
              + prefix_list_ids  = []
              + protocol         = "-1"
              + security_groups  = []
              + self             = false
              + to_port          = 0
                # (1 unchanged attribute hidden)
            },
        ]
      + id                     = (known after apply)
      + ingress                = [
          + {
              + cidr_blocks      = [
                  + "0.0.0.0/0",
                ]
              + description      = "HTTP"
              + from_port        = 80
              + ipv6_cidr_blocks = []
              + prefix_list_ids  = []
              + protocol         = "tcp"
              + security_groups  = []
              + self             = false
              + to_port          = 80
            },
          + {
              + cidr_blocks      = [
                  + "0.0.0.0/0",
                ]
              + description      = "HTTPS"
              + from_port        = 443
              + ipv6_cidr_blocks = []
              + prefix_list_ids  = []
              + protocol         = "tcp"
              + security_groups  = []
              + self             = false
              + to_port          = 443
            },
          + {
              + cidr_blocks      = [
                  + "0.0.0.0/0",
                ]
              + description      = "SSH"
              + from_port        = 22
              + ipv6_cidr_blocks = []
              + prefix_list_ids  = []
              + protocol         = "tcp"
              + security_groups  = []
              + self             = false
              + to_port          = 22
            },
        ]
      + name                   = "ec2-sg"
      + name_prefix            = (known after apply)
      + owner_id               = (known after apply)
      + region                 = "us-east-1"
      + revoke_rules_on_delete = false
      + tags                   = {
          + "Name" = "ec2-sg"
        }
      + tags_all               = {
          + "Name" = "ec2-sg"
        }
      + vpc_id                 = (known after apply)
    }

  # aws_subnet.private[0] will be created
  + resource "aws_subnet" "private" {
      + arn                                            = (known after apply)
      + assign_ipv6_address_on_creation                = false
      + availability_zone                              = "us-east-1a"
      + availability_zone_id                           = (known after apply)
      + cidr_block                                     = "10.0.101.0/24"
      + enable_dns64                                   = false
      + enable_resource_name_dns_a_record_on_launch    = false
      + enable_resource_name_dns_aaaa_record_on_launch = false
      + id                                             = (known after apply)
      + ipv6_cidr_block_association_id                 = (known after apply)
      + ipv6_native                                    = false
      + map_public_ip_on_launch                        = false
      + owner_id                                       = (known after apply)
      + private_dns_hostname_type_on_launch            = (known after apply)
      + region                                         = "us-east-1"
      + tags                                           = {
          + "Name" = "private-subnet-1"
        }
      + tags_all                                       = {
          + "Name" = "private-subnet-1"
        }
      + vpc_id                                         = (known after apply)
    }

  # aws_subnet.private[1] will be created
  + resource "aws_subnet" "private" {
      + arn                                            = (known after apply)
      + assign_ipv6_address_on_creation                = false
      + availability_zone                              = "us-east-1b"
      + availability_zone_id                           = (known after apply)
      + cidr_block                                     = "10.0.102.0/24"
      + enable_dns64                                   = false
      + enable_resource_name_dns_a_record_on_launch    = false
      + enable_resource_name_dns_aaaa_record_on_launch = false
      + id                                             = (known after apply)
      + ipv6_cidr_block_association_id                 = (known after apply)
      + ipv6_native                                    = false
      + map_public_ip_on_launch                        = false
      + owner_id                                       = (known after apply)
      + private_dns_hostname_type_on_launch            = (known after apply)
      + region                                         = "us-east-1"
      + tags                                           = {
          + "Name" = "private-subnet-2"
        }
      + tags_all                                       = {
          + "Name" = "private-subnet-2"
        }
      + vpc_id                                         = (known after apply)
    }

  # aws_subnet.public[0] will be created
  + resource "aws_subnet" "public" {
      + arn                                            = (known after apply)
      + assign_ipv6_address_on_creation                = false
      + availability_zone                              = "us-east-1a"
      + availability_zone_id                           = (known after apply)
      + cidr_block                                     = "10.0.1.0/24"
      + enable_dns64                                   = false
      + enable_resource_name_dns_a_record_on_launch    = false
      + enable_resource_name_dns_aaaa_record_on_launch = false
      + id                                             = (known after apply)
      + ipv6_cidr_block_association_id                 = (known after apply)
      + ipv6_native                                    = false
      + map_public_ip_on_launch                        = true
      + owner_id                                       = (known after apply)
      + private_dns_hostname_type_on_launch            = (known after apply)
      + region                                         = "us-east-1"
      + tags                                           = {
          + "Name" = "public-subnet-1"
        }
      + tags_all                                       = {
          + "Name" = "public-subnet-1"
        }
      + vpc_id                                         = (known after apply)
    }

  # aws_subnet.public[1] will be created
  + resource "aws_subnet" "public" {
      + arn                                            = (known after apply)
      + assign_ipv6_address_on_creation                = false
      + availability_zone                              = "us-east-1b"
      + availability_zone_id                           = (known after apply)
      + cidr_block                                     = "10.0.2.0/24"
      + enable_dns64                                   = false
      + enable_resource_name_dns_a_record_on_launch    = false
      + enable_resource_name_dns_aaaa_record_on_launch = false
      + id                                             = (known after apply)
      + ipv6_cidr_block_association_id                 = (known after apply)
      + ipv6_native                                    = false
      + map_public_ip_on_launch                        = true
      + owner_id                                       = (known after apply)
      + private_dns_hostname_type_on_launch            = (known after apply)
      + region                                         = "us-east-1"
      + tags                                           = {
          + "Name" = "public-subnet-2"
        }
      + tags_all                                       = {
          + "Name" = "public-subnet-2"
        }
      + vpc_id                                         = (known after apply)
    }

  # aws_vpc.main will be created
  + resource "aws_vpc" "main" {
      + arn                                  = (known after apply)
      + cidr_block                           = "10.0.0.0/16"
      + default_network_acl_id               = (known after apply)
      + default_route_table_id               = (known after apply)
      + default_security_group_id            = (known after apply)
      + dhcp_options_id                      = (known after apply)
      + enable_dns_hostnames                 = true
      + enable_dns_support                   = true
      + enable_network_address_usage_metrics = (known after apply)
      + id                                   = (known after apply)
      + instance_tenancy                     = "default"
      + ipv6_association_id                  = (known after apply)
      + ipv6_cidr_block                      = (known after apply)
      + ipv6_cidr_block_network_border_group = (known after apply)
      + main_route_table_id                  = (known after apply)
      + owner_id                             = (known after apply)
      + region                               = "us-east-1"
      + tags                                 = {
          + "Name" = "main-vpc"
        }
      + tags_all                             = {
          + "Name" = "main-vpc"
        }
    }

  # random_id.suffix will be created
  + resource "random_id" "suffix" {
      + b64_std     = (known after apply)
      + b64_url     = (known after apply)
      + byte_length = 4
      + dec         = (known after apply)
      + hex         = (known after apply)
      + id          = (known after apply)
    }

Plan: 25 to add, 0 to change, 0 to destroy.

Changes to Outputs:
  + bastion_public_ip   = (known after apply)
  + dynamodb_table_name = "app-table"
  + private_subnet_ids  = [
      + (known after apply),
      + (known after apply),
    ]
  + public_subnet_ids   = [
      + (known after apply),
      + (known after apply),
    ]
  + tf_lock_table       = "app-table-tf-lock"
  + tf_state_bucket     = (known after apply)
  + vpc_id              = (known after apply)
random_id.suffix: Creating...
random_id.suffix: Creation complete after 0s [id=xz16iw]
aws_eip.nat[0]: Creating...
aws_iam_role.ec2: Creating...
aws_vpc.main: Creating...
aws_s3_bucket.tf_state: Creating...
aws_dynamodb_table.main: Creating...
aws_dynamodb_table.tf_lock: Creating...
aws_eip.nat[0]: Creation complete after 0s [id=eipalloc-5dd2357994a7525e9]
aws_iam_role.ec2: Creation complete after 0s [id=ec2-role]
aws_iam_role_policy_attachment.ec2_attach: Creating...
aws_iam_instance_profile.ec2_profile: Creating...
aws_iam_role_policy_attachment.ec2_attach: Creation complete after 0s [id=ec2-role/arn:aws:iam::aws:policy/AmazonDynamoDBFullAccess]
aws_dynamodb_table.main: Creation complete after 1s [id=app-table]
aws_dynamodb_table.tf_lock: Creation complete after 1s [id=app-table-tf-lock]
aws_iam_instance_profile.ec2_profile: Creation complete after 5s [id=ec2-profile]
aws_vpc.main: Still creating... [00m10s elapsed]
aws_s3_bucket.tf_state: Still creating... [00m10s elapsed]
aws_vpc.main: Creation complete after 10s [id=vpc-807600b9ba905f3db]
aws_route_table.public: Creating...
aws_subnet.private[0]: Creating...
aws_internet_gateway.main: Creating...
aws_subnet.public[0]: Creating...
aws_subnet.private[1]: Creating...
aws_route_table.private: Creating...
aws_subnet.public[1]: Creating...
aws_security_group.ec2: Creating...
aws_subnet.private[0]: Creation complete after 0s [id=subnet-6239ed0a75b326c67]
aws_subnet.private[1]: Creation complete after 0s [id=subnet-f9977495ab795a06b]
aws_internet_gateway.main: Creation complete after 0s [id=igw-5d59a49be1c0dcabd]
aws_route_table.private: Creation complete after 0s [id=rtb-50b4759ee0a48e1ea]
aws_route_table.public: Creation complete after 0s [id=rtb-f2ad008ea28e51b18]
aws_route_table_association.private[0]: Creating...
aws_route_table_association.private[1]: Creating...
aws_route.public_internet_access: Creating...
aws_route_table_association.private[1]: Creation complete after 0s [id=rtbassoc-adfa6d58d71c6bbca]
aws_route_table_association.private[0]: Creation complete after 0s [id=rtbassoc-2023c4461949f5187]
aws_security_group.ec2: Creation complete after 0s [id=sg-a820f4bd9b1546e25]
aws_route.public_internet_access: Creation complete after 0s [id=r-rtb-f2ad008ea28e51b181080289494]
aws_s3_bucket.tf_state: Still creating... [00m20s elapsed]
aws_subnet.public[0]: Still creating... [00m10s elapsed]
aws_subnet.public[1]: Still creating... [00m10s elapsed]
aws_subnet.public[0]: Creation complete after 10s [id=subnet-e8bcc6d18521b803e]
aws_subnet.public[1]: Creation complete after 10s [id=subnet-03b7b95344ff511df]
aws_route_table_association.public[0]: Creating...
aws_route_table_association.public[1]: Creating...
aws_nat_gateway.main: Creating...
aws_instance.bastion: Creating...
aws_route_table_association.public[1]: Creation complete after 0s [id=rtbassoc-5b66399347aff4654]
aws_route_table_association.public[0]: Creation complete after 0s [id=rtbassoc-a4507b026d635e139]
aws_nat_gateway.main: Creation complete after 0s [id=nat-6ce979db1f9b36827]
aws_route.private_nat_gateway: Creating...
aws_route.private_nat_gateway: Creation complete after 0s [id=r-rtb-50b4759ee0a48e1ea1080289494]
aws_s3_bucket.tf_state: Still creating... [00m30s elapsed]
aws_instance.bastion: Still creating... [00m10s elapsed]
aws_instance.bastion: Creation complete after 14s [id=i-4a157e1a53881af73]
aws_s3_bucket.tf_state: Still creating... [00m40s elapsed]
aws_s3_bucket.tf_state: Still creating... [00m50s elapsed]
aws_s3_bucket.tf_state: Still creating... [01m00s elapsed]
aws_s3_bucket.tf_state: Still creating... [01m10s elapsed]
aws_s3_bucket.tf_state: Still creating... [01m20s elapsed]
aws_s3_bucket.tf_state: Still creating... [01m30s elapsed]
aws_s3_bucket.tf_state: Still creating... [01m40s elapsed]
aws_s3_bucket.tf_state: Still creating... [01m50s elapsed]
aws_s3_bucket.tf_state: Still creating... [02m00s elapsed]
aws_s3_bucket.tf_state: Still creating... [02m10s elapsed]
aws_s3_bucket.tf_state: Still creating... [02m20s elapsed]
aws_s3_bucket.tf_state: Still creating... [02m30s elapsed]
aws_s3_bucket.tf_state: Still creating... [02m40s elapsed]
aws_s3_bucket.tf_state: Still creating... [02m50s elapsed]
aws_s3_bucket.tf_state: Still creating... [03m00s elapsed]
aws_s3_bucket.tf_state: Still creating... [03m10s elapsed]
aws_s3_bucket.tf_state: Still creating... [03m20s elapsed]
aws_s3_bucket.tf_state: Still creating... [03m30s elapsed]
aws_s3_bucket.tf_state: Still creating... [03m40s elapsed]
aws_s3_bucket.tf_state: Still creating... [03m50s elapsed]
aws_s3_bucket.tf_state: Still creating... [04m00s elapsed]
aws_s3_bucket.tf_state: Still creating... [04m10s elapsed]
aws_s3_bucket.tf_state: Still creating... [04m20s elapsed]
aws_s3_bucket.tf_state: Still creating... [04m30s elapsed]
aws_s3_bucket.tf_state: Still creating... [04m40s elapsed]
aws_s3_bucket.tf_state: Still creating... [04m50s elapsed]
aws_s3_bucket.tf_state: Still creating... [05m00s elapsed]
aws_s3_bucket.tf_state: Still creating... [05m10s elapsed]
aws_s3_bucket.tf_state: Still creating... [05m20s elapsed]
aws_s3_bucket.tf_state: Still creating... [05m30s elapsed]
aws_s3_bucket.tf_state: Still creating... [05m40s elapsed]
aws_s3_bucket.tf_state: Still creating... [05m50s elapsed]
aws_s3_bucket.tf_state: Still creating... [06m00s elapsed]
aws_s3_bucket.tf_state: Still creating... [06m10s elapsed]
aws_s3_bucket.tf_state: Still creating... [06m20s elapsed]
aws_s3_bucket.tf_state: Still creating... [06m30s elapsed]
aws_s3_bucket.tf_state: Still creating... [06m40s elapsed]
aws_s3_bucket.tf_state: Still creating... [06m50s elapsed]
aws_s3_bucket.tf_state: Still creating... [07m00s elapsed]
aws_s3_bucket.tf_state: Still creating... [07m10s elapsed]
aws_s3_bucket.tf_state: Still creating... [07m20s elapsed]
aws_s3_bucket.tf_state: Still creating... [07m30s elapsed]
aws_s3_bucket.tf_state: Still creating... [07m40s elapsed]
aws_s3_bucket.tf_state: Still creating... [07m50s elapsed]
aws_s3_bucket.tf_state: Still creating... [08m00s elapsed]
aws_s3_bucket.tf_state: Still creating... [08m10s elapsed]
aws_s3_bucket.tf_state: Still creating... [08m20s elapsed]
aws_s3_bucket.tf_state: Still creating... [08m30s elapsed]
aws_s3_bucket.tf_state: Still creating... [08m40s elapsed]
aws_s3_bucket.tf_state: Still creating... [08m50s elapsed]
aws_s3_bucket.tf_state: Still creating... [09m00s elapsed]
aws_s3_bucket.tf_state: Still creating... [09m10s elapsed]
aws_s3_bucket.tf_state: Still creating... [09m20s elapsed]
aws_s3_bucket.tf_state: Still creating... [09m30s elapsed]
aws_s3_bucket.tf_state: Still creating... [09m40s elapsed]
aws_s3_bucket.tf_state: Still creating... [09m50s elapsed]
aws_s3_bucket.tf_state: Still creating... [10m00s elapsed]
aws_s3_bucket.tf_state: Still creating... [10m10s elapsed]
aws_s3_bucket.tf_state: Still creating... [10m20s elapsed]
aws_s3_bucket.tf_state: Still creating... [10m30s elapsed]
aws_s3_bucket.tf_state: Still creating... [10m40s elapsed]
aws_s3_bucket.tf_state: Still creating... [10m50s elapsed]
aws_s3_bucket.tf_state: Still creating... [11m00s elapsed]
aws_s3_bucket.tf_state: Still creating... [11m10s elapsed]
aws_s3_bucket.tf_state: Still creating... [11m20s elapsed]
aws_s3_bucket.tf_state: Still creating... [11m30s elapsed]
aws_s3_bucket.tf_state: Still creating... [11m40s elapsed]
aws_s3_bucket.tf_state: Still creating... [11m50s elapsed]
aws_s3_bucket.tf_state: Still creating... [12m00s elapsed]
aws_s3_bucket.tf_state: Still creating... [12m10s elapsed]
aws_s3_bucket.tf_state: Still creating... [12m20s elapsed]
aws_s3_bucket.tf_state: Still creating... [12m30s elapsed]
aws_s3_bucket.tf_state: Still creating... [12m40s elapsed]
aws_s3_bucket.tf_state: Still creating... [12m50s elapsed]
aws_s3_bucket.tf_state: Still creating... [13m00s elapsed]
aws_s3_bucket.tf_state: Still creating... [13m10s elapsed]
aws_s3_bucket.tf_state: Still creating... [13m20s elapsed]
aws_s3_bucket.tf_state: Still creating... [13m30s elapsed]
aws_s3_bucket.tf_state: Still creating... [13m40s elapsed]
aws_s3_bucket.tf_state: Still creating... [13m50s elapsed]
aws_s3_bucket.tf_state: Still creating... [14m00s elapsed]
aws_s3_bucket.tf_state: Still creating... [14m10s elapsed]
aws_s3_bucket.tf_state: Still creating... [14m20s elapsed]
aws_s3_bucket.tf_state: Still creating... [14m30s elapsed]
aws_s3_bucket.tf_state: Still creating... [14m40s elapsed]
aws_s3_bucket.tf_state: Still creating... [14m50s elapsed]

Warning: Argument is deprecated

  with aws_s3_bucket.tf_state,
  on s3_backend.tf line 1, in resource "aws_s3_bucket" "tf_state":
   1: resource "aws_s3_bucket" "tf_state" {

versioning is deprecated. Use the aws_s3_bucket_versioning resource instead.

(and 2 more similar warnings elsewhere)
