{"format_version":"1.2","terraform_version":"1.13.5","variables":{"aws_region":{"value":"us-east-1"},"dynamodb_table_name":{"value":"app-table"},"ec2_instance_type":{"value":"t3.micro"},"private_subnet_cidrs":{"value":["10.0.101.0/24","10.0.102.0/24"]},"public_subnet_cidrs":{"value":["10.0.1.0/24","10.0.2.0/24"]},"vpc_cidr":{"value":"10.0.0.0/16"}},"planned_values":{"outputs":{"bastion_public_ip":{"sensitive":false},"dynamodb_table_name":{"sensitive":false,"type":"string","value":"app-table"},"private_subnet_ids":{"sensitive":false},"public_subnet_ids":{"sensitive":false},"tf_lock_table":{"sensitive":false,"type":"string","value":"app-table-tf-lock"},"tf_state_bucket":{"sensitive":false},"vpc_id":{"sensitive":false}},"root_module":{"resources":[{"address":"aws_dynamodb_table.main","mode":"managed","type":"aws_dynamodb_table","name":"main","provider_name":"registry.terraform.io/hashicorp/aws","schema_version":1,"values":{"attribute":[{"name":"id","type":"S"}],"billing_mode":"PAY_PER_REQUEST","deletion_protection_enabled":null,"hash_key":"id","import_table":[],"local_secondary_index":[],"name":"app-table","on_demand_throughput":[],"range_key":null,"region":"us-east-1","replica":[],"restore_date_time":null,"restore_source_name":null,"restore_source_table_arn":null,"restore_to_latest_time":null,"stream_enabled":null,"table_class":null,"tags":{"Name":"app-table"},"tags_all":{"Name":"app-table"},"timeouts":null},"sensitive_values":{"attribute":[{}],"global_secondary_index":[],"global_table_witness":[],"import_table":[],"local_secondary_index":[],"on_demand_throughput":[],"point_in_time_recovery":[],"replica":[],"server_side_encryption":[],"tags":{},"tags_all":{},"ttl":[],"warm_throughput":[]}},{"address":"aws_dynamodb_table.tf_lock","mode":"managed","type":"aws_dynamodb_table","name":"tf_lock","provider_name":"registry.terraform.io/hashicorp/aws","schema_version":1,"values":{"attribute":[{"name":"LockID","type":"S"}],"billing_mode":"PAY_PER_REQUEST","deletion_protection_enabled":null,"hash_key":"LockID","import_table":[],"local_secondary_index":[],"name":"app-table-tf-lock","on_demand_throughput":[],"range_key":null,"region":"us-east-1","replica":[],"restore_date_time":null,"restore_source_name":null,"restore_source_table_arn":null,"restore_to_latest_time":null,"stream_enabled":null,"table_class":null,"tags":{"Name":"tf-lock-table"},"tags_all":{"Name":"tf-lock-table"},"timeouts":null},"sensitive_values":{"attribute":[{}],"global_secondary_index":[],"global_table_witness":[],"import_table":[],"local_secondary_index":[],"on_demand_throughput":[],"point_in_time_recovery":[],"replica":[],"server_side_encryption":[],"tags":{},"tags_all":{},"ttl":[],"warm_throughput":[]}},{"address":"aws_eip.nat[0]","mode":"managed","type":"aws_eip","name":"nat","index":0,"provider_name":"registry.terraform.io/hashicorp/aws","schema_version":0,"values":{"address":null,"associate_with_private_ip":null,"customer_owned_ipv4_pool":null,"region":"us-east-1","tags":null,"timeouts":null},"sensitive_values":{"tags_all":{}}},{"address":"aws_iam_instance_profile.ec2_profile","mode":"managed","type":"aws_iam_instance_profile","name":"ec2_profile","provider_name":"registry.terraform.io/hashicorp/aws","schema_version":0,"values":{"name":"ec2-profile","path":"/","role":"ec2-role","tags":null},"sensitive_values":{"tags_all":{}}},{"address":"aws_iam_role.ec2","mode":"managed","type":"aws_iam_role","name":"ec2","provider_name":"registry.terraform.io/hashicorp/aws","schema_version":0,"values":{"assume_role_policy":"{\"Statement\":[{\"Action\":\"sts:AssumeRole\",\"Effect\":\"Allow\",\"Principal\":{\"Service\":\"ec2.amazonaws.com\"}}],\"Version\":\"2012-10-17\"}","description":null,"force_detach_policies":false,"max_session_duration":3600,"name":"ec2-role","path":"/","permissions_boundary":null,"tags":null},"sensitive_values":{"inline_policy":[],"managed_policy_arns":[],"tags_all":{}},"identity_schema_version":0,"identity":{"account_id":null,"name":null}},{"address":"aws_iam_role_policy_attachment.ec2_attach","mode":"managed","type":"aws_iam_role_policy_attachment","name":"ec2_attach","provider_name":"registry.terraform.io/hashicorp/aws","schema_version":0,"values":{"policy_arn":"arn:aws:iam::aws:policy/AmazonDynamoDBFullAccess","role":"ec2-role"},"sensitive_values":{},"identity_schema_version":0,"identity":{"account_id":null,"policy_arn":null,"role":null}},{"address":"aws_instance.bastion","mode":"managed","type":"aws_instance","name":"bastion","provider_name":"registry.terraform.io/hashicorp/aws","schema_version":2,"values":{"ami":"ami-04681a1dbd79675a5","associate_public_ip_address":true,"credit_specification":[],"force_destroy":false,"get_password_data":false,"hibernation":null,"iam_instance_profile":"ec2-profile","instance_type":"t3.micro","launch_template":[],"region":"us-east-1","source_dest_check":true,"tags":{"Name":"bastion-host"},"tags_all":{"Name":"bastion-host"},"timeouts":null,"user_data":null,"user_data_replace_on_change":false,"volume_tags":null},"sensitive_values":{"capacity_reservation_specification":[],"cpu_options":[],"credit_specification":[],"ebs_block_device":[],"enclave_options":[],"ephemeral_block_device":[],"instance_market_options":[],"ipv6_addresses":[],"launch_template":[],"maintenance_options":[],"metadata_options":[],"network_interface":[],"primary_network_interface":[],"private_dns_name_options":[],"root_block_device":[],"secondary_private_ips":[],"security_groups":[],"tags":{},"tags_all":{},"vpc_security_group_ids":[]},"identity_schema_version":0,"identity":{"account_id":null,"id":null,"region":null}},{"address":"aws_internet_gateway.main","mode":"managed","type":"aws_internet_gateway","name":"main","provider_name":"registry.terraform.io/hashicorp/aws","schema_version":0,"values":{"region":"us-east-1","tags":{"Name":"main-igw"},"tags_all":{"Name":"main-igw"},"timeouts":null},"sensitive_values":{"tags":{},"tags_all":{}}},{"address":"aws_nat_gateway.main","mode":"managed","type":"aws_nat_gateway","name":"main","provider_name":"registry.terraform.io/hashicorp/aws","schema_version":0,"values":{"availability_zone_address":[],"connectivity_type":"public","region":"us-east-1","tags":{"Name":"main-nat-gw"},"tags_all":{"Name":"main-nat-gw"},"timeouts":null},"sensitive_values":{"availability_zone_address":[],"regional_nat_gateway_address":[],"secondary_allocation_ids":[],"secondary_private_ip_addresses":[],"tags":{},"tags_all":{}}},{"address":"aws_route.private_nat_gateway","mode":"managed","type":"aws_route","name":"private_nat_gateway","provider_name":"registry.terraform.io/hashicorp/aws","schema_version":0,"values":{"carrier_gateway_id":null,"core_network_arn":null,"destination_cidr_block":"0.0.0.0/0","destination_ipv6_cidr_block":null,"destination_prefix_list_id":null,"egress_only_gateway_id":null,"gateway_id":null,"local_gateway_id":null,"region":"us-east-1","timeouts":null,"transit_gateway_id":null,"vpc_endpoint_id":null,"vpc_peering_connection_id":null},"sensitive_values":{},"identity_schema_version":0,"identity":{"account_id":null,"destination_cidr_block":null,"destination_ipv6_cidr_block":null,"destination_prefix_list_id":null,"region":null,"route_table_id":null}},{"address":"aws_route.public_internet_access","mode":"managed","type":"aws_route","name":"public_internet_access","provider_name":"registry.terraform.io/hashicorp/aws","schema_version":0,"values":{"carrier_gateway_id":null,"core_network_arn":null,"destination_cidr_block":"0.0.0.0/0","destination_ipv6_cidr_block":null,"destination_prefix_list_id":null,"egress_only_gateway_id":null,"local_gateway_id":null,"nat_gateway_id":null,"region":"us-east-1","timeouts":null,"transit_gateway_id":null,"vpc_endpoint_id":null,"vpc_peering_connection_id":null},"sensitive_values":{},"identity_schema_version":0,"identity":{"account_id":null,"destination_cidr_block":null,"destination_ipv6_cidr_block":null,"destination_prefix_list_id":null,"region":null,"route_table_id":null}},{"address":"aws_route_table.private","mode":"managed","type":"aws_route_table","name":"private","provider_name":"registry.terraform.io/hashicorp/aws","schema_version":0,"values":{"region":"us-east-1","tags":{"Name":"private-rt"},"tags_all":{"Name":"private-rt"},"timeouts":null},"sensitive_values":{"propagating_vgws":[],"route":[],"tags":{},"tags_all":{}},"identity_schema_version":0,"identity":{"account_id":null,"id":null,"region":null}},{"address":"aws_route_table.public","mode":"managed","type":"aws_route_table","name":"public","provider_name":"registry.terraform.io/hashicorp/aws","schema_version":0,"values":{"region":"us-east-1","tags":{"Name":"public-rt"},"tags_all":{"Name":"public-rt"},"timeouts":null},"sensitive_values":{"propagating_vgws":[],"route":[],"tags":{},"tags_all":{}},"identity_schema_version":0,"identity":{"account_id":null,"id":null,"region":null}},{"address":"aws_route_table_association.private[0]","mode":"managed","type":"aws_route_table_association","name":"private","index":0,"provider_name":"registry.terraform.io/hashicorp/aws","schema_version":0,"values":{"gateway_id":null,"region":"us-east-1","timeouts":null},"sensitive_values":{}},{"address":"aws_route_table_association.private[1]","mode":"managed","type":"aws_route_table_association","name":"private","index":1,"provider_name":"registry.terraform.io/hashicorp/aws","schema_version":0,"values":{"gateway_id":null,"region":"us-east-1","timeouts":null},"sensitive_values":{}},{"address":"aws_route_table_association.public[0]","mode":"managed","type":"aws_route_table_association","name":"public","index":0,"provider_name":"registry.terraform.io/hashicorp/aws","schema_version":0,"values":{"gateway_id":null,"region":"us-east-1","timeouts":null},"sensitive_values":{}},{"address":"aws_route_table_association.public[1]","mode":"managed","type":"aws_route_table_association","name":"public","index":1,"provider_name":"registry.terraform.io/hashicorp/aws","schema_version":0,"values":{"gateway_id":null,"region":"us-east-1","timeouts":null},"sensitive_values":{}},{"address":"aws_s3_bucket.tf_state","mode":"managed","type":"aws_s3_bucket","name":"tf_state","provider_name":"registry.terraform.io/hashicorp/aws","schema_version":0,"values":{"force_destroy":true,"region":"us-east-1","tags":{"Name":"tf-state-bucket"},"tags_all":{"Name":"tf-state-bucket"},"timeouts":null,"versioning":[{"enabled":true,"mfa_delete":false}]},"sensitive_values":{"cors_rule":[],"grant":[],"lifecycle_rule":[],"logging":[],"object_lock_configuration":[],"replication_configuration":[],"server_side_encryption_configuration":[],"tags":{},"tags_all":{},"versioning":[{}],"website":[]},"identity_schema_version":0,"identity":{"account_id":null,"bucket":null,"region":null}},{"address":"aws_security_group.ec2","mode":"managed","type":"aws_security_group","name":"ec2","provider_name":"registry.terraform.io/hashicorp/aws","schema_version":1,"values":{"description":"Allow SSH, HTTP, and HTTPS access","egress":[{"cidr_blocks":["0.0.0.0/0"],"description":"","from_port":0,"ipv6_cidr_blocks":[],"prefix_list_ids":[],"protocol":"-1","security_groups":[],"self":false,"to_port":0}],"ingress":[{"cidr_blocks":["0.0.0.0/0"],"description":"HTTP","from_port":80,"ipv6_cidr_blocks":[],"prefix_list_ids":[],"protocol":"tcp","security_groups":[],"self":false,"to_port":80},{"cidr_blocks":["0.0.0.0/0"],"description":"HTTPS","from_port":443,"ipv6_cidr_blocks":[],"prefix_list_ids":[],"protocol":"tcp","security_groups":[],"self":false,"to_port":443},{"cidr_blocks":["0.0.0.0/0"],"description":"SSH","from_port":22,"ipv6_cidr_blocks":[],"prefix_list_ids":[],"protocol":"tcp","security_groups":[],"self":false,"to_port":22}],"name":"ec2-sg","region":"us-east-1","revoke_rules_on_delete":false,"tags":{"Name":"ec2-sg"},"tags_all":{"Name":"ec2-sg"},"timeouts":null},"sensitive_values":{"egress":[{"cidr_blocks":[false],"ipv6_cidr_blocks":[],"prefix_list_ids":[],"security_groups":[]}],"ingress":[{"cidr_blocks":[false],"ipv6_cidr_blocks":[],"prefix_list_ids":[],"security_groups":[]},{"cidr_blocks":[false],"ipv6_cidr_blocks":[],"prefix_list_ids":[],"security_groups":[]},{"cidr_blocks":[false],"ipv6_cidr_blocks":[],"prefix_list_ids":[],"security_groups":[]}],"tags":{},"tags_all":{}},"identity_schema_version":0,"identity":{"account_id":null,"id":null,"region":null}},{"address":"aws_subnet.private[0]","mode":"managed","type":"aws_subnet","name":"private","index":0,"provider_name":"registry.terraform.io/hashicorp/aws","schema_version":1,"values":{"assign_ipv6_address_on_creation":false,"availability_zone":"us-east-1a","cidr_block":"10.0.101.0/24","customer_owned_ipv4_pool":null,"enable_dns64":false,"enable_lni_at_device_index":null,"enable_resource_name_dns_a_record_on_launch":false,"enable_resource_name_dns_aaaa_record_on_launch":false,"ipv6_cidr_block":null,"ipv6_native":false,"map_customer_owned_ip_on_launch":null,"map_public_ip_on_launch":false,"outpost_arn":null,"region":"us-east-1","tags":{"Name":"private-subnet-1"},"tags_all":{"Name":"private-subnet-1"},"timeouts":null},"sensitive_values":{"tags":{},"tags_all":{}},"identity_schema_version":0,"identity":{"account_id":null,"id":null,"region":null}},{"address":"aws_subnet.private[1]","mode":"managed","type":"aws_subnet","name":"private","index":1,"provider_name":"registry.terraform.io/hashicorp/aws","schema_version":1,"values":{"assign_ipv6_address_on_creation":false,"availability_zone":"us-east-1b","cidr_block":"10.0.102.0/24","customer_owned_ipv4_pool":null,"enable_dns64":false,"enable_lni_at_device_index":null,"enable_resource_name_dns_a_record_on_launch":false,"enable_resource_name_dns_aaaa_record_on_launch":false,"ipv6_cidr_block":null,"ipv6_native":false,"map_customer_owned_ip_on_launch":null,"map_public_ip_on_launch":false,"outpost_arn":null,"region":"us-east-1","tags":{"Name":"private-subnet-2"},"tags_all":{"Name":"private-subnet-2"},"timeouts":null},"sensitive_values":{"tags":{},"tags_all":{}},"identity_schema_version":0,"identity":{"account_id":null,"id":null,"region":null}},{"address":"aws_subnet.public[0]","mode":"managed","type":"aws_subnet","name":"public","index":0,"provider_name":"registry.terraform.io/hashicorp/aws","schema_version":1,"values":{"assign_ipv6_address_on_creation":false,"availability_zone":"us-east-1a","cidr_block":"10.0.1.0/24","customer_owned_ipv4_pool":null,"enable_dns64":false,"enable_lni_at_device_index":null,"enable_resource_name_dns_a_record_on_launch":false,"enable_resource_name_dns_aaaa_record_on_launch":false,"ipv6_cidr_block":null,"ipv6_native":false,"map_customer_owned_ip_on_launch":null,"map_public_ip_on_launch":true,"outpost_arn":null,"region":"us-east-1","tags":{"Name":"public-subnet-1"},"tags_all":{"Name":"public-subnet-1"},"timeouts":null},"sensitive_values":{"tags":{},"tags_all":{}},"identity_schema_version":0,"identity":{"account_id":null,"id":null,"region":null}},{"address":"aws_subnet.public[1]","mode":"managed","type":"aws_subnet","name":"public","index":1,"provider_name":"registry.terraform.io/hashicorp/aws","schema_version":1,"values":{"assign_ipv6_address_on_creation":false,"availability_zone":"us-east-1b","cidr_block":"10.0.2.0/24","customer_owned_ipv4_pool":null,"enable_dns64":false,"enable_lni_at_device_index":null,"enable_resource_name_dns_a_record_on_launch":false,"enable_resource_name_dns_aaaa_record_on_launch":false,"ipv6_cidr_block":null,"ipv6_native":false,"map_customer_owned_ip_on_launch":null,"map_public_ip_on_launch":true,"outpost_arn":null,"region":"us-east-1","tags":{"Name":"public-subnet-2"},"tags_all":{"Name":"public-subnet-2"},"timeouts":null},"sensitive_values":{"tags":{},"tags_all":{}},"identity_schema_version":0,"identity":{"account_id":null,"id":null,"region":null}},{"address":"aws_vpc.main","mode":"managed","type":"aws_vpc","name":"main","provider_name":"registry.terraform.io/hashicorp/aws","schema_version":1,"values":{"assign_generated_ipv6_cidr_block":null,"cidr_block":"10.0.0.0/16","enable_dns_hostnames":true,"enable_dns_support":true,"instance_tenancy":"default","ipv4_ipam_pool_id":null,"ipv4_netmask_length":null,"ipv6_ipam_pool_id":null,"ipv6_netmask_length":null,"region":"us-east-1","tags":{"Name":"main-vpc"},"tags_all":{"Name":"main-vpc"}},"sensitive_values":{"tags":{},"tags_all":{}},"identity_schema_version":0,"identity":{"account_id":null,"id":null,"region":null}},{"address":"random_id.suffix","mode":"managed","type":"random_id","name":"suffix","provider_name":"registry.terraform.io/hashicorp/random","schema_version":0,"values":{"byte_length":4,"keepers":null,"prefix":null},"sensitive_values":{}}]}},"resource_changes":[{"address":"aws_dynamodb_table.main","mode":"managed","type":"aws_dynamodb_table","name":"main","provider_name":"registry.terraform.io/hashicorp/aws","change":{"actions":["create"],"before":null,"after":{"attribute":[{"name":"id","type":"S"}],"billing_mode":"PAY_PER_REQUEST","deletion_protection_enabled":null,"hash_key":"id","import_table":[],"local_secondary_index":[],"name":"app-table","on_demand_throughput":[],"range_key":null,"region":"us-east-1","replica":[],"restore_date_time":null,"restore_source_name":null,"restore_source_table_arn":null,"restore_to_latest_time":null,"stream_enabled":null,"table_class":null,"tags":{"Name":"app-table"},"tags_all":{"Name":"app-table"},"timeouts":null},"after_unknown":{"arn":true,"attribute":[{}],"global_secondary_index":true,"global_table_witness":true,"id":true,"import_table":[],"local_secondary_index":[],"on_demand_throughput":[],"point_in_time_recovery":true,"read_capacity":true,"replica":[],"server_side_encryption":true,"stream_arn":true,"stream_label":true,"stream_view_type":true,"tags":{},"tags_all":{},"ttl":true,"warm_throughput":true,"write_capacity":true},"before_sensitive":false,"after_sensitive":{"attribute":[{}],"global_secondary_index":[],"global_table_witness":[],"import_table":[],"local_secondary_index":[],"on_demand_throughput":[],"point_in_time_recovery":[],"replica":[],"server_side_encryption":[],"tags":{},"tags_all":{},"ttl":[],"warm_throughput":[]}}},{"address":"aws_dynamodb_table.tf_lock","mode":"managed","type":"aws_dynamodb_table","name":"tf_lock","provider_name":"registry.terraform.io/hashicorp/aws","change":{"actions":["create"],"before":null,"after":{"attribute":[{"name":"LockID","type":"S"}],"billing_mode":"PAY_PER_REQUEST","deletion_protection_enabled":null,"hash_key":"LockID","import_table":[],"local_secondary_index":[],"name":"app-table-tf-lock","on_demand_throughput":[],"range_key":null,"region":"us-east-1","replica":[],"restore_date_time":null,"restore_source_name":null,"restore_source_table_arn":null,"restore_to_latest_time":null,"stream_enabled":null,"table_class":null,"tags":{"Name":"tf-lock-table"},"tags_all":{"Name":"tf-lock-table"},"timeouts":null},"after_unknown":{"arn":true,"attribute":[{}],"global_secondary_index":true,"global_table_witness":true,"id":true,"import_table":[],"local_secondary_index":[],"on_demand_throughput":[],"point_in_time_recovery":true,"read_capacity":true,"replica":[],"server_side_encryption":true,"stream_arn":true,"stream_label":true,"stream_view_type":true,"tags":{},"tags_all":{},"ttl":true,"warm_throughput":true,"write_capacity":true},"before_sensitive":false,"after_sensitive":{"attribute":[{}],"global_secondary_index":[],"global_table_witness":[],"import_table":[],"local_secondary_index":[],"on_demand_throughput":[],"point_in_time_recovery":[],"replica":[],"server_side_encryption":[],"tags":{},"tags_all":{},"ttl":[],"warm_throughput":[]}}},{"address":"aws_eip.nat[0]","mode":"managed","type":"aws_eip","name":"nat","index":0,"provider_name":"registry.terraform.io/hashicorp/aws","change":{"actions":["create"],"before":null,"after":{"address":null,"associate_with_private_ip":null,"customer_owned_ipv4_pool":null,"region":"us-east-1","tags":null,"timeouts":null},"after_unknown":{"allocation_id":true,"arn":true,"association_id":true,"carrier_ip":true,"customer_owned_ip":true,"domain":true,"id":true,"instance":true,"ipam_pool_id":true,"network_border_group":true,"network_interface":true,"private_dns":true,"private_ip":true,"ptr_record":true,"public_dns":true,"public_ip":true,"public_ipv4_pool":true,"tags_all":true},"before_sensitive":false,"after_sensitive":{"tags_all":{}}}},{"address":"aws_iam_instance_profile.ec2_profile","mode":"managed","type":"aws_iam_instance_profile","name":"ec2_profile","provider_name":"registry.terraform.io/hashicorp/aws","change":{"actions":["create"],"before":null,"after":{"name":"ec2-profile","path":"/","role":"ec2-role","tags":null},"after_unknown":{"arn":true,"create_date":true,"id":true,"name_prefix":true,"tags_all":true,"unique_id":true},"before_sensitive":false,"after_sensitive":{"tags_all":{}}}},{"address":"aws_iam_role.ec2","mode":"managed","type":"aws_iam_role","name":"ec2","provider_name":"registry.terraform.io/hashicorp/aws","change":{"actions":["create"],"before":null,"after":{"assume_role_policy":"{\"Statement\":[{\"Action\":\"sts:AssumeRole\",\"Effect\":\"Allow\",\"Principal\":{\"Service\":\"ec2.amazonaws.com\"}}],\"Version\":\"2012-10-17\"}","description":null,"force_detach_policies":false,"max_session_duration":3600,"name":"ec2-role","path":"/","permissions_boundary":null,"tags":null},"after_unknown":{"arn":true,"create_date":true,"id":true,"inline_policy":true,"managed_policy_arns":true,"name_prefix":true,"tags_all":true,"unique_id":true},"before_sensitive":false,"after_sensitive":{"inline_policy":[],"managed_policy_arns":[],"tags_all":{}},"after_identity":{"account_id":null,"name":null}}},{"address":"aws_iam_role_policy_attachment.ec2_attach","mode":"managed","type":"aws_iam_role_policy_attachment","name":"ec2_attach","provider_name":"registry.terraform.io/hashicorp/aws","change":{"actions":["create"],"before":null,"after":{"policy_arn":"arn:aws:iam::aws:policy/AmazonDynamoDBFullAccess","role":"ec2-role"},"after_unknown":{"id":true},"before_sensitive":false,"after_sensitive":{},"after_identity":{"account_id":null,"policy_arn":null,"role":null}}},{"address":"aws_instance.bastion","mode":"managed","type":"aws_instance","name":"bastion","provider_name":"registry.terraform.io/hashicorp/aws","change":{"actions":["create"],"before":null,"after":{"ami":"ami-04681a1dbd79675a5","associate_public_ip_address":true,"credit_specification":[],"force_destroy":false,"get_password_data":false,"hibernation":null,"iam_instance_profile":"ec2-profile","instance_type":"t3.micro","launch_template":[],"region":"us-east-1","source_dest_check":true,"tags":{"Name":"bastion-host"},"tags_all":{"Name":"bastion-host"},"timeouts":null,"user_data":null,"user_data_replace_on_change":false,"volume_tags":null},"after_unknown":{"arn":true,"availability_zone":true,"capacity_reservation_specification":true,"cpu_options":true,"credit_specification":[],"disable_api_stop":true,"disable_api_termination":true,"ebs_block_device":true,"ebs_optimized":true,"enable_primary_ipv6":true,"enclave_options":true,"ephemeral_block_device":true,"host_id":true,"host_resource_group_arn":true,"id":true,"instance_initiated_shutdown_behavior":true,"instance_lifecycle":true,"instance_market_options":true,"instance_state":true,"ipv6_address_count":true,"ipv6_addresses":true,"key_name":true,"launch_template":[],"maintenance_options":true,"metadata_options":true,"monitoring":true,"network_interface":true,"outpost_arn":true,"password_data":true,"placement_group":true,"placement_group_id":true,"placement_partition_number":true,"primary_network_interface":true,"primary_network_interface_id":true,"private_dns":true,"private_dns_name_options":true,"private_ip":true,"public_dns":true,"public_ip":true,"root_block_device":true,"secondary_private_ips":true,"security_groups":true,"spot_instance_request_id":true,"subnet_id":true,"tags":{},"tags_all":{},"tenancy":true,"user_data_base64":true,"vpc_security_group_ids":true},"before_sensitive":false,"after_sensitive":{"capacity_reservation_specification":[],"cpu_options":[],"credit_specification":[],"ebs_block_device":[],"enclave_options":[],"ephemeral_block_device":[],"instance_market_options":[],"ipv6_addresses":[],"launch_template":[],"maintenance_options":[],"metadata_options":[],"network_interface":[],"primary_network_interface":[],"private_dns_name_options":[],"root_block_device":[],"secondary_private_ips":[],"security_groups":[],"tags":{},"tags_all":{},"vpc_security_group_ids":[]},"after_identity":{"account_id":null,"id":null,"region":null}}},{"address":"aws_internet_gateway.main","mode":"managed","type":"aws_internet_gateway","name":"main","provider_name":"registry.terraform.io/hashicorp/aws","change":{"actions":["create"],"before":null,"after":{"region":"us-east-1","tags":{"Name":"main-igw"},"tags_all":{"Name":"main-igw"},"timeouts":null},"after_unknown":{"arn":true,"id":true,"owner_id":true,"tags":{},"tags_all":{},"vpc_id":true},"before_sensitive":false,"after_sensitive":{"tags":{},"tags_all":{}}}},{"address":"aws_nat_gateway.main","mode":"managed","type":"aws_nat_gateway","name":"main","provider_name":"registry.terraform.io/hashicorp/aws","change":{"actions":["create"],"before":null,"after":{"availability_zone_address":[],"connectivity_type":"public","region":"us-east-1","tags":{"Name":"main-nat-gw"},"tags_all":{"Name":"main-nat-gw"},"timeouts":null},"after_unknown":{"allocation_id":true,"association_id":true,"auto_provision_zones":true,"auto_scaling_ips":true,"availability_mode":true,"availability_zone_address":[],"id":true,"network_interface_id":true,"private_ip":true,"public_ip":true,"regional_nat_gateway_address":true,"regional_nat_gateway_auto_mode":true,"route_table_id":true,"secondary_allocation_ids":true,"secondary_private_ip_address_count":true,"secondary_private_ip_addresses":true,"subnet_id":true,"tags":{},"tags_all":{},"vpc_id":true},"before_sensitive":false,"after_sensitive":{"availability_zone_address":[],"regional_nat_gateway_address":[],"secondary_allocation_ids":[],"secondary_private_ip_addresses":[],"tags":{},"tags_all":{}}}},{"address":"aws_route.private_nat_gateway","mode":"managed","type":"aws_route","name":"private_nat_gateway","provider_name":"registry.terraform.io/hashicorp/aws","change":{"actions":["create"],"before":null,"after":{"carrier_gateway_id":null,"core_network_arn":null,"destination_cidr_block":"0.0.0.0/0","destination_ipv6_cidr_block":null,"destination_prefix_list_id":null,"egress_only_gateway_id":null,"gateway_id":null,"local_gateway_id":null,"region":"us-east-1","timeouts":null,"transit_gateway_id":null,"vpc_endpoint_id":null,"vpc_peering_connection_id":null},"after_unknown":{"id":true,"instance_id":true,"instance_owner_id":true,"nat_gateway_id":true,"network_interface_id":true,"origin":true,"route_table_id":true,"state":true},"before_sensitive":false,"after_sensitive":{},"after_identity":{"account_id":null,"destination_cidr_block":null,"destination_ipv6_cidr_block":null,"destination_prefix_list_id":null,"region":null,"route_table_id":null}}},{"address":"aws_route.public_internet_access","mode":"managed","type":"aws_route","name":"public_internet_access","provider_name":"registry.terraform.io/hashicorp/aws","change":{"actions":["create"],"before":null,"after":{"carrier_gateway_id":null,"core_network_arn":null,"destination_cidr_block":"0.0.0.0/0","destination_ipv6_cidr_block":null,"destination_prefix_list_id":null,"egress_only_gateway_id":null,"local_gateway_id":null,"nat_gateway_id":null,"region":"us-east-1","timeouts":null,"transit_gateway_id":null,"vpc_endpoint_id":null,"vpc_peering_connection_id":null},"after_unknown":{"gateway_id":true,"id":true,"instance_id":true,"instance_owner_id":true,"network_interface_id":true,"origin":true,"route_table_id":true,"state":true},"before_sensitive":false,"after_sensitive":{},"after_identity":{"account_id":null,"destination_cidr_block":null,"destination_ipv6_cidr_block":null,"destination_prefix_list_id":null,"region":null,"route_table_id":null}}},{"address":"aws_route_table.private","mode":"managed","type":"aws_route_table","name":"private","provider_name":"registry.terraform.io/hashicorp/aws","change":{"actions":["create"],"before":null,"after":{"region":"us-east-1","tags":{"Name":"private-rt"},"tags_all":{"Name":"private-rt"},"timeouts":null},"after_unknown":{"arn":true,"id":true,"owner_id":true,"propagating_vgws":true,"route":true,"tags":{},"tags_all":{},"vpc_id":true},"before_sensitive":false,"after_sensitive":{"propagating_vgws":[],"route":[],"tags":{},"tags_all":{}},"after_identity":{"account_id":null,"id":null,"region":null}}},{"address":"aws_route_table.public","mode":"managed","type":"aws_route_table","name":"public","provider_name":"registry.terraform.io/hashicorp/aws","change":{"actions":["create"],"before":null,"after":{"region":"us-east-1","tags":{"Name":"public-rt"},"tags_all":{"Name":"public-rt"},"timeouts":null},"after_unknown":{"arn":true,"id":true,"owner_id":true,"propagating_vgws":true,"route":true,"tags":{},"tags_all":{},"vpc_id":true},"before_sensitive":false,"after_sensitive":{"propagating_vgws":[],"route":[],"tags":{},"tags_all":{}},"after_identity":{"account_id":null,"id":null,"region":null}}},{"address":"aws_route_table_association.private[0]","mode":"managed","type":"aws_route_table_association","name":"private","index":0,"provider_name":"registry.terraform.io/hashicorp/aws","change":{"actions":["create"],"before":null,"after":{"gateway_id":null,"region":"us-east-1","timeouts":null},"after_unknown":{"id":true,"route_table_id":true,"subnet_id":true},"before_sensitive":false,"after_sensitive":{}}},{"address":"aws_route_table_association.private[1]","mode":"managed","type":"aws_route_table_association","name":"private","index":1,"provider_name":"registry.terraform.io/hashicorp/aws","change":{"actions":["create"],"before":null,"after":{"gateway_id":null,"region":"us-east-1","timeouts":null},"after_unknown":{"id":true,"route_table_id":true,"subnet_id":true},"before_sensitive":false,"after_sensitive":{}}},{"address":"aws_route_table_association.public[0]","mode":"managed","type":"aws_route_table_association","name":"public","index":0,"provider_name":"registry.terraform.io/hashicorp/aws","change":{"actions":["create"],"before":null,"after":{"gateway_id":null,"region":"us-east-1","timeouts":null},"after_unknown":{"id":true,"route_table_id":true,"subnet_id":true},"before_sensitive":false,"after_sensitive":{}}},{"address":"aws_route_table_association.public[1]","mode":"managed","type":"aws_route_table_association","name":"public","index":1,"provider_name":"registry.terraform.io/hashicorp/aws","change":{"actions":["create"],"before":null,"after":{"gateway_id":null,"region":"us-east-1","timeouts":null},"after_unknown":{"id":true,"route_table_id":true,"subnet_id":true},"before_sensitive":false,"after_sensitive":{}}},{"address":"aws_s3_bucket.tf_state","mode":"managed","type":"aws_s3_bucket","name":"tf_state","provider_name":"registry.terraform.io/hashicorp/aws","change":{"actions":["create"],"before":null,"after":{"force_destroy":true,"region":"us-east-1","tags":{"Name":"tf-state-bucket"},"tags_all":{"Name":"tf-state-bucket"},"timeouts":null,"versioning":[{"enabled":true,"mfa_delete":false}]},"after_unknown":{"acceleration_status":true,"acl":true,"arn":true,"bucket":true,"bucket_domain_name":true,"bucket_prefix":true,"bucket_region":true,"bucket_regional_domain_name":true,"cors_rule":true,"grant":true,"hosted_zone_id":true,"id":true,"lifecycle_rule":true,"logging":true,"object_lock_configuration":true,"object_lock_enabled":true,"policy":true,"replication_configuration":true,"request_payer":true,"server_side_encryption_configuration":true,"tags":{},"tags_all":{},"versioning":[{}],"website":true,"website_domain":true,"website_endpoint":true},"before_sensitive":false,"after_sensitive":{"cors_rule":[],"grant":[],"lifecycle_rule":[],"logging":[],"object_lock_configuration":[],"replication_configuration":[],"server_side_encryption_configuration":[],"tags":{},"tags_all":{},"versioning":[{}],"website":[]},"after_identity":{"account_id":null,"bucket":null,"region":null}}},{"address":"aws_security_group.ec2","mode":"managed","type":"aws_security_group","name":"ec2","provider_name":"registry.terraform.io/hashicorp/aws","change":{"actions":["create"],"before":null,"after":{"description":"Allow SSH, HTTP, and HTTPS access","egress":[{"cidr_blocks":["0.0.0.0/0"],"description":"","from_port":0,"ipv6_cidr_blocks":[],"prefix_list_ids":[],"protocol":"-1","security_groups":[],"self":false,"to_port":0}],"ingress":[{"cidr_blocks":["0.0.0.0/0"],"description":"HTTP","from_port":80,"ipv6_cidr_blocks":[],"prefix_list_ids":[],"protocol":"tcp","security_groups":[],"self":false,"to_port":80},{"cidr_blocks":["0.0.0.0/0"],"description":"HTTPS","from_port":443,"ipv6_cidr_blocks":[],"prefix_list_ids":[],"protocol":"tcp","security_groups":[],"self":false,"to_port":443},{"cidr_blocks":["0.0.0.0/0"],"description":"SSH","from_port":22,"ipv6_cidr_blocks":[],"prefix_list_ids":[],"protocol":"tcp","security_groups":[],"self":false,"to_port":22}],"name":"ec2-sg","region":"us-east-1","revoke_rules_on_delete":false,"tags":{"Name":"ec2-sg"},"tags_all":{"Name":"ec2-sg"},"timeouts":null},"after_unknown":{"arn":true,"egress":[{"cidr_blocks":[false],"ipv6_cidr_blocks":[],"prefix_list_ids":[],"security_groups":[]}],"id":true,"ingress":[{"cidr_blocks":[false],"ipv6_cidr_blocks":[],"prefix_list_ids":[],"security_groups":[]},{"cidr_blocks":[false],"ipv6_cidr_blocks":[],"prefix_list_ids":[],"security_groups":[]},{"cidr_blocks":[false],"ipv6_cidr_blocks":[],"prefix_list_ids":[],"security_groups":[]}],"name_prefix":true,"owner_id":true,"tags":{},"tags_all":{},"vpc_id":true},"before_sensitive":false,"after_sensitive":{"egress":[{"cidr_blocks":[false],"ipv6_cidr_blocks":[],"prefix_list_ids":[],"security_groups":[]}],"ingress":[{"cidr_blocks":[false],"ipv6_cidr_blocks":[],"prefix_list_ids":[],"security_groups":[]},{"cidr_blocks":[false],"ipv6_cidr_blocks":[],"prefix_list_ids":[],"security_groups":[]},{"cidr_blocks":[false],"ipv6_cidr_blocks":[],"prefix_list_ids":[],"security_groups":[]}],"tags":{},"tags_all":{}},"after_identity":{"account_id":null,"id":null,"region":null}}},{"address":"aws_subnet.private[0]","mode":"managed","type":"aws_subnet","name":"private","index":0,"provider_name":"registry.terraform.io/hashicorp/aws","change":{"actions":["create"],"before":null,"after":{"assign_ipv6_address_on_creation":false,"availability_zone":"us-east-1a","cidr_block":"10.0.101.0/24","customer_owned_ipv4_pool":null,"enable_dns64":false,"enable_lni_at_device_index":null,"enable_resource_name_dns_a_record_on_launch":false,"enable_resource_name_dns_aaaa_record_on_launch":false,"ipv6_cidr_block":null,"ipv6_native":false,"map_customer_owned_ip_on_launch":null,"map_public_ip_on_launch":false,"outpost_arn":null,"region":"us-east-1","tags":{"Name":"private-subnet-1"},"tags_all":{"Name":"private-subnet-1"},"timeouts":null},"after_unknown":{"arn":true,"availability_zone_id":true,"id":true,"ipv6_cidr_block_association_id":true,"owner_id":true,"private_dns_hostname_type_on_launch":true,"tags":{},"tags_all":{},"vpc_id":true},"before_sensitive":false,"after_sensitive":{"tags":{},"tags_all":{}},"after_identity":{"account_id":null,"id":null,"region":null}}},{"address":"aws_subnet.private[1]","mode":"managed","type":"aws_subnet","name":"private","index":1,"provider_name":"registry.terraform.io/hashicorp/aws","change":{"actions":["create"],"before":null,"after":{"assign_ipv6_address_on_creation":false,"availability_zone":"us-east-1b","cidr_block":"10.0.102.0/24","customer_owned_ipv4_pool":null,"enable_dns64":false,"enable_lni_at_device_index":null,"enable_resource_name_dns_a_record_on_launch":false,"enable_resource_name_dns_aaaa_record_on_launch":false,"ipv6_cidr_block":null,"ipv6_native":false,"map_customer_owned_ip_on_launch":null,"map_public_ip_on_launch":false,"outpost_arn":null,"region":"us-east-1","tags":{"Name":"private-subnet-2"},"tags_all":{"Name":"private-subnet-2"},"timeouts":null},"after_unknown":{"arn":true,"availability_zone_id":true,"id":true,"ipv6_cidr_block_association_id":true,"owner_id":true,"private_dns_hostname_type_on_launch":true,"tags":{},"tags_all":{},"vpc_id":true},"before_sensitive":false,"after_sensitive":{"tags":{},"tags_all":{}},"after_identity":{"account_id":null,"id":null,"region":null}}},{"address":"aws_subnet.public[0]","mode":"managed","type":"aws_subnet","name":"public","index":0,"provider_name":"registry.terraform.io/hashicorp/aws","change":{"actions":["create"],"before":null,"after":{"assign_ipv6_address_on_creation":false,"availability_zone":"us-east-1a","cidr_block":"10.0.1.0/24","customer_owned_ipv4_pool":null,"enable_dns64":false,"enable_lni_at_device_index":null,"enable_resource_name_dns_a_record_on_launch":false,"enable_resource_name_dns_aaaa_record_on_launch":false,"ipv6_cidr_block":null,"ipv6_native":false,"map_customer_owned_ip_on_launch":null,"map_public_ip_on_launch":true,"outpost_arn":null,"region":"us-east-1","tags":{"Name":"public-subnet-1"},"tags_all":{"Name":"public-subnet-1"},"timeouts":null},"after_unknown":{"arn":true,"availability_zone_id":true,"id":true,"ipv6_cidr_block_association_id":true,"owner_id":true,"private_dns_hostname_type_on_launch":true,"tags":{},"tags_all":{},"vpc_id":true},"before_sensitive":false,"after_sensitive":{"tags":{},"tags_all":{}},"after_identity":{"account_id":null,"id":null,"region":null}}},{"address":"aws_subnet.public[1]","mode":"managed","type":"aws_subnet","name":"public","index":1,"provider_name":"registry.terraform.io/hashicorp/aws","change":{"actions":["create"],"before":null,"after":{"assign_ipv6_address_on_creation":false,"availability_zone":"us-east-1b","cidr_block":"10.0.2.0/24","customer_owned_ipv4_pool":null,"enable_dns64":false,"enable_lni_at_device_index":null,"enable_resource_name_dns_a_record_on_launch":false,"enable_resource_name_dns_aaaa_record_on_launch":false,"ipv6_cidr_block":null,"ipv6_native":false,"map_customer_owned_ip_on_launch":null,"map_public_ip_on_launch":true,"outpost_arn":null,"region":"us-east-1","tags":{"Name":"public-subnet-2"},"tags_all":{"Name":"public-subnet-2"},"timeouts":null},"after_unknown":{"arn":true,"availability_zone_id":true,"id":true,"ipv6_cidr_block_association_id":true,"owner_id":true,"private_dns_hostname_type_on_launch":true,"tags":{},"tags_all":{},"vpc_id":true},"before_sensitive":false,"after_sensitive":{"tags":{},"tags_all":{}},"after_identity":{"account_id":null,"id":null,"region":null}}},{"address":"aws_vpc.main","mode":"managed","type":"aws_vpc","name":"main","provider_name":"registry.terraform.io/hashicorp/aws","change":{"actions":["create"],"before":null,"after":{"assign_generated_ipv6_cidr_block":null,"cidr_block":"10.0.0.0/16","enable_dns_hostnames":true,"enable_dns_support":true,"instance_tenancy":"default","ipv4_ipam_pool_id":null,"ipv4_netmask_length":null,"ipv6_ipam_pool_id":null,"ipv6_netmask_length":null,"region":"us-east-1","tags":{"Name":"main-vpc"},"tags_all":{"Name":"main-vpc"}},"after_unknown":{"arn":true,"default_network_acl_id":true,"default_route_table_id":true,"default_security_group_id":true,"dhcp_options_id":true,"enable_network_address_usage_metrics":true,"id":true,"ipv6_association_id":true,"ipv6_cidr_block":true,"ipv6_cidr_block_network_border_group":true,"main_route_table_id":true,"owner_id":true,"tags":{},"tags_all":{}},"before_sensitive":false,"after_sensitive":{"tags":{},"tags_all":{}},"after_identity":{"account_id":null,"id":null,"region":null}}},{"address":"random_id.suffix","mode":"managed","type":"random_id","name":"suffix","provider_name":"registry.terraform.io/hashicorp/random","change":{"actions":["create"],"before":null,"after":{"byte_length":4,"keepers":null,"prefix":null},"after_unknown":{"b64_std":true,"b64_url":true,"dec":true,"hex":true,"id":true},"before_sensitive":false,"after_sensitive":{}}}],"output_changes":{"bastion_public_ip":{"actions":["create"],"before":null,"after_unknown":true,"before_sensitive":false,"after_sensitive":false},"dynamodb_table_name":{"actions":["create"],"before":null,"after":"app-table","after_unknown":false,"before_sensitive":false,"after_sensitive":false},"private_subnet_ids":{"actions":["create"],"before":null,"after":[null,null],"after_unknown":[true,true],"before_sensitive":false,"after_sensitive":false},"public_subnet_ids":{"actions":["create"],"before":null,"after":[null,null],"after_unknown":[true,true],"before_sensitive":false,"after_sensitive":false},"tf_lock_table":{"actions":["create"],"before":null,"after":"app-table-tf-lock","after_unknown":false,"before_sensitive":false,"after_sensitive":false},"tf_state_bucket":{"actions":["create"],"before":null,"after_unknown":true,"before_sensitive":false,"after_sensitive":false},"vpc_id":{"actions":["create"],"before":null,"after_unknown":true,"before_sensitive":false,"after_sensitive":false}},"prior_state":{"format_version":"1.0","terraform_version":"1.13.5","values":{"outputs":{"dynamodb_table_name":{"sensitive":false,"value":"app-table","type":"string"},"tf_lock_table":{"sensitive":false,"value":"app-table-tf-lock","type":"string"}},"root_module":{"resources":[{"address":"data.aws_ami.amazon_linux","mode":"data","type":"aws_ami","name":"amazon_linux","provider_name":"registry.terraform.io/hashicorp/aws","schema_version":0,"values":{"allow_unsafe_filter":null,"architecture":"x86_64","arn":"arn:aws:ec2:us-east-1::image/ami-04681a1dbd79675a5","block_device_mappings":[{"device_name":"/dev/xvda","ebs":{"delete_on_termination":"false","encrypted":"false","iops":"0","snapshot_id":"snap-8cb4f6113e25328bf","throughput":"0","volume_initialization_rate":"0","volume_size":"15","volume_type":"standard"},"no_device":"","virtual_name":""}],"boot_mode":"uefi","creation_date":"2026-01-18T14:54:43.000Z","deprecation_time":"","description":"Amazon Linux 2 AMI 2.0.20180810 x86_64 HVM gp2","ena_support":false,"executable_users":null,"filter":[{"name":"name","values":["amzn2-ami-hvm-*-x86_64-gp2"]}],"hypervisor":"xen","id":"ami-04681a1dbd79675a5","image_id":"ami-04681a1dbd79675a5","image_location":"amazon/amzn2-ami-hvm-2.0.20180810-x86_64-gp2","image_owner_alias":"amazon","image_type":"machine","imds_support":"","include_deprecated":false,"kernel_id":"","last_launched_time":"","most_recent":true,"name":"amzn2-ami-hvm-2.0.20180810-x86_64-gp2","name_regex":null,"owner_id":"137112412989","owners":["amazon"],"platform":"Linux/UNIX","platform_details":"","product_codes":[],"public":true,"ramdisk_id":"","region":"us-east-1","root_device_name":"/dev/xvda","root_device_type":"ebs","root_snapshot_id":"snap-8cb4f6113e25328bf","sriov_net_support":"","state":"available","state_reason":{"code":"UNSET","message":"UNSET"},"tags":{},"timeouts":null,"tpm_support":"","uefi_data":null,"usage_operation":"","virtualization_type":"hvm"},"sensitive_values":{"block_device_mappings":[{"ebs":{}}],"filter":[{"values":[false]}],"owners":[false],"product_codes":[],"state_reason":{},"tags":{}}},{"address":"data.aws_availability_zones.available","mode":"data","type":"aws_availability_zones","name":"available","provider_name":"registry.terraform.io/hashicorp/aws","schema_version":0,"values":{"all_availability_zones":null,"exclude_names":null,"exclude_zone_ids":null,"filter":null,"group_names":[""],"id":"us-east-1","names":["us-east-1a","us-east-1b","us-east-1c","us-east-1d","us-east-1e","us-east-1f"],"region":"us-east-1","state":null,"timeouts":null,"zone_ids":["use1-az6","use1-az1","use1-az2","use1-az4","use1-az3","use1-az5"]},"sensitive_values":{"group_names":[false],"names":[false,false,false,false,false,false],"zone_ids":[false,false,false,false,false,false]}},{"address":"data.aws_iam_policy_document.ec2_assume_role_policy","mode":"data","type":"aws_iam_policy_document","name":"ec2_assume_role_policy","provider_name":"registry.terraform.io/hashicorp/aws","schema_version":0,"values":{"id":"2851119427","json":"{\n  \"Version\": \"2012-10-17\",\n  \"Statement\": [\n    {\n      \"Effect\": \"Allow\",\n      \"Action\": \"sts:AssumeRole\",\n      \"Principal\": {\n        \"Service\": \"ec2.amazonaws.com\"\n      }\n    }\n  ]\n}","minified_json":"{\"Version\":\"2012-10-17\",\"Statement\":[{\"Effect\":\"Allow\",\"Action\":\"sts:AssumeRole\",\"Principal\":{\"Service\":\"ec2.amazonaws.com\"}}]}","override_json":null,"override_policy_documents":null,"policy_id":null,"source_json":null,"source_policy_documents":null,"statement":[{"actions":["sts:AssumeRole"],"condition":[],"effect":"Allow","not_actions":[],"not_principals":[],"not_resources":[],"principals":[{"identifiers":["ec2.amazonaws.com"],"type":"Service"}],"resources":[],"sid":""}],"version":"2012-10-17"},"sensitive_values":{"statement":[{"actions":[false],"condition":[],"not_actions":[],"not_principals":[],"not_resources":[],"principals":[{"identifiers":[false]}],"resources":[]}]}}]}}},"configuration":{"provider_config":{"aws":{"name":"aws","full_name":"registry.terraform.io/hashicorp/aws","version_constraint":"\u003e= 4.0.0","expressions":{"region":{"references":["var.aws_region"]}}},"random":{"name":"random","full_name":"registry.terraform.io/hashicorp/random","version_constraint":"\u003e= 3.0.0"}},"root_module":{"outputs":{"bastion_public_ip":{"expression":{"references":["aws_instance.bastion.public_ip","aws_instance.bastion"]}},"dynamodb_table_name":{"expression":{"references":["aws_dynamodb_table.main.name","aws_dynamodb_table.main"]}},"private_subnet_ids":{"expression":{"references":["aws_subnet.private"]}},"public_subnet_ids":{"expression":{"references":["aws_subnet.public"]}},"tf_lock_table":{"expression":{"references":["aws_dynamodb_table.tf_lock.name","aws_dynamodb_table.tf_lock"]}},"tf_state_bucket":{"expression":{"references":["aws_s3_bucket.tf_state.bucket","aws_s3_bucket.tf_state"]}},"vpc_id":{"expression":{"references":["aws_vpc.main.id","aws_vpc.main"]}}},"resources":[{"address":"aws_dynamodb_table.main","mode":"managed","type":"aws_dynamodb_table","name":"main","provider_config_key":"aws","expressions":{"attribute":[{"name":{"constant_value":"id"},"type":{"constant_value":"S"}}],"billing_mode":{"constant_value":"PAY_PER_REQUEST"},"hash_key":{"constant_value":"id"},"name":{"references":["var.dynamodb_table_name"]},"tags":{"references":["var.dynamodb_table_name"]}},"schema_version":1},{"address":"aws_dynamodb_table.tf_lock","mode":"managed","type":"aws_dynamodb_table","name":"tf_lock","provider_config_key":"aws","expressions":{"attribute":[{"name":{"constant_value":"LockID"},"type":{"constant_value":"S"}}],"billing_mode":{"constant_value":"PAY_PER_REQUEST"},"hash_key":{"constant_value":"LockID"},"name":{"references":["var.dynamodb_table_name"]},"tags":{"constant_value":{"Name":"tf-lock-table"}}},"schema_version":1},{"address":"aws_eip.nat","mode":"managed","type":"aws_eip","name":"nat","provider_config_key":"aws","schema_version":0,"count_expression":{"constant_value":1}},{"address":"aws_iam_instance_profile.ec2_profile","mode":"managed","type":"aws_iam_instance_profile","name":"ec2_profile","provider_config_key":"aws","expressions":{"name":{"constant_value":"ec2-profile"},"role":{"references":["aws_iam_role.ec2.name","aws_iam_role.ec2"]}},"schema_version":0},{"address":"aws_iam_role.ec2","mode":"managed","type":"aws_iam_role","name":"ec2","provider_config_key":"aws","expressions":{"assume_role_policy":{"references":["data.aws_iam_policy_document.ec2_assume_role_policy.json","data.aws_iam_policy_document.ec2_assume_role_policy"]},"name":{"constant_value":"ec2-role"}},"schema_version":0},{"address":"aws_iam_role_policy_attachment.ec2_attach","mode":"managed","type":"aws_iam_role_policy_attachment","name":"ec2_attach","provider_config_key":"aws","expressions":{"policy_arn":{"constant_value":"arn:aws:iam::aws:policy/AmazonDynamoDBFullAccess"},"role":{"references":["aws_iam_role.ec2.name","aws_iam_role.ec2"]}},"schema_version":0},{"address":"aws_instance.bastion","mode":"managed","type":"aws_instance","name":"bastion","provider_config_key":"aws","expressions":{"ami":{"references":["data.aws_ami.amazon_linux.id","data.aws_ami.amazon_linux"]},"associate_public_ip_address":{"constant_value":true},"iam_instance_profile":{"references":["aws_iam_instance_profile.ec2_profile.name","aws_iam_instance_profile.ec2_profile"]},"instance_type":{"references":["var.ec2_instance_type"]},"subnet_id":{"references":["aws_subnet.public[0].id","aws_subnet.public[0]","aws_subnet.public"]},"tags":{"constant_value":{"Name":"bastion-host"}},"vpc_security_group_ids":{"references":["aws_security_group.ec2.id","aws_security_group.ec2"]}},"schema_version":2},{"address":"aws_internet_gateway.main","mode":"managed","type":"aws_internet_gateway","name":"main","provider_config_key":"aws","expressions":{"tags":{"constant_value":{"Name":"main-igw"}},"vpc_id":{"references":["aws_vpc.main.id","aws_vpc.main"]}},"schema_version":0},{"address":"aws_nat_gateway.main","mode":"managed","type":"aws_nat_gateway","name":"main","provider_config_key":"aws","expressions":{"allocation_id":{"references":["aws_eip.nat[0].id","aws_eip.nat[0]","aws_eip.nat"]},"subnet_id":{"references":["aws_subnet.public[0].id","aws_subnet.public[0]","aws_subnet.public"]},"tags":{"constant_value":{"Name":"main-nat-gw"}}},"schema_version":0,"depends_on":["aws_internet_gateway.main"]},{"address":"aws_route.private_nat_gateway","mode":"managed","type":"aws_route","name":"private_nat_gateway","provider_config_key":"aws","expressions":{"destination_cidr_block":{"constant_value":"0.0.0.0/0"},"nat_gateway_id":{"references":["aws_nat_gateway.main.id","aws_nat_gateway.main"]},"route_table_id":{"references":["aws_route_table.private.id","aws_route_table.private"]}},"schema_version":0},{"address":"aws_route.public_internet_access","mode":"managed","type":"aws_route","name":"public_internet_access","provider_config_key":"aws","expressions":{"destination_cidr_block":{"constant_value":"0.0.0.0/0"},"gateway_id":{"references":["aws_internet_gateway.main.id","aws_internet_gateway.main"]},"route_table_id":{"references":["aws_route_table.public.id","aws_route_table.public"]}},"schema_version":0},{"address":"aws_route_table.private","mode":"managed","type":"aws_route_table","name":"private","provider_config_key":"aws","expressions":{"tags":{"constant_value":{"Name":"private-rt"}},"vpc_id":{"references":["aws_vpc.main.id","aws_vpc.main"]}},"schema_version":0},{"address":"aws_route_table.public","mode":"managed","type":"aws_route_table","name":"public","provider_config_key":"aws","expressions":{"tags":{"constant_value":{"Name":"public-rt"}},"vpc_id":{"references":["aws_vpc.main.id","aws_vpc.main"]}},"schema_version":0},{"address":"aws_route_table_association.private","mode":"managed","type":"aws_route_table_association","name":"private","provider_config_key":"aws","expressions":{"route_table_id":{"references":["aws_route_table.private.id","aws_route_table.private"]},"subnet_id":{"references":["aws_subnet.private","count.index"]}},"schema_version":0,"count_expression":{"references":["aws_subnet.private"]}},{"address":"aws_route_table_association.public","mode":"managed","type":"aws_route_table_association","name":"public","provider_config_key":"aws","expressions":{"route_table_id":{"references":["aws_route_table.public.id","aws_route_table.public"]},"subnet_id":{"references":["aws_subnet.public","count.index"]}},"schema_version":0,"count_expression":{"references":["aws_subnet.public"]}},{"address":"aws_s3_bucket.tf_state","mode":"managed","type":"aws_s3_bucket","name":"tf_state","provider_config_key":"aws","expressions":{"bucket":{"references":["var.dynamodb_table_name","random_id.suffix.hex","random_id.suffix"]},"force_destroy":{"constant_value":true},"tags":{"constant_value":{"Name":"tf-state-bucket"}},"versioning":[{"enabled":{"constant_value":true}}]},"schema_version":0},{"address":"aws_security_group.ec2","mode":"managed","type":"aws_security_group","name":"ec2","provider_config_key":"aws","expressions":{"description":{"constant_value":"Allow SSH, HTTP, and HTTPS access"},"egress":{"constant_value":[{"cidr_blocks":["0.0.0.0/0"],"description":null,"from_port":0,"ipv6_cidr_blocks":null,"prefix_list_ids":null,"protocol":"-1","security_groups":null,"self":null,"to_port":0}]},"ingress":{"constant_value":[{"cidr_blocks":["0.0.0.0/0"],"description":"SSH","from_port":22,"ipv6_cidr_blocks":null,"prefix_list_ids":null,"protocol":"tcp","security_groups":null,"self":null,"to_port":22},{"cidr_blocks":["0.0.0.0/0"],"description":"HTTP","from_port":80,"ipv6_cidr_blocks":null,"prefix_list_ids":null,"protocol":"tcp","security_groups":null,"self":null,"to_port":80},{"cidr_blocks":["0.0.0.0/0"],"description":"HTTPS","from_port":443,"ipv6_cidr_blocks":null,"prefix_list_ids":null,"protocol":"tcp","security_groups":null,"self":null,"to_port":443}]},"name":{"constant_value":"ec2-sg"},"tags":{"constant_value":{"Name":"ec2-sg"}},"vpc_id":{"references":["aws_vpc.main.id","aws_vpc.main"]}},"schema_version":1},{"address":"aws_subnet.private","mode":"managed","type":"aws_subnet","name":"private","provider_config_key":"aws","expressions":{"availability_zone":{"references":["data.aws_availability_zones.available.names","data.aws_availability_zones.available","count.index"]},"cidr_block":{"references":["var.private_subnet_cidrs","count.index"]},"tags":{"references":["count.index"]},"vpc_id":{"references":["aws_vpc.main.id","aws_vpc.main"]}},"schema_version":1,"count_expression":{"references":["var.private_subnet_cidrs"]}},{"address":"aws_subnet.public","mode":"managed","type":"aws_subnet","name":"public","provider_config_key":"aws","expressions":{"availability_zone":{"references":["data.aws_availability_zones.available.names","data.aws_availability_zones.available","count.index"]},"cidr_block":{"references":["var.public_subnet_cidrs","count.index"]},"map_public_ip_on_launch":{"constant_value":true},"tags":{"references":["count.index"]},"vpc_id":{"references":["aws_vpc.main.id","aws_vpc.main"]}},"schema_version":1,"count_expression":{"references":["var.public_subnet_cidrs"]}},{"address":"aws_vpc.main","mode":"managed","type":"aws_vpc","name":"main","provider_config_key":"aws","expressions":{"cidr_block":{"references":["var.vpc_cidr"]},"enable_dns_hostnames":{"constant_value":true},"enable_dns_support":{"constant_value":true},"tags":{"constant_value":{"Name":"main-vpc"}}},"schema_version":1},{"address":"random_id.suffix","mode":"managed","type":"random_id","name":"suffix","provider_config_key":"random","expressions":{"byte_length":{"constant_value":4}},"schema_version":0},{"address":"data.aws_ami.amazon_linux","mode":"data","type":"aws_ami","name":"amazon_linux","provider_config_key":"aws","expressions":{"filter":[{"name":{"constant_value":"name"},"values":{"constant_value":["amzn2-ami-hvm-*-x86_64-gp2"]}}],"most_recent":{"constant_value":true},"owners":{"constant_value":["amazon"]}},"schema_version":0},{"address":"data.aws_availability_zones.available","mode":"data","type":"aws_availability_zones","name":"available","provider_config_key":"aws","schema_version":0},{"address":"data.aws_iam_policy_document.ec2_assume_role_policy","mode":"data","type":"aws_iam_policy_document","name":"ec2_assume_role_policy","provider_config_key":"aws","expressions":{"statement":[{"actions":{"constant_value":["sts:AssumeRole"]},"principals":[{"identifiers":{"constant_value":["ec2.amazonaws.com"]},"type":{"constant_value":"Service"}}]}]},"schema_version":0}],"variables":{"aws_region":{"default":"us-east-1","description":"AWS region to deploy resources in."},"dynamodb_table_name":{"default":"app-table","description":"Name of the DynamoDB table."},"ec2_instance_type":{"default":"t3.micro","description":"EC2 instance type for application and bastion."},"private_subnet_cidrs":{"default":["10.0.101.0/24","10.0.102.0/24"],"description":"List of private subnet CIDR blocks."},"public_subnet_cidrs":{"default":["10.0.1.0/24","10.0.2.0/24"],"description":"List of public subnet CIDR blocks."},"vpc_cidr":{"default":"10.0.0.0/16","description":"CIDR block for the VPC."}}}},"relevant_attributes":[{"resource":"data.aws_availability_zones.available","attribute":["names"]},{"resource":"data.aws_iam_policy_document.ec2_assume_role_policy","attribute":["json"]},{"resource":"random_id.suffix","attribute":["hex"]},{"resource":"data.aws_ami.amazon_linux","attribute":["id"]},{"resource":"aws_nat_gateway.main","attribute":["id"]},{"resource":"aws_route_table.private","attribute":["id"]},{"resource":"aws_iam_role.ec2","attribute":["name"]},{"resource":"aws_s3_bucket.tf_state","attribute":["bucket"]},{"resource":"aws_subnet.public","attribute":[]},{"resource":"aws_internet_gateway.main","attribute":["id"]},{"resource":"aws_vpc.main","attribute":["id"]},{"resource":"aws_iam_instance_profile.ec2_profile","attribute":["name"]},{"resource":"aws_subnet.private","attribute":[]},{"resource":"aws_dynamodb_table.main","attribute":["name"]},{"resource":"aws_security_group.ec2","attribute":["id"]},{"resource":"aws_instance.bastion","attribute":["public_ip"]},{"resource":"aws_eip.nat[0]","attribute":["id"]},{"resource":"aws_route_table.public","attribute":["id"]},{"resource":"aws_dynamodb_table.tf_lock","attribute":["name"]},{"resource":"aws_subnet.public[0]","attribute":["id"]}],"timestamp":"2026-01-18T14:54:40Z","applyable":true,"complete":true,"errored":false}
