data.aws_iam_policy_document.eks_node_assume_role: Reading...
data.aws_iam_policy_document.eks_assume_role: Reading...
data.aws_availability_zones.available: Reading...
data.aws_iam_policy_document.eks_assume_role: Read complete after 0s [id=3552664922]
data.aws_iam_policy_document.eks_node_assume_role: Read complete after 0s [id=2851119427]
data.aws_availability_zones.available: Read complete after 0s [id=us-east-1]

Terraform used the selected providers to generate the following execution
plan. Resource actions are indicated with the following symbols:
  + create
 <= read (data resources)

Terraform will perform the following actions:

  # data.aws_eks_cluster.this will be read during apply
  # (depends on a resource or a module with changes pending)
 <= data "aws_eks_cluster" "this" {
      + access_config                = (known after apply)
      + arn                          = (known after apply)
      + certificate_authority        = (known after apply)
      + cluster_id                   = (known after apply)
      + compute_config               = (known after apply)
      + control_plane_scaling_config = (known after apply)
      + created_at                   = (known after apply)
      + deletion_protection          = (known after apply)
      + enabled_cluster_log_types    = (known after apply)
      + endpoint                     = (known after apply)
      + id                           = (known after apply)
      + identity                     = (known after apply)
      + kubernetes_network_config    = (known after apply)
      + name                         = "react-eks-cluster"
      + outpost_config               = (known after apply)
      + platform_version             = (known after apply)
      + region                       = (known after apply)
      + remote_network_config        = (known after apply)
      + role_arn                     = (known after apply)
      + status                       = (known after apply)
      + storage_config               = (known after apply)
      + tags                         = (known after apply)
      + upgrade_policy               = (known after apply)
      + version                      = (known after apply)
      + vpc_config                   = (known after apply)
      + zonal_shift_config           = (known after apply)
    }

  # data.aws_eks_cluster_auth.this will be read during apply
  # (depends on a resource or a module with changes pending)
 <= data "aws_eks_cluster_auth" "this" {
      + id     = (known after apply)
      + name   = "react-eks-cluster"
      + region = (known after apply)
      + token  = (sensitive value)
    }

  # aws_ecr_repository.this will be created
  + resource "aws_ecr_repository" "this" {
      + arn                  = (known after apply)
      + id                   = (known after apply)
      + image_tag_mutability = "MUTABLE"
      + name                 = "react-app-repo"
      + region               = "us-east-1"
      + registry_id          = (known after apply)
      + repository_url       = (known after apply)
      + tags                 = {
          + "Name" = "react-app-repo"
        }
      + tags_all             = {
          + "Name" = "react-app-repo"
        }

      + image_scanning_configuration {
          + scan_on_push = true
        }
    }

  # aws_eip.nat will be created
  + resource "aws_eip" "nat" {
      + allocation_id        = (known after apply)
      + arn                  = (known after apply)
      + association_id       = (known after apply)
      + carrier_ip           = (known after apply)
      + customer_owned_ip    = (known after apply)
      + domain               = "vpc"
      + id                   = (known after apply)
      + instance             = (known after apply)
      + ipam_pool_id         = (known after apply)
      + network_border_group = (known after apply)
      + network_interface    = (known after apply)
      + private_dns          = (known after apply)
      + private_ip           = (known after apply)
      + ptr_record           = (known after apply)
      + public_dns           = (known after apply)
      + public_ip            = (known after apply)
      + public_ipv4_pool     = (known after apply)
      + region               = "us-east-1"
      + tags_all             = (known after apply)
    }

  # aws_eks_cluster.this will be created
  + resource "aws_eks_cluster" "this" {
      + arn                           = (known after apply)
      + bootstrap_self_managed_addons = true
      + certificate_authority         = (known after apply)
      + cluster_id                    = (known after apply)
      + created_at                    = (known after apply)
      + deletion_protection           = (known after apply)
      + endpoint                      = (known after apply)
      + id                            = (known after apply)
      + identity                      = (known after apply)
      + name                          = "react-eks-cluster"
      + platform_version              = (known after apply)
      + region                        = "us-east-1"
      + role_arn                      = (known after apply)
      + status                        = (known after apply)
      + tags_all                      = (known after apply)
      + version                       = (known after apply)

      + access_config (known after apply)

      + compute_config (known after apply)

      + control_plane_scaling_config (known after apply)

      + kubernetes_network_config (known after apply)

      + storage_config (known after apply)

      + upgrade_policy (known after apply)

      + vpc_config {
          + cluster_security_group_id = (known after apply)
          + endpoint_private_access   = true
          + endpoint_public_access    = true
          + public_access_cidrs       = (known after apply)
          + subnet_ids                = (known after apply)
          + vpc_id                    = (known after apply)
        }
    }

  # aws_eks_node_group.this will be created
  + resource "aws_eks_node_group" "this" {
      + ami_type               = (known after apply)
      + arn                    = (known after apply)
      + capacity_type          = (known after apply)
      + cluster_name           = "react-eks-cluster"
      + disk_size              = (known after apply)
      + id                     = (known after apply)
      + instance_types         = [
          + "t3.medium",
        ]
      + node_group_name        = "react-eks-node-group"
      + node_group_name_prefix = (known after apply)
      + node_role_arn          = (known after apply)
      + region                 = "us-east-1"
      + release_version        = (known after apply)
      + resources              = (known after apply)
      + status                 = (known after apply)
      + subnet_ids             = (known after apply)
      + tags_all               = (known after apply)
      + version                = (known after apply)

      + node_repair_config (known after apply)

      + scaling_config {
          + desired_size = 2
          + max_size     = 3
          + min_size     = 1
        }

      + update_config (known after apply)
    }

  # aws_iam_role.eks_cluster will be created
  + resource "aws_iam_role" "eks_cluster" {
      + arn                   = (known after apply)
      + assume_role_policy    = jsonencode(
            {
              + Statement = [
                  + {
                      + Action    = "sts:AssumeRole"
                      + Effect    = "Allow"
                      + Principal = {
                          + Service = "eks.amazonaws.com"
                        }
                    },
                ]
              + Version   = "2012-10-17"
            }
        )
      + create_date           = (known after apply)
      + force_detach_policies = false
      + id                    = (known after apply)
      + managed_policy_arns   = (known after apply)
      + max_session_duration  = 3600
      + name                  = "react-eks-cluster-role"
      + name_prefix           = (known after apply)
      + path                  = "/"
      + tags_all              = (known after apply)
      + unique_id             = (known after apply)

      + inline_policy (known after apply)
    }

  # aws_iam_role.eks_node will be created
  + resource "aws_iam_role" "eks_node" {
      + arn                   = (known after apply)
      + assume_role_policy    = jsonencode(
            {
              + Statement = [
                  + {
                      + Action    = "sts:AssumeRole"
                      + Effect    = "Allow"
                      + Principal = {
                          + Service = "ec2.amazonaws.com"
                        }
                    },
                ]
              + Version   = "2012-10-17"
            }
        )
      + create_date           = (known after apply)
      + force_detach_policies = false
      + id                    = (known after apply)
      + managed_policy_arns   = (known after apply)
      + max_session_duration  = 3600
      + name                  = "react-eks-node-role"
      + name_prefix           = (known after apply)
      + path                  = "/"
      + tags_all              = (known after apply)
      + unique_id             = (known after apply)

      + inline_policy (known after apply)
    }

  # aws_iam_role_policy_attachment.eks_cluster_AmazonEKSClusterPolicy will be created
  + resource "aws_iam_role_policy_attachment" "eks_cluster_AmazonEKSClusterPolicy" {
      + id         = (known after apply)
      + policy_arn = "arn:aws:iam::aws:policy/AmazonEKSClusterPolicy"
      + role       = "react-eks-cluster-role"
    }

  # aws_iam_role_policy_attachment.eks_cluster_AmazonEKSServicePolicy will be created
  + resource "aws_iam_role_policy_attachment" "eks_cluster_AmazonEKSServicePolicy" {
      + id         = (known after apply)
      + policy_arn = "arn:aws:iam::aws:policy/AmazonEKSServicePolicy"
      + role       = "react-eks-cluster-role"
    }

  # aws_iam_role_policy_attachment.eks_node_AmazonEC2ContainerRegistryReadOnly will be created
  + resource "aws_iam_role_policy_attachment" "eks_node_AmazonEC2ContainerRegistryReadOnly" {
      + id         = (known after apply)
      + policy_arn = "arn:aws:iam::aws:policy/AmazonEC2ContainerRegistryReadOnly"
      + role       = "react-eks-node-role"
    }

  # aws_iam_role_policy_attachment.eks_node_AmazonEKSWorkerNodePolicy will be created
  + resource "aws_iam_role_policy_attachment" "eks_node_AmazonEKSWorkerNodePolicy" {
      + id         = (known after apply)
      + policy_arn = "arn:aws:iam::aws:policy/AmazonEKSWorkerNodePolicy"
      + role       = "react-eks-node-role"
    }

  # aws_iam_role_policy_attachment.eks_node_AmazonEKS_CNI_Policy will be created
  + resource "aws_iam_role_policy_attachment" "eks_node_AmazonEKS_CNI_Policy" {
      + id         = (known after apply)
      + policy_arn = "arn:aws:iam::aws:policy/AmazonEKS_CNI_Policy"
      + role       = "react-eks-node-role"
    }

  # aws_internet_gateway.this will be created
  + resource "aws_internet_gateway" "this" {
      + arn      = (known after apply)
      + id       = (known after apply)
      + owner_id = (known after apply)
      + region   = "us-east-1"
      + tags     = {
          + "Name" = "react-igw"
        }
      + tags_all = {
          + "Name" = "react-igw"
        }
      + vpc_id   = (known after apply)
    }

  # aws_nat_gateway.this will be created
  + resource "aws_nat_gateway" "this" {
      + allocation_id                      = (known after apply)
      + association_id                     = (known after apply)
      + auto_provision_zones               = (known after apply)
      + auto_scaling_ips                   = (known after apply)
      + availability_mode                  = (known after apply)
      + connectivity_type                  = "public"
      + id                                 = (known after apply)
      + network_interface_id               = (known after apply)
      + private_ip                         = (known after apply)
      + public_ip                          = (known after apply)
      + region                             = "us-east-1"
      + regional_nat_gateway_address       = (known after apply)
      + regional_nat_gateway_auto_mode     = (known after apply)
      + route_table_id                     = (known after apply)
      + secondary_allocation_ids           = (known after apply)
      + secondary_private_ip_address_count = (known after apply)
      + secondary_private_ip_addresses     = (known after apply)
      + subnet_id                          = (known after apply)
      + tags                               = {
          + "Name" = "react-nat-gw"
        }
      + tags_all                           = {
          + "Name" = "react-nat-gw"
        }
      + vpc_id                             = (known after apply)
    }

  # aws_route.private_nat_gateway will be created
  + resource "aws_route" "private_nat_gateway" {
      + destination_cidr_block = "0.0.0.0/0"
      + id                     = (known after apply)
      + instance_id            = (known after apply)
      + instance_owner_id      = (known after apply)
      + nat_gateway_id         = (known after apply)
      + network_interface_id   = (known after apply)
      + origin                 = (known after apply)
      + region                 = "us-east-1"
      + route_table_id         = (known after apply)
      + state                  = (known after apply)
    }

  # aws_route.public_internet_access will be created
  + resource "aws_route" "public_internet_access" {
      + destination_cidr_block = "0.0.0.0/0"
      + gateway_id             = (known after apply)
      + id                     = (known after apply)
      + instance_id            = (known after apply)
      + instance_owner_id      = (known after apply)
      + network_interface_id   = (known after apply)
      + origin                 = (known after apply)
      + region                 = "us-east-1"
      + route_table_id         = (known after apply)
      + state                  = (known after apply)
    }

  # aws_route_table.private will be created
  + resource "aws_route_table" "private" {
      + arn              = (known after apply)
      + id               = (known after apply)
      + owner_id         = (known after apply)
      + propagating_vgws = (known after apply)
      + region           = "us-east-1"
      + route            = (known after apply)
      + tags             = {
          + "Name" = "react-private-rt"
        }
      + tags_all         = {
          + "Name" = "react-private-rt"
        }
      + vpc_id           = (known after apply)
    }

  # aws_route_table.public will be created
  + resource "aws_route_table" "public" {
      + arn              = (known after apply)
      + id               = (known after apply)
      + owner_id         = (known after apply)
      + propagating_vgws = (known after apply)
      + region           = "us-east-1"
      + route            = (known after apply)
      + tags             = {
          + "Name" = "react-public-rt"
        }
      + tags_all         = {
          + "Name" = "react-public-rt"
        }
      + vpc_id           = (known after apply)
    }

  # aws_route_table_association.private[0] will be created
  + resource "aws_route_table_association" "private" {
      + id             = (known after apply)
      + region         = "us-east-1"
      + route_table_id = (known after apply)
      + subnet_id      = (known after apply)
    }

  # aws_route_table_association.private[1] will be created
  + resource "aws_route_table_association" "private" {
      + id             = (known after apply)
      + region         = "us-east-1"
      + route_table_id = (known after apply)
      + subnet_id      = (known after apply)
    }

  # aws_route_table_association.public[0] will be created
  + resource "aws_route_table_association" "public" {
      + id             = (known after apply)
      + region         = "us-east-1"
      + route_table_id = (known after apply)
      + subnet_id      = (known after apply)
    }

  # aws_route_table_association.public[1] will be created
  + resource "aws_route_table_association" "public" {
      + id             = (known after apply)
      + region         = "us-east-1"
      + route_table_id = (known after apply)
      + subnet_id      = (known after apply)
    }

  # aws_security_group.alb will be created
  + resource "aws_security_group" "alb" {
      + arn                    = (known after apply)
      + description            = "Allow HTTP/HTTPS inbound traffic to ALB"
      + egress                 = [
          + {
              + cidr_blocks      = [
                  + "0.0.0.0/0",
                ]
              + description      = "Allow all outbound traffic"
              + from_port        = 0
              + ipv6_cidr_blocks = []
              + prefix_list_ids  = []
              + protocol         = "-1"
              + security_groups  = []
              + self             = false
              + to_port          = 0
            },
        ]
      + id                     = (known after apply)
      + ingress                = [
          + {
              + cidr_blocks      = [
                  + "0.0.0.0/0",
                ]
              + description      = "Allow HTTP from anywhere"
              + from_port        = 80
              + ipv6_cidr_blocks = []
              + prefix_list_ids  = []
              + protocol         = "tcp"
              + security_groups  = []
              + self             = false
              + to_port          = 80
            },
          + {
              + cidr_blocks      = [
                  + "0.0.0.0/0",
                ]
              + description      = "Allow HTTPS from anywhere"
              + from_port        = 443
              + ipv6_cidr_blocks = []
              + prefix_list_ids  = []
              + protocol         = "tcp"
              + security_groups  = []
              + self             = false
              + to_port          = 443
            },
        ]
      + name                   = "react-alb-sg"
      + name_prefix            = (known after apply)
      + owner_id               = (known after apply)
      + region                 = "us-east-1"
      + revoke_rules_on_delete = false
      + tags                   = {
          + "Name" = "react-alb-sg"
        }
      + tags_all               = {
          + "Name" = "react-alb-sg"
        }
      + vpc_id                 = (known after apply)
    }

  # aws_security_group.eks_node will be created
  + resource "aws_security_group" "eks_node" {
      + arn                    = (known after apply)
      + description            = "Allow traffic from ALB to EKS nodes"
      + egress                 = [
          + {
              + cidr_blocks      = [
                  + "0.0.0.0/0",
                ]
              + description      = "Allow all outbound traffic"
              + from_port        = 0
              + ipv6_cidr_blocks = []
              + prefix_list_ids  = []
              + protocol         = "-1"
              + security_groups  = []
              + self             = false
              + to_port          = 0
            },
        ]
      + id                     = (known after apply)
      + ingress                = [
          + {
              + cidr_blocks      = []
              + description      = "Allow traffic from ALB"
              + from_port        = 30000
              + ipv6_cidr_blocks = []
              + prefix_list_ids  = []
              + protocol         = "tcp"
              + security_groups  = (known after apply)
              + self             = false
              + to_port          = 32767
            },
        ]
      + name                   = "react-eks-node-sg"
      + name_prefix            = (known after apply)
      + owner_id               = (known after apply)
      + region                 = "us-east-1"
      + revoke_rules_on_delete = false
      + tags                   = {
          + "Name" = "react-eks-node-sg"
        }
      + tags_all               = {
          + "Name" = "react-eks-node-sg"
        }
      + vpc_id                 = (known after apply)
    }

  # aws_subnet.private[0] will be created
  + resource "aws_subnet" "private" {
      + arn                                            = (known after apply)
      + assign_ipv6_address_on_creation                = false
      + availability_zone                              = "us-east-1a"
      + availability_zone_id                           = (known after apply)
      + cidr_block                                     = "10.0.101.0/24"
      + enable_dns64                                   = false
      + enable_resource_name_dns_a_record_on_launch    = false
      + enable_resource_name_dns_aaaa_record_on_launch = false
      + id                                             = (known after apply)
      + ipv6_cidr_block_association_id                 = (known after apply)
      + ipv6_native                                    = false
      + map_public_ip_on_launch                        = false
      + owner_id                                       = (known after apply)
      + private_dns_hostname_type_on_launch            = (known after apply)
      + region                                         = "us-east-1"
      + tags                                           = {
          + "Name" = "react-private-subnet-1"
        }
      + tags_all                                       = {
          + "Name" = "react-private-subnet-1"
        }
      + vpc_id                                         = (known after apply)
    }

  # aws_subnet.private[1] will be created
  + resource "aws_subnet" "private" {
      + arn                                            = (known after apply)
      + assign_ipv6_address_on_creation                = false
      + availability_zone                              = "us-east-1b"
      + availability_zone_id                           = (known after apply)
      + cidr_block                                     = "10.0.102.0/24"
      + enable_dns64                                   = false
      + enable_resource_name_dns_a_record_on_launch    = false
      + enable_resource_name_dns_aaaa_record_on_launch = false
      + id                                             = (known after apply)
      + ipv6_cidr_block_association_id                 = (known after apply)
      + ipv6_native                                    = false
      + map_public_ip_on_launch                        = false
      + owner_id                                       = (known after apply)
      + private_dns_hostname_type_on_launch            = (known after apply)
      + region                                         = "us-east-1"
      + tags                                           = {
          + "Name" = "react-private-subnet-2"
        }
      + tags_all                                       = {
          + "Name" = "react-private-subnet-2"
        }
      + vpc_id                                         = (known after apply)
    }

  # aws_subnet.public[0] will be created
  + resource "aws_subnet" "public" {
      + arn                                            = (known after apply)
      + assign_ipv6_address_on_creation                = false
      + availability_zone                              = "us-east-1a"
      + availability_zone_id                           = (known after apply)
      + cidr_block                                     = "10.0.1.0/24"
      + enable_dns64                                   = false
      + enable_resource_name_dns_a_record_on_launch    = false
      + enable_resource_name_dns_aaaa_record_on_launch = false
      + id                                             = (known after apply)
      + ipv6_cidr_block_association_id                 = (known after apply)
      + ipv6_native                                    = false
      + map_public_ip_on_launch                        = true
      + owner_id                                       = (known after apply)
      + private_dns_hostname_type_on_launch            = (known after apply)
      + region                                         = "us-east-1"
      + tags                                           = {
          + "Name" = "react-public-subnet-1"
        }
      + tags_all                                       = {
          + "Name" = "react-public-subnet-1"
        }
      + vpc_id                                         = (known after apply)
    }

  # aws_subnet.public[1] will be created
  + resource "aws_subnet" "public" {
      + arn                                            = (known after apply)
      + assign_ipv6_address_on_creation                = false
      + availability_zone                              = "us-east-1b"
      + availability_zone_id                           = (known after apply)
      + cidr_block                                     = "10.0.2.0/24"
      + enable_dns64                                   = false
      + enable_resource_name_dns_a_record_on_launch    = false
      + enable_resource_name_dns_aaaa_record_on_launch = false
      + id                                             = (known after apply)
      + ipv6_cidr_block_association_id                 = (known after apply)
      + ipv6_native                                    = false
      + map_public_ip_on_launch                        = true
      + owner_id                                       = (known after apply)
      + private_dns_hostname_type_on_launch            = (known after apply)
      + region                                         = "us-east-1"
      + tags                                           = {
          + "Name" = "react-public-subnet-2"
        }
      + tags_all                                       = {
          + "Name" = "react-public-subnet-2"
        }
      + vpc_id                                         = (known after apply)
    }

  # aws_vpc.this will be created
  + resource "aws_vpc" "this" {
      + arn                                  = (known after apply)
      + cidr_block                           = "10.0.0.0/16"
      + default_network_acl_id               = (known after apply)
      + default_route_table_id               = (known after apply)
      + default_security_group_id            = (known after apply)
      + dhcp_options_id                      = (known after apply)
      + enable_dns_hostnames                 = true
      + enable_dns_support                   = true
      + enable_network_address_usage_metrics = (known after apply)
      + id                                   = (known after apply)
      + instance_tenancy                     = "default"
      + ipv6_association_id                  = (known after apply)
      + ipv6_cidr_block                      = (known after apply)
      + ipv6_cidr_block_network_border_group = (known after apply)
      + main_route_table_id                  = (known after apply)
      + owner_id                             = (known after apply)
      + region                               = "us-east-1"
      + tags                                 = {
          + "Name" = "react-vpc"
        }
      + tags_all                             = {
          + "Name" = "react-vpc"
        }
    }

Plan: 28 to add, 0 to change, 0 to destroy.

Changes to Outputs:
  + ecr_repository_url   = (known after apply)
  + eks_cluster_endpoint = (known after apply)
  + eks_cluster_name     = "react-eks-cluster"
  + eks_node_group_name  = "react-eks-node-group"
  + private_subnet_ids   = [
      + (known after apply),
      + (known after apply),
    ]
  + public_subnet_ids    = [
      + (known after apply),
      + (known after apply),
    ]
  + vpc_id               = (known after apply)
aws_ecr_repository.this: Creating...
aws_eip.nat: Creating...
aws_iam_role.eks_node: Creating...
aws_vpc.this: Creating...
aws_iam_role.eks_cluster: Creating...
aws_eip.nat: Creation complete after 0s [id=eipalloc-aa8284f2d51d338ae]
aws_iam_role.eks_node: Creation complete after 0s [id=react-eks-node-role]
aws_iam_role.eks_cluster: Creation complete after 1s [id=react-eks-cluster-role]
aws_iam_role_policy_attachment.eks_node_AmazonEC2ContainerRegistryReadOnly: Creating...
aws_iam_role_policy_attachment.eks_node_AmazonEKSWorkerNodePolicy: Creating...
aws_iam_role_policy_attachment.eks_cluster_AmazonEKSServicePolicy: Creating...
aws_iam_role_policy_attachment.eks_cluster_AmazonEKSClusterPolicy: Creating...
aws_iam_role_policy_attachment.eks_node_AmazonEKS_CNI_Policy: Creating...
aws_iam_role_policy_attachment.eks_node_AmazonEKSWorkerNodePolicy: Creation complete after 0s [id=react-eks-node-role/arn:aws:iam::aws:policy/AmazonEKSWorkerNodePolicy]
aws_iam_role_policy_attachment.eks_cluster_AmazonEKSServicePolicy: Creation complete after 0s [id=react-eks-cluster-role/arn:aws:iam::aws:policy/AmazonEKSServicePolicy]
aws_iam_role_policy_attachment.eks_cluster_AmazonEKSClusterPolicy: Creation complete after 0s [id=react-eks-cluster-role/arn:aws:iam::aws:policy/AmazonEKSClusterPolicy]
aws_iam_role_policy_attachment.eks_node_AmazonEC2ContainerRegistryReadOnly: Creation complete after 0s [id=react-eks-node-role/arn:aws:iam::aws:policy/AmazonEC2ContainerRegistryReadOnly]
aws_iam_role_policy_attachment.eks_node_AmazonEKS_CNI_Policy: Creation complete after 0s [id=react-eks-node-role/arn:aws:iam::aws:policy/AmazonEKS_CNI_Policy]
aws_ecr_repository.this: Creation complete after 3s [id=react-app-repo]
aws_vpc.this: Still creating... [00m10s elapsed]
aws_vpc.this: Creation complete after 10s [id=vpc-a0ec2f2073b821599]
aws_subnet.public[1]: Creating...
aws_route_table.public: Creating...
aws_subnet.private[1]: Creating...
aws_internet_gateway.this: Creating...
aws_subnet.public[0]: Creating...
aws_route_table.private: Creating...
aws_subnet.private[0]: Creating...
aws_security_group.alb: Creating...
aws_subnet.private[0]: Creation complete after 0s [id=subnet-e20570fa1550eea4d]
aws_subnet.private[1]: Creation complete after 0s [id=subnet-ea8ea26588c63bd27]
aws_internet_gateway.this: Creation complete after 0s [id=igw-25b134db65d8379d4]
aws_route_table.public: Creation complete after 1s [id=rtb-02ac1518ac01b0afa]
aws_route_table.private: Creation complete after 1s [id=rtb-8c1ac176071e74b11]
aws_route_table_association.private[1]: Creating...
aws_route_table_association.private[0]: Creating...
aws_route.public_internet_access: Creating...
aws_route_table_association.private[0]: Creation complete after 0s [id=rtbassoc-592b67e5235912d18]
aws_route_table_association.private[1]: Creation complete after 0s [id=rtbassoc-7550f1c9b45d6932a]
aws_security_group.alb: Creation complete after 1s [id=sg-23ec4920c8fa0a513]
aws_security_group.eks_node: Creating...
aws_route.public_internet_access: Creation complete after 0s [id=r-rtb-02ac1518ac01b0afa1080289494]
aws_security_group.eks_node: Creation complete after 0s [id=sg-ef51a4255306c3229]
aws_subnet.public[1]: Still creating... [00m10s elapsed]
aws_subnet.public[0]: Still creating... [00m10s elapsed]
aws_subnet.public[1]: Creation complete after 10s [id=subnet-aefe2bafec89952a2]
aws_subnet.public[0]: Creation complete after 10s [id=subnet-8f729f5b37f590baa]
aws_route_table_association.public[1]: Creating...
aws_route_table_association.public[0]: Creating...
aws_nat_gateway.this: Creating...
aws_eks_cluster.this: Creating...
aws_route_table_association.public[1]: Creation complete after 1s [id=rtbassoc-25d532d144853d430]
aws_nat_gateway.this: Creation complete after 1s [id=nat-b47b414b8f0d42707]
aws_route_table_association.public[0]: Creation complete after 1s [id=rtbassoc-3c3d846c085aa81d2]
aws_route.private_nat_gateway: Creating...
aws_route.private_nat_gateway: Creation complete after 0s [id=r-rtb-8c1ac176071e74b111080289494]
aws_eks_cluster.this: Still creating... [00m10s elapsed]
aws_eks_cluster.this: Still creating... [00m20s elapsed]
aws_eks_cluster.this: Still creating... [00m30s elapsed]
aws_eks_cluster.this: Still creating... [00m40s elapsed]
aws_eks_cluster.this: Still creating... [00m50s elapsed]
aws_eks_cluster.this: Still creating... [01m00s elapsed]
aws_eks_cluster.this: Still creating... [01m10s elapsed]
aws_eks_cluster.this: Still creating... [01m20s elapsed]
aws_eks_cluster.this: Still creating... [01m30s elapsed]
aws_eks_cluster.this: Still creating... [01m40s elapsed]
aws_eks_cluster.this: Still creating... [01m50s elapsed]
aws_eks_cluster.this: Still creating... [02m00s elapsed]
aws_eks_cluster.this: Still creating... [02m10s elapsed]
aws_eks_cluster.this: Still creating... [02m20s elapsed]
aws_eks_cluster.this: Still creating... [02m30s elapsed]
aws_eks_cluster.this: Still creating... [02m40s elapsed]
aws_eks_cluster.this: Still creating... [02m51s elapsed]
aws_eks_cluster.this: Still creating... [03m01s elapsed]
