{
  "version": 4,
  "terraform_version": "1.13.5",
  "serial": 1,
  "lineage": "ba885e89-90a4-17e4-b787-b8826b862dd9",
  "outputs": {},
  "resources": [
    {
      "mode": "managed",
      "type": "random_id",
      "name": "suffix",
      "provider": "provider[\"registry.terraform.io/hashicorp/random\"]",
      "instances": [
        {
          "schema_version": 0,
          "attributes": {
            "b64_std": "8VdWYg==",
            "b64_url": "8VdWYg",
            "byte_length": 4,
            "dec": "4049032802",
            "hex": "f1575662",
            "id": "8VdWYg",
            "keepers": null,
            "prefix": null
          },
          "sensitive_attributes": [],
          "identity_schema_version": 0
        }
      ]
    }
  ],
  "check_results": null
}
