{
  "version": 4,
  "terraform_version": "1.13.5",
  "serial": 1,
  "lineage": "6d96b589-a566-4dc0-57b1-b00f78f557c6",
  "outputs": {},
  "resources": [
    {
      "mode": "managed",
      "type": "random_id",
      "name": "suffix",
      "provider": "provider[\"registry.terraform.io/hashicorp/random\"]",
      "instances": [
        {
          "schema_version": 0,
          "attributes": {
            "b64_std": "0XxfzA==",
            "b64_url": "0XxfzA",
            "byte_length": 4,
            "dec": "3514589132",
            "hex": "d17c5fcc",
            "id": "0XxfzA",
            "keepers": null,
            "prefix": null
          },
          "sensitive_attributes": [],
          "identity_schema_version": 0
        }
      ]
    }
  ],
  "check_results": null
}
