{"format_version":"1.2","terraform_version":"1.13.5","variables":{"aws_region":{"value":"ap-south-1"},"az_count":{"value":2},"cluster_name":{"value":"devops-challenge"},"dockerconfigjson":{"value":""},"enable_internal_rpc":{"value":true},"enable_public_p2p":{"value":true},"energi_image":{"value":"awskanojia/devops-challenge:latest"},"energi_namespace":{"value":"energi"},"energi_replicas":{"value":3},"environment":{"value":"dev"},"kubernetes_version":{"value":"1.29"},"node_desired_size":{"value":3},"node_instance_types":{"value":["t3.large"]},"node_max_size":{"value":6},"node_min_size":{"value":2},"p2p_port":{"value":39798},"project_name":{"value":"devops-challenge"},"pvc_size":{"value":"1Gi"},"rpc_allowed_cidrs":{"value":["10.0.0.0/8"]},"rpc_port":{"value":39797},"vpc_cidr":{"value":"10.0.0.0/16"}},"planned_values":{"outputs":{"eks_cluster_endpoint":{"sensitive":false},"eks_cluster_name":{"sensitive":false,"type":"string","value":"devops-challenge"},"energi_namespace":{"sensitive":false,"type":"string","value":"energi"},"p2p_service_hostname":{"sensitive":false},"rpc_service_hostname":{"sensitive":false},"vpc_id":{"sensitive":false}},"root_module":{"resources":[{"address":"aws_eip.nat[\"ap-south-1a\"]","mode":"managed","type":"aws_eip","name":"nat","index":"ap-south-1a","provider_name":"registry.terraform.io/hashicorp/aws","schema_version":0,"values":{"address":null,"associate_with_private_ip":null,"customer_owned_ipv4_pool":null,"domain":"vpc","tags":{"Environment":"dev","ManagedBy":"terraform","Name":"devops-challenge-dev-nat-eip-ap-south-1a","Project":"devops-challenge"},"tags_all":{"Environment":"dev","ManagedBy":"terraform","Name":"devops-challenge-dev-nat-eip-ap-south-1a","Project":"devops-challenge"},"timeouts":null},"sensitive_values":{"tags":{},"tags_all":{}}},{"address":"aws_eip.nat[\"ap-south-1b\"]","mode":"managed","type":"aws_eip","name":"nat","index":"ap-south-1b","provider_name":"registry.terraform.io/hashicorp/aws","schema_version":0,"values":{"address":null,"associate_with_private_ip":null,"customer_owned_ipv4_pool":null,"domain":"vpc","tags":{"Environment":"dev","ManagedBy":"terraform","Name":"devops-challenge-dev-nat-eip-ap-south-1b","Project":"devops-challenge"},"tags_all":{"Environment":"dev","ManagedBy":"terraform","Name":"devops-challenge-dev-nat-eip-ap-south-1b","Project":"devops-challenge"},"timeouts":null},"sensitive_values":{"tags":{},"tags_all":{}}},{"address":"aws_eks_addon.coredns","mode":"managed","type":"aws_eks_addon","name":"coredns","provider_name":"registry.terraform.io/hashicorp/aws","schema_version":0,"values":{"addon_name":"coredns","cluster_name":"devops-challenge","pod_identity_association":[],"preserve":null,"resolve_conflicts":null,"resolve_conflicts_on_create":null,"resolve_conflicts_on_update":null,"service_account_role_arn":null,"tags":null,"tags_all":{"Environment":"dev","ManagedBy":"terraform","Project":"devops-challenge"},"timeouts":null},"sensitive_values":{"pod_identity_association":[],"tags_all":{}}},{"address":"aws_eks_addon.ebs_csi","mode":"managed","type":"aws_eks_addon","name":"ebs_csi","provider_name":"registry.terraform.io/hashicorp/aws","schema_version":0,"values":{"addon_name":"aws-ebs-csi-driver","cluster_name":"devops-challenge","pod_identity_association":[],"preserve":null,"resolve_conflicts":null,"resolve_conflicts_on_create":null,"resolve_conflicts_on_update":null,"tags":null,"tags_all":{"Environment":"dev","ManagedBy":"terraform","Project":"devops-challenge"},"timeouts":null},"sensitive_values":{"pod_identity_association":[],"tags_all":{}}},{"address":"aws_eks_addon.kube_proxy","mode":"managed","type":"aws_eks_addon","name":"kube_proxy","provider_name":"registry.terraform.io/hashicorp/aws","schema_version":0,"values":{"addon_name":"kube-proxy","cluster_name":"devops-challenge","pod_identity_association":[],"preserve":null,"resolve_conflicts":null,"resolve_conflicts_on_create":null,"resolve_conflicts_on_update":null,"service_account_role_arn":null,"tags":null,"tags_all":{"Environment":"dev","ManagedBy":"terraform","Project":"devops-challenge"},"timeouts":null},"sensitive_values":{"pod_identity_association":[],"tags_all":{}}},{"address":"aws_eks_addon.vpc_cni","mode":"managed","type":"aws_eks_addon","name":"vpc_cni","provider_name":"registry.terraform.io/hashicorp/aws","schema_version":0,"values":{"addon_name":"vpc-cni","cluster_name":"devops-challenge","pod_identity_association":[],"preserve":null,"resolve_conflicts":null,"resolve_conflicts_on_create":null,"resolve_conflicts_on_update":null,"service_account_role_arn":null,"tags":null,"tags_all":{"Environment":"dev","ManagedBy":"terraform","Project":"devops-challenge"},"timeouts":null},"sensitive_values":{"pod_identity_association":[],"tags_all":{}}},{"address":"aws_eks_cluster.this","mode":"managed","type":"aws_eks_cluster","name":"this","provider_name":"registry.terraform.io/hashicorp/aws","schema_version":1,"values":{"bootstrap_self_managed_addons":true,"compute_config":[],"enabled_cluster_log_types":["api","audit","authenticator","controllerManager","scheduler"],"encryption_config":[],"force_update_version":null,"name":"devops-challenge","outpost_config":[],"remote_network_config":[],"storage_config":[],"tags":{"Environment":"dev","ManagedBy":"terraform","Name":"devops-challenge","Project":"devops-challenge"},"tags_all":{"Environment":"dev","ManagedBy":"terraform","Name":"devops-challenge","Project":"devops-challenge"},"timeouts":null,"version":"1.29","vpc_config":[{"endpoint_private_access":true,"endpoint_public_access":true}],"zonal_shift_config":[]},"sensitive_values":{"access_config":[],"certificate_authority":[],"compute_config":[],"enabled_cluster_log_types":[false,false,false,false,false],"encryption_config":[],"identity":[],"kubernetes_network_config":[],"outpost_config":[],"remote_network_config":[],"storage_config":[],"tags":{},"tags_all":{},"upgrade_policy":[],"vpc_config":[{"public_access_cidrs":[],"security_group_ids":[],"subnet_ids":[]}],"zonal_shift_config":[]}},{"address":"aws_eks_node_group.default","mode":"managed","type":"aws_eks_node_group","name":"default","provider_name":"registry.terraform.io/hashicorp/aws","schema_version":0,"values":{"cluster_name":"devops-challenge","force_update_version":null,"instance_types":["t3.large"],"labels":null,"launch_template":[],"node_group_name":"devops-challenge-dev-ng","remote_access":[{"ec2_ssh_key":null,"source_security_group_ids":null}],"scaling_config":[{"desired_size":3,"max_size":6,"min_size":2}],"tags":{"Environment":"dev","ManagedBy":"terraform","Name":"devops-challenge-dev-ng","Project":"devops-challenge"},"tags_all":{"Environment":"dev","ManagedBy":"terraform","Name":"devops-challenge-dev-ng","Project":"devops-challenge"},"taint":[],"timeouts":null,"update_config":[{"max_unavailable":1,"max_unavailable_percentage":null}]},"sensitive_values":{"instance_types":[false],"launch_template":[],"node_repair_config":[],"remote_access":[{}],"resources":[],"scaling_config":[{}],"subnet_ids":[],"tags":{},"tags_all":{},"taint":[],"update_config":[{}]}},{"address":"aws_iam_openid_connect_provider.eks","mode":"managed","type":"aws_iam_openid_connect_provider","name":"eks","provider_name":"registry.terraform.io/hashicorp/aws","schema_version":0,"values":{"client_id_list":["sts.amazonaws.com"],"tags":{"Environment":"dev","ManagedBy":"terraform","Project":"devops-challenge"},"tags_all":{"Environment":"dev","ManagedBy":"terraform","Project":"devops-challenge"}},"sensitive_values":{"client_id_list":[false],"tags":{},"tags_all":{},"thumbprint_list":[]}},{"address":"aws_iam_role.ebs_csi","mode":"managed","type":"aws_iam_role","name":"ebs_csi","provider_name":"registry.terraform.io/hashicorp/aws","schema_version":0,"values":{"description":null,"force_detach_policies":false,"max_session_duration":3600,"name":"devops-challenge-dev-ebs-csi-irsa","path":"/","permissions_boundary":null,"tags":{"Environment":"dev","ManagedBy":"terraform","Project":"devops-challenge"},"tags_all":{"Environment":"dev","ManagedBy":"terraform","Project":"devops-challenge"}},"sensitive_values":{"inline_policy":[],"managed_policy_arns":[],"tags":{},"tags_all":{}}},{"address":"aws_iam_role.eks_cluster","mode":"managed","type":"aws_iam_role","name":"eks_cluster","provider_name":"registry.terraform.io/hashicorp/aws","schema_version":0,"values":{"assume_role_policy":"{\"Statement\":[{\"Action\":\"sts:AssumeRole\",\"Effect\":\"Allow\",\"Principal\":{\"Service\":\"eks.amazonaws.com\"}}],\"Version\":\"2012-10-17\"}","description":null,"force_detach_policies":false,"max_session_duration":3600,"name":"devops-challenge-dev-eks-cluster-role","path":"/","permissions_boundary":null,"tags":{"Environment":"dev","ManagedBy":"terraform","Project":"devops-challenge"},"tags_all":{"Environment":"dev","ManagedBy":"terraform","Project":"devops-challenge"}},"sensitive_values":{"inline_policy":[],"managed_policy_arns":[],"tags":{},"tags_all":{}}},{"address":"aws_iam_role.eks_node","mode":"managed","type":"aws_iam_role","name":"eks_node","provider_name":"registry.terraform.io/hashicorp/aws","schema_version":0,"values":{"assume_role_policy":"{\"Statement\":[{\"Action\":\"sts:AssumeRole\",\"Effect\":\"Allow\",\"Principal\":{\"Service\":\"ec2.amazonaws.com\"}}],\"Version\":\"2012-10-17\"}","description":null,"force_detach_policies":false,"max_session_duration":3600,"name":"devops-challenge-dev-eks-node-role","path":"/","permissions_boundary":null,"tags":{"Environment":"dev","ManagedBy":"terraform","Project":"devops-challenge"},"tags_all":{"Environment":"dev","ManagedBy":"terraform","Project":"devops-challenge"}},"sensitive_values":{"inline_policy":[],"managed_policy_arns":[],"tags":{},"tags_all":{}}},{"address":"aws_iam_role_policy_attachment.ebs_csi_policy","mode":"managed","type":"aws_iam_role_policy_attachment","name":"ebs_csi_policy","provider_name":"registry.terraform.io/hashicorp/aws","schema_version":0,"values":{"policy_arn":"arn:aws:iam::aws:policy/service-role/AmazonEBSCSIDriverPolicy","role":"devops-challenge-dev-ebs-csi-irsa"},"sensitive_values":{}},{"address":"aws_iam_role_policy_attachment.eks_cluster_AmazonEKSClusterPolicy","mode":"managed","type":"aws_iam_role_policy_attachment","name":"eks_cluster_AmazonEKSClusterPolicy","provider_name":"registry.terraform.io/hashicorp/aws","schema_version":0,"values":{"policy_arn":"arn:aws:iam::aws:policy/AmazonEKSClusterPolicy","role":"devops-challenge-dev-eks-cluster-role"},"sensitive_values":{}},{"address":"aws_iam_role_policy_attachment.eks_cluster_AmazonEKSServicePolicy","mode":"managed","type":"aws_iam_role_policy_attachment","name":"eks_cluster_AmazonEKSServicePolicy","provider_name":"registry.terraform.io/hashicorp/aws","schema_version":0,"values":{"policy_arn":"arn:aws:iam::aws:policy/AmazonEKSServicePolicy","role":"devops-challenge-dev-eks-cluster-role"},"sensitive_values":{}},{"address":"aws_iam_role_policy_attachment.node_AmazonEC2ContainerRegistryReadOnly","mode":"managed","type":"aws_iam_role_policy_attachment","name":"node_AmazonEC2ContainerRegistryReadOnly","provider_name":"registry.terraform.io/hashicorp/aws","schema_version":0,"values":{"policy_arn":"arn:aws:iam::aws:policy/AmazonEC2ContainerRegistryReadOnly","role":"devops-challenge-dev-eks-node-role"},"sensitive_values":{}},{"address":"aws_iam_role_policy_attachment.node_AmazonEKSWorkerNodePolicy","mode":"managed","type":"aws_iam_role_policy_attachment","name":"node_AmazonEKSWorkerNodePolicy","provider_name":"registry.terraform.io/hashicorp/aws","schema_version":0,"values":{"policy_arn":"arn:aws:iam::aws:policy/AmazonEKSWorkerNodePolicy","role":"devops-challenge-dev-eks-node-role"},"sensitive_values":{}},{"address":"aws_iam_role_policy_attachment.node_AmazonEKS_CNI_Policy","mode":"managed","type":"aws_iam_role_policy_attachment","name":"node_AmazonEKS_CNI_Policy","provider_name":"registry.terraform.io/hashicorp/aws","schema_version":0,"values":{"policy_arn":"arn:aws:iam::aws:policy/AmazonEKS_CNI_Policy","role":"devops-challenge-dev-eks-node-role"},"sensitive_values":{}},{"address":"aws_internet_gateway.this","mode":"managed","type":"aws_internet_gateway","name":"this","provider_name":"registry.terraform.io/hashicorp/aws","schema_version":0,"values":{"tags":{"Environment":"dev","ManagedBy":"terraform","Name":"devops-challenge-dev-igw","Project":"devops-challenge"},"tags_all":{"Environment":"dev","ManagedBy":"terraform","Name":"devops-challenge-dev-igw","Project":"devops-challenge"},"timeouts":null},"sensitive_values":{"tags":{},"tags_all":{}}},{"address":"aws_nat_gateway.this[\"ap-south-1a\"]","mode":"managed","type":"aws_nat_gateway","name":"this","index":"ap-south-1a","provider_name":"registry.terraform.io/hashicorp/aws","schema_version":0,"values":{"connectivity_type":"public","secondary_allocation_ids":null,"tags":{"Environment":"dev","ManagedBy":"terraform","Name":"devops-challenge-dev-nat-ap-south-1a","Project":"devops-challenge"},"tags_all":{"Environment":"dev","ManagedBy":"terraform","Name":"devops-challenge-dev-nat-ap-south-1a","Project":"devops-challenge"},"timeouts":null},"sensitive_values":{"secondary_private_ip_addresses":[],"tags":{},"tags_all":{}}},{"address":"aws_nat_gateway.this[\"ap-south-1b\"]","mode":"managed","type":"aws_nat_gateway","name":"this","index":"ap-south-1b","provider_name":"registry.terraform.io/hashicorp/aws","schema_version":0,"values":{"connectivity_type":"public","secondary_allocation_ids":null,"tags":{"Environment":"dev","ManagedBy":"terraform","Name":"devops-challenge-dev-nat-ap-south-1b","Project":"devops-challenge"},"tags_all":{"Environment":"dev","ManagedBy":"terraform","Name":"devops-challenge-dev-nat-ap-south-1b","Project":"devops-challenge"},"timeouts":null},"sensitive_values":{"secondary_private_ip_addresses":[],"tags":{},"tags_all":{}}},{"address":"aws_route.private_nat[\"ap-south-1a\"]","mode":"managed","type":"aws_route","name":"private_nat","index":"ap-south-1a","provider_name":"registry.terraform.io/hashicorp/aws","schema_version":0,"values":{"carrier_gateway_id":null,"core_network_arn":null,"destination_cidr_block":"0.0.0.0/0","destination_ipv6_cidr_block":null,"destination_prefix_list_id":null,"egress_only_gateway_id":null,"gateway_id":null,"local_gateway_id":null,"timeouts":null,"transit_gateway_id":null,"vpc_endpoint_id":null,"vpc_peering_connection_id":null},"sensitive_values":{}},{"address":"aws_route.private_nat[\"ap-south-1b\"]","mode":"managed","type":"aws_route","name":"private_nat","index":"ap-south-1b","provider_name":"registry.terraform.io/hashicorp/aws","schema_version":0,"values":{"carrier_gateway_id":null,"core_network_arn":null,"destination_cidr_block":"0.0.0.0/0","destination_ipv6_cidr_block":null,"destination_prefix_list_id":null,"egress_only_gateway_id":null,"gateway_id":null,"local_gateway_id":null,"timeouts":null,"transit_gateway_id":null,"vpc_endpoint_id":null,"vpc_peering_connection_id":null},"sensitive_values":{}},{"address":"aws_route.public_internet","mode":"managed","type":"aws_route","name":"public_internet","provider_name":"registry.terraform.io/hashicorp/aws","schema_version":0,"values":{"carrier_gateway_id":null,"core_network_arn":null,"destination_cidr_block":"0.0.0.0/0","destination_ipv6_cidr_block":null,"destination_prefix_list_id":null,"egress_only_gateway_id":null,"local_gateway_id":null,"nat_gateway_id":null,"timeouts":null,"transit_gateway_id":null,"vpc_endpoint_id":null,"vpc_peering_connection_id":null},"sensitive_values":{}},{"address":"aws_route_table.private[\"ap-south-1a\"]","mode":"managed","type":"aws_route_table","name":"private","index":"ap-south-1a","provider_name":"registry.terraform.io/hashicorp/aws","schema_version":0,"values":{"tags":{"Environment":"dev","ManagedBy":"terraform","Name":"devops-challenge-dev-private-rt-ap-south-1a","Project":"devops-challenge"},"tags_all":{"Environment":"dev","ManagedBy":"terraform","Name":"devops-challenge-dev-private-rt-ap-south-1a","Project":"devops-challenge"},"timeouts":null},"sensitive_values":{"propagating_vgws":[],"route":[],"tags":{},"tags_all":{}}},{"address":"aws_route_table.private[\"ap-south-1b\"]","mode":"managed","type":"aws_route_table","name":"private","index":"ap-south-1b","provider_name":"registry.terraform.io/hashicorp/aws","schema_version":0,"values":{"tags":{"Environment":"dev","ManagedBy":"terraform","Name":"devops-challenge-dev-private-rt-ap-south-1b","Project":"devops-challenge"},"tags_all":{"Environment":"dev","ManagedBy":"terraform","Name":"devops-challenge-dev-private-rt-ap-south-1b","Project":"devops-challenge"},"timeouts":null},"sensitive_values":{"propagating_vgws":[],"route":[],"tags":{},"tags_all":{}}},{"address":"aws_route_table.public","mode":"managed","type":"aws_route_table","name":"public","provider_name":"registry.terraform.io/hashicorp/aws","schema_version":0,"values":{"tags":{"Environment":"dev","ManagedBy":"terraform","Name":"devops-challenge-dev-public-rt","Project":"devops-challenge"},"tags_all":{"Environment":"dev","ManagedBy":"terraform","Name":"devops-challenge-dev-public-rt","Project":"devops-challenge"},"timeouts":null},"sensitive_values":{"propagating_vgws":[],"route":[],"tags":{},"tags_all":{}}},{"address":"aws_route_table_association.private[\"ap-south-1a\"]","mode":"managed","type":"aws_route_table_association","name":"private","index":"ap-south-1a","provider_name":"registry.terraform.io/hashicorp/aws","schema_version":0,"values":{"gateway_id":null,"timeouts":null},"sensitive_values":{}},{"address":"aws_route_table_association.private[\"ap-south-1b\"]","mode":"managed","type":"aws_route_table_association","name":"private","index":"ap-south-1b","provider_name":"registry.terraform.io/hashicorp/aws","schema_version":0,"values":{"gateway_id":null,"timeouts":null},"sensitive_values":{}},{"address":"aws_route_table_association.public[\"ap-south-1a\"]","mode":"managed","type":"aws_route_table_association","name":"public","index":"ap-south-1a","provider_name":"registry.terraform.io/hashicorp/aws","schema_version":0,"values":{"gateway_id":null,"timeouts":null},"sensitive_values":{}},{"address":"aws_route_table_association.public[\"ap-south-1b\"]","mode":"managed","type":"aws_route_table_association","name":"public","index":"ap-south-1b","provider_name":"registry.terraform.io/hashicorp/aws","schema_version":0,"values":{"gateway_id":null,"timeouts":null},"sensitive_values":{}},{"address":"aws_security_group.eks_cluster","mode":"managed","type":"aws_security_group","name":"eks_cluster","provider_name":"registry.terraform.io/hashicorp/aws","schema_version":1,"values":{"description":"EKS cluster security group","name":"devops-challenge-dev-eks-cluster-sg","revoke_rules_on_delete":false,"tags":{"Environment":"dev","ManagedBy":"terraform","Name":"devops-challenge-dev-eks-cluster-sg","Project":"devops-challenge"},"tags_all":{"Environment":"dev","ManagedBy":"terraform","Name":"devops-challenge-dev-eks-cluster-sg","Project":"devops-challenge"},"timeouts":null},"sensitive_values":{"egress":[],"ingress":[],"tags":{},"tags_all":{}}},{"address":"aws_security_group.eks_nodes","mode":"managed","type":"aws_security_group","name":"eks_nodes","provider_name":"registry.terraform.io/hashicorp/aws","schema_version":1,"values":{"description":"EKS node security group","name":"devops-challenge-dev-eks-nodes-sg","revoke_rules_on_delete":false,"tags":{"Environment":"dev","ManagedBy":"terraform","Name":"devops-challenge-dev-eks-nodes-sg","Project":"devops-challenge"},"tags_all":{"Environment":"dev","ManagedBy":"terraform","Name":"devops-challenge-dev-eks-nodes-sg","Project":"devops-challenge"},"timeouts":null},"sensitive_values":{"egress":[],"ingress":[],"tags":{},"tags_all":{}}},{"address":"aws_security_group_rule.cluster_egress_all","mode":"managed","type":"aws_security_group_rule","name":"cluster_egress_all","provider_name":"registry.terraform.io/hashicorp/aws","schema_version":2,"values":{"cidr_blocks":["0.0.0.0/0"],"description":"Allow all egress","from_port":0,"ipv6_cidr_blocks":null,"prefix_list_ids":null,"protocol":"-1","self":false,"timeouts":null,"to_port":0,"type":"egress"},"sensitive_values":{"cidr_blocks":[false]}},{"address":"aws_security_group_rule.cluster_from_nodes","mode":"managed","type":"aws_security_group_rule","name":"cluster_from_nodes","provider_name":"registry.terraform.io/hashicorp/aws","schema_version":2,"values":{"cidr_blocks":null,"description":"Node to cluster all traffic","from_port":0,"ipv6_cidr_blocks":null,"prefix_list_ids":null,"protocol":"-1","self":false,"timeouts":null,"to_port":0,"type":"ingress"},"sensitive_values":{}},{"address":"aws_security_group_rule.nodes_all_self","mode":"managed","type":"aws_security_group_rule","name":"nodes_all_self","provider_name":"registry.terraform.io/hashicorp/aws","schema_version":2,"values":{"cidr_blocks":null,"description":"Node to node all traffic","from_port":0,"ipv6_cidr_blocks":null,"prefix_list_ids":null,"protocol":"-1","self":true,"timeouts":null,"to_port":0,"type":"ingress"},"sensitive_values":{}},{"address":"aws_security_group_rule.nodes_egress_all","mode":"managed","type":"aws_security_group_rule","name":"nodes_egress_all","provider_name":"registry.terraform.io/hashicorp/aws","schema_version":2,"values":{"cidr_blocks":["0.0.0.0/0"],"description":"Allow all egress","from_port":0,"ipv6_cidr_blocks":null,"prefix_list_ids":null,"protocol":"-1","self":false,"timeouts":null,"to_port":0,"type":"egress"},"sensitive_values":{"cidr_blocks":[false]}},{"address":"aws_security_group_rule.nodes_from_cluster","mode":"managed","type":"aws_security_group_rule","name":"nodes_from_cluster","provider_name":"registry.terraform.io/hashicorp/aws","schema_version":2,"values":{"cidr_blocks":null,"description":"Cluster to node all traffic","from_port":0,"ipv6_cidr_blocks":null,"prefix_list_ids":null,"protocol":"-1","self":false,"timeouts":null,"to_port":0,"type":"ingress"},"sensitive_values":{}},{"address":"aws_subnet.private[\"ap-south-1a\"]","mode":"managed","type":"aws_subnet","name":"private","index":"ap-south-1a","provider_name":"registry.terraform.io/hashicorp/aws","schema_version":1,"values":{"assign_ipv6_address_on_creation":false,"availability_zone":"ap-south-1a","cidr_block":"10.0.10.0/24","customer_owned_ipv4_pool":null,"enable_dns64":false,"enable_lni_at_device_index":null,"enable_resource_name_dns_a_record_on_launch":false,"enable_resource_name_dns_aaaa_record_on_launch":false,"ipv6_cidr_block":null,"ipv6_native":false,"map_customer_owned_ip_on_launch":null,"map_public_ip_on_launch":false,"outpost_arn":null,"tags":{"Environment":"dev","ManagedBy":"terraform","Name":"devops-challenge-dev-private-ap-south-1a","Project":"devops-challenge","kubernetes.io/role/internal-elb":"1"},"tags_all":{"Environment":"dev","ManagedBy":"terraform","Name":"devops-challenge-dev-private-ap-south-1a","Project":"devops-challenge","kubernetes.io/role/internal-elb":"1"},"timeouts":null},"sensitive_values":{"tags":{},"tags_all":{}}},{"address":"aws_subnet.private[\"ap-south-1b\"]","mode":"managed","type":"aws_subnet","name":"private","index":"ap-south-1b","provider_name":"registry.terraform.io/hashicorp/aws","schema_version":1,"values":{"assign_ipv6_address_on_creation":false,"availability_zone":"ap-south-1b","cidr_block":"10.0.11.0/24","customer_owned_ipv4_pool":null,"enable_dns64":false,"enable_lni_at_device_index":null,"enable_resource_name_dns_a_record_on_launch":false,"enable_resource_name_dns_aaaa_record_on_launch":false,"ipv6_cidr_block":null,"ipv6_native":false,"map_customer_owned_ip_on_launch":null,"map_public_ip_on_launch":false,"outpost_arn":null,"tags":{"Environment":"dev","ManagedBy":"terraform","Name":"devops-challenge-dev-private-ap-south-1b","Project":"devops-challenge","kubernetes.io/role/internal-elb":"1"},"tags_all":{"Environment":"dev","ManagedBy":"terraform","Name":"devops-challenge-dev-private-ap-south-1b","Project":"devops-challenge","kubernetes.io/role/internal-elb":"1"},"timeouts":null},"sensitive_values":{"tags":{},"tags_all":{}}},{"address":"aws_subnet.public[\"ap-south-1a\"]","mode":"managed","type":"aws_subnet","name":"public","index":"ap-south-1a","provider_name":"registry.terraform.io/hashicorp/aws","schema_version":1,"values":{"assign_ipv6_address_on_creation":false,"availability_zone":"ap-south-1a","cidr_block":"10.0.0.0/24","customer_owned_ipv4_pool":null,"enable_dns64":false,"enable_lni_at_device_index":null,"enable_resource_name_dns_a_record_on_launch":false,"enable_resource_name_dns_aaaa_record_on_launch":false,"ipv6_cidr_block":null,"ipv6_native":false,"map_customer_owned_ip_on_launch":null,"map_public_ip_on_launch":true,"outpost_arn":null,"tags":{"Environment":"dev","ManagedBy":"terraform","Name":"devops-challenge-dev-public-ap-south-1a","Project":"devops-challenge","kubernetes.io/role/elb":"1"},"tags_all":{"Environment":"dev","ManagedBy":"terraform","Name":"devops-challenge-dev-public-ap-south-1a","Project":"devops-challenge","kubernetes.io/role/elb":"1"},"timeouts":null},"sensitive_values":{"tags":{},"tags_all":{}}},{"address":"aws_subnet.public[\"ap-south-1b\"]","mode":"managed","type":"aws_subnet","name":"public","index":"ap-south-1b","provider_name":"registry.terraform.io/hashicorp/aws","schema_version":1,"values":{"assign_ipv6_address_on_creation":false,"availability_zone":"ap-south-1b","cidr_block":"10.0.1.0/24","customer_owned_ipv4_pool":null,"enable_dns64":false,"enable_lni_at_device_index":null,"enable_resource_name_dns_a_record_on_launch":false,"enable_resource_name_dns_aaaa_record_on_launch":false,"ipv6_cidr_block":null,"ipv6_native":false,"map_customer_owned_ip_on_launch":null,"map_public_ip_on_launch":true,"outpost_arn":null,"tags":{"Environment":"dev","ManagedBy":"terraform","Name":"devops-challenge-dev-public-ap-south-1b","Project":"devops-challenge","kubernetes.io/role/elb":"1"},"tags_all":{"Environment":"dev","ManagedBy":"terraform","Name":"devops-challenge-dev-public-ap-south-1b","Project":"devops-challenge","kubernetes.io/role/elb":"1"},"timeouts":null},"sensitive_values":{"tags":{},"tags_all":{}}},{"address":"aws_vpc.this","mode":"managed","type":"aws_vpc","name":"this","provider_name":"registry.terraform.io/hashicorp/aws","schema_version":1,"values":{"assign_generated_ipv6_cidr_block":null,"cidr_block":"10.0.0.0/16","enable_dns_hostnames":true,"enable_dns_support":true,"instance_tenancy":"default","ipv4_ipam_pool_id":null,"ipv4_netmask_length":null,"ipv6_ipam_pool_id":null,"ipv6_netmask_length":null,"tags":{"Environment":"dev","ManagedBy":"terraform","Name":"devops-challenge-dev-vpc","Project":"devops-challenge"},"tags_all":{"Environment":"dev","ManagedBy":"terraform","Name":"devops-challenge-dev-vpc","Project":"devops-challenge"}},"sensitive_values":{"tags":{},"tags_all":{}}},{"address":"aws_vpc_endpoint.s3","mode":"managed","type":"aws_vpc_endpoint","name":"s3","provider_name":"registry.terraform.io/hashicorp/aws","schema_version":0,"values":{"auto_accept":null,"resource_configuration_arn":null,"service_name":"com.amazonaws.ap-south-1.s3","service_network_arn":null,"tags":{"Environment":"dev","ManagedBy":"terraform","Name":"devops-challenge-dev-s3-endpoint","Project":"devops-challenge"},"tags_all":{"Environment":"dev","ManagedBy":"terraform","Name":"devops-challenge-dev-s3-endpoint","Project":"devops-challenge"},"timeouts":null,"vpc_endpoint_type":"Gateway"},"sensitive_values":{"cidr_blocks":[],"dns_entry":[],"dns_options":[],"network_interface_ids":[],"route_table_ids":[],"security_group_ids":[],"subnet_configuration":[],"subnet_ids":[],"tags":{},"tags_all":{}}},{"address":"data.aws_eks_cluster.this","mode":"data","type":"aws_eks_cluster","name":"this","provider_name":"registry.terraform.io/hashicorp/aws","schema_version":0,"values":{"name":"devops-challenge"},"sensitive_values":{"access_config":[],"certificate_authority":[],"compute_config":[],"enabled_cluster_log_types":[],"identity":[],"kubernetes_network_config":[],"outpost_config":[],"remote_network_config":[],"storage_config":[],"tags":{},"upgrade_policy":[],"vpc_config":[],"zonal_shift_config":[]}},{"address":"data.aws_eks_cluster_auth.this","mode":"data","type":"aws_eks_cluster_auth","name":"this","provider_name":"registry.terraform.io/hashicorp/aws","schema_version":0,"values":{"name":"devops-challenge"},"sensitive_values":{"token":true}},{"address":"data.tls_certificate.oidc","mode":"data","type":"tls_certificate","name":"oidc","provider_name":"registry.terraform.io/hashicorp/tls","schema_version":0,"values":{"content":null,"verify_chain":null},"sensitive_values":{"certificates":[]}},{"address":"kubernetes_namespace.energi","mode":"managed","type":"kubernetes_namespace","name":"energi","provider_name":"registry.terraform.io/hashicorp/kubernetes","schema_version":0,"values":{"metadata":[{"annotations":null,"generate_name":null,"labels":{"app.kubernetes.io/name":"energi"},"name":"energi"}],"timeouts":null,"wait_for_default_service_account":false},"sensitive_values":{"metadata":[{"labels":{}}]}},{"address":"kubernetes_service.energi_headless","mode":"managed","type":"kubernetes_service","name":"energi_headless","provider_name":"registry.terraform.io/hashicorp/kubernetes","schema_version":1,"values":{"metadata":[{"annotations":null,"generate_name":null,"labels":{"app":"energi-node"},"name":"energi-node","namespace":"energi"}],"spec":[{"allocate_load_balancer_node_ports":true,"cluster_ip":"None","external_ips":null,"external_name":null,"load_balancer_class":null,"load_balancer_ip":null,"load_balancer_source_ranges":null,"port":[{"app_protocol":null,"name":"rpc","port":39797,"protocol":"TCP","target_port":"39797"},{"app_protocol":null,"name":"p2p","port":39798,"protocol":"TCP","target_port":"39798"}],"publish_not_ready_addresses":false,"selector":{"app":"energi-node"},"session_affinity":"None","type":"ClusterIP"}],"timeouts":null,"wait_for_load_balancer":true},"sensitive_values":{"metadata":[{"labels":{}}],"spec":[{"cluster_ips":[],"ip_families":[],"port":[{},{}],"selector":{},"session_affinity_config":[]}],"status":[]}},{"address":"kubernetes_service.energi_p2p_lb[0]","mode":"managed","type":"kubernetes_service","name":"energi_p2p_lb","index":0,"provider_name":"registry.terraform.io/hashicorp/kubernetes","schema_version":1,"values":{"metadata":[{"annotations":{"service.beta.kubernetes.io/aws-load-balancer-nlb-target-type":"ip","service.beta.kubernetes.io/aws-load-balancer-scheme":"internet-facing","service.beta.kubernetes.io/aws-load-balancer-type":"nlb"},"generate_name":null,"labels":{"app":"energi-node"},"name":"energi-p2p","namespace":"energi"}],"spec":[{"allocate_load_balancer_node_ports":true,"external_ips":null,"external_name":null,"load_balancer_class":null,"load_balancer_ip":null,"load_balancer_source_ranges":null,"port":[{"app_protocol":null,"name":"p2p","port":39798,"protocol":"TCP","target_port":"39798"}],"publish_not_ready_addresses":false,"selector":{"app":"energi-node"},"session_affinity":"None","type":"LoadBalancer"}],"timeouts":null,"wait_for_load_balancer":true},"sensitive_values":{"metadata":[{"annotations":{},"labels":{}}],"spec":[{"cluster_ips":[],"ip_families":[],"port":[{}],"selector":{},"session_affinity_config":[]}],"status":[]}},{"address":"kubernetes_service.energi_rpc_lb[0]","mode":"managed","type":"kubernetes_service","name":"energi_rpc_lb","index":0,"provider_name":"registry.terraform.io/hashicorp/kubernetes","schema_version":1,"values":{"metadata":[{"annotations":{"service.beta.kubernetes.io/aws-load-balancer-nlb-target-type":"ip","service.beta.kubernetes.io/aws-load-balancer-scheme":"internal","service.beta.kubernetes.io/aws-load-balancer-type":"nlb","service.beta.kubernetes.io/load-balancer-source-ranges":"10.0.0.0/8"},"generate_name":null,"labels":{"app":"energi-node"},"name":"energi-rpc","namespace":"energi"}],"spec":[{"allocate_load_balancer_node_ports":true,"external_ips":null,"external_name":null,"load_balancer_class":null,"load_balancer_ip":null,"load_balancer_source_ranges":null,"port":[{"app_protocol":null,"name":"rpc","port":39797,"protocol":"TCP","target_port":"39797"}],"publish_not_ready_addresses":false,"selector":{"app":"energi-node"},"session_affinity":"None","type":"LoadBalancer"}],"timeouts":null,"wait_for_load_balancer":true},"sensitive_values":{"metadata":[{"annotations":{},"labels":{}}],"spec":[{"cluster_ips":[],"ip_families":[],"port":[{}],"selector":{},"session_affinity_config":[]}],"status":[]}},{"address":"kubernetes_stateful_set.energi","mode":"managed","type":"kubernetes_stateful_set","name":"energi","provider_name":"registry.terraform.io/hashicorp/kubernetes","schema_version":1,"values":{"metadata":[{"annotations":null,"generate_name":null,"labels":{"app":"energi-node"},"name":"energi-node","namespace":"energi"}],"spec":[{"min_ready_seconds":0,"replicas":"3","selector":[{"match_expressions":[],"match_labels":{"app":"energi-node"}}],"service_name":"energi-node","template":[{"metadata":[{"annotations":null,"generate_name":null,"labels":{"app":"energi-node"},"namespace":null}],"spec":[{"active_deadline_seconds":null,"affinity":[],"automount_service_account_token":true,"container":[{"args":null,"command":null,"env":[],"env_from":[],"image":"awskanojia/devops-challenge:latest","lifecycle":[],"liveness_probe":[],"name":"energi-node","port":[{"container_port":39797,"host_ip":null,"host_port":null,"name":"rpc","protocol":"TCP"},{"container_port":39798,"host_ip":null,"host_port":null,"name":"p2p","protocol":"TCP"}],"readiness_probe":[],"resources":[{"limits":{"cpu":"1","memory":"1Gi"},"requests":{"cpu":"500m","memory":"512Mi"}}],"security_context":[],"startup_probe":[],"stdin":false,"stdin_once":false,"termination_message_path":"/dev/termination-log","tty":false,"volume_device":[],"volume_mount":[{"mount_path":"/opt","mount_propagation":"None","name":"data","read_only":false,"sub_path":null,"sub_path_expr":null}],"working_dir":null}],"dns_config":[],"dns_policy":"ClusterFirst","enable_service_links":true,"host_aliases":[],"host_ipc":false,"host_network":false,"host_pid":false,"init_container":[],"node_selector":null,"os":[],"priority_class_name":null,"restart_policy":"Always","runtime_class_name":null,"security_context":[],"share_process_namespace":false,"subdomain":null,"termination_grace_period_seconds":30,"toleration":[],"topology_spread_constraint":[],"volume":[]}]}],"update_strategy":[],"volume_claim_template":[{"metadata":[{"annotations":null,"generate_name":null,"labels":null,"name":"data","namespace":"default"}],"spec":[{"access_modes":["ReadWriteOnce"],"resources":[{"limits":null,"requests":{"storage":"1Gi"}}],"selector":[],"storage_class_name":"gp3-encrypted"}]}]}],"timeouts":null,"wait_for_rollout":true},"sensitive_values":{"metadata":[{"labels":{}}],"spec":[{"persistent_volume_claim_retention_policy":[],"selector":[{"match_expressions":[],"match_labels":{}}],"template":[{"metadata":[{"labels":{}}],"spec":[{"affinity":[],"container":[{"env":[],"env_from":[],"lifecycle":[],"liveness_probe":[],"port":[{},{}],"readiness_probe":[],"resources":[{"limits":{},"requests":{}}],"security_context":[],"startup_probe":[],"volume_device":[],"volume_mount":[{}]}],"dns_config":[],"host_aliases":[],"image_pull_secrets":[],"init_container":[],"os":[],"readiness_gate":[],"security_context":[],"toleration":[],"topology_spread_constraint":[],"volume":[]}]}],"update_strategy":[],"volume_claim_template":[{"metadata":[{}],"spec":[{"access_modes":[false],"resources":[{"requests":{}}],"selector":[]}]}]}]}},{"address":"kubernetes_storage_class.gp3_encrypted","mode":"managed","type":"kubernetes_storage_class","name":"gp3_encrypted","provider_name":"registry.terraform.io/hashicorp/kubernetes","schema_version":0,"values":{"allow_volume_expansion":true,"allowed_topologies":[],"metadata":[{"annotations":{"storageclass.kubernetes.io/is-default-class":"true"},"generate_name":null,"labels":null,"name":"gp3-encrypted"}],"mount_options":null,"parameters":{"encrypted":"true","fsType":"ext4","type":"gp3"},"reclaim_policy":"Delete","storage_provisioner":"ebs.csi.aws.com","volume_binding_mode":"WaitForFirstConsumer"},"sensitive_values":{"allowed_topologies":[],"metadata":[{"annotations":{}}],"parameters":{}}}]}},"resource_changes":[{"address":"data.aws_eks_cluster.this","mode":"data","type":"aws_eks_cluster","name":"this","provider_name":"registry.terraform.io/hashicorp/aws","change":{"actions":["read"],"before":null,"after":{"name":"devops-challenge"},"after_unknown":{"access_config":true,"arn":true,"certificate_authority":true,"cluster_id":true,"compute_config":true,"created_at":true,"enabled_cluster_log_types":true,"endpoint":true,"id":true,"identity":true,"kubernetes_network_config":true,"outpost_config":true,"platform_version":true,"remote_network_config":true,"role_arn":true,"status":true,"storage_config":true,"tags":true,"upgrade_policy":true,"version":true,"vpc_config":true,"zonal_shift_config":true},"before_sensitive":false,"after_sensitive":{"access_config":[],"certificate_authority":[],"compute_config":[],"enabled_cluster_log_types":[],"identity":[],"kubernetes_network_config":[],"outpost_config":[],"remote_network_config":[],"storage_config":[],"tags":{},"upgrade_policy":[],"vpc_config":[],"zonal_shift_config":[]}},"action_reason":"read_because_dependency_pending"},{"address":"data.aws_eks_cluster_auth.this","mode":"data","type":"aws_eks_cluster_auth","name":"this","provider_name":"registry.terraform.io/hashicorp/aws","change":{"actions":["read"],"before":null,"after":{"name":"devops-challenge"},"after_unknown":{"id":true,"token":true},"before_sensitive":false,"after_sensitive":{"token":true}},"action_reason":"read_because_dependency_pending"},{"address":"data.tls_certificate.oidc","mode":"data","type":"tls_certificate","name":"oidc","provider_name":"registry.terraform.io/hashicorp/tls","change":{"actions":["read"],"before":null,"after":{"content":null,"verify_chain":null},"after_unknown":{"certificates":true,"id":true,"url":true},"before_sensitive":false,"after_sensitive":{"certificates":[]}},"action_reason":"read_because_config_unknown"},{"address":"aws_eip.nat[\"ap-south-1a\"]","mode":"managed","type":"aws_eip","name":"nat","index":"ap-south-1a","provider_name":"registry.terraform.io/hashicorp/aws","change":{"actions":["create"],"before":null,"after":{"address":null,"associate_with_private_ip":null,"customer_owned_ipv4_pool":null,"domain":"vpc","tags":{"Environment":"dev","ManagedBy":"terraform","Name":"devops-challenge-dev-nat-eip-ap-south-1a","Project":"devops-challenge"},"tags_all":{"Environment":"dev","ManagedBy":"terraform","Name":"devops-challenge-dev-nat-eip-ap-south-1a","Project":"devops-challenge"},"timeouts":null},"after_unknown":{"allocation_id":true,"arn":true,"association_id":true,"carrier_ip":true,"customer_owned_ip":true,"id":true,"instance":true,"ipam_pool_id":true,"network_border_group":true,"network_interface":true,"private_dns":true,"private_ip":true,"ptr_record":true,"public_dns":true,"public_ip":true,"public_ipv4_pool":true,"tags":{},"tags_all":{},"vpc":true},"before_sensitive":false,"after_sensitive":{"tags":{},"tags_all":{}}}},{"address":"aws_eip.nat[\"ap-south-1b\"]","mode":"managed","type":"aws_eip","name":"nat","index":"ap-south-1b","provider_name":"registry.terraform.io/hashicorp/aws","change":{"actions":["create"],"before":null,"after":{"address":null,"associate_with_private_ip":null,"customer_owned_ipv4_pool":null,"domain":"vpc","tags":{"Environment":"dev","ManagedBy":"terraform","Name":"devops-challenge-dev-nat-eip-ap-south-1b","Project":"devops-challenge"},"tags_all":{"Environment":"dev","ManagedBy":"terraform","Name":"devops-challenge-dev-nat-eip-ap-south-1b","Project":"devops-challenge"},"timeouts":null},"after_unknown":{"allocation_id":true,"arn":true,"association_id":true,"carrier_ip":true,"customer_owned_ip":true,"id":true,"instance":true,"ipam_pool_id":true,"network_border_group":true,"network_interface":true,"private_dns":true,"private_ip":true,"ptr_record":true,"public_dns":true,"public_ip":true,"public_ipv4_pool":true,"tags":{},"tags_all":{},"vpc":true},"before_sensitive":false,"after_sensitive":{"tags":{},"tags_all":{}}}},{"address":"aws_eks_addon.coredns","mode":"managed","type":"aws_eks_addon","name":"coredns","provider_name":"registry.terraform.io/hashicorp/aws","change":{"actions":["create"],"before":null,"after":{"addon_name":"coredns","cluster_name":"devops-challenge","pod_identity_association":[],"preserve":null,"resolve_conflicts":null,"resolve_conflicts_on_create":null,"resolve_conflicts_on_update":null,"service_account_role_arn":null,"tags":null,"tags_all":{"Environment":"dev","ManagedBy":"terraform","Project":"devops-challenge"},"timeouts":null},"after_unknown":{"addon_version":true,"arn":true,"configuration_values":true,"created_at":true,"id":true,"modified_at":true,"pod_identity_association":[],"tags_all":{}},"before_sensitive":false,"after_sensitive":{"pod_identity_association":[],"tags_all":{}}}},{"address":"aws_eks_addon.ebs_csi","mode":"managed","type":"aws_eks_addon","name":"ebs_csi","provider_name":"registry.terraform.io/hashicorp/aws","change":{"actions":["create"],"before":null,"after":{"addon_name":"aws-ebs-csi-driver","cluster_name":"devops-challenge","pod_identity_association":[],"preserve":null,"resolve_conflicts":null,"resolve_conflicts_on_create":null,"resolve_conflicts_on_update":null,"tags":null,"tags_all":{"Environment":"dev","ManagedBy":"terraform","Project":"devops-challenge"},"timeouts":null},"after_unknown":{"addon_version":true,"arn":true,"configuration_values":true,"created_at":true,"id":true,"modified_at":true,"pod_identity_association":[],"service_account_role_arn":true,"tags_all":{}},"before_sensitive":false,"after_sensitive":{"pod_identity_association":[],"tags_all":{}}}},{"address":"aws_eks_addon.kube_proxy","mode":"managed","type":"aws_eks_addon","name":"kube_proxy","provider_name":"registry.terraform.io/hashicorp/aws","change":{"actions":["create"],"before":null,"after":{"addon_name":"kube-proxy","cluster_name":"devops-challenge","pod_identity_association":[],"preserve":null,"resolve_conflicts":null,"resolve_conflicts_on_create":null,"resolve_conflicts_on_update":null,"service_account_role_arn":null,"tags":null,"tags_all":{"Environment":"dev","ManagedBy":"terraform","Project":"devops-challenge"},"timeouts":null},"after_unknown":{"addon_version":true,"arn":true,"configuration_values":true,"created_at":true,"id":true,"modified_at":true,"pod_identity_association":[],"tags_all":{}},"before_sensitive":false,"after_sensitive":{"pod_identity_association":[],"tags_all":{}}}},{"address":"aws_eks_addon.vpc_cni","mode":"managed","type":"aws_eks_addon","name":"vpc_cni","provider_name":"registry.terraform.io/hashicorp/aws","change":{"actions":["create"],"before":null,"after":{"addon_name":"vpc-cni","cluster_name":"devops-challenge","pod_identity_association":[],"preserve":null,"resolve_conflicts":null,"resolve_conflicts_on_create":null,"resolve_conflicts_on_update":null,"service_account_role_arn":null,"tags":null,"tags_all":{"Environment":"dev","ManagedBy":"terraform","Project":"devops-challenge"},"timeouts":null},"after_unknown":{"addon_version":true,"arn":true,"configuration_values":true,"created_at":true,"id":true,"modified_at":true,"pod_identity_association":[],"tags_all":{}},"before_sensitive":false,"after_sensitive":{"pod_identity_association":[],"tags_all":{}}}},{"address":"aws_eks_cluster.this","mode":"managed","type":"aws_eks_cluster","name":"this","provider_name":"registry.terraform.io/hashicorp/aws","change":{"actions":["create"],"before":null,"after":{"bootstrap_self_managed_addons":true,"compute_config":[],"enabled_cluster_log_types":["api","audit","authenticator","controllerManager","scheduler"],"encryption_config":[],"force_update_version":null,"name":"devops-challenge","outpost_config":[],"remote_network_config":[],"storage_config":[],"tags":{"Environment":"dev","ManagedBy":"terraform","Name":"devops-challenge","Project":"devops-challenge"},"tags_all":{"Environment":"dev","ManagedBy":"terraform","Name":"devops-challenge","Project":"devops-challenge"},"timeouts":null,"version":"1.29","vpc_config":[{"endpoint_private_access":true,"endpoint_public_access":true}],"zonal_shift_config":[]},"after_unknown":{"access_config":true,"arn":true,"certificate_authority":true,"cluster_id":true,"compute_config":[],"created_at":true,"enabled_cluster_log_types":[false,false,false,false,false],"encryption_config":[],"endpoint":true,"id":true,"identity":true,"kubernetes_network_config":true,"outpost_config":[],"platform_version":true,"remote_network_config":[],"role_arn":true,"status":true,"storage_config":[],"tags":{},"tags_all":{},"upgrade_policy":true,"vpc_config":[{"cluster_security_group_id":true,"public_access_cidrs":true,"security_group_ids":true,"subnet_ids":true,"vpc_id":true}],"zonal_shift_config":[]},"before_sensitive":false,"after_sensitive":{"access_config":[],"certificate_authority":[],"compute_config":[],"enabled_cluster_log_types":[false,false,false,false,false],"encryption_config":[],"identity":[],"kubernetes_network_config":[],"outpost_config":[],"remote_network_config":[],"storage_config":[],"tags":{},"tags_all":{},"upgrade_policy":[],"vpc_config":[{"public_access_cidrs":[],"security_group_ids":[],"subnet_ids":[]}],"zonal_shift_config":[]}}},{"address":"aws_eks_node_group.default","mode":"managed","type":"aws_eks_node_group","name":"default","provider_name":"registry.terraform.io/hashicorp/aws","change":{"actions":["create"],"before":null,"after":{"cluster_name":"devops-challenge","force_update_version":null,"instance_types":["t3.large"],"labels":null,"launch_template":[],"node_group_name":"devops-challenge-dev-ng","remote_access":[{"ec2_ssh_key":null,"source_security_group_ids":null}],"scaling_config":[{"desired_size":3,"max_size":6,"min_size":2}],"tags":{"Environment":"dev","ManagedBy":"terraform","Name":"devops-challenge-dev-ng","Project":"devops-challenge"},"tags_all":{"Environment":"dev","ManagedBy":"terraform","Name":"devops-challenge-dev-ng","Project":"devops-challenge"},"taint":[],"timeouts":null,"update_config":[{"max_unavailable":1,"max_unavailable_percentage":null}]},"after_unknown":{"ami_type":true,"arn":true,"capacity_type":true,"disk_size":true,"id":true,"instance_types":[false],"launch_template":[],"node_group_name_prefix":true,"node_repair_config":true,"node_role_arn":true,"release_version":true,"remote_access":[{}],"resources":true,"scaling_config":[{}],"status":true,"subnet_ids":true,"tags":{},"tags_all":{},"taint":[],"update_config":[{}],"version":true},"before_sensitive":false,"after_sensitive":{"instance_types":[false],"launch_template":[],"node_repair_config":[],"remote_access":[{}],"resources":[],"scaling_config":[{}],"subnet_ids":[],"tags":{},"tags_all":{},"taint":[],"update_config":[{}]}}},{"address":"aws_iam_openid_connect_provider.eks","mode":"managed","type":"aws_iam_openid_connect_provider","name":"eks","provider_name":"registry.terraform.io/hashicorp/aws","change":{"actions":["create"],"before":null,"after":{"client_id_list":["sts.amazonaws.com"],"tags":{"Environment":"dev","ManagedBy":"terraform","Project":"devops-challenge"},"tags_all":{"Environment":"dev","ManagedBy":"terraform","Project":"devops-challenge"}},"after_unknown":{"arn":true,"client_id_list":[false],"id":true,"tags":{},"tags_all":{},"thumbprint_list":true,"url":true},"before_sensitive":false,"after_sensitive":{"client_id_list":[false],"tags":{},"tags_all":{},"thumbprint_list":[]}}},{"address":"aws_iam_role.ebs_csi","mode":"managed","type":"aws_iam_role","name":"ebs_csi","provider_name":"registry.terraform.io/hashicorp/aws","change":{"actions":["create"],"before":null,"after":{"description":null,"force_detach_policies":false,"max_session_duration":3600,"name":"devops-challenge-dev-ebs-csi-irsa","path":"/","permissions_boundary":null,"tags":{"Environment":"dev","ManagedBy":"terraform","Project":"devops-challenge"},"tags_all":{"Environment":"dev","ManagedBy":"terraform","Project":"devops-challenge"}},"after_unknown":{"arn":true,"assume_role_policy":true,"create_date":true,"id":true,"inline_policy":true,"managed_policy_arns":true,"name_prefix":true,"tags":{},"tags_all":{},"unique_id":true},"before_sensitive":false,"after_sensitive":{"inline_policy":[],"managed_policy_arns":[],"tags":{},"tags_all":{}}}},{"address":"aws_iam_role.eks_cluster","mode":"managed","type":"aws_iam_role","name":"eks_cluster","provider_name":"registry.terraform.io/hashicorp/aws","change":{"actions":["create"],"before":null,"after":{"assume_role_policy":"{\"Statement\":[{\"Action\":\"sts:AssumeRole\",\"Effect\":\"Allow\",\"Principal\":{\"Service\":\"eks.amazonaws.com\"}}],\"Version\":\"2012-10-17\"}","description":null,"force_detach_policies":false,"max_session_duration":3600,"name":"devops-challenge-dev-eks-cluster-role","path":"/","permissions_boundary":null,"tags":{"Environment":"dev","ManagedBy":"terraform","Project":"devops-challenge"},"tags_all":{"Environment":"dev","ManagedBy":"terraform","Project":"devops-challenge"}},"after_unknown":{"arn":true,"create_date":true,"id":true,"inline_policy":true,"managed_policy_arns":true,"name_prefix":true,"tags":{},"tags_all":{},"unique_id":true},"before_sensitive":false,"after_sensitive":{"inline_policy":[],"managed_policy_arns":[],"tags":{},"tags_all":{}}}},{"address":"aws_iam_role.eks_node","mode":"managed","type":"aws_iam_role","name":"eks_node","provider_name":"registry.terraform.io/hashicorp/aws","change":{"actions":["create"],"before":null,"after":{"assume_role_policy":"{\"Statement\":[{\"Action\":\"sts:AssumeRole\",\"Effect\":\"Allow\",\"Principal\":{\"Service\":\"ec2.amazonaws.com\"}}],\"Version\":\"2012-10-17\"}","description":null,"force_detach_policies":false,"max_session_duration":3600,"name":"devops-challenge-dev-eks-node-role","path":"/","permissions_boundary":null,"tags":{"Environment":"dev","ManagedBy":"terraform","Project":"devops-challenge"},"tags_all":{"Environment":"dev","ManagedBy":"terraform","Project":"devops-challenge"}},"after_unknown":{"arn":true,"create_date":true,"id":true,"inline_policy":true,"managed_policy_arns":true,"name_prefix":true,"tags":{},"tags_all":{},"unique_id":true},"before_sensitive":false,"after_sensitive":{"inline_policy":[],"managed_policy_arns":[],"tags":{},"tags_all":{}}}},{"address":"aws_iam_role_policy_attachment.ebs_csi_policy","mode":"managed","type":"aws_iam_role_policy_attachment","name":"ebs_csi_policy","provider_name":"registry.terraform.io/hashicorp/aws","change":{"actions":["create"],"before":null,"after":{"policy_arn":"arn:aws:iam::aws:policy/service-role/AmazonEBSCSIDriverPolicy","role":"devops-challenge-dev-ebs-csi-irsa"},"after_unknown":{"id":true},"before_sensitive":false,"after_sensitive":{}}},{"address":"aws_iam_role_policy_attachment.eks_cluster_AmazonEKSClusterPolicy","mode":"managed","type":"aws_iam_role_policy_attachment","name":"eks_cluster_AmazonEKSClusterPolicy","provider_name":"registry.terraform.io/hashicorp/aws","change":{"actions":["create"],"before":null,"after":{"policy_arn":"arn:aws:iam::aws:policy/AmazonEKSClusterPolicy","role":"devops-challenge-dev-eks-cluster-role"},"after_unknown":{"id":true},"before_sensitive":false,"after_sensitive":{}}},{"address":"aws_iam_role_policy_attachment.eks_cluster_AmazonEKSServicePolicy","mode":"managed","type":"aws_iam_role_policy_attachment","name":"eks_cluster_AmazonEKSServicePolicy","provider_name":"registry.terraform.io/hashicorp/aws","change":{"actions":["create"],"before":null,"after":{"policy_arn":"arn:aws:iam::aws:policy/AmazonEKSServicePolicy","role":"devops-challenge-dev-eks-cluster-role"},"after_unknown":{"id":true},"before_sensitive":false,"after_sensitive":{}}},{"address":"aws_iam_role_policy_attachment.node_AmazonEC2ContainerRegistryReadOnly","mode":"managed","type":"aws_iam_role_policy_attachment","name":"node_AmazonEC2ContainerRegistryReadOnly","provider_name":"registry.terraform.io/hashicorp/aws","change":{"actions":["create"],"before":null,"after":{"policy_arn":"arn:aws:iam::aws:policy/AmazonEC2ContainerRegistryReadOnly","role":"devops-challenge-dev-eks-node-role"},"after_unknown":{"id":true},"before_sensitive":false,"after_sensitive":{}}},{"address":"aws_iam_role_policy_attachment.node_AmazonEKSWorkerNodePolicy","mode":"managed","type":"aws_iam_role_policy_attachment","name":"node_AmazonEKSWorkerNodePolicy","provider_name":"registry.terraform.io/hashicorp/aws","change":{"actions":["create"],"before":null,"after":{"policy_arn":"arn:aws:iam::aws:policy/AmazonEKSWorkerNodePolicy","role":"devops-challenge-dev-eks-node-role"},"after_unknown":{"id":true},"before_sensitive":false,"after_sensitive":{}}},{"address":"aws_iam_role_policy_attachment.node_AmazonEKS_CNI_Policy","mode":"managed","type":"aws_iam_role_policy_attachment","name":"node_AmazonEKS_CNI_Policy","provider_name":"registry.terraform.io/hashicorp/aws","change":{"actions":["create"],"before":null,"after":{"policy_arn":"arn:aws:iam::aws:policy/AmazonEKS_CNI_Policy","role":"devops-challenge-dev-eks-node-role"},"after_unknown":{"id":true},"before_sensitive":false,"after_sensitive":{}}},{"address":"aws_internet_gateway.this","mode":"managed","type":"aws_internet_gateway","name":"this","provider_name":"registry.terraform.io/hashicorp/aws","change":{"actions":["create"],"before":null,"after":{"tags":{"Environment":"dev","ManagedBy":"terraform","Name":"devops-challenge-dev-igw","Project":"devops-challenge"},"tags_all":{"Environment":"dev","ManagedBy":"terraform","Name":"devops-challenge-dev-igw","Project":"devops-challenge"},"timeouts":null},"after_unknown":{"arn":true,"id":true,"owner_id":true,"tags":{},"tags_all":{},"vpc_id":true},"before_sensitive":false,"after_sensitive":{"tags":{},"tags_all":{}}}},{"address":"aws_nat_gateway.this[\"ap-south-1a\"]","mode":"managed","type":"aws_nat_gateway","name":"this","index":"ap-south-1a","provider_name":"registry.terraform.io/hashicorp/aws","change":{"actions":["create"],"before":null,"after":{"connectivity_type":"public","secondary_allocation_ids":null,"tags":{"Environment":"dev","ManagedBy":"terraform","Name":"devops-challenge-dev-nat-ap-south-1a","Project":"devops-challenge"},"tags_all":{"Environment":"dev","ManagedBy":"terraform","Name":"devops-challenge-dev-nat-ap-south-1a","Project":"devops-challenge"},"timeouts":null},"after_unknown":{"allocation_id":true,"association_id":true,"id":true,"network_interface_id":true,"private_ip":true,"public_ip":true,"secondary_private_ip_address_count":true,"secondary_private_ip_addresses":true,"subnet_id":true,"tags":{},"tags_all":{}},"before_sensitive":false,"after_sensitive":{"secondary_private_ip_addresses":[],"tags":{},"tags_all":{}}}},{"address":"aws_nat_gateway.this[\"ap-south-1b\"]","mode":"managed","type":"aws_nat_gateway","name":"this","index":"ap-south-1b","provider_name":"registry.terraform.io/hashicorp/aws","change":{"actions":["create"],"before":null,"after":{"connectivity_type":"public","secondary_allocation_ids":null,"tags":{"Environment":"dev","ManagedBy":"terraform","Name":"devops-challenge-dev-nat-ap-south-1b","Project":"devops-challenge"},"tags_all":{"Environment":"dev","ManagedBy":"terraform","Name":"devops-challenge-dev-nat-ap-south-1b","Project":"devops-challenge"},"timeouts":null},"after_unknown":{"allocation_id":true,"association_id":true,"id":true,"network_interface_id":true,"private_ip":true,"public_ip":true,"secondary_private_ip_address_count":true,"secondary_private_ip_addresses":true,"subnet_id":true,"tags":{},"tags_all":{}},"before_sensitive":false,"after_sensitive":{"secondary_private_ip_addresses":[],"tags":{},"tags_all":{}}}},{"address":"aws_route.private_nat[\"ap-south-1a\"]","mode":"managed","type":"aws_route","name":"private_nat","index":"ap-south-1a","provider_name":"registry.terraform.io/hashicorp/aws","change":{"actions":["create"],"before":null,"after":{"carrier_gateway_id":null,"core_network_arn":null,"destination_cidr_block":"0.0.0.0/0","destination_ipv6_cidr_block":null,"destination_prefix_list_id":null,"egress_only_gateway_id":null,"gateway_id":null,"local_gateway_id":null,"timeouts":null,"transit_gateway_id":null,"vpc_endpoint_id":null,"vpc_peering_connection_id":null},"after_unknown":{"id":true,"instance_id":true,"instance_owner_id":true,"nat_gateway_id":true,"network_interface_id":true,"origin":true,"route_table_id":true,"state":true},"before_sensitive":false,"after_sensitive":{}}},{"address":"aws_route.private_nat[\"ap-south-1b\"]","mode":"managed","type":"aws_route","name":"private_nat","index":"ap-south-1b","provider_name":"registry.terraform.io/hashicorp/aws","change":{"actions":["create"],"before":null,"after":{"carrier_gateway_id":null,"core_network_arn":null,"destination_cidr_block":"0.0.0.0/0","destination_ipv6_cidr_block":null,"destination_prefix_list_id":null,"egress_only_gateway_id":null,"gateway_id":null,"local_gateway_id":null,"timeouts":null,"transit_gateway_id":null,"vpc_endpoint_id":null,"vpc_peering_connection_id":null},"after_unknown":{"id":true,"instance_id":true,"instance_owner_id":true,"nat_gateway_id":true,"network_interface_id":true,"origin":true,"route_table_id":true,"state":true},"before_sensitive":false,"after_sensitive":{}}},{"address":"aws_route.public_internet","mode":"managed","type":"aws_route","name":"public_internet","provider_name":"registry.terraform.io/hashicorp/aws","change":{"actions":["create"],"before":null,"after":{"carrier_gateway_id":null,"core_network_arn":null,"destination_cidr_block":"0.0.0.0/0","destination_ipv6_cidr_block":null,"destination_prefix_list_id":null,"egress_only_gateway_id":null,"local_gateway_id":null,"nat_gateway_id":null,"timeouts":null,"transit_gateway_id":null,"vpc_endpoint_id":null,"vpc_peering_connection_id":null},"after_unknown":{"gateway_id":true,"id":true,"instance_id":true,"instance_owner_id":true,"network_interface_id":true,"origin":true,"route_table_id":true,"state":true},"before_sensitive":false,"after_sensitive":{}}},{"address":"aws_route_table.private[\"ap-south-1a\"]","mode":"managed","type":"aws_route_table","name":"private","index":"ap-south-1a","provider_name":"registry.terraform.io/hashicorp/aws","change":{"actions":["create"],"before":null,"after":{"tags":{"Environment":"dev","ManagedBy":"terraform","Name":"devops-challenge-dev-private-rt-ap-south-1a","Project":"devops-challenge"},"tags_all":{"Environment":"dev","ManagedBy":"terraform","Name":"devops-challenge-dev-private-rt-ap-south-1a","Project":"devops-challenge"},"timeouts":null},"after_unknown":{"arn":true,"id":true,"owner_id":true,"propagating_vgws":true,"route":true,"tags":{},"tags_all":{},"vpc_id":true},"before_sensitive":false,"after_sensitive":{"propagating_vgws":[],"route":[],"tags":{},"tags_all":{}}}},{"address":"aws_route_table.private[\"ap-south-1b\"]","mode":"managed","type":"aws_route_table","name":"private","index":"ap-south-1b","provider_name":"registry.terraform.io/hashicorp/aws","change":{"actions":["create"],"before":null,"after":{"tags":{"Environment":"dev","ManagedBy":"terraform","Name":"devops-challenge-dev-private-rt-ap-south-1b","Project":"devops-challenge"},"tags_all":{"Environment":"dev","ManagedBy":"terraform","Name":"devops-challenge-dev-private-rt-ap-south-1b","Project":"devops-challenge"},"timeouts":null},"after_unknown":{"arn":true,"id":true,"owner_id":true,"propagating_vgws":true,"route":true,"tags":{},"tags_all":{},"vpc_id":true},"before_sensitive":false,"after_sensitive":{"propagating_vgws":[],"route":[],"tags":{},"tags_all":{}}}},{"address":"aws_route_table.public","mode":"managed","type":"aws_route_table","name":"public","provider_name":"registry.terraform.io/hashicorp/aws","change":{"actions":["create"],"before":null,"after":{"tags":{"Environment":"dev","ManagedBy":"terraform","Name":"devops-challenge-dev-public-rt","Project":"devops-challenge"},"tags_all":{"Environment":"dev","ManagedBy":"terraform","Name":"devops-challenge-dev-public-rt","Project":"devops-challenge"},"timeouts":null},"after_unknown":{"arn":true,"id":true,"owner_id":true,"propagating_vgws":true,"route":true,"tags":{},"tags_all":{},"vpc_id":true},"before_sensitive":false,"after_sensitive":{"propagating_vgws":[],"route":[],"tags":{},"tags_all":{}}}},{"address":"aws_route_table_association.private[\"ap-south-1a\"]","mode":"managed","type":"aws_route_table_association","name":"private","index":"ap-south-1a","provider_name":"registry.terraform.io/hashicorp/aws","change":{"actions":["create"],"before":null,"after":{"gateway_id":null,"timeouts":null},"after_unknown":{"id":true,"route_table_id":true,"subnet_id":true},"before_sensitive":false,"after_sensitive":{}}},{"address":"aws_route_table_association.private[\"ap-south-1b\"]","mode":"managed","type":"aws_route_table_association","name":"private","index":"ap-south-1b","provider_name":"registry.terraform.io/hashicorp/aws","change":{"actions":["create"],"before":null,"after":{"gateway_id":null,"timeouts":null},"after_unknown":{"id":true,"route_table_id":true,"subnet_id":true},"before_sensitive":false,"after_sensitive":{}}},{"address":"aws_route_table_association.public[\"ap-south-1a\"]","mode":"managed","type":"aws_route_table_association","name":"public","index":"ap-south-1a","provider_name":"registry.terraform.io/hashicorp/aws","change":{"actions":["create"],"before":null,"after":{"gateway_id":null,"timeouts":null},"after_unknown":{"id":true,"route_table_id":true,"subnet_id":true},"before_sensitive":false,"after_sensitive":{}}},{"address":"aws_route_table_association.public[\"ap-south-1b\"]","mode":"managed","type":"aws_route_table_association","name":"public","index":"ap-south-1b","provider_name":"registry.terraform.io/hashicorp/aws","change":{"actions":["create"],"before":null,"after":{"gateway_id":null,"timeouts":null},"after_unknown":{"id":true,"route_table_id":true,"subnet_id":true},"before_sensitive":false,"after_sensitive":{}}},{"address":"aws_security_group.eks_cluster","mode":"managed","type":"aws_security_group","name":"eks_cluster","provider_name":"registry.terraform.io/hashicorp/aws","change":{"actions":["create"],"before":null,"after":{"description":"EKS cluster security group","name":"devops-challenge-dev-eks-cluster-sg","revoke_rules_on_delete":false,"tags":{"Environment":"dev","ManagedBy":"terraform","Name":"devops-challenge-dev-eks-cluster-sg","Project":"devops-challenge"},"tags_all":{"Environment":"dev","ManagedBy":"terraform","Name":"devops-challenge-dev-eks-cluster-sg","Project":"devops-challenge"},"timeouts":null},"after_unknown":{"arn":true,"egress":true,"id":true,"ingress":true,"name_prefix":true,"owner_id":true,"tags":{},"tags_all":{},"vpc_id":true},"before_sensitive":false,"after_sensitive":{"egress":[],"ingress":[],"tags":{},"tags_all":{}}}},{"address":"aws_security_group.eks_nodes","mode":"managed","type":"aws_security_group","name":"eks_nodes","provider_name":"registry.terraform.io/hashicorp/aws","change":{"actions":["create"],"before":null,"after":{"description":"EKS node security group","name":"devops-challenge-dev-eks-nodes-sg","revoke_rules_on_delete":false,"tags":{"Environment":"dev","ManagedBy":"terraform","Name":"devops-challenge-dev-eks-nodes-sg","Project":"devops-challenge"},"tags_all":{"Environment":"dev","ManagedBy":"terraform","Name":"devops-challenge-dev-eks-nodes-sg","Project":"devops-challenge"},"timeouts":null},"after_unknown":{"arn":true,"egress":true,"id":true,"ingress":true,"name_prefix":true,"owner_id":true,"tags":{},"tags_all":{},"vpc_id":true},"before_sensitive":false,"after_sensitive":{"egress":[],"ingress":[],"tags":{},"tags_all":{}}}},{"address":"aws_security_group_rule.cluster_egress_all","mode":"managed","type":"aws_security_group_rule","name":"cluster_egress_all","provider_name":"registry.terraform.io/hashicorp/aws","change":{"actions":["create"],"before":null,"after":{"cidr_blocks":["0.0.0.0/0"],"description":"Allow all egress","from_port":0,"ipv6_cidr_blocks":null,"prefix_list_ids":null,"protocol":"-1","self":false,"timeouts":null,"to_port":0,"type":"egress"},"after_unknown":{"cidr_blocks":[false],"id":true,"security_group_id":true,"security_group_rule_id":true,"source_security_group_id":true},"before_sensitive":false,"after_sensitive":{"cidr_blocks":[false]}}},{"address":"aws_security_group_rule.cluster_from_nodes","mode":"managed","type":"aws_security_group_rule","name":"cluster_from_nodes","provider_name":"registry.terraform.io/hashicorp/aws","change":{"actions":["create"],"before":null,"after":{"cidr_blocks":null,"description":"Node to cluster all traffic","from_port":0,"ipv6_cidr_blocks":null,"prefix_list_ids":null,"protocol":"-1","self":false,"timeouts":null,"to_port":0,"type":"ingress"},"after_unknown":{"id":true,"security_group_id":true,"security_group_rule_id":true,"source_security_group_id":true},"before_sensitive":false,"after_sensitive":{}}},{"address":"aws_security_group_rule.nodes_all_self","mode":"managed","type":"aws_security_group_rule","name":"nodes_all_self","provider_name":"registry.terraform.io/hashicorp/aws","change":{"actions":["create"],"before":null,"after":{"cidr_blocks":null,"description":"Node to node all traffic","from_port":0,"ipv6_cidr_blocks":null,"prefix_list_ids":null,"protocol":"-1","self":true,"timeouts":null,"to_port":0,"type":"ingress"},"after_unknown":{"id":true,"security_group_id":true,"security_group_rule_id":true,"source_security_group_id":true},"before_sensitive":false,"after_sensitive":{}}},{"address":"aws_security_group_rule.nodes_egress_all","mode":"managed","type":"aws_security_group_rule","name":"nodes_egress_all","provider_name":"registry.terraform.io/hashicorp/aws","change":{"actions":["create"],"before":null,"after":{"cidr_blocks":["0.0.0.0/0"],"description":"Allow all egress","from_port":0,"ipv6_cidr_blocks":null,"prefix_list_ids":null,"protocol":"-1","self":false,"timeouts":null,"to_port":0,"type":"egress"},"after_unknown":{"cidr_blocks":[false],"id":true,"security_group_id":true,"security_group_rule_id":true,"source_security_group_id":true},"before_sensitive":false,"after_sensitive":{"cidr_blocks":[false]}}},{"address":"aws_security_group_rule.nodes_from_cluster","mode":"managed","type":"aws_security_group_rule","name":"nodes_from_cluster","provider_name":"registry.terraform.io/hashicorp/aws","change":{"actions":["create"],"before":null,"after":{"cidr_blocks":null,"description":"Cluster to node all traffic","from_port":0,"ipv6_cidr_blocks":null,"prefix_list_ids":null,"protocol":"-1","self":false,"timeouts":null,"to_port":0,"type":"ingress"},"after_unknown":{"id":true,"security_group_id":true,"security_group_rule_id":true,"source_security_group_id":true},"before_sensitive":false,"after_sensitive":{}}},{"address":"aws_subnet.private[\"ap-south-1a\"]","mode":"managed","type":"aws_subnet","name":"private","index":"ap-south-1a","provider_name":"registry.terraform.io/hashicorp/aws","change":{"actions":["create"],"before":null,"after":{"assign_ipv6_address_on_creation":false,"availability_zone":"ap-south-1a","cidr_block":"10.0.10.0/24","customer_owned_ipv4_pool":null,"enable_dns64":false,"enable_lni_at_device_index":null,"enable_resource_name_dns_a_record_on_launch":false,"enable_resource_name_dns_aaaa_record_on_launch":false,"ipv6_cidr_block":null,"ipv6_native":false,"map_customer_owned_ip_on_launch":null,"map_public_ip_on_launch":false,"outpost_arn":null,"tags":{"Environment":"dev","ManagedBy":"terraform","Name":"devops-challenge-dev-private-ap-south-1a","Project":"devops-challenge","kubernetes.io/role/internal-elb":"1"},"tags_all":{"Environment":"dev","ManagedBy":"terraform","Name":"devops-challenge-dev-private-ap-south-1a","Project":"devops-challenge","kubernetes.io/role/internal-elb":"1"},"timeouts":null},"after_unknown":{"arn":true,"availability_zone_id":true,"id":true,"ipv6_cidr_block_association_id":true,"owner_id":true,"private_dns_hostname_type_on_launch":true,"tags":{},"tags_all":{},"vpc_id":true},"before_sensitive":false,"after_sensitive":{"tags":{},"tags_all":{}}}},{"address":"aws_subnet.private[\"ap-south-1b\"]","mode":"managed","type":"aws_subnet","name":"private","index":"ap-south-1b","provider_name":"registry.terraform.io/hashicorp/aws","change":{"actions":["create"],"before":null,"after":{"assign_ipv6_address_on_creation":false,"availability_zone":"ap-south-1b","cidr_block":"10.0.11.0/24","customer_owned_ipv4_pool":null,"enable_dns64":false,"enable_lni_at_device_index":null,"enable_resource_name_dns_a_record_on_launch":false,"enable_resource_name_dns_aaaa_record_on_launch":false,"ipv6_cidr_block":null,"ipv6_native":false,"map_customer_owned_ip_on_launch":null,"map_public_ip_on_launch":false,"outpost_arn":null,"tags":{"Environment":"dev","ManagedBy":"terraform","Name":"devops-challenge-dev-private-ap-south-1b","Project":"devops-challenge","kubernetes.io/role/internal-elb":"1"},"tags_all":{"Environment":"dev","ManagedBy":"terraform","Name":"devops-challenge-dev-private-ap-south-1b","Project":"devops-challenge","kubernetes.io/role/internal-elb":"1"},"timeouts":null},"after_unknown":{"arn":true,"availability_zone_id":true,"id":true,"ipv6_cidr_block_association_id":true,"owner_id":true,"private_dns_hostname_type_on_launch":true,"tags":{},"tags_all":{},"vpc_id":true},"before_sensitive":false,"after_sensitive":{"tags":{},"tags_all":{}}}},{"address":"aws_subnet.public[\"ap-south-1a\"]","mode":"managed","type":"aws_subnet","name":"public","index":"ap-south-1a","provider_name":"registry.terraform.io/hashicorp/aws","change":{"actions":["create"],"before":null,"after":{"assign_ipv6_address_on_creation":false,"availability_zone":"ap-south-1a","cidr_block":"10.0.0.0/24","customer_owned_ipv4_pool":null,"enable_dns64":false,"enable_lni_at_device_index":null,"enable_resource_name_dns_a_record_on_launch":false,"enable_resource_name_dns_aaaa_record_on_launch":false,"ipv6_cidr_block":null,"ipv6_native":false,"map_customer_owned_ip_on_launch":null,"map_public_ip_on_launch":true,"outpost_arn":null,"tags":{"Environment":"dev","ManagedBy":"terraform","Name":"devops-challenge-dev-public-ap-south-1a","Project":"devops-challenge","kubernetes.io/role/elb":"1"},"tags_all":{"Environment":"dev","ManagedBy":"terraform","Name":"devops-challenge-dev-public-ap-south-1a","Project":"devops-challenge","kubernetes.io/role/elb":"1"},"timeouts":null},"after_unknown":{"arn":true,"availability_zone_id":true,"id":true,"ipv6_cidr_block_association_id":true,"owner_id":true,"private_dns_hostname_type_on_launch":true,"tags":{},"tags_all":{},"vpc_id":true},"before_sensitive":false,"after_sensitive":{"tags":{},"tags_all":{}}}},{"address":"aws_subnet.public[\"ap-south-1b\"]","mode":"managed","type":"aws_subnet","name":"public","index":"ap-south-1b","provider_name":"registry.terraform.io/hashicorp/aws","change":{"actions":["create"],"before":null,"after":{"assign_ipv6_address_on_creation":false,"availability_zone":"ap-south-1b","cidr_block":"10.0.1.0/24","customer_owned_ipv4_pool":null,"enable_dns64":false,"enable_lni_at_device_index":null,"enable_resource_name_dns_a_record_on_launch":false,"enable_resource_name_dns_aaaa_record_on_launch":false,"ipv6_cidr_block":null,"ipv6_native":false,"map_customer_owned_ip_on_launch":null,"map_public_ip_on_launch":true,"outpost_arn":null,"tags":{"Environment":"dev","ManagedBy":"terraform","Name":"devops-challenge-dev-public-ap-south-1b","Project":"devops-challenge","kubernetes.io/role/elb":"1"},"tags_all":{"Environment":"dev","ManagedBy":"terraform","Name":"devops-challenge-dev-public-ap-south-1b","Project":"devops-challenge","kubernetes.io/role/elb":"1"},"timeouts":null},"after_unknown":{"arn":true,"availability_zone_id":true,"id":true,"ipv6_cidr_block_association_id":true,"owner_id":true,"private_dns_hostname_type_on_launch":true,"tags":{},"tags_all":{},"vpc_id":true},"before_sensitive":false,"after_sensitive":{"tags":{},"tags_all":{}}}},{"address":"aws_vpc.this","mode":"managed","type":"aws_vpc","name":"this","provider_name":"registry.terraform.io/hashicorp/aws","change":{"actions":["create"],"before":null,"after":{"assign_generated_ipv6_cidr_block":null,"cidr_block":"10.0.0.0/16","enable_dns_hostnames":true,"enable_dns_support":true,"instance_tenancy":"default","ipv4_ipam_pool_id":null,"ipv4_netmask_length":null,"ipv6_ipam_pool_id":null,"ipv6_netmask_length":null,"tags":{"Environment":"dev","ManagedBy":"terraform","Name":"devops-challenge-dev-vpc","Project":"devops-challenge"},"tags_all":{"Environment":"dev","ManagedBy":"terraform","Name":"devops-challenge-dev-vpc","Project":"devops-challenge"}},"after_unknown":{"arn":true,"default_network_acl_id":true,"default_route_table_id":true,"default_security_group_id":true,"dhcp_options_id":true,"enable_network_address_usage_metrics":true,"id":true,"ipv6_association_id":true,"ipv6_cidr_block":true,"ipv6_cidr_block_network_border_group":true,"main_route_table_id":true,"owner_id":true,"tags":{},"tags_all":{}},"before_sensitive":false,"after_sensitive":{"tags":{},"tags_all":{}}}},{"address":"aws_vpc_endpoint.s3","mode":"managed","type":"aws_vpc_endpoint","name":"s3","provider_name":"registry.terraform.io/hashicorp/aws","change":{"actions":["create"],"before":null,"after":{"auto_accept":null,"resource_configuration_arn":null,"service_name":"com.amazonaws.ap-south-1.s3","service_network_arn":null,"tags":{"Environment":"dev","ManagedBy":"terraform","Name":"devops-challenge-dev-s3-endpoint","Project":"devops-challenge"},"tags_all":{"Environment":"dev","ManagedBy":"terraform","Name":"devops-challenge-dev-s3-endpoint","Project":"devops-challenge"},"timeouts":null,"vpc_endpoint_type":"Gateway"},"after_unknown":{"arn":true,"cidr_blocks":true,"dns_entry":true,"dns_options":true,"id":true,"ip_address_type":true,"network_interface_ids":true,"owner_id":true,"policy":true,"prefix_list_id":true,"private_dns_enabled":true,"requester_managed":true,"route_table_ids":true,"security_group_ids":true,"service_region":true,"state":true,"subnet_configuration":true,"subnet_ids":true,"tags":{},"tags_all":{},"vpc_id":true},"before_sensitive":false,"after_sensitive":{"cidr_blocks":[],"dns_entry":[],"dns_options":[],"network_interface_ids":[],"route_table_ids":[],"security_group_ids":[],"subnet_configuration":[],"subnet_ids":[],"tags":{},"tags_all":{}}}},{"address":"kubernetes_namespace.energi","mode":"managed","type":"kubernetes_namespace","name":"energi","provider_name":"registry.terraform.io/hashicorp/kubernetes","change":{"actions":["create"],"before":null,"after":{"metadata":[{"annotations":null,"generate_name":null,"labels":{"app.kubernetes.io/name":"energi"},"name":"energi"}],"timeouts":null,"wait_for_default_service_account":false},"after_unknown":{"id":true,"metadata":[{"generation":true,"labels":{},"resource_version":true,"uid":true}]},"before_sensitive":false,"after_sensitive":{"metadata":[{"labels":{}}]}}},{"address":"kubernetes_service.energi_headless","mode":"managed","type":"kubernetes_service","name":"energi_headless","provider_name":"registry.terraform.io/hashicorp/kubernetes","change":{"actions":["create"],"before":null,"after":{"metadata":[{"annotations":null,"generate_name":null,"labels":{"app":"energi-node"},"name":"energi-node","namespace":"energi"}],"spec":[{"allocate_load_balancer_node_ports":true,"cluster_ip":"None","external_ips":null,"external_name":null,"load_balancer_class":null,"load_balancer_ip":null,"load_balancer_source_ranges":null,"port":[{"app_protocol":null,"name":"rpc","port":39797,"protocol":"TCP","target_port":"39797"},{"app_protocol":null,"name":"p2p","port":39798,"protocol":"TCP","target_port":"39798"}],"publish_not_ready_addresses":false,"selector":{"app":"energi-node"},"session_affinity":"None","type":"ClusterIP"}],"timeouts":null,"wait_for_load_balancer":true},"after_unknown":{"id":true,"metadata":[{"generation":true,"labels":{},"resource_version":true,"uid":true}],"spec":[{"cluster_ips":true,"external_traffic_policy":true,"health_check_node_port":true,"internal_traffic_policy":true,"ip_families":true,"ip_family_policy":true,"port":[{"node_port":true},{"node_port":true}],"selector":{},"session_affinity_config":true}],"status":true},"before_sensitive":false,"after_sensitive":{"metadata":[{"labels":{}}],"spec":[{"cluster_ips":[],"ip_families":[],"port":[{},{}],"selector":{},"session_affinity_config":[]}],"status":[]}}},{"address":"kubernetes_service.energi_p2p_lb[0]","mode":"managed","type":"kubernetes_service","name":"energi_p2p_lb","index":0,"provider_name":"registry.terraform.io/hashicorp/kubernetes","change":{"actions":["create"],"before":null,"after":{"metadata":[{"annotations":{"service.beta.kubernetes.io/aws-load-balancer-nlb-target-type":"ip","service.beta.kubernetes.io/aws-load-balancer-scheme":"internet-facing","service.beta.kubernetes.io/aws-load-balancer-type":"nlb"},"generate_name":null,"labels":{"app":"energi-node"},"name":"energi-p2p","namespace":"energi"}],"spec":[{"allocate_load_balancer_node_ports":true,"external_ips":null,"external_name":null,"load_balancer_class":null,"load_balancer_ip":null,"load_balancer_source_ranges":null,"port":[{"app_protocol":null,"name":"p2p","port":39798,"protocol":"TCP","target_port":"39798"}],"publish_not_ready_addresses":false,"selector":{"app":"energi-node"},"session_affinity":"None","type":"LoadBalancer"}],"timeouts":null,"wait_for_load_balancer":true},"after_unknown":{"id":true,"metadata":[{"annotations":{},"generation":true,"labels":{},"resource_version":true,"uid":true}],"spec":[{"cluster_ip":true,"cluster_ips":true,"external_traffic_policy":true,"health_check_node_port":true,"internal_traffic_policy":true,"ip_families":true,"ip_family_policy":true,"port":[{"node_port":true}],"selector":{},"session_affinity_config":true}],"status":true},"before_sensitive":false,"after_sensitive":{"metadata":[{"annotations":{},"labels":{}}],"spec":[{"cluster_ips":[],"ip_families":[],"port":[{}],"selector":{},"session_affinity_config":[]}],"status":[]}}},{"address":"kubernetes_service.energi_rpc_lb[0]","mode":"managed","type":"kubernetes_service","name":"energi_rpc_lb","index":0,"provider_name":"registry.terraform.io/hashicorp/kubernetes","change":{"actions":["create"],"before":null,"after":{"metadata":[{"annotations":{"service.beta.kubernetes.io/aws-load-balancer-nlb-target-type":"ip","service.beta.kubernetes.io/aws-load-balancer-scheme":"internal","service.beta.kubernetes.io/aws-load-balancer-type":"nlb","service.beta.kubernetes.io/load-balancer-source-ranges":"10.0.0.0/8"},"generate_name":null,"labels":{"app":"energi-node"},"name":"energi-rpc","namespace":"energi"}],"spec":[{"allocate_load_balancer_node_ports":true,"external_ips":null,"external_name":null,"load_balancer_class":null,"load_balancer_ip":null,"load_balancer_source_ranges":null,"port":[{"app_protocol":null,"name":"rpc","port":39797,"protocol":"TCP","target_port":"39797"}],"publish_not_ready_addresses":false,"selector":{"app":"energi-node"},"session_affinity":"None","type":"LoadBalancer"}],"timeouts":null,"wait_for_load_balancer":true},"after_unknown":{"id":true,"metadata":[{"annotations":{},"generation":true,"labels":{},"resource_version":true,"uid":true}],"spec":[{"cluster_ip":true,"cluster_ips":true,"external_traffic_policy":true,"health_check_node_port":true,"internal_traffic_policy":true,"ip_families":true,"ip_family_policy":true,"port":[{"node_port":true}],"selector":{},"session_affinity_config":true}],"status":true},"before_sensitive":false,"after_sensitive":{"metadata":[{"annotations":{},"labels":{}}],"spec":[{"cluster_ips":[],"ip_families":[],"port":[{}],"selector":{},"session_affinity_config":[]}],"status":[]}}},{"address":"kubernetes_stateful_set.energi","mode":"managed","type":"kubernetes_stateful_set","name":"energi","provider_name":"registry.terraform.io/hashicorp/kubernetes","change":{"actions":["create"],"before":null,"after":{"metadata":[{"annotations":null,"generate_name":null,"labels":{"app":"energi-node"},"name":"energi-node","namespace":"energi"}],"spec":[{"min_ready_seconds":0,"replicas":"3","selector":[{"match_expressions":[],"match_labels":{"app":"energi-node"}}],"service_name":"energi-node","template":[{"metadata":[{"annotations":null,"generate_name":null,"labels":{"app":"energi-node"},"namespace":null}],"spec":[{"active_deadline_seconds":null,"affinity":[],"automount_service_account_token":true,"container":[{"args":null,"command":null,"env":[],"env_from":[],"image":"awskanojia/devops-challenge:latest","lifecycle":[],"liveness_probe":[],"name":"energi-node","port":[{"container_port":39797,"host_ip":null,"host_port":null,"name":"rpc","protocol":"TCP"},{"container_port":39798,"host_ip":null,"host_port":null,"name":"p2p","protocol":"TCP"}],"readiness_probe":[],"resources":[{"limits":{"cpu":"1","memory":"1Gi"},"requests":{"cpu":"500m","memory":"512Mi"}}],"security_context":[],"startup_probe":[],"stdin":false,"stdin_once":false,"termination_message_path":"/dev/termination-log","tty":false,"volume_device":[],"volume_mount":[{"mount_path":"/opt","mount_propagation":"None","name":"data","read_only":false,"sub_path":null,"sub_path_expr":null}],"working_dir":null}],"dns_config":[],"dns_policy":"ClusterFirst","enable_service_links":true,"host_aliases":[],"host_ipc":false,"host_network":false,"host_pid":false,"init_container":[],"node_selector":null,"os":[],"priority_class_name":null,"restart_policy":"Always","runtime_class_name":null,"security_context":[],"share_process_namespace":false,"subdomain":null,"termination_grace_period_seconds":30,"toleration":[],"topology_spread_constraint":[],"volume":[]}]}],"update_strategy":[],"volume_claim_template":[{"metadata":[{"annotations":null,"generate_name":null,"labels":null,"name":"data","namespace":"default"}],"spec":[{"access_modes":["ReadWriteOnce"],"resources":[{"limits":null,"requests":{"storage":"1Gi"}}],"selector":[],"storage_class_name":"gp3-encrypted"}]}]}],"timeouts":null,"wait_for_rollout":true},"after_unknown":{"id":true,"metadata":[{"generation":true,"labels":{},"resource_version":true,"uid":true}],"spec":[{"persistent_volume_claim_retention_policy":true,"pod_management_policy":true,"revision_history_limit":true,"selector":[{"match_expressions":[],"match_labels":{}}],"template":[{"metadata":[{"generation":true,"labels":{},"name":true,"resource_version":true,"uid":true}],"spec":[{"affinity":[],"container":[{"env":[],"env_from":[],"image_pull_policy":true,"lifecycle":[],"liveness_probe":[],"port":[{},{}],"readiness_probe":[],"resources":[{"limits":{},"requests":{}}],"security_context":[],"startup_probe":[],"termination_message_policy":true,"volume_device":[],"volume_mount":[{}]}],"dns_config":[],"host_aliases":[],"hostname":true,"image_pull_secrets":true,"init_container":[],"node_name":true,"os":[],"readiness_gate":true,"scheduler_name":true,"security_context":[],"service_account_name":true,"toleration":[],"topology_spread_constraint":[],"volume":[]}]}],"update_strategy":[],"volume_claim_template":[{"metadata":[{"generation":true,"resource_version":true,"uid":true}],"spec":[{"access_modes":[false],"resources":[{"requests":{}}],"selector":[],"volume_mode":true,"volume_name":true}]}]}]},"before_sensitive":false,"after_sensitive":{"metadata":[{"labels":{}}],"spec":[{"persistent_volume_claim_retention_policy":[],"selector":[{"match_expressions":[],"match_labels":{}}],"template":[{"metadata":[{"labels":{}}],"spec":[{"affinity":[],"container":[{"env":[],"env_from":[],"lifecycle":[],"liveness_probe":[],"port":[{},{}],"readiness_probe":[],"resources":[{"limits":{},"requests":{}}],"security_context":[],"startup_probe":[],"volume_device":[],"volume_mount":[{}]}],"dns_config":[],"host_aliases":[],"image_pull_secrets":[],"init_container":[],"os":[],"readiness_gate":[],"security_context":[],"toleration":[],"topology_spread_constraint":[],"volume":[]}]}],"update_strategy":[],"volume_claim_template":[{"metadata":[{}],"spec":[{"access_modes":[false],"resources":[{"requests":{}}],"selector":[]}]}]}]}}},{"address":"kubernetes_storage_class.gp3_encrypted","mode":"managed","type":"kubernetes_storage_class","name":"gp3_encrypted","provider_name":"registry.terraform.io/hashicorp/kubernetes","change":{"actions":["create"],"before":null,"after":{"allow_volume_expansion":true,"allowed_topologies":[],"metadata":[{"annotations":{"storageclass.kubernetes.io/is-default-class":"true"},"generate_name":null,"labels":null,"name":"gp3-encrypted"}],"mount_options":null,"parameters":{"encrypted":"true","fsType":"ext4","type":"gp3"},"reclaim_policy":"Delete","storage_provisioner":"ebs.csi.aws.com","volume_binding_mode":"WaitForFirstConsumer"},"after_unknown":{"allowed_topologies":[],"id":true,"metadata":[{"annotations":{},"generation":true,"resource_version":true,"uid":true}],"parameters":{}},"before_sensitive":false,"after_sensitive":{"allowed_topologies":[],"metadata":[{"annotations":{}}],"parameters":{}}}}],"output_changes":{"eks_cluster_endpoint":{"actions":["create"],"before":null,"after_unknown":true,"before_sensitive":false,"after_sensitive":false},"eks_cluster_name":{"actions":["create"],"before":null,"after":"devops-challenge","after_unknown":false,"before_sensitive":false,"after_sensitive":false},"energi_namespace":{"actions":["create"],"before":null,"after":"energi","after_unknown":false,"before_sensitive":false,"after_sensitive":false},"p2p_service_hostname":{"actions":["create"],"before":null,"after_unknown":true,"before_sensitive":false,"after_sensitive":false},"rpc_service_hostname":{"actions":["create"],"before":null,"after_unknown":true,"before_sensitive":false,"after_sensitive":false},"vpc_id":{"actions":["create"],"before":null,"after_unknown":true,"before_sensitive":false,"after_sensitive":false}},"prior_state":{"format_version":"1.0","terraform_version":"1.13.5","values":{"outputs":{"eks_cluster_name":{"sensitive":false,"value":"devops-challenge","type":"string"},"energi_namespace":{"sensitive":false,"value":"energi","type":"string"}},"root_module":{"resources":[{"address":"data.aws_availability_zones.available","mode":"data","type":"aws_availability_zones","name":"available","provider_name":"registry.terraform.io/hashicorp/aws","schema_version":0,"values":{"all_availability_zones":null,"exclude_names":null,"exclude_zone_ids":null,"filter":null,"group_names":[""],"id":"ap-south-1","names":["ap-south-1a","ap-south-1b","ap-south-1c"],"state":"available","timeouts":null,"zone_ids":["aps1-az1","aps1-az3","aps1-az2"]},"sensitive_values":{"group_names":[false],"names":[false,false,false],"zone_ids":[false,false,false]}}]}}},"configuration":{"provider_config":{"aws":{"name":"aws","full_name":"registry.terraform.io/hashicorp/aws","version_constraint":"~\u003e 5.0","expressions":{"default_tags":[{"tags":{"references":["var.project_name","var.environment"]}}],"region":{"references":["var.aws_region"]}}},"helm":{"name":"helm","full_name":"registry.terraform.io/hashicorp/helm","version_constraint":"~\u003e 2.12","expressions":{"kubernetes":[{"cluster_ca_certificate":{"references":["data.aws_eks_cluster.this.certificate_authority[0].data","data.aws_eks_cluster.this.certificate_authority[0]","data.aws_eks_cluster.this.certificate_authority","data.aws_eks_cluster.this"]},"host":{"references":["data.aws_eks_cluster.this.endpoint","data.aws_eks_cluster.this"]},"token":{"references":["data.aws_eks_cluster_auth.this.token","data.aws_eks_cluster_auth.this"]}}]}},"kubernetes":{"name":"kubernetes","full_name":"registry.terraform.io/hashicorp/kubernetes","version_constraint":"~\u003e 2.25","expressions":{"cluster_ca_certificate":{"references":["data.aws_eks_cluster.this.certificate_authority[0].data","data.aws_eks_cluster.this.certificate_authority[0]","data.aws_eks_cluster.this.certificate_authority","data.aws_eks_cluster.this"]},"host":{"references":["data.aws_eks_cluster.this.endpoint","data.aws_eks_cluster.this"]},"token":{"references":["data.aws_eks_cluster_auth.this.token","data.aws_eks_cluster_auth.this"]}}},"tls":{"name":"tls","full_name":"registry.terraform.io/hashicorp/tls","version_constraint":"~\u003e 4.0"}},"root_module":{"outputs":{"eks_cluster_endpoint":{"expression":{"references":["aws_eks_cluster.this.endpoint","aws_eks_cluster.this"]},"description":"EKS cluster endpoint"},"eks_cluster_name":{"expression":{"references":["aws_eks_cluster.this.name","aws_eks_cluster.this"]},"description":"EKS cluster name"},"energi_namespace":{"expression":{"references":["kubernetes_namespace.energi.metadata[0].name","kubernetes_namespace.energi.metadata[0]","kubernetes_namespace.energi.metadata","kubernetes_namespace.energi"]},"description":"Namespace where Energi is deployed"},"p2p_service_hostname":{"expression":{"references":["kubernetes_service.energi_p2p_lb[0].status[0].load_balancer[0].ingress[0].hostname","kubernetes_service.energi_p2p_lb[0].status[0].load_balancer[0].ingress[0]","kubernetes_service.energi_p2p_lb[0].status[0].load_balancer[0].ingress","kubernetes_service.energi_p2p_lb[0].status[0].load_balancer[0]","kubernetes_service.energi_p2p_lb[0].status[0].load_balancer","kubernetes_service.energi_p2p_lb[0].status[0]","kubernetes_service.energi_p2p_lb[0].status","kubernetes_service.energi_p2p_lb[0]","kubernetes_service.energi_p2p_lb"]},"description":"DNS name of the P2P NLB (if enabled)"},"rpc_service_hostname":{"expression":{"references":["kubernetes_service.energi_rpc_lb[0].status[0].load_balancer[0].ingress[0].hostname","kubernetes_service.energi_rpc_lb[0].status[0].load_balancer[0].ingress[0]","kubernetes_service.energi_rpc_lb[0].status[0].load_balancer[0].ingress","kubernetes_service.energi_rpc_lb[0].status[0].load_balancer[0]","kubernetes_service.energi_rpc_lb[0].status[0].load_balancer","kubernetes_service.energi_rpc_lb[0].status[0]","kubernetes_service.energi_rpc_lb[0].status","kubernetes_service.energi_rpc_lb[0]","kubernetes_service.energi_rpc_lb"]},"description":"DNS name of the RPC internal NLB (if enabled)"},"vpc_id":{"expression":{"references":["aws_vpc.this.id","aws_vpc.this"]},"description":"VPC ID"}},"resources":[{"address":"aws_eip.nat","mode":"managed","type":"aws_eip","name":"nat","provider_config_key":"aws","expressions":{"domain":{"constant_value":"vpc"},"tags":{"references":["local.tags","local.name_prefix","each.key"]}},"schema_version":0,"for_each_expression":{"references":["aws_subnet.public"]}},{"address":"aws_eks_addon.coredns","mode":"managed","type":"aws_eks_addon","name":"coredns","provider_config_key":"aws","expressions":{"addon_name":{"constant_value":"coredns"},"cluster_name":{"references":["aws_eks_cluster.this.name","aws_eks_cluster.this"]}},"schema_version":0,"depends_on":["aws_eks_node_group.default"]},{"address":"aws_eks_addon.ebs_csi","mode":"managed","type":"aws_eks_addon","name":"ebs_csi","provider_config_key":"aws","expressions":{"addon_name":{"constant_value":"aws-ebs-csi-driver"},"cluster_name":{"references":["aws_eks_cluster.this.name","aws_eks_cluster.this"]},"service_account_role_arn":{"references":["aws_iam_role.ebs_csi.arn","aws_iam_role.ebs_csi"]}},"schema_version":0,"depends_on":["aws_iam_role_policy_attachment.ebs_csi_policy","aws_eks_node_group.default"]},{"address":"aws_eks_addon.kube_proxy","mode":"managed","type":"aws_eks_addon","name":"kube_proxy","provider_config_key":"aws","expressions":{"addon_name":{"constant_value":"kube-proxy"},"cluster_name":{"references":["aws_eks_cluster.this.name","aws_eks_cluster.this"]}},"schema_version":0,"depends_on":["aws_eks_node_group.default"]},{"address":"aws_eks_addon.vpc_cni","mode":"managed","type":"aws_eks_addon","name":"vpc_cni","provider_config_key":"aws","expressions":{"addon_name":{"constant_value":"vpc-cni"},"cluster_name":{"references":["aws_eks_cluster.this.name","aws_eks_cluster.this"]}},"schema_version":0,"depends_on":["aws_eks_node_group.default"]},{"address":"aws_eks_cluster.this","mode":"managed","type":"aws_eks_cluster","name":"this","provider_config_key":"aws","expressions":{"enabled_cluster_log_types":{"constant_value":["api","audit","authenticator","controllerManager","scheduler"]},"name":{"references":["var.cluster_name"]},"role_arn":{"references":["aws_iam_role.eks_cluster.arn","aws_iam_role.eks_cluster"]},"tags":{"references":["local.tags","var.cluster_name"]},"version":{"references":["var.kubernetes_version"]},"vpc_config":[{"endpoint_private_access":{"constant_value":true},"endpoint_public_access":{"constant_value":true},"security_group_ids":{"references":["aws_security_group.eks_cluster.id","aws_security_group.eks_cluster"]},"subnet_ids":{"references":["aws_subnet.private","aws_subnet.public"]}}]},"schema_version":1,"depends_on":["aws_iam_role_policy_attachment.eks_cluster_AmazonEKSClusterPolicy","aws_iam_role_policy_attachment.eks_cluster_AmazonEKSServicePolicy"]},{"address":"aws_eks_node_group.default","mode":"managed","type":"aws_eks_node_group","name":"default","provider_config_key":"aws","expressions":{"cluster_name":{"references":["aws_eks_cluster.this.name","aws_eks_cluster.this"]},"instance_types":{"references":["var.node_instance_types"]},"node_group_name":{"references":["local.name_prefix"]},"node_role_arn":{"references":["aws_iam_role.eks_node.arn","aws_iam_role.eks_node"]},"remote_access":[{"ec2_ssh_key":{"constant_value":null},"source_security_group_ids":{"constant_value":[]}}],"scaling_config":[{"desired_size":{"references":["var.node_desired_size"]},"max_size":{"references":["var.node_max_size"]},"min_size":{"references":["var.node_min_size"]}}],"subnet_ids":{"references":["aws_subnet.private"]},"tags":{"references":["local.tags","local.name_prefix"]},"update_config":[{"max_unavailable":{"constant_value":1}}]},"schema_version":0,"depends_on":["aws_iam_role_policy_attachment.node_AmazonEKSWorkerNodePolicy","aws_iam_role_policy_attachment.node_AmazonEKS_CNI_Policy","aws_iam_role_policy_attachment.node_AmazonEC2ContainerRegistryReadOnly"]},{"address":"aws_iam_openid_connect_provider.eks","mode":"managed","type":"aws_iam_openid_connect_provider","name":"eks","provider_config_key":"aws","expressions":{"client_id_list":{"constant_value":["sts.amazonaws.com"]},"tags":{"references":["local.tags"]},"thumbprint_list":{"references":["data.tls_certificate.oidc.certificates[0].sha1_fingerprint","data.tls_certificate.oidc.certificates[0]","data.tls_certificate.oidc.certificates","data.tls_certificate.oidc"]},"url":{"references":["aws_eks_cluster.this.identity[0].oidc[0].issuer","aws_eks_cluster.this.identity[0].oidc[0]","aws_eks_cluster.this.identity[0].oidc","aws_eks_cluster.this.identity[0]","aws_eks_cluster.this.identity","aws_eks_cluster.this"]}},"schema_version":0},{"address":"aws_iam_role.ebs_csi","mode":"managed","type":"aws_iam_role","name":"ebs_csi","provider_config_key":"aws","expressions":{"assume_role_policy":{"references":["local.oidc_provider_arn","local.oidc_provider_url","local.oidc_provider_url"]},"name":{"references":["local.name_prefix"]},"tags":{"references":["local.tags"]}},"schema_version":0},{"address":"aws_iam_role.eks_cluster","mode":"managed","type":"aws_iam_role","name":"eks_cluster","provider_config_key":"aws","expressions":{"assume_role_policy":{},"name":{"references":["local.name_prefix"]},"tags":{"references":["local.tags"]}},"schema_version":0},{"address":"aws_iam_role.eks_node","mode":"managed","type":"aws_iam_role","name":"eks_node","provider_config_key":"aws","expressions":{"assume_role_policy":{},"name":{"references":["local.name_prefix"]},"tags":{"references":["local.tags"]}},"schema_version":0},{"address":"aws_iam_role_policy_attachment.ebs_csi_policy","mode":"managed","type":"aws_iam_role_policy_attachment","name":"ebs_csi_policy","provider_config_key":"aws","expressions":{"policy_arn":{"constant_value":"arn:aws:iam::aws:policy/service-role/AmazonEBSCSIDriverPolicy"},"role":{"references":["aws_iam_role.ebs_csi.name","aws_iam_role.ebs_csi"]}},"schema_version":0},{"address":"aws_iam_role_policy_attachment.eks_cluster_AmazonEKSClusterPolicy","mode":"managed","type":"aws_iam_role_policy_attachment","name":"eks_cluster_AmazonEKSClusterPolicy","provider_config_key":"aws","expressions":{"policy_arn":{"constant_value":"arn:aws:iam::aws:policy/AmazonEKSClusterPolicy"},"role":{"references":["aws_iam_role.eks_cluster.name","aws_iam_role.eks_cluster"]}},"schema_version":0},{"address":"aws_iam_role_policy_attachment.eks_cluster_AmazonEKSServicePolicy","mode":"managed","type":"aws_iam_role_policy_attachment","name":"eks_cluster_AmazonEKSServicePolicy","provider_config_key":"aws","expressions":{"policy_arn":{"constant_value":"arn:aws:iam::aws:policy/AmazonEKSServicePolicy"},"role":{"references":["aws_iam_role.eks_cluster.name","aws_iam_role.eks_cluster"]}},"schema_version":0},{"address":"aws_iam_role_policy_attachment.node_AmazonEC2ContainerRegistryReadOnly","mode":"managed","type":"aws_iam_role_policy_attachment","name":"node_AmazonEC2ContainerRegistryReadOnly","provider_config_key":"aws","expressions":{"policy_arn":{"constant_value":"arn:aws:iam::aws:policy/AmazonEC2ContainerRegistryReadOnly"},"role":{"references":["aws_iam_role.eks_node.name","aws_iam_role.eks_node"]}},"schema_version":0},{"address":"aws_iam_role_policy_attachment.node_AmazonEKSWorkerNodePolicy","mode":"managed","type":"aws_iam_role_policy_attachment","name":"node_AmazonEKSWorkerNodePolicy","provider_config_key":"aws","expressions":{"policy_arn":{"constant_value":"arn:aws:iam::aws:policy/AmazonEKSWorkerNodePolicy"},"role":{"references":["aws_iam_role.eks_node.name","aws_iam_role.eks_node"]}},"schema_version":0},{"address":"aws_iam_role_policy_attachment.node_AmazonEKS_CNI_Policy","mode":"managed","type":"aws_iam_role_policy_attachment","name":"node_AmazonEKS_CNI_Policy","provider_config_key":"aws","expressions":{"policy_arn":{"constant_value":"arn:aws:iam::aws:policy/AmazonEKS_CNI_Policy"},"role":{"references":["aws_iam_role.eks_node.name","aws_iam_role.eks_node"]}},"schema_version":0},{"address":"aws_internet_gateway.this","mode":"managed","type":"aws_internet_gateway","name":"this","provider_config_key":"aws","expressions":{"tags":{"references":["local.tags","local.name_prefix"]},"vpc_id":{"references":["aws_vpc.this.id","aws_vpc.this"]}},"schema_version":0},{"address":"aws_nat_gateway.this","mode":"managed","type":"aws_nat_gateway","name":"this","provider_config_key":"aws","expressions":{"allocation_id":{"references":["aws_eip.nat","each.key"]},"subnet_id":{"references":["each.value.id","each.value"]},"tags":{"references":["local.tags","local.name_prefix","each.key"]}},"schema_version":0,"for_each_expression":{"references":["aws_subnet.public"]},"depends_on":["aws_internet_gateway.this"]},{"address":"aws_route.private_nat","mode":"managed","type":"aws_route","name":"private_nat","provider_config_key":"aws","expressions":{"destination_cidr_block":{"constant_value":"0.0.0.0/0"},"nat_gateway_id":{"references":["aws_nat_gateway.this","each.key"]},"route_table_id":{"references":["each.value.id","each.value"]}},"schema_version":0,"for_each_expression":{"references":["aws_route_table.private"]}},{"address":"aws_route.public_internet","mode":"managed","type":"aws_route","name":"public_internet","provider_config_key":"aws","expressions":{"destination_cidr_block":{"constant_value":"0.0.0.0/0"},"gateway_id":{"references":["aws_internet_gateway.this.id","aws_internet_gateway.this"]},"route_table_id":{"references":["aws_route_table.public.id","aws_route_table.public"]}},"schema_version":0},{"address":"aws_route_table.private","mode":"managed","type":"aws_route_table","name":"private","provider_config_key":"aws","expressions":{"tags":{"references":["local.tags","local.name_prefix","each.key"]},"vpc_id":{"references":["aws_vpc.this.id","aws_vpc.this"]}},"schema_version":0,"for_each_expression":{"references":["aws_subnet.private"]}},{"address":"aws_route_table.public","mode":"managed","type":"aws_route_table","name":"public","provider_config_key":"aws","expressions":{"tags":{"references":["local.tags","local.name_prefix"]},"vpc_id":{"references":["aws_vpc.this.id","aws_vpc.this"]}},"schema_version":0},{"address":"aws_route_table_association.private","mode":"managed","type":"aws_route_table_association","name":"private","provider_config_key":"aws","expressions":{"route_table_id":{"references":["aws_route_table.private","each.key"]},"subnet_id":{"references":["each.value.id","each.value"]}},"schema_version":0,"for_each_expression":{"references":["aws_subnet.private"]}},{"address":"aws_route_table_association.public","mode":"managed","type":"aws_route_table_association","name":"public","provider_config_key":"aws","expressions":{"route_table_id":{"references":["aws_route_table.public.id","aws_route_table.public"]},"subnet_id":{"references":["each.value.id","each.value"]}},"schema_version":0,"for_each_expression":{"references":["aws_subnet.public"]}},{"address":"aws_security_group.eks_cluster","mode":"managed","type":"aws_security_group","name":"eks_cluster","provider_config_key":"aws","expressions":{"description":{"constant_value":"EKS cluster security group"},"name":{"references":["local.name_prefix"]},"tags":{"references":["local.tags","local.name_prefix"]},"vpc_id":{"references":["aws_vpc.this.id","aws_vpc.this"]}},"schema_version":1},{"address":"aws_security_group.eks_nodes","mode":"managed","type":"aws_security_group","name":"eks_nodes","provider_config_key":"aws","expressions":{"description":{"constant_value":"EKS node security group"},"name":{"references":["local.name_prefix"]},"tags":{"references":["local.tags","local.name_prefix"]},"vpc_id":{"references":["aws_vpc.this.id","aws_vpc.this"]}},"schema_version":1},{"address":"aws_security_group_rule.cluster_egress_all","mode":"managed","type":"aws_security_group_rule","name":"cluster_egress_all","provider_config_key":"aws","expressions":{"cidr_blocks":{"constant_value":["0.0.0.0/0"]},"description":{"constant_value":"Allow all egress"},"from_port":{"constant_value":0},"protocol":{"constant_value":"-1"},"security_group_id":{"references":["aws_security_group.eks_cluster.id","aws_security_group.eks_cluster"]},"to_port":{"constant_value":0},"type":{"constant_value":"egress"}},"schema_version":2},{"address":"aws_security_group_rule.cluster_from_nodes","mode":"managed","type":"aws_security_group_rule","name":"cluster_from_nodes","provider_config_key":"aws","expressions":{"description":{"constant_value":"Node to cluster all traffic"},"from_port":{"constant_value":0},"protocol":{"constant_value":"-1"},"security_group_id":{"references":["aws_security_group.eks_cluster.id","aws_security_group.eks_cluster"]},"source_security_group_id":{"references":["aws_security_group.eks_nodes.id","aws_security_group.eks_nodes"]},"to_port":{"constant_value":0},"type":{"constant_value":"ingress"}},"schema_version":2},{"address":"aws_security_group_rule.nodes_all_self","mode":"managed","type":"aws_security_group_rule","name":"nodes_all_self","provider_config_key":"aws","expressions":{"description":{"constant_value":"Node to node all traffic"},"from_port":{"constant_value":0},"protocol":{"constant_value":"-1"},"security_group_id":{"references":["aws_security_group.eks_nodes.id","aws_security_group.eks_nodes"]},"self":{"constant_value":true},"to_port":{"constant_value":0},"type":{"constant_value":"ingress"}},"schema_version":2},{"address":"aws_security_group_rule.nodes_egress_all","mode":"managed","type":"aws_security_group_rule","name":"nodes_egress_all","provider_config_key":"aws","expressions":{"cidr_blocks":{"constant_value":["0.0.0.0/0"]},"description":{"constant_value":"Allow all egress"},"from_port":{"constant_value":0},"protocol":{"constant_value":"-1"},"security_group_id":{"references":["aws_security_group.eks_nodes.id","aws_security_group.eks_nodes"]},"to_port":{"constant_value":0},"type":{"constant_value":"egress"}},"schema_version":2},{"address":"aws_security_group_rule.nodes_from_cluster","mode":"managed","type":"aws_security_group_rule","name":"nodes_from_cluster","provider_config_key":"aws","expressions":{"description":{"constant_value":"Cluster to node all traffic"},"from_port":{"constant_value":0},"protocol":{"constant_value":"-1"},"security_group_id":{"references":["aws_security_group.eks_nodes.id","aws_security_group.eks_nodes"]},"source_security_group_id":{"references":["aws_security_group.eks_cluster.id","aws_security_group.eks_cluster"]},"to_port":{"constant_value":0},"type":{"constant_value":"ingress"}},"schema_version":2},{"address":"aws_subnet.private","mode":"managed","type":"aws_subnet","name":"private","provider_config_key":"aws","expressions":{"availability_zone":{"references":["each.key"]},"cidr_block":{"references":["var.vpc_cidr","each.value"]},"tags":{"references":["local.tags","local.name_prefix","each.key"]},"vpc_id":{"references":["aws_vpc.this.id","aws_vpc.this"]}},"schema_version":1,"for_each_expression":{"references":["local.azs"]}},{"address":"aws_subnet.public","mode":"managed","type":"aws_subnet","name":"public","provider_config_key":"aws","expressions":{"availability_zone":{"references":["each.key"]},"cidr_block":{"references":["var.vpc_cidr","each.value"]},"map_public_ip_on_launch":{"constant_value":true},"tags":{"references":["local.tags","local.name_prefix","each.key"]},"vpc_id":{"references":["aws_vpc.this.id","aws_vpc.this"]}},"schema_version":1,"for_each_expression":{"references":["local.azs"]}},{"address":"aws_vpc.this","mode":"managed","type":"aws_vpc","name":"this","provider_config_key":"aws","expressions":{"cidr_block":{"references":["var.vpc_cidr"]},"enable_dns_hostnames":{"constant_value":true},"enable_dns_support":{"constant_value":true},"tags":{"references":["local.tags","local.name_prefix"]}},"schema_version":1},{"address":"aws_vpc_endpoint.s3","mode":"managed","type":"aws_vpc_endpoint","name":"s3","provider_config_key":"aws","expressions":{"route_table_ids":{"references":["aws_route_table.public.id","aws_route_table.public","aws_route_table.private"]},"service_name":{"references":["var.aws_region"]},"tags":{"references":["local.tags","local.name_prefix"]},"vpc_endpoint_type":{"constant_value":"Gateway"},"vpc_id":{"references":["aws_vpc.this.id","aws_vpc.this"]}},"schema_version":0},{"address":"kubernetes_namespace.energi","mode":"managed","type":"kubernetes_namespace","name":"energi","provider_config_key":"kubernetes","expressions":{"metadata":[{"labels":{"constant_value":{"app.kubernetes.io/name":"energi"}},"name":{"references":["var.energi_namespace"]}}]},"schema_version":0,"depends_on":["aws_eks_node_group.default"]},{"address":"kubernetes_secret.dockersecret","mode":"managed","type":"kubernetes_secret","name":"dockersecret","provider_config_key":"kubernetes","expressions":{"data":{"references":["var.dockerconfigjson"]},"metadata":[{"name":{"constant_value":"dockersecret"},"namespace":{"references":["kubernetes_namespace.energi.metadata[0].name","kubernetes_namespace.energi.metadata[0]","kubernetes_namespace.energi.metadata","kubernetes_namespace.energi"]}}],"type":{"constant_value":"kubernetes.io/dockerconfigjson"}},"schema_version":0,"count_expression":{"references":["var.dockerconfigjson"]}},{"address":"kubernetes_service.energi_headless","mode":"managed","type":"kubernetes_service","name":"energi_headless","provider_config_key":"kubernetes","expressions":{"metadata":[{"labels":{"constant_value":{"app":"energi-node"}},"name":{"constant_value":"energi-node"},"namespace":{"references":["kubernetes_namespace.energi.metadata[0].name","kubernetes_namespace.energi.metadata[0]","kubernetes_namespace.energi.metadata","kubernetes_namespace.energi"]}}],"spec":[{"cluster_ip":{"constant_value":"None"},"port":[{"name":{"constant_value":"rpc"},"port":{"references":["var.rpc_port"]},"protocol":{"constant_value":"TCP"},"target_port":{"references":["var.rpc_port"]}},{"name":{"constant_value":"p2p"},"port":{"references":["var.p2p_port"]},"protocol":{"constant_value":"TCP"},"target_port":{"references":["var.p2p_port"]}}],"selector":{"constant_value":{"app":"energi-node"}}}]},"schema_version":1},{"address":"kubernetes_service.energi_p2p_lb","mode":"managed","type":"kubernetes_service","name":"energi_p2p_lb","provider_config_key":"kubernetes","expressions":{"metadata":[{"annotations":{"constant_value":{"service.beta.kubernetes.io/aws-load-balancer-nlb-target-type":"ip","service.beta.kubernetes.io/aws-load-balancer-scheme":"internet-facing","service.beta.kubernetes.io/aws-load-balancer-type":"nlb"}},"labels":{"constant_value":{"app":"energi-node"}},"name":{"constant_value":"energi-p2p"},"namespace":{"references":["kubernetes_namespace.energi.metadata[0].name","kubernetes_namespace.energi.metadata[0]","kubernetes_namespace.energi.metadata","kubernetes_namespace.energi"]}}],"spec":[{"port":[{"name":{"constant_value":"p2p"},"port":{"references":["var.p2p_port"]},"protocol":{"constant_value":"TCP"},"target_port":{"references":["var.p2p_port"]}}],"selector":{"constant_value":{"app":"energi-node"}},"type":{"constant_value":"LoadBalancer"}}]},"schema_version":1,"count_expression":{"references":["var.enable_public_p2p"]},"depends_on":["kubernetes_stateful_set.energi"]},{"address":"kubernetes_service.energi_rpc_lb","mode":"managed","type":"kubernetes_service","name":"energi_rpc_lb","provider_config_key":"kubernetes","expressions":{"metadata":[{"annotations":{"references":["var.rpc_allowed_cidrs"]},"labels":{"constant_value":{"app":"energi-node"}},"name":{"constant_value":"energi-rpc"},"namespace":{"references":["kubernetes_namespace.energi.metadata[0].name","kubernetes_namespace.energi.metadata[0]","kubernetes_namespace.energi.metadata","kubernetes_namespace.energi"]}}],"spec":[{"port":[{"name":{"constant_value":"rpc"},"port":{"references":["var.rpc_port"]},"protocol":{"constant_value":"TCP"},"target_port":{"references":["var.rpc_port"]}}],"selector":{"constant_value":{"app":"energi-node"}},"type":{"constant_value":"LoadBalancer"}}]},"schema_version":1,"count_expression":{"references":["var.enable_internal_rpc"]},"depends_on":["kubernetes_stateful_set.energi"]},{"address":"kubernetes_stateful_set.energi","mode":"managed","type":"kubernetes_stateful_set","name":"energi","provider_config_key":"kubernetes","expressions":{"metadata":[{"labels":{"constant_value":{"app":"energi-node"}},"name":{"constant_value":"energi-node"},"namespace":{"references":["kubernetes_namespace.energi.metadata[0].name","kubernetes_namespace.energi.metadata[0]","kubernetes_namespace.energi.metadata","kubernetes_namespace.energi"]}}],"spec":[{"replicas":{"references":["var.energi_replicas"]},"selector":[{"match_labels":{"constant_value":{"app":"energi-node"}}}],"service_name":{"references":["kubernetes_service.energi_headless.metadata[0].name","kubernetes_service.energi_headless.metadata[0]","kubernetes_service.energi_headless.metadata","kubernetes_service.energi_headless"]},"template":[{"metadata":[{"labels":{"constant_value":{"app":"energi-node"}}}],"spec":[{"container":[{"image":{"references":["var.energi_image"]},"name":{"constant_value":"energi-node"},"port":[{"container_port":{"references":["var.rpc_port"]},"name":{"constant_value":"rpc"}},{"container_port":{"references":["var.p2p_port"]},"name":{"constant_value":"p2p"}}],"resources":[{"limits":{"constant_value":{"cpu":"1","memory":"1Gi"}},"requests":{"constant_value":{"cpu":"500m","memory":"512Mi"}}}],"volume_mount":[{"mount_path":{"constant_value":"/opt"},"name":{"constant_value":"data"}}]}]}]}],"volume_claim_template":[{"metadata":[{"name":{"constant_value":"data"}}],"spec":[{"access_modes":{"constant_value":["ReadWriteOnce"]},"resources":[{"requests":{"references":["var.pvc_size"]}}],"storage_class_name":{"references":["kubernetes_storage_class.gp3_encrypted.metadata[0].name","kubernetes_storage_class.gp3_encrypted.metadata[0]","kubernetes_storage_class.gp3_encrypted.metadata","kubernetes_storage_class.gp3_encrypted"]}}]}]}]},"schema_version":1,"depends_on":["kubernetes_storage_class.gp3_encrypted","kubernetes_service.energi_headless"]},{"address":"kubernetes_storage_class.gp3_encrypted","mode":"managed","type":"kubernetes_storage_class","name":"gp3_encrypted","provider_config_key":"kubernetes","expressions":{"metadata":[{"annotations":{"constant_value":{"storageclass.kubernetes.io/is-default-class":"true"}},"name":{"constant_value":"gp3-encrypted"}}],"parameters":{"constant_value":{"encrypted":"true","fsType":"ext4","type":"gp3"}},"reclaim_policy":{"constant_value":"Delete"},"storage_provisioner":{"constant_value":"ebs.csi.aws.com"},"volume_binding_mode":{"constant_value":"WaitForFirstConsumer"}},"schema_version":0,"depends_on":["aws_eks_addon.ebs_csi"]},{"address":"data.aws_availability_zones.available","mode":"data","type":"aws_availability_zones","name":"available","provider_config_key":"aws","expressions":{"state":{"constant_value":"available"}},"schema_version":0},{"address":"data.aws_eks_cluster.this","mode":"data","type":"aws_eks_cluster","name":"this","provider_config_key":"aws","expressions":{"name":{"references":["aws_eks_cluster.this.name","aws_eks_cluster.this"]}},"schema_version":0},{"address":"data.aws_eks_cluster_auth.this","mode":"data","type":"aws_eks_cluster_auth","name":"this","provider_config_key":"aws","expressions":{"name":{"references":["aws_eks_cluster.this.name","aws_eks_cluster.this"]}},"schema_version":0},{"address":"data.tls_certificate.oidc","mode":"data","type":"tls_certificate","name":"oidc","provider_config_key":"tls","expressions":{"url":{"references":["aws_eks_cluster.this.identity[0].oidc[0].issuer","aws_eks_cluster.this.identity[0].oidc[0]","aws_eks_cluster.this.identity[0].oidc","aws_eks_cluster.this.identity[0]","aws_eks_cluster.this.identity","aws_eks_cluster.this"]}},"schema_version":0}],"variables":{"aws_region":{"default":"ap-south-1","description":"AWS region"},"az_count":{"default":2,"description":"Number of AZs to use"},"cluster_name":{"default":"devops-challenge","description":"EKS cluster name"},"dockerconfigjson":{"default":"","description":"Optional Docker Hub pull secret in .dockerconfigjson format (base64 NOT required). If empty, no imagePullSecret is created.","sensitive":true},"enable_internal_rpc":{"default":true,"description":"Whether to expose RPC port via an internal NLB"},"enable_public_p2p":{"default":true,"description":"Whether to expose P2P port via an internet-facing NLB"},"energi_image":{"default":"awskanojia/devops-challenge:latest","description":"Energi node container image"},"energi_namespace":{"default":"energi","description":"Kubernetes namespace for Energi"},"energi_replicas":{"default":3,"description":"Number of Energi node replicas"},"environment":{"default":"dev","description":"Environment name (e.g., dev, staging, prod)"},"kubernetes_version":{"default":"1.29","description":"EKS Kubernetes version"},"node_desired_size":{"default":3,"description":"Desired node count"},"node_instance_types":{"default":["t3.large"],"description":"Instance types for the managed node group"},"node_max_size":{"default":6,"description":"Maximum node count"},"node_min_size":{"default":2,"description":"Minimum node count"},"p2p_port":{"default":39798,"description":"Energi P2P port"},"project_name":{"default":"devops-challenge","description":"Project name used for naming/tagging"},"pvc_size":{"default":"1Gi","description":"PVC size for each Energi replica"},"rpc_allowed_cidrs":{"default":["10.0.0.0/8"],"description":"CIDR blocks allowed to access the RPC NLB (if enabled). Keep restrictive."},"rpc_port":{"default":39797,"description":"Energi RPC port"},"vpc_cidr":{"default":"10.0.0.0/16","description":"VPC CIDR"}}}},"relevant_attributes":[{"resource":"aws_iam_role.eks_cluster","attribute":["arn"]},{"resource":"aws_subnet.private","attribute":[]},{"resource":"aws_eip.nat","attribute":[]},{"resource":"aws_route_table.private","attribute":[]},{"resource":"aws_subnet.public","attribute":[]},{"resource":"aws_iam_role.ebs_csi","attribute":["arn"]},{"resource":"aws_iam_role.eks_cluster","attribute":["name"]},{"resource":"kubernetes_secret.dockersecret[0]","attribute":["metadata",0,"name"]},{"resource":"aws_eks_cluster.this","attribute":["name"]},{"resource":"aws_internet_gateway.this","attribute":["id"]},{"resource":"aws_vpc.this","attribute":["id"]},{"resource":"aws_iam_role.ebs_csi","attribute":["name"]},{"resource":"aws_nat_gateway.this","attribute":[]},{"resource":"aws_eks_cluster.this","attribute":["identity",0,"oidc",0,"issuer"]},{"resource":"aws_eks_cluster.this","attribute":["endpoint"]},{"resource":"data.tls_certificate.oidc","attribute":["certificates",0,"sha1_fingerprint"]},{"resource":"aws_iam_role.eks_node","attribute":["arn"]},{"resource":"kubernetes_storage_class.gp3_encrypted","attribute":["metadata",0,"name"]},{"resource":"aws_security_group.eks_cluster","attribute":["id"]},{"resource":"aws_security_group.eks_nodes","attribute":["id"]},{"resource":"aws_iam_openid_connect_provider.eks","attribute":["arn"]},{"resource":"kubernetes_service.energi_headless","attribute":["metadata",0,"name"]},{"resource":"aws_iam_role.eks_node","attribute":["name"]},{"resource":"kubernetes_namespace.energi","attribute":["metadata",0,"name"]},{"resource":"data.aws_availability_zones.available","attribute":["names"]},{"resource":"kubernetes_service.energi_p2p_lb[0]","attribute":["status",0,"load_balancer",0,"ingress",0,"hostname"]},{"resource":"kubernetes_service.energi_rpc_lb[0]","attribute":["status",0,"load_balancer",0,"ingress",0,"hostname"]},{"resource":"aws_route_table.public","attribute":["id"]}],"timestamp":"2026-01-27T10:08:31Z","applyable":true,"complete":true,"errored":false}
