data.aws_availability_zones.available: Reading...
data.aws_availability_zones.available: Read complete after 1s [id=ap-south-1]

Terraform used the selected providers to generate the following execution
plan. Resource actions are indicated with the following symbols:
  + create
 <= read (data resources)

Terraform will perform the following actions:

  # data.aws_eks_cluster.this will be read during apply
  # (depends on a resource or a module with changes pending)
 <= data "aws_eks_cluster" "this" {
      + access_config             = (known after apply)
      + arn                       = (known after apply)
      + certificate_authority     = (known after apply)
      + cluster_id                = (known after apply)
      + compute_config            = (known after apply)
      + created_at                = (known after apply)
      + enabled_cluster_log_types = (known after apply)
      + endpoint                  = (known after apply)
      + id                        = (known after apply)
      + identity                  = (known after apply)
      + kubernetes_network_config = (known after apply)
      + name                      = "devops-challenge"
      + outpost_config            = (known after apply)
      + platform_version          = (known after apply)
      + remote_network_config     = (known after apply)
      + role_arn                  = (known after apply)
      + status                    = (known after apply)
      + storage_config            = (known after apply)
      + tags                      = (known after apply)
      + upgrade_policy            = (known after apply)
      + version                   = (known after apply)
      + vpc_config                = (known after apply)
      + zonal_shift_config        = (known after apply)
    }

  # data.aws_eks_cluster_auth.this will be read during apply
  # (depends on a resource or a module with changes pending)
 <= data "aws_eks_cluster_auth" "this" {
      + id    = (known after apply)
      + name  = "devops-challenge"
      + token = (sensitive value)
    }

  # data.tls_certificate.oidc will be read during apply
  # (config refers to values not yet known)
 <= data "tls_certificate" "oidc" {
      + certificates = (known after apply)
      + id           = (known after apply)
      + url          = (known after apply)
    }

  # aws_eip.nat["ap-south-1a"] will be created
  + resource "aws_eip" "nat" {
      + allocation_id        = (known after apply)
      + arn                  = (known after apply)
      + association_id       = (known after apply)
      + carrier_ip           = (known after apply)
      + customer_owned_ip    = (known after apply)
      + domain               = "vpc"
      + id                   = (known after apply)
      + instance             = (known after apply)
      + ipam_pool_id         = (known after apply)
      + network_border_group = (known after apply)
      + network_interface    = (known after apply)
      + private_dns          = (known after apply)
      + private_ip           = (known after apply)
      + ptr_record           = (known after apply)
      + public_dns           = (known after apply)
      + public_ip            = (known after apply)
      + public_ipv4_pool     = (known after apply)
      + tags                 = {
          + "Environment" = "dev"
          + "ManagedBy"   = "terraform"
          + "Name"        = "devops-challenge-dev-nat-eip-ap-south-1a"
          + "Project"     = "devops-challenge"
        }
      + tags_all             = {
          + "Environment" = "dev"
          + "ManagedBy"   = "terraform"
          + "Name"        = "devops-challenge-dev-nat-eip-ap-south-1a"
          + "Project"     = "devops-challenge"
        }
      + vpc                  = (known after apply)
    }

  # aws_eip.nat["ap-south-1b"] will be created
  + resource "aws_eip" "nat" {
      + allocation_id        = (known after apply)
      + arn                  = (known after apply)
      + association_id       = (known after apply)
      + carrier_ip           = (known after apply)
      + customer_owned_ip    = (known after apply)
      + domain               = "vpc"
      + id                   = (known after apply)
      + instance             = (known after apply)
      + ipam_pool_id         = (known after apply)
      + network_border_group = (known after apply)
      + network_interface    = (known after apply)
      + private_dns          = (known after apply)
      + private_ip           = (known after apply)
      + ptr_record           = (known after apply)
      + public_dns           = (known after apply)
      + public_ip            = (known after apply)
      + public_ipv4_pool     = (known after apply)
      + tags                 = {
          + "Environment" = "dev"
          + "ManagedBy"   = "terraform"
          + "Name"        = "devops-challenge-dev-nat-eip-ap-south-1b"
          + "Project"     = "devops-challenge"
        }
      + tags_all             = {
          + "Environment" = "dev"
          + "ManagedBy"   = "terraform"
          + "Name"        = "devops-challenge-dev-nat-eip-ap-south-1b"
          + "Project"     = "devops-challenge"
        }
      + vpc                  = (known after apply)
    }

  # aws_eks_addon.coredns will be created
  + resource "aws_eks_addon" "coredns" {
      + addon_name           = "coredns"
      + addon_version        = (known after apply)
      + arn                  = (known after apply)
      + cluster_name         = "devops-challenge"
      + configuration_values = (known after apply)
      + created_at           = (known after apply)
      + id                   = (known after apply)
      + modified_at          = (known after apply)
      + tags_all             = {
          + "Environment" = "dev"
          + "ManagedBy"   = "terraform"
          + "Project"     = "devops-challenge"
        }
    }

  # aws_eks_addon.ebs_csi will be created
  + resource "aws_eks_addon" "ebs_csi" {
      + addon_name               = "aws-ebs-csi-driver"
      + addon_version            = (known after apply)
      + arn                      = (known after apply)
      + cluster_name             = "devops-challenge"
      + configuration_values     = (known after apply)
      + created_at               = (known after apply)
      + id                       = (known after apply)
      + modified_at              = (known after apply)
      + service_account_role_arn = (known after apply)
      + tags_all                 = {
          + "Environment" = "dev"
          + "ManagedBy"   = "terraform"
          + "Project"     = "devops-challenge"
        }
    }

  # aws_eks_addon.kube_proxy will be created
  + resource "aws_eks_addon" "kube_proxy" {
      + addon_name           = "kube-proxy"
      + addon_version        = (known after apply)
      + arn                  = (known after apply)
      + cluster_name         = "devops-challenge"
      + configuration_values = (known after apply)
      + created_at           = (known after apply)
      + id                   = (known after apply)
      + modified_at          = (known after apply)
      + tags_all             = {
          + "Environment" = "dev"
          + "ManagedBy"   = "terraform"
          + "Project"     = "devops-challenge"
        }
    }

  # aws_eks_addon.vpc_cni will be created
  + resource "aws_eks_addon" "vpc_cni" {
      + addon_name           = "vpc-cni"
      + addon_version        = (known after apply)
      + arn                  = (known after apply)
      + cluster_name         = "devops-challenge"
      + configuration_values = (known after apply)
      + created_at           = (known after apply)
      + id                   = (known after apply)
      + modified_at          = (known after apply)
      + tags_all             = {
          + "Environment" = "dev"
          + "ManagedBy"   = "terraform"
          + "Project"     = "devops-challenge"
        }
    }

  # aws_eks_cluster.this will be created
  + resource "aws_eks_cluster" "this" {
      + arn                           = (known after apply)
      + bootstrap_self_managed_addons = true
      + certificate_authority         = (known after apply)
      + cluster_id                    = (known after apply)
      + created_at                    = (known after apply)
      + enabled_cluster_log_types     = [
          + "api",
          + "audit",
          + "authenticator",
          + "controllerManager",
          + "scheduler",
        ]
      + endpoint                      = (known after apply)
      + id                            = (known after apply)
      + identity                      = (known after apply)
      + name                          = "devops-challenge"
      + platform_version              = (known after apply)
      + role_arn                      = (known after apply)
      + status                        = (known after apply)
      + tags                          = {
          + "Environment" = "dev"
          + "ManagedBy"   = "terraform"
          + "Name"        = "devops-challenge"
          + "Project"     = "devops-challenge"
        }
      + tags_all                      = {
          + "Environment" = "dev"
          + "ManagedBy"   = "terraform"
          + "Name"        = "devops-challenge"
          + "Project"     = "devops-challenge"
        }
      + version                       = "1.29"

      + access_config (known after apply)

      + kubernetes_network_config (known after apply)

      + upgrade_policy (known after apply)

      + vpc_config {
          + cluster_security_group_id = (known after apply)
          + endpoint_private_access   = true
          + endpoint_public_access    = true
          + public_access_cidrs       = (known after apply)
          + security_group_ids        = (known after apply)
          + subnet_ids                = (known after apply)
          + vpc_id                    = (known after apply)
        }
    }

  # aws_eks_node_group.default will be created
  + resource "aws_eks_node_group" "default" {
      + ami_type               = (known after apply)
      + arn                    = (known after apply)
      + capacity_type          = (known after apply)
      + cluster_name           = "devops-challenge"
      + disk_size              = (known after apply)
      + id                     = (known after apply)
      + instance_types         = [
          + "t3.large",
        ]
      + node_group_name        = "devops-challenge-dev-ng"
      + node_group_name_prefix = (known after apply)
      + node_role_arn          = (known after apply)
      + release_version        = (known after apply)
      + resources              = (known after apply)
      + status                 = (known after apply)
      + subnet_ids             = (known after apply)
      + tags                   = {
          + "Environment" = "dev"
          + "ManagedBy"   = "terraform"
          + "Name"        = "devops-challenge-dev-ng"
          + "Project"     = "devops-challenge"
        }
      + tags_all               = {
          + "Environment" = "dev"
          + "ManagedBy"   = "terraform"
          + "Name"        = "devops-challenge-dev-ng"
          + "Project"     = "devops-challenge"
        }
      + version                = (known after apply)

      + node_repair_config (known after apply)

      + remote_access {}

      + scaling_config {
          + desired_size = 3
          + max_size     = 6
          + min_size     = 2
        }

      + update_config {
          + max_unavailable = 1
        }
    }

  # aws_iam_openid_connect_provider.eks will be created
  + resource "aws_iam_openid_connect_provider" "eks" {
      + arn             = (known after apply)
      + client_id_list  = [
          + "sts.amazonaws.com",
        ]
      + id              = (known after apply)
      + tags            = {
          + "Environment" = "dev"
          + "ManagedBy"   = "terraform"
          + "Project"     = "devops-challenge"
        }
      + tags_all        = {
          + "Environment" = "dev"
          + "ManagedBy"   = "terraform"
          + "Project"     = "devops-challenge"
        }
      + thumbprint_list = (known after apply)
      + url             = (known after apply)
    }

  # aws_iam_role.ebs_csi will be created
  + resource "aws_iam_role" "ebs_csi" {
      + arn                   = (known after apply)
      + assume_role_policy    = (known after apply)
      + create_date           = (known after apply)
      + force_detach_policies = false
      + id                    = (known after apply)
      + managed_policy_arns   = (known after apply)
      + max_session_duration  = 3600
      + name                  = "devops-challenge-dev-ebs-csi-irsa"
      + name_prefix           = (known after apply)
      + path                  = "/"
      + tags                  = {
          + "Environment" = "dev"
          + "ManagedBy"   = "terraform"
          + "Project"     = "devops-challenge"
        }
      + tags_all              = {
          + "Environment" = "dev"
          + "ManagedBy"   = "terraform"
          + "Project"     = "devops-challenge"
        }
      + unique_id             = (known after apply)

      + inline_policy (known after apply)
    }

  # aws_iam_role.eks_cluster will be created
  + resource "aws_iam_role" "eks_cluster" {
      + arn                   = (known after apply)
      + assume_role_policy    = jsonencode(
            {
              + Statement = [
                  + {
                      + Action    = "sts:AssumeRole"
                      + Effect    = "Allow"
                      + Principal = {
                          + Service = "eks.amazonaws.com"
                        }
                    },
                ]
              + Version   = "2012-10-17"
            }
        )
      + create_date           = (known after apply)
      + force_detach_policies = false
      + id                    = (known after apply)
      + managed_policy_arns   = (known after apply)
      + max_session_duration  = 3600
      + name                  = "devops-challenge-dev-eks-cluster-role"
      + name_prefix           = (known after apply)
      + path                  = "/"
      + tags                  = {
          + "Environment" = "dev"
          + "ManagedBy"   = "terraform"
          + "Project"     = "devops-challenge"
        }
      + tags_all              = {
          + "Environment" = "dev"
          + "ManagedBy"   = "terraform"
          + "Project"     = "devops-challenge"
        }
      + unique_id             = (known after apply)

      + inline_policy (known after apply)
    }

  # aws_iam_role.eks_node will be created
  + resource "aws_iam_role" "eks_node" {
      + arn                   = (known after apply)
      + assume_role_policy    = jsonencode(
            {
              + Statement = [
                  + {
                      + Action    = "sts:AssumeRole"
                      + Effect    = "Allow"
                      + Principal = {
                          + Service = "ec2.amazonaws.com"
                        }
                    },
                ]
              + Version   = "2012-10-17"
            }
        )
      + create_date           = (known after apply)
      + force_detach_policies = false
      + id                    = (known after apply)
      + managed_policy_arns   = (known after apply)
      + max_session_duration  = 3600
      + name                  = "devops-challenge-dev-eks-node-role"
      + name_prefix           = (known after apply)
      + path                  = "/"
      + tags                  = {
          + "Environment" = "dev"
          + "ManagedBy"   = "terraform"
          + "Project"     = "devops-challenge"
        }
      + tags_all              = {
          + "Environment" = "dev"
          + "ManagedBy"   = "terraform"
          + "Project"     = "devops-challenge"
        }
      + unique_id             = (known after apply)

      + inline_policy (known after apply)
    }

  # aws_iam_role_policy_attachment.ebs_csi_policy will be created
  + resource "aws_iam_role_policy_attachment" "ebs_csi_policy" {
      + id         = (known after apply)
      + policy_arn = "arn:aws:iam::aws:policy/service-role/AmazonEBSCSIDriverPolicy"
      + role       = "devops-challenge-dev-ebs-csi-irsa"
    }

  # aws_iam_role_policy_attachment.eks_cluster_AmazonEKSClusterPolicy will be created
  + resource "aws_iam_role_policy_attachment" "eks_cluster_AmazonEKSClusterPolicy" {
      + id         = (known after apply)
      + policy_arn = "arn:aws:iam::aws:policy/AmazonEKSClusterPolicy"
      + role       = "devops-challenge-dev-eks-cluster-role"
    }

  # aws_iam_role_policy_attachment.eks_cluster_AmazonEKSServicePolicy will be created
  + resource "aws_iam_role_policy_attachment" "eks_cluster_AmazonEKSServicePolicy" {
      + id         = (known after apply)
      + policy_arn = "arn:aws:iam::aws:policy/AmazonEKSServicePolicy"
      + role       = "devops-challenge-dev-eks-cluster-role"
    }

  # aws_iam_role_policy_attachment.node_AmazonEC2ContainerRegistryReadOnly will be created
  + resource "aws_iam_role_policy_attachment" "node_AmazonEC2ContainerRegistryReadOnly" {
      + id         = (known after apply)
      + policy_arn = "arn:aws:iam::aws:policy/AmazonEC2ContainerRegistryReadOnly"
      + role       = "devops-challenge-dev-eks-node-role"
    }

  # aws_iam_role_policy_attachment.node_AmazonEKSWorkerNodePolicy will be created
  + resource "aws_iam_role_policy_attachment" "node_AmazonEKSWorkerNodePolicy" {
      + id         = (known after apply)
      + policy_arn = "arn:aws:iam::aws:policy/AmazonEKSWorkerNodePolicy"
      + role       = "devops-challenge-dev-eks-node-role"
    }

  # aws_iam_role_policy_attachment.node_AmazonEKS_CNI_Policy will be created
  + resource "aws_iam_role_policy_attachment" "node_AmazonEKS_CNI_Policy" {
      + id         = (known after apply)
      + policy_arn = "arn:aws:iam::aws:policy/AmazonEKS_CNI_Policy"
      + role       = "devops-challenge-dev-eks-node-role"
    }

  # aws_internet_gateway.this will be created
  + resource "aws_internet_gateway" "this" {
      + arn      = (known after apply)
      + id       = (known after apply)
      + owner_id = (known after apply)
      + tags     = {
          + "Environment" = "dev"
          + "ManagedBy"   = "terraform"
          + "Name"        = "devops-challenge-dev-igw"
          + "Project"     = "devops-challenge"
        }
      + tags_all = {
          + "Environment" = "dev"
          + "ManagedBy"   = "terraform"
          + "Name"        = "devops-challenge-dev-igw"
          + "Project"     = "devops-challenge"
        }
      + vpc_id   = (known after apply)
    }

  # aws_nat_gateway.this["ap-south-1a"] will be created
  + resource "aws_nat_gateway" "this" {
      + allocation_id                      = (known after apply)
      + association_id                     = (known after apply)
      + connectivity_type                  = "public"
      + id                                 = (known after apply)
      + network_interface_id               = (known after apply)
      + private_ip                         = (known after apply)
      + public_ip                          = (known after apply)
      + secondary_private_ip_address_count = (known after apply)
      + secondary_private_ip_addresses     = (known after apply)
      + subnet_id                          = (known after apply)
      + tags                               = {
          + "Environment" = "dev"
          + "ManagedBy"   = "terraform"
          + "Name"        = "devops-challenge-dev-nat-ap-south-1a"
          + "Project"     = "devops-challenge"
        }
      + tags_all                           = {
          + "Environment" = "dev"
          + "ManagedBy"   = "terraform"
          + "Name"        = "devops-challenge-dev-nat-ap-south-1a"
          + "Project"     = "devops-challenge"
        }
    }

  # aws_nat_gateway.this["ap-south-1b"] will be created
  + resource "aws_nat_gateway" "this" {
      + allocation_id                      = (known after apply)
      + association_id                     = (known after apply)
      + connectivity_type                  = "public"
      + id                                 = (known after apply)
      + network_interface_id               = (known after apply)
      + private_ip                         = (known after apply)
      + public_ip                          = (known after apply)
      + secondary_private_ip_address_count = (known after apply)
      + secondary_private_ip_addresses     = (known after apply)
      + subnet_id                          = (known after apply)
      + tags                               = {
          + "Environment" = "dev"
          + "ManagedBy"   = "terraform"
          + "Name"        = "devops-challenge-dev-nat-ap-south-1b"
          + "Project"     = "devops-challenge"
        }
      + tags_all                           = {
          + "Environment" = "dev"
          + "ManagedBy"   = "terraform"
          + "Name"        = "devops-challenge-dev-nat-ap-south-1b"
          + "Project"     = "devops-challenge"
        }
    }

  # aws_route.private_nat["ap-south-1a"] will be created
  + resource "aws_route" "private_nat" {
      + destination_cidr_block = "0.0.0.0/0"
      + id                     = (known after apply)
      + instance_id            = (known after apply)
      + instance_owner_id      = (known after apply)
      + nat_gateway_id         = (known after apply)
      + network_interface_id   = (known after apply)
      + origin                 = (known after apply)
      + route_table_id         = (known after apply)
      + state                  = (known after apply)
    }

  # aws_route.private_nat["ap-south-1b"] will be created
  + resource "aws_route" "private_nat" {
      + destination_cidr_block = "0.0.0.0/0"
      + id                     = (known after apply)
      + instance_id            = (known after apply)
      + instance_owner_id      = (known after apply)
      + nat_gateway_id         = (known after apply)
      + network_interface_id   = (known after apply)
      + origin                 = (known after apply)
      + route_table_id         = (known after apply)
      + state                  = (known after apply)
    }

  # aws_route.public_internet will be created
  + resource "aws_route" "public_internet" {
      + destination_cidr_block = "0.0.0.0/0"
      + gateway_id             = (known after apply)
      + id                     = (known after apply)
      + instance_id            = (known after apply)
      + instance_owner_id      = (known after apply)
      + network_interface_id   = (known after apply)
      + origin                 = (known after apply)
      + route_table_id         = (known after apply)
      + state                  = (known after apply)
    }

  # aws_route_table.private["ap-south-1a"] will be created
  + resource "aws_route_table" "private" {
      + arn              = (known after apply)
      + id               = (known after apply)
      + owner_id         = (known after apply)
      + propagating_vgws = (known after apply)
      + route            = (known after apply)
      + tags             = {
          + "Environment" = "dev"
          + "ManagedBy"   = "terraform"
          + "Name"        = "devops-challenge-dev-private-rt-ap-south-1a"
          + "Project"     = "devops-challenge"
        }
      + tags_all         = {
          + "Environment" = "dev"
          + "ManagedBy"   = "terraform"
          + "Name"        = "devops-challenge-dev-private-rt-ap-south-1a"
          + "Project"     = "devops-challenge"
        }
      + vpc_id           = (known after apply)
    }

  # aws_route_table.private["ap-south-1b"] will be created
  + resource "aws_route_table" "private" {
      + arn              = (known after apply)
      + id               = (known after apply)
      + owner_id         = (known after apply)
      + propagating_vgws = (known after apply)
      + route            = (known after apply)
      + tags             = {
          + "Environment" = "dev"
          + "ManagedBy"   = "terraform"
          + "Name"        = "devops-challenge-dev-private-rt-ap-south-1b"
          + "Project"     = "devops-challenge"
        }
      + tags_all         = {
          + "Environment" = "dev"
          + "ManagedBy"   = "terraform"
          + "Name"        = "devops-challenge-dev-private-rt-ap-south-1b"
          + "Project"     = "devops-challenge"
        }
      + vpc_id           = (known after apply)
    }

  # aws_route_table.public will be created
  + resource "aws_route_table" "public" {
      + arn              = (known after apply)
      + id               = (known after apply)
      + owner_id         = (known after apply)
      + propagating_vgws = (known after apply)
      + route            = (known after apply)
      + tags             = {
          + "Environment" = "dev"
          + "ManagedBy"   = "terraform"
          + "Name"        = "devops-challenge-dev-public-rt"
          + "Project"     = "devops-challenge"
        }
      + tags_all         = {
          + "Environment" = "dev"
          + "ManagedBy"   = "terraform"
          + "Name"        = "devops-challenge-dev-public-rt"
          + "Project"     = "devops-challenge"
        }
      + vpc_id           = (known after apply)
    }

  # aws_route_table_association.private["ap-south-1a"] will be created
  + resource "aws_route_table_association" "private" {
      + id             = (known after apply)
      + route_table_id = (known after apply)
      + subnet_id      = (known after apply)
    }

  # aws_route_table_association.private["ap-south-1b"] will be created
  + resource "aws_route_table_association" "private" {
      + id             = (known after apply)
      + route_table_id = (known after apply)
      + subnet_id      = (known after apply)
    }

  # aws_route_table_association.public["ap-south-1a"] will be created
  + resource "aws_route_table_association" "public" {
      + id             = (known after apply)
      + route_table_id = (known after apply)
      + subnet_id      = (known after apply)
    }

  # aws_route_table_association.public["ap-south-1b"] will be created
  + resource "aws_route_table_association" "public" {
      + id             = (known after apply)
      + route_table_id = (known after apply)
      + subnet_id      = (known after apply)
    }

  # aws_security_group.eks_cluster will be created
  + resource "aws_security_group" "eks_cluster" {
      + arn                    = (known after apply)
      + description            = "EKS cluster security group"
      + egress                 = (known after apply)
      + id                     = (known after apply)
      + ingress                = (known after apply)
      + name                   = "devops-challenge-dev-eks-cluster-sg"
      + name_prefix            = (known after apply)
      + owner_id               = (known after apply)
      + revoke_rules_on_delete = false
      + tags                   = {
          + "Environment" = "dev"
          + "ManagedBy"   = "terraform"
          + "Name"        = "devops-challenge-dev-eks-cluster-sg"
          + "Project"     = "devops-challenge"
        }
      + tags_all               = {
          + "Environment" = "dev"
          + "ManagedBy"   = "terraform"
          + "Name"        = "devops-challenge-dev-eks-cluster-sg"
          + "Project"     = "devops-challenge"
        }
      + vpc_id                 = (known after apply)
    }

  # aws_security_group.eks_nodes will be created
  + resource "aws_security_group" "eks_nodes" {
      + arn                    = (known after apply)
      + description            = "EKS node security group"
      + egress                 = (known after apply)
      + id                     = (known after apply)
      + ingress                = (known after apply)
      + name                   = "devops-challenge-dev-eks-nodes-sg"
      + name_prefix            = (known after apply)
      + owner_id               = (known after apply)
      + revoke_rules_on_delete = false
      + tags                   = {
          + "Environment" = "dev"
          + "ManagedBy"   = "terraform"
          + "Name"        = "devops-challenge-dev-eks-nodes-sg"
          + "Project"     = "devops-challenge"
        }
      + tags_all               = {
          + "Environment" = "dev"
          + "ManagedBy"   = "terraform"
          + "Name"        = "devops-challenge-dev-eks-nodes-sg"
          + "Project"     = "devops-challenge"
        }
      + vpc_id                 = (known after apply)
    }

  # aws_security_group_rule.cluster_egress_all will be created
  + resource "aws_security_group_rule" "cluster_egress_all" {
      + cidr_blocks              = [
          + "0.0.0.0/0",
        ]
      + description              = "Allow all egress"
      + from_port                = 0
      + id                       = (known after apply)
      + protocol                 = "-1"
      + security_group_id        = (known after apply)
      + security_group_rule_id   = (known after apply)
      + self                     = false
      + source_security_group_id = (known after apply)
      + to_port                  = 0
      + type                     = "egress"
    }

  # aws_security_group_rule.cluster_from_nodes will be created
  + resource "aws_security_group_rule" "cluster_from_nodes" {
      + description              = "Node to cluster all traffic"
      + from_port                = 0
      + id                       = (known after apply)
      + protocol                 = "-1"
      + security_group_id        = (known after apply)
      + security_group_rule_id   = (known after apply)
      + self                     = false
      + source_security_group_id = (known after apply)
      + to_port                  = 0
      + type                     = "ingress"
    }

  # aws_security_group_rule.nodes_all_self will be created
  + resource "aws_security_group_rule" "nodes_all_self" {
      + description              = "Node to node all traffic"
      + from_port                = 0
      + id                       = (known after apply)
      + protocol                 = "-1"
      + security_group_id        = (known after apply)
      + security_group_rule_id   = (known after apply)
      + self                     = true
      + source_security_group_id = (known after apply)
      + to_port                  = 0
      + type                     = "ingress"
    }

  # aws_security_group_rule.nodes_egress_all will be created
  + resource "aws_security_group_rule" "nodes_egress_all" {
      + cidr_blocks              = [
          + "0.0.0.0/0",
        ]
      + description              = "Allow all egress"
      + from_port                = 0
      + id                       = (known after apply)
      + protocol                 = "-1"
      + security_group_id        = (known after apply)
      + security_group_rule_id   = (known after apply)
      + self                     = false
      + source_security_group_id = (known after apply)
      + to_port                  = 0
      + type                     = "egress"
    }

  # aws_security_group_rule.nodes_from_cluster will be created
  + resource "aws_security_group_rule" "nodes_from_cluster" {
      + description              = "Cluster to node all traffic"
      + from_port                = 0
      + id                       = (known after apply)
      + protocol                 = "-1"
      + security_group_id        = (known after apply)
      + security_group_rule_id   = (known after apply)
      + self                     = false
      + source_security_group_id = (known after apply)
      + to_port                  = 0
      + type                     = "ingress"
    }

  # aws_subnet.private["ap-south-1a"] will be created
  + resource "aws_subnet" "private" {
      + arn                                            = (known after apply)
      + assign_ipv6_address_on_creation                = false
      + availability_zone                              = "ap-south-1a"
      + availability_zone_id                           = (known after apply)
      + cidr_block                                     = "10.0.10.0/24"
      + enable_dns64                                   = false
      + enable_resource_name_dns_a_record_on_launch    = false
      + enable_resource_name_dns_aaaa_record_on_launch = false
      + id                                             = (known after apply)
      + ipv6_cidr_block_association_id                 = (known after apply)
      + ipv6_native                                    = false
      + map_public_ip_on_launch                        = false
      + owner_id                                       = (known after apply)
      + private_dns_hostname_type_on_launch            = (known after apply)
      + tags                                           = {
          + "Environment"                     = "dev"
          + "ManagedBy"                       = "terraform"
          + "Name"                            = "devops-challenge-dev-private-ap-south-1a"
          + "Project"                         = "devops-challenge"
          + "kubernetes.io/role/internal-elb" = "1"
        }
      + tags_all                                       = {
          + "Environment"                     = "dev"
          + "ManagedBy"                       = "terraform"
          + "Name"                            = "devops-challenge-dev-private-ap-south-1a"
          + "Project"                         = "devops-challenge"
          + "kubernetes.io/role/internal-elb" = "1"
        }
      + vpc_id                                         = (known after apply)
    }

  # aws_subnet.private["ap-south-1b"] will be created
  + resource "aws_subnet" "private" {
      + arn                                            = (known after apply)
      + assign_ipv6_address_on_creation                = false
      + availability_zone                              = "ap-south-1b"
      + availability_zone_id                           = (known after apply)
      + cidr_block                                     = "10.0.11.0/24"
      + enable_dns64                                   = false
      + enable_resource_name_dns_a_record_on_launch    = false
      + enable_resource_name_dns_aaaa_record_on_launch = false
      + id                                             = (known after apply)
      + ipv6_cidr_block_association_id                 = (known after apply)
      + ipv6_native                                    = false
      + map_public_ip_on_launch                        = false
      + owner_id                                       = (known after apply)
      + private_dns_hostname_type_on_launch            = (known after apply)
      + tags                                           = {
          + "Environment"                     = "dev"
          + "ManagedBy"                       = "terraform"
          + "Name"                            = "devops-challenge-dev-private-ap-south-1b"
          + "Project"                         = "devops-challenge"
          + "kubernetes.io/role/internal-elb" = "1"
        }
      + tags_all                                       = {
          + "Environment"                     = "dev"
          + "ManagedBy"                       = "terraform"
          + "Name"                            = "devops-challenge-dev-private-ap-south-1b"
          + "Project"                         = "devops-challenge"
          + "kubernetes.io/role/internal-elb" = "1"
        }
      + vpc_id                                         = (known after apply)
    }

  # aws_subnet.public["ap-south-1a"] will be created
  + resource "aws_subnet" "public" {
      + arn                                            = (known after apply)
      + assign_ipv6_address_on_creation                = false
      + availability_zone                              = "ap-south-1a"
      + availability_zone_id                           = (known after apply)
      + cidr_block                                     = "10.0.0.0/24"
      + enable_dns64                                   = false
      + enable_resource_name_dns_a_record_on_launch    = false
      + enable_resource_name_dns_aaaa_record_on_launch = false
      + id                                             = (known after apply)
      + ipv6_cidr_block_association_id                 = (known after apply)
      + ipv6_native                                    = false
      + map_public_ip_on_launch                        = true
      + owner_id                                       = (known after apply)
      + private_dns_hostname_type_on_launch            = (known after apply)
      + tags                                           = {
          + "Environment"            = "dev"
          + "ManagedBy"              = "terraform"
          + "Name"                   = "devops-challenge-dev-public-ap-south-1a"
          + "Project"                = "devops-challenge"
          + "kubernetes.io/role/elb" = "1"
        }
      + tags_all                                       = {
          + "Environment"            = "dev"
          + "ManagedBy"              = "terraform"
          + "Name"                   = "devops-challenge-dev-public-ap-south-1a"
          + "Project"                = "devops-challenge"
          + "kubernetes.io/role/elb" = "1"
        }
      + vpc_id                                         = (known after apply)
    }

  # aws_subnet.public["ap-south-1b"] will be created
  + resource "aws_subnet" "public" {
      + arn                                            = (known after apply)
      + assign_ipv6_address_on_creation                = false
      + availability_zone                              = "ap-south-1b"
      + availability_zone_id                           = (known after apply)
      + cidr_block                                     = "10.0.1.0/24"
      + enable_dns64                                   = false
      + enable_resource_name_dns_a_record_on_launch    = false
      + enable_resource_name_dns_aaaa_record_on_launch = false
      + id                                             = (known after apply)
      + ipv6_cidr_block_association_id                 = (known after apply)
      + ipv6_native                                    = false
      + map_public_ip_on_launch                        = true
      + owner_id                                       = (known after apply)
      + private_dns_hostname_type_on_launch            = (known after apply)
      + tags                                           = {
          + "Environment"            = "dev"
          + "ManagedBy"              = "terraform"
          + "Name"                   = "devops-challenge-dev-public-ap-south-1b"
          + "Project"                = "devops-challenge"
          + "kubernetes.io/role/elb" = "1"
        }
      + tags_all                                       = {
          + "Environment"            = "dev"
          + "ManagedBy"              = "terraform"
          + "Name"                   = "devops-challenge-dev-public-ap-south-1b"
          + "Project"                = "devops-challenge"
          + "kubernetes.io/role/elb" = "1"
        }
      + vpc_id                                         = (known after apply)
    }

  # aws_vpc.this will be created
  + resource "aws_vpc" "this" {
      + arn                                  = (known after apply)
      + cidr_block                           = "10.0.0.0/16"
      + default_network_acl_id               = (known after apply)
      + default_route_table_id               = (known after apply)
      + default_security_group_id            = (known after apply)
      + dhcp_options_id                      = (known after apply)
      + enable_dns_hostnames                 = true
      + enable_dns_support                   = true
      + enable_network_address_usage_metrics = (known after apply)
      + id                                   = (known after apply)
      + instance_tenancy                     = "default"
      + ipv6_association_id                  = (known after apply)
      + ipv6_cidr_block                      = (known after apply)
      + ipv6_cidr_block_network_border_group = (known after apply)
      + main_route_table_id                  = (known after apply)
      + owner_id                             = (known after apply)
      + tags                                 = {
          + "Environment" = "dev"
          + "ManagedBy"   = "terraform"
          + "Name"        = "devops-challenge-dev-vpc"
          + "Project"     = "devops-challenge"
        }
      + tags_all                             = {
          + "Environment" = "dev"
          + "ManagedBy"   = "terraform"
          + "Name"        = "devops-challenge-dev-vpc"
          + "Project"     = "devops-challenge"
        }
    }

  # aws_vpc_endpoint.s3 will be created
  + resource "aws_vpc_endpoint" "s3" {
      + arn                   = (known after apply)
      + cidr_blocks           = (known after apply)
      + dns_entry             = (known after apply)
      + id                    = (known after apply)
      + ip_address_type       = (known after apply)
      + network_interface_ids = (known after apply)
      + owner_id              = (known after apply)
      + policy                = (known after apply)
      + prefix_list_id        = (known after apply)
      + private_dns_enabled   = (known after apply)
      + requester_managed     = (known after apply)
      + route_table_ids       = (known after apply)
      + security_group_ids    = (known after apply)
      + service_name          = "com.amazonaws.ap-south-1.s3"
      + service_region        = (known after apply)
      + state                 = (known after apply)
      + subnet_ids            = (known after apply)
      + tags                  = {
          + "Environment" = "dev"
          + "ManagedBy"   = "terraform"
          + "Name"        = "devops-challenge-dev-s3-endpoint"
          + "Project"     = "devops-challenge"
        }
      + tags_all              = {
          + "Environment" = "dev"
          + "ManagedBy"   = "terraform"
          + "Name"        = "devops-challenge-dev-s3-endpoint"
          + "Project"     = "devops-challenge"
        }
      + vpc_endpoint_type     = "Gateway"
      + vpc_id                = (known after apply)

      + dns_options (known after apply)

      + subnet_configuration (known after apply)
    }

  # kubernetes_namespace.energi will be created
  + resource "kubernetes_namespace" "energi" {
      + id                               = (known after apply)
      + wait_for_default_service_account = false

      + metadata {
          + generation       = (known after apply)
          + labels           = {
              + "app.kubernetes.io/name" = "energi"
            }
          + name             = "energi"
          + resource_version = (known after apply)
          + uid              = (known after apply)
        }
    }

  # kubernetes_service.energi_headless will be created
  + resource "kubernetes_service" "energi_headless" {
      + id                     = (known after apply)
      + status                 = (known after apply)
      + wait_for_load_balancer = true

      + metadata {
          + generation       = (known after apply)
          + labels           = {
              + "app" = "energi-node"
            }
          + name             = "energi-node"
          + namespace        = "energi"
          + resource_version = (known after apply)
          + uid              = (known after apply)
        }

      + spec {
          + allocate_load_balancer_node_ports = true
          + cluster_ip                        = "None"
          + cluster_ips                       = (known after apply)
          + external_traffic_policy           = (known after apply)
          + health_check_node_port            = (known after apply)
          + internal_traffic_policy           = (known after apply)
          + ip_families                       = (known after apply)
          + ip_family_policy                  = (known after apply)
          + publish_not_ready_addresses       = false
          + selector                          = {
              + "app" = "energi-node"
            }
          + session_affinity                  = "None"
          + type                              = "ClusterIP"

          + port {
              + name        = "rpc"
              + node_port   = (known after apply)
              + port        = 39797
              + protocol    = "TCP"
              + target_port = "39797"
            }
          + port {
              + name        = "p2p"
              + node_port   = (known after apply)
              + port        = 39798
              + protocol    = "TCP"
              + target_port = "39798"
            }

          + session_affinity_config (known after apply)
        }
    }

  # kubernetes_service.energi_p2p_lb[0] will be created
  + resource "kubernetes_service" "energi_p2p_lb" {
      + id                     = (known after apply)
      + status                 = (known after apply)
      + wait_for_load_balancer = true

      + metadata {
          + annotations      = {
              + "service.beta.kubernetes.io/aws-load-balancer-nlb-target-type" = "ip"
              + "service.beta.kubernetes.io/aws-load-balancer-scheme"          = "internet-facing"
              + "service.beta.kubernetes.io/aws-load-balancer-type"            = "nlb"
            }
          + generation       = (known after apply)
          + labels           = {
              + "app" = "energi-node"
            }
          + name             = "energi-p2p"
          + namespace        = "energi"
          + resource_version = (known after apply)
          + uid              = (known after apply)
        }

      + spec {
          + allocate_load_balancer_node_ports = true
          + cluster_ip                        = (known after apply)
          + cluster_ips                       = (known after apply)
          + external_traffic_policy           = (known after apply)
          + health_check_node_port            = (known after apply)
          + internal_traffic_policy           = (known after apply)
          + ip_families                       = (known after apply)
          + ip_family_policy                  = (known after apply)
          + publish_not_ready_addresses       = false
          + selector                          = {
              + "app" = "energi-node"
            }
          + session_affinity                  = "None"
          + type                              = "LoadBalancer"

          + port {
              + name        = "p2p"
              + node_port   = (known after apply)
              + port        = 39798
              + protocol    = "TCP"
              + target_port = "39798"
            }

          + session_affinity_config (known after apply)
        }
    }

  # kubernetes_service.energi_rpc_lb[0] will be created
  + resource "kubernetes_service" "energi_rpc_lb" {
      + id                     = (known after apply)
      + status                 = (known after apply)
      + wait_for_load_balancer = true

      + metadata {
          + annotations      = {
              + "service.beta.kubernetes.io/aws-load-balancer-nlb-target-type" = "ip"
              + "service.beta.kubernetes.io/aws-load-balancer-scheme"          = "internal"
              + "service.beta.kubernetes.io/aws-load-balancer-type"            = "nlb"
              + "service.beta.kubernetes.io/load-balancer-source-ranges"       = "10.0.0.0/8"
            }
          + generation       = (known after apply)
          + labels           = {
              + "app" = "energi-node"
            }
          + name             = "energi-rpc"
          + namespace        = "energi"
          + resource_version = (known after apply)
          + uid              = (known after apply)
        }

      + spec {
          + allocate_load_balancer_node_ports = true
          + cluster_ip                        = (known after apply)
          + cluster_ips                       = (known after apply)
          + external_traffic_policy           = (known after apply)
          + health_check_node_port            = (known after apply)
          + internal_traffic_policy           = (known after apply)
          + ip_families                       = (known after apply)
          + ip_family_policy                  = (known after apply)
          + publish_not_ready_addresses       = false
          + selector                          = {
              + "app" = "energi-node"
            }
          + session_affinity                  = "None"
          + type                              = "LoadBalancer"

          + port {
              + name        = "rpc"
              + node_port   = (known after apply)
              + port        = 39797
              + protocol    = "TCP"
              + target_port = "39797"
            }

          + session_affinity_config (known after apply)
        }
    }

  # kubernetes_stateful_set.energi will be created
  + resource "kubernetes_stateful_set" "energi" {
      + id               = (known after apply)
      + wait_for_rollout = true

      + metadata {
          + generation       = (known after apply)
          + labels           = {
              + "app" = "energi-node"
            }
          + name             = "energi-node"
          + namespace        = "energi"
          + resource_version = (known after apply)
          + uid              = (known after apply)
        }

      + spec {
          + min_ready_seconds      = 0
          + pod_management_policy  = (known after apply)
          + replicas               = "3"
          + revision_history_limit = (known after apply)
          + service_name           = "energi-node"

          + persistent_volume_claim_retention_policy (known after apply)

          + selector {
              + match_labels = {
                  + "app" = "energi-node"
                }
            }

          + template {
              + metadata {
                  + generation       = (known after apply)
                  + labels           = {
                      + "app" = "energi-node"
                    }
                  + name             = (known after apply)
                  + resource_version = (known after apply)
                  + uid              = (known after apply)
                }
              + spec {
                  + automount_service_account_token  = true
                  + dns_policy                       = "ClusterFirst"
                  + enable_service_links             = true
                  + host_ipc                         = false
                  + host_network                     = false
                  + host_pid                         = false
                  + hostname                         = (known after apply)
                  + node_name                        = (known after apply)
                  + restart_policy                   = "Always"
                  + scheduler_name                   = (known after apply)
                  + service_account_name             = (known after apply)
                  + share_process_namespace          = false
                  + termination_grace_period_seconds = 30

                  + container {
                      + image                      = "awskanojia/devops-challenge:latest"
                      + image_pull_policy          = (known after apply)
                      + name                       = "energi-node"
                      + stdin                      = false
                      + stdin_once                 = false
                      + termination_message_path   = "/dev/termination-log"
                      + termination_message_policy = (known after apply)
                      + tty                        = false

                      + port {
                          + container_port = 39797
                          + name           = "rpc"
                          + protocol       = "TCP"
                        }
                      + port {
                          + container_port = 39798
                          + name           = "p2p"
                          + protocol       = "TCP"
                        }

                      + resources {
                          + limits   = {
                              + "cpu"    = "1"
                              + "memory" = "1Gi"
                            }
                          + requests = {
                              + "cpu"    = "500m"
                              + "memory" = "512Mi"
                            }
                        }

                      + volume_mount {
                          + mount_path        = "/opt"
                          + mount_propagation = "None"
                          + name              = "data"
                          + read_only         = false
                        }
                    }

                  + image_pull_secrets (known after apply)

                  + readiness_gate (known after apply)
                }
            }

          + volume_claim_template {
              + metadata {
                  + generation       = (known after apply)
                  + name             = "data"
                  + namespace        = "default"
                  + resource_version = (known after apply)
                  + uid              = (known after apply)
                }
              + spec {
                  + access_modes       = [
                      + "ReadWriteOnce",
                    ]
                  + storage_class_name = "gp3-encrypted"
                  + volume_mode        = (known after apply)
                  + volume_name        = (known after apply)

                  + resources {
                      + requests = {
                          + "storage" = "1Gi"
                        }
                    }
                }
            }
        }
    }

  # kubernetes_storage_class.gp3_encrypted will be created
  + resource "kubernetes_storage_class" "gp3_encrypted" {
      + allow_volume_expansion = true
      + id                     = (known after apply)
      + parameters             = {
          + "encrypted" = "true"
          + "fsType"    = "ext4"
          + "type"      = "gp3"
        }
      + reclaim_policy         = "Delete"
      + storage_provisioner    = "ebs.csi.aws.com"
      + volume_binding_mode    = "WaitForFirstConsumer"

      + metadata {
          + annotations      = {
              + "storageclass.kubernetes.io/is-default-class" = "true"
            }
          + generation       = (known after apply)
          + name             = "gp3-encrypted"
          + resource_version = (known after apply)
          + uid              = (known after apply)
        }
    }

Plan: 50 to add, 0 to change, 0 to destroy.

Changes to Outputs:
  + eks_cluster_endpoint = (known after apply)
  + eks_cluster_name     = "devops-challenge"
  + energi_namespace     = "energi"
  + p2p_service_hostname = (known after apply)
  + rpc_service_hostname = (known after apply)
  + vpc_id               = (known after apply)
