{
  "version": 4,
  "terraform_version": "1.13.5",
  "serial": 3,
  "lineage": "cc8a2fc1-c796-f8f4-4284-4a56d1a8f848",
  "outputs": {},
  "resources": [
    {
      "mode": "managed",
      "type": "docker_volume",
      "name": "sonarqube_data",
      "provider": "provider[\"registry.terraform.io/kreuzwerker/docker\"]",
      "instances": [
        {
          "schema_version": 1,
          "attributes": {
            "driver": "local",
            "driver_opts": null,
            "id": "volume-adm-sonarqube-data",
            "labels": [],
            "mountpoint": "/var/lib/docker/volumes/volume-adm-sonarqube-data/_data",
            "name": "volume-adm-sonarqube-data"
          },
          "sensitive_attributes": [],
          "identity_schema_version": 0,
          "private": "eyJzY2hlbWFfdmVyc2lvbiI6IjEifQ=="
        }
      ]
    },
    {
      "mode": "managed",
      "type": "docker_volume",
      "name": "sonarqube_extensions",
      "provider": "provider[\"registry.terraform.io/kreuzwerker/docker\"]",
      "instances": [
        {
          "schema_version": 1,
          "attributes": {
            "driver": "local",
            "driver_opts": null,
            "id": "volume-adm-sonarqube-extensions",
            "labels": [],
            "mountpoint": "/var/lib/docker/volumes/volume-adm-sonarqube-extensions/_data",
            "name": "volume-adm-sonarqube-extensions"
          },
          "sensitive_attributes": [],
          "identity_schema_version": 0,
          "private": "eyJzY2hlbWFfdmVyc2lvbiI6IjEifQ=="
        }
      ]
    },
    {
      "mode": "managed",
      "type": "docker_volume",
      "name": "sonarqube_logs",
      "provider": "provider[\"registry.terraform.io/kreuzwerker/docker\"]",
      "instances": [
        {
          "schema_version": 1,
          "attributes": {
            "driver": "local",
            "driver_opts": null,
            "id": "volume-adm-sonarqube-logs",
            "labels": [],
            "mountpoint": "/var/lib/docker/volumes/volume-adm-sonarqube-logs/_data",
            "name": "volume-adm-sonarqube-logs"
          },
          "sensitive_attributes": [],
          "identity_schema_version": 0,
          "private": "eyJzY2hlbWFfdmVyc2lvbiI6IjEifQ=="
        }
      ]
    }
  ],
  "check_results": null
}
