{"format_version":"1.2","terraform_version":"1.13.5","variables":{"region":{"value":"us-east-1"},"tag_bucket_environment":{"value":"Automated Testing"},"tag_bucket_name":{"value":"terratest-aws-s3-example"},"with_policy":{"value":true}},"planned_values":{"outputs":{"bucket_id":{"sensitive":false},"logs_bucket_id":{"sensitive":false}},"root_module":{"resources":[{"address":"aws_s3_bucket.logs","mode":"managed","type":"aws_s3_bucket","name":"logs","provider_name":"registry.terraform.io/hashicorp/aws","schema_version":0,"values":{"bucket":"terratest-aws-s3-example-logs","force_destroy":false,"region":"us-east-1","tags":{"Environment":"Automated Testing","Name":"terratest-aws-s3-example-logs"},"tags_all":{"Environment":"Automated Testing","Name":"terratest-aws-s3-example-logs"},"timeouts":null},"sensitive_values":{"cors_rule":[],"grant":[],"lifecycle_rule":[],"logging":[],"object_lock_configuration":[],"replication_configuration":[],"server_side_encryption_configuration":[],"tags":{},"tags_all":{},"versioning":[],"website":[]},"identity_schema_version":0,"identity":{"account_id":null,"bucket":null,"region":null}},{"address":"aws_s3_bucket.this","mode":"managed","type":"aws_s3_bucket","name":"this","provider_name":"registry.terraform.io/hashicorp/aws","schema_version":0,"values":{"bucket":"terratest-aws-s3-example","force_destroy":false,"region":"us-east-1","tags":{"Environment":"Automated Testing","Name":"terratest-aws-s3-example"},"tags_all":{"Environment":"Automated Testing","Name":"terratest-aws-s3-example"},"timeouts":null},"sensitive_values":{"cors_rule":[],"grant":[],"lifecycle_rule":[],"logging":[],"object_lock_configuration":[],"replication_configuration":[],"server_side_encryption_configuration":[],"tags":{},"tags_all":{},"versioning":[],"website":[]},"identity_schema_version":0,"identity":{"account_id":null,"bucket":null,"region":null}},{"address":"aws_s3_bucket_logging.this","mode":"managed","type":"aws_s3_bucket_logging","name":"this","provider_name":"registry.terraform.io/hashicorp/aws","schema_version":0,"values":{"expected_bucket_owner":null,"region":"us-east-1","target_grant":[],"target_object_key_format":[],"target_prefix":"TFStateLogs/"},"sensitive_values":{"target_grant":[],"target_object_key_format":[]},"identity_schema_version":1,"identity":{"account_id":null,"bucket":null,"region":null}},{"address":"aws_s3_bucket_policy.this[0]","mode":"managed","type":"aws_s3_bucket_policy","name":"this","index":0,"provider_name":"registry.terraform.io/hashicorp/aws","schema_version":0,"values":{"region":"us-east-1"},"sensitive_values":{},"identity_schema_version":0,"identity":{"account_id":null,"bucket":null,"region":null}},{"address":"aws_s3_bucket_versioning.this","mode":"managed","type":"aws_s3_bucket_versioning","name":"this","provider_name":"registry.terraform.io/hashicorp/aws","schema_version":0,"values":{"expected_bucket_owner":null,"mfa":null,"region":"us-east-1","versioning_configuration":[{"status":"Enabled"}]},"sensitive_values":{"versioning_configuration":[{}]},"identity_schema_version":1,"identity":{"account_id":null,"bucket":null,"region":null}},{"address":"data.aws_iam_policy_document.s3_policy","mode":"data","type":"aws_iam_policy_document","name":"s3_policy","provider_name":"registry.terraform.io/hashicorp/aws","schema_version":0,"values":{"override_json":null,"override_policy_documents":null,"policy_id":null,"source_json":null,"source_policy_documents":null,"statement":[{"actions":["s3:GetObject"],"condition":[],"effect":null,"not_actions":null,"not_principals":[],"not_resources":null,"principals":[{"identifiers":["*"],"type":"AWS"}],"resources":[null],"sid":null}],"version":null},"sensitive_values":{"statement":[{"actions":[false],"condition":[],"not_principals":[],"principals":[{"identifiers":[false]}],"resources":[false]}]}}]}},"resource_changes":[{"address":"data.aws_iam_policy_document.s3_policy","mode":"data","type":"aws_iam_policy_document","name":"s3_policy","provider_name":"registry.terraform.io/hashicorp/aws","change":{"actions":["read"],"before":null,"after":{"override_json":null,"override_policy_documents":null,"policy_id":null,"source_json":null,"source_policy_documents":null,"statement":[{"actions":["s3:GetObject"],"condition":[],"effect":null,"not_actions":null,"not_principals":[],"not_resources":null,"principals":[{"identifiers":["*"],"type":"AWS"}],"resources":[null],"sid":null}],"version":null},"after_unknown":{"id":true,"json":true,"minified_json":true,"statement":[{"actions":[false],"condition":[],"not_principals":[],"principals":[{"identifiers":[false]}],"resources":[true]}]},"before_sensitive":false,"after_sensitive":{"statement":[{"actions":[false],"condition":[],"not_principals":[],"principals":[{"identifiers":[false]}],"resources":[false]}]}},"action_reason":"read_because_config_unknown"},{"address":"aws_s3_bucket.logs","mode":"managed","type":"aws_s3_bucket","name":"logs","provider_name":"registry.terraform.io/hashicorp/aws","change":{"actions":["create"],"before":null,"after":{"bucket":"terratest-aws-s3-example-logs","force_destroy":false,"region":"us-east-1","tags":{"Environment":"Automated Testing","Name":"terratest-aws-s3-example-logs"},"tags_all":{"Environment":"Automated Testing","Name":"terratest-aws-s3-example-logs"},"timeouts":null},"after_unknown":{"acceleration_status":true,"acl":true,"arn":true,"bucket_domain_name":true,"bucket_prefix":true,"bucket_region":true,"bucket_regional_domain_name":true,"cors_rule":true,"grant":true,"hosted_zone_id":true,"id":true,"lifecycle_rule":true,"logging":true,"object_lock_configuration":true,"object_lock_enabled":true,"policy":true,"replication_configuration":true,"request_payer":true,"server_side_encryption_configuration":true,"tags":{},"tags_all":{},"versioning":true,"website":true,"website_domain":true,"website_endpoint":true},"before_sensitive":false,"after_sensitive":{"cors_rule":[],"grant":[],"lifecycle_rule":[],"logging":[],"object_lock_configuration":[],"replication_configuration":[],"server_side_encryption_configuration":[],"tags":{},"tags_all":{},"versioning":[],"website":[]},"after_identity":{"account_id":null,"bucket":null,"region":null}}},{"address":"aws_s3_bucket.this","mode":"managed","type":"aws_s3_bucket","name":"this","provider_name":"registry.terraform.io/hashicorp/aws","change":{"actions":["create"],"before":null,"after":{"bucket":"terratest-aws-s3-example","force_destroy":false,"region":"us-east-1","tags":{"Environment":"Automated Testing","Name":"terratest-aws-s3-example"},"tags_all":{"Environment":"Automated Testing","Name":"terratest-aws-s3-example"},"timeouts":null},"after_unknown":{"acceleration_status":true,"acl":true,"arn":true,"bucket_domain_name":true,"bucket_prefix":true,"bucket_region":true,"bucket_regional_domain_name":true,"cors_rule":true,"grant":true,"hosted_zone_id":true,"id":true,"lifecycle_rule":true,"logging":true,"object_lock_configuration":true,"object_lock_enabled":true,"policy":true,"replication_configuration":true,"request_payer":true,"server_side_encryption_configuration":true,"tags":{},"tags_all":{},"versioning":true,"website":true,"website_domain":true,"website_endpoint":true},"before_sensitive":false,"after_sensitive":{"cors_rule":[],"grant":[],"lifecycle_rule":[],"logging":[],"object_lock_configuration":[],"replication_configuration":[],"server_side_encryption_configuration":[],"tags":{},"tags_all":{},"versioning":[],"website":[]},"after_identity":{"account_id":null,"bucket":null,"region":null}}},{"address":"aws_s3_bucket_logging.this","mode":"managed","type":"aws_s3_bucket_logging","name":"this","provider_name":"registry.terraform.io/hashicorp/aws","change":{"actions":["create"],"before":null,"after":{"expected_bucket_owner":null,"region":"us-east-1","target_grant":[],"target_object_key_format":[],"target_prefix":"TFStateLogs/"},"after_unknown":{"bucket":true,"id":true,"target_bucket":true,"target_grant":[],"target_object_key_format":[]},"before_sensitive":false,"after_sensitive":{"target_grant":[],"target_object_key_format":[]},"after_identity":{"account_id":null,"bucket":null,"region":null}}},{"address":"aws_s3_bucket_policy.this[0]","mode":"managed","type":"aws_s3_bucket_policy","name":"this","index":0,"provider_name":"registry.terraform.io/hashicorp/aws","change":{"actions":["create"],"before":null,"after":{"region":"us-east-1"},"after_unknown":{"bucket":true,"id":true,"policy":true},"before_sensitive":false,"after_sensitive":{},"after_identity":{"account_id":null,"bucket":null,"region":null}}},{"address":"aws_s3_bucket_versioning.this","mode":"managed","type":"aws_s3_bucket_versioning","name":"this","provider_name":"registry.terraform.io/hashicorp/aws","change":{"actions":["create"],"before":null,"after":{"expected_bucket_owner":null,"mfa":null,"region":"us-east-1","versioning_configuration":[{"status":"Enabled"}]},"after_unknown":{"bucket":true,"id":true,"versioning_configuration":[{"mfa_delete":true}]},"before_sensitive":false,"after_sensitive":{"versioning_configuration":[{}]},"after_identity":{"account_id":null,"bucket":null,"region":null}}}],"output_changes":{"bucket_id":{"actions":["create"],"before":null,"after_unknown":true,"before_sensitive":false,"after_sensitive":false},"logs_bucket_id":{"actions":["create"],"before":null,"after_unknown":true,"before_sensitive":false,"after_sensitive":false}},"configuration":{"provider_config":{"aws":{"name":"aws","full_name":"registry.terraform.io/hashicorp/aws","version_constraint":"\u003e= 5.0.0","expressions":{"region":{"references":["var.region"]}}}},"root_module":{"outputs":{"bucket_id":{"expression":{"references":["aws_s3_bucket.this.id","aws_s3_bucket.this"]},"description":"The name of the S3 bucket"},"logs_bucket_id":{"expression":{"references":["aws_s3_bucket.logs.id","aws_s3_bucket.logs"]},"description":"The name of the S3 logs bucket"}},"resources":[{"address":"aws_s3_bucket.logs","mode":"managed","type":"aws_s3_bucket","name":"logs","provider_config_key":"aws","expressions":{"bucket":{"references":["var.tag_bucket_name"]},"tags":{"references":["var.tag_bucket_name","var.tag_bucket_environment"]}},"schema_version":0},{"address":"aws_s3_bucket.this","mode":"managed","type":"aws_s3_bucket","name":"this","provider_config_key":"aws","expressions":{"bucket":{"references":["var.tag_bucket_name"]},"tags":{"references":["var.tag_bucket_name","var.tag_bucket_environment"]}},"schema_version":0},{"address":"aws_s3_bucket_logging.this","mode":"managed","type":"aws_s3_bucket_logging","name":"this","provider_config_key":"aws","expressions":{"bucket":{"references":["aws_s3_bucket.this.id","aws_s3_bucket.this"]},"target_bucket":{"references":["aws_s3_bucket.logs.id","aws_s3_bucket.logs"]},"target_prefix":{"constant_value":"TFStateLogs/"}},"schema_version":0},{"address":"aws_s3_bucket_policy.this","mode":"managed","type":"aws_s3_bucket_policy","name":"this","provider_config_key":"aws","expressions":{"bucket":{"references":["aws_s3_bucket.this.id","aws_s3_bucket.this"]},"policy":{"references":["data.aws_iam_policy_document.s3_policy.json","data.aws_iam_policy_document.s3_policy"]}},"schema_version":0,"count_expression":{"references":["var.with_policy"]}},{"address":"aws_s3_bucket_versioning.this","mode":"managed","type":"aws_s3_bucket_versioning","name":"this","provider_config_key":"aws","expressions":{"bucket":{"references":["aws_s3_bucket.this.id","aws_s3_bucket.this"]},"versioning_configuration":[{"status":{"constant_value":"Enabled"}}]},"schema_version":0},{"address":"data.aws_iam_policy_document.s3_policy","mode":"data","type":"aws_iam_policy_document","name":"s3_policy","provider_config_key":"aws","expressions":{"statement":[{"actions":{"constant_value":["s3:GetObject"]},"principals":[{"identifiers":{"constant_value":["*"]},"type":{"constant_value":"AWS"}}],"resources":{"references":["aws_s3_bucket.this.arn","aws_s3_bucket.this"]}}]},"schema_version":0}],"variables":{"region":{"default":"us-east-1","description":"AWS region to deploy into"},"tag_bucket_environment":{"default":"Automated Testing","description":"Environment tag for the S3 bucket"},"tag_bucket_name":{"default":"terratest-aws-s3-example","description":"Name for the S3 bucket"},"with_policy":{"default":true,"description":"Whether to attach a bucket policy"}}}},"relevant_attributes":[{"resource":"aws_s3_bucket.this","attribute":["arn"]},{"resource":"data.aws_iam_policy_document.s3_policy","attribute":["json"]},{"resource":"aws_s3_bucket.logs","attribute":["id"]},{"resource":"aws_s3_bucket.this","attribute":["id"]}],"timestamp":"2026-02-07T11:16:12Z","applyable":true,"complete":true,"errored":false}
