
Terraform used the selected providers to generate the following execution
plan. Resource actions are indicated with the following symbols:
  + create

Terraform will perform the following actions:

  # aws_s3_bucket.site will be created
  + resource "aws_s3_bucket" "site" {
      + acceleration_status         = (known after apply)
      + acl                         = (known after apply)
      + arn                         = (known after apply)
      + bucket                      = (known after apply)
      + bucket_domain_name          = (known after apply)
      + bucket_prefix               = (known after apply)
      + bucket_regional_domain_name = (known after apply)
      + force_destroy               = true
      + hosted_zone_id              = (known after apply)
      + id                          = (known after apply)
      + object_lock_enabled         = (known after apply)
      + policy                      = (known after apply)
      + region                      = (known after apply)
      + request_payer               = (known after apply)
      + tags_all                    = {
          + "Managed" = "terraform"
          + "Project" = "boxjump-game"
        }
      + website_domain              = (known after apply)
      + website_endpoint            = (known after apply)

      + cors_rule (known after apply)

      + grant (known after apply)

      + lifecycle_rule (known after apply)

      + logging (known after apply)

      + object_lock_configuration (known after apply)

      + replication_configuration (known after apply)

      + server_side_encryption_configuration (known after apply)

      + versioning (known after apply)

      + website (known after apply)
    }

  # aws_s3_bucket_policy.public_read will be created
  + resource "aws_s3_bucket_policy" "public_read" {
      + bucket = (known after apply)
      + id     = (known after apply)
      + policy = (known after apply)
    }

  # aws_s3_bucket_public_access_block.site will be created
  + resource "aws_s3_bucket_public_access_block" "site" {
      + block_public_acls       = false
      + block_public_policy     = false
      + bucket                  = (known after apply)
      + id                      = (known after apply)
      + ignore_public_acls      = false
      + restrict_public_buckets = false
    }

  # aws_s3_bucket_website_configuration.site will be created
  + resource "aws_s3_bucket_website_configuration" "site" {
      + bucket           = (known after apply)
      + id               = (known after apply)
      + routing_rules    = (known after apply)
      + website_domain   = (known after apply)
      + website_endpoint = (known after apply)

      + index_document {
          + suffix = "index.html"
        }

      + routing_rule (known after apply)
    }

  # aws_s3_object.site["index.html"] will be created
  + resource "aws_s3_object" "site" {
      + acl                    = (known after apply)
      + arn                    = (known after apply)
      + bucket                 = (known after apply)
      + bucket_key_enabled     = (known after apply)
      + checksum_crc32         = (known after apply)
      + checksum_crc32c        = (known after apply)
      + checksum_crc64nvme     = (known after apply)
      + checksum_sha1          = (known after apply)
      + checksum_sha256        = (known after apply)
      + content_type           = "text/html"
      + etag                   = "48acc0513e938376ae3eb0932c104bcf"
      + force_destroy          = false
      + id                     = (known after apply)
      + key                    = "index.html"
      + kms_key_id             = (known after apply)
      + server_side_encryption = (known after apply)
      + source                 = "./../index.html"
      + storage_class          = (known after apply)
      + tags_all               = {
          + "Managed" = "terraform"
          + "Project" = "boxjump-game"
        }
      + version_id             = (known after apply)
    }

  # aws_s3_object.site["script.js"] will be created
  + resource "aws_s3_object" "site" {
      + acl                    = (known after apply)
      + arn                    = (known after apply)
      + bucket                 = (known after apply)
      + bucket_key_enabled     = (known after apply)
      + checksum_crc32         = (known after apply)
      + checksum_crc32c        = (known after apply)
      + checksum_crc64nvme     = (known after apply)
      + checksum_sha1          = (known after apply)
      + checksum_sha256        = (known after apply)
      + content_type           = "application/javascript"
      + etag                   = "bab1826aa416106966a14a3373da6a78"
      + force_destroy          = false
      + id                     = (known after apply)
      + key                    = "script.js"
      + kms_key_id             = (known after apply)
      + server_side_encryption = (known after apply)
      + source                 = "./../script.js"
      + storage_class          = (known after apply)
      + tags_all               = {
          + "Managed" = "terraform"
          + "Project" = "boxjump-game"
        }
      + version_id             = (known after apply)
    }

  # aws_s3_object.site["style.css"] will be created
  + resource "aws_s3_object" "site" {
      + acl                    = (known after apply)
      + arn                    = (known after apply)
      + bucket                 = (known after apply)
      + bucket_key_enabled     = (known after apply)
      + checksum_crc32         = (known after apply)
      + checksum_crc32c        = (known after apply)
      + checksum_crc64nvme     = (known after apply)
      + checksum_sha1          = (known after apply)
      + checksum_sha256        = (known after apply)
      + content_type           = "text/css"
      + etag                   = "3ead92520d58d30ee400964300db107b"
      + force_destroy          = false
      + id                     = (known after apply)
      + key                    = "style.css"
      + kms_key_id             = (known after apply)
      + server_side_encryption = (known after apply)
      + source                 = "./../style.css"
      + storage_class          = (known after apply)
      + tags_all               = {
          + "Managed" = "terraform"
          + "Project" = "boxjump-game"
        }
      + version_id             = (known after apply)
    }

  # random_id.suffix will be created
  + resource "random_id" "suffix" {
      + b64_std     = (known after apply)
      + b64_url     = (known after apply)
      + byte_length = 4
      + dec         = (known after apply)
      + hex         = (known after apply)
      + id          = (known after apply)
    }

Plan: 8 to add, 0 to change, 0 to destroy.

Changes to Outputs:
  + s3_bucket_name   = (known after apply)
  + website_endpoint = (known after apply)
  + website_url      = (known after apply)
random_id.suffix: Creating...
random_id.suffix: Creation complete after 0s [id=-cQs-A]
aws_s3_bucket.site: Creating...
aws_s3_bucket.site: Still creating... [00m10s elapsed]
aws_s3_bucket.site: Still creating... [00m20s elapsed]
aws_s3_bucket.site: Still creating... [00m30s elapsed]
aws_s3_bucket.site: Still creating... [00m40s elapsed]
aws_s3_bucket.site: Still creating... [16m22s elapsed]
aws_s3_bucket.site: Still creating... [16m32s elapsed]
aws_s3_bucket.site: Still creating... [16m42s elapsed]
aws_s3_bucket.site: Still creating... [16m52s elapsed]
aws_s3_bucket.site: Still creating... [24m56s elapsed]
aws_s3_bucket.site: Still creating... [25m06s elapsed]
aws_s3_bucket.site: Still creating... [25m16s elapsed]
aws_s3_bucket.site: Still creating... [25m26s elapsed]
aws_s3_bucket.site: Still creating... [40m48s elapsed]
aws_s3_bucket.site: Still creating... [56m25s elapsed]
aws_s3_bucket.site: Still creating... [85m54s elapsed]
aws_s3_bucket.site: Still creating... [86m04s elapsed]
aws_s3_bucket.site: Still creating... [86m14s elapsed]
