{"format_version":"1.2","terraform_version":"1.13.5","variables":{"app_name":{"value":"boxjump-game"},"aws_region":{"value":"us-east-1"},"bucket_force_destroy":{"value":true}},"planned_values":{"outputs":{"s3_bucket_name":{"sensitive":false},"website_endpoint":{"sensitive":false},"website_url":{"sensitive":false}},"root_module":{"resources":[{"address":"aws_s3_bucket.site","mode":"managed","type":"aws_s3_bucket","name":"site","provider_name":"registry.terraform.io/hashicorp/aws","schema_version":0,"values":{"force_destroy":true,"tags":null,"tags_all":{"Managed":"terraform","Project":"boxjump-game"},"timeouts":null},"sensitive_values":{"cors_rule":[],"grant":[],"lifecycle_rule":[],"logging":[],"object_lock_configuration":[],"replication_configuration":[],"server_side_encryption_configuration":[],"tags_all":{},"versioning":[],"website":[]}},{"address":"aws_s3_bucket_policy.public_read","mode":"managed","type":"aws_s3_bucket_policy","name":"public_read","provider_name":"registry.terraform.io/hashicorp/aws","schema_version":0,"sensitive_values":{}},{"address":"aws_s3_bucket_public_access_block.site","mode":"managed","type":"aws_s3_bucket_public_access_block","name":"site","provider_name":"registry.terraform.io/hashicorp/aws","schema_version":0,"values":{"block_public_acls":false,"block_public_policy":false,"ignore_public_acls":false,"restrict_public_buckets":false},"sensitive_values":{}},{"address":"aws_s3_bucket_website_configuration.site","mode":"managed","type":"aws_s3_bucket_website_configuration","name":"site","provider_name":"registry.terraform.io/hashicorp/aws","schema_version":0,"values":{"error_document":[],"expected_bucket_owner":null,"index_document":[{"suffix":"index.html"}],"redirect_all_requests_to":[]},"sensitive_values":{"error_document":[],"index_document":[{}],"redirect_all_requests_to":[],"routing_rule":[]}},{"address":"aws_s3_object.site[\"index.html\"]","mode":"managed","type":"aws_s3_object","name":"site","index":"index.html","provider_name":"registry.terraform.io/hashicorp/aws","schema_version":0,"values":{"cache_control":null,"checksum_algorithm":null,"content":null,"content_base64":null,"content_disposition":null,"content_encoding":null,"content_language":null,"content_type":"text/html","etag":"48acc0513e938376ae3eb0932c104bcf","force_destroy":false,"key":"index.html","metadata":null,"object_lock_legal_hold_status":null,"object_lock_mode":null,"object_lock_retain_until_date":null,"override_provider":[],"source":"./../index.html","source_hash":null,"tags":null,"tags_all":{"Managed":"terraform","Project":"boxjump-game"},"website_redirect":null},"sensitive_values":{"override_provider":[],"tags_all":{}}},{"address":"aws_s3_object.site[\"script.js\"]","mode":"managed","type":"aws_s3_object","name":"site","index":"script.js","provider_name":"registry.terraform.io/hashicorp/aws","schema_version":0,"values":{"cache_control":null,"checksum_algorithm":null,"content":null,"content_base64":null,"content_disposition":null,"content_encoding":null,"content_language":null,"content_type":"application/javascript","etag":"bab1826aa416106966a14a3373da6a78","force_destroy":false,"key":"script.js","metadata":null,"object_lock_legal_hold_status":null,"object_lock_mode":null,"object_lock_retain_until_date":null,"override_provider":[],"source":"./../script.js","source_hash":null,"tags":null,"tags_all":{"Managed":"terraform","Project":"boxjump-game"},"website_redirect":null},"sensitive_values":{"override_provider":[],"tags_all":{}}},{"address":"aws_s3_object.site[\"style.css\"]","mode":"managed","type":"aws_s3_object","name":"site","index":"style.css","provider_name":"registry.terraform.io/hashicorp/aws","schema_version":0,"values":{"cache_control":null,"checksum_algorithm":null,"content":null,"content_base64":null,"content_disposition":null,"content_encoding":null,"content_language":null,"content_type":"text/css","etag":"3ead92520d58d30ee400964300db107b","force_destroy":false,"key":"style.css","metadata":null,"object_lock_legal_hold_status":null,"object_lock_mode":null,"object_lock_retain_until_date":null,"override_provider":[],"source":"./../style.css","source_hash":null,"tags":null,"tags_all":{"Managed":"terraform","Project":"boxjump-game"},"website_redirect":null},"sensitive_values":{"override_provider":[],"tags_all":{}}},{"address":"random_id.suffix","mode":"managed","type":"random_id","name":"suffix","provider_name":"registry.terraform.io/hashicorp/random","schema_version":0,"values":{"byte_length":4,"keepers":null,"prefix":null},"sensitive_values":{}}]}},"resource_changes":[{"address":"aws_s3_bucket.site","mode":"managed","type":"aws_s3_bucket","name":"site","provider_name":"registry.terraform.io/hashicorp/aws","change":{"actions":["create"],"before":null,"after":{"force_destroy":true,"tags":null,"tags_all":{"Managed":"terraform","Project":"boxjump-game"},"timeouts":null},"after_unknown":{"acceleration_status":true,"acl":true,"arn":true,"bucket":true,"bucket_domain_name":true,"bucket_prefix":true,"bucket_regional_domain_name":true,"cors_rule":true,"grant":true,"hosted_zone_id":true,"id":true,"lifecycle_rule":true,"logging":true,"object_lock_configuration":true,"object_lock_enabled":true,"policy":true,"region":true,"replication_configuration":true,"request_payer":true,"server_side_encryption_configuration":true,"tags_all":{},"versioning":true,"website":true,"website_domain":true,"website_endpoint":true},"before_sensitive":false,"after_sensitive":{"cors_rule":[],"grant":[],"lifecycle_rule":[],"logging":[],"object_lock_configuration":[],"replication_configuration":[],"server_side_encryption_configuration":[],"tags_all":{},"versioning":[],"website":[]}}},{"address":"aws_s3_bucket_policy.public_read","mode":"managed","type":"aws_s3_bucket_policy","name":"public_read","provider_name":"registry.terraform.io/hashicorp/aws","change":{"actions":["create"],"before":null,"after":{},"after_unknown":{"bucket":true,"id":true,"policy":true},"before_sensitive":false,"after_sensitive":{}}},{"address":"aws_s3_bucket_public_access_block.site","mode":"managed","type":"aws_s3_bucket_public_access_block","name":"site","provider_name":"registry.terraform.io/hashicorp/aws","change":{"actions":["create"],"before":null,"after":{"block_public_acls":false,"block_public_policy":false,"ignore_public_acls":false,"restrict_public_buckets":false},"after_unknown":{"bucket":true,"id":true},"before_sensitive":false,"after_sensitive":{}}},{"address":"aws_s3_bucket_website_configuration.site","mode":"managed","type":"aws_s3_bucket_website_configuration","name":"site","provider_name":"registry.terraform.io/hashicorp/aws","change":{"actions":["create"],"before":null,"after":{"error_document":[],"expected_bucket_owner":null,"index_document":[{"suffix":"index.html"}],"redirect_all_requests_to":[]},"after_unknown":{"bucket":true,"error_document":[],"id":true,"index_document":[{}],"redirect_all_requests_to":[],"routing_rule":true,"routing_rules":true,"website_domain":true,"website_endpoint":true},"before_sensitive":false,"after_sensitive":{"error_document":[],"index_document":[{}],"redirect_all_requests_to":[],"routing_rule":[]}}},{"address":"aws_s3_object.site[\"index.html\"]","mode":"managed","type":"aws_s3_object","name":"site","index":"index.html","provider_name":"registry.terraform.io/hashicorp/aws","change":{"actions":["create"],"before":null,"after":{"cache_control":null,"checksum_algorithm":null,"content":null,"content_base64":null,"content_disposition":null,"content_encoding":null,"content_language":null,"content_type":"text/html","etag":"48acc0513e938376ae3eb0932c104bcf","force_destroy":false,"key":"index.html","metadata":null,"object_lock_legal_hold_status":null,"object_lock_mode":null,"object_lock_retain_until_date":null,"override_provider":[],"source":"./../index.html","source_hash":null,"tags":null,"tags_all":{"Managed":"terraform","Project":"boxjump-game"},"website_redirect":null},"after_unknown":{"acl":true,"arn":true,"bucket":true,"bucket_key_enabled":true,"checksum_crc32":true,"checksum_crc32c":true,"checksum_crc64nvme":true,"checksum_sha1":true,"checksum_sha256":true,"id":true,"kms_key_id":true,"override_provider":[],"server_side_encryption":true,"storage_class":true,"tags_all":{},"version_id":true},"before_sensitive":false,"after_sensitive":{"override_provider":[],"tags_all":{}}}},{"address":"aws_s3_object.site[\"script.js\"]","mode":"managed","type":"aws_s3_object","name":"site","index":"script.js","provider_name":"registry.terraform.io/hashicorp/aws","change":{"actions":["create"],"before":null,"after":{"cache_control":null,"checksum_algorithm":null,"content":null,"content_base64":null,"content_disposition":null,"content_encoding":null,"content_language":null,"content_type":"application/javascript","etag":"bab1826aa416106966a14a3373da6a78","force_destroy":false,"key":"script.js","metadata":null,"object_lock_legal_hold_status":null,"object_lock_mode":null,"object_lock_retain_until_date":null,"override_provider":[],"source":"./../script.js","source_hash":null,"tags":null,"tags_all":{"Managed":"terraform","Project":"boxjump-game"},"website_redirect":null},"after_unknown":{"acl":true,"arn":true,"bucket":true,"bucket_key_enabled":true,"checksum_crc32":true,"checksum_crc32c":true,"checksum_crc64nvme":true,"checksum_sha1":true,"checksum_sha256":true,"id":true,"kms_key_id":true,"override_provider":[],"server_side_encryption":true,"storage_class":true,"tags_all":{},"version_id":true},"before_sensitive":false,"after_sensitive":{"override_provider":[],"tags_all":{}}}},{"address":"aws_s3_object.site[\"style.css\"]","mode":"managed","type":"aws_s3_object","name":"site","index":"style.css","provider_name":"registry.terraform.io/hashicorp/aws","change":{"actions":["create"],"before":null,"after":{"cache_control":null,"checksum_algorithm":null,"content":null,"content_base64":null,"content_disposition":null,"content_encoding":null,"content_language":null,"content_type":"text/css","etag":"3ead92520d58d30ee400964300db107b","force_destroy":false,"key":"style.css","metadata":null,"object_lock_legal_hold_status":null,"object_lock_mode":null,"object_lock_retain_until_date":null,"override_provider":[],"source":"./../style.css","source_hash":null,"tags":null,"tags_all":{"Managed":"terraform","Project":"boxjump-game"},"website_redirect":null},"after_unknown":{"acl":true,"arn":true,"bucket":true,"bucket_key_enabled":true,"checksum_crc32":true,"checksum_crc32c":true,"checksum_crc64nvme":true,"checksum_sha1":true,"checksum_sha256":true,"id":true,"kms_key_id":true,"override_provider":[],"server_side_encryption":true,"storage_class":true,"tags_all":{},"version_id":true},"before_sensitive":false,"after_sensitive":{"override_provider":[],"tags_all":{}}}},{"address":"random_id.suffix","mode":"managed","type":"random_id","name":"suffix","provider_name":"registry.terraform.io/hashicorp/random","change":{"actions":["create"],"before":null,"after":{"byte_length":4,"keepers":null,"prefix":null},"after_unknown":{"b64_std":true,"b64_url":true,"dec":true,"hex":true,"id":true},"before_sensitive":false,"after_sensitive":{}}}],"output_changes":{"s3_bucket_name":{"actions":["create"],"before":null,"after_unknown":true,"before_sensitive":false,"after_sensitive":false},"website_endpoint":{"actions":["create"],"before":null,"after_unknown":true,"before_sensitive":false,"after_sensitive":false},"website_url":{"actions":["create"],"before":null,"after_unknown":true,"before_sensitive":false,"after_sensitive":false}},"configuration":{"provider_config":{"aws":{"name":"aws","full_name":"registry.terraform.io/hashicorp/aws","version_constraint":"~\u003e 5.0","expressions":{"default_tags":[{"tags":{"references":["var.app_name"]}}],"region":{"references":["var.aws_region"]}}},"random":{"name":"random","full_name":"registry.terraform.io/hashicorp/random","version_constraint":"~\u003e 3.6"}},"root_module":{"outputs":{"s3_bucket_name":{"expression":{"references":["aws_s3_bucket.site.bucket","aws_s3_bucket.site"]},"description":"Name of the S3 bucket hosting the static site"},"website_endpoint":{"expression":{"references":["aws_s3_bucket_website_configuration.site.website_endpoint","aws_s3_bucket_website_configuration.site"]},"description":"S3 static website endpoint (HTTP)"},"website_url":{"expression":{"references":["aws_s3_bucket_website_configuration.site.website_endpoint","aws_s3_bucket_website_configuration.site"]},"description":"Convenience URL for the S3 static website"}},"resources":[{"address":"aws_s3_bucket.site","mode":"managed","type":"aws_s3_bucket","name":"site","provider_config_key":"aws","expressions":{"bucket":{"references":["var.app_name","random_id.suffix.hex","random_id.suffix"]},"force_destroy":{"references":["var.bucket_force_destroy"]}},"schema_version":0},{"address":"aws_s3_bucket_policy.public_read","mode":"managed","type":"aws_s3_bucket_policy","name":"public_read","provider_config_key":"aws","expressions":{"bucket":{"references":["aws_s3_bucket.site.id","aws_s3_bucket.site"]},"policy":{"references":["aws_s3_bucket.site.arn","aws_s3_bucket.site"]}},"schema_version":0,"depends_on":["aws_s3_bucket_public_access_block.site"]},{"address":"aws_s3_bucket_public_access_block.site","mode":"managed","type":"aws_s3_bucket_public_access_block","name":"site","provider_config_key":"aws","expressions":{"block_public_acls":{"constant_value":false},"block_public_policy":{"constant_value":false},"bucket":{"references":["aws_s3_bucket.site.id","aws_s3_bucket.site"]},"ignore_public_acls":{"constant_value":false},"restrict_public_buckets":{"constant_value":false}},"schema_version":0},{"address":"aws_s3_bucket_website_configuration.site","mode":"managed","type":"aws_s3_bucket_website_configuration","name":"site","provider_config_key":"aws","expressions":{"bucket":{"references":["aws_s3_bucket.site.id","aws_s3_bucket.site"]},"index_document":[{"suffix":{"constant_value":"index.html"}}]},"schema_version":0},{"address":"aws_s3_object.site","mode":"managed","type":"aws_s3_object","name":"site","provider_config_key":"aws","expressions":{"bucket":{"references":["aws_s3_bucket.site.id","aws_s3_bucket.site"]},"content_type":{"references":["local.content_types.html","local.content_types","local.content_types.js","local.content_types","local.content_types.css","local.content_types","each.key"]},"etag":{"references":["each.value"]},"key":{"references":["each.key"]},"source":{"references":["each.value"]}},"schema_version":0,"for_each_expression":{"references":["local.site_files"]}},{"address":"random_id.suffix","mode":"managed","type":"random_id","name":"suffix","provider_config_key":"random","expressions":{"byte_length":{"constant_value":4}},"schema_version":0}],"variables":{"app_name":{"default":"boxjump-game","description":"Application name used for naming/tagging"},"aws_region":{"default":"us-east-1","description":"AWS region to deploy into"},"bucket_force_destroy":{"default":true,"description":"Whether to force-destroy the S3 bucket (including objects)"}}}},"relevant_attributes":[{"resource":"aws_s3_bucket.site","attribute":["arn"]},{"resource":"aws_s3_bucket.site","attribute":["bucket"]},{"resource":"aws_s3_bucket_website_configuration.site","attribute":["website_endpoint"]},{"resource":"aws_s3_bucket.site","attribute":["id"]},{"resource":"random_id.suffix","attribute":["hex"]}],"timestamp":"2026-01-27T16:19:30Z","applyable":true,"complete":true,"errored":false}
