{"format_version":"1.2","terraform_version":"1.13.5","variables":{"app_name":{"value":"homelab"},"aws_region":{"value":"us-east-1"}},"planned_values":{"outputs":{"iam_role_name":{"sensitive":false},"s3_bucket_name":{"sensitive":false}},"root_module":{"resources":[{"address":"aws_iam_policy.basic","mode":"managed","type":"aws_iam_policy","name":"basic","provider_name":"registry.terraform.io/hashicorp/aws","schema_version":0,"values":{"delay_after_policy_creation_in_ms":null,"description":"Basic policy for homelab role.","path":"/","tags":null},"sensitive_values":{"tags_all":{}},"identity_schema_version":0,"identity":{"arn":null}},{"address":"aws_iam_role.basic","mode":"managed","type":"aws_iam_role","name":"basic","provider_name":"registry.terraform.io/hashicorp/aws","schema_version":0,"values":{"assume_role_policy":"{\"Statement\":[{\"Action\":\"sts:AssumeRole\",\"Effect\":\"Allow\",\"Principal\":{\"Service\":\"ec2.amazonaws.com\"}}],\"Version\":\"2012-10-17\"}","description":null,"force_detach_policies":false,"max_session_duration":3600,"path":"/","permissions_boundary":null,"tags":{"Name":"homelab-basic-role"},"tags_all":{"Name":"homelab-basic-role"}},"sensitive_values":{"inline_policy":[],"managed_policy_arns":[],"tags":{},"tags_all":{}},"identity_schema_version":0,"identity":{"account_id":null,"name":null}},{"address":"aws_iam_role_policy_attachment.basic","mode":"managed","type":"aws_iam_role_policy_attachment","name":"basic","provider_name":"registry.terraform.io/hashicorp/aws","schema_version":0,"sensitive_values":{},"identity_schema_version":0,"identity":{"account_id":null,"policy_arn":null,"role":null}},{"address":"aws_s3_bucket.artifacts","mode":"managed","type":"aws_s3_bucket","name":"artifacts","provider_name":"registry.terraform.io/hashicorp/aws","schema_version":0,"values":{"force_destroy":true,"region":"us-east-1","tags":{"Name":"homelab-artifacts"},"tags_all":{"Name":"homelab-artifacts"},"timeouts":null},"sensitive_values":{"cors_rule":[],"grant":[],"lifecycle_rule":[],"logging":[],"object_lock_configuration":[],"replication_configuration":[],"server_side_encryption_configuration":[],"tags":{},"tags_all":{},"versioning":[],"website":[]},"identity_schema_version":0,"identity":{"account_id":null,"bucket":null,"region":null}},{"address":"data.aws_iam_policy_document.basic","mode":"data","type":"aws_iam_policy_document","name":"basic","provider_name":"registry.terraform.io/hashicorp/aws","schema_version":0,"values":{"override_json":null,"override_policy_documents":null,"policy_id":null,"source_json":null,"source_policy_documents":null,"statement":[{"actions":["s3:ListBucket"],"condition":[],"effect":null,"not_actions":null,"not_principals":[],"not_resources":null,"principals":[],"resources":[null],"sid":null},{"actions":["s3:GetObject","s3:PutObject"],"condition":[],"effect":null,"not_actions":null,"not_principals":[],"not_resources":null,"principals":[],"resources":[null],"sid":null}],"version":null},"sensitive_values":{"statement":[{"actions":[false],"condition":[],"not_principals":[],"principals":[],"resources":[false]},{"actions":[false,false],"condition":[],"not_principals":[],"principals":[],"resources":[false]}]}},{"address":"random_id.suffix","mode":"managed","type":"random_id","name":"suffix","provider_name":"registry.terraform.io/hashicorp/random","schema_version":0,"values":{"byte_length":4,"keepers":null,"prefix":null},"sensitive_values":{}}]}},"resource_changes":[{"address":"data.aws_iam_policy_document.basic","mode":"data","type":"aws_iam_policy_document","name":"basic","provider_name":"registry.terraform.io/hashicorp/aws","change":{"actions":["read"],"before":null,"after":{"override_json":null,"override_policy_documents":null,"policy_id":null,"source_json":null,"source_policy_documents":null,"statement":[{"actions":["s3:ListBucket"],"condition":[],"effect":null,"not_actions":null,"not_principals":[],"not_resources":null,"principals":[],"resources":[null],"sid":null},{"actions":["s3:GetObject","s3:PutObject"],"condition":[],"effect":null,"not_actions":null,"not_principals":[],"not_resources":null,"principals":[],"resources":[null],"sid":null}],"version":null},"after_unknown":{"id":true,"json":true,"minified_json":true,"statement":[{"actions":[false],"condition":[],"not_principals":[],"principals":[],"resources":[true]},{"actions":[false,false],"condition":[],"not_principals":[],"principals":[],"resources":[true]}]},"before_sensitive":false,"after_sensitive":{"statement":[{"actions":[false],"condition":[],"not_principals":[],"principals":[],"resources":[false]},{"actions":[false,false],"condition":[],"not_principals":[],"principals":[],"resources":[false]}]}},"action_reason":"read_because_config_unknown"},{"address":"aws_iam_policy.basic","mode":"managed","type":"aws_iam_policy","name":"basic","provider_name":"registry.terraform.io/hashicorp/aws","change":{"actions":["create"],"before":null,"after":{"delay_after_policy_creation_in_ms":null,"description":"Basic policy for homelab role.","path":"/","tags":null},"after_unknown":{"arn":true,"attachment_count":true,"id":true,"name":true,"name_prefix":true,"policy":true,"policy_id":true,"tags_all":true},"before_sensitive":false,"after_sensitive":{"tags_all":{}},"after_identity":{"arn":null}}},{"address":"aws_iam_role.basic","mode":"managed","type":"aws_iam_role","name":"basic","provider_name":"registry.terraform.io/hashicorp/aws","change":{"actions":["create"],"before":null,"after":{"assume_role_policy":"{\"Statement\":[{\"Action\":\"sts:AssumeRole\",\"Effect\":\"Allow\",\"Principal\":{\"Service\":\"ec2.amazonaws.com\"}}],\"Version\":\"2012-10-17\"}","description":null,"force_detach_policies":false,"max_session_duration":3600,"path":"/","permissions_boundary":null,"tags":{"Name":"homelab-basic-role"},"tags_all":{"Name":"homelab-basic-role"}},"after_unknown":{"arn":true,"create_date":true,"id":true,"inline_policy":true,"managed_policy_arns":true,"name":true,"name_prefix":true,"tags":{},"tags_all":{},"unique_id":true},"before_sensitive":false,"after_sensitive":{"inline_policy":[],"managed_policy_arns":[],"tags":{},"tags_all":{}},"after_identity":{"account_id":null,"name":null}}},{"address":"aws_iam_role_policy_attachment.basic","mode":"managed","type":"aws_iam_role_policy_attachment","name":"basic","provider_name":"registry.terraform.io/hashicorp/aws","change":{"actions":["create"],"before":null,"after":{},"after_unknown":{"id":true,"policy_arn":true,"role":true},"before_sensitive":false,"after_sensitive":{},"after_identity":{"account_id":null,"policy_arn":null,"role":null}}},{"address":"aws_s3_bucket.artifacts","mode":"managed","type":"aws_s3_bucket","name":"artifacts","provider_name":"registry.terraform.io/hashicorp/aws","change":{"actions":["create"],"before":null,"after":{"force_destroy":true,"region":"us-east-1","tags":{"Name":"homelab-artifacts"},"tags_all":{"Name":"homelab-artifacts"},"timeouts":null},"after_unknown":{"acceleration_status":true,"acl":true,"arn":true,"bucket":true,"bucket_domain_name":true,"bucket_prefix":true,"bucket_region":true,"bucket_regional_domain_name":true,"cors_rule":true,"grant":true,"hosted_zone_id":true,"id":true,"lifecycle_rule":true,"logging":true,"object_lock_configuration":true,"object_lock_enabled":true,"policy":true,"replication_configuration":true,"request_payer":true,"server_side_encryption_configuration":true,"tags":{},"tags_all":{},"versioning":true,"website":true,"website_domain":true,"website_endpoint":true},"before_sensitive":false,"after_sensitive":{"cors_rule":[],"grant":[],"lifecycle_rule":[],"logging":[],"object_lock_configuration":[],"replication_configuration":[],"server_side_encryption_configuration":[],"tags":{},"tags_all":{},"versioning":[],"website":[]},"after_identity":{"account_id":null,"bucket":null,"region":null}}},{"address":"random_id.suffix","mode":"managed","type":"random_id","name":"suffix","provider_name":"registry.terraform.io/hashicorp/random","change":{"actions":["create"],"before":null,"after":{"byte_length":4,"keepers":null,"prefix":null},"after_unknown":{"b64_std":true,"b64_url":true,"dec":true,"hex":true,"id":true},"before_sensitive":false,"after_sensitive":{}}}],"output_changes":{"iam_role_name":{"actions":["create"],"before":null,"after_unknown":true,"before_sensitive":false,"after_sensitive":false},"s3_bucket_name":{"actions":["create"],"before":null,"after_unknown":true,"before_sensitive":false,"after_sensitive":false}},"prior_state":{"format_version":"1.0","terraform_version":"1.13.5","values":{"root_module":{"resources":[{"address":"data.aws_iam_policy_document.assume_role","mode":"data","type":"aws_iam_policy_document","name":"assume_role","provider_name":"registry.terraform.io/hashicorp/aws","schema_version":0,"values":{"id":"2851119427","json":"{\n  \"Version\": \"2012-10-17\",\n  \"Statement\": [\n    {\n      \"Effect\": \"Allow\",\n      \"Action\": \"sts:AssumeRole\",\n      \"Principal\": {\n        \"Service\": \"ec2.amazonaws.com\"\n      }\n    }\n  ]\n}","minified_json":"{\"Version\":\"2012-10-17\",\"Statement\":[{\"Effect\":\"Allow\",\"Action\":\"sts:AssumeRole\",\"Principal\":{\"Service\":\"ec2.amazonaws.com\"}}]}","override_json":null,"override_policy_documents":null,"policy_id":null,"source_json":null,"source_policy_documents":null,"statement":[{"actions":["sts:AssumeRole"],"condition":[],"effect":"Allow","not_actions":[],"not_principals":[],"not_resources":[],"principals":[{"identifiers":["ec2.amazonaws.com"],"type":"Service"}],"resources":[],"sid":""}],"version":"2012-10-17"},"sensitive_values":{"statement":[{"actions":[false],"condition":[],"not_actions":[],"not_principals":[],"not_resources":[],"principals":[{"identifiers":[false]}],"resources":[]}]}}]}}},"configuration":{"provider_config":{"aws":{"name":"aws","full_name":"registry.terraform.io/hashicorp/aws","version_constraint":"\u003e= 4.0.0","expressions":{"region":{"references":["var.aws_region"]}}},"random":{"name":"random","full_name":"registry.terraform.io/hashicorp/random"}},"root_module":{"outputs":{"iam_role_name":{"expression":{"references":["aws_iam_role.basic.name","aws_iam_role.basic"]}},"s3_bucket_name":{"expression":{"references":["aws_s3_bucket.artifacts.bucket","aws_s3_bucket.artifacts"]}}},"resources":[{"address":"aws_iam_policy.basic","mode":"managed","type":"aws_iam_policy","name":"basic","provider_config_key":"aws","expressions":{"description":{"constant_value":"Basic policy for homelab role."},"name":{"references":["var.app_name","random_id.suffix.hex","random_id.suffix"]},"policy":{"references":["data.aws_iam_policy_document.basic.json","data.aws_iam_policy_document.basic"]}},"schema_version":0},{"address":"aws_iam_role.basic","mode":"managed","type":"aws_iam_role","name":"basic","provider_config_key":"aws","expressions":{"assume_role_policy":{"references":["data.aws_iam_policy_document.assume_role.json","data.aws_iam_policy_document.assume_role"]},"name":{"references":["var.app_name","random_id.suffix.hex","random_id.suffix"]},"tags":{"references":["var.app_name"]}},"schema_version":0},{"address":"aws_iam_role_policy_attachment.basic","mode":"managed","type":"aws_iam_role_policy_attachment","name":"basic","provider_config_key":"aws","expressions":{"policy_arn":{"references":["aws_iam_policy.basic.arn","aws_iam_policy.basic"]},"role":{"references":["aws_iam_role.basic.name","aws_iam_role.basic"]}},"schema_version":0},{"address":"aws_s3_bucket.artifacts","mode":"managed","type":"aws_s3_bucket","name":"artifacts","provider_config_key":"aws","expressions":{"bucket":{"references":["var.app_name","random_id.suffix.hex","random_id.suffix"]},"force_destroy":{"constant_value":true},"tags":{"references":["var.app_name"]}},"schema_version":0},{"address":"random_id.suffix","mode":"managed","type":"random_id","name":"suffix","provider_config_key":"random","expressions":{"byte_length":{"constant_value":4}},"schema_version":0},{"address":"data.aws_iam_policy_document.assume_role","mode":"data","type":"aws_iam_policy_document","name":"assume_role","provider_config_key":"aws","expressions":{"statement":[{"actions":{"constant_value":["sts:AssumeRole"]},"principals":[{"identifiers":{"constant_value":["ec2.amazonaws.com"]},"type":{"constant_value":"Service"}}]}]},"schema_version":0},{"address":"data.aws_iam_policy_document.basic","mode":"data","type":"aws_iam_policy_document","name":"basic","provider_config_key":"aws","expressions":{"statement":[{"actions":{"constant_value":["s3:ListBucket"]},"resources":{"references":["aws_s3_bucket.artifacts.arn","aws_s3_bucket.artifacts"]}},{"actions":{"constant_value":["s3:GetObject","s3:PutObject"]},"resources":{"references":["aws_s3_bucket.artifacts.arn","aws_s3_bucket.artifacts"]}}]},"schema_version":0}],"variables":{"app_name":{"default":"homelab","description":"Name prefix for resources."},"aws_region":{"default":"us-east-1","description":"AWS region to deploy resources in."}}}},"relevant_attributes":[{"resource":"aws_iam_policy.basic","attribute":["arn"]},{"resource":"aws_iam_role.basic","attribute":["name"]},{"resource":"data.aws_iam_policy_document.assume_role","attribute":["json"]},{"resource":"aws_s3_bucket.artifacts","attribute":["bucket"]},{"resource":"data.aws_iam_policy_document.basic","attribute":["json"]},{"resource":"aws_s3_bucket.artifacts","attribute":["arn"]},{"resource":"random_id.suffix","attribute":["hex"]}],"timestamp":"2026-01-22T20:28:23Z","applyable":true,"complete":true,"errored":false}
