{
  "version": 4,
  "terraform_version": "1.13.5",
  "serial": 1,
  "lineage": "049fafc0-096e-263e-2ae8-ad7d4b4017eb",
  "outputs": {},
  "resources": [
    {
      "mode": "managed",
      "type": "aws_cloudfront_origin_access_control",
      "name": "oac",
      "provider": "provider[\"registry.terraform.io/hashicorp/aws\"]",
      "instances": [
        {
          "schema_version": 0,
          "attributes": {
            "arn": "arn:aws:cloudfront::000000000000:origin-access-control/76F7FF8E",
            "description": "OAC for react-joke-app CloudFront -\u003e S3",
            "etag": "ed3df097",
            "id": "76F7FF8E",
            "name": "react-joke-app-oac",
            "origin_access_control_origin_type": "s3",
            "signing_behavior": "always",
            "signing_protocol": "sigv4"
          },
          "sensitive_attributes": [],
          "identity_schema_version": 0,
          "private": "bnVsbA=="
        }
      ]
    },
    {
      "mode": "managed",
      "type": "aws_s3_bucket",
      "name": "site",
      "provider": "provider[\"registry.terraform.io/hashicorp/aws\"]",
      "instances": []
    }
  ],
  "check_results": null
}
