{"format_version":"1.2","terraform_version":"1.13.5","variables":{"influxdb_bucket":{"value":"terraform-bucket"},"influxdb_org":{"value":"terraform"},"influxdb_token":{"value":"terraform"},"influxdb_url":{"value":"terraform"},"tuya_apikey":{"value":"terraform"},"tuya_apisecret":{"value":"terraform"},"tuya_apisregion":{"value":"terraform"}},"planned_values":{"outputs":{"ecr_repository_uri":{"sensitive":false}},"root_module":{"resources":[{"address":"aws_cloudwatch_event_rule.every_30_minutes","mode":"managed","type":"aws_cloudwatch_event_rule","name":"every_30_minutes","provider_name":"registry.terraform.io/hashicorp/aws","schema_version":1,"values":{"description":"Triggers lambda function every 30 minutes","event_bus_name":"default","event_pattern":null,"force_destroy":false,"is_enabled":null,"name":"every-30-minutes","region":"eu-west-1","role_arn":null,"schedule_expression":"rate(30 minutes)","state":null,"tags":null},"sensitive_values":{"tags_all":{}},"identity_schema_version":0,"identity":{"account_id":null,"name":null,"region":null}},{"address":"aws_cloudwatch_event_target.lambda_target","mode":"managed","type":"aws_cloudwatch_event_target","name":"lambda_target","provider_name":"registry.terraform.io/hashicorp/aws","schema_version":1,"values":{"appsync_target":[],"batch_target":[],"dead_letter_config":[],"ecs_target":[],"event_bus_name":"default","force_destroy":false,"http_target":[],"input":null,"input_path":null,"input_transformer":[],"kinesis_target":[],"redshift_target":[],"region":"eu-west-1","retry_policy":[],"role_arn":null,"rule":"every-30-minutes","run_command_targets":[],"sagemaker_pipeline_target":[],"sqs_target":[]},"sensitive_values":{"appsync_target":[],"batch_target":[],"dead_letter_config":[],"ecs_target":[],"http_target":[],"input_transformer":[],"kinesis_target":[],"redshift_target":[],"retry_policy":[],"run_command_targets":[],"sagemaker_pipeline_target":[],"sqs_target":[]},"identity_schema_version":0,"identity":{"account_id":null,"event_bus_name":null,"region":null,"rule":null,"target_id":null}},{"address":"aws_ecr_repository.home_automation","mode":"managed","type":"aws_ecr_repository","name":"home_automation","provider_name":"registry.terraform.io/hashicorp/aws","schema_version":0,"values":{"encryption_configuration":[],"force_delete":null,"image_scanning_configuration":[],"image_tag_mutability":"MUTABLE","image_tag_mutability_exclusion_filter":[],"name":"home_automation","region":"eu-west-1","tags":null,"timeouts":null},"sensitive_values":{"encryption_configuration":[],"image_scanning_configuration":[],"image_tag_mutability_exclusion_filter":[],"tags_all":{}},"identity_schema_version":0,"identity":{"account_id":null,"name":null,"region":null}},{"address":"aws_iam_role.home_automation_lambda_role","mode":"managed","type":"aws_iam_role","name":"home_automation_lambda_role","provider_name":"registry.terraform.io/hashicorp/aws","schema_version":0,"values":{"assume_role_policy":"{\"Statement\":[{\"Action\":\"sts:AssumeRole\",\"Effect\":\"Allow\",\"Principal\":{\"Service\":\"lambda.amazonaws.com\"}}],\"Version\":\"2012-10-17\"}","description":null,"force_detach_policies":false,"max_session_duration":3600,"name":"home-automation-lambda-role","path":"/","permissions_boundary":null,"tags":null},"sensitive_values":{"inline_policy":[],"managed_policy_arns":[],"tags_all":{}},"identity_schema_version":0,"identity":{"account_id":null,"name":null}},{"address":"aws_iam_role_policy_attachment.lambda_policy_attachment","mode":"managed","type":"aws_iam_role_policy_attachment","name":"lambda_policy_attachment","provider_name":"registry.terraform.io/hashicorp/aws","schema_version":0,"values":{"policy_arn":"arn:aws:iam::aws:policy/service-role/AWSLambdaBasicExecutionRole","role":"home-automation-lambda-role"},"sensitive_values":{},"identity_schema_version":0,"identity":{"account_id":null,"policy_arn":null,"role":null}},{"address":"aws_lambda_function.humid_temp_sensors","mode":"managed","type":"aws_lambda_function","name":"humid_temp_sensors","provider_name":"registry.terraform.io/hashicorp/aws","schema_version":0,"values":{"architectures":["x86_64"],"capacity_provider_config":[],"code_signing_config_arn":null,"dead_letter_config":[],"description":null,"durable_config":[],"environment":[{"variables":{"INFLUXDB_BUCKET":"terraform-bucket","INFLUXDB_ORG":"terraform","INFLUXDB_TOKEN":"terraform","INFLUXDB_URL":"terraform","TUYA_APIKEY":"terraform","TUYA_APISECRET":"terraform","TUYA_APISREGION":"terraform"}}],"file_system_config":[],"filename":null,"function_name":"Humidity_and_temperature_SonOff_sensors","handler":null,"image_config":[],"kms_key_arn":null,"layers":null,"memory_size":128,"package_type":"Image","publish":false,"publish_to":null,"region":"eu-west-1","replace_security_groups_on_destroy":null,"replacement_security_group_ids":null,"reserved_concurrent_executions":-1,"runtime":null,"s3_bucket":null,"s3_key":null,"s3_object_version":null,"skip_destroy":false,"snap_start":[],"source_kms_key_arn":null,"tags":null,"tenancy_config":[],"timeout":10,"timeouts":null,"vpc_config":[]},"sensitive_values":{"architectures":[false],"capacity_provider_config":[],"dead_letter_config":[],"durable_config":[],"environment":[{"variables":{"INFLUXDB_TOKEN":true,"TUYA_APISECRET":true}}],"ephemeral_storage":[],"file_system_config":[],"image_config":[],"logging_config":[],"snap_start":[],"tags_all":{},"tenancy_config":[],"tracing_config":[],"vpc_config":[]},"identity_schema_version":0,"identity":{"account_id":null,"function_name":null,"region":null}},{"address":"aws_lambda_permission.allow_clw_to_invoke_lambda","mode":"managed","type":"aws_lambda_permission","name":"allow_clw_to_invoke_lambda","provider_name":"registry.terraform.io/hashicorp/aws","schema_version":0,"values":{"action":"lambda:InvokeFunction","event_source_token":null,"function_name":"Humidity_and_temperature_SonOff_sensors","function_url_auth_type":null,"principal":"events.amazonaws.com","principal_org_id":null,"qualifier":null,"region":"eu-west-1","source_account":null,"statement_id":"AllowExecutionFromCloudWatch"},"sensitive_values":{},"identity_schema_version":0,"identity":{"account_id":null,"function_name":null,"qualifier":null,"region":null,"statement_id":null}}]}},"resource_changes":[{"address":"aws_cloudwatch_event_rule.every_30_minutes","mode":"managed","type":"aws_cloudwatch_event_rule","name":"every_30_minutes","provider_name":"registry.terraform.io/hashicorp/aws","change":{"actions":["create"],"before":null,"after":{"description":"Triggers lambda function every 30 minutes","event_bus_name":"default","event_pattern":null,"force_destroy":false,"is_enabled":null,"name":"every-30-minutes","region":"eu-west-1","role_arn":null,"schedule_expression":"rate(30 minutes)","state":null,"tags":null},"after_unknown":{"arn":true,"id":true,"name_prefix":true,"tags_all":true},"before_sensitive":false,"after_sensitive":{"tags_all":{}},"after_identity":{"account_id":null,"name":null,"region":null}}},{"address":"aws_cloudwatch_event_target.lambda_target","mode":"managed","type":"aws_cloudwatch_event_target","name":"lambda_target","provider_name":"registry.terraform.io/hashicorp/aws","change":{"actions":["create"],"before":null,"after":{"appsync_target":[],"batch_target":[],"dead_letter_config":[],"ecs_target":[],"event_bus_name":"default","force_destroy":false,"http_target":[],"input":null,"input_path":null,"input_transformer":[],"kinesis_target":[],"redshift_target":[],"region":"eu-west-1","retry_policy":[],"role_arn":null,"rule":"every-30-minutes","run_command_targets":[],"sagemaker_pipeline_target":[],"sqs_target":[]},"after_unknown":{"appsync_target":[],"arn":true,"batch_target":[],"dead_letter_config":[],"ecs_target":[],"http_target":[],"id":true,"input_transformer":[],"kinesis_target":[],"redshift_target":[],"retry_policy":[],"run_command_targets":[],"sagemaker_pipeline_target":[],"sqs_target":[],"target_id":true},"before_sensitive":false,"after_sensitive":{"appsync_target":[],"batch_target":[],"dead_letter_config":[],"ecs_target":[],"http_target":[],"input_transformer":[],"kinesis_target":[],"redshift_target":[],"retry_policy":[],"run_command_targets":[],"sagemaker_pipeline_target":[],"sqs_target":[]},"after_identity":{"account_id":null,"event_bus_name":null,"region":null,"rule":null,"target_id":null}}},{"address":"aws_ecr_repository.home_automation","mode":"managed","type":"aws_ecr_repository","name":"home_automation","provider_name":"registry.terraform.io/hashicorp/aws","change":{"actions":["create"],"before":null,"after":{"encryption_configuration":[],"force_delete":null,"image_scanning_configuration":[],"image_tag_mutability":"MUTABLE","image_tag_mutability_exclusion_filter":[],"name":"home_automation","region":"eu-west-1","tags":null,"timeouts":null},"after_unknown":{"arn":true,"encryption_configuration":[],"id":true,"image_scanning_configuration":[],"image_tag_mutability_exclusion_filter":[],"registry_id":true,"repository_url":true,"tags_all":true},"before_sensitive":false,"after_sensitive":{"encryption_configuration":[],"image_scanning_configuration":[],"image_tag_mutability_exclusion_filter":[],"tags_all":{}},"after_identity":{"account_id":null,"name":null,"region":null}}},{"address":"aws_iam_role.home_automation_lambda_role","mode":"managed","type":"aws_iam_role","name":"home_automation_lambda_role","provider_name":"registry.terraform.io/hashicorp/aws","change":{"actions":["create"],"before":null,"after":{"assume_role_policy":"{\"Statement\":[{\"Action\":\"sts:AssumeRole\",\"Effect\":\"Allow\",\"Principal\":{\"Service\":\"lambda.amazonaws.com\"}}],\"Version\":\"2012-10-17\"}","description":null,"force_detach_policies":false,"max_session_duration":3600,"name":"home-automation-lambda-role","path":"/","permissions_boundary":null,"tags":null},"after_unknown":{"arn":true,"create_date":true,"id":true,"inline_policy":true,"managed_policy_arns":true,"name_prefix":true,"tags_all":true,"unique_id":true},"before_sensitive":false,"after_sensitive":{"inline_policy":[],"managed_policy_arns":[],"tags_all":{}},"after_identity":{"account_id":null,"name":null}}},{"address":"aws_iam_role_policy_attachment.lambda_policy_attachment","mode":"managed","type":"aws_iam_role_policy_attachment","name":"lambda_policy_attachment","provider_name":"registry.terraform.io/hashicorp/aws","change":{"actions":["create"],"before":null,"after":{"policy_arn":"arn:aws:iam::aws:policy/service-role/AWSLambdaBasicExecutionRole","role":"home-automation-lambda-role"},"after_unknown":{"id":true},"before_sensitive":false,"after_sensitive":{},"after_identity":{"account_id":null,"policy_arn":null,"role":null}}},{"address":"aws_lambda_function.humid_temp_sensors","mode":"managed","type":"aws_lambda_function","name":"humid_temp_sensors","provider_name":"registry.terraform.io/hashicorp/aws","change":{"actions":["create"],"before":null,"after":{"architectures":["x86_64"],"capacity_provider_config":[],"code_signing_config_arn":null,"dead_letter_config":[],"description":null,"durable_config":[],"environment":[{"variables":{"INFLUXDB_BUCKET":"terraform-bucket","INFLUXDB_ORG":"terraform","INFLUXDB_TOKEN":"terraform","INFLUXDB_URL":"terraform","TUYA_APIKEY":"terraform","TUYA_APISECRET":"terraform","TUYA_APISREGION":"terraform"}}],"file_system_config":[],"filename":null,"function_name":"Humidity_and_temperature_SonOff_sensors","handler":null,"image_config":[],"kms_key_arn":null,"layers":null,"memory_size":128,"package_type":"Image","publish":false,"publish_to":null,"region":"eu-west-1","replace_security_groups_on_destroy":null,"replacement_security_group_ids":null,"reserved_concurrent_executions":-1,"runtime":null,"s3_bucket":null,"s3_key":null,"s3_object_version":null,"skip_destroy":false,"snap_start":[],"source_kms_key_arn":null,"tags":null,"tenancy_config":[],"timeout":10,"timeouts":null,"vpc_config":[]},"after_unknown":{"architectures":[false],"arn":true,"capacity_provider_config":[],"code_sha256":true,"dead_letter_config":[],"durable_config":[],"environment":[{"variables":{}}],"ephemeral_storage":true,"file_system_config":[],"id":true,"image_config":[],"image_uri":true,"invoke_arn":true,"last_modified":true,"logging_config":true,"qualified_arn":true,"qualified_invoke_arn":true,"role":true,"signing_job_arn":true,"signing_profile_version_arn":true,"snap_start":[],"source_code_hash":true,"source_code_size":true,"tags_all":true,"tenancy_config":[],"tracing_config":true,"version":true,"vpc_config":[]},"before_sensitive":false,"after_sensitive":{"architectures":[false],"capacity_provider_config":[],"dead_letter_config":[],"durable_config":[],"environment":[{"variables":{"INFLUXDB_TOKEN":true,"TUYA_APISECRET":true}}],"ephemeral_storage":[],"file_system_config":[],"image_config":[],"logging_config":[],"snap_start":[],"tags_all":{},"tenancy_config":[],"tracing_config":[],"vpc_config":[]},"after_identity":{"account_id":null,"function_name":null,"region":null}}},{"address":"aws_lambda_permission.allow_clw_to_invoke_lambda","mode":"managed","type":"aws_lambda_permission","name":"allow_clw_to_invoke_lambda","provider_name":"registry.terraform.io/hashicorp/aws","change":{"actions":["create"],"before":null,"after":{"action":"lambda:InvokeFunction","event_source_token":null,"function_name":"Humidity_and_temperature_SonOff_sensors","function_url_auth_type":null,"principal":"events.amazonaws.com","principal_org_id":null,"qualifier":null,"region":"eu-west-1","source_account":null,"statement_id":"AllowExecutionFromCloudWatch"},"after_unknown":{"id":true,"source_arn":true,"statement_id_prefix":true},"before_sensitive":false,"after_sensitive":{},"after_identity":{"account_id":null,"function_name":null,"qualifier":null,"region":null,"statement_id":null}}}],"output_changes":{"ecr_repository_uri":{"actions":["create"],"before":null,"after_unknown":true,"before_sensitive":false,"after_sensitive":false}},"prior_state":{"format_version":"1.0","terraform_version":"1.13.5","values":{"root_module":{"resources":[{"address":"data.archive_file.lambda_dummy","mode":"data","type":"archive_file","name":"lambda_dummy","provider_name":"registry.terraform.io/hashicorp/archive","schema_version":0,"values":{"exclude_symlink_directories":null,"excludes":null,"id":"58e93fade67637870be5af38eff8d5aa66c7da49","output_base64sha256":"wmbalFzzY/wG3ivChKElOZB3+B4gptmQyIat05p+fU4=","output_base64sha512":"BQYAg1LwEY4tDmry1VoRx6StX0vjH+7LpfB5KAZLVvfJQjioPbBv1QxI6QF6P2U614fU3h9XKBCb9z5Y1ornqA==","output_file_mode":null,"output_md5":"a0dbd832a6a977d6d5b28ea5c85e30fb","output_path":"./.dummy/lambda.zip","output_sha":"58e93fade67637870be5af38eff8d5aa66c7da49","output_sha256":"c266da945cf363fc06de2bc284a125399077f81e20a6d990c886add39a7e7d4e","output_sha512":"0506008352f0118e2d0e6af2d55a11c7a4ad5f4be31feecba5f07928064b56f7c94238a83db06fd50c48e9017a3f653ad787d4de1f5728109bf73e58d68ae7a8","output_size":246,"source":[{"content":"exports.handler = async (event) =\u003e {\n  console.log(\"Dummy lambda invoked\");\n  return { statusCode: 200, body: \"dummy\" };\n};\n","filename":"index.js"}],"source_content":null,"source_content_filename":null,"source_dir":null,"source_file":null,"type":"zip"},"sensitive_values":{"source":[{}]}}]}}},"configuration":{"provider_config":{"archive":{"name":"archive","full_name":"registry.terraform.io/hashicorp/archive","version_constraint":"\u003e= 2.0.0"},"aws":{"name":"aws","full_name":"registry.terraform.io/hashicorp/aws","version_constraint":"~\u003e 6.27.0","expressions":{"region":{"constant_value":"eu-west-1"}}}},"root_module":{"outputs":{"ecr_repository_uri":{"expression":{"references":["aws_ecr_repository.home_automation.repository_url","aws_ecr_repository.home_automation"]}}},"resources":[{"address":"aws_cloudwatch_event_rule.every_30_minutes","mode":"managed","type":"aws_cloudwatch_event_rule","name":"every_30_minutes","provider_config_key":"aws","expressions":{"description":{"constant_value":"Triggers lambda function every 30 minutes"},"name":{"constant_value":"every-30-minutes"},"schedule_expression":{"constant_value":"rate(30 minutes)"}},"schema_version":1},{"address":"aws_cloudwatch_event_target.lambda_target","mode":"managed","type":"aws_cloudwatch_event_target","name":"lambda_target","provider_config_key":"aws","expressions":{"arn":{"references":["aws_lambda_function.humid_temp_sensors.arn","aws_lambda_function.humid_temp_sensors"]},"rule":{"references":["aws_cloudwatch_event_rule.every_30_minutes.name","aws_cloudwatch_event_rule.every_30_minutes"]}},"schema_version":1},{"address":"aws_ecr_repository.home_automation","mode":"managed","type":"aws_ecr_repository","name":"home_automation","provider_config_key":"aws","expressions":{"name":{"constant_value":"home_automation"}},"schema_version":0},{"address":"aws_iam_role.home_automation_lambda_role","mode":"managed","type":"aws_iam_role","name":"home_automation_lambda_role","provider_config_key":"aws","expressions":{"assume_role_policy":{},"name":{"constant_value":"home-automation-lambda-role"}},"schema_version":0},{"address":"aws_iam_role_policy_attachment.lambda_policy_attachment","mode":"managed","type":"aws_iam_role_policy_attachment","name":"lambda_policy_attachment","provider_config_key":"aws","expressions":{"policy_arn":{"constant_value":"arn:aws:iam::aws:policy/service-role/AWSLambdaBasicExecutionRole"},"role":{"references":["aws_iam_role.home_automation_lambda_role.name","aws_iam_role.home_automation_lambda_role"]}},"schema_version":0},{"address":"aws_lambda_function.humid_temp_sensors","mode":"managed","type":"aws_lambda_function","name":"humid_temp_sensors","provider_config_key":"aws","expressions":{"architectures":{"constant_value":["x86_64"]},"environment":[{"variables":{"references":["var.influxdb_url","var.influxdb_token","var.influxdb_org","var.influxdb_bucket","var.tuya_apikey","var.tuya_apisecret","var.tuya_apisregion"]}}],"function_name":{"constant_value":"Humidity_and_temperature_SonOff_sensors"},"image_uri":{"references":["aws_ecr_repository.home_automation.repository_url","aws_ecr_repository.home_automation"]},"package_type":{"constant_value":"Image"},"role":{"references":["aws_iam_role.home_automation_lambda_role.arn","aws_iam_role.home_automation_lambda_role"]},"timeout":{"constant_value":10}},"schema_version":0},{"address":"aws_lambda_permission.allow_clw_to_invoke_lambda","mode":"managed","type":"aws_lambda_permission","name":"allow_clw_to_invoke_lambda","provider_config_key":"aws","expressions":{"action":{"constant_value":"lambda:InvokeFunction"},"function_name":{"references":["aws_lambda_function.humid_temp_sensors.function_name","aws_lambda_function.humid_temp_sensors"]},"principal":{"constant_value":"events.amazonaws.com"},"source_arn":{"references":["aws_cloudwatch_event_rule.every_30_minutes.arn","aws_cloudwatch_event_rule.every_30_minutes"]},"statement_id":{"constant_value":"AllowExecutionFromCloudWatch"}},"schema_version":0},{"address":"data.archive_file.lambda_dummy","mode":"data","type":"archive_file","name":"lambda_dummy","provider_config_key":"archive","expressions":{"output_path":{"references":["local.lambda_dummy_zip"]},"source":[{"content":{"constant_value":"exports.handler = async (event) =\u003e {\n  console.log(\"Dummy lambda invoked\");\n  return { statusCode: 200, body: \"dummy\" };\n};\n"},"filename":{"constant_value":"index.js"}}],"type":{"constant_value":"zip"}},"schema_version":0}],"variables":{"influxdb_bucket":{"description":"Bucket name for InfluxDB"},"influxdb_org":{"description":"Organization name for InfluxDB"},"influxdb_token":{"description":"Token for InfluxDB","sensitive":true},"influxdb_url":{"description":"URL of the InfluxDB"},"tuya_apikey":{"description":"API Key for Tuya"},"tuya_apisecret":{"description":"API Secret for Tuya","sensitive":true},"tuya_apisregion":{"description":"API Region for Tuya"}}}},"relevant_attributes":[{"resource":"aws_cloudwatch_event_rule.every_30_minutes","attribute":["arn"]},{"resource":"aws_cloudwatch_event_rule.every_30_minutes","attribute":["name"]},{"resource":"aws_lambda_function.humid_temp_sensors","attribute":["function_name"]},{"resource":"aws_ecr_repository.home_automation","attribute":["repository_url"]},{"resource":"aws_iam_role.home_automation_lambda_role","attribute":["arn"]},{"resource":"aws_iam_role.home_automation_lambda_role","attribute":["name"]},{"resource":"aws_lambda_function.humid_temp_sensors","attribute":["arn"]}],"timestamp":"2025-12-22T21:14:52Z","applyable":true,"complete":true,"errored":false}
