{
  "version": 4,
  "terraform_version": "1.13.5",
  "serial": 8,
  "lineage": "dcecd713-6e59-d4e1-a9c2-a86c39571092",
  "outputs": {
    "aws_region": {
      "value": "eu-west-1",
      "type": "string"
    },
    "eventbridge_rule_name": {
      "value": "test-sagemaker-deploy-invoke-sagemaker-schedule",
      "type": "string"
    },
    "lambda_function_name": {
      "value": "sagemaker-invoker",
      "type": "string"
    },
    "sagemaker_endpoint_name": {
      "value": "hello-world-endpoint",
      "type": "string"
    }
  },
  "resources": [
    {
      "mode": "data",
      "type": "archive_file",
      "name": "lambda_dummy",
      "provider": "provider[\"registry.terraform.io/hashicorp/archive\"]",
      "instances": [
        {
          "schema_version": 0,
          "attributes": {
            "exclude_symlink_directories": null,
            "excludes": null,
            "id": "58e93fade67637870be5af38eff8d5aa66c7da49",
            "output_base64sha256": "wmbalFzzY/wG3ivChKElOZB3+B4gptmQyIat05p+fU4=",
            "output_base64sha512": "BQYAg1LwEY4tDmry1VoRx6StX0vjH+7LpfB5KAZLVvfJQjioPbBv1QxI6QF6P2U614fU3h9XKBCb9z5Y1ornqA==",
            "output_file_mode": null,
            "output_md5": "a0dbd832a6a977d6d5b28ea5c85e30fb",
            "output_path": "./.dummy/lambda.zip",
            "output_sha": "58e93fade67637870be5af38eff8d5aa66c7da49",
            "output_sha256": "c266da945cf363fc06de2bc284a125399077f81e20a6d990c886add39a7e7d4e",
            "output_sha512": "0506008352f0118e2d0e6af2d55a11c7a4ad5f4be31feecba5f07928064b56f7c94238a83db06fd50c48e9017a3f653ad787d4de1f5728109bf73e58d68ae7a8",
            "output_size": 246,
            "source": [
              {
                "content": "exports.handler = async (event) =\u003e {\n  console.log(\"Dummy lambda invoked\");\n  return { statusCode: 200, body: \"dummy\" };\n};\n",
                "filename": "index.js"
              }
            ],
            "source_content": null,
            "source_content_filename": null,
            "source_dir": null,
            "source_file": null,
            "type": "zip"
          },
          "sensitive_attributes": [],
          "identity_schema_version": 0
        }
      ]
    },
    {
      "mode": "data",
      "type": "archive_file",
      "name": "lambda_zip",
      "provider": "provider[\"registry.terraform.io/hashicorp/archive\"]",
      "instances": [
        {
          "schema_version": 0,
          "attributes": {
            "exclude_symlink_directories": null,
            "excludes": null,
            "id": "6477abe8785194c519214f9fb641638a3c0a048c",
            "output_base64sha256": "11t9buhzYmWzttdm31o4tVVhlyhUNTrIf1R6HdNxSjI=",
            "output_base64sha512": "bEbIUCv0h+6Gnb4d2jD0OjuVp2A3FaEZ+R/cdfV3fgUPMKDwBfMlOcXlxGQPMDaT5TkIu7M8uV6gW56y8+DasQ==",
            "output_file_mode": null,
            "output_md5": "c3690cea3259d540188934327eca9ce4",
            "output_path": "./build/lambda_function.zip",
            "output_sha": "6477abe8785194c519214f9fb641638a3c0a048c",
            "output_sha256": "d75b7d6ee8736265b3b6d766df5a38b55561972854353ac87f547a1dd3714a32",
            "output_sha512": "6c46c8502bf487ee869dbe1dda30f43a3b95a7603715a119f91fdc75f5777e050f30a0f005f32539c5e5c4640f303693e53908bbb33cb95ea05b9eb2f3e0dab1",
            "output_size": 500,
            "source": [],
            "source_content": null,
            "source_content_filename": null,
            "source_dir": "./../lambda/src",
            "source_file": null,
            "type": "zip"
          },
          "sensitive_attributes": [],
          "identity_schema_version": 0
        }
      ]
    },
    {
      "mode": "data",
      "type": "aws_caller_identity",
      "name": "current",
      "provider": "provider[\"registry.terraform.io/hashicorp/aws\"]",
      "instances": [
        {
          "schema_version": 0,
          "attributes": {
            "account_id": "000000000000",
            "arn": "arn:aws:iam::000000000000:root",
            "id": "000000000000",
            "user_id": "AKIAIOSFODNN7EXAMPLE"
          },
          "sensitive_attributes": [],
          "identity_schema_version": 0
        }
      ]
    },
    {
      "mode": "data",
      "type": "aws_partition",
      "name": "current",
      "provider": "provider[\"registry.terraform.io/hashicorp/aws\"]",
      "instances": [
        {
          "schema_version": 0,
          "attributes": {
            "dns_suffix": "amazonaws.com",
            "id": "aws",
            "partition": "aws",
            "reverse_dns_prefix": "com.amazonaws"
          },
          "sensitive_attributes": [],
          "identity_schema_version": 0
        }
      ]
    },
    {
      "mode": "data",
      "type": "aws_region",
      "name": "current",
      "provider": "provider[\"registry.terraform.io/hashicorp/aws\"]",
      "instances": [
        {
          "schema_version": 0,
          "attributes": {
            "description": "Europe (Ireland)",
            "endpoint": "ec2.eu-west-1.amazonaws.com",
            "id": "eu-west-1",
            "name": "eu-west-1",
            "region": "eu-west-1"
          },
          "sensitive_attributes": [],
          "identity_schema_version": 0
        }
      ]
    },
    {
      "mode": "managed",
      "type": "aws_cloudwatch_event_rule",
      "name": "schedule",
      "provider": "provider[\"registry.terraform.io/hashicorp/aws\"]",
      "instances": [
        {
          "schema_version": 1,
          "attributes": {
            "arn": "arn:aws:events:eu-west-1:000000000000:rule/test-sagemaker-deploy-invoke-sagemaker-schedule",
            "description": "Scheduled trigger for Lambda to invoke SageMaker endpoint.",
            "event_bus_name": "default",
            "event_pattern": null,
            "force_destroy": false,
            "id": "test-sagemaker-deploy-invoke-sagemaker-schedule",
            "is_enabled": true,
            "name": "test-sagemaker-deploy-invoke-sagemaker-schedule",
            "name_prefix": "",
            "region": "eu-west-1",
            "role_arn": "",
            "schedule_expression": "rate(5 minutes)",
            "state": "ENABLED",
            "tags": null,
            "tags_all": {
              "Managed": "terraform",
              "Project": "test-sagemaker-deploy"
            }
          },
          "sensitive_attributes": [],
          "identity_schema_version": 0,
          "identity": {
            "account_id": "000000000000",
            "name": "test-sagemaker-deploy-invoke-sagemaker-schedule",
            "region": "eu-west-1"
          },
          "private": "eyJzY2hlbWFfdmVyc2lvbiI6IjEifQ=="
        }
      ]
    },
    {
      "mode": "managed",
      "type": "aws_cloudwatch_event_target",
      "name": "lambda",
      "provider": "provider[\"registry.terraform.io/hashicorp/aws\"]",
      "instances": [
        {
          "schema_version": 1,
          "attributes": {
            "appsync_target": [],
            "arn": "arn:aws:lambda:eu-west-1:000000000000:function:sagemaker-invoker",
            "batch_target": [],
            "dead_letter_config": [],
            "ecs_target": [],
            "event_bus_name": "default",
            "force_destroy": false,
            "http_target": [],
            "id": "test-sagemaker-deploy-invoke-sagemaker-schedule-lambda",
            "input": "",
            "input_path": "",
            "input_transformer": [],
            "kinesis_target": [],
            "redshift_target": [],
            "region": "eu-west-1",
            "retry_policy": [],
            "role_arn": "",
            "rule": "test-sagemaker-deploy-invoke-sagemaker-schedule",
            "run_command_targets": [],
            "sagemaker_pipeline_target": [],
            "sqs_target": [],
            "target_id": "lambda"
          },
          "sensitive_attributes": [],
          "identity_schema_version": 0,
          "identity": {
            "account_id": "000000000000",
            "event_bus_name": "default",
            "region": "eu-west-1",
            "rule": "test-sagemaker-deploy-invoke-sagemaker-schedule",
            "target_id": "lambda"
          },
          "private": "eyJzY2hlbWFfdmVyc2lvbiI6IjEifQ==",
          "dependencies": [
            "aws_cloudwatch_event_rule.schedule",
            "aws_cloudwatch_log_group.lambda",
            "aws_iam_role.lambda_exec",
            "aws_lambda_function.invoker",
            "data.archive_file.lambda_zip"
          ]
        }
      ]
    },
    {
      "mode": "managed",
      "type": "aws_cloudwatch_log_group",
      "name": "lambda",
      "provider": "provider[\"registry.terraform.io/hashicorp/aws\"]",
      "instances": [
        {
          "schema_version": 0,
          "attributes": {
            "arn": "arn:aws:logs:eu-west-1:000000000000:log-group:/aws/lambda/sagemaker-invoker",
            "deletion_protection_enabled": false,
            "id": "/aws/lambda/sagemaker-invoker",
            "kms_key_id": "",
            "log_group_class": "",
            "name": "/aws/lambda/sagemaker-invoker",
            "name_prefix": "",
            "region": "eu-west-1",
            "retention_in_days": 14,
            "skip_destroy": false,
            "tags": null,
            "tags_all": {
              "Managed": "terraform",
              "Project": "test-sagemaker-deploy"
            }
          },
          "sensitive_attributes": [],
          "identity_schema_version": 0,
          "identity": {
            "account_id": "000000000000",
            "name": "/aws/lambda/sagemaker-invoker",
            "region": "eu-west-1"
          },
          "private": "bnVsbA=="
        }
      ]
    },
    {
      "mode": "managed",
      "type": "aws_iam_policy",
      "name": "invoke_sagemaker",
      "provider": "provider[\"registry.terraform.io/hashicorp/aws\"]",
      "instances": [
        {
          "schema_version": 0,
          "attributes": {
            "arn": "arn:aws:iam::000000000000:policy/test-sagemaker-deploy-sagemaker-invoker-invoke-sagemaker",
            "attachment_count": 0,
            "delay_after_policy_creation_in_ms": null,
            "description": "Allow Lambda to invoke a specific SageMaker endpoint.",
            "id": "arn:aws:iam::000000000000:policy/test-sagemaker-deploy-sagemaker-invoker-invoke-sagemaker",
            "name": "test-sagemaker-deploy-sagemaker-invoker-invoke-sagemaker",
            "name_prefix": "",
            "path": "/",
            "policy": "{\"Statement\":[{\"Action\":[\"sagemaker:InvokeEndpoint\"],\"Effect\":\"Allow\",\"Resource\":\"arn:aws:sagemaker:eu-west-1:000000000000:endpoint/hello-world-endpoint\"}],\"Version\":\"2012-10-17\"}",
            "policy_id": "A1URH2GR16TD7QS94B3JX",
            "tags": null,
            "tags_all": {
              "Managed": "terraform",
              "Project": "test-sagemaker-deploy"
            }
          },
          "sensitive_attributes": [],
          "identity_schema_version": 0,
          "identity": {
            "arn": "arn:aws:iam::000000000000:policy/test-sagemaker-deploy-sagemaker-invoker-invoke-sagemaker"
          },
          "private": "bnVsbA==",
          "dependencies": [
            "data.aws_caller_identity.current",
            "data.aws_partition.current"
          ]
        }
      ]
    },
    {
      "mode": "managed",
      "type": "aws_iam_role",
      "name": "lambda_exec",
      "provider": "provider[\"registry.terraform.io/hashicorp/aws\"]",
      "instances": [
        {
          "schema_version": 0,
          "attributes": {
            "arn": "arn:aws:iam::000000000000:role/test-sagemaker-deploy-sagemaker-invoker-role",
            "assume_role_policy": "{\"Statement\":[{\"Action\":\"sts:AssumeRole\",\"Effect\":\"Allow\",\"Principal\":{\"Service\":\"lambda.amazonaws.com\"}}],\"Version\":\"2012-10-17\"}",
            "create_date": "2026-01-25T19:38:31Z",
            "description": "",
            "force_detach_policies": false,
            "id": "test-sagemaker-deploy-sagemaker-invoker-role",
            "inline_policy": [],
            "managed_policy_arns": [],
            "max_session_duration": 3600,
            "name": "test-sagemaker-deploy-sagemaker-invoker-role",
            "name_prefix": "",
            "path": "/",
            "permissions_boundary": "",
            "tags": null,
            "tags_all": {
              "Managed": "terraform",
              "Project": "test-sagemaker-deploy"
            },
            "unique_id": "AROAQAAAAAAAONUTQJ4MU"
          },
          "sensitive_attributes": [],
          "identity_schema_version": 0,
          "identity": {
            "account_id": "000000000000",
            "name": "test-sagemaker-deploy-sagemaker-invoker-role"
          },
          "private": "bnVsbA=="
        }
      ]
    },
    {
      "mode": "managed",
      "type": "aws_iam_role_policy_attachment",
      "name": "invoke_sagemaker",
      "provider": "provider[\"registry.terraform.io/hashicorp/aws\"]",
      "instances": [
        {
          "schema_version": 0,
          "attributes": {
            "id": "test-sagemaker-deploy-sagemaker-invoker-role/arn:aws:iam::000000000000:policy/test-sagemaker-deploy-sagemaker-invoker-invoke-sagemaker",
            "policy_arn": "arn:aws:iam::000000000000:policy/test-sagemaker-deploy-sagemaker-invoker-invoke-sagemaker",
            "role": "test-sagemaker-deploy-sagemaker-invoker-role"
          },
          "sensitive_attributes": [],
          "identity_schema_version": 0,
          "identity": {
            "account_id": "000000000000",
            "policy_arn": "arn:aws:iam::000000000000:policy/test-sagemaker-deploy-sagemaker-invoker-invoke-sagemaker",
            "role": "test-sagemaker-deploy-sagemaker-invoker-role"
          },
          "private": "bnVsbA==",
          "dependencies": [
            "aws_iam_policy.invoke_sagemaker",
            "aws_iam_role.lambda_exec",
            "data.aws_caller_identity.current",
            "data.aws_partition.current"
          ]
        }
      ]
    },
    {
      "mode": "managed",
      "type": "aws_iam_role_policy_attachment",
      "name": "lambda_basic",
      "provider": "provider[\"registry.terraform.io/hashicorp/aws\"]",
      "instances": [
        {
          "schema_version": 0,
          "attributes": {
            "id": "test-sagemaker-deploy-sagemaker-invoker-role/arn:aws:iam::aws:policy/service-role/AWSLambdaBasicExecutionRole",
            "policy_arn": "arn:aws:iam::aws:policy/service-role/AWSLambdaBasicExecutionRole",
            "role": "test-sagemaker-deploy-sagemaker-invoker-role"
          },
          "sensitive_attributes": [],
          "identity_schema_version": 0,
          "identity": {
            "account_id": "000000000000",
            "policy_arn": "arn:aws:iam::aws:policy/service-role/AWSLambdaBasicExecutionRole",
            "role": "test-sagemaker-deploy-sagemaker-invoker-role"
          },
          "private": "bnVsbA==",
          "dependencies": [
            "aws_iam_role.lambda_exec",
            "data.aws_partition.current"
          ]
        }
      ]
    },
    {
      "mode": "managed",
      "type": "aws_lambda_function",
      "name": "invoker",
      "provider": "provider[\"registry.terraform.io/hashicorp/aws\"]",
      "instances": [
        {
          "schema_version": 0,
          "attributes": {
            "architectures": [
              "x86_64"
            ],
            "arn": "arn:aws:lambda:eu-west-1:000000000000:function:sagemaker-invoker",
            "capacity_provider_config": [],
            "code_sha256": "11t9buhzYmWzttdm31o4tVVhlyhUNTrIf1R6HdNxSjI=",
            "code_signing_config_arn": "",
            "dead_letter_config": [],
            "description": "",
            "durable_config": [],
            "environment": [
              {
                "variables": {
                  "AWS_REGION": "eu-west-1",
                  "SAGEMAKER_ENDPOINT_NAME": "hello-world-endpoint"
                }
              }
            ],
            "ephemeral_storage": [
              {
                "size": 512
              }
            ],
            "file_system_config": [],
            "filename": "./build/lambda_function.zip",
            "function_name": "sagemaker-invoker",
            "handler": "lambda_function.lambda_handler",
            "id": "sagemaker-invoker",
            "image_config": [],
            "image_uri": "",
            "invoke_arn": "arn:aws:apigateway:eu-west-1:lambda:path/2015-03-31/functions/arn:aws:lambda:eu-west-1:000000000000:function:sagemaker-invoker/invocations",
            "kms_key_arn": "",
            "last_modified": "2026-01-25T19:38:33.104112+0000",
            "layers": null,
            "logging_config": [
              {
                "application_log_level": "",
                "log_format": "Text",
                "log_group": "/aws/lambda/sagemaker-invoker",
                "system_log_level": ""
              }
            ],
            "memory_size": 128,
            "package_type": "Zip",
            "publish": false,
            "publish_to": null,
            "qualified_arn": "arn:aws:lambda:eu-west-1:000000000000:function:sagemaker-invoker:$LATEST",
            "qualified_invoke_arn": "arn:aws:apigateway:eu-west-1:lambda:path/2015-03-31/functions/arn:aws:lambda:eu-west-1:000000000000:function:sagemaker-invoker:$LATEST/invocations",
            "region": "eu-west-1",
            "replace_security_groups_on_destroy": null,
            "replacement_security_group_ids": null,
            "reserved_concurrent_executions": -1,
            "response_streaming_invoke_arn": "arn:aws:apigateway:eu-west-1:lambda:path/2021-11-15/functions/arn:aws:lambda:eu-west-1:000000000000:function:sagemaker-invoker/response-streaming-invocations",
            "role": "arn:aws:iam::000000000000:role/test-sagemaker-deploy-sagemaker-invoker-role",
            "runtime": "python3.11",
            "s3_bucket": null,
            "s3_key": null,
            "s3_object_version": null,
            "signing_job_arn": "",
            "signing_profile_version_arn": "",
            "skip_destroy": false,
            "snap_start": [],
            "source_code_hash": "11t9buhzYmWzttdm31o4tVVhlyhUNTrIf1R6HdNxSjI=",
            "source_code_size": 500,
            "source_kms_key_arn": "",
            "tags": null,
            "tags_all": {
              "Managed": "terraform",
              "Project": "test-sagemaker-deploy"
            },
            "tenancy_config": [],
            "timeout": 30,
            "timeouts": null,
            "tracing_config": [
              {
                "mode": "PassThrough"
              }
            ],
            "version": "$LATEST",
            "vpc_config": []
          },
          "sensitive_attributes": [],
          "identity_schema_version": 0,
          "identity": {
            "account_id": "000000000000",
            "function_name": "sagemaker-invoker",
            "region": "eu-west-1"
          },
          "private": "eyJlMmJmYjczMC1lY2FhLTExZTYtOGY4OC0zNDM2M2JjN2M0YzAiOnsiY3JlYXRlIjo2MDAwMDAwMDAwMDAsImRlbGV0ZSI6NjAwMDAwMDAwMDAwLCJ1cGRhdGUiOjYwMDAwMDAwMDAwMH19",
          "dependencies": [
            "aws_cloudwatch_log_group.lambda",
            "aws_iam_role.lambda_exec",
            "data.archive_file.lambda_zip"
          ]
        }
      ]
    },
    {
      "mode": "managed",
      "type": "aws_lambda_permission",
      "name": "allow_eventbridge",
      "provider": "provider[\"registry.terraform.io/hashicorp/aws\"]",
      "instances": [
        {
          "schema_version": 0,
          "attributes": {
            "action": "lambda:InvokeFunction",
            "event_source_token": null,
            "function_name": "sagemaker-invoker",
            "function_url_auth_type": null,
            "id": "AllowExecutionFromEventBridge",
            "invoked_via_function_url": null,
            "principal": "events.amazonaws.com",
            "principal_org_id": null,
            "qualifier": "",
            "region": "eu-west-1",
            "source_account": null,
            "source_arn": "arn:aws:events:eu-west-1:000000000000:rule/test-sagemaker-deploy-invoke-sagemaker-schedule",
            "statement_id": "AllowExecutionFromEventBridge",
            "statement_id_prefix": ""
          },
          "sensitive_attributes": [],
          "identity_schema_version": 0,
          "identity": {
            "account_id": "000000000000",
            "function_name": "sagemaker-invoker",
            "qualifier": null,
            "region": "eu-west-1",
            "statement_id": "AllowExecutionFromEventBridge"
          },
          "private": "bnVsbA==",
          "dependencies": [
            "aws_cloudwatch_event_rule.schedule",
            "aws_cloudwatch_log_group.lambda",
            "aws_iam_role.lambda_exec",
            "aws_lambda_function.invoker",
            "data.archive_file.lambda_zip"
          ]
        }
      ]
    },
    {
      "mode": "managed",
      "type": "aws_s3_bucket",
      "name": "artifacts",
      "provider": "provider[\"registry.terraform.io/hashicorp/aws\"]",
      "instances": []
    }
  ],
  "check_results": null
}
