
Terraform used the selected providers to generate the following execution
plan. Resource actions are indicated with the following symbols:
  + create

Terraform will perform the following actions:

  # aws_iam_policy.rekognition_policy will be created
  + resource "aws_iam_policy" "rekognition_policy" {
      + arn              = (known after apply)
      + attachment_count = (known after apply)
      + description      = "Allow Step Functions to call Rekognition APIs"
      + id               = (known after apply)
      + name             = "rekognition-app-rekognition-policy"
      + name_prefix      = (known after apply)
      + path             = "/"
      + policy           = jsonencode(
            {
              + Statement = [
                  + {
                      + Action   = [
                          + "rekognition:DetectFaces",
                          + "rekognition:DetectLabels",
                          + "rekognition:DetectModerationLabels",
                          + "rekognition:DetectProtectiveEquipment",
                          + "rekognition:DetectText",
                        ]
                      + Effect   = "Allow"
                      + Resource = "*"
                    },
                ]
              + Version   = "2012-10-17"
            }
        )
      + policy_id        = (known after apply)
      + tags_all         = (known after apply)
    }

  # aws_iam_role.step_function_role will be created
  + resource "aws_iam_role" "step_function_role" {
      + arn                   = (known after apply)
      + assume_role_policy    = jsonencode(
            {
              + Statement = [
                  + {
                      + Action    = "sts:AssumeRole"
                      + Effect    = "Allow"
                      + Principal = {
                          + Service = "states.amazonaws.com"
                        }
                    },
                ]
              + Version   = "2012-10-17"
            }
        )
      + create_date           = (known after apply)
      + force_detach_policies = false
      + id                    = (known after apply)
      + managed_policy_arns   = (known after apply)
      + max_session_duration  = 3600
      + name                  = "rekognition-app-step-function-role"
      + name_prefix           = (known after apply)
      + path                  = "/"
      + tags_all              = (known after apply)
      + unique_id             = (known after apply)

      + inline_policy (known after apply)
    }

  # aws_iam_role_policy_attachment.step_function_attach will be created
  + resource "aws_iam_role_policy_attachment" "step_function_attach" {
      + id         = (known after apply)
      + policy_arn = (known after apply)
      + role       = "rekognition-app-step-function-role"
    }

  # aws_s3_bucket.artifact_bucket will be created
  + resource "aws_s3_bucket" "artifact_bucket" {
      + acceleration_status         = (known after apply)
      + acl                         = (known after apply)
      + arn                         = (known after apply)
      + bucket                      = (known after apply)
      + bucket_domain_name          = (known after apply)
      + bucket_prefix               = (known after apply)
      + bucket_region               = (known after apply)
      + bucket_regional_domain_name = (known after apply)
      + force_destroy               = true
      + hosted_zone_id              = (known after apply)
      + id                          = (known after apply)
      + object_lock_enabled         = (known after apply)
      + policy                      = (known after apply)
      + region                      = "us-east-1"
      + request_payer               = (known after apply)
      + tags                        = {
          + "Name" = "rekognition-app-artifacts"
        }
      + tags_all                    = {
          + "Name" = "rekognition-app-artifacts"
        }
      + website_domain              = (known after apply)
      + website_endpoint            = (known after apply)

      + cors_rule (known after apply)

      + grant (known after apply)

      + lifecycle_rule (known after apply)

      + logging (known after apply)

      + object_lock_configuration (known after apply)

      + replication_configuration (known after apply)

      + server_side_encryption_configuration (known after apply)

      + versioning (known after apply)

      + website (known after apply)
    }

  # aws_sfn_state_machine.rekognition_state_machine will be created
  + resource "aws_sfn_state_machine" "rekognition_state_machine" {
      + arn                       = (known after apply)
      + creation_date             = (known after apply)
      + definition                = jsonencode(
            {
              + StartAt = "Map"
              + States  = {
                  + Map = {
                      + End           = true
                      + ItemProcessor = {
                          + ProcessorConfig = {
                              + Mode = "INLINE"
                            }
                          + StartAt         = "CheckEventSource"
                          + States          = {
                              + CheckBody               = {
                                  + Choices = [
                                      + {
                                          + And  = [
                                              + {
                                                  + IsPresent = true
                                                  + Variable  = "$.body"
                                                },
                                              + {
                                                  + IsString = true
                                                  + Variable = "$.body"
                                                },
                                            ]
                                          + Next = "PassBody"
                                        },
                                    ]
                                  + Default = "SuccessCheckBody"
                                  + Type    = "Choice"
                                }
                              + CheckBodyRecords        = {
                                  + Choices   = [
                                      + {
                                          + IsPresent = true
                                          + Next      = "MapBodyRecords"
                                          + Variable  = "$.Records"
                                        },
                                    ]
                                  + Default   = "SuccessCheckBodyRecords"
                                  + InputPath = "$.body"
                                  + Type      = "Choice"
                                }
                              + CheckEventSource        = {
                                  + Choices = [
                                      + {
                                          + And  = [
                                              + {
                                                  + IsPresent = true
                                                  + Variable  = "$.eventSource"
                                                },
                                              + {
                                                  + IsString = true
                                                  + Variable = "$.eventSource"
                                                },
                                              + {
                                                  + StringEquals = "aws:sqs"
                                                  + Variable     = "$.eventSource"
                                                },
                                            ]
                                          + Next = "CheckBody"
                                        },
                                    ]
                                  + Default = "SuccessCheckEventSource"
                                  + Type    = "Choice"
                                }
                              + MapBodyRecords          = {
                                  + End           = true
                                  + ItemProcessor = {
                                      + ProcessorConfig = {
                                          + Mode = "INLINE"
                                        }
                                      + StartAt         = "CheckBodyRecordEventSource"
                                      + States          = {
                                          + CheckBodyRecordEventName          = {
                                              + Choices = [
                                                  + {
                                                      + And  = [
                                                          + {
                                                              + IsPresent = true
                                                              + Variable  = "$.eventName"
                                                            },
                                                          + {
                                                              + IsString = true
                                                              + Variable = "$.eventName"
                                                            },
                                                          + {
                                                              + Or = [
                                                                  + {
                                                                      + StringEquals = "ObjectCreated:CompleteMultipartUpload"
                                                                      + Variable     = "$.eventName"
                                                                    },
                                                                  + {
                                                                      + StringEquals = "ObjectCreated:Copy"
                                                                      + Variable     = "$.eventName"
                                                                    },
                                                                  + {
                                                                      + StringEquals = "ObjectCreated:Post"
                                                                      + Variable     = "$.eventName"
                                                                    },
                                                                  + {
                                                                      + StringEquals = "ObjectCreated:Put"
                                                                      + Variable     = "$.eventName"
                                                                    },
                                                                ]
                                                            },
                                                        ]
                                                      + Next = "CheckBodyRecordS3"
                                                    },
                                                ]
                                              + Default = "SuccessCheckBodyRecordEventName"
                                              + Type    = "Choice"
                                            }
                                          + CheckBodyRecordEventSource        = {
                                              + Choices = [
                                                  + {
                                                      + And  = [
                                                          + {
                                                              + IsPresent = true
                                                              + Variable  = "$.eventSource"
                                                            },
                                                          + {
                                                              + IsString = true
                                                              + Variable = "$.eventSource"
                                                            },
                                                          + {
                                                              + StringEquals = "aws:s3"
                                                              + Variable     = "$.eventSource"
                                                            },
                                                        ]
                                                      + Next = "CheckBodyRecordEventName"
                                                    },
                                                ]
                                              + Default = "SuccessCheckBodyRecordEventSource"
                                              + Type    = "Choice"
                                            }
                                          + CheckBodyRecordS3                 = {
                                              + Choices = [
                                                  + {
                                                      + IsPresent = true
                                                      + Next      = "PassBodyRecordS3"
                                                      + Variable  = "$.s3"
                                                    },
                                                ]
                                              + Default = "Success"
                                              + Type    = "Choice"
                                            }
                                          + ParallelRekognitionStateMachines  = {
                                              + Branches   = [
                                                  + {
                                                      + StartAt = "StartExecutionRekognitionDetectFaces"
                                                      + States  = {
                                                          + PutObjectRekognitionDetectFaces      = {
                                                              + End        = true
                                                              + Parameters = {
                                                                  + "Body.$"   = "$"
                                                                  + "Bucket.$" = "$.S3.Bucket.Name"
                                                                  + "Key.$"    = "States.Format('${s3_object_rekognition_detect_faces}{}.json', $.S3.Object.ETag)"
                                                                }
                                                              + Resource   = "arn:aws:states:::aws-sdk:s3:putObject"
                                                              + Type       = "Task"
                                                            }
                                                          + StartExecutionRekognitionDetectFaces = {
                                                              + Next       = "PutObjectRekognitionDetectFaces"
                                                              + OutputPath = "$.Output"
                                                              + Parameters = {
                                                                  + Input           = {
                                                                      + "AWS_STEP_FUNCTIONS_STARTED_BY_EXECUTION_ID.$" = "$$.Execution.Id"
                                                                      + "StatePayload.$"                               = "$"
                                                                      + "TaskToken.$"                                  = "$$.Task.Token"
                                                                    }
                                                                  + StateMachineArn = "${rekognition_detect_faces}"
                                                                }
                                                              + Resource   = "arn:aws:states:::states:startExecution.sync:2"
                                                              + Type       = "Task"
                                                            }
                                                        }
                                                    },
                                                  + {
                                                      + StartAt = "StartExecutionRekognitionDetectLabels"
                                                      + States  = {
                                                          + PutObjectRekognitionDetectLabels      = {
                                                              + End        = true
                                                              + Parameters = {
                                                                  + "Body.$"   = "$"
                                                                  + "Bucket.$" = "$.S3.Bucket.Name"
                                                                  + "Key.$"    = "States.Format('${s3_object_rekognition_detect_labels}{}.json', $.S3.Object.ETag)"
                                                                }
                                                              + Resource   = "arn:aws:states:::aws-sdk:s3:putObject"
                                                              + Type       = "Task"
                                                            }
                                                          + StartExecutionRekognitionDetectLabels = {
                                                              + Next       = "PutObjectRekognitionDetectLabels"
                                                              + OutputPath = "$.Output"
                                                              + Parameters = {
                                                                  + Input           = {
                                                                      + "AWS_STEP_FUNCTIONS_STARTED_BY_EXECUTION_ID.$" = "$$.Execution.Id"
                                                                      + "StatePayload.$"                               = "$"
                                                                      + "TaskToken.$"                                  = "$$.Task.Token"
                                                                    }
                                                                  + StateMachineArn = "${rekognition_detect_labels}"
                                                                }
                                                              + Resource   = "arn:aws:states:::states:startExecution.sync:2"
                                                              + Type       = "Task"
                                                            }
                                                        }
                                                    },
                                                  + {
                                                      + StartAt = "StartExecutionRekognitionDetectModerationLabels"
                                                      + States  = {
                                                          + PutObjectDetectModerationLabels                 = {
                                                              + End        = true
                                                              + Parameters = {
                                                                  + "Body.$"   = "$"
                                                                  + "Bucket.$" = "$.S3.Bucket.Name"
                                                                  + "Key.$"    = "States.Format('${s3_object_rekognition_detect_moderation_labels}{}.json', $.S3.Object.ETag)"
                                                                }
                                                              + Resource   = "arn:aws:states:::aws-sdk:s3:putObject"
                                                              + Type       = "Task"
                                                            }
                                                          + StartExecutionRekognitionDetectModerationLabels = {
                                                              + Next       = "PutObjectDetectModerationLabels"
                                                              + OutputPath = "$.Output"
                                                              + Parameters = {
                                                                  + Input           = {
                                                                      + "AWS_STEP_FUNCTIONS_STARTED_BY_EXECUTION_ID.$" = "$$.Execution.Id"
                                                                      + "StatePayload.$"                               = "$"
                                                                      + "TaskToken.$"                                  = "$$.Task.Token"
                                                                    }
                                                                  + StateMachineArn = "${rekognition_detect_moderation_labels}"
                                                                }
                                                              + Resource   = "arn:aws:states:::states:startExecution.sync:2"
                                                              + Type       = "Task"
                                                            }
                                                        }
                                                    },
                                                  + {
                                                      + StartAt = "StartExecutionRekognitionDetectProtectiveEquipment"
                                                      + States  = {
                                                          + PutObjectRekognitionDetectProtectiveEquipment      = {
                                                              + End        = true
                                                              + Parameters = {
                                                                  + "Body.$"   = "$"
                                                                  + "Bucket.$" = "$.S3.Bucket.Name"
                                                                  + "Key.$"    = "States.Format('${s3_object_rekognition_detect_protective_equipment}{}.json', $.S3.Object.ETag)"
                                                                }
                                                              + Resource   = "arn:aws:states:::aws-sdk:s3:putObject"
                                                              + Type       = "Task"
                                                            }
                                                          + StartExecutionRekognitionDetectProtectiveEquipment = {
                                                              + Next       = "PutObjectRekognitionDetectProtectiveEquipment"
                                                              + OutputPath = "$.Output"
                                                              + Parameters = {
                                                                  + Input           = {
                                                                      + "AWS_STEP_FUNCTIONS_STARTED_BY_EXECUTION_ID.$" = "$$.Execution.Id"
                                                                      + "StatePayload.$"                               = "$"
                                                                      + "TaskToken.$"                                  = "$$.Task.Token"
                                                                    }
                                                                  + StateMachineArn = "${rekognition_detect_protective_equipment}"
                                                                }
                                                              + Resource   = "arn:aws:states:::states:startExecution.sync:2"
                                                              + Type       = "Task"
                                                            }
                                                        }
                                                    },
                                                  + {
                                                      + StartAt = "StartExecutionRekognitionDetectText"
                                                      + States  = {
                                                          + PutObjectRekognitionDetectText      = {
                                                              + End        = true
                                                              + Parameters = {
                                                                  + "Body.$"   = "$"
                                                                  + "Bucket.$" = "$.S3.Bucket.Name"
                                                                  + "Key.$"    = "States.Format('${s3_object_rekognition_detect_text}{}.json', $.S3.Object.ETag)"
                                                                }
                                                              + Resource   = "arn:aws:states:::aws-sdk:s3:putObject"
                                                              + Type       = "Task"
                                                            }
                                                          + StartExecutionRekognitionDetectText = {
                                                              + Next       = "PutObjectRekognitionDetectText"
                                                              + OutputPath = "$.Output"
                                                              + Parameters = {
                                                                  + Input           = {
                                                                      + "AWS_STEP_FUNCTIONS_STARTED_BY_EXECUTION_ID.$" = "$$.Execution.Id"
                                                                      + "StatePayload.$"                               = "$"
                                                                      + "TaskToken.$"                                  = "$$.Task.Token"
                                                                    }
                                                                  + StateMachineArn = "${rekognition_detect_text}"
                                                                }
                                                              + Resource   = "arn:aws:states:::states:startExecution.sync:2"
                                                              + Type       = "Task"
                                                            }
                                                        }
                                                    },
                                                ]
                                              + End        = true
                                              + Parameters = {
                                                  + S3 = {
                                                      + Bucket = {
                                                          + "Name.$" = "$.bucket.name"
                                                        }
                                                      + Object = {
                                                          + "Key.$" = "$.object.key"
                                                        }
                                                    }
                                                }
                                              + Type       = "Parallel"
                                            }
                                          + PassBodyRecordS3                  = {
                                              + InputPath = "$.s3"
                                              + Next      = "ParallelRekognitionStateMachines"
                                              + Type      = "Pass"
                                            }
                                          + Success                           = {
                                              + Type = "Succeed"
                                            }
                                          + SuccessCheckBodyRecordEventName   = {
                                              + Type = "Succeed"
                                            }
                                          + SuccessCheckBodyRecordEventSource = {
                                              + Type = "Succeed"
                                            }
                                        }
                                    }
                                  + ItemsPath     = "$.Records"
                                  + Type          = "Map"
                                }
                              + PassBody                = {
                                  + Next       = "CheckBodyRecords"
                                  + Parameters = {
                                      + "body.$" = "States.StringToJson($.body)"
                                    }
                                  + Type       = "Pass"
                                }
                              + SuccessCheckBody        = {
                                  + Type = "Succeed"
                                }
                              + SuccessCheckBodyRecords = {
                                  + Type = "Succeed"
                                }
                              + SuccessCheckEventSource = {
                                  + Type = "Succeed"
                                }
                            }
                        }
                      + ItemsPath     = "$"
                      + Type          = "Map"
                    }
                }
            }
        )
      + description               = (known after apply)
      + id                        = (known after apply)
      + name                      = "rekognition-app-state-machine"
      + name_prefix               = (known after apply)
      + publish                   = false
      + region                    = "us-east-1"
      + revision_id               = (known after apply)
      + role_arn                  = (known after apply)
      + state_machine_version_arn = (known after apply)
      + status                    = (known after apply)
      + tags_all                  = (known after apply)
      + type                      = "STANDARD"
      + version_description       = (known after apply)

      + encryption_configuration (known after apply)

      + logging_configuration (known after apply)

      + tracing_configuration (known after apply)
    }

  # random_id.suffix will be created
  + resource "random_id" "suffix" {
      + b64_std     = (known after apply)
      + b64_url     = (known after apply)
      + byte_length = 4
      + dec         = (known after apply)
      + hex         = (known after apply)
      + id          = (known after apply)
    }

Plan: 6 to add, 0 to change, 0 to destroy.

Changes to Outputs:
  + artifact_bucket_name          = (known after apply)
  + rekognition_state_machine_arn = (known after apply)
random_id.suffix: Creating...
random_id.suffix: Creation complete after 0s [id=1vmyFw]
aws_iam_policy.rekognition_policy: Creating...
aws_iam_role.step_function_role: Creating...
aws_s3_bucket.artifact_bucket: Creating...
aws_iam_policy.rekognition_policy: Creation complete after 0s [id=arn:aws:iam::000000000000:policy/rekognition-app-rekognition-policy]
aws_iam_role.step_function_role: Creation complete after 1s [id=rekognition-app-step-function-role]
aws_iam_role_policy_attachment.step_function_attach: Creating...
aws_iam_role_policy_attachment.step_function_attach: Creation complete after 0s [id=rekognition-app-step-function-role/arn:aws:iam::000000000000:policy/rekognition-app-rekognition-policy]
aws_sfn_state_machine.rekognition_state_machine: Creating...
aws_sfn_state_machine.rekognition_state_machine: Creation complete after 0s [id=arn:aws:states:us-east-1:000000000000:stateMachine:rekognition-app-state-machine]
aws_s3_bucket.artifact_bucket: Still creating... [00m10s elapsed]
aws_s3_bucket.artifact_bucket: Still creating... [00m20s elapsed]
aws_s3_bucket.artifact_bucket: Still creating... [00m30s elapsed]
aws_s3_bucket.artifact_bucket: Still creating... [00m40s elapsed]
aws_s3_bucket.artifact_bucket: Still creating... [00m50s elapsed]
aws_s3_bucket.artifact_bucket: Still creating... [01m00s elapsed]
aws_s3_bucket.artifact_bucket: Still creating... [01m10s elapsed]
aws_s3_bucket.artifact_bucket: Still creating... [01m20s elapsed]
aws_s3_bucket.artifact_bucket: Still creating... [01m30s elapsed]
aws_s3_bucket.artifact_bucket: Still creating... [01m40s elapsed]
aws_s3_bucket.artifact_bucket: Still creating... [01m50s elapsed]
aws_s3_bucket.artifact_bucket: Still creating... [02m00s elapsed]
aws_s3_bucket.artifact_bucket: Still creating... [02m10s elapsed]
aws_s3_bucket.artifact_bucket: Still creating... [02m20s elapsed]
aws_s3_bucket.artifact_bucket: Still creating... [02m30s elapsed]
aws_s3_bucket.artifact_bucket: Still creating... [02m40s elapsed]
aws_s3_bucket.artifact_bucket: Still creating... [02m50s elapsed]
aws_s3_bucket.artifact_bucket: Still creating... [03m00s elapsed]
aws_s3_bucket.artifact_bucket: Still creating... [03m10s elapsed]
aws_s3_bucket.artifact_bucket: Still creating... [03m20s elapsed]
aws_s3_bucket.artifact_bucket: Still creating... [03m30s elapsed]
aws_s3_bucket.artifact_bucket: Still creating... [03m40s elapsed]
aws_s3_bucket.artifact_bucket: Still creating... [03m50s elapsed]
aws_s3_bucket.artifact_bucket: Still creating... [04m00s elapsed]
aws_s3_bucket.artifact_bucket: Still creating... [04m10s elapsed]
aws_s3_bucket.artifact_bucket: Still creating... [04m20s elapsed]
aws_s3_bucket.artifact_bucket: Still creating... [04m30s elapsed]
aws_s3_bucket.artifact_bucket: Still creating... [04m40s elapsed]
aws_s3_bucket.artifact_bucket: Still creating... [04m50s elapsed]
aws_s3_bucket.artifact_bucket: Still creating... [05m00s elapsed]
aws_s3_bucket.artifact_bucket: Still creating... [05m10s elapsed]
aws_s3_bucket.artifact_bucket: Still creating... [05m20s elapsed]
aws_s3_bucket.artifact_bucket: Still creating... [05m30s elapsed]
aws_s3_bucket.artifact_bucket: Still creating... [05m40s elapsed]
aws_s3_bucket.artifact_bucket: Still creating... [05m50s elapsed]
aws_s3_bucket.artifact_bucket: Still creating... [06m00s elapsed]
aws_s3_bucket.artifact_bucket: Still creating... [06m10s elapsed]
aws_s3_bucket.artifact_bucket: Still creating... [06m20s elapsed]
aws_s3_bucket.artifact_bucket: Still creating... [06m30s elapsed]
aws_s3_bucket.artifact_bucket: Still creating... [06m40s elapsed]
aws_s3_bucket.artifact_bucket: Still creating... [06m50s elapsed]
aws_s3_bucket.artifact_bucket: Still creating... [07m00s elapsed]
aws_s3_bucket.artifact_bucket: Still creating... [07m10s elapsed]
aws_s3_bucket.artifact_bucket: Still creating... [07m20s elapsed]
aws_s3_bucket.artifact_bucket: Still creating... [07m30s elapsed]
aws_s3_bucket.artifact_bucket: Still creating... [07m40s elapsed]
aws_s3_bucket.artifact_bucket: Still creating... [07m50s elapsed]
aws_s3_bucket.artifact_bucket: Still creating... [08m00s elapsed]
aws_s3_bucket.artifact_bucket: Still creating... [08m10s elapsed]
aws_s3_bucket.artifact_bucket: Still creating... [08m20s elapsed]
aws_s3_bucket.artifact_bucket: Still creating... [08m30s elapsed]
aws_s3_bucket.artifact_bucket: Still creating... [08m40s elapsed]
aws_s3_bucket.artifact_bucket: Still creating... [08m50s elapsed]
aws_s3_bucket.artifact_bucket: Still creating... [09m00s elapsed]
aws_s3_bucket.artifact_bucket: Still creating... [09m11s elapsed]
aws_s3_bucket.artifact_bucket: Still creating... [09m21s elapsed]
aws_s3_bucket.artifact_bucket: Still creating... [09m31s elapsed]
aws_s3_bucket.artifact_bucket: Still creating... [09m41s elapsed]
aws_s3_bucket.artifact_bucket: Still creating... [09m51s elapsed]
aws_s3_bucket.artifact_bucket: Still creating... [10m01s elapsed]
aws_s3_bucket.artifact_bucket: Still creating... [10m11s elapsed]
aws_s3_bucket.artifact_bucket: Still creating... [10m21s elapsed]
aws_s3_bucket.artifact_bucket: Still creating... [10m31s elapsed]
aws_s3_bucket.artifact_bucket: Still creating... [10m41s elapsed]
aws_s3_bucket.artifact_bucket: Still creating... [10m51s elapsed]
aws_s3_bucket.artifact_bucket: Still creating... [11m01s elapsed]
aws_s3_bucket.artifact_bucket: Still creating... [11m11s elapsed]
aws_s3_bucket.artifact_bucket: Still creating... [11m21s elapsed]
aws_s3_bucket.artifact_bucket: Still creating... [11m31s elapsed]
aws_s3_bucket.artifact_bucket: Still creating... [11m41s elapsed]
aws_s3_bucket.artifact_bucket: Still creating... [11m51s elapsed]
aws_s3_bucket.artifact_bucket: Still creating... [12m01s elapsed]
aws_s3_bucket.artifact_bucket: Still creating... [12m11s elapsed]
aws_s3_bucket.artifact_bucket: Still creating... [12m21s elapsed]
aws_s3_bucket.artifact_bucket: Still creating... [12m31s elapsed]
aws_s3_bucket.artifact_bucket: Still creating... [12m41s elapsed]
aws_s3_bucket.artifact_bucket: Still creating... [12m51s elapsed]
aws_s3_bucket.artifact_bucket: Still creating... [13m01s elapsed]
aws_s3_bucket.artifact_bucket: Still creating... [13m11s elapsed]
aws_s3_bucket.artifact_bucket: Still creating... [13m21s elapsed]
aws_s3_bucket.artifact_bucket: Still creating... [13m31s elapsed]
aws_s3_bucket.artifact_bucket: Still creating... [13m41s elapsed]
aws_s3_bucket.artifact_bucket: Still creating... [13m51s elapsed]
aws_s3_bucket.artifact_bucket: Still creating... [14m01s elapsed]
aws_s3_bucket.artifact_bucket: Still creating... [14m11s elapsed]
aws_s3_bucket.artifact_bucket: Still creating... [14m21s elapsed]
aws_s3_bucket.artifact_bucket: Still creating... [14m31s elapsed]
aws_s3_bucket.artifact_bucket: Still creating... [14m41s elapsed]
aws_s3_bucket.artifact_bucket: Still creating... [14m51s elapsed]
aws_s3_bucket.artifact_bucket: Still creating... [15m01s elapsed]
aws_s3_bucket.artifact_bucket: Still creating... [15m11s elapsed]
aws_s3_bucket.artifact_bucket: Still creating... [15m21s elapsed]
aws_s3_bucket.artifact_bucket: Still creating... [15m31s elapsed]
aws_s3_bucket.artifact_bucket: Still creating... [15m41s elapsed]
aws_s3_bucket.artifact_bucket: Still creating... [15m51s elapsed]
aws_s3_bucket.artifact_bucket: Still creating... [16m01s elapsed]
aws_s3_bucket.artifact_bucket: Still creating... [16m11s elapsed]
aws_s3_bucket.artifact_bucket: Still creating... [16m21s elapsed]
aws_s3_bucket.artifact_bucket: Still creating... [16m31s elapsed]
aws_s3_bucket.artifact_bucket: Still creating... [16m41s elapsed]
aws_s3_bucket.artifact_bucket: Still creating... [16m51s elapsed]
aws_s3_bucket.artifact_bucket: Still creating... [17m01s elapsed]
aws_s3_bucket.artifact_bucket: Still creating... [17m11s elapsed]
aws_s3_bucket.artifact_bucket: Still creating... [17m21s elapsed]
aws_s3_bucket.artifact_bucket: Still creating... [17m31s elapsed]
aws_s3_bucket.artifact_bucket: Still creating... [17m41s elapsed]
aws_s3_bucket.artifact_bucket: Still creating... [17m51s elapsed]
aws_s3_bucket.artifact_bucket: Still creating... [18m01s elapsed]
aws_s3_bucket.artifact_bucket: Still creating... [18m11s elapsed]
aws_s3_bucket.artifact_bucket: Still creating... [18m21s elapsed]
aws_s3_bucket.artifact_bucket: Still creating... [18m31s elapsed]
aws_s3_bucket.artifact_bucket: Still creating... [18m41s elapsed]
aws_s3_bucket.artifact_bucket: Still creating... [18m51s elapsed]
aws_s3_bucket.artifact_bucket: Still creating... [19m01s elapsed]
aws_s3_bucket.artifact_bucket: Still creating... [19m11s elapsed]
aws_s3_bucket.artifact_bucket: Still creating... [19m21s elapsed]
aws_s3_bucket.artifact_bucket: Still creating... [19m31s elapsed]
aws_s3_bucket.artifact_bucket: Still creating... [19m41s elapsed]
aws_s3_bucket.artifact_bucket: Still creating... [19m51s elapsed]
aws_s3_bucket.artifact_bucket: Still creating... [20m01s elapsed]
aws_s3_bucket.artifact_bucket: Still creating... [20m11s elapsed]
aws_s3_bucket.artifact_bucket: Still creating... [20m21s elapsed]
aws_s3_bucket.artifact_bucket: Still creating... [20m31s elapsed]
aws_s3_bucket.artifact_bucket: Still creating... [20m41s elapsed]
aws_s3_bucket.artifact_bucket: Still creating... [20m51s elapsed]
aws_s3_bucket.artifact_bucket: Still creating... [21m01s elapsed]
aws_s3_bucket.artifact_bucket: Still creating... [21m11s elapsed]
aws_s3_bucket.artifact_bucket: Still creating... [21m21s elapsed]
aws_s3_bucket.artifact_bucket: Still creating... [21m31s elapsed]
aws_s3_bucket.artifact_bucket: Still creating... [21m41s elapsed]
aws_s3_bucket.artifact_bucket: Still creating... [21m51s elapsed]
aws_s3_bucket.artifact_bucket: Still creating... [22m01s elapsed]
aws_s3_bucket.artifact_bucket: Still creating... [22m11s elapsed]
aws_s3_bucket.artifact_bucket: Still creating... [22m21s elapsed]
aws_s3_bucket.artifact_bucket: Still creating... [22m31s elapsed]
aws_s3_bucket.artifact_bucket: Still creating... [22m41s elapsed]
aws_s3_bucket.artifact_bucket: Still creating... [22m51s elapsed]
aws_s3_bucket.artifact_bucket: Still creating... [23m01s elapsed]
aws_s3_bucket.artifact_bucket: Still creating... [23m11s elapsed]
aws_s3_bucket.artifact_bucket: Still creating... [23m21s elapsed]
aws_s3_bucket.artifact_bucket: Still creating... [23m31s elapsed]
aws_s3_bucket.artifact_bucket: Still creating... [23m41s elapsed]
aws_s3_bucket.artifact_bucket: Still creating... [23m51s elapsed]
aws_s3_bucket.artifact_bucket: Still creating... [24m01s elapsed]
aws_s3_bucket.artifact_bucket: Still creating... [24m11s elapsed]
aws_s3_bucket.artifact_bucket: Still creating... [24m21s elapsed]
aws_s3_bucket.artifact_bucket: Still creating... [24m31s elapsed]
aws_s3_bucket.artifact_bucket: Still creating... [24m41s elapsed]
aws_s3_bucket.artifact_bucket: Still creating... [24m51s elapsed]
aws_s3_bucket.artifact_bucket: Still creating... [25m01s elapsed]
aws_s3_bucket.artifact_bucket: Still creating... [25m11s elapsed]
aws_s3_bucket.artifact_bucket: Still creating... [25m21s elapsed]
aws_s3_bucket.artifact_bucket: Still creating... [25m31s elapsed]
aws_s3_bucket.artifact_bucket: Still creating... [25m41s elapsed]
aws_s3_bucket.artifact_bucket: Still creating... [25m51s elapsed]
aws_s3_bucket.artifact_bucket: Still creating... [26m01s elapsed]
aws_s3_bucket.artifact_bucket: Still creating... [26m11s elapsed]
aws_s3_bucket.artifact_bucket: Still creating... [26m21s elapsed]
aws_s3_bucket.artifact_bucket: Still creating... [26m31s elapsed]
aws_s3_bucket.artifact_bucket: Still creating... [26m41s elapsed]
aws_s3_bucket.artifact_bucket: Still creating... [26m51s elapsed]
aws_s3_bucket.artifact_bucket: Still creating... [27m01s elapsed]
aws_s3_bucket.artifact_bucket: Still creating... [27m11s elapsed]
aws_s3_bucket.artifact_bucket: Still creating... [27m21s elapsed]
aws_s3_bucket.artifact_bucket: Still creating... [27m31s elapsed]
aws_s3_bucket.artifact_bucket: Still creating... [27m41s elapsed]
aws_s3_bucket.artifact_bucket: Still creating... [27m51s elapsed]
aws_s3_bucket.artifact_bucket: Still creating... [28m01s elapsed]
aws_s3_bucket.artifact_bucket: Still creating... [28m11s elapsed]
aws_s3_bucket.artifact_bucket: Still creating... [28m21s elapsed]
aws_s3_bucket.artifact_bucket: Still creating... [28m31s elapsed]
aws_s3_bucket.artifact_bucket: Still creating... [28m41s elapsed]
aws_s3_bucket.artifact_bucket: Still creating... [28m51s elapsed]
aws_s3_bucket.artifact_bucket: Still creating... [29m01s elapsed]
aws_s3_bucket.artifact_bucket: Still creating... [29m11s elapsed]
aws_s3_bucket.artifact_bucket: Still creating... [29m21s elapsed]
aws_s3_bucket.artifact_bucket: Still creating... [29m31s elapsed]
aws_s3_bucket.artifact_bucket: Still creating... [29m41s elapsed]
aws_s3_bucket.artifact_bucket: Still creating... [29m51s elapsed]
aws_s3_bucket.artifact_bucket: Still creating... [30m01s elapsed]
aws_s3_bucket.artifact_bucket: Still creating... [30m11s elapsed]
aws_s3_bucket.artifact_bucket: Still creating... [30m21s elapsed]
aws_s3_bucket.artifact_bucket: Still creating... [30m31s elapsed]
aws_s3_bucket.artifact_bucket: Still creating... [30m41s elapsed]
aws_s3_bucket.artifact_bucket: Still creating... [30m51s elapsed]
aws_s3_bucket.artifact_bucket: Still creating... [31m01s elapsed]
aws_s3_bucket.artifact_bucket: Still creating... [31m11s elapsed]
aws_s3_bucket.artifact_bucket: Still creating... [31m21s elapsed]
aws_s3_bucket.artifact_bucket: Still creating... [31m31s elapsed]
aws_s3_bucket.artifact_bucket: Still creating... [31m41s elapsed]
aws_s3_bucket.artifact_bucket: Still creating... [31m51s elapsed]
aws_s3_bucket.artifact_bucket: Still creating... [32m01s elapsed]
aws_s3_bucket.artifact_bucket: Still creating... [32m11s elapsed]
aws_s3_bucket.artifact_bucket: Still creating... [32m21s elapsed]
aws_s3_bucket.artifact_bucket: Still creating... [32m31s elapsed]
aws_s3_bucket.artifact_bucket: Still creating... [32m41s elapsed]
aws_s3_bucket.artifact_bucket: Still creating... [32m51s elapsed]
aws_s3_bucket.artifact_bucket: Still creating... [33m01s elapsed]
aws_s3_bucket.artifact_bucket: Still creating... [33m11s elapsed]
aws_s3_bucket.artifact_bucket: Still creating... [33m21s elapsed]
aws_s3_bucket.artifact_bucket: Still creating... [33m31s elapsed]
aws_s3_bucket.artifact_bucket: Still creating... [33m41s elapsed]
aws_s3_bucket.artifact_bucket: Still creating... [33m51s elapsed]
aws_s3_bucket.artifact_bucket: Still creating... [34m01s elapsed]
aws_s3_bucket.artifact_bucket: Still creating... [34m11s elapsed]
aws_s3_bucket.artifact_bucket: Still creating... [34m21s elapsed]
aws_s3_bucket.artifact_bucket: Still creating... [34m31s elapsed]
aws_s3_bucket.artifact_bucket: Still creating... [34m41s elapsed]
aws_s3_bucket.artifact_bucket: Still creating... [34m51s elapsed]
aws_s3_bucket.artifact_bucket: Still creating... [35m01s elapsed]
aws_s3_bucket.artifact_bucket: Still creating... [35m11s elapsed]
aws_s3_bucket.artifact_bucket: Still creating... [35m21s elapsed]
aws_s3_bucket.artifact_bucket: Still creating... [35m31s elapsed]
aws_s3_bucket.artifact_bucket: Still creating... [35m41s elapsed]
aws_s3_bucket.artifact_bucket: Still creating... [35m51s elapsed]
aws_s3_bucket.artifact_bucket: Still creating... [36m01s elapsed]
aws_s3_bucket.artifact_bucket: Still creating... [36m11s elapsed]
aws_s3_bucket.artifact_bucket: Still creating... [36m21s elapsed]
aws_s3_bucket.artifact_bucket: Still creating... [36m31s elapsed]
aws_s3_bucket.artifact_bucket: Still creating... [36m41s elapsed]
aws_s3_bucket.artifact_bucket: Still creating... [36m51s elapsed]
aws_s3_bucket.artifact_bucket: Still creating... [37m01s elapsed]
aws_s3_bucket.artifact_bucket: Still creating... [37m11s elapsed]
aws_s3_bucket.artifact_bucket: Still creating... [37m21s elapsed]
aws_s3_bucket.artifact_bucket: Still creating... [37m31s elapsed]
aws_s3_bucket.artifact_bucket: Still creating... [37m41s elapsed]
aws_s3_bucket.artifact_bucket: Still creating... [37m51s elapsed]
aws_s3_bucket.artifact_bucket: Still creating... [38m01s elapsed]
aws_s3_bucket.artifact_bucket: Still creating... [38m11s elapsed]
aws_s3_bucket.artifact_bucket: Still creating... [38m21s elapsed]
aws_s3_bucket.artifact_bucket: Still creating... [38m31s elapsed]
aws_s3_bucket.artifact_bucket: Still creating... [38m41s elapsed]
aws_s3_bucket.artifact_bucket: Still creating... [38m51s elapsed]
aws_s3_bucket.artifact_bucket: Still creating... [39m01s elapsed]
aws_s3_bucket.artifact_bucket: Still creating... [39m11s elapsed]
aws_s3_bucket.artifact_bucket: Still creating... [39m21s elapsed]
aws_s3_bucket.artifact_bucket: Still creating... [39m31s elapsed]
aws_s3_bucket.artifact_bucket: Still creating... [39m41s elapsed]
aws_s3_bucket.artifact_bucket: Still creating... [39m51s elapsed]
aws_s3_bucket.artifact_bucket: Still creating... [40m01s elapsed]
aws_s3_bucket.artifact_bucket: Still creating... [40m11s elapsed]
aws_s3_bucket.artifact_bucket: Still creating... [40m21s elapsed]
aws_s3_bucket.artifact_bucket: Still creating... [40m31s elapsed]
aws_s3_bucket.artifact_bucket: Still creating... [40m41s elapsed]
aws_s3_bucket.artifact_bucket: Still creating... [40m51s elapsed]
aws_s3_bucket.artifact_bucket: Still creating... [41m01s elapsed]
aws_s3_bucket.artifact_bucket: Still creating... [41m11s elapsed]
aws_s3_bucket.artifact_bucket: Still creating... [41m21s elapsed]
aws_s3_bucket.artifact_bucket: Still creating... [41m31s elapsed]
aws_s3_bucket.artifact_bucket: Still creating... [41m41s elapsed]
aws_s3_bucket.artifact_bucket: Still creating... [41m51s elapsed]
aws_s3_bucket.artifact_bucket: Still creating... [42m01s elapsed]
aws_s3_bucket.artifact_bucket: Still creating... [42m11s elapsed]
aws_s3_bucket.artifact_bucket: Still creating... [42m21s elapsed]
aws_s3_bucket.artifact_bucket: Still creating... [42m31s elapsed]
aws_s3_bucket.artifact_bucket: Still creating... [42m41s elapsed]
aws_s3_bucket.artifact_bucket: Still creating... [42m51s elapsed]
aws_s3_bucket.artifact_bucket: Still creating... [43m01s elapsed]
aws_s3_bucket.artifact_bucket: Still creating... [43m11s elapsed]
aws_s3_bucket.artifact_bucket: Still creating... [43m21s elapsed]
aws_s3_bucket.artifact_bucket: Still creating... [43m31s elapsed]
aws_s3_bucket.artifact_bucket: Still creating... [43m41s elapsed]
aws_s3_bucket.artifact_bucket: Still creating... [43m51s elapsed]
aws_s3_bucket.artifact_bucket: Still creating... [44m01s elapsed]
aws_s3_bucket.artifact_bucket: Still creating... [44m11s elapsed]
aws_s3_bucket.artifact_bucket: Still creating... [44m21s elapsed]
aws_s3_bucket.artifact_bucket: Still creating... [44m31s elapsed]
aws_s3_bucket.artifact_bucket: Still creating... [44m41s elapsed]
aws_s3_bucket.artifact_bucket: Still creating... [44m51s elapsed]
aws_s3_bucket.artifact_bucket: Still creating... [45m01s elapsed]
aws_s3_bucket.artifact_bucket: Still creating... [45m11s elapsed]
aws_s3_bucket.artifact_bucket: Still creating... [45m21s elapsed]
aws_s3_bucket.artifact_bucket: Still creating... [45m31s elapsed]
aws_s3_bucket.artifact_bucket: Still creating... [45m41s elapsed]
aws_s3_bucket.artifact_bucket: Still creating... [45m51s elapsed]
aws_s3_bucket.artifact_bucket: Still creating... [46m01s elapsed]
aws_s3_bucket.artifact_bucket: Still creating... [46m11s elapsed]
aws_s3_bucket.artifact_bucket: Still creating... [46m21s elapsed]
aws_s3_bucket.artifact_bucket: Still creating... [46m31s elapsed]
aws_s3_bucket.artifact_bucket: Still creating... [46m41s elapsed]
aws_s3_bucket.artifact_bucket: Still creating... [46m51s elapsed]
aws_s3_bucket.artifact_bucket: Still creating... [47m01s elapsed]
aws_s3_bucket.artifact_bucket: Still creating... [47m11s elapsed]
aws_s3_bucket.artifact_bucket: Still creating... [47m21s elapsed]
aws_s3_bucket.artifact_bucket: Still creating... [47m31s elapsed]
aws_s3_bucket.artifact_bucket: Still creating... [47m41s elapsed]
aws_s3_bucket.artifact_bucket: Still creating... [47m51s elapsed]
aws_s3_bucket.artifact_bucket: Still creating... [48m01s elapsed]
aws_s3_bucket.artifact_bucket: Still creating... [48m11s elapsed]
aws_s3_bucket.artifact_bucket: Still creating... [48m21s elapsed]
aws_s3_bucket.artifact_bucket: Still creating... [48m31s elapsed]
aws_s3_bucket.artifact_bucket: Still creating... [48m41s elapsed]
aws_s3_bucket.artifact_bucket: Still creating... [48m51s elapsed]
aws_s3_bucket.artifact_bucket: Still creating... [49m01s elapsed]
aws_s3_bucket.artifact_bucket: Still creating... [49m11s elapsed]
aws_s3_bucket.artifact_bucket: Still creating... [49m21s elapsed]
aws_s3_bucket.artifact_bucket: Still creating... [49m31s elapsed]
aws_s3_bucket.artifact_bucket: Still creating... [49m41s elapsed]
aws_s3_bucket.artifact_bucket: Still creating... [49m51s elapsed]
aws_s3_bucket.artifact_bucket: Still creating... [50m01s elapsed]
aws_s3_bucket.artifact_bucket: Still creating... [50m11s elapsed]
aws_s3_bucket.artifact_bucket: Still creating... [50m21s elapsed]
aws_s3_bucket.artifact_bucket: Still creating... [50m31s elapsed]
aws_s3_bucket.artifact_bucket: Still creating... [50m41s elapsed]
aws_s3_bucket.artifact_bucket: Still creating... [50m51s elapsed]
aws_s3_bucket.artifact_bucket: Still creating... [51m01s elapsed]
aws_s3_bucket.artifact_bucket: Still creating... [51m11s elapsed]
aws_s3_bucket.artifact_bucket: Still creating... [51m21s elapsed]
aws_s3_bucket.artifact_bucket: Still creating... [51m31s elapsed]
aws_s3_bucket.artifact_bucket: Still creating... [51m41s elapsed]
aws_s3_bucket.artifact_bucket: Still creating... [51m51s elapsed]
aws_s3_bucket.artifact_bucket: Still creating... [52m01s elapsed]
aws_s3_bucket.artifact_bucket: Still creating... [52m11s elapsed]
aws_s3_bucket.artifact_bucket: Still creating... [52m21s elapsed]
aws_s3_bucket.artifact_bucket: Still creating... [52m31s elapsed]
aws_s3_bucket.artifact_bucket: Still creating... [52m41s elapsed]
aws_s3_bucket.artifact_bucket: Still creating... [52m51s elapsed]
aws_s3_bucket.artifact_bucket: Still creating... [53m01s elapsed]
aws_s3_bucket.artifact_bucket: Still creating... [53m11s elapsed]
aws_s3_bucket.artifact_bucket: Still creating... [53m21s elapsed]
aws_s3_bucket.artifact_bucket: Still creating... [53m31s elapsed]
aws_s3_bucket.artifact_bucket: Still creating... [53m41s elapsed]
aws_s3_bucket.artifact_bucket: Still creating... [53m51s elapsed]
aws_s3_bucket.artifact_bucket: Still creating... [54m01s elapsed]
aws_s3_bucket.artifact_bucket: Still creating... [54m11s elapsed]
aws_s3_bucket.artifact_bucket: Still creating... [54m21s elapsed]
aws_s3_bucket.artifact_bucket: Still creating... [54m31s elapsed]
aws_s3_bucket.artifact_bucket: Still creating... [54m41s elapsed]
aws_s3_bucket.artifact_bucket: Still creating... [54m51s elapsed]
aws_s3_bucket.artifact_bucket: Still creating... [55m01s elapsed]
aws_s3_bucket.artifact_bucket: Still creating... [55m11s elapsed]
aws_s3_bucket.artifact_bucket: Still creating... [55m21s elapsed]
aws_s3_bucket.artifact_bucket: Still creating... [55m31s elapsed]
aws_s3_bucket.artifact_bucket: Still creating... [55m41s elapsed]
aws_s3_bucket.artifact_bucket: Still creating... [55m51s elapsed]
