{"format_version":"1.2","terraform_version":"1.13.5","variables":{"instance_tags":{"value":{"web-1":{"Environment":"dev","Name":"jenkins_Master"},"web-2":{"Environment":"build","Name":"app_build_server"},"web-3":{"Environment":"deploy","Name":"kube_master"},"web-4":{"Environment":"deploy","Name":"kube_worknode1"},"web-5":{"Environment":"test\u0026monitor","Name":"monitoring_server"}}}},"planned_values":{"root_module":{"resources":[{"address":"aws_instance.web[\"web-1\"]","mode":"managed","type":"aws_instance","name":"web","index":"web-1","provider_name":"registry.terraform.io/hashicorp/aws","schema_version":2,"values":{"ami":"ami-0376ec8eacdf70aae","credit_specification":[],"force_destroy":false,"get_password_data":false,"hibernation":null,"instance_type":"t2.micro","key_name":"my-key-pair","launch_template":[],"region":"ap-south-1","source_dest_check":true,"tags":{"Environment":"dev","Name":"jenkins_Master"},"tags_all":{"Environment":"dev","Name":"jenkins_Master"},"timeouts":null,"user_data":"#!/bin/bash\nsudo yum update -y\nsudo yum install -y httpd mod_ssl\n\n# Generate a self-signed SSL certificate\nsudo openssl req -x509 -nodes -days 365 -newkey rsa:2048 \\\n  -keyout /etc/pki/tls/private/webserver.key \\\n  -out /etc/pki/tls/certs/webserver.crt \\\n  -subj \"/C=US/ST=State/L=City/O=Organization/CN=webserver.example.com\"\n\n# Configure Apache to use the SSL certificate\nsudo sed -i 's/^Listen 80$/Listen 0.0.0.0:80/' /etc/httpd/conf/httpd.conf\nsudo sed -i 's/^\u003cVirtualHost _default_:443\u003e$/\u003cVirtualHost _default_:443\u003e\\n  SSLEngine on\\n  SSLCertificateFile \\/etc\\/pki\\/tls\\/certs\\/webserver.crt\\n  SSLCertificateKeyFile \\/etc\\/pki\\/tls\\/private\\/webserver.key\\n/' /etc/httpd/conf.d/ssl.conf\n\n# Configure firewall rules\nsudo firewall-cmd --permanent --add-service=http\nsudo firewall-cmd --permanent --add-service=https\nsudo firewall-cmd --reload\n\nsudo systemctl start httpd\nsudo systemctl enable httpd\n","user_data_replace_on_change":false,"volume_tags":null},"sensitive_values":{"capacity_reservation_specification":[],"cpu_options":[],"credit_specification":[],"ebs_block_device":[],"enclave_options":[],"ephemeral_block_device":[],"instance_market_options":[],"ipv6_addresses":[],"launch_template":[],"maintenance_options":[],"metadata_options":[],"network_interface":[],"primary_network_interface":[],"private_dns_name_options":[],"root_block_device":[],"secondary_private_ips":[],"security_groups":[],"tags":{},"tags_all":{},"vpc_security_group_ids":[]},"identity_schema_version":0,"identity":{"account_id":null,"id":null,"region":null}},{"address":"aws_instance.web[\"web-2\"]","mode":"managed","type":"aws_instance","name":"web","index":"web-2","provider_name":"registry.terraform.io/hashicorp/aws","schema_version":2,"values":{"ami":"ami-0376ec8eacdf70aae","credit_specification":[],"force_destroy":false,"get_password_data":false,"hibernation":null,"instance_type":"t2.micro","key_name":"my-key-pair","launch_template":[],"region":"ap-south-1","source_dest_check":true,"tags":{"Environment":"build","Name":"app_build_server"},"tags_all":{"Environment":"build","Name":"app_build_server"},"timeouts":null,"user_data":"#!/bin/bash\nsudo yum update -y\nsudo yum install -y httpd mod_ssl\n\n# Generate a self-signed SSL certificate\nsudo openssl req -x509 -nodes -days 365 -newkey rsa:2048 \\\n  -keyout /etc/pki/tls/private/webserver.key \\\n  -out /etc/pki/tls/certs/webserver.crt \\\n  -subj \"/C=US/ST=State/L=City/O=Organization/CN=webserver.example.com\"\n\n# Configure Apache to use the SSL certificate\nsudo sed -i 's/^Listen 80$/Listen 0.0.0.0:80/' /etc/httpd/conf/httpd.conf\nsudo sed -i 's/^\u003cVirtualHost _default_:443\u003e$/\u003cVirtualHost _default_:443\u003e\\n  SSLEngine on\\n  SSLCertificateFile \\/etc\\/pki\\/tls\\/certs\\/webserver.crt\\n  SSLCertificateKeyFile \\/etc\\/pki\\/tls\\/private\\/webserver.key\\n/' /etc/httpd/conf.d/ssl.conf\n\n# Configure firewall rules\nsudo firewall-cmd --permanent --add-service=http\nsudo firewall-cmd --permanent --add-service=https\nsudo firewall-cmd --reload\n\nsudo systemctl start httpd\nsudo systemctl enable httpd\n","user_data_replace_on_change":false,"volume_tags":null},"sensitive_values":{"capacity_reservation_specification":[],"cpu_options":[],"credit_specification":[],"ebs_block_device":[],"enclave_options":[],"ephemeral_block_device":[],"instance_market_options":[],"ipv6_addresses":[],"launch_template":[],"maintenance_options":[],"metadata_options":[],"network_interface":[],"primary_network_interface":[],"private_dns_name_options":[],"root_block_device":[],"secondary_private_ips":[],"security_groups":[],"tags":{},"tags_all":{},"vpc_security_group_ids":[]},"identity_schema_version":0,"identity":{"account_id":null,"id":null,"region":null}},{"address":"aws_instance.web[\"web-3\"]","mode":"managed","type":"aws_instance","name":"web","index":"web-3","provider_name":"registry.terraform.io/hashicorp/aws","schema_version":2,"values":{"ami":"ami-0376ec8eacdf70aae","credit_specification":[],"force_destroy":false,"get_password_data":false,"hibernation":null,"instance_type":"t2.micro","key_name":"my-key-pair","launch_template":[],"region":"ap-south-1","source_dest_check":true,"tags":{"Environment":"deploy","Name":"kube_master"},"tags_all":{"Environment":"deploy","Name":"kube_master"},"timeouts":null,"user_data":"#!/bin/bash\nsudo yum update -y\nsudo yum install -y httpd mod_ssl\n\n# Generate a self-signed SSL certificate\nsudo openssl req -x509 -nodes -days 365 -newkey rsa:2048 \\\n  -keyout /etc/pki/tls/private/webserver.key \\\n  -out /etc/pki/tls/certs/webserver.crt \\\n  -subj \"/C=US/ST=State/L=City/O=Organization/CN=webserver.example.com\"\n\n# Configure Apache to use the SSL certificate\nsudo sed -i 's/^Listen 80$/Listen 0.0.0.0:80/' /etc/httpd/conf/httpd.conf\nsudo sed -i 's/^\u003cVirtualHost _default_:443\u003e$/\u003cVirtualHost _default_:443\u003e\\n  SSLEngine on\\n  SSLCertificateFile \\/etc\\/pki\\/tls\\/certs\\/webserver.crt\\n  SSLCertificateKeyFile \\/etc\\/pki\\/tls\\/private\\/webserver.key\\n/' /etc/httpd/conf.d/ssl.conf\n\n# Configure firewall rules\nsudo firewall-cmd --permanent --add-service=http\nsudo firewall-cmd --permanent --add-service=https\nsudo firewall-cmd --reload\n\nsudo systemctl start httpd\nsudo systemctl enable httpd\n","user_data_replace_on_change":false,"volume_tags":null},"sensitive_values":{"capacity_reservation_specification":[],"cpu_options":[],"credit_specification":[],"ebs_block_device":[],"enclave_options":[],"ephemeral_block_device":[],"instance_market_options":[],"ipv6_addresses":[],"launch_template":[],"maintenance_options":[],"metadata_options":[],"network_interface":[],"primary_network_interface":[],"private_dns_name_options":[],"root_block_device":[],"secondary_private_ips":[],"security_groups":[],"tags":{},"tags_all":{},"vpc_security_group_ids":[]},"identity_schema_version":0,"identity":{"account_id":null,"id":null,"region":null}},{"address":"aws_instance.web[\"web-4\"]","mode":"managed","type":"aws_instance","name":"web","index":"web-4","provider_name":"registry.terraform.io/hashicorp/aws","schema_version":2,"values":{"ami":"ami-0376ec8eacdf70aae","credit_specification":[],"force_destroy":false,"get_password_data":false,"hibernation":null,"instance_type":"t2.micro","key_name":"my-key-pair","launch_template":[],"region":"ap-south-1","source_dest_check":true,"tags":{"Environment":"deploy","Name":"kube_worknode1"},"tags_all":{"Environment":"deploy","Name":"kube_worknode1"},"timeouts":null,"user_data":"#!/bin/bash\nsudo yum update -y\nsudo yum install -y httpd mod_ssl\n\n# Generate a self-signed SSL certificate\nsudo openssl req -x509 -nodes -days 365 -newkey rsa:2048 \\\n  -keyout /etc/pki/tls/private/webserver.key \\\n  -out /etc/pki/tls/certs/webserver.crt \\\n  -subj \"/C=US/ST=State/L=City/O=Organization/CN=webserver.example.com\"\n\n# Configure Apache to use the SSL certificate\nsudo sed -i 's/^Listen 80$/Listen 0.0.0.0:80/' /etc/httpd/conf/httpd.conf\nsudo sed -i 's/^\u003cVirtualHost _default_:443\u003e$/\u003cVirtualHost _default_:443\u003e\\n  SSLEngine on\\n  SSLCertificateFile \\/etc\\/pki\\/tls\\/certs\\/webserver.crt\\n  SSLCertificateKeyFile \\/etc\\/pki\\/tls\\/private\\/webserver.key\\n/' /etc/httpd/conf.d/ssl.conf\n\n# Configure firewall rules\nsudo firewall-cmd --permanent --add-service=http\nsudo firewall-cmd --permanent --add-service=https\nsudo firewall-cmd --reload\n\nsudo systemctl start httpd\nsudo systemctl enable httpd\n","user_data_replace_on_change":false,"volume_tags":null},"sensitive_values":{"capacity_reservation_specification":[],"cpu_options":[],"credit_specification":[],"ebs_block_device":[],"enclave_options":[],"ephemeral_block_device":[],"instance_market_options":[],"ipv6_addresses":[],"launch_template":[],"maintenance_options":[],"metadata_options":[],"network_interface":[],"primary_network_interface":[],"private_dns_name_options":[],"root_block_device":[],"secondary_private_ips":[],"security_groups":[],"tags":{},"tags_all":{},"vpc_security_group_ids":[]},"identity_schema_version":0,"identity":{"account_id":null,"id":null,"region":null}},{"address":"aws_instance.web[\"web-5\"]","mode":"managed","type":"aws_instance","name":"web","index":"web-5","provider_name":"registry.terraform.io/hashicorp/aws","schema_version":2,"values":{"ami":"ami-0376ec8eacdf70aae","credit_specification":[],"force_destroy":false,"get_password_data":false,"hibernation":null,"instance_type":"t2.micro","key_name":"my-key-pair","launch_template":[],"region":"ap-south-1","source_dest_check":true,"tags":{"Environment":"test\u0026monitor","Name":"monitoring_server"},"tags_all":{"Environment":"test\u0026monitor","Name":"monitoring_server"},"timeouts":null,"user_data":"#!/bin/bash\nsudo yum update -y\nsudo yum install -y httpd mod_ssl\n\n# Generate a self-signed SSL certificate\nsudo openssl req -x509 -nodes -days 365 -newkey rsa:2048 \\\n  -keyout /etc/pki/tls/private/webserver.key \\\n  -out /etc/pki/tls/certs/webserver.crt \\\n  -subj \"/C=US/ST=State/L=City/O=Organization/CN=webserver.example.com\"\n\n# Configure Apache to use the SSL certificate\nsudo sed -i 's/^Listen 80$/Listen 0.0.0.0:80/' /etc/httpd/conf/httpd.conf\nsudo sed -i 's/^\u003cVirtualHost _default_:443\u003e$/\u003cVirtualHost _default_:443\u003e\\n  SSLEngine on\\n  SSLCertificateFile \\/etc\\/pki\\/tls\\/certs\\/webserver.crt\\n  SSLCertificateKeyFile \\/etc\\/pki\\/tls\\/private\\/webserver.key\\n/' /etc/httpd/conf.d/ssl.conf\n\n# Configure firewall rules\nsudo firewall-cmd --permanent --add-service=http\nsudo firewall-cmd --permanent --add-service=https\nsudo firewall-cmd --reload\n\nsudo systemctl start httpd\nsudo systemctl enable httpd\n","user_data_replace_on_change":false,"volume_tags":null},"sensitive_values":{"capacity_reservation_specification":[],"cpu_options":[],"credit_specification":[],"ebs_block_device":[],"enclave_options":[],"ephemeral_block_device":[],"instance_market_options":[],"ipv6_addresses":[],"launch_template":[],"maintenance_options":[],"metadata_options":[],"network_interface":[],"primary_network_interface":[],"private_dns_name_options":[],"root_block_device":[],"secondary_private_ips":[],"security_groups":[],"tags":{},"tags_all":{},"vpc_security_group_ids":[]},"identity_schema_version":0,"identity":{"account_id":null,"id":null,"region":null}}]}},"resource_changes":[{"address":"aws_instance.web[\"web-1\"]","mode":"managed","type":"aws_instance","name":"web","index":"web-1","provider_name":"registry.terraform.io/hashicorp/aws","change":{"actions":["create"],"before":null,"after":{"ami":"ami-0376ec8eacdf70aae","credit_specification":[],"force_destroy":false,"get_password_data":false,"hibernation":null,"instance_type":"t2.micro","key_name":"my-key-pair","launch_template":[],"region":"ap-south-1","source_dest_check":true,"tags":{"Environment":"dev","Name":"jenkins_Master"},"tags_all":{"Environment":"dev","Name":"jenkins_Master"},"timeouts":null,"user_data":"#!/bin/bash\nsudo yum update -y\nsudo yum install -y httpd mod_ssl\n\n# Generate a self-signed SSL certificate\nsudo openssl req -x509 -nodes -days 365 -newkey rsa:2048 \\\n  -keyout /etc/pki/tls/private/webserver.key \\\n  -out /etc/pki/tls/certs/webserver.crt \\\n  -subj \"/C=US/ST=State/L=City/O=Organization/CN=webserver.example.com\"\n\n# Configure Apache to use the SSL certificate\nsudo sed -i 's/^Listen 80$/Listen 0.0.0.0:80/' /etc/httpd/conf/httpd.conf\nsudo sed -i 's/^\u003cVirtualHost _default_:443\u003e$/\u003cVirtualHost _default_:443\u003e\\n  SSLEngine on\\n  SSLCertificateFile \\/etc\\/pki\\/tls\\/certs\\/webserver.crt\\n  SSLCertificateKeyFile \\/etc\\/pki\\/tls\\/private\\/webserver.key\\n/' /etc/httpd/conf.d/ssl.conf\n\n# Configure firewall rules\nsudo firewall-cmd --permanent --add-service=http\nsudo firewall-cmd --permanent --add-service=https\nsudo firewall-cmd --reload\n\nsudo systemctl start httpd\nsudo systemctl enable httpd\n","user_data_replace_on_change":false,"volume_tags":null},"after_unknown":{"arn":true,"associate_public_ip_address":true,"availability_zone":true,"capacity_reservation_specification":true,"cpu_options":true,"credit_specification":[],"disable_api_stop":true,"disable_api_termination":true,"ebs_block_device":true,"ebs_optimized":true,"enable_primary_ipv6":true,"enclave_options":true,"ephemeral_block_device":true,"host_id":true,"host_resource_group_arn":true,"iam_instance_profile":true,"id":true,"instance_initiated_shutdown_behavior":true,"instance_lifecycle":true,"instance_market_options":true,"instance_state":true,"ipv6_address_count":true,"ipv6_addresses":true,"launch_template":[],"maintenance_options":true,"metadata_options":true,"monitoring":true,"network_interface":true,"outpost_arn":true,"password_data":true,"placement_group":true,"placement_group_id":true,"placement_partition_number":true,"primary_network_interface":true,"primary_network_interface_id":true,"private_dns":true,"private_dns_name_options":true,"private_ip":true,"public_dns":true,"public_ip":true,"root_block_device":true,"secondary_private_ips":true,"security_groups":true,"spot_instance_request_id":true,"subnet_id":true,"tags":{},"tags_all":{},"tenancy":true,"user_data_base64":true,"vpc_security_group_ids":true},"before_sensitive":false,"after_sensitive":{"capacity_reservation_specification":[],"cpu_options":[],"credit_specification":[],"ebs_block_device":[],"enclave_options":[],"ephemeral_block_device":[],"instance_market_options":[],"ipv6_addresses":[],"launch_template":[],"maintenance_options":[],"metadata_options":[],"network_interface":[],"primary_network_interface":[],"private_dns_name_options":[],"root_block_device":[],"secondary_private_ips":[],"security_groups":[],"tags":{},"tags_all":{},"vpc_security_group_ids":[]},"after_identity":{"account_id":null,"id":null,"region":null}}},{"address":"aws_instance.web[\"web-2\"]","mode":"managed","type":"aws_instance","name":"web","index":"web-2","provider_name":"registry.terraform.io/hashicorp/aws","change":{"actions":["create"],"before":null,"after":{"ami":"ami-0376ec8eacdf70aae","credit_specification":[],"force_destroy":false,"get_password_data":false,"hibernation":null,"instance_type":"t2.micro","key_name":"my-key-pair","launch_template":[],"region":"ap-south-1","source_dest_check":true,"tags":{"Environment":"build","Name":"app_build_server"},"tags_all":{"Environment":"build","Name":"app_build_server"},"timeouts":null,"user_data":"#!/bin/bash\nsudo yum update -y\nsudo yum install -y httpd mod_ssl\n\n# Generate a self-signed SSL certificate\nsudo openssl req -x509 -nodes -days 365 -newkey rsa:2048 \\\n  -keyout /etc/pki/tls/private/webserver.key \\\n  -out /etc/pki/tls/certs/webserver.crt \\\n  -subj \"/C=US/ST=State/L=City/O=Organization/CN=webserver.example.com\"\n\n# Configure Apache to use the SSL certificate\nsudo sed -i 's/^Listen 80$/Listen 0.0.0.0:80/' /etc/httpd/conf/httpd.conf\nsudo sed -i 's/^\u003cVirtualHost _default_:443\u003e$/\u003cVirtualHost _default_:443\u003e\\n  SSLEngine on\\n  SSLCertificateFile \\/etc\\/pki\\/tls\\/certs\\/webserver.crt\\n  SSLCertificateKeyFile \\/etc\\/pki\\/tls\\/private\\/webserver.key\\n/' /etc/httpd/conf.d/ssl.conf\n\n# Configure firewall rules\nsudo firewall-cmd --permanent --add-service=http\nsudo firewall-cmd --permanent --add-service=https\nsudo firewall-cmd --reload\n\nsudo systemctl start httpd\nsudo systemctl enable httpd\n","user_data_replace_on_change":false,"volume_tags":null},"after_unknown":{"arn":true,"associate_public_ip_address":true,"availability_zone":true,"capacity_reservation_specification":true,"cpu_options":true,"credit_specification":[],"disable_api_stop":true,"disable_api_termination":true,"ebs_block_device":true,"ebs_optimized":true,"enable_primary_ipv6":true,"enclave_options":true,"ephemeral_block_device":true,"host_id":true,"host_resource_group_arn":true,"iam_instance_profile":true,"id":true,"instance_initiated_shutdown_behavior":true,"instance_lifecycle":true,"instance_market_options":true,"instance_state":true,"ipv6_address_count":true,"ipv6_addresses":true,"launch_template":[],"maintenance_options":true,"metadata_options":true,"monitoring":true,"network_interface":true,"outpost_arn":true,"password_data":true,"placement_group":true,"placement_group_id":true,"placement_partition_number":true,"primary_network_interface":true,"primary_network_interface_id":true,"private_dns":true,"private_dns_name_options":true,"private_ip":true,"public_dns":true,"public_ip":true,"root_block_device":true,"secondary_private_ips":true,"security_groups":true,"spot_instance_request_id":true,"subnet_id":true,"tags":{},"tags_all":{},"tenancy":true,"user_data_base64":true,"vpc_security_group_ids":true},"before_sensitive":false,"after_sensitive":{"capacity_reservation_specification":[],"cpu_options":[],"credit_specification":[],"ebs_block_device":[],"enclave_options":[],"ephemeral_block_device":[],"instance_market_options":[],"ipv6_addresses":[],"launch_template":[],"maintenance_options":[],"metadata_options":[],"network_interface":[],"primary_network_interface":[],"private_dns_name_options":[],"root_block_device":[],"secondary_private_ips":[],"security_groups":[],"tags":{},"tags_all":{},"vpc_security_group_ids":[]},"after_identity":{"account_id":null,"id":null,"region":null}}},{"address":"aws_instance.web[\"web-3\"]","mode":"managed","type":"aws_instance","name":"web","index":"web-3","provider_name":"registry.terraform.io/hashicorp/aws","change":{"actions":["create"],"before":null,"after":{"ami":"ami-0376ec8eacdf70aae","credit_specification":[],"force_destroy":false,"get_password_data":false,"hibernation":null,"instance_type":"t2.micro","key_name":"my-key-pair","launch_template":[],"region":"ap-south-1","source_dest_check":true,"tags":{"Environment":"deploy","Name":"kube_master"},"tags_all":{"Environment":"deploy","Name":"kube_master"},"timeouts":null,"user_data":"#!/bin/bash\nsudo yum update -y\nsudo yum install -y httpd mod_ssl\n\n# Generate a self-signed SSL certificate\nsudo openssl req -x509 -nodes -days 365 -newkey rsa:2048 \\\n  -keyout /etc/pki/tls/private/webserver.key \\\n  -out /etc/pki/tls/certs/webserver.crt \\\n  -subj \"/C=US/ST=State/L=City/O=Organization/CN=webserver.example.com\"\n\n# Configure Apache to use the SSL certificate\nsudo sed -i 's/^Listen 80$/Listen 0.0.0.0:80/' /etc/httpd/conf/httpd.conf\nsudo sed -i 's/^\u003cVirtualHost _default_:443\u003e$/\u003cVirtualHost _default_:443\u003e\\n  SSLEngine on\\n  SSLCertificateFile \\/etc\\/pki\\/tls\\/certs\\/webserver.crt\\n  SSLCertificateKeyFile \\/etc\\/pki\\/tls\\/private\\/webserver.key\\n/' /etc/httpd/conf.d/ssl.conf\n\n# Configure firewall rules\nsudo firewall-cmd --permanent --add-service=http\nsudo firewall-cmd --permanent --add-service=https\nsudo firewall-cmd --reload\n\nsudo systemctl start httpd\nsudo systemctl enable httpd\n","user_data_replace_on_change":false,"volume_tags":null},"after_unknown":{"arn":true,"associate_public_ip_address":true,"availability_zone":true,"capacity_reservation_specification":true,"cpu_options":true,"credit_specification":[],"disable_api_stop":true,"disable_api_termination":true,"ebs_block_device":true,"ebs_optimized":true,"enable_primary_ipv6":true,"enclave_options":true,"ephemeral_block_device":true,"host_id":true,"host_resource_group_arn":true,"iam_instance_profile":true,"id":true,"instance_initiated_shutdown_behavior":true,"instance_lifecycle":true,"instance_market_options":true,"instance_state":true,"ipv6_address_count":true,"ipv6_addresses":true,"launch_template":[],"maintenance_options":true,"metadata_options":true,"monitoring":true,"network_interface":true,"outpost_arn":true,"password_data":true,"placement_group":true,"placement_group_id":true,"placement_partition_number":true,"primary_network_interface":true,"primary_network_interface_id":true,"private_dns":true,"private_dns_name_options":true,"private_ip":true,"public_dns":true,"public_ip":true,"root_block_device":true,"secondary_private_ips":true,"security_groups":true,"spot_instance_request_id":true,"subnet_id":true,"tags":{},"tags_all":{},"tenancy":true,"user_data_base64":true,"vpc_security_group_ids":true},"before_sensitive":false,"after_sensitive":{"capacity_reservation_specification":[],"cpu_options":[],"credit_specification":[],"ebs_block_device":[],"enclave_options":[],"ephemeral_block_device":[],"instance_market_options":[],"ipv6_addresses":[],"launch_template":[],"maintenance_options":[],"metadata_options":[],"network_interface":[],"primary_network_interface":[],"private_dns_name_options":[],"root_block_device":[],"secondary_private_ips":[],"security_groups":[],"tags":{},"tags_all":{},"vpc_security_group_ids":[]},"after_identity":{"account_id":null,"id":null,"region":null}}},{"address":"aws_instance.web[\"web-4\"]","mode":"managed","type":"aws_instance","name":"web","index":"web-4","provider_name":"registry.terraform.io/hashicorp/aws","change":{"actions":["create"],"before":null,"after":{"ami":"ami-0376ec8eacdf70aae","credit_specification":[],"force_destroy":false,"get_password_data":false,"hibernation":null,"instance_type":"t2.micro","key_name":"my-key-pair","launch_template":[],"region":"ap-south-1","source_dest_check":true,"tags":{"Environment":"deploy","Name":"kube_worknode1"},"tags_all":{"Environment":"deploy","Name":"kube_worknode1"},"timeouts":null,"user_data":"#!/bin/bash\nsudo yum update -y\nsudo yum install -y httpd mod_ssl\n\n# Generate a self-signed SSL certificate\nsudo openssl req -x509 -nodes -days 365 -newkey rsa:2048 \\\n  -keyout /etc/pki/tls/private/webserver.key \\\n  -out /etc/pki/tls/certs/webserver.crt \\\n  -subj \"/C=US/ST=State/L=City/O=Organization/CN=webserver.example.com\"\n\n# Configure Apache to use the SSL certificate\nsudo sed -i 's/^Listen 80$/Listen 0.0.0.0:80/' /etc/httpd/conf/httpd.conf\nsudo sed -i 's/^\u003cVirtualHost _default_:443\u003e$/\u003cVirtualHost _default_:443\u003e\\n  SSLEngine on\\n  SSLCertificateFile \\/etc\\/pki\\/tls\\/certs\\/webserver.crt\\n  SSLCertificateKeyFile \\/etc\\/pki\\/tls\\/private\\/webserver.key\\n/' /etc/httpd/conf.d/ssl.conf\n\n# Configure firewall rules\nsudo firewall-cmd --permanent --add-service=http\nsudo firewall-cmd --permanent --add-service=https\nsudo firewall-cmd --reload\n\nsudo systemctl start httpd\nsudo systemctl enable httpd\n","user_data_replace_on_change":false,"volume_tags":null},"after_unknown":{"arn":true,"associate_public_ip_address":true,"availability_zone":true,"capacity_reservation_specification":true,"cpu_options":true,"credit_specification":[],"disable_api_stop":true,"disable_api_termination":true,"ebs_block_device":true,"ebs_optimized":true,"enable_primary_ipv6":true,"enclave_options":true,"ephemeral_block_device":true,"host_id":true,"host_resource_group_arn":true,"iam_instance_profile":true,"id":true,"instance_initiated_shutdown_behavior":true,"instance_lifecycle":true,"instance_market_options":true,"instance_state":true,"ipv6_address_count":true,"ipv6_addresses":true,"launch_template":[],"maintenance_options":true,"metadata_options":true,"monitoring":true,"network_interface":true,"outpost_arn":true,"password_data":true,"placement_group":true,"placement_group_id":true,"placement_partition_number":true,"primary_network_interface":true,"primary_network_interface_id":true,"private_dns":true,"private_dns_name_options":true,"private_ip":true,"public_dns":true,"public_ip":true,"root_block_device":true,"secondary_private_ips":true,"security_groups":true,"spot_instance_request_id":true,"subnet_id":true,"tags":{},"tags_all":{},"tenancy":true,"user_data_base64":true,"vpc_security_group_ids":true},"before_sensitive":false,"after_sensitive":{"capacity_reservation_specification":[],"cpu_options":[],"credit_specification":[],"ebs_block_device":[],"enclave_options":[],"ephemeral_block_device":[],"instance_market_options":[],"ipv6_addresses":[],"launch_template":[],"maintenance_options":[],"metadata_options":[],"network_interface":[],"primary_network_interface":[],"private_dns_name_options":[],"root_block_device":[],"secondary_private_ips":[],"security_groups":[],"tags":{},"tags_all":{},"vpc_security_group_ids":[]},"after_identity":{"account_id":null,"id":null,"region":null}}},{"address":"aws_instance.web[\"web-5\"]","mode":"managed","type":"aws_instance","name":"web","index":"web-5","provider_name":"registry.terraform.io/hashicorp/aws","change":{"actions":["create"],"before":null,"after":{"ami":"ami-0376ec8eacdf70aae","credit_specification":[],"force_destroy":false,"get_password_data":false,"hibernation":null,"instance_type":"t2.micro","key_name":"my-key-pair","launch_template":[],"region":"ap-south-1","source_dest_check":true,"tags":{"Environment":"test\u0026monitor","Name":"monitoring_server"},"tags_all":{"Environment":"test\u0026monitor","Name":"monitoring_server"},"timeouts":null,"user_data":"#!/bin/bash\nsudo yum update -y\nsudo yum install -y httpd mod_ssl\n\n# Generate a self-signed SSL certificate\nsudo openssl req -x509 -nodes -days 365 -newkey rsa:2048 \\\n  -keyout /etc/pki/tls/private/webserver.key \\\n  -out /etc/pki/tls/certs/webserver.crt \\\n  -subj \"/C=US/ST=State/L=City/O=Organization/CN=webserver.example.com\"\n\n# Configure Apache to use the SSL certificate\nsudo sed -i 's/^Listen 80$/Listen 0.0.0.0:80/' /etc/httpd/conf/httpd.conf\nsudo sed -i 's/^\u003cVirtualHost _default_:443\u003e$/\u003cVirtualHost _default_:443\u003e\\n  SSLEngine on\\n  SSLCertificateFile \\/etc\\/pki\\/tls\\/certs\\/webserver.crt\\n  SSLCertificateKeyFile \\/etc\\/pki\\/tls\\/private\\/webserver.key\\n/' /etc/httpd/conf.d/ssl.conf\n\n# Configure firewall rules\nsudo firewall-cmd --permanent --add-service=http\nsudo firewall-cmd --permanent --add-service=https\nsudo firewall-cmd --reload\n\nsudo systemctl start httpd\nsudo systemctl enable httpd\n","user_data_replace_on_change":false,"volume_tags":null},"after_unknown":{"arn":true,"associate_public_ip_address":true,"availability_zone":true,"capacity_reservation_specification":true,"cpu_options":true,"credit_specification":[],"disable_api_stop":true,"disable_api_termination":true,"ebs_block_device":true,"ebs_optimized":true,"enable_primary_ipv6":true,"enclave_options":true,"ephemeral_block_device":true,"host_id":true,"host_resource_group_arn":true,"iam_instance_profile":true,"id":true,"instance_initiated_shutdown_behavior":true,"instance_lifecycle":true,"instance_market_options":true,"instance_state":true,"ipv6_address_count":true,"ipv6_addresses":true,"launch_template":[],"maintenance_options":true,"metadata_options":true,"monitoring":true,"network_interface":true,"outpost_arn":true,"password_data":true,"placement_group":true,"placement_group_id":true,"placement_partition_number":true,"primary_network_interface":true,"primary_network_interface_id":true,"private_dns":true,"private_dns_name_options":true,"private_ip":true,"public_dns":true,"public_ip":true,"root_block_device":true,"secondary_private_ips":true,"security_groups":true,"spot_instance_request_id":true,"subnet_id":true,"tags":{},"tags_all":{},"tenancy":true,"user_data_base64":true,"vpc_security_group_ids":true},"before_sensitive":false,"after_sensitive":{"capacity_reservation_specification":[],"cpu_options":[],"credit_specification":[],"ebs_block_device":[],"enclave_options":[],"ephemeral_block_device":[],"instance_market_options":[],"ipv6_addresses":[],"launch_template":[],"maintenance_options":[],"metadata_options":[],"network_interface":[],"primary_network_interface":[],"private_dns_name_options":[],"root_block_device":[],"secondary_private_ips":[],"security_groups":[],"tags":{},"tags_all":{},"vpc_security_group_ids":[]},"after_identity":{"account_id":null,"id":null,"region":null}}}],"configuration":{"provider_config":{"archive":{"name":"archive","full_name":"registry.terraform.io/hashicorp/archive","version_constraint":"\u003e= 2.0.0"},"aws":{"name":"aws","full_name":"registry.terraform.io/hashicorp/aws","version_constraint":"~\u003e 6.27.0","expressions":{"access_key":{"constant_value":"<access_key>"},"region":{"constant_value":"ap-south-1"},"secret_key":{"constant_value":"<secret_key>"}}}},"root_module":{"resources":[{"address":"aws_instance.web","mode":"managed","type":"aws_instance","name":"web","provider_config_key":"aws","expressions":{"ami":{"constant_value":"ami-0376ec8eacdf70aae"},"instance_type":{"constant_value":"t2.micro"},"key_name":{"constant_value":"my-key-pair"},"tags":{"references":["each.value"]},"user_data":{"constant_value":"#!/bin/bash\nsudo yum update -y\nsudo yum install -y httpd mod_ssl\n\n# Generate a self-signed SSL certificate\nsudo openssl req -x509 -nodes -days 365 -newkey rsa:2048 \\\n  -keyout /etc/pki/tls/private/webserver.key \\\n  -out /etc/pki/tls/certs/webserver.crt \\\n  -subj \"/C=US/ST=State/L=City/O=Organization/CN=webserver.example.com\"\n\n# Configure Apache to use the SSL certificate\nsudo sed -i 's/^Listen 80$/Listen 0.0.0.0:80/' /etc/httpd/conf/httpd.conf\nsudo sed -i 's/^\u003cVirtualHost _default_:443\u003e$/\u003cVirtualHost _default_:443\u003e\\n  SSLEngine on\\n  SSLCertificateFile \\/etc\\/pki\\/tls\\/certs\\/webserver.crt\\n  SSLCertificateKeyFile \\/etc\\/pki\\/tls\\/private\\/webserver.key\\n/' /etc/httpd/conf.d/ssl.conf\n\n# Configure firewall rules\nsudo firewall-cmd --permanent --add-service=http\nsudo firewall-cmd --permanent --add-service=https\nsudo firewall-cmd --reload\n\nsudo systemctl start httpd\nsudo systemctl enable httpd\n"}},"schema_version":2,"for_each_expression":{"references":["var.instance_tags"]}}],"variables":{"instance_tags":{"default":{"web-1":{"Environment":"dev","Name":"jenkins_Master"},"web-2":{"Environment":"build","Name":"app_build_server"},"web-3":{"Environment":"deploy","Name":"kube_master"},"web-4":{"Environment":"deploy","Name":"kube_worknode1"},"web-5":{"Environment":"test\u0026monitor","Name":"monitoring_server"}}}}}},"timestamp":"2026-01-25T15:03:59Z","applyable":true,"complete":true,"errored":false}
