{"format_version":"1.2","terraform_version":"1.13.5","variables":{"acm_certificate_arn":{"value":""},"allowed_ingress_cidrs":{"value":["0.0.0.0/0"]},"aws_region":{"value":"us-east-1"},"container_image":{"value":""},"container_port":{"value":8080},"desired_count":{"value":2},"ecr_repository_name":{"value":"pw_ecr_dsop_webapp"},"enable_https":{"value":false},"environment":{"value":"dev"},"health_check_path":{"value":"/"},"project_name":{"value":"pw-dsop-webapp"},"task_cpu":{"value":256},"task_memory":{"value":512}},"planned_values":{"outputs":{"alb_hostname":{"sensitive":false},"alb_url":{"sensitive":false},"ecr_repository_uri":{"sensitive":false}},"root_module":{"resources":[{"address":"aws_cloudwatch_log_group.ecs","mode":"managed","type":"aws_cloudwatch_log_group","name":"ecs","provider_name":"registry.terraform.io/hashicorp/aws","schema_version":0,"values":{"kms_key_id":null,"name":"/ecs/pw-dsop-webapp-dev","retention_in_days":14,"skip_destroy":false,"tags":null,"tags_all":{"Environment":"dev","ManagedBy":"terraform","Project":"pw-dsop-webapp"}},"sensitive_values":{"tags_all":{}}},{"address":"aws_ecr_lifecycle_policy.this","mode":"managed","type":"aws_ecr_lifecycle_policy","name":"this","provider_name":"registry.terraform.io/hashicorp/aws","schema_version":0,"values":{"policy":"{\"rules\":[{\"action\":{\"type\":\"expire\"},\"description\":\"Keep last 20 images\",\"rulePriority\":1,\"selection\":{\"countNumber\":20,\"countType\":\"imageCountMoreThan\",\"tagStatus\":\"any\"}}]}","repository":"pw_ecr_dsop_webapp"},"sensitive_values":{}},{"address":"aws_ecr_repository.pw_ecr_dsop_webapp","mode":"managed","type":"aws_ecr_repository","name":"pw_ecr_dsop_webapp","provider_name":"registry.terraform.io/hashicorp/aws","schema_version":0,"values":{"encryption_configuration":[{"encryption_type":"AES256"}],"force_delete":null,"image_scanning_configuration":[{"scan_on_push":true}],"image_tag_mutability":"MUTABLE","name":"pw_ecr_dsop_webapp","tags":{"Name":"pw_ecr_dsop_webapp"},"tags_all":{"Environment":"dev","ManagedBy":"terraform","Name":"pw_ecr_dsop_webapp","Project":"pw-dsop-webapp"},"timeouts":null},"sensitive_values":{"encryption_configuration":[{}],"image_scanning_configuration":[{}],"tags":{},"tags_all":{}}},{"address":"aws_ecs_cluster.this","mode":"managed","type":"aws_ecs_cluster","name":"this","provider_name":"registry.terraform.io/hashicorp/aws","schema_version":0,"values":{"configuration":[],"name":"pw-dsop-webapp-dev-cluster","service_connect_defaults":[],"setting":[{"name":"containerInsights","value":"enabled"}],"tags":null,"tags_all":{"Environment":"dev","ManagedBy":"terraform","Project":"pw-dsop-webapp"}},"sensitive_values":{"configuration":[],"service_connect_defaults":[],"setting":[{}],"tags_all":{}}},{"address":"aws_ecs_service.this","mode":"managed","type":"aws_ecs_service","name":"this","provider_name":"registry.terraform.io/hashicorp/aws","schema_version":1,"values":{"alarms":[],"availability_zone_rebalancing":"DISABLED","capacity_provider_strategy":[],"deployment_circuit_breaker":[],"deployment_controller":[],"deployment_maximum_percent":200,"deployment_minimum_healthy_percent":50,"desired_count":2,"enable_ecs_managed_tags":false,"enable_execute_command":false,"force_delete":null,"force_new_deployment":null,"health_check_grace_period_seconds":null,"launch_type":"FARGATE","load_balancer":[{"container_name":"webapp","container_port":8080,"elb_name":""}],"name":"pw-dsop-webapp-dev-svc","network_configuration":[{"assign_public_ip":false}],"ordered_placement_strategy":[],"placement_constraints":[],"propagate_tags":null,"scheduling_strategy":"REPLICA","service_connect_configuration":[],"service_registries":[],"tags":null,"tags_all":{"Environment":"dev","ManagedBy":"terraform","Project":"pw-dsop-webapp"},"timeouts":null,"volume_configuration":[],"vpc_lattice_configurations":[],"wait_for_steady_state":false},"sensitive_values":{"alarms":[],"capacity_provider_strategy":[],"deployment_circuit_breaker":[],"deployment_controller":[],"load_balancer":[{}],"network_configuration":[{"security_groups":[],"subnets":[]}],"ordered_placement_strategy":[],"placement_constraints":[],"service_connect_configuration":[],"service_registries":[],"tags_all":{},"triggers":{},"volume_configuration":[],"vpc_lattice_configurations":[]}},{"address":"aws_ecs_task_definition.this","mode":"managed","type":"aws_ecs_task_definition","name":"this","provider_name":"registry.terraform.io/hashicorp/aws","schema_version":1,"values":{"cpu":"256","ephemeral_storage":[],"family":"pw-dsop-webapp-dev-task","inference_accelerator":[],"ipc_mode":null,"memory":"512","network_mode":"awsvpc","pid_mode":null,"placement_constraints":[],"proxy_configuration":[],"requires_compatibilities":["FARGATE"],"runtime_platform":[],"skip_destroy":false,"tags":null,"tags_all":{"Environment":"dev","ManagedBy":"terraform","Project":"pw-dsop-webapp"},"task_role_arn":null,"track_latest":false,"volume":[]},"sensitive_values":{"ephemeral_storage":[],"inference_accelerator":[],"placement_constraints":[],"proxy_configuration":[],"requires_compatibilities":[false],"runtime_platform":[],"tags_all":{},"volume":[]}},{"address":"aws_eip.nat","mode":"managed","type":"aws_eip","name":"nat","provider_name":"registry.terraform.io/hashicorp/aws","schema_version":0,"values":{"address":null,"associate_with_private_ip":null,"customer_owned_ipv4_pool":null,"domain":"vpc","tags":{"Name":"pw-dsop-webapp-dev-nat-eip"},"tags_all":{"Environment":"dev","ManagedBy":"terraform","Name":"pw-dsop-webapp-dev-nat-eip","Project":"pw-dsop-webapp"},"timeouts":null},"sensitive_values":{"tags":{},"tags_all":{}}},{"address":"aws_iam_role.ecs_task_execution","mode":"managed","type":"aws_iam_role","name":"ecs_task_execution","provider_name":"registry.terraform.io/hashicorp/aws","schema_version":0,"values":{"assume_role_policy":"{\"Statement\":[{\"Action\":\"sts:AssumeRole\",\"Effect\":\"Allow\",\"Principal\":{\"Service\":\"ecs-tasks.amazonaws.com\"}}],\"Version\":\"2012-10-17\"}","description":null,"force_detach_policies":false,"max_session_duration":3600,"name":"pw-dsop-webapp-dev-ecs-task-exec","path":"/","permissions_boundary":null,"tags":null,"tags_all":{"Environment":"dev","ManagedBy":"terraform","Project":"pw-dsop-webapp"}},"sensitive_values":{"inline_policy":[],"managed_policy_arns":[],"tags_all":{}}},{"address":"aws_iam_role_policy_attachment.ecs_task_execution","mode":"managed","type":"aws_iam_role_policy_attachment","name":"ecs_task_execution","provider_name":"registry.terraform.io/hashicorp/aws","schema_version":0,"values":{"policy_arn":"arn:aws:iam::aws:policy/service-role/AmazonECSTaskExecutionRolePolicy","role":"pw-dsop-webapp-dev-ecs-task-exec"},"sensitive_values":{}},{"address":"aws_internet_gateway.this","mode":"managed","type":"aws_internet_gateway","name":"this","provider_name":"registry.terraform.io/hashicorp/aws","schema_version":0,"values":{"tags":{"Name":"pw-dsop-webapp-dev-igw"},"tags_all":{"Environment":"dev","ManagedBy":"terraform","Name":"pw-dsop-webapp-dev-igw","Project":"pw-dsop-webapp"},"timeouts":null},"sensitive_values":{"tags":{},"tags_all":{}}},{"address":"aws_lb.this","mode":"managed","type":"aws_lb","name":"this","provider_name":"registry.terraform.io/hashicorp/aws","schema_version":0,"values":{"access_logs":[],"client_keep_alive":3600,"connection_logs":[],"customer_owned_ipv4_pool":null,"desync_mitigation_mode":"defensive","dns_record_client_routing_policy":null,"drop_invalid_header_fields":false,"enable_cross_zone_load_balancing":null,"enable_deletion_protection":false,"enable_http2":true,"enable_tls_version_and_cipher_suite_headers":false,"enable_waf_fail_open":false,"enable_xff_client_port":false,"enable_zonal_shift":false,"idle_timeout":60,"internal":false,"ipam_pools":[],"load_balancer_type":"application","minimum_load_balancer_capacity":[],"name":"pw-dsop-webapp-dev-alb","preserve_host_header":false,"tags":{"Name":"pw-dsop-webapp-dev-alb"},"tags_all":{"Environment":"dev","ManagedBy":"terraform","Name":"pw-dsop-webapp-dev-alb","Project":"pw-dsop-webapp"},"timeouts":null,"xff_header_processing_mode":"append"},"sensitive_values":{"access_logs":[],"connection_logs":[],"ipam_pools":[],"minimum_load_balancer_capacity":[],"security_groups":[],"subnet_mapping":[],"subnets":[],"tags":{},"tags_all":{}}},{"address":"aws_lb_listener.http","mode":"managed","type":"aws_lb_listener","name":"http","provider_name":"registry.terraform.io/hashicorp/aws","schema_version":0,"values":{"alpn_policy":null,"certificate_arn":null,"default_action":[{"authenticate_cognito":[],"authenticate_oidc":[],"fixed_response":[],"forward":[],"redirect":[],"type":"forward"}],"port":80,"protocol":"HTTP","tags":null,"tags_all":{"Environment":"dev","ManagedBy":"terraform","Project":"pw-dsop-webapp"},"timeouts":null},"sensitive_values":{"default_action":[{"authenticate_cognito":[],"authenticate_oidc":[],"fixed_response":[],"forward":[],"redirect":[]}],"mutual_authentication":[],"tags_all":{}}},{"address":"aws_lb_target_group.this","mode":"managed","type":"aws_lb_target_group","name":"this","provider_name":"registry.terraform.io/hashicorp/aws","schema_version":0,"values":{"deregistration_delay":"300","health_check":[{"enabled":true,"healthy_threshold":2,"interval":30,"matcher":"200-399","path":"/","port":"traffic-port","protocol":"HTTP","timeout":5,"unhealthy_threshold":3}],"lambda_multi_value_headers_enabled":false,"name":"pw-dsop-webapp-dev-tg","port":8080,"protocol":"HTTP","proxy_protocol_v2":false,"slow_start":0,"tags":{"Name":"pw-dsop-webapp-dev-tg"},"tags_all":{"Environment":"dev","ManagedBy":"terraform","Name":"pw-dsop-webapp-dev-tg","Project":"pw-dsop-webapp"},"target_type":"ip"},"sensitive_values":{"health_check":[{}],"load_balancer_arns":[],"stickiness":[],"tags":{},"tags_all":{},"target_failover":[],"target_group_health":[],"target_health_state":[]}},{"address":"aws_nat_gateway.this","mode":"managed","type":"aws_nat_gateway","name":"this","provider_name":"registry.terraform.io/hashicorp/aws","schema_version":0,"values":{"connectivity_type":"public","secondary_allocation_ids":null,"tags":{"Name":"pw-dsop-webapp-dev-nat"},"tags_all":{"Environment":"dev","ManagedBy":"terraform","Name":"pw-dsop-webapp-dev-nat","Project":"pw-dsop-webapp"},"timeouts":null},"sensitive_values":{"secondary_private_ip_addresses":[],"tags":{},"tags_all":{}}},{"address":"aws_route_table.private","mode":"managed","type":"aws_route_table","name":"private","provider_name":"registry.terraform.io/hashicorp/aws","schema_version":0,"values":{"route":[{"carrier_gateway_id":"","cidr_block":"0.0.0.0/0","core_network_arn":"","destination_prefix_list_id":"","egress_only_gateway_id":"","gateway_id":"","ipv6_cidr_block":"","local_gateway_id":"","network_interface_id":"","transit_gateway_id":"","vpc_endpoint_id":"","vpc_peering_connection_id":""}],"tags":{"Name":"pw-dsop-webapp-dev-private-rt"},"tags_all":{"Environment":"dev","ManagedBy":"terraform","Name":"pw-dsop-webapp-dev-private-rt","Project":"pw-dsop-webapp"},"timeouts":null},"sensitive_values":{"propagating_vgws":[],"route":[{}],"tags":{},"tags_all":{}}},{"address":"aws_route_table.public","mode":"managed","type":"aws_route_table","name":"public","provider_name":"registry.terraform.io/hashicorp/aws","schema_version":0,"values":{"route":[{"carrier_gateway_id":"","cidr_block":"0.0.0.0/0","core_network_arn":"","destination_prefix_list_id":"","egress_only_gateway_id":"","ipv6_cidr_block":"","local_gateway_id":"","nat_gateway_id":"","network_interface_id":"","transit_gateway_id":"","vpc_endpoint_id":"","vpc_peering_connection_id":""}],"tags":{"Name":"pw-dsop-webapp-dev-public-rt"},"tags_all":{"Environment":"dev","ManagedBy":"terraform","Name":"pw-dsop-webapp-dev-public-rt","Project":"pw-dsop-webapp"},"timeouts":null},"sensitive_values":{"propagating_vgws":[],"route":[{}],"tags":{},"tags_all":{}}},{"address":"aws_route_table_association.private[\"us-east-1a\"]","mode":"managed","type":"aws_route_table_association","name":"private","index":"us-east-1a","provider_name":"registry.terraform.io/hashicorp/aws","schema_version":0,"values":{"gateway_id":null,"timeouts":null},"sensitive_values":{}},{"address":"aws_route_table_association.private[\"us-east-1b\"]","mode":"managed","type":"aws_route_table_association","name":"private","index":"us-east-1b","provider_name":"registry.terraform.io/hashicorp/aws","schema_version":0,"values":{"gateway_id":null,"timeouts":null},"sensitive_values":{}},{"address":"aws_route_table_association.public[\"us-east-1a\"]","mode":"managed","type":"aws_route_table_association","name":"public","index":"us-east-1a","provider_name":"registry.terraform.io/hashicorp/aws","schema_version":0,"values":{"gateway_id":null,"timeouts":null},"sensitive_values":{}},{"address":"aws_route_table_association.public[\"us-east-1b\"]","mode":"managed","type":"aws_route_table_association","name":"public","index":"us-east-1b","provider_name":"registry.terraform.io/hashicorp/aws","schema_version":0,"values":{"gateway_id":null,"timeouts":null},"sensitive_values":{}},{"address":"aws_security_group.alb","mode":"managed","type":"aws_security_group","name":"alb","provider_name":"registry.terraform.io/hashicorp/aws","schema_version":1,"values":{"description":"ALB security group","egress":[{"cidr_blocks":["0.0.0.0/0"],"description":"All egress","from_port":0,"ipv6_cidr_blocks":[],"prefix_list_ids":[],"protocol":"-1","security_groups":[],"self":false,"to_port":0}],"ingress":[{"cidr_blocks":["0.0.0.0/0"],"description":"HTTP","from_port":80,"ipv6_cidr_blocks":[],"prefix_list_ids":[],"protocol":"tcp","security_groups":[],"self":false,"to_port":80}],"name":"pw-dsop-webapp-dev-alb-sg","revoke_rules_on_delete":false,"tags":{"Name":"pw-dsop-webapp-dev-alb-sg"},"tags_all":{"Environment":"dev","ManagedBy":"terraform","Name":"pw-dsop-webapp-dev-alb-sg","Project":"pw-dsop-webapp"},"timeouts":null},"sensitive_values":{"egress":[{"cidr_blocks":[false],"ipv6_cidr_blocks":[],"prefix_list_ids":[],"security_groups":[]}],"ingress":[{"cidr_blocks":[false],"ipv6_cidr_blocks":[],"prefix_list_ids":[],"security_groups":[]}],"tags":{},"tags_all":{}}},{"address":"aws_security_group.ecs","mode":"managed","type":"aws_security_group","name":"ecs","provider_name":"registry.terraform.io/hashicorp/aws","schema_version":1,"values":{"description":"ECS tasks security group","egress":[{"cidr_blocks":["0.0.0.0/0"],"description":"All egress","from_port":0,"ipv6_cidr_blocks":[],"prefix_list_ids":[],"protocol":"-1","security_groups":[],"self":false,"to_port":0}],"ingress":[{"cidr_blocks":[],"description":"App from ALB","from_port":8080,"ipv6_cidr_blocks":[],"prefix_list_ids":[],"protocol":"tcp","self":false,"to_port":8080}],"name":"pw-dsop-webapp-dev-ecs-sg","revoke_rules_on_delete":false,"tags":{"Name":"pw-dsop-webapp-dev-ecs-sg"},"tags_all":{"Environment":"dev","ManagedBy":"terraform","Name":"pw-dsop-webapp-dev-ecs-sg","Project":"pw-dsop-webapp"},"timeouts":null},"sensitive_values":{"egress":[{"cidr_blocks":[false],"ipv6_cidr_blocks":[],"prefix_list_ids":[],"security_groups":[]}],"ingress":[{"cidr_blocks":[],"ipv6_cidr_blocks":[],"prefix_list_ids":[],"security_groups":[]}],"tags":{},"tags_all":{}}},{"address":"aws_subnet.private[\"us-east-1a\"]","mode":"managed","type":"aws_subnet","name":"private","index":"us-east-1a","provider_name":"registry.terraform.io/hashicorp/aws","schema_version":1,"values":{"assign_ipv6_address_on_creation":false,"availability_zone":"us-east-1a","cidr_block":"10.0.10.0/24","customer_owned_ipv4_pool":null,"enable_dns64":false,"enable_lni_at_device_index":null,"enable_resource_name_dns_a_record_on_launch":false,"enable_resource_name_dns_aaaa_record_on_launch":false,"ipv6_cidr_block":null,"ipv6_native":false,"map_customer_owned_ip_on_launch":null,"map_public_ip_on_launch":false,"outpost_arn":null,"tags":{"Name":"pw-dsop-webapp-dev-private-us-east-1a","Tier":"private"},"tags_all":{"Environment":"dev","ManagedBy":"terraform","Name":"pw-dsop-webapp-dev-private-us-east-1a","Project":"pw-dsop-webapp","Tier":"private"},"timeouts":null},"sensitive_values":{"tags":{},"tags_all":{}}},{"address":"aws_subnet.private[\"us-east-1b\"]","mode":"managed","type":"aws_subnet","name":"private","index":"us-east-1b","provider_name":"registry.terraform.io/hashicorp/aws","schema_version":1,"values":{"assign_ipv6_address_on_creation":false,"availability_zone":"us-east-1b","cidr_block":"10.0.11.0/24","customer_owned_ipv4_pool":null,"enable_dns64":false,"enable_lni_at_device_index":null,"enable_resource_name_dns_a_record_on_launch":false,"enable_resource_name_dns_aaaa_record_on_launch":false,"ipv6_cidr_block":null,"ipv6_native":false,"map_customer_owned_ip_on_launch":null,"map_public_ip_on_launch":false,"outpost_arn":null,"tags":{"Name":"pw-dsop-webapp-dev-private-us-east-1b","Tier":"private"},"tags_all":{"Environment":"dev","ManagedBy":"terraform","Name":"pw-dsop-webapp-dev-private-us-east-1b","Project":"pw-dsop-webapp","Tier":"private"},"timeouts":null},"sensitive_values":{"tags":{},"tags_all":{}}},{"address":"aws_subnet.public[\"us-east-1a\"]","mode":"managed","type":"aws_subnet","name":"public","index":"us-east-1a","provider_name":"registry.terraform.io/hashicorp/aws","schema_version":1,"values":{"assign_ipv6_address_on_creation":false,"availability_zone":"us-east-1a","cidr_block":"10.0.0.0/24","customer_owned_ipv4_pool":null,"enable_dns64":false,"enable_lni_at_device_index":null,"enable_resource_name_dns_a_record_on_launch":false,"enable_resource_name_dns_aaaa_record_on_launch":false,"ipv6_cidr_block":null,"ipv6_native":false,"map_customer_owned_ip_on_launch":null,"map_public_ip_on_launch":true,"outpost_arn":null,"tags":{"Name":"pw-dsop-webapp-dev-public-us-east-1a","Tier":"public"},"tags_all":{"Environment":"dev","ManagedBy":"terraform","Name":"pw-dsop-webapp-dev-public-us-east-1a","Project":"pw-dsop-webapp","Tier":"public"},"timeouts":null},"sensitive_values":{"tags":{},"tags_all":{}}},{"address":"aws_subnet.public[\"us-east-1b\"]","mode":"managed","type":"aws_subnet","name":"public","index":"us-east-1b","provider_name":"registry.terraform.io/hashicorp/aws","schema_version":1,"values":{"assign_ipv6_address_on_creation":false,"availability_zone":"us-east-1b","cidr_block":"10.0.1.0/24","customer_owned_ipv4_pool":null,"enable_dns64":false,"enable_lni_at_device_index":null,"enable_resource_name_dns_a_record_on_launch":false,"enable_resource_name_dns_aaaa_record_on_launch":false,"ipv6_cidr_block":null,"ipv6_native":false,"map_customer_owned_ip_on_launch":null,"map_public_ip_on_launch":true,"outpost_arn":null,"tags":{"Name":"pw-dsop-webapp-dev-public-us-east-1b","Tier":"public"},"tags_all":{"Environment":"dev","ManagedBy":"terraform","Name":"pw-dsop-webapp-dev-public-us-east-1b","Project":"pw-dsop-webapp","Tier":"public"},"timeouts":null},"sensitive_values":{"tags":{},"tags_all":{}}},{"address":"aws_vpc.this","mode":"managed","type":"aws_vpc","name":"this","provider_name":"registry.terraform.io/hashicorp/aws","schema_version":1,"values":{"assign_generated_ipv6_cidr_block":null,"cidr_block":"10.0.0.0/16","enable_dns_hostnames":true,"enable_dns_support":true,"instance_tenancy":"default","ipv4_ipam_pool_id":null,"ipv4_netmask_length":null,"ipv6_ipam_pool_id":null,"ipv6_netmask_length":null,"tags":{"Name":"pw-dsop-webapp-dev-vpc"},"tags_all":{"Environment":"dev","ManagedBy":"terraform","Name":"pw-dsop-webapp-dev-vpc","Project":"pw-dsop-webapp"}},"sensitive_values":{"tags":{},"tags_all":{}}}]}},"resource_changes":[{"address":"aws_cloudwatch_log_group.ecs","mode":"managed","type":"aws_cloudwatch_log_group","name":"ecs","provider_name":"registry.terraform.io/hashicorp/aws","change":{"actions":["create"],"before":null,"after":{"kms_key_id":null,"name":"/ecs/pw-dsop-webapp-dev","retention_in_days":14,"skip_destroy":false,"tags":null,"tags_all":{"Environment":"dev","ManagedBy":"terraform","Project":"pw-dsop-webapp"}},"after_unknown":{"arn":true,"id":true,"log_group_class":true,"name_prefix":true,"tags_all":{}},"before_sensitive":false,"after_sensitive":{"tags_all":{}}}},{"address":"aws_ecr_lifecycle_policy.this","mode":"managed","type":"aws_ecr_lifecycle_policy","name":"this","provider_name":"registry.terraform.io/hashicorp/aws","change":{"actions":["create"],"before":null,"after":{"policy":"{\"rules\":[{\"action\":{\"type\":\"expire\"},\"description\":\"Keep last 20 images\",\"rulePriority\":1,\"selection\":{\"countNumber\":20,\"countType\":\"imageCountMoreThan\",\"tagStatus\":\"any\"}}]}","repository":"pw_ecr_dsop_webapp"},"after_unknown":{"id":true,"registry_id":true},"before_sensitive":false,"after_sensitive":{}}},{"address":"aws_ecr_repository.pw_ecr_dsop_webapp","mode":"managed","type":"aws_ecr_repository","name":"pw_ecr_dsop_webapp","provider_name":"registry.terraform.io/hashicorp/aws","change":{"actions":["create"],"before":null,"after":{"encryption_configuration":[{"encryption_type":"AES256"}],"force_delete":null,"image_scanning_configuration":[{"scan_on_push":true}],"image_tag_mutability":"MUTABLE","name":"pw_ecr_dsop_webapp","tags":{"Name":"pw_ecr_dsop_webapp"},"tags_all":{"Environment":"dev","ManagedBy":"terraform","Name":"pw_ecr_dsop_webapp","Project":"pw-dsop-webapp"},"timeouts":null},"after_unknown":{"arn":true,"encryption_configuration":[{"kms_key":true}],"id":true,"image_scanning_configuration":[{}],"registry_id":true,"repository_url":true,"tags":{},"tags_all":{}},"before_sensitive":false,"after_sensitive":{"encryption_configuration":[{}],"image_scanning_configuration":[{}],"tags":{},"tags_all":{}}}},{"address":"aws_ecs_cluster.this","mode":"managed","type":"aws_ecs_cluster","name":"this","provider_name":"registry.terraform.io/hashicorp/aws","change":{"actions":["create"],"before":null,"after":{"configuration":[],"name":"pw-dsop-webapp-dev-cluster","service_connect_defaults":[],"setting":[{"name":"containerInsights","value":"enabled"}],"tags":null,"tags_all":{"Environment":"dev","ManagedBy":"terraform","Project":"pw-dsop-webapp"}},"after_unknown":{"arn":true,"configuration":[],"id":true,"service_connect_defaults":[],"setting":[{}],"tags_all":{}},"before_sensitive":false,"after_sensitive":{"configuration":[],"service_connect_defaults":[],"setting":[{}],"tags_all":{}}}},{"address":"aws_ecs_service.this","mode":"managed","type":"aws_ecs_service","name":"this","provider_name":"registry.terraform.io/hashicorp/aws","change":{"actions":["create"],"before":null,"after":{"alarms":[],"availability_zone_rebalancing":"DISABLED","capacity_provider_strategy":[],"deployment_circuit_breaker":[],"deployment_controller":[],"deployment_maximum_percent":200,"deployment_minimum_healthy_percent":50,"desired_count":2,"enable_ecs_managed_tags":false,"enable_execute_command":false,"force_delete":null,"force_new_deployment":null,"health_check_grace_period_seconds":null,"launch_type":"FARGATE","load_balancer":[{"container_name":"webapp","container_port":8080,"elb_name":""}],"name":"pw-dsop-webapp-dev-svc","network_configuration":[{"assign_public_ip":false}],"ordered_placement_strategy":[],"placement_constraints":[],"propagate_tags":null,"scheduling_strategy":"REPLICA","service_connect_configuration":[],"service_registries":[],"tags":null,"tags_all":{"Environment":"dev","ManagedBy":"terraform","Project":"pw-dsop-webapp"},"timeouts":null,"volume_configuration":[],"vpc_lattice_configurations":[],"wait_for_steady_state":false},"after_unknown":{"alarms":[],"capacity_provider_strategy":[],"cluster":true,"deployment_circuit_breaker":[],"deployment_controller":[],"iam_role":true,"id":true,"load_balancer":[{"target_group_arn":true}],"network_configuration":[{"security_groups":true,"subnets":true}],"ordered_placement_strategy":[],"placement_constraints":[],"platform_version":true,"service_connect_configuration":[],"service_registries":[],"tags_all":{},"task_definition":true,"triggers":true,"volume_configuration":[],"vpc_lattice_configurations":[]},"before_sensitive":false,"after_sensitive":{"alarms":[],"capacity_provider_strategy":[],"deployment_circuit_breaker":[],"deployment_controller":[],"load_balancer":[{}],"network_configuration":[{"security_groups":[],"subnets":[]}],"ordered_placement_strategy":[],"placement_constraints":[],"service_connect_configuration":[],"service_registries":[],"tags_all":{},"triggers":{},"volume_configuration":[],"vpc_lattice_configurations":[]}}},{"address":"aws_ecs_task_definition.this","mode":"managed","type":"aws_ecs_task_definition","name":"this","provider_name":"registry.terraform.io/hashicorp/aws","change":{"actions":["create"],"before":null,"after":{"cpu":"256","ephemeral_storage":[],"family":"pw-dsop-webapp-dev-task","inference_accelerator":[],"ipc_mode":null,"memory":"512","network_mode":"awsvpc","pid_mode":null,"placement_constraints":[],"proxy_configuration":[],"requires_compatibilities":["FARGATE"],"runtime_platform":[],"skip_destroy":false,"tags":null,"tags_all":{"Environment":"dev","ManagedBy":"terraform","Project":"pw-dsop-webapp"},"task_role_arn":null,"track_latest":false,"volume":[]},"after_unknown":{"arn":true,"arn_without_revision":true,"container_definitions":true,"enable_fault_injection":true,"ephemeral_storage":[],"execution_role_arn":true,"id":true,"inference_accelerator":[],"placement_constraints":[],"proxy_configuration":[],"requires_compatibilities":[false],"revision":true,"runtime_platform":[],"tags_all":{},"volume":[]},"before_sensitive":false,"after_sensitive":{"ephemeral_storage":[],"inference_accelerator":[],"placement_constraints":[],"proxy_configuration":[],"requires_compatibilities":[false],"runtime_platform":[],"tags_all":{},"volume":[]}}},{"address":"aws_eip.nat","mode":"managed","type":"aws_eip","name":"nat","provider_name":"registry.terraform.io/hashicorp/aws","change":{"actions":["create"],"before":null,"after":{"address":null,"associate_with_private_ip":null,"customer_owned_ipv4_pool":null,"domain":"vpc","tags":{"Name":"pw-dsop-webapp-dev-nat-eip"},"tags_all":{"Environment":"dev","ManagedBy":"terraform","Name":"pw-dsop-webapp-dev-nat-eip","Project":"pw-dsop-webapp"},"timeouts":null},"after_unknown":{"allocation_id":true,"arn":true,"association_id":true,"carrier_ip":true,"customer_owned_ip":true,"id":true,"instance":true,"ipam_pool_id":true,"network_border_group":true,"network_interface":true,"private_dns":true,"private_ip":true,"ptr_record":true,"public_dns":true,"public_ip":true,"public_ipv4_pool":true,"tags":{},"tags_all":{},"vpc":true},"before_sensitive":false,"after_sensitive":{"tags":{},"tags_all":{}}}},{"address":"aws_iam_role.ecs_task_execution","mode":"managed","type":"aws_iam_role","name":"ecs_task_execution","provider_name":"registry.terraform.io/hashicorp/aws","change":{"actions":["create"],"before":null,"after":{"assume_role_policy":"{\"Statement\":[{\"Action\":\"sts:AssumeRole\",\"Effect\":\"Allow\",\"Principal\":{\"Service\":\"ecs-tasks.amazonaws.com\"}}],\"Version\":\"2012-10-17\"}","description":null,"force_detach_policies":false,"max_session_duration":3600,"name":"pw-dsop-webapp-dev-ecs-task-exec","path":"/","permissions_boundary":null,"tags":null,"tags_all":{"Environment":"dev","ManagedBy":"terraform","Project":"pw-dsop-webapp"}},"after_unknown":{"arn":true,"create_date":true,"id":true,"inline_policy":true,"managed_policy_arns":true,"name_prefix":true,"tags_all":{},"unique_id":true},"before_sensitive":false,"after_sensitive":{"inline_policy":[],"managed_policy_arns":[],"tags_all":{}}}},{"address":"aws_iam_role_policy_attachment.ecs_task_execution","mode":"managed","type":"aws_iam_role_policy_attachment","name":"ecs_task_execution","provider_name":"registry.terraform.io/hashicorp/aws","change":{"actions":["create"],"before":null,"after":{"policy_arn":"arn:aws:iam::aws:policy/service-role/AmazonECSTaskExecutionRolePolicy","role":"pw-dsop-webapp-dev-ecs-task-exec"},"after_unknown":{"id":true},"before_sensitive":false,"after_sensitive":{}}},{"address":"aws_internet_gateway.this","mode":"managed","type":"aws_internet_gateway","name":"this","provider_name":"registry.terraform.io/hashicorp/aws","change":{"actions":["create"],"before":null,"after":{"tags":{"Name":"pw-dsop-webapp-dev-igw"},"tags_all":{"Environment":"dev","ManagedBy":"terraform","Name":"pw-dsop-webapp-dev-igw","Project":"pw-dsop-webapp"},"timeouts":null},"after_unknown":{"arn":true,"id":true,"owner_id":true,"tags":{},"tags_all":{},"vpc_id":true},"before_sensitive":false,"after_sensitive":{"tags":{},"tags_all":{}}}},{"address":"aws_lb.this","mode":"managed","type":"aws_lb","name":"this","provider_name":"registry.terraform.io/hashicorp/aws","change":{"actions":["create"],"before":null,"after":{"access_logs":[],"client_keep_alive":3600,"connection_logs":[],"customer_owned_ipv4_pool":null,"desync_mitigation_mode":"defensive","dns_record_client_routing_policy":null,"drop_invalid_header_fields":false,"enable_cross_zone_load_balancing":null,"enable_deletion_protection":false,"enable_http2":true,"enable_tls_version_and_cipher_suite_headers":false,"enable_waf_fail_open":false,"enable_xff_client_port":false,"enable_zonal_shift":false,"idle_timeout":60,"internal":false,"ipam_pools":[],"load_balancer_type":"application","minimum_load_balancer_capacity":[],"name":"pw-dsop-webapp-dev-alb","preserve_host_header":false,"tags":{"Name":"pw-dsop-webapp-dev-alb"},"tags_all":{"Environment":"dev","ManagedBy":"terraform","Name":"pw-dsop-webapp-dev-alb","Project":"pw-dsop-webapp"},"timeouts":null,"xff_header_processing_mode":"append"},"after_unknown":{"access_logs":[],"arn":true,"arn_suffix":true,"connection_logs":[],"dns_name":true,"enforce_security_group_inbound_rules_on_private_link_traffic":true,"id":true,"ip_address_type":true,"ipam_pools":[],"minimum_load_balancer_capacity":[],"name_prefix":true,"security_groups":true,"subnet_mapping":true,"subnets":true,"tags":{},"tags_all":{},"vpc_id":true,"zone_id":true},"before_sensitive":false,"after_sensitive":{"access_logs":[],"connection_logs":[],"ipam_pools":[],"minimum_load_balancer_capacity":[],"security_groups":[],"subnet_mapping":[],"subnets":[],"tags":{},"tags_all":{}}}},{"address":"aws_lb_listener.http","mode":"managed","type":"aws_lb_listener","name":"http","provider_name":"registry.terraform.io/hashicorp/aws","change":{"actions":["create"],"before":null,"after":{"alpn_policy":null,"certificate_arn":null,"default_action":[{"authenticate_cognito":[],"authenticate_oidc":[],"fixed_response":[],"forward":[],"redirect":[],"type":"forward"}],"port":80,"protocol":"HTTP","tags":null,"tags_all":{"Environment":"dev","ManagedBy":"terraform","Project":"pw-dsop-webapp"},"timeouts":null},"after_unknown":{"arn":true,"default_action":[{"authenticate_cognito":[],"authenticate_oidc":[],"fixed_response":[],"forward":[],"order":true,"redirect":[],"target_group_arn":true}],"id":true,"load_balancer_arn":true,"mutual_authentication":true,"routing_http_request_x_amzn_mtls_clientcert_header_name":true,"routing_http_request_x_amzn_mtls_clientcert_issuer_header_name":true,"routing_http_request_x_amzn_mtls_clientcert_leaf_header_name":true,"routing_http_request_x_amzn_mtls_clientcert_serial_number_header_name":true,"routing_http_request_x_amzn_mtls_clientcert_subject_header_name":true,"routing_http_request_x_amzn_mtls_clientcert_validity_header_name":true,"routing_http_request_x_amzn_tls_cipher_suite_header_name":true,"routing_http_request_x_amzn_tls_version_header_name":true,"routing_http_response_access_control_allow_credentials_header_value":true,"routing_http_response_access_control_allow_headers_header_value":true,"routing_http_response_access_control_allow_methods_header_value":true,"routing_http_response_access_control_allow_origin_header_value":true,"routing_http_response_access_control_expose_headers_header_value":true,"routing_http_response_access_control_max_age_header_value":true,"routing_http_response_content_security_policy_header_value":true,"routing_http_response_server_enabled":true,"routing_http_response_strict_transport_security_header_value":true,"routing_http_response_x_content_type_options_header_value":true,"routing_http_response_x_frame_options_header_value":true,"ssl_policy":true,"tags_all":{},"tcp_idle_timeout_seconds":true},"before_sensitive":false,"after_sensitive":{"default_action":[{"authenticate_cognito":[],"authenticate_oidc":[],"fixed_response":[],"forward":[],"redirect":[]}],"mutual_authentication":[],"tags_all":{}}}},{"address":"aws_lb_target_group.this","mode":"managed","type":"aws_lb_target_group","name":"this","provider_name":"registry.terraform.io/hashicorp/aws","change":{"actions":["create"],"before":null,"after":{"deregistration_delay":"300","health_check":[{"enabled":true,"healthy_threshold":2,"interval":30,"matcher":"200-399","path":"/","port":"traffic-port","protocol":"HTTP","timeout":5,"unhealthy_threshold":3}],"lambda_multi_value_headers_enabled":false,"name":"pw-dsop-webapp-dev-tg","port":8080,"protocol":"HTTP","proxy_protocol_v2":false,"slow_start":0,"tags":{"Name":"pw-dsop-webapp-dev-tg"},"tags_all":{"Environment":"dev","ManagedBy":"terraform","Name":"pw-dsop-webapp-dev-tg","Project":"pw-dsop-webapp"},"target_type":"ip"},"after_unknown":{"arn":true,"arn_suffix":true,"connection_termination":true,"health_check":[{}],"id":true,"ip_address_type":true,"load_balancer_arns":true,"load_balancing_algorithm_type":true,"load_balancing_anomaly_mitigation":true,"load_balancing_cross_zone_enabled":true,"name_prefix":true,"preserve_client_ip":true,"protocol_version":true,"stickiness":true,"tags":{},"tags_all":{},"target_failover":true,"target_group_health":true,"target_health_state":true,"vpc_id":true},"before_sensitive":false,"after_sensitive":{"health_check":[{}],"load_balancer_arns":[],"stickiness":[],"tags":{},"tags_all":{},"target_failover":[],"target_group_health":[],"target_health_state":[]}}},{"address":"aws_nat_gateway.this","mode":"managed","type":"aws_nat_gateway","name":"this","provider_name":"registry.terraform.io/hashicorp/aws","change":{"actions":["create"],"before":null,"after":{"connectivity_type":"public","secondary_allocation_ids":null,"tags":{"Name":"pw-dsop-webapp-dev-nat"},"tags_all":{"Environment":"dev","ManagedBy":"terraform","Name":"pw-dsop-webapp-dev-nat","Project":"pw-dsop-webapp"},"timeouts":null},"after_unknown":{"allocation_id":true,"association_id":true,"id":true,"network_interface_id":true,"private_ip":true,"public_ip":true,"secondary_private_ip_address_count":true,"secondary_private_ip_addresses":true,"subnet_id":true,"tags":{},"tags_all":{}},"before_sensitive":false,"after_sensitive":{"secondary_private_ip_addresses":[],"tags":{},"tags_all":{}}}},{"address":"aws_route_table.private","mode":"managed","type":"aws_route_table","name":"private","provider_name":"registry.terraform.io/hashicorp/aws","change":{"actions":["create"],"before":null,"after":{"route":[{"carrier_gateway_id":"","cidr_block":"0.0.0.0/0","core_network_arn":"","destination_prefix_list_id":"","egress_only_gateway_id":"","gateway_id":"","ipv6_cidr_block":"","local_gateway_id":"","network_interface_id":"","transit_gateway_id":"","vpc_endpoint_id":"","vpc_peering_connection_id":""}],"tags":{"Name":"pw-dsop-webapp-dev-private-rt"},"tags_all":{"Environment":"dev","ManagedBy":"terraform","Name":"pw-dsop-webapp-dev-private-rt","Project":"pw-dsop-webapp"},"timeouts":null},"after_unknown":{"arn":true,"id":true,"owner_id":true,"propagating_vgws":true,"route":[{"nat_gateway_id":true}],"tags":{},"tags_all":{},"vpc_id":true},"before_sensitive":false,"after_sensitive":{"propagating_vgws":[],"route":[{}],"tags":{},"tags_all":{}}}},{"address":"aws_route_table.public","mode":"managed","type":"aws_route_table","name":"public","provider_name":"registry.terraform.io/hashicorp/aws","change":{"actions":["create"],"before":null,"after":{"route":[{"carrier_gateway_id":"","cidr_block":"0.0.0.0/0","core_network_arn":"","destination_prefix_list_id":"","egress_only_gateway_id":"","ipv6_cidr_block":"","local_gateway_id":"","nat_gateway_id":"","network_interface_id":"","transit_gateway_id":"","vpc_endpoint_id":"","vpc_peering_connection_id":""}],"tags":{"Name":"pw-dsop-webapp-dev-public-rt"},"tags_all":{"Environment":"dev","ManagedBy":"terraform","Name":"pw-dsop-webapp-dev-public-rt","Project":"pw-dsop-webapp"},"timeouts":null},"after_unknown":{"arn":true,"id":true,"owner_id":true,"propagating_vgws":true,"route":[{"gateway_id":true}],"tags":{},"tags_all":{},"vpc_id":true},"before_sensitive":false,"after_sensitive":{"propagating_vgws":[],"route":[{}],"tags":{},"tags_all":{}}}},{"address":"aws_route_table_association.private[\"us-east-1a\"]","mode":"managed","type":"aws_route_table_association","name":"private","index":"us-east-1a","provider_name":"registry.terraform.io/hashicorp/aws","change":{"actions":["create"],"before":null,"after":{"gateway_id":null,"timeouts":null},"after_unknown":{"id":true,"route_table_id":true,"subnet_id":true},"before_sensitive":false,"after_sensitive":{}}},{"address":"aws_route_table_association.private[\"us-east-1b\"]","mode":"managed","type":"aws_route_table_association","name":"private","index":"us-east-1b","provider_name":"registry.terraform.io/hashicorp/aws","change":{"actions":["create"],"before":null,"after":{"gateway_id":null,"timeouts":null},"after_unknown":{"id":true,"route_table_id":true,"subnet_id":true},"before_sensitive":false,"after_sensitive":{}}},{"address":"aws_route_table_association.public[\"us-east-1a\"]","mode":"managed","type":"aws_route_table_association","name":"public","index":"us-east-1a","provider_name":"registry.terraform.io/hashicorp/aws","change":{"actions":["create"],"before":null,"after":{"gateway_id":null,"timeouts":null},"after_unknown":{"id":true,"route_table_id":true,"subnet_id":true},"before_sensitive":false,"after_sensitive":{}}},{"address":"aws_route_table_association.public[\"us-east-1b\"]","mode":"managed","type":"aws_route_table_association","name":"public","index":"us-east-1b","provider_name":"registry.terraform.io/hashicorp/aws","change":{"actions":["create"],"before":null,"after":{"gateway_id":null,"timeouts":null},"after_unknown":{"id":true,"route_table_id":true,"subnet_id":true},"before_sensitive":false,"after_sensitive":{}}},{"address":"aws_security_group.alb","mode":"managed","type":"aws_security_group","name":"alb","provider_name":"registry.terraform.io/hashicorp/aws","change":{"actions":["create"],"before":null,"after":{"description":"ALB security group","egress":[{"cidr_blocks":["0.0.0.0/0"],"description":"All egress","from_port":0,"ipv6_cidr_blocks":[],"prefix_list_ids":[],"protocol":"-1","security_groups":[],"self":false,"to_port":0}],"ingress":[{"cidr_blocks":["0.0.0.0/0"],"description":"HTTP","from_port":80,"ipv6_cidr_blocks":[],"prefix_list_ids":[],"protocol":"tcp","security_groups":[],"self":false,"to_port":80}],"name":"pw-dsop-webapp-dev-alb-sg","revoke_rules_on_delete":false,"tags":{"Name":"pw-dsop-webapp-dev-alb-sg"},"tags_all":{"Environment":"dev","ManagedBy":"terraform","Name":"pw-dsop-webapp-dev-alb-sg","Project":"pw-dsop-webapp"},"timeouts":null},"after_unknown":{"arn":true,"egress":[{"cidr_blocks":[false],"ipv6_cidr_blocks":[],"prefix_list_ids":[],"security_groups":[]}],"id":true,"ingress":[{"cidr_blocks":[false],"ipv6_cidr_blocks":[],"prefix_list_ids":[],"security_groups":[]}],"name_prefix":true,"owner_id":true,"tags":{},"tags_all":{},"vpc_id":true},"before_sensitive":false,"after_sensitive":{"egress":[{"cidr_blocks":[false],"ipv6_cidr_blocks":[],"prefix_list_ids":[],"security_groups":[]}],"ingress":[{"cidr_blocks":[false],"ipv6_cidr_blocks":[],"prefix_list_ids":[],"security_groups":[]}],"tags":{},"tags_all":{}}}},{"address":"aws_security_group.ecs","mode":"managed","type":"aws_security_group","name":"ecs","provider_name":"registry.terraform.io/hashicorp/aws","change":{"actions":["create"],"before":null,"after":{"description":"ECS tasks security group","egress":[{"cidr_blocks":["0.0.0.0/0"],"description":"All egress","from_port":0,"ipv6_cidr_blocks":[],"prefix_list_ids":[],"protocol":"-1","security_groups":[],"self":false,"to_port":0}],"ingress":[{"cidr_blocks":[],"description":"App from ALB","from_port":8080,"ipv6_cidr_blocks":[],"prefix_list_ids":[],"protocol":"tcp","self":false,"to_port":8080}],"name":"pw-dsop-webapp-dev-ecs-sg","revoke_rules_on_delete":false,"tags":{"Name":"pw-dsop-webapp-dev-ecs-sg"},"tags_all":{"Environment":"dev","ManagedBy":"terraform","Name":"pw-dsop-webapp-dev-ecs-sg","Project":"pw-dsop-webapp"},"timeouts":null},"after_unknown":{"arn":true,"egress":[{"cidr_blocks":[false],"ipv6_cidr_blocks":[],"prefix_list_ids":[],"security_groups":[]}],"id":true,"ingress":[{"cidr_blocks":[],"ipv6_cidr_blocks":[],"prefix_list_ids":[],"security_groups":true}],"name_prefix":true,"owner_id":true,"tags":{},"tags_all":{},"vpc_id":true},"before_sensitive":false,"after_sensitive":{"egress":[{"cidr_blocks":[false],"ipv6_cidr_blocks":[],"prefix_list_ids":[],"security_groups":[]}],"ingress":[{"cidr_blocks":[],"ipv6_cidr_blocks":[],"prefix_list_ids":[],"security_groups":[]}],"tags":{},"tags_all":{}}}},{"address":"aws_subnet.private[\"us-east-1a\"]","mode":"managed","type":"aws_subnet","name":"private","index":"us-east-1a","provider_name":"registry.terraform.io/hashicorp/aws","change":{"actions":["create"],"before":null,"after":{"assign_ipv6_address_on_creation":false,"availability_zone":"us-east-1a","cidr_block":"10.0.10.0/24","customer_owned_ipv4_pool":null,"enable_dns64":false,"enable_lni_at_device_index":null,"enable_resource_name_dns_a_record_on_launch":false,"enable_resource_name_dns_aaaa_record_on_launch":false,"ipv6_cidr_block":null,"ipv6_native":false,"map_customer_owned_ip_on_launch":null,"map_public_ip_on_launch":false,"outpost_arn":null,"tags":{"Name":"pw-dsop-webapp-dev-private-us-east-1a","Tier":"private"},"tags_all":{"Environment":"dev","ManagedBy":"terraform","Name":"pw-dsop-webapp-dev-private-us-east-1a","Project":"pw-dsop-webapp","Tier":"private"},"timeouts":null},"after_unknown":{"arn":true,"availability_zone_id":true,"id":true,"ipv6_cidr_block_association_id":true,"owner_id":true,"private_dns_hostname_type_on_launch":true,"tags":{},"tags_all":{},"vpc_id":true},"before_sensitive":false,"after_sensitive":{"tags":{},"tags_all":{}}}},{"address":"aws_subnet.private[\"us-east-1b\"]","mode":"managed","type":"aws_subnet","name":"private","index":"us-east-1b","provider_name":"registry.terraform.io/hashicorp/aws","change":{"actions":["create"],"before":null,"after":{"assign_ipv6_address_on_creation":false,"availability_zone":"us-east-1b","cidr_block":"10.0.11.0/24","customer_owned_ipv4_pool":null,"enable_dns64":false,"enable_lni_at_device_index":null,"enable_resource_name_dns_a_record_on_launch":false,"enable_resource_name_dns_aaaa_record_on_launch":false,"ipv6_cidr_block":null,"ipv6_native":false,"map_customer_owned_ip_on_launch":null,"map_public_ip_on_launch":false,"outpost_arn":null,"tags":{"Name":"pw-dsop-webapp-dev-private-us-east-1b","Tier":"private"},"tags_all":{"Environment":"dev","ManagedBy":"terraform","Name":"pw-dsop-webapp-dev-private-us-east-1b","Project":"pw-dsop-webapp","Tier":"private"},"timeouts":null},"after_unknown":{"arn":true,"availability_zone_id":true,"id":true,"ipv6_cidr_block_association_id":true,"owner_id":true,"private_dns_hostname_type_on_launch":true,"tags":{},"tags_all":{},"vpc_id":true},"before_sensitive":false,"after_sensitive":{"tags":{},"tags_all":{}}}},{"address":"aws_subnet.public[\"us-east-1a\"]","mode":"managed","type":"aws_subnet","name":"public","index":"us-east-1a","provider_name":"registry.terraform.io/hashicorp/aws","change":{"actions":["create"],"before":null,"after":{"assign_ipv6_address_on_creation":false,"availability_zone":"us-east-1a","cidr_block":"10.0.0.0/24","customer_owned_ipv4_pool":null,"enable_dns64":false,"enable_lni_at_device_index":null,"enable_resource_name_dns_a_record_on_launch":false,"enable_resource_name_dns_aaaa_record_on_launch":false,"ipv6_cidr_block":null,"ipv6_native":false,"map_customer_owned_ip_on_launch":null,"map_public_ip_on_launch":true,"outpost_arn":null,"tags":{"Name":"pw-dsop-webapp-dev-public-us-east-1a","Tier":"public"},"tags_all":{"Environment":"dev","ManagedBy":"terraform","Name":"pw-dsop-webapp-dev-public-us-east-1a","Project":"pw-dsop-webapp","Tier":"public"},"timeouts":null},"after_unknown":{"arn":true,"availability_zone_id":true,"id":true,"ipv6_cidr_block_association_id":true,"owner_id":true,"private_dns_hostname_type_on_launch":true,"tags":{},"tags_all":{},"vpc_id":true},"before_sensitive":false,"after_sensitive":{"tags":{},"tags_all":{}}}},{"address":"aws_subnet.public[\"us-east-1b\"]","mode":"managed","type":"aws_subnet","name":"public","index":"us-east-1b","provider_name":"registry.terraform.io/hashicorp/aws","change":{"actions":["create"],"before":null,"after":{"assign_ipv6_address_on_creation":false,"availability_zone":"us-east-1b","cidr_block":"10.0.1.0/24","customer_owned_ipv4_pool":null,"enable_dns64":false,"enable_lni_at_device_index":null,"enable_resource_name_dns_a_record_on_launch":false,"enable_resource_name_dns_aaaa_record_on_launch":false,"ipv6_cidr_block":null,"ipv6_native":false,"map_customer_owned_ip_on_launch":null,"map_public_ip_on_launch":true,"outpost_arn":null,"tags":{"Name":"pw-dsop-webapp-dev-public-us-east-1b","Tier":"public"},"tags_all":{"Environment":"dev","ManagedBy":"terraform","Name":"pw-dsop-webapp-dev-public-us-east-1b","Project":"pw-dsop-webapp","Tier":"public"},"timeouts":null},"after_unknown":{"arn":true,"availability_zone_id":true,"id":true,"ipv6_cidr_block_association_id":true,"owner_id":true,"private_dns_hostname_type_on_launch":true,"tags":{},"tags_all":{},"vpc_id":true},"before_sensitive":false,"after_sensitive":{"tags":{},"tags_all":{}}}},{"address":"aws_vpc.this","mode":"managed","type":"aws_vpc","name":"this","provider_name":"registry.terraform.io/hashicorp/aws","change":{"actions":["create"],"before":null,"after":{"assign_generated_ipv6_cidr_block":null,"cidr_block":"10.0.0.0/16","enable_dns_hostnames":true,"enable_dns_support":true,"instance_tenancy":"default","ipv4_ipam_pool_id":null,"ipv4_netmask_length":null,"ipv6_ipam_pool_id":null,"ipv6_netmask_length":null,"tags":{"Name":"pw-dsop-webapp-dev-vpc"},"tags_all":{"Environment":"dev","ManagedBy":"terraform","Name":"pw-dsop-webapp-dev-vpc","Project":"pw-dsop-webapp"}},"after_unknown":{"arn":true,"default_network_acl_id":true,"default_route_table_id":true,"default_security_group_id":true,"dhcp_options_id":true,"enable_network_address_usage_metrics":true,"id":true,"ipv6_association_id":true,"ipv6_cidr_block":true,"ipv6_cidr_block_network_border_group":true,"main_route_table_id":true,"owner_id":true,"tags":{},"tags_all":{}},"before_sensitive":false,"after_sensitive":{"tags":{},"tags_all":{}}}}],"output_changes":{"alb_hostname":{"actions":["create"],"before":null,"after_unknown":true,"before_sensitive":false,"after_sensitive":false},"alb_url":{"actions":["create"],"before":null,"after_unknown":true,"before_sensitive":false,"after_sensitive":false},"ecr_repository_uri":{"actions":["create"],"before":null,"after_unknown":true,"before_sensitive":false,"after_sensitive":false}},"prior_state":{"format_version":"1.0","terraform_version":"1.13.5","values":{"root_module":{"resources":[{"address":"data.aws_availability_zones.available","mode":"data","type":"aws_availability_zones","name":"available","provider_name":"registry.terraform.io/hashicorp/aws","schema_version":0,"values":{"all_availability_zones":null,"exclude_names":null,"exclude_zone_ids":null,"filter":null,"group_names":[""],"id":"us-east-1","names":["us-east-1a","us-east-1b","us-east-1c","us-east-1d","us-east-1e","us-east-1f"],"state":"available","timeouts":null,"zone_ids":["use1-az6","use1-az1","use1-az2","use1-az4","use1-az3","use1-az5"]},"sensitive_values":{"group_names":[false],"names":[false,false,false,false,false,false],"zone_ids":[false,false,false,false,false,false]}},{"address":"data.aws_iam_policy_document.ecs_task_assume","mode":"data","type":"aws_iam_policy_document","name":"ecs_task_assume","provider_name":"registry.terraform.io/hashicorp/aws","schema_version":0,"values":{"id":"1077804475","json":"{\n  \"Version\": \"2012-10-17\",\n  \"Statement\": [\n    {\n      \"Effect\": \"Allow\",\n      \"Action\": \"sts:AssumeRole\",\n      \"Principal\": {\n        \"Service\": \"ecs-tasks.amazonaws.com\"\n      }\n    }\n  ]\n}","minified_json":"{\"Version\":\"2012-10-17\",\"Statement\":[{\"Effect\":\"Allow\",\"Action\":\"sts:AssumeRole\",\"Principal\":{\"Service\":\"ecs-tasks.amazonaws.com\"}}]}","override_json":null,"override_policy_documents":null,"policy_id":null,"source_json":null,"source_policy_documents":null,"statement":[{"actions":["sts:AssumeRole"],"condition":[],"effect":"Allow","not_actions":[],"not_principals":[],"not_resources":[],"principals":[{"identifiers":["ecs-tasks.amazonaws.com"],"type":"Service"}],"resources":[],"sid":""}],"version":"2012-10-17"},"sensitive_values":{"statement":[{"actions":[false],"condition":[],"not_actions":[],"not_principals":[],"not_resources":[],"principals":[{"identifiers":[false]}],"resources":[]}]}}]}}},"configuration":{"provider_config":{"aws":{"name":"aws","full_name":"registry.terraform.io/hashicorp/aws","version_constraint":"~\u003e 5.0","expressions":{"default_tags":[{"tags":{"references":["var.project_name","var.environment"]}}],"region":{"references":["var.aws_region"]}}}},"root_module":{"outputs":{"alb_hostname":{"expression":{"references":["aws_lb.this.dns_name","aws_lb.this"]},"description":"ALB DNS name."},"alb_url":{"expression":{"references":["var.enable_https","aws_lb.this.dns_name","aws_lb.this","aws_lb.this.dns_name","aws_lb.this"]},"description":"Convenience URL for the application."},"ecr_repository_uri":{"expression":{"references":["aws_ecr_repository.pw_ecr_dsop_webapp.repository_url","aws_ecr_repository.pw_ecr_dsop_webapp"]},"description":"ECR repository URI (used by CI to push images)."}},"resources":[{"address":"aws_cloudwatch_log_group.ecs","mode":"managed","type":"aws_cloudwatch_log_group","name":"ecs","provider_config_key":"aws","expressions":{"name":{"references":["local.name_prefix"]},"retention_in_days":{"constant_value":14}},"schema_version":0},{"address":"aws_ecr_lifecycle_policy.this","mode":"managed","type":"aws_ecr_lifecycle_policy","name":"this","provider_config_key":"aws","expressions":{"policy":{},"repository":{"references":["aws_ecr_repository.pw_ecr_dsop_webapp.name","aws_ecr_repository.pw_ecr_dsop_webapp"]}},"schema_version":0},{"address":"aws_ecr_repository.pw_ecr_dsop_webapp","mode":"managed","type":"aws_ecr_repository","name":"pw_ecr_dsop_webapp","provider_config_key":"aws","expressions":{"encryption_configuration":[{"encryption_type":{"constant_value":"AES256"}}],"image_scanning_configuration":[{"scan_on_push":{"constant_value":true}}],"image_tag_mutability":{"constant_value":"MUTABLE"},"name":{"references":["var.ecr_repository_name"]},"tags":{"references":["var.ecr_repository_name"]}},"schema_version":0},{"address":"aws_ecs_cluster.this","mode":"managed","type":"aws_ecs_cluster","name":"this","provider_config_key":"aws","expressions":{"name":{"references":["local.name_prefix"]},"setting":[{"name":{"constant_value":"containerInsights"},"value":{"constant_value":"enabled"}}]},"schema_version":0},{"address":"aws_ecs_service.this","mode":"managed","type":"aws_ecs_service","name":"this","provider_config_key":"aws","expressions":{"cluster":{"references":["aws_ecs_cluster.this.id","aws_ecs_cluster.this"]},"deployment_maximum_percent":{"constant_value":200},"deployment_minimum_healthy_percent":{"constant_value":50},"desired_count":{"references":["var.desired_count"]},"launch_type":{"constant_value":"FARGATE"},"load_balancer":[{"container_name":{"constant_value":"webapp"},"container_port":{"references":["var.container_port"]},"target_group_arn":{"references":["aws_lb_target_group.this.arn","aws_lb_target_group.this"]}}],"name":{"references":["local.name_prefix"]},"network_configuration":[{"assign_public_ip":{"constant_value":false},"security_groups":{"references":["aws_security_group.ecs.id","aws_security_group.ecs"]},"subnets":{"references":["aws_subnet.private"]}}],"task_definition":{"references":["aws_ecs_task_definition.this.arn","aws_ecs_task_definition.this"]}},"schema_version":1,"depends_on":["aws_lb_listener.http"]},{"address":"aws_ecs_task_definition.this","mode":"managed","type":"aws_ecs_task_definition","name":"this","provider_config_key":"aws","expressions":{"container_definitions":{"references":["var.container_image","var.container_image","aws_ecr_repository.pw_ecr_dsop_webapp.repository_url","aws_ecr_repository.pw_ecr_dsop_webapp","var.container_port","var.container_port","aws_cloudwatch_log_group.ecs.name","aws_cloudwatch_log_group.ecs","var.aws_region"]},"cpu":{"references":["var.task_cpu"]},"execution_role_arn":{"references":["aws_iam_role.ecs_task_execution.arn","aws_iam_role.ecs_task_execution"]},"family":{"references":["local.name_prefix"]},"memory":{"references":["var.task_memory"]},"network_mode":{"constant_value":"awsvpc"},"requires_compatibilities":{"constant_value":["FARGATE"]}},"schema_version":1},{"address":"aws_eip.nat","mode":"managed","type":"aws_eip","name":"nat","provider_config_key":"aws","expressions":{"domain":{"constant_value":"vpc"},"tags":{"references":["local.name_prefix"]}},"schema_version":0},{"address":"aws_iam_role.ecs_task_execution","mode":"managed","type":"aws_iam_role","name":"ecs_task_execution","provider_config_key":"aws","expressions":{"assume_role_policy":{"references":["data.aws_iam_policy_document.ecs_task_assume.json","data.aws_iam_policy_document.ecs_task_assume"]},"name":{"references":["local.name_prefix"]}},"schema_version":0},{"address":"aws_iam_role_policy_attachment.ecs_task_execution","mode":"managed","type":"aws_iam_role_policy_attachment","name":"ecs_task_execution","provider_config_key":"aws","expressions":{"policy_arn":{"constant_value":"arn:aws:iam::aws:policy/service-role/AmazonECSTaskExecutionRolePolicy"},"role":{"references":["aws_iam_role.ecs_task_execution.name","aws_iam_role.ecs_task_execution"]}},"schema_version":0},{"address":"aws_internet_gateway.this","mode":"managed","type":"aws_internet_gateway","name":"this","provider_config_key":"aws","expressions":{"tags":{"references":["local.name_prefix"]},"vpc_id":{"references":["aws_vpc.this.id","aws_vpc.this"]}},"schema_version":0},{"address":"aws_lb.this","mode":"managed","type":"aws_lb","name":"this","provider_config_key":"aws","expressions":{"internal":{"constant_value":false},"load_balancer_type":{"constant_value":"application"},"name":{"references":["local.name_prefix"]},"security_groups":{"references":["aws_security_group.alb.id","aws_security_group.alb"]},"subnets":{"references":["aws_subnet.public"]},"tags":{"references":["local.name_prefix"]}},"schema_version":0},{"address":"aws_lb_listener.http","mode":"managed","type":"aws_lb_listener","name":"http","provider_config_key":"aws","expressions":{"default_action":[{"target_group_arn":{"references":["var.enable_https","aws_lb_target_group.this.arn","aws_lb_target_group.this"]},"type":{"references":["var.enable_https"]}}],"load_balancer_arn":{"references":["aws_lb.this.arn","aws_lb.this"]},"port":{"constant_value":80},"protocol":{"constant_value":"HTTP"}},"schema_version":0},{"address":"aws_lb_listener.https","mode":"managed","type":"aws_lb_listener","name":"https","provider_config_key":"aws","expressions":{"certificate_arn":{"references":["var.acm_certificate_arn"]},"default_action":[{"target_group_arn":{"references":["aws_lb_target_group.this.arn","aws_lb_target_group.this"]},"type":{"constant_value":"forward"}}],"load_balancer_arn":{"references":["aws_lb.this.arn","aws_lb.this"]},"port":{"constant_value":443},"protocol":{"constant_value":"HTTPS"},"ssl_policy":{"constant_value":"ELBSecurityPolicy-TLS13-1-2-2021-06"}},"schema_version":0,"count_expression":{"references":["var.enable_https"]}},{"address":"aws_lb_target_group.this","mode":"managed","type":"aws_lb_target_group","name":"this","provider_config_key":"aws","expressions":{"health_check":[{"enabled":{"constant_value":true},"healthy_threshold":{"constant_value":2},"interval":{"constant_value":30},"matcher":{"constant_value":"200-399"},"path":{"references":["var.health_check_path"]},"timeout":{"constant_value":5},"unhealthy_threshold":{"constant_value":3}}],"name":{"references":["local.name_prefix"]},"port":{"references":["var.container_port"]},"protocol":{"constant_value":"HTTP"},"tags":{"references":["local.name_prefix"]},"target_type":{"constant_value":"ip"},"vpc_id":{"references":["aws_vpc.this.id","aws_vpc.this"]}},"schema_version":0},{"address":"aws_nat_gateway.this","mode":"managed","type":"aws_nat_gateway","name":"this","provider_config_key":"aws","expressions":{"allocation_id":{"references":["aws_eip.nat.id","aws_eip.nat"]},"subnet_id":{"references":["aws_subnet.public"]},"tags":{"references":["local.name_prefix"]}},"schema_version":0,"depends_on":["aws_internet_gateway.this"]},{"address":"aws_route_table.private","mode":"managed","type":"aws_route_table","name":"private","provider_config_key":"aws","expressions":{"route":{"references":["aws_nat_gateway.this.id","aws_nat_gateway.this"]},"tags":{"references":["local.name_prefix"]},"vpc_id":{"references":["aws_vpc.this.id","aws_vpc.this"]}},"schema_version":0},{"address":"aws_route_table.public","mode":"managed","type":"aws_route_table","name":"public","provider_config_key":"aws","expressions":{"route":{"references":["aws_internet_gateway.this.id","aws_internet_gateway.this"]},"tags":{"references":["local.name_prefix"]},"vpc_id":{"references":["aws_vpc.this.id","aws_vpc.this"]}},"schema_version":0},{"address":"aws_route_table_association.private","mode":"managed","type":"aws_route_table_association","name":"private","provider_config_key":"aws","expressions":{"route_table_id":{"references":["aws_route_table.private.id","aws_route_table.private"]},"subnet_id":{"references":["each.value.id","each.value"]}},"schema_version":0,"for_each_expression":{"references":["aws_subnet.private"]}},{"address":"aws_route_table_association.public","mode":"managed","type":"aws_route_table_association","name":"public","provider_config_key":"aws","expressions":{"route_table_id":{"references":["aws_route_table.public.id","aws_route_table.public"]},"subnet_id":{"references":["each.value.id","each.value"]}},"schema_version":0,"for_each_expression":{"references":["aws_subnet.public"]}},{"address":"aws_security_group.alb","mode":"managed","type":"aws_security_group","name":"alb","provider_config_key":"aws","expressions":{"description":{"constant_value":"ALB security group"},"egress":{"constant_value":[{"cidr_blocks":["0.0.0.0/0"],"description":"All egress","from_port":0,"ipv6_cidr_blocks":null,"prefix_list_ids":null,"protocol":"-1","security_groups":null,"self":null,"to_port":0}]},"ingress":{"references":["var.allowed_ingress_cidrs"]},"name":{"references":["local.name_prefix"]},"tags":{"references":["local.name_prefix"]},"vpc_id":{"references":["aws_vpc.this.id","aws_vpc.this"]}},"schema_version":1},{"address":"aws_security_group.ecs","mode":"managed","type":"aws_security_group","name":"ecs","provider_config_key":"aws","expressions":{"description":{"constant_value":"ECS tasks security group"},"egress":{"constant_value":[{"cidr_blocks":["0.0.0.0/0"],"description":"All egress","from_port":0,"ipv6_cidr_blocks":null,"prefix_list_ids":null,"protocol":"-1","security_groups":null,"self":null,"to_port":0}]},"ingress":{"references":["var.container_port","var.container_port","aws_security_group.alb.id","aws_security_group.alb"]},"name":{"references":["local.name_prefix"]},"tags":{"references":["local.name_prefix"]},"vpc_id":{"references":["aws_vpc.this.id","aws_vpc.this"]}},"schema_version":1},{"address":"aws_subnet.private","mode":"managed","type":"aws_subnet","name":"private","provider_config_key":"aws","expressions":{"availability_zone":{"references":["each.value.az","each.value"]},"cidr_block":{"references":["each.value.cidr","each.value"]},"tags":{"references":["local.name_prefix","each.value.az","each.value"]},"vpc_id":{"references":["aws_vpc.this.id","aws_vpc.this"]}},"schema_version":1,"for_each_expression":{"references":["local.azs","aws_vpc.this.cidr_block","aws_vpc.this"]}},{"address":"aws_subnet.public","mode":"managed","type":"aws_subnet","name":"public","provider_config_key":"aws","expressions":{"availability_zone":{"references":["each.value.az","each.value"]},"cidr_block":{"references":["each.value.cidr","each.value"]},"map_public_ip_on_launch":{"constant_value":true},"tags":{"references":["local.name_prefix","each.value.az","each.value"]},"vpc_id":{"references":["aws_vpc.this.id","aws_vpc.this"]}},"schema_version":1,"for_each_expression":{"references":["local.azs","aws_vpc.this.cidr_block","aws_vpc.this"]}},{"address":"aws_vpc.this","mode":"managed","type":"aws_vpc","name":"this","provider_config_key":"aws","expressions":{"cidr_block":{"constant_value":"10.0.0.0/16"},"enable_dns_hostnames":{"constant_value":true},"enable_dns_support":{"constant_value":true},"tags":{"references":["local.name_prefix"]}},"schema_version":1},{"address":"data.aws_availability_zones.available","mode":"data","type":"aws_availability_zones","name":"available","provider_config_key":"aws","expressions":{"state":{"constant_value":"available"}},"schema_version":0},{"address":"data.aws_iam_policy_document.ecs_task_assume","mode":"data","type":"aws_iam_policy_document","name":"ecs_task_assume","provider_config_key":"aws","expressions":{"statement":[{"actions":{"constant_value":["sts:AssumeRole"]},"effect":{"constant_value":"Allow"},"principals":[{"identifiers":{"constant_value":["ecs-tasks.amazonaws.com"]},"type":{"constant_value":"Service"}}]}]},"schema_version":0}],"variables":{"acm_certificate_arn":{"default":"","description":"ACM certificate ARN for HTTPS listener (required if enable_https=true)."},"allowed_ingress_cidrs":{"default":["0.0.0.0/0"],"description":"CIDR blocks allowed to access the ALB on HTTP/HTTPS."},"aws_region":{"default":"us-east-1","description":"AWS region to deploy into."},"container_image":{"default":"","description":"Full container image URI (including tag) to run in ECS. If empty, defaults to \u003cecr_repository_url\u003e:latest."},"container_port":{"default":8080,"description":"Container port exposed by the application."},"desired_count":{"default":2,"description":"Number of ECS tasks to run."},"ecr_repository_name":{"default":"pw_ecr_dsop_webapp","description":"ECR repository name used by CI and runtime."},"enable_https":{"default":false,"description":"Enable HTTPS listener. Requires ACM certificate ARN."},"environment":{"default":"dev","description":"Environment name (e.g., dev, staging, prod)."},"health_check_path":{"default":"/","description":"ALB target group health check path. App serves '/' so default is '/'."},"project_name":{"default":"pw-dsop-webapp","description":"Project/name prefix used for resource naming."},"task_cpu":{"default":256,"description":"Fargate task CPU units."},"task_memory":{"default":512,"description":"Fargate task memory (MiB)."}}}},"relevant_attributes":[{"resource":"aws_iam_role.ecs_task_execution","attribute":["arn"]},{"resource":"aws_ecs_task_definition.this","attribute":["arn"]},{"resource":"aws_lb_target_group.this","attribute":["arn"]},{"resource":"aws_lb.this","attribute":["dns_name"]},{"resource":"aws_subnet.private","attribute":[]},{"resource":"data.aws_iam_policy_document.ecs_task_assume","attribute":["json"]},{"resource":"aws_vpc.this","attribute":["cidr_block"]},{"resource":"aws_iam_role.ecs_task_execution","attribute":["name"]},{"resource":"aws_ecs_cluster.this","attribute":["id"]},{"resource":"data.aws_availability_zones.available","attribute":["names"]},{"resource":"aws_security_group.ecs","attribute":["id"]},{"resource":"aws_security_group.alb","attribute":["id"]},{"resource":"aws_eip.nat","attribute":["id"]},{"resource":"aws_subnet.public","attribute":[]},{"resource":"aws_internet_gateway.this","attribute":["id"]},{"resource":"aws_vpc.this","attribute":["id"]},{"resource":"aws_nat_gateway.this","attribute":["id"]},{"resource":"aws_route_table.public","attribute":["id"]},{"resource":"aws_ecr_repository.pw_ecr_dsop_webapp","attribute":["name"]},{"resource":"aws_route_table.private","attribute":["id"]},{"resource":"aws_cloudwatch_log_group.ecs","attribute":["name"]},{"resource":"aws_ecr_repository.pw_ecr_dsop_webapp","attribute":["repository_url"]},{"resource":"aws_lb.this","attribute":["arn"]}],"timestamp":"2026-01-27T04:43:10Z","applyable":true,"complete":true,"errored":false}
