{"format_version":"1.2","terraform_version":"1.13.5","variables":{"aws_region":{"value":"us-east-1"},"ecr_repository_name":{"value":"home_automation"},"environment":{"value":"dev"},"influxdb_bucket":{"value":"ai-tf-bucket"},"influxdb_org":{"value":"ai-tf"},"influxdb_token":{"value":"ai-tf"},"influxdb_url":{"value":"ai-tf"},"lambda_function_name":{"value":"home-automation"},"lambda_image_tag":{"value":"latest"},"lambda_memory_mb":{"value":256},"lambda_reserved_concurrency":{"value":1},"lambda_timeout_seconds":{"value":60},"lambda_vpc_security_group_ids":{"value":[]},"lambda_vpc_subnet_ids":{"value":[]},"project_name":{"value":"home-automation"},"schedule_expression":{"value":"rate(5 minutes)"},"tuya_apikey":{"value":"ai-tf"},"tuya_apisecret":{"value":"ai-tf"},"tuya_apisregion":{"value":"ai-tf"}},"planned_values":{"outputs":{"ecr_repository_url":{"sensitive":false},"influxdb_secret_arn":{"sensitive":false},"lambda_function_arn":{"sensitive":false},"scheduler_schedule_arn":{"sensitive":false},"tuya_secret_arn":{"sensitive":false}},"root_module":{"resources":[{"address":"aws_cloudwatch_log_group.lambda","mode":"managed","type":"aws_cloudwatch_log_group","name":"lambda","provider_name":"registry.terraform.io/hashicorp/aws","schema_version":0,"values":{"kms_key_id":null,"name":"/aws/lambda/home-automation","region":"us-east-1","retention_in_days":14,"skip_destroy":false,"tags":null,"tags_all":{"Component":"home-automation","Environment":"dev","ManagedBy":"terraform","Project":"home-automation","Repository":"home-automation"}},"sensitive_values":{"tags_all":{}},"identity_schema_version":0,"identity":{"account_id":null,"name":null,"region":null}},{"address":"aws_ecr_lifecycle_policy.home_automation","mode":"managed","type":"aws_ecr_lifecycle_policy","name":"home_automation","provider_name":"registry.terraform.io/hashicorp/aws","schema_version":0,"values":{"policy":"{\"rules\":[{\"action\":{\"type\":\"expire\"},\"description\":\"Keep last 20 images\",\"rulePriority\":1,\"selection\":{\"countNumber\":20,\"countType\":\"imageCountMoreThan\",\"tagStatus\":\"any\"}}]}","region":"us-east-1","repository":"home_automation"},"sensitive_values":{},"identity_schema_version":0,"identity":{"account_id":null,"region":null,"repository":null}},{"address":"aws_ecr_repository.home_automation","mode":"managed","type":"aws_ecr_repository","name":"home_automation","provider_name":"registry.terraform.io/hashicorp/aws","schema_version":0,"values":{"encryption_configuration":[{"encryption_type":"AES256"}],"force_delete":null,"image_scanning_configuration":[{"scan_on_push":true}],"image_tag_mutability":"MUTABLE","image_tag_mutability_exclusion_filter":[],"name":"home_automation","region":"us-east-1","tags":null,"tags_all":{"Component":"home-automation","Environment":"dev","ManagedBy":"terraform","Project":"home-automation","Repository":"home-automation"},"timeouts":null},"sensitive_values":{"encryption_configuration":[{}],"image_scanning_configuration":[{}],"image_tag_mutability_exclusion_filter":[],"tags_all":{}},"identity_schema_version":0,"identity":{"account_id":null,"name":null,"region":null}},{"address":"aws_iam_policy.lambda_secrets","mode":"managed","type":"aws_iam_policy","name":"lambda_secrets","provider_name":"registry.terraform.io/hashicorp/aws","schema_version":0,"values":{"delay_after_policy_creation_in_ms":null,"description":null,"name":"home-automation-dev-lambda-secrets","path":"/","tags":null,"tags_all":{"Component":"home-automation","Environment":"dev","ManagedBy":"terraform","Project":"home-automation","Repository":"home-automation"}},"sensitive_values":{"tags_all":{}},"identity_schema_version":0,"identity":{"arn":null}},{"address":"aws_iam_policy.scheduler_invoke_lambda","mode":"managed","type":"aws_iam_policy","name":"scheduler_invoke_lambda","provider_name":"registry.terraform.io/hashicorp/aws","schema_version":0,"values":{"delay_after_policy_creation_in_ms":null,"description":null,"name":"home-automation-dev-scheduler-invoke-lambda","path":"/","tags":null,"tags_all":{"Component":"home-automation","Environment":"dev","ManagedBy":"terraform","Project":"home-automation","Repository":"home-automation"}},"sensitive_values":{"tags_all":{}},"identity_schema_version":0,"identity":{"arn":null}},{"address":"aws_iam_role.lambda","mode":"managed","type":"aws_iam_role","name":"lambda","provider_name":"registry.terraform.io/hashicorp/aws","schema_version":0,"values":{"assume_role_policy":"{\"Statement\":[{\"Action\":\"sts:AssumeRole\",\"Effect\":\"Allow\",\"Principal\":{\"Service\":\"lambda.amazonaws.com\"}}],\"Version\":\"2012-10-17\"}","description":null,"force_detach_policies":false,"max_session_duration":3600,"name":"home-automation-dev-lambda","path":"/","permissions_boundary":null,"tags":null,"tags_all":{"Component":"home-automation","Environment":"dev","ManagedBy":"terraform","Project":"home-automation","Repository":"home-automation"}},"sensitive_values":{"inline_policy":[],"managed_policy_arns":[],"tags_all":{}},"identity_schema_version":0,"identity":{"account_id":null,"name":null}},{"address":"aws_iam_role.scheduler","mode":"managed","type":"aws_iam_role","name":"scheduler","provider_name":"registry.terraform.io/hashicorp/aws","schema_version":0,"values":{"assume_role_policy":"{\"Statement\":[{\"Action\":\"sts:AssumeRole\",\"Effect\":\"Allow\",\"Principal\":{\"Service\":\"scheduler.amazonaws.com\"}}],\"Version\":\"2012-10-17\"}","description":null,"force_detach_policies":false,"max_session_duration":3600,"name":"home-automation-dev-scheduler","path":"/","permissions_boundary":null,"tags":null,"tags_all":{"Component":"home-automation","Environment":"dev","ManagedBy":"terraform","Project":"home-automation","Repository":"home-automation"}},"sensitive_values":{"inline_policy":[],"managed_policy_arns":[],"tags_all":{}},"identity_schema_version":0,"identity":{"account_id":null,"name":null}},{"address":"aws_iam_role_policy_attachment.lambda_basic","mode":"managed","type":"aws_iam_role_policy_attachment","name":"lambda_basic","provider_name":"registry.terraform.io/hashicorp/aws","schema_version":0,"values":{"policy_arn":"arn:aws:iam::aws:policy/service-role/AWSLambdaBasicExecutionRole","role":"home-automation-dev-lambda"},"sensitive_values":{},"identity_schema_version":0,"identity":{"account_id":null,"policy_arn":null,"role":null}},{"address":"aws_iam_role_policy_attachment.lambda_secrets","mode":"managed","type":"aws_iam_role_policy_attachment","name":"lambda_secrets","provider_name":"registry.terraform.io/hashicorp/aws","schema_version":0,"values":{"role":"home-automation-dev-lambda"},"sensitive_values":{},"identity_schema_version":0,"identity":{"account_id":null,"policy_arn":null,"role":null}},{"address":"aws_iam_role_policy_attachment.scheduler_invoke_lambda","mode":"managed","type":"aws_iam_role_policy_attachment","name":"scheduler_invoke_lambda","provider_name":"registry.terraform.io/hashicorp/aws","schema_version":0,"values":{"role":"home-automation-dev-scheduler"},"sensitive_values":{},"identity_schema_version":0,"identity":{"account_id":null,"policy_arn":null,"role":null}},{"address":"aws_lambda_function.home_automation","mode":"managed","type":"aws_lambda_function","name":"home_automation","provider_name":"registry.terraform.io/hashicorp/aws","schema_version":0,"values":{"capacity_provider_config":[],"code_signing_config_arn":null,"dead_letter_config":[],"description":null,"durable_config":[],"environment":[{}],"file_system_config":[],"filename":null,"function_name":"home-automation","handler":null,"image_config":[],"kms_key_arn":null,"layers":null,"memory_size":256,"package_type":"Image","publish":false,"publish_to":null,"region":"us-east-1","replace_security_groups_on_destroy":null,"replacement_security_group_ids":null,"reserved_concurrent_executions":1,"runtime":null,"s3_bucket":null,"s3_key":null,"s3_object_version":null,"skip_destroy":false,"snap_start":[],"source_kms_key_arn":null,"tags":null,"tags_all":{"Component":"home-automation","Environment":"dev","ManagedBy":"terraform","Project":"home-automation","Repository":"home-automation"},"tenancy_config":[],"timeout":60,"timeouts":null,"vpc_config":[]},"sensitive_values":{"architectures":[],"capacity_provider_config":[],"dead_letter_config":[],"durable_config":[],"environment":[{"variables":{}}],"ephemeral_storage":[],"file_system_config":[],"image_config":[],"logging_config":[],"snap_start":[],"tags_all":{},"tenancy_config":[],"tracing_config":[],"vpc_config":[]},"identity_schema_version":0,"identity":{"account_id":null,"function_name":null,"region":null}},{"address":"aws_scheduler_schedule.home_automation","mode":"managed","type":"aws_scheduler_schedule","name":"home_automation","provider_name":"registry.terraform.io/hashicorp/aws","schema_version":0,"values":{"description":null,"end_date":null,"flexible_time_window":[{"maximum_window_in_minutes":null,"mode":"OFF"}],"kms_key_arn":null,"name":"home-automation-dev-poll","region":"us-east-1","schedule_expression":"rate(5 minutes)","schedule_expression_timezone":"UTC","start_date":null,"state":"ENABLED","target":[{"dead_letter_config":[],"ecs_parameters":[],"eventbridge_parameters":[],"input":null,"kinesis_parameters":[],"retry_policy":[{"maximum_event_age_in_seconds":300,"maximum_retry_attempts":0}],"sagemaker_pipeline_parameters":[],"sqs_parameters":[]}]},"sensitive_values":{"flexible_time_window":[{}],"target":[{"dead_letter_config":[],"ecs_parameters":[],"eventbridge_parameters":[],"kinesis_parameters":[],"retry_policy":[{}],"sagemaker_pipeline_parameters":[],"sqs_parameters":[]}]}},{"address":"aws_secretsmanager_secret.influxdb","mode":"managed","type":"aws_secretsmanager_secret","name":"influxdb","provider_name":"registry.terraform.io/hashicorp/aws","schema_version":0,"values":{"description":null,"force_overwrite_replica_secret":false,"kms_key_id":null,"name":"home-automation-dev/influxdb","recovery_window_in_days":0,"region":"us-east-1","tags":null,"tags_all":{"Component":"home-automation","Environment":"dev","ManagedBy":"terraform","Project":"home-automation","Repository":"home-automation"}},"sensitive_values":{"replica":[],"tags_all":{}},"identity_schema_version":0,"identity":{"arn":null}},{"address":"aws_secretsmanager_secret.tuya","mode":"managed","type":"aws_secretsmanager_secret","name":"tuya","provider_name":"registry.terraform.io/hashicorp/aws","schema_version":0,"values":{"description":null,"force_overwrite_replica_secret":false,"kms_key_id":null,"name":"home-automation-dev/tuya","recovery_window_in_days":0,"region":"us-east-1","tags":null,"tags_all":{"Component":"home-automation","Environment":"dev","ManagedBy":"terraform","Project":"home-automation","Repository":"home-automation"}},"sensitive_values":{"replica":[],"tags_all":{}},"identity_schema_version":0,"identity":{"arn":null}},{"address":"aws_secretsmanager_secret_version.influxdb","mode":"managed","type":"aws_secretsmanager_secret_version","name":"influxdb","provider_name":"registry.terraform.io/hashicorp/aws","schema_version":0,"values":{"region":"us-east-1","secret_binary":null,"secret_string":"{\"INFLUXDB_TOKEN\":\"ai-tf\"}","secret_string_wo":null,"secret_string_wo_version":null},"sensitive_values":{"secret_binary":true,"secret_string":true,"secret_string_wo":true,"version_stages":[]},"identity_schema_version":0,"identity":{"account_id":null,"region":null,"secret_id":null,"version_id":null}},{"address":"aws_secretsmanager_secret_version.tuya","mode":"managed","type":"aws_secretsmanager_secret_version","name":"tuya","provider_name":"registry.terraform.io/hashicorp/aws","schema_version":0,"values":{"region":"us-east-1","secret_binary":null,"secret_string":"{\"TUYA_APIKEY\":\"ai-tf\",\"TUYA_APISECRET\":\"ai-tf\"}","secret_string_wo":null,"secret_string_wo_version":null},"sensitive_values":{"secret_binary":true,"secret_string":true,"secret_string_wo":true,"version_stages":[]},"identity_schema_version":0,"identity":{"account_id":null,"region":null,"secret_id":null,"version_id":null}},{"address":"data.aws_iam_policy_document.lambda_secrets","mode":"data","type":"aws_iam_policy_document","name":"lambda_secrets","provider_name":"registry.terraform.io/hashicorp/aws","schema_version":0,"values":{"override_json":null,"override_policy_documents":null,"policy_id":null,"source_json":null,"source_policy_documents":null,"statement":[{"actions":["secretsmanager:DescribeSecret","secretsmanager:GetSecretValue"],"condition":[],"effect":"Allow","not_actions":null,"not_principals":[],"not_resources":null,"principals":[],"resources":[null,null],"sid":null}],"version":null},"sensitive_values":{"statement":[{"actions":[false,false],"condition":[],"not_principals":[],"principals":[],"resources":[false,false]}]}},{"address":"data.aws_iam_policy_document.scheduler_invoke_lambda","mode":"data","type":"aws_iam_policy_document","name":"scheduler_invoke_lambda","provider_name":"registry.terraform.io/hashicorp/aws","schema_version":0,"values":{"override_json":null,"override_policy_documents":null,"policy_id":null,"source_json":null,"source_policy_documents":null,"statement":[{"actions":["lambda:InvokeFunction"],"condition":[],"effect":"Allow","not_actions":null,"not_principals":[],"not_resources":null,"principals":[],"resources":[null],"sid":null}],"version":null},"sensitive_values":{"statement":[{"actions":[false],"condition":[],"not_principals":[],"principals":[],"resources":[false]}]}}]}},"resource_changes":[{"address":"data.aws_iam_policy_document.lambda_secrets","mode":"data","type":"aws_iam_policy_document","name":"lambda_secrets","provider_name":"registry.terraform.io/hashicorp/aws","change":{"actions":["read"],"before":null,"after":{"override_json":null,"override_policy_documents":null,"policy_id":null,"source_json":null,"source_policy_documents":null,"statement":[{"actions":["secretsmanager:DescribeSecret","secretsmanager:GetSecretValue"],"condition":[],"effect":"Allow","not_actions":null,"not_principals":[],"not_resources":null,"principals":[],"resources":[null,null],"sid":null}],"version":null},"after_unknown":{"id":true,"json":true,"minified_json":true,"statement":[{"actions":[false,false],"condition":[],"not_principals":[],"principals":[],"resources":[true,true]}]},"before_sensitive":false,"after_sensitive":{"statement":[{"actions":[false,false],"condition":[],"not_principals":[],"principals":[],"resources":[false,false]}]}},"action_reason":"read_because_config_unknown"},{"address":"data.aws_iam_policy_document.scheduler_invoke_lambda","mode":"data","type":"aws_iam_policy_document","name":"scheduler_invoke_lambda","provider_name":"registry.terraform.io/hashicorp/aws","change":{"actions":["read"],"before":null,"after":{"override_json":null,"override_policy_documents":null,"policy_id":null,"source_json":null,"source_policy_documents":null,"statement":[{"actions":["lambda:InvokeFunction"],"condition":[],"effect":"Allow","not_actions":null,"not_principals":[],"not_resources":null,"principals":[],"resources":[null],"sid":null}],"version":null},"after_unknown":{"id":true,"json":true,"minified_json":true,"statement":[{"actions":[false],"condition":[],"not_principals":[],"principals":[],"resources":[true]}]},"before_sensitive":false,"after_sensitive":{"statement":[{"actions":[false],"condition":[],"not_principals":[],"principals":[],"resources":[false]}]}},"action_reason":"read_because_config_unknown"},{"address":"aws_cloudwatch_log_group.lambda","mode":"managed","type":"aws_cloudwatch_log_group","name":"lambda","provider_name":"registry.terraform.io/hashicorp/aws","change":{"actions":["create"],"before":null,"after":{"kms_key_id":null,"name":"/aws/lambda/home-automation","region":"us-east-1","retention_in_days":14,"skip_destroy":false,"tags":null,"tags_all":{"Component":"home-automation","Environment":"dev","ManagedBy":"terraform","Project":"home-automation","Repository":"home-automation"}},"after_unknown":{"arn":true,"deletion_protection_enabled":true,"id":true,"log_group_class":true,"name_prefix":true,"tags_all":{}},"before_sensitive":false,"after_sensitive":{"tags_all":{}},"after_identity":{"account_id":null,"name":null,"region":null}}},{"address":"aws_ecr_lifecycle_policy.home_automation","mode":"managed","type":"aws_ecr_lifecycle_policy","name":"home_automation","provider_name":"registry.terraform.io/hashicorp/aws","change":{"actions":["create"],"before":null,"after":{"policy":"{\"rules\":[{\"action\":{\"type\":\"expire\"},\"description\":\"Keep last 20 images\",\"rulePriority\":1,\"selection\":{\"countNumber\":20,\"countType\":\"imageCountMoreThan\",\"tagStatus\":\"any\"}}]}","region":"us-east-1","repository":"home_automation"},"after_unknown":{"id":true,"registry_id":true},"before_sensitive":false,"after_sensitive":{},"after_identity":{"account_id":null,"region":null,"repository":null}}},{"address":"aws_ecr_repository.home_automation","mode":"managed","type":"aws_ecr_repository","name":"home_automation","provider_name":"registry.terraform.io/hashicorp/aws","change":{"actions":["create"],"before":null,"after":{"encryption_configuration":[{"encryption_type":"AES256"}],"force_delete":null,"image_scanning_configuration":[{"scan_on_push":true}],"image_tag_mutability":"MUTABLE","image_tag_mutability_exclusion_filter":[],"name":"home_automation","region":"us-east-1","tags":null,"tags_all":{"Component":"home-automation","Environment":"dev","ManagedBy":"terraform","Project":"home-automation","Repository":"home-automation"},"timeouts":null},"after_unknown":{"arn":true,"encryption_configuration":[{"kms_key":true}],"id":true,"image_scanning_configuration":[{}],"image_tag_mutability_exclusion_filter":[],"registry_id":true,"repository_url":true,"tags_all":{}},"before_sensitive":false,"after_sensitive":{"encryption_configuration":[{}],"image_scanning_configuration":[{}],"image_tag_mutability_exclusion_filter":[],"tags_all":{}},"after_identity":{"account_id":null,"name":null,"region":null}}},{"address":"aws_iam_policy.lambda_secrets","mode":"managed","type":"aws_iam_policy","name":"lambda_secrets","provider_name":"registry.terraform.io/hashicorp/aws","change":{"actions":["create"],"before":null,"after":{"delay_after_policy_creation_in_ms":null,"description":null,"name":"home-automation-dev-lambda-secrets","path":"/","tags":null,"tags_all":{"Component":"home-automation","Environment":"dev","ManagedBy":"terraform","Project":"home-automation","Repository":"home-automation"}},"after_unknown":{"arn":true,"attachment_count":true,"id":true,"name_prefix":true,"policy":true,"policy_id":true,"tags_all":{}},"before_sensitive":false,"after_sensitive":{"tags_all":{}},"after_identity":{"arn":null}}},{"address":"aws_iam_policy.scheduler_invoke_lambda","mode":"managed","type":"aws_iam_policy","name":"scheduler_invoke_lambda","provider_name":"registry.terraform.io/hashicorp/aws","change":{"actions":["create"],"before":null,"after":{"delay_after_policy_creation_in_ms":null,"description":null,"name":"home-automation-dev-scheduler-invoke-lambda","path":"/","tags":null,"tags_all":{"Component":"home-automation","Environment":"dev","ManagedBy":"terraform","Project":"home-automation","Repository":"home-automation"}},"after_unknown":{"arn":true,"attachment_count":true,"id":true,"name_prefix":true,"policy":true,"policy_id":true,"tags_all":{}},"before_sensitive":false,"after_sensitive":{"tags_all":{}},"after_identity":{"arn":null}}},{"address":"aws_iam_role.lambda","mode":"managed","type":"aws_iam_role","name":"lambda","provider_name":"registry.terraform.io/hashicorp/aws","change":{"actions":["create"],"before":null,"after":{"assume_role_policy":"{\"Statement\":[{\"Action\":\"sts:AssumeRole\",\"Effect\":\"Allow\",\"Principal\":{\"Service\":\"lambda.amazonaws.com\"}}],\"Version\":\"2012-10-17\"}","description":null,"force_detach_policies":false,"max_session_duration":3600,"name":"home-automation-dev-lambda","path":"/","permissions_boundary":null,"tags":null,"tags_all":{"Component":"home-automation","Environment":"dev","ManagedBy":"terraform","Project":"home-automation","Repository":"home-automation"}},"after_unknown":{"arn":true,"create_date":true,"id":true,"inline_policy":true,"managed_policy_arns":true,"name_prefix":true,"tags_all":{},"unique_id":true},"before_sensitive":false,"after_sensitive":{"inline_policy":[],"managed_policy_arns":[],"tags_all":{}},"after_identity":{"account_id":null,"name":null}}},{"address":"aws_iam_role.scheduler","mode":"managed","type":"aws_iam_role","name":"scheduler","provider_name":"registry.terraform.io/hashicorp/aws","change":{"actions":["create"],"before":null,"after":{"assume_role_policy":"{\"Statement\":[{\"Action\":\"sts:AssumeRole\",\"Effect\":\"Allow\",\"Principal\":{\"Service\":\"scheduler.amazonaws.com\"}}],\"Version\":\"2012-10-17\"}","description":null,"force_detach_policies":false,"max_session_duration":3600,"name":"home-automation-dev-scheduler","path":"/","permissions_boundary":null,"tags":null,"tags_all":{"Component":"home-automation","Environment":"dev","ManagedBy":"terraform","Project":"home-automation","Repository":"home-automation"}},"after_unknown":{"arn":true,"create_date":true,"id":true,"inline_policy":true,"managed_policy_arns":true,"name_prefix":true,"tags_all":{},"unique_id":true},"before_sensitive":false,"after_sensitive":{"inline_policy":[],"managed_policy_arns":[],"tags_all":{}},"after_identity":{"account_id":null,"name":null}}},{"address":"aws_iam_role_policy_attachment.lambda_basic","mode":"managed","type":"aws_iam_role_policy_attachment","name":"lambda_basic","provider_name":"registry.terraform.io/hashicorp/aws","change":{"actions":["create"],"before":null,"after":{"policy_arn":"arn:aws:iam::aws:policy/service-role/AWSLambdaBasicExecutionRole","role":"home-automation-dev-lambda"},"after_unknown":{"id":true},"before_sensitive":false,"after_sensitive":{},"after_identity":{"account_id":null,"policy_arn":null,"role":null}}},{"address":"aws_iam_role_policy_attachment.lambda_secrets","mode":"managed","type":"aws_iam_role_policy_attachment","name":"lambda_secrets","provider_name":"registry.terraform.io/hashicorp/aws","change":{"actions":["create"],"before":null,"after":{"role":"home-automation-dev-lambda"},"after_unknown":{"id":true,"policy_arn":true},"before_sensitive":false,"after_sensitive":{},"after_identity":{"account_id":null,"policy_arn":null,"role":null}}},{"address":"aws_iam_role_policy_attachment.scheduler_invoke_lambda","mode":"managed","type":"aws_iam_role_policy_attachment","name":"scheduler_invoke_lambda","provider_name":"registry.terraform.io/hashicorp/aws","change":{"actions":["create"],"before":null,"after":{"role":"home-automation-dev-scheduler"},"after_unknown":{"id":true,"policy_arn":true},"before_sensitive":false,"after_sensitive":{},"after_identity":{"account_id":null,"policy_arn":null,"role":null}}},{"address":"aws_lambda_function.home_automation","mode":"managed","type":"aws_lambda_function","name":"home_automation","provider_name":"registry.terraform.io/hashicorp/aws","change":{"actions":["create"],"before":null,"after":{"capacity_provider_config":[],"code_signing_config_arn":null,"dead_letter_config":[],"description":null,"durable_config":[],"environment":[{}],"file_system_config":[],"filename":null,"function_name":"home-automation","handler":null,"image_config":[],"kms_key_arn":null,"layers":null,"memory_size":256,"package_type":"Image","publish":false,"publish_to":null,"region":"us-east-1","replace_security_groups_on_destroy":null,"replacement_security_group_ids":null,"reserved_concurrent_executions":1,"runtime":null,"s3_bucket":null,"s3_key":null,"s3_object_version":null,"skip_destroy":false,"snap_start":[],"source_kms_key_arn":null,"tags":null,"tags_all":{"Component":"home-automation","Environment":"dev","ManagedBy":"terraform","Project":"home-automation","Repository":"home-automation"},"tenancy_config":[],"timeout":60,"timeouts":null,"vpc_config":[]},"after_unknown":{"architectures":true,"arn":true,"capacity_provider_config":[],"code_sha256":true,"dead_letter_config":[],"durable_config":[],"environment":[{"variables":true}],"ephemeral_storage":true,"file_system_config":[],"id":true,"image_config":[],"image_uri":true,"invoke_arn":true,"last_modified":true,"logging_config":true,"qualified_arn":true,"qualified_invoke_arn":true,"response_streaming_invoke_arn":true,"role":true,"signing_job_arn":true,"signing_profile_version_arn":true,"snap_start":[],"source_code_hash":true,"source_code_size":true,"tags_all":{},"tenancy_config":[],"tracing_config":true,"version":true,"vpc_config":[]},"before_sensitive":false,"after_sensitive":{"architectures":[],"capacity_provider_config":[],"dead_letter_config":[],"durable_config":[],"environment":[{"variables":{}}],"ephemeral_storage":[],"file_system_config":[],"image_config":[],"logging_config":[],"snap_start":[],"tags_all":{},"tenancy_config":[],"tracing_config":[],"vpc_config":[]},"after_identity":{"account_id":null,"function_name":null,"region":null}}},{"address":"aws_scheduler_schedule.home_automation","mode":"managed","type":"aws_scheduler_schedule","name":"home_automation","provider_name":"registry.terraform.io/hashicorp/aws","change":{"actions":["create"],"before":null,"after":{"description":null,"end_date":null,"flexible_time_window":[{"maximum_window_in_minutes":null,"mode":"OFF"}],"kms_key_arn":null,"name":"home-automation-dev-poll","region":"us-east-1","schedule_expression":"rate(5 minutes)","schedule_expression_timezone":"UTC","start_date":null,"state":"ENABLED","target":[{"dead_letter_config":[],"ecs_parameters":[],"eventbridge_parameters":[],"input":null,"kinesis_parameters":[],"retry_policy":[{"maximum_event_age_in_seconds":300,"maximum_retry_attempts":0}],"sagemaker_pipeline_parameters":[],"sqs_parameters":[]}]},"after_unknown":{"action_after_completion":true,"arn":true,"flexible_time_window":[{}],"group_name":true,"id":true,"name_prefix":true,"target":[{"arn":true,"dead_letter_config":[],"ecs_parameters":[],"eventbridge_parameters":[],"kinesis_parameters":[],"retry_policy":[{}],"role_arn":true,"sagemaker_pipeline_parameters":[],"sqs_parameters":[]}]},"before_sensitive":false,"after_sensitive":{"flexible_time_window":[{}],"target":[{"dead_letter_config":[],"ecs_parameters":[],"eventbridge_parameters":[],"kinesis_parameters":[],"retry_policy":[{}],"sagemaker_pipeline_parameters":[],"sqs_parameters":[]}]}}},{"address":"aws_secretsmanager_secret.influxdb","mode":"managed","type":"aws_secretsmanager_secret","name":"influxdb","provider_name":"registry.terraform.io/hashicorp/aws","change":{"actions":["create"],"before":null,"after":{"description":null,"force_overwrite_replica_secret":false,"kms_key_id":null,"name":"home-automation-dev/influxdb","recovery_window_in_days":0,"region":"us-east-1","tags":null,"tags_all":{"Component":"home-automation","Environment":"dev","ManagedBy":"terraform","Project":"home-automation","Repository":"home-automation"}},"after_unknown":{"arn":true,"id":true,"name_prefix":true,"policy":true,"replica":true,"tags_all":{}},"before_sensitive":false,"after_sensitive":{"replica":[],"tags_all":{}},"after_identity":{"arn":null}}},{"address":"aws_secretsmanager_secret.tuya","mode":"managed","type":"aws_secretsmanager_secret","name":"tuya","provider_name":"registry.terraform.io/hashicorp/aws","change":{"actions":["create"],"before":null,"after":{"description":null,"force_overwrite_replica_secret":false,"kms_key_id":null,"name":"home-automation-dev/tuya","recovery_window_in_days":0,"region":"us-east-1","tags":null,"tags_all":{"Component":"home-automation","Environment":"dev","ManagedBy":"terraform","Project":"home-automation","Repository":"home-automation"}},"after_unknown":{"arn":true,"id":true,"name_prefix":true,"policy":true,"replica":true,"tags_all":{}},"before_sensitive":false,"after_sensitive":{"replica":[],"tags_all":{}},"after_identity":{"arn":null}}},{"address":"aws_secretsmanager_secret_version.influxdb","mode":"managed","type":"aws_secretsmanager_secret_version","name":"influxdb","provider_name":"registry.terraform.io/hashicorp/aws","change":{"actions":["create"],"before":null,"after":{"region":"us-east-1","secret_binary":null,"secret_string":"{\"INFLUXDB_TOKEN\":\"ai-tf\"}","secret_string_wo":null,"secret_string_wo_version":null},"after_unknown":{"arn":true,"has_secret_string_wo":true,"id":true,"secret_id":true,"version_id":true,"version_stages":true},"before_sensitive":false,"after_sensitive":{"secret_binary":true,"secret_string":true,"secret_string_wo":true,"version_stages":[]},"after_identity":{"account_id":null,"region":null,"secret_id":null,"version_id":null}}},{"address":"aws_secretsmanager_secret_version.tuya","mode":"managed","type":"aws_secretsmanager_secret_version","name":"tuya","provider_name":"registry.terraform.io/hashicorp/aws","change":{"actions":["create"],"before":null,"after":{"region":"us-east-1","secret_binary":null,"secret_string":"{\"TUYA_APIKEY\":\"ai-tf\",\"TUYA_APISECRET\":\"ai-tf\"}","secret_string_wo":null,"secret_string_wo_version":null},"after_unknown":{"arn":true,"has_secret_string_wo":true,"id":true,"secret_id":true,"version_id":true,"version_stages":true},"before_sensitive":false,"after_sensitive":{"secret_binary":true,"secret_string":true,"secret_string_wo":true,"version_stages":[]},"after_identity":{"account_id":null,"region":null,"secret_id":null,"version_id":null}}}],"output_changes":{"ecr_repository_url":{"actions":["create"],"before":null,"after_unknown":true,"before_sensitive":false,"after_sensitive":false},"influxdb_secret_arn":{"actions":["create"],"before":null,"after_unknown":true,"before_sensitive":false,"after_sensitive":false},"lambda_function_arn":{"actions":["create"],"before":null,"after_unknown":true,"before_sensitive":false,"after_sensitive":false},"scheduler_schedule_arn":{"actions":["create"],"before":null,"after_unknown":true,"before_sensitive":false,"after_sensitive":false},"tuya_secret_arn":{"actions":["create"],"before":null,"after_unknown":true,"before_sensitive":false,"after_sensitive":false}},"prior_state":{"format_version":"1.0","terraform_version":"1.13.5","values":{"root_module":{"resources":[{"address":"data.archive_file.lambda_dummy","mode":"data","type":"archive_file","name":"lambda_dummy","provider_name":"registry.terraform.io/hashicorp/archive","schema_version":0,"values":{"exclude_symlink_directories":null,"excludes":null,"id":"58e93fade67637870be5af38eff8d5aa66c7da49","output_base64sha256":"wmbalFzzY/wG3ivChKElOZB3+B4gptmQyIat05p+fU4=","output_base64sha512":"BQYAg1LwEY4tDmry1VoRx6StX0vjH+7LpfB5KAZLVvfJQjioPbBv1QxI6QF6P2U614fU3h9XKBCb9z5Y1ornqA==","output_file_mode":null,"output_md5":"a0dbd832a6a977d6d5b28ea5c85e30fb","output_path":"./.dummy/lambda.zip","output_sha":"58e93fade67637870be5af38eff8d5aa66c7da49","output_sha256":"c266da945cf363fc06de2bc284a125399077f81e20a6d990c886add39a7e7d4e","output_sha512":"0506008352f0118e2d0e6af2d55a11c7a4ad5f4be31feecba5f07928064b56f7c94238a83db06fd50c48e9017a3f653ad787d4de1f5728109bf73e58d68ae7a8","output_size":246,"source":[{"content":"exports.handler = async (event) =\u003e {\n  console.log(\"Dummy lambda invoked\");\n  return { statusCode: 200, body: \"dummy\" };\n};\n","filename":"index.js"}],"source_content":null,"source_content_filename":null,"source_dir":null,"source_file":null,"type":"zip"},"sensitive_values":{"source":[{}]}},{"address":"data.aws_caller_identity.current","mode":"data","type":"aws_caller_identity","name":"current","provider_name":"registry.terraform.io/hashicorp/aws","schema_version":0,"values":{"account_id":"000000000000","arn":"arn:aws:iam::000000000000:root","id":"000000000000","user_id":"AKIAIOSFODNN7EXAMPLE"},"sensitive_values":{}},{"address":"data.aws_iam_policy_document.lambda_assume_role","mode":"data","type":"aws_iam_policy_document","name":"lambda_assume_role","provider_name":"registry.terraform.io/hashicorp/aws","schema_version":0,"values":{"id":"2690255455","json":"{\n  \"Version\": \"2012-10-17\",\n  \"Statement\": [\n    {\n      \"Effect\": \"Allow\",\n      \"Action\": \"sts:AssumeRole\",\n      \"Principal\": {\n        \"Service\": \"lambda.amazonaws.com\"\n      }\n    }\n  ]\n}","minified_json":"{\"Version\":\"2012-10-17\",\"Statement\":[{\"Effect\":\"Allow\",\"Action\":\"sts:AssumeRole\",\"Principal\":{\"Service\":\"lambda.amazonaws.com\"}}]}","override_json":null,"override_policy_documents":null,"policy_id":null,"source_json":null,"source_policy_documents":null,"statement":[{"actions":["sts:AssumeRole"],"condition":[],"effect":"Allow","not_actions":[],"not_principals":[],"not_resources":[],"principals":[{"identifiers":["lambda.amazonaws.com"],"type":"Service"}],"resources":[],"sid":""}],"version":"2012-10-17"},"sensitive_values":{"statement":[{"actions":[false],"condition":[],"not_actions":[],"not_principals":[],"not_resources":[],"principals":[{"identifiers":[false]}],"resources":[]}]}},{"address":"data.aws_iam_policy_document.scheduler_assume_role","mode":"data","type":"aws_iam_policy_document","name":"scheduler_assume_role","provider_name":"registry.terraform.io/hashicorp/aws","schema_version":0,"values":{"id":"52247394","json":"{\n  \"Version\": \"2012-10-17\",\n  \"Statement\": [\n    {\n      \"Effect\": \"Allow\",\n      \"Action\": \"sts:AssumeRole\",\n      \"Principal\": {\n        \"Service\": \"scheduler.amazonaws.com\"\n      }\n    }\n  ]\n}","minified_json":"{\"Version\":\"2012-10-17\",\"Statement\":[{\"Effect\":\"Allow\",\"Action\":\"sts:AssumeRole\",\"Principal\":{\"Service\":\"scheduler.amazonaws.com\"}}]}","override_json":null,"override_policy_documents":null,"policy_id":null,"source_json":null,"source_policy_documents":null,"statement":[{"actions":["sts:AssumeRole"],"condition":[],"effect":"Allow","not_actions":[],"not_principals":[],"not_resources":[],"principals":[{"identifiers":["scheduler.amazonaws.com"],"type":"Service"}],"resources":[],"sid":""}],"version":"2012-10-17"},"sensitive_values":{"statement":[{"actions":[false],"condition":[],"not_actions":[],"not_principals":[],"not_resources":[],"principals":[{"identifiers":[false]}],"resources":[]}]}},{"address":"data.aws_region.current","mode":"data","type":"aws_region","name":"current","provider_name":"registry.terraform.io/hashicorp/aws","schema_version":0,"values":{"description":"US East (N. Virginia)","endpoint":"ec2.us-east-1.amazonaws.com","id":"us-east-1","name":"us-east-1","region":"us-east-1"},"sensitive_values":{}}]}}},"configuration":{"provider_config":{"archive":{"name":"archive","full_name":"registry.terraform.io/hashicorp/archive"},"aws":{"name":"aws","full_name":"registry.terraform.io/hashicorp/aws","version_constraint":"~\u003e 6.31","expressions":{"default_tags":[{"tags":{"references":["var.project_name","var.project_name","var.environment"]}}],"region":{"references":["var.aws_region"]}}}},"root_module":{"outputs":{"ecr_repository_url":{"expression":{"references":["aws_ecr_repository.home_automation.repository_url","aws_ecr_repository.home_automation"]},"description":"ECR repository URL to push the Lambda image to."},"influxdb_secret_arn":{"expression":{"references":["aws_secretsmanager_secret.influxdb.arn","aws_secretsmanager_secret.influxdb"]},"description":"Secrets Manager secret ARN containing INFLUXDB_TOKEN."},"lambda_function_arn":{"expression":{"references":["aws_lambda_function.home_automation.arn","aws_lambda_function.home_automation"]},"description":"Lambda function ARN."},"scheduler_schedule_arn":{"expression":{"references":["aws_scheduler_schedule.home_automation.arn","aws_scheduler_schedule.home_automation"]},"description":"EventBridge Scheduler schedule ARN."},"tuya_secret_arn":{"expression":{"references":["aws_secretsmanager_secret.tuya.arn","aws_secretsmanager_secret.tuya"]},"description":"Secrets Manager secret ARN containing TUYA_APIKEY and TUYA_APISECRET."}},"resources":[{"address":"aws_cloudwatch_log_group.lambda","mode":"managed","type":"aws_cloudwatch_log_group","name":"lambda","provider_config_key":"aws","expressions":{"name":{"references":["var.lambda_function_name"]},"retention_in_days":{"constant_value":14}},"schema_version":0},{"address":"aws_ecr_lifecycle_policy.home_automation","mode":"managed","type":"aws_ecr_lifecycle_policy","name":"home_automation","provider_config_key":"aws","expressions":{"policy":{},"repository":{"references":["aws_ecr_repository.home_automation.name","aws_ecr_repository.home_automation"]}},"schema_version":0},{"address":"aws_ecr_repository.home_automation","mode":"managed","type":"aws_ecr_repository","name":"home_automation","provider_config_key":"aws","expressions":{"encryption_configuration":[{"encryption_type":{"constant_value":"AES256"}}],"image_scanning_configuration":[{"scan_on_push":{"constant_value":true}}],"image_tag_mutability":{"constant_value":"MUTABLE"},"name":{"references":["var.ecr_repository_name"]}},"schema_version":0},{"address":"aws_iam_policy.lambda_secrets","mode":"managed","type":"aws_iam_policy","name":"lambda_secrets","provider_config_key":"aws","expressions":{"name":{"references":["local.name_prefix"]},"policy":{"references":["data.aws_iam_policy_document.lambda_secrets.json","data.aws_iam_policy_document.lambda_secrets"]}},"schema_version":0},{"address":"aws_iam_policy.scheduler_invoke_lambda","mode":"managed","type":"aws_iam_policy","name":"scheduler_invoke_lambda","provider_config_key":"aws","expressions":{"name":{"references":["local.name_prefix"]},"policy":{"references":["data.aws_iam_policy_document.scheduler_invoke_lambda.json","data.aws_iam_policy_document.scheduler_invoke_lambda"]}},"schema_version":0},{"address":"aws_iam_role.lambda","mode":"managed","type":"aws_iam_role","name":"lambda","provider_config_key":"aws","expressions":{"assume_role_policy":{"references":["data.aws_iam_policy_document.lambda_assume_role.json","data.aws_iam_policy_document.lambda_assume_role"]},"name":{"references":["local.name_prefix"]}},"schema_version":0},{"address":"aws_iam_role.scheduler","mode":"managed","type":"aws_iam_role","name":"scheduler","provider_config_key":"aws","expressions":{"assume_role_policy":{"references":["data.aws_iam_policy_document.scheduler_assume_role.json","data.aws_iam_policy_document.scheduler_assume_role"]},"name":{"references":["local.name_prefix"]}},"schema_version":0},{"address":"aws_iam_role_policy_attachment.lambda_basic","mode":"managed","type":"aws_iam_role_policy_attachment","name":"lambda_basic","provider_config_key":"aws","expressions":{"policy_arn":{"constant_value":"arn:aws:iam::aws:policy/service-role/AWSLambdaBasicExecutionRole"},"role":{"references":["aws_iam_role.lambda.name","aws_iam_role.lambda"]}},"schema_version":0},{"address":"aws_iam_role_policy_attachment.lambda_secrets","mode":"managed","type":"aws_iam_role_policy_attachment","name":"lambda_secrets","provider_config_key":"aws","expressions":{"policy_arn":{"references":["aws_iam_policy.lambda_secrets.arn","aws_iam_policy.lambda_secrets"]},"role":{"references":["aws_iam_role.lambda.name","aws_iam_role.lambda"]}},"schema_version":0},{"address":"aws_iam_role_policy_attachment.lambda_vpc","mode":"managed","type":"aws_iam_role_policy_attachment","name":"lambda_vpc","provider_config_key":"aws","expressions":{"policy_arn":{"constant_value":"arn:aws:iam::aws:policy/service-role/AWSLambdaVPCAccessExecutionRole"},"role":{"references":["aws_iam_role.lambda.name","aws_iam_role.lambda"]}},"schema_version":0,"count_expression":{"references":["local.use_vpc"]}},{"address":"aws_iam_role_policy_attachment.scheduler_invoke_lambda","mode":"managed","type":"aws_iam_role_policy_attachment","name":"scheduler_invoke_lambda","provider_config_key":"aws","expressions":{"policy_arn":{"references":["aws_iam_policy.scheduler_invoke_lambda.arn","aws_iam_policy.scheduler_invoke_lambda"]},"role":{"references":["aws_iam_role.scheduler.name","aws_iam_role.scheduler"]}},"schema_version":0},{"address":"aws_lambda_function.home_automation","mode":"managed","type":"aws_lambda_function","name":"home_automation","provider_config_key":"aws","expressions":{"environment":[{"variables":{"references":["var.tuya_apisregion","var.influxdb_url","var.influxdb_org","var.influxdb_bucket","aws_secretsmanager_secret.tuya.arn","aws_secretsmanager_secret.tuya","aws_secretsmanager_secret.influxdb.arn","aws_secretsmanager_secret.influxdb"]}}],"function_name":{"references":["var.lambda_function_name"]},"image_uri":{"references":["aws_ecr_repository.home_automation.repository_url","aws_ecr_repository.home_automation","var.lambda_image_tag"]},"memory_size":{"references":["var.lambda_memory_mb"]},"package_type":{"constant_value":"Image"},"reserved_concurrent_executions":{"references":["var.lambda_reserved_concurrency"]},"role":{"references":["aws_iam_role.lambda.arn","aws_iam_role.lambda"]},"timeout":{"references":["var.lambda_timeout_seconds"]}},"schema_version":0,"depends_on":["aws_cloudwatch_log_group.lambda","aws_iam_role_policy_attachment.lambda_basic"]},{"address":"aws_scheduler_schedule.home_automation","mode":"managed","type":"aws_scheduler_schedule","name":"home_automation","provider_config_key":"aws","expressions":{"flexible_time_window":[{"mode":{"constant_value":"OFF"}}],"name":{"references":["local.name_prefix"]},"schedule_expression":{"references":["var.schedule_expression"]},"target":[{"arn":{"references":["aws_lambda_function.home_automation.arn","aws_lambda_function.home_automation"]},"retry_policy":[{"maximum_event_age_in_seconds":{"constant_value":300},"maximum_retry_attempts":{"constant_value":0}}],"role_arn":{"references":["aws_iam_role.scheduler.arn","aws_iam_role.scheduler"]}}]},"schema_version":0},{"address":"aws_secretsmanager_secret.influxdb","mode":"managed","type":"aws_secretsmanager_secret","name":"influxdb","provider_config_key":"aws","expressions":{"name":{"references":["local.name_prefix"]},"recovery_window_in_days":{"constant_value":0}},"schema_version":0},{"address":"aws_secretsmanager_secret.tuya","mode":"managed","type":"aws_secretsmanager_secret","name":"tuya","provider_config_key":"aws","expressions":{"name":{"references":["local.name_prefix"]},"recovery_window_in_days":{"constant_value":0}},"schema_version":0},{"address":"aws_secretsmanager_secret_version.influxdb","mode":"managed","type":"aws_secretsmanager_secret_version","name":"influxdb","provider_config_key":"aws","expressions":{"secret_id":{"references":["aws_secretsmanager_secret.influxdb.id","aws_secretsmanager_secret.influxdb"]},"secret_string":{"references":["var.influxdb_token"]}},"schema_version":0},{"address":"aws_secretsmanager_secret_version.tuya","mode":"managed","type":"aws_secretsmanager_secret_version","name":"tuya","provider_config_key":"aws","expressions":{"secret_id":{"references":["aws_secretsmanager_secret.tuya.id","aws_secretsmanager_secret.tuya"]},"secret_string":{"references":["var.tuya_apikey","var.tuya_apisecret"]}},"schema_version":0},{"address":"data.archive_file.lambda_dummy","mode":"data","type":"archive_file","name":"lambda_dummy","provider_config_key":"archive","expressions":{"output_path":{"references":["local.lambda_dummy_zip"]},"source":[{"content":{"constant_value":"exports.handler = async (event) =\u003e {\n  console.log(\"Dummy lambda invoked\");\n  return { statusCode: 200, body: \"dummy\" };\n};\n"},"filename":{"constant_value":"index.js"}}],"type":{"constant_value":"zip"}},"schema_version":0},{"address":"data.aws_caller_identity.current","mode":"data","type":"aws_caller_identity","name":"current","provider_config_key":"aws","schema_version":0},{"address":"data.aws_iam_policy_document.lambda_assume_role","mode":"data","type":"aws_iam_policy_document","name":"lambda_assume_role","provider_config_key":"aws","expressions":{"statement":[{"actions":{"constant_value":["sts:AssumeRole"]},"effect":{"constant_value":"Allow"},"principals":[{"identifiers":{"constant_value":["lambda.amazonaws.com"]},"type":{"constant_value":"Service"}}]}]},"schema_version":0},{"address":"data.aws_iam_policy_document.lambda_secrets","mode":"data","type":"aws_iam_policy_document","name":"lambda_secrets","provider_config_key":"aws","expressions":{"statement":[{"actions":{"constant_value":["secretsmanager:GetSecretValue","secretsmanager:DescribeSecret"]},"effect":{"constant_value":"Allow"},"resources":{"references":["aws_secretsmanager_secret.tuya.arn","aws_secretsmanager_secret.tuya","aws_secretsmanager_secret.influxdb.arn","aws_secretsmanager_secret.influxdb"]}}]},"schema_version":0},{"address":"data.aws_iam_policy_document.scheduler_assume_role","mode":"data","type":"aws_iam_policy_document","name":"scheduler_assume_role","provider_config_key":"aws","expressions":{"statement":[{"actions":{"constant_value":["sts:AssumeRole"]},"effect":{"constant_value":"Allow"},"principals":[{"identifiers":{"constant_value":["scheduler.amazonaws.com"]},"type":{"constant_value":"Service"}}]}]},"schema_version":0},{"address":"data.aws_iam_policy_document.scheduler_invoke_lambda","mode":"data","type":"aws_iam_policy_document","name":"scheduler_invoke_lambda","provider_config_key":"aws","expressions":{"statement":[{"actions":{"constant_value":["lambda:InvokeFunction"]},"effect":{"constant_value":"Allow"},"resources":{"references":["aws_lambda_function.home_automation.arn","aws_lambda_function.home_automation"]}}]},"schema_version":0},{"address":"data.aws_region.current","mode":"data","type":"aws_region","name":"current","provider_config_key":"aws","schema_version":0}],"variables":{"aws_region":{"default":"us-east-1","description":"AWS region to deploy into."},"ecr_repository_name":{"default":"home_automation","description":"ECR repository name for the Lambda container image."},"environment":{"default":"dev","description":"Environment name (e.g., dev, prod)."},"influxdb_bucket":{"description":"InfluxDB bucket."},"influxdb_org":{"description":"InfluxDB organization."},"influxdb_token":{"description":"InfluxDB token (stored in Secrets Manager).","sensitive":true},"influxdb_url":{"description":"InfluxDB base URL reachable from Lambda (e.g., https://influx.example.com:8086)."},"lambda_function_name":{"default":"home-automation","description":"Lambda function name."},"lambda_image_tag":{"default":"latest","description":"Container image tag to deploy. You must build and push this tag to ECR."},"lambda_memory_mb":{"default":256,"description":"Lambda memory in MB."},"lambda_reserved_concurrency":{"default":1,"description":"Reserved concurrency for the Lambda. Set to 1 to avoid overlapping runs. Use -1 for unreserved."},"lambda_timeout_seconds":{"default":60,"description":"Lambda timeout in seconds."},"lambda_vpc_security_group_ids":{"default":[],"description":"Optional: security group IDs for Lambda VPC config. Required if lambda_vpc_subnet_ids is set."},"lambda_vpc_subnet_ids":{"default":[],"description":"Optional: subnet IDs for Lambda VPC config. Leave empty to run Lambda without VPC."},"project_name":{"default":"home-automation","description":"Project/name prefix used for resources."},"schedule_expression":{"default":"rate(5 minutes)","description":"EventBridge Scheduler expression, e.g. rate(5 minutes)."},"tuya_apikey":{"description":"Tuya API key (stored in Secrets Manager).","sensitive":true},"tuya_apisecret":{"description":"Tuya API secret (stored in Secrets Manager).","sensitive":true},"tuya_apisregion":{"description":"Tuya API region (e.g., eu, us, cn)."}}}},"relevant_attributes":[{"resource":"aws_ecr_repository.home_automation","attribute":["name"]},{"resource":"aws_secretsmanager_secret.influxdb","attribute":["arn"]},{"resource":"data.aws_iam_policy_document.scheduler_invoke_lambda","attribute":["json"]},{"resource":"aws_iam_role.lambda","attribute":["name"]},{"resource":"aws_secretsmanager_secret.influxdb","attribute":["id"]},{"resource":"aws_iam_role.scheduler","attribute":["name"]},{"resource":"data.aws_iam_policy_document.scheduler_assume_role","attribute":["json"]},{"resource":"aws_scheduler_schedule.home_automation","attribute":["arn"]},{"resource":"aws_lambda_function.home_automation","attribute":["arn"]},{"resource":"aws_secretsmanager_secret.tuya","attribute":["id"]},{"resource":"data.aws_iam_policy_document.lambda_assume_role","attribute":["json"]},{"resource":"aws_secretsmanager_secret.tuya","attribute":["arn"]},{"resource":"data.aws_iam_policy_document.lambda_secrets","attribute":["json"]},{"resource":"aws_iam_policy.lambda_secrets","attribute":["arn"]},{"resource":"aws_ecr_repository.home_automation","attribute":["repository_url"]},{"resource":"aws_iam_role.lambda","attribute":["arn"]},{"resource":"aws_iam_policy.scheduler_invoke_lambda","attribute":["arn"]},{"resource":"aws_iam_role.scheduler","attribute":["arn"]}],"timestamp":"2026-02-06T14:19:15Z","applyable":true,"complete":true,"errored":false}
