{
  "version": 4,
  "terraform_version": "1.13.5",
  "serial": 1,
  "lineage": "6b9bd6de-839a-3786-fd2a-f651a4afa6a2",
  "outputs": {},
  "resources": [
    {
      "mode": "managed",
      "type": "random_id",
      "name": "suffix",
      "provider": "provider[\"registry.terraform.io/hashicorp/random\"]",
      "instances": [
        {
          "schema_version": 0,
          "attributes": {
            "b64_std": "5nbrqQ==",
            "b64_url": "5nbrqQ",
            "byte_length": 4,
            "dec": "3866553257",
            "hex": "e676eba9",
            "id": "5nbrqQ",
            "keepers": null,
            "prefix": null
          },
          "sensitive_attributes": [],
          "identity_schema_version": 0
        }
      ]
    }
  ],
  "check_results": null
}
