{"format_version":"1.2","terraform_version":"1.13.5","variables":{"aws_region":{"value":"us-east-1"},"container_image":{"value":"ai-tf"},"ecs_service_name":{"value":"go-app-service"},"ecs_task_cpu":{"value":256},"ecs_task_memory":{"value":512},"private_subnet_cidrs":{"value":["10.0.2.0/24"]},"public_subnet_cidrs":{"value":["10.0.1.0/24"]},"s3_bucket_name":{"value":"ai-tf"},"vpc_cidr":{"value":"10.0.0.0/16"}},"planned_values":{"outputs":{"alb_dns_name":{"sensitive":false},"ecs_cluster_name":{"sensitive":false,"type":"string","value":"go-app-cluster"},"ecs_service_name":{"sensitive":false,"type":"string","value":"go-app-service"},"private_subnet_ids":{"sensitive":false},"public_subnet_ids":{"sensitive":false},"s3_bucket_name":{"sensitive":false,"type":"string","value":"ai-tf"},"vpc_id":{"sensitive":false}},"root_module":{"resources":[{"address":"aws_cloudwatch_log_group.ecs","mode":"managed","type":"aws_cloudwatch_log_group","name":"ecs","provider_name":"registry.terraform.io/hashicorp/aws","schema_version":0,"values":{"kms_key_id":null,"name":"/ecs/go-app","region":"us-east-1","retention_in_days":7,"skip_destroy":false,"tags":null},"sensitive_values":{"tags_all":{}},"identity_schema_version":0,"identity":{"account_id":null,"name":null,"region":null}},{"address":"aws_ecr_repository.app","mode":"managed","type":"aws_ecr_repository","name":"app","provider_name":"registry.terraform.io/hashicorp/aws","schema_version":0,"values":{"encryption_configuration":[],"force_delete":null,"image_scanning_configuration":[{"scan_on_push":true}],"image_tag_mutability":"MUTABLE","image_tag_mutability_exclusion_filter":[],"name":"go-app-repo","region":"us-east-1","tags":{"Name":"go-app-ecr-repo"},"tags_all":{"Name":"go-app-ecr-repo"},"timeouts":null},"sensitive_values":{"encryption_configuration":[],"image_scanning_configuration":[{}],"image_tag_mutability_exclusion_filter":[],"tags":{},"tags_all":{}},"identity_schema_version":0,"identity":{"account_id":null,"name":null,"region":null}},{"address":"aws_ecs_cluster.main","mode":"managed","type":"aws_ecs_cluster","name":"main","provider_name":"registry.terraform.io/hashicorp/aws","schema_version":0,"values":{"configuration":[],"name":"go-app-cluster","region":"us-east-1","service_connect_defaults":[],"tags":null},"sensitive_values":{"configuration":[],"service_connect_defaults":[],"setting":[],"tags_all":{}}},{"address":"aws_ecs_service.app","mode":"managed","type":"aws_ecs_service","name":"app","provider_name":"registry.terraform.io/hashicorp/aws","schema_version":1,"values":{"alarms":[],"capacity_provider_strategy":[],"deployment_circuit_breaker":[],"deployment_controller":[],"deployment_maximum_percent":200,"deployment_minimum_healthy_percent":100,"desired_count":1,"enable_ecs_managed_tags":false,"enable_execute_command":false,"force_delete":null,"force_new_deployment":null,"health_check_grace_period_seconds":null,"launch_type":"FARGATE","load_balancer":[],"name":"go-app-service","network_configuration":[{"assign_public_ip":false}],"ordered_placement_strategy":[],"placement_constraints":[],"propagate_tags":null,"region":"us-east-1","scheduling_strategy":"REPLICA","service_connect_configuration":[],"service_registries":[],"sigint_rollback":null,"tags":null,"timeouts":null,"volume_configuration":[],"vpc_lattice_configurations":[],"wait_for_steady_state":false},"sensitive_values":{"alarms":[],"capacity_provider_strategy":[],"deployment_circuit_breaker":[],"deployment_configuration":[],"deployment_controller":[],"load_balancer":[],"network_configuration":[{"security_groups":[],"subnets":[]}],"ordered_placement_strategy":[],"placement_constraints":[],"service_connect_configuration":[],"service_registries":[],"tags_all":{},"triggers":{},"volume_configuration":[],"vpc_lattice_configurations":[]}},{"address":"aws_ecs_task_definition.app","mode":"managed","type":"aws_ecs_task_definition","name":"app","provider_name":"registry.terraform.io/hashicorp/aws","schema_version":1,"values":{"container_definitions":"[{\"environment\":[{\"name\":\"AWS_REGION\",\"value\":\"us-east-1\"},{\"name\":\"S3_BUCKET\",\"value\":\"ai-tf\"}],\"essential\":true,\"image\":\"ai-tf\",\"logConfiguration\":{\"logDriver\":\"awslogs\",\"options\":{\"awslogs-group\":\"/ecs/go-app\",\"awslogs-region\":\"us-east-1\",\"awslogs-stream-prefix\":\"ecs\"}},\"name\":\"go-app-container\",\"portMappings\":[{\"containerPort\":8080,\"hostPort\":8080,\"protocol\":\"tcp\"}]}]","cpu":"256","ephemeral_storage":[],"family":"go-app-task","ipc_mode":null,"memory":"512","network_mode":"awsvpc","pid_mode":null,"placement_constraints":[],"proxy_configuration":[],"region":"us-east-1","requires_compatibilities":["FARGATE"],"runtime_platform":[],"skip_destroy":false,"tags":null,"track_latest":false,"volume":[]},"sensitive_values":{"ephemeral_storage":[],"placement_constraints":[],"proxy_configuration":[],"requires_compatibilities":[false],"runtime_platform":[],"tags_all":{},"volume":[]}},{"address":"aws_eip.nat","mode":"managed","type":"aws_eip","name":"nat","provider_name":"registry.terraform.io/hashicorp/aws","schema_version":0,"values":{"address":null,"associate_with_private_ip":null,"customer_owned_ipv4_pool":null,"domain":"vpc","region":"us-east-1","tags":null,"timeouts":null},"sensitive_values":{"tags_all":{}}},{"address":"aws_iam_policy.s3_access","mode":"managed","type":"aws_iam_policy","name":"s3_access","provider_name":"registry.terraform.io/hashicorp/aws","schema_version":0,"values":{"description":"Allow ECS tasks to access S3 bucket.","name":"go-app-s3-access-policy","path":"/","tags":null},"sensitive_values":{"tags_all":{}},"identity_schema_version":0,"identity":{"arn":null}},{"address":"aws_iam_role.ecs_task_execution","mode":"managed","type":"aws_iam_role","name":"ecs_task_execution","provider_name":"registry.terraform.io/hashicorp/aws","schema_version":0,"values":{"assume_role_policy":"{\"Statement\":[{\"Action\":\"sts:AssumeRole\",\"Effect\":\"Allow\",\"Principal\":{\"Service\":\"ecs-tasks.amazonaws.com\"}}],\"Version\":\"2012-10-17\"}","description":null,"force_detach_policies":false,"max_session_duration":3600,"name":"go-app-ecs-task-execution-role","path":"/","permissions_boundary":null,"tags":null},"sensitive_values":{"inline_policy":[],"managed_policy_arns":[],"tags_all":{}},"identity_schema_version":0,"identity":{"account_id":null,"name":null}},{"address":"aws_iam_role_policy_attachment.ecs_task_execution_policy","mode":"managed","type":"aws_iam_role_policy_attachment","name":"ecs_task_execution_policy","provider_name":"registry.terraform.io/hashicorp/aws","schema_version":0,"values":{"policy_arn":"arn:aws:iam::aws:policy/service-role/AmazonECSTaskExecutionRolePolicy","role":"go-app-ecs-task-execution-role"},"sensitive_values":{},"identity_schema_version":0,"identity":{"account_id":null,"policy_arn":null,"role":null}},{"address":"aws_iam_role_policy_attachment.ecs_task_s3_access","mode":"managed","type":"aws_iam_role_policy_attachment","name":"ecs_task_s3_access","provider_name":"registry.terraform.io/hashicorp/aws","schema_version":0,"values":{"role":"go-app-ecs-task-execution-role"},"sensitive_values":{},"identity_schema_version":0,"identity":{"account_id":null,"policy_arn":null,"role":null}},{"address":"aws_internet_gateway.main","mode":"managed","type":"aws_internet_gateway","name":"main","provider_name":"registry.terraform.io/hashicorp/aws","schema_version":0,"values":{"region":"us-east-1","tags":{"Name":"go-app-igw"},"tags_all":{"Name":"go-app-igw"},"timeouts":null},"sensitive_values":{"tags":{},"tags_all":{}}},{"address":"aws_lb.app","mode":"managed","type":"aws_lb","name":"app","provider_name":"registry.terraform.io/hashicorp/aws","schema_version":0,"values":{"access_logs":[],"client_keep_alive":3600,"connection_logs":[],"customer_owned_ipv4_pool":null,"desync_mitigation_mode":"defensive","dns_record_client_routing_policy":null,"drop_invalid_header_fields":false,"enable_cross_zone_load_balancing":null,"enable_deletion_protection":false,"enable_http2":true,"enable_tls_version_and_cipher_suite_headers":false,"enable_waf_fail_open":false,"enable_xff_client_port":false,"enable_zonal_shift":false,"health_check_logs":[],"idle_timeout":60,"internal":false,"ipam_pools":[],"load_balancer_type":"application","minimum_load_balancer_capacity":[],"name":"go-app-alb","preserve_host_header":false,"region":"us-east-1","tags":{"Name":"go-app-alb"},"tags_all":{"Name":"go-app-alb"},"timeouts":null,"xff_header_processing_mode":"append"},"sensitive_values":{"access_logs":[],"connection_logs":[],"health_check_logs":[],"ipam_pools":[],"minimum_load_balancer_capacity":[],"security_groups":[],"subnet_mapping":[],"subnets":[],"tags":{},"tags_all":{}},"identity_schema_version":0,"identity":{"arn":null}},{"address":"aws_lb_listener.http","mode":"managed","type":"aws_lb_listener","name":"http","provider_name":"registry.terraform.io/hashicorp/aws","schema_version":0,"values":{"alpn_policy":null,"certificate_arn":null,"default_action":[{"authenticate_cognito":[],"authenticate_oidc":[],"fixed_response":[],"forward":[],"jwt_validation":[],"redirect":[],"type":"forward"}],"port":80,"protocol":"HTTP","region":"us-east-1","tags":null,"timeouts":null},"sensitive_values":{"default_action":[{"authenticate_cognito":[],"authenticate_oidc":[],"fixed_response":[],"forward":[],"jwt_validation":[],"redirect":[]}],"mutual_authentication":[],"tags_all":{}},"identity_schema_version":0,"identity":{"arn":null}},{"address":"aws_lb_target_group.app","mode":"managed","type":"aws_lb_target_group","name":"app","provider_name":"registry.terraform.io/hashicorp/aws","schema_version":0,"values":{"deregistration_delay":"300","health_check":[{"enabled":true,"healthy_threshold":2,"interval":30,"matcher":"200-399","path":"/","port":"traffic-port","protocol":"HTTP","timeout":5,"unhealthy_threshold":2}],"lambda_multi_value_headers_enabled":false,"name":"go-app-tg","port":8080,"protocol":"HTTP","proxy_protocol_v2":false,"region":"us-east-1","slow_start":0,"tags":{"Name":"go-app-tg"},"tags_all":{"Name":"go-app-tg"},"target_control_port":null,"target_type":"instance"},"sensitive_values":{"health_check":[{}],"load_balancer_arns":[],"stickiness":[],"tags":{},"tags_all":{},"target_failover":[],"target_group_health":[],"target_health_state":[]},"identity_schema_version":0,"identity":{"arn":null}},{"address":"aws_nat_gateway.main","mode":"managed","type":"aws_nat_gateway","name":"main","provider_name":"registry.terraform.io/hashicorp/aws","schema_version":0,"values":{"availability_zone_address":[],"connectivity_type":"public","region":"us-east-1","tags":{"Name":"go-app-nat-gw"},"tags_all":{"Name":"go-app-nat-gw"},"timeouts":null},"sensitive_values":{"availability_zone_address":[],"regional_nat_gateway_address":[],"secondary_allocation_ids":[],"secondary_private_ip_addresses":[],"tags":{},"tags_all":{}}},{"address":"aws_route.private_nat_gateway","mode":"managed","type":"aws_route","name":"private_nat_gateway","provider_name":"registry.terraform.io/hashicorp/aws","schema_version":0,"values":{"carrier_gateway_id":null,"core_network_arn":null,"destination_cidr_block":"0.0.0.0/0","destination_ipv6_cidr_block":null,"destination_prefix_list_id":null,"egress_only_gateway_id":null,"gateway_id":null,"local_gateway_id":null,"region":"us-east-1","timeouts":null,"transit_gateway_id":null,"vpc_endpoint_id":null,"vpc_peering_connection_id":null},"sensitive_values":{},"identity_schema_version":0,"identity":{"account_id":null,"destination_cidr_block":null,"destination_ipv6_cidr_block":null,"destination_prefix_list_id":null,"region":null,"route_table_id":null}},{"address":"aws_route.public_internet_access","mode":"managed","type":"aws_route","name":"public_internet_access","provider_name":"registry.terraform.io/hashicorp/aws","schema_version":0,"values":{"carrier_gateway_id":null,"core_network_arn":null,"destination_cidr_block":"0.0.0.0/0","destination_ipv6_cidr_block":null,"destination_prefix_list_id":null,"egress_only_gateway_id":null,"local_gateway_id":null,"nat_gateway_id":null,"region":"us-east-1","timeouts":null,"transit_gateway_id":null,"vpc_endpoint_id":null,"vpc_peering_connection_id":null},"sensitive_values":{},"identity_schema_version":0,"identity":{"account_id":null,"destination_cidr_block":null,"destination_ipv6_cidr_block":null,"destination_prefix_list_id":null,"region":null,"route_table_id":null}},{"address":"aws_route_table.private","mode":"managed","type":"aws_route_table","name":"private","provider_name":"registry.terraform.io/hashicorp/aws","schema_version":0,"values":{"region":"us-east-1","tags":{"Name":"go-app-private-rt"},"tags_all":{"Name":"go-app-private-rt"},"timeouts":null},"sensitive_values":{"propagating_vgws":[],"route":[],"tags":{},"tags_all":{}},"identity_schema_version":0,"identity":{"account_id":null,"id":null,"region":null}},{"address":"aws_route_table.public","mode":"managed","type":"aws_route_table","name":"public","provider_name":"registry.terraform.io/hashicorp/aws","schema_version":0,"values":{"region":"us-east-1","tags":{"Name":"go-app-public-rt"},"tags_all":{"Name":"go-app-public-rt"},"timeouts":null},"sensitive_values":{"propagating_vgws":[],"route":[],"tags":{},"tags_all":{}},"identity_schema_version":0,"identity":{"account_id":null,"id":null,"region":null}},{"address":"aws_route_table_association.private[0]","mode":"managed","type":"aws_route_table_association","name":"private","index":0,"provider_name":"registry.terraform.io/hashicorp/aws","schema_version":0,"values":{"gateway_id":null,"region":"us-east-1","timeouts":null},"sensitive_values":{}},{"address":"aws_route_table_association.public[0]","mode":"managed","type":"aws_route_table_association","name":"public","index":0,"provider_name":"registry.terraform.io/hashicorp/aws","schema_version":0,"values":{"gateway_id":null,"region":"us-east-1","timeouts":null},"sensitive_values":{}},{"address":"aws_s3_bucket.app","mode":"managed","type":"aws_s3_bucket","name":"app","provider_name":"registry.terraform.io/hashicorp/aws","schema_version":0,"values":{"bucket":"ai-tf","force_destroy":true,"region":"us-east-1","tags":{"Name":"go-app-s3-bucket"},"tags_all":{"Name":"go-app-s3-bucket"},"timeouts":null},"sensitive_values":{"cors_rule":[],"grant":[],"lifecycle_rule":[],"logging":[],"object_lock_configuration":[],"replication_configuration":[],"server_side_encryption_configuration":[],"tags":{},"tags_all":{},"versioning":[],"website":[]},"identity_schema_version":0,"identity":{"account_id":null,"bucket":null,"region":null}},{"address":"aws_s3_bucket_public_access_block.app","mode":"managed","type":"aws_s3_bucket_public_access_block","name":"app","provider_name":"registry.terraform.io/hashicorp/aws","schema_version":0,"values":{"block_public_acls":true,"block_public_policy":true,"ignore_public_acls":true,"region":"us-east-1","restrict_public_buckets":true,"skip_destroy":null},"sensitive_values":{},"identity_schema_version":0,"identity":{"account_id":null,"bucket":null,"region":null}},{"address":"aws_s3_bucket_server_side_encryption_configuration.app","mode":"managed","type":"aws_s3_bucket_server_side_encryption_configuration","name":"app","provider_name":"registry.terraform.io/hashicorp/aws","schema_version":0,"values":{"expected_bucket_owner":null,"region":"us-east-1","rule":[{"apply_server_side_encryption_by_default":[{"kms_master_key_id":"","sse_algorithm":"AES256"}],"blocked_encryption_types":[],"bucket_key_enabled":null}]},"sensitive_values":{"rule":[{"apply_server_side_encryption_by_default":[{}],"blocked_encryption_types":[]}]},"identity_schema_version":0,"identity":{"account_id":null,"bucket":null,"expected_bucket_owner":null,"region":null}},{"address":"aws_s3_bucket_versioning.app","mode":"managed","type":"aws_s3_bucket_versioning","name":"app","provider_name":"registry.terraform.io/hashicorp/aws","schema_version":0,"values":{"expected_bucket_owner":null,"mfa":null,"region":"us-east-1","versioning_configuration":[{"status":"Enabled"}]},"sensitive_values":{"versioning_configuration":[{}]},"identity_schema_version":0,"identity":{"account_id":null,"bucket":null,"expected_bucket_owner":null,"region":null}},{"address":"aws_security_group.ecs_tasks","mode":"managed","type":"aws_security_group","name":"ecs_tasks","provider_name":"registry.terraform.io/hashicorp/aws","schema_version":1,"values":{"description":"Allow outbound internet access for ECS tasks","egress":[{"cidr_blocks":["0.0.0.0/0"],"description":"","from_port":0,"ipv6_cidr_blocks":[],"prefix_list_ids":[],"protocol":"-1","security_groups":[],"self":false,"to_port":0}],"ingress":[{"cidr_blocks":["0.0.0.0/0"],"description":"","from_port":8080,"ipv6_cidr_blocks":[],"prefix_list_ids":[],"protocol":"tcp","security_groups":[],"self":false,"to_port":8080}],"name":"go-app-ecs-tasks-sg","region":"us-east-1","revoke_rules_on_delete":false,"tags":{"Name":"go-app-ecs-tasks-sg"},"tags_all":{"Name":"go-app-ecs-tasks-sg"},"timeouts":null},"sensitive_values":{"egress":[{"cidr_blocks":[false],"ipv6_cidr_blocks":[],"prefix_list_ids":[],"security_groups":[]}],"ingress":[{"cidr_blocks":[false],"ipv6_cidr_blocks":[],"prefix_list_ids":[],"security_groups":[]}],"tags":{},"tags_all":{}},"identity_schema_version":0,"identity":{"account_id":null,"id":null,"region":null}},{"address":"aws_subnet.private[0]","mode":"managed","type":"aws_subnet","name":"private","index":0,"provider_name":"registry.terraform.io/hashicorp/aws","schema_version":1,"values":{"assign_ipv6_address_on_creation":false,"availability_zone":"us-east-1a","cidr_block":"10.0.2.0/24","customer_owned_ipv4_pool":null,"enable_dns64":false,"enable_lni_at_device_index":null,"enable_resource_name_dns_a_record_on_launch":false,"enable_resource_name_dns_aaaa_record_on_launch":false,"ipv6_cidr_block":null,"ipv6_native":false,"map_customer_owned_ip_on_launch":null,"map_public_ip_on_launch":false,"outpost_arn":null,"region":"us-east-1","tags":{"Name":"go-app-private-subnet-1"},"tags_all":{"Name":"go-app-private-subnet-1"},"timeouts":null},"sensitive_values":{"tags":{},"tags_all":{}},"identity_schema_version":0,"identity":{"account_id":null,"id":null,"region":null}},{"address":"aws_subnet.public[0]","mode":"managed","type":"aws_subnet","name":"public","index":0,"provider_name":"registry.terraform.io/hashicorp/aws","schema_version":1,"values":{"assign_ipv6_address_on_creation":false,"availability_zone":"us-east-1a","cidr_block":"10.0.1.0/24","customer_owned_ipv4_pool":null,"enable_dns64":false,"enable_lni_at_device_index":null,"enable_resource_name_dns_a_record_on_launch":false,"enable_resource_name_dns_aaaa_record_on_launch":false,"ipv6_cidr_block":null,"ipv6_native":false,"map_customer_owned_ip_on_launch":null,"map_public_ip_on_launch":true,"outpost_arn":null,"region":"us-east-1","tags":{"Name":"go-app-public-subnet-1"},"tags_all":{"Name":"go-app-public-subnet-1"},"timeouts":null},"sensitive_values":{"tags":{},"tags_all":{}},"identity_schema_version":0,"identity":{"account_id":null,"id":null,"region":null}},{"address":"aws_vpc.main","mode":"managed","type":"aws_vpc","name":"main","provider_name":"registry.terraform.io/hashicorp/aws","schema_version":1,"values":{"assign_generated_ipv6_cidr_block":null,"cidr_block":"10.0.0.0/16","enable_dns_hostnames":true,"enable_dns_support":true,"instance_tenancy":"default","ipv4_ipam_pool_id":null,"ipv4_netmask_length":null,"ipv6_ipam_pool_id":null,"ipv6_netmask_length":null,"region":"us-east-1","tags":{"Name":"go-app-vpc"},"tags_all":{"Name":"go-app-vpc"}},"sensitive_values":{"tags":{},"tags_all":{}},"identity_schema_version":0,"identity":{"account_id":null,"id":null,"region":null}}]}},"resource_changes":[{"address":"aws_cloudwatch_log_group.ecs","mode":"managed","type":"aws_cloudwatch_log_group","name":"ecs","provider_name":"registry.terraform.io/hashicorp/aws","change":{"actions":["create"],"before":null,"after":{"kms_key_id":null,"name":"/ecs/go-app","region":"us-east-1","retention_in_days":7,"skip_destroy":false,"tags":null},"after_unknown":{"arn":true,"deletion_protection_enabled":true,"id":true,"log_group_class":true,"name_prefix":true,"tags_all":true},"before_sensitive":false,"after_sensitive":{"tags_all":{}},"after_identity":{"account_id":null,"name":null,"region":null}}},{"address":"aws_ecr_repository.app","mode":"managed","type":"aws_ecr_repository","name":"app","provider_name":"registry.terraform.io/hashicorp/aws","change":{"actions":["create"],"before":null,"after":{"encryption_configuration":[],"force_delete":null,"image_scanning_configuration":[{"scan_on_push":true}],"image_tag_mutability":"MUTABLE","image_tag_mutability_exclusion_filter":[],"name":"go-app-repo","region":"us-east-1","tags":{"Name":"go-app-ecr-repo"},"tags_all":{"Name":"go-app-ecr-repo"},"timeouts":null},"after_unknown":{"arn":true,"encryption_configuration":[],"id":true,"image_scanning_configuration":[{}],"image_tag_mutability_exclusion_filter":[],"registry_id":true,"repository_url":true,"tags":{},"tags_all":{}},"before_sensitive":false,"after_sensitive":{"encryption_configuration":[],"image_scanning_configuration":[{}],"image_tag_mutability_exclusion_filter":[],"tags":{},"tags_all":{}},"after_identity":{"account_id":null,"name":null,"region":null}}},{"address":"aws_ecs_cluster.main","mode":"managed","type":"aws_ecs_cluster","name":"main","provider_name":"registry.terraform.io/hashicorp/aws","change":{"actions":["create"],"before":null,"after":{"configuration":[],"name":"go-app-cluster","region":"us-east-1","service_connect_defaults":[],"tags":null},"after_unknown":{"arn":true,"configuration":[],"id":true,"service_connect_defaults":[],"setting":true,"tags_all":true},"before_sensitive":false,"after_sensitive":{"configuration":[],"service_connect_defaults":[],"setting":[],"tags_all":{}}}},{"address":"aws_ecs_service.app","mode":"managed","type":"aws_ecs_service","name":"app","provider_name":"registry.terraform.io/hashicorp/aws","change":{"actions":["create"],"before":null,"after":{"alarms":[],"capacity_provider_strategy":[],"deployment_circuit_breaker":[],"deployment_controller":[],"deployment_maximum_percent":200,"deployment_minimum_healthy_percent":100,"desired_count":1,"enable_ecs_managed_tags":false,"enable_execute_command":false,"force_delete":null,"force_new_deployment":null,"health_check_grace_period_seconds":null,"launch_type":"FARGATE","load_balancer":[],"name":"go-app-service","network_configuration":[{"assign_public_ip":false}],"ordered_placement_strategy":[],"placement_constraints":[],"propagate_tags":null,"region":"us-east-1","scheduling_strategy":"REPLICA","service_connect_configuration":[],"service_registries":[],"sigint_rollback":null,"tags":null,"timeouts":null,"volume_configuration":[],"vpc_lattice_configurations":[],"wait_for_steady_state":false},"after_unknown":{"alarms":[],"arn":true,"availability_zone_rebalancing":true,"capacity_provider_strategy":[],"cluster":true,"deployment_circuit_breaker":[],"deployment_configuration":true,"deployment_controller":[],"iam_role":true,"id":true,"load_balancer":[],"network_configuration":[{"security_groups":true,"subnets":true}],"ordered_placement_strategy":[],"placement_constraints":[],"platform_version":true,"service_connect_configuration":[],"service_registries":[],"tags_all":true,"task_definition":true,"triggers":true,"volume_configuration":[],"vpc_lattice_configurations":[]},"before_sensitive":false,"after_sensitive":{"alarms":[],"capacity_provider_strategy":[],"deployment_circuit_breaker":[],"deployment_configuration":[],"deployment_controller":[],"load_balancer":[],"network_configuration":[{"security_groups":[],"subnets":[]}],"ordered_placement_strategy":[],"placement_constraints":[],"service_connect_configuration":[],"service_registries":[],"tags_all":{},"triggers":{},"volume_configuration":[],"vpc_lattice_configurations":[]}}},{"address":"aws_ecs_task_definition.app","mode":"managed","type":"aws_ecs_task_definition","name":"app","provider_name":"registry.terraform.io/hashicorp/aws","change":{"actions":["create"],"before":null,"after":{"container_definitions":"[{\"environment\":[{\"name\":\"AWS_REGION\",\"value\":\"us-east-1\"},{\"name\":\"S3_BUCKET\",\"value\":\"ai-tf\"}],\"essential\":true,\"image\":\"ai-tf\",\"logConfiguration\":{\"logDriver\":\"awslogs\",\"options\":{\"awslogs-group\":\"/ecs/go-app\",\"awslogs-region\":\"us-east-1\",\"awslogs-stream-prefix\":\"ecs\"}},\"name\":\"go-app-container\",\"portMappings\":[{\"containerPort\":8080,\"hostPort\":8080,\"protocol\":\"tcp\"}]}]","cpu":"256","ephemeral_storage":[],"family":"go-app-task","ipc_mode":null,"memory":"512","network_mode":"awsvpc","pid_mode":null,"placement_constraints":[],"proxy_configuration":[],"region":"us-east-1","requires_compatibilities":["FARGATE"],"runtime_platform":[],"skip_destroy":false,"tags":null,"track_latest":false,"volume":[]},"after_unknown":{"arn":true,"arn_without_revision":true,"enable_fault_injection":true,"ephemeral_storage":[],"execution_role_arn":true,"id":true,"placement_constraints":[],"proxy_configuration":[],"requires_compatibilities":[false],"revision":true,"runtime_platform":[],"tags_all":true,"task_role_arn":true,"volume":[]},"before_sensitive":false,"after_sensitive":{"ephemeral_storage":[],"placement_constraints":[],"proxy_configuration":[],"requires_compatibilities":[false],"runtime_platform":[],"tags_all":{},"volume":[]}}},{"address":"aws_eip.nat","mode":"managed","type":"aws_eip","name":"nat","provider_name":"registry.terraform.io/hashicorp/aws","change":{"actions":["create"],"before":null,"after":{"address":null,"associate_with_private_ip":null,"customer_owned_ipv4_pool":null,"domain":"vpc","region":"us-east-1","tags":null,"timeouts":null},"after_unknown":{"allocation_id":true,"arn":true,"association_id":true,"carrier_ip":true,"customer_owned_ip":true,"id":true,"instance":true,"ipam_pool_id":true,"network_border_group":true,"network_interface":true,"private_dns":true,"private_ip":true,"ptr_record":true,"public_dns":true,"public_ip":true,"public_ipv4_pool":true,"tags_all":true},"before_sensitive":false,"after_sensitive":{"tags_all":{}}}},{"address":"aws_iam_policy.s3_access","mode":"managed","type":"aws_iam_policy","name":"s3_access","provider_name":"registry.terraform.io/hashicorp/aws","change":{"actions":["create"],"before":null,"after":{"description":"Allow ECS tasks to access S3 bucket.","name":"go-app-s3-access-policy","path":"/","tags":null},"after_unknown":{"arn":true,"attachment_count":true,"id":true,"name_prefix":true,"policy":true,"policy_id":true,"tags_all":true},"before_sensitive":false,"after_sensitive":{"tags_all":{}},"after_identity":{"arn":null}}},{"address":"aws_iam_role.ecs_task_execution","mode":"managed","type":"aws_iam_role","name":"ecs_task_execution","provider_name":"registry.terraform.io/hashicorp/aws","change":{"actions":["create"],"before":null,"after":{"assume_role_policy":"{\"Statement\":[{\"Action\":\"sts:AssumeRole\",\"Effect\":\"Allow\",\"Principal\":{\"Service\":\"ecs-tasks.amazonaws.com\"}}],\"Version\":\"2012-10-17\"}","description":null,"force_detach_policies":false,"max_session_duration":3600,"name":"go-app-ecs-task-execution-role","path":"/","permissions_boundary":null,"tags":null},"after_unknown":{"arn":true,"create_date":true,"id":true,"inline_policy":true,"managed_policy_arns":true,"name_prefix":true,"tags_all":true,"unique_id":true},"before_sensitive":false,"after_sensitive":{"inline_policy":[],"managed_policy_arns":[],"tags_all":{}},"after_identity":{"account_id":null,"name":null}}},{"address":"aws_iam_role_policy_attachment.ecs_task_execution_policy","mode":"managed","type":"aws_iam_role_policy_attachment","name":"ecs_task_execution_policy","provider_name":"registry.terraform.io/hashicorp/aws","change":{"actions":["create"],"before":null,"after":{"policy_arn":"arn:aws:iam::aws:policy/service-role/AmazonECSTaskExecutionRolePolicy","role":"go-app-ecs-task-execution-role"},"after_unknown":{"id":true},"before_sensitive":false,"after_sensitive":{},"after_identity":{"account_id":null,"policy_arn":null,"role":null}}},{"address":"aws_iam_role_policy_attachment.ecs_task_s3_access","mode":"managed","type":"aws_iam_role_policy_attachment","name":"ecs_task_s3_access","provider_name":"registry.terraform.io/hashicorp/aws","change":{"actions":["create"],"before":null,"after":{"role":"go-app-ecs-task-execution-role"},"after_unknown":{"id":true,"policy_arn":true},"before_sensitive":false,"after_sensitive":{},"after_identity":{"account_id":null,"policy_arn":null,"role":null}}},{"address":"aws_internet_gateway.main","mode":"managed","type":"aws_internet_gateway","name":"main","provider_name":"registry.terraform.io/hashicorp/aws","change":{"actions":["create"],"before":null,"after":{"region":"us-east-1","tags":{"Name":"go-app-igw"},"tags_all":{"Name":"go-app-igw"},"timeouts":null},"after_unknown":{"arn":true,"id":true,"owner_id":true,"tags":{},"tags_all":{},"vpc_id":true},"before_sensitive":false,"after_sensitive":{"tags":{},"tags_all":{}}}},{"address":"aws_lb.app","mode":"managed","type":"aws_lb","name":"app","provider_name":"registry.terraform.io/hashicorp/aws","change":{"actions":["create"],"before":null,"after":{"access_logs":[],"client_keep_alive":3600,"connection_logs":[],"customer_owned_ipv4_pool":null,"desync_mitigation_mode":"defensive","dns_record_client_routing_policy":null,"drop_invalid_header_fields":false,"enable_cross_zone_load_balancing":null,"enable_deletion_protection":false,"enable_http2":true,"enable_tls_version_and_cipher_suite_headers":false,"enable_waf_fail_open":false,"enable_xff_client_port":false,"enable_zonal_shift":false,"health_check_logs":[],"idle_timeout":60,"internal":false,"ipam_pools":[],"load_balancer_type":"application","minimum_load_balancer_capacity":[],"name":"go-app-alb","preserve_host_header":false,"region":"us-east-1","tags":{"Name":"go-app-alb"},"tags_all":{"Name":"go-app-alb"},"timeouts":null,"xff_header_processing_mode":"append"},"after_unknown":{"access_logs":[],"arn":true,"arn_suffix":true,"connection_logs":[],"dns_name":true,"enforce_security_group_inbound_rules_on_private_link_traffic":true,"health_check_logs":[],"id":true,"ip_address_type":true,"ipam_pools":[],"minimum_load_balancer_capacity":[],"name_prefix":true,"secondary_ips_auto_assigned_per_subnet":true,"security_groups":true,"subnet_mapping":true,"subnets":true,"tags":{},"tags_all":{},"vpc_id":true,"zone_id":true},"before_sensitive":false,"after_sensitive":{"access_logs":[],"connection_logs":[],"health_check_logs":[],"ipam_pools":[],"minimum_load_balancer_capacity":[],"security_groups":[],"subnet_mapping":[],"subnets":[],"tags":{},"tags_all":{}},"after_identity":{"arn":null}}},{"address":"aws_lb_listener.http","mode":"managed","type":"aws_lb_listener","name":"http","provider_name":"registry.terraform.io/hashicorp/aws","change":{"actions":["create"],"before":null,"after":{"alpn_policy":null,"certificate_arn":null,"default_action":[{"authenticate_cognito":[],"authenticate_oidc":[],"fixed_response":[],"forward":[],"jwt_validation":[],"redirect":[],"type":"forward"}],"port":80,"protocol":"HTTP","region":"us-east-1","tags":null,"timeouts":null},"after_unknown":{"arn":true,"default_action":[{"authenticate_cognito":[],"authenticate_oidc":[],"fixed_response":[],"forward":[],"jwt_validation":[],"order":true,"redirect":[],"target_group_arn":true}],"id":true,"load_balancer_arn":true,"mutual_authentication":true,"routing_http_request_x_amzn_mtls_clientcert_header_name":true,"routing_http_request_x_amzn_mtls_clientcert_issuer_header_name":true,"routing_http_request_x_amzn_mtls_clientcert_leaf_header_name":true,"routing_http_request_x_amzn_mtls_clientcert_serial_number_header_name":true,"routing_http_request_x_amzn_mtls_clientcert_subject_header_name":true,"routing_http_request_x_amzn_mtls_clientcert_validity_header_name":true,"routing_http_request_x_amzn_tls_cipher_suite_header_name":true,"routing_http_request_x_amzn_tls_version_header_name":true,"routing_http_response_access_control_allow_credentials_header_value":true,"routing_http_response_access_control_allow_headers_header_value":true,"routing_http_response_access_control_allow_methods_header_value":true,"routing_http_response_access_control_allow_origin_header_value":true,"routing_http_response_access_control_expose_headers_header_value":true,"routing_http_response_access_control_max_age_header_value":true,"routing_http_response_content_security_policy_header_value":true,"routing_http_response_server_enabled":true,"routing_http_response_strict_transport_security_header_value":true,"routing_http_response_x_content_type_options_header_value":true,"routing_http_response_x_frame_options_header_value":true,"ssl_policy":true,"tags_all":true,"tcp_idle_timeout_seconds":true},"before_sensitive":false,"after_sensitive":{"default_action":[{"authenticate_cognito":[],"authenticate_oidc":[],"fixed_response":[],"forward":[],"jwt_validation":[],"redirect":[]}],"mutual_authentication":[],"tags_all":{}},"after_identity":{"arn":null}}},{"address":"aws_lb_target_group.app","mode":"managed","type":"aws_lb_target_group","name":"app","provider_name":"registry.terraform.io/hashicorp/aws","change":{"actions":["create"],"before":null,"after":{"deregistration_delay":"300","health_check":[{"enabled":true,"healthy_threshold":2,"interval":30,"matcher":"200-399","path":"/","port":"traffic-port","protocol":"HTTP","timeout":5,"unhealthy_threshold":2}],"lambda_multi_value_headers_enabled":false,"name":"go-app-tg","port":8080,"protocol":"HTTP","proxy_protocol_v2":false,"region":"us-east-1","slow_start":0,"tags":{"Name":"go-app-tg"},"tags_all":{"Name":"go-app-tg"},"target_control_port":null,"target_type":"instance"},"after_unknown":{"arn":true,"arn_suffix":true,"connection_termination":true,"health_check":[{}],"id":true,"ip_address_type":true,"load_balancer_arns":true,"load_balancing_algorithm_type":true,"load_balancing_anomaly_mitigation":true,"load_balancing_cross_zone_enabled":true,"name_prefix":true,"preserve_client_ip":true,"protocol_version":true,"stickiness":true,"tags":{},"tags_all":{},"target_failover":true,"target_group_health":true,"target_health_state":true,"vpc_id":true},"before_sensitive":false,"after_sensitive":{"health_check":[{}],"load_balancer_arns":[],"stickiness":[],"tags":{},"tags_all":{},"target_failover":[],"target_group_health":[],"target_health_state":[]},"after_identity":{"arn":null}}},{"address":"aws_nat_gateway.main","mode":"managed","type":"aws_nat_gateway","name":"main","provider_name":"registry.terraform.io/hashicorp/aws","change":{"actions":["create"],"before":null,"after":{"availability_zone_address":[],"connectivity_type":"public","region":"us-east-1","tags":{"Name":"go-app-nat-gw"},"tags_all":{"Name":"go-app-nat-gw"},"timeouts":null},"after_unknown":{"allocation_id":true,"association_id":true,"auto_provision_zones":true,"auto_scaling_ips":true,"availability_mode":true,"availability_zone_address":[],"id":true,"network_interface_id":true,"private_ip":true,"public_ip":true,"regional_nat_gateway_address":true,"regional_nat_gateway_auto_mode":true,"route_table_id":true,"secondary_allocation_ids":true,"secondary_private_ip_address_count":true,"secondary_private_ip_addresses":true,"subnet_id":true,"tags":{},"tags_all":{},"vpc_id":true},"before_sensitive":false,"after_sensitive":{"availability_zone_address":[],"regional_nat_gateway_address":[],"secondary_allocation_ids":[],"secondary_private_ip_addresses":[],"tags":{},"tags_all":{}}}},{"address":"aws_route.private_nat_gateway","mode":"managed","type":"aws_route","name":"private_nat_gateway","provider_name":"registry.terraform.io/hashicorp/aws","change":{"actions":["create"],"before":null,"after":{"carrier_gateway_id":null,"core_network_arn":null,"destination_cidr_block":"0.0.0.0/0","destination_ipv6_cidr_block":null,"destination_prefix_list_id":null,"egress_only_gateway_id":null,"gateway_id":null,"local_gateway_id":null,"region":"us-east-1","timeouts":null,"transit_gateway_id":null,"vpc_endpoint_id":null,"vpc_peering_connection_id":null},"after_unknown":{"id":true,"instance_id":true,"instance_owner_id":true,"nat_gateway_id":true,"network_interface_id":true,"origin":true,"route_table_id":true,"state":true},"before_sensitive":false,"after_sensitive":{},"after_identity":{"account_id":null,"destination_cidr_block":null,"destination_ipv6_cidr_block":null,"destination_prefix_list_id":null,"region":null,"route_table_id":null}}},{"address":"aws_route.public_internet_access","mode":"managed","type":"aws_route","name":"public_internet_access","provider_name":"registry.terraform.io/hashicorp/aws","change":{"actions":["create"],"before":null,"after":{"carrier_gateway_id":null,"core_network_arn":null,"destination_cidr_block":"0.0.0.0/0","destination_ipv6_cidr_block":null,"destination_prefix_list_id":null,"egress_only_gateway_id":null,"local_gateway_id":null,"nat_gateway_id":null,"region":"us-east-1","timeouts":null,"transit_gateway_id":null,"vpc_endpoint_id":null,"vpc_peering_connection_id":null},"after_unknown":{"gateway_id":true,"id":true,"instance_id":true,"instance_owner_id":true,"network_interface_id":true,"origin":true,"route_table_id":true,"state":true},"before_sensitive":false,"after_sensitive":{},"after_identity":{"account_id":null,"destination_cidr_block":null,"destination_ipv6_cidr_block":null,"destination_prefix_list_id":null,"region":null,"route_table_id":null}}},{"address":"aws_route_table.private","mode":"managed","type":"aws_route_table","name":"private","provider_name":"registry.terraform.io/hashicorp/aws","change":{"actions":["create"],"before":null,"after":{"region":"us-east-1","tags":{"Name":"go-app-private-rt"},"tags_all":{"Name":"go-app-private-rt"},"timeouts":null},"after_unknown":{"arn":true,"id":true,"owner_id":true,"propagating_vgws":true,"route":true,"tags":{},"tags_all":{},"vpc_id":true},"before_sensitive":false,"after_sensitive":{"propagating_vgws":[],"route":[],"tags":{},"tags_all":{}},"after_identity":{"account_id":null,"id":null,"region":null}}},{"address":"aws_route_table.public","mode":"managed","type":"aws_route_table","name":"public","provider_name":"registry.terraform.io/hashicorp/aws","change":{"actions":["create"],"before":null,"after":{"region":"us-east-1","tags":{"Name":"go-app-public-rt"},"tags_all":{"Name":"go-app-public-rt"},"timeouts":null},"after_unknown":{"arn":true,"id":true,"owner_id":true,"propagating_vgws":true,"route":true,"tags":{},"tags_all":{},"vpc_id":true},"before_sensitive":false,"after_sensitive":{"propagating_vgws":[],"route":[],"tags":{},"tags_all":{}},"after_identity":{"account_id":null,"id":null,"region":null}}},{"address":"aws_route_table_association.private[0]","mode":"managed","type":"aws_route_table_association","name":"private","index":0,"provider_name":"registry.terraform.io/hashicorp/aws","change":{"actions":["create"],"before":null,"after":{"gateway_id":null,"region":"us-east-1","timeouts":null},"after_unknown":{"id":true,"route_table_id":true,"subnet_id":true},"before_sensitive":false,"after_sensitive":{}}},{"address":"aws_route_table_association.public[0]","mode":"managed","type":"aws_route_table_association","name":"public","index":0,"provider_name":"registry.terraform.io/hashicorp/aws","change":{"actions":["create"],"before":null,"after":{"gateway_id":null,"region":"us-east-1","timeouts":null},"after_unknown":{"id":true,"route_table_id":true,"subnet_id":true},"before_sensitive":false,"after_sensitive":{}}},{"address":"aws_s3_bucket.app","mode":"managed","type":"aws_s3_bucket","name":"app","provider_name":"registry.terraform.io/hashicorp/aws","change":{"actions":["create"],"before":null,"after":{"bucket":"ai-tf","force_destroy":true,"region":"us-east-1","tags":{"Name":"go-app-s3-bucket"},"tags_all":{"Name":"go-app-s3-bucket"},"timeouts":null},"after_unknown":{"acceleration_status":true,"acl":true,"arn":true,"bucket_domain_name":true,"bucket_prefix":true,"bucket_region":true,"bucket_regional_domain_name":true,"cors_rule":true,"grant":true,"hosted_zone_id":true,"id":true,"lifecycle_rule":true,"logging":true,"object_lock_configuration":true,"object_lock_enabled":true,"policy":true,"replication_configuration":true,"request_payer":true,"server_side_encryption_configuration":true,"tags":{},"tags_all":{},"versioning":true,"website":true,"website_domain":true,"website_endpoint":true},"before_sensitive":false,"after_sensitive":{"cors_rule":[],"grant":[],"lifecycle_rule":[],"logging":[],"object_lock_configuration":[],"replication_configuration":[],"server_side_encryption_configuration":[],"tags":{},"tags_all":{},"versioning":[],"website":[]},"after_identity":{"account_id":null,"bucket":null,"region":null}}},{"address":"aws_s3_bucket_public_access_block.app","mode":"managed","type":"aws_s3_bucket_public_access_block","name":"app","provider_name":"registry.terraform.io/hashicorp/aws","change":{"actions":["create"],"before":null,"after":{"block_public_acls":true,"block_public_policy":true,"ignore_public_acls":true,"region":"us-east-1","restrict_public_buckets":true,"skip_destroy":null},"after_unknown":{"bucket":true,"id":true},"before_sensitive":false,"after_sensitive":{},"after_identity":{"account_id":null,"bucket":null,"region":null}}},{"address":"aws_s3_bucket_server_side_encryption_configuration.app","mode":"managed","type":"aws_s3_bucket_server_side_encryption_configuration","name":"app","provider_name":"registry.terraform.io/hashicorp/aws","change":{"actions":["create"],"before":null,"after":{"expected_bucket_owner":null,"region":"us-east-1","rule":[{"apply_server_side_encryption_by_default":[{"kms_master_key_id":"","sse_algorithm":"AES256"}],"blocked_encryption_types":[],"bucket_key_enabled":null}]},"after_unknown":{"bucket":true,"id":true,"rule":[{"apply_server_side_encryption_by_default":[{}],"blocked_encryption_types":[]}]},"before_sensitive":false,"after_sensitive":{"rule":[{"apply_server_side_encryption_by_default":[{}],"blocked_encryption_types":[]}]},"after_identity":{"account_id":null,"bucket":null,"expected_bucket_owner":null,"region":null}}},{"address":"aws_s3_bucket_versioning.app","mode":"managed","type":"aws_s3_bucket_versioning","name":"app","provider_name":"registry.terraform.io/hashicorp/aws","change":{"actions":["create"],"before":null,"after":{"expected_bucket_owner":null,"mfa":null,"region":"us-east-1","versioning_configuration":[{"status":"Enabled"}]},"after_unknown":{"bucket":true,"id":true,"versioning_configuration":[{"mfa_delete":true}]},"before_sensitive":false,"after_sensitive":{"versioning_configuration":[{}]},"after_identity":{"account_id":null,"bucket":null,"expected_bucket_owner":null,"region":null}}},{"address":"aws_security_group.ecs_tasks","mode":"managed","type":"aws_security_group","name":"ecs_tasks","provider_name":"registry.terraform.io/hashicorp/aws","change":{"actions":["create"],"before":null,"after":{"description":"Allow outbound internet access for ECS tasks","egress":[{"cidr_blocks":["0.0.0.0/0"],"description":"","from_port":0,"ipv6_cidr_blocks":[],"prefix_list_ids":[],"protocol":"-1","security_groups":[],"self":false,"to_port":0}],"ingress":[{"cidr_blocks":["0.0.0.0/0"],"description":"","from_port":8080,"ipv6_cidr_blocks":[],"prefix_list_ids":[],"protocol":"tcp","security_groups":[],"self":false,"to_port":8080}],"name":"go-app-ecs-tasks-sg","region":"us-east-1","revoke_rules_on_delete":false,"tags":{"Name":"go-app-ecs-tasks-sg"},"tags_all":{"Name":"go-app-ecs-tasks-sg"},"timeouts":null},"after_unknown":{"arn":true,"egress":[{"cidr_blocks":[false],"ipv6_cidr_blocks":[],"prefix_list_ids":[],"security_groups":[]}],"id":true,"ingress":[{"cidr_blocks":[false],"ipv6_cidr_blocks":[],"prefix_list_ids":[],"security_groups":[]}],"name_prefix":true,"owner_id":true,"tags":{},"tags_all":{},"vpc_id":true},"before_sensitive":false,"after_sensitive":{"egress":[{"cidr_blocks":[false],"ipv6_cidr_blocks":[],"prefix_list_ids":[],"security_groups":[]}],"ingress":[{"cidr_blocks":[false],"ipv6_cidr_blocks":[],"prefix_list_ids":[],"security_groups":[]}],"tags":{},"tags_all":{}},"after_identity":{"account_id":null,"id":null,"region":null}}},{"address":"aws_subnet.private[0]","mode":"managed","type":"aws_subnet","name":"private","index":0,"provider_name":"registry.terraform.io/hashicorp/aws","change":{"actions":["create"],"before":null,"after":{"assign_ipv6_address_on_creation":false,"availability_zone":"us-east-1a","cidr_block":"10.0.2.0/24","customer_owned_ipv4_pool":null,"enable_dns64":false,"enable_lni_at_device_index":null,"enable_resource_name_dns_a_record_on_launch":false,"enable_resource_name_dns_aaaa_record_on_launch":false,"ipv6_cidr_block":null,"ipv6_native":false,"map_customer_owned_ip_on_launch":null,"map_public_ip_on_launch":false,"outpost_arn":null,"region":"us-east-1","tags":{"Name":"go-app-private-subnet-1"},"tags_all":{"Name":"go-app-private-subnet-1"},"timeouts":null},"after_unknown":{"arn":true,"availability_zone_id":true,"id":true,"ipv6_cidr_block_association_id":true,"owner_id":true,"private_dns_hostname_type_on_launch":true,"tags":{},"tags_all":{},"vpc_id":true},"before_sensitive":false,"after_sensitive":{"tags":{},"tags_all":{}},"after_identity":{"account_id":null,"id":null,"region":null}}},{"address":"aws_subnet.public[0]","mode":"managed","type":"aws_subnet","name":"public","index":0,"provider_name":"registry.terraform.io/hashicorp/aws","change":{"actions":["create"],"before":null,"after":{"assign_ipv6_address_on_creation":false,"availability_zone":"us-east-1a","cidr_block":"10.0.1.0/24","customer_owned_ipv4_pool":null,"enable_dns64":false,"enable_lni_at_device_index":null,"enable_resource_name_dns_a_record_on_launch":false,"enable_resource_name_dns_aaaa_record_on_launch":false,"ipv6_cidr_block":null,"ipv6_native":false,"map_customer_owned_ip_on_launch":null,"map_public_ip_on_launch":true,"outpost_arn":null,"region":"us-east-1","tags":{"Name":"go-app-public-subnet-1"},"tags_all":{"Name":"go-app-public-subnet-1"},"timeouts":null},"after_unknown":{"arn":true,"availability_zone_id":true,"id":true,"ipv6_cidr_block_association_id":true,"owner_id":true,"private_dns_hostname_type_on_launch":true,"tags":{},"tags_all":{},"vpc_id":true},"before_sensitive":false,"after_sensitive":{"tags":{},"tags_all":{}},"after_identity":{"account_id":null,"id":null,"region":null}}},{"address":"aws_vpc.main","mode":"managed","type":"aws_vpc","name":"main","provider_name":"registry.terraform.io/hashicorp/aws","change":{"actions":["create"],"before":null,"after":{"assign_generated_ipv6_cidr_block":null,"cidr_block":"10.0.0.0/16","enable_dns_hostnames":true,"enable_dns_support":true,"instance_tenancy":"default","ipv4_ipam_pool_id":null,"ipv4_netmask_length":null,"ipv6_ipam_pool_id":null,"ipv6_netmask_length":null,"region":"us-east-1","tags":{"Name":"go-app-vpc"},"tags_all":{"Name":"go-app-vpc"}},"after_unknown":{"arn":true,"default_network_acl_id":true,"default_route_table_id":true,"default_security_group_id":true,"dhcp_options_id":true,"enable_network_address_usage_metrics":true,"id":true,"ipv6_association_id":true,"ipv6_cidr_block":true,"ipv6_cidr_block_network_border_group":true,"main_route_table_id":true,"owner_id":true,"tags":{},"tags_all":{}},"before_sensitive":false,"after_sensitive":{"tags":{},"tags_all":{}},"after_identity":{"account_id":null,"id":null,"region":null}}}],"output_changes":{"alb_dns_name":{"actions":["create"],"before":null,"after_unknown":true,"before_sensitive":false,"after_sensitive":false},"ecs_cluster_name":{"actions":["create"],"before":null,"after":"go-app-cluster","after_unknown":false,"before_sensitive":false,"after_sensitive":false},"ecs_service_name":{"actions":["create"],"before":null,"after":"go-app-service","after_unknown":false,"before_sensitive":false,"after_sensitive":false},"private_subnet_ids":{"actions":["create"],"before":null,"after":[null],"after_unknown":[true],"before_sensitive":false,"after_sensitive":false},"public_subnet_ids":{"actions":["create"],"before":null,"after":[null],"after_unknown":[true],"before_sensitive":false,"after_sensitive":false},"s3_bucket_name":{"actions":["create"],"before":null,"after":"ai-tf","after_unknown":false,"before_sensitive":false,"after_sensitive":false},"vpc_id":{"actions":["create"],"before":null,"after_unknown":true,"before_sensitive":false,"after_sensitive":false}},"prior_state":{"format_version":"1.0","terraform_version":"1.13.5","values":{"outputs":{"ecs_cluster_name":{"sensitive":false,"value":"go-app-cluster","type":"string"},"ecs_service_name":{"sensitive":false,"value":"go-app-service","type":"string"},"s3_bucket_name":{"sensitive":false,"value":"ai-tf","type":"string"}},"root_module":{"resources":[{"address":"data.aws_availability_zones.available","mode":"data","type":"aws_availability_zones","name":"available","provider_name":"registry.terraform.io/hashicorp/aws","schema_version":0,"values":{"all_availability_zones":null,"exclude_names":null,"exclude_zone_ids":null,"filter":null,"group_names":[""],"id":"us-east-1","names":["us-east-1a","us-east-1b","us-east-1c","us-east-1d","us-east-1e","us-east-1f"],"region":"us-east-1","state":null,"timeouts":null,"zone_ids":["use1-az6","use1-az1","use1-az2","use1-az4","use1-az3","use1-az5"]},"sensitive_values":{"group_names":[false],"names":[false,false,false,false,false,false],"zone_ids":[false,false,false,false,false,false]}},{"address":"data.aws_iam_policy_document.ecs_task_assume_role","mode":"data","type":"aws_iam_policy_document","name":"ecs_task_assume_role","provider_name":"registry.terraform.io/hashicorp/aws","schema_version":0,"values":{"id":"1077804475","json":"{\n  \"Version\": \"2012-10-17\",\n  \"Statement\": [\n    {\n      \"Effect\": \"Allow\",\n      \"Action\": \"sts:AssumeRole\",\n      \"Principal\": {\n        \"Service\": \"ecs-tasks.amazonaws.com\"\n      }\n    }\n  ]\n}","minified_json":"{\"Version\":\"2012-10-17\",\"Statement\":[{\"Effect\":\"Allow\",\"Action\":\"sts:AssumeRole\",\"Principal\":{\"Service\":\"ecs-tasks.amazonaws.com\"}}]}","override_json":null,"override_policy_documents":null,"policy_id":null,"source_json":null,"source_policy_documents":null,"statement":[{"actions":["sts:AssumeRole"],"condition":[],"effect":"Allow","not_actions":[],"not_principals":[],"not_resources":[],"principals":[{"identifiers":["ecs-tasks.amazonaws.com"],"type":"Service"}],"resources":[],"sid":""}],"version":"2012-10-17"},"sensitive_values":{"statement":[{"actions":[false],"condition":[],"not_actions":[],"not_principals":[],"not_resources":[],"principals":[{"identifiers":[false]}],"resources":[]}]}}]}}},"configuration":{"provider_config":{"aws":{"name":"aws","full_name":"registry.terraform.io/hashicorp/aws","version_constraint":"\u003e= 4.0.0","expressions":{"region":{"references":["var.aws_region"]}}}},"root_module":{"outputs":{"alb_dns_name":{"expression":{"references":["aws_lb.app.dns_name","aws_lb.app"]}},"ecs_cluster_name":{"expression":{"references":["aws_ecs_cluster.main.name","aws_ecs_cluster.main"]}},"ecs_service_name":{"expression":{"references":["aws_ecs_service.app.name","aws_ecs_service.app"]}},"private_subnet_ids":{"expression":{"references":["aws_subnet.private"]}},"public_subnet_ids":{"expression":{"references":["aws_subnet.public"]}},"s3_bucket_name":{"expression":{"references":["aws_s3_bucket.app.bucket","aws_s3_bucket.app"]}},"vpc_id":{"expression":{"references":["aws_vpc.main.id","aws_vpc.main"]}}},"resources":[{"address":"aws_cloudwatch_log_group.ecs","mode":"managed","type":"aws_cloudwatch_log_group","name":"ecs","provider_config_key":"aws","expressions":{"name":{"constant_value":"/ecs/go-app"},"retention_in_days":{"constant_value":7}},"schema_version":0},{"address":"aws_ecr_repository.app","mode":"managed","type":"aws_ecr_repository","name":"app","provider_config_key":"aws","expressions":{"image_scanning_configuration":[{"scan_on_push":{"constant_value":true}}],"name":{"constant_value":"go-app-repo"},"tags":{"constant_value":{"Name":"go-app-ecr-repo"}}},"schema_version":0},{"address":"aws_ecs_cluster.main","mode":"managed","type":"aws_ecs_cluster","name":"main","provider_config_key":"aws","expressions":{"name":{"constant_value":"go-app-cluster"}},"schema_version":0},{"address":"aws_ecs_service.app","mode":"managed","type":"aws_ecs_service","name":"app","provider_config_key":"aws","expressions":{"cluster":{"references":["aws_ecs_cluster.main.id","aws_ecs_cluster.main"]},"desired_count":{"constant_value":1},"launch_type":{"constant_value":"FARGATE"},"name":{"references":["var.ecs_service_name"]},"network_configuration":[{"assign_public_ip":{"constant_value":false},"security_groups":{"references":["aws_security_group.ecs_tasks.id","aws_security_group.ecs_tasks"]},"subnets":{"references":["aws_subnet.private"]}}],"task_definition":{"references":["aws_ecs_task_definition.app.arn","aws_ecs_task_definition.app"]}},"schema_version":1,"depends_on":["aws_lb_listener.http"]},{"address":"aws_ecs_task_definition.app","mode":"managed","type":"aws_ecs_task_definition","name":"app","provider_config_key":"aws","expressions":{"container_definitions":{"references":["var.container_image","var.aws_region","var.s3_bucket_name","aws_cloudwatch_log_group.ecs.name","aws_cloudwatch_log_group.ecs","var.aws_region"]},"cpu":{"references":["var.ecs_task_cpu"]},"execution_role_arn":{"references":["aws_iam_role.ecs_task_execution.arn","aws_iam_role.ecs_task_execution"]},"family":{"constant_value":"go-app-task"},"memory":{"references":["var.ecs_task_memory"]},"network_mode":{"constant_value":"awsvpc"},"requires_compatibilities":{"constant_value":["FARGATE"]},"task_role_arn":{"references":["aws_iam_role.ecs_task_execution.arn","aws_iam_role.ecs_task_execution"]}},"schema_version":1},{"address":"aws_eip.nat","mode":"managed","type":"aws_eip","name":"nat","provider_config_key":"aws","expressions":{"domain":{"constant_value":"vpc"}},"schema_version":0},{"address":"aws_iam_policy.s3_access","mode":"managed","type":"aws_iam_policy","name":"s3_access","provider_config_key":"aws","expressions":{"description":{"constant_value":"Allow ECS tasks to access S3 bucket."},"name":{"constant_value":"go-app-s3-access-policy"},"policy":{"references":["aws_s3_bucket.app.arn","aws_s3_bucket.app","aws_s3_bucket.app.arn","aws_s3_bucket.app"]}},"schema_version":0},{"address":"aws_iam_role.ecs_task_execution","mode":"managed","type":"aws_iam_role","name":"ecs_task_execution","provider_config_key":"aws","expressions":{"assume_role_policy":{"references":["data.aws_iam_policy_document.ecs_task_assume_role.json","data.aws_iam_policy_document.ecs_task_assume_role"]},"name":{"constant_value":"go-app-ecs-task-execution-role"}},"schema_version":0},{"address":"aws_iam_role_policy_attachment.ecs_task_execution_policy","mode":"managed","type":"aws_iam_role_policy_attachment","name":"ecs_task_execution_policy","provider_config_key":"aws","expressions":{"policy_arn":{"constant_value":"arn:aws:iam::aws:policy/service-role/AmazonECSTaskExecutionRolePolicy"},"role":{"references":["aws_iam_role.ecs_task_execution.name","aws_iam_role.ecs_task_execution"]}},"schema_version":0},{"address":"aws_iam_role_policy_attachment.ecs_task_s3_access","mode":"managed","type":"aws_iam_role_policy_attachment","name":"ecs_task_s3_access","provider_config_key":"aws","expressions":{"policy_arn":{"references":["aws_iam_policy.s3_access.arn","aws_iam_policy.s3_access"]},"role":{"references":["aws_iam_role.ecs_task_execution.name","aws_iam_role.ecs_task_execution"]}},"schema_version":0},{"address":"aws_internet_gateway.main","mode":"managed","type":"aws_internet_gateway","name":"main","provider_config_key":"aws","expressions":{"tags":{"constant_value":{"Name":"go-app-igw"}},"vpc_id":{"references":["aws_vpc.main.id","aws_vpc.main"]}},"schema_version":0},{"address":"aws_lb.app","mode":"managed","type":"aws_lb","name":"app","provider_config_key":"aws","expressions":{"internal":{"constant_value":false},"load_balancer_type":{"constant_value":"application"},"name":{"constant_value":"go-app-alb"},"security_groups":{"references":["aws_security_group.ecs_tasks.id","aws_security_group.ecs_tasks"]},"subnets":{"references":["aws_subnet.public"]},"tags":{"constant_value":{"Name":"go-app-alb"}}},"schema_version":0},{"address":"aws_lb_listener.http","mode":"managed","type":"aws_lb_listener","name":"http","provider_config_key":"aws","expressions":{"default_action":[{"target_group_arn":{"references":["aws_lb_target_group.app.arn","aws_lb_target_group.app"]},"type":{"constant_value":"forward"}}],"load_balancer_arn":{"references":["aws_lb.app.arn","aws_lb.app"]},"port":{"constant_value":80},"protocol":{"constant_value":"HTTP"}},"schema_version":0},{"address":"aws_lb_target_group.app","mode":"managed","type":"aws_lb_target_group","name":"app","provider_config_key":"aws","expressions":{"health_check":[{"healthy_threshold":{"constant_value":2},"interval":{"constant_value":30},"matcher":{"constant_value":"200-399"},"path":{"constant_value":"/"},"protocol":{"constant_value":"HTTP"},"timeout":{"constant_value":5},"unhealthy_threshold":{"constant_value":2}}],"name":{"constant_value":"go-app-tg"},"port":{"constant_value":8080},"protocol":{"constant_value":"HTTP"},"tags":{"constant_value":{"Name":"go-app-tg"}},"vpc_id":{"references":["aws_vpc.main.id","aws_vpc.main"]}},"schema_version":0},{"address":"aws_nat_gateway.main","mode":"managed","type":"aws_nat_gateway","name":"main","provider_config_key":"aws","expressions":{"allocation_id":{"references":["aws_eip.nat.id","aws_eip.nat"]},"subnet_id":{"references":["aws_subnet.public[0].id","aws_subnet.public[0]","aws_subnet.public"]},"tags":{"constant_value":{"Name":"go-app-nat-gw"}}},"schema_version":0,"depends_on":["aws_internet_gateway.main"]},{"address":"aws_route.private_nat_gateway","mode":"managed","type":"aws_route","name":"private_nat_gateway","provider_config_key":"aws","expressions":{"destination_cidr_block":{"constant_value":"0.0.0.0/0"},"nat_gateway_id":{"references":["aws_nat_gateway.main.id","aws_nat_gateway.main"]},"route_table_id":{"references":["aws_route_table.private.id","aws_route_table.private"]}},"schema_version":0},{"address":"aws_route.public_internet_access","mode":"managed","type":"aws_route","name":"public_internet_access","provider_config_key":"aws","expressions":{"destination_cidr_block":{"constant_value":"0.0.0.0/0"},"gateway_id":{"references":["aws_internet_gateway.main.id","aws_internet_gateway.main"]},"route_table_id":{"references":["aws_route_table.public.id","aws_route_table.public"]}},"schema_version":0},{"address":"aws_route_table.private","mode":"managed","type":"aws_route_table","name":"private","provider_config_key":"aws","expressions":{"tags":{"constant_value":{"Name":"go-app-private-rt"}},"vpc_id":{"references":["aws_vpc.main.id","aws_vpc.main"]}},"schema_version":0},{"address":"aws_route_table.public","mode":"managed","type":"aws_route_table","name":"public","provider_config_key":"aws","expressions":{"tags":{"constant_value":{"Name":"go-app-public-rt"}},"vpc_id":{"references":["aws_vpc.main.id","aws_vpc.main"]}},"schema_version":0},{"address":"aws_route_table_association.private","mode":"managed","type":"aws_route_table_association","name":"private","provider_config_key":"aws","expressions":{"route_table_id":{"references":["aws_route_table.private.id","aws_route_table.private"]},"subnet_id":{"references":["aws_subnet.private","count.index"]}},"schema_version":0,"count_expression":{"references":["aws_subnet.private"]}},{"address":"aws_route_table_association.public","mode":"managed","type":"aws_route_table_association","name":"public","provider_config_key":"aws","expressions":{"route_table_id":{"references":["aws_route_table.public.id","aws_route_table.public"]},"subnet_id":{"references":["aws_subnet.public","count.index"]}},"schema_version":0,"count_expression":{"references":["aws_subnet.public"]}},{"address":"aws_s3_bucket.app","mode":"managed","type":"aws_s3_bucket","name":"app","provider_config_key":"aws","expressions":{"bucket":{"references":["var.s3_bucket_name"]},"force_destroy":{"constant_value":true},"tags":{"constant_value":{"Name":"go-app-s3-bucket"}}},"schema_version":0},{"address":"aws_s3_bucket_public_access_block.app","mode":"managed","type":"aws_s3_bucket_public_access_block","name":"app","provider_config_key":"aws","expressions":{"block_public_acls":{"constant_value":true},"block_public_policy":{"constant_value":true},"bucket":{"references":["aws_s3_bucket.app.id","aws_s3_bucket.app"]},"ignore_public_acls":{"constant_value":true},"restrict_public_buckets":{"constant_value":true}},"schema_version":0},{"address":"aws_s3_bucket_server_side_encryption_configuration.app","mode":"managed","type":"aws_s3_bucket_server_side_encryption_configuration","name":"app","provider_config_key":"aws","expressions":{"bucket":{"references":["aws_s3_bucket.app.id","aws_s3_bucket.app"]},"rule":[{"apply_server_side_encryption_by_default":[{"sse_algorithm":{"constant_value":"AES256"}}]}]},"schema_version":0},{"address":"aws_s3_bucket_versioning.app","mode":"managed","type":"aws_s3_bucket_versioning","name":"app","provider_config_key":"aws","expressions":{"bucket":{"references":["aws_s3_bucket.app.id","aws_s3_bucket.app"]},"versioning_configuration":[{"status":{"constant_value":"Enabled"}}]},"schema_version":0},{"address":"aws_security_group.ecs_tasks","mode":"managed","type":"aws_security_group","name":"ecs_tasks","provider_config_key":"aws","expressions":{"description":{"constant_value":"Allow outbound internet access for ECS tasks"},"egress":{"constant_value":[{"cidr_blocks":["0.0.0.0/0"],"description":null,"from_port":0,"ipv6_cidr_blocks":null,"prefix_list_ids":null,"protocol":"-1","security_groups":null,"self":null,"to_port":0}]},"ingress":{"constant_value":[{"cidr_blocks":["0.0.0.0/0"],"description":null,"from_port":8080,"ipv6_cidr_blocks":null,"prefix_list_ids":null,"protocol":"tcp","security_groups":null,"self":null,"to_port":8080}]},"name":{"constant_value":"go-app-ecs-tasks-sg"},"tags":{"constant_value":{"Name":"go-app-ecs-tasks-sg"}},"vpc_id":{"references":["aws_vpc.main.id","aws_vpc.main"]}},"schema_version":1},{"address":"aws_subnet.private","mode":"managed","type":"aws_subnet","name":"private","provider_config_key":"aws","expressions":{"availability_zone":{"references":["data.aws_availability_zones.available.names","data.aws_availability_zones.available","count.index"]},"cidr_block":{"references":["var.private_subnet_cidrs","count.index"]},"tags":{"references":["count.index"]},"vpc_id":{"references":["aws_vpc.main.id","aws_vpc.main"]}},"schema_version":1,"count_expression":{"references":["var.private_subnet_cidrs"]}},{"address":"aws_subnet.public","mode":"managed","type":"aws_subnet","name":"public","provider_config_key":"aws","expressions":{"availability_zone":{"references":["data.aws_availability_zones.available.names","data.aws_availability_zones.available","count.index"]},"cidr_block":{"references":["var.public_subnet_cidrs","count.index"]},"map_public_ip_on_launch":{"constant_value":true},"tags":{"references":["count.index"]},"vpc_id":{"references":["aws_vpc.main.id","aws_vpc.main"]}},"schema_version":1,"count_expression":{"references":["var.public_subnet_cidrs"]}},{"address":"aws_vpc.main","mode":"managed","type":"aws_vpc","name":"main","provider_config_key":"aws","expressions":{"cidr_block":{"references":["var.vpc_cidr"]},"enable_dns_hostnames":{"constant_value":true},"enable_dns_support":{"constant_value":true},"tags":{"constant_value":{"Name":"go-app-vpc"}}},"schema_version":1},{"address":"data.aws_availability_zones.available","mode":"data","type":"aws_availability_zones","name":"available","provider_config_key":"aws","schema_version":0},{"address":"data.aws_iam_policy_document.ecs_task_assume_role","mode":"data","type":"aws_iam_policy_document","name":"ecs_task_assume_role","provider_config_key":"aws","expressions":{"statement":[{"actions":{"constant_value":["sts:AssumeRole"]},"principals":[{"identifiers":{"constant_value":["ecs-tasks.amazonaws.com"]},"type":{"constant_value":"Service"}}]}]},"schema_version":0}],"variables":{"aws_region":{"default":"us-east-1","description":"AWS region to deploy resources in."},"container_image":{"description":"Docker image for the Go application."},"ecs_service_name":{"default":"go-app-service","description":"Name for the ECS service."},"ecs_task_cpu":{"default":256,"description":"CPU units for the ECS task."},"ecs_task_memory":{"default":512,"description":"Memory (in MiB) for the ECS task."},"private_subnet_cidrs":{"default":["10.0.2.0/24"],"description":"List of CIDR blocks for private subnets."},"public_subnet_cidrs":{"default":["10.0.1.0/24"],"description":"List of CIDR blocks for public subnets."},"s3_bucket_name":{"description":"Name of the S3 bucket."},"vpc_cidr":{"default":"10.0.0.0/16","description":"CIDR block for the VPC."}}}},"relevant_attributes":[{"resource":"data.aws_availability_zones.available","attribute":["names"]},{"resource":"aws_lb.app","attribute":["arn"]},{"resource":"aws_subnet.public[0]","attribute":["id"]},{"resource":"aws_subnet.public","attribute":[]},{"resource":"aws_ecs_service.app","attribute":["name"]},{"resource":"aws_lb.app","attribute":["dns_name"]},{"resource":"aws_lb_target_group.app","attribute":["arn"]},{"resource":"aws_iam_policy.s3_access","attribute":["arn"]},{"resource":"aws_s3_bucket.app","attribute":["id"]},{"resource":"aws_cloudwatch_log_group.ecs","attribute":["name"]},{"resource":"aws_iam_role.ecs_task_execution","attribute":["arn"]},{"resource":"aws_route_table.public","attribute":["id"]},{"resource":"aws_ecs_cluster.main","attribute":["id"]},{"resource":"aws_ecs_cluster.main","attribute":["name"]},{"resource":"aws_s3_bucket.app","attribute":["bucket"]},{"resource":"data.aws_iam_policy_document.ecs_task_assume_role","attribute":["json"]},{"resource":"aws_vpc.main","attribute":["id"]},{"resource":"aws_iam_role.ecs_task_execution","attribute":["name"]},{"resource":"aws_s3_bucket.app","attribute":["arn"]},{"resource":"aws_internet_gateway.main","attribute":["id"]},{"resource":"aws_nat_gateway.main","attribute":["id"]},{"resource":"aws_security_group.ecs_tasks","attribute":["id"]},{"resource":"aws_subnet.private","attribute":[]},{"resource":"aws_ecs_task_definition.app","attribute":["arn"]},{"resource":"aws_eip.nat","attribute":["id"]},{"resource":"aws_route_table.private","attribute":["id"]}],"timestamp":"2025-12-22T20:43:58Z","applyable":true,"complete":true,"errored":false}
