
Terraform used the selected providers to generate the following execution
plan. Resource actions are indicated with the following symbols:
  + create

Terraform will perform the following actions:

  # aws_s3_bucket.app_artifacts will be created
  + resource "aws_s3_bucket" "app_artifacts" {
      + acceleration_status         = (known after apply)
      + acl                         = (known after apply)
      + arn                         = (known after apply)
      + bucket                      = (known after apply)
      + bucket_domain_name          = (known after apply)
      + bucket_prefix               = (known after apply)
      + bucket_region               = (known after apply)
      + bucket_regional_domain_name = (known after apply)
      + force_destroy               = true
      + hosted_zone_id              = (known after apply)
      + id                          = (known after apply)
      + object_lock_enabled         = (known after apply)
      + policy                      = (known after apply)
      + region                      = "us-east-1"
      + request_payer               = (known after apply)
      + tags                        = {
          + "Name" = "dash-dashboard-demo-artifacts"
        }
      + tags_all                    = {
          + "Name" = "dash-dashboard-demo-artifacts"
        }
      + website_domain              = (known after apply)
      + website_endpoint            = (known after apply)

      + cors_rule (known after apply)

      + grant (known after apply)

      + lifecycle_rule (known after apply)

      + logging (known after apply)

      + object_lock_configuration (known after apply)

      + replication_configuration (known after apply)

      + server_side_encryption_configuration (known after apply)

      + versioning (known after apply)

      + website (known after apply)
    }

  # random_id.suffix will be created
  + resource "random_id" "suffix" {
      + b64_std     = (known after apply)
      + b64_url     = (known after apply)
      + byte_length = 4
      + dec         = (known after apply)
      + hex         = (known after apply)
      + id          = (known after apply)
    }

Plan: 2 to add, 0 to change, 0 to destroy.

Changes to Outputs:
  + s3_bucket_name = (known after apply)
random_id.suffix: Creating...
random_id.suffix: Creation complete after 0s [id=sIWLrg]
aws_s3_bucket.app_artifacts: Creating...
aws_s3_bucket.app_artifacts: Still creating... [00m10s elapsed]
aws_s3_bucket.app_artifacts: Still creating... [00m20s elapsed]
aws_s3_bucket.app_artifacts: Still creating... [00m30s elapsed]
aws_s3_bucket.app_artifacts: Still creating... [00m40s elapsed]
aws_s3_bucket.app_artifacts: Still creating... [00m50s elapsed]
aws_s3_bucket.app_artifacts: Still creating... [01m00s elapsed]
aws_s3_bucket.app_artifacts: Still creating... [01m10s elapsed]
aws_s3_bucket.app_artifacts: Still creating... [01m20s elapsed]
aws_s3_bucket.app_artifacts: Still creating... [01m30s elapsed]
aws_s3_bucket.app_artifacts: Still creating... [01m40s elapsed]
aws_s3_bucket.app_artifacts: Still creating... [01m50s elapsed]
aws_s3_bucket.app_artifacts: Still creating... [02m00s elapsed]
aws_s3_bucket.app_artifacts: Still creating... [02m10s elapsed]
aws_s3_bucket.app_artifacts: Still creating... [02m20s elapsed]
aws_s3_bucket.app_artifacts: Still creating... [02m30s elapsed]
aws_s3_bucket.app_artifacts: Still creating... [02m40s elapsed]
aws_s3_bucket.app_artifacts: Still creating... [02m50s elapsed]
aws_s3_bucket.app_artifacts: Still creating... [03m00s elapsed]
aws_s3_bucket.app_artifacts: Still creating... [03m10s elapsed]
aws_s3_bucket.app_artifacts: Still creating... [03m20s elapsed]
aws_s3_bucket.app_artifacts: Still creating... [03m30s elapsed]
aws_s3_bucket.app_artifacts: Still creating... [03m40s elapsed]
aws_s3_bucket.app_artifacts: Still creating... [03m50s elapsed]
aws_s3_bucket.app_artifacts: Still creating... [04m00s elapsed]
aws_s3_bucket.app_artifacts: Still creating... [04m10s elapsed]
aws_s3_bucket.app_artifacts: Still creating... [04m20s elapsed]
aws_s3_bucket.app_artifacts: Still creating... [04m30s elapsed]
aws_s3_bucket.app_artifacts: Still creating... [04m40s elapsed]
aws_s3_bucket.app_artifacts: Still creating... [04m50s elapsed]
aws_s3_bucket.app_artifacts: Still creating... [05m00s elapsed]
aws_s3_bucket.app_artifacts: Still creating... [05m10s elapsed]
aws_s3_bucket.app_artifacts: Still creating... [05m20s elapsed]
aws_s3_bucket.app_artifacts: Still creating... [05m31s elapsed]
