{"format_version":"1.2","terraform_version":"1.13.5","variables":{"allowed_cidr_blocks":{"value":["0.0.0.0/0"]},"app_name":{"value":"atlas-template"},"aws_region":{"value":"us-east-1"},"db_allocated_storage":{"value":20},"db_instance_class":{"value":"db.t3.micro"},"db_name":{"value":"app"},"db_port":{"value":3306},"db_username":{"value":"appuser"},"publicly_accessible":{"value":true}},"planned_values":{"outputs":{"db_endpoint":{"sensitive":false},"db_name":{"sensitive":false,"type":"string","value":"app"},"db_password":{"sensitive":true},"db_port":{"sensitive":false,"type":"number","value":3306},"db_username":{"sensitive":false,"type":"string","value":"appuser"}},"root_module":{"resources":[{"address":"aws_db_instance.this","mode":"managed","type":"aws_db_instance","name":"this","provider_name":"registry.terraform.io/hashicorp/aws","schema_version":2,"values":{"allocated_storage":20,"allow_major_version_upgrade":null,"apply_immediately":false,"auto_minor_version_upgrade":true,"blue_green_update":[],"copy_tags_to_snapshot":false,"custom_iam_instance_profile":null,"customer_owned_ip_enabled":null,"db_name":"app","db_subnet_group_name":"atlas-template-db-subnets","dedicated_log_volume":false,"delete_automated_backups":true,"deletion_protection":false,"domain":null,"domain_auth_secret_arn":null,"domain_dns_ips":null,"domain_iam_role_name":null,"domain_ou":null,"enabled_cloudwatch_logs_exports":null,"engine":"mysql","engine_version":"8.0","final_snapshot_identifier":null,"iam_database_authentication_enabled":null,"identifier":"atlas-template-mysql","instance_class":"db.t3.micro","manage_master_user_password":null,"max_allocated_storage":null,"monitoring_interval":0,"password_wo":null,"password_wo_version":null,"performance_insights_enabled":false,"port":3306,"publicly_accessible":true,"replicate_source_db":null,"restore_to_point_in_time":[],"s3_import":[],"skip_final_snapshot":true,"storage_encrypted":true,"storage_type":"gp2","tags":{"Name":"atlas-template-mysql"},"tags_all":{"ManagedBy":"terraform","Name":"atlas-template-mysql","Project":"atlas-template"},"timeouts":null,"upgrade_storage_config":null,"username":"appuser"},"sensitive_values":{"blue_green_update":[],"listener_endpoint":[],"master_user_secret":[],"password":true,"password_wo":true,"replicas":[],"restore_to_point_in_time":[],"s3_import":[],"tags":{},"tags_all":{},"vpc_security_group_ids":[]}},{"address":"aws_db_subnet_group.this","mode":"managed","type":"aws_db_subnet_group","name":"this","provider_name":"registry.terraform.io/hashicorp/aws","schema_version":0,"values":{"description":"Managed by Terraform","name":"atlas-template-db-subnets","subnet_ids":["subnet-0594bcdc33de71956","subnet-06c6f5c13bac05fd9","subnet-1b47ce469c7dda75b","subnet-339b43b5e986dfb5c","subnet-b8ffd689b07850e17","subnet-ccdafb428351d12ce"],"tags":{"Name":"atlas-template-db-subnets"},"tags_all":{"ManagedBy":"terraform","Name":"atlas-template-db-subnets","Project":"atlas-template"}},"sensitive_values":{"subnet_ids":[false,false,false,false,false,false],"supported_network_types":[],"tags":{},"tags_all":{}}},{"address":"aws_security_group.db","mode":"managed","type":"aws_security_group","name":"db","provider_name":"registry.terraform.io/hashicorp/aws","schema_version":1,"values":{"description":"Allow MySQL access","egress":[{"cidr_blocks":["0.0.0.0/0"],"description":"","from_port":0,"ipv6_cidr_blocks":[],"prefix_list_ids":[],"protocol":"-1","security_groups":[],"self":false,"to_port":0}],"ingress":[{"cidr_blocks":["0.0.0.0/0"],"description":"MySQL","from_port":3306,"ipv6_cidr_blocks":[],"prefix_list_ids":[],"protocol":"tcp","security_groups":[],"self":false,"to_port":3306}],"name_prefix":"atlas-template-db-","revoke_rules_on_delete":false,"tags":null,"tags_all":{"ManagedBy":"terraform","Project":"atlas-template"},"timeouts":null,"vpc_id":"vpc-74b8041b44a10eda9"},"sensitive_values":{"egress":[{"cidr_blocks":[false],"ipv6_cidr_blocks":[],"prefix_list_ids":[],"security_groups":[]}],"ingress":[{"cidr_blocks":[false],"ipv6_cidr_blocks":[],"prefix_list_ids":[],"security_groups":[]}],"tags_all":{}}},{"address":"random_password.db","mode":"managed","type":"random_password","name":"db","provider_name":"registry.terraform.io/hashicorp/random","schema_version":3,"values":{"keepers":null,"length":24,"lower":true,"min_lower":0,"min_numeric":0,"min_special":0,"min_upper":0,"number":true,"numeric":true,"override_special":null,"special":true,"upper":true},"sensitive_values":{"bcrypt_hash":true,"result":true}}]}},"resource_changes":[{"address":"aws_db_instance.this","mode":"managed","type":"aws_db_instance","name":"this","provider_name":"registry.terraform.io/hashicorp/aws","change":{"actions":["create"],"before":null,"after":{"allocated_storage":20,"allow_major_version_upgrade":null,"apply_immediately":false,"auto_minor_version_upgrade":true,"blue_green_update":[],"copy_tags_to_snapshot":false,"custom_iam_instance_profile":null,"customer_owned_ip_enabled":null,"db_name":"app","db_subnet_group_name":"atlas-template-db-subnets","dedicated_log_volume":false,"delete_automated_backups":true,"deletion_protection":false,"domain":null,"domain_auth_secret_arn":null,"domain_dns_ips":null,"domain_iam_role_name":null,"domain_ou":null,"enabled_cloudwatch_logs_exports":null,"engine":"mysql","engine_version":"8.0","final_snapshot_identifier":null,"iam_database_authentication_enabled":null,"identifier":"atlas-template-mysql","instance_class":"db.t3.micro","manage_master_user_password":null,"max_allocated_storage":null,"monitoring_interval":0,"password_wo":null,"password_wo_version":null,"performance_insights_enabled":false,"port":3306,"publicly_accessible":true,"replicate_source_db":null,"restore_to_point_in_time":[],"s3_import":[],"skip_final_snapshot":true,"storage_encrypted":true,"storage_type":"gp2","tags":{"Name":"atlas-template-mysql"},"tags_all":{"ManagedBy":"terraform","Name":"atlas-template-mysql","Project":"atlas-template"},"timeouts":null,"upgrade_storage_config":null,"username":"appuser"},"after_unknown":{"address":true,"arn":true,"availability_zone":true,"backup_retention_period":true,"backup_target":true,"backup_window":true,"blue_green_update":[],"ca_cert_identifier":true,"character_set_name":true,"database_insights_mode":true,"domain_fqdn":true,"endpoint":true,"engine_lifecycle_support":true,"engine_version_actual":true,"hosted_zone_id":true,"id":true,"identifier_prefix":true,"iops":true,"kms_key_id":true,"latest_restorable_time":true,"license_model":true,"listener_endpoint":true,"maintenance_window":true,"master_user_secret":true,"master_user_secret_kms_key_id":true,"monitoring_role_arn":true,"multi_az":true,"nchar_character_set_name":true,"network_type":true,"option_group_name":true,"parameter_group_name":true,"password":true,"performance_insights_kms_key_id":true,"performance_insights_retention_period":true,"replica_mode":true,"replicas":true,"resource_id":true,"restore_to_point_in_time":[],"s3_import":[],"snapshot_identifier":true,"status":true,"storage_throughput":true,"tags":{},"tags_all":{},"timezone":true,"vpc_security_group_ids":true},"before_sensitive":false,"after_sensitive":{"blue_green_update":[],"listener_endpoint":[],"master_user_secret":[],"password":true,"password_wo":true,"replicas":[],"restore_to_point_in_time":[],"s3_import":[],"tags":{},"tags_all":{},"vpc_security_group_ids":[]}}},{"address":"aws_db_subnet_group.this","mode":"managed","type":"aws_db_subnet_group","name":"this","provider_name":"registry.terraform.io/hashicorp/aws","change":{"actions":["create"],"before":null,"after":{"description":"Managed by Terraform","name":"atlas-template-db-subnets","subnet_ids":["subnet-0594bcdc33de71956","subnet-06c6f5c13bac05fd9","subnet-1b47ce469c7dda75b","subnet-339b43b5e986dfb5c","subnet-b8ffd689b07850e17","subnet-ccdafb428351d12ce"],"tags":{"Name":"atlas-template-db-subnets"},"tags_all":{"ManagedBy":"terraform","Name":"atlas-template-db-subnets","Project":"atlas-template"}},"after_unknown":{"arn":true,"id":true,"name_prefix":true,"subnet_ids":[false,false,false,false,false,false],"supported_network_types":true,"tags":{},"tags_all":{},"vpc_id":true},"before_sensitive":false,"after_sensitive":{"subnet_ids":[false,false,false,false,false,false],"supported_network_types":[],"tags":{},"tags_all":{}}}},{"address":"aws_security_group.db","mode":"managed","type":"aws_security_group","name":"db","provider_name":"registry.terraform.io/hashicorp/aws","change":{"actions":["create"],"before":null,"after":{"description":"Allow MySQL access","egress":[{"cidr_blocks":["0.0.0.0/0"],"description":"","from_port":0,"ipv6_cidr_blocks":[],"prefix_list_ids":[],"protocol":"-1","security_groups":[],"self":false,"to_port":0}],"ingress":[{"cidr_blocks":["0.0.0.0/0"],"description":"MySQL","from_port":3306,"ipv6_cidr_blocks":[],"prefix_list_ids":[],"protocol":"tcp","security_groups":[],"self":false,"to_port":3306}],"name_prefix":"atlas-template-db-","revoke_rules_on_delete":false,"tags":null,"tags_all":{"ManagedBy":"terraform","Project":"atlas-template"},"timeouts":null,"vpc_id":"vpc-74b8041b44a10eda9"},"after_unknown":{"arn":true,"egress":[{"cidr_blocks":[false],"ipv6_cidr_blocks":[],"prefix_list_ids":[],"security_groups":[]}],"id":true,"ingress":[{"cidr_blocks":[false],"ipv6_cidr_blocks":[],"prefix_list_ids":[],"security_groups":[]}],"name":true,"owner_id":true,"tags_all":{}},"before_sensitive":false,"after_sensitive":{"egress":[{"cidr_blocks":[false],"ipv6_cidr_blocks":[],"prefix_list_ids":[],"security_groups":[]}],"ingress":[{"cidr_blocks":[false],"ipv6_cidr_blocks":[],"prefix_list_ids":[],"security_groups":[]}],"tags_all":{}}}},{"address":"random_password.db","mode":"managed","type":"random_password","name":"db","provider_name":"registry.terraform.io/hashicorp/random","change":{"actions":["create"],"before":null,"after":{"keepers":null,"length":24,"lower":true,"min_lower":0,"min_numeric":0,"min_special":0,"min_upper":0,"number":true,"numeric":true,"override_special":null,"special":true,"upper":true},"after_unknown":{"bcrypt_hash":true,"id":true,"result":true},"before_sensitive":false,"after_sensitive":{"bcrypt_hash":true,"result":true}}}],"output_changes":{"db_endpoint":{"actions":["create"],"before":null,"after_unknown":true,"before_sensitive":false,"after_sensitive":false},"db_name":{"actions":["create"],"before":null,"after":"app","after_unknown":false,"before_sensitive":false,"after_sensitive":false},"db_password":{"actions":["create"],"before":null,"after_unknown":true,"before_sensitive":true,"after_sensitive":true},"db_port":{"actions":["create"],"before":null,"after":3306,"after_unknown":false,"before_sensitive":false,"after_sensitive":false},"db_username":{"actions":["create"],"before":null,"after":"appuser","after_unknown":false,"before_sensitive":false,"after_sensitive":false}},"prior_state":{"format_version":"1.0","terraform_version":"1.13.5","values":{"outputs":{"db_name":{"sensitive":false,"value":"app","type":"string"},"db_port":{"sensitive":false,"value":3306,"type":"number"},"db_username":{"sensitive":false,"value":"appuser","type":"string"}},"root_module":{"resources":[{"address":"data.aws_subnets.default","mode":"data","type":"aws_subnets","name":"default","provider_name":"registry.terraform.io/hashicorp/aws","schema_version":0,"values":{"filter":[{"name":"vpc-id","values":["vpc-74b8041b44a10eda9"]}],"id":"us-east-1","ids":["subnet-339b43b5e986dfb5c","subnet-b8ffd689b07850e17","subnet-0594bcdc33de71956","subnet-ccdafb428351d12ce","subnet-1b47ce469c7dda75b","subnet-06c6f5c13bac05fd9"],"tags":null,"timeouts":null},"sensitive_values":{"filter":[{"values":[false]}],"ids":[false,false,false,false,false,false]}},{"address":"data.aws_vpc.default","mode":"data","type":"aws_vpc","name":"default","provider_name":"registry.terraform.io/hashicorp/aws","schema_version":0,"values":{"arn":"arn:aws:ec2:us-east-1:000000000000:vpc/vpc-74b8041b44a10eda9","cidr_block":"172.31.0.0/16","cidr_block_associations":[{"association_id":"vpc-cidr-assoc-fe08215d1b6b56351","cidr_block":"172.31.0.0/16","state":"associated"}],"default":true,"dhcp_options_id":"default","enable_dns_hostnames":true,"enable_dns_support":true,"enable_network_address_usage_metrics":false,"filter":null,"id":"vpc-74b8041b44a10eda9","instance_tenancy":"default","ipv6_association_id":"","ipv6_cidr_block":"","main_route_table_id":"rtb-a665ff92d3bc8cd52","owner_id":"000000000000","state":null,"tags":{},"timeouts":null},"sensitive_values":{"cidr_block_associations":[{}],"tags":{}}}]}}},"configuration":{"provider_config":{"aws":{"name":"aws","full_name":"registry.terraform.io/hashicorp/aws","version_constraint":"~\u003e 5.0","expressions":{"default_tags":[{"tags":{"references":["var.app_name"]}}],"region":{"references":["var.aws_region"]}}},"random":{"name":"random","full_name":"registry.terraform.io/hashicorp/random","version_constraint":"~\u003e 3.6"}},"root_module":{"outputs":{"db_endpoint":{"expression":{"references":["aws_db_instance.this.address","aws_db_instance.this"]},"description":"RDS endpoint address."},"db_name":{"expression":{"references":["var.db_name"]},"description":"Database name."},"db_password":{"sensitive":true,"expression":{"references":["random_password.db.result","random_password.db"]},"description":"Database master password (generated)."},"db_port":{"expression":{"references":["aws_db_instance.this.port","aws_db_instance.this"]},"description":"RDS port."},"db_username":{"expression":{"references":["var.db_username"]},"description":"Database master username."}},"resources":[{"address":"aws_db_instance.this","mode":"managed","type":"aws_db_instance","name":"this","provider_config_key":"aws","expressions":{"allocated_storage":{"references":["var.db_allocated_storage"]},"db_name":{"references":["var.db_name"]},"db_subnet_group_name":{"references":["aws_db_subnet_group.this.name","aws_db_subnet_group.this"]},"deletion_protection":{"constant_value":false},"engine":{"constant_value":"mysql"},"engine_version":{"constant_value":"8.0"},"identifier":{"references":["var.app_name"]},"instance_class":{"references":["var.db_instance_class"]},"password":{"references":["random_password.db.result","random_password.db"]},"port":{"references":["var.db_port"]},"publicly_accessible":{"references":["var.publicly_accessible"]},"skip_final_snapshot":{"constant_value":true},"storage_encrypted":{"constant_value":true},"storage_type":{"constant_value":"gp2"},"tags":{"references":["var.app_name"]},"username":{"references":["var.db_username"]},"vpc_security_group_ids":{"references":["aws_security_group.db.id","aws_security_group.db"]}},"schema_version":2},{"address":"aws_db_subnet_group.this","mode":"managed","type":"aws_db_subnet_group","name":"this","provider_config_key":"aws","expressions":{"name":{"references":["var.app_name"]},"subnet_ids":{"references":["data.aws_subnets.default.ids","data.aws_subnets.default"]},"tags":{"references":["var.app_name"]}},"schema_version":0},{"address":"aws_security_group.db","mode":"managed","type":"aws_security_group","name":"db","provider_config_key":"aws","expressions":{"description":{"constant_value":"Allow MySQL access"},"egress":{"constant_value":[{"cidr_blocks":["0.0.0.0/0"],"description":null,"from_port":0,"ipv6_cidr_blocks":null,"prefix_list_ids":null,"protocol":"-1","security_groups":null,"self":null,"to_port":0}]},"ingress":{"references":["var.allowed_cidr_blocks","var.db_port","var.db_port"]},"name_prefix":{"references":["var.app_name"]},"vpc_id":{"references":["data.aws_vpc.default.id","data.aws_vpc.default"]}},"schema_version":1},{"address":"random_password.db","mode":"managed","type":"random_password","name":"db","provider_config_key":"random","expressions":{"length":{"constant_value":24},"special":{"constant_value":true}},"schema_version":3},{"address":"data.aws_subnets.default","mode":"data","type":"aws_subnets","name":"default","provider_config_key":"aws","expressions":{"filter":[{"name":{"constant_value":"vpc-id"},"values":{"references":["data.aws_vpc.default.id","data.aws_vpc.default"]}}]},"schema_version":0},{"address":"data.aws_vpc.default","mode":"data","type":"aws_vpc","name":"default","provider_config_key":"aws","expressions":{"default":{"constant_value":true}},"schema_version":0}],"variables":{"allowed_cidr_blocks":{"default":["0.0.0.0/0"],"description":"CIDR blocks allowed to connect to the database (when publicly accessible)."},"app_name":{"default":"atlas-template","description":"Application name used for naming/tagging."},"aws_region":{"default":"us-east-1","description":"AWS region to deploy into."},"db_allocated_storage":{"default":20,"description":"Allocated storage in GB."},"db_instance_class":{"default":"db.t3.micro","description":"RDS instance class."},"db_name":{"default":"app","description":"Initial database name."},"db_port":{"default":3306,"description":"Database port."},"db_username":{"default":"appuser","description":"Master username for the RDS instance."},"publicly_accessible":{"default":true,"description":"Whether the DB should have a public endpoint. For minimal demo usage, default true."}}}},"relevant_attributes":[{"resource":"data.aws_subnets.default","attribute":["ids"]},{"resource":"data.aws_vpc.default","attribute":["id"]},{"resource":"aws_db_subnet_group.this","attribute":["name"]},{"resource":"aws_security_group.db","attribute":["id"]},{"resource":"aws_db_instance.this","attribute":["address"]},{"resource":"aws_db_instance.this","attribute":["port"]},{"resource":"random_password.db","attribute":["result"]}],"timestamp":"2026-01-25T15:01:42Z","applyable":true,"complete":true,"errored":false}
