{"format_version":"1.2","terraform_version":"1.13.5","variables":{"aws_region":{"value":"us-east-1"},"security_group_ids":{"value":[]},"subnet_ids":{"value":[]},"vpc_id":{"value":"vpc-033725f7f6cd801a7"}},"planned_values":{"outputs":{"alb_dns_name":{"sensitive":false}},"root_module":{"resources":[{"address":"aws_alb.hello_world_alb","mode":"managed","type":"aws_alb","name":"hello_world_alb","provider_name":"registry.terraform.io/hashicorp/aws","schema_version":0,"values":{"access_logs":[],"client_keep_alive":3600,"connection_logs":[],"customer_owned_ipv4_pool":null,"desync_mitigation_mode":"defensive","dns_record_client_routing_policy":null,"drop_invalid_header_fields":false,"enable_cross_zone_load_balancing":null,"enable_deletion_protection":false,"enable_http2":true,"enable_tls_version_and_cipher_suite_headers":false,"enable_waf_fail_open":false,"enable_xff_client_port":false,"enable_zonal_shift":false,"health_check_logs":[],"idle_timeout":60,"internal":false,"ipam_pools":[],"load_balancer_type":"application","minimum_load_balancer_capacity":[],"name":"hello-world-alb","preserve_host_header":false,"region":"us-east-1","tags":null,"timeouts":null,"xff_header_processing_mode":"append"},"sensitive_values":{"access_logs":[],"connection_logs":[],"health_check_logs":[],"ipam_pools":[],"minimum_load_balancer_capacity":[],"security_groups":[],"subnet_mapping":[],"subnets":[],"tags_all":{}},"identity_schema_version":0,"identity":{"arn":null}},{"address":"aws_alb_listener.hello_world_listener","mode":"managed","type":"aws_alb_listener","name":"hello_world_listener","provider_name":"registry.terraform.io/hashicorp/aws","schema_version":0,"values":{"alpn_policy":null,"certificate_arn":null,"default_action":[{"authenticate_cognito":[],"authenticate_oidc":[],"fixed_response":[],"forward":[],"jwt_validation":[],"redirect":[],"type":"forward"}],"port":80,"protocol":"HTTP","region":"us-east-1","tags":null,"timeouts":null},"sensitive_values":{"default_action":[{"authenticate_cognito":[],"authenticate_oidc":[],"fixed_response":[],"forward":[],"jwt_validation":[],"redirect":[]}],"mutual_authentication":[],"tags_all":{}},"identity_schema_version":0,"identity":{"arn":null}},{"address":"aws_alb_target_group.hello_world_tg","mode":"managed","type":"aws_alb_target_group","name":"hello_world_tg","provider_name":"registry.terraform.io/hashicorp/aws","schema_version":0,"values":{"deregistration_delay":"300","lambda_multi_value_headers_enabled":false,"name":"hello-world-tg","port":3000,"protocol":"HTTP","proxy_protocol_v2":false,"region":"us-east-1","slow_start":0,"tags":null,"target_control_port":null,"target_type":"instance","vpc_id":"vpc-033725f7f6cd801a7"},"sensitive_values":{"health_check":[],"load_balancer_arns":[],"stickiness":[],"tags_all":{},"target_failover":[],"target_group_health":[],"target_health_state":[]},"identity_schema_version":0,"identity":{"arn":null}},{"address":"aws_ecr_repository.hello_world_repo","mode":"managed","type":"aws_ecr_repository","name":"hello_world_repo","provider_name":"registry.terraform.io/hashicorp/aws","schema_version":0,"values":{"encryption_configuration":[],"force_delete":null,"image_scanning_configuration":[],"image_tag_mutability":"MUTABLE","image_tag_mutability_exclusion_filter":[],"name":"hello-world-repo","region":"us-east-1","tags":null,"timeouts":null},"sensitive_values":{"encryption_configuration":[],"image_scanning_configuration":[],"image_tag_mutability_exclusion_filter":[],"tags_all":{}},"identity_schema_version":0,"identity":{"account_id":null,"name":null,"region":null}},{"address":"aws_ecs_cluster.hello_world_cluster","mode":"managed","type":"aws_ecs_cluster","name":"hello_world_cluster","provider_name":"registry.terraform.io/hashicorp/aws","schema_version":0,"values":{"configuration":[],"name":"hello-world-cluster","region":"us-east-1","service_connect_defaults":[],"tags":null},"sensitive_values":{"configuration":[],"service_connect_defaults":[],"setting":[],"tags_all":{}}},{"address":"aws_ecs_service.hello_world_service","mode":"managed","type":"aws_ecs_service","name":"hello_world_service","provider_name":"registry.terraform.io/hashicorp/aws","schema_version":1,"values":{"alarms":[],"capacity_provider_strategy":[],"deployment_circuit_breaker":[],"deployment_controller":[],"deployment_maximum_percent":200,"deployment_minimum_healthy_percent":100,"desired_count":1,"enable_ecs_managed_tags":false,"enable_execute_command":false,"force_delete":null,"force_new_deployment":null,"health_check_grace_period_seconds":null,"load_balancer":[{"advanced_configuration":[],"container_name":"hello-world","container_port":3000,"elb_name":""}],"name":"hello-world-service","network_configuration":[{"assign_public_ip":true,"security_groups":null,"subnets":null}],"ordered_placement_strategy":[],"placement_constraints":[],"propagate_tags":null,"region":"us-east-1","scheduling_strategy":"REPLICA","service_connect_configuration":[],"service_registries":[],"sigint_rollback":null,"tags":null,"timeouts":null,"volume_configuration":[],"vpc_lattice_configurations":[],"wait_for_steady_state":false},"sensitive_values":{"alarms":[],"capacity_provider_strategy":[],"deployment_circuit_breaker":[],"deployment_configuration":[],"deployment_controller":[],"load_balancer":[{"advanced_configuration":[]}],"network_configuration":[{}],"ordered_placement_strategy":[],"placement_constraints":[],"service_connect_configuration":[],"service_registries":[],"tags_all":{},"triggers":{},"volume_configuration":[],"vpc_lattice_configurations":[]}},{"address":"aws_ecs_task_definition.hello_world_task","mode":"managed","type":"aws_ecs_task_definition","name":"hello_world_task","provider_name":"registry.terraform.io/hashicorp/aws","schema_version":1,"values":{"cpu":"256","ephemeral_storage":[],"family":"hello-world-task","ipc_mode":null,"memory":"512","network_mode":"awsvpc","pid_mode":null,"placement_constraints":[],"proxy_configuration":[],"region":"us-east-1","requires_compatibilities":["FARGATE"],"runtime_platform":[],"skip_destroy":false,"tags":null,"task_role_arn":null,"track_latest":false,"volume":[]},"sensitive_values":{"ephemeral_storage":[],"placement_constraints":[],"proxy_configuration":[],"requires_compatibilities":[false],"runtime_platform":[],"tags_all":{},"volume":[]}},{"address":"aws_iam_role.ecs_task_execution_role","mode":"managed","type":"aws_iam_role","name":"ecs_task_execution_role","provider_name":"registry.terraform.io/hashicorp/aws","schema_version":0,"values":{"assume_role_policy":"{\"Statement\":[{\"Action\":\"sts:AssumeRole\",\"Effect\":\"Allow\",\"Principal\":{\"Service\":\"ecs-tasks.amazonaws.com\"}}],\"Version\":\"2012-10-17\"}","description":null,"force_detach_policies":false,"managed_policy_arns":["arn:aws:iam::aws:policy/service-role/AmazonECSTaskExecutionRolePolicy"],"max_session_duration":3600,"name":"ecsTaskExecutionRole","path":"/","permissions_boundary":null,"tags":null},"sensitive_values":{"inline_policy":[],"managed_policy_arns":[false],"tags_all":{}},"identity_schema_version":0,"identity":{"account_id":null,"name":null}}]}},"resource_changes":[{"address":"aws_alb.hello_world_alb","mode":"managed","type":"aws_alb","name":"hello_world_alb","provider_name":"registry.terraform.io/hashicorp/aws","change":{"actions":["create"],"before":null,"after":{"access_logs":[],"client_keep_alive":3600,"connection_logs":[],"customer_owned_ipv4_pool":null,"desync_mitigation_mode":"defensive","dns_record_client_routing_policy":null,"drop_invalid_header_fields":false,"enable_cross_zone_load_balancing":null,"enable_deletion_protection":false,"enable_http2":true,"enable_tls_version_and_cipher_suite_headers":false,"enable_waf_fail_open":false,"enable_xff_client_port":false,"enable_zonal_shift":false,"health_check_logs":[],"idle_timeout":60,"internal":false,"ipam_pools":[],"load_balancer_type":"application","minimum_load_balancer_capacity":[],"name":"hello-world-alb","preserve_host_header":false,"region":"us-east-1","tags":null,"timeouts":null,"xff_header_processing_mode":"append"},"after_unknown":{"access_logs":[],"arn":true,"arn_suffix":true,"connection_logs":[],"dns_name":true,"enforce_security_group_inbound_rules_on_private_link_traffic":true,"health_check_logs":[],"id":true,"ip_address_type":true,"ipam_pools":[],"minimum_load_balancer_capacity":[],"name_prefix":true,"secondary_ips_auto_assigned_per_subnet":true,"security_groups":true,"subnet_mapping":true,"subnets":true,"tags_all":true,"vpc_id":true,"zone_id":true},"before_sensitive":false,"after_sensitive":{"access_logs":[],"connection_logs":[],"health_check_logs":[],"ipam_pools":[],"minimum_load_balancer_capacity":[],"security_groups":[],"subnet_mapping":[],"subnets":[],"tags_all":{}},"after_identity":{"arn":null}}},{"address":"aws_alb_listener.hello_world_listener","mode":"managed","type":"aws_alb_listener","name":"hello_world_listener","provider_name":"registry.terraform.io/hashicorp/aws","change":{"actions":["create"],"before":null,"after":{"alpn_policy":null,"certificate_arn":null,"default_action":[{"authenticate_cognito":[],"authenticate_oidc":[],"fixed_response":[],"forward":[],"jwt_validation":[],"redirect":[],"type":"forward"}],"port":80,"protocol":"HTTP","region":"us-east-1","tags":null,"timeouts":null},"after_unknown":{"arn":true,"default_action":[{"authenticate_cognito":[],"authenticate_oidc":[],"fixed_response":[],"forward":[],"jwt_validation":[],"order":true,"redirect":[],"target_group_arn":true}],"id":true,"load_balancer_arn":true,"mutual_authentication":true,"routing_http_request_x_amzn_mtls_clientcert_header_name":true,"routing_http_request_x_amzn_mtls_clientcert_issuer_header_name":true,"routing_http_request_x_amzn_mtls_clientcert_leaf_header_name":true,"routing_http_request_x_amzn_mtls_clientcert_serial_number_header_name":true,"routing_http_request_x_amzn_mtls_clientcert_subject_header_name":true,"routing_http_request_x_amzn_mtls_clientcert_validity_header_name":true,"routing_http_request_x_amzn_tls_cipher_suite_header_name":true,"routing_http_request_x_amzn_tls_version_header_name":true,"routing_http_response_access_control_allow_credentials_header_value":true,"routing_http_response_access_control_allow_headers_header_value":true,"routing_http_response_access_control_allow_methods_header_value":true,"routing_http_response_access_control_allow_origin_header_value":true,"routing_http_response_access_control_expose_headers_header_value":true,"routing_http_response_access_control_max_age_header_value":true,"routing_http_response_content_security_policy_header_value":true,"routing_http_response_server_enabled":true,"routing_http_response_strict_transport_security_header_value":true,"routing_http_response_x_content_type_options_header_value":true,"routing_http_response_x_frame_options_header_value":true,"ssl_policy":true,"tags_all":true,"tcp_idle_timeout_seconds":true},"before_sensitive":false,"after_sensitive":{"default_action":[{"authenticate_cognito":[],"authenticate_oidc":[],"fixed_response":[],"forward":[],"jwt_validation":[],"redirect":[]}],"mutual_authentication":[],"tags_all":{}},"after_identity":{"arn":null}}},{"address":"aws_alb_target_group.hello_world_tg","mode":"managed","type":"aws_alb_target_group","name":"hello_world_tg","provider_name":"registry.terraform.io/hashicorp/aws","change":{"actions":["create"],"before":null,"after":{"deregistration_delay":"300","lambda_multi_value_headers_enabled":false,"name":"hello-world-tg","port":3000,"protocol":"HTTP","proxy_protocol_v2":false,"region":"us-east-1","slow_start":0,"tags":null,"target_control_port":null,"target_type":"instance","vpc_id":"vpc-033725f7f6cd801a7"},"after_unknown":{"arn":true,"arn_suffix":true,"connection_termination":true,"health_check":true,"id":true,"ip_address_type":true,"load_balancer_arns":true,"load_balancing_algorithm_type":true,"load_balancing_anomaly_mitigation":true,"load_balancing_cross_zone_enabled":true,"name_prefix":true,"preserve_client_ip":true,"protocol_version":true,"stickiness":true,"tags_all":true,"target_failover":true,"target_group_health":true,"target_health_state":true},"before_sensitive":false,"after_sensitive":{"health_check":[],"load_balancer_arns":[],"stickiness":[],"tags_all":{},"target_failover":[],"target_group_health":[],"target_health_state":[]},"after_identity":{"arn":null}}},{"address":"aws_ecr_repository.hello_world_repo","mode":"managed","type":"aws_ecr_repository","name":"hello_world_repo","provider_name":"registry.terraform.io/hashicorp/aws","change":{"actions":["create"],"before":null,"after":{"encryption_configuration":[],"force_delete":null,"image_scanning_configuration":[],"image_tag_mutability":"MUTABLE","image_tag_mutability_exclusion_filter":[],"name":"hello-world-repo","region":"us-east-1","tags":null,"timeouts":null},"after_unknown":{"arn":true,"encryption_configuration":[],"id":true,"image_scanning_configuration":[],"image_tag_mutability_exclusion_filter":[],"registry_id":true,"repository_url":true,"tags_all":true},"before_sensitive":false,"after_sensitive":{"encryption_configuration":[],"image_scanning_configuration":[],"image_tag_mutability_exclusion_filter":[],"tags_all":{}},"after_identity":{"account_id":null,"name":null,"region":null}}},{"address":"aws_ecs_cluster.hello_world_cluster","mode":"managed","type":"aws_ecs_cluster","name":"hello_world_cluster","provider_name":"registry.terraform.io/hashicorp/aws","change":{"actions":["create"],"before":null,"after":{"configuration":[],"name":"hello-world-cluster","region":"us-east-1","service_connect_defaults":[],"tags":null},"after_unknown":{"arn":true,"configuration":[],"id":true,"service_connect_defaults":[],"setting":true,"tags_all":true},"before_sensitive":false,"after_sensitive":{"configuration":[],"service_connect_defaults":[],"setting":[],"tags_all":{}}}},{"address":"aws_ecs_service.hello_world_service","mode":"managed","type":"aws_ecs_service","name":"hello_world_service","provider_name":"registry.terraform.io/hashicorp/aws","change":{"actions":["create"],"before":null,"after":{"alarms":[],"capacity_provider_strategy":[],"deployment_circuit_breaker":[],"deployment_controller":[],"deployment_maximum_percent":200,"deployment_minimum_healthy_percent":100,"desired_count":1,"enable_ecs_managed_tags":false,"enable_execute_command":false,"force_delete":null,"force_new_deployment":null,"health_check_grace_period_seconds":null,"load_balancer":[{"advanced_configuration":[],"container_name":"hello-world","container_port":3000,"elb_name":""}],"name":"hello-world-service","network_configuration":[{"assign_public_ip":true,"security_groups":null,"subnets":null}],"ordered_placement_strategy":[],"placement_constraints":[],"propagate_tags":null,"region":"us-east-1","scheduling_strategy":"REPLICA","service_connect_configuration":[],"service_registries":[],"sigint_rollback":null,"tags":null,"timeouts":null,"volume_configuration":[],"vpc_lattice_configurations":[],"wait_for_steady_state":false},"after_unknown":{"alarms":[],"arn":true,"availability_zone_rebalancing":true,"capacity_provider_strategy":[],"cluster":true,"deployment_circuit_breaker":[],"deployment_configuration":true,"deployment_controller":[],"iam_role":true,"id":true,"launch_type":true,"load_balancer":[{"advanced_configuration":[],"target_group_arn":true}],"network_configuration":[{}],"ordered_placement_strategy":[],"placement_constraints":[],"platform_version":true,"service_connect_configuration":[],"service_registries":[],"tags_all":true,"task_definition":true,"triggers":true,"volume_configuration":[],"vpc_lattice_configurations":[]},"before_sensitive":false,"after_sensitive":{"alarms":[],"capacity_provider_strategy":[],"deployment_circuit_breaker":[],"deployment_configuration":[],"deployment_controller":[],"load_balancer":[{"advanced_configuration":[]}],"network_configuration":[{}],"ordered_placement_strategy":[],"placement_constraints":[],"service_connect_configuration":[],"service_registries":[],"tags_all":{},"triggers":{},"volume_configuration":[],"vpc_lattice_configurations":[]}}},{"address":"aws_ecs_task_definition.hello_world_task","mode":"managed","type":"aws_ecs_task_definition","name":"hello_world_task","provider_name":"registry.terraform.io/hashicorp/aws","change":{"actions":["create"],"before":null,"after":{"cpu":"256","ephemeral_storage":[],"family":"hello-world-task","ipc_mode":null,"memory":"512","network_mode":"awsvpc","pid_mode":null,"placement_constraints":[],"proxy_configuration":[],"region":"us-east-1","requires_compatibilities":["FARGATE"],"runtime_platform":[],"skip_destroy":false,"tags":null,"task_role_arn":null,"track_latest":false,"volume":[]},"after_unknown":{"arn":true,"arn_without_revision":true,"container_definitions":true,"enable_fault_injection":true,"ephemeral_storage":[],"execution_role_arn":true,"id":true,"placement_constraints":[],"proxy_configuration":[],"requires_compatibilities":[false],"revision":true,"runtime_platform":[],"tags_all":true,"volume":[]},"before_sensitive":false,"after_sensitive":{"ephemeral_storage":[],"placement_constraints":[],"proxy_configuration":[],"requires_compatibilities":[false],"runtime_platform":[],"tags_all":{},"volume":[]}}},{"address":"aws_iam_role.ecs_task_execution_role","mode":"managed","type":"aws_iam_role","name":"ecs_task_execution_role","provider_name":"registry.terraform.io/hashicorp/aws","change":{"actions":["create"],"before":null,"after":{"assume_role_policy":"{\"Statement\":[{\"Action\":\"sts:AssumeRole\",\"Effect\":\"Allow\",\"Principal\":{\"Service\":\"ecs-tasks.amazonaws.com\"}}],\"Version\":\"2012-10-17\"}","description":null,"force_detach_policies":false,"managed_policy_arns":["arn:aws:iam::aws:policy/service-role/AmazonECSTaskExecutionRolePolicy"],"max_session_duration":3600,"name":"ecsTaskExecutionRole","path":"/","permissions_boundary":null,"tags":null},"after_unknown":{"arn":true,"create_date":true,"id":true,"inline_policy":true,"managed_policy_arns":[false],"name_prefix":true,"tags_all":true,"unique_id":true},"before_sensitive":false,"after_sensitive":{"inline_policy":[],"managed_policy_arns":[false],"tags_all":{}},"after_identity":{"account_id":null,"name":null}}}],"output_changes":{"alb_dns_name":{"actions":["create"],"before":null,"after_unknown":true,"before_sensitive":false,"after_sensitive":false}},"configuration":{"provider_config":{"archive":{"name":"archive","full_name":"registry.terraform.io/hashicorp/archive","version_constraint":"\u003e= 2.0.0"},"aws":{"name":"aws","full_name":"registry.terraform.io/hashicorp/aws","version_constraint":"~\u003e 6.27.0","expressions":{"region":{"references":["var.aws_region"]}}}},"root_module":{"outputs":{"alb_dns_name":{"expression":{"references":["aws_alb.hello_world_alb.dns_name","aws_alb.hello_world_alb"]},"description":"The DNS name of the ALB"}},"resources":[{"address":"aws_alb.hello_world_alb","mode":"managed","type":"aws_alb","name":"hello_world_alb","provider_config_key":"aws","expressions":{"internal":{"constant_value":false},"load_balancer_type":{"constant_value":"application"},"name":{"constant_value":"hello-world-alb"},"security_groups":{"references":["var.security_group_ids"]},"subnets":{"references":["var.subnet_ids"]}},"schema_version":0},{"address":"aws_alb_listener.hello_world_listener","mode":"managed","type":"aws_alb_listener","name":"hello_world_listener","provider_config_key":"aws","expressions":{"default_action":[{"target_group_arn":{"references":["aws_alb_target_group.hello_world_tg.arn","aws_alb_target_group.hello_world_tg"]},"type":{"constant_value":"forward"}}],"load_balancer_arn":{"references":["aws_alb.hello_world_alb.arn","aws_alb.hello_world_alb"]},"port":{"constant_value":"80"},"protocol":{"constant_value":"HTTP"}},"schema_version":0},{"address":"aws_alb_target_group.hello_world_tg","mode":"managed","type":"aws_alb_target_group","name":"hello_world_tg","provider_config_key":"aws","expressions":{"name":{"constant_value":"hello-world-tg"},"port":{"constant_value":3000},"protocol":{"constant_value":"HTTP"},"vpc_id":{"references":["var.vpc_id"]}},"schema_version":0},{"address":"aws_ecr_repository.hello_world_repo","mode":"managed","type":"aws_ecr_repository","name":"hello_world_repo","provider_config_key":"aws","expressions":{"name":{"constant_value":"hello-world-repo"}},"schema_version":0},{"address":"aws_ecs_cluster.hello_world_cluster","mode":"managed","type":"aws_ecs_cluster","name":"hello_world_cluster","provider_config_key":"aws","expressions":{"name":{"constant_value":"hello-world-cluster"}},"schema_version":0},{"address":"aws_ecs_service.hello_world_service","mode":"managed","type":"aws_ecs_service","name":"hello_world_service","provider_config_key":"aws","expressions":{"cluster":{"references":["aws_ecs_cluster.hello_world_cluster.id","aws_ecs_cluster.hello_world_cluster"]},"desired_count":{"constant_value":1},"load_balancer":[{"container_name":{"constant_value":"hello-world"},"container_port":{"constant_value":3000},"target_group_arn":{"references":["aws_alb_target_group.hello_world_tg.arn","aws_alb_target_group.hello_world_tg"]}}],"name":{"constant_value":"hello-world-service"},"network_configuration":[{"assign_public_ip":{"constant_value":true},"security_groups":{"references":["var.security_group_ids"]},"subnets":{"references":["var.subnet_ids"]}}],"task_definition":{"references":["aws_ecs_task_definition.hello_world_task.arn","aws_ecs_task_definition.hello_world_task"]}},"schema_version":1},{"address":"aws_ecs_task_definition.hello_world_task","mode":"managed","type":"aws_ecs_task_definition","name":"hello_world_task","provider_config_key":"aws","expressions":{"container_definitions":{"references":["aws_ecr_repository.hello_world_repo.repository_url","aws_ecr_repository.hello_world_repo"]},"cpu":{"constant_value":"256"},"execution_role_arn":{"references":["aws_iam_role.ecs_task_execution_role.arn","aws_iam_role.ecs_task_execution_role"]},"family":{"constant_value":"hello-world-task"},"memory":{"constant_value":"512"},"network_mode":{"constant_value":"awsvpc"},"requires_compatibilities":{"constant_value":["FARGATE"]}},"schema_version":1},{"address":"aws_iam_role.ecs_task_execution_role","mode":"managed","type":"aws_iam_role","name":"ecs_task_execution_role","provider_config_key":"aws","expressions":{"assume_role_policy":{},"managed_policy_arns":{"constant_value":["arn:aws:iam::aws:policy/service-role/AmazonECSTaskExecutionRolePolicy"]},"name":{"constant_value":"ecsTaskExecutionRole"}},"schema_version":0}],"variables":{"aws_region":{"default":"us-east-1","description":"The AWS region to deploy resources in"},"security_group_ids":{"description":"List of security group IDs for the ECS service"},"subnet_ids":{"description":"List of subnet IDs for the ECS service"},"vpc_id":{"description":"The VPC ID where the resources will be deployed"}}}},"relevant_attributes":[{"resource":"aws_alb.hello_world_alb","attribute":["arn"]},{"resource":"aws_iam_role.ecs_task_execution_role","attribute":["arn"]},{"resource":"aws_alb_target_group.hello_world_tg","attribute":["arn"]},{"resource":"aws_alb.hello_world_alb","attribute":["dns_name"]},{"resource":"aws_ecs_cluster.hello_world_cluster","attribute":["id"]},{"resource":"aws_ecs_task_definition.hello_world_task","attribute":["arn"]},{"resource":"aws_ecr_repository.hello_world_repo","attribute":["repository_url"]}],"timestamp":"2026-01-27T14:54:50Z","applyable":true,"complete":true,"errored":false}
