{
  "version": 4,
  "terraform_version": "1.13.5",
  "serial": 1,
  "lineage": "72518ce9-fa42-1f0e-ac1f-de259a785b64",
  "outputs": {},
  "resources": [
    {
      "mode": "managed",
      "type": "random_id",
      "name": "suffix",
      "provider": "provider[\"registry.terraform.io/hashicorp/random\"]",
      "instances": [
        {
          "schema_version": 0,
          "attributes": {
            "b64_std": "mMGYzw==",
            "b64_url": "mMGYzw",
            "byte_length": 4,
            "dec": "2562824399",
            "hex": "98c198cf",
            "id": "mMGYzw",
            "keepers": null,
            "prefix": null
          },
          "sensitive_attributes": [],
          "identity_schema_version": 0
        }
      ]
    }
  ],
  "check_results": null
}
