{
  "version": 4,
  "terraform_version": "1.13.5",
  "serial": 4,
  "lineage": "30f7c3cc-7bec-6f3b-81a4-a4e7855e2db8",
  "outputs": {
    "api_base_url": {
      "value": "https://1d51e6df.execute-api.ap-south-1.amazonaws.com/v1",
      "type": "string"
    },
    "api_route": {
      "value": "https://1d51e6df.execute-api.ap-south-1.amazonaws.com/v1/list-bucket-content",
      "type": "string"
    },
    "bucket_name": {
      "value": "lambda-api-000000000000-ap-south-1",
      "type": "string"
    }
  },
  "resources": [
    {
      "mode": "data",
      "type": "archive_file",
      "name": "lambda_dummy",
      "provider": "provider[\"registry.terraform.io/hashicorp/archive\"]",
      "instances": [
        {
          "schema_version": 0,
          "attributes": {
            "exclude_symlink_directories": null,
            "excludes": null,
            "id": "58e93fade67637870be5af38eff8d5aa66c7da49",
            "output_base64sha256": "wmbalFzzY/wG3ivChKElOZB3+B4gptmQyIat05p+fU4=",
            "output_base64sha512": "BQYAg1LwEY4tDmry1VoRx6StX0vjH+7LpfB5KAZLVvfJQjioPbBv1QxI6QF6P2U614fU3h9XKBCb9z5Y1ornqA==",
            "output_file_mode": null,
            "output_md5": "a0dbd832a6a977d6d5b28ea5c85e30fb",
            "output_path": "./.dummy/lambda.zip",
            "output_sha": "58e93fade67637870be5af38eff8d5aa66c7da49",
            "output_sha256": "c266da945cf363fc06de2bc284a125399077f81e20a6d990c886add39a7e7d4e",
            "output_sha512": "0506008352f0118e2d0e6af2d55a11c7a4ad5f4be31feecba5f07928064b56f7c94238a83db06fd50c48e9017a3f653ad787d4de1f5728109bf73e58d68ae7a8",
            "output_size": 246,
            "source": [
              {
                "content": "exports.handler = async (event) =\u003e {\n  console.log(\"Dummy lambda invoked\");\n  return { statusCode: 200, body: \"dummy\" };\n};\n",
                "filename": "index.js"
              }
            ],
            "source_content": null,
            "source_content_filename": null,
            "source_dir": null,
            "source_file": null,
            "type": "zip"
          },
          "sensitive_attributes": [],
          "identity_schema_version": 0
        }
      ]
    },
    {
      "mode": "data",
      "type": "archive_file",
      "name": "lambda_zip",
      "provider": "provider[\"registry.terraform.io/hashicorp/archive\"]",
      "instances": [
        {
          "schema_version": 0,
          "attributes": {
            "exclude_symlink_directories": null,
            "excludes": null,
            "id": "c9e6bb8a18c88e08829d86910f3e6ab335d8a2f5",
            "output_base64sha256": "T/INPm4szwzbAp0umFEmJIogCOQHI1CdjQBxrdDhk8c=",
            "output_base64sha512": "ZP2VSlis3Hdcj6aglpDvXEhBn7NpSItOTHMeR1AauncY12FnX8aw2xDt56V6tG843H3gfsBXnXuDoLB5P3JGTQ==",
            "output_file_mode": null,
            "output_md5": "0b5d232d0828575f2a071473c46ac1ff",
            "output_path": "./lambda_function.zip",
            "output_sha": "c9e6bb8a18c88e08829d86910f3e6ab335d8a2f5",
            "output_sha256": "4ff20d3e6e2ccf0cdb029d2e985126248a2008e40723509d8d0071add0e193c7",
            "output_sha512": "64fd954a58acdc775c8fa6a09690ef5c48419fb369488b4e4c731e47501aba7718d761675fc6b0db10ede7a57ab46f38dc7de07ec0579d7b83a0b0793f72464d",
            "output_size": 683,
            "source": [],
            "source_content": null,
            "source_content_filename": null,
            "source_dir": null,
            "source_file": "./lambda/lambda_function.py",
            "type": "zip"
          },
          "sensitive_attributes": [],
          "identity_schema_version": 0
        }
      ]
    },
    {
      "mode": "data",
      "type": "aws_caller_identity",
      "name": "current",
      "provider": "provider[\"registry.terraform.io/hashicorp/aws\"]",
      "instances": [
        {
          "schema_version": 0,
          "attributes": {
            "account_id": "000000000000",
            "arn": "arn:aws:iam::000000000000:root",
            "id": "000000000000",
            "user_id": "AKIAIOSFODNN7EXAMPLE"
          },
          "sensitive_attributes": [],
          "identity_schema_version": 0
        }
      ]
    },
    {
      "mode": "data",
      "type": "aws_region",
      "name": "current",
      "provider": "provider[\"registry.terraform.io/hashicorp/aws\"]",
      "instances": [
        {
          "schema_version": 0,
          "attributes": {
            "description": "Asia Pacific (Mumbai)",
            "endpoint": "ec2.ap-south-1.amazonaws.com",
            "id": "ap-south-1",
            "name": "ap-south-1",
            "region": "ap-south-1"
          },
          "sensitive_attributes": [],
          "identity_schema_version": 0
        }
      ]
    },
    {
      "mode": "managed",
      "type": "aws_apigatewayv2_api",
      "name": "http",
      "provider": "provider[\"registry.terraform.io/hashicorp/aws\"]",
      "instances": [
        {
          "schema_version": 0,
          "attributes": {
            "api_endpoint": "http://1d51e6df.execute-api.localhost.localstack.cloud:4566",
            "api_key_selection_expression": "$request.header.x-api-key",
            "arn": "arn:aws:apigateway:ap-south-1::/apis/1d51e6df",
            "body": null,
            "cors_configuration": [],
            "credentials_arn": null,
            "description": "",
            "disable_execute_api_endpoint": false,
            "execution_arn": "arn:aws:execute-api:ap-south-1:000000000000:1d51e6df",
            "fail_on_warnings": null,
            "id": "1d51e6df",
            "ip_address_type": "ipv4",
            "name": "lambda-api-http-api",
            "protocol_type": "HTTP",
            "region": "ap-south-1",
            "route_key": null,
            "route_selection_expression": "$request.method $request.path",
            "tags": null,
            "tags_all": {
              "App": "lambda-api"
            },
            "target": null,
            "version": ""
          },
          "sensitive_attributes": [],
          "identity_schema_version": 0,
          "private": "bnVsbA=="
        }
      ]
    },
    {
      "mode": "managed",
      "type": "aws_apigatewayv2_stage",
      "name": "v1",
      "provider": "provider[\"registry.terraform.io/hashicorp/aws\"]",
      "instances": [
        {
          "schema_version": 0,
          "attributes": {
            "access_log_settings": [],
            "api_id": "1d51e6df",
            "arn": "arn:aws:apigateway:ap-south-1::/apis/1d51e6df/stages/v1",
            "auto_deploy": true,
            "client_certificate_id": "",
            "default_route_settings": [
              {
                "data_trace_enabled": false,
                "detailed_metrics_enabled": false,
                "logging_level": "",
                "throttling_burst_limit": 0,
                "throttling_rate_limit": 0
              }
            ],
            "deployment_id": "b554dc78",
            "description": "",
            "execution_arn": "arn:aws:execute-api:ap-south-1:000000000000:1d51e6df/v1",
            "id": "v1",
            "invoke_url": "https://1d51e6df.execute-api.ap-south-1.amazonaws.com/v1",
            "name": "v1",
            "region": "ap-south-1",
            "route_settings": [],
            "stage_variables": null,
            "tags": null,
            "tags_all": {
              "App": "lambda-api"
            }
          },
          "sensitive_attributes": [],
          "identity_schema_version": 0,
          "private": "bnVsbA==",
          "dependencies": [
            "aws_apigatewayv2_api.http"
          ]
        }
      ]
    },
    {
      "mode": "managed",
      "type": "aws_cloudwatch_log_group",
      "name": "lambda",
      "provider": "provider[\"registry.terraform.io/hashicorp/aws\"]",
      "instances": [
        {
          "schema_version": 0,
          "attributes": {
            "arn": "arn:aws:logs:ap-south-1:000000000000:log-group:/aws/lambda/lambda-api",
            "deletion_protection_enabled": false,
            "id": "/aws/lambda/lambda-api",
            "kms_key_id": "",
            "log_group_class": "",
            "name": "/aws/lambda/lambda-api",
            "name_prefix": "",
            "region": "ap-south-1",
            "retention_in_days": 7,
            "skip_destroy": false,
            "tags": null,
            "tags_all": {
              "App": "lambda-api"
            }
          },
          "sensitive_attributes": [],
          "identity_schema_version": 0,
          "identity": {
            "account_id": "000000000000",
            "name": "/aws/lambda/lambda-api",
            "region": "ap-south-1"
          },
          "private": "bnVsbA=="
        }
      ]
    },
    {
      "mode": "managed",
      "type": "aws_iam_role",
      "name": "lambda",
      "provider": "provider[\"registry.terraform.io/hashicorp/aws\"]",
      "instances": [
        {
          "schema_version": 0,
          "attributes": {
            "arn": "arn:aws:iam::000000000000:role/lambda-api-lambda-role",
            "assume_role_policy": "{\"Statement\":[{\"Action\":\"sts:AssumeRole\",\"Effect\":\"Allow\",\"Principal\":{\"Service\":\"lambda.amazonaws.com\"}}],\"Version\":\"2012-10-17\"}",
            "create_date": "2026-01-27T13:15:17Z",
            "description": "",
            "force_detach_policies": false,
            "id": "lambda-api-lambda-role",
            "inline_policy": [],
            "managed_policy_arns": [],
            "max_session_duration": 3600,
            "name": "lambda-api-lambda-role",
            "name_prefix": "",
            "path": "/",
            "permissions_boundary": "",
            "tags": null,
            "tags_all": {
              "App": "lambda-api"
            },
            "unique_id": "AROAQAAAAAAAOWWZBE5Y5"
          },
          "sensitive_attributes": [],
          "identity_schema_version": 0,
          "identity": {
            "account_id": "000000000000",
            "name": "lambda-api-lambda-role"
          },
          "private": "bnVsbA=="
        }
      ]
    },
    {
      "mode": "managed",
      "type": "aws_s3_bucket",
      "name": "app",
      "provider": "provider[\"registry.terraform.io/hashicorp/aws\"]",
      "instances": []
    }
  ],
  "check_results": null
}
