{
  "version": 4,
  "terraform_version": "1.13.5",
  "serial": 12,
  "lineage": "454f7258-80f5-e974-a82f-876fc7a664d8",
  "outputs": {
    "invoke_url": {
      "value": "https://wndn1xqvft.execute-api.us-east-1.amazonaws.com/dev",
      "type": "string"
    },
    "lambda_function_name": {
      "value": "product-api-handler",
      "type": "string"
    },
    "rest_api_id": {
      "value": "wndn1xqvft",
      "type": "string"
    }
  },
  "resources": [
    {
      "mode": "data",
      "type": "archive_file",
      "name": "lambda_dummy",
      "provider": "provider[\"registry.terraform.io/hashicorp/archive\"]",
      "instances": [
        {
          "schema_version": 0,
          "attributes": {
            "exclude_symlink_directories": null,
            "excludes": null,
            "id": "58e93fade67637870be5af38eff8d5aa66c7da49",
            "output_base64sha256": "wmbalFzzY/wG3ivChKElOZB3+B4gptmQyIat05p+fU4=",
            "output_base64sha512": "BQYAg1LwEY4tDmry1VoRx6StX0vjH+7LpfB5KAZLVvfJQjioPbBv1QxI6QF6P2U614fU3h9XKBCb9z5Y1ornqA==",
            "output_file_mode": null,
            "output_md5": "a0dbd832a6a977d6d5b28ea5c85e30fb",
            "output_path": "./.dummy/lambda.zip",
            "output_sha": "58e93fade67637870be5af38eff8d5aa66c7da49",
            "output_sha256": "c266da945cf363fc06de2bc284a125399077f81e20a6d990c886add39a7e7d4e",
            "output_sha512": "0506008352f0118e2d0e6af2d55a11c7a4ad5f4be31feecba5f07928064b56f7c94238a83db06fd50c48e9017a3f653ad787d4de1f5728109bf73e58d68ae7a8",
            "output_size": 246,
            "source": [
              {
                "content": "exports.handler = async (event) =\u003e {\n  console.log(\"Dummy lambda invoked\");\n  return { statusCode: 200, body: \"dummy\" };\n};\n",
                "filename": "index.js"
              }
            ],
            "source_content": null,
            "source_content_filename": null,
            "source_dir": null,
            "source_file": null,
            "type": "zip"
          },
          "sensitive_attributes": [],
          "identity_schema_version": 0
        }
      ]
    },
    {
      "mode": "managed",
      "type": "aws_api_gateway_deployment",
      "name": "this",
      "provider": "provider[\"registry.terraform.io/hashicorp/aws\"]",
      "instances": [
        {
          "schema_version": 0,
          "attributes": {
            "canary_settings": [],
            "created_date": "2026-01-27T11:03:11Z",
            "description": "",
            "execution_arn": "arn:aws:execute-api:us-east-1:000000000000:wndn1xqvft/",
            "id": "2ukyptxc5l",
            "invoke_url": "https://wndn1xqvft.execute-api.us-east-1.amazonaws.com/",
            "rest_api_id": "wndn1xqvft",
            "stage_description": null,
            "stage_name": null,
            "triggers": {
              "redeploy": "33a38d767d54d70675f831208139aa21cf1d3650"
            },
            "variables": null
          },
          "sensitive_attributes": [],
          "identity_schema_version": 0,
          "private": "bnVsbA==",
          "dependencies": [
            "aws_api_gateway_integration.product_lambda",
            "aws_api_gateway_method.product_any",
            "aws_api_gateway_resource.product_api",
            "aws_api_gateway_rest_api.this",
            "aws_iam_role.lambda_exec",
            "aws_lambda_function.product"
          ]
        }
      ]
    },
    {
      "mode": "managed",
      "type": "aws_api_gateway_integration",
      "name": "product_lambda",
      "provider": "provider[\"registry.terraform.io/hashicorp/aws\"]",
      "instances": [
        {
          "schema_version": 0,
          "attributes": {
            "cache_key_parameters": null,
            "cache_namespace": "l2emd8etwo",
            "connection_id": "",
            "connection_type": "INTERNET",
            "content_handling": "",
            "credentials": "",
            "http_method": "ANY",
            "id": "agi-wndn1xqvft-l2emd8etwo-ANY",
            "integration_http_method": "POST",
            "passthrough_behavior": "WHEN_NO_MATCH",
            "request_parameters": null,
            "request_templates": null,
            "resource_id": "l2emd8etwo",
            "rest_api_id": "wndn1xqvft",
            "timeout_milliseconds": 29000,
            "tls_config": [],
            "type": "AWS_PROXY",
            "uri": "arn:aws:apigateway:us-east-1:lambda:path/2015-03-31/functions/arn:aws:lambda:us-east-1:000000000000:function:product-api-handler/invocations"
          },
          "sensitive_attributes": [],
          "identity_schema_version": 0,
          "private": "bnVsbA==",
          "dependencies": [
            "aws_api_gateway_method.product_any",
            "aws_api_gateway_resource.product_api",
            "aws_api_gateway_rest_api.this",
            "aws_iam_role.lambda_exec",
            "aws_lambda_function.product"
          ]
        }
      ]
    },
    {
      "mode": "managed",
      "type": "aws_api_gateway_method",
      "name": "product_any",
      "provider": "provider[\"registry.terraform.io/hashicorp/aws\"]",
      "instances": [
        {
          "schema_version": 0,
          "attributes": {
            "api_key_required": false,
            "authorization": "NONE",
            "authorization_scopes": null,
            "authorizer_id": null,
            "http_method": "ANY",
            "id": "agm-wndn1xqvft-l2emd8etwo-ANY",
            "operation_name": null,
            "request_models": null,
            "request_parameters": null,
            "request_validator_id": null,
            "resource_id": "l2emd8etwo",
            "rest_api_id": "wndn1xqvft"
          },
          "sensitive_attributes": [],
          "identity_schema_version": 0,
          "private": "bnVsbA==",
          "dependencies": [
            "aws_api_gateway_resource.product_api",
            "aws_api_gateway_rest_api.this"
          ]
        }
      ]
    },
    {
      "mode": "managed",
      "type": "aws_api_gateway_resource",
      "name": "product_api",
      "provider": "provider[\"registry.terraform.io/hashicorp/aws\"]",
      "instances": [
        {
          "schema_version": 0,
          "attributes": {
            "id": "l2emd8etwo",
            "parent_id": "dghejcyylk",
            "path": "/productApi",
            "path_part": "productApi",
            "rest_api_id": "wndn1xqvft"
          },
          "sensitive_attributes": [],
          "identity_schema_version": 0,
          "private": "bnVsbA==",
          "dependencies": [
            "aws_api_gateway_rest_api.this"
          ]
        }
      ]
    },
    {
      "mode": "managed",
      "type": "aws_api_gateway_rest_api",
      "name": "this",
      "provider": "provider[\"registry.terraform.io/hashicorp/aws\"]",
      "instances": [
        {
          "schema_version": 0,
          "attributes": {
            "api_key_source": "HEADER",
            "arn": "arn:aws:apigateway:us-east-1::/restapis/wndn1xqvft",
            "binary_media_types": [],
            "body": null,
            "created_date": "2026-01-27T11:03:06Z",
            "description": "",
            "disable_execute_api_endpoint": false,
            "endpoint_configuration": [
              {
                "ip_address_type": "ipv4",
                "types": [
                  "REGIONAL"
                ],
                "vpc_endpoint_ids": []
              }
            ],
            "execution_arn": "arn:aws:execute-api:us-east-1:000000000000:wndn1xqvft",
            "fail_on_warnings": null,
            "id": "wndn1xqvft",
            "minimum_compression_size": "",
            "name": "product-api-api",
            "parameters": null,
            "policy": "",
            "put_rest_api_mode": null,
            "root_resource_id": "dghejcyylk",
            "tags": null,
            "tags_all": {
              "ManagedBy": "terraform",
              "Project": "product-api"
            }
          },
          "sensitive_attributes": [],
          "identity_schema_version": 0,
          "private": "bnVsbA=="
        }
      ]
    },
    {
      "mode": "managed",
      "type": "aws_api_gateway_stage",
      "name": "this",
      "provider": "provider[\"registry.terraform.io/hashicorp/aws\"]",
      "instances": [
        {
          "schema_version": 0,
          "attributes": {
            "access_log_settings": [],
            "arn": "arn:aws:apigateway:us-east-1::/restapis/wndn1xqvft/stages/dev",
            "cache_cluster_enabled": false,
            "cache_cluster_size": "",
            "canary_settings": [],
            "client_certificate_id": "",
            "deployment_id": "2ukyptxc5l",
            "description": "",
            "documentation_version": "",
            "execution_arn": "arn:aws:execute-api:us-east-1:000000000000:wndn1xqvft/dev",
            "id": "ags-wndn1xqvft-dev",
            "invoke_url": "https://wndn1xqvft.execute-api.us-east-1.amazonaws.com/dev",
            "rest_api_id": "wndn1xqvft",
            "stage_name": "dev",
            "tags": null,
            "tags_all": {
              "ManagedBy": "terraform",
              "Project": "product-api"
            },
            "variables": null,
            "web_acl_arn": "",
            "xray_tracing_enabled": false
          },
          "sensitive_attributes": [],
          "identity_schema_version": 0,
          "private": "bnVsbA==",
          "dependencies": [
            "aws_api_gateway_deployment.this",
            "aws_api_gateway_integration.product_lambda",
            "aws_api_gateway_method.product_any",
            "aws_api_gateway_resource.product_api",
            "aws_api_gateway_rest_api.this",
            "aws_iam_role.lambda_exec",
            "aws_lambda_function.product"
          ]
        }
      ]
    },
    {
      "mode": "managed",
      "type": "aws_cloudwatch_log_group",
      "name": "lambda",
      "provider": "provider[\"registry.terraform.io/hashicorp/aws\"]",
      "instances": [
        {
          "schema_version": 0,
          "attributes": {
            "arn": "arn:aws:logs:us-east-1:000000000000:log-group:/aws/lambda/product-api-handler",
            "id": "/aws/lambda/product-api-handler",
            "kms_key_id": "",
            "log_group_class": "",
            "name": "/aws/lambda/product-api-handler",
            "name_prefix": "",
            "retention_in_days": 7,
            "skip_destroy": false,
            "tags": null,
            "tags_all": {
              "ManagedBy": "terraform",
              "Project": "product-api"
            }
          },
          "sensitive_attributes": [],
          "identity_schema_version": 0,
          "private": "bnVsbA==",
          "dependencies": [
            "aws_iam_role.lambda_exec",
            "aws_lambda_function.product"
          ]
        }
      ]
    },
    {
      "mode": "managed",
      "type": "aws_iam_role",
      "name": "lambda_exec",
      "provider": "provider[\"registry.terraform.io/hashicorp/aws\"]",
      "instances": [
        {
          "schema_version": 0,
          "attributes": {
            "arn": "arn:aws:iam::000000000000:role/product-api-lambda-exec",
            "assume_role_policy": "{\"Statement\":[{\"Action\":\"sts:AssumeRole\",\"Effect\":\"Allow\",\"Principal\":{\"Service\":\"lambda.amazonaws.com\"}}],\"Version\":\"2012-10-17\"}",
            "create_date": "2026-01-27T11:03:04Z",
            "description": "",
            "force_detach_policies": false,
            "id": "product-api-lambda-exec",
            "inline_policy": [],
            "managed_policy_arns": [],
            "max_session_duration": 3600,
            "name": "product-api-lambda-exec",
            "name_prefix": "",
            "path": "/",
            "permissions_boundary": "",
            "tags": null,
            "tags_all": {
              "ManagedBy": "terraform",
              "Project": "product-api"
            },
            "unique_id": "AROAQAAAAAAAKHFNUNQBT"
          },
          "sensitive_attributes": [],
          "identity_schema_version": 0,
          "private": "bnVsbA=="
        }
      ]
    },
    {
      "mode": "managed",
      "type": "aws_iam_role_policy_attachment",
      "name": "lambda_basic",
      "provider": "provider[\"registry.terraform.io/hashicorp/aws\"]",
      "instances": [
        {
          "schema_version": 0,
          "attributes": {
            "id": "product-api-lambda-exec-20260127110304467400000001",
            "policy_arn": "arn:aws:iam::aws:policy/service-role/AWSLambdaBasicExecutionRole",
            "role": "product-api-lambda-exec"
          },
          "sensitive_attributes": [],
          "identity_schema_version": 0,
          "private": "bnVsbA==",
          "dependencies": [
            "aws_iam_role.lambda_exec"
          ]
        }
      ]
    },
    {
      "mode": "managed",
      "type": "aws_lambda_function",
      "name": "product",
      "provider": "provider[\"registry.terraform.io/hashicorp/aws\"]",
      "instances": [
        {
          "schema_version": 0,
          "attributes": {
            "architectures": [
              "x86_64"
            ],
            "arn": "arn:aws:lambda:us-east-1:000000000000:function:product-api-handler",
            "code_sha256": "uM9pN/aFLi98wZmyXWpwBb4nipwIwiJdhnPaO9mGbNU=",
            "code_signing_config_arn": "",
            "dead_letter_config": [],
            "description": "",
            "environment": [],
            "ephemeral_storage": [
              {
                "size": 512
              }
            ],
            "file_system_config": [],
            "filename": "../product-lambda.jar",
            "function_name": "product-api-handler",
            "handler": "com.example.product.ProductHandler::handleRequest",
            "id": "product-api-handler",
            "image_config": [],
            "image_uri": "",
            "invoke_arn": "arn:aws:apigateway:us-east-1:lambda:path/2015-03-31/functions/arn:aws:lambda:us-east-1:000000000000:function:product-api-handler/invocations",
            "kms_key_arn": "",
            "last_modified": "2026-01-27T11:03:06.339179+0000",
            "layers": null,
            "logging_config": [
              {
                "application_log_level": "",
                "log_format": "Text",
                "log_group": "/aws/lambda/product-api-handler",
                "system_log_level": ""
              }
            ],
            "memory_size": 512,
            "package_type": "Zip",
            "publish": true,
            "qualified_arn": "arn:aws:lambda:us-east-1:000000000000:function:product-api-handler:1",
            "qualified_invoke_arn": "arn:aws:apigateway:us-east-1:lambda:path/2015-03-31/functions/arn:aws:lambda:us-east-1:000000000000:function:product-api-handler:1/invocations",
            "replace_security_groups_on_destroy": null,
            "replacement_security_group_ids": null,
            "reserved_concurrent_executions": -1,
            "role": "arn:aws:iam::000000000000:role/product-api-lambda-exec",
            "runtime": "java17",
            "s3_bucket": null,
            "s3_key": null,
            "s3_object_version": null,
            "signing_job_arn": "",
            "signing_profile_version_arn": "",
            "skip_destroy": false,
            "snap_start": [],
            "source_code_hash": "uM9pN/aFLi98wZmyXWpwBb4nipwIwiJdhnPaO9mGbNU=",
            "source_code_size": 17226531,
            "tags": null,
            "tags_all": {
              "ManagedBy": "terraform",
              "Project": "product-api"
            },
            "timeout": 10,
            "timeouts": null,
            "tracing_config": [
              {
                "mode": "PassThrough"
              }
            ],
            "version": "1",
            "vpc_config": []
          },
          "sensitive_attributes": [],
          "identity_schema_version": 0,
          "private": "eyJlMmJmYjczMC1lY2FhLTExZTYtOGY4OC0zNDM2M2JjN2M0YzAiOnsiY3JlYXRlIjo2MDAwMDAwMDAwMDAsImRlbGV0ZSI6NjAwMDAwMDAwMDAwLCJ1cGRhdGUiOjYwMDAwMDAwMDAwMH19",
          "dependencies": [
            "aws_iam_role.lambda_exec"
          ]
        }
      ]
    },
    {
      "mode": "managed",
      "type": "aws_lambda_permission",
      "name": "apigw_invoke",
      "provider": "provider[\"registry.terraform.io/hashicorp/aws\"]",
      "instances": [
        {
          "schema_version": 0,
          "attributes": {
            "action": "lambda:InvokeFunction",
            "event_source_token": null,
            "function_name": "product-api-handler",
            "function_url_auth_type": null,
            "id": "AllowExecutionFromAPIGateway",
            "principal": "apigateway.amazonaws.com",
            "principal_org_id": null,
            "qualifier": "",
            "source_account": null,
            "source_arn": "arn:aws:execute-api:us-east-1:000000000000:wndn1xqvft/*/*",
            "statement_id": "AllowExecutionFromAPIGateway",
            "statement_id_prefix": ""
          },
          "sensitive_attributes": [],
          "identity_schema_version": 0,
          "private": "bnVsbA==",
          "dependencies": [
            "aws_api_gateway_rest_api.this",
            "aws_iam_role.lambda_exec",
            "aws_lambda_function.product"
          ]
        }
      ]
    }
  ],
  "check_results": null
}
