{"format_version":"1.2","terraform_version":"1.13.5","planned_values":{"root_module":{"resources":[{"address":"aws_iam_access_key.example","mode":"managed","type":"aws_iam_access_key","name":"example","provider_name":"registry.terraform.io/hashicorp/aws","schema_version":0,"values":{"pgp_key":null,"status":"Active"},"sensitive_values":{"secret":true,"ses_smtp_password_v4":true}},{"address":"aws_iam_policy.example","mode":"managed","type":"aws_iam_policy","name":"example","provider_name":"registry.terraform.io/hashicorp/aws","schema_version":0,"values":{"description":null,"path":"/","policy":"{\"Statement\":[{\"Action\":[\"s3:ListAllMyBuckets\"],\"Effect\":\"Allow\",\"Resource\":[\"*\"]}],\"Version\":\"2012-10-17\"}","tags":null},"sensitive_values":{"tags_all":{}}},{"address":"aws_iam_user.example","mode":"managed","type":"aws_iam_user","name":"example","provider_name":"registry.terraform.io/hashicorp/aws","schema_version":0,"values":{"force_destroy":false,"path":"/","permissions_boundary":null,"tags":null},"sensitive_values":{"tags_all":{}}},{"address":"aws_iam_user_policy_attachment.example","mode":"managed","type":"aws_iam_user_policy_attachment","name":"example","provider_name":"registry.terraform.io/hashicorp/aws","schema_version":0,"sensitive_values":{}},{"address":"null_resource.example","mode":"managed","type":"null_resource","name":"example","provider_name":"registry.terraform.io/hashicorp/null","schema_version":0,"values":{"triggers":{}},"sensitive_values":{"triggers":{}}},{"address":"random_string.suffix","mode":"managed","type":"random_string","name":"suffix","provider_name":"registry.terraform.io/hashicorp/random","schema_version":2,"values":{"keepers":null,"length":8,"lower":true,"min_lower":0,"min_numeric":0,"min_special":0,"min_upper":0,"number":true,"numeric":true,"override_special":null,"special":false,"upper":false},"sensitive_values":{}}]}},"resource_changes":[{"address":"aws_iam_access_key.example","mode":"managed","type":"aws_iam_access_key","name":"example","provider_name":"registry.terraform.io/hashicorp/aws","change":{"actions":["create"],"before":null,"after":{"pgp_key":null,"status":"Active"},"after_unknown":{"create_date":true,"encrypted_secret":true,"encrypted_ses_smtp_password_v4":true,"id":true,"key_fingerprint":true,"secret":true,"ses_smtp_password_v4":true,"user":true},"before_sensitive":false,"after_sensitive":{"secret":true,"ses_smtp_password_v4":true}}},{"address":"aws_iam_policy.example","mode":"managed","type":"aws_iam_policy","name":"example","provider_name":"registry.terraform.io/hashicorp/aws","change":{"actions":["create"],"before":null,"after":{"description":null,"path":"/","policy":"{\"Statement\":[{\"Action\":[\"s3:ListAllMyBuckets\"],\"Effect\":\"Allow\",\"Resource\":[\"*\"]}],\"Version\":\"2012-10-17\"}","tags":null},"after_unknown":{"arn":true,"attachment_count":true,"id":true,"name":true,"name_prefix":true,"policy_id":true,"tags_all":true},"before_sensitive":false,"after_sensitive":{"tags_all":{}}}},{"address":"aws_iam_user.example","mode":"managed","type":"aws_iam_user","name":"example","provider_name":"registry.terraform.io/hashicorp/aws","change":{"actions":["create"],"before":null,"after":{"force_destroy":false,"path":"/","permissions_boundary":null,"tags":null},"after_unknown":{"arn":true,"id":true,"name":true,"tags_all":true,"unique_id":true},"before_sensitive":false,"after_sensitive":{"tags_all":{}}}},{"address":"aws_iam_user_policy_attachment.example","mode":"managed","type":"aws_iam_user_policy_attachment","name":"example","provider_name":"registry.terraform.io/hashicorp/aws","change":{"actions":["create"],"before":null,"after":{},"after_unknown":{"id":true,"policy_arn":true,"user":true},"before_sensitive":false,"after_sensitive":{}}},{"address":"null_resource.example","mode":"managed","type":"null_resource","name":"example","provider_name":"registry.terraform.io/hashicorp/null","change":{"actions":["create"],"before":null,"after":{"triggers":{}},"after_unknown":{"id":true,"triggers":{"always_run":true}},"before_sensitive":false,"after_sensitive":{"triggers":{}}}},{"address":"random_string.suffix","mode":"managed","type":"random_string","name":"suffix","provider_name":"registry.terraform.io/hashicorp/random","change":{"actions":["create"],"before":null,"after":{"keepers":null,"length":8,"lower":true,"min_lower":0,"min_numeric":0,"min_special":0,"min_upper":0,"number":true,"numeric":true,"override_special":null,"special":false,"upper":false},"after_unknown":{"id":true,"result":true},"before_sensitive":false,"after_sensitive":{}}}],"prior_state":{"format_version":"1.0","terraform_version":"1.13.5","values":{"root_module":{"resources":[{"address":"data.aws_region.current","mode":"data","type":"aws_region","name":"current","provider_name":"registry.terraform.io/hashicorp/aws","schema_version":0,"values":{"description":"Asia Pacific (Singapore)","endpoint":"ec2.ap-southeast-1.amazonaws.com","id":"ap-southeast-1","name":"ap-southeast-1"},"sensitive_values":{}}]}}},"configuration":{"provider_config":{"aws":{"name":"aws","full_name":"registry.terraform.io/hashicorp/aws","version_constraint":"5.58.0","expressions":{"region":{"constant_value":"ap-southeast-1"}}},"null":{"name":"null","full_name":"registry.terraform.io/hashicorp/null"},"random":{"name":"random","full_name":"registry.terraform.io/hashicorp/random"}},"root_module":{"resources":[{"address":"aws_iam_access_key.example","mode":"managed","type":"aws_iam_access_key","name":"example","provider_config_key":"aws","expressions":{"user":{"references":["aws_iam_user.example.name","aws_iam_user.example"]}},"schema_version":0},{"address":"aws_iam_policy.example","mode":"managed","type":"aws_iam_policy","name":"example","provider_config_key":"aws","expressions":{"name":{"references":["random_string.suffix.result","random_string.suffix"]},"policy":{}},"schema_version":0},{"address":"aws_iam_user.example","mode":"managed","type":"aws_iam_user","name":"example","provider_config_key":"aws","expressions":{"name":{"references":["random_string.suffix.result","random_string.suffix"]}},"schema_version":0},{"address":"aws_iam_user_policy_attachment.example","mode":"managed","type":"aws_iam_user_policy_attachment","name":"example","provider_config_key":"aws","expressions":{"policy_arn":{"references":["aws_iam_policy.example.arn","aws_iam_policy.example"]},"user":{"references":["aws_iam_user.example.name","aws_iam_user.example"]}},"schema_version":0},{"address":"null_resource.example","mode":"managed","type":"null_resource","name":"example","provider_config_key":"null","provisioners":[{"type":"local-exec","expressions":{"command":{"references":["aws_iam_access_key.example.id","aws_iam_access_key.example","aws_iam_access_key.example.secret","aws_iam_access_key.example","data.aws_region.current.name","data.aws_region.current"]}}},{"type":"local-exec","expressions":{"command":{"constant_value":"rm -f terraform.tmp\n"}}}],"expressions":{"triggers":{}},"schema_version":0},{"address":"random_string.suffix","mode":"managed","type":"random_string","name":"suffix","provider_config_key":"random","expressions":{"length":{"constant_value":8},"special":{"constant_value":false},"upper":{"constant_value":false}},"schema_version":2},{"address":"data.aws_region.current","mode":"data","type":"aws_region","name":"current","provider_config_key":"aws","schema_version":0}]}},"relevant_attributes":[{"resource":"aws_iam_policy.example","attribute":["arn"]},{"resource":"random_string.suffix","attribute":["result"]},{"resource":"aws_iam_user.example","attribute":["name"]}],"timestamp":"2026-01-27T19:14:24Z","applyable":true,"complete":true,"errored":false}
