data.archive_file.lambda_dummy: Reading...
data.archive_file.lambda_dummy: Read complete after 0s [id=58e93fade67637870be5af38eff8d5aa66c7da49]

Terraform used the selected providers to generate the following execution
plan. Resource actions are indicated with the following symbols:
  + create

Terraform will perform the following actions:

  # aws_cloudwatch_event_rule.lambda_cron will be created
  + resource "aws_cloudwatch_event_rule" "lambda_cron" {
      + arn                 = (known after apply)
      + description         = "Triggers Lambda every minute"
      + event_bus_name      = "default"
      + force_destroy       = false
      + id                  = (known after apply)
      + name                = "lambda-minute-trigger"
      + name_prefix         = (known after apply)
      + region              = "eu-west-1"
      + schedule_expression = "cron(* * * * ? *)"
      + tags_all            = (known after apply)
    }

  # aws_cloudwatch_event_target.lambda_target will be created
  + resource "aws_cloudwatch_event_target" "lambda_target" {
      + arn            = (known after apply)
      + event_bus_name = "default"
      + force_destroy  = false
      + id             = (known after apply)
      + region         = "eu-west-1"
      + rule           = "lambda-minute-trigger"
      + target_id      = "LambdaFunctionTarget"
    }

  # aws_iam_policy.lambda_sagemaker_invoke will be created
  + resource "aws_iam_policy" "lambda_sagemaker_invoke" {
      + arn              = (known after apply)
      + attachment_count = (known after apply)
      + description      = "Allows lambda to invoke SageMaker endpoint"
      + id               = (known after apply)
      + name             = "lambda_sagemaker_invoke"
      + name_prefix      = (known after apply)
      + path             = "/"
      + policy           = jsonencode(
            {
              + Statement = [
                  + {
                      + Action   = "sagemaker:InvokeEndpoint"
                      + Effect   = "Allow"
                      + Resource = "arn:aws:sagemaker:eu-west-1:511771194412:endpoint/hello-world-endpoint"
                    },
                ]
              + Version   = "2012-10-17"
            }
        )
      + policy_id        = (known after apply)
      + tags_all         = (known after apply)
    }

  # aws_iam_role.lambda_exec will be created
  + resource "aws_iam_role" "lambda_exec" {
      + arn                   = (known after apply)
      + assume_role_policy    = jsonencode(
            {
              + Statement = [
                  + {
                      + Action    = "sts:AssumeRole"
                      + Effect    = "Allow"
                      + Principal = {
                          + Service = "lambda.amazonaws.com"
                        }
                      + Sid       = ""
                    },
                ]
              + Version   = "2012-10-17"
            }
        )
      + create_date           = (known after apply)
      + force_detach_policies = false
      + id                    = (known after apply)
      + managed_policy_arns   = (known after apply)
      + max_session_duration  = 3600
      + name                  = "lambda_exec_role"
      + name_prefix           = (known after apply)
      + path                  = "/"
      + tags_all              = (known after apply)
      + unique_id             = (known after apply)

      + inline_policy (known after apply)
    }

  # aws_iam_role_policy_attachment.lambda_policy will be created
  + resource "aws_iam_role_policy_attachment" "lambda_policy" {
      + id         = (known after apply)
      + policy_arn = "arn:aws:iam::aws:policy/service-role/AWSLambdaBasicExecutionRole"
      + role       = "lambda_exec_role"
    }

  # aws_iam_role_policy_attachment.lambda_sagemaker_attach will be created
  + resource "aws_iam_role_policy_attachment" "lambda_sagemaker_attach" {
      + id         = (known after apply)
      + policy_arn = (known after apply)
      + role       = "lambda_exec_role"
    }

  # aws_lambda_function.example will be created
  + resource "aws_lambda_function" "example" {
      + architectures                  = (known after apply)
      + arn                            = (known after apply)
      + code_sha256                    = (known after apply)
      + filename                       = "./.dummy/lambda.zip"
      + function_name                  = "example_lambda_function"
      + handler                        = "lambda_function.lambda_handler"
      + id                             = (known after apply)
      + invoke_arn                     = (known after apply)
      + last_modified                  = (known after apply)
      + memory_size                    = 128
      + package_type                   = "Zip"
      + publish                        = false
      + qualified_arn                  = (known after apply)
      + qualified_invoke_arn           = (known after apply)
      + region                         = "eu-west-1"
      + reserved_concurrent_executions = -1
      + role                           = (known after apply)
      + runtime                        = "python3.8"
      + signing_job_arn                = (known after apply)
      + signing_profile_version_arn    = (known after apply)
      + skip_destroy                   = false
      + source_code_hash               = "wmbalFzzY/wG3ivChKElOZB3+B4gptmQyIat05p+fU4="
      + source_code_size               = (known after apply)
      + tags_all                       = (known after apply)
      + timeout                        = 3
      + version                        = (known after apply)

      + ephemeral_storage (known after apply)

      + logging_config (known after apply)

      + tracing_config (known after apply)
    }

  # aws_lambda_permission.allow_eventbridge will be created
  + resource "aws_lambda_permission" "allow_eventbridge" {
      + action              = "lambda:InvokeFunction"
      + function_name       = "example_lambda_function"
      + id                  = (known after apply)
      + principal           = "events.amazonaws.com"
      + region              = "eu-west-1"
      + source_arn          = (known after apply)
      + statement_id        = "AllowExecutionFromEventBridge"
      + statement_id_prefix = (known after apply)
    }

Plan: 8 to add, 0 to change, 0 to destroy.
aws_iam_policy.lambda_sagemaker_invoke: Creating...
aws_iam_role.lambda_exec: Creating...
aws_cloudwatch_event_rule.lambda_cron: Creating...
aws_cloudwatch_event_rule.lambda_cron: Creation complete after 0s [id=lambda-minute-trigger]
aws_iam_policy.lambda_sagemaker_invoke: Creation complete after 0s [id=arn:aws:iam::000000000000:policy/lambda_sagemaker_invoke]
aws_iam_role.lambda_exec: Creation complete after 0s [id=lambda_exec_role]
aws_iam_role_policy_attachment.lambda_sagemaker_attach: Creating...
aws_iam_role_policy_attachment.lambda_policy: Creating...
aws_lambda_function.example: Creating...
aws_iam_role_policy_attachment.lambda_sagemaker_attach: Creation complete after 0s [id=lambda_exec_role/arn:aws:iam::000000000000:policy/lambda_sagemaker_invoke]
aws_iam_role_policy_attachment.lambda_policy: Creation complete after 0s [id=lambda_exec_role/arn:aws:iam::aws:policy/service-role/AWSLambdaBasicExecutionRole]
aws_lambda_function.example: Creation complete after 6s [id=example_lambda_function]
aws_lambda_permission.allow_eventbridge: Creating...
aws_cloudwatch_event_target.lambda_target: Creating...
aws_lambda_permission.allow_eventbridge: Creation complete after 0s [id=AllowExecutionFromEventBridge]
aws_cloudwatch_event_target.lambda_target: Creation complete after 0s [id=lambda-minute-trigger-LambdaFunctionTarget]

Apply complete! Resources: 8 added, 0 changed, 0 destroyed.
