
Terraform used the selected providers to generate the following execution
plan. Resource actions are indicated with the following symbols:
  + create

Terraform will perform the following actions:

  # aws_cloudwatch_log_group.ecs_log_group will be created
  + resource "aws_cloudwatch_log_group" "ecs_log_group" {
      + arn                         = (known after apply)
      + deletion_protection_enabled = (known after apply)
      + id                          = (known after apply)
      + log_group_class             = (known after apply)
      + name                        = "/ecs/live-orders-dev-task-definition"
      + name_prefix                 = (known after apply)
      + region                      = "us-east-1"
      + retention_in_days           = 0
      + skip_destroy                = false
      + tags_all                    = (known after apply)
    }

  # aws_ecs_cluster.ecs_cluster will be created
  + resource "aws_ecs_cluster" "ecs_cluster" {
      + arn      = (known after apply)
      + id       = (known after apply)
      + name     = "live-orders-dev-cluster"
      + region   = "us-east-1"
      + tags_all = (known after apply)

      + setting (known after apply)
    }

  # aws_ecs_service.ecs_service will be created
  + resource "aws_ecs_service" "ecs_service" {
      + arn                                = (known after apply)
      + availability_zone_rebalancing      = (known after apply)
      + cluster                            = (known after apply)
      + deployment_maximum_percent         = 200
      + deployment_minimum_healthy_percent = 100
      + desired_count                      = 1
      + enable_ecs_managed_tags            = false
      + enable_execute_command             = false
      + health_check_grace_period_seconds  = 0
      + iam_role                           = (known after apply)
      + id                                 = (known after apply)
      + launch_type                        = "FARGATE"
      + name                               = "live-orders-service"
      + platform_version                   = (known after apply)
      + region                             = "us-east-1"
      + scheduling_strategy                = "REPLICA"
      + tags_all                           = (known after apply)
      + task_definition                    = (known after apply)
      + triggers                           = (known after apply)
      + wait_for_steady_state              = false

      + deployment_configuration (known after apply)

      + load_balancer {
          + container_name   = "live-orders-dev-con"
          + container_port   = 80
          + target_group_arn = (known after apply)
            # (1 unchanged attribute hidden)
        }

      + network_configuration {
          + assign_public_ip = true
          + security_groups  = (known after apply)
          + subnets          = (known after apply)
        }
    }

  # aws_ecs_task_definition.ecs_task will be created
  + resource "aws_ecs_task_definition" "ecs_task" {
      + arn                      = (known after apply)
      + arn_without_revision     = (known after apply)
      + container_definitions    = jsonencode(
            [
              + {
                  + environmentFiles = [
                      + {
                          + type  = "s3"
                          + value = "arn:aws:s3:::live-orders-327498361889/vars.env"
                        },
                    ]
                  + essential        = true
                  + image            = "nginx:latest"
                  + logConfiguration = {
                      + logDriver = "awslogs"
                      + options   = {
                          + awslogs-create-group  = "true"
                          + awslogs-group         = "/ecs/live-orders-dev-task-definition"
                          + awslogs-region        = "us-east-1"
                          + awslogs-stream-prefix = "ecs"
                        }
                    }
                  + name             = "live-orders-dev-con"
                  + portMappings     = [
                      + {
                          + appProtocol   = "http"
                          + containerPort = 80
                          + hostPort      = 80
                          + protocol      = "tcp"
                        },
                    ]
                },
            ]
        )
      + cpu                      = "256"
      + enable_fault_injection   = (known after apply)
      + execution_role_arn       = (known after apply)
      + family                   = "live-orders-dev-task-definition"
      + id                       = (known after apply)
      + memory                   = "512"
      + network_mode             = "awsvpc"
      + region                   = "us-east-1"
      + requires_compatibilities = [
          + "FARGATE",
        ]
      + revision                 = (known after apply)
      + skip_destroy             = false
      + tags_all                 = (known after apply)
      + task_role_arn            = (known after apply)
      + track_latest             = false
    }

  # aws_iam_policy.ecs_task_s3_read_policy will be created
  + resource "aws_iam_policy" "ecs_task_s3_read_policy" {
      + arn              = (known after apply)
      + attachment_count = (known after apply)
      + description      = "Policy to allow ECS task to read from S3 bucket"
      + id               = (known after apply)
      + name             = "ecs-task-s3-read-policy"
      + name_prefix      = (known after apply)
      + path             = "/"
      + policy           = jsonencode(
            {
              + Statement = [
                  + {
                      + Action   = [
                          + "s3:ListBucket",
                          + "s3:GetObject",
                        ]
                      + Effect   = "Allow"
                      + Resource = [
                          + "arn:aws:s3:::live-orders-327498361889",
                          + "arn:aws:s3:::live-orders-327498361889/*",
                        ]
                    },
                ]
              + Version   = "2012-10-17"
            }
        )
      + policy_id        = (known after apply)
      + tags_all         = (known after apply)
    }

  # aws_iam_role.ecs_task_execution_role will be created
  + resource "aws_iam_role" "ecs_task_execution_role" {
      + arn                   = (known after apply)
      + assume_role_policy    = jsonencode(
            {
              + Statement = [
                  + {
                      + Action    = "sts:AssumeRole"
                      + Effect    = "Allow"
                      + Principal = {
                          + Service = [
                              + "ecs-tasks.amazonaws.com",
                            ]
                        }
                      + Sid       = ""
                    },
                ]
              + Version   = "2012-10-17"
            }
        )
      + create_date           = (known after apply)
      + force_detach_policies = false
      + id                    = (known after apply)
      + managed_policy_arns   = (known after apply)
      + max_session_duration  = 3600
      + name                  = "ecsTaskExecutionRole-live-orders"
      + name_prefix           = (known after apply)
      + path                  = "/"
      + tags_all              = (known after apply)
      + unique_id             = (known after apply)

      + inline_policy (known after apply)
    }

  # aws_iam_role_policy_attachment.ecs_task_execution_ecs_policy will be created
  + resource "aws_iam_role_policy_attachment" "ecs_task_execution_ecs_policy" {
      + id         = (known after apply)
      + policy_arn = "arn:aws:iam::aws:policy/service-role/AmazonECSTaskExecutionRolePolicy"
      + role       = "ecsTaskExecutionRole-live-orders"
    }

  # aws_iam_role_policy_attachment.ecs_task_execution_policy_attachment will be created
  + resource "aws_iam_role_policy_attachment" "ecs_task_execution_policy_attachment" {
      + id         = (known after apply)
      + policy_arn = (known after apply)
      + role       = "ecsTaskExecutionRole-live-orders"
    }

  # aws_lb.ecs_alb will be created
  + resource "aws_lb" "ecs_alb" {
      + arn                                                          = (known after apply)
      + arn_suffix                                                   = (known after apply)
      + client_keep_alive                                            = 3600
      + desync_mitigation_mode                                       = "defensive"
      + dns_name                                                     = (known after apply)
      + drop_invalid_header_fields                                   = false
      + enable_deletion_protection                                   = false
      + enable_http2                                                 = true
      + enable_tls_version_and_cipher_suite_headers                  = false
      + enable_waf_fail_open                                         = false
      + enable_xff_client_port                                       = false
      + enable_zonal_shift                                           = false
      + enforce_security_group_inbound_rules_on_private_link_traffic = (known after apply)
      + id                                                           = (known after apply)
      + idle_timeout                                                 = 60
      + internal                                                     = false
      + ip_address_type                                              = (known after apply)
      + load_balancer_type                                           = "application"
      + name                                                         = "live-orders-dev-alb"
      + name_prefix                                                  = (known after apply)
      + preserve_host_header                                         = false
      + region                                                       = "us-east-1"
      + secondary_ips_auto_assigned_per_subnet                       = (known after apply)
      + security_groups                                              = (known after apply)
      + subnets                                                      = (known after apply)
      + tags_all                                                     = (known after apply)
      + vpc_id                                                       = (known after apply)
      + xff_header_processing_mode                                   = "append"
      + zone_id                                                      = (known after apply)

      + subnet_mapping (known after apply)
    }

  # aws_lb_listener.ecs_listener will be created
  + resource "aws_lb_listener" "ecs_listener" {
      + arn                                                                   = (known after apply)
      + id                                                                    = (known after apply)
      + load_balancer_arn                                                     = (known after apply)
      + port                                                                  = 80
      + protocol                                                              = "HTTP"
      + region                                                                = "us-east-1"
      + routing_http_request_x_amzn_mtls_clientcert_header_name               = (known after apply)
      + routing_http_request_x_amzn_mtls_clientcert_issuer_header_name        = (known after apply)
      + routing_http_request_x_amzn_mtls_clientcert_leaf_header_name          = (known after apply)
      + routing_http_request_x_amzn_mtls_clientcert_serial_number_header_name = (known after apply)
      + routing_http_request_x_amzn_mtls_clientcert_subject_header_name       = (known after apply)
      + routing_http_request_x_amzn_mtls_clientcert_validity_header_name      = (known after apply)
      + routing_http_request_x_amzn_tls_cipher_suite_header_name              = (known after apply)
      + routing_http_request_x_amzn_tls_version_header_name                   = (known after apply)
      + routing_http_response_access_control_allow_credentials_header_value   = (known after apply)
      + routing_http_response_access_control_allow_headers_header_value       = (known after apply)
      + routing_http_response_access_control_allow_methods_header_value       = (known after apply)
      + routing_http_response_access_control_allow_origin_header_value        = (known after apply)
      + routing_http_response_access_control_expose_headers_header_value      = (known after apply)
      + routing_http_response_access_control_max_age_header_value             = (known after apply)
      + routing_http_response_content_security_policy_header_value            = (known after apply)
      + routing_http_response_server_enabled                                  = (known after apply)
      + routing_http_response_strict_transport_security_header_value          = (known after apply)
      + routing_http_response_x_content_type_options_header_value             = (known after apply)
      + routing_http_response_x_frame_options_header_value                    = (known after apply)
      + ssl_policy                                                            = (known after apply)
      + tags_all                                                              = (known after apply)
      + tcp_idle_timeout_seconds                                              = (known after apply)

      + default_action {
          + order            = (known after apply)
          + target_group_arn = (known after apply)
          + type             = "forward"
        }

      + mutual_authentication (known after apply)
    }

  # aws_lb_target_group.ecs_target_group will be created
  + resource "aws_lb_target_group" "ecs_target_group" {
      + arn                                = (known after apply)
      + arn_suffix                         = (known after apply)
      + connection_termination             = (known after apply)
      + deregistration_delay               = "300"
      + id                                 = (known after apply)
      + ip_address_type                    = (known after apply)
      + lambda_multi_value_headers_enabled = false
      + load_balancer_arns                 = (known after apply)
      + load_balancing_algorithm_type      = (known after apply)
      + load_balancing_anomaly_mitigation  = (known after apply)
      + load_balancing_cross_zone_enabled  = (known after apply)
      + name                               = "live-orders-dev-target-group"
      + name_prefix                        = (known after apply)
      + port                               = 80
      + preserve_client_ip                 = (known after apply)
      + protocol                           = "HTTP"
      + protocol_version                   = (known after apply)
      + proxy_protocol_v2                  = false
      + region                             = "us-east-1"
      + slow_start                         = 0
      + tags_all                           = (known after apply)
      + target_type                        = "ip"
      + vpc_id                             = (known after apply)

      + health_check {
          + enabled             = true
          + healthy_threshold   = 5
          + interval            = 30
          + matcher             = "200-299"
          + path                = "/"
          + port                = "traffic-port"
          + protocol            = "HTTP"
          + timeout             = 5
          + unhealthy_threshold = 2
        }

      + stickiness (known after apply)

      + target_failover (known after apply)

      + target_group_health (known after apply)

      + target_health_state (known after apply)
    }

  # aws_s3_bucket.live_orders_bucket will be created
  + resource "aws_s3_bucket" "live_orders_bucket" {
      + acceleration_status         = (known after apply)
      + acl                         = (known after apply)
      + arn                         = (known after apply)
      + bucket                      = "live-orders-327498361889"
      + bucket_domain_name          = (known after apply)
      + bucket_prefix               = (known after apply)
      + bucket_region               = (known after apply)
      + bucket_regional_domain_name = (known after apply)
      + force_destroy               = true
      + hosted_zone_id              = (known after apply)
      + id                          = (known after apply)
      + object_lock_enabled         = (known after apply)
      + policy                      = (known after apply)
      + region                      = "us-east-1"
      + request_payer               = (known after apply)
      + tags                        = {
          + "Environment" = "Dev"
          + "Name"        = "vars-env-bucket"
        }
      + tags_all                    = {
          + "Environment" = "Dev"
          + "Name"        = "vars-env-bucket"
        }
      + website_domain              = (known after apply)
      + website_endpoint            = (known after apply)

      + cors_rule (known after apply)

      + grant (known after apply)

      + lifecycle_rule (known after apply)

      + logging (known after apply)

      + object_lock_configuration (known after apply)

      + replication_configuration (known after apply)

      + server_side_encryption_configuration (known after apply)

      + versioning (known after apply)

      + website (known after apply)
    }

  # aws_s3_bucket_public_access_block.acl_block_s3_access will be created
  + resource "aws_s3_bucket_public_access_block" "acl_block_s3_access" {
      + block_public_acls       = false
      + block_public_policy     = false
      + bucket                  = (known after apply)
      + id                      = (known after apply)
      + ignore_public_acls      = false
      + region                  = "us-east-1"
      + restrict_public_buckets = false
    }

  # aws_s3_object.env_vars will be created
  + resource "aws_s3_object" "env_vars" {
      + acl                    = "private"
      + arn                    = (known after apply)
      + bucket                 = "live-orders-327498361889"
      + bucket_key_enabled     = (known after apply)
      + checksum_crc32         = (known after apply)
      + checksum_crc32c        = (known after apply)
      + checksum_crc64nvme     = (known after apply)
      + checksum_sha1          = (known after apply)
      + checksum_sha256        = (known after apply)
      + content_type           = (known after apply)
      + etag                   = (known after apply)
      + force_destroy          = false
      + id                     = (known after apply)
      + key                    = "vars.env"
      + kms_key_id             = (known after apply)
      + region                 = "us-east-1"
      + server_side_encryption = (known after apply)
      + source                 = "config/vars.env"
      + storage_class          = (known after apply)
      + tags                   = {
          + "Environment" = "Dev"
          + "Name"        = "vars-env-file"
        }
      + tags_all               = {
          + "Environment" = "Dev"
          + "Name"        = "vars-env-file"
        }
      + version_id             = (known after apply)
    }

  # module.alb_security_group.aws_security_group.this_name_prefix[0] will be created
  + resource "aws_security_group" "this_name_prefix" {
      + arn                    = (known after apply)
      + description            = "Security Group managed by Terraform"
      + egress                 = (known after apply)
      + id                     = (known after apply)
      + ingress                = (known after apply)
      + name                   = (known after apply)
      + name_prefix            = "live-orders-dev-alb-sg-"
      + owner_id               = (known after apply)
      + region                 = "us-east-1"
      + revoke_rules_on_delete = false
      + tags                   = {
          + "Name" = "live-orders-dev-alb-sg"
        }
      + tags_all               = {
          + "Name" = "live-orders-dev-alb-sg"
        }
      + vpc_id                 = (known after apply)

      + timeouts {
          + create = "10m"
          + delete = "15m"
        }
    }

  # module.alb_security_group.aws_security_group_rule.egress_rules[0] will be created
  + resource "aws_security_group_rule" "egress_rules" {
      + cidr_blocks              = [
          + "0.0.0.0/0",
        ]
      + description              = "All protocols"
      + from_port                = -1
      + id                       = (known after apply)
      + ipv6_cidr_blocks         = [
          + "::/0",
        ]
      + prefix_list_ids          = []
      + protocol                 = "-1"
      + region                   = "us-east-1"
      + security_group_id        = (known after apply)
      + security_group_rule_id   = (known after apply)
      + self                     = false
      + source_security_group_id = (known after apply)
      + to_port                  = -1
      + type                     = "egress"
    }

  # module.alb_security_group.aws_security_group_rule.ingress_with_cidr_blocks[0] will be created
  + resource "aws_security_group_rule" "ingress_with_cidr_blocks" {
      + cidr_blocks              = [
          + "0.0.0.0/0",
        ]
      + description              = "elb sg port"
      + from_port                = 80
      + id                       = (known after apply)
      + prefix_list_ids          = []
      + protocol                 = "tcp"
      + region                   = "us-east-1"
      + security_group_id        = (known after apply)
      + security_group_rule_id   = (known after apply)
      + self                     = false
      + source_security_group_id = (known after apply)
      + to_port                  = 80
      + type                     = "ingress"
    }

  # module.container_security_group.aws_security_group.this_name_prefix[0] will be created
  + resource "aws_security_group" "this_name_prefix" {
      + arn                    = (known after apply)
      + description            = "Security Group managed by Terraform"
      + egress                 = (known after apply)
      + id                     = (known after apply)
      + ingress                = (known after apply)
      + name                   = (known after apply)
      + name_prefix            = "live-orders-dev-ecs-sg-"
      + owner_id               = (known after apply)
      + region                 = "us-east-1"
      + revoke_rules_on_delete = false
      + tags                   = {
          + "Name" = "live-orders-dev-ecs-sg"
        }
      + tags_all               = {
          + "Name" = "live-orders-dev-ecs-sg"
        }
      + vpc_id                 = (known after apply)

      + timeouts {
          + create = "10m"
          + delete = "15m"
        }
    }

  # module.container_security_group.aws_security_group_rule.egress_rules[0] will be created
  + resource "aws_security_group_rule" "egress_rules" {
      + cidr_blocks              = [
          + "0.0.0.0/0",
        ]
      + description              = "All protocols"
      + from_port                = -1
      + id                       = (known after apply)
      + ipv6_cidr_blocks         = [
          + "::/0",
        ]
      + prefix_list_ids          = []
      + protocol                 = "-1"
      + region                   = "us-east-1"
      + security_group_id        = (known after apply)
      + security_group_rule_id   = (known after apply)
      + self                     = false
      + source_security_group_id = (known after apply)
      + to_port                  = -1
      + type                     = "egress"
    }

  # module.container_security_group.aws_security_group_rule.ingress_with_cidr_blocks[0] will be created
  + resource "aws_security_group_rule" "ingress_with_cidr_blocks" {
      + cidr_blocks              = [
          + "0.0.0.0/0",
        ]
      + description              = "con sg ports"
      + from_port                = 80
      + id                       = (known after apply)
      + prefix_list_ids          = []
      + protocol                 = "tcp"
      + region                   = "us-east-1"
      + security_group_id        = (known after apply)
      + security_group_rule_id   = (known after apply)
      + self                     = false
      + source_security_group_id = (known after apply)
      + to_port                  = 80
      + type                     = "ingress"
    }

  # module.vpc.aws_default_network_acl.this[0] will be created
  + resource "aws_default_network_acl" "this" {
      + arn                    = (known after apply)
      + default_network_acl_id = (known after apply)
      + id                     = (known after apply)
      + owner_id               = (known after apply)
      + region                 = "us-east-1"
      + tags                   = {
          + "Name" = "live-orders-dev-vpc"
        }
      + tags_all               = {
          + "Name" = "live-orders-dev-vpc"
        }
      + vpc_id                 = (known after apply)

      + egress {
          + action          = "allow"
          + from_port       = 0
          + ipv6_cidr_block = "::/0"
          + protocol        = "-1"
          + rule_no         = 101
          + to_port         = 0
            # (1 unchanged attribute hidden)
        }
      + egress {
          + action          = "allow"
          + cidr_block      = "0.0.0.0/0"
          + from_port       = 0
          + protocol        = "-1"
          + rule_no         = 100
          + to_port         = 0
            # (1 unchanged attribute hidden)
        }

      + ingress {
          + action          = "allow"
          + from_port       = 0
          + ipv6_cidr_block = "::/0"
          + protocol        = "-1"
          + rule_no         = 101
          + to_port         = 0
            # (1 unchanged attribute hidden)
        }
      + ingress {
          + action          = "allow"
          + cidr_block      = "0.0.0.0/0"
          + from_port       = 0
          + protocol        = "-1"
          + rule_no         = 100
          + to_port         = 0
            # (1 unchanged attribute hidden)
        }
    }

  # module.vpc.aws_default_route_table.default[0] will be created
  + resource "aws_default_route_table" "default" {
      + arn                    = (known after apply)
      + default_route_table_id = (known after apply)
      + id                     = (known after apply)
      + owner_id               = (known after apply)
      + region                 = "us-east-1"
      + route                  = (known after apply)
      + tags                   = {
          + "Name" = "live-orders-dev-main-rtb"
        }
      + tags_all               = {
          + "Name" = "live-orders-dev-main-rtb"
        }
      + vpc_id                 = (known after apply)

      + timeouts {
          + create = "5m"
          + update = "5m"
        }
    }

  # module.vpc.aws_default_security_group.this[0] will be created
  + resource "aws_default_security_group" "this" {
      + arn                    = (known after apply)
      + description            = (known after apply)
      + egress                 = (known after apply)
      + id                     = (known after apply)
      + ingress                = (known after apply)
      + name                   = (known after apply)
      + name_prefix            = (known after apply)
      + owner_id               = (known after apply)
      + region                 = "us-east-1"
      + revoke_rules_on_delete = false
      + tags                   = {
          + "Name" = "live-orders-dev-default-sg"
        }
      + tags_all               = {
          + "Name" = "live-orders-dev-default-sg"
        }
      + vpc_id                 = (known after apply)
    }

  # module.vpc.aws_internet_gateway.this[0] will be created
  + resource "aws_internet_gateway" "this" {
      + arn      = (known after apply)
      + id       = (known after apply)
      + owner_id = (known after apply)
      + region   = "us-east-1"
      + tags     = {
          + "Name" = "live-orders-dev-igw"
        }
      + tags_all = {
          + "Name" = "live-orders-dev-igw"
        }
      + vpc_id   = (known after apply)
    }

  # module.vpc.aws_route.public_internet_gateway[0] will be created
  + resource "aws_route" "public_internet_gateway" {
      + destination_cidr_block = "0.0.0.0/0"
      + gateway_id             = (known after apply)
      + id                     = (known after apply)
      + instance_id            = (known after apply)
      + instance_owner_id      = (known after apply)
      + network_interface_id   = (known after apply)
      + origin                 = (known after apply)
      + region                 = "us-east-1"
      + route_table_id         = (known after apply)
      + state                  = (known after apply)

      + timeouts {
          + create = "5m"
        }
    }

  # module.vpc.aws_route_table.private[0] will be created
  + resource "aws_route_table" "private" {
      + arn              = (known after apply)
      + id               = (known after apply)
      + owner_id         = (known after apply)
      + propagating_vgws = (known after apply)
      + region           = "us-east-1"
      + route            = (known after apply)
      + tags             = {
          + "Name" = "live-orders-dev-vpc"
        }
      + tags_all         = {
          + "Name" = "live-orders-dev-vpc"
        }
      + vpc_id           = (known after apply)
    }

  # module.vpc.aws_route_table.private[1] will be created
  + resource "aws_route_table" "private" {
      + arn              = (known after apply)
      + id               = (known after apply)
      + owner_id         = (known after apply)
      + propagating_vgws = (known after apply)
      + region           = "us-east-1"
      + route            = (known after apply)
      + tags             = {
          + "Name" = "live-orders-dev-vpc"
        }
      + tags_all         = {
          + "Name" = "live-orders-dev-vpc"
        }
      + vpc_id           = (known after apply)
    }

  # module.vpc.aws_route_table.public[0] will be created
  + resource "aws_route_table" "public" {
      + arn              = (known after apply)
      + id               = (known after apply)
      + owner_id         = (known after apply)
      + propagating_vgws = (known after apply)
      + region           = "us-east-1"
      + route            = (known after apply)
      + tags             = {
          + "Name" = "live-orders-dev-public-rtb"
        }
      + tags_all         = {
          + "Name" = "live-orders-dev-public-rtb"
        }
      + vpc_id           = (known after apply)
    }

  # module.vpc.aws_route_table_association.private[0] will be created
  + resource "aws_route_table_association" "private" {
      + id             = (known after apply)
      + region         = "us-east-1"
      + route_table_id = (known after apply)
      + subnet_id      = (known after apply)
    }

  # module.vpc.aws_route_table_association.public[0] will be created
  + resource "aws_route_table_association" "public" {
      + id             = (known after apply)
      + region         = "us-east-1"
      + route_table_id = (known after apply)
      + subnet_id      = (known after apply)
    }

  # module.vpc.aws_route_table_association.public[1] will be created
  + resource "aws_route_table_association" "public" {
      + id             = (known after apply)
      + region         = "us-east-1"
      + route_table_id = (known after apply)
      + subnet_id      = (known after apply)
    }

  # module.vpc.aws_subnet.private[0] will be created
  + resource "aws_subnet" "private" {
      + arn                                            = (known after apply)
      + assign_ipv6_address_on_creation                = false
      + availability_zone                              = "us-east-1a"
      + availability_zone_id                           = (known after apply)
      + cidr_block                                     = "10.0.3.0/24"
      + enable_dns64                                   = false
      + enable_resource_name_dns_a_record_on_launch    = false
      + enable_resource_name_dns_aaaa_record_on_launch = false
      + id                                             = (known after apply)
      + ipv6_cidr_block_association_id                 = (known after apply)
      + ipv6_native                                    = false
      + map_public_ip_on_launch                        = false
      + owner_id                                       = (known after apply)
      + private_dns_hostname_type_on_launch            = (known after apply)
      + region                                         = "us-east-1"
      + tags                                           = {
          + "Name" = "live-orders-dev-private-subnet"
        }
      + tags_all                                       = {
          + "Name" = "live-orders-dev-private-subnet"
        }
      + vpc_id                                         = (known after apply)
    }

  # module.vpc.aws_subnet.public[0] will be created
  + resource "aws_subnet" "public" {
      + arn                                            = (known after apply)
      + assign_ipv6_address_on_creation                = false
      + availability_zone                              = "us-east-1a"
      + availability_zone_id                           = (known after apply)
      + cidr_block                                     = "10.0.1.0/24"
      + enable_dns64                                   = false
      + enable_resource_name_dns_a_record_on_launch    = false
      + enable_resource_name_dns_aaaa_record_on_launch = false
      + id                                             = (known after apply)
      + ipv6_cidr_block_association_id                 = (known after apply)
      + ipv6_native                                    = false
      + map_public_ip_on_launch                        = false
      + owner_id                                       = (known after apply)
      + private_dns_hostname_type_on_launch            = (known after apply)
      + region                                         = "us-east-1"
      + tags                                           = {
          + "Name" = "live-orders-dev-public-subnet"
        }
      + tags_all                                       = {
          + "Name" = "live-orders-dev-public-subnet"
        }
      + vpc_id                                         = (known after apply)
    }

  # module.vpc.aws_subnet.public[1] will be created
  + resource "aws_subnet" "public" {
      + arn                                            = (known after apply)
      + assign_ipv6_address_on_creation                = false
      + availability_zone                              = "us-east-1b"
      + availability_zone_id                           = (known after apply)
      + cidr_block                                     = "10.0.2.0/24"
      + enable_dns64                                   = false
      + enable_resource_name_dns_a_record_on_launch    = false
      + enable_resource_name_dns_aaaa_record_on_launch = false
      + id                                             = (known after apply)
      + ipv6_cidr_block_association_id                 = (known after apply)
      + ipv6_native                                    = false
      + map_public_ip_on_launch                        = false
      + owner_id                                       = (known after apply)
      + private_dns_hostname_type_on_launch            = (known after apply)
      + region                                         = "us-east-1"
      + tags                                           = {
          + "Name" = "live-orders-dev-public-subnet"
        }
      + tags_all                                       = {
          + "Name" = "live-orders-dev-public-subnet"
        }
      + vpc_id                                         = (known after apply)
    }

  # module.vpc.aws_vpc.this[0] will be created
  + resource "aws_vpc" "this" {
      + arn                                  = (known after apply)
      + cidr_block                           = "10.0.0.0/16"
      + default_network_acl_id               = (known after apply)
      + default_route_table_id               = (known after apply)
      + default_security_group_id            = (known after apply)
      + dhcp_options_id                      = (known after apply)
      + enable_dns_hostnames                 = true
      + enable_dns_support                   = true
      + enable_network_address_usage_metrics = (known after apply)
      + id                                   = (known after apply)
      + instance_tenancy                     = "default"
      + ipv6_association_id                  = (known after apply)
      + ipv6_cidr_block                      = (known after apply)
      + ipv6_cidr_block_network_border_group = (known after apply)
      + main_route_table_id                  = (known after apply)
      + owner_id                             = (known after apply)
      + region                               = "us-east-1"
      + tags                                 = {
          + "Name" = "live-orders-dev-vpc"
        }
      + tags_all                             = {
          + "Name" = "live-orders-dev-vpc"
        }
    }

Plan: 35 to add, 0 to change, 0 to destroy.

Changes to Outputs:
  + alb_dns_name = (known after apply)
aws_cloudwatch_log_group.ecs_log_group: Creating...
aws_iam_policy.ecs_task_s3_read_policy: Creating...
aws_iam_role.ecs_task_execution_role: Creating...
aws_ecs_cluster.ecs_cluster: Creating...
module.vpc.aws_vpc.this[0]: Creating...
aws_s3_bucket.live_orders_bucket: Creating...
aws_iam_policy.ecs_task_s3_read_policy: Creation complete after 0s [id=arn:aws:iam::000000000000:policy/ecs-task-s3-read-policy]
aws_iam_role.ecs_task_execution_role: Creation complete after 0s [id=ecsTaskExecutionRole-live-orders]
aws_iam_role_policy_attachment.ecs_task_execution_ecs_policy: Creating...
aws_iam_role_policy_attachment.ecs_task_execution_policy_attachment: Creating...
aws_iam_role_policy_attachment.ecs_task_execution_policy_attachment: Creation complete after 0s [id=ecsTaskExecutionRole-live-orders/arn:aws:iam::000000000000:policy/ecs-task-s3-read-policy]
aws_iam_role_policy_attachment.ecs_task_execution_ecs_policy: Creation complete after 0s [id=ecsTaskExecutionRole-live-orders/arn:aws:iam::aws:policy/service-role/AmazonECSTaskExecutionRolePolicy]
aws_cloudwatch_log_group.ecs_log_group: Creation complete after 0s [id=/ecs/live-orders-dev-task-definition]
aws_ecs_cluster.ecs_cluster: Still creating... [00m10s elapsed]
module.vpc.aws_vpc.this[0]: Still creating... [00m10s elapsed]
aws_ecs_cluster.ecs_cluster: Creation complete after 11s [id=arn:aws:ecs:us-east-1:000000000000:cluster/live-orders-dev-cluster]
module.vpc.aws_vpc.this[0]: Creation complete after 11s [id=vpc-b89f19c477a9d996c]
module.vpc.aws_default_security_group.this[0]: Creating...
module.vpc.aws_default_route_table.default[0]: Creating...
module.vpc.aws_subnet.private[0]: Creating...
module.alb_security_group.aws_security_group.this_name_prefix[0]: Creating...
module.vpc.aws_route_table.private[0]: Creating...
module.vpc.aws_subnet.public[1]: Creating...
module.container_security_group.aws_security_group.this_name_prefix[0]: Creating...
module.vpc.aws_default_network_acl.this[0]: Creating...
aws_lb_target_group.ecs_target_group: Creating...
module.vpc.aws_route_table.public[0]: Creating...
module.vpc.aws_default_route_table.default[0]: Creation complete after 0s [id=rtb-faf40156776954703]
module.vpc.aws_subnet.private[0]: Creation complete after 0s [id=subnet-2d03aae820d6e8dbe]
module.vpc.aws_internet_gateway.this[0]: Creating...
module.vpc.aws_subnet.public[1]: Creation complete after 0s [id=subnet-47fafae03b85bde74]
module.vpc.aws_route_table.private[1]: Creating...
module.vpc.aws_subnet.public[0]: Creating...
module.vpc.aws_internet_gateway.this[0]: Creation complete after 0s [id=igw-d9a015b0b2cf9fd06]
module.vpc.aws_subnet.public[0]: Creation complete after 0s [id=subnet-03939ed169407d523]
module.vpc.aws_default_security_group.this[0]: Creation complete after 0s [id=sg-1cef7f771ce8412bb]
module.vpc.aws_default_network_acl.this[0]: Creation complete after 0s [id=acl-a24fe236f00698f73]
module.vpc.aws_route_table.public[0]: Creation complete after 0s [id=rtb-8c658106df36c9aed]
module.vpc.aws_route_table.private[0]: Creation complete after 0s [id=rtb-8bcff026c0ec149e7]
module.vpc.aws_route_table.private[1]: Creation complete after 0s [id=rtb-4b6940a9d67d89e55]
module.vpc.aws_route_table_association.public[0]: Creating...
module.vpc.aws_route_table_association.public[1]: Creating...
module.vpc.aws_route_table_association.private[0]: Creating...
module.vpc.aws_route.public_internet_gateway[0]: Creating...
module.vpc.aws_route_table_association.private[0]: Creation complete after 0s [id=rtbassoc-58307f6879374a19d]
module.vpc.aws_route_table_association.public[1]: Creation complete after 0s [id=rtbassoc-e13d61c771eccf6d4]
module.vpc.aws_route_table_association.public[0]: Creation complete after 0s [id=rtbassoc-ba9bbc2325bc01def]
aws_lb_target_group.ecs_target_group: Creation complete after 0s [id=arn:aws:elasticloadbalancing:us-east-1:000000000000:targetgroup/live-orders-dev-target-group/78ab87a1e1d7032f]
module.container_security_group.aws_security_group.this_name_prefix[0]: Creation complete after 0s [id=sg-cde56db54ecf31ff9]
module.alb_security_group.aws_security_group.this_name_prefix[0]: Creation complete after 0s [id=sg-d1391d6448ac27412]
module.container_security_group.aws_security_group_rule.egress_rules[0]: Creating...
module.alb_security_group.aws_security_group_rule.ingress_with_cidr_blocks[0]: Creating...
module.container_security_group.aws_security_group_rule.ingress_with_cidr_blocks[0]: Creating...
module.alb_security_group.aws_security_group_rule.egress_rules[0]: Creating...
aws_lb.ecs_alb: Creating...
module.alb_security_group.aws_security_group_rule.egress_rules[0]: Creation complete after 0s [id=sgrule-3426921324]
module.container_security_group.aws_security_group_rule.ingress_with_cidr_blocks[0]: Creation complete after 1s [id=sgrule-3853375882]
module.vpc.aws_route.public_internet_gateway[0]: Creation complete after 1s [id=r-rtb-8c658106df36c9aed1080289494]
module.alb_security_group.aws_security_group_rule.ingress_with_cidr_blocks[0]: Creation complete after 1s [id=sgrule-3906074745]
module.container_security_group.aws_security_group_rule.egress_rules[0]: Creation complete after 1s [id=sgrule-3576770824]
aws_lb.ecs_alb: Still creating... [00m10s elapsed]
aws_lb.ecs_alb: Still creating... [00m20s elapsed]
aws_lb.ecs_alb: Still creating... [00m30s elapsed]
