data.archive_file.lambda_dummy: Reading...
data.archive_file.lambda_dummy: Read complete after 0s [id=58e93fade67637870be5af38eff8d5aa66c7da49]
data.aws_iam_policy_document.lambda_assume: Reading...
data.aws_iam_policy_document.scheduler_assume: Reading...
data.aws_iam_policy_document.scheduler_assume: Read complete after 0s [id=52247394]
data.aws_iam_policy_document.lambda_assume: Read complete after 0s [id=2690255455]

Terraform used the selected providers to generate the following execution
plan. Resource actions are indicated with the following symbols:
  + create
 <= read (data resources)

Terraform will perform the following actions:

  # data.archive_file.lambda_zip will be read during apply
  # (depends on a resource or a module with changes pending)
 <= data "archive_file" "lambda_zip" {
      + id                  = (known after apply)
      + output_base64sha256 = (known after apply)
      + output_base64sha512 = (known after apply)
      + output_md5          = (known after apply)
      + output_path         = "./../handler.zip"
      + output_sha          = (known after apply)
      + output_sha256       = (known after apply)
      + output_sha512       = (known after apply)
      + output_size         = (known after apply)
      + source_file         = "./../handler.zip"
      + type                = "zip"
    }

  # data.aws_iam_policy_document.lambda_secrets will be read during apply
  # (config refers to values not yet known)
 <= data "aws_iam_policy_document" "lambda_secrets" {
      + id            = (known after apply)
      + json          = (known after apply)
      + minified_json = (known after apply)

      + statement {
          + actions   = [
              + "secretsmanager:DescribeSecret",
              + "secretsmanager:GetSecretValue",
            ]
          + effect    = "Allow"
          + resources = [
              + (known after apply),
            ]
        }
    }

  # data.aws_iam_policy_document.scheduler_invoke will be read during apply
  # (config refers to values not yet known)
 <= data "aws_iam_policy_document" "scheduler_invoke" {
      + id            = (known after apply)
      + json          = (known after apply)
      + minified_json = (known after apply)

      + statement {
          + actions   = [
              + "lambda:InvokeFunction",
            ]
          + effect    = "Allow"
          + resources = [
              + (known after apply),
            ]
        }
    }

  # aws_cloudwatch_log_group.lambda will be created
  + resource "aws_cloudwatch_log_group" "lambda" {
      + arn               = (known after apply)
      + id                = (known after apply)
      + log_group_class   = (known after apply)
      + name              = "/aws/lambda/venmo-action-automation-prod"
      + name_prefix       = (known after apply)
      + retention_in_days = 30
      + skip_destroy      = false
      + tags_all          = {
          + "Environment" = "prod"
          + "ManagedBy"   = "terraform"
          + "Project"     = "venmo-action-automation"
        }
    }

  # aws_cloudwatch_metric_alarm.lambda_errors will be created
  + resource "aws_cloudwatch_metric_alarm" "lambda_errors" {
      + actions_enabled                       = true
      + alarm_actions                         = (known after apply)
      + alarm_description                     = "Alarm when the Venmo automation Lambda reports errors"
      + alarm_name                            = "venmo-action-automation-prod-lambda-errors"
      + arn                                   = (known after apply)
      + comparison_operator                   = "GreaterThanOrEqualToThreshold"
      + dimensions                            = {
          + "FunctionName" = "venmo-action-automation-prod"
        }
      + evaluate_low_sample_count_percentiles = (known after apply)
      + evaluation_periods                    = 1
      + id                                    = (known after apply)
      + metric_name                           = "Errors"
      + namespace                             = "AWS/Lambda"
      + ok_actions                            = (known after apply)
      + period                                = 300
      + statistic                             = "Sum"
      + tags_all                              = {
          + "Environment" = "prod"
          + "ManagedBy"   = "terraform"
          + "Project"     = "venmo-action-automation"
        }
      + threshold                             = 1
      + treat_missing_data                    = "notBreaching"
    }

  # aws_iam_policy.lambda_secrets will be created
  + resource "aws_iam_policy" "lambda_secrets" {
      + arn              = (known after apply)
      + attachment_count = (known after apply)
      + id               = (known after apply)
      + name             = "venmo-action-automation-prod-lambda-secrets"
      + name_prefix      = (known after apply)
      + path             = "/"
      + policy           = (known after apply)
      + policy_id        = (known after apply)
      + tags_all         = {
          + "Environment" = "prod"
          + "ManagedBy"   = "terraform"
          + "Project"     = "venmo-action-automation"
        }
    }

  # aws_iam_policy.scheduler_invoke will be created
  + resource "aws_iam_policy" "scheduler_invoke" {
      + arn              = (known after apply)
      + attachment_count = (known after apply)
      + id               = (known after apply)
      + name             = "venmo-action-automation-prod-scheduler-invoke"
      + name_prefix      = (known after apply)
      + path             = "/"
      + policy           = (known after apply)
      + policy_id        = (known after apply)
      + tags_all         = {
          + "Environment" = "prod"
          + "ManagedBy"   = "terraform"
          + "Project"     = "venmo-action-automation"
        }
    }

  # aws_iam_role.lambda_exec will be created
  + resource "aws_iam_role" "lambda_exec" {
      + arn                   = (known after apply)
      + assume_role_policy    = jsonencode(
            {
              + Statement = [
                  + {
                      + Action    = "sts:AssumeRole"
                      + Effect    = "Allow"
                      + Principal = {
                          + Service = "lambda.amazonaws.com"
                        }
                    },
                ]
              + Version   = "2012-10-17"
            }
        )
      + create_date           = (known after apply)
      + force_detach_policies = false
      + id                    = (known after apply)
      + managed_policy_arns   = (known after apply)
      + max_session_duration  = 3600
      + name                  = "venmo-action-automation-prod-lambda-exec"
      + name_prefix           = (known after apply)
      + path                  = "/"
      + tags_all              = {
          + "Environment" = "prod"
          + "ManagedBy"   = "terraform"
          + "Project"     = "venmo-action-automation"
        }
      + unique_id             = (known after apply)

      + inline_policy (known after apply)
    }

  # aws_iam_role.scheduler_invoke will be created
  + resource "aws_iam_role" "scheduler_invoke" {
      + arn                   = (known after apply)
      + assume_role_policy    = jsonencode(
            {
              + Statement = [
                  + {
                      + Action    = "sts:AssumeRole"
                      + Effect    = "Allow"
                      + Principal = {
                          + Service = "scheduler.amazonaws.com"
                        }
                    },
                ]
              + Version   = "2012-10-17"
            }
        )
      + create_date           = (known after apply)
      + force_detach_policies = false
      + id                    = (known after apply)
      + managed_policy_arns   = (known after apply)
      + max_session_duration  = 3600
      + name                  = "venmo-action-automation-prod-scheduler-invoke"
      + name_prefix           = (known after apply)
      + path                  = "/"
      + tags_all              = {
          + "Environment" = "prod"
          + "ManagedBy"   = "terraform"
          + "Project"     = "venmo-action-automation"
        }
      + unique_id             = (known after apply)

      + inline_policy (known after apply)
    }

  # aws_iam_role_policy_attachment.lambda_basic will be created
  + resource "aws_iam_role_policy_attachment" "lambda_basic" {
      + id         = (known after apply)
      + policy_arn = "arn:aws:iam::aws:policy/service-role/AWSLambdaBasicExecutionRole"
      + role       = "venmo-action-automation-prod-lambda-exec"
    }

  # aws_iam_role_policy_attachment.lambda_secrets will be created
  + resource "aws_iam_role_policy_attachment" "lambda_secrets" {
      + id         = (known after apply)
      + policy_arn = (known after apply)
      + role       = "venmo-action-automation-prod-lambda-exec"
    }

  # aws_iam_role_policy_attachment.scheduler_invoke will be created
  + resource "aws_iam_role_policy_attachment" "scheduler_invoke" {
      + id         = (known after apply)
      + policy_arn = (known after apply)
      + role       = "venmo-action-automation-prod-scheduler-invoke"
    }

  # aws_lambda_alias.prod will be created
  + resource "aws_lambda_alias" "prod" {
      + arn              = (known after apply)
      + description      = "Stable alias for scheduled invocations"
      + function_name    = "venmo-action-automation-prod"
      + function_version = (known after apply)
      + id               = (known after apply)
      + invoke_arn       = (known after apply)
      + name             = "prod"
    }

  # aws_lambda_function.venmo will be created
  + resource "aws_lambda_function" "venmo" {
      + architectures                  = (known after apply)
      + arn                            = (known after apply)
      + code_sha256                    = (known after apply)
      + description                    = "Scheduled Venmo payment/request automation"
      + filename                       = "./../handler.zip"
      + function_name                  = "venmo-action-automation-prod"
      + handler                        = "handler.handler"
      + id                             = (known after apply)
      + invoke_arn                     = (known after apply)
      + last_modified                  = (known after apply)
      + memory_size                    = 128
      + package_type                   = "Zip"
      + publish                        = true
      + qualified_arn                  = (known after apply)
      + qualified_invoke_arn           = (known after apply)
      + reserved_concurrent_executions = -1
      + role                           = (known after apply)
      + runtime                        = "python3.12"
      + signing_job_arn                = (known after apply)
      + signing_profile_version_arn    = (known after apply)
      + skip_destroy                   = false
      + source_code_hash               = (known after apply)
      + source_code_size               = (known after apply)
      + tags_all                       = {
          + "Environment" = "prod"
          + "ManagedBy"   = "terraform"
          + "Project"     = "venmo-action-automation"
        }
      + timeout                        = 30
      + version                        = (known after apply)

      + environment {
          + variables = {
              + "VENMO_AUTH_TOKEN" = (sensitive value)
            }
        }

      + ephemeral_storage (known after apply)

      + logging_config (known after apply)

      + tracing_config (known after apply)
    }

  # aws_lambda_permission.allow_scheduler will be created
  + resource "aws_lambda_permission" "allow_scheduler" {
      + action              = "lambda:InvokeFunction"
      + function_name       = "venmo-action-automation-prod"
      + id                  = (known after apply)
      + principal           = "scheduler.amazonaws.com"
      + qualifier           = "prod"
      + statement_id        = "AllowExecutionFromEventBridgeScheduler"
      + statement_id_prefix = (known after apply)
    }

  # aws_scheduler_schedule_group.this will be created
  + resource "aws_scheduler_schedule_group" "this" {
      + arn                    = (known after apply)
      + creation_date          = (known after apply)
      + id                     = (known after apply)
      + last_modification_date = (known after apply)
      + name                   = "venmo-action-automation-prod-schedules"
      + name_prefix            = (known after apply)
      + state                  = (known after apply)
      + tags_all               = {
          + "Environment" = "prod"
          + "ManagedBy"   = "terraform"
          + "Project"     = "venmo-action-automation"
        }
    }

  # aws_secretsmanager_secret.venmo_auth_token will be created
  + resource "aws_secretsmanager_secret" "venmo_auth_token" {
      + arn                            = (known after apply)
      + force_overwrite_replica_secret = false
      + id                             = (known after apply)
      + name                           = "venmo-action-automation-prod/venmo/auth_token"
      + name_prefix                    = (known after apply)
      + policy                         = (known after apply)
      + recovery_window_in_days        = 0
      + tags_all                       = {
          + "Environment" = "prod"
          + "ManagedBy"   = "terraform"
          + "Project"     = "venmo-action-automation"
        }

      + replica (known after apply)
    }

  # aws_secretsmanager_secret_version.venmo_auth_token will be created
  + resource "aws_secretsmanager_secret_version" "venmo_auth_token" {
      + arn                  = (known after apply)
      + has_secret_string_wo = (known after apply)
      + id                   = (known after apply)
      + secret_id            = (known after apply)
      + secret_string        = (sensitive value)
      + secret_string_wo     = (write-only attribute)
      + version_id           = (known after apply)
      + version_stages       = (known after apply)
    }

  # aws_sns_topic.alerts will be created
  + resource "aws_sns_topic" "alerts" {
      + arn                         = (known after apply)
      + beginning_archive_time      = (known after apply)
      + content_based_deduplication = false
      + fifo_throughput_scope       = (known after apply)
      + fifo_topic                  = false
      + id                          = (known after apply)
      + name                        = "venmo-action-automation-prod-alerts"
      + name_prefix                 = (known after apply)
      + owner                       = (known after apply)
      + policy                      = (known after apply)
      + signature_version           = (known after apply)
      + tags_all                    = {
          + "Environment" = "prod"
          + "ManagedBy"   = "terraform"
          + "Project"     = "venmo-action-automation"
        }
      + tracing_config              = (known after apply)
    }

  # aws_sns_topic_subscription.email will be created
  + resource "aws_sns_topic_subscription" "email" {
      + arn                             = (known after apply)
      + confirmation_timeout_in_minutes = 1
      + confirmation_was_authenticated  = (known after apply)
      + endpoint                        = "ai-tf"
      + endpoint_auto_confirms          = false
      + filter_policy_scope             = (known after apply)
      + id                              = (known after apply)
      + owner_id                        = (known after apply)
      + pending_confirmation            = (known after apply)
      + protocol                        = "email"
      + raw_message_delivery            = false
      + topic_arn                       = (known after apply)
    }

  # null_resource.package_lambda will be created
  + resource "null_resource" "package_lambda" {
      + id       = (known after apply)
      + triggers = {
          + "handler_sha"      = "e34c59d2d600fb86e12c9b79505988d88e5198ccf661eae565a6819c67e80fc2"
          + "requirements_sha" = "8fc822f223e3709fdcc33a1c1daaf28502007cec0a53653f2df481680c9a248e"
          + "script_sha"       = "55bc56796e92d135ad4e0b1cf17e9985522ea4752ce888ee3464fda2dc43afbf"
        }
    }

Plan: 18 to add, 0 to change, 0 to destroy.

Changes to Outputs:
  + lambda_alias_arn     = (known after apply)
  + lambda_function_name = "venmo-action-automation-prod"
  + schedule_group_name  = "venmo-action-automation-prod-schedules"
  + sns_topic_arn        = (known after apply)
null_resource.package_lambda: Creating...
null_resource.package_lambda: Provisioning with 'local-exec'...
null_resource.package_lambda (local-exec): Executing: ["/bin/sh" "-c" "bash ./../package_lambda.sh"]
aws_cloudwatch_log_group.lambda: Creating...
aws_scheduler_schedule_group.this: Creating...
aws_secretsmanager_secret.venmo_auth_token: Creating...
aws_iam_role.scheduler_invoke: Creating...
aws_iam_role.lambda_exec: Creating...
aws_sns_topic.alerts: Creating...
aws_secretsmanager_secret.venmo_auth_token: Creation complete after 0s [id=arn:aws:secretsmanager:us-east-1:000000000000:secret:venmo-action-automation-prod/venmo/auth_token-hXIMnG]
data.aws_iam_policy_document.lambda_secrets: Reading...
aws_secretsmanager_secret_version.venmo_auth_token: Creating...
data.aws_iam_policy_document.lambda_secrets: Read complete after 0s [id=2670661054]
aws_iam_policy.lambda_secrets: Creating...
aws_secretsmanager_secret_version.venmo_auth_token: Creation complete after 0s [id=arn:aws:secretsmanager:us-east-1:000000000000:secret:venmo-action-automation-prod/venmo/auth_token-hXIMnG|terraform-20260127055347978800000002]
aws_iam_role.scheduler_invoke: Creation complete after 0s [id=venmo-action-automation-prod-scheduler-invoke]
aws_iam_role.lambda_exec: Creation complete after 0s [id=venmo-action-automation-prod-lambda-exec]
aws_iam_role_policy_attachment.lambda_basic: Creating...
aws_iam_role_policy_attachment.lambda_basic: Creation complete after 0s [id=venmo-action-automation-prod-lambda-exec-20260127055348246200000003]
aws_iam_policy.lambda_secrets: Creation complete after 0s [id=arn:aws:iam::000000000000:policy/venmo-action-automation-prod-lambda-secrets]
aws_iam_role_policy_attachment.lambda_secrets: Creating...
aws_iam_role_policy_attachment.lambda_secrets: Creation complete after 0s [id=venmo-action-automation-prod-lambda-exec-20260127055348426000000004]
aws_cloudwatch_log_group.lambda: Creation complete after 0s [id=/aws/lambda/venmo-action-automation-prod]
aws_sns_topic.alerts: Creation complete after 0s [id=arn:aws:sns:us-east-1:000000000000:venmo-action-automation-prod-alerts]
aws_sns_topic_subscription.email: Creating...
aws_sns_topic_subscription.email: Creation complete after 1s [id=arn:aws:sns:us-east-1:000000000000:venmo-action-automation-prod-alerts:67d21641-3002-46f8-b351-4bf758721f2d]
aws_scheduler_schedule_group.this: Creation complete after 1s [id=venmo-action-automation-prod-schedules]
null_resource.package_lambda (local-exec): {"zipfile":"./handler.zip"}
null_resource.package_lambda: Creation complete after 2s [id=1399423310079305306]
data.archive_file.lambda_zip: Reading...
