{"format_version":"1.2","terraform_version":"1.13.5","variables":{"alarm_email":{"value":"ai-tf"},"aws_region":{"value":"us-east-1"},"environment":{"value":"prod"},"lambda_memory_mb":{"value":128},"lambda_runtime":{"value":"python3.12"},"lambda_timeout_seconds":{"value":30},"log_retention_days":{"value":30},"project_name":{"value":"venmo-action-automation"},"venmo_auth_token":{"value":"ai-tf"},"venmo_schedules":{"value":[]}},"planned_values":{"outputs":{"lambda_alias_arn":{"sensitive":false},"lambda_function_name":{"sensitive":false,"type":"string","value":"venmo-action-automation-prod"},"schedule_group_name":{"sensitive":false,"type":"string","value":"venmo-action-automation-prod-schedules"},"sns_topic_arn":{"sensitive":false}},"root_module":{"resources":[{"address":"aws_cloudwatch_log_group.lambda","mode":"managed","type":"aws_cloudwatch_log_group","name":"lambda","provider_name":"registry.terraform.io/hashicorp/aws","schema_version":0,"values":{"kms_key_id":null,"name":"/aws/lambda/venmo-action-automation-prod","retention_in_days":30,"skip_destroy":false,"tags":null,"tags_all":{"Environment":"prod","ManagedBy":"terraform","Project":"venmo-action-automation"}},"sensitive_values":{"tags_all":{}}},{"address":"aws_cloudwatch_metric_alarm.lambda_errors","mode":"managed","type":"aws_cloudwatch_metric_alarm","name":"lambda_errors","provider_name":"registry.terraform.io/hashicorp/aws","schema_version":1,"values":{"actions_enabled":true,"alarm_description":"Alarm when the Venmo automation Lambda reports errors","alarm_name":"venmo-action-automation-prod-lambda-errors","comparison_operator":"GreaterThanOrEqualToThreshold","datapoints_to_alarm":null,"dimensions":{"FunctionName":"venmo-action-automation-prod"},"evaluation_periods":1,"extended_statistic":null,"insufficient_data_actions":null,"metric_name":"Errors","metric_query":[],"namespace":"AWS/Lambda","period":300,"statistic":"Sum","tags":null,"tags_all":{"Environment":"prod","ManagedBy":"terraform","Project":"venmo-action-automation"},"threshold":1,"threshold_metric_id":null,"treat_missing_data":"notBreaching","unit":null},"sensitive_values":{"alarm_actions":[],"dimensions":{},"metric_query":[],"ok_actions":[],"tags_all":{}}},{"address":"aws_iam_policy.lambda_secrets","mode":"managed","type":"aws_iam_policy","name":"lambda_secrets","provider_name":"registry.terraform.io/hashicorp/aws","schema_version":0,"values":{"description":null,"name":"venmo-action-automation-prod-lambda-secrets","path":"/","tags":null,"tags_all":{"Environment":"prod","ManagedBy":"terraform","Project":"venmo-action-automation"}},"sensitive_values":{"tags_all":{}}},{"address":"aws_iam_policy.scheduler_invoke","mode":"managed","type":"aws_iam_policy","name":"scheduler_invoke","provider_name":"registry.terraform.io/hashicorp/aws","schema_version":0,"values":{"description":null,"name":"venmo-action-automation-prod-scheduler-invoke","path":"/","tags":null,"tags_all":{"Environment":"prod","ManagedBy":"terraform","Project":"venmo-action-automation"}},"sensitive_values":{"tags_all":{}}},{"address":"aws_iam_role.lambda_exec","mode":"managed","type":"aws_iam_role","name":"lambda_exec","provider_name":"registry.terraform.io/hashicorp/aws","schema_version":0,"values":{"assume_role_policy":"{\"Statement\":[{\"Action\":\"sts:AssumeRole\",\"Effect\":\"Allow\",\"Principal\":{\"Service\":\"lambda.amazonaws.com\"}}],\"Version\":\"2012-10-17\"}","description":null,"force_detach_policies":false,"max_session_duration":3600,"name":"venmo-action-automation-prod-lambda-exec","path":"/","permissions_boundary":null,"tags":null,"tags_all":{"Environment":"prod","ManagedBy":"terraform","Project":"venmo-action-automation"}},"sensitive_values":{"inline_policy":[],"managed_policy_arns":[],"tags_all":{}}},{"address":"aws_iam_role.scheduler_invoke","mode":"managed","type":"aws_iam_role","name":"scheduler_invoke","provider_name":"registry.terraform.io/hashicorp/aws","schema_version":0,"values":{"assume_role_policy":"{\"Statement\":[{\"Action\":\"sts:AssumeRole\",\"Effect\":\"Allow\",\"Principal\":{\"Service\":\"scheduler.amazonaws.com\"}}],\"Version\":\"2012-10-17\"}","description":null,"force_detach_policies":false,"max_session_duration":3600,"name":"venmo-action-automation-prod-scheduler-invoke","path":"/","permissions_boundary":null,"tags":null,"tags_all":{"Environment":"prod","ManagedBy":"terraform","Project":"venmo-action-automation"}},"sensitive_values":{"inline_policy":[],"managed_policy_arns":[],"tags_all":{}}},{"address":"aws_iam_role_policy_attachment.lambda_basic","mode":"managed","type":"aws_iam_role_policy_attachment","name":"lambda_basic","provider_name":"registry.terraform.io/hashicorp/aws","schema_version":0,"values":{"policy_arn":"arn:aws:iam::aws:policy/service-role/AWSLambdaBasicExecutionRole","role":"venmo-action-automation-prod-lambda-exec"},"sensitive_values":{}},{"address":"aws_iam_role_policy_attachment.lambda_secrets","mode":"managed","type":"aws_iam_role_policy_attachment","name":"lambda_secrets","provider_name":"registry.terraform.io/hashicorp/aws","schema_version":0,"values":{"role":"venmo-action-automation-prod-lambda-exec"},"sensitive_values":{}},{"address":"aws_iam_role_policy_attachment.scheduler_invoke","mode":"managed","type":"aws_iam_role_policy_attachment","name":"scheduler_invoke","provider_name":"registry.terraform.io/hashicorp/aws","schema_version":0,"values":{"role":"venmo-action-automation-prod-scheduler-invoke"},"sensitive_values":{}},{"address":"aws_lambda_alias.prod","mode":"managed","type":"aws_lambda_alias","name":"prod","provider_name":"registry.terraform.io/hashicorp/aws","schema_version":0,"values":{"description":"Stable alias for scheduled invocations","function_name":"venmo-action-automation-prod","name":"prod","routing_config":[]},"sensitive_values":{"routing_config":[]}},{"address":"aws_lambda_function.venmo","mode":"managed","type":"aws_lambda_function","name":"venmo","provider_name":"registry.terraform.io/hashicorp/aws","schema_version":0,"values":{"code_signing_config_arn":null,"dead_letter_config":[],"description":"Scheduled Venmo payment/request automation","environment":[{"variables":{"VENMO_AUTH_TOKEN":"ai-tf"}}],"file_system_config":[],"filename":"./../handler.zip","function_name":"venmo-action-automation-prod","handler":"handler.handler","image_config":[],"image_uri":null,"kms_key_arn":null,"layers":null,"memory_size":128,"package_type":"Zip","publish":true,"replace_security_groups_on_destroy":null,"replacement_security_group_ids":null,"reserved_concurrent_executions":-1,"runtime":"python3.12","s3_bucket":null,"s3_key":null,"s3_object_version":null,"skip_destroy":false,"snap_start":[],"tags":null,"tags_all":{"Environment":"prod","ManagedBy":"terraform","Project":"venmo-action-automation"},"timeout":30,"timeouts":null,"vpc_config":[]},"sensitive_values":{"architectures":[],"dead_letter_config":[],"environment":[{"variables":{"VENMO_AUTH_TOKEN":true}}],"ephemeral_storage":[],"file_system_config":[],"image_config":[],"logging_config":[],"snap_start":[],"tags_all":{},"tracing_config":[],"vpc_config":[]}},{"address":"aws_lambda_permission.allow_scheduler","mode":"managed","type":"aws_lambda_permission","name":"allow_scheduler","provider_name":"registry.terraform.io/hashicorp/aws","schema_version":0,"values":{"action":"lambda:InvokeFunction","event_source_token":null,"function_name":"venmo-action-automation-prod","function_url_auth_type":null,"principal":"scheduler.amazonaws.com","principal_org_id":null,"qualifier":"prod","source_account":null,"source_arn":null,"statement_id":"AllowExecutionFromEventBridgeScheduler"},"sensitive_values":{}},{"address":"aws_scheduler_schedule_group.this","mode":"managed","type":"aws_scheduler_schedule_group","name":"this","provider_name":"registry.terraform.io/hashicorp/aws","schema_version":0,"values":{"name":"venmo-action-automation-prod-schedules","tags":null,"tags_all":{"Environment":"prod","ManagedBy":"terraform","Project":"venmo-action-automation"},"timeouts":null},"sensitive_values":{"tags_all":{}}},{"address":"aws_secretsmanager_secret.venmo_auth_token","mode":"managed","type":"aws_secretsmanager_secret","name":"venmo_auth_token","provider_name":"registry.terraform.io/hashicorp/aws","schema_version":0,"values":{"description":null,"force_overwrite_replica_secret":false,"kms_key_id":null,"name":"venmo-action-automation-prod/venmo/auth_token","recovery_window_in_days":0,"tags":null,"tags_all":{"Environment":"prod","ManagedBy":"terraform","Project":"venmo-action-automation"}},"sensitive_values":{"replica":[],"tags_all":{}}},{"address":"aws_secretsmanager_secret_version.venmo_auth_token","mode":"managed","type":"aws_secretsmanager_secret_version","name":"venmo_auth_token","provider_name":"registry.terraform.io/hashicorp/aws","schema_version":0,"values":{"secret_binary":null,"secret_string":"ai-tf","secret_string_wo":null,"secret_string_wo_version":null},"sensitive_values":{"secret_binary":true,"secret_string":true,"secret_string_wo":true,"version_stages":[]}},{"address":"aws_sns_topic.alerts","mode":"managed","type":"aws_sns_topic","name":"alerts","provider_name":"registry.terraform.io/hashicorp/aws","schema_version":0,"values":{"application_failure_feedback_role_arn":null,"application_success_feedback_role_arn":null,"application_success_feedback_sample_rate":null,"archive_policy":null,"content_based_deduplication":false,"delivery_policy":null,"display_name":null,"fifo_topic":false,"firehose_failure_feedback_role_arn":null,"firehose_success_feedback_role_arn":null,"firehose_success_feedback_sample_rate":null,"http_failure_feedback_role_arn":null,"http_success_feedback_role_arn":null,"http_success_feedback_sample_rate":null,"kms_master_key_id":null,"lambda_failure_feedback_role_arn":null,"lambda_success_feedback_role_arn":null,"lambda_success_feedback_sample_rate":null,"name":"venmo-action-automation-prod-alerts","sqs_failure_feedback_role_arn":null,"sqs_success_feedback_role_arn":null,"sqs_success_feedback_sample_rate":null,"tags":null,"tags_all":{"Environment":"prod","ManagedBy":"terraform","Project":"venmo-action-automation"}},"sensitive_values":{"tags_all":{}}},{"address":"aws_sns_topic_subscription.email","mode":"managed","type":"aws_sns_topic_subscription","name":"email","provider_name":"registry.terraform.io/hashicorp/aws","schema_version":0,"values":{"confirmation_timeout_in_minutes":1,"delivery_policy":null,"endpoint":"ai-tf","endpoint_auto_confirms":false,"filter_policy":null,"protocol":"email","raw_message_delivery":false,"redrive_policy":null,"replay_policy":null,"subscription_role_arn":null},"sensitive_values":{}},{"address":"data.archive_file.lambda_zip","mode":"data","type":"archive_file","name":"lambda_zip","provider_name":"registry.terraform.io/hashicorp/archive","schema_version":0,"values":{"exclude_symlink_directories":null,"excludes":null,"output_file_mode":null,"output_path":"./../handler.zip","source":[],"source_content":null,"source_content_filename":null,"source_dir":null,"source_file":"./../handler.zip","type":"zip"},"sensitive_values":{"source":[]}},{"address":"data.aws_iam_policy_document.lambda_secrets","mode":"data","type":"aws_iam_policy_document","name":"lambda_secrets","provider_name":"registry.terraform.io/hashicorp/aws","schema_version":0,"values":{"override_json":null,"override_policy_documents":null,"policy_id":null,"source_json":null,"source_policy_documents":null,"statement":[{"actions":["secretsmanager:DescribeSecret","secretsmanager:GetSecretValue"],"condition":[],"effect":"Allow","not_actions":null,"not_principals":[],"not_resources":null,"principals":[],"resources":[null],"sid":null}],"version":null},"sensitive_values":{"statement":[{"actions":[false,false],"condition":[],"not_principals":[],"principals":[],"resources":[false]}]}},{"address":"data.aws_iam_policy_document.scheduler_invoke","mode":"data","type":"aws_iam_policy_document","name":"scheduler_invoke","provider_name":"registry.terraform.io/hashicorp/aws","schema_version":0,"values":{"override_json":null,"override_policy_documents":null,"policy_id":null,"source_json":null,"source_policy_documents":null,"statement":[{"actions":["lambda:InvokeFunction"],"condition":[],"effect":"Allow","not_actions":null,"not_principals":[],"not_resources":null,"principals":[],"resources":[null],"sid":null}],"version":null},"sensitive_values":{"statement":[{"actions":[false],"condition":[],"not_principals":[],"principals":[],"resources":[false]}]}},{"address":"null_resource.package_lambda","mode":"managed","type":"null_resource","name":"package_lambda","provider_name":"registry.terraform.io/hashicorp/null","schema_version":0,"values":{"triggers":{"handler_sha":"e34c59d2d600fb86e12c9b79505988d88e5198ccf661eae565a6819c67e80fc2","requirements_sha":"8fc822f223e3709fdcc33a1c1daaf28502007cec0a53653f2df481680c9a248e","script_sha":"55bc56796e92d135ad4e0b1cf17e9985522ea4752ce888ee3464fda2dc43afbf"}},"sensitive_values":{"triggers":{}}}]}},"resource_changes":[{"address":"data.archive_file.lambda_zip","mode":"data","type":"archive_file","name":"lambda_zip","provider_name":"registry.terraform.io/hashicorp/archive","change":{"actions":["read"],"before":null,"after":{"exclude_symlink_directories":null,"excludes":null,"output_file_mode":null,"output_path":"./../handler.zip","source":[],"source_content":null,"source_content_filename":null,"source_dir":null,"source_file":"./../handler.zip","type":"zip"},"after_unknown":{"id":true,"output_base64sha256":true,"output_base64sha512":true,"output_md5":true,"output_sha":true,"output_sha256":true,"output_sha512":true,"output_size":true,"source":[]},"before_sensitive":false,"after_sensitive":{"source":[]}},"action_reason":"read_because_dependency_pending"},{"address":"data.aws_iam_policy_document.lambda_secrets","mode":"data","type":"aws_iam_policy_document","name":"lambda_secrets","provider_name":"registry.terraform.io/hashicorp/aws","change":{"actions":["read"],"before":null,"after":{"override_json":null,"override_policy_documents":null,"policy_id":null,"source_json":null,"source_policy_documents":null,"statement":[{"actions":["secretsmanager:DescribeSecret","secretsmanager:GetSecretValue"],"condition":[],"effect":"Allow","not_actions":null,"not_principals":[],"not_resources":null,"principals":[],"resources":[null],"sid":null}],"version":null},"after_unknown":{"id":true,"json":true,"minified_json":true,"statement":[{"actions":[false,false],"condition":[],"not_principals":[],"principals":[],"resources":[true]}]},"before_sensitive":false,"after_sensitive":{"statement":[{"actions":[false,false],"condition":[],"not_principals":[],"principals":[],"resources":[false]}]}},"action_reason":"read_because_config_unknown"},{"address":"data.aws_iam_policy_document.scheduler_invoke","mode":"data","type":"aws_iam_policy_document","name":"scheduler_invoke","provider_name":"registry.terraform.io/hashicorp/aws","change":{"actions":["read"],"before":null,"after":{"override_json":null,"override_policy_documents":null,"policy_id":null,"source_json":null,"source_policy_documents":null,"statement":[{"actions":["lambda:InvokeFunction"],"condition":[],"effect":"Allow","not_actions":null,"not_principals":[],"not_resources":null,"principals":[],"resources":[null],"sid":null}],"version":null},"after_unknown":{"id":true,"json":true,"minified_json":true,"statement":[{"actions":[false],"condition":[],"not_principals":[],"principals":[],"resources":[true]}]},"before_sensitive":false,"after_sensitive":{"statement":[{"actions":[false],"condition":[],"not_principals":[],"principals":[],"resources":[false]}]}},"action_reason":"read_because_config_unknown"},{"address":"aws_cloudwatch_log_group.lambda","mode":"managed","type":"aws_cloudwatch_log_group","name":"lambda","provider_name":"registry.terraform.io/hashicorp/aws","change":{"actions":["create"],"before":null,"after":{"kms_key_id":null,"name":"/aws/lambda/venmo-action-automation-prod","retention_in_days":30,"skip_destroy":false,"tags":null,"tags_all":{"Environment":"prod","ManagedBy":"terraform","Project":"venmo-action-automation"}},"after_unknown":{"arn":true,"id":true,"log_group_class":true,"name_prefix":true,"tags_all":{}},"before_sensitive":false,"after_sensitive":{"tags_all":{}}}},{"address":"aws_cloudwatch_metric_alarm.lambda_errors","mode":"managed","type":"aws_cloudwatch_metric_alarm","name":"lambda_errors","provider_name":"registry.terraform.io/hashicorp/aws","change":{"actions":["create"],"before":null,"after":{"actions_enabled":true,"alarm_description":"Alarm when the Venmo automation Lambda reports errors","alarm_name":"venmo-action-automation-prod-lambda-errors","comparison_operator":"GreaterThanOrEqualToThreshold","datapoints_to_alarm":null,"dimensions":{"FunctionName":"venmo-action-automation-prod"},"evaluation_periods":1,"extended_statistic":null,"insufficient_data_actions":null,"metric_name":"Errors","metric_query":[],"namespace":"AWS/Lambda","period":300,"statistic":"Sum","tags":null,"tags_all":{"Environment":"prod","ManagedBy":"terraform","Project":"venmo-action-automation"},"threshold":1,"threshold_metric_id":null,"treat_missing_data":"notBreaching","unit":null},"after_unknown":{"alarm_actions":true,"arn":true,"dimensions":{},"evaluate_low_sample_count_percentiles":true,"id":true,"metric_query":[],"ok_actions":true,"tags_all":{}},"before_sensitive":false,"after_sensitive":{"alarm_actions":[],"dimensions":{},"metric_query":[],"ok_actions":[],"tags_all":{}}}},{"address":"aws_iam_policy.lambda_secrets","mode":"managed","type":"aws_iam_policy","name":"lambda_secrets","provider_name":"registry.terraform.io/hashicorp/aws","change":{"actions":["create"],"before":null,"after":{"description":null,"name":"venmo-action-automation-prod-lambda-secrets","path":"/","tags":null,"tags_all":{"Environment":"prod","ManagedBy":"terraform","Project":"venmo-action-automation"}},"after_unknown":{"arn":true,"attachment_count":true,"id":true,"name_prefix":true,"policy":true,"policy_id":true,"tags_all":{}},"before_sensitive":false,"after_sensitive":{"tags_all":{}}}},{"address":"aws_iam_policy.scheduler_invoke","mode":"managed","type":"aws_iam_policy","name":"scheduler_invoke","provider_name":"registry.terraform.io/hashicorp/aws","change":{"actions":["create"],"before":null,"after":{"description":null,"name":"venmo-action-automation-prod-scheduler-invoke","path":"/","tags":null,"tags_all":{"Environment":"prod","ManagedBy":"terraform","Project":"venmo-action-automation"}},"after_unknown":{"arn":true,"attachment_count":true,"id":true,"name_prefix":true,"policy":true,"policy_id":true,"tags_all":{}},"before_sensitive":false,"after_sensitive":{"tags_all":{}}}},{"address":"aws_iam_role.lambda_exec","mode":"managed","type":"aws_iam_role","name":"lambda_exec","provider_name":"registry.terraform.io/hashicorp/aws","change":{"actions":["create"],"before":null,"after":{"assume_role_policy":"{\"Statement\":[{\"Action\":\"sts:AssumeRole\",\"Effect\":\"Allow\",\"Principal\":{\"Service\":\"lambda.amazonaws.com\"}}],\"Version\":\"2012-10-17\"}","description":null,"force_detach_policies":false,"max_session_duration":3600,"name":"venmo-action-automation-prod-lambda-exec","path":"/","permissions_boundary":null,"tags":null,"tags_all":{"Environment":"prod","ManagedBy":"terraform","Project":"venmo-action-automation"}},"after_unknown":{"arn":true,"create_date":true,"id":true,"inline_policy":true,"managed_policy_arns":true,"name_prefix":true,"tags_all":{},"unique_id":true},"before_sensitive":false,"after_sensitive":{"inline_policy":[],"managed_policy_arns":[],"tags_all":{}}}},{"address":"aws_iam_role.scheduler_invoke","mode":"managed","type":"aws_iam_role","name":"scheduler_invoke","provider_name":"registry.terraform.io/hashicorp/aws","change":{"actions":["create"],"before":null,"after":{"assume_role_policy":"{\"Statement\":[{\"Action\":\"sts:AssumeRole\",\"Effect\":\"Allow\",\"Principal\":{\"Service\":\"scheduler.amazonaws.com\"}}],\"Version\":\"2012-10-17\"}","description":null,"force_detach_policies":false,"max_session_duration":3600,"name":"venmo-action-automation-prod-scheduler-invoke","path":"/","permissions_boundary":null,"tags":null,"tags_all":{"Environment":"prod","ManagedBy":"terraform","Project":"venmo-action-automation"}},"after_unknown":{"arn":true,"create_date":true,"id":true,"inline_policy":true,"managed_policy_arns":true,"name_prefix":true,"tags_all":{},"unique_id":true},"before_sensitive":false,"after_sensitive":{"inline_policy":[],"managed_policy_arns":[],"tags_all":{}}}},{"address":"aws_iam_role_policy_attachment.lambda_basic","mode":"managed","type":"aws_iam_role_policy_attachment","name":"lambda_basic","provider_name":"registry.terraform.io/hashicorp/aws","change":{"actions":["create"],"before":null,"after":{"policy_arn":"arn:aws:iam::aws:policy/service-role/AWSLambdaBasicExecutionRole","role":"venmo-action-automation-prod-lambda-exec"},"after_unknown":{"id":true},"before_sensitive":false,"after_sensitive":{}}},{"address":"aws_iam_role_policy_attachment.lambda_secrets","mode":"managed","type":"aws_iam_role_policy_attachment","name":"lambda_secrets","provider_name":"registry.terraform.io/hashicorp/aws","change":{"actions":["create"],"before":null,"after":{"role":"venmo-action-automation-prod-lambda-exec"},"after_unknown":{"id":true,"policy_arn":true},"before_sensitive":false,"after_sensitive":{}}},{"address":"aws_iam_role_policy_attachment.scheduler_invoke","mode":"managed","type":"aws_iam_role_policy_attachment","name":"scheduler_invoke","provider_name":"registry.terraform.io/hashicorp/aws","change":{"actions":["create"],"before":null,"after":{"role":"venmo-action-automation-prod-scheduler-invoke"},"after_unknown":{"id":true,"policy_arn":true},"before_sensitive":false,"after_sensitive":{}}},{"address":"aws_lambda_alias.prod","mode":"managed","type":"aws_lambda_alias","name":"prod","provider_name":"registry.terraform.io/hashicorp/aws","change":{"actions":["create"],"before":null,"after":{"description":"Stable alias for scheduled invocations","function_name":"venmo-action-automation-prod","name":"prod","routing_config":[]},"after_unknown":{"arn":true,"function_version":true,"id":true,"invoke_arn":true,"routing_config":[]},"before_sensitive":false,"after_sensitive":{"routing_config":[]}}},{"address":"aws_lambda_function.venmo","mode":"managed","type":"aws_lambda_function","name":"venmo","provider_name":"registry.terraform.io/hashicorp/aws","change":{"actions":["create"],"before":null,"after":{"code_signing_config_arn":null,"dead_letter_config":[],"description":"Scheduled Venmo payment/request automation","environment":[{"variables":{"VENMO_AUTH_TOKEN":"ai-tf"}}],"file_system_config":[],"filename":"./../handler.zip","function_name":"venmo-action-automation-prod","handler":"handler.handler","image_config":[],"image_uri":null,"kms_key_arn":null,"layers":null,"memory_size":128,"package_type":"Zip","publish":true,"replace_security_groups_on_destroy":null,"replacement_security_group_ids":null,"reserved_concurrent_executions":-1,"runtime":"python3.12","s3_bucket":null,"s3_key":null,"s3_object_version":null,"skip_destroy":false,"snap_start":[],"tags":null,"tags_all":{"Environment":"prod","ManagedBy":"terraform","Project":"venmo-action-automation"},"timeout":30,"timeouts":null,"vpc_config":[]},"after_unknown":{"architectures":true,"arn":true,"code_sha256":true,"dead_letter_config":[],"environment":[{"variables":{}}],"ephemeral_storage":true,"file_system_config":[],"id":true,"image_config":[],"invoke_arn":true,"last_modified":true,"logging_config":true,"qualified_arn":true,"qualified_invoke_arn":true,"role":true,"signing_job_arn":true,"signing_profile_version_arn":true,"snap_start":[],"source_code_hash":true,"source_code_size":true,"tags_all":{},"tracing_config":true,"version":true,"vpc_config":[]},"before_sensitive":false,"after_sensitive":{"architectures":[],"dead_letter_config":[],"environment":[{"variables":{"VENMO_AUTH_TOKEN":true}}],"ephemeral_storage":[],"file_system_config":[],"image_config":[],"logging_config":[],"snap_start":[],"tags_all":{},"tracing_config":[],"vpc_config":[]}}},{"address":"aws_lambda_permission.allow_scheduler","mode":"managed","type":"aws_lambda_permission","name":"allow_scheduler","provider_name":"registry.terraform.io/hashicorp/aws","change":{"actions":["create"],"before":null,"after":{"action":"lambda:InvokeFunction","event_source_token":null,"function_name":"venmo-action-automation-prod","function_url_auth_type":null,"principal":"scheduler.amazonaws.com","principal_org_id":null,"qualifier":"prod","source_account":null,"source_arn":null,"statement_id":"AllowExecutionFromEventBridgeScheduler"},"after_unknown":{"id":true,"statement_id_prefix":true},"before_sensitive":false,"after_sensitive":{}}},{"address":"aws_scheduler_schedule_group.this","mode":"managed","type":"aws_scheduler_schedule_group","name":"this","provider_name":"registry.terraform.io/hashicorp/aws","change":{"actions":["create"],"before":null,"after":{"name":"venmo-action-automation-prod-schedules","tags":null,"tags_all":{"Environment":"prod","ManagedBy":"terraform","Project":"venmo-action-automation"},"timeouts":null},"after_unknown":{"arn":true,"creation_date":true,"id":true,"last_modification_date":true,"name_prefix":true,"state":true,"tags_all":{}},"before_sensitive":false,"after_sensitive":{"tags_all":{}}}},{"address":"aws_secretsmanager_secret.venmo_auth_token","mode":"managed","type":"aws_secretsmanager_secret","name":"venmo_auth_token","provider_name":"registry.terraform.io/hashicorp/aws","change":{"actions":["create"],"before":null,"after":{"description":null,"force_overwrite_replica_secret":false,"kms_key_id":null,"name":"venmo-action-automation-prod/venmo/auth_token","recovery_window_in_days":0,"tags":null,"tags_all":{"Environment":"prod","ManagedBy":"terraform","Project":"venmo-action-automation"}},"after_unknown":{"arn":true,"id":true,"name_prefix":true,"policy":true,"replica":true,"tags_all":{}},"before_sensitive":false,"after_sensitive":{"replica":[],"tags_all":{}}}},{"address":"aws_secretsmanager_secret_version.venmo_auth_token","mode":"managed","type":"aws_secretsmanager_secret_version","name":"venmo_auth_token","provider_name":"registry.terraform.io/hashicorp/aws","change":{"actions":["create"],"before":null,"after":{"secret_binary":null,"secret_string":"ai-tf","secret_string_wo":null,"secret_string_wo_version":null},"after_unknown":{"arn":true,"has_secret_string_wo":true,"id":true,"secret_id":true,"version_id":true,"version_stages":true},"before_sensitive":false,"after_sensitive":{"secret_binary":true,"secret_string":true,"secret_string_wo":true,"version_stages":[]}}},{"address":"aws_sns_topic.alerts","mode":"managed","type":"aws_sns_topic","name":"alerts","provider_name":"registry.terraform.io/hashicorp/aws","change":{"actions":["create"],"before":null,"after":{"application_failure_feedback_role_arn":null,"application_success_feedback_role_arn":null,"application_success_feedback_sample_rate":null,"archive_policy":null,"content_based_deduplication":false,"delivery_policy":null,"display_name":null,"fifo_topic":false,"firehose_failure_feedback_role_arn":null,"firehose_success_feedback_role_arn":null,"firehose_success_feedback_sample_rate":null,"http_failure_feedback_role_arn":null,"http_success_feedback_role_arn":null,"http_success_feedback_sample_rate":null,"kms_master_key_id":null,"lambda_failure_feedback_role_arn":null,"lambda_success_feedback_role_arn":null,"lambda_success_feedback_sample_rate":null,"name":"venmo-action-automation-prod-alerts","sqs_failure_feedback_role_arn":null,"sqs_success_feedback_role_arn":null,"sqs_success_feedback_sample_rate":null,"tags":null,"tags_all":{"Environment":"prod","ManagedBy":"terraform","Project":"venmo-action-automation"}},"after_unknown":{"arn":true,"beginning_archive_time":true,"fifo_throughput_scope":true,"id":true,"name_prefix":true,"owner":true,"policy":true,"signature_version":true,"tags_all":{},"tracing_config":true},"before_sensitive":false,"after_sensitive":{"tags_all":{}}}},{"address":"aws_sns_topic_subscription.email","mode":"managed","type":"aws_sns_topic_subscription","name":"email","provider_name":"registry.terraform.io/hashicorp/aws","change":{"actions":["create"],"before":null,"after":{"confirmation_timeout_in_minutes":1,"delivery_policy":null,"endpoint":"ai-tf","endpoint_auto_confirms":false,"filter_policy":null,"protocol":"email","raw_message_delivery":false,"redrive_policy":null,"replay_policy":null,"subscription_role_arn":null},"after_unknown":{"arn":true,"confirmation_was_authenticated":true,"filter_policy_scope":true,"id":true,"owner_id":true,"pending_confirmation":true,"topic_arn":true},"before_sensitive":false,"after_sensitive":{}}},{"address":"null_resource.package_lambda","mode":"managed","type":"null_resource","name":"package_lambda","provider_name":"registry.terraform.io/hashicorp/null","change":{"actions":["create"],"before":null,"after":{"triggers":{"handler_sha":"e34c59d2d600fb86e12c9b79505988d88e5198ccf661eae565a6819c67e80fc2","requirements_sha":"8fc822f223e3709fdcc33a1c1daaf28502007cec0a53653f2df481680c9a248e","script_sha":"55bc56796e92d135ad4e0b1cf17e9985522ea4752ce888ee3464fda2dc43afbf"}},"after_unknown":{"id":true,"triggers":{}},"before_sensitive":false,"after_sensitive":{"triggers":{}}}}],"output_changes":{"lambda_alias_arn":{"actions":["create"],"before":null,"after_unknown":true,"before_sensitive":false,"after_sensitive":false},"lambda_function_name":{"actions":["create"],"before":null,"after":"venmo-action-automation-prod","after_unknown":false,"before_sensitive":false,"after_sensitive":false},"schedule_group_name":{"actions":["create"],"before":null,"after":"venmo-action-automation-prod-schedules","after_unknown":false,"before_sensitive":false,"after_sensitive":false},"sns_topic_arn":{"actions":["create"],"before":null,"after_unknown":true,"before_sensitive":false,"after_sensitive":false}},"prior_state":{"format_version":"1.0","terraform_version":"1.13.5","values":{"outputs":{"lambda_function_name":{"sensitive":false,"value":"venmo-action-automation-prod","type":"string"},"schedule_group_name":{"sensitive":false,"value":"venmo-action-automation-prod-schedules","type":"string"}},"root_module":{"resources":[{"address":"data.archive_file.lambda_dummy","mode":"data","type":"archive_file","name":"lambda_dummy","provider_name":"registry.terraform.io/hashicorp/archive","schema_version":0,"values":{"exclude_symlink_directories":null,"excludes":null,"id":"58e93fade67637870be5af38eff8d5aa66c7da49","output_base64sha256":"wmbalFzzY/wG3ivChKElOZB3+B4gptmQyIat05p+fU4=","output_base64sha512":"BQYAg1LwEY4tDmry1VoRx6StX0vjH+7LpfB5KAZLVvfJQjioPbBv1QxI6QF6P2U614fU3h9XKBCb9z5Y1ornqA==","output_file_mode":null,"output_md5":"a0dbd832a6a977d6d5b28ea5c85e30fb","output_path":"./.dummy/lambda.zip","output_sha":"58e93fade67637870be5af38eff8d5aa66c7da49","output_sha256":"c266da945cf363fc06de2bc284a125399077f81e20a6d990c886add39a7e7d4e","output_sha512":"0506008352f0118e2d0e6af2d55a11c7a4ad5f4be31feecba5f07928064b56f7c94238a83db06fd50c48e9017a3f653ad787d4de1f5728109bf73e58d68ae7a8","output_size":246,"source":[{"content":"exports.handler = async (event) =\u003e {\n  console.log(\"Dummy lambda invoked\");\n  return { statusCode: 200, body: \"dummy\" };\n};\n","filename":"index.js"}],"source_content":null,"source_content_filename":null,"source_dir":null,"source_file":null,"type":"zip"},"sensitive_values":{"source":[{}]}},{"address":"data.aws_iam_policy_document.lambda_assume","mode":"data","type":"aws_iam_policy_document","name":"lambda_assume","provider_name":"registry.terraform.io/hashicorp/aws","schema_version":0,"values":{"id":"2690255455","json":"{\n  \"Version\": \"2012-10-17\",\n  \"Statement\": [\n    {\n      \"Effect\": \"Allow\",\n      \"Action\": \"sts:AssumeRole\",\n      \"Principal\": {\n        \"Service\": \"lambda.amazonaws.com\"\n      }\n    }\n  ]\n}","minified_json":"{\"Version\":\"2012-10-17\",\"Statement\":[{\"Effect\":\"Allow\",\"Action\":\"sts:AssumeRole\",\"Principal\":{\"Service\":\"lambda.amazonaws.com\"}}]}","override_json":null,"override_policy_documents":null,"policy_id":null,"source_json":null,"source_policy_documents":null,"statement":[{"actions":["sts:AssumeRole"],"condition":[],"effect":"Allow","not_actions":[],"not_principals":[],"not_resources":[],"principals":[{"identifiers":["lambda.amazonaws.com"],"type":"Service"}],"resources":[],"sid":""}],"version":"2012-10-17"},"sensitive_values":{"statement":[{"actions":[false],"condition":[],"not_actions":[],"not_principals":[],"not_resources":[],"principals":[{"identifiers":[false]}],"resources":[]}]}},{"address":"data.aws_iam_policy_document.scheduler_assume","mode":"data","type":"aws_iam_policy_document","name":"scheduler_assume","provider_name":"registry.terraform.io/hashicorp/aws","schema_version":0,"values":{"id":"52247394","json":"{\n  \"Version\": \"2012-10-17\",\n  \"Statement\": [\n    {\n      \"Effect\": \"Allow\",\n      \"Action\": \"sts:AssumeRole\",\n      \"Principal\": {\n        \"Service\": \"scheduler.amazonaws.com\"\n      }\n    }\n  ]\n}","minified_json":"{\"Version\":\"2012-10-17\",\"Statement\":[{\"Effect\":\"Allow\",\"Action\":\"sts:AssumeRole\",\"Principal\":{\"Service\":\"scheduler.amazonaws.com\"}}]}","override_json":null,"override_policy_documents":null,"policy_id":null,"source_json":null,"source_policy_documents":null,"statement":[{"actions":["sts:AssumeRole"],"condition":[],"effect":"Allow","not_actions":[],"not_principals":[],"not_resources":[],"principals":[{"identifiers":["scheduler.amazonaws.com"],"type":"Service"}],"resources":[],"sid":""}],"version":"2012-10-17"},"sensitive_values":{"statement":[{"actions":[false],"condition":[],"not_actions":[],"not_principals":[],"not_resources":[],"principals":[{"identifiers":[false]}],"resources":[]}]}}]}}},"configuration":{"provider_config":{"archive":{"name":"archive","full_name":"registry.terraform.io/hashicorp/archive","version_constraint":"~\u003e 2.4"},"aws":{"name":"aws","full_name":"registry.terraform.io/hashicorp/aws","version_constraint":"~\u003e 5.0","expressions":{"default_tags":[{"tags":{"references":["var.project_name","var.environment"]}}],"region":{"references":["var.aws_region"]}}},"null":{"name":"null","full_name":"registry.terraform.io/hashicorp/null"}},"root_module":{"outputs":{"lambda_alias_arn":{"expression":{"references":["aws_lambda_alias.prod.arn","aws_lambda_alias.prod"]},"description":"ARN of the Lambda alias used by schedules."},"lambda_function_name":{"expression":{"references":["aws_lambda_function.venmo.function_name","aws_lambda_function.venmo"]},"description":"Name of the Lambda function."},"schedule_group_name":{"expression":{"references":["aws_scheduler_schedule_group.this.name","aws_scheduler_schedule_group.this"]},"description":"EventBridge Scheduler schedule group name."},"sns_topic_arn":{"expression":{"references":["aws_sns_topic.alerts.arn","aws_sns_topic.alerts"]},"description":"SNS topic ARN for alerts."}},"resources":[{"address":"aws_cloudwatch_log_group.lambda","mode":"managed","type":"aws_cloudwatch_log_group","name":"lambda","provider_config_key":"aws","expressions":{"name":{"references":["local.name_prefix"]},"retention_in_days":{"references":["var.log_retention_days"]}},"schema_version":0},{"address":"aws_cloudwatch_metric_alarm.lambda_errors","mode":"managed","type":"aws_cloudwatch_metric_alarm","name":"lambda_errors","provider_config_key":"aws","expressions":{"alarm_actions":{"references":["aws_sns_topic.alerts.arn","aws_sns_topic.alerts"]},"alarm_description":{"constant_value":"Alarm when the Venmo automation Lambda reports errors"},"alarm_name":{"references":["local.name_prefix"]},"comparison_operator":{"constant_value":"GreaterThanOrEqualToThreshold"},"dimensions":{"references":["aws_lambda_function.venmo.function_name","aws_lambda_function.venmo"]},"evaluation_periods":{"constant_value":1},"metric_name":{"constant_value":"Errors"},"namespace":{"constant_value":"AWS/Lambda"},"ok_actions":{"references":["aws_sns_topic.alerts.arn","aws_sns_topic.alerts"]},"period":{"constant_value":300},"statistic":{"constant_value":"Sum"},"threshold":{"constant_value":1},"treat_missing_data":{"constant_value":"notBreaching"}},"schema_version":1},{"address":"aws_iam_policy.lambda_secrets","mode":"managed","type":"aws_iam_policy","name":"lambda_secrets","provider_config_key":"aws","expressions":{"name":{"references":["local.name_prefix"]},"policy":{"references":["data.aws_iam_policy_document.lambda_secrets.json","data.aws_iam_policy_document.lambda_secrets"]}},"schema_version":0},{"address":"aws_iam_policy.scheduler_invoke","mode":"managed","type":"aws_iam_policy","name":"scheduler_invoke","provider_config_key":"aws","expressions":{"name":{"references":["local.name_prefix"]},"policy":{"references":["data.aws_iam_policy_document.scheduler_invoke.json","data.aws_iam_policy_document.scheduler_invoke"]}},"schema_version":0},{"address":"aws_iam_role.lambda_exec","mode":"managed","type":"aws_iam_role","name":"lambda_exec","provider_config_key":"aws","expressions":{"assume_role_policy":{"references":["data.aws_iam_policy_document.lambda_assume.json","data.aws_iam_policy_document.lambda_assume"]},"name":{"references":["local.name_prefix"]}},"schema_version":0},{"address":"aws_iam_role.scheduler_invoke","mode":"managed","type":"aws_iam_role","name":"scheduler_invoke","provider_config_key":"aws","expressions":{"assume_role_policy":{"references":["data.aws_iam_policy_document.scheduler_assume.json","data.aws_iam_policy_document.scheduler_assume"]},"name":{"references":["local.name_prefix"]}},"schema_version":0},{"address":"aws_iam_role_policy_attachment.lambda_basic","mode":"managed","type":"aws_iam_role_policy_attachment","name":"lambda_basic","provider_config_key":"aws","expressions":{"policy_arn":{"constant_value":"arn:aws:iam::aws:policy/service-role/AWSLambdaBasicExecutionRole"},"role":{"references":["aws_iam_role.lambda_exec.name","aws_iam_role.lambda_exec"]}},"schema_version":0},{"address":"aws_iam_role_policy_attachment.lambda_secrets","mode":"managed","type":"aws_iam_role_policy_attachment","name":"lambda_secrets","provider_config_key":"aws","expressions":{"policy_arn":{"references":["aws_iam_policy.lambda_secrets.arn","aws_iam_policy.lambda_secrets"]},"role":{"references":["aws_iam_role.lambda_exec.name","aws_iam_role.lambda_exec"]}},"schema_version":0},{"address":"aws_iam_role_policy_attachment.scheduler_invoke","mode":"managed","type":"aws_iam_role_policy_attachment","name":"scheduler_invoke","provider_config_key":"aws","expressions":{"policy_arn":{"references":["aws_iam_policy.scheduler_invoke.arn","aws_iam_policy.scheduler_invoke"]},"role":{"references":["aws_iam_role.scheduler_invoke.name","aws_iam_role.scheduler_invoke"]}},"schema_version":0},{"address":"aws_lambda_alias.prod","mode":"managed","type":"aws_lambda_alias","name":"prod","provider_config_key":"aws","expressions":{"description":{"constant_value":"Stable alias for scheduled invocations"},"function_name":{"references":["aws_lambda_function.venmo.function_name","aws_lambda_function.venmo"]},"function_version":{"references":["aws_lambda_function.venmo.version","aws_lambda_function.venmo"]},"name":{"constant_value":"prod"}},"schema_version":0},{"address":"aws_lambda_function.venmo","mode":"managed","type":"aws_lambda_function","name":"venmo","provider_config_key":"aws","expressions":{"description":{"constant_value":"Scheduled Venmo payment/request automation"},"environment":[{"variables":{"references":["aws_secretsmanager_secret_version.venmo_auth_token.secret_string","aws_secretsmanager_secret_version.venmo_auth_token"]}}],"filename":{"references":["data.archive_file.lambda_zip.output_path","data.archive_file.lambda_zip"]},"function_name":{"references":["local.name_prefix"]},"handler":{"constant_value":"handler.handler"},"memory_size":{"references":["var.lambda_memory_mb"]},"publish":{"constant_value":true},"role":{"references":["aws_iam_role.lambda_exec.arn","aws_iam_role.lambda_exec"]},"runtime":{"references":["var.lambda_runtime"]},"source_code_hash":{"references":["data.archive_file.lambda_zip.output_base64sha256","data.archive_file.lambda_zip"]},"timeout":{"references":["var.lambda_timeout_seconds"]}},"schema_version":0,"depends_on":["aws_cloudwatch_log_group.lambda"]},{"address":"aws_lambda_permission.allow_scheduler","mode":"managed","type":"aws_lambda_permission","name":"allow_scheduler","provider_config_key":"aws","expressions":{"action":{"constant_value":"lambda:InvokeFunction"},"function_name":{"references":["aws_lambda_function.venmo.function_name","aws_lambda_function.venmo"]},"principal":{"constant_value":"scheduler.amazonaws.com"},"qualifier":{"references":["aws_lambda_alias.prod.name","aws_lambda_alias.prod"]},"statement_id":{"constant_value":"AllowExecutionFromEventBridgeScheduler"}},"schema_version":0},{"address":"aws_scheduler_schedule.venmo","mode":"managed","type":"aws_scheduler_schedule","name":"venmo","provider_config_key":"aws","expressions":{"description":{"references":["each.value.description","each.value"]},"flexible_time_window":[{"mode":{"constant_value":"OFF"}}],"group_name":{"references":["aws_scheduler_schedule_group.this.name","aws_scheduler_schedule_group.this"]},"name":{"references":["each.value.name","each.value"]},"schedule_expression":{"references":["each.value.cron_expression","each.value"]},"schedule_expression_timezone":{"constant_value":"UTC"},"target":[{"arn":{"references":["aws_lambda_alias.prod.arn","aws_lambda_alias.prod"]},"input":{"references":["each.value.payload","each.value"]},"role_arn":{"references":["aws_iam_role.scheduler_invoke.arn","aws_iam_role.scheduler_invoke"]}}]},"schema_version":0,"for_each_expression":{"references":["var.venmo_schedules"]}},{"address":"aws_scheduler_schedule_group.this","mode":"managed","type":"aws_scheduler_schedule_group","name":"this","provider_config_key":"aws","expressions":{"name":{"references":["local.name_prefix"]}},"schema_version":0},{"address":"aws_secretsmanager_secret.venmo_auth_token","mode":"managed","type":"aws_secretsmanager_secret","name":"venmo_auth_token","provider_config_key":"aws","expressions":{"name":{"references":["local.name_prefix"]},"recovery_window_in_days":{"constant_value":0}},"schema_version":0},{"address":"aws_secretsmanager_secret_version.venmo_auth_token","mode":"managed","type":"aws_secretsmanager_secret_version","name":"venmo_auth_token","provider_config_key":"aws","expressions":{"secret_id":{"references":["aws_secretsmanager_secret.venmo_auth_token.id","aws_secretsmanager_secret.venmo_auth_token"]},"secret_string":{"references":["var.venmo_auth_token"]}},"schema_version":0},{"address":"aws_sns_topic.alerts","mode":"managed","type":"aws_sns_topic","name":"alerts","provider_config_key":"aws","expressions":{"name":{"references":["local.name_prefix"]}},"schema_version":0},{"address":"aws_sns_topic_subscription.email","mode":"managed","type":"aws_sns_topic_subscription","name":"email","provider_config_key":"aws","expressions":{"endpoint":{"references":["var.alarm_email"]},"protocol":{"constant_value":"email"},"topic_arn":{"references":["aws_sns_topic.alerts.arn","aws_sns_topic.alerts"]}},"schema_version":0},{"address":"null_resource.package_lambda","mode":"managed","type":"null_resource","name":"package_lambda","provider_config_key":"null","provisioners":[{"type":"local-exec","expressions":{"command":{"references":["path.module"]},"working_dir":{"references":["path.module"]}}}],"expressions":{"triggers":{"references":["path.module","path.module","path.module"]}},"schema_version":0},{"address":"data.archive_file.lambda_dummy","mode":"data","type":"archive_file","name":"lambda_dummy","provider_config_key":"archive","expressions":{"output_path":{"references":["local.lambda_dummy_zip"]},"source":[{"content":{"constant_value":"exports.handler = async (event) =\u003e {\n  console.log(\"Dummy lambda invoked\");\n  return { statusCode: 200, body: \"dummy\" };\n};\n"},"filename":{"constant_value":"index.js"}}],"type":{"constant_value":"zip"}},"schema_version":0},{"address":"data.archive_file.lambda_zip","mode":"data","type":"archive_file","name":"lambda_zip","provider_config_key":"archive","expressions":{"output_path":{"references":["path.module"]},"source_file":{"references":["path.module"]},"type":{"constant_value":"zip"}},"schema_version":0,"depends_on":["null_resource.package_lambda"]},{"address":"data.aws_iam_policy_document.lambda_assume","mode":"data","type":"aws_iam_policy_document","name":"lambda_assume","provider_config_key":"aws","expressions":{"statement":[{"actions":{"constant_value":["sts:AssumeRole"]},"effect":{"constant_value":"Allow"},"principals":[{"identifiers":{"constant_value":["lambda.amazonaws.com"]},"type":{"constant_value":"Service"}}]}]},"schema_version":0},{"address":"data.aws_iam_policy_document.lambda_secrets","mode":"data","type":"aws_iam_policy_document","name":"lambda_secrets","provider_config_key":"aws","expressions":{"statement":[{"actions":{"constant_value":["secretsmanager:GetSecretValue","secretsmanager:DescribeSecret"]},"effect":{"constant_value":"Allow"},"resources":{"references":["aws_secretsmanager_secret.venmo_auth_token.arn","aws_secretsmanager_secret.venmo_auth_token"]}}]},"schema_version":0},{"address":"data.aws_iam_policy_document.scheduler_assume","mode":"data","type":"aws_iam_policy_document","name":"scheduler_assume","provider_config_key":"aws","expressions":{"statement":[{"actions":{"constant_value":["sts:AssumeRole"]},"effect":{"constant_value":"Allow"},"principals":[{"identifiers":{"constant_value":["scheduler.amazonaws.com"]},"type":{"constant_value":"Service"}}]}]},"schema_version":0},{"address":"data.aws_iam_policy_document.scheduler_invoke","mode":"data","type":"aws_iam_policy_document","name":"scheduler_invoke","provider_config_key":"aws","expressions":{"statement":[{"actions":{"constant_value":["lambda:InvokeFunction"]},"effect":{"constant_value":"Allow"},"resources":{"references":["aws_lambda_alias.prod.arn","aws_lambda_alias.prod"]}}]},"schema_version":0}],"variables":{"alarm_email":{"description":"Email address to subscribe to the SNS alerts topic. You must confirm the subscription email."},"aws_region":{"default":"us-east-1","description":"AWS region to deploy into."},"environment":{"default":"prod","description":"Environment name (e.g., dev, prod)."},"lambda_memory_mb":{"default":128,"description":"Lambda memory size in MB."},"lambda_runtime":{"default":"python3.12","description":"Lambda runtime."},"lambda_timeout_seconds":{"default":30,"description":"Lambda timeout in seconds."},"log_retention_days":{"default":30,"description":"CloudWatch log retention for the Lambda log group."},"project_name":{"default":"venmo-action-automation","description":"Project/name prefix used for resources."},"venmo_auth_token":{"description":"Venmo API auth token. Stored in Secrets Manager and injected into Lambda as an environment variable.","sensitive":true},"venmo_schedules":{"default":[],"description":"List of schedules to create. Each schedule invokes the Lambda with the provided JSON payload.\n\nExample:\n[\n  {\n    name            = \"NetflixSubscriptionRequest\"\n    description     = \"Schedule for monthly Netflix subscription request\"\n    cron_expression = \"cron(0 12 5 * ? *)\"\n    payload = jsonencode({\n      amount              = 7.50\n      action              = \"request\"\n      note                = \"Netflix subscription\"\n      recipient_user_name = \"RecipientVenmoUserName\"\n    })\n  }\n]\n"}}}},"relevant_attributes":[{"resource":"data.aws_iam_policy_document.scheduler_invoke","attribute":["json"]},{"resource":"aws_lambda_alias.prod","attribute":["name"]},{"resource":"aws_secretsmanager_secret.venmo_auth_token","attribute":["arn"]},{"resource":"aws_secretsmanager_secret.venmo_auth_token","attribute":["id"]},{"resource":"data.aws_iam_policy_document.lambda_secrets","attribute":["json"]},{"resource":"aws_sns_topic.alerts","attribute":["arn"]},{"resource":"data.archive_file.lambda_zip","attribute":["output_path"]},{"resource":"aws_iam_policy.lambda_secrets","attribute":["arn"]},{"resource":"aws_iam_role.lambda_exec","attribute":["name"]},{"resource":"aws_iam_role.lambda_exec","attribute":["arn"]},{"resource":"data.aws_iam_policy_document.lambda_assume","attribute":["json"]},{"resource":"aws_secretsmanager_secret_version.venmo_auth_token","attribute":["secret_string"]},{"resource":"aws_lambda_function.venmo","attribute":["function_name"]},{"resource":"aws_lambda_alias.prod","attribute":["arn"]},{"resource":"aws_lambda_function.venmo","attribute":["version"]},{"resource":"data.archive_file.lambda_zip","attribute":["output_base64sha256"]},{"resource":"data.aws_iam_policy_document.scheduler_assume","attribute":["json"]},{"resource":"aws_scheduler_schedule_group.this","attribute":["name"]},{"resource":"aws_iam_policy.scheduler_invoke","attribute":["arn"]},{"resource":"aws_iam_role.scheduler_invoke","attribute":["name"]}],"timestamp":"2026-01-27T05:53:43Z","applyable":true,"complete":true,"errored":false}
