data.aws_region.current: Reading...
data.aws_availability_zones.available: Reading...
data.aws_region.current: Read complete after 0s [id=us-east-1]
data.aws_availability_zones.available: Read complete after 0s [id=us-east-1]

Terraform used the selected providers to generate the following execution
plan. Resource actions are indicated with the following symbols:
  + create

Terraform will perform the following actions:

  # aws_cloudwatch_log_group.renovate will be created
  + resource "aws_cloudwatch_log_group" "renovate" {
      + arn               = (known after apply)
      + id                = (known after apply)
      + log_group_class   = (known after apply)
      + name              = "/ecs/renovate"
      + name_prefix       = (known after apply)
      + retention_in_days = 30
      + skip_destroy      = false
      + tags_all          = {
          + "ManagedBy" = "terraform"
          + "Project"   = "renovate"
        }
    }

  # aws_ecs_cluster.this will be created
  + resource "aws_ecs_cluster" "this" {
      + arn      = (known after apply)
      + id       = (known after apply)
      + name     = "renovate-cluster"
      + tags_all = {
          + "ManagedBy" = "terraform"
          + "Project"   = "renovate"
        }

      + setting (known after apply)
    }

  # aws_ecs_task_definition.renovate will be created
  + resource "aws_ecs_task_definition" "renovate" {
      + arn                      = (known after apply)
      + arn_without_revision     = (known after apply)
      + container_definitions    = (known after apply)
      + cpu                      = "512"
      + enable_fault_injection   = (known after apply)
      + execution_role_arn       = (known after apply)
      + family                   = "renovate-task"
      + id                       = (known after apply)
      + memory                   = "1024"
      + network_mode             = "awsvpc"
      + requires_compatibilities = [
          + "FARGATE",
        ]
      + revision                 = (known after apply)
      + skip_destroy             = false
      + tags                     = {
          + "Name" = "renovate-taskdef"
        }
      + tags_all                 = {
          + "ManagedBy" = "terraform"
          + "Name"      = "renovate-taskdef"
          + "Project"   = "renovate"
        }
      + task_role_arn            = (known after apply)
      + track_latest             = false
    }

  # aws_eip.nat will be created
  + resource "aws_eip" "nat" {
      + allocation_id        = (known after apply)
      + arn                  = (known after apply)
      + association_id       = (known after apply)
      + carrier_ip           = (known after apply)
      + customer_owned_ip    = (known after apply)
      + domain               = "vpc"
      + id                   = (known after apply)
      + instance             = (known after apply)
      + ipam_pool_id         = (known after apply)
      + network_border_group = (known after apply)
      + network_interface    = (known after apply)
      + private_dns          = (known after apply)
      + private_ip           = (known after apply)
      + ptr_record           = (known after apply)
      + public_dns           = (known after apply)
      + public_ip            = (known after apply)
      + public_ipv4_pool     = (known after apply)
      + tags                 = {
          + "Name" = "renovate-nat-eip"
        }
      + tags_all             = {
          + "ManagedBy" = "terraform"
          + "Name"      = "renovate-nat-eip"
          + "Project"   = "renovate"
        }
      + vpc                  = (known after apply)
    }

  # aws_iam_policy.ecs_task_secrets will be created
  + resource "aws_iam_policy" "ecs_task_secrets" {
      + arn              = (known after apply)
      + attachment_count = (known after apply)
      + description      = "Allow Renovate task to read its token secret."
      + id               = (known after apply)
      + name             = "renovate-ecs-task-secrets"
      + name_prefix      = (known after apply)
      + path             = "/"
      + policy           = (known after apply)
      + policy_id        = (known after apply)
      + tags_all         = {
          + "ManagedBy" = "terraform"
          + "Project"   = "renovate"
        }
    }

  # aws_iam_policy.scheduler_run_task will be created
  + resource "aws_iam_policy" "scheduler_run_task" {
      + arn              = (known after apply)
      + attachment_count = (known after apply)
      + description      = "Allow EventBridge Scheduler to run the Renovate ECS task."
      + id               = (known after apply)
      + name             = "renovate-scheduler-run-task"
      + name_prefix      = (known after apply)
      + path             = "/"
      + policy           = (known after apply)
      + policy_id        = (known after apply)
      + tags_all         = {
          + "ManagedBy" = "terraform"
          + "Project"   = "renovate"
        }
    }

  # aws_iam_role.ecs_task will be created
  + resource "aws_iam_role" "ecs_task" {
      + arn                   = (known after apply)
      + assume_role_policy    = jsonencode(
            {
              + Statement = [
                  + {
                      + Action    = "sts:AssumeRole"
                      + Effect    = "Allow"
                      + Principal = {
                          + Service = "ecs-tasks.amazonaws.com"
                        }
                    },
                ]
              + Version   = "2012-10-17"
            }
        )
      + create_date           = (known after apply)
      + force_detach_policies = false
      + id                    = (known after apply)
      + managed_policy_arns   = (known after apply)
      + max_session_duration  = 3600
      + name                  = "renovate-ecs-task"
      + name_prefix           = (known after apply)
      + path                  = "/"
      + tags_all              = {
          + "ManagedBy" = "terraform"
          + "Project"   = "renovate"
        }
      + unique_id             = (known after apply)

      + inline_policy (known after apply)
    }

  # aws_iam_role.ecs_task_execution will be created
  + resource "aws_iam_role" "ecs_task_execution" {
      + arn                   = (known after apply)
      + assume_role_policy    = jsonencode(
            {
              + Statement = [
                  + {
                      + Action    = "sts:AssumeRole"
                      + Effect    = "Allow"
                      + Principal = {
                          + Service = "ecs-tasks.amazonaws.com"
                        }
                    },
                ]
              + Version   = "2012-10-17"
            }
        )
      + create_date           = (known after apply)
      + force_detach_policies = false
      + id                    = (known after apply)
      + managed_policy_arns   = (known after apply)
      + max_session_duration  = 3600
      + name                  = "renovate-ecs-task-exec"
      + name_prefix           = (known after apply)
      + path                  = "/"
      + tags_all              = {
          + "ManagedBy" = "terraform"
          + "Project"   = "renovate"
        }
      + unique_id             = (known after apply)

      + inline_policy (known after apply)
    }

  # aws_iam_role.scheduler will be created
  + resource "aws_iam_role" "scheduler" {
      + arn                   = (known after apply)
      + assume_role_policy    = jsonencode(
            {
              + Statement = [
                  + {
                      + Action    = "sts:AssumeRole"
                      + Effect    = "Allow"
                      + Principal = {
                          + Service = "scheduler.amazonaws.com"
                        }
                    },
                ]
              + Version   = "2012-10-17"
            }
        )
      + create_date           = (known after apply)
      + force_detach_policies = false
      + id                    = (known after apply)
      + managed_policy_arns   = (known after apply)
      + max_session_duration  = 3600
      + name                  = "renovate-scheduler"
      + name_prefix           = (known after apply)
      + path                  = "/"
      + tags_all              = {
          + "ManagedBy" = "terraform"
          + "Project"   = "renovate"
        }
      + unique_id             = (known after apply)

      + inline_policy (known after apply)
    }

  # aws_iam_role_policy_attachment.ecs_task_execution_managed will be created
  + resource "aws_iam_role_policy_attachment" "ecs_task_execution_managed" {
      + id         = (known after apply)
      + policy_arn = "arn:aws:iam::aws:policy/service-role/AmazonECSTaskExecutionRolePolicy"
      + role       = "renovate-ecs-task-exec"
    }

  # aws_iam_role_policy_attachment.ecs_task_secrets will be created
  + resource "aws_iam_role_policy_attachment" "ecs_task_secrets" {
      + id         = (known after apply)
      + policy_arn = (known after apply)
      + role       = "renovate-ecs-task"
    }

  # aws_iam_role_policy_attachment.scheduler_run_task will be created
  + resource "aws_iam_role_policy_attachment" "scheduler_run_task" {
      + id         = (known after apply)
      + policy_arn = (known after apply)
      + role       = "renovate-scheduler"
    }

  # aws_internet_gateway.this will be created
  + resource "aws_internet_gateway" "this" {
      + arn      = (known after apply)
      + id       = (known after apply)
      + owner_id = (known after apply)
      + tags     = {
          + "Name" = "renovate-igw"
        }
      + tags_all = {
          + "ManagedBy" = "terraform"
          + "Name"      = "renovate-igw"
          + "Project"   = "renovate"
        }
      + vpc_id   = (known after apply)
    }

  # aws_nat_gateway.this will be created
  + resource "aws_nat_gateway" "this" {
      + allocation_id                      = (known after apply)
      + association_id                     = (known after apply)
      + connectivity_type                  = "public"
      + id                                 = (known after apply)
      + network_interface_id               = (known after apply)
      + private_ip                         = (known after apply)
      + public_ip                          = (known after apply)
      + secondary_private_ip_address_count = (known after apply)
      + secondary_private_ip_addresses     = (known after apply)
      + subnet_id                          = (known after apply)
      + tags                               = {
          + "Name" = "renovate-nat"
        }
      + tags_all                           = {
          + "ManagedBy" = "terraform"
          + "Name"      = "renovate-nat"
          + "Project"   = "renovate"
        }
    }

  # aws_route.private_nat will be created
  + resource "aws_route" "private_nat" {
      + destination_cidr_block = "0.0.0.0/0"
      + id                     = (known after apply)
      + instance_id            = (known after apply)
      + instance_owner_id      = (known after apply)
      + nat_gateway_id         = (known after apply)
      + network_interface_id   = (known after apply)
      + origin                 = (known after apply)
      + route_table_id         = (known after apply)
      + state                  = (known after apply)
    }

  # aws_route.public_internet will be created
  + resource "aws_route" "public_internet" {
      + destination_cidr_block = "0.0.0.0/0"
      + gateway_id             = (known after apply)
      + id                     = (known after apply)
      + instance_id            = (known after apply)
      + instance_owner_id      = (known after apply)
      + network_interface_id   = (known after apply)
      + origin                 = (known after apply)
      + route_table_id         = (known after apply)
      + state                  = (known after apply)
    }

  # aws_route_table.private will be created
  + resource "aws_route_table" "private" {
      + arn              = (known after apply)
      + id               = (known after apply)
      + owner_id         = (known after apply)
      + propagating_vgws = (known after apply)
      + route            = (known after apply)
      + tags             = {
          + "Name" = "renovate-private-rt"
        }
      + tags_all         = {
          + "ManagedBy" = "terraform"
          + "Name"      = "renovate-private-rt"
          + "Project"   = "renovate"
        }
      + vpc_id           = (known after apply)
    }

  # aws_route_table.public will be created
  + resource "aws_route_table" "public" {
      + arn              = (known after apply)
      + id               = (known after apply)
      + owner_id         = (known after apply)
      + propagating_vgws = (known after apply)
      + route            = (known after apply)
      + tags             = {
          + "Name" = "renovate-public-rt"
        }
      + tags_all         = {
          + "ManagedBy" = "terraform"
          + "Name"      = "renovate-public-rt"
          + "Project"   = "renovate"
        }
      + vpc_id           = (known after apply)
    }

  # aws_route_table_association.private["us-east-1a"] will be created
  + resource "aws_route_table_association" "private" {
      + id             = (known after apply)
      + route_table_id = (known after apply)
      + subnet_id      = (known after apply)
    }

  # aws_route_table_association.private["us-east-1b"] will be created
  + resource "aws_route_table_association" "private" {
      + id             = (known after apply)
      + route_table_id = (known after apply)
      + subnet_id      = (known after apply)
    }

  # aws_route_table_association.public["us-east-1a"] will be created
  + resource "aws_route_table_association" "public" {
      + id             = (known after apply)
      + route_table_id = (known after apply)
      + subnet_id      = (known after apply)
    }

  # aws_route_table_association.public["us-east-1b"] will be created
  + resource "aws_route_table_association" "public" {
      + id             = (known after apply)
      + route_table_id = (known after apply)
      + subnet_id      = (known after apply)
    }

  # aws_scheduler_schedule.renovate will be created
  + resource "aws_scheduler_schedule" "renovate" {
      + arn                          = (known after apply)
      + description                  = "Run Renovate on a schedule"
      + group_name                   = (known after apply)
      + id                           = (known after apply)
      + name                         = "renovate-schedule"
      + name_prefix                  = (known after apply)
      + schedule_expression          = "rate(1 day)"
      + schedule_expression_timezone = "UTC"
      + state                        = "ENABLED"

      + flexible_time_window {
          + mode = "OFF"
        }

      + target {
          + arn      = (known after apply)
          + role_arn = (known after apply)

          + ecs_parameters {
              + enable_ecs_managed_tags = true
              + launch_type             = "FARGATE"
              + propagate_tags          = "TASK_DEFINITION"
              + task_count              = 1
              + task_definition_arn     = (known after apply)

              + network_configuration {
                  + assign_public_ip = false
                  + security_groups  = (known after apply)
                  + subnets          = (known after apply)
                }
            }
        }
    }

  # aws_secretsmanager_secret.renovate_token[0] will be created
  + resource "aws_secretsmanager_secret" "renovate_token" {
      + arn                            = (known after apply)
      + force_overwrite_replica_secret = false
      + id                             = (known after apply)
      + name                           = "renovate/renovate-token"
      + name_prefix                    = (known after apply)
      + policy                         = (known after apply)
      + recovery_window_in_days        = 0
      + tags                           = {
          + "Name" = "renovate-token"
        }
      + tags_all                       = {
          + "ManagedBy" = "terraform"
          + "Name"      = "renovate-token"
          + "Project"   = "renovate"
        }

      + replica (known after apply)
    }

  # aws_security_group.ecs_task will be created
  + resource "aws_security_group" "ecs_task" {
      + arn                    = (known after apply)
      + description            = "Security group for Renovate Fargate task (no inbound)."
      + egress                 = [
          + {
              + cidr_blocks      = [
                  + "0.0.0.0/0",
                ]
              + description      = "Allow all egress (HTTPS to git provider, plus AWS endpoints)."
              + from_port        = 0
              + ipv6_cidr_blocks = []
              + prefix_list_ids  = []
              + protocol         = "-1"
              + security_groups  = []
              + self             = false
              + to_port          = 0
            },
        ]
      + id                     = (known after apply)
      + ingress                = (known after apply)
      + name                   = "renovate-ecs-task"
      + name_prefix            = (known after apply)
      + owner_id               = (known after apply)
      + revoke_rules_on_delete = false
      + tags                   = {
          + "Name" = "renovate-ecs-task-sg"
        }
      + tags_all               = {
          + "ManagedBy" = "terraform"
          + "Name"      = "renovate-ecs-task-sg"
          + "Project"   = "renovate"
        }
      + vpc_id                 = (known after apply)
    }

  # aws_security_group.vpce[0] will be created
  + resource "aws_security_group" "vpce" {
      + arn                    = (known after apply)
      + description            = "Security group for interface VPC endpoints."
      + egress                 = [
          + {
              + cidr_blocks      = [
                  + "0.0.0.0/0",
                ]
              + description      = "Allow all egress"
              + from_port        = 0
              + ipv6_cidr_blocks = []
              + prefix_list_ids  = []
              + protocol         = "-1"
              + security_groups  = []
              + self             = false
              + to_port          = 0
            },
        ]
      + id                     = (known after apply)
      + ingress                = [
          + {
              + cidr_blocks      = []
              + description      = "Allow HTTPS from ECS tasks to VPC endpoints"
              + from_port        = 443
              + ipv6_cidr_blocks = []
              + prefix_list_ids  = []
              + protocol         = "tcp"
              + security_groups  = (known after apply)
              + self             = false
              + to_port          = 443
            },
        ]
      + name                   = "renovate-vpce"
      + name_prefix            = (known after apply)
      + owner_id               = (known after apply)
      + revoke_rules_on_delete = false
      + tags                   = {
          + "Name" = "renovate-vpce-sg"
        }
      + tags_all               = {
          + "ManagedBy" = "terraform"
          + "Name"      = "renovate-vpce-sg"
          + "Project"   = "renovate"
        }
      + vpc_id                 = (known after apply)
    }

  # aws_subnet.private["us-east-1a"] will be created
  + resource "aws_subnet" "private" {
      + arn                                            = (known after apply)
      + assign_ipv6_address_on_creation                = false
      + availability_zone                              = "us-east-1a"
      + availability_zone_id                           = (known after apply)
      + cidr_block                                     = "10.20.10.0/24"
      + enable_dns64                                   = false
      + enable_resource_name_dns_a_record_on_launch    = false
      + enable_resource_name_dns_aaaa_record_on_launch = false
      + id                                             = (known after apply)
      + ipv6_cidr_block_association_id                 = (known after apply)
      + ipv6_native                                    = false
      + map_public_ip_on_launch                        = false
      + owner_id                                       = (known after apply)
      + private_dns_hostname_type_on_launch            = (known after apply)
      + tags                                           = {
          + "Name" = "renovate-private-us-east-1a"
          + "Tier" = "private"
        }
      + tags_all                                       = {
          + "ManagedBy" = "terraform"
          + "Name"      = "renovate-private-us-east-1a"
          + "Project"   = "renovate"
          + "Tier"      = "private"
        }
      + vpc_id                                         = (known after apply)
    }

  # aws_subnet.private["us-east-1b"] will be created
  + resource "aws_subnet" "private" {
      + arn                                            = (known after apply)
      + assign_ipv6_address_on_creation                = false
      + availability_zone                              = "us-east-1b"
      + availability_zone_id                           = (known after apply)
      + cidr_block                                     = "10.20.11.0/24"
      + enable_dns64                                   = false
      + enable_resource_name_dns_a_record_on_launch    = false
      + enable_resource_name_dns_aaaa_record_on_launch = false
      + id                                             = (known after apply)
      + ipv6_cidr_block_association_id                 = (known after apply)
      + ipv6_native                                    = false
      + map_public_ip_on_launch                        = false
      + owner_id                                       = (known after apply)
      + private_dns_hostname_type_on_launch            = (known after apply)
      + tags                                           = {
          + "Name" = "renovate-private-us-east-1b"
          + "Tier" = "private"
        }
      + tags_all                                       = {
          + "ManagedBy" = "terraform"
          + "Name"      = "renovate-private-us-east-1b"
          + "Project"   = "renovate"
          + "Tier"      = "private"
        }
      + vpc_id                                         = (known after apply)
    }

  # aws_subnet.public["us-east-1a"] will be created
  + resource "aws_subnet" "public" {
      + arn                                            = (known after apply)
      + assign_ipv6_address_on_creation                = false
      + availability_zone                              = "us-east-1a"
      + availability_zone_id                           = (known after apply)
      + cidr_block                                     = "10.20.0.0/24"
      + enable_dns64                                   = false
      + enable_resource_name_dns_a_record_on_launch    = false
      + enable_resource_name_dns_aaaa_record_on_launch = false
      + id                                             = (known after apply)
      + ipv6_cidr_block_association_id                 = (known after apply)
      + ipv6_native                                    = false
      + map_public_ip_on_launch                        = true
      + owner_id                                       = (known after apply)
      + private_dns_hostname_type_on_launch            = (known after apply)
      + tags                                           = {
          + "Name" = "renovate-public-us-east-1a"
          + "Tier" = "public"
        }
      + tags_all                                       = {
          + "ManagedBy" = "terraform"
          + "Name"      = "renovate-public-us-east-1a"
          + "Project"   = "renovate"
          + "Tier"      = "public"
        }
      + vpc_id                                         = (known after apply)
    }

  # aws_subnet.public["us-east-1b"] will be created
  + resource "aws_subnet" "public" {
      + arn                                            = (known after apply)
      + assign_ipv6_address_on_creation                = false
      + availability_zone                              = "us-east-1b"
      + availability_zone_id                           = (known after apply)
      + cidr_block                                     = "10.20.1.0/24"
      + enable_dns64                                   = false
      + enable_resource_name_dns_a_record_on_launch    = false
      + enable_resource_name_dns_aaaa_record_on_launch = false
      + id                                             = (known after apply)
      + ipv6_cidr_block_association_id                 = (known after apply)
      + ipv6_native                                    = false
      + map_public_ip_on_launch                        = true
      + owner_id                                       = (known after apply)
      + private_dns_hostname_type_on_launch            = (known after apply)
      + tags                                           = {
          + "Name" = "renovate-public-us-east-1b"
          + "Tier" = "public"
        }
      + tags_all                                       = {
          + "ManagedBy" = "terraform"
          + "Name"      = "renovate-public-us-east-1b"
          + "Project"   = "renovate"
          + "Tier"      = "public"
        }
      + vpc_id                                         = (known after apply)
    }

  # aws_vpc.this will be created
  + resource "aws_vpc" "this" {
      + arn                                  = (known after apply)
      + cidr_block                           = "10.20.0.0/16"
      + default_network_acl_id               = (known after apply)
      + default_route_table_id               = (known after apply)
      + default_security_group_id            = (known after apply)
      + dhcp_options_id                      = (known after apply)
      + enable_dns_hostnames                 = true
      + enable_dns_support                   = true
      + enable_network_address_usage_metrics = (known after apply)
      + id                                   = (known after apply)
      + instance_tenancy                     = "default"
      + ipv6_association_id                  = (known after apply)
      + ipv6_cidr_block                      = (known after apply)
      + ipv6_cidr_block_network_border_group = (known after apply)
      + main_route_table_id                  = (known after apply)
      + owner_id                             = (known after apply)
      + tags                                 = {
          + "Name" = "renovate-vpc"
        }
      + tags_all                             = {
          + "ManagedBy" = "terraform"
          + "Name"      = "renovate-vpc"
          + "Project"   = "renovate"
        }
    }

  # aws_vpc_endpoint.ecr_api[0] will be created
  + resource "aws_vpc_endpoint" "ecr_api" {
      + arn                   = (known after apply)
      + cidr_blocks           = (known after apply)
      + dns_entry             = (known after apply)
      + id                    = (known after apply)
      + ip_address_type       = (known after apply)
      + network_interface_ids = (known after apply)
      + owner_id              = (known after apply)
      + policy                = (known after apply)
      + prefix_list_id        = (known after apply)
      + private_dns_enabled   = true
      + requester_managed     = (known after apply)
      + route_table_ids       = (known after apply)
      + security_group_ids    = (known after apply)
      + service_name          = "com.amazonaws.us-east-1.ecr.api"
      + service_region        = (known after apply)
      + state                 = (known after apply)
      + subnet_ids            = (known after apply)
      + tags                  = {
          + "Name" = "renovate-vpce-ecr-api"
        }
      + tags_all              = {
          + "ManagedBy" = "terraform"
          + "Name"      = "renovate-vpce-ecr-api"
          + "Project"   = "renovate"
        }
      + vpc_endpoint_type     = "Interface"
      + vpc_id                = (known after apply)

      + dns_options (known after apply)

      + subnet_configuration (known after apply)
    }

  # aws_vpc_endpoint.ecr_dkr[0] will be created
  + resource "aws_vpc_endpoint" "ecr_dkr" {
      + arn                   = (known after apply)
      + cidr_blocks           = (known after apply)
      + dns_entry             = (known after apply)
      + id                    = (known after apply)
      + ip_address_type       = (known after apply)
      + network_interface_ids = (known after apply)
      + owner_id              = (known after apply)
      + policy                = (known after apply)
      + prefix_list_id        = (known after apply)
      + private_dns_enabled   = true
      + requester_managed     = (known after apply)
      + route_table_ids       = (known after apply)
      + security_group_ids    = (known after apply)
      + service_name          = "com.amazonaws.us-east-1.ecr.dkr"
      + service_region        = (known after apply)
      + state                 = (known after apply)
      + subnet_ids            = (known after apply)
      + tags                  = {
          + "Name" = "renovate-vpce-ecr-dkr"
        }
      + tags_all              = {
          + "ManagedBy" = "terraform"
          + "Name"      = "renovate-vpce-ecr-dkr"
          + "Project"   = "renovate"
        }
      + vpc_endpoint_type     = "Interface"
      + vpc_id                = (known after apply)

      + dns_options (known after apply)

      + subnet_configuration (known after apply)
    }

  # aws_vpc_endpoint.logs[0] will be created
  + resource "aws_vpc_endpoint" "logs" {
      + arn                   = (known after apply)
      + cidr_blocks           = (known after apply)
      + dns_entry             = (known after apply)
      + id                    = (known after apply)
      + ip_address_type       = (known after apply)
      + network_interface_ids = (known after apply)
      + owner_id              = (known after apply)
      + policy                = (known after apply)
      + prefix_list_id        = (known after apply)
      + private_dns_enabled   = true
      + requester_managed     = (known after apply)
      + route_table_ids       = (known after apply)
      + security_group_ids    = (known after apply)
      + service_name          = "com.amazonaws.us-east-1.logs"
      + service_region        = (known after apply)
      + state                 = (known after apply)
      + subnet_ids            = (known after apply)
      + tags                  = {
          + "Name" = "renovate-vpce-logs"
        }
      + tags_all              = {
          + "ManagedBy" = "terraform"
          + "Name"      = "renovate-vpce-logs"
          + "Project"   = "renovate"
        }
      + vpc_endpoint_type     = "Interface"
      + vpc_id                = (known after apply)

      + dns_options (known after apply)

      + subnet_configuration (known after apply)
    }

  # aws_vpc_endpoint.s3[0] will be created
  + resource "aws_vpc_endpoint" "s3" {
      + arn                   = (known after apply)
      + cidr_blocks           = (known after apply)
      + dns_entry             = (known after apply)
      + id                    = (known after apply)
      + ip_address_type       = (known after apply)
      + network_interface_ids = (known after apply)
      + owner_id              = (known after apply)
      + policy                = (known after apply)
      + prefix_list_id        = (known after apply)
      + private_dns_enabled   = (known after apply)
      + requester_managed     = (known after apply)
      + route_table_ids       = (known after apply)
      + security_group_ids    = (known after apply)
      + service_name          = "com.amazonaws.us-east-1.s3"
      + service_region        = (known after apply)
      + state                 = (known after apply)
      + subnet_ids            = (known after apply)
      + tags                  = {
          + "Name" = "renovate-vpce-s3"
        }
      + tags_all              = {
          + "ManagedBy" = "terraform"
          + "Name"      = "renovate-vpce-s3"
          + "Project"   = "renovate"
        }
      + vpc_endpoint_type     = "Gateway"
      + vpc_id                = (known after apply)

      + dns_options (known after apply)

      + subnet_configuration (known after apply)
    }

  # aws_vpc_endpoint.secretsmanager[0] will be created
  + resource "aws_vpc_endpoint" "secretsmanager" {
      + arn                   = (known after apply)
      + cidr_blocks           = (known after apply)
      + dns_entry             = (known after apply)
      + id                    = (known after apply)
      + ip_address_type       = (known after apply)
      + network_interface_ids = (known after apply)
      + owner_id              = (known after apply)
      + policy                = (known after apply)
      + prefix_list_id        = (known after apply)
      + private_dns_enabled   = true
      + requester_managed     = (known after apply)
      + route_table_ids       = (known after apply)
      + security_group_ids    = (known after apply)
      + service_name          = "com.amazonaws.us-east-1.secretsmanager"
      + service_region        = (known after apply)
      + state                 = (known after apply)
      + subnet_ids            = (known after apply)
      + tags                  = {
          + "Name" = "renovate-vpce-secretsmanager"
        }
      + tags_all              = {
          + "ManagedBy" = "terraform"
          + "Name"      = "renovate-vpce-secretsmanager"
          + "Project"   = "renovate"
        }
      + vpc_endpoint_type     = "Interface"
      + vpc_id                = (known after apply)

      + dns_options (known after apply)

      + subnet_configuration (known after apply)
    }

Plan: 36 to add, 0 to change, 0 to destroy.

Changes to Outputs:
  + cloudwatch_log_group_name = "/ecs/renovate"
  + ecs_cluster_name          = "renovate-cluster"
  + ecs_task_definition_arn   = (known after apply)
  + private_subnet_ids        = [
      + (known after apply),
      + (known after apply),
    ]
  + renovate_token_secret_arn = (known after apply)
  + scheduler_schedule_arn    = (known after apply)
  + vpc_id                    = (known after apply)
aws_vpc.this: Creating...
aws_eip.nat: Creating...
aws_iam_role.scheduler: Creating...
aws_iam_role.ecs_task: Creating...
aws_iam_role.ecs_task_execution: Creating...
aws_cloudwatch_log_group.renovate: Creating...
aws_secretsmanager_secret.renovate_token[0]: Creating...
aws_ecs_cluster.this: Creating...
aws_eip.nat: Creation complete after 0s [id=eipalloc-ee4dec326daa872f6]
aws_secretsmanager_secret.renovate_token[0]: Creation complete after 0s [id=arn:aws:secretsmanager:us-east-1:000000000000:secret:renovate/renovate-token-cCBVBq]
aws_iam_policy.ecs_task_secrets: Creating...
aws_iam_role.scheduler: Creation complete after 1s [id=renovate-scheduler]
aws_iam_role.ecs_task_execution: Creation complete after 1s [id=renovate-ecs-task-exec]
aws_iam_role.ecs_task: Creation complete after 1s [id=renovate-ecs-task]
aws_iam_role_policy_attachment.ecs_task_execution_managed: Creating...
aws_iam_policy.ecs_task_secrets: Creation complete after 1s [id=arn:aws:iam::000000000000:policy/renovate-ecs-task-secrets]
aws_iam_role_policy_attachment.ecs_task_execution_managed: Creation complete after 0s [id=renovate-ecs-task-exec-20260127032918819900000002]
aws_iam_role_policy_attachment.ecs_task_secrets: Creating...
aws_iam_role_policy_attachment.ecs_task_secrets: Creation complete after 0s [id=renovate-ecs-task-20260127032918844600000003]
aws_cloudwatch_log_group.renovate: Creation complete after 1s [id=/ecs/renovate]
aws_ecs_task_definition.renovate: Creating...
aws_ecs_task_definition.renovate: Creation complete after 0s [id=renovate-task]
aws_iam_policy.scheduler_run_task: Creating...
aws_iam_policy.scheduler_run_task: Creation complete after 0s [id=arn:aws:iam::000000000000:policy/renovate-scheduler-run-task]
aws_iam_role_policy_attachment.scheduler_run_task: Creating...
aws_iam_role_policy_attachment.scheduler_run_task: Creation complete after 0s [id=renovate-scheduler-20260127032919370200000004]
aws_ecs_cluster.this: Still creating... [00m10s elapsed]
aws_vpc.this: Still creating... [00m10s elapsed]
aws_vpc.this: Creation complete after 10s [id=vpc-8a358949624d3c5b3]
aws_route_table.public: Creating...
aws_internet_gateway.this: Creating...
aws_subnet.public["us-east-1a"]: Creating...
aws_route_table.private: Creating...
aws_subnet.private["us-east-1b"]: Creating...
aws_subnet.public["us-east-1b"]: Creating...
aws_subnet.private["us-east-1a"]: Creating...
aws_security_group.ecs_task: Creating...
aws_subnet.private["us-east-1a"]: Creation complete after 0s [id=subnet-0bae32b2d6b3f0bf1]
aws_subnet.private["us-east-1b"]: Creation complete after 0s [id=subnet-6d82527316998ee76]
aws_internet_gateway.this: Creation complete after 0s [id=igw-e4d9a2e76455a7c07]
aws_route_table.public: Creation complete after 0s [id=rtb-c2cd6797aaf88488b]
aws_route_table.private: Creation complete after 0s [id=rtb-0f92e2f189d52b526]
aws_route_table_association.private["us-east-1a"]: Creating...
aws_route_table_association.private["us-east-1b"]: Creating...
aws_route.public_internet: Creating...
aws_vpc_endpoint.s3[0]: Creating...
aws_route_table_association.private["us-east-1a"]: Creation complete after 0s [id=rtbassoc-d97623e42d2c43652]
aws_route_table_association.private["us-east-1b"]: Creation complete after 0s [id=rtbassoc-4719fd2ced7371176]
aws_security_group.ecs_task: Creation complete after 1s [id=sg-bcd9b1ebccd55c510]
aws_security_group.vpce[0]: Creating...
aws_route.public_internet: Creation complete after 1s [id=r-rtb-c2cd6797aaf88488b1080289494]
aws_ecs_cluster.this: Creation complete after 11s [id=arn:aws:ecs:us-east-1:000000000000:cluster/renovate-cluster]
aws_scheduler_schedule.renovate: Creating...
aws_security_group.vpce[0]: Creation complete after 0s [id=sg-6c1213da563883bef]
aws_vpc_endpoint.ecr_dkr[0]: Creating...
aws_vpc_endpoint.ecr_api[0]: Creating...
aws_vpc_endpoint.logs[0]: Creating...
aws_vpc_endpoint.secretsmanager[0]: Creating...
aws_scheduler_schedule.renovate: Creation complete after 1s [id=default/renovate-schedule]
aws_vpc_endpoint.s3[0]: Creation complete after 6s [id=vpce-2998b2414ef250309]
aws_vpc_endpoint.logs[0]: Creation complete after 5s [id=vpce-cb1f9c581905489b7]
aws_vpc_endpoint.secretsmanager[0]: Creation complete after 5s [id=vpce-2dfbcac93bb8b12cc]
aws_vpc_endpoint.ecr_api[0]: Creation complete after 5s [id=vpce-cd80c244cae440765]
aws_vpc_endpoint.ecr_dkr[0]: Creation complete after 5s [id=vpce-32920ef421c25c39e]
aws_subnet.public["us-east-1b"]: Still creating... [00m10s elapsed]
aws_subnet.public["us-east-1a"]: Still creating... [00m10s elapsed]
aws_subnet.public["us-east-1b"]: Creation complete after 10s [id=subnet-49485acdc3a172504]
aws_subnet.public["us-east-1a"]: Creation complete after 10s [id=subnet-3d085e4a302340d75]
aws_route_table_association.public["us-east-1a"]: Creating...
aws_route_table_association.public["us-east-1b"]: Creating...
aws_nat_gateway.this: Creating...
aws_route_table_association.public["us-east-1b"]: Creation complete after 0s [id=rtbassoc-7c9f16b85cb22d2b4]
aws_route_table_association.public["us-east-1a"]: Creation complete after 0s [id=rtbassoc-7ed0945fac742e225]
aws_nat_gateway.this: Creation complete after 0s [id=nat-699de73b54aa63999]
aws_route.private_nat: Creating...
aws_route.private_nat: Creation complete after 1s [id=r-rtb-0f92e2f189d52b5261080289494]

Apply complete! Resources: 36 added, 0 changed, 0 destroyed.

Outputs:

cloudwatch_log_group_name = "/ecs/renovate"
ecs_cluster_name = "renovate-cluster"
ecs_task_definition_arn = "arn:aws:ecs:us-east-1:000000000000:task-definition/renovate-task:1"
private_subnet_ids = [
  "subnet-0bae32b2d6b3f0bf1",
  "subnet-6d82527316998ee76",
]
renovate_token_secret_arn = "arn:aws:secretsmanager:us-east-1:000000000000:secret:renovate/renovate-token-cCBVBq"
scheduler_schedule_arn = "arn:aws:scheduler:us-east-1:000000000000:schedule/default/renovate-schedule"
vpc_id = "vpc-8a358949624d3c5b3"
