{"format_version":"1.2","terraform_version":"1.13.5","variables":{"aws_region":{"value":"us-east-1"},"az_count":{"value":2},"container_image":{"value":"ghcr.io/renovatebot/renovate:36.72.0"},"create_vpc_endpoints":{"value":true},"ecs_cpu":{"value":512},"ecs_memory":{"value":1024},"git_platform":{"value":"github"},"project_name":{"value":"renovate"},"renovate_log_level":{"value":"info"},"renovate_repositories":{"value":[]},"renovate_token_secret_arn":{"value":""},"schedule_expression":{"value":"rate(1 day)"},"schedule_timezone":{"value":"UTC"},"tags":{"value":{}},"vpc_cidr":{"value":"10.20.0.0/16"}},"planned_values":{"outputs":{"cloudwatch_log_group_name":{"sensitive":false,"type":"string","value":"/ecs/renovate"},"ecs_cluster_name":{"sensitive":false,"type":"string","value":"renovate-cluster"},"ecs_task_definition_arn":{"sensitive":false},"private_subnet_ids":{"sensitive":false},"renovate_token_secret_arn":{"sensitive":false},"scheduler_schedule_arn":{"sensitive":false},"vpc_id":{"sensitive":false}},"root_module":{"resources":[{"address":"aws_cloudwatch_log_group.renovate","mode":"managed","type":"aws_cloudwatch_log_group","name":"renovate","provider_name":"registry.terraform.io/hashicorp/aws","schema_version":0,"values":{"kms_key_id":null,"name":"/ecs/renovate","retention_in_days":30,"skip_destroy":false,"tags":null,"tags_all":{"ManagedBy":"terraform","Project":"renovate"}},"sensitive_values":{"tags_all":{}}},{"address":"aws_ecs_cluster.this","mode":"managed","type":"aws_ecs_cluster","name":"this","provider_name":"registry.terraform.io/hashicorp/aws","schema_version":0,"values":{"configuration":[],"name":"renovate-cluster","service_connect_defaults":[],"tags":null,"tags_all":{"ManagedBy":"terraform","Project":"renovate"}},"sensitive_values":{"configuration":[],"service_connect_defaults":[],"setting":[],"tags_all":{}}},{"address":"aws_ecs_task_definition.renovate","mode":"managed","type":"aws_ecs_task_definition","name":"renovate","provider_name":"registry.terraform.io/hashicorp/aws","schema_version":1,"values":{"cpu":"512","ephemeral_storage":[],"family":"renovate-task","inference_accelerator":[],"ipc_mode":null,"memory":"1024","network_mode":"awsvpc","pid_mode":null,"placement_constraints":[],"proxy_configuration":[],"requires_compatibilities":["FARGATE"],"runtime_platform":[],"skip_destroy":false,"tags":{"Name":"renovate-taskdef"},"tags_all":{"ManagedBy":"terraform","Name":"renovate-taskdef","Project":"renovate"},"track_latest":false,"volume":[]},"sensitive_values":{"ephemeral_storage":[],"inference_accelerator":[],"placement_constraints":[],"proxy_configuration":[],"requires_compatibilities":[false],"runtime_platform":[],"tags":{},"tags_all":{},"volume":[]}},{"address":"aws_eip.nat","mode":"managed","type":"aws_eip","name":"nat","provider_name":"registry.terraform.io/hashicorp/aws","schema_version":0,"values":{"address":null,"associate_with_private_ip":null,"customer_owned_ipv4_pool":null,"domain":"vpc","tags":{"Name":"renovate-nat-eip"},"tags_all":{"ManagedBy":"terraform","Name":"renovate-nat-eip","Project":"renovate"},"timeouts":null},"sensitive_values":{"tags":{},"tags_all":{}}},{"address":"aws_iam_policy.ecs_task_secrets","mode":"managed","type":"aws_iam_policy","name":"ecs_task_secrets","provider_name":"registry.terraform.io/hashicorp/aws","schema_version":0,"values":{"description":"Allow Renovate task to read its token secret.","name":"renovate-ecs-task-secrets","path":"/","tags":null,"tags_all":{"ManagedBy":"terraform","Project":"renovate"}},"sensitive_values":{"tags_all":{}}},{"address":"aws_iam_policy.scheduler_run_task","mode":"managed","type":"aws_iam_policy","name":"scheduler_run_task","provider_name":"registry.terraform.io/hashicorp/aws","schema_version":0,"values":{"description":"Allow EventBridge Scheduler to run the Renovate ECS task.","name":"renovate-scheduler-run-task","path":"/","tags":null,"tags_all":{"ManagedBy":"terraform","Project":"renovate"}},"sensitive_values":{"tags_all":{}}},{"address":"aws_iam_role.ecs_task","mode":"managed","type":"aws_iam_role","name":"ecs_task","provider_name":"registry.terraform.io/hashicorp/aws","schema_version":0,"values":{"assume_role_policy":"{\"Statement\":[{\"Action\":\"sts:AssumeRole\",\"Effect\":\"Allow\",\"Principal\":{\"Service\":\"ecs-tasks.amazonaws.com\"}}],\"Version\":\"2012-10-17\"}","description":null,"force_detach_policies":false,"max_session_duration":3600,"name":"renovate-ecs-task","path":"/","permissions_boundary":null,"tags":null,"tags_all":{"ManagedBy":"terraform","Project":"renovate"}},"sensitive_values":{"inline_policy":[],"managed_policy_arns":[],"tags_all":{}}},{"address":"aws_iam_role.ecs_task_execution","mode":"managed","type":"aws_iam_role","name":"ecs_task_execution","provider_name":"registry.terraform.io/hashicorp/aws","schema_version":0,"values":{"assume_role_policy":"{\"Statement\":[{\"Action\":\"sts:AssumeRole\",\"Effect\":\"Allow\",\"Principal\":{\"Service\":\"ecs-tasks.amazonaws.com\"}}],\"Version\":\"2012-10-17\"}","description":null,"force_detach_policies":false,"max_session_duration":3600,"name":"renovate-ecs-task-exec","path":"/","permissions_boundary":null,"tags":null,"tags_all":{"ManagedBy":"terraform","Project":"renovate"}},"sensitive_values":{"inline_policy":[],"managed_policy_arns":[],"tags_all":{}}},{"address":"aws_iam_role.scheduler","mode":"managed","type":"aws_iam_role","name":"scheduler","provider_name":"registry.terraform.io/hashicorp/aws","schema_version":0,"values":{"assume_role_policy":"{\"Statement\":[{\"Action\":\"sts:AssumeRole\",\"Effect\":\"Allow\",\"Principal\":{\"Service\":\"scheduler.amazonaws.com\"}}],\"Version\":\"2012-10-17\"}","description":null,"force_detach_policies":false,"max_session_duration":3600,"name":"renovate-scheduler","path":"/","permissions_boundary":null,"tags":null,"tags_all":{"ManagedBy":"terraform","Project":"renovate"}},"sensitive_values":{"inline_policy":[],"managed_policy_arns":[],"tags_all":{}}},{"address":"aws_iam_role_policy_attachment.ecs_task_execution_managed","mode":"managed","type":"aws_iam_role_policy_attachment","name":"ecs_task_execution_managed","provider_name":"registry.terraform.io/hashicorp/aws","schema_version":0,"values":{"policy_arn":"arn:aws:iam::aws:policy/service-role/AmazonECSTaskExecutionRolePolicy","role":"renovate-ecs-task-exec"},"sensitive_values":{}},{"address":"aws_iam_role_policy_attachment.ecs_task_secrets","mode":"managed","type":"aws_iam_role_policy_attachment","name":"ecs_task_secrets","provider_name":"registry.terraform.io/hashicorp/aws","schema_version":0,"values":{"role":"renovate-ecs-task"},"sensitive_values":{}},{"address":"aws_iam_role_policy_attachment.scheduler_run_task","mode":"managed","type":"aws_iam_role_policy_attachment","name":"scheduler_run_task","provider_name":"registry.terraform.io/hashicorp/aws","schema_version":0,"values":{"role":"renovate-scheduler"},"sensitive_values":{}},{"address":"aws_internet_gateway.this","mode":"managed","type":"aws_internet_gateway","name":"this","provider_name":"registry.terraform.io/hashicorp/aws","schema_version":0,"values":{"tags":{"Name":"renovate-igw"},"tags_all":{"ManagedBy":"terraform","Name":"renovate-igw","Project":"renovate"},"timeouts":null},"sensitive_values":{"tags":{},"tags_all":{}}},{"address":"aws_nat_gateway.this","mode":"managed","type":"aws_nat_gateway","name":"this","provider_name":"registry.terraform.io/hashicorp/aws","schema_version":0,"values":{"connectivity_type":"public","secondary_allocation_ids":null,"tags":{"Name":"renovate-nat"},"tags_all":{"ManagedBy":"terraform","Name":"renovate-nat","Project":"renovate"},"timeouts":null},"sensitive_values":{"secondary_private_ip_addresses":[],"tags":{},"tags_all":{}}},{"address":"aws_route.private_nat","mode":"managed","type":"aws_route","name":"private_nat","provider_name":"registry.terraform.io/hashicorp/aws","schema_version":0,"values":{"carrier_gateway_id":null,"core_network_arn":null,"destination_cidr_block":"0.0.0.0/0","destination_ipv6_cidr_block":null,"destination_prefix_list_id":null,"egress_only_gateway_id":null,"gateway_id":null,"local_gateway_id":null,"timeouts":null,"transit_gateway_id":null,"vpc_endpoint_id":null,"vpc_peering_connection_id":null},"sensitive_values":{}},{"address":"aws_route.public_internet","mode":"managed","type":"aws_route","name":"public_internet","provider_name":"registry.terraform.io/hashicorp/aws","schema_version":0,"values":{"carrier_gateway_id":null,"core_network_arn":null,"destination_cidr_block":"0.0.0.0/0","destination_ipv6_cidr_block":null,"destination_prefix_list_id":null,"egress_only_gateway_id":null,"local_gateway_id":null,"nat_gateway_id":null,"timeouts":null,"transit_gateway_id":null,"vpc_endpoint_id":null,"vpc_peering_connection_id":null},"sensitive_values":{}},{"address":"aws_route_table.private","mode":"managed","type":"aws_route_table","name":"private","provider_name":"registry.terraform.io/hashicorp/aws","schema_version":0,"values":{"tags":{"Name":"renovate-private-rt"},"tags_all":{"ManagedBy":"terraform","Name":"renovate-private-rt","Project":"renovate"},"timeouts":null},"sensitive_values":{"propagating_vgws":[],"route":[],"tags":{},"tags_all":{}}},{"address":"aws_route_table.public","mode":"managed","type":"aws_route_table","name":"public","provider_name":"registry.terraform.io/hashicorp/aws","schema_version":0,"values":{"tags":{"Name":"renovate-public-rt"},"tags_all":{"ManagedBy":"terraform","Name":"renovate-public-rt","Project":"renovate"},"timeouts":null},"sensitive_values":{"propagating_vgws":[],"route":[],"tags":{},"tags_all":{}}},{"address":"aws_route_table_association.private[\"us-east-1a\"]","mode":"managed","type":"aws_route_table_association","name":"private","index":"us-east-1a","provider_name":"registry.terraform.io/hashicorp/aws","schema_version":0,"values":{"gateway_id":null,"timeouts":null},"sensitive_values":{}},{"address":"aws_route_table_association.private[\"us-east-1b\"]","mode":"managed","type":"aws_route_table_association","name":"private","index":"us-east-1b","provider_name":"registry.terraform.io/hashicorp/aws","schema_version":0,"values":{"gateway_id":null,"timeouts":null},"sensitive_values":{}},{"address":"aws_route_table_association.public[\"us-east-1a\"]","mode":"managed","type":"aws_route_table_association","name":"public","index":"us-east-1a","provider_name":"registry.terraform.io/hashicorp/aws","schema_version":0,"values":{"gateway_id":null,"timeouts":null},"sensitive_values":{}},{"address":"aws_route_table_association.public[\"us-east-1b\"]","mode":"managed","type":"aws_route_table_association","name":"public","index":"us-east-1b","provider_name":"registry.terraform.io/hashicorp/aws","schema_version":0,"values":{"gateway_id":null,"timeouts":null},"sensitive_values":{}},{"address":"aws_scheduler_schedule.renovate","mode":"managed","type":"aws_scheduler_schedule","name":"renovate","provider_name":"registry.terraform.io/hashicorp/aws","schema_version":0,"values":{"description":"Run Renovate on a schedule","end_date":null,"flexible_time_window":[{"maximum_window_in_minutes":null,"mode":"OFF"}],"kms_key_arn":null,"name":"renovate-schedule","schedule_expression":"rate(1 day)","schedule_expression_timezone":"UTC","start_date":null,"state":"ENABLED","target":[{"dead_letter_config":[],"ecs_parameters":[{"capacity_provider_strategy":[],"enable_ecs_managed_tags":true,"enable_execute_command":null,"group":null,"launch_type":"FARGATE","network_configuration":[{"assign_public_ip":false}],"placement_constraints":[],"placement_strategy":[],"platform_version":null,"propagate_tags":"TASK_DEFINITION","reference_id":null,"tags":null,"task_count":1}],"eventbridge_parameters":[],"input":null,"kinesis_parameters":[],"retry_policy":[],"sagemaker_pipeline_parameters":[],"sqs_parameters":[]}]},"sensitive_values":{"flexible_time_window":[{}],"target":[{"dead_letter_config":[],"ecs_parameters":[{"capacity_provider_strategy":[],"network_configuration":[{"security_groups":[],"subnets":[]}],"placement_constraints":[],"placement_strategy":[]}],"eventbridge_parameters":[],"kinesis_parameters":[],"retry_policy":[],"sagemaker_pipeline_parameters":[],"sqs_parameters":[]}]}},{"address":"aws_secretsmanager_secret.renovate_token[0]","mode":"managed","type":"aws_secretsmanager_secret","name":"renovate_token","index":0,"provider_name":"registry.terraform.io/hashicorp/aws","schema_version":0,"values":{"description":null,"force_overwrite_replica_secret":false,"kms_key_id":null,"name":"renovate/renovate-token","recovery_window_in_days":0,"tags":{"Name":"renovate-token"},"tags_all":{"ManagedBy":"terraform","Name":"renovate-token","Project":"renovate"}},"sensitive_values":{"replica":[],"tags":{},"tags_all":{}}},{"address":"aws_security_group.ecs_task","mode":"managed","type":"aws_security_group","name":"ecs_task","provider_name":"registry.terraform.io/hashicorp/aws","schema_version":1,"values":{"description":"Security group for Renovate Fargate task (no inbound).","egress":[{"cidr_blocks":["0.0.0.0/0"],"description":"Allow all egress (HTTPS to git provider, plus AWS endpoints).","from_port":0,"ipv6_cidr_blocks":[],"prefix_list_ids":[],"protocol":"-1","security_groups":[],"self":false,"to_port":0}],"name":"renovate-ecs-task","revoke_rules_on_delete":false,"tags":{"Name":"renovate-ecs-task-sg"},"tags_all":{"ManagedBy":"terraform","Name":"renovate-ecs-task-sg","Project":"renovate"},"timeouts":null},"sensitive_values":{"egress":[{"cidr_blocks":[false],"ipv6_cidr_blocks":[],"prefix_list_ids":[],"security_groups":[]}],"ingress":[],"tags":{},"tags_all":{}}},{"address":"aws_security_group.vpce[0]","mode":"managed","type":"aws_security_group","name":"vpce","index":0,"provider_name":"registry.terraform.io/hashicorp/aws","schema_version":1,"values":{"description":"Security group for interface VPC endpoints.","egress":[{"cidr_blocks":["0.0.0.0/0"],"description":"Allow all egress","from_port":0,"ipv6_cidr_blocks":[],"prefix_list_ids":[],"protocol":"-1","security_groups":[],"self":false,"to_port":0}],"ingress":[{"cidr_blocks":[],"description":"Allow HTTPS from ECS tasks to VPC endpoints","from_port":443,"ipv6_cidr_blocks":[],"prefix_list_ids":[],"protocol":"tcp","self":false,"to_port":443}],"name":"renovate-vpce","revoke_rules_on_delete":false,"tags":{"Name":"renovate-vpce-sg"},"tags_all":{"ManagedBy":"terraform","Name":"renovate-vpce-sg","Project":"renovate"},"timeouts":null},"sensitive_values":{"egress":[{"cidr_blocks":[false],"ipv6_cidr_blocks":[],"prefix_list_ids":[],"security_groups":[]}],"ingress":[{"cidr_blocks":[],"ipv6_cidr_blocks":[],"prefix_list_ids":[],"security_groups":[]}],"tags":{},"tags_all":{}}},{"address":"aws_subnet.private[\"us-east-1a\"]","mode":"managed","type":"aws_subnet","name":"private","index":"us-east-1a","provider_name":"registry.terraform.io/hashicorp/aws","schema_version":1,"values":{"assign_ipv6_address_on_creation":false,"availability_zone":"us-east-1a","cidr_block":"10.20.10.0/24","customer_owned_ipv4_pool":null,"enable_dns64":false,"enable_lni_at_device_index":null,"enable_resource_name_dns_a_record_on_launch":false,"enable_resource_name_dns_aaaa_record_on_launch":false,"ipv6_cidr_block":null,"ipv6_native":false,"map_customer_owned_ip_on_launch":null,"map_public_ip_on_launch":false,"outpost_arn":null,"tags":{"Name":"renovate-private-us-east-1a","Tier":"private"},"tags_all":{"ManagedBy":"terraform","Name":"renovate-private-us-east-1a","Project":"renovate","Tier":"private"},"timeouts":null},"sensitive_values":{"tags":{},"tags_all":{}}},{"address":"aws_subnet.private[\"us-east-1b\"]","mode":"managed","type":"aws_subnet","name":"private","index":"us-east-1b","provider_name":"registry.terraform.io/hashicorp/aws","schema_version":1,"values":{"assign_ipv6_address_on_creation":false,"availability_zone":"us-east-1b","cidr_block":"10.20.11.0/24","customer_owned_ipv4_pool":null,"enable_dns64":false,"enable_lni_at_device_index":null,"enable_resource_name_dns_a_record_on_launch":false,"enable_resource_name_dns_aaaa_record_on_launch":false,"ipv6_cidr_block":null,"ipv6_native":false,"map_customer_owned_ip_on_launch":null,"map_public_ip_on_launch":false,"outpost_arn":null,"tags":{"Name":"renovate-private-us-east-1b","Tier":"private"},"tags_all":{"ManagedBy":"terraform","Name":"renovate-private-us-east-1b","Project":"renovate","Tier":"private"},"timeouts":null},"sensitive_values":{"tags":{},"tags_all":{}}},{"address":"aws_subnet.public[\"us-east-1a\"]","mode":"managed","type":"aws_subnet","name":"public","index":"us-east-1a","provider_name":"registry.terraform.io/hashicorp/aws","schema_version":1,"values":{"assign_ipv6_address_on_creation":false,"availability_zone":"us-east-1a","cidr_block":"10.20.0.0/24","customer_owned_ipv4_pool":null,"enable_dns64":false,"enable_lni_at_device_index":null,"enable_resource_name_dns_a_record_on_launch":false,"enable_resource_name_dns_aaaa_record_on_launch":false,"ipv6_cidr_block":null,"ipv6_native":false,"map_customer_owned_ip_on_launch":null,"map_public_ip_on_launch":true,"outpost_arn":null,"tags":{"Name":"renovate-public-us-east-1a","Tier":"public"},"tags_all":{"ManagedBy":"terraform","Name":"renovate-public-us-east-1a","Project":"renovate","Tier":"public"},"timeouts":null},"sensitive_values":{"tags":{},"tags_all":{}}},{"address":"aws_subnet.public[\"us-east-1b\"]","mode":"managed","type":"aws_subnet","name":"public","index":"us-east-1b","provider_name":"registry.terraform.io/hashicorp/aws","schema_version":1,"values":{"assign_ipv6_address_on_creation":false,"availability_zone":"us-east-1b","cidr_block":"10.20.1.0/24","customer_owned_ipv4_pool":null,"enable_dns64":false,"enable_lni_at_device_index":null,"enable_resource_name_dns_a_record_on_launch":false,"enable_resource_name_dns_aaaa_record_on_launch":false,"ipv6_cidr_block":null,"ipv6_native":false,"map_customer_owned_ip_on_launch":null,"map_public_ip_on_launch":true,"outpost_arn":null,"tags":{"Name":"renovate-public-us-east-1b","Tier":"public"},"tags_all":{"ManagedBy":"terraform","Name":"renovate-public-us-east-1b","Project":"renovate","Tier":"public"},"timeouts":null},"sensitive_values":{"tags":{},"tags_all":{}}},{"address":"aws_vpc.this","mode":"managed","type":"aws_vpc","name":"this","provider_name":"registry.terraform.io/hashicorp/aws","schema_version":1,"values":{"assign_generated_ipv6_cidr_block":null,"cidr_block":"10.20.0.0/16","enable_dns_hostnames":true,"enable_dns_support":true,"instance_tenancy":"default","ipv4_ipam_pool_id":null,"ipv4_netmask_length":null,"ipv6_ipam_pool_id":null,"ipv6_netmask_length":null,"tags":{"Name":"renovate-vpc"},"tags_all":{"ManagedBy":"terraform","Name":"renovate-vpc","Project":"renovate"}},"sensitive_values":{"tags":{},"tags_all":{}}},{"address":"aws_vpc_endpoint.ecr_api[0]","mode":"managed","type":"aws_vpc_endpoint","name":"ecr_api","index":0,"provider_name":"registry.terraform.io/hashicorp/aws","schema_version":0,"values":{"auto_accept":null,"private_dns_enabled":true,"resource_configuration_arn":null,"service_name":"com.amazonaws.us-east-1.ecr.api","service_network_arn":null,"tags":{"Name":"renovate-vpce-ecr-api"},"tags_all":{"ManagedBy":"terraform","Name":"renovate-vpce-ecr-api","Project":"renovate"},"timeouts":null,"vpc_endpoint_type":"Interface"},"sensitive_values":{"cidr_blocks":[],"dns_entry":[],"dns_options":[],"network_interface_ids":[],"route_table_ids":[],"security_group_ids":[],"subnet_configuration":[],"subnet_ids":[],"tags":{},"tags_all":{}}},{"address":"aws_vpc_endpoint.ecr_dkr[0]","mode":"managed","type":"aws_vpc_endpoint","name":"ecr_dkr","index":0,"provider_name":"registry.terraform.io/hashicorp/aws","schema_version":0,"values":{"auto_accept":null,"private_dns_enabled":true,"resource_configuration_arn":null,"service_name":"com.amazonaws.us-east-1.ecr.dkr","service_network_arn":null,"tags":{"Name":"renovate-vpce-ecr-dkr"},"tags_all":{"ManagedBy":"terraform","Name":"renovate-vpce-ecr-dkr","Project":"renovate"},"timeouts":null,"vpc_endpoint_type":"Interface"},"sensitive_values":{"cidr_blocks":[],"dns_entry":[],"dns_options":[],"network_interface_ids":[],"route_table_ids":[],"security_group_ids":[],"subnet_configuration":[],"subnet_ids":[],"tags":{},"tags_all":{}}},{"address":"aws_vpc_endpoint.logs[0]","mode":"managed","type":"aws_vpc_endpoint","name":"logs","index":0,"provider_name":"registry.terraform.io/hashicorp/aws","schema_version":0,"values":{"auto_accept":null,"private_dns_enabled":true,"resource_configuration_arn":null,"service_name":"com.amazonaws.us-east-1.logs","service_network_arn":null,"tags":{"Name":"renovate-vpce-logs"},"tags_all":{"ManagedBy":"terraform","Name":"renovate-vpce-logs","Project":"renovate"},"timeouts":null,"vpc_endpoint_type":"Interface"},"sensitive_values":{"cidr_blocks":[],"dns_entry":[],"dns_options":[],"network_interface_ids":[],"route_table_ids":[],"security_group_ids":[],"subnet_configuration":[],"subnet_ids":[],"tags":{},"tags_all":{}}},{"address":"aws_vpc_endpoint.s3[0]","mode":"managed","type":"aws_vpc_endpoint","name":"s3","index":0,"provider_name":"registry.terraform.io/hashicorp/aws","schema_version":0,"values":{"auto_accept":null,"resource_configuration_arn":null,"service_name":"com.amazonaws.us-east-1.s3","service_network_arn":null,"tags":{"Name":"renovate-vpce-s3"},"tags_all":{"ManagedBy":"terraform","Name":"renovate-vpce-s3","Project":"renovate"},"timeouts":null,"vpc_endpoint_type":"Gateway"},"sensitive_values":{"cidr_blocks":[],"dns_entry":[],"dns_options":[],"network_interface_ids":[],"route_table_ids":[],"security_group_ids":[],"subnet_configuration":[],"subnet_ids":[],"tags":{},"tags_all":{}}},{"address":"aws_vpc_endpoint.secretsmanager[0]","mode":"managed","type":"aws_vpc_endpoint","name":"secretsmanager","index":0,"provider_name":"registry.terraform.io/hashicorp/aws","schema_version":0,"values":{"auto_accept":null,"private_dns_enabled":true,"resource_configuration_arn":null,"service_name":"com.amazonaws.us-east-1.secretsmanager","service_network_arn":null,"tags":{"Name":"renovate-vpce-secretsmanager"},"tags_all":{"ManagedBy":"terraform","Name":"renovate-vpce-secretsmanager","Project":"renovate"},"timeouts":null,"vpc_endpoint_type":"Interface"},"sensitive_values":{"cidr_blocks":[],"dns_entry":[],"dns_options":[],"network_interface_ids":[],"route_table_ids":[],"security_group_ids":[],"subnet_configuration":[],"subnet_ids":[],"tags":{},"tags_all":{}}}]}},"resource_changes":[{"address":"aws_cloudwatch_log_group.renovate","mode":"managed","type":"aws_cloudwatch_log_group","name":"renovate","provider_name":"registry.terraform.io/hashicorp/aws","change":{"actions":["create"],"before":null,"after":{"kms_key_id":null,"name":"/ecs/renovate","retention_in_days":30,"skip_destroy":false,"tags":null,"tags_all":{"ManagedBy":"terraform","Project":"renovate"}},"after_unknown":{"arn":true,"id":true,"log_group_class":true,"name_prefix":true,"tags_all":{}},"before_sensitive":false,"after_sensitive":{"tags_all":{}}}},{"address":"aws_ecs_cluster.this","mode":"managed","type":"aws_ecs_cluster","name":"this","provider_name":"registry.terraform.io/hashicorp/aws","change":{"actions":["create"],"before":null,"after":{"configuration":[],"name":"renovate-cluster","service_connect_defaults":[],"tags":null,"tags_all":{"ManagedBy":"terraform","Project":"renovate"}},"after_unknown":{"arn":true,"configuration":[],"id":true,"service_connect_defaults":[],"setting":true,"tags_all":{}},"before_sensitive":false,"after_sensitive":{"configuration":[],"service_connect_defaults":[],"setting":[],"tags_all":{}}}},{"address":"aws_ecs_task_definition.renovate","mode":"managed","type":"aws_ecs_task_definition","name":"renovate","provider_name":"registry.terraform.io/hashicorp/aws","change":{"actions":["create"],"before":null,"after":{"cpu":"512","ephemeral_storage":[],"family":"renovate-task","inference_accelerator":[],"ipc_mode":null,"memory":"1024","network_mode":"awsvpc","pid_mode":null,"placement_constraints":[],"proxy_configuration":[],"requires_compatibilities":["FARGATE"],"runtime_platform":[],"skip_destroy":false,"tags":{"Name":"renovate-taskdef"},"tags_all":{"ManagedBy":"terraform","Name":"renovate-taskdef","Project":"renovate"},"track_latest":false,"volume":[]},"after_unknown":{"arn":true,"arn_without_revision":true,"container_definitions":true,"enable_fault_injection":true,"ephemeral_storage":[],"execution_role_arn":true,"id":true,"inference_accelerator":[],"placement_constraints":[],"proxy_configuration":[],"requires_compatibilities":[false],"revision":true,"runtime_platform":[],"tags":{},"tags_all":{},"task_role_arn":true,"volume":[]},"before_sensitive":false,"after_sensitive":{"ephemeral_storage":[],"inference_accelerator":[],"placement_constraints":[],"proxy_configuration":[],"requires_compatibilities":[false],"runtime_platform":[],"tags":{},"tags_all":{},"volume":[]}}},{"address":"aws_eip.nat","mode":"managed","type":"aws_eip","name":"nat","provider_name":"registry.terraform.io/hashicorp/aws","change":{"actions":["create"],"before":null,"after":{"address":null,"associate_with_private_ip":null,"customer_owned_ipv4_pool":null,"domain":"vpc","tags":{"Name":"renovate-nat-eip"},"tags_all":{"ManagedBy":"terraform","Name":"renovate-nat-eip","Project":"renovate"},"timeouts":null},"after_unknown":{"allocation_id":true,"arn":true,"association_id":true,"carrier_ip":true,"customer_owned_ip":true,"id":true,"instance":true,"ipam_pool_id":true,"network_border_group":true,"network_interface":true,"private_dns":true,"private_ip":true,"ptr_record":true,"public_dns":true,"public_ip":true,"public_ipv4_pool":true,"tags":{},"tags_all":{},"vpc":true},"before_sensitive":false,"after_sensitive":{"tags":{},"tags_all":{}}}},{"address":"aws_iam_policy.ecs_task_secrets","mode":"managed","type":"aws_iam_policy","name":"ecs_task_secrets","provider_name":"registry.terraform.io/hashicorp/aws","change":{"actions":["create"],"before":null,"after":{"description":"Allow Renovate task to read its token secret.","name":"renovate-ecs-task-secrets","path":"/","tags":null,"tags_all":{"ManagedBy":"terraform","Project":"renovate"}},"after_unknown":{"arn":true,"attachment_count":true,"id":true,"name_prefix":true,"policy":true,"policy_id":true,"tags_all":{}},"before_sensitive":false,"after_sensitive":{"tags_all":{}}}},{"address":"aws_iam_policy.scheduler_run_task","mode":"managed","type":"aws_iam_policy","name":"scheduler_run_task","provider_name":"registry.terraform.io/hashicorp/aws","change":{"actions":["create"],"before":null,"after":{"description":"Allow EventBridge Scheduler to run the Renovate ECS task.","name":"renovate-scheduler-run-task","path":"/","tags":null,"tags_all":{"ManagedBy":"terraform","Project":"renovate"}},"after_unknown":{"arn":true,"attachment_count":true,"id":true,"name_prefix":true,"policy":true,"policy_id":true,"tags_all":{}},"before_sensitive":false,"after_sensitive":{"tags_all":{}}}},{"address":"aws_iam_role.ecs_task","mode":"managed","type":"aws_iam_role","name":"ecs_task","provider_name":"registry.terraform.io/hashicorp/aws","change":{"actions":["create"],"before":null,"after":{"assume_role_policy":"{\"Statement\":[{\"Action\":\"sts:AssumeRole\",\"Effect\":\"Allow\",\"Principal\":{\"Service\":\"ecs-tasks.amazonaws.com\"}}],\"Version\":\"2012-10-17\"}","description":null,"force_detach_policies":false,"max_session_duration":3600,"name":"renovate-ecs-task","path":"/","permissions_boundary":null,"tags":null,"tags_all":{"ManagedBy":"terraform","Project":"renovate"}},"after_unknown":{"arn":true,"create_date":true,"id":true,"inline_policy":true,"managed_policy_arns":true,"name_prefix":true,"tags_all":{},"unique_id":true},"before_sensitive":false,"after_sensitive":{"inline_policy":[],"managed_policy_arns":[],"tags_all":{}}}},{"address":"aws_iam_role.ecs_task_execution","mode":"managed","type":"aws_iam_role","name":"ecs_task_execution","provider_name":"registry.terraform.io/hashicorp/aws","change":{"actions":["create"],"before":null,"after":{"assume_role_policy":"{\"Statement\":[{\"Action\":\"sts:AssumeRole\",\"Effect\":\"Allow\",\"Principal\":{\"Service\":\"ecs-tasks.amazonaws.com\"}}],\"Version\":\"2012-10-17\"}","description":null,"force_detach_policies":false,"max_session_duration":3600,"name":"renovate-ecs-task-exec","path":"/","permissions_boundary":null,"tags":null,"tags_all":{"ManagedBy":"terraform","Project":"renovate"}},"after_unknown":{"arn":true,"create_date":true,"id":true,"inline_policy":true,"managed_policy_arns":true,"name_prefix":true,"tags_all":{},"unique_id":true},"before_sensitive":false,"after_sensitive":{"inline_policy":[],"managed_policy_arns":[],"tags_all":{}}}},{"address":"aws_iam_role.scheduler","mode":"managed","type":"aws_iam_role","name":"scheduler","provider_name":"registry.terraform.io/hashicorp/aws","change":{"actions":["create"],"before":null,"after":{"assume_role_policy":"{\"Statement\":[{\"Action\":\"sts:AssumeRole\",\"Effect\":\"Allow\",\"Principal\":{\"Service\":\"scheduler.amazonaws.com\"}}],\"Version\":\"2012-10-17\"}","description":null,"force_detach_policies":false,"max_session_duration":3600,"name":"renovate-scheduler","path":"/","permissions_boundary":null,"tags":null,"tags_all":{"ManagedBy":"terraform","Project":"renovate"}},"after_unknown":{"arn":true,"create_date":true,"id":true,"inline_policy":true,"managed_policy_arns":true,"name_prefix":true,"tags_all":{},"unique_id":true},"before_sensitive":false,"after_sensitive":{"inline_policy":[],"managed_policy_arns":[],"tags_all":{}}}},{"address":"aws_iam_role_policy_attachment.ecs_task_execution_managed","mode":"managed","type":"aws_iam_role_policy_attachment","name":"ecs_task_execution_managed","provider_name":"registry.terraform.io/hashicorp/aws","change":{"actions":["create"],"before":null,"after":{"policy_arn":"arn:aws:iam::aws:policy/service-role/AmazonECSTaskExecutionRolePolicy","role":"renovate-ecs-task-exec"},"after_unknown":{"id":true},"before_sensitive":false,"after_sensitive":{}}},{"address":"aws_iam_role_policy_attachment.ecs_task_secrets","mode":"managed","type":"aws_iam_role_policy_attachment","name":"ecs_task_secrets","provider_name":"registry.terraform.io/hashicorp/aws","change":{"actions":["create"],"before":null,"after":{"role":"renovate-ecs-task"},"after_unknown":{"id":true,"policy_arn":true},"before_sensitive":false,"after_sensitive":{}}},{"address":"aws_iam_role_policy_attachment.scheduler_run_task","mode":"managed","type":"aws_iam_role_policy_attachment","name":"scheduler_run_task","provider_name":"registry.terraform.io/hashicorp/aws","change":{"actions":["create"],"before":null,"after":{"role":"renovate-scheduler"},"after_unknown":{"id":true,"policy_arn":true},"before_sensitive":false,"after_sensitive":{}}},{"address":"aws_internet_gateway.this","mode":"managed","type":"aws_internet_gateway","name":"this","provider_name":"registry.terraform.io/hashicorp/aws","change":{"actions":["create"],"before":null,"after":{"tags":{"Name":"renovate-igw"},"tags_all":{"ManagedBy":"terraform","Name":"renovate-igw","Project":"renovate"},"timeouts":null},"after_unknown":{"arn":true,"id":true,"owner_id":true,"tags":{},"tags_all":{},"vpc_id":true},"before_sensitive":false,"after_sensitive":{"tags":{},"tags_all":{}}}},{"address":"aws_nat_gateway.this","mode":"managed","type":"aws_nat_gateway","name":"this","provider_name":"registry.terraform.io/hashicorp/aws","change":{"actions":["create"],"before":null,"after":{"connectivity_type":"public","secondary_allocation_ids":null,"tags":{"Name":"renovate-nat"},"tags_all":{"ManagedBy":"terraform","Name":"renovate-nat","Project":"renovate"},"timeouts":null},"after_unknown":{"allocation_id":true,"association_id":true,"id":true,"network_interface_id":true,"private_ip":true,"public_ip":true,"secondary_private_ip_address_count":true,"secondary_private_ip_addresses":true,"subnet_id":true,"tags":{},"tags_all":{}},"before_sensitive":false,"after_sensitive":{"secondary_private_ip_addresses":[],"tags":{},"tags_all":{}}}},{"address":"aws_route.private_nat","mode":"managed","type":"aws_route","name":"private_nat","provider_name":"registry.terraform.io/hashicorp/aws","change":{"actions":["create"],"before":null,"after":{"carrier_gateway_id":null,"core_network_arn":null,"destination_cidr_block":"0.0.0.0/0","destination_ipv6_cidr_block":null,"destination_prefix_list_id":null,"egress_only_gateway_id":null,"gateway_id":null,"local_gateway_id":null,"timeouts":null,"transit_gateway_id":null,"vpc_endpoint_id":null,"vpc_peering_connection_id":null},"after_unknown":{"id":true,"instance_id":true,"instance_owner_id":true,"nat_gateway_id":true,"network_interface_id":true,"origin":true,"route_table_id":true,"state":true},"before_sensitive":false,"after_sensitive":{}}},{"address":"aws_route.public_internet","mode":"managed","type":"aws_route","name":"public_internet","provider_name":"registry.terraform.io/hashicorp/aws","change":{"actions":["create"],"before":null,"after":{"carrier_gateway_id":null,"core_network_arn":null,"destination_cidr_block":"0.0.0.0/0","destination_ipv6_cidr_block":null,"destination_prefix_list_id":null,"egress_only_gateway_id":null,"local_gateway_id":null,"nat_gateway_id":null,"timeouts":null,"transit_gateway_id":null,"vpc_endpoint_id":null,"vpc_peering_connection_id":null},"after_unknown":{"gateway_id":true,"id":true,"instance_id":true,"instance_owner_id":true,"network_interface_id":true,"origin":true,"route_table_id":true,"state":true},"before_sensitive":false,"after_sensitive":{}}},{"address":"aws_route_table.private","mode":"managed","type":"aws_route_table","name":"private","provider_name":"registry.terraform.io/hashicorp/aws","change":{"actions":["create"],"before":null,"after":{"tags":{"Name":"renovate-private-rt"},"tags_all":{"ManagedBy":"terraform","Name":"renovate-private-rt","Project":"renovate"},"timeouts":null},"after_unknown":{"arn":true,"id":true,"owner_id":true,"propagating_vgws":true,"route":true,"tags":{},"tags_all":{},"vpc_id":true},"before_sensitive":false,"after_sensitive":{"propagating_vgws":[],"route":[],"tags":{},"tags_all":{}}}},{"address":"aws_route_table.public","mode":"managed","type":"aws_route_table","name":"public","provider_name":"registry.terraform.io/hashicorp/aws","change":{"actions":["create"],"before":null,"after":{"tags":{"Name":"renovate-public-rt"},"tags_all":{"ManagedBy":"terraform","Name":"renovate-public-rt","Project":"renovate"},"timeouts":null},"after_unknown":{"arn":true,"id":true,"owner_id":true,"propagating_vgws":true,"route":true,"tags":{},"tags_all":{},"vpc_id":true},"before_sensitive":false,"after_sensitive":{"propagating_vgws":[],"route":[],"tags":{},"tags_all":{}}}},{"address":"aws_route_table_association.private[\"us-east-1a\"]","mode":"managed","type":"aws_route_table_association","name":"private","index":"us-east-1a","provider_name":"registry.terraform.io/hashicorp/aws","change":{"actions":["create"],"before":null,"after":{"gateway_id":null,"timeouts":null},"after_unknown":{"id":true,"route_table_id":true,"subnet_id":true},"before_sensitive":false,"after_sensitive":{}}},{"address":"aws_route_table_association.private[\"us-east-1b\"]","mode":"managed","type":"aws_route_table_association","name":"private","index":"us-east-1b","provider_name":"registry.terraform.io/hashicorp/aws","change":{"actions":["create"],"before":null,"after":{"gateway_id":null,"timeouts":null},"after_unknown":{"id":true,"route_table_id":true,"subnet_id":true},"before_sensitive":false,"after_sensitive":{}}},{"address":"aws_route_table_association.public[\"us-east-1a\"]","mode":"managed","type":"aws_route_table_association","name":"public","index":"us-east-1a","provider_name":"registry.terraform.io/hashicorp/aws","change":{"actions":["create"],"before":null,"after":{"gateway_id":null,"timeouts":null},"after_unknown":{"id":true,"route_table_id":true,"subnet_id":true},"before_sensitive":false,"after_sensitive":{}}},{"address":"aws_route_table_association.public[\"us-east-1b\"]","mode":"managed","type":"aws_route_table_association","name":"public","index":"us-east-1b","provider_name":"registry.terraform.io/hashicorp/aws","change":{"actions":["create"],"before":null,"after":{"gateway_id":null,"timeouts":null},"after_unknown":{"id":true,"route_table_id":true,"subnet_id":true},"before_sensitive":false,"after_sensitive":{}}},{"address":"aws_scheduler_schedule.renovate","mode":"managed","type":"aws_scheduler_schedule","name":"renovate","provider_name":"registry.terraform.io/hashicorp/aws","change":{"actions":["create"],"before":null,"after":{"description":"Run Renovate on a schedule","end_date":null,"flexible_time_window":[{"maximum_window_in_minutes":null,"mode":"OFF"}],"kms_key_arn":null,"name":"renovate-schedule","schedule_expression":"rate(1 day)","schedule_expression_timezone":"UTC","start_date":null,"state":"ENABLED","target":[{"dead_letter_config":[],"ecs_parameters":[{"capacity_provider_strategy":[],"enable_ecs_managed_tags":true,"enable_execute_command":null,"group":null,"launch_type":"FARGATE","network_configuration":[{"assign_public_ip":false}],"placement_constraints":[],"placement_strategy":[],"platform_version":null,"propagate_tags":"TASK_DEFINITION","reference_id":null,"tags":null,"task_count":1}],"eventbridge_parameters":[],"input":null,"kinesis_parameters":[],"retry_policy":[],"sagemaker_pipeline_parameters":[],"sqs_parameters":[]}]},"after_unknown":{"arn":true,"flexible_time_window":[{}],"group_name":true,"id":true,"name_prefix":true,"target":[{"arn":true,"dead_letter_config":[],"ecs_parameters":[{"capacity_provider_strategy":[],"network_configuration":[{"security_groups":true,"subnets":true}],"placement_constraints":[],"placement_strategy":[],"task_definition_arn":true}],"eventbridge_parameters":[],"kinesis_parameters":[],"retry_policy":[],"role_arn":true,"sagemaker_pipeline_parameters":[],"sqs_parameters":[]}]},"before_sensitive":false,"after_sensitive":{"flexible_time_window":[{}],"target":[{"dead_letter_config":[],"ecs_parameters":[{"capacity_provider_strategy":[],"network_configuration":[{"security_groups":[],"subnets":[]}],"placement_constraints":[],"placement_strategy":[]}],"eventbridge_parameters":[],"kinesis_parameters":[],"retry_policy":[],"sagemaker_pipeline_parameters":[],"sqs_parameters":[]}]}}},{"address":"aws_secretsmanager_secret.renovate_token[0]","mode":"managed","type":"aws_secretsmanager_secret","name":"renovate_token","index":0,"provider_name":"registry.terraform.io/hashicorp/aws","change":{"actions":["create"],"before":null,"after":{"description":null,"force_overwrite_replica_secret":false,"kms_key_id":null,"name":"renovate/renovate-token","recovery_window_in_days":0,"tags":{"Name":"renovate-token"},"tags_all":{"ManagedBy":"terraform","Name":"renovate-token","Project":"renovate"}},"after_unknown":{"arn":true,"id":true,"name_prefix":true,"policy":true,"replica":true,"tags":{},"tags_all":{}},"before_sensitive":false,"after_sensitive":{"replica":[],"tags":{},"tags_all":{}}}},{"address":"aws_security_group.ecs_task","mode":"managed","type":"aws_security_group","name":"ecs_task","provider_name":"registry.terraform.io/hashicorp/aws","change":{"actions":["create"],"before":null,"after":{"description":"Security group for Renovate Fargate task (no inbound).","egress":[{"cidr_blocks":["0.0.0.0/0"],"description":"Allow all egress (HTTPS to git provider, plus AWS endpoints).","from_port":0,"ipv6_cidr_blocks":[],"prefix_list_ids":[],"protocol":"-1","security_groups":[],"self":false,"to_port":0}],"name":"renovate-ecs-task","revoke_rules_on_delete":false,"tags":{"Name":"renovate-ecs-task-sg"},"tags_all":{"ManagedBy":"terraform","Name":"renovate-ecs-task-sg","Project":"renovate"},"timeouts":null},"after_unknown":{"arn":true,"egress":[{"cidr_blocks":[false],"ipv6_cidr_blocks":[],"prefix_list_ids":[],"security_groups":[]}],"id":true,"ingress":true,"name_prefix":true,"owner_id":true,"tags":{},"tags_all":{},"vpc_id":true},"before_sensitive":false,"after_sensitive":{"egress":[{"cidr_blocks":[false],"ipv6_cidr_blocks":[],"prefix_list_ids":[],"security_groups":[]}],"ingress":[],"tags":{},"tags_all":{}}}},{"address":"aws_security_group.vpce[0]","mode":"managed","type":"aws_security_group","name":"vpce","index":0,"provider_name":"registry.terraform.io/hashicorp/aws","change":{"actions":["create"],"before":null,"after":{"description":"Security group for interface VPC endpoints.","egress":[{"cidr_blocks":["0.0.0.0/0"],"description":"Allow all egress","from_port":0,"ipv6_cidr_blocks":[],"prefix_list_ids":[],"protocol":"-1","security_groups":[],"self":false,"to_port":0}],"ingress":[{"cidr_blocks":[],"description":"Allow HTTPS from ECS tasks to VPC endpoints","from_port":443,"ipv6_cidr_blocks":[],"prefix_list_ids":[],"protocol":"tcp","self":false,"to_port":443}],"name":"renovate-vpce","revoke_rules_on_delete":false,"tags":{"Name":"renovate-vpce-sg"},"tags_all":{"ManagedBy":"terraform","Name":"renovate-vpce-sg","Project":"renovate"},"timeouts":null},"after_unknown":{"arn":true,"egress":[{"cidr_blocks":[false],"ipv6_cidr_blocks":[],"prefix_list_ids":[],"security_groups":[]}],"id":true,"ingress":[{"cidr_blocks":[],"ipv6_cidr_blocks":[],"prefix_list_ids":[],"security_groups":true}],"name_prefix":true,"owner_id":true,"tags":{},"tags_all":{},"vpc_id":true},"before_sensitive":false,"after_sensitive":{"egress":[{"cidr_blocks":[false],"ipv6_cidr_blocks":[],"prefix_list_ids":[],"security_groups":[]}],"ingress":[{"cidr_blocks":[],"ipv6_cidr_blocks":[],"prefix_list_ids":[],"security_groups":[]}],"tags":{},"tags_all":{}}}},{"address":"aws_subnet.private[\"us-east-1a\"]","mode":"managed","type":"aws_subnet","name":"private","index":"us-east-1a","provider_name":"registry.terraform.io/hashicorp/aws","change":{"actions":["create"],"before":null,"after":{"assign_ipv6_address_on_creation":false,"availability_zone":"us-east-1a","cidr_block":"10.20.10.0/24","customer_owned_ipv4_pool":null,"enable_dns64":false,"enable_lni_at_device_index":null,"enable_resource_name_dns_a_record_on_launch":false,"enable_resource_name_dns_aaaa_record_on_launch":false,"ipv6_cidr_block":null,"ipv6_native":false,"map_customer_owned_ip_on_launch":null,"map_public_ip_on_launch":false,"outpost_arn":null,"tags":{"Name":"renovate-private-us-east-1a","Tier":"private"},"tags_all":{"ManagedBy":"terraform","Name":"renovate-private-us-east-1a","Project":"renovate","Tier":"private"},"timeouts":null},"after_unknown":{"arn":true,"availability_zone_id":true,"id":true,"ipv6_cidr_block_association_id":true,"owner_id":true,"private_dns_hostname_type_on_launch":true,"tags":{},"tags_all":{},"vpc_id":true},"before_sensitive":false,"after_sensitive":{"tags":{},"tags_all":{}}}},{"address":"aws_subnet.private[\"us-east-1b\"]","mode":"managed","type":"aws_subnet","name":"private","index":"us-east-1b","provider_name":"registry.terraform.io/hashicorp/aws","change":{"actions":["create"],"before":null,"after":{"assign_ipv6_address_on_creation":false,"availability_zone":"us-east-1b","cidr_block":"10.20.11.0/24","customer_owned_ipv4_pool":null,"enable_dns64":false,"enable_lni_at_device_index":null,"enable_resource_name_dns_a_record_on_launch":false,"enable_resource_name_dns_aaaa_record_on_launch":false,"ipv6_cidr_block":null,"ipv6_native":false,"map_customer_owned_ip_on_launch":null,"map_public_ip_on_launch":false,"outpost_arn":null,"tags":{"Name":"renovate-private-us-east-1b","Tier":"private"},"tags_all":{"ManagedBy":"terraform","Name":"renovate-private-us-east-1b","Project":"renovate","Tier":"private"},"timeouts":null},"after_unknown":{"arn":true,"availability_zone_id":true,"id":true,"ipv6_cidr_block_association_id":true,"owner_id":true,"private_dns_hostname_type_on_launch":true,"tags":{},"tags_all":{},"vpc_id":true},"before_sensitive":false,"after_sensitive":{"tags":{},"tags_all":{}}}},{"address":"aws_subnet.public[\"us-east-1a\"]","mode":"managed","type":"aws_subnet","name":"public","index":"us-east-1a","provider_name":"registry.terraform.io/hashicorp/aws","change":{"actions":["create"],"before":null,"after":{"assign_ipv6_address_on_creation":false,"availability_zone":"us-east-1a","cidr_block":"10.20.0.0/24","customer_owned_ipv4_pool":null,"enable_dns64":false,"enable_lni_at_device_index":null,"enable_resource_name_dns_a_record_on_launch":false,"enable_resource_name_dns_aaaa_record_on_launch":false,"ipv6_cidr_block":null,"ipv6_native":false,"map_customer_owned_ip_on_launch":null,"map_public_ip_on_launch":true,"outpost_arn":null,"tags":{"Name":"renovate-public-us-east-1a","Tier":"public"},"tags_all":{"ManagedBy":"terraform","Name":"renovate-public-us-east-1a","Project":"renovate","Tier":"public"},"timeouts":null},"after_unknown":{"arn":true,"availability_zone_id":true,"id":true,"ipv6_cidr_block_association_id":true,"owner_id":true,"private_dns_hostname_type_on_launch":true,"tags":{},"tags_all":{},"vpc_id":true},"before_sensitive":false,"after_sensitive":{"tags":{},"tags_all":{}}}},{"address":"aws_subnet.public[\"us-east-1b\"]","mode":"managed","type":"aws_subnet","name":"public","index":"us-east-1b","provider_name":"registry.terraform.io/hashicorp/aws","change":{"actions":["create"],"before":null,"after":{"assign_ipv6_address_on_creation":false,"availability_zone":"us-east-1b","cidr_block":"10.20.1.0/24","customer_owned_ipv4_pool":null,"enable_dns64":false,"enable_lni_at_device_index":null,"enable_resource_name_dns_a_record_on_launch":false,"enable_resource_name_dns_aaaa_record_on_launch":false,"ipv6_cidr_block":null,"ipv6_native":false,"map_customer_owned_ip_on_launch":null,"map_public_ip_on_launch":true,"outpost_arn":null,"tags":{"Name":"renovate-public-us-east-1b","Tier":"public"},"tags_all":{"ManagedBy":"terraform","Name":"renovate-public-us-east-1b","Project":"renovate","Tier":"public"},"timeouts":null},"after_unknown":{"arn":true,"availability_zone_id":true,"id":true,"ipv6_cidr_block_association_id":true,"owner_id":true,"private_dns_hostname_type_on_launch":true,"tags":{},"tags_all":{},"vpc_id":true},"before_sensitive":false,"after_sensitive":{"tags":{},"tags_all":{}}}},{"address":"aws_vpc.this","mode":"managed","type":"aws_vpc","name":"this","provider_name":"registry.terraform.io/hashicorp/aws","change":{"actions":["create"],"before":null,"after":{"assign_generated_ipv6_cidr_block":null,"cidr_block":"10.20.0.0/16","enable_dns_hostnames":true,"enable_dns_support":true,"instance_tenancy":"default","ipv4_ipam_pool_id":null,"ipv4_netmask_length":null,"ipv6_ipam_pool_id":null,"ipv6_netmask_length":null,"tags":{"Name":"renovate-vpc"},"tags_all":{"ManagedBy":"terraform","Name":"renovate-vpc","Project":"renovate"}},"after_unknown":{"arn":true,"default_network_acl_id":true,"default_route_table_id":true,"default_security_group_id":true,"dhcp_options_id":true,"enable_network_address_usage_metrics":true,"id":true,"ipv6_association_id":true,"ipv6_cidr_block":true,"ipv6_cidr_block_network_border_group":true,"main_route_table_id":true,"owner_id":true,"tags":{},"tags_all":{}},"before_sensitive":false,"after_sensitive":{"tags":{},"tags_all":{}}}},{"address":"aws_vpc_endpoint.ecr_api[0]","mode":"managed","type":"aws_vpc_endpoint","name":"ecr_api","index":0,"provider_name":"registry.terraform.io/hashicorp/aws","change":{"actions":["create"],"before":null,"after":{"auto_accept":null,"private_dns_enabled":true,"resource_configuration_arn":null,"service_name":"com.amazonaws.us-east-1.ecr.api","service_network_arn":null,"tags":{"Name":"renovate-vpce-ecr-api"},"tags_all":{"ManagedBy":"terraform","Name":"renovate-vpce-ecr-api","Project":"renovate"},"timeouts":null,"vpc_endpoint_type":"Interface"},"after_unknown":{"arn":true,"cidr_blocks":true,"dns_entry":true,"dns_options":true,"id":true,"ip_address_type":true,"network_interface_ids":true,"owner_id":true,"policy":true,"prefix_list_id":true,"requester_managed":true,"route_table_ids":true,"security_group_ids":true,"service_region":true,"state":true,"subnet_configuration":true,"subnet_ids":true,"tags":{},"tags_all":{},"vpc_id":true},"before_sensitive":false,"after_sensitive":{"cidr_blocks":[],"dns_entry":[],"dns_options":[],"network_interface_ids":[],"route_table_ids":[],"security_group_ids":[],"subnet_configuration":[],"subnet_ids":[],"tags":{},"tags_all":{}}}},{"address":"aws_vpc_endpoint.ecr_dkr[0]","mode":"managed","type":"aws_vpc_endpoint","name":"ecr_dkr","index":0,"provider_name":"registry.terraform.io/hashicorp/aws","change":{"actions":["create"],"before":null,"after":{"auto_accept":null,"private_dns_enabled":true,"resource_configuration_arn":null,"service_name":"com.amazonaws.us-east-1.ecr.dkr","service_network_arn":null,"tags":{"Name":"renovate-vpce-ecr-dkr"},"tags_all":{"ManagedBy":"terraform","Name":"renovate-vpce-ecr-dkr","Project":"renovate"},"timeouts":null,"vpc_endpoint_type":"Interface"},"after_unknown":{"arn":true,"cidr_blocks":true,"dns_entry":true,"dns_options":true,"id":true,"ip_address_type":true,"network_interface_ids":true,"owner_id":true,"policy":true,"prefix_list_id":true,"requester_managed":true,"route_table_ids":true,"security_group_ids":true,"service_region":true,"state":true,"subnet_configuration":true,"subnet_ids":true,"tags":{},"tags_all":{},"vpc_id":true},"before_sensitive":false,"after_sensitive":{"cidr_blocks":[],"dns_entry":[],"dns_options":[],"network_interface_ids":[],"route_table_ids":[],"security_group_ids":[],"subnet_configuration":[],"subnet_ids":[],"tags":{},"tags_all":{}}}},{"address":"aws_vpc_endpoint.logs[0]","mode":"managed","type":"aws_vpc_endpoint","name":"logs","index":0,"provider_name":"registry.terraform.io/hashicorp/aws","change":{"actions":["create"],"before":null,"after":{"auto_accept":null,"private_dns_enabled":true,"resource_configuration_arn":null,"service_name":"com.amazonaws.us-east-1.logs","service_network_arn":null,"tags":{"Name":"renovate-vpce-logs"},"tags_all":{"ManagedBy":"terraform","Name":"renovate-vpce-logs","Project":"renovate"},"timeouts":null,"vpc_endpoint_type":"Interface"},"after_unknown":{"arn":true,"cidr_blocks":true,"dns_entry":true,"dns_options":true,"id":true,"ip_address_type":true,"network_interface_ids":true,"owner_id":true,"policy":true,"prefix_list_id":true,"requester_managed":true,"route_table_ids":true,"security_group_ids":true,"service_region":true,"state":true,"subnet_configuration":true,"subnet_ids":true,"tags":{},"tags_all":{},"vpc_id":true},"before_sensitive":false,"after_sensitive":{"cidr_blocks":[],"dns_entry":[],"dns_options":[],"network_interface_ids":[],"route_table_ids":[],"security_group_ids":[],"subnet_configuration":[],"subnet_ids":[],"tags":{},"tags_all":{}}}},{"address":"aws_vpc_endpoint.s3[0]","mode":"managed","type":"aws_vpc_endpoint","name":"s3","index":0,"provider_name":"registry.terraform.io/hashicorp/aws","change":{"actions":["create"],"before":null,"after":{"auto_accept":null,"resource_configuration_arn":null,"service_name":"com.amazonaws.us-east-1.s3","service_network_arn":null,"tags":{"Name":"renovate-vpce-s3"},"tags_all":{"ManagedBy":"terraform","Name":"renovate-vpce-s3","Project":"renovate"},"timeouts":null,"vpc_endpoint_type":"Gateway"},"after_unknown":{"arn":true,"cidr_blocks":true,"dns_entry":true,"dns_options":true,"id":true,"ip_address_type":true,"network_interface_ids":true,"owner_id":true,"policy":true,"prefix_list_id":true,"private_dns_enabled":true,"requester_managed":true,"route_table_ids":true,"security_group_ids":true,"service_region":true,"state":true,"subnet_configuration":true,"subnet_ids":true,"tags":{},"tags_all":{},"vpc_id":true},"before_sensitive":false,"after_sensitive":{"cidr_blocks":[],"dns_entry":[],"dns_options":[],"network_interface_ids":[],"route_table_ids":[],"security_group_ids":[],"subnet_configuration":[],"subnet_ids":[],"tags":{},"tags_all":{}}}},{"address":"aws_vpc_endpoint.secretsmanager[0]","mode":"managed","type":"aws_vpc_endpoint","name":"secretsmanager","index":0,"provider_name":"registry.terraform.io/hashicorp/aws","change":{"actions":["create"],"before":null,"after":{"auto_accept":null,"private_dns_enabled":true,"resource_configuration_arn":null,"service_name":"com.amazonaws.us-east-1.secretsmanager","service_network_arn":null,"tags":{"Name":"renovate-vpce-secretsmanager"},"tags_all":{"ManagedBy":"terraform","Name":"renovate-vpce-secretsmanager","Project":"renovate"},"timeouts":null,"vpc_endpoint_type":"Interface"},"after_unknown":{"arn":true,"cidr_blocks":true,"dns_entry":true,"dns_options":true,"id":true,"ip_address_type":true,"network_interface_ids":true,"owner_id":true,"policy":true,"prefix_list_id":true,"requester_managed":true,"route_table_ids":true,"security_group_ids":true,"service_region":true,"state":true,"subnet_configuration":true,"subnet_ids":true,"tags":{},"tags_all":{},"vpc_id":true},"before_sensitive":false,"after_sensitive":{"cidr_blocks":[],"dns_entry":[],"dns_options":[],"network_interface_ids":[],"route_table_ids":[],"security_group_ids":[],"subnet_configuration":[],"subnet_ids":[],"tags":{},"tags_all":{}}}}],"output_changes":{"cloudwatch_log_group_name":{"actions":["create"],"before":null,"after":"/ecs/renovate","after_unknown":false,"before_sensitive":false,"after_sensitive":false},"ecs_cluster_name":{"actions":["create"],"before":null,"after":"renovate-cluster","after_unknown":false,"before_sensitive":false,"after_sensitive":false},"ecs_task_definition_arn":{"actions":["create"],"before":null,"after_unknown":true,"before_sensitive":false,"after_sensitive":false},"private_subnet_ids":{"actions":["create"],"before":null,"after":[null,null],"after_unknown":[true,true],"before_sensitive":false,"after_sensitive":false},"renovate_token_secret_arn":{"actions":["create"],"before":null,"after_unknown":true,"before_sensitive":false,"after_sensitive":false},"scheduler_schedule_arn":{"actions":["create"],"before":null,"after_unknown":true,"before_sensitive":false,"after_sensitive":false},"vpc_id":{"actions":["create"],"before":null,"after_unknown":true,"before_sensitive":false,"after_sensitive":false}},"prior_state":{"format_version":"1.0","terraform_version":"1.13.5","values":{"outputs":{"cloudwatch_log_group_name":{"sensitive":false,"value":"/ecs/renovate","type":"string"},"ecs_cluster_name":{"sensitive":false,"value":"renovate-cluster","type":"string"}},"root_module":{"resources":[{"address":"data.aws_availability_zones.available","mode":"data","type":"aws_availability_zones","name":"available","provider_name":"registry.terraform.io/hashicorp/aws","schema_version":0,"values":{"all_availability_zones":null,"exclude_names":null,"exclude_zone_ids":null,"filter":null,"group_names":[""],"id":"us-east-1","names":["us-east-1a","us-east-1b","us-east-1c","us-east-1d","us-east-1e","us-east-1f"],"state":"available","timeouts":null,"zone_ids":["use1-az6","use1-az1","use1-az2","use1-az4","use1-az3","use1-az5"]},"sensitive_values":{"group_names":[false],"names":[false,false,false,false,false,false],"zone_ids":[false,false,false,false,false,false]}},{"address":"data.aws_region.current","mode":"data","type":"aws_region","name":"current","provider_name":"registry.terraform.io/hashicorp/aws","schema_version":0,"values":{"description":"US East (N. Virginia)","endpoint":"ec2.us-east-1.amazonaws.com","id":"us-east-1","name":"us-east-1"},"sensitive_values":{}}]}}},"configuration":{"provider_config":{"aws":{"name":"aws","full_name":"registry.terraform.io/hashicorp/aws","version_constraint":"~\u003e 5.0","expressions":{"default_tags":[{"tags":{"references":["var.project_name","var.tags"]}}],"region":{"references":["var.aws_region"]}}}},"root_module":{"outputs":{"cloudwatch_log_group_name":{"expression":{"references":["aws_cloudwatch_log_group.renovate.name","aws_cloudwatch_log_group.renovate"]},"description":"CloudWatch log group for task logs"},"ecs_cluster_name":{"expression":{"references":["aws_ecs_cluster.this.name","aws_ecs_cluster.this"]},"description":"ECS cluster name"},"ecs_task_definition_arn":{"expression":{"references":["aws_ecs_task_definition.renovate.arn","aws_ecs_task_definition.renovate"]},"description":"Task definition ARN"},"private_subnet_ids":{"expression":{"references":["aws_subnet.private"]},"description":"Private subnet IDs"},"renovate_token_secret_arn":{"expression":{"references":["local.token_secret_arn"]},"description":"Secrets Manager secret ARN used for RENOVATE_TOKEN"},"scheduler_schedule_arn":{"expression":{"references":["aws_scheduler_schedule.renovate.arn","aws_scheduler_schedule.renovate"]},"description":"Scheduler schedule ARN"},"vpc_id":{"expression":{"references":["aws_vpc.this.id","aws_vpc.this"]},"description":"VPC ID"}},"resources":[{"address":"aws_cloudwatch_log_group.renovate","mode":"managed","type":"aws_cloudwatch_log_group","name":"renovate","provider_config_key":"aws","expressions":{"name":{"references":["local.name_prefix"]},"retention_in_days":{"constant_value":30}},"schema_version":0},{"address":"aws_ecs_cluster.this","mode":"managed","type":"aws_ecs_cluster","name":"this","provider_config_key":"aws","expressions":{"name":{"references":["local.name_prefix"]}},"schema_version":0},{"address":"aws_ecs_task_definition.renovate","mode":"managed","type":"aws_ecs_task_definition","name":"renovate","provider_config_key":"aws","expressions":{"container_definitions":{"references":["var.container_image","local.renovate_command","var.git_platform","var.renovate_log_level","local.token_secret_arn","aws_cloudwatch_log_group.renovate.name","aws_cloudwatch_log_group.renovate","var.aws_region"]},"cpu":{"references":["var.ecs_cpu"]},"execution_role_arn":{"references":["aws_iam_role.ecs_task_execution.arn","aws_iam_role.ecs_task_execution"]},"family":{"references":["local.name_prefix"]},"memory":{"references":["var.ecs_memory"]},"network_mode":{"constant_value":"awsvpc"},"requires_compatibilities":{"constant_value":["FARGATE"]},"tags":{"references":["local.name_prefix"]},"task_role_arn":{"references":["aws_iam_role.ecs_task.arn","aws_iam_role.ecs_task"]}},"schema_version":1},{"address":"aws_eip.nat","mode":"managed","type":"aws_eip","name":"nat","provider_config_key":"aws","expressions":{"domain":{"constant_value":"vpc"},"tags":{"references":["local.name_prefix"]}},"schema_version":0},{"address":"aws_iam_policy.ecs_task_secrets","mode":"managed","type":"aws_iam_policy","name":"ecs_task_secrets","provider_config_key":"aws","expressions":{"description":{"constant_value":"Allow Renovate task to read its token secret."},"name":{"references":["local.name_prefix"]},"policy":{"references":["local.token_secret_arn"]}},"schema_version":0},{"address":"aws_iam_policy.scheduler_run_task","mode":"managed","type":"aws_iam_policy","name":"scheduler_run_task","provider_config_key":"aws","expressions":{"description":{"constant_value":"Allow EventBridge Scheduler to run the Renovate ECS task."},"name":{"references":["local.name_prefix"]},"policy":{"references":["aws_ecs_task_definition.renovate.arn","aws_ecs_task_definition.renovate","aws_iam_role.ecs_task_execution.arn","aws_iam_role.ecs_task_execution","aws_iam_role.ecs_task.arn","aws_iam_role.ecs_task"]}},"schema_version":0},{"address":"aws_iam_role.ecs_task","mode":"managed","type":"aws_iam_role","name":"ecs_task","provider_config_key":"aws","expressions":{"assume_role_policy":{},"name":{"references":["local.name_prefix"]}},"schema_version":0},{"address":"aws_iam_role.ecs_task_execution","mode":"managed","type":"aws_iam_role","name":"ecs_task_execution","provider_config_key":"aws","expressions":{"assume_role_policy":{},"name":{"references":["local.name_prefix"]}},"schema_version":0},{"address":"aws_iam_role.scheduler","mode":"managed","type":"aws_iam_role","name":"scheduler","provider_config_key":"aws","expressions":{"assume_role_policy":{},"name":{"references":["local.name_prefix"]}},"schema_version":0},{"address":"aws_iam_role_policy_attachment.ecs_task_execution_managed","mode":"managed","type":"aws_iam_role_policy_attachment","name":"ecs_task_execution_managed","provider_config_key":"aws","expressions":{"policy_arn":{"constant_value":"arn:aws:iam::aws:policy/service-role/AmazonECSTaskExecutionRolePolicy"},"role":{"references":["aws_iam_role.ecs_task_execution.name","aws_iam_role.ecs_task_execution"]}},"schema_version":0},{"address":"aws_iam_role_policy_attachment.ecs_task_secrets","mode":"managed","type":"aws_iam_role_policy_attachment","name":"ecs_task_secrets","provider_config_key":"aws","expressions":{"policy_arn":{"references":["aws_iam_policy.ecs_task_secrets.arn","aws_iam_policy.ecs_task_secrets"]},"role":{"references":["aws_iam_role.ecs_task.name","aws_iam_role.ecs_task"]}},"schema_version":0},{"address":"aws_iam_role_policy_attachment.scheduler_run_task","mode":"managed","type":"aws_iam_role_policy_attachment","name":"scheduler_run_task","provider_config_key":"aws","expressions":{"policy_arn":{"references":["aws_iam_policy.scheduler_run_task.arn","aws_iam_policy.scheduler_run_task"]},"role":{"references":["aws_iam_role.scheduler.name","aws_iam_role.scheduler"]}},"schema_version":0},{"address":"aws_internet_gateway.this","mode":"managed","type":"aws_internet_gateway","name":"this","provider_config_key":"aws","expressions":{"tags":{"references":["local.name_prefix"]},"vpc_id":{"references":["aws_vpc.this.id","aws_vpc.this"]}},"schema_version":0},{"address":"aws_nat_gateway.this","mode":"managed","type":"aws_nat_gateway","name":"this","provider_config_key":"aws","expressions":{"allocation_id":{"references":["aws_eip.nat.id","aws_eip.nat"]},"subnet_id":{"references":["aws_subnet.public"]},"tags":{"references":["local.name_prefix"]}},"schema_version":0,"depends_on":["aws_internet_gateway.this"]},{"address":"aws_route.private_nat","mode":"managed","type":"aws_route","name":"private_nat","provider_config_key":"aws","expressions":{"destination_cidr_block":{"constant_value":"0.0.0.0/0"},"nat_gateway_id":{"references":["aws_nat_gateway.this.id","aws_nat_gateway.this"]},"route_table_id":{"references":["aws_route_table.private.id","aws_route_table.private"]}},"schema_version":0},{"address":"aws_route.public_internet","mode":"managed","type":"aws_route","name":"public_internet","provider_config_key":"aws","expressions":{"destination_cidr_block":{"constant_value":"0.0.0.0/0"},"gateway_id":{"references":["aws_internet_gateway.this.id","aws_internet_gateway.this"]},"route_table_id":{"references":["aws_route_table.public.id","aws_route_table.public"]}},"schema_version":0},{"address":"aws_route_table.private","mode":"managed","type":"aws_route_table","name":"private","provider_config_key":"aws","expressions":{"tags":{"references":["local.name_prefix"]},"vpc_id":{"references":["aws_vpc.this.id","aws_vpc.this"]}},"schema_version":0},{"address":"aws_route_table.public","mode":"managed","type":"aws_route_table","name":"public","provider_config_key":"aws","expressions":{"tags":{"references":["local.name_prefix"]},"vpc_id":{"references":["aws_vpc.this.id","aws_vpc.this"]}},"schema_version":0},{"address":"aws_route_table_association.private","mode":"managed","type":"aws_route_table_association","name":"private","provider_config_key":"aws","expressions":{"route_table_id":{"references":["aws_route_table.private.id","aws_route_table.private"]},"subnet_id":{"references":["each.value.id","each.value"]}},"schema_version":0,"for_each_expression":{"references":["aws_subnet.private"]}},{"address":"aws_route_table_association.public","mode":"managed","type":"aws_route_table_association","name":"public","provider_config_key":"aws","expressions":{"route_table_id":{"references":["aws_route_table.public.id","aws_route_table.public"]},"subnet_id":{"references":["each.value.id","each.value"]}},"schema_version":0,"for_each_expression":{"references":["aws_subnet.public"]}},{"address":"aws_scheduler_schedule.renovate","mode":"managed","type":"aws_scheduler_schedule","name":"renovate","provider_config_key":"aws","expressions":{"description":{"constant_value":"Run Renovate on a schedule"},"flexible_time_window":[{"mode":{"constant_value":"OFF"}}],"name":{"references":["local.name_prefix"]},"schedule_expression":{"references":["var.schedule_expression"]},"schedule_expression_timezone":{"references":["var.schedule_timezone"]},"target":[{"arn":{"references":["aws_ecs_cluster.this.arn","aws_ecs_cluster.this"]},"ecs_parameters":[{"enable_ecs_managed_tags":{"constant_value":true},"launch_type":{"constant_value":"FARGATE"},"network_configuration":[{"assign_public_ip":{"constant_value":false},"security_groups":{"references":["aws_security_group.ecs_task.id","aws_security_group.ecs_task"]},"subnets":{"references":["aws_subnet.private"]}}],"propagate_tags":{"constant_value":"TASK_DEFINITION"},"task_count":{"constant_value":1},"task_definition_arn":{"references":["aws_ecs_task_definition.renovate.arn","aws_ecs_task_definition.renovate"]}}],"role_arn":{"references":["aws_iam_role.scheduler.arn","aws_iam_role.scheduler"]}}]},"schema_version":0},{"address":"aws_secretsmanager_secret.renovate_token","mode":"managed","type":"aws_secretsmanager_secret","name":"renovate_token","provider_config_key":"aws","expressions":{"name":{"references":["local.name_prefix"]},"recovery_window_in_days":{"constant_value":0},"tags":{"references":["local.name_prefix"]}},"schema_version":0,"count_expression":{"references":["var.renovate_token_secret_arn"]}},{"address":"aws_security_group.ecs_task","mode":"managed","type":"aws_security_group","name":"ecs_task","provider_config_key":"aws","expressions":{"description":{"constant_value":"Security group for Renovate Fargate task (no inbound)."},"egress":{"constant_value":[{"cidr_blocks":["0.0.0.0/0"],"description":"Allow all egress (HTTPS to git provider, plus AWS endpoints).","from_port":0,"ipv6_cidr_blocks":null,"prefix_list_ids":null,"protocol":"-1","security_groups":null,"self":null,"to_port":0}]},"name":{"references":["local.name_prefix"]},"tags":{"references":["local.name_prefix"]},"vpc_id":{"references":["aws_vpc.this.id","aws_vpc.this"]}},"schema_version":1},{"address":"aws_security_group.vpce","mode":"managed","type":"aws_security_group","name":"vpce","provider_config_key":"aws","expressions":{"description":{"constant_value":"Security group for interface VPC endpoints."},"egress":{"constant_value":[{"cidr_blocks":["0.0.0.0/0"],"description":"Allow all egress","from_port":0,"ipv6_cidr_blocks":null,"prefix_list_ids":null,"protocol":"-1","security_groups":null,"self":null,"to_port":0}]},"ingress":{"references":["aws_security_group.ecs_task.id","aws_security_group.ecs_task"]},"name":{"references":["local.name_prefix"]},"tags":{"references":["local.name_prefix"]},"vpc_id":{"references":["aws_vpc.this.id","aws_vpc.this"]}},"schema_version":1,"count_expression":{"references":["var.create_vpc_endpoints"]}},{"address":"aws_subnet.private","mode":"managed","type":"aws_subnet","name":"private","provider_config_key":"aws","expressions":{"availability_zone":{"references":["each.key"]},"cidr_block":{"references":["var.vpc_cidr","each.value"]},"tags":{"references":["local.name_prefix","each.key"]},"vpc_id":{"references":["aws_vpc.this.id","aws_vpc.this"]}},"schema_version":1,"for_each_expression":{"references":["local.azs"]}},{"address":"aws_subnet.public","mode":"managed","type":"aws_subnet","name":"public","provider_config_key":"aws","expressions":{"availability_zone":{"references":["each.key"]},"cidr_block":{"references":["var.vpc_cidr","each.value"]},"map_public_ip_on_launch":{"constant_value":true},"tags":{"references":["local.name_prefix","each.key"]},"vpc_id":{"references":["aws_vpc.this.id","aws_vpc.this"]}},"schema_version":1,"for_each_expression":{"references":["local.azs"]}},{"address":"aws_vpc.this","mode":"managed","type":"aws_vpc","name":"this","provider_config_key":"aws","expressions":{"cidr_block":{"references":["var.vpc_cidr"]},"enable_dns_hostnames":{"constant_value":true},"enable_dns_support":{"constant_value":true},"tags":{"references":["local.name_prefix"]}},"schema_version":1},{"address":"aws_vpc_endpoint.ecr_api","mode":"managed","type":"aws_vpc_endpoint","name":"ecr_api","provider_config_key":"aws","expressions":{"private_dns_enabled":{"constant_value":true},"security_group_ids":{"references":["aws_security_group.vpce[0].id","aws_security_group.vpce[0]","aws_security_group.vpce"]},"service_name":{"references":["data.aws_region.current.name","data.aws_region.current"]},"subnet_ids":{"references":["aws_subnet.private"]},"tags":{"references":["local.name_prefix"]},"vpc_endpoint_type":{"constant_value":"Interface"},"vpc_id":{"references":["aws_vpc.this.id","aws_vpc.this"]}},"schema_version":0,"count_expression":{"references":["var.create_vpc_endpoints"]}},{"address":"aws_vpc_endpoint.ecr_dkr","mode":"managed","type":"aws_vpc_endpoint","name":"ecr_dkr","provider_config_key":"aws","expressions":{"private_dns_enabled":{"constant_value":true},"security_group_ids":{"references":["aws_security_group.vpce[0].id","aws_security_group.vpce[0]","aws_security_group.vpce"]},"service_name":{"references":["data.aws_region.current.name","data.aws_region.current"]},"subnet_ids":{"references":["aws_subnet.private"]},"tags":{"references":["local.name_prefix"]},"vpc_endpoint_type":{"constant_value":"Interface"},"vpc_id":{"references":["aws_vpc.this.id","aws_vpc.this"]}},"schema_version":0,"count_expression":{"references":["var.create_vpc_endpoints"]}},{"address":"aws_vpc_endpoint.logs","mode":"managed","type":"aws_vpc_endpoint","name":"logs","provider_config_key":"aws","expressions":{"private_dns_enabled":{"constant_value":true},"security_group_ids":{"references":["aws_security_group.vpce[0].id","aws_security_group.vpce[0]","aws_security_group.vpce"]},"service_name":{"references":["data.aws_region.current.name","data.aws_region.current"]},"subnet_ids":{"references":["aws_subnet.private"]},"tags":{"references":["local.name_prefix"]},"vpc_endpoint_type":{"constant_value":"Interface"},"vpc_id":{"references":["aws_vpc.this.id","aws_vpc.this"]}},"schema_version":0,"count_expression":{"references":["var.create_vpc_endpoints"]}},{"address":"aws_vpc_endpoint.s3","mode":"managed","type":"aws_vpc_endpoint","name":"s3","provider_config_key":"aws","expressions":{"route_table_ids":{"references":["aws_route_table.private.id","aws_route_table.private"]},"service_name":{"references":["data.aws_region.current.name","data.aws_region.current"]},"tags":{"references":["local.name_prefix"]},"vpc_endpoint_type":{"constant_value":"Gateway"},"vpc_id":{"references":["aws_vpc.this.id","aws_vpc.this"]}},"schema_version":0,"count_expression":{"references":["var.create_vpc_endpoints"]}},{"address":"aws_vpc_endpoint.secretsmanager","mode":"managed","type":"aws_vpc_endpoint","name":"secretsmanager","provider_config_key":"aws","expressions":{"private_dns_enabled":{"constant_value":true},"security_group_ids":{"references":["aws_security_group.vpce[0].id","aws_security_group.vpce[0]","aws_security_group.vpce"]},"service_name":{"references":["data.aws_region.current.name","data.aws_region.current"]},"subnet_ids":{"references":["aws_subnet.private"]},"tags":{"references":["local.name_prefix"]},"vpc_endpoint_type":{"constant_value":"Interface"},"vpc_id":{"references":["aws_vpc.this.id","aws_vpc.this"]}},"schema_version":0,"count_expression":{"references":["var.create_vpc_endpoints"]}},{"address":"data.aws_availability_zones.available","mode":"data","type":"aws_availability_zones","name":"available","provider_config_key":"aws","expressions":{"state":{"constant_value":"available"}},"schema_version":0},{"address":"data.aws_region.current","mode":"data","type":"aws_region","name":"current","provider_config_key":"aws","schema_version":0}],"variables":{"aws_region":{"default":"us-east-1","description":"AWS region to deploy into."},"az_count":{"default":2,"description":"Number of AZs to use (2 recommended)."},"container_image":{"default":"ghcr.io/renovatebot/renovate:36.72.0","description":"Container image URI for Renovate. Prefer an ECR image URI."},"create_vpc_endpoints":{"default":true,"description":"Whether to create interface/gateway VPC endpoints for ECR/Logs/SecretsManager/S3."},"ecs_cpu":{"default":512,"description":"Fargate task CPU units."},"ecs_memory":{"default":1024,"description":"Fargate task memory (MiB)."},"git_platform":{"default":"github","description":"Git platform for Renovate (e.g., github, gitlab, bitbucket)."},"project_name":{"default":"renovate","description":"Name prefix for all resources."},"renovate_log_level":{"default":"info","description":"Renovate log level."},"renovate_repositories":{"default":[],"description":"List of repositories for Renovate to process (e.g., ['org/repo'])."},"renovate_token_secret_arn":{"default":"","description":"ARN of an existing Secrets Manager secret containing the Renovate token (plain string). If empty, a new secret is created (without a value)."},"schedule_expression":{"default":"rate(1 day)","description":"EventBridge Scheduler expression. Example: rate(1 day) or cron(0 2 * * ? *)."},"schedule_timezone":{"default":"UTC","description":"Timezone for schedule expression evaluation."},"tags":{"default":{},"description":"Additional tags to apply to resources."},"vpc_cidr":{"default":"10.20.0.0/16","description":"CIDR block for the VPC."}}}},"relevant_attributes":[{"resource":"data.aws_availability_zones.available","attribute":["names"]},{"resource":"aws_iam_role.scheduler","attribute":["arn"]},{"resource":"aws_subnet.private","attribute":[]},{"resource":"aws_iam_policy.ecs_task_secrets","attribute":["arn"]},{"resource":"aws_iam_role.ecs_task","attribute":["name"]},{"resource":"aws_iam_role.scheduler","attribute":["name"]},{"resource":"aws_ecs_cluster.this","attribute":["arn"]},{"resource":"aws_ecs_cluster.this","attribute":["name"]},{"resource":"aws_nat_gateway.this","attribute":["id"]},{"resource":"aws_route_table.public","attribute":["id"]},{"resource":"data.aws_region.current","attribute":["name"]},{"resource":"aws_iam_role.ecs_task_execution","attribute":["name"]},{"resource":"aws_iam_policy.scheduler_run_task","attribute":["arn"]},{"resource":"aws_iam_role.ecs_task","attribute":["arn"]},{"resource":"aws_iam_role.ecs_task_execution","attribute":["arn"]},{"resource":"aws_security_group.vpce[0]","attribute":["id"]},{"resource":"aws_route_table.private","attribute":["id"]},{"resource":"aws_security_group.ecs_task","attribute":["id"]},{"resource":"aws_scheduler_schedule.renovate","attribute":["arn"]},{"resource":"aws_subnet.public","attribute":[]},{"resource":"aws_secretsmanager_secret.renovate_token[0]","attribute":["arn"]},{"resource":"aws_cloudwatch_log_group.renovate","attribute":["name"]},{"resource":"aws_internet_gateway.this","attribute":["id"]},{"resource":"aws_vpc.this","attribute":["id"]},{"resource":"aws_ecs_task_definition.renovate","attribute":["arn"]},{"resource":"aws_eip.nat","attribute":["id"]}],"timestamp":"2026-01-27T03:29:14Z","applyable":true,"complete":true,"errored":false}
