data.aws_ami.amazon_linux_2: Reading...
data.aws_vpc.default: Reading...
data.aws_vpc.default: Read complete after 0s [id=vpc-20b2a32ab5c51cd41]
data.aws_subnets.default: Reading...
data.aws_subnets.default: Read complete after 0s [id=ap-northeast-1]
data.aws_ami.amazon_linux_2: Read complete after 4s [id=ami-04681a1dbd79675a5]

Terraform used the selected providers to generate the following execution
plan. Resource actions are indicated with the following symbols:
  + create

Terraform will perform the following actions:

  # aws_instance.squid will be created
  + resource "aws_instance" "squid" {
      + ami                                  = "ami-04681a1dbd79675a5"
      + arn                                  = (known after apply)
      + associate_public_ip_address          = true
      + availability_zone                    = (known after apply)
      + disable_api_stop                     = (known after apply)
      + disable_api_termination              = (known after apply)
      + ebs_optimized                        = (known after apply)
      + enable_primary_ipv6                  = (known after apply)
      + force_destroy                        = false
      + get_password_data                    = false
      + host_id                              = (known after apply)
      + host_resource_group_arn              = (known after apply)
      + iam_instance_profile                 = (known after apply)
      + id                                   = (known after apply)
      + instance_initiated_shutdown_behavior = (known after apply)
      + instance_lifecycle                   = (known after apply)
      + instance_state                       = (known after apply)
      + instance_type                        = "t3.micro"
      + ipv6_address_count                   = (known after apply)
      + ipv6_addresses                       = (known after apply)
      + key_name                             = (known after apply)
      + monitoring                           = (known after apply)
      + outpost_arn                          = (known after apply)
      + password_data                        = (known after apply)
      + placement_group                      = (known after apply)
      + placement_group_id                   = (known after apply)
      + placement_partition_number           = (known after apply)
      + primary_network_interface_id         = (known after apply)
      + private_dns                          = (known after apply)
      + private_ip                           = (known after apply)
      + public_dns                           = (known after apply)
      + public_ip                            = (known after apply)
      + region                               = "ap-northeast-1"
      + secondary_private_ips                = (known after apply)
      + security_groups                      = (known after apply)
      + source_dest_check                    = true
      + spot_instance_request_id             = (known after apply)
      + subnet_id                            = "subnet-6aa4b820dc1725ad5"
      + tags                                 = {
          + "Name" = "ec2-squid-proxy-ec2"
        }
      + tags_all                             = {
          + "Managed" = "terraform"
          + "Name"    = "ec2-squid-proxy-ec2"
          + "Project" = "ec2-squid-proxy"
        }
      + tenancy                              = (known after apply)
      + user_data                            = <<-EOT
            #!/bin/bash
            set -euo pipefail
            
            yum update -y
            amazon-linux-extras install epel -y || true
            yum install -y squid
            
            # Minimal open proxy config restricted by security group.
            cat > /etc/squid/squid.conf <<'CONF'
            http_port 3128
            
            acl localnet src 0.0.0.0/0
            http_access allow localnet
            http_access deny all
            
            cache deny all
            access_log /var/log/squid/access.log
            cache_log /var/log/squid/cache.log
            CONF
            
            systemctl enable squid
            systemctl restart squid
        EOT
      + user_data_base64                     = (known after apply)
      + user_data_replace_on_change          = false
      + vpc_security_group_ids               = (known after apply)

      + capacity_reservation_specification (known after apply)

      + cpu_options (known after apply)

      + ebs_block_device (known after apply)

      + enclave_options (known after apply)

      + ephemeral_block_device (known after apply)

      + instance_market_options (known after apply)

      + maintenance_options (known after apply)

      + metadata_options (known after apply)

      + network_interface (known after apply)

      + primary_network_interface (known after apply)

      + private_dns_name_options (known after apply)

      + root_block_device (known after apply)
    }

  # aws_security_group.squid will be created
  + resource "aws_security_group" "squid" {
      + arn                    = (known after apply)
      + description            = "Security group for Squid proxy EC2"
      + egress                 = [
          + {
              + cidr_blocks      = [
                  + "0.0.0.0/0",
                ]
              + description      = "All outbound"
              + from_port        = 0
              + ipv6_cidr_blocks = []
              + prefix_list_ids  = []
              + protocol         = "-1"
              + security_groups  = []
              + self             = false
              + to_port          = 0
            },
        ]
      + id                     = (known after apply)
      + ingress                = [
          + {
              + cidr_blocks      = [
                  + "0.0.0.0/0",
                ]
              + description      = "SSH"
              + from_port        = 22
              + ipv6_cidr_blocks = []
              + prefix_list_ids  = []
              + protocol         = "tcp"
              + security_groups  = []
              + self             = false
              + to_port          = 22
            },
          + {
              + cidr_blocks      = [
                  + "0.0.0.0/0",
                ]
              + description      = "Squid proxy"
              + from_port        = 3128
              + ipv6_cidr_blocks = []
              + prefix_list_ids  = []
              + protocol         = "tcp"
              + security_groups  = []
              + self             = false
              + to_port          = 3128
            },
        ]
      + name                   = (known after apply)
      + name_prefix            = "ec2-squid-proxy-sg-"
      + owner_id               = (known after apply)
      + region                 = "ap-northeast-1"
      + revoke_rules_on_delete = false
      + tags_all               = {
          + "Managed" = "terraform"
          + "Project" = "ec2-squid-proxy"
        }
      + vpc_id                 = "vpc-20b2a32ab5c51cd41"
    }

Plan: 2 to add, 0 to change, 0 to destroy.

Changes to Outputs:
  + ami_id         = "ami-04681a1dbd79675a5"
  + instance_id    = (known after apply)
  + proxy_endpoint = (known after apply)
  + public_dns     = (known after apply)
  + public_ip      = (known after apply)
aws_security_group.squid: Creating...
aws_security_group.squid: Creation complete after 0s [id=sg-c346eefe7d73afcbf]
aws_instance.squid: Creating...
aws_instance.squid: Still creating... [00m10s elapsed]
aws_instance.squid: Creation complete after 16s [id=i-bb5d691948be979b7]

Apply complete! Resources: 2 added, 0 changed, 0 destroyed.

Outputs:

ami_id = "ami-04681a1dbd79675a5"
instance_id = "i-bb5d691948be979b7"
proxy_endpoint = "http://ec2-54-214-37-108.ap-northeast-1.localhost.localstack.cloud:3128"
public_dns = "ec2-54-214-37-108.ap-northeast-1.localhost.localstack.cloud"
public_ip = "54.214.37.108"
