
Terraform used the selected providers to generate the following execution
plan. Resource actions are indicated with the following symbols:
  + create

Terraform will perform the following actions:

  # aws_eip.nat_eip will be created
  + resource "aws_eip" "nat_eip" {
      + allocation_id        = (known after apply)
      + arn                  = (known after apply)
      + association_id       = (known after apply)
      + carrier_ip           = (known after apply)
      + customer_owned_ip    = (known after apply)
      + domain               = "vpc"
      + id                   = (known after apply)
      + instance             = (known after apply)
      + ipam_pool_id         = (known after apply)
      + network_border_group = (known after apply)
      + network_interface    = (known after apply)
      + private_dns          = (known after apply)
      + private_ip           = (known after apply)
      + ptr_record           = (known after apply)
      + public_dns           = (known after apply)
      + public_ip            = (known after apply)
      + public_ipv4_pool     = (known after apply)
      + region               = "us-west-2"
      + tags_all             = (known after apply)
    }

  # aws_eks_cluster.pumej_cluster will be created
  + resource "aws_eks_cluster" "pumej_cluster" {
      + arn                           = (known after apply)
      + bootstrap_self_managed_addons = true
      + certificate_authority         = (known after apply)
      + cluster_id                    = (known after apply)
      + created_at                    = (known after apply)
      + deletion_protection           = (known after apply)
      + endpoint                      = (known after apply)
      + id                            = (known after apply)
      + identity                      = (known after apply)
      + name                          = "eks_cluster"
      + platform_version              = (known after apply)
      + region                        = "us-west-2"
      + role_arn                      = (known after apply)
      + status                        = (known after apply)
      + tags_all                      = (known after apply)
      + version                       = "1.26"

      + access_config (known after apply)

      + compute_config (known after apply)

      + control_plane_scaling_config (known after apply)

      + kubernetes_network_config (known after apply)

      + storage_config (known after apply)

      + upgrade_policy (known after apply)

      + vpc_config {
          + cluster_security_group_id = (known after apply)
          + endpoint_private_access   = false
          + endpoint_public_access    = true
          + public_access_cidrs       = (known after apply)
          + subnet_ids                = (known after apply)
          + vpc_id                    = (known after apply)
        }
    }

  # aws_eks_node_group.eks_node will be created
  + resource "aws_eks_node_group" "eks_node" {
      + ami_type               = "AL2_x86_64"
      + arn                    = (known after apply)
      + capacity_type          = "ON_DEMAND"
      + cluster_name           = "eks_cluster"
      + disk_size              = (known after apply)
      + id                     = (known after apply)
      + instance_types         = [
          + "t3.small",
          + "t3.medium",
          + "t3.large",
        ]
      + node_group_name        = "eks_node"
      + node_group_name_prefix = (known after apply)
      + node_role_arn          = (known after apply)
      + region                 = "us-west-2"
      + release_version        = (known after apply)
      + resources              = (known after apply)
      + status                 = (known after apply)
      + subnet_ids             = (known after apply)
      + tags_all               = (known after apply)
      + version                = (known after apply)

      + node_repair_config (known after apply)

      + scaling_config {
          + desired_size = 2
          + max_size     = 8
          + min_size     = 1
        }

      + update_config {
          + max_unavailable = 1
        }
    }

  # aws_iam_role.eks_cluster_role will be created
  + resource "aws_iam_role" "eks_cluster_role" {
      + arn                   = (known after apply)
      + assume_role_policy    = jsonencode(
            {
              + Statement = [
                  + {
                      + Action    = "sts:AssumeRole"
                      + Effect    = "Allow"
                      + Principal = {
                          + Service = "eks.amazonaws.com"
                        }
                    },
                ]
              + Version   = "2012-10-17"
            }
        )
      + create_date           = (known after apply)
      + force_detach_policies = false
      + id                    = (known after apply)
      + managed_policy_arns   = (known after apply)
      + max_session_duration  = 3600
      + name                  = "eks_cluster_role"
      + name_prefix           = (known after apply)
      + path                  = "/"
      + tags_all              = (known after apply)
      + unique_id             = (known after apply)

      + inline_policy (known after apply)
    }

  # aws_iam_role.eks_worker_node_role will be created
  + resource "aws_iam_role" "eks_worker_node_role" {
      + arn                   = (known after apply)
      + assume_role_policy    = jsonencode(
            {
              + Statement = [
                  + {
                      + Action    = "sts:AssumeRole"
                      + Effect    = "Allow"
                      + Principal = {
                          + Service = "ec2.amazonaws.com"
                        }
                    },
                ]
              + Version   = "2012-10-17"
            }
        )
      + create_date           = (known after apply)
      + force_detach_policies = false
      + id                    = (known after apply)
      + managed_policy_arns   = (known after apply)
      + max_session_duration  = 3600
      + name                  = "eks_worker_node_role"
      + name_prefix           = (known after apply)
      + path                  = "/"
      + tags_all              = (known after apply)
      + unique_id             = (known after apply)

      + inline_policy (known after apply)
    }

  # aws_iam_role_policy_attachment.eks_cluster_role_attachment will be created
  + resource "aws_iam_role_policy_attachment" "eks_cluster_role_attachment" {
      + id         = (known after apply)
      + policy_arn = "arn:aws:iam::aws:policy/AmazonEKSClusterPolicy"
      + role       = "eks_cluster_role"
    }

  # aws_iam_role_policy_attachment.eks_cni_policy_attachment will be created
  + resource "aws_iam_role_policy_attachment" "eks_cni_policy_attachment" {
      + id         = (known after apply)
      + policy_arn = "arn:aws:iam::aws:policy/AmazonEKS_CNI_Policy"
      + role       = "eks_worker_node_role"
    }

  # aws_iam_role_policy_attachment.eks_ec2CR_policy_attachment will be created
  + resource "aws_iam_role_policy_attachment" "eks_ec2CR_policy_attachment" {
      + id         = (known after apply)
      + policy_arn = "arn:aws:iam::aws:policy/AmazonEC2ContainerRegistryReadOnly"
      + role       = "eks_worker_node_role"
    }

  # aws_iam_role_policy_attachment.eks_worker_node_policy_attachment will be created
  + resource "aws_iam_role_policy_attachment" "eks_worker_node_policy_attachment" {
      + id         = (known after apply)
      + policy_arn = "arn:aws:iam::aws:policy/AmazonEKSWorkerNodePolicy"
      + role       = "eks_worker_node_role"
    }

  # aws_internet_gateway.eks_igw will be created
  + resource "aws_internet_gateway" "eks_igw" {
      + arn      = (known after apply)
      + id       = (known after apply)
      + owner_id = (known after apply)
      + region   = "us-west-2"
      + tags     = {
          + "Environment" = "Production"
          + "Name"        = "vpc_igw"
          + "Team"        = "DevOps"
        }
      + tags_all = {
          + "Environment" = "Production"
          + "Name"        = "vpc_igw"
          + "Team"        = "DevOps"
        }
      + vpc_id   = (known after apply)
    }

  # aws_nat_gateway.eks_nat_gw will be created
  + resource "aws_nat_gateway" "eks_nat_gw" {
      + allocation_id                      = (known after apply)
      + association_id                     = (known after apply)
      + auto_provision_zones               = (known after apply)
      + auto_scaling_ips                   = (known after apply)
      + availability_mode                  = (known after apply)
      + connectivity_type                  = "public"
      + id                                 = (known after apply)
      + network_interface_id               = (known after apply)
      + private_ip                         = (known after apply)
      + public_ip                          = (known after apply)
      + region                             = "us-west-2"
      + regional_nat_gateway_address       = (known after apply)
      + regional_nat_gateway_auto_mode     = (known after apply)
      + route_table_id                     = (known after apply)
      + secondary_allocation_ids           = (known after apply)
      + secondary_private_ip_address_count = (known after apply)
      + secondary_private_ip_addresses     = (known after apply)
      + subnet_id                          = (known after apply)
      + tags                               = {
          + "Name" = "Natty GW"
        }
      + tags_all                           = {
          + "Name" = "Natty GW"
        }
      + vpc_id                             = (known after apply)
    }

  # aws_route.private_subnet_nat_gateway_route will be created
  + resource "aws_route" "private_subnet_nat_gateway_route" {
      + destination_cidr_block = "0.0.0.0/0"
      + id                     = (known after apply)
      + instance_id            = (known after apply)
      + instance_owner_id      = (known after apply)
      + nat_gateway_id         = (known after apply)
      + network_interface_id   = (known after apply)
      + origin                 = (known after apply)
      + region                 = "us-west-2"
      + route_table_id         = (known after apply)
      + state                  = (known after apply)
    }

  # aws_route.public_subnet_internet_gateway_route will be created
  + resource "aws_route" "public_subnet_internet_gateway_route" {
      + destination_cidr_block = "0.0.0.0/0"
      + gateway_id             = (known after apply)
      + id                     = (known after apply)
      + instance_id            = (known after apply)
      + instance_owner_id      = (known after apply)
      + network_interface_id   = (known after apply)
      + origin                 = (known after apply)
      + region                 = "us-west-2"
      + route_table_id         = (known after apply)
      + state                  = (known after apply)
    }

  # aws_route_table.private_subnet_route_table will be created
  + resource "aws_route_table" "private_subnet_route_table" {
      + arn              = (known after apply)
      + id               = (known after apply)
      + owner_id         = (known after apply)
      + propagating_vgws = (known after apply)
      + region           = "us-west-2"
      + route            = (known after apply)
      + tags             = {
          + "Name" = "My VPC Private Subnet Route Table"
        }
      + tags_all         = {
          + "Name" = "My VPC Private Subnet Route Table"
        }
      + vpc_id           = (known after apply)
    }

  # aws_route_table.public_subnet_route_table will be created
  + resource "aws_route_table" "public_subnet_route_table" {
      + arn              = (known after apply)
      + id               = (known after apply)
      + owner_id         = (known after apply)
      + propagating_vgws = (known after apply)
      + region           = "us-west-2"
      + route            = (known after apply)
      + tags             = {
          + "Name" = "Public Subnet Route Table"
        }
      + tags_all         = {
          + "Name" = "Public Subnet Route Table"
        }
      + vpc_id           = (known after apply)
    }

  # aws_route_table_association.private_subnet_route_table_association will be created
  + resource "aws_route_table_association" "private_subnet_route_table_association" {
      + id             = (known after apply)
      + region         = "us-west-2"
      + route_table_id = (known after apply)
      + subnet_id      = (known after apply)
    }

  # aws_route_table_association.private_subnet_route_table_association_2 will be created
  + resource "aws_route_table_association" "private_subnet_route_table_association_2" {
      + id             = (known after apply)
      + region         = "us-west-2"
      + route_table_id = (known after apply)
      + subnet_id      = (known after apply)
    }

  # aws_route_table_association.public_subnet_route_table_association will be created
  + resource "aws_route_table_association" "public_subnet_route_table_association" {
      + id             = (known after apply)
      + region         = "us-west-2"
      + route_table_id = (known after apply)
      + subnet_id      = (known after apply)
    }

  # aws_route_table_association.public_subnet_route_table_association_2 will be created
  + resource "aws_route_table_association" "public_subnet_route_table_association_2" {
      + id             = (known after apply)
      + region         = "us-west-2"
      + route_table_id = (known after apply)
      + subnet_id      = (known after apply)
    }

  # aws_subnet.priv_one will be created
  + resource "aws_subnet" "priv_one" {
      + arn                                            = (known after apply)
      + assign_ipv6_address_on_creation                = false
      + availability_zone                              = "us-west-2a"
      + availability_zone_id                           = (known after apply)
      + cidr_block                                     = "10.0.3.0/24"
      + enable_dns64                                   = false
      + enable_resource_name_dns_a_record_on_launch    = false
      + enable_resource_name_dns_aaaa_record_on_launch = false
      + id                                             = (known after apply)
      + ipv6_cidr_block_association_id                 = (known after apply)
      + ipv6_native                                    = false
      + map_public_ip_on_launch                        = false
      + owner_id                                       = (known after apply)
      + private_dns_hostname_type_on_launch            = (known after apply)
      + region                                         = "us-west-2"
      + tags                                           = {
          + "Name" = "Private Subnet one"
        }
      + tags_all                                       = {
          + "Name" = "Private Subnet one"
        }
      + vpc_id                                         = (known after apply)
    }

  # aws_subnet.priv_two will be created
  + resource "aws_subnet" "priv_two" {
      + arn                                            = (known after apply)
      + assign_ipv6_address_on_creation                = false
      + availability_zone                              = "us-west-2b"
      + availability_zone_id                           = (known after apply)
      + cidr_block                                     = "10.0.4.0/24"
      + enable_dns64                                   = false
      + enable_resource_name_dns_a_record_on_launch    = false
      + enable_resource_name_dns_aaaa_record_on_launch = false
      + id                                             = (known after apply)
      + ipv6_cidr_block_association_id                 = (known after apply)
      + ipv6_native                                    = false
      + map_public_ip_on_launch                        = false
      + owner_id                                       = (known after apply)
      + private_dns_hostname_type_on_launch            = (known after apply)
      + region                                         = "us-west-2"
      + tags                                           = {
          + "Name" = "Private Subnet two"
        }
      + tags_all                                       = {
          + "Name" = "Private Subnet two"
        }
      + vpc_id                                         = (known after apply)
    }

  # aws_subnet.pub_one will be created
  + resource "aws_subnet" "pub_one" {
      + arn                                            = (known after apply)
      + assign_ipv6_address_on_creation                = false
      + availability_zone                              = "us-west-2a"
      + availability_zone_id                           = (known after apply)
      + cidr_block                                     = "10.0.1.0/24"
      + enable_dns64                                   = false
      + enable_resource_name_dns_a_record_on_launch    = false
      + enable_resource_name_dns_aaaa_record_on_launch = false
      + id                                             = (known after apply)
      + ipv6_cidr_block_association_id                 = (known after apply)
      + ipv6_native                                    = false
      + map_public_ip_on_launch                        = true
      + owner_id                                       = (known after apply)
      + private_dns_hostname_type_on_launch            = (known after apply)
      + region                                         = "us-west-2"
      + tags                                           = {
          + "Name" = "Pub Subnet One"
        }
      + tags_all                                       = {
          + "Name" = "Pub Subnet One"
        }
      + vpc_id                                         = (known after apply)
    }

  # aws_subnet.pub_two will be created
  + resource "aws_subnet" "pub_two" {
      + arn                                            = (known after apply)
      + assign_ipv6_address_on_creation                = false
      + availability_zone                              = "us-west-2b"
      + availability_zone_id                           = (known after apply)
      + cidr_block                                     = "10.0.2.0/24"
      + enable_dns64                                   = false
      + enable_resource_name_dns_a_record_on_launch    = false
      + enable_resource_name_dns_aaaa_record_on_launch = false
      + id                                             = (known after apply)
      + ipv6_cidr_block_association_id                 = (known after apply)
      + ipv6_native                                    = false
      + map_public_ip_on_launch                        = true
      + owner_id                                       = (known after apply)
      + private_dns_hostname_type_on_launch            = (known after apply)
      + region                                         = "us-west-2"
      + tags                                           = {
          + "Name" = "Pub Subnet two"
        }
      + tags_all                                       = {
          + "Name" = "Pub Subnet two"
        }
      + vpc_id                                         = (known after apply)
    }

  # aws_vpc.eks_vpc will be created
  + resource "aws_vpc" "eks_vpc" {
      + arn                                  = (known after apply)
      + cidr_block                           = "10.0.0.0/16"
      + default_network_acl_id               = (known after apply)
      + default_route_table_id               = (known after apply)
      + default_security_group_id            = (known after apply)
      + dhcp_options_id                      = (known after apply)
      + enable_dns_hostnames                 = true
      + enable_dns_support                   = true
      + enable_network_address_usage_metrics = (known after apply)
      + id                                   = (known after apply)
      + instance_tenancy                     = "default"
      + ipv6_association_id                  = (known after apply)
      + ipv6_cidr_block                      = (known after apply)
      + ipv6_cidr_block_network_border_group = (known after apply)
      + main_route_table_id                  = (known after apply)
      + owner_id                             = (known after apply)
      + region                               = "us-west-2"
      + tags                                 = {
          + "Environment" = "Production"
          + "Name"        = "main_vpc"
          + "Team"        = "DevOps"
        }
      + tags_all                             = {
          + "Environment" = "Production"
          + "Name"        = "main_vpc"
          + "Team"        = "DevOps"
        }
    }

Plan: 24 to add, 0 to change, 0 to destroy.

Changes to Outputs:
  + subnet1_id = (known after apply)
  + subnet2_id = (known after apply)
  + subnet3_id = (known after apply)
  + subnet4_id = (known after apply)
aws_iam_role.eks_cluster_role: Creating...
aws_vpc.eks_vpc: Creating...
aws_iam_role.eks_worker_node_role: Creating...
aws_eip.nat_eip: Creating...
aws_iam_role.eks_cluster_role: Creation complete after 0s [id=eks_cluster_role]
aws_iam_role.eks_worker_node_role: Creation complete after 0s [id=eks_worker_node_role]
aws_iam_role_policy_attachment.eks_ec2CR_policy_attachment: Creating...
aws_iam_role_policy_attachment.eks_cni_policy_attachment: Creating...
aws_iam_role_policy_attachment.eks_worker_node_policy_attachment: Creating...
aws_iam_role_policy_attachment.eks_cluster_role_attachment: Creating...
aws_iam_role_policy_attachment.eks_ec2CR_policy_attachment: Creation complete after 0s [id=eks_worker_node_role/arn:aws:iam::aws:policy/AmazonEC2ContainerRegistryReadOnly]
aws_iam_role_policy_attachment.eks_cni_policy_attachment: Creation complete after 0s [id=eks_worker_node_role/arn:aws:iam::aws:policy/AmazonEKS_CNI_Policy]
aws_iam_role_policy_attachment.eks_cluster_role_attachment: Creation complete after 0s [id=eks_cluster_role/arn:aws:iam::aws:policy/AmazonEKSClusterPolicy]
aws_iam_role_policy_attachment.eks_worker_node_policy_attachment: Creation complete after 0s [id=eks_worker_node_role/arn:aws:iam::aws:policy/AmazonEKSWorkerNodePolicy]
aws_eip.nat_eip: Creation complete after 1s [id=eipalloc-f02cfdb14d7c83215]
aws_vpc.eks_vpc: Still creating... [00m10s elapsed]
aws_vpc.eks_vpc: Creation complete after 11s [id=vpc-6b62dab9b482fa664]
aws_route_table.public_subnet_route_table: Creating...
aws_route_table.private_subnet_route_table: Creating...
aws_subnet.priv_two: Creating...
aws_internet_gateway.eks_igw: Creating...
aws_subnet.priv_one: Creating...
aws_subnet.pub_one: Creating...
aws_subnet.pub_two: Creating...
aws_subnet.priv_one: Creation complete after 0s [id=subnet-071c2acce98dd439b]
aws_subnet.priv_two: Creation complete after 0s [id=subnet-f87e9ad64f3e18838]
aws_internet_gateway.eks_igw: Creation complete after 0s [id=igw-f2f3ce410d6be1c8a]
aws_route_table.public_subnet_route_table: Creation complete after 0s [id=rtb-7f3235322ca587e77]
aws_route_table.private_subnet_route_table: Creation complete after 0s [id=rtb-009f093f86aabf7ca]
aws_route_table_association.private_subnet_route_table_association_2: Creating...
aws_route_table_association.private_subnet_route_table_association: Creating...
aws_route.public_subnet_internet_gateway_route: Creating...
aws_route_table_association.private_subnet_route_table_association: Creation complete after 0s [id=rtbassoc-219b9bc2b715e50a0]
aws_route_table_association.private_subnet_route_table_association_2: Creation complete after 0s [id=rtbassoc-89252ba7afacf7815]
aws_route.public_subnet_internet_gateway_route: Creation complete after 0s [id=r-rtb-7f3235322ca587e771080289494]
aws_subnet.pub_one: Still creating... [00m10s elapsed]
aws_subnet.pub_two: Still creating... [00m10s elapsed]
aws_subnet.pub_two: Creation complete after 10s [id=subnet-8e2129bee4ffe4549]
aws_subnet.pub_one: Creation complete after 10s [id=subnet-6977dd5d358d7d602]
aws_route_table_association.public_subnet_route_table_association: Creating...
aws_route_table_association.public_subnet_route_table_association_2: Creating...
aws_nat_gateway.eks_nat_gw: Creating...
aws_eks_cluster.pumej_cluster: Creating...
aws_route_table_association.public_subnet_route_table_association: Creation complete after 0s [id=rtbassoc-f4d7bf52b3149693c]
aws_route_table_association.public_subnet_route_table_association_2: Creation complete after 0s [id=rtbassoc-78d4b841c887001ef]
aws_nat_gateway.eks_nat_gw: Creation complete after 0s [id=nat-0497fcb8101d40a68]
aws_route.private_subnet_nat_gateway_route: Creating...
aws_route.private_subnet_nat_gateway_route: Creation complete after 0s [id=r-rtb-009f093f86aabf7ca1080289494]
