{"format_version":"1.2","terraform_version":"1.13.5","planned_values":{"outputs":{"load_balancer_ip":{"sensitive":false}},"root_module":{"resources":[{"address":"aws_ecs_cluster.main","mode":"managed","type":"aws_ecs_cluster","name":"main","provider_name":"registry.terraform.io/hashicorp/aws","schema_version":0,"values":{"configuration":[],"name":"example-cluster","region":"ap-south-1","service_connect_defaults":[],"tags":null},"sensitive_values":{"configuration":[],"service_connect_defaults":[],"setting":[],"tags_all":{}}},{"address":"aws_ecs_service.hello_world","mode":"managed","type":"aws_ecs_service","name":"hello_world","provider_name":"registry.terraform.io/hashicorp/aws","schema_version":1,"values":{"alarms":[],"capacity_provider_strategy":[],"deployment_circuit_breaker":[],"deployment_controller":[],"deployment_maximum_percent":200,"deployment_minimum_healthy_percent":100,"desired_count":1,"enable_ecs_managed_tags":false,"enable_execute_command":false,"force_delete":null,"force_new_deployment":null,"health_check_grace_period_seconds":null,"launch_type":"FARGATE","load_balancer":[{"advanced_configuration":[],"container_name":"hello-world-app","container_port":8080,"elb_name":""}],"name":"hello-world-service","network_configuration":[{"assign_public_ip":false,"subnets":["subnet-0c7242d57050472a5"]}],"ordered_placement_strategy":[],"placement_constraints":[],"propagate_tags":null,"region":"ap-south-1","scheduling_strategy":"REPLICA","service_connect_configuration":[],"service_registries":[],"sigint_rollback":null,"tags":null,"timeouts":null,"volume_configuration":[],"vpc_lattice_configurations":[],"wait_for_steady_state":false},"sensitive_values":{"alarms":[],"capacity_provider_strategy":[],"deployment_circuit_breaker":[],"deployment_configuration":[],"deployment_controller":[],"load_balancer":[{"advanced_configuration":[]}],"network_configuration":[{"security_groups":[],"subnets":[false]}],"ordered_placement_strategy":[],"placement_constraints":[],"service_connect_configuration":[],"service_registries":[],"tags_all":{},"triggers":{},"volume_configuration":[],"vpc_lattice_configurations":[]}},{"address":"aws_ecs_task_definition.hello_world","mode":"managed","type":"aws_ecs_task_definition","name":"hello_world","provider_name":"registry.terraform.io/hashicorp/aws","schema_version":1,"values":{"container_definitions":"[{\"cpu\":1024,\"image\":\"433375820816.dkr.ecr.ap-south-1.amazonaws.com/nodeapp:img-test-lambda\",\"memory\":1024,\"name\":\"hello-world-app\",\"portMappings\":[{\"containerPort\":8080,\"hostPort\":8080}]}]","cpu":"1024","ephemeral_storage":[],"execution_role_arn":"arn:aws:iam::433375820816:role/ecr","family":"hello-world-app","ipc_mode":null,"memory":"2048","network_mode":"awsvpc","pid_mode":null,"placement_constraints":[],"proxy_configuration":[],"region":"ap-south-1","requires_compatibilities":["FARGATE"],"runtime_platform":[],"skip_destroy":false,"tags":null,"task_role_arn":null,"track_latest":false,"volume":[]},"sensitive_values":{"ephemeral_storage":[],"placement_constraints":[],"proxy_configuration":[],"requires_compatibilities":[false],"runtime_platform":[],"tags_all":{},"volume":[]}},{"address":"aws_lb.default","mode":"managed","type":"aws_lb","name":"default","provider_name":"registry.terraform.io/hashicorp/aws","schema_version":0,"values":{"access_logs":[],"client_keep_alive":3600,"connection_logs":[],"customer_owned_ipv4_pool":null,"desync_mitigation_mode":"defensive","dns_record_client_routing_policy":null,"drop_invalid_header_fields":false,"enable_cross_zone_load_balancing":null,"enable_deletion_protection":false,"enable_http2":true,"enable_tls_version_and_cipher_suite_headers":false,"enable_waf_fail_open":false,"enable_xff_client_port":false,"enable_zonal_shift":false,"health_check_logs":[],"idle_timeout":60,"ipam_pools":[],"load_balancer_type":"application","minimum_load_balancer_capacity":[],"name":"example-lb","preserve_host_header":false,"region":"ap-south-1","subnets":["subnet-0c7242d57050472a5","subnet-0ec1d54511102fa93"],"tags":null,"timeouts":null,"xff_header_processing_mode":"append"},"sensitive_values":{"access_logs":[],"connection_logs":[],"health_check_logs":[],"ipam_pools":[],"minimum_load_balancer_capacity":[],"security_groups":[],"subnet_mapping":[],"subnets":[false,false],"tags_all":{}},"identity_schema_version":0,"identity":{"arn":null}},{"address":"aws_lb_listener.hello_world","mode":"managed","type":"aws_lb_listener","name":"hello_world","provider_name":"registry.terraform.io/hashicorp/aws","schema_version":0,"values":{"alpn_policy":null,"certificate_arn":null,"default_action":[{"authenticate_cognito":[],"authenticate_oidc":[],"fixed_response":[],"forward":[],"jwt_validation":[],"redirect":[],"type":"forward"}],"port":80,"protocol":"HTTP","region":"ap-south-1","tags":null,"timeouts":null},"sensitive_values":{"default_action":[{"authenticate_cognito":[],"authenticate_oidc":[],"fixed_response":[],"forward":[],"jwt_validation":[],"redirect":[]}],"mutual_authentication":[],"tags_all":{}},"identity_schema_version":0,"identity":{"arn":null}},{"address":"aws_lb_target_group.hello_world","mode":"managed","type":"aws_lb_target_group","name":"hello_world","provider_name":"registry.terraform.io/hashicorp/aws","schema_version":0,"values":{"deregistration_delay":"300","lambda_multi_value_headers_enabled":false,"name":"example-target-group","port":80,"protocol":"HTTP","proxy_protocol_v2":false,"region":"ap-south-1","slow_start":0,"tags":null,"target_control_port":null,"target_type":"ip","vpc_id":"vpc-0ece565c65e0f14bd"},"sensitive_values":{"health_check":[],"load_balancer_arns":[],"stickiness":[],"tags_all":{},"target_failover":[],"target_group_health":[],"target_health_state":[]},"identity_schema_version":0,"identity":{"arn":null}},{"address":"aws_security_group.hello_world_task","mode":"managed","type":"aws_security_group","name":"hello_world_task","provider_name":"registry.terraform.io/hashicorp/aws","schema_version":1,"values":{"description":"Managed by Terraform","egress":[{"cidr_blocks":["0.0.0.0/0"],"description":"","from_port":0,"ipv6_cidr_blocks":[],"prefix_list_ids":[],"protocol":"-1","security_groups":[],"self":false,"to_port":0}],"ingress":[{"cidr_blocks":[],"description":"","from_port":80,"ipv6_cidr_blocks":[],"prefix_list_ids":[],"protocol":"tcp","self":false,"to_port":8080}],"name":"example-task-security-group","region":"ap-south-1","revoke_rules_on_delete":false,"tags":null,"timeouts":null,"vpc_id":"vpc-0ece565c65e0f14bd"},"sensitive_values":{"egress":[{"cidr_blocks":[false],"ipv6_cidr_blocks":[],"prefix_list_ids":[],"security_groups":[]}],"ingress":[{"cidr_blocks":[],"ipv6_cidr_blocks":[],"prefix_list_ids":[],"security_groups":[]}],"tags_all":{}},"identity_schema_version":0,"identity":{"account_id":null,"id":null,"region":null}},{"address":"aws_security_group.lb","mode":"managed","type":"aws_security_group","name":"lb","provider_name":"registry.terraform.io/hashicorp/aws","schema_version":1,"values":{"description":"Managed by Terraform","egress":[{"cidr_blocks":["0.0.0.0/0"],"description":"","from_port":0,"ipv6_cidr_blocks":[],"prefix_list_ids":[],"protocol":"-1","security_groups":[],"self":false,"to_port":0}],"ingress":[{"cidr_blocks":["0.0.0.0/0"],"description":"","from_port":8080,"ipv6_cidr_blocks":[],"prefix_list_ids":[],"protocol":"tcp","security_groups":[],"self":false,"to_port":8080},{"cidr_blocks":["0.0.0.0/0"],"description":"","from_port":80,"ipv6_cidr_blocks":[],"prefix_list_ids":[],"protocol":"tcp","security_groups":[],"self":false,"to_port":80}],"name":"example-alb-security-group","region":"ap-south-1","revoke_rules_on_delete":false,"tags":null,"timeouts":null,"vpc_id":"vpc-0ece565c65e0f14bd"},"sensitive_values":{"egress":[{"cidr_blocks":[false],"ipv6_cidr_blocks":[],"prefix_list_ids":[],"security_groups":[]}],"ingress":[{"cidr_blocks":[false],"ipv6_cidr_blocks":[],"prefix_list_ids":[],"security_groups":[]},{"cidr_blocks":[false],"ipv6_cidr_blocks":[],"prefix_list_ids":[],"security_groups":[]}],"tags_all":{}},"identity_schema_version":0,"identity":{"account_id":null,"id":null,"region":null}}]}},"resource_changes":[{"address":"aws_ecs_cluster.main","mode":"managed","type":"aws_ecs_cluster","name":"main","provider_name":"registry.terraform.io/hashicorp/aws","change":{"actions":["create"],"before":null,"after":{"configuration":[],"name":"example-cluster","region":"ap-south-1","service_connect_defaults":[],"tags":null},"after_unknown":{"arn":true,"configuration":[],"id":true,"service_connect_defaults":[],"setting":true,"tags_all":true},"before_sensitive":false,"after_sensitive":{"configuration":[],"service_connect_defaults":[],"setting":[],"tags_all":{}}}},{"address":"aws_ecs_service.hello_world","mode":"managed","type":"aws_ecs_service","name":"hello_world","provider_name":"registry.terraform.io/hashicorp/aws","change":{"actions":["create"],"before":null,"after":{"alarms":[],"capacity_provider_strategy":[],"deployment_circuit_breaker":[],"deployment_controller":[],"deployment_maximum_percent":200,"deployment_minimum_healthy_percent":100,"desired_count":1,"enable_ecs_managed_tags":false,"enable_execute_command":false,"force_delete":null,"force_new_deployment":null,"health_check_grace_period_seconds":null,"launch_type":"FARGATE","load_balancer":[{"advanced_configuration":[],"container_name":"hello-world-app","container_port":8080,"elb_name":""}],"name":"hello-world-service","network_configuration":[{"assign_public_ip":false,"subnets":["subnet-0c7242d57050472a5"]}],"ordered_placement_strategy":[],"placement_constraints":[],"propagate_tags":null,"region":"ap-south-1","scheduling_strategy":"REPLICA","service_connect_configuration":[],"service_registries":[],"sigint_rollback":null,"tags":null,"timeouts":null,"volume_configuration":[],"vpc_lattice_configurations":[],"wait_for_steady_state":false},"after_unknown":{"alarms":[],"arn":true,"availability_zone_rebalancing":true,"capacity_provider_strategy":[],"cluster":true,"deployment_circuit_breaker":[],"deployment_configuration":true,"deployment_controller":[],"iam_role":true,"id":true,"load_balancer":[{"advanced_configuration":[],"target_group_arn":true}],"network_configuration":[{"security_groups":true,"subnets":[false]}],"ordered_placement_strategy":[],"placement_constraints":[],"platform_version":true,"service_connect_configuration":[],"service_registries":[],"tags_all":true,"task_definition":true,"triggers":true,"volume_configuration":[],"vpc_lattice_configurations":[]},"before_sensitive":false,"after_sensitive":{"alarms":[],"capacity_provider_strategy":[],"deployment_circuit_breaker":[],"deployment_configuration":[],"deployment_controller":[],"load_balancer":[{"advanced_configuration":[]}],"network_configuration":[{"security_groups":[],"subnets":[false]}],"ordered_placement_strategy":[],"placement_constraints":[],"service_connect_configuration":[],"service_registries":[],"tags_all":{},"triggers":{},"volume_configuration":[],"vpc_lattice_configurations":[]}}},{"address":"aws_ecs_task_definition.hello_world","mode":"managed","type":"aws_ecs_task_definition","name":"hello_world","provider_name":"registry.terraform.io/hashicorp/aws","change":{"actions":["create"],"before":null,"after":{"container_definitions":"[{\"cpu\":1024,\"image\":\"433375820816.dkr.ecr.ap-south-1.amazonaws.com/nodeapp:img-test-lambda\",\"memory\":1024,\"name\":\"hello-world-app\",\"portMappings\":[{\"containerPort\":8080,\"hostPort\":8080}]}]","cpu":"1024","ephemeral_storage":[],"execution_role_arn":"arn:aws:iam::433375820816:role/ecr","family":"hello-world-app","ipc_mode":null,"memory":"2048","network_mode":"awsvpc","pid_mode":null,"placement_constraints":[],"proxy_configuration":[],"region":"ap-south-1","requires_compatibilities":["FARGATE"],"runtime_platform":[],"skip_destroy":false,"tags":null,"task_role_arn":null,"track_latest":false,"volume":[]},"after_unknown":{"arn":true,"arn_without_revision":true,"enable_fault_injection":true,"ephemeral_storage":[],"id":true,"placement_constraints":[],"proxy_configuration":[],"requires_compatibilities":[false],"revision":true,"runtime_platform":[],"tags_all":true,"volume":[]},"before_sensitive":false,"after_sensitive":{"ephemeral_storage":[],"placement_constraints":[],"proxy_configuration":[],"requires_compatibilities":[false],"runtime_platform":[],"tags_all":{},"volume":[]}}},{"address":"aws_lb.default","mode":"managed","type":"aws_lb","name":"default","provider_name":"registry.terraform.io/hashicorp/aws","change":{"actions":["create"],"before":null,"after":{"access_logs":[],"client_keep_alive":3600,"connection_logs":[],"customer_owned_ipv4_pool":null,"desync_mitigation_mode":"defensive","dns_record_client_routing_policy":null,"drop_invalid_header_fields":false,"enable_cross_zone_load_balancing":null,"enable_deletion_protection":false,"enable_http2":true,"enable_tls_version_and_cipher_suite_headers":false,"enable_waf_fail_open":false,"enable_xff_client_port":false,"enable_zonal_shift":false,"health_check_logs":[],"idle_timeout":60,"ipam_pools":[],"load_balancer_type":"application","minimum_load_balancer_capacity":[],"name":"example-lb","preserve_host_header":false,"region":"ap-south-1","subnets":["subnet-0c7242d57050472a5","subnet-0ec1d54511102fa93"],"tags":null,"timeouts":null,"xff_header_processing_mode":"append"},"after_unknown":{"access_logs":[],"arn":true,"arn_suffix":true,"connection_logs":[],"dns_name":true,"enforce_security_group_inbound_rules_on_private_link_traffic":true,"health_check_logs":[],"id":true,"internal":true,"ip_address_type":true,"ipam_pools":[],"minimum_load_balancer_capacity":[],"name_prefix":true,"secondary_ips_auto_assigned_per_subnet":true,"security_groups":true,"subnet_mapping":true,"subnets":[false,false],"tags_all":true,"vpc_id":true,"zone_id":true},"before_sensitive":false,"after_sensitive":{"access_logs":[],"connection_logs":[],"health_check_logs":[],"ipam_pools":[],"minimum_load_balancer_capacity":[],"security_groups":[],"subnet_mapping":[],"subnets":[false,false],"tags_all":{}},"after_identity":{"arn":null}}},{"address":"aws_lb_listener.hello_world","mode":"managed","type":"aws_lb_listener","name":"hello_world","provider_name":"registry.terraform.io/hashicorp/aws","change":{"actions":["create"],"before":null,"after":{"alpn_policy":null,"certificate_arn":null,"default_action":[{"authenticate_cognito":[],"authenticate_oidc":[],"fixed_response":[],"forward":[],"jwt_validation":[],"redirect":[],"type":"forward"}],"port":80,"protocol":"HTTP","region":"ap-south-1","tags":null,"timeouts":null},"after_unknown":{"arn":true,"default_action":[{"authenticate_cognito":[],"authenticate_oidc":[],"fixed_response":[],"forward":[],"jwt_validation":[],"order":true,"redirect":[],"target_group_arn":true}],"id":true,"load_balancer_arn":true,"mutual_authentication":true,"routing_http_request_x_amzn_mtls_clientcert_header_name":true,"routing_http_request_x_amzn_mtls_clientcert_issuer_header_name":true,"routing_http_request_x_amzn_mtls_clientcert_leaf_header_name":true,"routing_http_request_x_amzn_mtls_clientcert_serial_number_header_name":true,"routing_http_request_x_amzn_mtls_clientcert_subject_header_name":true,"routing_http_request_x_amzn_mtls_clientcert_validity_header_name":true,"routing_http_request_x_amzn_tls_cipher_suite_header_name":true,"routing_http_request_x_amzn_tls_version_header_name":true,"routing_http_response_access_control_allow_credentials_header_value":true,"routing_http_response_access_control_allow_headers_header_value":true,"routing_http_response_access_control_allow_methods_header_value":true,"routing_http_response_access_control_allow_origin_header_value":true,"routing_http_response_access_control_expose_headers_header_value":true,"routing_http_response_access_control_max_age_header_value":true,"routing_http_response_content_security_policy_header_value":true,"routing_http_response_server_enabled":true,"routing_http_response_strict_transport_security_header_value":true,"routing_http_response_x_content_type_options_header_value":true,"routing_http_response_x_frame_options_header_value":true,"ssl_policy":true,"tags_all":true,"tcp_idle_timeout_seconds":true},"before_sensitive":false,"after_sensitive":{"default_action":[{"authenticate_cognito":[],"authenticate_oidc":[],"fixed_response":[],"forward":[],"jwt_validation":[],"redirect":[]}],"mutual_authentication":[],"tags_all":{}},"after_identity":{"arn":null}}},{"address":"aws_lb_target_group.hello_world","mode":"managed","type":"aws_lb_target_group","name":"hello_world","provider_name":"registry.terraform.io/hashicorp/aws","change":{"actions":["create"],"before":null,"after":{"deregistration_delay":"300","lambda_multi_value_headers_enabled":false,"name":"example-target-group","port":80,"protocol":"HTTP","proxy_protocol_v2":false,"region":"ap-south-1","slow_start":0,"tags":null,"target_control_port":null,"target_type":"ip","vpc_id":"vpc-0ece565c65e0f14bd"},"after_unknown":{"arn":true,"arn_suffix":true,"connection_termination":true,"health_check":true,"id":true,"ip_address_type":true,"load_balancer_arns":true,"load_balancing_algorithm_type":true,"load_balancing_anomaly_mitigation":true,"load_balancing_cross_zone_enabled":true,"name_prefix":true,"preserve_client_ip":true,"protocol_version":true,"stickiness":true,"tags_all":true,"target_failover":true,"target_group_health":true,"target_health_state":true},"before_sensitive":false,"after_sensitive":{"health_check":[],"load_balancer_arns":[],"stickiness":[],"tags_all":{},"target_failover":[],"target_group_health":[],"target_health_state":[]},"after_identity":{"arn":null}}},{"address":"aws_security_group.hello_world_task","mode":"managed","type":"aws_security_group","name":"hello_world_task","provider_name":"registry.terraform.io/hashicorp/aws","change":{"actions":["create"],"before":null,"after":{"description":"Managed by Terraform","egress":[{"cidr_blocks":["0.0.0.0/0"],"description":"","from_port":0,"ipv6_cidr_blocks":[],"prefix_list_ids":[],"protocol":"-1","security_groups":[],"self":false,"to_port":0}],"ingress":[{"cidr_blocks":[],"description":"","from_port":80,"ipv6_cidr_blocks":[],"prefix_list_ids":[],"protocol":"tcp","self":false,"to_port":8080}],"name":"example-task-security-group","region":"ap-south-1","revoke_rules_on_delete":false,"tags":null,"timeouts":null,"vpc_id":"vpc-0ece565c65e0f14bd"},"after_unknown":{"arn":true,"egress":[{"cidr_blocks":[false],"ipv6_cidr_blocks":[],"prefix_list_ids":[],"security_groups":[]}],"id":true,"ingress":[{"cidr_blocks":[],"ipv6_cidr_blocks":[],"prefix_list_ids":[],"security_groups":true}],"name_prefix":true,"owner_id":true,"tags_all":true},"before_sensitive":false,"after_sensitive":{"egress":[{"cidr_blocks":[false],"ipv6_cidr_blocks":[],"prefix_list_ids":[],"security_groups":[]}],"ingress":[{"cidr_blocks":[],"ipv6_cidr_blocks":[],"prefix_list_ids":[],"security_groups":[]}],"tags_all":{}},"after_identity":{"account_id":null,"id":null,"region":null}}},{"address":"aws_security_group.lb","mode":"managed","type":"aws_security_group","name":"lb","provider_name":"registry.terraform.io/hashicorp/aws","change":{"actions":["create"],"before":null,"after":{"description":"Managed by Terraform","egress":[{"cidr_blocks":["0.0.0.0/0"],"description":"","from_port":0,"ipv6_cidr_blocks":[],"prefix_list_ids":[],"protocol":"-1","security_groups":[],"self":false,"to_port":0}],"ingress":[{"cidr_blocks":["0.0.0.0/0"],"description":"","from_port":8080,"ipv6_cidr_blocks":[],"prefix_list_ids":[],"protocol":"tcp","security_groups":[],"self":false,"to_port":8080},{"cidr_blocks":["0.0.0.0/0"],"description":"","from_port":80,"ipv6_cidr_blocks":[],"prefix_list_ids":[],"protocol":"tcp","security_groups":[],"self":false,"to_port":80}],"name":"example-alb-security-group","region":"ap-south-1","revoke_rules_on_delete":false,"tags":null,"timeouts":null,"vpc_id":"vpc-0ece565c65e0f14bd"},"after_unknown":{"arn":true,"egress":[{"cidr_blocks":[false],"ipv6_cidr_blocks":[],"prefix_list_ids":[],"security_groups":[]}],"id":true,"ingress":[{"cidr_blocks":[false],"ipv6_cidr_blocks":[],"prefix_list_ids":[],"security_groups":[]},{"cidr_blocks":[false],"ipv6_cidr_blocks":[],"prefix_list_ids":[],"security_groups":[]}],"name_prefix":true,"owner_id":true,"tags_all":true},"before_sensitive":false,"after_sensitive":{"egress":[{"cidr_blocks":[false],"ipv6_cidr_blocks":[],"prefix_list_ids":[],"security_groups":[]}],"ingress":[{"cidr_blocks":[false],"ipv6_cidr_blocks":[],"prefix_list_ids":[],"security_groups":[]},{"cidr_blocks":[false],"ipv6_cidr_blocks":[],"prefix_list_ids":[],"security_groups":[]}],"tags_all":{}},"after_identity":{"account_id":null,"id":null,"region":null}}}],"output_changes":{"load_balancer_ip":{"actions":["create"],"before":null,"after_unknown":true,"before_sensitive":false,"after_sensitive":false}},"configuration":{"provider_config":{"archive":{"name":"archive","full_name":"registry.terraform.io/hashicorp/archive","version_constraint":"\u003e= 2.0.0"},"aws":{"name":"aws","full_name":"registry.terraform.io/hashicorp/aws","version_constraint":"~\u003e 6.27.0","expressions":{"region":{"constant_value":"ap-south-1"},"shared_credentials_files":{"constant_value":["C:\\Users\\10729794\\.aws\\credentials"]}}}},"root_module":{"outputs":{"load_balancer_ip":{"expression":{"references":["aws_lb.default.dns_name","aws_lb.default"]}}},"resources":[{"address":"aws_ecs_cluster.main","mode":"managed","type":"aws_ecs_cluster","name":"main","provider_config_key":"aws","expressions":{"name":{"constant_value":"example-cluster"}},"schema_version":0},{"address":"aws_ecs_service.hello_world","mode":"managed","type":"aws_ecs_service","name":"hello_world","provider_config_key":"aws","expressions":{"cluster":{"references":["aws_ecs_cluster.main.id","aws_ecs_cluster.main"]},"desired_count":{"constant_value":1},"launch_type":{"constant_value":"FARGATE"},"load_balancer":[{"container_name":{"constant_value":"hello-world-app"},"container_port":{"constant_value":8080},"target_group_arn":{"references":["aws_lb_target_group.hello_world.id","aws_lb_target_group.hello_world"]}}],"name":{"constant_value":"hello-world-service"},"network_configuration":[{"security_groups":{"references":["aws_security_group.hello_world_task.id","aws_security_group.hello_world_task"]},"subnets":{"constant_value":["subnet-0c7242d57050472a5"]}}],"task_definition":{"references":["aws_ecs_task_definition.hello_world.arn","aws_ecs_task_definition.hello_world"]}},"schema_version":1,"depends_on":["aws_lb_listener.hello_world"]},{"address":"aws_ecs_task_definition.hello_world","mode":"managed","type":"aws_ecs_task_definition","name":"hello_world","provider_config_key":"aws","expressions":{"container_definitions":{"constant_value":"[\n  {\n    \"image\": \"433375820816.dkr.ecr.ap-south-1.amazonaws.com/nodeapp:img-test-lambda\",\n    \"cpu\": 1024,\n    \"memory\": 1024,\n    \"name\": \"hello-world-app\",\n    \"networkMode\": \"awsvpc\",\n    \"portMappings\": [\n      {\n        \"containerPort\": 8080,\n        \"hostPort\": 8080\n      }\n    ]\n  }\n]\n"},"cpu":{"constant_value":1024},"execution_role_arn":{"constant_value":"arn:aws:iam::433375820816:role/ecr"},"family":{"constant_value":"hello-world-app"},"memory":{"constant_value":2048},"network_mode":{"constant_value":"awsvpc"},"requires_compatibilities":{"constant_value":["FARGATE"]}},"schema_version":1},{"address":"aws_lb.default","mode":"managed","type":"aws_lb","name":"default","provider_config_key":"aws","expressions":{"name":{"constant_value":"example-lb"},"security_groups":{"references":["aws_security_group.lb.id","aws_security_group.lb"]},"subnets":{"constant_value":["subnet-0c7242d57050472a5","subnet-0ec1d54511102fa93"]}},"schema_version":0},{"address":"aws_lb_listener.hello_world","mode":"managed","type":"aws_lb_listener","name":"hello_world","provider_config_key":"aws","expressions":{"default_action":[{"target_group_arn":{"references":["aws_lb_target_group.hello_world.id","aws_lb_target_group.hello_world"]},"type":{"constant_value":"forward"}}],"load_balancer_arn":{"references":["aws_lb.default.id","aws_lb.default"]},"port":{"constant_value":"80"},"protocol":{"constant_value":"HTTP"}},"schema_version":0},{"address":"aws_lb_target_group.hello_world","mode":"managed","type":"aws_lb_target_group","name":"hello_world","provider_config_key":"aws","expressions":{"name":{"constant_value":"example-target-group"},"port":{"constant_value":80},"protocol":{"constant_value":"HTTP"},"target_type":{"constant_value":"ip"},"vpc_id":{"constant_value":"vpc-0ece565c65e0f14bd"}},"schema_version":0},{"address":"aws_security_group.hello_world_task","mode":"managed","type":"aws_security_group","name":"hello_world_task","provider_config_key":"aws","expressions":{"egress":{"constant_value":[{"cidr_blocks":["0.0.0.0/0"],"description":null,"from_port":0,"ipv6_cidr_blocks":null,"prefix_list_ids":null,"protocol":"-1","security_groups":null,"self":null,"to_port":0}]},"ingress":{"references":["aws_security_group.lb.id","aws_security_group.lb"]},"name":{"constant_value":"example-task-security-group"},"vpc_id":{"constant_value":"vpc-0ece565c65e0f14bd"}},"schema_version":1},{"address":"aws_security_group.lb","mode":"managed","type":"aws_security_group","name":"lb","provider_config_key":"aws","expressions":{"egress":{"constant_value":[{"cidr_blocks":["0.0.0.0/0"],"description":null,"from_port":0,"ipv6_cidr_blocks":null,"prefix_list_ids":null,"protocol":"-1","security_groups":null,"self":null,"to_port":0}]},"ingress":{"constant_value":[{"cidr_blocks":["0.0.0.0/0"],"description":null,"from_port":80,"ipv6_cidr_blocks":null,"prefix_list_ids":null,"protocol":"tcp","security_groups":null,"self":null,"to_port":80},{"cidr_blocks":["0.0.0.0/0"],"description":null,"from_port":8080,"ipv6_cidr_blocks":null,"prefix_list_ids":null,"protocol":"tcp","security_groups":null,"self":null,"to_port":8080}]},"name":{"constant_value":"example-alb-security-group"},"vpc_id":{"constant_value":"vpc-0ece565c65e0f14bd"}},"schema_version":1}]}},"relevant_attributes":[{"resource":"aws_lb.default","attribute":["dns_name"]},{"resource":"aws_lb.default","attribute":["id"]},{"resource":"aws_security_group.lb","attribute":["id"]},{"resource":"aws_ecs_cluster.main","attribute":["id"]},{"resource":"aws_ecs_task_definition.hello_world","attribute":["arn"]},{"resource":"aws_lb_target_group.hello_world","attribute":["id"]},{"resource":"aws_security_group.hello_world_task","attribute":["id"]}],"timestamp":"2025-12-22T23:43:49Z","applyable":true,"complete":true,"errored":false}
