{
  "version": 4,
  "terraform_version": "1.13.5",
  "serial": 4,
  "lineage": "ea65b309-102a-4543-ca9c-efd22881db58",
  "outputs": {
    "eb_ec2_role_name": {
      "value": "dash-dashboard-demo-eb-ec2-c31c06e7",
      "type": "string"
    }
  },
  "resources": [
    {
      "mode": "data",
      "type": "aws_iam_policy_document",
      "name": "ec2_assume_role",
      "provider": "provider[\"registry.terraform.io/hashicorp/aws\"]",
      "instances": [
        {
          "schema_version": 0,
          "attributes": {
            "id": "2851119427",
            "json": "{\n  \"Version\": \"2012-10-17\",\n  \"Statement\": [\n    {\n      \"Effect\": \"Allow\",\n      \"Action\": \"sts:AssumeRole\",\n      \"Principal\": {\n        \"Service\": \"ec2.amazonaws.com\"\n      }\n    }\n  ]\n}",
            "minified_json": "{\"Version\":\"2012-10-17\",\"Statement\":[{\"Effect\":\"Allow\",\"Action\":\"sts:AssumeRole\",\"Principal\":{\"Service\":\"ec2.amazonaws.com\"}}]}",
            "override_json": null,
            "override_policy_documents": null,
            "policy_id": null,
            "source_json": null,
            "source_policy_documents": null,
            "statement": [
              {
                "actions": [
                  "sts:AssumeRole"
                ],
                "condition": [],
                "effect": "Allow",
                "not_actions": [],
                "not_principals": [],
                "not_resources": [],
                "principals": [
                  {
                    "identifiers": [
                      "ec2.amazonaws.com"
                    ],
                    "type": "Service"
                  }
                ],
                "resources": [],
                "sid": ""
              }
            ],
            "version": "2012-10-17"
          },
          "sensitive_attributes": [],
          "identity_schema_version": 0
        }
      ]
    },
    {
      "mode": "managed",
      "type": "aws_iam_instance_profile",
      "name": "eb_ec2",
      "provider": "provider[\"registry.terraform.io/hashicorp/aws\"]",
      "instances": [
        {
          "schema_version": 0,
          "attributes": {
            "arn": "arn:aws:iam::000000000000:instance-profile/dash-dashboard-demo-eb-ec2-c31c06e7",
            "create_date": "2026-01-25T17:36:56Z",
            "id": "dash-dashboard-demo-eb-ec2-c31c06e7",
            "name": "dash-dashboard-demo-eb-ec2-c31c06e7",
            "name_prefix": "",
            "path": "/",
            "role": "dash-dashboard-demo-eb-ec2-c31c06e7",
            "tags": null,
            "tags_all": {
              "Managed": "terraform",
              "Project": "dash-dashboard-demo"
            },
            "unique_id": "2ixr17sya0ckfkiq6z7z"
          },
          "sensitive_attributes": [],
          "identity_schema_version": 0,
          "private": "bnVsbA==",
          "dependencies": [
            "aws_iam_role.eb_ec2_role",
            "data.aws_iam_policy_document.ec2_assume_role",
            "random_id.suffix"
          ]
        }
      ]
    },
    {
      "mode": "managed",
      "type": "aws_iam_role",
      "name": "eb_ec2_role",
      "provider": "provider[\"registry.terraform.io/hashicorp/aws\"]",
      "instances": [
        {
          "schema_version": 0,
          "attributes": {
            "arn": "arn:aws:iam::000000000000:role/dash-dashboard-demo-eb-ec2-c31c06e7",
            "assume_role_policy": "{\"Statement\":[{\"Action\":\"sts:AssumeRole\",\"Effect\":\"Allow\",\"Principal\":{\"Service\":\"ec2.amazonaws.com\"}}],\"Version\":\"2012-10-17\"}",
            "create_date": "2026-01-25T17:36:56Z",
            "description": "",
            "force_detach_policies": false,
            "id": "dash-dashboard-demo-eb-ec2-c31c06e7",
            "inline_policy": [],
            "managed_policy_arns": [],
            "max_session_duration": 3600,
            "name": "dash-dashboard-demo-eb-ec2-c31c06e7",
            "name_prefix": "",
            "path": "/",
            "permissions_boundary": "",
            "tags": null,
            "tags_all": {
              "Managed": "terraform",
              "Project": "dash-dashboard-demo"
            },
            "unique_id": "AROAQAAAAAAAJ2IIIMLUC"
          },
          "sensitive_attributes": [],
          "identity_schema_version": 0,
          "identity": {
            "account_id": "000000000000",
            "name": "dash-dashboard-demo-eb-ec2-c31c06e7"
          },
          "private": "bnVsbA==",
          "dependencies": [
            "data.aws_iam_policy_document.ec2_assume_role",
            "random_id.suffix"
          ]
        }
      ]
    },
    {
      "mode": "managed",
      "type": "aws_iam_role_policy_attachment",
      "name": "eb_web_tier",
      "provider": "provider[\"registry.terraform.io/hashicorp/aws\"]",
      "instances": [
        {
          "schema_version": 0,
          "attributes": {
            "id": "dash-dashboard-demo-eb-ec2-c31c06e7/arn:aws:iam::aws:policy/AWSElasticBeanstalkWebTier",
            "policy_arn": "arn:aws:iam::aws:policy/AWSElasticBeanstalkWebTier",
            "role": "dash-dashboard-demo-eb-ec2-c31c06e7"
          },
          "sensitive_attributes": [],
          "identity_schema_version": 0,
          "identity": {
            "account_id": "000000000000",
            "policy_arn": "arn:aws:iam::aws:policy/AWSElasticBeanstalkWebTier",
            "role": "dash-dashboard-demo-eb-ec2-c31c06e7"
          },
          "private": "bnVsbA==",
          "dependencies": [
            "aws_iam_role.eb_ec2_role",
            "data.aws_iam_policy_document.ec2_assume_role",
            "random_id.suffix"
          ]
        }
      ]
    },
    {
      "mode": "managed",
      "type": "aws_s3_bucket",
      "name": "artifacts",
      "provider": "provider[\"registry.terraform.io/hashicorp/aws\"]",
      "instances": []
    },
    {
      "mode": "managed",
      "type": "random_id",
      "name": "suffix",
      "provider": "provider[\"registry.terraform.io/hashicorp/random\"]",
      "instances": [
        {
          "schema_version": 0,
          "attributes": {
            "b64_std": "wxwG5w==",
            "b64_url": "wxwG5w",
            "byte_length": 4,
            "dec": "3273393895",
            "hex": "c31c06e7",
            "id": "wxwG5w",
            "keepers": null,
            "prefix": null
          },
          "sensitive_attributes": [],
          "identity_schema_version": 0
        }
      ]
    }
  ],
  "check_results": null
}
