{"format_version":"1.2","terraform_version":"1.13.5","variables":{"cert_manager_chart":{"value":"cert-manager"},"cert_manager_chart_version":{"value":null},"cert_manager_create_namespace":{"value":false},"cert_manager_force_update":{"value":false},"cert_manager_install_crds":{"value":true},"cert_manager_name":{"value":"cert-manager"},"cert_manager_namespace":{"value":"cert-manager"},"cert_manager_repository":{"value":"https://charts.jetstack.io"},"cert_manager_skip_crds":{"value":false},"github_owner":{"value":"avnes"},"github_repository_branch":{"value":"main"},"github_repository_name":{"value":"rke-setting"},"github_repository_visibility":{"value":"private"},"github_token":{"value":null},"github_vulnerability_alerts":{"value":true},"rancher_chart":{"value":"rancher"},"rancher_chart_version":{"value":null},"rancher_ingress_hostname":{"value":"rancher-lb"},"rancher_name":{"value":"rancher"},"rancher_namespace":{"value":"cattle-system"},"rancher_repository":{"value":"https://releases.rancher.com/server-charts/stable"},"rke_cluster_name":{"value":"cowboy"},"rke_cluster_yaml":{"value":"cluster.yml"},"rke_debug":{"value":false},"rke_enable_cri_dockerd":{"value":true},"rke_kubeconfig":{"value":"kube_config_cluster.yml"},"rke_kubernetes_version":{"value":"v1.24.2-rancher1-1"},"rke_node_username":{"value":"ansible"},"rke_nodes":{"value":[]},"rke_ssh_key_path":{"value":"~/.ssh/rancher.pem"},"rke_statefile":{"value":"cluster.rkestate"}},"planned_values":{"outputs":{"kubeconfig":{"sensitive":true},"rancher_dashboard":{"sensitive":false,"type":"string","value":"Rancher Dashboard: https://rancher-lb/dashboard"},"rancher_password":{"sensitive":true},"rancher_username":{"sensitive":false},"save_kubeconfig":{"sensitive":false,"type":"string","value":"terraform output kubeconfig | grep -v EOT \u003e /.kube/cowboy.config \u0026\u0026 export KUBECONFIG=/.kube/cowboy.config"}},"root_module":{"resources":[{"address":"data.rancher2_cluster.local","mode":"data","type":"rancher2_cluster","name":"local","provider_name":"registry.terraform.io/rancher/rancher2","schema_version":0,"values":{"name":"local"},"sensitive_values":{"agent_env_vars":[],"aks_config":[],"aks_config_v2":[],"annotations":{},"ca_cert":true,"cluster_auth_endpoint":[],"cluster_monitoring_input":[],"cluster_registration_token":[],"cluster_template_answers":[],"cluster_template_questions":[],"eks_config":[],"eks_config_v2":[],"gke_config":[],"gke_config_v2":[],"k3s_config":[],"labels":{},"oke_config":[],"rke2_config":[],"rke_config":[]}},{"address":"github_branch_default.main","mode":"managed","type":"github_branch_default","name":"main","provider_name":"registry.terraform.io/hashicorp/github","schema_version":0,"values":{"branch":"main","rename":false,"repository":"rke-setting"},"sensitive_values":{}},{"address":"github_repository.main","mode":"managed","type":"github_repository","name":"main","provider_name":"registry.terraform.io/hashicorp/github","schema_version":1,"values":{"allow_auto_merge":false,"allow_merge_commit":true,"allow_rebase_merge":true,"allow_squash_merge":true,"allow_update_branch":null,"archive_on_destroy":null,"archived":false,"auto_init":true,"delete_branch_on_merge":false,"description":null,"gitignore_template":null,"has_discussions":null,"has_downloads":null,"has_issues":null,"has_projects":null,"has_wiki":null,"homepage_url":null,"ignore_vulnerability_alerts_during_read":null,"is_template":null,"license_template":null,"merge_commit_message":"PR_TITLE","merge_commit_title":"MERGE_MESSAGE","name":"rke-setting","pages":[],"squash_merge_commit_message":"COMMIT_MESSAGES","squash_merge_commit_title":"COMMIT_OR_PR_TITLE","template":[],"visibility":"private","vulnerability_alerts":true,"web_commit_signoff_required":false},"sensitive_values":{"pages":[],"security_and_analysis":[],"template":[],"topics":[]}},{"address":"github_repository_file.rke_cluster_yaml","mode":"managed","type":"github_repository_file","name":"rke_cluster_yaml","provider_name":"registry.terraform.io/hashicorp/github","schema_version":0,"values":{"autocreate_branch":null,"autocreate_branch_source_branch":null,"branch":"main","commit_author":null,"commit_email":null,"file":"cluster.yml","overwrite_on_create":false,"repository":"rke-setting"},"sensitive_values":{"content":true}},{"address":"github_repository_file.rke_kubeconfig","mode":"managed","type":"github_repository_file","name":"rke_kubeconfig","provider_name":"registry.terraform.io/hashicorp/github","schema_version":0,"values":{"autocreate_branch":null,"autocreate_branch_source_branch":null,"branch":"main","commit_author":null,"commit_email":null,"file":"kube_config_cluster.yml","overwrite_on_create":false,"repository":"rke-setting"},"sensitive_values":{"content":true}},{"address":"github_repository_file.rke_statefile","mode":"managed","type":"github_repository_file","name":"rke_statefile","provider_name":"registry.terraform.io/hashicorp/github","schema_version":0,"values":{"autocreate_branch":null,"autocreate_branch_source_branch":null,"branch":"main","commit_author":null,"commit_email":null,"file":"cluster.rkestate","overwrite_on_create":false,"repository":"rke-setting"},"sensitive_values":{"content":true}},{"address":"helm_release.cert_manager","mode":"managed","type":"helm_release","name":"cert_manager","provider_name":"registry.terraform.io/hashicorp/helm","schema_version":1,"values":{"atomic":false,"chart":"cert-manager","cleanup_on_fail":false,"create_namespace":false,"dependency_update":false,"description":null,"devel":null,"disable_crd_hooks":false,"disable_openapi_validation":false,"disable_webhooks":false,"force_update":false,"keyring":null,"lint":false,"max_history":0,"name":"cert-manager","namespace":"cert-manager","pass_credentials":false,"postrender":[],"recreate_pods":false,"render_subchart_notes":true,"replace":false,"repository":"https://charts.jetstack.io","repository_ca_file":null,"repository_cert_file":null,"repository_key_file":null,"repository_password":null,"repository_username":null,"reset_values":false,"reuse_values":false,"set":[{"name":"installCRDs","type":"","value":"true"}],"set_list":[],"set_sensitive":[],"skip_crds":false,"status":"deployed","timeout":300,"values":null,"verify":false,"version":"v1.19.2","wait":true,"wait_for_jobs":false},"sensitive_values":{"metadata":[],"postrender":[],"repository_password":true,"set":[{}],"set_list":[],"set_sensitive":[]}},{"address":"helm_release.rancher","mode":"managed","type":"helm_release","name":"rancher","provider_name":"registry.terraform.io/hashicorp/helm","schema_version":1,"values":{"atomic":false,"chart":"rancher","cleanup_on_fail":false,"create_namespace":false,"dependency_update":false,"description":null,"devel":null,"disable_crd_hooks":false,"disable_openapi_validation":false,"disable_webhooks":false,"force_update":false,"keyring":null,"lint":false,"max_history":0,"name":"rancher","namespace":"cattle-system","pass_credentials":false,"postrender":[],"recreate_pods":false,"render_subchart_notes":true,"replace":false,"repository":"https://releases.rancher.com/server-charts/stable","repository_ca_file":null,"repository_cert_file":null,"repository_key_file":null,"repository_password":null,"repository_username":null,"reset_values":false,"reuse_values":false,"set":[{"name":"bootstrapPassword","type":"","value":"admin"},{"name":"hostname","type":"","value":"rancher-lb"}],"set_list":[],"set_sensitive":[],"skip_crds":false,"status":"deployed","timeout":300,"values":null,"verify":false,"version":"2.13.1","wait":true,"wait_for_jobs":false},"sensitive_values":{"metadata":[],"postrender":[],"repository_password":true,"set":[{},{}],"set_list":[],"set_sensitive":[]}},{"address":"kubernetes_namespace.cattle_system","mode":"managed","type":"kubernetes_namespace","name":"cattle_system","provider_name":"registry.terraform.io/hashicorp/kubernetes","schema_version":0,"values":{"metadata":[{"annotations":null,"generate_name":null,"labels":{"created_by":"Terraform"},"name":"cattle-system"}],"timeouts":null,"wait_for_default_service_account":false},"sensitive_values":{"metadata":[{"labels":{}}]}},{"address":"kubernetes_namespace.cert_manager","mode":"managed","type":"kubernetes_namespace","name":"cert_manager","provider_name":"registry.terraform.io/hashicorp/kubernetes","schema_version":0,"values":{"metadata":[{"annotations":null,"generate_name":null,"labels":{"created_by":"Terraform"},"name":"cert-manager"}],"timeouts":null,"wait_for_default_service_account":false},"sensitive_values":{"metadata":[{"labels":{}}]}},{"address":"rancher2_app_v2.cis_benchmark","mode":"managed","type":"rancher2_app_v2","name":"cis_benchmark","provider_name":"registry.terraform.io/rancher/rancher2","schema_version":0,"values":{"chart_name":"rancher-cis-benchmark","cleanup_on_fail":false,"disable_hooks":false,"disable_open_api_validation":false,"force_upgrade":false,"name":"rancher-cis-benchmark","namespace":"cis-operator-system","project_id":null,"repo_name":"rancher-charts","timeouts":null,"values":null,"wait":true},"sensitive_values":{"annotations":{},"labels":{}}},{"address":"rancher2_app_v2.monitoring","mode":"managed","type":"rancher2_app_v2","name":"monitoring","provider_name":"registry.terraform.io/rancher/rancher2","schema_version":0,"values":{"chart_name":"rancher-monitoring","cleanup_on_fail":false,"disable_hooks":false,"disable_open_api_validation":false,"force_upgrade":false,"name":"rancher-monitoring","namespace":"cattle-monitoring-system","project_id":null,"repo_name":"rancher-charts","timeouts":null,"values":null,"wait":true},"sensitive_values":{"annotations":{},"labels":{}}},{"address":"rancher2_bootstrap.bootstrap","mode":"managed","type":"rancher2_bootstrap","name":"bootstrap","provider_name":"registry.terraform.io/rancher/rancher2","schema_version":0,"values":{"initial_password":"admin","telemetry":false,"token_ttl":0,"token_update":false,"ui_default_landing":"ember"},"sensitive_values":{"current_password":true,"initial_password":true,"password":true,"temp_token":true,"token":true}},{"address":"random_password.password","mode":"managed","type":"random_password","name":"password","provider_name":"registry.terraform.io/hashicorp/random","schema_version":3,"values":{"keepers":null,"length":16,"lower":true,"min_lower":0,"min_numeric":0,"min_special":0,"min_upper":0,"number":true,"numeric":true,"override_special":"!@#$%\u0026*-_=+:?","special":true,"upper":true},"sensitive_values":{"bcrypt_hash":true,"result":true}},{"address":"rke_cluster.cluster","mode":"managed","type":"rke_cluster","name":"cluster","provider_name":"registry.terraform.io/rancher/rke","schema_version":0,"values":{"addon_job_timeout":null,"addons":null,"addons_include":null,"authentication":[{"strategy":"x509"}],"authorization":[{"mode":"rbac","options":null}],"bastion_host":[],"cert_dir":null,"cloud_provider":[],"cluster_name":"cowboy","cluster_yaml":null,"custom_certs":false,"delay_on_creation":null,"dind":false,"dind_dns_server":null,"dind_storage_driver":null,"disable_port_check":false,"dns":[],"enable_cri_dockerd":true,"ignore_docker_version":null,"ingress":[],"kubernetes_version":"v1.24.2-rancher1-1","monitoring":[],"network":[{"aci_network_provider":[],"calico_network_provider":[],"canal_network_provider":[],"flannel_network_provider":[],"mtu":0,"plugin":"canal","weave_network_provider":[]}],"nodes":[],"nodes_conf":null,"prefix_path":null,"private_registries":[],"restore":[],"rotate_certificates":[],"services":[{"kube_api":[{"event_rate_limit":[],"secrets_encryption_config":[],"service_cluster_ip_range":"10.43.0.0/16"}],"kube_controller":[{"cluster_cidr":"10.42.0.0/16","service_cluster_ip_range":"10.43.0.0/16"}],"kubelet":[{"cluster_dns_server":"10.43.0.10","cluster_domain":"cluster.local","extra_binds":["/var/lib/dockershim:/var/lib/dockershim","/var/lib/cri-dockerd:/var/lib/cri-dockerd"],"generate_serving_certificate":false}]}],"services_etcd":[],"services_kube_api":[],"services_kube_controller":[],"services_kubelet":[],"services_kubeproxy":[],"services_scheduler":[],"ssh_agent_auth":false,"ssh_cert_path":null,"ssh_key_path":"~/.ssh/id_rsa","system_images":[],"timeouts":null,"update_only":false,"upgrade_strategy":[{"drain":true,"max_unavailable_worker":"35%"}]},"sensitive_values":{"authentication":[{"sans":[],"webhook":[]}],"authorization":[{}],"bastion_host":[],"ca_crt":true,"certificates":true,"client_cert":true,"client_key":true,"cloud_provider":[],"cluster_yaml":true,"control_plane_hosts":[],"dns":[],"etcd_hosts":[],"inactive_hosts":[],"ingress":[],"internal_kube_config_yaml":true,"kube_config_yaml":true,"monitoring":[],"network":[{"aci_network_provider":[],"calico_network_provider":[],"canal_network_provider":[],"flannel_network_provider":[],"options":{},"weave_network_provider":[]}],"nodes":[],"private_registries":[],"restore":[],"rke_cluster_yaml":true,"rke_state":true,"rotate_certificates":[],"running_system_images":[],"services":[{"etcd":[],"kube_api":[{"audit_log":[],"event_rate_limit":[],"extra_args":{},"extra_binds":[],"extra_env":[],"secrets_encryption_config":[]}],"kube_controller":[{"extra_args":{},"extra_binds":[],"extra_env":[]}],"kubelet":[{"extra_args":{},"extra_binds":[false,false],"extra_env":[]}],"kubeproxy":[],"scheduler":[]}],"services_etcd":[],"services_kube_api":[],"services_kube_controller":[],"services_kubelet":[],"services_kubeproxy":[],"services_scheduler":[],"system_images":[],"upgrade_strategy":[{"drain_input":[]}],"worker_hosts":[]}},{"address":"time_sleep.wait_for_cert_manager","mode":"managed","type":"time_sleep","name":"wait_for_cert_manager","provider_name":"registry.terraform.io/hashicorp/time","schema_version":0,"values":{"create_duration":"30s","destroy_duration":null,"triggers":null},"sensitive_values":{}},{"address":"time_sleep.wait_for_rancher","mode":"managed","type":"time_sleep","name":"wait_for_rancher","provider_name":"registry.terraform.io/hashicorp/time","schema_version":0,"values":{"create_duration":"60s","destroy_duration":null,"triggers":null},"sensitive_values":{}},{"address":"time_sleep.wait_for_rke","mode":"managed","type":"time_sleep","name":"wait_for_rke","provider_name":"registry.terraform.io/hashicorp/time","schema_version":0,"values":{"create_duration":"30s","destroy_duration":null,"triggers":null},"sensitive_values":{}}]}},"resource_changes":[{"address":"data.rancher2_cluster.local","mode":"data","type":"rancher2_cluster","name":"local","provider_name":"registry.terraform.io/rancher/rancher2","change":{"actions":["read"],"before":null,"after":{"name":"local"},"after_unknown":{"agent_env_vars":true,"aks_config":true,"aks_config_v2":true,"annotations":true,"ca_cert":true,"cluster_auth_endpoint":true,"cluster_monitoring_input":true,"cluster_registration_token":true,"cluster_template_answers":true,"cluster_template_id":true,"cluster_template_questions":true,"cluster_template_revision_id":true,"default_pod_security_admission_configuration_template_name":true,"default_pod_security_policy_template_id":true,"default_project_id":true,"description":true,"driver":true,"eks_config":true,"eks_config_v2":true,"enable_cluster_alerting":true,"enable_cluster_monitoring":true,"enable_network_policy":true,"fleet_workspace_name":true,"gke_config":true,"gke_config_v2":true,"id":true,"k3s_config":true,"kube_config":true,"labels":true,"oke_config":true,"rke2_config":true,"rke_config":true,"system_project_id":true},"before_sensitive":false,"after_sensitive":{"agent_env_vars":[],"aks_config":[],"aks_config_v2":[],"annotations":{},"ca_cert":true,"cluster_auth_endpoint":[],"cluster_monitoring_input":[],"cluster_registration_token":[],"cluster_template_answers":[],"cluster_template_questions":[],"eks_config":[],"eks_config_v2":[],"gke_config":[],"gke_config_v2":[],"k3s_config":[],"labels":{},"oke_config":[],"rke2_config":[],"rke_config":[]}},"action_reason":"read_because_dependency_pending"},{"address":"github_branch_default.main","mode":"managed","type":"github_branch_default","name":"main","provider_name":"registry.terraform.io/hashicorp/github","change":{"actions":["create"],"before":null,"after":{"branch":"main","rename":false,"repository":"rke-setting"},"after_unknown":{"etag":true,"id":true},"before_sensitive":false,"after_sensitive":{}}},{"address":"github_repository.main","mode":"managed","type":"github_repository","name":"main","provider_name":"registry.terraform.io/hashicorp/github","change":{"actions":["create"],"before":null,"after":{"allow_auto_merge":false,"allow_merge_commit":true,"allow_rebase_merge":true,"allow_squash_merge":true,"allow_update_branch":null,"archive_on_destroy":null,"archived":false,"auto_init":true,"delete_branch_on_merge":false,"description":null,"gitignore_template":null,"has_discussions":null,"has_downloads":null,"has_issues":null,"has_projects":null,"has_wiki":null,"homepage_url":null,"ignore_vulnerability_alerts_during_read":null,"is_template":null,"license_template":null,"merge_commit_message":"PR_TITLE","merge_commit_title":"MERGE_MESSAGE","name":"rke-setting","pages":[],"squash_merge_commit_message":"COMMIT_MESSAGES","squash_merge_commit_title":"COMMIT_OR_PR_TITLE","template":[],"visibility":"private","vulnerability_alerts":true,"web_commit_signoff_required":false},"after_unknown":{"allow_forking":true,"default_branch":true,"etag":true,"fork":true,"full_name":true,"git_clone_url":true,"html_url":true,"http_clone_url":true,"id":true,"node_id":true,"pages":[],"primary_language":true,"private":true,"repo_id":true,"security_and_analysis":true,"source_owner":true,"source_repo":true,"ssh_clone_url":true,"svn_url":true,"template":[],"topics":true},"before_sensitive":false,"after_sensitive":{"pages":[],"security_and_analysis":[],"template":[],"topics":[]}}},{"address":"github_repository_file.rke_cluster_yaml","mode":"managed","type":"github_repository_file","name":"rke_cluster_yaml","provider_name":"registry.terraform.io/hashicorp/github","change":{"actions":["create"],"before":null,"after":{"autocreate_branch":null,"autocreate_branch_source_branch":null,"branch":"main","commit_author":null,"commit_email":null,"file":"cluster.yml","overwrite_on_create":false,"repository":"rke-setting"},"after_unknown":{"autocreate_branch_source_sha":true,"commit_message":true,"commit_sha":true,"content":true,"id":true,"ref":true,"sha":true},"before_sensitive":false,"after_sensitive":{"content":true}}},{"address":"github_repository_file.rke_kubeconfig","mode":"managed","type":"github_repository_file","name":"rke_kubeconfig","provider_name":"registry.terraform.io/hashicorp/github","change":{"actions":["create"],"before":null,"after":{"autocreate_branch":null,"autocreate_branch_source_branch":null,"branch":"main","commit_author":null,"commit_email":null,"file":"kube_config_cluster.yml","overwrite_on_create":false,"repository":"rke-setting"},"after_unknown":{"autocreate_branch_source_sha":true,"commit_message":true,"commit_sha":true,"content":true,"id":true,"ref":true,"sha":true},"before_sensitive":false,"after_sensitive":{"content":true}}},{"address":"github_repository_file.rke_statefile","mode":"managed","type":"github_repository_file","name":"rke_statefile","provider_name":"registry.terraform.io/hashicorp/github","change":{"actions":["create"],"before":null,"after":{"autocreate_branch":null,"autocreate_branch_source_branch":null,"branch":"main","commit_author":null,"commit_email":null,"file":"cluster.rkestate","overwrite_on_create":false,"repository":"rke-setting"},"after_unknown":{"autocreate_branch_source_sha":true,"commit_message":true,"commit_sha":true,"content":true,"id":true,"ref":true,"sha":true},"before_sensitive":false,"after_sensitive":{"content":true}}},{"address":"helm_release.cert_manager","mode":"managed","type":"helm_release","name":"cert_manager","provider_name":"registry.terraform.io/hashicorp/helm","change":{"actions":["create"],"before":null,"after":{"atomic":false,"chart":"cert-manager","cleanup_on_fail":false,"create_namespace":false,"dependency_update":false,"description":null,"devel":null,"disable_crd_hooks":false,"disable_openapi_validation":false,"disable_webhooks":false,"force_update":false,"keyring":null,"lint":false,"max_history":0,"name":"cert-manager","namespace":"cert-manager","pass_credentials":false,"postrender":[],"recreate_pods":false,"render_subchart_notes":true,"replace":false,"repository":"https://charts.jetstack.io","repository_ca_file":null,"repository_cert_file":null,"repository_key_file":null,"repository_password":null,"repository_username":null,"reset_values":false,"reuse_values":false,"set":[{"name":"installCRDs","type":"","value":"true"}],"set_list":[],"set_sensitive":[],"skip_crds":false,"status":"deployed","timeout":300,"values":null,"verify":false,"version":"v1.19.2","wait":true,"wait_for_jobs":false},"after_unknown":{"id":true,"manifest":true,"metadata":true,"postrender":[],"set":[{}],"set_list":[],"set_sensitive":[]},"before_sensitive":false,"after_sensitive":{"metadata":[],"postrender":[],"repository_password":true,"set":[{}],"set_list":[],"set_sensitive":[]}}},{"address":"helm_release.rancher","mode":"managed","type":"helm_release","name":"rancher","provider_name":"registry.terraform.io/hashicorp/helm","change":{"actions":["create"],"before":null,"after":{"atomic":false,"chart":"rancher","cleanup_on_fail":false,"create_namespace":false,"dependency_update":false,"description":null,"devel":null,"disable_crd_hooks":false,"disable_openapi_validation":false,"disable_webhooks":false,"force_update":false,"keyring":null,"lint":false,"max_history":0,"name":"rancher","namespace":"cattle-system","pass_credentials":false,"postrender":[],"recreate_pods":false,"render_subchart_notes":true,"replace":false,"repository":"https://releases.rancher.com/server-charts/stable","repository_ca_file":null,"repository_cert_file":null,"repository_key_file":null,"repository_password":null,"repository_username":null,"reset_values":false,"reuse_values":false,"set":[{"name":"bootstrapPassword","type":"","value":"admin"},{"name":"hostname","type":"","value":"rancher-lb"}],"set_list":[],"set_sensitive":[],"skip_crds":false,"status":"deployed","timeout":300,"values":null,"verify":false,"version":"2.13.1","wait":true,"wait_for_jobs":false},"after_unknown":{"id":true,"manifest":true,"metadata":true,"postrender":[],"set":[{},{}],"set_list":[],"set_sensitive":[]},"before_sensitive":false,"after_sensitive":{"metadata":[],"postrender":[],"repository_password":true,"set":[{},{}],"set_list":[],"set_sensitive":[]}}},{"address":"kubernetes_namespace.cattle_system","mode":"managed","type":"kubernetes_namespace","name":"cattle_system","provider_name":"registry.terraform.io/hashicorp/kubernetes","change":{"actions":["create"],"before":null,"after":{"metadata":[{"annotations":null,"generate_name":null,"labels":{"created_by":"Terraform"},"name":"cattle-system"}],"timeouts":null,"wait_for_default_service_account":false},"after_unknown":{"id":true,"metadata":[{"generation":true,"labels":{},"resource_version":true,"uid":true}]},"before_sensitive":false,"after_sensitive":{"metadata":[{"labels":{}}]}}},{"address":"kubernetes_namespace.cert_manager","mode":"managed","type":"kubernetes_namespace","name":"cert_manager","provider_name":"registry.terraform.io/hashicorp/kubernetes","change":{"actions":["create"],"before":null,"after":{"metadata":[{"annotations":null,"generate_name":null,"labels":{"created_by":"Terraform"},"name":"cert-manager"}],"timeouts":null,"wait_for_default_service_account":false},"after_unknown":{"id":true,"metadata":[{"generation":true,"labels":{},"resource_version":true,"uid":true}]},"before_sensitive":false,"after_sensitive":{"metadata":[{"labels":{}}]}}},{"address":"rancher2_app_v2.cis_benchmark","mode":"managed","type":"rancher2_app_v2","name":"cis_benchmark","provider_name":"registry.terraform.io/rancher/rancher2","change":{"actions":["create"],"before":null,"after":{"chart_name":"rancher-cis-benchmark","cleanup_on_fail":false,"disable_hooks":false,"disable_open_api_validation":false,"force_upgrade":false,"name":"rancher-cis-benchmark","namespace":"cis-operator-system","project_id":null,"repo_name":"rancher-charts","timeouts":null,"values":null,"wait":true},"after_unknown":{"annotations":true,"chart_version":true,"cluster_id":true,"cluster_name":true,"deployment_values":true,"id":true,"labels":true,"system_default_registry":true},"before_sensitive":false,"after_sensitive":{"annotations":{},"labels":{}}}},{"address":"rancher2_app_v2.monitoring","mode":"managed","type":"rancher2_app_v2","name":"monitoring","provider_name":"registry.terraform.io/rancher/rancher2","change":{"actions":["create"],"before":null,"after":{"chart_name":"rancher-monitoring","cleanup_on_fail":false,"disable_hooks":false,"disable_open_api_validation":false,"force_upgrade":false,"name":"rancher-monitoring","namespace":"cattle-monitoring-system","project_id":null,"repo_name":"rancher-charts","timeouts":null,"values":null,"wait":true},"after_unknown":{"annotations":true,"chart_version":true,"cluster_id":true,"cluster_name":true,"deployment_values":true,"id":true,"labels":true,"system_default_registry":true},"before_sensitive":false,"after_sensitive":{"annotations":{},"labels":{}}}},{"address":"rancher2_bootstrap.bootstrap","mode":"managed","type":"rancher2_bootstrap","name":"bootstrap","provider_name":"registry.terraform.io/rancher/rancher2","change":{"actions":["create"],"before":null,"after":{"initial_password":"admin","telemetry":false,"token_ttl":0,"token_update":false,"ui_default_landing":"ember"},"after_unknown":{"current_password":true,"id":true,"password":true,"temp_token":true,"temp_token_id":true,"token":true,"token_id":true,"url":true,"user":true},"before_sensitive":false,"after_sensitive":{"current_password":true,"initial_password":true,"password":true,"temp_token":true,"token":true}}},{"address":"random_password.password","mode":"managed","type":"random_password","name":"password","provider_name":"registry.terraform.io/hashicorp/random","change":{"actions":["create"],"before":null,"after":{"keepers":null,"length":16,"lower":true,"min_lower":0,"min_numeric":0,"min_special":0,"min_upper":0,"number":true,"numeric":true,"override_special":"!@#$%\u0026*-_=+:?","special":true,"upper":true},"after_unknown":{"bcrypt_hash":true,"id":true,"result":true},"before_sensitive":false,"after_sensitive":{"bcrypt_hash":true,"result":true}}},{"address":"rke_cluster.cluster","mode":"managed","type":"rke_cluster","name":"cluster","provider_name":"registry.terraform.io/rancher/rke","change":{"actions":["create"],"before":null,"after":{"addon_job_timeout":null,"addons":null,"addons_include":null,"authentication":[{"strategy":"x509"}],"authorization":[{"mode":"rbac","options":null}],"bastion_host":[],"cert_dir":null,"cloud_provider":[],"cluster_name":"cowboy","cluster_yaml":null,"custom_certs":false,"delay_on_creation":null,"dind":false,"dind_dns_server":null,"dind_storage_driver":null,"disable_port_check":false,"dns":[],"enable_cri_dockerd":true,"ignore_docker_version":null,"ingress":[],"kubernetes_version":"v1.24.2-rancher1-1","monitoring":[],"network":[{"aci_network_provider":[],"calico_network_provider":[],"canal_network_provider":[],"flannel_network_provider":[],"mtu":0,"plugin":"canal","weave_network_provider":[]}],"nodes":[],"nodes_conf":null,"prefix_path":null,"private_registries":[],"restore":[],"rotate_certificates":[],"services":[{"kube_api":[{"event_rate_limit":[],"secrets_encryption_config":[],"service_cluster_ip_range":"10.43.0.0/16"}],"kube_controller":[{"cluster_cidr":"10.42.0.0/16","service_cluster_ip_range":"10.43.0.0/16"}],"kubelet":[{"cluster_dns_server":"10.43.0.10","cluster_domain":"cluster.local","extra_binds":["/var/lib/dockershim:/var/lib/dockershim","/var/lib/cri-dockerd:/var/lib/cri-dockerd"],"generate_serving_certificate":false}]}],"services_etcd":[],"services_kube_api":[],"services_kube_controller":[],"services_kubelet":[],"services_kubeproxy":[],"services_scheduler":[],"ssh_agent_auth":false,"ssh_cert_path":null,"ssh_key_path":"~/.ssh/id_rsa","system_images":[],"timeouts":null,"update_only":false,"upgrade_strategy":[{"drain":true,"max_unavailable_worker":"35%"}]},"after_unknown":{"api_server_url":true,"authentication":[{"sans":true,"webhook":true}],"authorization":[{}],"bastion_host":[],"ca_crt":true,"certificates":true,"client_cert":true,"client_key":true,"cloud_provider":[],"cluster_cidr":true,"cluster_dns_server":true,"cluster_domain":true,"control_plane_hosts":true,"dns":[],"etcd_hosts":true,"id":true,"inactive_hosts":true,"ingress":[],"internal_kube_config_yaml":true,"kube_admin_user":true,"kube_config_yaml":true,"monitoring":[],"network":[{"aci_network_provider":[],"calico_network_provider":[],"canal_network_provider":[],"flannel_network_provider":[],"options":true,"weave_network_provider":[]}],"nodes":[],"private_registries":[],"restore":[],"rke_cluster_yaml":true,"rke_state":true,"rotate_certificates":[],"running_system_images":true,"services":[{"etcd":true,"kube_api":[{"always_pull_images":true,"audit_log":true,"event_rate_limit":[],"extra_args":true,"extra_binds":true,"extra_env":true,"image":true,"pod_security_configuration":true,"pod_security_policy":true,"secrets_encryption_config":[],"service_node_port_range":true}],"kube_controller":[{"extra_args":true,"extra_binds":true,"extra_env":true,"image":true}],"kubelet":[{"extra_args":true,"extra_binds":[false,false],"extra_env":true,"fail_swap_on":true,"image":true,"infra_container_image":true}],"kubeproxy":true,"scheduler":true}],"services_etcd":[],"services_kube_api":[],"services_kube_controller":[],"services_kubelet":[],"services_kubeproxy":[],"services_scheduler":[],"system_images":[],"upgrade_strategy":[{"drain_input":true,"max_unavailable_controlplane":true}],"worker_hosts":true},"before_sensitive":false,"after_sensitive":{"authentication":[{"sans":[],"webhook":[]}],"authorization":[{}],"bastion_host":[],"ca_crt":true,"certificates":true,"client_cert":true,"client_key":true,"cloud_provider":[],"cluster_yaml":true,"control_plane_hosts":[],"dns":[],"etcd_hosts":[],"inactive_hosts":[],"ingress":[],"internal_kube_config_yaml":true,"kube_config_yaml":true,"monitoring":[],"network":[{"aci_network_provider":[],"calico_network_provider":[],"canal_network_provider":[],"flannel_network_provider":[],"options":{},"weave_network_provider":[]}],"nodes":[],"private_registries":[],"restore":[],"rke_cluster_yaml":true,"rke_state":true,"rotate_certificates":[],"running_system_images":[],"services":[{"etcd":[],"kube_api":[{"audit_log":[],"event_rate_limit":[],"extra_args":{},"extra_binds":[],"extra_env":[],"secrets_encryption_config":[]}],"kube_controller":[{"extra_args":{},"extra_binds":[],"extra_env":[]}],"kubelet":[{"extra_args":{},"extra_binds":[false,false],"extra_env":[]}],"kubeproxy":[],"scheduler":[]}],"services_etcd":[],"services_kube_api":[],"services_kube_controller":[],"services_kubelet":[],"services_kubeproxy":[],"services_scheduler":[],"system_images":[],"upgrade_strategy":[{"drain_input":[]}],"worker_hosts":[]}}},{"address":"time_sleep.wait_for_cert_manager","mode":"managed","type":"time_sleep","name":"wait_for_cert_manager","provider_name":"registry.terraform.io/hashicorp/time","change":{"actions":["create"],"before":null,"after":{"create_duration":"30s","destroy_duration":null,"triggers":null},"after_unknown":{"id":true},"before_sensitive":false,"after_sensitive":{}}},{"address":"time_sleep.wait_for_rancher","mode":"managed","type":"time_sleep","name":"wait_for_rancher","provider_name":"registry.terraform.io/hashicorp/time","change":{"actions":["create"],"before":null,"after":{"create_duration":"60s","destroy_duration":null,"triggers":null},"after_unknown":{"id":true},"before_sensitive":false,"after_sensitive":{}}},{"address":"time_sleep.wait_for_rke","mode":"managed","type":"time_sleep","name":"wait_for_rke","provider_name":"registry.terraform.io/hashicorp/time","change":{"actions":["create"],"before":null,"after":{"create_duration":"30s","destroy_duration":null,"triggers":null},"after_unknown":{"id":true},"before_sensitive":false,"after_sensitive":{}}}],"output_changes":{"kubeconfig":{"actions":["create"],"before":null,"after_unknown":true,"before_sensitive":true,"after_sensitive":true},"rancher_dashboard":{"actions":["create"],"before":null,"after":"Rancher Dashboard: https://rancher-lb/dashboard","after_unknown":false,"before_sensitive":false,"after_sensitive":false},"rancher_password":{"actions":["create"],"before":null,"after_unknown":true,"before_sensitive":true,"after_sensitive":true},"rancher_username":{"actions":["create"],"before":null,"after_unknown":true,"before_sensitive":false,"after_sensitive":false},"save_kubeconfig":{"actions":["create"],"before":null,"after":"terraform output kubeconfig | grep -v EOT \u003e /.kube/cowboy.config \u0026\u0026 export KUBECONFIG=/.kube/cowboy.config","after_unknown":false,"before_sensitive":false,"after_sensitive":false}},"prior_state":{"format_version":"1.0","terraform_version":"1.13.5","values":{"outputs":{"rancher_dashboard":{"sensitive":false,"value":"Rancher Dashboard: https://rancher-lb/dashboard","type":"string"},"save_kubeconfig":{"sensitive":false,"value":"terraform output kubeconfig | grep -v EOT \u003e /.kube/cowboy.config \u0026\u0026 export KUBECONFIG=/.kube/cowboy.config","type":"string"}},"root_module":{}}},"configuration":{"provider_config":{"aws":{"name":"aws","full_name":"registry.terraform.io/hashicorp/aws","expressions":{"access_key":{"constant_value":"mock"},"endpoints":[{"apigateway":{"constant_value":"http://localhost:4566"},"apigatewayv2":{"constant_value":"http://localhost:4566"},"cloudwatch":{"constant_value":"http://localhost:4566"},"cloudwatchevents":{"constant_value":"http://localhost:4566"},"dynamodb":{"constant_value":"http://localhost:4566"},"ec2":{"constant_value":"http://localhost:4566"},"ecr":{"constant_value":"http://localhost:4566"},"ecrpublic":{"constant_value":"http://localhost:4566"},"ecs":{"constant_value":"http://localhost:4566"},"efs":{"constant_value":"http://localhost:4566"},"iam":{"constant_value":"http://localhost:4566"},"kinesis":{"constant_value":"http://localhost:4566"},"kms":{"constant_value":"http://localhost:4566"},"lambda":{"constant_value":"http://localhost:4566"},"logs":{"constant_value":"http://localhost:4566"},"route53":{"constant_value":"http://localhost:4566"},"s3":{"constant_value":"http://localhost:4566"},"s3control":{"constant_value":"http://localhost:4566"},"secretsmanager":{"constant_value":"http://localhost:4566"},"sns":{"constant_value":"http://localhost:4566"},"sqs":{"constant_value":"http://localhost:4566"},"ssm":{"constant_value":"http://localhost:4566"},"sts":{"constant_value":"http://localhost:4566"}}],"region":{"constant_value":"us-east-1"},"s3_use_path_style":{"constant_value":true},"secret_key":{"constant_value":"mock"},"skip_credentials_validation":{"constant_value":true},"skip_metadata_api_check":{"constant_value":true},"skip_region_validation":{"constant_value":true},"skip_requesting_account_id":{"constant_value":true}}},"github":{"name":"github","full_name":"registry.terraform.io/hashicorp/github","expressions":{"owner":{"references":["var.github_owner"]},"token":{"references":["var.github_token"]}}},"helm":{"name":"helm","full_name":"registry.terraform.io/hashicorp/helm","version_constraint":"~\u003e 2.12.0","expressions":{"kubernetes":[{"client_certificate":{"references":["rke_cluster.cluster.client_cert","rke_cluster.cluster"]},"client_key":{"references":["rke_cluster.cluster.client_key","rke_cluster.cluster"]},"cluster_ca_certificate":{"references":["rke_cluster.cluster.ca_crt","rke_cluster.cluster"]},"host":{"references":["rke_cluster.cluster.api_server_url","rke_cluster.cluster"]},"username":{"references":["rke_cluster.cluster.kube_admin_user","rke_cluster.cluster"]}}]}},"kubernetes":{"name":"kubernetes","full_name":"registry.terraform.io/hashicorp/kubernetes","version_constraint":"~\u003e 2.26.0","expressions":{"client_certificate":{"references":["rke_cluster.cluster.client_cert","rke_cluster.cluster"]},"client_key":{"references":["rke_cluster.cluster.client_key","rke_cluster.cluster"]},"cluster_ca_certificate":{"references":["rke_cluster.cluster.ca_crt","rke_cluster.cluster"]},"host":{"references":["rke_cluster.cluster.api_server_url","rke_cluster.cluster"]},"username":{"references":["rke_cluster.cluster.kube_admin_user","rke_cluster.cluster"]}}},"rancher2":{"name":"rancher2","full_name":"registry.terraform.io/rancher/rancher2","version_constraint":"~\u003e 3.2.0"},"rancher2.admin":{"name":"rancher2","full_name":"registry.terraform.io/rancher/rancher2","alias":"admin","version_constraint":"~\u003e 3.2.0","expressions":{"api_url":{"references":["rancher2_bootstrap.bootstrap.url","rancher2_bootstrap.bootstrap"]},"insecure":{"constant_value":true},"token_key":{"references":["rancher2_bootstrap.bootstrap.token","rancher2_bootstrap.bootstrap"]}}},"rancher2.bootstrap":{"name":"rancher2","full_name":"registry.terraform.io/rancher/rancher2","alias":"bootstrap","version_constraint":"~\u003e 3.2.0","expressions":{"api_url":{"references":["local.rke_api_url"]},"bootstrap":{"constant_value":true},"insecure":{"constant_value":true},"timeout":{"constant_value":"3s"}}},"random":{"name":"random","full_name":"registry.terraform.io/hashicorp/random","version_constraint":"~\u003e 3.6.0"},"rke":{"name":"rke","full_name":"registry.terraform.io/rancher/rke","version_constraint":"~\u003e 1.4.0","expressions":{"debug":{"references":["var.rke_debug"]},"log_file":{"constant_value":"provision.log"}}},"time":{"name":"time","full_name":"registry.terraform.io/hashicorp/time","version_constraint":"~\u003e 0.10.0"}},"root_module":{"outputs":{"kubeconfig":{"sensitive":true,"expression":{"references":["rke_cluster.cluster.kube_config_yaml","rke_cluster.cluster"]}},"rancher_dashboard":{"expression":{"references":["local.rke_api_url"]}},"rancher_password":{"sensitive":true,"expression":{"references":["rancher2_bootstrap.bootstrap.current_password","rancher2_bootstrap.bootstrap"]}},"rancher_username":{"expression":{"references":["rancher2_bootstrap.bootstrap.user","rancher2_bootstrap.bootstrap"]}},"save_kubeconfig":{"expression":{"references":["local.kubeconfig_path","local.kubeconfig_path"]}}},"resources":[{"address":"github_branch_default.main","mode":"managed","type":"github_branch_default","name":"main","provider_config_key":"github","expressions":{"branch":{"references":["var.github_repository_branch"]},"repository":{"references":["github_repository.main.name","github_repository.main"]}},"schema_version":0},{"address":"github_repository.main","mode":"managed","type":"github_repository","name":"main","provider_config_key":"github","expressions":{"auto_init":{"constant_value":true},"name":{"references":["var.github_repository_name"]},"visibility":{"references":["var.github_repository_visibility"]},"vulnerability_alerts":{"references":["var.github_vulnerability_alerts"]}},"schema_version":1},{"address":"github_repository_file.rke_cluster_yaml","mode":"managed","type":"github_repository_file","name":"rke_cluster_yaml","provider_config_key":"github","expressions":{"branch":{"references":["var.github_repository_branch"]},"content":{"references":["rke_cluster.cluster.rke_cluster_yaml","rke_cluster.cluster"]},"file":{"references":["var.rke_cluster_yaml"]},"repository":{"references":["github_repository.main.name","github_repository.main"]}},"schema_version":0},{"address":"github_repository_file.rke_kubeconfig","mode":"managed","type":"github_repository_file","name":"rke_kubeconfig","provider_config_key":"github","expressions":{"branch":{"references":["var.github_repository_branch"]},"content":{"references":["rke_cluster.cluster.kube_config_yaml","rke_cluster.cluster"]},"file":{"references":["var.rke_kubeconfig"]},"repository":{"references":["github_repository.main.name","github_repository.main"]}},"schema_version":0},{"address":"github_repository_file.rke_statefile","mode":"managed","type":"github_repository_file","name":"rke_statefile","provider_config_key":"github","expressions":{"branch":{"references":["var.github_repository_branch"]},"content":{"references":["rke_cluster.cluster.rke_state","rke_cluster.cluster"]},"file":{"references":["var.rke_statefile"]},"repository":{"references":["github_repository.main.name","github_repository.main"]}},"schema_version":0},{"address":"helm_release.cert_manager","mode":"managed","type":"helm_release","name":"cert_manager","provider_config_key":"helm","expressions":{"chart":{"references":["var.cert_manager_chart"]},"create_namespace":{"references":["var.cert_manager_create_namespace"]},"force_update":{"references":["var.cert_manager_force_update"]},"name":{"references":["var.cert_manager_name"]},"namespace":{"references":["var.cert_manager_namespace"]},"repository":{"references":["var.cert_manager_repository"]},"set":[{"name":{"constant_value":"installCRDs"},"value":{"constant_value":true}}],"version":{"references":["var.cert_manager_chart_version"]}},"schema_version":1,"depends_on":["rke_cluster.cluster","time_sleep.wait_for_rke","kubernetes_namespace.cert_manager"]},{"address":"helm_release.rancher","mode":"managed","type":"helm_release","name":"rancher","provider_config_key":"helm","expressions":{"chart":{"references":["var.rancher_chart"]},"name":{"references":["var.rancher_name"]},"namespace":{"references":["var.rancher_namespace"]},"repository":{"references":["var.rancher_repository"]},"set":[{"name":{"constant_value":"hostname"},"value":{"references":["var.rancher_ingress_hostname"]}},{"name":{"constant_value":"bootstrapPassword"},"value":{"constant_value":"admin"}}],"version":{"references":["var.rancher_chart_version"]}},"schema_version":1,"depends_on":["helm_release.cert_manager","kubernetes_namespace.cattle_system","time_sleep.wait_for_cert_manager"]},{"address":"kubernetes_namespace.cattle_system","mode":"managed","type":"kubernetes_namespace","name":"cattle_system","provider_config_key":"kubernetes","expressions":{"metadata":[{"labels":{"constant_value":{"created_by":"Terraform"}},"name":{"references":["var.rancher_namespace"]}}]},"schema_version":0,"depends_on":["rke_cluster.cluster","time_sleep.wait_for_rke"]},{"address":"kubernetes_namespace.cert_manager","mode":"managed","type":"kubernetes_namespace","name":"cert_manager","provider_config_key":"kubernetes","expressions":{"metadata":[{"labels":{"constant_value":{"created_by":"Terraform"}},"name":{"references":["var.cert_manager_namespace"]}}]},"schema_version":0,"depends_on":["rke_cluster.cluster","time_sleep.wait_for_rke"]},{"address":"rancher2_app_v2.cis_benchmark","mode":"managed","type":"rancher2_app_v2","name":"cis_benchmark","provider_config_key":"rancher2.admin","expressions":{"chart_name":{"constant_value":"rancher-cis-benchmark"},"cluster_id":{"references":["data.rancher2_cluster.local.id","data.rancher2_cluster.local"]},"name":{"constant_value":"rancher-cis-benchmark"},"namespace":{"constant_value":"cis-operator-system"},"repo_name":{"constant_value":"rancher-charts"}},"schema_version":0,"depends_on":["helm_release.rancher","rancher2_bootstrap.bootstrap"]},{"address":"rancher2_app_v2.monitoring","mode":"managed","type":"rancher2_app_v2","name":"monitoring","provider_config_key":"rancher2.admin","expressions":{"chart_name":{"constant_value":"rancher-monitoring"},"cluster_id":{"references":["data.rancher2_cluster.local.id","data.rancher2_cluster.local"]},"name":{"constant_value":"rancher-monitoring"},"namespace":{"constant_value":"cattle-monitoring-system"},"repo_name":{"constant_value":"rancher-charts"}},"schema_version":0,"depends_on":["helm_release.rancher","rancher2_bootstrap.bootstrap"]},{"address":"rancher2_bootstrap.bootstrap","mode":"managed","type":"rancher2_bootstrap","name":"bootstrap","provider_config_key":"rancher2.bootstrap","expressions":{"initial_password":{"constant_value":"admin"},"password":{"references":["random_password.password.result","random_password.password"]}},"schema_version":0,"depends_on":["helm_release.rancher","kubernetes_namespace.cattle_system","random_password.password","time_sleep.wait_for_rancher"]},{"address":"random_password.password","mode":"managed","type":"random_password","name":"password","provider_config_key":"random","expressions":{"length":{"constant_value":16},"override_special":{"constant_value":"!@#$%\u0026*-_=+:?"},"special":{"constant_value":true}},"schema_version":3},{"address":"rke_cluster.cluster","mode":"managed","type":"rke_cluster","name":"cluster","provider_config_key":"rke","expressions":{"authentication":[{"strategy":{"constant_value":"x509"}}],"authorization":[{"mode":{"constant_value":"rbac"}}],"cluster_name":{"references":["var.rke_cluster_name"]},"enable_cri_dockerd":{"references":["var.rke_enable_cri_dockerd"]},"kubernetes_version":{"references":["var.rke_kubernetes_version"]},"network":[{"plugin":{"constant_value":"canal"}}],"services":[{"kube_api":[{"service_cluster_ip_range":{"constant_value":"10.43.0.0/16"}}],"kube_controller":[{"cluster_cidr":{"constant_value":"10.42.0.0/16"},"service_cluster_ip_range":{"constant_value":"10.43.0.0/16"}}],"kubelet":[{"cluster_dns_server":{"constant_value":"10.43.0.10"},"cluster_domain":{"constant_value":"cluster.local"},"extra_binds":{"constant_value":["/var/lib/dockershim:/var/lib/dockershim","/var/lib/cri-dockerd:/var/lib/cri-dockerd"]}}]}],"ssh_agent_auth":{"constant_value":false},"ssh_key_path":{"constant_value":"~/.ssh/id_rsa"},"upgrade_strategy":[{"drain":{"constant_value":true},"max_unavailable_worker":{"constant_value":"35%"}}]},"schema_version":0},{"address":"time_sleep.wait_for_cert_manager","mode":"managed","type":"time_sleep","name":"wait_for_cert_manager","provider_config_key":"time","expressions":{"create_duration":{"constant_value":"30s"}},"schema_version":0,"depends_on":["helm_release.cert_manager"]},{"address":"time_sleep.wait_for_rancher","mode":"managed","type":"time_sleep","name":"wait_for_rancher","provider_config_key":"time","expressions":{"create_duration":{"constant_value":"60s"}},"schema_version":0,"depends_on":["helm_release.rancher"]},{"address":"time_sleep.wait_for_rke","mode":"managed","type":"time_sleep","name":"wait_for_rke","provider_config_key":"time","expressions":{"create_duration":{"constant_value":"30s"}},"schema_version":0,"depends_on":["rke_cluster.cluster"]},{"address":"data.rancher2_cluster.local","mode":"data","type":"rancher2_cluster","name":"local","provider_config_key":"rancher2.admin","expressions":{"name":{"constant_value":"local"}},"schema_version":0,"depends_on":["helm_release.rancher","rancher2_bootstrap.bootstrap"]}],"variables":{"cert_manager_chart":{"default":"cert-manager","description":"Chart name to be installed. The chart name can be local path, a URL to a chart, or the name of the chart if repository is specified."},"cert_manager_chart_version":{"default":null,"description":"Specify the exact chart version to install. If this is not specified, the latest version is installed."},"cert_manager_create_namespace":{"default":false,"description":"Create the namespace if it does not yet exist. Defaults to false."},"cert_manager_force_update":{"default":false,"description":"Force resource update through delete/recreate if needed. Defaults to false."},"cert_manager_install_crds":{"default":true,"description":"Install cert-manager CRDs. If you don't install them here, you need to install them first."},"cert_manager_name":{"default":"cert-manager","description":"Release name."},"cert_manager_namespace":{"default":"cert-manager","description":"The namespace to install the release into. Defaults to default namespace."},"cert_manager_repository":{"default":"https://charts.jetstack.io","description":"Repository URL where to locate the requested chart."},"cert_manager_skip_crds":{"default":false,"description":"If set, no CRDs will be installed. By default, CRDs are installed if not already present. Defaults to false."},"github_owner":{"default":null,"description":"GitHub owner"},"github_repository_branch":{"default":"main","description":"GitHub repository branch name"},"github_repository_name":{"default":null,"description":"GitHub repository name"},"github_repository_visibility":{"default":"private","description":"How visible is the GitHub repo?"},"github_token":{"default":null,"description":"GitHub token"},"github_vulnerability_alerts":{"default":true,"description":"Should vulnerability alerts be sent to repository owner?"},"rancher_chart":{"default":"rancher","description":"Chart name to be installed. The chart name can be local path, a URL to a chart, or the name of the chart if repository is specified."},"rancher_chart_version":{"default":null,"description":"Specify the exact chart version to install. If this is not specified, the latest version is installed."},"rancher_ingress_hostname":{"default":null,"description":"The FQDN hostname for the desired ingress."},"rancher_name":{"default":"rancher","description":"Release name."},"rancher_namespace":{"default":"cattle-system","description":"The namespace to install the release into. Defaults to default cattle-system."},"rancher_repository":{"default":"https://releases.rancher.com/server-charts/stable","description":"Repository URL where to locate the requested chart."},"rke_cluster_name":{"default":null,"description":"RKE cluster name."},"rke_cluster_yaml":{"default":"cluster.yml","description":"The filename for the cluster configuration."},"rke_debug":{"default":false,"description":"Debug log level for RKE provisioning"},"rke_enable_cri_dockerd":{"default":false,"description":"Use CRI-O"},"rke_kubeconfig":{"default":"kube_config_cluster.yml","description":"The filename for the cluster kubeconfig."},"rke_kubernetes_version":{"default":null,"description":"Kubernetes version."},"rke_node_username":{"default":"rancher","description":"The username to connect to the node with."},"rke_nodes":{"description":"The list of nodes to install RKE on."},"rke_ssh_key_path":{"default":"~/.ssh/id_rsa","description":"The SSH private key to connect to the node with."},"rke_statefile":{"default":"cluster.rkestate","description":"The filename for the cluster state file."}}}},"relevant_attributes":[{"resource":"rke_cluster.cluster","attribute":["kube_config_yaml"]},{"resource":"data.rancher2_cluster.local","attribute":["id"]},{"resource":"random_password.password","attribute":["result"]},{"resource":"rke_cluster.cluster","attribute":["rke_cluster_yaml"]},{"resource":"rke_cluster.cluster","attribute":["rke_state"]},{"resource":"rancher2_bootstrap.bootstrap","attribute":["current_password"]},{"resource":"github_repository.main","attribute":["name"]},{"resource":"rancher2_bootstrap.bootstrap","attribute":["user"]}],"checks":[{"address":{"kind":"var","name":"github_repository_visibility","to_display":"var.github_repository_visibility"},"status":"pass","instances":[{"address":{"to_display":"var.github_repository_visibility"},"status":"pass"}]}],"timestamp":"2026-01-22T19:54:48Z","applyable":true,"complete":true,"errored":false}
