
Terraform used the selected providers to generate the following execution
plan. Resource actions are indicated with the following symbols:
  + create
 <= read (data resources)

Terraform will perform the following actions:

  # data.aws_iam_policy_document.site_read will be read during apply
  # (config refers to values not yet known)
 <= data "aws_iam_policy_document" "site_read" {
      + id            = (known after apply)
      + json          = (known after apply)
      + minified_json = (known after apply)

      + statement {
          + actions   = [
              + "s3:GetObject",
            ]
          + effect    = "Allow"
          + resources = [
              + (known after apply),
            ]
          + sid       = "AllowCloudFrontServicePrincipalReadOnly"

          + condition {
              + test     = "StringEquals"
              + values   = [
                  + (known after apply),
                ]
              + variable = "AWS:SourceArn"
            }

          + principals {
              + identifiers = [
                  + "cloudfront.amazonaws.com",
                ]
              + type        = "Service"
            }
        }
    }

  # aws_cloudfront_distribution.cdn will be created
  + resource "aws_cloudfront_distribution" "cdn" {
      + arn                             = (known after apply)
      + caller_reference                = (known after apply)
      + comment                         = "react-joke-app static site"
      + continuous_deployment_policy_id = (known after apply)
      + default_root_object             = "index.html"
      + domain_name                     = (known after apply)
      + enabled                         = true
      + etag                            = (known after apply)
      + hosted_zone_id                  = (known after apply)
      + http_version                    = "http2"
      + id                              = (known after apply)
      + in_progress_validation_batches  = (known after apply)
      + is_ipv6_enabled                 = false
      + last_modified_time              = (known after apply)
      + logging_v1_enabled              = (known after apply)
      + price_class                     = "PriceClass_All"
      + retain_on_delete                = false
      + staging                         = false
      + status                          = (known after apply)
      + tags_all                        = {
          + "Managed" = "terraform"
          + "Project" = "react-joke-app"
        }
      + trusted_key_groups              = (known after apply)
      + trusted_signers                 = (known after apply)
      + wait_for_deployment             = true

      + default_cache_behavior {
          + allowed_methods        = [
              + "GET",
              + "HEAD",
              + "OPTIONS",
            ]
          + cached_methods         = [
              + "GET",
              + "HEAD",
              + "OPTIONS",
            ]
          + compress               = true
          + default_ttl            = 3600
          + max_ttl                = 86400
          + min_ttl                = 0
          + target_origin_id       = "s3-react-joke-app"
          + trusted_key_groups     = (known after apply)
          + trusted_signers        = (known after apply)
          + viewer_protocol_policy = "redirect-to-https"

          + forwarded_values {
              + headers                 = (known after apply)
              + query_string            = false
              + query_string_cache_keys = (known after apply)

              + cookies {
                  + forward           = "none"
                  + whitelisted_names = (known after apply)
                }
            }

          + grpc_config (known after apply)
        }

      + origin {
          + connection_attempts         = 3
          + connection_timeout          = 10
          + domain_name                 = (known after apply)
          + origin_access_control_id    = (known after apply)
          + origin_id                   = "s3-react-joke-app"
          + response_completion_timeout = (known after apply)
            # (1 unchanged attribute hidden)
        }

      + restrictions {
          + geo_restriction {
              + locations        = (known after apply)
              + restriction_type = "none"
            }
        }

      + viewer_certificate {
          + cloudfront_default_certificate = true
          + minimum_protocol_version       = "TLSv1"
        }
    }

  # aws_cloudfront_origin_access_control.oac will be created
  + resource "aws_cloudfront_origin_access_control" "oac" {
      + arn                               = (known after apply)
      + description                       = "OAC for react-joke-app CloudFront -> S3"
      + etag                              = (known after apply)
      + id                                = (known after apply)
      + name                              = "react-joke-app-oac"
      + origin_access_control_origin_type = "s3"
      + signing_behavior                  = "always"
      + signing_protocol                  = "sigv4"
    }

  # aws_s3_bucket.site will be created
  + resource "aws_s3_bucket" "site" {
      + acceleration_status         = (known after apply)
      + acl                         = (known after apply)
      + arn                         = (known after apply)
      + bucket                      = (known after apply)
      + bucket_domain_name          = (known after apply)
      + bucket_prefix               = "react-joke-app-"
      + bucket_region               = (known after apply)
      + bucket_regional_domain_name = (known after apply)
      + force_destroy               = true
      + hosted_zone_id              = (known after apply)
      + id                          = (known after apply)
      + object_lock_enabled         = (known after apply)
      + policy                      = (known after apply)
      + region                      = "us-east-1"
      + request_payer               = (known after apply)
      + tags_all                    = {
          + "Managed" = "terraform"
          + "Project" = "react-joke-app"
        }
      + website_domain              = (known after apply)
      + website_endpoint            = (known after apply)

      + cors_rule (known after apply)

      + grant (known after apply)

      + lifecycle_rule (known after apply)

      + logging (known after apply)

      + object_lock_configuration (known after apply)

      + replication_configuration (known after apply)

      + server_side_encryption_configuration (known after apply)

      + versioning (known after apply)

      + website (known after apply)
    }

  # aws_s3_bucket_ownership_controls.site will be created
  + resource "aws_s3_bucket_ownership_controls" "site" {
      + bucket = (known after apply)
      + id     = (known after apply)
      + region = "us-east-1"

      + rule {
          + object_ownership = "BucketOwnerPreferred"
        }
    }

  # aws_s3_bucket_policy.site will be created
  + resource "aws_s3_bucket_policy" "site" {
      + bucket = (known after apply)
      + id     = (known after apply)
      + policy = (known after apply)
      + region = "us-east-1"
    }

  # aws_s3_bucket_public_access_block.site will be created
  + resource "aws_s3_bucket_public_access_block" "site" {
      + block_public_acls       = true
      + block_public_policy     = true
      + bucket                  = (known after apply)
      + id                      = (known after apply)
      + ignore_public_acls      = true
      + region                  = "us-east-1"
      + restrict_public_buckets = true
    }

  # aws_s3_bucket_server_side_encryption_configuration.site will be created
  + resource "aws_s3_bucket_server_side_encryption_configuration" "site" {
      + bucket = (known after apply)
      + id     = (known after apply)
      + region = "us-east-1"

      + rule {
          + blocked_encryption_types = []

          + apply_server_side_encryption_by_default {
              + sse_algorithm     = "AES256"
                # (1 unchanged attribute hidden)
            }
        }
    }

  # aws_s3_bucket_website_configuration.site will be created
  + resource "aws_s3_bucket_website_configuration" "site" {
      + bucket           = (known after apply)
      + id               = (known after apply)
      + region           = "us-east-1"
      + routing_rules    = (known after apply)
      + website_domain   = (known after apply)
      + website_endpoint = (known after apply)

      + error_document {
          + key = "index.html"
        }

      + index_document {
          + suffix = "index.html"
        }

      + routing_rule (known after apply)
    }

Plan: 8 to add, 0 to change, 0 to destroy.

Changes to Outputs:
  + cloudfront_distribution_id = (known after apply)
  + cloudfront_domain_name     = (known after apply)
  + s3_bucket_name             = (known after apply)
