{"format_version":"1.2","terraform_version":"1.13.5","variables":{"app_name":{"value":"react-joke-app"},"aws_region":{"value":"us-east-1"},"bucket_force_destroy":{"value":true}},"planned_values":{"outputs":{"cloudfront_distribution_id":{"sensitive":false},"cloudfront_domain_name":{"sensitive":false},"s3_bucket_name":{"sensitive":false}},"root_module":{"resources":[{"address":"aws_cloudfront_distribution.cdn","mode":"managed","type":"aws_cloudfront_distribution","name":"cdn","provider_name":"registry.terraform.io/hashicorp/aws","schema_version":1,"values":{"aliases":null,"anycast_ip_list_id":null,"comment":"react-joke-app static site","connection_function_association":[],"custom_error_response":[],"default_cache_behavior":[{"allowed_methods":["GET","HEAD","OPTIONS"],"cache_policy_id":null,"cached_methods":["GET","HEAD","OPTIONS"],"compress":true,"default_ttl":3600,"field_level_encryption_id":null,"forwarded_values":[{"cookies":[{"forward":"none"}],"query_string":false}],"function_association":[],"lambda_function_association":[],"max_ttl":86400,"min_ttl":0,"origin_request_policy_id":null,"realtime_log_config_arn":null,"response_headers_policy_id":null,"smooth_streaming":null,"target_origin_id":"s3-react-joke-app","viewer_protocol_policy":"redirect-to-https"}],"default_root_object":"index.html","enabled":true,"http_version":"http2","is_ipv6_enabled":false,"logging_config":[],"ordered_cache_behavior":[],"origin":[{"connection_attempts":3,"connection_timeout":10,"custom_header":[],"custom_origin_config":[],"origin_id":"s3-react-joke-app","origin_path":"","origin_shield":[],"s3_origin_config":[],"vpc_origin_config":[]}],"origin_group":[],"price_class":"PriceClass_All","restrictions":[{"geo_restriction":[{"restriction_type":"none"}]}],"retain_on_delete":false,"staging":false,"tags":null,"tags_all":{"Managed":"terraform","Project":"react-joke-app"},"viewer_certificate":[{"acm_certificate_arn":null,"cloudfront_default_certificate":true,"iam_certificate_id":null,"minimum_protocol_version":"TLSv1","ssl_support_method":null}],"viewer_mtls_config":[],"wait_for_deployment":true,"web_acl_id":null},"sensitive_values":{"connection_function_association":[],"custom_error_response":[],"default_cache_behavior":[{"allowed_methods":[false,false,false],"cached_methods":[false,false,false],"forwarded_values":[{"cookies":[{"whitelisted_names":[]}],"headers":[],"query_string_cache_keys":[]}],"function_association":[],"grpc_config":[],"lambda_function_association":[],"trusted_key_groups":[],"trusted_signers":[]}],"logging_config":[],"ordered_cache_behavior":[],"origin":[{"custom_header":[],"custom_origin_config":[],"origin_shield":[],"s3_origin_config":[],"vpc_origin_config":[]}],"origin_group":[],"restrictions":[{"geo_restriction":[{"locations":[]}]}],"tags_all":{},"trusted_key_groups":[],"trusted_signers":[],"viewer_certificate":[{}],"viewer_mtls_config":[]}},{"address":"aws_cloudfront_origin_access_control.oac","mode":"managed","type":"aws_cloudfront_origin_access_control","name":"oac","provider_name":"registry.terraform.io/hashicorp/aws","schema_version":0,"values":{"description":"OAC for react-joke-app CloudFront -\u003e S3","name":"react-joke-app-oac","origin_access_control_origin_type":"s3","signing_behavior":"always","signing_protocol":"sigv4"},"sensitive_values":{}},{"address":"aws_s3_bucket.site","mode":"managed","type":"aws_s3_bucket","name":"site","provider_name":"registry.terraform.io/hashicorp/aws","schema_version":0,"values":{"bucket_prefix":"react-joke-app-","force_destroy":true,"region":"us-east-1","tags":null,"tags_all":{"Managed":"terraform","Project":"react-joke-app"},"timeouts":null},"sensitive_values":{"cors_rule":[],"grant":[],"lifecycle_rule":[],"logging":[],"object_lock_configuration":[],"replication_configuration":[],"server_side_encryption_configuration":[],"tags_all":{},"versioning":[],"website":[]},"identity_schema_version":0,"identity":{"account_id":null,"bucket":null,"region":null}},{"address":"aws_s3_bucket_ownership_controls.site","mode":"managed","type":"aws_s3_bucket_ownership_controls","name":"site","provider_name":"registry.terraform.io/hashicorp/aws","schema_version":0,"values":{"region":"us-east-1","rule":[{"object_ownership":"BucketOwnerPreferred"}]},"sensitive_values":{"rule":[{}]},"identity_schema_version":0,"identity":{"account_id":null,"bucket":null,"region":null}},{"address":"aws_s3_bucket_policy.site","mode":"managed","type":"aws_s3_bucket_policy","name":"site","provider_name":"registry.terraform.io/hashicorp/aws","schema_version":0,"values":{"region":"us-east-1"},"sensitive_values":{},"identity_schema_version":0,"identity":{"account_id":null,"bucket":null,"region":null}},{"address":"aws_s3_bucket_public_access_block.site","mode":"managed","type":"aws_s3_bucket_public_access_block","name":"site","provider_name":"registry.terraform.io/hashicorp/aws","schema_version":0,"values":{"block_public_acls":true,"block_public_policy":true,"ignore_public_acls":true,"region":"us-east-1","restrict_public_buckets":true,"skip_destroy":null},"sensitive_values":{},"identity_schema_version":0,"identity":{"account_id":null,"bucket":null,"region":null}},{"address":"aws_s3_bucket_server_side_encryption_configuration.site","mode":"managed","type":"aws_s3_bucket_server_side_encryption_configuration","name":"site","provider_name":"registry.terraform.io/hashicorp/aws","schema_version":0,"values":{"expected_bucket_owner":null,"region":"us-east-1","rule":[{"apply_server_side_encryption_by_default":[{"kms_master_key_id":"","sse_algorithm":"AES256"}],"blocked_encryption_types":[],"bucket_key_enabled":null}]},"sensitive_values":{"rule":[{"apply_server_side_encryption_by_default":[{}],"blocked_encryption_types":[]}]},"identity_schema_version":0,"identity":{"account_id":null,"bucket":null,"expected_bucket_owner":null,"region":null}},{"address":"aws_s3_bucket_website_configuration.site","mode":"managed","type":"aws_s3_bucket_website_configuration","name":"site","provider_name":"registry.terraform.io/hashicorp/aws","schema_version":0,"values":{"error_document":[{"key":"index.html"}],"expected_bucket_owner":null,"index_document":[{"suffix":"index.html"}],"redirect_all_requests_to":[],"region":"us-east-1"},"sensitive_values":{"error_document":[{}],"index_document":[{}],"redirect_all_requests_to":[],"routing_rule":[]},"identity_schema_version":0,"identity":{"account_id":null,"bucket":null,"expected_bucket_owner":null,"region":null}},{"address":"data.aws_iam_policy_document.site_read","mode":"data","type":"aws_iam_policy_document","name":"site_read","provider_name":"registry.terraform.io/hashicorp/aws","schema_version":0,"values":{"override_json":null,"override_policy_documents":null,"policy_id":null,"source_json":null,"source_policy_documents":null,"statement":[{"actions":["s3:GetObject"],"condition":[{"test":"StringEquals","values":[null],"variable":"AWS:SourceArn"}],"effect":"Allow","not_actions":null,"not_principals":[],"not_resources":null,"principals":[{"identifiers":["cloudfront.amazonaws.com"],"type":"Service"}],"resources":[null],"sid":"AllowCloudFrontServicePrincipalReadOnly"}],"version":null},"sensitive_values":{"statement":[{"actions":[false],"condition":[{"values":[false]}],"not_principals":[],"principals":[{"identifiers":[false]}],"resources":[false]}]}}]}},"resource_changes":[{"address":"data.aws_iam_policy_document.site_read","mode":"data","type":"aws_iam_policy_document","name":"site_read","provider_name":"registry.terraform.io/hashicorp/aws","change":{"actions":["read"],"before":null,"after":{"override_json":null,"override_policy_documents":null,"policy_id":null,"source_json":null,"source_policy_documents":null,"statement":[{"actions":["s3:GetObject"],"condition":[{"test":"StringEquals","values":[null],"variable":"AWS:SourceArn"}],"effect":"Allow","not_actions":null,"not_principals":[],"not_resources":null,"principals":[{"identifiers":["cloudfront.amazonaws.com"],"type":"Service"}],"resources":[null],"sid":"AllowCloudFrontServicePrincipalReadOnly"}],"version":null},"after_unknown":{"id":true,"json":true,"minified_json":true,"statement":[{"actions":[false],"condition":[{"values":[true]}],"not_principals":[],"principals":[{"identifiers":[false]}],"resources":[true]}]},"before_sensitive":false,"after_sensitive":{"statement":[{"actions":[false],"condition":[{"values":[false]}],"not_principals":[],"principals":[{"identifiers":[false]}],"resources":[false]}]}},"action_reason":"read_because_config_unknown"},{"address":"aws_cloudfront_distribution.cdn","mode":"managed","type":"aws_cloudfront_distribution","name":"cdn","provider_name":"registry.terraform.io/hashicorp/aws","change":{"actions":["create"],"before":null,"after":{"aliases":null,"anycast_ip_list_id":null,"comment":"react-joke-app static site","connection_function_association":[],"custom_error_response":[],"default_cache_behavior":[{"allowed_methods":["GET","HEAD","OPTIONS"],"cache_policy_id":null,"cached_methods":["GET","HEAD","OPTIONS"],"compress":true,"default_ttl":3600,"field_level_encryption_id":null,"forwarded_values":[{"cookies":[{"forward":"none"}],"query_string":false}],"function_association":[],"lambda_function_association":[],"max_ttl":86400,"min_ttl":0,"origin_request_policy_id":null,"realtime_log_config_arn":null,"response_headers_policy_id":null,"smooth_streaming":null,"target_origin_id":"s3-react-joke-app","viewer_protocol_policy":"redirect-to-https"}],"default_root_object":"index.html","enabled":true,"http_version":"http2","is_ipv6_enabled":false,"logging_config":[],"ordered_cache_behavior":[],"origin":[{"connection_attempts":3,"connection_timeout":10,"custom_header":[],"custom_origin_config":[],"origin_id":"s3-react-joke-app","origin_path":"","origin_shield":[],"s3_origin_config":[],"vpc_origin_config":[]}],"origin_group":[],"price_class":"PriceClass_All","restrictions":[{"geo_restriction":[{"restriction_type":"none"}]}],"retain_on_delete":false,"staging":false,"tags":null,"tags_all":{"Managed":"terraform","Project":"react-joke-app"},"viewer_certificate":[{"acm_certificate_arn":null,"cloudfront_default_certificate":true,"iam_certificate_id":null,"minimum_protocol_version":"TLSv1","ssl_support_method":null}],"viewer_mtls_config":[],"wait_for_deployment":true,"web_acl_id":null},"after_unknown":{"arn":true,"caller_reference":true,"connection_function_association":[],"continuous_deployment_policy_id":true,"custom_error_response":[],"default_cache_behavior":[{"allowed_methods":[false,false,false],"cached_methods":[false,false,false],"forwarded_values":[{"cookies":[{"whitelisted_names":true}],"headers":true,"query_string_cache_keys":true}],"function_association":[],"grpc_config":true,"lambda_function_association":[],"trusted_key_groups":true,"trusted_signers":true}],"domain_name":true,"etag":true,"hosted_zone_id":true,"id":true,"in_progress_validation_batches":true,"last_modified_time":true,"logging_config":[],"logging_v1_enabled":true,"ordered_cache_behavior":[],"origin":[{"custom_header":[],"custom_origin_config":[],"domain_name":true,"origin_access_control_id":true,"origin_shield":[],"response_completion_timeout":true,"s3_origin_config":[],"vpc_origin_config":[]}],"origin_group":[],"restrictions":[{"geo_restriction":[{"locations":true}]}],"status":true,"tags_all":{},"trusted_key_groups":true,"trusted_signers":true,"viewer_certificate":[{}],"viewer_mtls_config":[]},"before_sensitive":false,"after_sensitive":{"connection_function_association":[],"custom_error_response":[],"default_cache_behavior":[{"allowed_methods":[false,false,false],"cached_methods":[false,false,false],"forwarded_values":[{"cookies":[{"whitelisted_names":[]}],"headers":[],"query_string_cache_keys":[]}],"function_association":[],"grpc_config":[],"lambda_function_association":[],"trusted_key_groups":[],"trusted_signers":[]}],"logging_config":[],"ordered_cache_behavior":[],"origin":[{"custom_header":[],"custom_origin_config":[],"origin_shield":[],"s3_origin_config":[],"vpc_origin_config":[]}],"origin_group":[],"restrictions":[{"geo_restriction":[{"locations":[]}]}],"tags_all":{},"trusted_key_groups":[],"trusted_signers":[],"viewer_certificate":[{}],"viewer_mtls_config":[]}}},{"address":"aws_cloudfront_origin_access_control.oac","mode":"managed","type":"aws_cloudfront_origin_access_control","name":"oac","provider_name":"registry.terraform.io/hashicorp/aws","change":{"actions":["create"],"before":null,"after":{"description":"OAC for react-joke-app CloudFront -\u003e S3","name":"react-joke-app-oac","origin_access_control_origin_type":"s3","signing_behavior":"always","signing_protocol":"sigv4"},"after_unknown":{"arn":true,"etag":true,"id":true},"before_sensitive":false,"after_sensitive":{}}},{"address":"aws_s3_bucket.site","mode":"managed","type":"aws_s3_bucket","name":"site","provider_name":"registry.terraform.io/hashicorp/aws","change":{"actions":["create"],"before":null,"after":{"bucket_prefix":"react-joke-app-","force_destroy":true,"region":"us-east-1","tags":null,"tags_all":{"Managed":"terraform","Project":"react-joke-app"},"timeouts":null},"after_unknown":{"acceleration_status":true,"acl":true,"arn":true,"bucket":true,"bucket_domain_name":true,"bucket_region":true,"bucket_regional_domain_name":true,"cors_rule":true,"grant":true,"hosted_zone_id":true,"id":true,"lifecycle_rule":true,"logging":true,"object_lock_configuration":true,"object_lock_enabled":true,"policy":true,"replication_configuration":true,"request_payer":true,"server_side_encryption_configuration":true,"tags_all":{},"versioning":true,"website":true,"website_domain":true,"website_endpoint":true},"before_sensitive":false,"after_sensitive":{"cors_rule":[],"grant":[],"lifecycle_rule":[],"logging":[],"object_lock_configuration":[],"replication_configuration":[],"server_side_encryption_configuration":[],"tags_all":{},"versioning":[],"website":[]},"after_identity":{"account_id":null,"bucket":null,"region":null}}},{"address":"aws_s3_bucket_ownership_controls.site","mode":"managed","type":"aws_s3_bucket_ownership_controls","name":"site","provider_name":"registry.terraform.io/hashicorp/aws","change":{"actions":["create"],"before":null,"after":{"region":"us-east-1","rule":[{"object_ownership":"BucketOwnerPreferred"}]},"after_unknown":{"bucket":true,"id":true,"rule":[{}]},"before_sensitive":false,"after_sensitive":{"rule":[{}]},"after_identity":{"account_id":null,"bucket":null,"region":null}}},{"address":"aws_s3_bucket_policy.site","mode":"managed","type":"aws_s3_bucket_policy","name":"site","provider_name":"registry.terraform.io/hashicorp/aws","change":{"actions":["create"],"before":null,"after":{"region":"us-east-1"},"after_unknown":{"bucket":true,"id":true,"policy":true},"before_sensitive":false,"after_sensitive":{},"after_identity":{"account_id":null,"bucket":null,"region":null}}},{"address":"aws_s3_bucket_public_access_block.site","mode":"managed","type":"aws_s3_bucket_public_access_block","name":"site","provider_name":"registry.terraform.io/hashicorp/aws","change":{"actions":["create"],"before":null,"after":{"block_public_acls":true,"block_public_policy":true,"ignore_public_acls":true,"region":"us-east-1","restrict_public_buckets":true,"skip_destroy":null},"after_unknown":{"bucket":true,"id":true},"before_sensitive":false,"after_sensitive":{},"after_identity":{"account_id":null,"bucket":null,"region":null}}},{"address":"aws_s3_bucket_server_side_encryption_configuration.site","mode":"managed","type":"aws_s3_bucket_server_side_encryption_configuration","name":"site","provider_name":"registry.terraform.io/hashicorp/aws","change":{"actions":["create"],"before":null,"after":{"expected_bucket_owner":null,"region":"us-east-1","rule":[{"apply_server_side_encryption_by_default":[{"kms_master_key_id":"","sse_algorithm":"AES256"}],"blocked_encryption_types":[],"bucket_key_enabled":null}]},"after_unknown":{"bucket":true,"id":true,"rule":[{"apply_server_side_encryption_by_default":[{}],"blocked_encryption_types":[]}]},"before_sensitive":false,"after_sensitive":{"rule":[{"apply_server_side_encryption_by_default":[{}],"blocked_encryption_types":[]}]},"after_identity":{"account_id":null,"bucket":null,"expected_bucket_owner":null,"region":null}}},{"address":"aws_s3_bucket_website_configuration.site","mode":"managed","type":"aws_s3_bucket_website_configuration","name":"site","provider_name":"registry.terraform.io/hashicorp/aws","change":{"actions":["create"],"before":null,"after":{"error_document":[{"key":"index.html"}],"expected_bucket_owner":null,"index_document":[{"suffix":"index.html"}],"redirect_all_requests_to":[],"region":"us-east-1"},"after_unknown":{"bucket":true,"error_document":[{}],"id":true,"index_document":[{}],"redirect_all_requests_to":[],"routing_rule":true,"routing_rules":true,"website_domain":true,"website_endpoint":true},"before_sensitive":false,"after_sensitive":{"error_document":[{}],"index_document":[{}],"redirect_all_requests_to":[],"routing_rule":[]},"after_identity":{"account_id":null,"bucket":null,"expected_bucket_owner":null,"region":null}}}],"output_changes":{"cloudfront_distribution_id":{"actions":["create"],"before":null,"after_unknown":true,"before_sensitive":false,"after_sensitive":false},"cloudfront_domain_name":{"actions":["create"],"before":null,"after_unknown":true,"before_sensitive":false,"after_sensitive":false},"s3_bucket_name":{"actions":["create"],"before":null,"after_unknown":true,"before_sensitive":false,"after_sensitive":false}},"configuration":{"provider_config":{"aws":{"name":"aws","full_name":"registry.terraform.io/hashicorp/aws","version_constraint":"\u003e= 5.0.0","expressions":{"default_tags":[{"tags":{"references":["var.app_name"]}}],"region":{"references":["var.aws_region"]}}}},"root_module":{"outputs":{"cloudfront_distribution_id":{"expression":{"references":["aws_cloudfront_distribution.cdn.id","aws_cloudfront_distribution.cdn"]},"description":"CloudFront distribution ID"},"cloudfront_domain_name":{"expression":{"references":["aws_cloudfront_distribution.cdn.domain_name","aws_cloudfront_distribution.cdn"]},"description":"CloudFront distribution domain name"},"s3_bucket_name":{"expression":{"references":["aws_s3_bucket.site.bucket","aws_s3_bucket.site"]},"description":"S3 bucket that stores the built static site assets"}},"resources":[{"address":"aws_cloudfront_distribution.cdn","mode":"managed","type":"aws_cloudfront_distribution","name":"cdn","provider_config_key":"aws","expressions":{"comment":{"references":["var.app_name"]},"default_cache_behavior":[{"allowed_methods":{"constant_value":["GET","HEAD","OPTIONS"]},"cached_methods":{"constant_value":["GET","HEAD","OPTIONS"]},"compress":{"constant_value":true},"default_ttl":{"constant_value":3600},"forwarded_values":[{"cookies":[{"forward":{"constant_value":"none"}}],"query_string":{"constant_value":false}}],"max_ttl":{"constant_value":86400},"min_ttl":{"constant_value":0},"target_origin_id":{"references":["local.origin_id"]},"viewer_protocol_policy":{"constant_value":"redirect-to-https"}}],"default_root_object":{"constant_value":"index.html"},"enabled":{"constant_value":true},"origin":[{"domain_name":{"references":["aws_s3_bucket.site.bucket_regional_domain_name","aws_s3_bucket.site"]},"origin_access_control_id":{"references":["aws_cloudfront_origin_access_control.oac.id","aws_cloudfront_origin_access_control.oac"]},"origin_id":{"references":["local.origin_id"]}}],"restrictions":[{"geo_restriction":[{"restriction_type":{"constant_value":"none"}}]}],"viewer_certificate":[{"cloudfront_default_certificate":{"constant_value":true}}]},"schema_version":1},{"address":"aws_cloudfront_origin_access_control.oac","mode":"managed","type":"aws_cloudfront_origin_access_control","name":"oac","provider_config_key":"aws","expressions":{"description":{"references":["var.app_name"]},"name":{"references":["var.app_name"]},"origin_access_control_origin_type":{"constant_value":"s3"},"signing_behavior":{"constant_value":"always"},"signing_protocol":{"constant_value":"sigv4"}},"schema_version":0},{"address":"aws_s3_bucket.site","mode":"managed","type":"aws_s3_bucket","name":"site","provider_config_key":"aws","expressions":{"bucket_prefix":{"references":["var.app_name"]},"force_destroy":{"references":["var.bucket_force_destroy"]}},"schema_version":0},{"address":"aws_s3_bucket_ownership_controls.site","mode":"managed","type":"aws_s3_bucket_ownership_controls","name":"site","provider_config_key":"aws","expressions":{"bucket":{"references":["aws_s3_bucket.site.id","aws_s3_bucket.site"]},"rule":[{"object_ownership":{"constant_value":"BucketOwnerPreferred"}}]},"schema_version":0},{"address":"aws_s3_bucket_policy.site","mode":"managed","type":"aws_s3_bucket_policy","name":"site","provider_config_key":"aws","expressions":{"bucket":{"references":["aws_s3_bucket.site.id","aws_s3_bucket.site"]},"policy":{"references":["data.aws_iam_policy_document.site_read.json","data.aws_iam_policy_document.site_read"]}},"schema_version":0,"depends_on":["aws_s3_bucket_public_access_block.site"]},{"address":"aws_s3_bucket_public_access_block.site","mode":"managed","type":"aws_s3_bucket_public_access_block","name":"site","provider_config_key":"aws","expressions":{"block_public_acls":{"constant_value":true},"block_public_policy":{"constant_value":true},"bucket":{"references":["aws_s3_bucket.site.id","aws_s3_bucket.site"]},"ignore_public_acls":{"constant_value":true},"restrict_public_buckets":{"constant_value":true}},"schema_version":0},{"address":"aws_s3_bucket_server_side_encryption_configuration.site","mode":"managed","type":"aws_s3_bucket_server_side_encryption_configuration","name":"site","provider_config_key":"aws","expressions":{"bucket":{"references":["aws_s3_bucket.site.id","aws_s3_bucket.site"]},"rule":[{"apply_server_side_encryption_by_default":[{"sse_algorithm":{"constant_value":"AES256"}}]}]},"schema_version":0},{"address":"aws_s3_bucket_website_configuration.site","mode":"managed","type":"aws_s3_bucket_website_configuration","name":"site","provider_config_key":"aws","expressions":{"bucket":{"references":["aws_s3_bucket.site.id","aws_s3_bucket.site"]},"error_document":[{"key":{"constant_value":"index.html"}}],"index_document":[{"suffix":{"constant_value":"index.html"}}]},"schema_version":0,"depends_on":["aws_s3_bucket_public_access_block.site"]},{"address":"data.aws_iam_policy_document.site_read","mode":"data","type":"aws_iam_policy_document","name":"site_read","provider_config_key":"aws","expressions":{"statement":[{"actions":{"constant_value":["s3:GetObject"]},"condition":[{"test":{"constant_value":"StringEquals"},"values":{"references":["aws_cloudfront_distribution.cdn.arn","aws_cloudfront_distribution.cdn"]},"variable":{"constant_value":"AWS:SourceArn"}}],"effect":{"constant_value":"Allow"},"principals":[{"identifiers":{"constant_value":["cloudfront.amazonaws.com"]},"type":{"constant_value":"Service"}}],"resources":{"references":["aws_s3_bucket.site.arn","aws_s3_bucket.site"]},"sid":{"constant_value":"AllowCloudFrontServicePrincipalReadOnly"}}]},"schema_version":0}],"variables":{"app_name":{"default":"react-joke-app","description":"Application name used for naming/tagging"},"aws_region":{"default":"us-east-1","description":"AWS region to deploy into"},"bucket_force_destroy":{"default":true,"description":"Whether to force-destroy the S3 bucket (useful for dev/test)"}}}},"relevant_attributes":[{"resource":"aws_cloudfront_origin_access_control.oac","attribute":["id"]},{"resource":"aws_s3_bucket.site","attribute":["id"]},{"resource":"data.aws_iam_policy_document.site_read","attribute":["json"]},{"resource":"aws_s3_bucket.site","attribute":["arn"]},{"resource":"aws_cloudfront_distribution.cdn","attribute":["domain_name"]},{"resource":"aws_s3_bucket.site","attribute":["bucket"]},{"resource":"aws_cloudfront_distribution.cdn","attribute":["id"]},{"resource":"aws_cloudfront_distribution.cdn","attribute":["arn"]},{"resource":"aws_s3_bucket.site","attribute":["bucket_regional_domain_name"]}],"timestamp":"2026-01-27T08:51:03Z","applyable":true,"complete":true,"errored":false}
